=== RUN   TestTerraformCompleteExample
TestTerraformCompleteExample 2022-03-23T15:09:54Z retry.go:91: terraform [init -upgrade=false]
TestTerraformCompleteExample 2022-03-23T15:09:54Z logger.go:66: Running command terraform with args [init -upgrade=false]
TestTerraformCompleteExample 2022-03-23T15:09:55Z logger.go:66: [0m[1mInitializing modules...[0m
TestTerraformCompleteExample 2022-03-23T15:09:55Z logger.go:66:
TestTerraformCompleteExample 2022-03-23T15:09:55Z logger.go:66: [0m[1mInitializing the backend...[0m
TestTerraformCompleteExample 2022-03-23T15:09:57Z logger.go:66:
TestTerraformCompleteExample 2022-03-23T15:09:57Z logger.go:66: [0m[1mInitializing provider plugins...[0m
TestTerraformCompleteExample 2022-03-23T15:09:57Z logger.go:66: - Reusing previous version of hashicorp/aws from the dependency lock file
TestTerraformCompleteExample 2022-03-23T15:09:57Z logger.go:66: - Reusing previous version of hashicorp/kubernetes from the dependency lock file
TestTerraformCompleteExample 2022-03-23T15:09:57Z logger.go:66: - Reusing previous version of gavinbunney/kubectl from the dependency lock file
TestTerraformCompleteExample 2022-03-23T15:09:57Z logger.go:66: - Reusing previous version of hashicorp/tls from the dependency lock file
TestTerraformCompleteExample 2022-03-23T15:09:57Z logger.go:66: - Reusing previous version of hashicorp/cloudinit from the dependency lock file
TestTerraformCompleteExample 2022-03-23T15:09:58Z logger.go:66: - Using previously-installed hashicorp/aws v4.6.0
TestTerraformCompleteExample 2022-03-23T15:09:58Z logger.go:66: - Using previously-installed hashicorp/kubernetes v2.9.0
TestTerraformCompleteExample 2022-03-23T15:09:58Z logger.go:66: - Using previously-installed gavinbunney/kubectl v1.13.1
TestTerraformCompleteExample 2022-03-23T15:09:59Z logger.go:66: - Using previously-installed hashicorp/tls v3.1.0
TestTerraformCompleteExample 2022-03-23T15:09:59Z logger.go:66: - Using previously-installed hashicorp/cloudinit v2.2.0
TestTerraformCompleteExample 2022-03-23T15:09:59Z logger.go:66:
TestTerraformCompleteExample 2022-03-23T15:09:59Z logger.go:66: [0m[1m[32mTerraform has been successfully initialized![0m[32m[0m
TestTerraformCompleteExample 2022-03-23T15:09:59Z logger.go:66: [0m[32m
TestTerraformCompleteExample 2022-03-23T15:09:59Z logger.go:66: You may now begin working with Terraform. Try running "terraform plan" to see
TestTerraformCompleteExample 2022-03-23T15:09:59Z logger.go:66: any changes that are required for your infrastructure. All Terraform commands
TestTerraformCompleteExample 2022-03-23T15:09:59Z logger.go:66: should now work.
TestTerraformCompleteExample 2022-03-23T15:09:59Z logger.go:66:
TestTerraformCompleteExample 2022-03-23T15:09:59Z logger.go:66: If you ever set or change modules or backend configuration for Terraform,
TestTerraformCompleteExample 2022-03-23T15:09:59Z logger.go:66: rerun this command to reinitialize your working directory. If you forget, other
TestTerraformCompleteExample 2022-03-23T15:09:59Z logger.go:66: commands will detect it and remind you to do so if necessary.[0m
TestTerraformCompleteExample 2022-03-23T15:09:59Z retry.go:91: terraform [apply -input=false -auto-approve -no-color -lock=false]
TestTerraformCompleteExample 2022-03-23T15:09:59Z logger.go:66: Running command terraform with args [apply -input=false -auto-approve -no-color -lock=false]
TestTerraformCompleteExample 2022-03-23T15:10:06Z logger.go:66:
TestTerraformCompleteExample 2022-03-23T15:10:06Z logger.go:66: Terraform used the selected providers to generate the following execution
TestTerraformCompleteExample 2022-03-23T15:10:06Z logger.go:66: plan. Resource actions are indicated with the following symbols:
TestTerraformCompleteExample 2022-03-23T15:10:06Z logger.go:66:   + create
TestTerraformCompleteExample 2022-03-23T15:10:06Z logger.go:66:  <= read (data resources)
TestTerraformCompleteExample 2022-03-23T15:10:06Z logger.go:66:
TestTerraformCompleteExample 2022-03-23T15:10:06Z logger.go:66: Terraform will perform the following actions:
TestTerraformCompleteExample 2022-03-23T15:10:06Z logger.go:66:
TestTerraformCompleteExample 2022-03-23T15:10:06Z logger.go:66:   # data.aws_eks_cluster.cluster will be read during apply
TestTerraformCompleteExample 2022-03-23T15:10:06Z logger.go:66:   # (config refers to values not yet known)
TestTerraformCompleteExample 2022-03-23T15:10:06Z logger.go:66:  <= data "aws_eks_cluster" "cluster"  {
TestTerraformCompleteExample 2022-03-23T15:10:06Z logger.go:66:       + arn                       = (known after apply)
TestTerraformCompleteExample 2022-03-23T15:10:06Z logger.go:66:       + certificate_authority     = (known after apply)
TestTerraformCompleteExample 2022-03-23T15:10:06Z logger.go:66:       + created_at                = (known after apply)
TestTerraformCompleteExample 2022-03-23T15:10:06Z logger.go:66:       + enabled_cluster_log_types = (known after apply)
TestTerraformCompleteExample 2022-03-23T15:10:06Z logger.go:66:       + endpoint                  = (known after apply)
TestTerraformCompleteExample 2022-03-23T15:10:06Z logger.go:66:       + id                        = (known after apply)
TestTerraformCompleteExample 2022-03-23T15:10:06Z logger.go:66:       + identity                  = (known after apply)
TestTerraformCompleteExample 2022-03-23T15:10:06Z logger.go:66:       + kubernetes_network_config = (known after apply)
TestTerraformCompleteExample 2022-03-23T15:10:06Z logger.go:66:       + name                      = (known after apply)
TestTerraformCompleteExample 2022-03-23T15:10:06Z logger.go:66:       + platform_version          = (known after apply)
TestTerraformCompleteExample 2022-03-23T15:10:06Z logger.go:66:       + role_arn                  = (known after apply)
TestTerraformCompleteExample 2022-03-23T15:10:06Z logger.go:66:       + status                    = (known after apply)
TestTerraformCompleteExample 2022-03-23T15:10:06Z logger.go:66:       + tags                      = (known after apply)
TestTerraformCompleteExample 2022-03-23T15:10:06Z logger.go:66:       + version                   = (known after apply)
TestTerraformCompleteExample 2022-03-23T15:10:06Z logger.go:66:       + vpc_config                = (known after apply)
TestTerraformCompleteExample 2022-03-23T15:10:06Z logger.go:66:     }
TestTerraformCompleteExample 2022-03-23T15:10:06Z logger.go:66:
TestTerraformCompleteExample 2022-03-23T15:10:06Z logger.go:66:   # data.aws_eks_cluster_auth.cluster will be read during apply
TestTerraformCompleteExample 2022-03-23T15:10:06Z logger.go:66:   # (config refers to values not yet known)
TestTerraformCompleteExample 2022-03-23T15:10:06Z logger.go:66:  <= data "aws_eks_cluster_auth" "cluster"  {
TestTerraformCompleteExample 2022-03-23T15:10:06Z logger.go:66:       + id    = (known after apply)
TestTerraformCompleteExample 2022-03-23T15:10:06Z logger.go:66:       + name  = (known after apply)
TestTerraformCompleteExample 2022-03-23T15:10:06Z logger.go:66:       + token = (sensitive value)
TestTerraformCompleteExample 2022-03-23T15:10:06Z logger.go:66:     }
TestTerraformCompleteExample 2022-03-23T15:10:06Z logger.go:66:
TestTerraformCompleteExample 2022-03-23T15:10:06Z logger.go:66:   # module.eks.data.tls_certificate.this[0] will be read during apply
TestTerraformCompleteExample 2022-03-23T15:10:06Z logger.go:66:   # (config refers to values not yet known)
TestTerraformCompleteExample 2022-03-23T15:10:06Z logger.go:66:  <= data "tls_certificate" "this"  {
TestTerraformCompleteExample 2022-03-23T15:10:06Z logger.go:66:       + certificates = (known after apply)
TestTerraformCompleteExample 2022-03-23T15:10:06Z logger.go:66:       + id           = (known after apply)
TestTerraformCompleteExample 2022-03-23T15:10:06Z logger.go:66:       + url          = (known after apply)
TestTerraformCompleteExample 2022-03-23T15:10:06Z logger.go:66:     }
TestTerraformCompleteExample 2022-03-23T15:10:06Z logger.go:66:
TestTerraformCompleteExample 2022-03-23T15:10:06Z logger.go:66:   # module.eks.aws_cloudwatch_log_group.this[0] will be created
TestTerraformCompleteExample 2022-03-23T15:10:06Z logger.go:66:   + resource "aws_cloudwatch_log_group" "this" {
TestTerraformCompleteExample 2022-03-23T15:10:06Z logger.go:66:       + arn               = (known after apply)
TestTerraformCompleteExample 2022-03-23T15:10:06Z logger.go:66:       + id                = (known after apply)
TestTerraformCompleteExample 2022-03-23T15:10:06Z logger.go:66:       + name              = "/aws/eks/ex-complete/cluster"
TestTerraformCompleteExample 2022-03-23T15:10:06Z logger.go:66:       + retention_in_days = 90
TestTerraformCompleteExample 2022-03-23T15:10:06Z logger.go:66:       + tags_all          = {
TestTerraformCompleteExample 2022-03-23T15:10:06Z logger.go:66:           + "Example"    = "ex-complete"
TestTerraformCompleteExample 2022-03-23T15:10:06Z logger.go:66:           + "GithubOrg"  = "aidan-melen"
TestTerraformCompleteExample 2022-03-23T15:10:06Z logger.go:66:           + "GithubRepo" = "terraform-aws-eks-auth"
TestTerraformCompleteExample 2022-03-23T15:10:06Z logger.go:66:         }
TestTerraformCompleteExample 2022-03-23T15:10:06Z logger.go:66:     }
TestTerraformCompleteExample 2022-03-23T15:10:06Z logger.go:66:
TestTerraformCompleteExample 2022-03-23T15:10:06Z logger.go:66:   # module.eks.aws_eks_cluster.this[0] will be created
TestTerraformCompleteExample 2022-03-23T15:10:06Z logger.go:66:   + resource "aws_eks_cluster" "this" {
TestTerraformCompleteExample 2022-03-23T15:10:06Z logger.go:66:       + arn                       = (known after apply)
TestTerraformCompleteExample 2022-03-23T15:10:06Z logger.go:66:       + certificate_authority     = (known after apply)
TestTerraformCompleteExample 2022-03-23T15:10:06Z logger.go:66:       + created_at                = (known after apply)
TestTerraformCompleteExample 2022-03-23T15:10:06Z logger.go:66:       + enabled_cluster_log_types = [
TestTerraformCompleteExample 2022-03-23T15:10:06Z logger.go:66:           + "api",
TestTerraformCompleteExample 2022-03-23T15:10:06Z logger.go:66:           + "audit",
TestTerraformCompleteExample 2022-03-23T15:10:06Z logger.go:66:           + "authenticator",
TestTerraformCompleteExample 2022-03-23T15:10:06Z logger.go:66:         ]
TestTerraformCompleteExample 2022-03-23T15:10:06Z logger.go:66:       + endpoint                  = (known after apply)
TestTerraformCompleteExample 2022-03-23T15:10:06Z logger.go:66:       + id                        = (known after apply)
TestTerraformCompleteExample 2022-03-23T15:10:06Z logger.go:66:       + identity                  = (known after apply)
TestTerraformCompleteExample 2022-03-23T15:10:06Z logger.go:66:       + name                      = "ex-complete"
TestTerraformCompleteExample 2022-03-23T15:10:06Z logger.go:66:       + platform_version          = (known after apply)
TestTerraformCompleteExample 2022-03-23T15:10:06Z logger.go:66:       + role_arn                  = (known after apply)
TestTerraformCompleteExample 2022-03-23T15:10:06Z logger.go:66:       + status                    = (known after apply)
TestTerraformCompleteExample 2022-03-23T15:10:06Z logger.go:66:       + tags_all                  = {
TestTerraformCompleteExample 2022-03-23T15:10:06Z logger.go:66:           + "Example"    = "ex-complete"
TestTerraformCompleteExample 2022-03-23T15:10:06Z logger.go:66:           + "GithubOrg"  = "aidan-melen"
TestTerraformCompleteExample 2022-03-23T15:10:06Z logger.go:66:           + "GithubRepo" = "terraform-aws-eks-auth"
TestTerraformCompleteExample 2022-03-23T15:10:06Z logger.go:66:         }
TestTerraformCompleteExample 2022-03-23T15:10:06Z logger.go:66:       + version                   = "1.21"
TestTerraformCompleteExample 2022-03-23T15:10:06Z logger.go:66:
TestTerraformCompleteExample 2022-03-23T15:10:06Z logger.go:66:       + kubernetes_network_config {
TestTerraformCompleteExample 2022-03-23T15:10:06Z logger.go:66:           + ip_family         = (known after apply)
TestTerraformCompleteExample 2022-03-23T15:10:06Z logger.go:66:           + service_ipv4_cidr = (known after apply)
TestTerraformCompleteExample 2022-03-23T15:10:06Z logger.go:66:         }
TestTerraformCompleteExample 2022-03-23T15:10:06Z logger.go:66:
TestTerraformCompleteExample 2022-03-23T15:10:06Z logger.go:66:       + timeouts {}
TestTerraformCompleteExample 2022-03-23T15:10:06Z logger.go:66:
TestTerraformCompleteExample 2022-03-23T15:10:06Z logger.go:66:       + vpc_config {
TestTerraformCompleteExample 2022-03-23T15:10:06Z logger.go:66:           + cluster_security_group_id = (known after apply)
TestTerraformCompleteExample 2022-03-23T15:10:06Z logger.go:66:           + endpoint_private_access   = false
TestTerraformCompleteExample 2022-03-23T15:10:06Z logger.go:66:           + endpoint_public_access    = true
TestTerraformCompleteExample 2022-03-23T15:10:06Z logger.go:66:           + public_access_cidrs       = [
TestTerraformCompleteExample 2022-03-23T15:10:06Z logger.go:66:               + "0.0.0.0/0",
TestTerraformCompleteExample 2022-03-23T15:10:06Z logger.go:66:             ]
TestTerraformCompleteExample 2022-03-23T15:10:06Z logger.go:66:           + security_group_ids        = (known after apply)
TestTerraformCompleteExample 2022-03-23T15:10:06Z logger.go:66:           + subnet_ids                = (known after apply)
TestTerraformCompleteExample 2022-03-23T15:10:06Z logger.go:66:           + vpc_id                    = (known after apply)
TestTerraformCompleteExample 2022-03-23T15:10:06Z logger.go:66:         }
TestTerraformCompleteExample 2022-03-23T15:10:06Z logger.go:66:     }
TestTerraformCompleteExample 2022-03-23T15:10:06Z logger.go:66:
TestTerraformCompleteExample 2022-03-23T15:10:06Z logger.go:66:   # module.eks.aws_iam_openid_connect_provider.oidc_provider[0] will be created
TestTerraformCompleteExample 2022-03-23T15:10:06Z logger.go:66:   + resource "aws_iam_openid_connect_provider" "oidc_provider" {
TestTerraformCompleteExample 2022-03-23T15:10:06Z logger.go:66:       + arn             = (known after apply)
TestTerraformCompleteExample 2022-03-23T15:10:06Z logger.go:66:       + client_id_list  = [
TestTerraformCompleteExample 2022-03-23T15:10:06Z logger.go:66:           + "sts.amazonaws.com",
TestTerraformCompleteExample 2022-03-23T15:10:06Z logger.go:66:         ]
TestTerraformCompleteExample 2022-03-23T15:10:06Z logger.go:66:       + id              = (known after apply)
TestTerraformCompleteExample 2022-03-23T15:10:06Z logger.go:66:       + tags            = {
TestTerraformCompleteExample 2022-03-23T15:10:06Z logger.go:66:           + "Name" = "ex-complete-eks-irsa"
TestTerraformCompleteExample 2022-03-23T15:10:06Z logger.go:66:         }
TestTerraformCompleteExample 2022-03-23T15:10:06Z logger.go:66:       + tags_all        = {
TestTerraformCompleteExample 2022-03-23T15:10:06Z logger.go:66:           + "Example"    = "ex-complete"
TestTerraformCompleteExample 2022-03-23T15:10:06Z logger.go:66:           + "GithubOrg"  = "aidan-melen"
TestTerraformCompleteExample 2022-03-23T15:10:06Z logger.go:66:           + "GithubRepo" = "terraform-aws-eks-auth"
TestTerraformCompleteExample 2022-03-23T15:10:06Z logger.go:66:           + "Name"       = "ex-complete-eks-irsa"
TestTerraformCompleteExample 2022-03-23T15:10:06Z logger.go:66:         }
TestTerraformCompleteExample 2022-03-23T15:10:06Z logger.go:66:       + thumbprint_list = (known after apply)
TestTerraformCompleteExample 2022-03-23T15:10:06Z logger.go:66:       + url             = (known after apply)
TestTerraformCompleteExample 2022-03-23T15:10:06Z logger.go:66:     }
TestTerraformCompleteExample 2022-03-23T15:10:06Z logger.go:66:
TestTerraformCompleteExample 2022-03-23T15:10:06Z logger.go:66:   # module.eks.aws_iam_role.this[0] will be created
TestTerraformCompleteExample 2022-03-23T15:10:06Z logger.go:66:   + resource "aws_iam_role" "this" {
TestTerraformCompleteExample 2022-03-23T15:10:06Z logger.go:66:       + arn                   = (known after apply)
TestTerraformCompleteExample 2022-03-23T15:10:06Z logger.go:66:       + assume_role_policy    = jsonencode(
TestTerraformCompleteExample 2022-03-23T15:10:06Z logger.go:66:             {
TestTerraformCompleteExample 2022-03-23T15:10:06Z logger.go:66:               + Statement = [
TestTerraformCompleteExample 2022-03-23T15:10:06Z logger.go:66:                   + {
TestTerraformCompleteExample 2022-03-23T15:10:06Z logger.go:66:                       + Action    = "sts:AssumeRole"
TestTerraformCompleteExample 2022-03-23T15:10:06Z logger.go:66:                       + Effect    = "Allow"
TestTerraformCompleteExample 2022-03-23T15:10:06Z logger.go:66:                       + Principal = {
TestTerraformCompleteExample 2022-03-23T15:10:06Z logger.go:66:                           + Service = "eks.amazonaws.com"
TestTerraformCompleteExample 2022-03-23T15:10:06Z logger.go:66:                         }
TestTerraformCompleteExample 2022-03-23T15:10:06Z logger.go:66:                       + Sid       = "EKSClusterAssumeRole"
TestTerraformCompleteExample 2022-03-23T15:10:06Z logger.go:66:                     },
TestTerraformCompleteExample 2022-03-23T15:10:06Z logger.go:66:                 ]
TestTerraformCompleteExample 2022-03-23T15:10:06Z logger.go:66:               + Version   = "2012-10-17"
TestTerraformCompleteExample 2022-03-23T15:10:06Z logger.go:66:             }
TestTerraformCompleteExample 2022-03-23T15:10:06Z logger.go:66:         )
TestTerraformCompleteExample 2022-03-23T15:10:06Z logger.go:66:       + create_date           = (known after apply)
TestTerraformCompleteExample 2022-03-23T15:10:06Z logger.go:66:       + force_detach_policies = true
TestTerraformCompleteExample 2022-03-23T15:10:06Z logger.go:66:       + id                    = (known after apply)
TestTerraformCompleteExample 2022-03-23T15:10:06Z logger.go:66:       + managed_policy_arns   = (known after apply)
TestTerraformCompleteExample 2022-03-23T15:10:06Z logger.go:66:       + max_session_duration  = 3600
TestTerraformCompleteExample 2022-03-23T15:10:06Z logger.go:66:       + name                  = (known after apply)
TestTerraformCompleteExample 2022-03-23T15:10:06Z logger.go:66:       + name_prefix           = "ex-complete-cluster-"
TestTerraformCompleteExample 2022-03-23T15:10:06Z logger.go:66:       + path                  = "/"
TestTerraformCompleteExample 2022-03-23T15:10:06Z logger.go:66:       + tags_all              = {
TestTerraformCompleteExample 2022-03-23T15:10:06Z logger.go:66:           + "Example"    = "ex-complete"
TestTerraformCompleteExample 2022-03-23T15:10:06Z logger.go:66:           + "GithubOrg"  = "aidan-melen"
TestTerraformCompleteExample 2022-03-23T15:10:06Z logger.go:66:           + "GithubRepo" = "terraform-aws-eks-auth"
TestTerraformCompleteExample 2022-03-23T15:10:06Z logger.go:66:         }
TestTerraformCompleteExample 2022-03-23T15:10:06Z logger.go:66:       + unique_id             = (known after apply)
TestTerraformCompleteExample 2022-03-23T15:10:06Z logger.go:66:
TestTerraformCompleteExample 2022-03-23T15:10:06Z logger.go:66:       + inline_policy {
TestTerraformCompleteExample 2022-03-23T15:10:06Z logger.go:66:           + name   = (known after apply)
TestTerraformCompleteExample 2022-03-23T15:10:06Z logger.go:66:           + policy = (known after apply)
TestTerraformCompleteExample 2022-03-23T15:10:06Z logger.go:66:         }
TestTerraformCompleteExample 2022-03-23T15:10:06Z logger.go:66:     }
TestTerraformCompleteExample 2022-03-23T15:10:06Z logger.go:66:
TestTerraformCompleteExample 2022-03-23T15:10:06Z logger.go:66:   # module.eks.aws_iam_role_policy_attachment.this["arn:aws:iam::aws:policy/AmazonEKSClusterPolicy"] will be created
TestTerraformCompleteExample 2022-03-23T15:10:06Z logger.go:66:   + resource "aws_iam_role_policy_attachment" "this" {
TestTerraformCompleteExample 2022-03-23T15:10:06Z logger.go:66:       + id         = (known after apply)
TestTerraformCompleteExample 2022-03-23T15:10:06Z logger.go:66:       + policy_arn = "arn:aws:iam::aws:policy/AmazonEKSClusterPolicy"
TestTerraformCompleteExample 2022-03-23T15:10:06Z logger.go:66:       + role       = (known after apply)
TestTerraformCompleteExample 2022-03-23T15:10:06Z logger.go:66:     }
TestTerraformCompleteExample 2022-03-23T15:10:06Z logger.go:66:
TestTerraformCompleteExample 2022-03-23T15:10:06Z logger.go:66:   # module.eks.aws_iam_role_policy_attachment.this["arn:aws:iam::aws:policy/AmazonEKSVPCResourceController"] will be created
TestTerraformCompleteExample 2022-03-23T15:10:06Z logger.go:66:   + resource "aws_iam_role_policy_attachment" "this" {
TestTerraformCompleteExample 2022-03-23T15:10:06Z logger.go:66:       + id         = (known after apply)
TestTerraformCompleteExample 2022-03-23T15:10:06Z logger.go:66:       + policy_arn = "arn:aws:iam::aws:policy/AmazonEKSVPCResourceController"
TestTerraformCompleteExample 2022-03-23T15:10:06Z logger.go:66:       + role       = (known after apply)
TestTerraformCompleteExample 2022-03-23T15:10:06Z logger.go:66:     }
TestTerraformCompleteExample 2022-03-23T15:10:06Z logger.go:66:
TestTerraformCompleteExample 2022-03-23T15:10:06Z logger.go:66:   # module.eks.aws_security_group.cluster[0] will be created
TestTerraformCompleteExample 2022-03-23T15:10:06Z logger.go:66:   + resource "aws_security_group" "cluster" {
TestTerraformCompleteExample 2022-03-23T15:10:06Z logger.go:66:       + arn                    = (known after apply)
TestTerraformCompleteExample 2022-03-23T15:10:06Z logger.go:66:       + description            = "EKS cluster security group"
TestTerraformCompleteExample 2022-03-23T15:10:06Z logger.go:66:       + egress                 = (known after apply)
TestTerraformCompleteExample 2022-03-23T15:10:06Z logger.go:66:       + id                     = (known after apply)
TestTerraformCompleteExample 2022-03-23T15:10:06Z logger.go:66:       + ingress                = (known after apply)
TestTerraformCompleteExample 2022-03-23T15:10:06Z logger.go:66:       + name                   = (known after apply)
TestTerraformCompleteExample 2022-03-23T15:10:06Z logger.go:66:       + name_prefix            = "ex-complete-cluster-"
TestTerraformCompleteExample 2022-03-23T15:10:06Z logger.go:66:       + owner_id               = (known after apply)
TestTerraformCompleteExample 2022-03-23T15:10:06Z logger.go:66:       + revoke_rules_on_delete = false
TestTerraformCompleteExample 2022-03-23T15:10:06Z logger.go:66:       + tags                   = {
TestTerraformCompleteExample 2022-03-23T15:10:06Z logger.go:66:           + "Name" = "ex-complete-cluster"
TestTerraformCompleteExample 2022-03-23T15:10:06Z logger.go:66:         }
TestTerraformCompleteExample 2022-03-23T15:10:06Z logger.go:66:       + tags_all               = {
TestTerraformCompleteExample 2022-03-23T15:10:06Z logger.go:66:           + "Example"    = "ex-complete"
TestTerraformCompleteExample 2022-03-23T15:10:06Z logger.go:66:           + "GithubOrg"  = "aidan-melen"
TestTerraformCompleteExample 2022-03-23T15:10:06Z logger.go:66:           + "GithubRepo" = "terraform-aws-eks-auth"
TestTerraformCompleteExample 2022-03-23T15:10:06Z logger.go:66:           + "Name"       = "ex-complete-cluster"
TestTerraformCompleteExample 2022-03-23T15:10:06Z logger.go:66:         }
TestTerraformCompleteExample 2022-03-23T15:10:06Z logger.go:66:       + vpc_id                 = (known after apply)
TestTerraformCompleteExample 2022-03-23T15:10:06Z logger.go:66:     }
TestTerraformCompleteExample 2022-03-23T15:10:06Z logger.go:66:
TestTerraformCompleteExample 2022-03-23T15:10:06Z logger.go:66:   # module.eks.aws_security_group.node[0] will be created
TestTerraformCompleteExample 2022-03-23T15:10:06Z logger.go:66:   + resource "aws_security_group" "node" {
TestTerraformCompleteExample 2022-03-23T15:10:06Z logger.go:66:       + arn                    = (known after apply)
TestTerraformCompleteExample 2022-03-23T15:10:06Z logger.go:66:       + description            = "EKS node shared security group"
TestTerraformCompleteExample 2022-03-23T15:10:06Z logger.go:66:       + egress                 = (known after apply)
TestTerraformCompleteExample 2022-03-23T15:10:06Z logger.go:66:       + id                     = (known after apply)
TestTerraformCompleteExample 2022-03-23T15:10:06Z logger.go:66:       + ingress                = (known after apply)
TestTerraformCompleteExample 2022-03-23T15:10:06Z logger.go:66:       + name                   = (known after apply)
TestTerraformCompleteExample 2022-03-23T15:10:06Z logger.go:66:       + name_prefix            = "ex-complete-node-"
TestTerraformCompleteExample 2022-03-23T15:10:06Z logger.go:66:       + owner_id               = (known after apply)
TestTerraformCompleteExample 2022-03-23T15:10:06Z logger.go:66:       + revoke_rules_on_delete = false
TestTerraformCompleteExample 2022-03-23T15:10:06Z logger.go:66:       + tags                   = {
TestTerraformCompleteExample 2022-03-23T15:10:06Z logger.go:66:           + "Name"                              = "ex-complete-node"
TestTerraformCompleteExample 2022-03-23T15:10:06Z logger.go:66:           + "kubernetes.io/cluster/ex-complete" = "owned"
TestTerraformCompleteExample 2022-03-23T15:10:06Z logger.go:66:         }
TestTerraformCompleteExample 2022-03-23T15:10:06Z logger.go:66:       + tags_all               = {
TestTerraformCompleteExample 2022-03-23T15:10:06Z logger.go:66:           + "Example"                           = "ex-complete"
TestTerraformCompleteExample 2022-03-23T15:10:06Z logger.go:66:           + "GithubOrg"                         = "aidan-melen"
TestTerraformCompleteExample 2022-03-23T15:10:06Z logger.go:66:           + "GithubRepo"                        = "terraform-aws-eks-auth"
TestTerraformCompleteExample 2022-03-23T15:10:06Z logger.go:66:           + "Name"                              = "ex-complete-node"
TestTerraformCompleteExample 2022-03-23T15:10:06Z logger.go:66:           + "kubernetes.io/cluster/ex-complete" = "owned"
TestTerraformCompleteExample 2022-03-23T15:10:06Z logger.go:66:         }
TestTerraformCompleteExample 2022-03-23T15:10:06Z logger.go:66:       + vpc_id                 = (known after apply)
TestTerraformCompleteExample 2022-03-23T15:10:06Z logger.go:66:     }
TestTerraformCompleteExample 2022-03-23T15:10:06Z logger.go:66:
TestTerraformCompleteExample 2022-03-23T15:10:06Z logger.go:66:   # module.eks.aws_security_group_rule.cluster["egress_nodes_443"] will be created
TestTerraformCompleteExample 2022-03-23T15:10:06Z logger.go:66:   + resource "aws_security_group_rule" "cluster" {
TestTerraformCompleteExample 2022-03-23T15:10:06Z logger.go:66:       + description              = "Cluster API to node groups"
TestTerraformCompleteExample 2022-03-23T15:10:06Z logger.go:66:       + from_port                = 443
TestTerraformCompleteExample 2022-03-23T15:10:06Z logger.go:66:       + id                       = (known after apply)
TestTerraformCompleteExample 2022-03-23T15:10:06Z logger.go:66:       + prefix_list_ids          = []
TestTerraformCompleteExample 2022-03-23T15:10:06Z logger.go:66:       + protocol                 = "tcp"
TestTerraformCompleteExample 2022-03-23T15:10:06Z logger.go:66:       + security_group_id        = (known after apply)
TestTerraformCompleteExample 2022-03-23T15:10:06Z logger.go:66:       + self                     = false
TestTerraformCompleteExample 2022-03-23T15:10:06Z logger.go:66:       + source_security_group_id = (known after apply)
TestTerraformCompleteExample 2022-03-23T15:10:06Z logger.go:66:       + to_port                  = 443
TestTerraformCompleteExample 2022-03-23T15:10:06Z logger.go:66:       + type                     = "egress"
TestTerraformCompleteExample 2022-03-23T15:10:06Z logger.go:66:     }
TestTerraformCompleteExample 2022-03-23T15:10:06Z logger.go:66:
TestTerraformCompleteExample 2022-03-23T15:10:06Z logger.go:66:   # module.eks.aws_security_group_rule.cluster["egress_nodes_kubelet"] will be created
TestTerraformCompleteExample 2022-03-23T15:10:06Z logger.go:66:   + resource "aws_security_group_rule" "cluster" {
TestTerraformCompleteExample 2022-03-23T15:10:06Z logger.go:66:       + description              = "Cluster API to node kubelets"
TestTerraformCompleteExample 2022-03-23T15:10:06Z logger.go:66:       + from_port                = 10250
TestTerraformCompleteExample 2022-03-23T15:10:06Z logger.go:66:       + id                       = (known after apply)
TestTerraformCompleteExample 2022-03-23T15:10:06Z logger.go:66:       + prefix_list_ids          = []
TestTerraformCompleteExample 2022-03-23T15:10:06Z logger.go:66:       + protocol                 = "tcp"
TestTerraformCompleteExample 2022-03-23T15:10:06Z logger.go:66:       + security_group_id        = (known after apply)
TestTerraformCompleteExample 2022-03-23T15:10:06Z logger.go:66:       + self                     = false
TestTerraformCompleteExample 2022-03-23T15:10:06Z logger.go:66:       + source_security_group_id = (known after apply)
TestTerraformCompleteExample 2022-03-23T15:10:06Z logger.go:66:       + to_port                  = 10250
TestTerraformCompleteExample 2022-03-23T15:10:06Z logger.go:66:       + type                     = "egress"
TestTerraformCompleteExample 2022-03-23T15:10:06Z logger.go:66:     }
TestTerraformCompleteExample 2022-03-23T15:10:06Z logger.go:66:
TestTerraformCompleteExample 2022-03-23T15:10:06Z logger.go:66:   # module.eks.aws_security_group_rule.cluster["ingress_nodes_443"] will be created
TestTerraformCompleteExample 2022-03-23T15:10:06Z logger.go:66:   + resource "aws_security_group_rule" "cluster" {
TestTerraformCompleteExample 2022-03-23T15:10:06Z logger.go:66:       + description              = "Node groups to cluster API"
TestTerraformCompleteExample 2022-03-23T15:10:06Z logger.go:66:       + from_port                = 443
TestTerraformCompleteExample 2022-03-23T15:10:06Z logger.go:66:       + id                       = (known after apply)
TestTerraformCompleteExample 2022-03-23T15:10:06Z logger.go:66:       + prefix_list_ids          = []
TestTerraformCompleteExample 2022-03-23T15:10:06Z logger.go:66:       + protocol                 = "tcp"
TestTerraformCompleteExample 2022-03-23T15:10:06Z logger.go:66:       + security_group_id        = (known after apply)
TestTerraformCompleteExample 2022-03-23T15:10:06Z logger.go:66:       + self                     = false
TestTerraformCompleteExample 2022-03-23T15:10:06Z logger.go:66:       + source_security_group_id = (known after apply)
TestTerraformCompleteExample 2022-03-23T15:10:06Z logger.go:66:       + to_port                  = 443
TestTerraformCompleteExample 2022-03-23T15:10:06Z logger.go:66:       + type                     = "ingress"
TestTerraformCompleteExample 2022-03-23T15:10:06Z logger.go:66:     }
TestTerraformCompleteExample 2022-03-23T15:10:06Z logger.go:66:
TestTerraformCompleteExample 2022-03-23T15:10:06Z logger.go:66:   # module.eks.aws_security_group_rule.node["egress_cluster_443"] will be created
TestTerraformCompleteExample 2022-03-23T15:10:06Z logger.go:66:   + resource "aws_security_group_rule" "node" {
TestTerraformCompleteExample 2022-03-23T15:10:06Z logger.go:66:       + description              = "Node groups to cluster API"
TestTerraformCompleteExample 2022-03-23T15:10:06Z logger.go:66:       + from_port                = 443
TestTerraformCompleteExample 2022-03-23T15:10:06Z logger.go:66:       + id                       = (known after apply)
TestTerraformCompleteExample 2022-03-23T15:10:06Z logger.go:66:       + prefix_list_ids          = []
TestTerraformCompleteExample 2022-03-23T15:10:06Z logger.go:66:       + protocol                 = "tcp"
TestTerraformCompleteExample 2022-03-23T15:10:06Z logger.go:66:       + security_group_id        = (known after apply)
TestTerraformCompleteExample 2022-03-23T15:10:06Z logger.go:66:       + self                     = false
TestTerraformCompleteExample 2022-03-23T15:10:06Z logger.go:66:       + source_security_group_id = (known after apply)
TestTerraformCompleteExample 2022-03-23T15:10:06Z logger.go:66:       + to_port                  = 443
TestTerraformCompleteExample 2022-03-23T15:10:06Z logger.go:66:       + type                     = "egress"
TestTerraformCompleteExample 2022-03-23T15:10:06Z logger.go:66:     }
TestTerraformCompleteExample 2022-03-23T15:10:06Z logger.go:66:
TestTerraformCompleteExample 2022-03-23T15:10:06Z logger.go:66:   # module.eks.aws_security_group_rule.node["egress_https"] will be created
TestTerraformCompleteExample 2022-03-23T15:10:06Z logger.go:66:   + resource "aws_security_group_rule" "node" {
TestTerraformCompleteExample 2022-03-23T15:10:06Z logger.go:66:       + cidr_blocks              = [
TestTerraformCompleteExample 2022-03-23T15:10:06Z logger.go:66:           + "0.0.0.0/0",
TestTerraformCompleteExample 2022-03-23T15:10:06Z logger.go:66:         ]
TestTerraformCompleteExample 2022-03-23T15:10:06Z logger.go:66:       + description              = "Egress all HTTPS to internet"
TestTerraformCompleteExample 2022-03-23T15:10:06Z logger.go:66:       + from_port                = 443
TestTerraformCompleteExample 2022-03-23T15:10:06Z logger.go:66:       + id                       = (known after apply)
TestTerraformCompleteExample 2022-03-23T15:10:06Z logger.go:66:       + prefix_list_ids          = []
TestTerraformCompleteExample 2022-03-23T15:10:06Z logger.go:66:       + protocol                 = "tcp"
TestTerraformCompleteExample 2022-03-23T15:10:06Z logger.go:66:       + security_group_id        = (known after apply)
TestTerraformCompleteExample 2022-03-23T15:10:06Z logger.go:66:       + self                     = false
TestTerraformCompleteExample 2022-03-23T15:10:06Z logger.go:66:       + source_security_group_id = (known after apply)
TestTerraformCompleteExample 2022-03-23T15:10:06Z logger.go:66:       + to_port                  = 443
TestTerraformCompleteExample 2022-03-23T15:10:06Z logger.go:66:       + type                     = "egress"
TestTerraformCompleteExample 2022-03-23T15:10:06Z logger.go:66:     }
TestTerraformCompleteExample 2022-03-23T15:10:06Z logger.go:66:
TestTerraformCompleteExample 2022-03-23T15:10:06Z logger.go:66:   # module.eks.aws_security_group_rule.node["egress_ntp_tcp"] will be created
TestTerraformCompleteExample 2022-03-23T15:10:06Z logger.go:66:   + resource "aws_security_group_rule" "node" {
TestTerraformCompleteExample 2022-03-23T15:10:06Z logger.go:66:       + cidr_blocks              = [
TestTerraformCompleteExample 2022-03-23T15:10:06Z logger.go:66:           + "0.0.0.0/0",
TestTerraformCompleteExample 2022-03-23T15:10:06Z logger.go:66:         ]
TestTerraformCompleteExample 2022-03-23T15:10:06Z logger.go:66:       + description              = "Egress NTP/TCP to internet"
TestTerraformCompleteExample 2022-03-23T15:10:06Z logger.go:66:       + from_port                = 123
TestTerraformCompleteExample 2022-03-23T15:10:06Z logger.go:66:       + id                       = (known after apply)
TestTerraformCompleteExample 2022-03-23T15:10:06Z logger.go:66:       + prefix_list_ids          = []
TestTerraformCompleteExample 2022-03-23T15:10:06Z logger.go:66:       + protocol                 = "tcp"
TestTerraformCompleteExample 2022-03-23T15:10:06Z logger.go:66:       + security_group_id        = (known after apply)
TestTerraformCompleteExample 2022-03-23T15:10:06Z logger.go:66:       + self                     = false
TestTerraformCompleteExample 2022-03-23T15:10:06Z logger.go:66:       + source_security_group_id = (known after apply)
TestTerraformCompleteExample 2022-03-23T15:10:06Z logger.go:66:       + to_port                  = 123
TestTerraformCompleteExample 2022-03-23T15:10:06Z logger.go:66:       + type                     = "egress"
TestTerraformCompleteExample 2022-03-23T15:10:06Z logger.go:66:     }
TestTerraformCompleteExample 2022-03-23T15:10:06Z logger.go:66:
TestTerraformCompleteExample 2022-03-23T15:10:06Z logger.go:66:   # module.eks.aws_security_group_rule.node["egress_ntp_udp"] will be created
TestTerraformCompleteExample 2022-03-23T15:10:06Z logger.go:66:   + resource "aws_security_group_rule" "node" {
TestTerraformCompleteExample 2022-03-23T15:10:06Z logger.go:66:       + cidr_blocks              = [
TestTerraformCompleteExample 2022-03-23T15:10:06Z logger.go:66:           + "0.0.0.0/0",
TestTerraformCompleteExample 2022-03-23T15:10:06Z logger.go:66:         ]
TestTerraformCompleteExample 2022-03-23T15:10:06Z logger.go:66:       + description              = "Egress NTP/UDP to internet"
TestTerraformCompleteExample 2022-03-23T15:10:06Z logger.go:66:       + from_port                = 123
TestTerraformCompleteExample 2022-03-23T15:10:06Z logger.go:66:       + id                       = (known after apply)
TestTerraformCompleteExample 2022-03-23T15:10:06Z logger.go:66:       + prefix_list_ids          = []
TestTerraformCompleteExample 2022-03-23T15:10:06Z logger.go:66:       + protocol                 = "udp"
TestTerraformCompleteExample 2022-03-23T15:10:06Z logger.go:66:       + security_group_id        = (known after apply)
TestTerraformCompleteExample 2022-03-23T15:10:06Z logger.go:66:       + self                     = false
TestTerraformCompleteExample 2022-03-23T15:10:06Z logger.go:66:       + source_security_group_id = (known after apply)
TestTerraformCompleteExample 2022-03-23T15:10:06Z logger.go:66:       + to_port                  = 123
TestTerraformCompleteExample 2022-03-23T15:10:06Z logger.go:66:       + type                     = "egress"
TestTerraformCompleteExample 2022-03-23T15:10:06Z logger.go:66:     }
TestTerraformCompleteExample 2022-03-23T15:10:06Z logger.go:66:
TestTerraformCompleteExample 2022-03-23T15:10:06Z logger.go:66:   # module.eks.aws_security_group_rule.node["egress_self_coredns_tcp"] will be created
TestTerraformCompleteExample 2022-03-23T15:10:06Z logger.go:66:   + resource "aws_security_group_rule" "node" {
TestTerraformCompleteExample 2022-03-23T15:10:06Z logger.go:66:       + description              = "Node to node CoreDNS"
TestTerraformCompleteExample 2022-03-23T15:10:06Z logger.go:66:       + from_port                = 53
TestTerraformCompleteExample 2022-03-23T15:10:06Z logger.go:66:       + id                       = (known after apply)
TestTerraformCompleteExample 2022-03-23T15:10:06Z logger.go:66:       + prefix_list_ids          = []
TestTerraformCompleteExample 2022-03-23T15:10:06Z logger.go:66:       + protocol                 = "tcp"
TestTerraformCompleteExample 2022-03-23T15:10:06Z logger.go:66:       + security_group_id        = (known after apply)
TestTerraformCompleteExample 2022-03-23T15:10:06Z logger.go:66:       + self                     = true
TestTerraformCompleteExample 2022-03-23T15:10:06Z logger.go:66:       + source_security_group_id = (known after apply)
TestTerraformCompleteExample 2022-03-23T15:10:06Z logger.go:66:       + to_port                  = 53
TestTerraformCompleteExample 2022-03-23T15:10:06Z logger.go:66:       + type                     = "egress"
TestTerraformCompleteExample 2022-03-23T15:10:06Z logger.go:66:     }
TestTerraformCompleteExample 2022-03-23T15:10:06Z logger.go:66:
TestTerraformCompleteExample 2022-03-23T15:10:06Z logger.go:66:   # module.eks.aws_security_group_rule.node["egress_self_coredns_udp"] will be created
TestTerraformCompleteExample 2022-03-23T15:10:06Z logger.go:66:   + resource "aws_security_group_rule" "node" {
TestTerraformCompleteExample 2022-03-23T15:10:06Z logger.go:66:       + description              = "Node to node CoreDNS"
TestTerraformCompleteExample 2022-03-23T15:10:06Z logger.go:66:       + from_port                = 53
TestTerraformCompleteExample 2022-03-23T15:10:06Z logger.go:66:       + id                       = (known after apply)
TestTerraformCompleteExample 2022-03-23T15:10:06Z logger.go:66:       + prefix_list_ids          = []
TestTerraformCompleteExample 2022-03-23T15:10:06Z logger.go:66:       + protocol                 = "udp"
TestTerraformCompleteExample 2022-03-23T15:10:06Z logger.go:66:       + security_group_id        = (known after apply)
TestTerraformCompleteExample 2022-03-23T15:10:06Z logger.go:66:       + self                     = true
TestTerraformCompleteExample 2022-03-23T15:10:06Z logger.go:66:       + source_security_group_id = (known after apply)
TestTerraformCompleteExample 2022-03-23T15:10:06Z logger.go:66:       + to_port                  = 53
TestTerraformCompleteExample 2022-03-23T15:10:06Z logger.go:66:       + type                     = "egress"
TestTerraformCompleteExample 2022-03-23T15:10:06Z logger.go:66:     }
TestTerraformCompleteExample 2022-03-23T15:10:06Z logger.go:66:
TestTerraformCompleteExample 2022-03-23T15:10:06Z logger.go:66:   # module.eks.aws_security_group_rule.node["ingress_cluster_443"] will be created
TestTerraformCompleteExample 2022-03-23T15:10:06Z logger.go:66:   + resource "aws_security_group_rule" "node" {
TestTerraformCompleteExample 2022-03-23T15:10:06Z logger.go:66:       + description              = "Cluster API to node groups"
TestTerraformCompleteExample 2022-03-23T15:10:06Z logger.go:66:       + from_port                = 443
TestTerraformCompleteExample 2022-03-23T15:10:06Z logger.go:66:       + id                       = (known after apply)
TestTerraformCompleteExample 2022-03-23T15:10:06Z logger.go:66:       + prefix_list_ids          = []
TestTerraformCompleteExample 2022-03-23T15:10:06Z logger.go:66:       + protocol                 = "tcp"
TestTerraformCompleteExample 2022-03-23T15:10:06Z logger.go:66:       + security_group_id        = (known after apply)
TestTerraformCompleteExample 2022-03-23T15:10:06Z logger.go:66:       + self                     = false
TestTerraformCompleteExample 2022-03-23T15:10:06Z logger.go:66:       + source_security_group_id = (known after apply)
TestTerraformCompleteExample 2022-03-23T15:10:06Z logger.go:66:       + to_port                  = 443
TestTerraformCompleteExample 2022-03-23T15:10:06Z logger.go:66:       + type                     = "ingress"
TestTerraformCompleteExample 2022-03-23T15:10:06Z logger.go:66:     }
TestTerraformCompleteExample 2022-03-23T15:10:06Z logger.go:66:
TestTerraformCompleteExample 2022-03-23T15:10:06Z logger.go:66:   # module.eks.aws_security_group_rule.node["ingress_cluster_kubelet"] will be created
TestTerraformCompleteExample 2022-03-23T15:10:06Z logger.go:66:   + resource "aws_security_group_rule" "node" {
TestTerraformCompleteExample 2022-03-23T15:10:06Z logger.go:66:       + description              = "Cluster API to node kubelets"
TestTerraformCompleteExample 2022-03-23T15:10:06Z logger.go:66:       + from_port                = 10250
TestTerraformCompleteExample 2022-03-23T15:10:06Z logger.go:66:       + id                       = (known after apply)
TestTerraformCompleteExample 2022-03-23T15:10:06Z logger.go:66:       + prefix_list_ids          = []
TestTerraformCompleteExample 2022-03-23T15:10:06Z logger.go:66:       + protocol                 = "tcp"
TestTerraformCompleteExample 2022-03-23T15:10:06Z logger.go:66:       + security_group_id        = (known after apply)
TestTerraformCompleteExample 2022-03-23T15:10:06Z logger.go:66:       + self                     = false
TestTerraformCompleteExample 2022-03-23T15:10:06Z logger.go:66:       + source_security_group_id = (known after apply)
TestTerraformCompleteExample 2022-03-23T15:10:06Z logger.go:66:       + to_port                  = 10250
TestTerraformCompleteExample 2022-03-23T15:10:06Z logger.go:66:       + type                     = "ingress"
TestTerraformCompleteExample 2022-03-23T15:10:06Z logger.go:66:     }
TestTerraformCompleteExample 2022-03-23T15:10:06Z logger.go:66:
TestTerraformCompleteExample 2022-03-23T15:10:06Z logger.go:66:   # module.eks.aws_security_group_rule.node["ingress_self_coredns_tcp"] will be created
TestTerraformCompleteExample 2022-03-23T15:10:06Z logger.go:66:   + resource "aws_security_group_rule" "node" {
TestTerraformCompleteExample 2022-03-23T15:10:06Z logger.go:66:       + description              = "Node to node CoreDNS"
TestTerraformCompleteExample 2022-03-23T15:10:06Z logger.go:66:       + from_port                = 53
TestTerraformCompleteExample 2022-03-23T15:10:06Z logger.go:66:       + id                       = (known after apply)
TestTerraformCompleteExample 2022-03-23T15:10:06Z logger.go:66:       + prefix_list_ids          = []
TestTerraformCompleteExample 2022-03-23T15:10:06Z logger.go:66:       + protocol                 = "tcp"
TestTerraformCompleteExample 2022-03-23T15:10:06Z logger.go:66:       + security_group_id        = (known after apply)
TestTerraformCompleteExample 2022-03-23T15:10:06Z logger.go:66:       + self                     = true
TestTerraformCompleteExample 2022-03-23T15:10:06Z logger.go:66:       + source_security_group_id = (known after apply)
TestTerraformCompleteExample 2022-03-23T15:10:06Z logger.go:66:       + to_port                  = 53
TestTerraformCompleteExample 2022-03-23T15:10:06Z logger.go:66:       + type                     = "ingress"
TestTerraformCompleteExample 2022-03-23T15:10:06Z logger.go:66:     }
TestTerraformCompleteExample 2022-03-23T15:10:06Z logger.go:66:
TestTerraformCompleteExample 2022-03-23T15:10:06Z logger.go:66:   # module.eks.aws_security_group_rule.node["ingress_self_coredns_udp"] will be created
TestTerraformCompleteExample 2022-03-23T15:10:06Z logger.go:66:   + resource "aws_security_group_rule" "node" {
TestTerraformCompleteExample 2022-03-23T15:10:06Z logger.go:66:       + description              = "Node to node CoreDNS"
TestTerraformCompleteExample 2022-03-23T15:10:06Z logger.go:66:       + from_port                = 53
TestTerraformCompleteExample 2022-03-23T15:10:06Z logger.go:66:       + id                       = (known after apply)
TestTerraformCompleteExample 2022-03-23T15:10:06Z logger.go:66:       + prefix_list_ids          = []
TestTerraformCompleteExample 2022-03-23T15:10:06Z logger.go:66:       + protocol                 = "udp"
TestTerraformCompleteExample 2022-03-23T15:10:06Z logger.go:66:       + security_group_id        = (known after apply)
TestTerraformCompleteExample 2022-03-23T15:10:06Z logger.go:66:       + self                     = true
TestTerraformCompleteExample 2022-03-23T15:10:06Z logger.go:66:       + source_security_group_id = (known after apply)
TestTerraformCompleteExample 2022-03-23T15:10:06Z logger.go:66:       + to_port                  = 53
TestTerraformCompleteExample 2022-03-23T15:10:06Z logger.go:66:       + type                     = "ingress"
TestTerraformCompleteExample 2022-03-23T15:10:06Z logger.go:66:     }
TestTerraformCompleteExample 2022-03-23T15:10:06Z logger.go:66:
TestTerraformCompleteExample 2022-03-23T15:10:06Z logger.go:66:   # module.eks_auth.kubectl_manifest.patch will be created
TestTerraformCompleteExample 2022-03-23T15:10:06Z logger.go:66:   + resource "kubectl_manifest" "patch" {
TestTerraformCompleteExample 2022-03-23T15:10:06Z logger.go:66:       + api_version             = (known after apply)
TestTerraformCompleteExample 2022-03-23T15:10:06Z logger.go:66:       + force_new               = false
TestTerraformCompleteExample 2022-03-23T15:10:06Z logger.go:66:       + id                      = (known after apply)
TestTerraformCompleteExample 2022-03-23T15:10:06Z logger.go:66:       + kind                    = (known after apply)
TestTerraformCompleteExample 2022-03-23T15:10:06Z logger.go:66:       + live_manifest_incluster = (sensitive value)
TestTerraformCompleteExample 2022-03-23T15:10:06Z logger.go:66:       + live_uid                = (known after apply)
TestTerraformCompleteExample 2022-03-23T15:10:06Z logger.go:66:       + name                    = (known after apply)
TestTerraformCompleteExample 2022-03-23T15:10:06Z logger.go:66:       + namespace               = (known after apply)
TestTerraformCompleteExample 2022-03-23T15:10:06Z logger.go:66:       + override_namespace      = "kube-system"
TestTerraformCompleteExample 2022-03-23T15:10:06Z logger.go:66:       + server_side_apply       = false
TestTerraformCompleteExample 2022-03-23T15:10:06Z logger.go:66:       + uid                     = (known after apply)
TestTerraformCompleteExample 2022-03-23T15:10:06Z logger.go:66:       + validate_schema         = true
TestTerraformCompleteExample 2022-03-23T15:10:06Z logger.go:66:       + wait_for_rollout        = true
TestTerraformCompleteExample 2022-03-23T15:10:06Z logger.go:66:       + yaml_body               = (sensitive value)
TestTerraformCompleteExample 2022-03-23T15:10:06Z logger.go:66:       + yaml_body_parsed        = (known after apply)
TestTerraformCompleteExample 2022-03-23T15:10:06Z logger.go:66:       + yaml_incluster          = (sensitive value)
TestTerraformCompleteExample 2022-03-23T15:10:06Z logger.go:66:     }
TestTerraformCompleteExample 2022-03-23T15:10:06Z logger.go:66:
TestTerraformCompleteExample 2022-03-23T15:10:06Z logger.go:66:   # module.vpc.aws_eip.nat[0] will be created
TestTerraformCompleteExample 2022-03-23T15:10:06Z logger.go:66:   + resource "aws_eip" "nat" {
TestTerraformCompleteExample 2022-03-23T15:10:06Z logger.go:66:       + allocation_id        = (known after apply)
TestTerraformCompleteExample 2022-03-23T15:10:06Z logger.go:66:       + association_id       = (known after apply)
TestTerraformCompleteExample 2022-03-23T15:10:06Z logger.go:66:       + carrier_ip           = (known after apply)
TestTerraformCompleteExample 2022-03-23T15:10:06Z logger.go:66:       + customer_owned_ip    = (known after apply)
TestTerraformCompleteExample 2022-03-23T15:10:06Z logger.go:66:       + domain               = (known after apply)
TestTerraformCompleteExample 2022-03-23T15:10:06Z logger.go:66:       + id                   = (known after apply)
TestTerraformCompleteExample 2022-03-23T15:10:06Z logger.go:66:       + instance             = (known after apply)
TestTerraformCompleteExample 2022-03-23T15:10:06Z logger.go:66:       + network_border_group = (known after apply)
TestTerraformCompleteExample 2022-03-23T15:10:06Z logger.go:66:       + network_interface    = (known after apply)
TestTerraformCompleteExample 2022-03-23T15:10:06Z logger.go:66:       + private_dns          = (known after apply)
TestTerraformCompleteExample 2022-03-23T15:10:06Z logger.go:66:       + private_ip           = (known after apply)
TestTerraformCompleteExample 2022-03-23T15:10:06Z logger.go:66:       + public_dns           = (known after apply)
TestTerraformCompleteExample 2022-03-23T15:10:06Z logger.go:66:       + public_ip            = (known after apply)
TestTerraformCompleteExample 2022-03-23T15:10:06Z logger.go:66:       + public_ipv4_pool     = (known after apply)
TestTerraformCompleteExample 2022-03-23T15:10:06Z logger.go:66:       + tags                 = {
TestTerraformCompleteExample 2022-03-23T15:10:06Z logger.go:66:           + "Name" = "ex-complete-us-west-2a"
TestTerraformCompleteExample 2022-03-23T15:10:06Z logger.go:66:         }
TestTerraformCompleteExample 2022-03-23T15:10:06Z logger.go:66:       + tags_all             = {
TestTerraformCompleteExample 2022-03-23T15:10:06Z logger.go:66:           + "Example"    = "ex-complete"
TestTerraformCompleteExample 2022-03-23T15:10:06Z logger.go:66:           + "GithubOrg"  = "aidan-melen"
TestTerraformCompleteExample 2022-03-23T15:10:06Z logger.go:66:           + "GithubRepo" = "terraform-aws-eks-auth"
TestTerraformCompleteExample 2022-03-23T15:10:06Z logger.go:66:           + "Name"       = "ex-complete-us-west-2a"
TestTerraformCompleteExample 2022-03-23T15:10:06Z logger.go:66:         }
TestTerraformCompleteExample 2022-03-23T15:10:06Z logger.go:66:       + vpc                  = true
TestTerraformCompleteExample 2022-03-23T15:10:06Z logger.go:66:     }
TestTerraformCompleteExample 2022-03-23T15:10:06Z logger.go:66:
TestTerraformCompleteExample 2022-03-23T15:10:06Z logger.go:66:   # module.vpc.aws_internet_gateway.this[0] will be created
TestTerraformCompleteExample 2022-03-23T15:10:06Z logger.go:66:   + resource "aws_internet_gateway" "this" {
TestTerraformCompleteExample 2022-03-23T15:10:06Z logger.go:66:       + arn      = (known after apply)
TestTerraformCompleteExample 2022-03-23T15:10:06Z logger.go:66:       + id       = (known after apply)
TestTerraformCompleteExample 2022-03-23T15:10:06Z logger.go:66:       + owner_id = (known after apply)
TestTerraformCompleteExample 2022-03-23T15:10:06Z logger.go:66:       + tags     = {
TestTerraformCompleteExample 2022-03-23T15:10:06Z logger.go:66:           + "Name" = "ex-complete"
TestTerraformCompleteExample 2022-03-23T15:10:06Z logger.go:66:         }
TestTerraformCompleteExample 2022-03-23T15:10:06Z logger.go:66:       + tags_all = {
TestTerraformCompleteExample 2022-03-23T15:10:06Z logger.go:66:           + "Example"    = "ex-complete"
TestTerraformCompleteExample 2022-03-23T15:10:06Z logger.go:66:           + "GithubOrg"  = "aidan-melen"
TestTerraformCompleteExample 2022-03-23T15:10:06Z logger.go:66:           + "GithubRepo" = "terraform-aws-eks-auth"
TestTerraformCompleteExample 2022-03-23T15:10:06Z logger.go:66:           + "Name"       = "ex-complete"
TestTerraformCompleteExample 2022-03-23T15:10:06Z logger.go:66:         }
TestTerraformCompleteExample 2022-03-23T15:10:06Z logger.go:66:       + vpc_id   = (known after apply)
TestTerraformCompleteExample 2022-03-23T15:10:06Z logger.go:66:     }
TestTerraformCompleteExample 2022-03-23T15:10:06Z logger.go:66:
TestTerraformCompleteExample 2022-03-23T15:10:06Z logger.go:66:   # module.vpc.aws_nat_gateway.this[0] will be created
TestTerraformCompleteExample 2022-03-23T15:10:06Z logger.go:66:   + resource "aws_nat_gateway" "this" {
TestTerraformCompleteExample 2022-03-23T15:10:06Z logger.go:66:       + allocation_id        = (known after apply)
TestTerraformCompleteExample 2022-03-23T15:10:06Z logger.go:66:       + connectivity_type    = "public"
TestTerraformCompleteExample 2022-03-23T15:10:06Z logger.go:66:       + id                   = (known after apply)
TestTerraformCompleteExample 2022-03-23T15:10:06Z logger.go:66:       + network_interface_id = (known after apply)
TestTerraformCompleteExample 2022-03-23T15:10:06Z logger.go:66:       + private_ip           = (known after apply)
TestTerraformCompleteExample 2022-03-23T15:10:06Z logger.go:66:       + public_ip            = (known after apply)
TestTerraformCompleteExample 2022-03-23T15:10:06Z logger.go:66:       + subnet_id            = (known after apply)
TestTerraformCompleteExample 2022-03-23T15:10:06Z logger.go:66:       + tags                 = {
TestTerraformCompleteExample 2022-03-23T15:10:06Z logger.go:66:           + "Name" = "ex-complete-us-west-2a"
TestTerraformCompleteExample 2022-03-23T15:10:06Z logger.go:66:         }
TestTerraformCompleteExample 2022-03-23T15:10:06Z logger.go:66:       + tags_all             = {
TestTerraformCompleteExample 2022-03-23T15:10:06Z logger.go:66:           + "Example"    = "ex-complete"
TestTerraformCompleteExample 2022-03-23T15:10:06Z logger.go:66:           + "GithubOrg"  = "aidan-melen"
TestTerraformCompleteExample 2022-03-23T15:10:06Z logger.go:66:           + "GithubRepo" = "terraform-aws-eks-auth"
TestTerraformCompleteExample 2022-03-23T15:10:06Z logger.go:66:           + "Name"       = "ex-complete-us-west-2a"
TestTerraformCompleteExample 2022-03-23T15:10:06Z logger.go:66:         }
TestTerraformCompleteExample 2022-03-23T15:10:06Z logger.go:66:     }
TestTerraformCompleteExample 2022-03-23T15:10:06Z logger.go:66:
TestTerraformCompleteExample 2022-03-23T15:10:06Z logger.go:66:   # module.vpc.aws_route.private_nat_gateway[0] will be created
TestTerraformCompleteExample 2022-03-23T15:10:06Z logger.go:66:   + resource "aws_route" "private_nat_gateway" {
TestTerraformCompleteExample 2022-03-23T15:10:06Z logger.go:66:       + destination_cidr_block = "0.0.0.0/0"
TestTerraformCompleteExample 2022-03-23T15:10:06Z logger.go:66:       + id                     = (known after apply)
TestTerraformCompleteExample 2022-03-23T15:10:06Z logger.go:66:       + instance_id            = (known after apply)
TestTerraformCompleteExample 2022-03-23T15:10:06Z logger.go:66:       + instance_owner_id      = (known after apply)
TestTerraformCompleteExample 2022-03-23T15:10:06Z logger.go:66:       + nat_gateway_id         = (known after apply)
TestTerraformCompleteExample 2022-03-23T15:10:06Z logger.go:66:       + network_interface_id   = (known after apply)
TestTerraformCompleteExample 2022-03-23T15:10:06Z logger.go:66:       + origin                 = (known after apply)
TestTerraformCompleteExample 2022-03-23T15:10:06Z logger.go:66:       + route_table_id         = (known after apply)
TestTerraformCompleteExample 2022-03-23T15:10:06Z logger.go:66:       + state                  = (known after apply)
TestTerraformCompleteExample 2022-03-23T15:10:06Z logger.go:66:
TestTerraformCompleteExample 2022-03-23T15:10:06Z logger.go:66:       + timeouts {
TestTerraformCompleteExample 2022-03-23T15:10:06Z logger.go:66:           + create = "5m"
TestTerraformCompleteExample 2022-03-23T15:10:06Z logger.go:66:         }
TestTerraformCompleteExample 2022-03-23T15:10:06Z logger.go:66:     }
TestTerraformCompleteExample 2022-03-23T15:10:06Z logger.go:66:
TestTerraformCompleteExample 2022-03-23T15:10:06Z logger.go:66:   # module.vpc.aws_route.public_internet_gateway[0] will be created
TestTerraformCompleteExample 2022-03-23T15:10:06Z logger.go:66:   + resource "aws_route" "public_internet_gateway" {
TestTerraformCompleteExample 2022-03-23T15:10:06Z logger.go:66:       + destination_cidr_block = "0.0.0.0/0"
TestTerraformCompleteExample 2022-03-23T15:10:06Z logger.go:66:       + gateway_id             = (known after apply)
TestTerraformCompleteExample 2022-03-23T15:10:06Z logger.go:66:       + id                     = (known after apply)
TestTerraformCompleteExample 2022-03-23T15:10:06Z logger.go:66:       + instance_id            = (known after apply)
TestTerraformCompleteExample 2022-03-23T15:10:06Z logger.go:66:       + instance_owner_id      = (known after apply)
TestTerraformCompleteExample 2022-03-23T15:10:06Z logger.go:66:       + network_interface_id   = (known after apply)
TestTerraformCompleteExample 2022-03-23T15:10:06Z logger.go:66:       + origin                 = (known after apply)
TestTerraformCompleteExample 2022-03-23T15:10:06Z logger.go:66:       + route_table_id         = (known after apply)
TestTerraformCompleteExample 2022-03-23T15:10:06Z logger.go:66:       + state                  = (known after apply)
TestTerraformCompleteExample 2022-03-23T15:10:06Z logger.go:66:
TestTerraformCompleteExample 2022-03-23T15:10:06Z logger.go:66:       + timeouts {
TestTerraformCompleteExample 2022-03-23T15:10:06Z logger.go:66:           + create = "5m"
TestTerraformCompleteExample 2022-03-23T15:10:06Z logger.go:66:         }
TestTerraformCompleteExample 2022-03-23T15:10:06Z logger.go:66:     }
TestTerraformCompleteExample 2022-03-23T15:10:06Z logger.go:66:
TestTerraformCompleteExample 2022-03-23T15:10:06Z logger.go:66:   # module.vpc.aws_route_table.private[0] will be created
TestTerraformCompleteExample 2022-03-23T15:10:06Z logger.go:66:   + resource "aws_route_table" "private" {
TestTerraformCompleteExample 2022-03-23T15:10:06Z logger.go:66:       + arn              = (known after apply)
TestTerraformCompleteExample 2022-03-23T15:10:06Z logger.go:66:       + id               = (known after apply)
TestTerraformCompleteExample 2022-03-23T15:10:06Z logger.go:66:       + owner_id         = (known after apply)
TestTerraformCompleteExample 2022-03-23T15:10:06Z logger.go:66:       + propagating_vgws = (known after apply)
TestTerraformCompleteExample 2022-03-23T15:10:06Z logger.go:66:       + route            = (known after apply)
TestTerraformCompleteExample 2022-03-23T15:10:06Z logger.go:66:       + tags             = {
TestTerraformCompleteExample 2022-03-23T15:10:06Z logger.go:66:           + "Name" = "ex-complete-private"
TestTerraformCompleteExample 2022-03-23T15:10:06Z logger.go:66:         }
TestTerraformCompleteExample 2022-03-23T15:10:06Z logger.go:66:       + tags_all         = {
TestTerraformCompleteExample 2022-03-23T15:10:06Z logger.go:66:           + "Example"    = "ex-complete"
TestTerraformCompleteExample 2022-03-23T15:10:06Z logger.go:66:           + "GithubOrg"  = "aidan-melen"
TestTerraformCompleteExample 2022-03-23T15:10:06Z logger.go:66:           + "GithubRepo" = "terraform-aws-eks-auth"
TestTerraformCompleteExample 2022-03-23T15:10:06Z logger.go:66:           + "Name"       = "ex-complete-private"
TestTerraformCompleteExample 2022-03-23T15:10:06Z logger.go:66:         }
TestTerraformCompleteExample 2022-03-23T15:10:06Z logger.go:66:       + vpc_id           = (known after apply)
TestTerraformCompleteExample 2022-03-23T15:10:06Z logger.go:66:     }
TestTerraformCompleteExample 2022-03-23T15:10:06Z logger.go:66:
TestTerraformCompleteExample 2022-03-23T15:10:06Z logger.go:66:   # module.vpc.aws_route_table.public[0] will be created
TestTerraformCompleteExample 2022-03-23T15:10:06Z logger.go:66:   + resource "aws_route_table" "public" {
TestTerraformCompleteExample 2022-03-23T15:10:06Z logger.go:66:       + arn              = (known after apply)
TestTerraformCompleteExample 2022-03-23T15:10:06Z logger.go:66:       + id               = (known after apply)
TestTerraformCompleteExample 2022-03-23T15:10:06Z logger.go:66:       + owner_id         = (known after apply)
TestTerraformCompleteExample 2022-03-23T15:10:06Z logger.go:66:       + propagating_vgws = (known after apply)
TestTerraformCompleteExample 2022-03-23T15:10:06Z logger.go:66:       + route            = (known after apply)
TestTerraformCompleteExample 2022-03-23T15:10:06Z logger.go:66:       + tags             = {
TestTerraformCompleteExample 2022-03-23T15:10:06Z logger.go:66:           + "Name" = "ex-complete-public"
TestTerraformCompleteExample 2022-03-23T15:10:06Z logger.go:66:         }
TestTerraformCompleteExample 2022-03-23T15:10:06Z logger.go:66:       + tags_all         = {
TestTerraformCompleteExample 2022-03-23T15:10:06Z logger.go:66:           + "Example"    = "ex-complete"
TestTerraformCompleteExample 2022-03-23T15:10:06Z logger.go:66:           + "GithubOrg"  = "aidan-melen"
TestTerraformCompleteExample 2022-03-23T15:10:06Z logger.go:66:           + "GithubRepo" = "terraform-aws-eks-auth"
TestTerraformCompleteExample 2022-03-23T15:10:06Z logger.go:66:           + "Name"       = "ex-complete-public"
TestTerraformCompleteExample 2022-03-23T15:10:06Z logger.go:66:         }
TestTerraformCompleteExample 2022-03-23T15:10:06Z logger.go:66:       + vpc_id           = (known after apply)
TestTerraformCompleteExample 2022-03-23T15:10:06Z logger.go:66:     }
TestTerraformCompleteExample 2022-03-23T15:10:06Z logger.go:66:
TestTerraformCompleteExample 2022-03-23T15:10:06Z logger.go:66:   # module.vpc.aws_route_table_association.private[0] will be created
TestTerraformCompleteExample 2022-03-23T15:10:06Z logger.go:66:   + resource "aws_route_table_association" "private" {
TestTerraformCompleteExample 2022-03-23T15:10:06Z logger.go:66:       + id             = (known after apply)
TestTerraformCompleteExample 2022-03-23T15:10:06Z logger.go:66:       + route_table_id = (known after apply)
TestTerraformCompleteExample 2022-03-23T15:10:06Z logger.go:66:       + subnet_id      = (known after apply)
TestTerraformCompleteExample 2022-03-23T15:10:06Z logger.go:66:     }
TestTerraformCompleteExample 2022-03-23T15:10:06Z logger.go:66:
TestTerraformCompleteExample 2022-03-23T15:10:06Z logger.go:66:   # module.vpc.aws_route_table_association.private[1] will be created
TestTerraformCompleteExample 2022-03-23T15:10:06Z logger.go:66:   + resource "aws_route_table_association" "private" {
TestTerraformCompleteExample 2022-03-23T15:10:06Z logger.go:66:       + id             = (known after apply)
TestTerraformCompleteExample 2022-03-23T15:10:06Z logger.go:66:       + route_table_id = (known after apply)
TestTerraformCompleteExample 2022-03-23T15:10:06Z logger.go:66:       + subnet_id      = (known after apply)
TestTerraformCompleteExample 2022-03-23T15:10:06Z logger.go:66:     }
TestTerraformCompleteExample 2022-03-23T15:10:06Z logger.go:66:
TestTerraformCompleteExample 2022-03-23T15:10:06Z logger.go:66:   # module.vpc.aws_route_table_association.private[2] will be created
TestTerraformCompleteExample 2022-03-23T15:10:06Z logger.go:66:   + resource "aws_route_table_association" "private" {
TestTerraformCompleteExample 2022-03-23T15:10:06Z logger.go:66:       + id             = (known after apply)
TestTerraformCompleteExample 2022-03-23T15:10:06Z logger.go:66:       + route_table_id = (known after apply)
TestTerraformCompleteExample 2022-03-23T15:10:06Z logger.go:66:       + subnet_id      = (known after apply)
TestTerraformCompleteExample 2022-03-23T15:10:06Z logger.go:66:     }
TestTerraformCompleteExample 2022-03-23T15:10:06Z logger.go:66:
TestTerraformCompleteExample 2022-03-23T15:10:06Z logger.go:66:   # module.vpc.aws_route_table_association.public[0] will be created
TestTerraformCompleteExample 2022-03-23T15:10:06Z logger.go:66:   + resource "aws_route_table_association" "public" {
TestTerraformCompleteExample 2022-03-23T15:10:06Z logger.go:66:       + id             = (known after apply)
TestTerraformCompleteExample 2022-03-23T15:10:06Z logger.go:66:       + route_table_id = (known after apply)
TestTerraformCompleteExample 2022-03-23T15:10:06Z logger.go:66:       + subnet_id      = (known after apply)
TestTerraformCompleteExample 2022-03-23T15:10:06Z logger.go:66:     }
TestTerraformCompleteExample 2022-03-23T15:10:06Z logger.go:66:
TestTerraformCompleteExample 2022-03-23T15:10:06Z logger.go:66:   # module.vpc.aws_route_table_association.public[1] will be created
TestTerraformCompleteExample 2022-03-23T15:10:06Z logger.go:66:   + resource "aws_route_table_association" "public" {
TestTerraformCompleteExample 2022-03-23T15:10:06Z logger.go:66:       + id             = (known after apply)
TestTerraformCompleteExample 2022-03-23T15:10:06Z logger.go:66:       + route_table_id = (known after apply)
TestTerraformCompleteExample 2022-03-23T15:10:06Z logger.go:66:       + subnet_id      = (known after apply)
TestTerraformCompleteExample 2022-03-23T15:10:06Z logger.go:66:     }
TestTerraformCompleteExample 2022-03-23T15:10:06Z logger.go:66:
TestTerraformCompleteExample 2022-03-23T15:10:06Z logger.go:66:   # module.vpc.aws_route_table_association.public[2] will be created
TestTerraformCompleteExample 2022-03-23T15:10:06Z logger.go:66:   + resource "aws_route_table_association" "public" {
TestTerraformCompleteExample 2022-03-23T15:10:06Z logger.go:66:       + id             = (known after apply)
TestTerraformCompleteExample 2022-03-23T15:10:06Z logger.go:66:       + route_table_id = (known after apply)
TestTerraformCompleteExample 2022-03-23T15:10:06Z logger.go:66:       + subnet_id      = (known after apply)
TestTerraformCompleteExample 2022-03-23T15:10:06Z logger.go:66:     }
TestTerraformCompleteExample 2022-03-23T15:10:06Z logger.go:66:
TestTerraformCompleteExample 2022-03-23T15:10:06Z logger.go:66:   # module.vpc.aws_subnet.private[0] will be created
TestTerraformCompleteExample 2022-03-23T15:10:06Z logger.go:66:   + resource "aws_subnet" "private" {
TestTerraformCompleteExample 2022-03-23T15:10:06Z logger.go:66:       + arn                                            = (known after apply)
TestTerraformCompleteExample 2022-03-23T15:10:06Z logger.go:66:       + assign_ipv6_address_on_creation                = false
TestTerraformCompleteExample 2022-03-23T15:10:06Z logger.go:66:       + availability_zone                              = "us-west-2a"
TestTerraformCompleteExample 2022-03-23T15:10:06Z logger.go:66:       + availability_zone_id                           = (known after apply)
TestTerraformCompleteExample 2022-03-23T15:10:06Z logger.go:66:       + cidr_block                                     = "10.0.1.0/24"
TestTerraformCompleteExample 2022-03-23T15:10:06Z logger.go:66:       + enable_dns64                                   = false
TestTerraformCompleteExample 2022-03-23T15:10:06Z logger.go:66:       + enable_resource_name_dns_a_record_on_launch    = false
TestTerraformCompleteExample 2022-03-23T15:10:06Z logger.go:66:       + enable_resource_name_dns_aaaa_record_on_launch = false
TestTerraformCompleteExample 2022-03-23T15:10:06Z logger.go:66:       + id                                             = (known after apply)
TestTerraformCompleteExample 2022-03-23T15:10:06Z logger.go:66:       + ipv6_cidr_block_association_id                 = (known after apply)
TestTerraformCompleteExample 2022-03-23T15:10:06Z logger.go:66:       + ipv6_native                                    = false
TestTerraformCompleteExample 2022-03-23T15:10:06Z logger.go:66:       + map_public_ip_on_launch                        = false
TestTerraformCompleteExample 2022-03-23T15:10:06Z logger.go:66:       + owner_id                                       = (known after apply)
TestTerraformCompleteExample 2022-03-23T15:10:06Z logger.go:66:       + private_dns_hostname_type_on_launch            = (known after apply)
TestTerraformCompleteExample 2022-03-23T15:10:06Z logger.go:66:       + tags                                           = {
TestTerraformCompleteExample 2022-03-23T15:10:06Z logger.go:66:           + "Name"                              = "ex-complete-private-us-west-2a"
TestTerraformCompleteExample 2022-03-23T15:10:06Z logger.go:66:           + "kubernetes.io/cluster/ex-complete" = "shared"
TestTerraformCompleteExample 2022-03-23T15:10:06Z logger.go:66:           + "kubernetes.io/role/internal-elb"   = "1"
TestTerraformCompleteExample 2022-03-23T15:10:06Z logger.go:66:         }
TestTerraformCompleteExample 2022-03-23T15:10:06Z logger.go:66:       + tags_all                                       = {
TestTerraformCompleteExample 2022-03-23T15:10:06Z logger.go:66:           + "Example"                           = "ex-complete"
TestTerraformCompleteExample 2022-03-23T15:10:06Z logger.go:66:           + "GithubOrg"                         = "aidan-melen"
TestTerraformCompleteExample 2022-03-23T15:10:06Z logger.go:66:           + "GithubRepo"                        = "terraform-aws-eks-auth"
TestTerraformCompleteExample 2022-03-23T15:10:06Z logger.go:66:           + "Name"                              = "ex-complete-private-us-west-2a"
TestTerraformCompleteExample 2022-03-23T15:10:06Z logger.go:66:           + "kubernetes.io/cluster/ex-complete" = "shared"
TestTerraformCompleteExample 2022-03-23T15:10:06Z logger.go:66:           + "kubernetes.io/role/internal-elb"   = "1"
TestTerraformCompleteExample 2022-03-23T15:10:06Z logger.go:66:         }
TestTerraformCompleteExample 2022-03-23T15:10:06Z logger.go:66:       + vpc_id                                         = (known after apply)
TestTerraformCompleteExample 2022-03-23T15:10:06Z logger.go:66:     }
TestTerraformCompleteExample 2022-03-23T15:10:06Z logger.go:66:
TestTerraformCompleteExample 2022-03-23T15:10:06Z logger.go:66:   # module.vpc.aws_subnet.private[1] will be created
TestTerraformCompleteExample 2022-03-23T15:10:06Z logger.go:66:   + resource "aws_subnet" "private" {
TestTerraformCompleteExample 2022-03-23T15:10:06Z logger.go:66:       + arn                                            = (known after apply)
TestTerraformCompleteExample 2022-03-23T15:10:06Z logger.go:66:       + assign_ipv6_address_on_creation                = false
TestTerraformCompleteExample 2022-03-23T15:10:06Z logger.go:66:       + availability_zone                              = "us-west-2b"
TestTerraformCompleteExample 2022-03-23T15:10:06Z logger.go:66:       + availability_zone_id                           = (known after apply)
TestTerraformCompleteExample 2022-03-23T15:10:06Z logger.go:66:       + cidr_block                                     = "10.0.2.0/24"
TestTerraformCompleteExample 2022-03-23T15:10:06Z logger.go:66:       + enable_dns64                                   = false
TestTerraformCompleteExample 2022-03-23T15:10:06Z logger.go:66:       + enable_resource_name_dns_a_record_on_launch    = false
TestTerraformCompleteExample 2022-03-23T15:10:06Z logger.go:66:       + enable_resource_name_dns_aaaa_record_on_launch = false
TestTerraformCompleteExample 2022-03-23T15:10:06Z logger.go:66:       + id                                             = (known after apply)
TestTerraformCompleteExample 2022-03-23T15:10:06Z logger.go:66:       + ipv6_cidr_block_association_id                 = (known after apply)
TestTerraformCompleteExample 2022-03-23T15:10:06Z logger.go:66:       + ipv6_native                                    = false
TestTerraformCompleteExample 2022-03-23T15:10:06Z logger.go:66:       + map_public_ip_on_launch                        = false
TestTerraformCompleteExample 2022-03-23T15:10:06Z logger.go:66:       + owner_id                                       = (known after apply)
TestTerraformCompleteExample 2022-03-23T15:10:06Z logger.go:66:       + private_dns_hostname_type_on_launch            = (known after apply)
TestTerraformCompleteExample 2022-03-23T15:10:06Z logger.go:66:       + tags                                           = {
TestTerraformCompleteExample 2022-03-23T15:10:06Z logger.go:66:           + "Name"                              = "ex-complete-private-us-west-2b"
TestTerraformCompleteExample 2022-03-23T15:10:06Z logger.go:66:           + "kubernetes.io/cluster/ex-complete" = "shared"
TestTerraformCompleteExample 2022-03-23T15:10:06Z logger.go:66:           + "kubernetes.io/role/internal-elb"   = "1"
TestTerraformCompleteExample 2022-03-23T15:10:06Z logger.go:66:         }
TestTerraformCompleteExample 2022-03-23T15:10:06Z logger.go:66:       + tags_all                                       = {
TestTerraformCompleteExample 2022-03-23T15:10:06Z logger.go:66:           + "Example"                           = "ex-complete"
TestTerraformCompleteExample 2022-03-23T15:10:06Z logger.go:66:           + "GithubOrg"                         = "aidan-melen"
TestTerraformCompleteExample 2022-03-23T15:10:06Z logger.go:66:           + "GithubRepo"                        = "terraform-aws-eks-auth"
TestTerraformCompleteExample 2022-03-23T15:10:06Z logger.go:66:           + "Name"                              = "ex-complete-private-us-west-2b"
TestTerraformCompleteExample 2022-03-23T15:10:06Z logger.go:66:           + "kubernetes.io/cluster/ex-complete" = "shared"
TestTerraformCompleteExample 2022-03-23T15:10:06Z logger.go:66:           + "kubernetes.io/role/internal-elb"   = "1"
TestTerraformCompleteExample 2022-03-23T15:10:06Z logger.go:66:         }
TestTerraformCompleteExample 2022-03-23T15:10:06Z logger.go:66:       + vpc_id                                         = (known after apply)
TestTerraformCompleteExample 2022-03-23T15:10:06Z logger.go:66:     }
TestTerraformCompleteExample 2022-03-23T15:10:06Z logger.go:66:
TestTerraformCompleteExample 2022-03-23T15:10:06Z logger.go:66:   # module.vpc.aws_subnet.private[2] will be created
TestTerraformCompleteExample 2022-03-23T15:10:06Z logger.go:66:   + resource "aws_subnet" "private" {
TestTerraformCompleteExample 2022-03-23T15:10:06Z logger.go:66:       + arn                                            = (known after apply)
TestTerraformCompleteExample 2022-03-23T15:10:06Z logger.go:66:       + assign_ipv6_address_on_creation                = false
TestTerraformCompleteExample 2022-03-23T15:10:06Z logger.go:66:       + availability_zone                              = "us-west-2c"
TestTerraformCompleteExample 2022-03-23T15:10:06Z logger.go:66:       + availability_zone_id                           = (known after apply)
TestTerraformCompleteExample 2022-03-23T15:10:06Z logger.go:66:       + cidr_block                                     = "10.0.3.0/24"
TestTerraformCompleteExample 2022-03-23T15:10:06Z logger.go:66:       + enable_dns64                                   = false
TestTerraformCompleteExample 2022-03-23T15:10:06Z logger.go:66:       + enable_resource_name_dns_a_record_on_launch    = false
TestTerraformCompleteExample 2022-03-23T15:10:06Z logger.go:66:       + enable_resource_name_dns_aaaa_record_on_launch = false
TestTerraformCompleteExample 2022-03-23T15:10:06Z logger.go:66:       + id                                             = (known after apply)
TestTerraformCompleteExample 2022-03-23T15:10:06Z logger.go:66:       + ipv6_cidr_block_association_id                 = (known after apply)
TestTerraformCompleteExample 2022-03-23T15:10:06Z logger.go:66:       + ipv6_native                                    = false
TestTerraformCompleteExample 2022-03-23T15:10:06Z logger.go:66:       + map_public_ip_on_launch                        = false
TestTerraformCompleteExample 2022-03-23T15:10:06Z logger.go:66:       + owner_id                                       = (known after apply)
TestTerraformCompleteExample 2022-03-23T15:10:06Z logger.go:66:       + private_dns_hostname_type_on_launch            = (known after apply)
TestTerraformCompleteExample 2022-03-23T15:10:06Z logger.go:66:       + tags                                           = {
TestTerraformCompleteExample 2022-03-23T15:10:06Z logger.go:66:           + "Name"                              = "ex-complete-private-us-west-2c"
TestTerraformCompleteExample 2022-03-23T15:10:06Z logger.go:66:           + "kubernetes.io/cluster/ex-complete" = "shared"
TestTerraformCompleteExample 2022-03-23T15:10:06Z logger.go:66:           + "kubernetes.io/role/internal-elb"   = "1"
TestTerraformCompleteExample 2022-03-23T15:10:06Z logger.go:66:         }
TestTerraformCompleteExample 2022-03-23T15:10:06Z logger.go:66:       + tags_all                                       = {
TestTerraformCompleteExample 2022-03-23T15:10:06Z logger.go:66:           + "Example"                           = "ex-complete"
TestTerraformCompleteExample 2022-03-23T15:10:06Z logger.go:66:           + "GithubOrg"                         = "aidan-melen"
TestTerraformCompleteExample 2022-03-23T15:10:06Z logger.go:66:           + "GithubRepo"                        = "terraform-aws-eks-auth"
TestTerraformCompleteExample 2022-03-23T15:10:06Z logger.go:66:           + "Name"                              = "ex-complete-private-us-west-2c"
TestTerraformCompleteExample 2022-03-23T15:10:06Z logger.go:66:           + "kubernetes.io/cluster/ex-complete" = "shared"
TestTerraformCompleteExample 2022-03-23T15:10:06Z logger.go:66:           + "kubernetes.io/role/internal-elb"   = "1"
TestTerraformCompleteExample 2022-03-23T15:10:06Z logger.go:66:         }
TestTerraformCompleteExample 2022-03-23T15:10:06Z logger.go:66:       + vpc_id                                         = (known after apply)
TestTerraformCompleteExample 2022-03-23T15:10:06Z logger.go:66:     }
TestTerraformCompleteExample 2022-03-23T15:10:06Z logger.go:66:
TestTerraformCompleteExample 2022-03-23T15:10:06Z logger.go:66:   # module.vpc.aws_subnet.public[0] will be created
TestTerraformCompleteExample 2022-03-23T15:10:06Z logger.go:66:   + resource "aws_subnet" "public" {
TestTerraformCompleteExample 2022-03-23T15:10:06Z logger.go:66:       + arn                                            = (known after apply)
TestTerraformCompleteExample 2022-03-23T15:10:06Z logger.go:66:       + assign_ipv6_address_on_creation                = false
TestTerraformCompleteExample 2022-03-23T15:10:06Z logger.go:66:       + availability_zone                              = "us-west-2a"
TestTerraformCompleteExample 2022-03-23T15:10:06Z logger.go:66:       + availability_zone_id                           = (known after apply)
TestTerraformCompleteExample 2022-03-23T15:10:06Z logger.go:66:       + cidr_block                                     = "10.0.4.0/24"
TestTerraformCompleteExample 2022-03-23T15:10:06Z logger.go:66:       + enable_dns64                                   = false
TestTerraformCompleteExample 2022-03-23T15:10:06Z logger.go:66:       + enable_resource_name_dns_a_record_on_launch    = false
TestTerraformCompleteExample 2022-03-23T15:10:06Z logger.go:66:       + enable_resource_name_dns_aaaa_record_on_launch = false
TestTerraformCompleteExample 2022-03-23T15:10:06Z logger.go:66:       + id                                             = (known after apply)
TestTerraformCompleteExample 2022-03-23T15:10:06Z logger.go:66:       + ipv6_cidr_block_association_id                 = (known after apply)
TestTerraformCompleteExample 2022-03-23T15:10:06Z logger.go:66:       + ipv6_native                                    = false
TestTerraformCompleteExample 2022-03-23T15:10:06Z logger.go:66:       + map_public_ip_on_launch                        = true
TestTerraformCompleteExample 2022-03-23T15:10:06Z logger.go:66:       + owner_id                                       = (known after apply)
TestTerraformCompleteExample 2022-03-23T15:10:06Z logger.go:66:       + private_dns_hostname_type_on_launch            = (known after apply)
TestTerraformCompleteExample 2022-03-23T15:10:06Z logger.go:66:       + tags                                           = {
TestTerraformCompleteExample 2022-03-23T15:10:06Z logger.go:66:           + "Name"                              = "ex-complete-public-us-west-2a"
TestTerraformCompleteExample 2022-03-23T15:10:06Z logger.go:66:           + "kubernetes.io/cluster/ex-complete" = "shared"
TestTerraformCompleteExample 2022-03-23T15:10:06Z logger.go:66:           + "kubernetes.io/role/elb"            = "1"
TestTerraformCompleteExample 2022-03-23T15:10:06Z logger.go:66:         }
TestTerraformCompleteExample 2022-03-23T15:10:06Z logger.go:66:       + tags_all                                       = {
TestTerraformCompleteExample 2022-03-23T15:10:06Z logger.go:66:           + "Example"                           = "ex-complete"
TestTerraformCompleteExample 2022-03-23T15:10:06Z logger.go:66:           + "GithubOrg"                         = "aidan-melen"
TestTerraformCompleteExample 2022-03-23T15:10:06Z logger.go:66:           + "GithubRepo"                        = "terraform-aws-eks-auth"
TestTerraformCompleteExample 2022-03-23T15:10:06Z logger.go:66:           + "Name"                              = "ex-complete-public-us-west-2a"
TestTerraformCompleteExample 2022-03-23T15:10:06Z logger.go:66:           + "kubernetes.io/cluster/ex-complete" = "shared"
TestTerraformCompleteExample 2022-03-23T15:10:06Z logger.go:66:           + "kubernetes.io/role/elb"            = "1"
TestTerraformCompleteExample 2022-03-23T15:10:06Z logger.go:66:         }
TestTerraformCompleteExample 2022-03-23T15:10:06Z logger.go:66:       + vpc_id                                         = (known after apply)
TestTerraformCompleteExample 2022-03-23T15:10:06Z logger.go:66:     }
TestTerraformCompleteExample 2022-03-23T15:10:06Z logger.go:66:
TestTerraformCompleteExample 2022-03-23T15:10:06Z logger.go:66:   # module.vpc.aws_subnet.public[1] will be created
TestTerraformCompleteExample 2022-03-23T15:10:06Z logger.go:66:   + resource "aws_subnet" "public" {
TestTerraformCompleteExample 2022-03-23T15:10:06Z logger.go:66:       + arn                                            = (known after apply)
TestTerraformCompleteExample 2022-03-23T15:10:06Z logger.go:66:       + assign_ipv6_address_on_creation                = false
TestTerraformCompleteExample 2022-03-23T15:10:06Z logger.go:66:       + availability_zone                              = "us-west-2b"
TestTerraformCompleteExample 2022-03-23T15:10:06Z logger.go:66:       + availability_zone_id                           = (known after apply)
TestTerraformCompleteExample 2022-03-23T15:10:06Z logger.go:66:       + cidr_block                                     = "10.0.5.0/24"
TestTerraformCompleteExample 2022-03-23T15:10:06Z logger.go:66:       + enable_dns64                                   = false
TestTerraformCompleteExample 2022-03-23T15:10:06Z logger.go:66:       + enable_resource_name_dns_a_record_on_launch    = false
TestTerraformCompleteExample 2022-03-23T15:10:06Z logger.go:66:       + enable_resource_name_dns_aaaa_record_on_launch = false
TestTerraformCompleteExample 2022-03-23T15:10:06Z logger.go:66:       + id                                             = (known after apply)
TestTerraformCompleteExample 2022-03-23T15:10:06Z logger.go:66:       + ipv6_cidr_block_association_id                 = (known after apply)
TestTerraformCompleteExample 2022-03-23T15:10:06Z logger.go:66:       + ipv6_native                                    = false
TestTerraformCompleteExample 2022-03-23T15:10:06Z logger.go:66:       + map_public_ip_on_launch                        = true
TestTerraformCompleteExample 2022-03-23T15:10:06Z logger.go:66:       + owner_id                                       = (known after apply)
TestTerraformCompleteExample 2022-03-23T15:10:06Z logger.go:66:       + private_dns_hostname_type_on_launch            = (known after apply)
TestTerraformCompleteExample 2022-03-23T15:10:06Z logger.go:66:       + tags                                           = {
TestTerraformCompleteExample 2022-03-23T15:10:06Z logger.go:66:           + "Name"                              = "ex-complete-public-us-west-2b"
TestTerraformCompleteExample 2022-03-23T15:10:06Z logger.go:66:           + "kubernetes.io/cluster/ex-complete" = "shared"
TestTerraformCompleteExample 2022-03-23T15:10:06Z logger.go:66:           + "kubernetes.io/role/elb"            = "1"
TestTerraformCompleteExample 2022-03-23T15:10:06Z logger.go:66:         }
TestTerraformCompleteExample 2022-03-23T15:10:06Z logger.go:66:       + tags_all                                       = {
TestTerraformCompleteExample 2022-03-23T15:10:06Z logger.go:66:           + "Example"                           = "ex-complete"
TestTerraformCompleteExample 2022-03-23T15:10:06Z logger.go:66:           + "GithubOrg"                         = "aidan-melen"
TestTerraformCompleteExample 2022-03-23T15:10:06Z logger.go:66:           + "GithubRepo"                        = "terraform-aws-eks-auth"
TestTerraformCompleteExample 2022-03-23T15:10:06Z logger.go:66:           + "Name"                              = "ex-complete-public-us-west-2b"
TestTerraformCompleteExample 2022-03-23T15:10:06Z logger.go:66:           + "kubernetes.io/cluster/ex-complete" = "shared"
TestTerraformCompleteExample 2022-03-23T15:10:06Z logger.go:66:           + "kubernetes.io/role/elb"            = "1"
TestTerraformCompleteExample 2022-03-23T15:10:06Z logger.go:66:         }
TestTerraformCompleteExample 2022-03-23T15:10:06Z logger.go:66:       + vpc_id                                         = (known after apply)
TestTerraformCompleteExample 2022-03-23T15:10:06Z logger.go:66:     }
TestTerraformCompleteExample 2022-03-23T15:10:06Z logger.go:66:
TestTerraformCompleteExample 2022-03-23T15:10:06Z logger.go:66:   # module.vpc.aws_subnet.public[2] will be created
TestTerraformCompleteExample 2022-03-23T15:10:06Z logger.go:66:   + resource "aws_subnet" "public" {
TestTerraformCompleteExample 2022-03-23T15:10:06Z logger.go:66:       + arn                                            = (known after apply)
TestTerraformCompleteExample 2022-03-23T15:10:06Z logger.go:66:       + assign_ipv6_address_on_creation                = false
TestTerraformCompleteExample 2022-03-23T15:10:06Z logger.go:66:       + availability_zone                              = "us-west-2c"
TestTerraformCompleteExample 2022-03-23T15:10:06Z logger.go:66:       + availability_zone_id                           = (known after apply)
TestTerraformCompleteExample 2022-03-23T15:10:06Z logger.go:66:       + cidr_block                                     = "10.0.6.0/24"
TestTerraformCompleteExample 2022-03-23T15:10:06Z logger.go:66:       + enable_dns64                                   = false
TestTerraformCompleteExample 2022-03-23T15:10:06Z logger.go:66:       + enable_resource_name_dns_a_record_on_launch    = false
TestTerraformCompleteExample 2022-03-23T15:10:06Z logger.go:66:       + enable_resource_name_dns_aaaa_record_on_launch = false
TestTerraformCompleteExample 2022-03-23T15:10:06Z logger.go:66:       + id                                             = (known after apply)
TestTerraformCompleteExample 2022-03-23T15:10:06Z logger.go:66:       + ipv6_cidr_block_association_id                 = (known after apply)
TestTerraformCompleteExample 2022-03-23T15:10:06Z logger.go:66:       + ipv6_native                                    = false
TestTerraformCompleteExample 2022-03-23T15:10:06Z logger.go:66:       + map_public_ip_on_launch                        = true
TestTerraformCompleteExample 2022-03-23T15:10:06Z logger.go:66:       + owner_id                                       = (known after apply)
TestTerraformCompleteExample 2022-03-23T15:10:06Z logger.go:66:       + private_dns_hostname_type_on_launch            = (known after apply)
TestTerraformCompleteExample 2022-03-23T15:10:06Z logger.go:66:       + tags                                           = {
TestTerraformCompleteExample 2022-03-23T15:10:06Z logger.go:66:           + "Name"                              = "ex-complete-public-us-west-2c"
TestTerraformCompleteExample 2022-03-23T15:10:06Z logger.go:66:           + "kubernetes.io/cluster/ex-complete" = "shared"
TestTerraformCompleteExample 2022-03-23T15:10:06Z logger.go:66:           + "kubernetes.io/role/elb"            = "1"
TestTerraformCompleteExample 2022-03-23T15:10:06Z logger.go:66:         }
TestTerraformCompleteExample 2022-03-23T15:10:06Z logger.go:66:       + tags_all                                       = {
TestTerraformCompleteExample 2022-03-23T15:10:06Z logger.go:66:           + "Example"                           = "ex-complete"
TestTerraformCompleteExample 2022-03-23T15:10:06Z logger.go:66:           + "GithubOrg"                         = "aidan-melen"
TestTerraformCompleteExample 2022-03-23T15:10:06Z logger.go:66:           + "GithubRepo"                        = "terraform-aws-eks-auth"
TestTerraformCompleteExample 2022-03-23T15:10:06Z logger.go:66:           + "Name"                              = "ex-complete-public-us-west-2c"
TestTerraformCompleteExample 2022-03-23T15:10:06Z logger.go:66:           + "kubernetes.io/cluster/ex-complete" = "shared"
TestTerraformCompleteExample 2022-03-23T15:10:06Z logger.go:66:           + "kubernetes.io/role/elb"            = "1"
TestTerraformCompleteExample 2022-03-23T15:10:06Z logger.go:66:         }
TestTerraformCompleteExample 2022-03-23T15:10:06Z logger.go:66:       + vpc_id                                         = (known after apply)
TestTerraformCompleteExample 2022-03-23T15:10:06Z logger.go:66:     }
TestTerraformCompleteExample 2022-03-23T15:10:06Z logger.go:66:
TestTerraformCompleteExample 2022-03-23T15:10:06Z logger.go:66:   # module.vpc.aws_vpc.this[0] will be created
TestTerraformCompleteExample 2022-03-23T15:10:06Z logger.go:66:   + resource "aws_vpc" "this" {
TestTerraformCompleteExample 2022-03-23T15:10:06Z logger.go:66:       + arn                                  = (known after apply)
TestTerraformCompleteExample 2022-03-23T15:10:06Z logger.go:66:       + assign_generated_ipv6_cidr_block     = false
TestTerraformCompleteExample 2022-03-23T15:10:06Z logger.go:66:       + cidr_block                           = "10.0.0.0/16"
TestTerraformCompleteExample 2022-03-23T15:10:06Z logger.go:66:       + default_network_acl_id               = (known after apply)
TestTerraformCompleteExample 2022-03-23T15:10:06Z logger.go:66:       + default_route_table_id               = (known after apply)
TestTerraformCompleteExample 2022-03-23T15:10:06Z logger.go:66:       + default_security_group_id            = (known after apply)
TestTerraformCompleteExample 2022-03-23T15:10:06Z logger.go:66:       + dhcp_options_id                      = (known after apply)
TestTerraformCompleteExample 2022-03-23T15:10:06Z logger.go:66:       + enable_classiclink                   = (known after apply)
TestTerraformCompleteExample 2022-03-23T15:10:06Z logger.go:66:       + enable_classiclink_dns_support       = (known after apply)
TestTerraformCompleteExample 2022-03-23T15:10:06Z logger.go:66:       + enable_dns_hostnames                 = true
TestTerraformCompleteExample 2022-03-23T15:10:06Z logger.go:66:       + enable_dns_support                   = true
TestTerraformCompleteExample 2022-03-23T15:10:06Z logger.go:66:       + id                                   = (known after apply)
TestTerraformCompleteExample 2022-03-23T15:10:06Z logger.go:66:       + instance_tenancy                     = "default"
TestTerraformCompleteExample 2022-03-23T15:10:06Z logger.go:66:       + ipv6_association_id                  = (known after apply)
TestTerraformCompleteExample 2022-03-23T15:10:06Z logger.go:66:       + ipv6_cidr_block                      = (known after apply)
TestTerraformCompleteExample 2022-03-23T15:10:06Z logger.go:66:       + ipv6_cidr_block_network_border_group = (known after apply)
TestTerraformCompleteExample 2022-03-23T15:10:06Z logger.go:66:       + main_route_table_id                  = (known after apply)
TestTerraformCompleteExample 2022-03-23T15:10:06Z logger.go:66:       + owner_id                             = (known after apply)
TestTerraformCompleteExample 2022-03-23T15:10:06Z logger.go:66:       + tags                                 = {
TestTerraformCompleteExample 2022-03-23T15:10:06Z logger.go:66:           + "Name" = "ex-complete"
TestTerraformCompleteExample 2022-03-23T15:10:06Z logger.go:66:         }
TestTerraformCompleteExample 2022-03-23T15:10:06Z logger.go:66:       + tags_all                             = {
TestTerraformCompleteExample 2022-03-23T15:10:06Z logger.go:66:           + "Example"    = "ex-complete"
TestTerraformCompleteExample 2022-03-23T15:10:06Z logger.go:66:           + "GithubOrg"  = "aidan-melen"
TestTerraformCompleteExample 2022-03-23T15:10:06Z logger.go:66:           + "GithubRepo" = "terraform-aws-eks-auth"
TestTerraformCompleteExample 2022-03-23T15:10:06Z logger.go:66:           + "Name"       = "ex-complete"
TestTerraformCompleteExample 2022-03-23T15:10:06Z logger.go:66:         }
TestTerraformCompleteExample 2022-03-23T15:10:06Z logger.go:66:     }
TestTerraformCompleteExample 2022-03-23T15:10:06Z logger.go:66:
TestTerraformCompleteExample 2022-03-23T15:10:06Z logger.go:66:   # module.eks.module.eks_managed_node_group["foo"].aws_eks_node_group.this[0] will be created
TestTerraformCompleteExample 2022-03-23T15:10:06Z logger.go:66:   + resource "aws_eks_node_group" "this" {
TestTerraformCompleteExample 2022-03-23T15:10:06Z logger.go:66:       + ami_type               = (known after apply)
TestTerraformCompleteExample 2022-03-23T15:10:06Z logger.go:66:       + arn                    = (known after apply)
TestTerraformCompleteExample 2022-03-23T15:10:06Z logger.go:66:       + capacity_type          = (known after apply)
TestTerraformCompleteExample 2022-03-23T15:10:06Z logger.go:66:       + cluster_name           = "ex-complete"
TestTerraformCompleteExample 2022-03-23T15:10:06Z logger.go:66:       + disk_size              = (known after apply)
TestTerraformCompleteExample 2022-03-23T15:10:06Z logger.go:66:       + id                     = (known after apply)
TestTerraformCompleteExample 2022-03-23T15:10:06Z logger.go:66:       + instance_types         = (known after apply)
TestTerraformCompleteExample 2022-03-23T15:10:06Z logger.go:66:       + node_group_name        = (known after apply)
TestTerraformCompleteExample 2022-03-23T15:10:06Z logger.go:66:       + node_group_name_prefix = "foo-"
TestTerraformCompleteExample 2022-03-23T15:10:06Z logger.go:66:       + node_role_arn          = (known after apply)
TestTerraformCompleteExample 2022-03-23T15:10:06Z logger.go:66:       + release_version        = (known after apply)
TestTerraformCompleteExample 2022-03-23T15:10:06Z logger.go:66:       + resources              = (known after apply)
TestTerraformCompleteExample 2022-03-23T15:10:06Z logger.go:66:       + status                 = (known after apply)
TestTerraformCompleteExample 2022-03-23T15:10:06Z logger.go:66:       + subnet_ids             = (known after apply)
TestTerraformCompleteExample 2022-03-23T15:10:06Z logger.go:66:       + tags                   = {
TestTerraformCompleteExample 2022-03-23T15:10:06Z logger.go:66:           + "Name" = "foo"
TestTerraformCompleteExample 2022-03-23T15:10:06Z logger.go:66:         }
TestTerraformCompleteExample 2022-03-23T15:10:06Z logger.go:66:       + tags_all               = {
TestTerraformCompleteExample 2022-03-23T15:10:06Z logger.go:66:           + "Example"    = "ex-complete"
TestTerraformCompleteExample 2022-03-23T15:10:06Z logger.go:66:           + "GithubOrg"  = "aidan-melen"
TestTerraformCompleteExample 2022-03-23T15:10:06Z logger.go:66:           + "GithubRepo" = "terraform-aws-eks-auth"
TestTerraformCompleteExample 2022-03-23T15:10:06Z logger.go:66:           + "Name"       = "foo"
TestTerraformCompleteExample 2022-03-23T15:10:06Z logger.go:66:         }
TestTerraformCompleteExample 2022-03-23T15:10:06Z logger.go:66:       + version                = "1.21"
TestTerraformCompleteExample 2022-03-23T15:10:06Z logger.go:66:
TestTerraformCompleteExample 2022-03-23T15:10:06Z logger.go:66:       + launch_template {
TestTerraformCompleteExample 2022-03-23T15:10:06Z logger.go:66:           + id      = (known after apply)
TestTerraformCompleteExample 2022-03-23T15:10:06Z logger.go:66:           + name    = (known after apply)
TestTerraformCompleteExample 2022-03-23T15:10:06Z logger.go:66:           + version = (known after apply)
TestTerraformCompleteExample 2022-03-23T15:10:06Z logger.go:66:         }
TestTerraformCompleteExample 2022-03-23T15:10:06Z logger.go:66:
TestTerraformCompleteExample 2022-03-23T15:10:06Z logger.go:66:       + scaling_config {
TestTerraformCompleteExample 2022-03-23T15:10:06Z logger.go:66:           + desired_size = 1
TestTerraformCompleteExample 2022-03-23T15:10:06Z logger.go:66:           + max_size     = 3
TestTerraformCompleteExample 2022-03-23T15:10:06Z logger.go:66:           + min_size     = 1
TestTerraformCompleteExample 2022-03-23T15:10:06Z logger.go:66:         }
TestTerraformCompleteExample 2022-03-23T15:10:06Z logger.go:66:
TestTerraformCompleteExample 2022-03-23T15:10:06Z logger.go:66:       + timeouts {}
TestTerraformCompleteExample 2022-03-23T15:10:06Z logger.go:66:
TestTerraformCompleteExample 2022-03-23T15:10:06Z logger.go:66:       + update_config {
TestTerraformCompleteExample 2022-03-23T15:10:06Z logger.go:66:           + max_unavailable            = (known after apply)
TestTerraformCompleteExample 2022-03-23T15:10:06Z logger.go:66:           + max_unavailable_percentage = (known after apply)
TestTerraformCompleteExample 2022-03-23T15:10:06Z logger.go:66:         }
TestTerraformCompleteExample 2022-03-23T15:10:06Z logger.go:66:     }
TestTerraformCompleteExample 2022-03-23T15:10:06Z logger.go:66:
TestTerraformCompleteExample 2022-03-23T15:10:06Z logger.go:66:   # module.eks.module.eks_managed_node_group["foo"].aws_iam_role.this[0] will be created
TestTerraformCompleteExample 2022-03-23T15:10:06Z logger.go:66:   + resource "aws_iam_role" "this" {
TestTerraformCompleteExample 2022-03-23T15:10:06Z logger.go:66:       + arn                   = (known after apply)
TestTerraformCompleteExample 2022-03-23T15:10:06Z logger.go:66:       + assume_role_policy    = jsonencode(
TestTerraformCompleteExample 2022-03-23T15:10:06Z logger.go:66:             {
TestTerraformCompleteExample 2022-03-23T15:10:06Z logger.go:66:               + Statement = [
TestTerraformCompleteExample 2022-03-23T15:10:06Z logger.go:66:                   + {
TestTerraformCompleteExample 2022-03-23T15:10:06Z logger.go:66:                       + Action    = "sts:AssumeRole"
TestTerraformCompleteExample 2022-03-23T15:10:06Z logger.go:66:                       + Effect    = "Allow"
TestTerraformCompleteExample 2022-03-23T15:10:06Z logger.go:66:                       + Principal = {
TestTerraformCompleteExample 2022-03-23T15:10:06Z logger.go:66:                           + Service = "ec2.amazonaws.com"
TestTerraformCompleteExample 2022-03-23T15:10:06Z logger.go:66:                         }
TestTerraformCompleteExample 2022-03-23T15:10:06Z logger.go:66:                       + Sid       = "EKSNodeAssumeRole"
TestTerraformCompleteExample 2022-03-23T15:10:06Z logger.go:66:                     },
TestTerraformCompleteExample 2022-03-23T15:10:06Z logger.go:66:                 ]
TestTerraformCompleteExample 2022-03-23T15:10:06Z logger.go:66:               + Version   = "2012-10-17"
TestTerraformCompleteExample 2022-03-23T15:10:06Z logger.go:66:             }
TestTerraformCompleteExample 2022-03-23T15:10:06Z logger.go:66:         )
TestTerraformCompleteExample 2022-03-23T15:10:06Z logger.go:66:       + create_date           = (known after apply)
TestTerraformCompleteExample 2022-03-23T15:10:06Z logger.go:66:       + description           = "EKS managed node group IAM role"
TestTerraformCompleteExample 2022-03-23T15:10:06Z logger.go:66:       + force_detach_policies = true
TestTerraformCompleteExample 2022-03-23T15:10:06Z logger.go:66:       + id                    = (known after apply)
TestTerraformCompleteExample 2022-03-23T15:10:06Z logger.go:66:       + managed_policy_arns   = (known after apply)
TestTerraformCompleteExample 2022-03-23T15:10:06Z logger.go:66:       + max_session_duration  = 3600
TestTerraformCompleteExample 2022-03-23T15:10:06Z logger.go:66:       + name                  = (known after apply)
TestTerraformCompleteExample 2022-03-23T15:10:06Z logger.go:66:       + name_prefix           = "foo-eks-node-group-"
TestTerraformCompleteExample 2022-03-23T15:10:06Z logger.go:66:       + path                  = "/"
TestTerraformCompleteExample 2022-03-23T15:10:06Z logger.go:66:       + tags_all              = {
TestTerraformCompleteExample 2022-03-23T15:10:06Z logger.go:66:           + "Example"    = "ex-complete"
TestTerraformCompleteExample 2022-03-23T15:10:06Z logger.go:66:           + "GithubOrg"  = "aidan-melen"
TestTerraformCompleteExample 2022-03-23T15:10:06Z logger.go:66:           + "GithubRepo" = "terraform-aws-eks-auth"
TestTerraformCompleteExample 2022-03-23T15:10:06Z logger.go:66:         }
TestTerraformCompleteExample 2022-03-23T15:10:06Z logger.go:66:       + unique_id             = (known after apply)
TestTerraformCompleteExample 2022-03-23T15:10:06Z logger.go:66:
TestTerraformCompleteExample 2022-03-23T15:10:06Z logger.go:66:       + inline_policy {
TestTerraformCompleteExample 2022-03-23T15:10:06Z logger.go:66:           + name   = (known after apply)
TestTerraformCompleteExample 2022-03-23T15:10:06Z logger.go:66:           + policy = (known after apply)
TestTerraformCompleteExample 2022-03-23T15:10:06Z logger.go:66:         }
TestTerraformCompleteExample 2022-03-23T15:10:06Z logger.go:66:     }
TestTerraformCompleteExample 2022-03-23T15:10:06Z logger.go:66:
TestTerraformCompleteExample 2022-03-23T15:10:06Z logger.go:66:   # module.eks.module.eks_managed_node_group["foo"].aws_iam_role_policy_attachment.this["arn:aws:iam::aws:policy/AmazonEC2ContainerRegistryReadOnly"] will be created
TestTerraformCompleteExample 2022-03-23T15:10:06Z logger.go:66:   + resource "aws_iam_role_policy_attachment" "this" {
TestTerraformCompleteExample 2022-03-23T15:10:06Z logger.go:66:       + id         = (known after apply)
TestTerraformCompleteExample 2022-03-23T15:10:06Z logger.go:66:       + policy_arn = "arn:aws:iam::aws:policy/AmazonEC2ContainerRegistryReadOnly"
TestTerraformCompleteExample 2022-03-23T15:10:06Z logger.go:66:       + role       = (known after apply)
TestTerraformCompleteExample 2022-03-23T15:10:06Z logger.go:66:     }
TestTerraformCompleteExample 2022-03-23T15:10:06Z logger.go:66:
TestTerraformCompleteExample 2022-03-23T15:10:06Z logger.go:66:   # module.eks.module.eks_managed_node_group["foo"].aws_iam_role_policy_attachment.this["arn:aws:iam::aws:policy/AmazonEKSWorkerNodePolicy"] will be created
TestTerraformCompleteExample 2022-03-23T15:10:06Z logger.go:66:   + resource "aws_iam_role_policy_attachment" "this" {
TestTerraformCompleteExample 2022-03-23T15:10:06Z logger.go:66:       + id         = (known after apply)
TestTerraformCompleteExample 2022-03-23T15:10:06Z logger.go:66:       + policy_arn = "arn:aws:iam::aws:policy/AmazonEKSWorkerNodePolicy"
TestTerraformCompleteExample 2022-03-23T15:10:06Z logger.go:66:       + role       = (known after apply)
TestTerraformCompleteExample 2022-03-23T15:10:06Z logger.go:66:     }
TestTerraformCompleteExample 2022-03-23T15:10:06Z logger.go:66:
TestTerraformCompleteExample 2022-03-23T15:10:06Z logger.go:66:   # module.eks.module.eks_managed_node_group["foo"].aws_iam_role_policy_attachment.this["arn:aws:iam::aws:policy/AmazonEKS_CNI_Policy"] will be created
TestTerraformCompleteExample 2022-03-23T15:10:06Z logger.go:66:   + resource "aws_iam_role_policy_attachment" "this" {
TestTerraformCompleteExample 2022-03-23T15:10:06Z logger.go:66:       + id         = (known after apply)
TestTerraformCompleteExample 2022-03-23T15:10:06Z logger.go:66:       + policy_arn = "arn:aws:iam::aws:policy/AmazonEKS_CNI_Policy"
TestTerraformCompleteExample 2022-03-23T15:10:06Z logger.go:66:       + role       = (known after apply)
TestTerraformCompleteExample 2022-03-23T15:10:06Z logger.go:66:     }
TestTerraformCompleteExample 2022-03-23T15:10:06Z logger.go:66:
TestTerraformCompleteExample 2022-03-23T15:10:07Z logger.go:66:   # module.eks.module.eks_managed_node_group["foo"].aws_launch_template.this[0] will be created
TestTerraformCompleteExample 2022-03-23T15:10:07Z logger.go:66:   + resource "aws_launch_template" "this" {
TestTerraformCompleteExample 2022-03-23T15:10:07Z logger.go:66:       + arn                    = (known after apply)
TestTerraformCompleteExample 2022-03-23T15:10:07Z logger.go:66:       + default_version        = (known after apply)
TestTerraformCompleteExample 2022-03-23T15:10:07Z logger.go:66:       + description            = "Custom launch template for foo EKS managed node group"
TestTerraformCompleteExample 2022-03-23T15:10:07Z logger.go:66:       + id                     = (known after apply)
TestTerraformCompleteExample 2022-03-23T15:10:07Z logger.go:66:       + latest_version         = (known after apply)
TestTerraformCompleteExample 2022-03-23T15:10:07Z logger.go:66:       + name                   = (known after apply)
TestTerraformCompleteExample 2022-03-23T15:10:07Z logger.go:66:       + name_prefix            = "foo-"
TestTerraformCompleteExample 2022-03-23T15:10:07Z logger.go:66:       + tags_all               = {
TestTerraformCompleteExample 2022-03-23T15:10:07Z logger.go:66:           + "Example"    = "ex-complete"
TestTerraformCompleteExample 2022-03-23T15:10:07Z logger.go:66:           + "GithubOrg"  = "aidan-melen"
TestTerraformCompleteExample 2022-03-23T15:10:07Z logger.go:66:           + "GithubRepo" = "terraform-aws-eks-auth"
TestTerraformCompleteExample 2022-03-23T15:10:07Z logger.go:66:         }
TestTerraformCompleteExample 2022-03-23T15:10:07Z logger.go:66:       + update_default_version = true
TestTerraformCompleteExample 2022-03-23T15:10:07Z logger.go:66:       + vpc_security_group_ids = (known after apply)
TestTerraformCompleteExample 2022-03-23T15:10:07Z logger.go:66:
TestTerraformCompleteExample 2022-03-23T15:10:07Z logger.go:66:       + metadata_options {
TestTerraformCompleteExample 2022-03-23T15:10:07Z logger.go:66:           + http_endpoint               = "enabled"
TestTerraformCompleteExample 2022-03-23T15:10:07Z logger.go:66:           + http_protocol_ipv6          = "disabled"
TestTerraformCompleteExample 2022-03-23T15:10:07Z logger.go:66:           + http_put_response_hop_limit = 2
TestTerraformCompleteExample 2022-03-23T15:10:07Z logger.go:66:           + http_tokens                 = "required"
TestTerraformCompleteExample 2022-03-23T15:10:07Z logger.go:66:           + instance_metadata_tags      = "disabled"
TestTerraformCompleteExample 2022-03-23T15:10:07Z logger.go:66:         }
TestTerraformCompleteExample 2022-03-23T15:10:07Z logger.go:66:
TestTerraformCompleteExample 2022-03-23T15:10:07Z logger.go:66:       + monitoring {
TestTerraformCompleteExample 2022-03-23T15:10:07Z logger.go:66:           + enabled = true
TestTerraformCompleteExample 2022-03-23T15:10:07Z logger.go:66:         }
TestTerraformCompleteExample 2022-03-23T15:10:07Z logger.go:66:
TestTerraformCompleteExample 2022-03-23T15:10:07Z logger.go:66:       + tag_specifications {
TestTerraformCompleteExample 2022-03-23T15:10:07Z logger.go:66:           + resource_type = "instance"
TestTerraformCompleteExample 2022-03-23T15:10:07Z logger.go:66:           + tags          = {
TestTerraformCompleteExample 2022-03-23T15:10:07Z logger.go:66:               + "Name" = "foo"
TestTerraformCompleteExample 2022-03-23T15:10:07Z logger.go:66:             }
TestTerraformCompleteExample 2022-03-23T15:10:07Z logger.go:66:         }
TestTerraformCompleteExample 2022-03-23T15:10:07Z logger.go:66:       + tag_specifications {
TestTerraformCompleteExample 2022-03-23T15:10:07Z logger.go:66:           + resource_type = "network-interface"
TestTerraformCompleteExample 2022-03-23T15:10:07Z logger.go:66:           + tags          = {
TestTerraformCompleteExample 2022-03-23T15:10:07Z logger.go:66:               + "Name" = "foo"
TestTerraformCompleteExample 2022-03-23T15:10:07Z logger.go:66:             }
TestTerraformCompleteExample 2022-03-23T15:10:07Z logger.go:66:         }
TestTerraformCompleteExample 2022-03-23T15:10:07Z logger.go:66:       + tag_specifications {
TestTerraformCompleteExample 2022-03-23T15:10:07Z logger.go:66:           + resource_type = "volume"
TestTerraformCompleteExample 2022-03-23T15:10:07Z logger.go:66:           + tags          = {
TestTerraformCompleteExample 2022-03-23T15:10:07Z logger.go:66:               + "Name" = "foo"
TestTerraformCompleteExample 2022-03-23T15:10:07Z logger.go:66:             }
TestTerraformCompleteExample 2022-03-23T15:10:07Z logger.go:66:         }
TestTerraformCompleteExample 2022-03-23T15:10:07Z logger.go:66:     }
TestTerraformCompleteExample 2022-03-23T15:10:07Z logger.go:66:
TestTerraformCompleteExample 2022-03-23T15:10:07Z logger.go:66:   # module.eks.module.eks_managed_node_group["foo"].aws_security_group.this[0] will be created
TestTerraformCompleteExample 2022-03-23T15:10:07Z logger.go:66:   + resource "aws_security_group" "this" {
TestTerraformCompleteExample 2022-03-23T15:10:07Z logger.go:66:       + arn                    = (known after apply)
TestTerraformCompleteExample 2022-03-23T15:10:07Z logger.go:66:       + description            = "EKS managed node group security group"
TestTerraformCompleteExample 2022-03-23T15:10:07Z logger.go:66:       + egress                 = (known after apply)
TestTerraformCompleteExample 2022-03-23T15:10:07Z logger.go:66:       + id                     = (known after apply)
TestTerraformCompleteExample 2022-03-23T15:10:07Z logger.go:66:       + ingress                = (known after apply)
TestTerraformCompleteExample 2022-03-23T15:10:07Z logger.go:66:       + name                   = (known after apply)
TestTerraformCompleteExample 2022-03-23T15:10:07Z logger.go:66:       + name_prefix            = "foo-eks-node-group-"
TestTerraformCompleteExample 2022-03-23T15:10:07Z logger.go:66:       + owner_id               = (known after apply)
TestTerraformCompleteExample 2022-03-23T15:10:07Z logger.go:66:       + revoke_rules_on_delete = false
TestTerraformCompleteExample 2022-03-23T15:10:07Z logger.go:66:       + tags                   = {
TestTerraformCompleteExample 2022-03-23T15:10:07Z logger.go:66:           + "Name" = "foo-eks-node-group"
TestTerraformCompleteExample 2022-03-23T15:10:07Z logger.go:66:         }
TestTerraformCompleteExample 2022-03-23T15:10:07Z logger.go:66:       + tags_all               = {
TestTerraformCompleteExample 2022-03-23T15:10:07Z logger.go:66:           + "Example"    = "ex-complete"
TestTerraformCompleteExample 2022-03-23T15:10:07Z logger.go:66:           + "GithubOrg"  = "aidan-melen"
TestTerraformCompleteExample 2022-03-23T15:10:07Z logger.go:66:           + "GithubRepo" = "terraform-aws-eks-auth"
TestTerraformCompleteExample 2022-03-23T15:10:07Z logger.go:66:           + "Name"       = "foo-eks-node-group"
TestTerraformCompleteExample 2022-03-23T15:10:07Z logger.go:66:         }
TestTerraformCompleteExample 2022-03-23T15:10:07Z logger.go:66:       + vpc_id                 = (known after apply)
TestTerraformCompleteExample 2022-03-23T15:10:07Z logger.go:66:     }
TestTerraformCompleteExample 2022-03-23T15:10:07Z logger.go:66:
TestTerraformCompleteExample 2022-03-23T15:10:07Z logger.go:66:   # module.eks.module.fargate_profile["bar"].aws_eks_fargate_profile.this[0] will be created
TestTerraformCompleteExample 2022-03-23T15:10:07Z logger.go:66:   + resource "aws_eks_fargate_profile" "this" {
TestTerraformCompleteExample 2022-03-23T15:10:07Z logger.go:66:       + arn                    = (known after apply)
TestTerraformCompleteExample 2022-03-23T15:10:07Z logger.go:66:       + cluster_name           = "ex-complete"
TestTerraformCompleteExample 2022-03-23T15:10:07Z logger.go:66:       + fargate_profile_name   = "bar"
TestTerraformCompleteExample 2022-03-23T15:10:07Z logger.go:66:       + id                     = (known after apply)
TestTerraformCompleteExample 2022-03-23T15:10:07Z logger.go:66:       + pod_execution_role_arn = (known after apply)
TestTerraformCompleteExample 2022-03-23T15:10:07Z logger.go:66:       + status                 = (known after apply)
TestTerraformCompleteExample 2022-03-23T15:10:07Z logger.go:66:       + subnet_ids             = (known after apply)
TestTerraformCompleteExample 2022-03-23T15:10:07Z logger.go:66:       + tags_all               = {
TestTerraformCompleteExample 2022-03-23T15:10:07Z logger.go:66:           + "Example"    = "ex-complete"
TestTerraformCompleteExample 2022-03-23T15:10:07Z logger.go:66:           + "GithubOrg"  = "aidan-melen"
TestTerraformCompleteExample 2022-03-23T15:10:07Z logger.go:66:           + "GithubRepo" = "terraform-aws-eks-auth"
TestTerraformCompleteExample 2022-03-23T15:10:07Z logger.go:66:         }
TestTerraformCompleteExample 2022-03-23T15:10:07Z logger.go:66:
TestTerraformCompleteExample 2022-03-23T15:10:07Z logger.go:66:       + selector {
TestTerraformCompleteExample 2022-03-23T15:10:07Z logger.go:66:           + namespace = "bar"
TestTerraformCompleteExample 2022-03-23T15:10:07Z logger.go:66:         }
TestTerraformCompleteExample 2022-03-23T15:10:07Z logger.go:66:
TestTerraformCompleteExample 2022-03-23T15:10:07Z logger.go:66:       + timeouts {}
TestTerraformCompleteExample 2022-03-23T15:10:07Z logger.go:66:     }
TestTerraformCompleteExample 2022-03-23T15:10:07Z logger.go:66:
TestTerraformCompleteExample 2022-03-23T15:10:07Z logger.go:66:   # module.eks.module.fargate_profile["bar"].aws_iam_role.this[0] will be created
TestTerraformCompleteExample 2022-03-23T15:10:07Z logger.go:66:   + resource "aws_iam_role" "this" {
TestTerraformCompleteExample 2022-03-23T15:10:07Z logger.go:66:       + arn                   = (known after apply)
TestTerraformCompleteExample 2022-03-23T15:10:07Z logger.go:66:       + assume_role_policy    = jsonencode(
TestTerraformCompleteExample 2022-03-23T15:10:07Z logger.go:66:             {
TestTerraformCompleteExample 2022-03-23T15:10:07Z logger.go:66:               + Statement = [
TestTerraformCompleteExample 2022-03-23T15:10:07Z logger.go:66:                   + {
TestTerraformCompleteExample 2022-03-23T15:10:07Z logger.go:66:                       + Action    = "sts:AssumeRole"
TestTerraformCompleteExample 2022-03-23T15:10:07Z logger.go:66:                       + Effect    = "Allow"
TestTerraformCompleteExample 2022-03-23T15:10:07Z logger.go:66:                       + Principal = {
TestTerraformCompleteExample 2022-03-23T15:10:07Z logger.go:66:                           + Service = "eks-fargate-pods.amazonaws.com"
TestTerraformCompleteExample 2022-03-23T15:10:07Z logger.go:66:                         }
TestTerraformCompleteExample 2022-03-23T15:10:07Z logger.go:66:                       + Sid       = ""
TestTerraformCompleteExample 2022-03-23T15:10:07Z logger.go:66:                     },
TestTerraformCompleteExample 2022-03-23T15:10:07Z logger.go:66:                 ]
TestTerraformCompleteExample 2022-03-23T15:10:07Z logger.go:66:               + Version   = "2012-10-17"
TestTerraformCompleteExample 2022-03-23T15:10:07Z logger.go:66:             }
TestTerraformCompleteExample 2022-03-23T15:10:07Z logger.go:66:         )
TestTerraformCompleteExample 2022-03-23T15:10:07Z logger.go:66:       + create_date           = (known after apply)
TestTerraformCompleteExample 2022-03-23T15:10:07Z logger.go:66:       + description           = "Fargate profile IAM role"
TestTerraformCompleteExample 2022-03-23T15:10:07Z logger.go:66:       + force_detach_policies = true
TestTerraformCompleteExample 2022-03-23T15:10:07Z logger.go:66:       + id                    = (known after apply)
TestTerraformCompleteExample 2022-03-23T15:10:07Z logger.go:66:       + managed_policy_arns   = (known after apply)
TestTerraformCompleteExample 2022-03-23T15:10:07Z logger.go:66:       + max_session_duration  = 3600
TestTerraformCompleteExample 2022-03-23T15:10:07Z logger.go:66:       + name                  = (known after apply)
TestTerraformCompleteExample 2022-03-23T15:10:07Z logger.go:66:       + name_prefix           = "bar-"
TestTerraformCompleteExample 2022-03-23T15:10:07Z logger.go:66:       + path                  = "/"
TestTerraformCompleteExample 2022-03-23T15:10:07Z logger.go:66:       + tags_all              = {
TestTerraformCompleteExample 2022-03-23T15:10:07Z logger.go:66:           + "Example"    = "ex-complete"
TestTerraformCompleteExample 2022-03-23T15:10:07Z logger.go:66:           + "GithubOrg"  = "aidan-melen"
TestTerraformCompleteExample 2022-03-23T15:10:07Z logger.go:66:           + "GithubRepo" = "terraform-aws-eks-auth"
TestTerraformCompleteExample 2022-03-23T15:10:07Z logger.go:66:         }
TestTerraformCompleteExample 2022-03-23T15:10:07Z logger.go:66:       + unique_id             = (known after apply)
TestTerraformCompleteExample 2022-03-23T15:10:07Z logger.go:66:
TestTerraformCompleteExample 2022-03-23T15:10:07Z logger.go:66:       + inline_policy {
TestTerraformCompleteExample 2022-03-23T15:10:07Z logger.go:66:           + name   = (known after apply)
TestTerraformCompleteExample 2022-03-23T15:10:07Z logger.go:66:           + policy = (known after apply)
TestTerraformCompleteExample 2022-03-23T15:10:07Z logger.go:66:         }
TestTerraformCompleteExample 2022-03-23T15:10:07Z logger.go:66:     }
TestTerraformCompleteExample 2022-03-23T15:10:07Z logger.go:66:
TestTerraformCompleteExample 2022-03-23T15:10:07Z logger.go:66:   # module.eks.module.fargate_profile["bar"].aws_iam_role_policy_attachment.this["arn:aws:iam::aws:policy/AmazonEKSFargatePodExecutionRolePolicy"] will be created
TestTerraformCompleteExample 2022-03-23T15:10:07Z logger.go:66:   + resource "aws_iam_role_policy_attachment" "this" {
TestTerraformCompleteExample 2022-03-23T15:10:07Z logger.go:66:       + id         = (known after apply)
TestTerraformCompleteExample 2022-03-23T15:10:07Z logger.go:66:       + policy_arn = "arn:aws:iam::aws:policy/AmazonEKSFargatePodExecutionRolePolicy"
TestTerraformCompleteExample 2022-03-23T15:10:07Z logger.go:66:       + role       = (known after apply)
TestTerraformCompleteExample 2022-03-23T15:10:07Z logger.go:66:     }
TestTerraformCompleteExample 2022-03-23T15:10:07Z logger.go:66:
TestTerraformCompleteExample 2022-03-23T15:10:07Z logger.go:66:   # module.eks.module.fargate_profile["bar"].aws_iam_role_policy_attachment.this["arn:aws:iam::aws:policy/AmazonEKS_CNI_Policy"] will be created
TestTerraformCompleteExample 2022-03-23T15:10:07Z logger.go:66:   + resource "aws_iam_role_policy_attachment" "this" {
TestTerraformCompleteExample 2022-03-23T15:10:07Z logger.go:66:       + id         = (known after apply)
TestTerraformCompleteExample 2022-03-23T15:10:07Z logger.go:66:       + policy_arn = "arn:aws:iam::aws:policy/AmazonEKS_CNI_Policy"
TestTerraformCompleteExample 2022-03-23T15:10:07Z logger.go:66:       + role       = (known after apply)
TestTerraformCompleteExample 2022-03-23T15:10:07Z logger.go:66:     }
TestTerraformCompleteExample 2022-03-23T15:10:07Z logger.go:66:
TestTerraformCompleteExample 2022-03-23T15:10:07Z logger.go:66:   # module.eks.module.self_managed_node_group["boo"].aws_autoscaling_group.this[0] will be created
TestTerraformCompleteExample 2022-03-23T15:10:07Z logger.go:66:   + resource "aws_autoscaling_group" "this" {
TestTerraformCompleteExample 2022-03-23T15:10:07Z logger.go:66:       + arn                       = (known after apply)
TestTerraformCompleteExample 2022-03-23T15:10:07Z logger.go:66:       + availability_zones        = (known after apply)
TestTerraformCompleteExample 2022-03-23T15:10:07Z logger.go:66:       + default_cooldown          = (known after apply)
TestTerraformCompleteExample 2022-03-23T15:10:07Z logger.go:66:       + desired_capacity          = 1
TestTerraformCompleteExample 2022-03-23T15:10:07Z logger.go:66:       + force_delete              = false
TestTerraformCompleteExample 2022-03-23T15:10:07Z logger.go:66:       + force_delete_warm_pool    = false
TestTerraformCompleteExample 2022-03-23T15:10:07Z logger.go:66:       + health_check_grace_period = 300
TestTerraformCompleteExample 2022-03-23T15:10:07Z logger.go:66:       + health_check_type         = (known after apply)
TestTerraformCompleteExample 2022-03-23T15:10:07Z logger.go:66:       + id                        = (known after apply)
TestTerraformCompleteExample 2022-03-23T15:10:07Z logger.go:66:       + max_size                  = 3
TestTerraformCompleteExample 2022-03-23T15:10:07Z logger.go:66:       + metrics_granularity       = "1Minute"
TestTerraformCompleteExample 2022-03-23T15:10:07Z logger.go:66:       + min_size                  = 0
TestTerraformCompleteExample 2022-03-23T15:10:07Z logger.go:66:       + name                      = (known after apply)
TestTerraformCompleteExample 2022-03-23T15:10:07Z logger.go:66:       + name_prefix               = "boo-"
TestTerraformCompleteExample 2022-03-23T15:10:07Z logger.go:66:       + protect_from_scale_in     = false
TestTerraformCompleteExample 2022-03-23T15:10:07Z logger.go:66:       + service_linked_role_arn   = (known after apply)
TestTerraformCompleteExample 2022-03-23T15:10:07Z logger.go:66:       + vpc_zone_identifier       = (known after apply)
TestTerraformCompleteExample 2022-03-23T15:10:07Z logger.go:66:       + wait_for_capacity_timeout = "10m"
TestTerraformCompleteExample 2022-03-23T15:10:07Z logger.go:66:
TestTerraformCompleteExample 2022-03-23T15:10:07Z logger.go:66:       + launch_template {
TestTerraformCompleteExample 2022-03-23T15:10:07Z logger.go:66:           + id      = (known after apply)
TestTerraformCompleteExample 2022-03-23T15:10:07Z logger.go:66:           + name    = (known after apply)
TestTerraformCompleteExample 2022-03-23T15:10:07Z logger.go:66:           + version = (known after apply)
TestTerraformCompleteExample 2022-03-23T15:10:07Z logger.go:66:         }
TestTerraformCompleteExample 2022-03-23T15:10:07Z logger.go:66:
TestTerraformCompleteExample 2022-03-23T15:10:07Z logger.go:66:       + tag {
TestTerraformCompleteExample 2022-03-23T15:10:07Z logger.go:66:           + key                 = "Name"
TestTerraformCompleteExample 2022-03-23T15:10:07Z logger.go:66:           + propagate_at_launch = true
TestTerraformCompleteExample 2022-03-23T15:10:07Z logger.go:66:           + value               = "boo"
TestTerraformCompleteExample 2022-03-23T15:10:07Z logger.go:66:         }
TestTerraformCompleteExample 2022-03-23T15:10:07Z logger.go:66:       + tag {
TestTerraformCompleteExample 2022-03-23T15:10:07Z logger.go:66:           + key                 = "k8s.io/cluster/ex-complete"
TestTerraformCompleteExample 2022-03-23T15:10:07Z logger.go:66:           + propagate_at_launch = true
TestTerraformCompleteExample 2022-03-23T15:10:07Z logger.go:66:           + value               = "owned"
TestTerraformCompleteExample 2022-03-23T15:10:07Z logger.go:66:         }
TestTerraformCompleteExample 2022-03-23T15:10:07Z logger.go:66:       + tag {
TestTerraformCompleteExample 2022-03-23T15:10:07Z logger.go:66:           + key                 = "kubernetes.io/cluster/ex-complete"
TestTerraformCompleteExample 2022-03-23T15:10:07Z logger.go:66:           + propagate_at_launch = true
TestTerraformCompleteExample 2022-03-23T15:10:07Z logger.go:66:           + value               = "owned"
TestTerraformCompleteExample 2022-03-23T15:10:07Z logger.go:66:         }
TestTerraformCompleteExample 2022-03-23T15:10:07Z logger.go:66:
TestTerraformCompleteExample 2022-03-23T15:10:07Z logger.go:66:       + timeouts {}
TestTerraformCompleteExample 2022-03-23T15:10:07Z logger.go:66:     }
TestTerraformCompleteExample 2022-03-23T15:10:07Z logger.go:66:
TestTerraformCompleteExample 2022-03-23T15:10:07Z logger.go:66:   # module.eks.module.self_managed_node_group["boo"].aws_iam_instance_profile.this[0] will be created
TestTerraformCompleteExample 2022-03-23T15:10:07Z logger.go:66:   + resource "aws_iam_instance_profile" "this" {
TestTerraformCompleteExample 2022-03-23T15:10:07Z logger.go:66:       + arn         = (known after apply)
TestTerraformCompleteExample 2022-03-23T15:10:07Z logger.go:66:       + create_date = (known after apply)
TestTerraformCompleteExample 2022-03-23T15:10:07Z logger.go:66:       + id          = (known after apply)
TestTerraformCompleteExample 2022-03-23T15:10:07Z logger.go:66:       + name        = (known after apply)
TestTerraformCompleteExample 2022-03-23T15:10:07Z logger.go:66:       + name_prefix = "boo-node-group-"
TestTerraformCompleteExample 2022-03-23T15:10:07Z logger.go:66:       + path        = "/"
TestTerraformCompleteExample 2022-03-23T15:10:07Z logger.go:66:       + role        = (known after apply)
TestTerraformCompleteExample 2022-03-23T15:10:07Z logger.go:66:       + tags_all    = {
TestTerraformCompleteExample 2022-03-23T15:10:07Z logger.go:66:           + "Example"    = "ex-complete"
TestTerraformCompleteExample 2022-03-23T15:10:07Z logger.go:66:           + "GithubOrg"  = "aidan-melen"
TestTerraformCompleteExample 2022-03-23T15:10:07Z logger.go:66:           + "GithubRepo" = "terraform-aws-eks-auth"
TestTerraformCompleteExample 2022-03-23T15:10:07Z logger.go:66:         }
TestTerraformCompleteExample 2022-03-23T15:10:07Z logger.go:66:       + unique_id   = (known after apply)
TestTerraformCompleteExample 2022-03-23T15:10:07Z logger.go:66:     }
TestTerraformCompleteExample 2022-03-23T15:10:07Z logger.go:66:
TestTerraformCompleteExample 2022-03-23T15:10:07Z logger.go:66:   # module.eks.module.self_managed_node_group["boo"].aws_iam_role.this[0] will be created
TestTerraformCompleteExample 2022-03-23T15:10:07Z logger.go:66:   + resource "aws_iam_role" "this" {
TestTerraformCompleteExample 2022-03-23T15:10:07Z logger.go:66:       + arn                   = (known after apply)
TestTerraformCompleteExample 2022-03-23T15:10:07Z logger.go:66:       + assume_role_policy    = jsonencode(
TestTerraformCompleteExample 2022-03-23T15:10:07Z logger.go:66:             {
TestTerraformCompleteExample 2022-03-23T15:10:07Z logger.go:66:               + Statement = [
TestTerraformCompleteExample 2022-03-23T15:10:07Z logger.go:66:                   + {
TestTerraformCompleteExample 2022-03-23T15:10:07Z logger.go:66:                       + Action    = "sts:AssumeRole"
TestTerraformCompleteExample 2022-03-23T15:10:07Z logger.go:66:                       + Effect    = "Allow"
TestTerraformCompleteExample 2022-03-23T15:10:07Z logger.go:66:                       + Principal = {
TestTerraformCompleteExample 2022-03-23T15:10:07Z logger.go:66:                           + Service = "ec2.amazonaws.com"
TestTerraformCompleteExample 2022-03-23T15:10:07Z logger.go:66:                         }
TestTerraformCompleteExample 2022-03-23T15:10:07Z logger.go:66:                       + Sid       = "EKSNodeAssumeRole"
TestTerraformCompleteExample 2022-03-23T15:10:07Z logger.go:66:                     },
TestTerraformCompleteExample 2022-03-23T15:10:07Z logger.go:66:                 ]
TestTerraformCompleteExample 2022-03-23T15:10:07Z logger.go:66:               + Version   = "2012-10-17"
TestTerraformCompleteExample 2022-03-23T15:10:07Z logger.go:66:             }
TestTerraformCompleteExample 2022-03-23T15:10:07Z logger.go:66:         )
TestTerraformCompleteExample 2022-03-23T15:10:07Z logger.go:66:       + create_date           = (known after apply)
TestTerraformCompleteExample 2022-03-23T15:10:07Z logger.go:66:       + description           = "Self managed node group IAM role"
TestTerraformCompleteExample 2022-03-23T15:10:07Z logger.go:66:       + force_detach_policies = true
TestTerraformCompleteExample 2022-03-23T15:10:07Z logger.go:66:       + id                    = (known after apply)
TestTerraformCompleteExample 2022-03-23T15:10:07Z logger.go:66:       + managed_policy_arns   = (known after apply)
TestTerraformCompleteExample 2022-03-23T15:10:07Z logger.go:66:       + max_session_duration  = 3600
TestTerraformCompleteExample 2022-03-23T15:10:07Z logger.go:66:       + name                  = (known after apply)
TestTerraformCompleteExample 2022-03-23T15:10:07Z logger.go:66:       + name_prefix           = "boo-node-group-"
TestTerraformCompleteExample 2022-03-23T15:10:07Z logger.go:66:       + path                  = "/"
TestTerraformCompleteExample 2022-03-23T15:10:07Z logger.go:66:       + tags_all              = {
TestTerraformCompleteExample 2022-03-23T15:10:07Z logger.go:66:           + "Example"    = "ex-complete"
TestTerraformCompleteExample 2022-03-23T15:10:07Z logger.go:66:           + "GithubOrg"  = "aidan-melen"
TestTerraformCompleteExample 2022-03-23T15:10:07Z logger.go:66:           + "GithubRepo" = "terraform-aws-eks-auth"
TestTerraformCompleteExample 2022-03-23T15:10:07Z logger.go:66:         }
TestTerraformCompleteExample 2022-03-23T15:10:07Z logger.go:66:       + unique_id             = (known after apply)
TestTerraformCompleteExample 2022-03-23T15:10:07Z logger.go:66:
TestTerraformCompleteExample 2022-03-23T15:10:07Z logger.go:66:       + inline_policy {
TestTerraformCompleteExample 2022-03-23T15:10:07Z logger.go:66:           + name   = (known after apply)
TestTerraformCompleteExample 2022-03-23T15:10:07Z logger.go:66:           + policy = (known after apply)
TestTerraformCompleteExample 2022-03-23T15:10:07Z logger.go:66:         }
TestTerraformCompleteExample 2022-03-23T15:10:07Z logger.go:66:     }
TestTerraformCompleteExample 2022-03-23T15:10:07Z logger.go:66:
TestTerraformCompleteExample 2022-03-23T15:10:07Z logger.go:66:   # module.eks.module.self_managed_node_group["boo"].aws_iam_role_policy_attachment.this["arn:aws:iam::aws:policy/AmazonEC2ContainerRegistryReadOnly"] will be created
TestTerraformCompleteExample 2022-03-23T15:10:07Z logger.go:66:   + resource "aws_iam_role_policy_attachment" "this" {
TestTerraformCompleteExample 2022-03-23T15:10:07Z logger.go:66:       + id         = (known after apply)
TestTerraformCompleteExample 2022-03-23T15:10:07Z logger.go:66:       + policy_arn = "arn:aws:iam::aws:policy/AmazonEC2ContainerRegistryReadOnly"
TestTerraformCompleteExample 2022-03-23T15:10:07Z logger.go:66:       + role       = (known after apply)
TestTerraformCompleteExample 2022-03-23T15:10:07Z logger.go:66:     }
TestTerraformCompleteExample 2022-03-23T15:10:07Z logger.go:66:
TestTerraformCompleteExample 2022-03-23T15:10:07Z logger.go:66:   # module.eks.module.self_managed_node_group["boo"].aws_iam_role_policy_attachment.this["arn:aws:iam::aws:policy/AmazonEKSWorkerNodePolicy"] will be created
TestTerraformCompleteExample 2022-03-23T15:10:07Z logger.go:66:   + resource "aws_iam_role_policy_attachment" "this" {
TestTerraformCompleteExample 2022-03-23T15:10:07Z logger.go:66:       + id         = (known after apply)
TestTerraformCompleteExample 2022-03-23T15:10:07Z logger.go:66:       + policy_arn = "arn:aws:iam::aws:policy/AmazonEKSWorkerNodePolicy"
TestTerraformCompleteExample 2022-03-23T15:10:07Z logger.go:66:       + role       = (known after apply)
TestTerraformCompleteExample 2022-03-23T15:10:07Z logger.go:66:     }
TestTerraformCompleteExample 2022-03-23T15:10:07Z logger.go:66:
TestTerraformCompleteExample 2022-03-23T15:10:07Z logger.go:66:   # module.eks.module.self_managed_node_group["boo"].aws_iam_role_policy_attachment.this["arn:aws:iam::aws:policy/AmazonEKS_CNI_Policy"] will be created
TestTerraformCompleteExample 2022-03-23T15:10:07Z logger.go:66:   + resource "aws_iam_role_policy_attachment" "this" {
TestTerraformCompleteExample 2022-03-23T15:10:07Z logger.go:66:       + id         = (known after apply)
TestTerraformCompleteExample 2022-03-23T15:10:07Z logger.go:66:       + policy_arn = "arn:aws:iam::aws:policy/AmazonEKS_CNI_Policy"
TestTerraformCompleteExample 2022-03-23T15:10:07Z logger.go:66:       + role       = (known after apply)
TestTerraformCompleteExample 2022-03-23T15:10:07Z logger.go:66:     }
TestTerraformCompleteExample 2022-03-23T15:10:07Z logger.go:66:
TestTerraformCompleteExample 2022-03-23T15:10:07Z logger.go:66:   # module.eks.module.self_managed_node_group["boo"].aws_launch_template.this[0] will be created
TestTerraformCompleteExample 2022-03-23T15:10:07Z logger.go:66:   + resource "aws_launch_template" "this" {
TestTerraformCompleteExample 2022-03-23T15:10:07Z logger.go:66:       + arn                    = (known after apply)
TestTerraformCompleteExample 2022-03-23T15:10:07Z logger.go:66:       + default_version        = (known after apply)
TestTerraformCompleteExample 2022-03-23T15:10:07Z logger.go:66:       + description            = "Custom launch template for boo self managed node group"
TestTerraformCompleteExample 2022-03-23T15:10:07Z logger.go:66:       + id                     = (known after apply)
TestTerraformCompleteExample 2022-03-23T15:10:07Z logger.go:66:       + image_id               = "ami-085e8e02353a59de5"
TestTerraformCompleteExample 2022-03-23T15:10:07Z logger.go:66:       + instance_type          = "t3.medium"
TestTerraformCompleteExample 2022-03-23T15:10:07Z logger.go:66:       + latest_version         = (known after apply)
TestTerraformCompleteExample 2022-03-23T15:10:07Z logger.go:66:       + name                   = (known after apply)
TestTerraformCompleteExample 2022-03-23T15:10:07Z logger.go:66:       + name_prefix            = "boo-"
TestTerraformCompleteExample 2022-03-23T15:10:07Z logger.go:66:       + tags_all               = {
TestTerraformCompleteExample 2022-03-23T15:10:07Z logger.go:66:           + "Example"    = "ex-complete"
TestTerraformCompleteExample 2022-03-23T15:10:07Z logger.go:66:           + "GithubOrg"  = "aidan-melen"
TestTerraformCompleteExample 2022-03-23T15:10:07Z logger.go:66:           + "GithubRepo" = "terraform-aws-eks-auth"
TestTerraformCompleteExample 2022-03-23T15:10:07Z logger.go:66:         }
TestTerraformCompleteExample 2022-03-23T15:10:07Z logger.go:66:       + update_default_version = true
TestTerraformCompleteExample 2022-03-23T15:10:07Z logger.go:66:       + user_data              = (known after apply)
TestTerraformCompleteExample 2022-03-23T15:10:07Z logger.go:66:       + vpc_security_group_ids = (known after apply)
TestTerraformCompleteExample 2022-03-23T15:10:07Z logger.go:66:
TestTerraformCompleteExample 2022-03-23T15:10:07Z logger.go:66:       + iam_instance_profile {
TestTerraformCompleteExample 2022-03-23T15:10:07Z logger.go:66:           + arn = (known after apply)
TestTerraformCompleteExample 2022-03-23T15:10:07Z logger.go:66:         }
TestTerraformCompleteExample 2022-03-23T15:10:07Z logger.go:66:
TestTerraformCompleteExample 2022-03-23T15:10:07Z logger.go:66:       + instance_market_options {
TestTerraformCompleteExample 2022-03-23T15:10:07Z logger.go:66:           + market_type = "spot"
TestTerraformCompleteExample 2022-03-23T15:10:07Z logger.go:66:         }
TestTerraformCompleteExample 2022-03-23T15:10:07Z logger.go:66:
TestTerraformCompleteExample 2022-03-23T15:10:07Z logger.go:66:       + metadata_options {
TestTerraformCompleteExample 2022-03-23T15:10:07Z logger.go:66:           + http_endpoint               = "enabled"
TestTerraformCompleteExample 2022-03-23T15:10:07Z logger.go:66:           + http_protocol_ipv6          = "disabled"
TestTerraformCompleteExample 2022-03-23T15:10:07Z logger.go:66:           + http_put_response_hop_limit = 2
TestTerraformCompleteExample 2022-03-23T15:10:07Z logger.go:66:           + http_tokens                 = "required"
TestTerraformCompleteExample 2022-03-23T15:10:07Z logger.go:66:           + instance_metadata_tags      = "disabled"
TestTerraformCompleteExample 2022-03-23T15:10:07Z logger.go:66:         }
TestTerraformCompleteExample 2022-03-23T15:10:07Z logger.go:66:
TestTerraformCompleteExample 2022-03-23T15:10:07Z logger.go:66:       + monitoring {
TestTerraformCompleteExample 2022-03-23T15:10:07Z logger.go:66:           + enabled = true
TestTerraformCompleteExample 2022-03-23T15:10:07Z logger.go:66:         }
TestTerraformCompleteExample 2022-03-23T15:10:07Z logger.go:66:
TestTerraformCompleteExample 2022-03-23T15:10:07Z logger.go:66:       + tag_specifications {
TestTerraformCompleteExample 2022-03-23T15:10:07Z logger.go:66:           + resource_type = "instance"
TestTerraformCompleteExample 2022-03-23T15:10:07Z logger.go:66:           + tags          = {
TestTerraformCompleteExample 2022-03-23T15:10:07Z logger.go:66:               + "Name" = "boo"
TestTerraformCompleteExample 2022-03-23T15:10:07Z logger.go:66:             }
TestTerraformCompleteExample 2022-03-23T15:10:07Z logger.go:66:         }
TestTerraformCompleteExample 2022-03-23T15:10:07Z logger.go:66:       + tag_specifications {
TestTerraformCompleteExample 2022-03-23T15:10:07Z logger.go:66:           + resource_type = "network-interface"
TestTerraformCompleteExample 2022-03-23T15:10:07Z logger.go:66:           + tags          = {
TestTerraformCompleteExample 2022-03-23T15:10:07Z logger.go:66:               + "Name" = "boo"
TestTerraformCompleteExample 2022-03-23T15:10:07Z logger.go:66:             }
TestTerraformCompleteExample 2022-03-23T15:10:07Z logger.go:66:         }
TestTerraformCompleteExample 2022-03-23T15:10:07Z logger.go:66:       + tag_specifications {
TestTerraformCompleteExample 2022-03-23T15:10:07Z logger.go:66:           + resource_type = "volume"
TestTerraformCompleteExample 2022-03-23T15:10:07Z logger.go:66:           + tags          = {
TestTerraformCompleteExample 2022-03-23T15:10:07Z logger.go:66:               + "Name" = "boo"
TestTerraformCompleteExample 2022-03-23T15:10:07Z logger.go:66:             }
TestTerraformCompleteExample 2022-03-23T15:10:07Z logger.go:66:         }
TestTerraformCompleteExample 2022-03-23T15:10:07Z logger.go:66:     }
TestTerraformCompleteExample 2022-03-23T15:10:07Z logger.go:66:
TestTerraformCompleteExample 2022-03-23T15:10:07Z logger.go:66:   # module.eks.module.self_managed_node_group["boo"].aws_security_group.this[0] will be created
TestTerraformCompleteExample 2022-03-23T15:10:07Z logger.go:66:   + resource "aws_security_group" "this" {
TestTerraformCompleteExample 2022-03-23T15:10:07Z logger.go:66:       + arn                    = (known after apply)
TestTerraformCompleteExample 2022-03-23T15:10:07Z logger.go:66:       + description            = "Self managed node group security group"
TestTerraformCompleteExample 2022-03-23T15:10:07Z logger.go:66:       + egress                 = (known after apply)
TestTerraformCompleteExample 2022-03-23T15:10:07Z logger.go:66:       + id                     = (known after apply)
TestTerraformCompleteExample 2022-03-23T15:10:07Z logger.go:66:       + ingress                = (known after apply)
TestTerraformCompleteExample 2022-03-23T15:10:07Z logger.go:66:       + name                   = (known after apply)
TestTerraformCompleteExample 2022-03-23T15:10:07Z logger.go:66:       + name_prefix            = "boo-node-group-"
TestTerraformCompleteExample 2022-03-23T15:10:07Z logger.go:66:       + owner_id               = (known after apply)
TestTerraformCompleteExample 2022-03-23T15:10:07Z logger.go:66:       + revoke_rules_on_delete = false
TestTerraformCompleteExample 2022-03-23T15:10:07Z logger.go:66:       + tags                   = {
TestTerraformCompleteExample 2022-03-23T15:10:07Z logger.go:66:           + "Name" = "boo-node-group"
TestTerraformCompleteExample 2022-03-23T15:10:07Z logger.go:66:         }
TestTerraformCompleteExample 2022-03-23T15:10:07Z logger.go:66:       + tags_all               = {
TestTerraformCompleteExample 2022-03-23T15:10:07Z logger.go:66:           + "Example"    = "ex-complete"
TestTerraformCompleteExample 2022-03-23T15:10:07Z logger.go:66:           + "GithubOrg"  = "aidan-melen"
TestTerraformCompleteExample 2022-03-23T15:10:07Z logger.go:66:           + "GithubRepo" = "terraform-aws-eks-auth"
TestTerraformCompleteExample 2022-03-23T15:10:07Z logger.go:66:           + "Name"       = "boo-node-group"
TestTerraformCompleteExample 2022-03-23T15:10:07Z logger.go:66:         }
TestTerraformCompleteExample 2022-03-23T15:10:07Z logger.go:66:       + vpc_id                 = (known after apply)
TestTerraformCompleteExample 2022-03-23T15:10:07Z logger.go:66:     }
TestTerraformCompleteExample 2022-03-23T15:10:07Z logger.go:66:
TestTerraformCompleteExample 2022-03-23T15:10:07Z logger.go:66: Plan: 61 to add, 0 to change, 0 to destroy.
TestTerraformCompleteExample 2022-03-23T15:10:07Z logger.go:66:
TestTerraformCompleteExample 2022-03-23T15:10:07Z logger.go:66: Changes to Outputs:
TestTerraformCompleteExample 2022-03-23T15:10:07Z logger.go:66:   + fargate_profile_iam_role_arn         = (known after apply)
TestTerraformCompleteExample 2022-03-23T15:10:07Z logger.go:66:   + managed_node_group_iam_role_arn      = (known after apply)
TestTerraformCompleteExample 2022-03-23T15:10:07Z logger.go:66:   + map_accounts                         = [
TestTerraformCompleteExample 2022-03-23T15:10:07Z logger.go:66:       + "777777777777",
TestTerraformCompleteExample 2022-03-23T15:10:07Z logger.go:66:       + "888888888888",
TestTerraformCompleteExample 2022-03-23T15:10:07Z logger.go:66:     ]
TestTerraformCompleteExample 2022-03-23T15:10:07Z logger.go:66:   + map_roles                            = (known after apply)
TestTerraformCompleteExample 2022-03-23T15:10:07Z logger.go:66:   + map_users                            = [
TestTerraformCompleteExample 2022-03-23T15:10:07Z logger.go:66:       + {
TestTerraformCompleteExample 2022-03-23T15:10:07Z logger.go:66:           + groups   = [
TestTerraformCompleteExample 2022-03-23T15:10:07Z logger.go:66:               + "system:masters",
TestTerraformCompleteExample 2022-03-23T15:10:07Z logger.go:66:             ]
TestTerraformCompleteExample 2022-03-23T15:10:07Z logger.go:66:           + userarn  = "arn:aws:iam::66666666666:user/user1"
TestTerraformCompleteExample 2022-03-23T15:10:07Z logger.go:66:           + username = "user1"
TestTerraformCompleteExample 2022-03-23T15:10:07Z logger.go:66:         },
TestTerraformCompleteExample 2022-03-23T15:10:07Z logger.go:66:       + {
TestTerraformCompleteExample 2022-03-23T15:10:07Z logger.go:66:           + groups   = [
TestTerraformCompleteExample 2022-03-23T15:10:07Z logger.go:66:               + "system:masters",
TestTerraformCompleteExample 2022-03-23T15:10:07Z logger.go:66:             ]
TestTerraformCompleteExample 2022-03-23T15:10:07Z logger.go:66:           + userarn  = "arn:aws:iam::66666666666:user/user2"
TestTerraformCompleteExample 2022-03-23T15:10:07Z logger.go:66:           + username = "user2"
TestTerraformCompleteExample 2022-03-23T15:10:07Z logger.go:66:         },
TestTerraformCompleteExample 2022-03-23T15:10:07Z logger.go:66:     ]
TestTerraformCompleteExample 2022-03-23T15:10:07Z logger.go:66:   + self_managed_node_group_iam_role_arn = (known after apply)
TestTerraformCompleteExample 2022-03-23T15:10:09Z logger.go:66: module.eks.module.eks_managed_node_group["foo"].aws_iam_role.this[0]: Creating...
TestTerraformCompleteExample 2022-03-23T15:10:09Z logger.go:66: module.eks.aws_iam_role.this[0]: Creating...
TestTerraformCompleteExample 2022-03-23T15:10:09Z logger.go:66: module.eks.aws_cloudwatch_log_group.this[0]: Creating...
TestTerraformCompleteExample 2022-03-23T15:10:09Z logger.go:66: module.eks.module.self_managed_node_group["boo"].aws_iam_role.this[0]: Creating...
TestTerraformCompleteExample 2022-03-23T15:10:09Z logger.go:66: module.eks.module.fargate_profile["bar"].aws_iam_role.this[0]: Creating...
TestTerraformCompleteExample 2022-03-23T15:10:09Z logger.go:66: module.vpc.aws_vpc.this[0]: Creating...
TestTerraformCompleteExample 2022-03-23T15:10:09Z logger.go:66: module.vpc.aws_eip.nat[0]: Creating...
TestTerraformCompleteExample 2022-03-23T15:10:09Z logger.go:66: module.eks.aws_cloudwatch_log_group.this[0]: Creation complete after 1s [id=/aws/eks/ex-complete/cluster]
TestTerraformCompleteExample 2022-03-23T15:10:10Z logger.go:66: module.vpc.aws_eip.nat[0]: Creation complete after 1s [id=eipalloc-024255bd65c65b9d7]
TestTerraformCompleteExample 2022-03-23T15:10:10Z logger.go:66: module.eks.module.self_managed_node_group["boo"].aws_iam_role.this[0]: Creation complete after 1s [id=boo-node-group-20220323151009311600000004]
TestTerraformCompleteExample 2022-03-23T15:10:10Z logger.go:66: module.eks.module.eks_managed_node_group["foo"].aws_iam_role.this[0]: Creation complete after 1s [id=foo-eks-node-group-20220323151009303900000001]
TestTerraformCompleteExample 2022-03-23T15:10:10Z logger.go:66: module.eks.aws_iam_role.this[0]: Creation complete after 1s [id=ex-complete-cluster-20220323151009306200000002]
TestTerraformCompleteExample 2022-03-23T15:10:10Z logger.go:66: module.eks.module.self_managed_node_group["boo"].aws_iam_role_policy_attachment.this["arn:aws:iam::aws:policy/AmazonEC2ContainerRegistryReadOnly"]: Creating...
TestTerraformCompleteExample 2022-03-23T15:10:10Z logger.go:66: module.eks.module.self_managed_node_group["boo"].aws_iam_instance_profile.this[0]: Creating...
TestTerraformCompleteExample 2022-03-23T15:10:10Z logger.go:66: module.eks.module.fargate_profile["bar"].aws_iam_role.this[0]: Creation complete after 1s [id=bar-20220323151009311300000003]
TestTerraformCompleteExample 2022-03-23T15:10:10Z logger.go:66: module.eks.module.self_managed_node_group["boo"].aws_iam_role_policy_attachment.this["arn:aws:iam::aws:policy/AmazonEKSWorkerNodePolicy"]: Creating...
TestTerraformCompleteExample 2022-03-23T15:10:10Z logger.go:66: module.eks.module.self_managed_node_group["boo"].aws_iam_role_policy_attachment.this["arn:aws:iam::aws:policy/AmazonEKS_CNI_Policy"]: Creating...
TestTerraformCompleteExample 2022-03-23T15:10:10Z logger.go:66: module.eks.module.eks_managed_node_group["foo"].aws_iam_role_policy_attachment.this["arn:aws:iam::aws:policy/AmazonEC2ContainerRegistryReadOnly"]: Creating...
TestTerraformCompleteExample 2022-03-23T15:10:10Z logger.go:66: module.eks.module.eks_managed_node_group["foo"].aws_iam_role_policy_attachment.this["arn:aws:iam::aws:policy/AmazonEKS_CNI_Policy"]: Creating...
TestTerraformCompleteExample 2022-03-23T15:10:10Z logger.go:66: module.eks.module.eks_managed_node_group["foo"].aws_iam_role_policy_attachment.this["arn:aws:iam::aws:policy/AmazonEKSWorkerNodePolicy"]: Creating...
TestTerraformCompleteExample 2022-03-23T15:10:10Z logger.go:66: module.eks.aws_iam_role_policy_attachment.this["arn:aws:iam::aws:policy/AmazonEKSVPCResourceController"]: Creating...
TestTerraformCompleteExample 2022-03-23T15:10:10Z logger.go:66: module.eks.aws_iam_role_policy_attachment.this["arn:aws:iam::aws:policy/AmazonEKSClusterPolicy"]: Creating...
TestTerraformCompleteExample 2022-03-23T15:10:10Z logger.go:66: module.eks.module.self_managed_node_group["boo"].aws_iam_role_policy_attachment.this["arn:aws:iam::aws:policy/AmazonEC2ContainerRegistryReadOnly"]: Creation complete after 1s [id=boo-node-group-20220323151009311600000004-20220323151010583900000006]
TestTerraformCompleteExample 2022-03-23T15:10:10Z logger.go:66: module.eks.module.eks_managed_node_group["foo"].aws_iam_role_policy_attachment.this["arn:aws:iam::aws:policy/AmazonEC2ContainerRegistryReadOnly"]: Creation complete after 1s [id=foo-eks-node-group-20220323151009303900000001-20220323151010613500000007]
TestTerraformCompleteExample 2022-03-23T15:10:10Z logger.go:66: module.eks.module.self_managed_node_group["boo"].aws_iam_role_policy_attachment.this["arn:aws:iam::aws:policy/AmazonEKS_CNI_Policy"]: Creation complete after 1s [id=boo-node-group-20220323151009311600000004-20220323151010703300000009]
TestTerraformCompleteExample 2022-03-23T15:10:10Z logger.go:66: module.eks.module.self_managed_node_group["boo"].aws_iam_role_policy_attachment.this["arn:aws:iam::aws:policy/AmazonEKSWorkerNodePolicy"]: Creation complete after 1s [id=boo-node-group-20220323151009311600000004-20220323151010619200000008]
TestTerraformCompleteExample 2022-03-23T15:10:10Z logger.go:66: module.eks.module.fargate_profile["bar"].aws_iam_role_policy_attachment.this["arn:aws:iam::aws:policy/AmazonEKS_CNI_Policy"]: Creating...
TestTerraformCompleteExample 2022-03-23T15:10:10Z logger.go:66: module.eks.module.eks_managed_node_group["foo"].aws_iam_role_policy_attachment.this["arn:aws:iam::aws:policy/AmazonEKSWorkerNodePolicy"]: Creation complete after 1s [id=foo-eks-node-group-20220323151009303900000001-2022032315101072740000000a]
TestTerraformCompleteExample 2022-03-23T15:10:10Z logger.go:66: module.eks.aws_iam_role_policy_attachment.this["arn:aws:iam::aws:policy/AmazonEKSVPCResourceController"]: Creation complete after 1s [id=ex-complete-cluster-20220323151009306200000002-2022032315101075450000000b]
TestTerraformCompleteExample 2022-03-23T15:10:10Z logger.go:66: module.eks.module.fargate_profile["bar"].aws_iam_role_policy_attachment.this["arn:aws:iam::aws:policy/AmazonEKSFargatePodExecutionRolePolicy"]: Creating...
TestTerraformCompleteExample 2022-03-23T15:10:10Z logger.go:66: module.eks.module.eks_managed_node_group["foo"].aws_iam_role_policy_attachment.this["arn:aws:iam::aws:policy/AmazonEKS_CNI_Policy"]: Creation complete after 1s [id=foo-eks-node-group-20220323151009303900000001-2022032315101075610000000c]
TestTerraformCompleteExample 2022-03-23T15:10:10Z logger.go:66: module.eks.aws_iam_role_policy_attachment.this["arn:aws:iam::aws:policy/AmazonEKSClusterPolicy"]: Creation complete after 1s [id=ex-complete-cluster-20220323151009306200000002-2022032315101085900000000d]
TestTerraformCompleteExample 2022-03-23T15:10:11Z logger.go:66: module.eks.module.self_managed_node_group["boo"].aws_iam_instance_profile.this[0]: Creation complete after 1s [id=boo-node-group-20220323151010448100000005]
TestTerraformCompleteExample 2022-03-23T15:10:11Z logger.go:66: module.eks.module.fargate_profile["bar"].aws_iam_role_policy_attachment.this["arn:aws:iam::aws:policy/AmazonEKS_CNI_Policy"]: Creation complete after 0s [id=bar-20220323151009311300000003-2022032315101100800000000e]
TestTerraformCompleteExample 2022-03-23T15:10:11Z logger.go:66: module.eks.module.fargate_profile["bar"].aws_iam_role_policy_attachment.this["arn:aws:iam::aws:policy/AmazonEKSFargatePodExecutionRolePolicy"]: Creation complete after 0s [id=bar-20220323151009311300000003-2022032315101102520000000f]
TestTerraformCompleteExample 2022-03-23T15:10:19Z logger.go:66: module.vpc.aws_vpc.this[0]: Still creating... [10s elapsed]
TestTerraformCompleteExample 2022-03-23T15:10:21Z logger.go:66: module.vpc.aws_vpc.this[0]: Creation complete after 12s [id=vpc-08f223165937bfa42]
TestTerraformCompleteExample 2022-03-23T15:10:21Z logger.go:66: module.vpc.aws_subnet.public[1]: Creating...
TestTerraformCompleteExample 2022-03-23T15:10:21Z logger.go:66: module.vpc.aws_route_table.public[0]: Creating...
TestTerraformCompleteExample 2022-03-23T15:10:21Z logger.go:66: module.vpc.aws_subnet.public[2]: Creating...
TestTerraformCompleteExample 2022-03-23T15:10:21Z logger.go:66: module.vpc.aws_internet_gateway.this[0]: Creating...
TestTerraformCompleteExample 2022-03-23T15:10:21Z logger.go:66: module.vpc.aws_route_table.private[0]: Creating...
TestTerraformCompleteExample 2022-03-23T15:10:21Z logger.go:66: module.vpc.aws_subnet.public[0]: Creating...
TestTerraformCompleteExample 2022-03-23T15:10:21Z logger.go:66: module.vpc.aws_subnet.private[2]: Creating...
TestTerraformCompleteExample 2022-03-23T15:10:21Z logger.go:66: module.vpc.aws_subnet.private[1]: Creating...
TestTerraformCompleteExample 2022-03-23T15:10:21Z logger.go:66: module.eks.module.eks_managed_node_group["foo"].aws_security_group.this[0]: Creating...
TestTerraformCompleteExample 2022-03-23T15:10:21Z logger.go:66: module.vpc.aws_subnet.private[0]: Creating...
TestTerraformCompleteExample 2022-03-23T15:10:22Z logger.go:66: module.vpc.aws_route_table.public[0]: Creation complete after 0s [id=rtb-014da72b46fd7ca9c]
TestTerraformCompleteExample 2022-03-23T15:10:22Z logger.go:66: module.eks.aws_security_group.cluster[0]: Creating...
TestTerraformCompleteExample 2022-03-23T15:10:22Z logger.go:66: module.vpc.aws_route_table.private[0]: Creation complete after 0s [id=rtb-0758be46ecf76fbc5]
TestTerraformCompleteExample 2022-03-23T15:10:22Z logger.go:66: module.eks.aws_security_group.node[0]: Creating...
TestTerraformCompleteExample 2022-03-23T15:10:22Z logger.go:66: module.vpc.aws_internet_gateway.this[0]: Creation complete after 0s [id=igw-0a1c84ec27feddb14]
TestTerraformCompleteExample 2022-03-23T15:10:22Z logger.go:66: module.vpc.aws_route.public_internet_gateway[0]: Creating...
TestTerraformCompleteExample 2022-03-23T15:10:22Z logger.go:66: module.vpc.aws_subnet.private[2]: Creation complete after 1s [id=subnet-00dbbd09ccc535bc6]
TestTerraformCompleteExample 2022-03-23T15:10:22Z logger.go:66: module.eks.module.self_managed_node_group["boo"].aws_security_group.this[0]: Creating...
TestTerraformCompleteExample 2022-03-23T15:10:22Z logger.go:66: module.vpc.aws_subnet.private[0]: Creation complete after 1s [id=subnet-0650f6dd05be35933]
TestTerraformCompleteExample 2022-03-23T15:10:22Z logger.go:66: module.vpc.aws_subnet.private[1]: Creation complete after 1s [id=subnet-01284105c09c11104]
TestTerraformCompleteExample 2022-03-23T15:10:22Z logger.go:66: module.vpc.aws_route_table_association.private[0]: Creating...
TestTerraformCompleteExample 2022-03-23T15:10:22Z logger.go:66: module.vpc.aws_route_table_association.private[2]: Creating...
TestTerraformCompleteExample 2022-03-23T15:10:22Z logger.go:66: module.vpc.aws_route.public_internet_gateway[0]: Creation complete after 1s [id=r-rtb-014da72b46fd7ca9c1080289494]
TestTerraformCompleteExample 2022-03-23T15:10:22Z logger.go:66: module.vpc.aws_route_table_association.private[1]: Creating...
TestTerraformCompleteExample 2022-03-23T15:10:23Z logger.go:66: module.vpc.aws_route_table_association.private[0]: Creation complete after 0s [id=rtbassoc-05363bbfc8d2769fc]
TestTerraformCompleteExample 2022-03-23T15:10:23Z logger.go:66: module.vpc.aws_route_table_association.private[2]: Creation complete after 0s [id=rtbassoc-097f1ad562b089f4c]
TestTerraformCompleteExample 2022-03-23T15:10:23Z logger.go:66: module.vpc.aws_route_table_association.private[1]: Creation complete after 0s [id=rtbassoc-0ae7ffb6601159aeb]
TestTerraformCompleteExample 2022-03-23T15:10:23Z logger.go:66: module.eks.module.eks_managed_node_group["foo"].aws_security_group.this[0]: Creation complete after 2s [id=sg-04379df5c4537d4f0]
TestTerraformCompleteExample 2022-03-23T15:10:23Z logger.go:66: module.eks.aws_security_group.node[0]: Creation complete after 2s [id=sg-0a63a098d68ce7755]
TestTerraformCompleteExample 2022-03-23T15:10:23Z logger.go:66: module.eks.aws_security_group.cluster[0]: Creation complete after 2s [id=sg-0941752c50550e73a]
TestTerraformCompleteExample 2022-03-23T15:10:23Z logger.go:66: module.eks.aws_security_group_rule.node["ingress_self_coredns_tcp"]: Creating...
TestTerraformCompleteExample 2022-03-23T15:10:23Z logger.go:66: module.eks.aws_security_group_rule.cluster["egress_nodes_kubelet"]: Creating...
TestTerraformCompleteExample 2022-03-23T15:10:23Z logger.go:66: module.eks.aws_security_group_rule.cluster["egress_nodes_443"]: Creating...
TestTerraformCompleteExample 2022-03-23T15:10:23Z logger.go:66: module.eks.aws_security_group_rule.node["egress_cluster_443"]: Creating...
TestTerraformCompleteExample 2022-03-23T15:10:23Z logger.go:66: module.eks.aws_security_group_rule.cluster["ingress_nodes_443"]: Creating...
TestTerraformCompleteExample 2022-03-23T15:10:23Z logger.go:66: module.eks.aws_security_group_rule.node["egress_https"]: Creating...
TestTerraformCompleteExample 2022-03-23T15:10:24Z logger.go:66: module.eks.aws_security_group_rule.cluster["egress_nodes_kubelet"]: Creation complete after 0s [id=sgrule-3628687488]
TestTerraformCompleteExample 2022-03-23T15:10:24Z logger.go:66: module.eks.aws_security_group_rule.node["egress_ntp_tcp"]: Creating...
TestTerraformCompleteExample 2022-03-23T15:10:24Z logger.go:66: module.eks.aws_security_group_rule.node["ingress_self_coredns_tcp"]: Creation complete after 0s [id=sgrule-1592050371]
TestTerraformCompleteExample 2022-03-23T15:10:24Z logger.go:66: module.eks.aws_security_group_rule.node["egress_ntp_udp"]: Creating...
TestTerraformCompleteExample 2022-03-23T15:10:24Z logger.go:66: module.eks.module.self_managed_node_group["boo"].aws_security_group.this[0]: Creation complete after 2s [id=sg-05d31a42bcebc395b]
TestTerraformCompleteExample 2022-03-23T15:10:24Z logger.go:66: module.eks.aws_security_group_rule.node["ingress_self_coredns_udp"]: Creating...
TestTerraformCompleteExample 2022-03-23T15:10:24Z logger.go:66: module.eks.aws_security_group_rule.cluster["ingress_nodes_443"]: Creation complete after 1s [id=sgrule-326841452]
TestTerraformCompleteExample 2022-03-23T15:10:24Z logger.go:66: module.eks.aws_security_group_rule.node["egress_cluster_443"]: Creation complete after 1s [id=sgrule-3929045171]
TestTerraformCompleteExample 2022-03-23T15:10:24Z logger.go:66: module.eks.aws_security_group_rule.node["ingress_cluster_kubelet"]: Creating...
TestTerraformCompleteExample 2022-03-23T15:10:24Z logger.go:66: module.eks.aws_security_group_rule.node["egress_self_coredns_tcp"]: Creating...
TestTerraformCompleteExample 2022-03-23T15:10:25Z logger.go:66: module.eks.aws_security_group_rule.cluster["egress_nodes_443"]: Creation complete after 1s [id=sgrule-1293373756]
TestTerraformCompleteExample 2022-03-23T15:10:25Z logger.go:66: module.eks.aws_security_group_rule.node["egress_https"]: Creation complete after 1s [id=sgrule-4249664744]
TestTerraformCompleteExample 2022-03-23T15:10:25Z logger.go:66: module.eks.aws_security_group_rule.node["ingress_cluster_443"]: Creating...
TestTerraformCompleteExample 2022-03-23T15:10:25Z logger.go:66: module.eks.aws_security_group_rule.node["egress_self_coredns_udp"]: Creating...
TestTerraformCompleteExample 2022-03-23T15:10:25Z logger.go:66: module.eks.aws_security_group_rule.node["egress_ntp_tcp"]: Creation complete after 2s [id=sgrule-580026870]
TestTerraformCompleteExample 2022-03-23T15:10:26Z logger.go:66: module.eks.aws_security_group_rule.node["egress_ntp_udp"]: Creation complete after 2s [id=sgrule-1544332539]
TestTerraformCompleteExample 2022-03-23T15:10:27Z logger.go:66: module.eks.aws_security_group_rule.node["ingress_self_coredns_udp"]: Creation complete after 2s [id=sgrule-4206584108]
TestTerraformCompleteExample 2022-03-23T15:10:27Z logger.go:66: module.eks.aws_security_group_rule.node["ingress_cluster_kubelet"]: Creation complete after 3s [id=sgrule-3334837706]
TestTerraformCompleteExample 2022-03-23T15:10:28Z logger.go:66: module.eks.aws_security_group_rule.node["egress_self_coredns_tcp"]: Creation complete after 3s [id=sgrule-1619043932]
TestTerraformCompleteExample 2022-03-23T15:10:28Z logger.go:66: module.eks.aws_security_group_rule.node["ingress_cluster_443"]: Creation complete after 4s [id=sgrule-3268208147]
TestTerraformCompleteExample 2022-03-23T15:10:29Z logger.go:66: module.eks.aws_security_group_rule.node["egress_self_coredns_udp"]: Creation complete after 5s [id=sgrule-4008125498]
TestTerraformCompleteExample 2022-03-23T15:10:29Z logger.go:66: module.eks.aws_eks_cluster.this[0]: Creating...
TestTerraformCompleteExample 2022-03-23T15:10:31Z logger.go:66: module.vpc.aws_subnet.public[2]: Still creating... [9s elapsed]
TestTerraformCompleteExample 2022-03-23T15:10:31Z logger.go:66: module.vpc.aws_subnet.public[1]: Still creating... [9s elapsed]
TestTerraformCompleteExample 2022-03-23T15:10:31Z logger.go:66: module.vpc.aws_subnet.public[0]: Still creating... [9s elapsed]
TestTerraformCompleteExample 2022-03-23T15:10:32Z logger.go:66: module.vpc.aws_subnet.public[2]: Creation complete after 10s [id=subnet-0ada2007f714da19a]
TestTerraformCompleteExample 2022-03-23T15:10:32Z logger.go:66: module.vpc.aws_subnet.public[1]: Creation complete after 11s [id=subnet-0552d4b295493d9bd]
TestTerraformCompleteExample 2022-03-23T15:10:32Z logger.go:66: module.vpc.aws_subnet.public[0]: Creation complete after 11s [id=subnet-0c14641d438ec1744]
TestTerraformCompleteExample 2022-03-23T15:10:32Z logger.go:66: module.vpc.aws_route_table_association.public[2]: Creating...
TestTerraformCompleteExample 2022-03-23T15:10:32Z logger.go:66: module.vpc.aws_route_table_association.public[1]: Creating...
TestTerraformCompleteExample 2022-03-23T15:10:32Z logger.go:66: module.vpc.aws_nat_gateway.this[0]: Creating...
TestTerraformCompleteExample 2022-03-23T15:10:32Z logger.go:66: module.vpc.aws_route_table_association.public[0]: Creating...
TestTerraformCompleteExample 2022-03-23T15:10:33Z logger.go:66: module.vpc.aws_route_table_association.public[1]: Creation complete after 0s [id=rtbassoc-00ab0c68cf1c9343d]
TestTerraformCompleteExample 2022-03-23T15:10:33Z logger.go:66: module.vpc.aws_route_table_association.public[2]: Creation complete after 0s [id=rtbassoc-0892f83dc6d756ea8]
TestTerraformCompleteExample 2022-03-23T15:10:33Z logger.go:66: module.vpc.aws_route_table_association.public[0]: Creation complete after 0s [id=rtbassoc-07889e7a2fde60058]
TestTerraformCompleteExample 2022-03-23T15:10:39Z logger.go:66: module.eks.aws_eks_cluster.this[0]: Still creating... [10s elapsed]
TestTerraformCompleteExample 2022-03-23T15:10:42Z logger.go:66: module.vpc.aws_nat_gateway.this[0]: Still creating... [10s elapsed]
TestTerraformCompleteExample 2022-03-23T15:10:49Z logger.go:66: module.eks.aws_eks_cluster.this[0]: Still creating... [20s elapsed]
TestTerraformCompleteExample 2022-03-23T15:10:52Z logger.go:66: module.vpc.aws_nat_gateway.this[0]: Still creating... [20s elapsed]
TestTerraformCompleteExample 2022-03-23T15:10:59Z logger.go:66: module.eks.aws_eks_cluster.this[0]: Still creating... [30s elapsed]
TestTerraformCompleteExample 2022-03-23T15:11:02Z logger.go:66: module.vpc.aws_nat_gateway.this[0]: Still creating... [30s elapsed]
TestTerraformCompleteExample 2022-03-23T15:11:09Z logger.go:66: module.eks.aws_eks_cluster.this[0]: Still creating... [40s elapsed]
TestTerraformCompleteExample 2022-03-23T15:11:12Z logger.go:66: module.vpc.aws_nat_gateway.this[0]: Still creating... [40s elapsed]
TestTerraformCompleteExample 2022-03-23T15:11:19Z logger.go:66: module.eks.aws_eks_cluster.this[0]: Still creating... [50s elapsed]
TestTerraformCompleteExample 2022-03-23T15:11:22Z logger.go:66: module.vpc.aws_nat_gateway.this[0]: Still creating... [50s elapsed]
TestTerraformCompleteExample 2022-03-23T15:11:29Z logger.go:66: module.eks.aws_eks_cluster.this[0]: Still creating... [1m0s elapsed]
TestTerraformCompleteExample 2022-03-23T15:11:32Z logger.go:66: module.vpc.aws_nat_gateway.this[0]: Still creating... [1m0s elapsed]
TestTerraformCompleteExample 2022-03-23T15:11:39Z logger.go:66: module.eks.aws_eks_cluster.this[0]: Still creating... [1m10s elapsed]
TestTerraformCompleteExample 2022-03-23T15:11:42Z logger.go:66: module.vpc.aws_nat_gateway.this[0]: Still creating... [1m10s elapsed]
TestTerraformCompleteExample 2022-03-23T15:11:49Z logger.go:66: module.eks.aws_eks_cluster.this[0]: Still creating... [1m20s elapsed]
TestTerraformCompleteExample 2022-03-23T15:11:52Z logger.go:66: module.vpc.aws_nat_gateway.this[0]: Still creating... [1m20s elapsed]
TestTerraformCompleteExample 2022-03-23T15:11:59Z logger.go:66: module.eks.aws_eks_cluster.this[0]: Still creating... [1m29s elapsed]
TestTerraformCompleteExample 2022-03-23T15:12:02Z logger.go:66: module.vpc.aws_nat_gateway.this[0]: Still creating... [1m30s elapsed]
TestTerraformCompleteExample 2022-03-23T15:12:07Z logger.go:66: module.vpc.aws_nat_gateway.this[0]: Creation complete after 1m35s [id=nat-0b8a39930cdd1eaf1]
TestTerraformCompleteExample 2022-03-23T15:12:07Z logger.go:66: module.vpc.aws_route.private_nat_gateway[0]: Creating...
TestTerraformCompleteExample 2022-03-23T15:12:08Z logger.go:66: module.vpc.aws_route.private_nat_gateway[0]: Creation complete after 0s [id=r-rtb-0758be46ecf76fbc51080289494]
TestTerraformCompleteExample 2022-03-23T15:12:09Z logger.go:66: module.eks.aws_eks_cluster.this[0]: Still creating... [1m39s elapsed]
TestTerraformCompleteExample 2022-03-23T15:12:19Z logger.go:66: module.eks.aws_eks_cluster.this[0]: Still creating... [1m49s elapsed]
TestTerraformCompleteExample 2022-03-23T15:12:29Z logger.go:66: module.eks.aws_eks_cluster.this[0]: Still creating... [1m59s elapsed]
TestTerraformCompleteExample 2022-03-23T15:12:39Z logger.go:66: module.eks.aws_eks_cluster.this[0]: Still creating... [2m9s elapsed]
TestTerraformCompleteExample 2022-03-23T15:12:49Z logger.go:66: module.eks.aws_eks_cluster.this[0]: Still creating... [2m19s elapsed]
TestTerraformCompleteExample 2022-03-23T15:12:59Z logger.go:66: module.eks.aws_eks_cluster.this[0]: Still creating... [2m29s elapsed]
TestTerraformCompleteExample 2022-03-23T15:13:09Z logger.go:66: module.eks.aws_eks_cluster.this[0]: Still creating... [2m39s elapsed]
TestTerraformCompleteExample 2022-03-23T15:13:19Z logger.go:66: module.eks.aws_eks_cluster.this[0]: Still creating... [2m49s elapsed]
TestTerraformCompleteExample 2022-03-23T15:13:29Z logger.go:66: module.eks.aws_eks_cluster.this[0]: Still creating... [2m59s elapsed]
TestTerraformCompleteExample 2022-03-23T15:13:39Z logger.go:66: module.eks.aws_eks_cluster.this[0]: Still creating... [3m9s elapsed]
TestTerraformCompleteExample 2022-03-23T15:13:49Z logger.go:66: module.eks.aws_eks_cluster.this[0]: Still creating... [3m19s elapsed]
TestTerraformCompleteExample 2022-03-23T15:13:59Z logger.go:66: module.eks.aws_eks_cluster.this[0]: Still creating... [3m29s elapsed]
TestTerraformCompleteExample 2022-03-23T15:14:09Z logger.go:66: module.eks.aws_eks_cluster.this[0]: Still creating... [3m39s elapsed]
TestTerraformCompleteExample 2022-03-23T15:14:19Z logger.go:66: module.eks.aws_eks_cluster.this[0]: Still creating... [3m49s elapsed]
TestTerraformCompleteExample 2022-03-23T15:14:29Z logger.go:66: module.eks.aws_eks_cluster.this[0]: Still creating... [3m59s elapsed]
TestTerraformCompleteExample 2022-03-23T15:14:39Z logger.go:66: module.eks.aws_eks_cluster.this[0]: Still creating... [4m9s elapsed]
TestTerraformCompleteExample 2022-03-23T15:14:49Z logger.go:66: module.eks.aws_eks_cluster.this[0]: Still creating... [4m19s elapsed]
TestTerraformCompleteExample 2022-03-23T15:14:59Z logger.go:66: module.eks.aws_eks_cluster.this[0]: Still creating... [4m29s elapsed]
TestTerraformCompleteExample 2022-03-23T15:15:09Z logger.go:66: module.eks.aws_eks_cluster.this[0]: Still creating... [4m39s elapsed]
TestTerraformCompleteExample 2022-03-23T15:15:19Z logger.go:66: module.eks.aws_eks_cluster.this[0]: Still creating... [4m49s elapsed]
TestTerraformCompleteExample 2022-03-23T15:15:29Z logger.go:66: module.eks.aws_eks_cluster.this[0]: Still creating... [4m59s elapsed]
TestTerraformCompleteExample 2022-03-23T15:15:39Z logger.go:66: module.eks.aws_eks_cluster.this[0]: Still creating... [5m9s elapsed]
TestTerraformCompleteExample 2022-03-23T15:15:49Z logger.go:66: module.eks.aws_eks_cluster.this[0]: Still creating... [5m19s elapsed]
TestTerraformCompleteExample 2022-03-23T15:15:59Z logger.go:66: module.eks.aws_eks_cluster.this[0]: Still creating... [5m29s elapsed]
TestTerraformCompleteExample 2022-03-23T15:16:09Z logger.go:66: module.eks.aws_eks_cluster.this[0]: Still creating... [5m39s elapsed]
TestTerraformCompleteExample 2022-03-23T15:16:19Z logger.go:66: module.eks.aws_eks_cluster.this[0]: Still creating... [5m49s elapsed]
TestTerraformCompleteExample 2022-03-23T15:16:29Z logger.go:66: module.eks.aws_eks_cluster.this[0]: Still creating... [5m59s elapsed]
TestTerraformCompleteExample 2022-03-23T15:16:39Z logger.go:66: module.eks.aws_eks_cluster.this[0]: Still creating... [6m9s elapsed]
TestTerraformCompleteExample 2022-03-23T15:16:49Z logger.go:66: module.eks.aws_eks_cluster.this[0]: Still creating... [6m19s elapsed]
TestTerraformCompleteExample 2022-03-23T15:16:59Z logger.go:66: module.eks.aws_eks_cluster.this[0]: Still creating... [6m29s elapsed]
TestTerraformCompleteExample 2022-03-23T15:17:09Z logger.go:66: module.eks.aws_eks_cluster.this[0]: Still creating... [6m39s elapsed]
TestTerraformCompleteExample 2022-03-23T15:17:19Z logger.go:66: module.eks.aws_eks_cluster.this[0]: Still creating... [6m49s elapsed]
TestTerraformCompleteExample 2022-03-23T15:17:29Z logger.go:66: module.eks.aws_eks_cluster.this[0]: Still creating... [6m59s elapsed]
TestTerraformCompleteExample 2022-03-23T15:17:39Z logger.go:66: module.eks.aws_eks_cluster.this[0]: Still creating... [7m9s elapsed]
TestTerraformCompleteExample 2022-03-23T15:17:49Z logger.go:66: module.eks.aws_eks_cluster.this[0]: Still creating... [7m19s elapsed]
TestTerraformCompleteExample 2022-03-23T15:17:59Z logger.go:66: module.eks.aws_eks_cluster.this[0]: Still creating... [7m29s elapsed]
TestTerraformCompleteExample 2022-03-23T15:18:09Z logger.go:66: module.eks.aws_eks_cluster.this[0]: Still creating... [7m39s elapsed]
TestTerraformCompleteExample 2022-03-23T15:18:19Z logger.go:66: module.eks.aws_eks_cluster.this[0]: Still creating... [7m49s elapsed]
TestTerraformCompleteExample 2022-03-23T15:18:29Z logger.go:66: module.eks.aws_eks_cluster.this[0]: Still creating... [7m59s elapsed]
TestTerraformCompleteExample 2022-03-23T15:18:39Z logger.go:66: module.eks.aws_eks_cluster.this[0]: Still creating... [8m9s elapsed]
TestTerraformCompleteExample 2022-03-23T15:18:49Z logger.go:66: module.eks.aws_eks_cluster.this[0]: Still creating... [8m19s elapsed]
TestTerraformCompleteExample 2022-03-23T15:18:59Z logger.go:66: module.eks.aws_eks_cluster.this[0]: Still creating... [8m29s elapsed]
TestTerraformCompleteExample 2022-03-23T15:19:09Z logger.go:66: module.eks.aws_eks_cluster.this[0]: Still creating... [8m39s elapsed]
TestTerraformCompleteExample 2022-03-23T15:19:19Z logger.go:66: module.eks.aws_eks_cluster.this[0]: Still creating... [8m49s elapsed]
TestTerraformCompleteExample 2022-03-23T15:19:29Z logger.go:66: module.eks.aws_eks_cluster.this[0]: Still creating... [8m59s elapsed]
TestTerraformCompleteExample 2022-03-23T15:19:39Z logger.go:66: module.eks.aws_eks_cluster.this[0]: Still creating... [9m9s elapsed]
TestTerraformCompleteExample 2022-03-23T15:19:49Z logger.go:66: module.eks.aws_eks_cluster.this[0]: Still creating... [9m19s elapsed]
TestTerraformCompleteExample 2022-03-23T15:19:58Z logger.go:66: module.eks.aws_eks_cluster.this[0]: Still creating... [9m29s elapsed]
TestTerraformCompleteExample 2022-03-23T15:20:08Z logger.go:66: module.eks.aws_eks_cluster.this[0]: Still creating... [9m39s elapsed]
TestTerraformCompleteExample 2022-03-23T15:20:18Z logger.go:66: module.eks.aws_eks_cluster.this[0]: Still creating... [9m49s elapsed]
TestTerraformCompleteExample 2022-03-23T15:20:28Z logger.go:66: module.eks.aws_eks_cluster.this[0]: Still creating... [9m59s elapsed]
TestTerraformCompleteExample 2022-03-23T15:20:38Z logger.go:66: module.eks.aws_eks_cluster.this[0]: Still creating... [10m9s elapsed]
TestTerraformCompleteExample 2022-03-23T15:20:44Z logger.go:66: module.eks.aws_eks_cluster.this[0]: Creation complete after 10m15s [id=ex-complete]
TestTerraformCompleteExample 2022-03-23T15:20:44Z logger.go:66: module.eks.data.tls_certificate.this[0]: Reading...
TestTerraformCompleteExample 2022-03-23T15:20:44Z logger.go:66: module.eks.module.fargate_profile["bar"].aws_eks_fargate_profile.this[0]: Creating...
TestTerraformCompleteExample 2022-03-23T15:20:44Z logger.go:66: data.aws_eks_cluster.cluster: Reading...
TestTerraformCompleteExample 2022-03-23T15:20:44Z logger.go:66: data.aws_eks_cluster_auth.cluster: Reading...
TestTerraformCompleteExample 2022-03-23T15:20:44Z logger.go:66: data.aws_eks_cluster_auth.cluster: Read complete after 0s [id=ex-complete]
TestTerraformCompleteExample 2022-03-23T15:20:44Z logger.go:66: module.eks.module.self_managed_node_group["boo"].aws_launch_template.this[0]: Creating...
TestTerraformCompleteExample 2022-03-23T15:20:44Z logger.go:66: module.eks.module.eks_managed_node_group["foo"].aws_launch_template.this[0]: Creating...
TestTerraformCompleteExample 2022-03-23T15:20:44Z logger.go:66: data.aws_eks_cluster.cluster: Read complete after 0s [id=ex-complete]
TestTerraformCompleteExample 2022-03-23T15:20:44Z logger.go:66: module.eks.data.tls_certificate.this[0]: Read complete after 0s [id=2022-03-23 15:20:44.9278536 +0000 UTC]
TestTerraformCompleteExample 2022-03-23T15:20:44Z logger.go:66: module.eks.aws_iam_openid_connect_provider.oidc_provider[0]: Creating...
TestTerraformCompleteExample 2022-03-23T15:20:45Z logger.go:66: module.eks.module.eks_managed_node_group["foo"].aws_launch_template.this[0]: Creation complete after 0s [id=lt-0f378dd39b587476e]
TestTerraformCompleteExample 2022-03-23T15:20:45Z logger.go:66: module.eks.module.eks_managed_node_group["foo"].aws_eks_node_group.this[0]: Creating...
TestTerraformCompleteExample 2022-03-23T15:20:45Z logger.go:66: module.eks.module.self_managed_node_group["boo"].aws_launch_template.this[0]: Creation complete after 0s [id=lt-027f011ace8dbc335]
TestTerraformCompleteExample 2022-03-23T15:20:45Z logger.go:66: module.eks.module.self_managed_node_group["boo"].aws_autoscaling_group.this[0]: Creating...
TestTerraformCompleteExample 2022-03-23T15:20:45Z logger.go:66: module.eks.aws_iam_openid_connect_provider.oidc_provider[0]: Creation complete after 1s [id=arn:aws:iam::11111111111:oidc-provider/oidc.eks.us-west-2.amazonaws.com/id/4B2DBFC156ACEBC287EA8CA677B0EB69]
TestTerraformCompleteExample 2022-03-23T15:20:54Z logger.go:66: module.eks.module.fargate_profile["bar"].aws_eks_fargate_profile.this[0]: Still creating... [10s elapsed]
TestTerraformCompleteExample 2022-03-23T15:20:55Z logger.go:66: module.eks.module.eks_managed_node_group["foo"].aws_eks_node_group.this[0]: Still creating... [10s elapsed]
TestTerraformCompleteExample 2022-03-23T15:20:55Z logger.go:66: module.eks.module.self_managed_node_group["boo"].aws_autoscaling_group.this[0]: Still creating... [10s elapsed]
TestTerraformCompleteExample 2022-03-23T15:21:04Z logger.go:66: module.eks.module.fargate_profile["bar"].aws_eks_fargate_profile.this[0]: Still creating... [20s elapsed]
TestTerraformCompleteExample 2022-03-23T15:21:05Z logger.go:66: module.eks.module.eks_managed_node_group["foo"].aws_eks_node_group.this[0]: Still creating... [20s elapsed]
TestTerraformCompleteExample 2022-03-23T15:21:05Z logger.go:66: module.eks.module.self_managed_node_group["boo"].aws_autoscaling_group.this[0]: Still creating... [20s elapsed]
TestTerraformCompleteExample 2022-03-23T15:21:14Z logger.go:66: module.eks.module.self_managed_node_group["boo"].aws_autoscaling_group.this[0]: Creation complete after 29s [id=boo-2022032315204538390000001b]
TestTerraformCompleteExample 2022-03-23T15:21:14Z logger.go:66: module.eks.module.fargate_profile["bar"].aws_eks_fargate_profile.this[0]: Still creating... [30s elapsed]
TestTerraformCompleteExample 2022-03-23T15:21:15Z logger.go:66: module.eks.module.eks_managed_node_group["foo"].aws_eks_node_group.this[0]: Still creating... [30s elapsed]
TestTerraformCompleteExample 2022-03-23T15:21:24Z logger.go:66: module.eks.module.fargate_profile["bar"].aws_eks_fargate_profile.this[0]: Still creating... [40s elapsed]
TestTerraformCompleteExample 2022-03-23T15:21:25Z logger.go:66: module.eks.module.eks_managed_node_group["foo"].aws_eks_node_group.this[0]: Still creating... [40s elapsed]
TestTerraformCompleteExample 2022-03-23T15:21:34Z logger.go:66: module.eks.module.fargate_profile["bar"].aws_eks_fargate_profile.this[0]: Still creating... [49s elapsed]
TestTerraformCompleteExample 2022-03-23T15:21:35Z logger.go:66: module.eks.module.eks_managed_node_group["foo"].aws_eks_node_group.this[0]: Still creating... [50s elapsed]
TestTerraformCompleteExample 2022-03-23T15:21:44Z logger.go:66: module.eks.module.fargate_profile["bar"].aws_eks_fargate_profile.this[0]: Still creating... [59s elapsed]
TestTerraformCompleteExample 2022-03-23T15:21:45Z logger.go:66: module.eks.module.eks_managed_node_group["foo"].aws_eks_node_group.this[0]: Still creating... [1m0s elapsed]
TestTerraformCompleteExample 2022-03-23T15:21:54Z logger.go:66: module.eks.module.fargate_profile["bar"].aws_eks_fargate_profile.this[0]: Still creating... [1m9s elapsed]
TestTerraformCompleteExample 2022-03-23T15:21:55Z logger.go:66: module.eks.module.eks_managed_node_group["foo"].aws_eks_node_group.this[0]: Still creating... [1m10s elapsed]
TestTerraformCompleteExample 2022-03-23T15:22:04Z logger.go:66: module.eks.module.fargate_profile["bar"].aws_eks_fargate_profile.this[0]: Still creating... [1m19s elapsed]
TestTerraformCompleteExample 2022-03-23T15:22:05Z logger.go:66: module.eks.module.eks_managed_node_group["foo"].aws_eks_node_group.this[0]: Still creating... [1m20s elapsed]
TestTerraformCompleteExample 2022-03-23T15:22:14Z logger.go:66: module.eks.module.fargate_profile["bar"].aws_eks_fargate_profile.this[0]: Still creating... [1m29s elapsed]
TestTerraformCompleteExample 2022-03-23T15:22:15Z logger.go:66: module.eks.module.eks_managed_node_group["foo"].aws_eks_node_group.this[0]: Still creating... [1m30s elapsed]
TestTerraformCompleteExample 2022-03-23T15:22:24Z logger.go:66: module.eks.module.fargate_profile["bar"].aws_eks_fargate_profile.this[0]: Still creating... [1m39s elapsed]
TestTerraformCompleteExample 2022-03-23T15:22:25Z logger.go:66: module.eks.module.eks_managed_node_group["foo"].aws_eks_node_group.this[0]: Still creating... [1m40s elapsed]
TestTerraformCompleteExample 2022-03-23T15:22:34Z logger.go:66: module.eks.module.fargate_profile["bar"].aws_eks_fargate_profile.this[0]: Still creating... [1m49s elapsed]
TestTerraformCompleteExample 2022-03-23T15:22:35Z logger.go:66: module.eks.module.eks_managed_node_group["foo"].aws_eks_node_group.this[0]: Still creating... [1m50s elapsed]
TestTerraformCompleteExample 2022-03-23T15:22:44Z logger.go:66: module.eks.module.fargate_profile["bar"].aws_eks_fargate_profile.this[0]: Still creating... [1m59s elapsed]
TestTerraformCompleteExample 2022-03-23T15:22:45Z logger.go:66: module.eks.module.eks_managed_node_group["foo"].aws_eks_node_group.this[0]: Still creating... [2m0s elapsed]
TestTerraformCompleteExample 2022-03-23T15:22:54Z logger.go:66: module.eks.module.fargate_profile["bar"].aws_eks_fargate_profile.this[0]: Still creating... [2m9s elapsed]
TestTerraformCompleteExample 2022-03-23T15:22:55Z logger.go:66: module.eks.module.eks_managed_node_group["foo"].aws_eks_node_group.this[0]: Still creating... [2m10s elapsed]
TestTerraformCompleteExample 2022-03-23T15:23:04Z logger.go:66: module.eks.module.fargate_profile["bar"].aws_eks_fargate_profile.this[0]: Still creating... [2m19s elapsed]
TestTerraformCompleteExample 2022-03-23T15:23:05Z logger.go:66: module.eks.module.eks_managed_node_group["foo"].aws_eks_node_group.this[0]: Still creating... [2m20s elapsed]
TestTerraformCompleteExample 2022-03-23T15:23:14Z logger.go:66: module.eks.module.fargate_profile["bar"].aws_eks_fargate_profile.this[0]: Still creating... [2m29s elapsed]
TestTerraformCompleteExample 2022-03-23T15:23:15Z logger.go:66: module.eks.module.eks_managed_node_group["foo"].aws_eks_node_group.this[0]: Still creating... [2m30s elapsed]
TestTerraformCompleteExample 2022-03-23T15:23:23Z logger.go:66: module.eks.module.fargate_profile["bar"].aws_eks_fargate_profile.this[0]: Creation complete after 2m38s [id=ex-complete:bar]
TestTerraformCompleteExample 2022-03-23T15:23:25Z logger.go:66: module.eks.module.eks_managed_node_group["foo"].aws_eks_node_group.this[0]: Still creating... [2m40s elapsed]
TestTerraformCompleteExample 2022-03-23T15:23:25Z logger.go:66: module.eks.module.eks_managed_node_group["foo"].aws_eks_node_group.this[0]: Creation complete after 2m40s [id=ex-complete:foo-20220323152045319900000019]
TestTerraformCompleteExample 2022-03-23T15:23:25Z logger.go:66: module.eks_auth.kubectl_manifest.patch: Creating...
TestTerraformCompleteExample 2022-03-23T15:23:25Z logger.go:66: module.eks_auth.kubectl_manifest.patch: Creation complete after 1s [id=/api/v1/namespaces/kube-system/configmaps/aws-auth]
TestTerraformCompleteExample 2022-03-23T15:23:25Z logger.go:66:
TestTerraformCompleteExample 2022-03-23T15:23:25Z logger.go:66: Apply complete! Resources: 61 added, 0 changed, 0 destroyed.
TestTerraformCompleteExample 2022-03-23T15:23:25Z logger.go:66:
TestTerraformCompleteExample 2022-03-23T15:23:25Z logger.go:66: Outputs:
TestTerraformCompleteExample 2022-03-23T15:23:25Z logger.go:66:
TestTerraformCompleteExample 2022-03-23T15:23:25Z logger.go:66: fargate_profile_iam_role_arn = "arn:aws:iam::11111111111:role/bar-20220323151009311300000003"
TestTerraformCompleteExample 2022-03-23T15:23:25Z logger.go:66: managed_node_group_iam_role_arn = "arn:aws:iam::11111111111:role/foo-eks-node-group-20220323151009303900000001"
TestTerraformCompleteExample 2022-03-23T15:23:25Z logger.go:66: map_accounts = tolist([
TestTerraformCompleteExample 2022-03-23T15:23:25Z logger.go:66:   "777777777777",
TestTerraformCompleteExample 2022-03-23T15:23:25Z logger.go:66:   "888888888888",
TestTerraformCompleteExample 2022-03-23T15:23:25Z logger.go:66: ])
TestTerraformCompleteExample 2022-03-23T15:23:25Z logger.go:66: map_roles = tolist([
TestTerraformCompleteExample 2022-03-23T15:23:25Z logger.go:66:   {
TestTerraformCompleteExample 2022-03-23T15:23:25Z logger.go:66:     "groups" = tolist([
TestTerraformCompleteExample 2022-03-23T15:23:25Z logger.go:66:       "system:bootstrappers",
TestTerraformCompleteExample 2022-03-23T15:23:25Z logger.go:66:       "system:nodes",
TestTerraformCompleteExample 2022-03-23T15:23:25Z logger.go:66:     ])
TestTerraformCompleteExample 2022-03-23T15:23:25Z logger.go:66:     "rolearn" = "arn:aws:iam::11111111111:role/foo-eks-node-group-20220323151009303900000001"
TestTerraformCompleteExample 2022-03-23T15:23:25Z logger.go:66:     "username" = "system:node:{{EC2PrivateDNSName}}"
TestTerraformCompleteExample 2022-03-23T15:23:25Z logger.go:66:   },
TestTerraformCompleteExample 2022-03-23T15:23:25Z logger.go:66:   {
TestTerraformCompleteExample 2022-03-23T15:23:25Z logger.go:66:     "groups" = tolist([
TestTerraformCompleteExample 2022-03-23T15:23:25Z logger.go:66:       "system:bootstrappers",
TestTerraformCompleteExample 2022-03-23T15:23:25Z logger.go:66:       "system:nodes",
TestTerraformCompleteExample 2022-03-23T15:23:25Z logger.go:66:     ])
TestTerraformCompleteExample 2022-03-23T15:23:25Z logger.go:66:     "rolearn" = "arn:aws:iam::11111111111:role/boo-node-group-20220323151009311600000004"
TestTerraformCompleteExample 2022-03-23T15:23:25Z logger.go:66:     "username" = "system:node:{{EC2PrivateDNSName}}"
TestTerraformCompleteExample 2022-03-23T15:23:25Z logger.go:66:   },
TestTerraformCompleteExample 2022-03-23T15:23:25Z logger.go:66:   {
TestTerraformCompleteExample 2022-03-23T15:23:25Z logger.go:66:     "groups" = tolist([
TestTerraformCompleteExample 2022-03-23T15:23:25Z logger.go:66:       "system:bootstrappers",
TestTerraformCompleteExample 2022-03-23T15:23:25Z logger.go:66:       "system:nodes",
TestTerraformCompleteExample 2022-03-23T15:23:25Z logger.go:66:       "system:node-proxier",
TestTerraformCompleteExample 2022-03-23T15:23:25Z logger.go:66:     ])
TestTerraformCompleteExample 2022-03-23T15:23:25Z logger.go:66:     "rolearn" = "arn:aws:iam::11111111111:role/bar-20220323151009311300000003"
TestTerraformCompleteExample 2022-03-23T15:23:25Z logger.go:66:     "username" = "system:node:{{SessionName}}"
TestTerraformCompleteExample 2022-03-23T15:23:25Z logger.go:66:   },
TestTerraformCompleteExample 2022-03-23T15:23:25Z logger.go:66:   {
TestTerraformCompleteExample 2022-03-23T15:23:25Z logger.go:66:     "groups" = tolist([
TestTerraformCompleteExample 2022-03-23T15:23:25Z logger.go:66:       "system:masters",
TestTerraformCompleteExample 2022-03-23T15:23:25Z logger.go:66:     ])
TestTerraformCompleteExample 2022-03-23T15:23:25Z logger.go:66:     "rolearn" = "arn:aws:iam::66666666666:role/role1"
TestTerraformCompleteExample 2022-03-23T15:23:25Z logger.go:66:     "username" = "role1"
TestTerraformCompleteExample 2022-03-23T15:23:25Z logger.go:66:   },
TestTerraformCompleteExample 2022-03-23T15:23:25Z logger.go:66: ])
TestTerraformCompleteExample 2022-03-23T15:23:25Z logger.go:66: map_users = tolist([
TestTerraformCompleteExample 2022-03-23T15:23:25Z logger.go:66:   {
TestTerraformCompleteExample 2022-03-23T15:23:25Z logger.go:66:     "groups" = tolist([
TestTerraformCompleteExample 2022-03-23T15:23:25Z logger.go:66:       "system:masters",
TestTerraformCompleteExample 2022-03-23T15:23:25Z logger.go:66:     ])
TestTerraformCompleteExample 2022-03-23T15:23:25Z logger.go:66:     "userarn" = "arn:aws:iam::66666666666:user/user1"
TestTerraformCompleteExample 2022-03-23T15:23:25Z logger.go:66:     "username" = "user1"
TestTerraformCompleteExample 2022-03-23T15:23:25Z logger.go:66:   },
TestTerraformCompleteExample 2022-03-23T15:23:25Z logger.go:66:   {
TestTerraformCompleteExample 2022-03-23T15:23:25Z logger.go:66:     "groups" = tolist([
TestTerraformCompleteExample 2022-03-23T15:23:25Z logger.go:66:       "system:masters",
TestTerraformCompleteExample 2022-03-23T15:23:25Z logger.go:66:     ])
TestTerraformCompleteExample 2022-03-23T15:23:25Z logger.go:66:     "userarn" = "arn:aws:iam::66666666666:user/user2"
TestTerraformCompleteExample 2022-03-23T15:23:25Z logger.go:66:     "username" = "user2"
TestTerraformCompleteExample 2022-03-23T15:23:25Z logger.go:66:   },
TestTerraformCompleteExample 2022-03-23T15:23:25Z logger.go:66: ])
TestTerraformCompleteExample 2022-03-23T15:23:25Z logger.go:66: self_managed_node_group_iam_role_arn = "arn:aws:iam::11111111111:role/boo-node-group-20220323151009311600000004"
TestTerraformCompleteExample 2022-03-23T15:23:25Z retry.go:91: terraform [output -no-color -json managed_node_group_iam_role_arn]
TestTerraformCompleteExample 2022-03-23T15:23:25Z logger.go:66: Running command terraform with args [output -no-color -json managed_node_group_iam_role_arn]
TestTerraformCompleteExample 2022-03-23T15:23:27Z logger.go:66: "arn:aws:iam::11111111111:role/foo-eks-node-group-20220323151009303900000001"
TestTerraformCompleteExample 2022-03-23T15:23:27Z retry.go:91: terraform [output -no-color -json self_managed_node_group_iam_role_arn]
TestTerraformCompleteExample 2022-03-23T15:23:27Z logger.go:66: Running command terraform with args [output -no-color -json self_managed_node_group_iam_role_arn]
TestTerraformCompleteExample 2022-03-23T15:23:28Z logger.go:66: "arn:aws:iam::11111111111:role/boo-node-group-20220323151009311600000004"
TestTerraformCompleteExample 2022-03-23T15:23:28Z retry.go:91: terraform [output -no-color -json fargate_profile_iam_role_arn]
TestTerraformCompleteExample 2022-03-23T15:23:28Z logger.go:66: Running command terraform with args [output -no-color -json fargate_profile_iam_role_arn]
TestTerraformCompleteExample 2022-03-23T15:23:30Z logger.go:66: "arn:aws:iam::11111111111:role/bar-20220323151009311300000003"
TestTerraformCompleteExample 2022-03-23T15:23:30Z retry.go:91: terraform [output -no-color -json map_roles]
TestTerraformCompleteExample 2022-03-23T15:23:30Z logger.go:66: Running command terraform with args [output -no-color -json map_roles]
TestTerraformCompleteExample 2022-03-23T15:23:32Z logger.go:66: [{"groups":["system:bootstrappers","system:nodes"],"rolearn":"arn:aws:iam::11111111111:role/foo-eks-node-group-20220323151009303900000001","username":"system:node:{{EC2PrivateDNSName}}"},{"groups":["system:bootstrappers","system:nodes"],"rolearn":"arn:aws:iam::11111111111:role/boo-node-group-20220323151009311600000004","username":"system:node:{{EC2PrivateDNSName}}"},{"groups":["system:bootstrappers","system:nodes","system:node-proxier"],"rolearn":"arn:aws:iam::11111111111:role/bar-20220323151009311300000003","username":"system:node:{{SessionName}}"},{"groups":["system:masters"],"rolearn":"arn:aws:iam::66666666666:role/role1","username":"role1"}]
TestTerraformCompleteExample 2022-03-23T15:23:32Z retry.go:91: terraform [output -no-color -json map_users]
TestTerraformCompleteExample 2022-03-23T15:23:32Z logger.go:66: Running command terraform with args [output -no-color -json map_users]
TestTerraformCompleteExample 2022-03-23T15:23:33Z logger.go:66: [{"groups":["system:masters"],"userarn":"arn:aws:iam::66666666666:user/user1","username":"user1"},{"groups":["system:masters"],"userarn":"arn:aws:iam::66666666666:user/user2","username":"user2"}]
TestTerraformCompleteExample 2022-03-23T15:23:33Z retry.go:91: terraform [output -no-color -json map_accounts]
TestTerraformCompleteExample 2022-03-23T15:23:33Z logger.go:66: Running command terraform with args [output -no-color -json map_accounts]
TestTerraformCompleteExample 2022-03-23T15:23:35Z logger.go:66: ["777777777777","888888888888"]
TestTerraformCompleteExample 2022-03-23T15:23:35Z retry.go:91: terraform [apply -input=false -auto-approve -no-color -lock=false]
TestTerraformCompleteExample 2022-03-23T15:23:35Z logger.go:66: Running command terraform with args [apply -input=false -auto-approve -no-color -lock=false]
TestTerraformCompleteExample 2022-03-23T15:23:40Z logger.go:66: module.vpc.aws_eip.nat[0]: Refreshing state... [id=eipalloc-024255bd65c65b9d7]
TestTerraformCompleteExample 2022-03-23T15:23:40Z logger.go:66: module.vpc.aws_vpc.this[0]: Refreshing state... [id=vpc-08f223165937bfa42]
TestTerraformCompleteExample 2022-03-23T15:23:40Z logger.go:66: module.eks.aws_cloudwatch_log_group.this[0]: Refreshing state... [id=/aws/eks/ex-complete/cluster]
TestTerraformCompleteExample 2022-03-23T15:23:40Z logger.go:66: module.eks.module.fargate_profile["bar"].aws_iam_role.this[0]: Refreshing state... [id=bar-20220323151009311300000003]
TestTerraformCompleteExample 2022-03-23T15:23:40Z logger.go:66: module.eks.module.self_managed_node_group["boo"].aws_iam_role.this[0]: Refreshing state... [id=boo-node-group-20220323151009311600000004]
TestTerraformCompleteExample 2022-03-23T15:23:40Z logger.go:66: module.eks.module.eks_managed_node_group["foo"].aws_iam_role.this[0]: Refreshing state... [id=foo-eks-node-group-20220323151009303900000001]
TestTerraformCompleteExample 2022-03-23T15:23:40Z logger.go:66: module.eks.aws_iam_role.this[0]: Refreshing state... [id=ex-complete-cluster-20220323151009306200000002]
TestTerraformCompleteExample 2022-03-23T15:23:41Z logger.go:66: module.eks.module.eks_managed_node_group["foo"].aws_security_group.this[0]: Refreshing state... [id=sg-04379df5c4537d4f0]
TestTerraformCompleteExample 2022-03-23T15:23:41Z logger.go:66: module.eks.aws_security_group.cluster[0]: Refreshing state... [id=sg-0941752c50550e73a]
TestTerraformCompleteExample 2022-03-23T15:23:41Z logger.go:66: module.eks.module.self_managed_node_group["boo"].aws_security_group.this[0]: Refreshing state... [id=sg-05d31a42bcebc395b]
TestTerraformCompleteExample 2022-03-23T15:23:41Z logger.go:66: module.eks.aws_security_group.node[0]: Refreshing state... [id=sg-0a63a098d68ce7755]
TestTerraformCompleteExample 2022-03-23T15:23:41Z logger.go:66: module.vpc.aws_route_table.public[0]: Refreshing state... [id=rtb-014da72b46fd7ca9c]
TestTerraformCompleteExample 2022-03-23T15:23:41Z logger.go:66: module.vpc.aws_subnet.public[1]: Refreshing state... [id=subnet-0552d4b295493d9bd]
TestTerraformCompleteExample 2022-03-23T15:23:41Z logger.go:66: module.vpc.aws_subnet.public[2]: Refreshing state... [id=subnet-0ada2007f714da19a]
TestTerraformCompleteExample 2022-03-23T15:23:41Z logger.go:66: module.vpc.aws_route_table.private[0]: Refreshing state... [id=rtb-0758be46ecf76fbc5]
TestTerraformCompleteExample 2022-03-23T15:23:41Z logger.go:66: module.vpc.aws_subnet.public[0]: Refreshing state... [id=subnet-0c14641d438ec1744]
TestTerraformCompleteExample 2022-03-23T15:23:41Z logger.go:66: module.vpc.aws_internet_gateway.this[0]: Refreshing state... [id=igw-0a1c84ec27feddb14]
TestTerraformCompleteExample 2022-03-23T15:23:41Z logger.go:66: module.vpc.aws_subnet.private[1]: Refreshing state... [id=subnet-01284105c09c11104]
TestTerraformCompleteExample 2022-03-23T15:23:41Z logger.go:66: module.vpc.aws_subnet.private[2]: Refreshing state... [id=subnet-00dbbd09ccc535bc6]
TestTerraformCompleteExample 2022-03-23T15:23:41Z logger.go:66: module.vpc.aws_subnet.private[0]: Refreshing state... [id=subnet-0650f6dd05be35933]
TestTerraformCompleteExample 2022-03-23T15:23:41Z logger.go:66: module.eks.module.fargate_profile["bar"].aws_iam_role_policy_attachment.this["arn:aws:iam::aws:policy/AmazonEKS_CNI_Policy"]: Refreshing state... [id=bar-20220323151009311300000003-2022032315101100800000000e]
TestTerraformCompleteExample 2022-03-23T15:23:41Z logger.go:66: module.eks.module.fargate_profile["bar"].aws_iam_role_policy_attachment.this["arn:aws:iam::aws:policy/AmazonEKSFargatePodExecutionRolePolicy"]: Refreshing state... [id=bar-20220323151009311300000003-2022032315101102520000000f]
TestTerraformCompleteExample 2022-03-23T15:23:41Z logger.go:66: module.eks.aws_iam_role_policy_attachment.this["arn:aws:iam::aws:policy/AmazonEKSClusterPolicy"]: Refreshing state... [id=ex-complete-cluster-20220323151009306200000002-2022032315101085900000000d]
TestTerraformCompleteExample 2022-03-23T15:23:41Z logger.go:66: module.eks.aws_iam_role_policy_attachment.this["arn:aws:iam::aws:policy/AmazonEKSVPCResourceController"]: Refreshing state... [id=ex-complete-cluster-20220323151009306200000002-2022032315101075450000000b]
TestTerraformCompleteExample 2022-03-23T15:23:41Z logger.go:66: module.eks.module.eks_managed_node_group["foo"].aws_iam_role_policy_attachment.this["arn:aws:iam::aws:policy/AmazonEC2ContainerRegistryReadOnly"]: Refreshing state... [id=foo-eks-node-group-20220323151009303900000001-20220323151010613500000007]
TestTerraformCompleteExample 2022-03-23T15:23:41Z logger.go:66: module.eks.module.eks_managed_node_group["foo"].aws_iam_role_policy_attachment.this["arn:aws:iam::aws:policy/AmazonEKS_CNI_Policy"]: Refreshing state... [id=foo-eks-node-group-20220323151009303900000001-2022032315101075610000000c]
TestTerraformCompleteExample 2022-03-23T15:23:41Z logger.go:66: module.eks.module.eks_managed_node_group["foo"].aws_iam_role_policy_attachment.this["arn:aws:iam::aws:policy/AmazonEKSWorkerNodePolicy"]: Refreshing state... [id=foo-eks-node-group-20220323151009303900000001-2022032315101072740000000a]
TestTerraformCompleteExample 2022-03-23T15:23:41Z logger.go:66: module.eks.module.self_managed_node_group["boo"].aws_iam_role_policy_attachment.this["arn:aws:iam::aws:policy/AmazonEC2ContainerRegistryReadOnly"]: Refreshing state... [id=boo-node-group-20220323151009311600000004-20220323151010583900000006]
TestTerraformCompleteExample 2022-03-23T15:23:41Z logger.go:66: module.eks.module.self_managed_node_group["boo"].aws_iam_role_policy_attachment.this["arn:aws:iam::aws:policy/AmazonEKS_CNI_Policy"]: Refreshing state... [id=boo-node-group-20220323151009311600000004-20220323151010703300000009]
TestTerraformCompleteExample 2022-03-23T15:23:41Z logger.go:66: module.eks.module.self_managed_node_group["boo"].aws_iam_role_policy_attachment.this["arn:aws:iam::aws:policy/AmazonEKSWorkerNodePolicy"]: Refreshing state... [id=boo-node-group-20220323151009311600000004-20220323151010619200000008]
TestTerraformCompleteExample 2022-03-23T15:23:41Z logger.go:66: module.eks.module.self_managed_node_group["boo"].aws_iam_instance_profile.this[0]: Refreshing state... [id=boo-node-group-20220323151010448100000005]
TestTerraformCompleteExample 2022-03-23T15:23:41Z logger.go:66: module.eks.aws_security_group_rule.node["egress_self_coredns_tcp"]: Refreshing state... [id=sgrule-1619043932]
TestTerraformCompleteExample 2022-03-23T15:23:41Z logger.go:66: module.eks.aws_security_group_rule.node["egress_ntp_tcp"]: Refreshing state... [id=sgrule-580026870]
TestTerraformCompleteExample 2022-03-23T15:23:41Z logger.go:66: module.eks.aws_security_group_rule.node["egress_https"]: Refreshing state... [id=sgrule-4249664744]
TestTerraformCompleteExample 2022-03-23T15:23:41Z logger.go:66: module.eks.aws_security_group_rule.node["egress_cluster_443"]: Refreshing state... [id=sgrule-3929045171]
TestTerraformCompleteExample 2022-03-23T15:23:41Z logger.go:66: module.eks.aws_security_group_rule.node["egress_ntp_udp"]: Refreshing state... [id=sgrule-1544332539]
TestTerraformCompleteExample 2022-03-23T15:23:42Z logger.go:66: module.eks.aws_security_group_rule.node["ingress_self_coredns_udp"]: Refreshing state... [id=sgrule-4206584108]
TestTerraformCompleteExample 2022-03-23T15:23:42Z logger.go:66: module.eks.aws_security_group_rule.node["ingress_cluster_kubelet"]: Refreshing state... [id=sgrule-3334837706]
TestTerraformCompleteExample 2022-03-23T15:23:42Z logger.go:66: module.eks.aws_security_group_rule.node["ingress_self_coredns_tcp"]: Refreshing state... [id=sgrule-1592050371]
TestTerraformCompleteExample 2022-03-23T15:23:42Z logger.go:66: module.eks.aws_security_group_rule.node["ingress_cluster_443"]: Refreshing state... [id=sgrule-3268208147]
TestTerraformCompleteExample 2022-03-23T15:23:42Z logger.go:66: module.eks.aws_security_group_rule.node["egress_self_coredns_udp"]: Refreshing state... [id=sgrule-4008125498]
TestTerraformCompleteExample 2022-03-23T15:23:42Z logger.go:66: module.eks.aws_security_group_rule.cluster["egress_nodes_443"]: Refreshing state... [id=sgrule-1293373756]
TestTerraformCompleteExample 2022-03-23T15:23:42Z logger.go:66: module.eks.aws_security_group_rule.cluster["ingress_nodes_443"]: Refreshing state... [id=sgrule-326841452]
TestTerraformCompleteExample 2022-03-23T15:23:42Z logger.go:66: module.eks.aws_security_group_rule.cluster["egress_nodes_kubelet"]: Refreshing state... [id=sgrule-3628687488]
TestTerraformCompleteExample 2022-03-23T15:23:42Z logger.go:66: module.vpc.aws_route_table_association.public[0]: Refreshing state... [id=rtbassoc-07889e7a2fde60058]
TestTerraformCompleteExample 2022-03-23T15:23:42Z logger.go:66: module.vpc.aws_route.public_internet_gateway[0]: Refreshing state... [id=r-rtb-014da72b46fd7ca9c1080289494]
TestTerraformCompleteExample 2022-03-23T15:23:42Z logger.go:66: module.vpc.aws_route_table_association.public[1]: Refreshing state... [id=rtbassoc-00ab0c68cf1c9343d]
TestTerraformCompleteExample 2022-03-23T15:23:42Z logger.go:66: module.vpc.aws_route_table_association.public[2]: Refreshing state... [id=rtbassoc-0892f83dc6d756ea8]
TestTerraformCompleteExample 2022-03-23T15:23:42Z logger.go:66: module.vpc.aws_nat_gateway.this[0]: Refreshing state... [id=nat-0b8a39930cdd1eaf1]
TestTerraformCompleteExample 2022-03-23T15:23:42Z logger.go:66: module.vpc.aws_route_table_association.private[1]: Refreshing state... [id=rtbassoc-0ae7ffb6601159aeb]
TestTerraformCompleteExample 2022-03-23T15:23:42Z logger.go:66: module.vpc.aws_route_table_association.private[2]: Refreshing state... [id=rtbassoc-097f1ad562b089f4c]
TestTerraformCompleteExample 2022-03-23T15:23:42Z logger.go:66: module.vpc.aws_route_table_association.private[0]: Refreshing state... [id=rtbassoc-05363bbfc8d2769fc]
TestTerraformCompleteExample 2022-03-23T15:23:42Z logger.go:66: module.eks.aws_eks_cluster.this[0]: Refreshing state... [id=ex-complete]
TestTerraformCompleteExample 2022-03-23T15:23:42Z logger.go:66: module.vpc.aws_route.private_nat_gateway[0]: Refreshing state... [id=r-rtb-0758be46ecf76fbc51080289494]
TestTerraformCompleteExample 2022-03-23T15:23:42Z logger.go:66: module.eks.module.fargate_profile["bar"].aws_eks_fargate_profile.this[0]: Refreshing state... [id=ex-complete:bar]
TestTerraformCompleteExample 2022-03-23T15:23:42Z logger.go:66: module.eks.module.self_managed_node_group["boo"].aws_launch_template.this[0]: Refreshing state... [id=lt-027f011ace8dbc335]
TestTerraformCompleteExample 2022-03-23T15:23:42Z logger.go:66: module.eks.module.eks_managed_node_group["foo"].aws_launch_template.this[0]: Refreshing state... [id=lt-0f378dd39b587476e]
TestTerraformCompleteExample 2022-03-23T15:23:42Z logger.go:66: module.eks.module.eks_managed_node_group["foo"].aws_eks_node_group.this[0]: Refreshing state... [id=ex-complete:foo-20220323152045319900000019]
TestTerraformCompleteExample 2022-03-23T15:23:42Z logger.go:66: module.eks.aws_iam_openid_connect_provider.oidc_provider[0]: Refreshing state... [id=arn:aws:iam::11111111111:oidc-provider/oidc.eks.us-west-2.amazonaws.com/id/4B2DBFC156ACEBC287EA8CA677B0EB69]
TestTerraformCompleteExample 2022-03-23T15:23:42Z logger.go:66: module.eks.module.self_managed_node_group["boo"].aws_autoscaling_group.this[0]: Refreshing state... [id=boo-2022032315204538390000001b]
TestTerraformCompleteExample 2022-03-23T15:23:43Z logger.go:66: module.eks_auth.kubectl_manifest.patch: Refreshing state... [id=/api/v1/namespaces/kube-system/configmaps/aws-auth]
TestTerraformCompleteExample 2022-03-23T15:23:43Z logger.go:66:
TestTerraformCompleteExample 2022-03-23T15:23:43Z logger.go:66: Note: Objects have changed outside of Terraform
TestTerraformCompleteExample 2022-03-23T15:23:43Z logger.go:66:
TestTerraformCompleteExample 2022-03-23T15:23:43Z logger.go:66: Terraform detected the following changes made outside of Terraform since the
TestTerraformCompleteExample 2022-03-23T15:23:43Z logger.go:66: last "terraform apply":
TestTerraformCompleteExample 2022-03-23T15:23:43Z logger.go:66:
TestTerraformCompleteExample 2022-03-23T15:23:43Z logger.go:66:   # module.eks.aws_cloudwatch_log_group.this[0] has changed
TestTerraformCompleteExample 2022-03-23T15:23:43Z logger.go:66:   ~ resource "aws_cloudwatch_log_group" "this" {
TestTerraformCompleteExample 2022-03-23T15:23:43Z logger.go:66:         id                = "/aws/eks/ex-complete/cluster"
TestTerraformCompleteExample 2022-03-23T15:23:43Z logger.go:66:         name              = "/aws/eks/ex-complete/cluster"
TestTerraformCompleteExample 2022-03-23T15:23:43Z logger.go:66:       + tags              = {}
TestTerraformCompleteExample 2022-03-23T15:23:43Z logger.go:66:         # (3 unchanged attributes hidden)
TestTerraformCompleteExample 2022-03-23T15:23:43Z logger.go:66:     }
TestTerraformCompleteExample 2022-03-23T15:23:43Z logger.go:66:
TestTerraformCompleteExample 2022-03-23T15:23:43Z logger.go:66:   # module.eks.aws_eks_cluster.this[0] has changed
TestTerraformCompleteExample 2022-03-23T15:23:43Z logger.go:66:   ~ resource "aws_eks_cluster" "this" {
TestTerraformCompleteExample 2022-03-23T15:23:43Z logger.go:66:         id                        = "ex-complete"
TestTerraformCompleteExample 2022-03-23T15:23:43Z logger.go:66:         name                      = "ex-complete"
TestTerraformCompleteExample 2022-03-23T15:23:43Z logger.go:66:       + tags                      = {}
TestTerraformCompleteExample 2022-03-23T15:23:43Z logger.go:66:         # (11 unchanged attributes hidden)
TestTerraformCompleteExample 2022-03-23T15:23:43Z logger.go:66:
TestTerraformCompleteExample 2022-03-23T15:23:43Z logger.go:66:
TestTerraformCompleteExample 2022-03-23T15:23:43Z logger.go:66:
TestTerraformCompleteExample 2022-03-23T15:23:43Z logger.go:66:         # (3 unchanged blocks hidden)
TestTerraformCompleteExample 2022-03-23T15:23:43Z logger.go:66:     }
TestTerraformCompleteExample 2022-03-23T15:23:43Z logger.go:66:
TestTerraformCompleteExample 2022-03-23T15:23:43Z logger.go:66:   # module.eks.aws_iam_role.this[0] has changed
TestTerraformCompleteExample 2022-03-23T15:23:43Z logger.go:66:   ~ resource "aws_iam_role" "this" {
TestTerraformCompleteExample 2022-03-23T15:23:43Z logger.go:66:         id                    = "ex-complete-cluster-20220323151009306200000002"
TestTerraformCompleteExample 2022-03-23T15:23:43Z logger.go:66:       ~ managed_policy_arns   = [
TestTerraformCompleteExample 2022-03-23T15:23:43Z logger.go:66:           + "arn:aws:iam::aws:policy/AmazonEKSClusterPolicy",
TestTerraformCompleteExample 2022-03-23T15:23:43Z logger.go:66:           + "arn:aws:iam::aws:policy/AmazonEKSVPCResourceController",
TestTerraformCompleteExample 2022-03-23T15:23:43Z logger.go:66:         ]
TestTerraformCompleteExample 2022-03-23T15:23:43Z logger.go:66:         name                  = "ex-complete-cluster-20220323151009306200000002"
TestTerraformCompleteExample 2022-03-23T15:23:43Z logger.go:66:       + tags                  = {}
TestTerraformCompleteExample 2022-03-23T15:23:43Z logger.go:66:         # (9 unchanged attributes hidden)
TestTerraformCompleteExample 2022-03-23T15:23:43Z logger.go:66:
TestTerraformCompleteExample 2022-03-23T15:23:43Z logger.go:66:         # (1 unchanged block hidden)
TestTerraformCompleteExample 2022-03-23T15:23:43Z logger.go:66:     }
TestTerraformCompleteExample 2022-03-23T15:23:43Z logger.go:66:
TestTerraformCompleteExample 2022-03-23T15:23:43Z logger.go:66:   # module.eks.aws_security_group.cluster[0] has changed
TestTerraformCompleteExample 2022-03-23T15:23:43Z logger.go:66:   ~ resource "aws_security_group" "cluster" {
TestTerraformCompleteExample 2022-03-23T15:23:43Z logger.go:66:       ~ egress                 = [
TestTerraformCompleteExample 2022-03-23T15:23:43Z logger.go:66:           + {
TestTerraformCompleteExample 2022-03-23T15:23:43Z logger.go:66:               + cidr_blocks      = []
TestTerraformCompleteExample 2022-03-23T15:23:43Z logger.go:66:               + description      = "Cluster API to node groups"
TestTerraformCompleteExample 2022-03-23T15:23:43Z logger.go:66:               + from_port        = 443
TestTerraformCompleteExample 2022-03-23T15:23:43Z logger.go:66:               + ipv6_cidr_blocks = []
TestTerraformCompleteExample 2022-03-23T15:23:43Z logger.go:66:               + prefix_list_ids  = []
TestTerraformCompleteExample 2022-03-23T15:23:43Z logger.go:66:               + protocol         = "tcp"
TestTerraformCompleteExample 2022-03-23T15:23:43Z logger.go:66:               + security_groups  = [
TestTerraformCompleteExample 2022-03-23T15:23:43Z logger.go:66:                   + "sg-0a63a098d68ce7755",
TestTerraformCompleteExample 2022-03-23T15:23:43Z logger.go:66:                 ]
TestTerraformCompleteExample 2022-03-23T15:23:43Z logger.go:66:               + self             = false
TestTerraformCompleteExample 2022-03-23T15:23:43Z logger.go:66:               + to_port          = 443
TestTerraformCompleteExample 2022-03-23T15:23:43Z logger.go:66:             },
TestTerraformCompleteExample 2022-03-23T15:23:43Z logger.go:66:           + {
TestTerraformCompleteExample 2022-03-23T15:23:43Z logger.go:66:               + cidr_blocks      = []
TestTerraformCompleteExample 2022-03-23T15:23:43Z logger.go:66:               + description      = "Cluster API to node kubelets"
TestTerraformCompleteExample 2022-03-23T15:23:43Z logger.go:66:               + from_port        = 10250
TestTerraformCompleteExample 2022-03-23T15:23:43Z logger.go:66:               + ipv6_cidr_blocks = []
TestTerraformCompleteExample 2022-03-23T15:23:43Z logger.go:66:               + prefix_list_ids  = []
TestTerraformCompleteExample 2022-03-23T15:23:43Z logger.go:66:               + protocol         = "tcp"
TestTerraformCompleteExample 2022-03-23T15:23:43Z logger.go:66:               + security_groups  = [
TestTerraformCompleteExample 2022-03-23T15:23:43Z logger.go:66:                   + "sg-0a63a098d68ce7755",
TestTerraformCompleteExample 2022-03-23T15:23:43Z logger.go:66:                 ]
TestTerraformCompleteExample 2022-03-23T15:23:43Z logger.go:66:               + self             = false
TestTerraformCompleteExample 2022-03-23T15:23:43Z logger.go:66:               + to_port          = 10250
TestTerraformCompleteExample 2022-03-23T15:23:43Z logger.go:66:             },
TestTerraformCompleteExample 2022-03-23T15:23:43Z logger.go:66:         ]
TestTerraformCompleteExample 2022-03-23T15:23:43Z logger.go:66:         id                     = "sg-0941752c50550e73a"
TestTerraformCompleteExample 2022-03-23T15:23:43Z logger.go:66:       ~ ingress                = [
TestTerraformCompleteExample 2022-03-23T15:23:43Z logger.go:66:           + {
TestTerraformCompleteExample 2022-03-23T15:23:43Z logger.go:66:               + cidr_blocks      = []
TestTerraformCompleteExample 2022-03-23T15:23:43Z logger.go:66:               + description      = "Node groups to cluster API"
TestTerraformCompleteExample 2022-03-23T15:23:43Z logger.go:66:               + from_port        = 443
TestTerraformCompleteExample 2022-03-23T15:23:43Z logger.go:66:               + ipv6_cidr_blocks = []
TestTerraformCompleteExample 2022-03-23T15:23:43Z logger.go:66:               + prefix_list_ids  = []
TestTerraformCompleteExample 2022-03-23T15:23:43Z logger.go:66:               + protocol         = "tcp"
TestTerraformCompleteExample 2022-03-23T15:23:43Z logger.go:66:               + security_groups  = [
TestTerraformCompleteExample 2022-03-23T15:23:43Z logger.go:66:                   + "sg-0a63a098d68ce7755",
TestTerraformCompleteExample 2022-03-23T15:23:43Z logger.go:66:                 ]
TestTerraformCompleteExample 2022-03-23T15:23:43Z logger.go:66:               + self             = false
TestTerraformCompleteExample 2022-03-23T15:23:43Z logger.go:66:               + to_port          = 443
TestTerraformCompleteExample 2022-03-23T15:23:43Z logger.go:66:             },
TestTerraformCompleteExample 2022-03-23T15:23:43Z logger.go:66:         ]
TestTerraformCompleteExample 2022-03-23T15:23:43Z logger.go:66:         name                   = "ex-complete-cluster-20220323151022055600000011"
TestTerraformCompleteExample 2022-03-23T15:23:43Z logger.go:66:         tags                   = {
TestTerraformCompleteExample 2022-03-23T15:23:43Z logger.go:66:             "Name" = "ex-complete-cluster"
TestTerraformCompleteExample 2022-03-23T15:23:43Z logger.go:66:         }
TestTerraformCompleteExample 2022-03-23T15:23:43Z logger.go:66:         # (7 unchanged attributes hidden)
TestTerraformCompleteExample 2022-03-23T15:23:43Z logger.go:66:     }
TestTerraformCompleteExample 2022-03-23T15:23:43Z logger.go:66:
TestTerraformCompleteExample 2022-03-23T15:23:43Z logger.go:66:   # module.eks.aws_security_group.node[0] has changed
TestTerraformCompleteExample 2022-03-23T15:23:43Z logger.go:66:   ~ resource "aws_security_group" "node" {
TestTerraformCompleteExample 2022-03-23T15:23:43Z logger.go:66:       ~ egress                 = [
TestTerraformCompleteExample 2022-03-23T15:23:43Z logger.go:66:           + {
TestTerraformCompleteExample 2022-03-23T15:23:43Z logger.go:66:               + cidr_blocks      = [
TestTerraformCompleteExample 2022-03-23T15:23:43Z logger.go:66:                   + "0.0.0.0/0",
TestTerraformCompleteExample 2022-03-23T15:23:43Z logger.go:66:                 ]
TestTerraformCompleteExample 2022-03-23T15:23:43Z logger.go:66:               + description      = "Egress NTP/TCP to internet"
TestTerraformCompleteExample 2022-03-23T15:23:43Z logger.go:66:               + from_port        = 123
TestTerraformCompleteExample 2022-03-23T15:23:43Z logger.go:66:               + ipv6_cidr_blocks = []
TestTerraformCompleteExample 2022-03-23T15:23:43Z logger.go:66:               + prefix_list_ids  = []
TestTerraformCompleteExample 2022-03-23T15:23:43Z logger.go:66:               + protocol         = "tcp"
TestTerraformCompleteExample 2022-03-23T15:23:43Z logger.go:66:               + security_groups  = []
TestTerraformCompleteExample 2022-03-23T15:23:43Z logger.go:66:               + self             = false
TestTerraformCompleteExample 2022-03-23T15:23:43Z logger.go:66:               + to_port          = 123
TestTerraformCompleteExample 2022-03-23T15:23:43Z logger.go:66:             },
TestTerraformCompleteExample 2022-03-23T15:23:43Z logger.go:66:           + {
TestTerraformCompleteExample 2022-03-23T15:23:43Z logger.go:66:               + cidr_blocks      = [
TestTerraformCompleteExample 2022-03-23T15:23:43Z logger.go:66:                   + "0.0.0.0/0",
TestTerraformCompleteExample 2022-03-23T15:23:43Z logger.go:66:                 ]
TestTerraformCompleteExample 2022-03-23T15:23:43Z logger.go:66:               + description      = "Egress NTP/UDP to internet"
TestTerraformCompleteExample 2022-03-23T15:23:43Z logger.go:66:               + from_port        = 123
TestTerraformCompleteExample 2022-03-23T15:23:43Z logger.go:66:               + ipv6_cidr_blocks = []
TestTerraformCompleteExample 2022-03-23T15:23:43Z logger.go:66:               + prefix_list_ids  = []
TestTerraformCompleteExample 2022-03-23T15:23:43Z logger.go:66:               + protocol         = "udp"
TestTerraformCompleteExample 2022-03-23T15:23:43Z logger.go:66:               + security_groups  = []
TestTerraformCompleteExample 2022-03-23T15:23:43Z logger.go:66:               + self             = false
TestTerraformCompleteExample 2022-03-23T15:23:43Z logger.go:66:               + to_port          = 123
TestTerraformCompleteExample 2022-03-23T15:23:43Z logger.go:66:             },
TestTerraformCompleteExample 2022-03-23T15:23:43Z logger.go:66:           + {
TestTerraformCompleteExample 2022-03-23T15:23:43Z logger.go:66:               + cidr_blocks      = [
TestTerraformCompleteExample 2022-03-23T15:23:43Z logger.go:66:                   + "0.0.0.0/0",
TestTerraformCompleteExample 2022-03-23T15:23:43Z logger.go:66:                 ]
TestTerraformCompleteExample 2022-03-23T15:23:43Z logger.go:66:               + description      = "Egress all HTTPS to internet"
TestTerraformCompleteExample 2022-03-23T15:23:43Z logger.go:66:               + from_port        = 443
TestTerraformCompleteExample 2022-03-23T15:23:43Z logger.go:66:               + ipv6_cidr_blocks = []
TestTerraformCompleteExample 2022-03-23T15:23:43Z logger.go:66:               + prefix_list_ids  = []
TestTerraformCompleteExample 2022-03-23T15:23:43Z logger.go:66:               + protocol         = "tcp"
TestTerraformCompleteExample 2022-03-23T15:23:43Z logger.go:66:               + security_groups  = []
TestTerraformCompleteExample 2022-03-23T15:23:43Z logger.go:66:               + self             = false
TestTerraformCompleteExample 2022-03-23T15:23:43Z logger.go:66:               + to_port          = 443
TestTerraformCompleteExample 2022-03-23T15:23:43Z logger.go:66:             },
TestTerraformCompleteExample 2022-03-23T15:23:43Z logger.go:66:           + {
TestTerraformCompleteExample 2022-03-23T15:23:43Z logger.go:66:               + cidr_blocks      = []
TestTerraformCompleteExample 2022-03-23T15:23:43Z logger.go:66:               + description      = "Node groups to cluster API"
TestTerraformCompleteExample 2022-03-23T15:23:43Z logger.go:66:               + from_port        = 443
TestTerraformCompleteExample 2022-03-23T15:23:43Z logger.go:66:               + ipv6_cidr_blocks = []
TestTerraformCompleteExample 2022-03-23T15:23:43Z logger.go:66:               + prefix_list_ids  = []
TestTerraformCompleteExample 2022-03-23T15:23:43Z logger.go:66:               + protocol         = "tcp"
TestTerraformCompleteExample 2022-03-23T15:23:43Z logger.go:66:               + security_groups  = [
TestTerraformCompleteExample 2022-03-23T15:23:43Z logger.go:66:                   + "sg-0941752c50550e73a",
TestTerraformCompleteExample 2022-03-23T15:23:43Z logger.go:66:                 ]
TestTerraformCompleteExample 2022-03-23T15:23:43Z logger.go:66:               + self             = false
TestTerraformCompleteExample 2022-03-23T15:23:43Z logger.go:66:               + to_port          = 443
TestTerraformCompleteExample 2022-03-23T15:23:43Z logger.go:66:             },
TestTerraformCompleteExample 2022-03-23T15:23:43Z logger.go:66:           + {
TestTerraformCompleteExample 2022-03-23T15:23:43Z logger.go:66:               + cidr_blocks      = []
TestTerraformCompleteExample 2022-03-23T15:23:43Z logger.go:66:               + description      = "Node to node CoreDNS"
TestTerraformCompleteExample 2022-03-23T15:23:43Z logger.go:66:               + from_port        = 53
TestTerraformCompleteExample 2022-03-23T15:23:43Z logger.go:66:               + ipv6_cidr_blocks = []
TestTerraformCompleteExample 2022-03-23T15:23:43Z logger.go:66:               + prefix_list_ids  = []
TestTerraformCompleteExample 2022-03-23T15:23:43Z logger.go:66:               + protocol         = "tcp"
TestTerraformCompleteExample 2022-03-23T15:23:43Z logger.go:66:               + security_groups  = []
TestTerraformCompleteExample 2022-03-23T15:23:43Z logger.go:66:               + self             = true
TestTerraformCompleteExample 2022-03-23T15:23:43Z logger.go:66:               + to_port          = 53
TestTerraformCompleteExample 2022-03-23T15:23:43Z logger.go:66:             },
TestTerraformCompleteExample 2022-03-23T15:23:43Z logger.go:66:           + {
TestTerraformCompleteExample 2022-03-23T15:23:43Z logger.go:66:               + cidr_blocks      = []
TestTerraformCompleteExample 2022-03-23T15:23:43Z logger.go:66:               + description      = "Node to node CoreDNS"
TestTerraformCompleteExample 2022-03-23T15:23:43Z logger.go:66:               + from_port        = 53
TestTerraformCompleteExample 2022-03-23T15:23:43Z logger.go:66:               + ipv6_cidr_blocks = []
TestTerraformCompleteExample 2022-03-23T15:23:43Z logger.go:66:               + prefix_list_ids  = []
TestTerraformCompleteExample 2022-03-23T15:23:43Z logger.go:66:               + protocol         = "udp"
TestTerraformCompleteExample 2022-03-23T15:23:43Z logger.go:66:               + security_groups  = []
TestTerraformCompleteExample 2022-03-23T15:23:43Z logger.go:66:               + self             = true
TestTerraformCompleteExample 2022-03-23T15:23:43Z logger.go:66:               + to_port          = 53
TestTerraformCompleteExample 2022-03-23T15:23:43Z logger.go:66:             },
TestTerraformCompleteExample 2022-03-23T15:23:43Z logger.go:66:         ]
TestTerraformCompleteExample 2022-03-23T15:23:43Z logger.go:66:         id                     = "sg-0a63a098d68ce7755"
TestTerraformCompleteExample 2022-03-23T15:23:43Z logger.go:66:       ~ ingress                = [
TestTerraformCompleteExample 2022-03-23T15:23:43Z logger.go:66:           + {
TestTerraformCompleteExample 2022-03-23T15:23:43Z logger.go:66:               + cidr_blocks      = []
TestTerraformCompleteExample 2022-03-23T15:23:43Z logger.go:66:               + description      = "Cluster API to node groups"
TestTerraformCompleteExample 2022-03-23T15:23:43Z logger.go:66:               + from_port        = 443
TestTerraformCompleteExample 2022-03-23T15:23:43Z logger.go:66:               + ipv6_cidr_blocks = []
TestTerraformCompleteExample 2022-03-23T15:23:43Z logger.go:66:               + prefix_list_ids  = []
TestTerraformCompleteExample 2022-03-23T15:23:43Z logger.go:66:               + protocol         = "tcp"
TestTerraformCompleteExample 2022-03-23T15:23:43Z logger.go:66:               + security_groups  = [
TestTerraformCompleteExample 2022-03-23T15:23:43Z logger.go:66:                   + "sg-0941752c50550e73a",
TestTerraformCompleteExample 2022-03-23T15:23:43Z logger.go:66:                 ]
TestTerraformCompleteExample 2022-03-23T15:23:43Z logger.go:66:               + self             = false
TestTerraformCompleteExample 2022-03-23T15:23:43Z logger.go:66:               + to_port          = 443
TestTerraformCompleteExample 2022-03-23T15:23:43Z logger.go:66:             },
TestTerraformCompleteExample 2022-03-23T15:23:43Z logger.go:66:           + {
TestTerraformCompleteExample 2022-03-23T15:23:43Z logger.go:66:               + cidr_blocks      = []
TestTerraformCompleteExample 2022-03-23T15:23:43Z logger.go:66:               + description      = "Cluster API to node kubelets"
TestTerraformCompleteExample 2022-03-23T15:23:43Z logger.go:66:               + from_port        = 10250
TestTerraformCompleteExample 2022-03-23T15:23:43Z logger.go:66:               + ipv6_cidr_blocks = []
TestTerraformCompleteExample 2022-03-23T15:23:43Z logger.go:66:               + prefix_list_ids  = []
TestTerraformCompleteExample 2022-03-23T15:23:43Z logger.go:66:               + protocol         = "tcp"
TestTerraformCompleteExample 2022-03-23T15:23:43Z logger.go:66:               + security_groups  = [
TestTerraformCompleteExample 2022-03-23T15:23:43Z logger.go:66:                   + "sg-0941752c50550e73a",
TestTerraformCompleteExample 2022-03-23T15:23:43Z logger.go:66:                 ]
TestTerraformCompleteExample 2022-03-23T15:23:43Z logger.go:66:               + self             = false
TestTerraformCompleteExample 2022-03-23T15:23:43Z logger.go:66:               + to_port          = 10250
TestTerraformCompleteExample 2022-03-23T15:23:43Z logger.go:66:             },
TestTerraformCompleteExample 2022-03-23T15:23:43Z logger.go:66:           + {
TestTerraformCompleteExample 2022-03-23T15:23:43Z logger.go:66:               + cidr_blocks      = []
TestTerraformCompleteExample 2022-03-23T15:23:43Z logger.go:66:               + description      = "Node to node CoreDNS"
TestTerraformCompleteExample 2022-03-23T15:23:43Z logger.go:66:               + from_port        = 53
TestTerraformCompleteExample 2022-03-23T15:23:43Z logger.go:66:               + ipv6_cidr_blocks = []
TestTerraformCompleteExample 2022-03-23T15:23:43Z logger.go:66:               + prefix_list_ids  = []
TestTerraformCompleteExample 2022-03-23T15:23:43Z logger.go:66:               + protocol         = "tcp"
TestTerraformCompleteExample 2022-03-23T15:23:43Z logger.go:66:               + security_groups  = []
TestTerraformCompleteExample 2022-03-23T15:23:43Z logger.go:66:               + self             = true
TestTerraformCompleteExample 2022-03-23T15:23:43Z logger.go:66:               + to_port          = 53
TestTerraformCompleteExample 2022-03-23T15:23:43Z logger.go:66:             },
TestTerraformCompleteExample 2022-03-23T15:23:43Z logger.go:66:           + {
TestTerraformCompleteExample 2022-03-23T15:23:43Z logger.go:66:               + cidr_blocks      = []
TestTerraformCompleteExample 2022-03-23T15:23:43Z logger.go:66:               + description      = "Node to node CoreDNS"
TestTerraformCompleteExample 2022-03-23T15:23:43Z logger.go:66:               + from_port        = 53
TestTerraformCompleteExample 2022-03-23T15:23:43Z logger.go:66:               + ipv6_cidr_blocks = []
TestTerraformCompleteExample 2022-03-23T15:23:43Z logger.go:66:               + prefix_list_ids  = []
TestTerraformCompleteExample 2022-03-23T15:23:43Z logger.go:66:               + protocol         = "udp"
TestTerraformCompleteExample 2022-03-23T15:23:43Z logger.go:66:               + security_groups  = []
TestTerraformCompleteExample 2022-03-23T15:23:43Z logger.go:66:               + self             = true
TestTerraformCompleteExample 2022-03-23T15:23:43Z logger.go:66:               + to_port          = 53
TestTerraformCompleteExample 2022-03-23T15:23:43Z logger.go:66:             },
TestTerraformCompleteExample 2022-03-23T15:23:43Z logger.go:66:         ]
TestTerraformCompleteExample 2022-03-23T15:23:43Z logger.go:66:         name                   = "ex-complete-node-20220323151022127600000012"
TestTerraformCompleteExample 2022-03-23T15:23:43Z logger.go:66:         tags                   = {
TestTerraformCompleteExample 2022-03-23T15:23:43Z logger.go:66:             "Name"                              = "ex-complete-node"
TestTerraformCompleteExample 2022-03-23T15:23:43Z logger.go:66:             "kubernetes.io/cluster/ex-complete" = "owned"
TestTerraformCompleteExample 2022-03-23T15:23:43Z logger.go:66:         }
TestTerraformCompleteExample 2022-03-23T15:23:43Z logger.go:66:         # (7 unchanged attributes hidden)
TestTerraformCompleteExample 2022-03-23T15:23:43Z logger.go:66:     }
TestTerraformCompleteExample 2022-03-23T15:23:43Z logger.go:66:
TestTerraformCompleteExample 2022-03-23T15:23:43Z logger.go:66:   # module.eks.aws_security_group_rule.cluster["egress_nodes_443"] has changed
TestTerraformCompleteExample 2022-03-23T15:23:43Z logger.go:66:   ~ resource "aws_security_group_rule" "cluster" {
TestTerraformCompleteExample 2022-03-23T15:23:43Z logger.go:66:       + cidr_blocks              = []
TestTerraformCompleteExample 2022-03-23T15:23:43Z logger.go:66:         id                       = "sgrule-1293373756"
TestTerraformCompleteExample 2022-03-23T15:23:43Z logger.go:66:       + ipv6_cidr_blocks         = []
TestTerraformCompleteExample 2022-03-23T15:23:43Z logger.go:66:         # (9 unchanged attributes hidden)
TestTerraformCompleteExample 2022-03-23T15:23:43Z logger.go:66:     }
TestTerraformCompleteExample 2022-03-23T15:23:43Z logger.go:66:
TestTerraformCompleteExample 2022-03-23T15:23:43Z logger.go:66:   # module.eks.aws_security_group_rule.cluster["egress_nodes_kubelet"] has changed
TestTerraformCompleteExample 2022-03-23T15:23:43Z logger.go:66:   ~ resource "aws_security_group_rule" "cluster" {
TestTerraformCompleteExample 2022-03-23T15:23:43Z logger.go:66:       + cidr_blocks              = []
TestTerraformCompleteExample 2022-03-23T15:23:43Z logger.go:66:         id                       = "sgrule-3628687488"
TestTerraformCompleteExample 2022-03-23T15:23:43Z logger.go:66:       + ipv6_cidr_blocks         = []
TestTerraformCompleteExample 2022-03-23T15:23:43Z logger.go:66:         # (9 unchanged attributes hidden)
TestTerraformCompleteExample 2022-03-23T15:23:43Z logger.go:66:     }
TestTerraformCompleteExample 2022-03-23T15:23:43Z logger.go:66:
TestTerraformCompleteExample 2022-03-23T15:23:43Z logger.go:66:   # module.eks.aws_security_group_rule.cluster["ingress_nodes_443"] has changed
TestTerraformCompleteExample 2022-03-23T15:23:43Z logger.go:66:   ~ resource "aws_security_group_rule" "cluster" {
TestTerraformCompleteExample 2022-03-23T15:23:43Z logger.go:66:       + cidr_blocks              = []
TestTerraformCompleteExample 2022-03-23T15:23:43Z logger.go:66:         id                       = "sgrule-326841452"
TestTerraformCompleteExample 2022-03-23T15:23:43Z logger.go:66:       + ipv6_cidr_blocks         = []
TestTerraformCompleteExample 2022-03-23T15:23:43Z logger.go:66:         # (9 unchanged attributes hidden)
TestTerraformCompleteExample 2022-03-23T15:23:43Z logger.go:66:     }
TestTerraformCompleteExample 2022-03-23T15:23:43Z logger.go:66:
TestTerraformCompleteExample 2022-03-23T15:23:43Z logger.go:66:   # module.eks.aws_security_group_rule.node["egress_cluster_443"] has changed
TestTerraformCompleteExample 2022-03-23T15:23:43Z logger.go:66:   ~ resource "aws_security_group_rule" "node" {
TestTerraformCompleteExample 2022-03-23T15:23:43Z logger.go:66:       + cidr_blocks              = []
TestTerraformCompleteExample 2022-03-23T15:23:43Z logger.go:66:         id                       = "sgrule-3929045171"
TestTerraformCompleteExample 2022-03-23T15:23:43Z logger.go:66:       + ipv6_cidr_blocks         = []
TestTerraformCompleteExample 2022-03-23T15:23:43Z logger.go:66:         # (9 unchanged attributes hidden)
TestTerraformCompleteExample 2022-03-23T15:23:43Z logger.go:66:     }
TestTerraformCompleteExample 2022-03-23T15:23:43Z logger.go:66:
TestTerraformCompleteExample 2022-03-23T15:23:43Z logger.go:66:   # module.eks.aws_security_group_rule.node["egress_https"] has changed
TestTerraformCompleteExample 2022-03-23T15:23:43Z logger.go:66:   ~ resource "aws_security_group_rule" "node" {
TestTerraformCompleteExample 2022-03-23T15:23:43Z logger.go:66:         id                = "sgrule-4249664744"
TestTerraformCompleteExample 2022-03-23T15:23:43Z logger.go:66:       + ipv6_cidr_blocks  = []
TestTerraformCompleteExample 2022-03-23T15:23:43Z logger.go:66:         # (9 unchanged attributes hidden)
TestTerraformCompleteExample 2022-03-23T15:23:43Z logger.go:66:     }
TestTerraformCompleteExample 2022-03-23T15:23:43Z logger.go:66:
TestTerraformCompleteExample 2022-03-23T15:23:43Z logger.go:66:   # module.eks.aws_security_group_rule.node["egress_ntp_tcp"] has changed
TestTerraformCompleteExample 2022-03-23T15:23:43Z logger.go:66:   ~ resource "aws_security_group_rule" "node" {
TestTerraformCompleteExample 2022-03-23T15:23:43Z logger.go:66:         id                = "sgrule-580026870"
TestTerraformCompleteExample 2022-03-23T15:23:43Z logger.go:66:       + ipv6_cidr_blocks  = []
TestTerraformCompleteExample 2022-03-23T15:23:43Z logger.go:66:         # (9 unchanged attributes hidden)
TestTerraformCompleteExample 2022-03-23T15:23:43Z logger.go:66:     }
TestTerraformCompleteExample 2022-03-23T15:23:43Z logger.go:66:
TestTerraformCompleteExample 2022-03-23T15:23:43Z logger.go:66:   # module.eks.aws_security_group_rule.node["egress_ntp_udp"] has changed
TestTerraformCompleteExample 2022-03-23T15:23:43Z logger.go:66:   ~ resource "aws_security_group_rule" "node" {
TestTerraformCompleteExample 2022-03-23T15:23:43Z logger.go:66:         id                = "sgrule-1544332539"
TestTerraformCompleteExample 2022-03-23T15:23:43Z logger.go:66:       + ipv6_cidr_blocks  = []
TestTerraformCompleteExample 2022-03-23T15:23:43Z logger.go:66:         # (9 unchanged attributes hidden)
TestTerraformCompleteExample 2022-03-23T15:23:43Z logger.go:66:     }
TestTerraformCompleteExample 2022-03-23T15:23:43Z logger.go:66:
TestTerraformCompleteExample 2022-03-23T15:23:43Z logger.go:66:   # module.eks.aws_security_group_rule.node["egress_self_coredns_tcp"] has changed
TestTerraformCompleteExample 2022-03-23T15:23:43Z logger.go:66:   ~ resource "aws_security_group_rule" "node" {
TestTerraformCompleteExample 2022-03-23T15:23:43Z logger.go:66:       + cidr_blocks              = []
TestTerraformCompleteExample 2022-03-23T15:23:43Z logger.go:66:         id                       = "sgrule-1619043932"
TestTerraformCompleteExample 2022-03-23T15:23:43Z logger.go:66:       + ipv6_cidr_blocks         = []
TestTerraformCompleteExample 2022-03-23T15:23:43Z logger.go:66:       + source_security_group_id = "sg-0a63a098d68ce7755"
TestTerraformCompleteExample 2022-03-23T15:23:43Z logger.go:66:         # (8 unchanged attributes hidden)
TestTerraformCompleteExample 2022-03-23T15:23:43Z logger.go:66:     }
TestTerraformCompleteExample 2022-03-23T15:23:43Z logger.go:66:
TestTerraformCompleteExample 2022-03-23T15:23:43Z logger.go:66:   # module.eks.aws_security_group_rule.node["egress_self_coredns_udp"] has changed
TestTerraformCompleteExample 2022-03-23T15:23:43Z logger.go:66:   ~ resource "aws_security_group_rule" "node" {
TestTerraformCompleteExample 2022-03-23T15:23:43Z logger.go:66:       + cidr_blocks              = []
TestTerraformCompleteExample 2022-03-23T15:23:43Z logger.go:66:         id                       = "sgrule-4008125498"
TestTerraformCompleteExample 2022-03-23T15:23:43Z logger.go:66:       + ipv6_cidr_blocks         = []
TestTerraformCompleteExample 2022-03-23T15:23:43Z logger.go:66:       + source_security_group_id = "sg-0a63a098d68ce7755"
TestTerraformCompleteExample 2022-03-23T15:23:43Z logger.go:66:         # (8 unchanged attributes hidden)
TestTerraformCompleteExample 2022-03-23T15:23:43Z logger.go:66:     }
TestTerraformCompleteExample 2022-03-23T15:23:43Z logger.go:66:
TestTerraformCompleteExample 2022-03-23T15:23:43Z logger.go:66:   # module.eks.aws_security_group_rule.node["ingress_cluster_443"] has changed
TestTerraformCompleteExample 2022-03-23T15:23:43Z logger.go:66:   ~ resource "aws_security_group_rule" "node" {
TestTerraformCompleteExample 2022-03-23T15:23:43Z logger.go:66:       + cidr_blocks              = []
TestTerraformCompleteExample 2022-03-23T15:23:43Z logger.go:66:         id                       = "sgrule-3268208147"
TestTerraformCompleteExample 2022-03-23T15:23:43Z logger.go:66:       + ipv6_cidr_blocks         = []
TestTerraformCompleteExample 2022-03-23T15:23:43Z logger.go:66:         # (9 unchanged attributes hidden)
TestTerraformCompleteExample 2022-03-23T15:23:43Z logger.go:66:     }
TestTerraformCompleteExample 2022-03-23T15:23:43Z logger.go:66:
TestTerraformCompleteExample 2022-03-23T15:23:43Z logger.go:66:   # module.eks.aws_security_group_rule.node["ingress_cluster_kubelet"] has changed
TestTerraformCompleteExample 2022-03-23T15:23:43Z logger.go:66:   ~ resource "aws_security_group_rule" "node" {
TestTerraformCompleteExample 2022-03-23T15:23:43Z logger.go:66:       + cidr_blocks              = []
TestTerraformCompleteExample 2022-03-23T15:23:43Z logger.go:66:         id                       = "sgrule-3334837706"
TestTerraformCompleteExample 2022-03-23T15:23:43Z logger.go:66:       + ipv6_cidr_blocks         = []
TestTerraformCompleteExample 2022-03-23T15:23:43Z logger.go:66:         # (9 unchanged attributes hidden)
TestTerraformCompleteExample 2022-03-23T15:23:43Z logger.go:66:     }
TestTerraformCompleteExample 2022-03-23T15:23:43Z logger.go:66:
TestTerraformCompleteExample 2022-03-23T15:23:43Z logger.go:66:   # module.eks.aws_security_group_rule.node["ingress_self_coredns_tcp"] has changed
TestTerraformCompleteExample 2022-03-23T15:23:43Z logger.go:66:   ~ resource "aws_security_group_rule" "node" {
TestTerraformCompleteExample 2022-03-23T15:23:43Z logger.go:66:       + cidr_blocks              = []
TestTerraformCompleteExample 2022-03-23T15:23:43Z logger.go:66:         id                       = "sgrule-1592050371"
TestTerraformCompleteExample 2022-03-23T15:23:43Z logger.go:66:       + ipv6_cidr_blocks         = []
TestTerraformCompleteExample 2022-03-23T15:23:43Z logger.go:66:       + source_security_group_id = "sg-0a63a098d68ce7755"
TestTerraformCompleteExample 2022-03-23T15:23:43Z logger.go:66:         # (8 unchanged attributes hidden)
TestTerraformCompleteExample 2022-03-23T15:23:43Z logger.go:66:     }
TestTerraformCompleteExample 2022-03-23T15:23:43Z logger.go:66:
TestTerraformCompleteExample 2022-03-23T15:23:43Z logger.go:66:   # module.eks.aws_security_group_rule.node["ingress_self_coredns_udp"] has changed
TestTerraformCompleteExample 2022-03-23T15:23:43Z logger.go:66:   ~ resource "aws_security_group_rule" "node" {
TestTerraformCompleteExample 2022-03-23T15:23:43Z logger.go:66:       + cidr_blocks              = []
TestTerraformCompleteExample 2022-03-23T15:23:43Z logger.go:66:         id                       = "sgrule-4206584108"
TestTerraformCompleteExample 2022-03-23T15:23:43Z logger.go:66:       + ipv6_cidr_blocks         = []
TestTerraformCompleteExample 2022-03-23T15:23:43Z logger.go:66:       + source_security_group_id = "sg-0a63a098d68ce7755"
TestTerraformCompleteExample 2022-03-23T15:23:43Z logger.go:66:         # (8 unchanged attributes hidden)
TestTerraformCompleteExample 2022-03-23T15:23:43Z logger.go:66:     }
TestTerraformCompleteExample 2022-03-23T15:23:43Z logger.go:66:
TestTerraformCompleteExample 2022-03-23T15:23:43Z logger.go:66:   # module.vpc.aws_eip.nat[0] has changed
TestTerraformCompleteExample 2022-03-23T15:23:43Z logger.go:66:   ~ resource "aws_eip" "nat" {
TestTerraformCompleteExample 2022-03-23T15:23:43Z logger.go:66:       + association_id       = "eipassoc-01bf57ef66c766115"
TestTerraformCompleteExample 2022-03-23T15:23:43Z logger.go:66:         id                   = "eipalloc-024255bd65c65b9d7"
TestTerraformCompleteExample 2022-03-23T15:23:43Z logger.go:66:       + network_interface    = "eni-08d7163de00a23c38"
TestTerraformCompleteExample 2022-03-23T15:23:43Z logger.go:66:       + private_dns          = "ip-10-0-4-175.us-west-2.compute.internal"
TestTerraformCompleteExample 2022-03-23T15:23:43Z logger.go:66:       + private_ip           = "10.0.4.175"
TestTerraformCompleteExample 2022-03-23T15:23:43Z logger.go:66:         tags                 = {
TestTerraformCompleteExample 2022-03-23T15:23:43Z logger.go:66:             "Name" = "ex-complete-us-west-2a"
TestTerraformCompleteExample 2022-03-23T15:23:43Z logger.go:66:         }
TestTerraformCompleteExample 2022-03-23T15:23:43Z logger.go:66:         # (8 unchanged attributes hidden)
TestTerraformCompleteExample 2022-03-23T15:23:43Z logger.go:66:     }
TestTerraformCompleteExample 2022-03-23T15:23:43Z logger.go:66:
TestTerraformCompleteExample 2022-03-23T15:23:43Z logger.go:66:   # module.vpc.aws_route_table.private[0] has changed
TestTerraformCompleteExample 2022-03-23T15:23:43Z logger.go:66:   ~ resource "aws_route_table" "private" {
TestTerraformCompleteExample 2022-03-23T15:23:43Z logger.go:66:         id               = "rtb-0758be46ecf76fbc5"
TestTerraformCompleteExample 2022-03-23T15:23:43Z logger.go:66:       ~ route            = [
TestTerraformCompleteExample 2022-03-23T15:23:43Z logger.go:66:           + {
TestTerraformCompleteExample 2022-03-23T15:23:43Z logger.go:66:               + carrier_gateway_id         = ""
TestTerraformCompleteExample 2022-03-23T15:23:43Z logger.go:66:               + cidr_block                 = "0.0.0.0/0"
TestTerraformCompleteExample 2022-03-23T15:23:43Z logger.go:66:               + destination_prefix_list_id = ""
TestTerraformCompleteExample 2022-03-23T15:23:43Z logger.go:66:               + egress_only_gateway_id     = ""
TestTerraformCompleteExample 2022-03-23T15:23:43Z logger.go:66:               + gateway_id                 = ""
TestTerraformCompleteExample 2022-03-23T15:23:43Z logger.go:66:               + instance_id                = ""
TestTerraformCompleteExample 2022-03-23T15:23:43Z logger.go:66:               + ipv6_cidr_block            = ""
TestTerraformCompleteExample 2022-03-23T15:23:43Z logger.go:66:               + local_gateway_id           = ""
TestTerraformCompleteExample 2022-03-23T15:23:43Z logger.go:66:               + nat_gateway_id             = "nat-0b8a39930cdd1eaf1"
TestTerraformCompleteExample 2022-03-23T15:23:43Z logger.go:66:               + network_interface_id       = ""
TestTerraformCompleteExample 2022-03-23T15:23:43Z logger.go:66:               + transit_gateway_id         = ""
TestTerraformCompleteExample 2022-03-23T15:23:43Z logger.go:66:               + vpc_endpoint_id            = ""
TestTerraformCompleteExample 2022-03-23T15:23:43Z logger.go:66:               + vpc_peering_connection_id  = ""
TestTerraformCompleteExample 2022-03-23T15:23:43Z logger.go:66:             },
TestTerraformCompleteExample 2022-03-23T15:23:43Z logger.go:66:         ]
TestTerraformCompleteExample 2022-03-23T15:23:43Z logger.go:66:         tags             = {
TestTerraformCompleteExample 2022-03-23T15:23:43Z logger.go:66:             "Name" = "ex-complete-private"
TestTerraformCompleteExample 2022-03-23T15:23:43Z logger.go:66:         }
TestTerraformCompleteExample 2022-03-23T15:23:43Z logger.go:66:         # (5 unchanged attributes hidden)
TestTerraformCompleteExample 2022-03-23T15:23:43Z logger.go:66:     }
TestTerraformCompleteExample 2022-03-23T15:23:43Z logger.go:66:
TestTerraformCompleteExample 2022-03-23T15:23:43Z logger.go:66:   # module.vpc.aws_route_table.public[0] has changed
TestTerraformCompleteExample 2022-03-23T15:23:43Z logger.go:66:   ~ resource "aws_route_table" "public" {
TestTerraformCompleteExample 2022-03-23T15:23:43Z logger.go:66:         id               = "rtb-014da72b46fd7ca9c"
TestTerraformCompleteExample 2022-03-23T15:23:43Z logger.go:66:       ~ route            = [
TestTerraformCompleteExample 2022-03-23T15:23:43Z logger.go:66:           + {
TestTerraformCompleteExample 2022-03-23T15:23:43Z logger.go:66:               + carrier_gateway_id         = ""
TestTerraformCompleteExample 2022-03-23T15:23:43Z logger.go:66:               + cidr_block                 = "0.0.0.0/0"
TestTerraformCompleteExample 2022-03-23T15:23:43Z logger.go:66:               + destination_prefix_list_id = ""
TestTerraformCompleteExample 2022-03-23T15:23:43Z logger.go:66:               + egress_only_gateway_id     = ""
TestTerraformCompleteExample 2022-03-23T15:23:43Z logger.go:66:               + gateway_id                 = "igw-0a1c84ec27feddb14"
TestTerraformCompleteExample 2022-03-23T15:23:43Z logger.go:66:               + instance_id                = ""
TestTerraformCompleteExample 2022-03-23T15:23:43Z logger.go:66:               + ipv6_cidr_block            = ""
TestTerraformCompleteExample 2022-03-23T15:23:43Z logger.go:66:               + local_gateway_id           = ""
TestTerraformCompleteExample 2022-03-23T15:23:43Z logger.go:66:               + nat_gateway_id             = ""
TestTerraformCompleteExample 2022-03-23T15:23:43Z logger.go:66:               + network_interface_id       = ""
TestTerraformCompleteExample 2022-03-23T15:23:43Z logger.go:66:               + transit_gateway_id         = ""
TestTerraformCompleteExample 2022-03-23T15:23:43Z logger.go:66:               + vpc_endpoint_id            = ""
TestTerraformCompleteExample 2022-03-23T15:23:43Z logger.go:66:               + vpc_peering_connection_id  = ""
TestTerraformCompleteExample 2022-03-23T15:23:43Z logger.go:66:             },
TestTerraformCompleteExample 2022-03-23T15:23:43Z logger.go:66:         ]
TestTerraformCompleteExample 2022-03-23T15:23:43Z logger.go:66:         tags             = {
TestTerraformCompleteExample 2022-03-23T15:23:43Z logger.go:66:             "Name" = "ex-complete-public"
TestTerraformCompleteExample 2022-03-23T15:23:43Z logger.go:66:         }
TestTerraformCompleteExample 2022-03-23T15:23:43Z logger.go:66:         # (5 unchanged attributes hidden)
TestTerraformCompleteExample 2022-03-23T15:23:43Z logger.go:66:     }
TestTerraformCompleteExample 2022-03-23T15:23:43Z logger.go:66:
TestTerraformCompleteExample 2022-03-23T15:23:43Z logger.go:66:   # module.eks.module.eks_managed_node_group["foo"].aws_eks_node_group.this[0] has changed
TestTerraformCompleteExample 2022-03-23T15:23:43Z logger.go:66:   ~ resource "aws_eks_node_group" "this" {
TestTerraformCompleteExample 2022-03-23T15:23:43Z logger.go:66:         id                     = "ex-complete:foo-20220323152045319900000019"
TestTerraformCompleteExample 2022-03-23T15:23:43Z logger.go:66:       + labels                 = {}
TestTerraformCompleteExample 2022-03-23T15:23:43Z logger.go:66:         tags                   = {
TestTerraformCompleteExample 2022-03-23T15:23:43Z logger.go:66:             "Name" = "foo"
TestTerraformCompleteExample 2022-03-23T15:23:43Z logger.go:66:         }
TestTerraformCompleteExample 2022-03-23T15:23:43Z logger.go:66:         # (15 unchanged attributes hidden)
TestTerraformCompleteExample 2022-03-23T15:23:43Z logger.go:66:
TestTerraformCompleteExample 2022-03-23T15:23:43Z logger.go:66:
TestTerraformCompleteExample 2022-03-23T15:23:43Z logger.go:66:
TestTerraformCompleteExample 2022-03-23T15:23:43Z logger.go:66:
TestTerraformCompleteExample 2022-03-23T15:23:43Z logger.go:66:         # (4 unchanged blocks hidden)
TestTerraformCompleteExample 2022-03-23T15:23:43Z logger.go:66:     }
TestTerraformCompleteExample 2022-03-23T15:23:43Z logger.go:66:
TestTerraformCompleteExample 2022-03-23T15:23:43Z logger.go:66:   # module.eks.module.eks_managed_node_group["foo"].aws_iam_role.this[0] has changed
TestTerraformCompleteExample 2022-03-23T15:23:43Z logger.go:66:   ~ resource "aws_iam_role" "this" {
TestTerraformCompleteExample 2022-03-23T15:23:43Z logger.go:66:         id                    = "foo-eks-node-group-20220323151009303900000001"
TestTerraformCompleteExample 2022-03-23T15:23:43Z logger.go:66:       ~ managed_policy_arns   = [
TestTerraformCompleteExample 2022-03-23T15:23:43Z logger.go:66:           + "arn:aws:iam::aws:policy/AmazonEC2ContainerRegistryReadOnly",
TestTerraformCompleteExample 2022-03-23T15:23:43Z logger.go:66:           + "arn:aws:iam::aws:policy/AmazonEKSWorkerNodePolicy",
TestTerraformCompleteExample 2022-03-23T15:23:43Z logger.go:66:           + "arn:aws:iam::aws:policy/AmazonEKS_CNI_Policy",
TestTerraformCompleteExample 2022-03-23T15:23:43Z logger.go:66:         ]
TestTerraformCompleteExample 2022-03-23T15:23:43Z logger.go:66:         name                  = "foo-eks-node-group-20220323151009303900000001"
TestTerraformCompleteExample 2022-03-23T15:23:43Z logger.go:66:       + tags                  = {}
TestTerraformCompleteExample 2022-03-23T15:23:43Z logger.go:66:         # (10 unchanged attributes hidden)
TestTerraformCompleteExample 2022-03-23T15:23:43Z logger.go:66:
TestTerraformCompleteExample 2022-03-23T15:23:43Z logger.go:66:         # (1 unchanged block hidden)
TestTerraformCompleteExample 2022-03-23T15:23:43Z logger.go:66:     }
TestTerraformCompleteExample 2022-03-23T15:23:43Z logger.go:66:
TestTerraformCompleteExample 2022-03-23T15:23:43Z logger.go:66:   # module.eks.module.eks_managed_node_group["foo"].aws_launch_template.this[0] has changed
TestTerraformCompleteExample 2022-03-23T15:23:43Z logger.go:66:   ~ resource "aws_launch_template" "this" {
TestTerraformCompleteExample 2022-03-23T15:23:43Z logger.go:66:         id                      = "lt-0f378dd39b587476e"
TestTerraformCompleteExample 2022-03-23T15:23:43Z logger.go:66:         name                    = "foo-20220323152044603700000017"
TestTerraformCompleteExample 2022-03-23T15:23:43Z logger.go:66:       + security_group_names    = []
TestTerraformCompleteExample 2022-03-23T15:23:43Z logger.go:66:       + tags                    = {}
TestTerraformCompleteExample 2022-03-23T15:23:43Z logger.go:66:         # (9 unchanged attributes hidden)
TestTerraformCompleteExample 2022-03-23T15:23:43Z logger.go:66:
TestTerraformCompleteExample 2022-03-23T15:23:43Z logger.go:66:
TestTerraformCompleteExample 2022-03-23T15:23:43Z logger.go:66:
TestTerraformCompleteExample 2022-03-23T15:23:43Z logger.go:66:         # (5 unchanged blocks hidden)
TestTerraformCompleteExample 2022-03-23T15:23:43Z logger.go:66:     }
TestTerraformCompleteExample 2022-03-23T15:23:43Z logger.go:66:
TestTerraformCompleteExample 2022-03-23T15:23:43Z logger.go:66:   # module.eks.module.fargate_profile["bar"].aws_eks_fargate_profile.this[0] has changed
TestTerraformCompleteExample 2022-03-23T15:23:43Z logger.go:66:   ~ resource "aws_eks_fargate_profile" "this" {
TestTerraformCompleteExample 2022-03-23T15:23:43Z logger.go:66:         id                     = "ex-complete:bar"
TestTerraformCompleteExample 2022-03-23T15:23:43Z logger.go:66:       + tags                   = {}
TestTerraformCompleteExample 2022-03-23T15:23:43Z logger.go:66:         # (7 unchanged attributes hidden)
TestTerraformCompleteExample 2022-03-23T15:23:43Z logger.go:66:
TestTerraformCompleteExample 2022-03-23T15:23:43Z logger.go:66:       + selector {
TestTerraformCompleteExample 2022-03-23T15:23:43Z logger.go:66:           + labels    = {}
TestTerraformCompleteExample 2022-03-23T15:23:43Z logger.go:66:           + namespace = "bar"
TestTerraformCompleteExample 2022-03-23T15:23:43Z logger.go:66:         }
TestTerraformCompleteExample 2022-03-23T15:23:43Z logger.go:66:       - selector {
TestTerraformCompleteExample 2022-03-23T15:23:43Z logger.go:66:           - namespace = "bar" -> null
TestTerraformCompleteExample 2022-03-23T15:23:43Z logger.go:66:         }
TestTerraformCompleteExample 2022-03-23T15:23:43Z logger.go:66:
TestTerraformCompleteExample 2022-03-23T15:23:43Z logger.go:66:         # (1 unchanged block hidden)
TestTerraformCompleteExample 2022-03-23T15:23:43Z logger.go:66:     }
TestTerraformCompleteExample 2022-03-23T15:23:43Z logger.go:66:
TestTerraformCompleteExample 2022-03-23T15:23:43Z logger.go:66:   # module.eks.module.fargate_profile["bar"].aws_iam_role.this[0] has changed
TestTerraformCompleteExample 2022-03-23T15:23:43Z logger.go:66:   ~ resource "aws_iam_role" "this" {
TestTerraformCompleteExample 2022-03-23T15:23:43Z logger.go:66:         id                    = "bar-20220323151009311300000003"
TestTerraformCompleteExample 2022-03-23T15:23:43Z logger.go:66:       ~ managed_policy_arns   = [
TestTerraformCompleteExample 2022-03-23T15:23:43Z logger.go:66:           + "arn:aws:iam::aws:policy/AmazonEKSFargatePodExecutionRolePolicy",
TestTerraformCompleteExample 2022-03-23T15:23:43Z logger.go:66:           + "arn:aws:iam::aws:policy/AmazonEKS_CNI_Policy",
TestTerraformCompleteExample 2022-03-23T15:23:43Z logger.go:66:         ]
TestTerraformCompleteExample 2022-03-23T15:23:43Z logger.go:66:         name                  = "bar-20220323151009311300000003"
TestTerraformCompleteExample 2022-03-23T15:23:43Z logger.go:66:       + tags                  = {}
TestTerraformCompleteExample 2022-03-23T15:23:43Z logger.go:66:         # (10 unchanged attributes hidden)
TestTerraformCompleteExample 2022-03-23T15:23:43Z logger.go:66:
TestTerraformCompleteExample 2022-03-23T15:23:43Z logger.go:66:         # (1 unchanged block hidden)
TestTerraformCompleteExample 2022-03-23T15:23:43Z logger.go:66:     }
TestTerraformCompleteExample 2022-03-23T15:23:43Z logger.go:66:
TestTerraformCompleteExample 2022-03-23T15:23:43Z logger.go:66:   # module.eks.module.self_managed_node_group["boo"].aws_autoscaling_group.this[0] has changed
TestTerraformCompleteExample 2022-03-23T15:23:43Z logger.go:66:   ~ resource "aws_autoscaling_group" "this" {
TestTerraformCompleteExample 2022-03-23T15:23:43Z logger.go:66:       + enabled_metrics           = []
TestTerraformCompleteExample 2022-03-23T15:23:43Z logger.go:66:         id                        = "boo-2022032315204538390000001b"
TestTerraformCompleteExample 2022-03-23T15:23:43Z logger.go:66:       + load_balancers            = []
TestTerraformCompleteExample 2022-03-23T15:23:43Z logger.go:66:         name                      = "boo-2022032315204538390000001b"
TestTerraformCompleteExample 2022-03-23T15:23:43Z logger.go:66:       + suspended_processes       = []
TestTerraformCompleteExample 2022-03-23T15:23:43Z logger.go:66:       + target_group_arns         = []
TestTerraformCompleteExample 2022-03-23T15:23:43Z logger.go:66:       + termination_policies      = []
TestTerraformCompleteExample 2022-03-23T15:23:43Z logger.go:66:         # (18 unchanged attributes hidden)
TestTerraformCompleteExample 2022-03-23T15:23:43Z logger.go:66:
TestTerraformCompleteExample 2022-03-23T15:23:43Z logger.go:66:
TestTerraformCompleteExample 2022-03-23T15:23:43Z logger.go:66:
TestTerraformCompleteExample 2022-03-23T15:23:43Z logger.go:66:         # (5 unchanged blocks hidden)
TestTerraformCompleteExample 2022-03-23T15:23:43Z logger.go:66:     }
TestTerraformCompleteExample 2022-03-23T15:23:43Z logger.go:66:
TestTerraformCompleteExample 2022-03-23T15:23:43Z logger.go:66:   # module.eks.module.self_managed_node_group["boo"].aws_iam_instance_profile.this[0] has changed
TestTerraformCompleteExample 2022-03-23T15:23:43Z logger.go:66:   ~ resource "aws_iam_instance_profile" "this" {
TestTerraformCompleteExample 2022-03-23T15:23:43Z logger.go:66:         id          = "boo-node-group-20220323151010448100000005"
TestTerraformCompleteExample 2022-03-23T15:23:43Z logger.go:66:         name        = "boo-node-group-20220323151010448100000005"
TestTerraformCompleteExample 2022-03-23T15:23:43Z logger.go:66:       + tags        = {}
TestTerraformCompleteExample 2022-03-23T15:23:43Z logger.go:66:         # (7 unchanged attributes hidden)
TestTerraformCompleteExample 2022-03-23T15:23:43Z logger.go:66:     }
TestTerraformCompleteExample 2022-03-23T15:23:43Z logger.go:66:
TestTerraformCompleteExample 2022-03-23T15:23:43Z logger.go:66:   # module.eks.module.self_managed_node_group["boo"].aws_iam_role.this[0] has changed
TestTerraformCompleteExample 2022-03-23T15:23:43Z logger.go:66:   ~ resource "aws_iam_role" "this" {
TestTerraformCompleteExample 2022-03-23T15:23:43Z logger.go:66:         id                    = "boo-node-group-20220323151009311600000004"
TestTerraformCompleteExample 2022-03-23T15:23:43Z logger.go:66:       ~ managed_policy_arns   = [
TestTerraformCompleteExample 2022-03-23T15:23:43Z logger.go:66:           + "arn:aws:iam::aws:policy/AmazonEC2ContainerRegistryReadOnly",
TestTerraformCompleteExample 2022-03-23T15:23:43Z logger.go:66:           + "arn:aws:iam::aws:policy/AmazonEKSWorkerNodePolicy",
TestTerraformCompleteExample 2022-03-23T15:23:43Z logger.go:66:           + "arn:aws:iam::aws:policy/AmazonEKS_CNI_Policy",
TestTerraformCompleteExample 2022-03-23T15:23:43Z logger.go:66:         ]
TestTerraformCompleteExample 2022-03-23T15:23:43Z logger.go:66:         name                  = "boo-node-group-20220323151009311600000004"
TestTerraformCompleteExample 2022-03-23T15:23:43Z logger.go:66:       + tags                  = {}
TestTerraformCompleteExample 2022-03-23T15:23:43Z logger.go:66:         # (10 unchanged attributes hidden)
TestTerraformCompleteExample 2022-03-23T15:23:43Z logger.go:66:
TestTerraformCompleteExample 2022-03-23T15:23:43Z logger.go:66:         # (1 unchanged block hidden)
TestTerraformCompleteExample 2022-03-23T15:23:43Z logger.go:66:     }
TestTerraformCompleteExample 2022-03-23T15:23:43Z logger.go:66:
TestTerraformCompleteExample 2022-03-23T15:23:43Z logger.go:66:   # module.eks.module.self_managed_node_group["boo"].aws_launch_template.this[0] has changed
TestTerraformCompleteExample 2022-03-23T15:23:43Z logger.go:66:   ~ resource "aws_launch_template" "this" {
TestTerraformCompleteExample 2022-03-23T15:23:43Z logger.go:66:         id                      = "lt-027f011ace8dbc335"
TestTerraformCompleteExample 2022-03-23T15:23:43Z logger.go:66:         name                    = "boo-20220323152044603600000015"
TestTerraformCompleteExample 2022-03-23T15:23:43Z logger.go:66:       + security_group_names    = []
TestTerraformCompleteExample 2022-03-23T15:23:43Z logger.go:66:       + tags                    = {}
TestTerraformCompleteExample 2022-03-23T15:23:43Z logger.go:66:         # (12 unchanged attributes hidden)
TestTerraformCompleteExample 2022-03-23T15:23:43Z logger.go:66:
TestTerraformCompleteExample 2022-03-23T15:23:43Z logger.go:66:
TestTerraformCompleteExample 2022-03-23T15:23:43Z logger.go:66:
TestTerraformCompleteExample 2022-03-23T15:23:43Z logger.go:66:
TestTerraformCompleteExample 2022-03-23T15:23:43Z logger.go:66:
TestTerraformCompleteExample 2022-03-23T15:23:43Z logger.go:66:         # (7 unchanged blocks hidden)
TestTerraformCompleteExample 2022-03-23T15:23:43Z logger.go:66:     }
TestTerraformCompleteExample 2022-03-23T15:23:43Z logger.go:66:
TestTerraformCompleteExample 2022-03-23T15:23:43Z logger.go:66:
TestTerraformCompleteExample 2022-03-23T15:23:43Z logger.go:66: Unless you have made equivalent changes to your configuration, or ignored the
TestTerraformCompleteExample 2022-03-23T15:23:43Z logger.go:66: relevant attributes using ignore_changes, the following plan may include
TestTerraformCompleteExample 2022-03-23T15:23:43Z logger.go:66: actions to undo or respond to these changes.
TestTerraformCompleteExample 2022-03-23T15:23:43Z logger.go:66:
TestTerraformCompleteExample 2022-03-23T15:23:43Z logger.go:66: ─────────────────────────────────────────────────────────────────────────────
TestTerraformCompleteExample 2022-03-23T15:23:43Z logger.go:66:
TestTerraformCompleteExample 2022-03-23T15:23:43Z logger.go:66: No changes. Your infrastructure matches the configuration.
TestTerraformCompleteExample 2022-03-23T15:23:43Z logger.go:66:
TestTerraformCompleteExample 2022-03-23T15:23:43Z logger.go:66: Your configuration already matches the changes detected above. If you'd like
TestTerraformCompleteExample 2022-03-23T15:23:43Z logger.go:66: to update the Terraform state to match, create and apply a refresh-only plan:
TestTerraformCompleteExample 2022-03-23T15:23:43Z logger.go:66:   terraform apply -refresh-only
TestTerraformCompleteExample 2022-03-23T15:23:44Z logger.go:66:
TestTerraformCompleteExample 2022-03-23T15:23:44Z logger.go:66: Apply complete! Resources: 0 added, 0 changed, 0 destroyed.
TestTerraformCompleteExample 2022-03-23T15:23:44Z logger.go:66:
TestTerraformCompleteExample 2022-03-23T15:23:44Z logger.go:66: Outputs:
TestTerraformCompleteExample 2022-03-23T15:23:44Z logger.go:66:
TestTerraformCompleteExample 2022-03-23T15:23:44Z logger.go:66: fargate_profile_iam_role_arn = "arn:aws:iam::11111111111:role/bar-20220323151009311300000003"
TestTerraformCompleteExample 2022-03-23T15:23:44Z logger.go:66: managed_node_group_iam_role_arn = "arn:aws:iam::11111111111:role/foo-eks-node-group-20220323151009303900000001"
TestTerraformCompleteExample 2022-03-23T15:23:44Z logger.go:66: map_accounts = tolist([
TestTerraformCompleteExample 2022-03-23T15:23:44Z logger.go:66:   "777777777777",
TestTerraformCompleteExample 2022-03-23T15:23:44Z logger.go:66:   "888888888888",
TestTerraformCompleteExample 2022-03-23T15:23:44Z logger.go:66: ])
TestTerraformCompleteExample 2022-03-23T15:23:44Z logger.go:66: map_roles = tolist([
TestTerraformCompleteExample 2022-03-23T15:23:44Z logger.go:66:   {
TestTerraformCompleteExample 2022-03-23T15:23:44Z logger.go:66:     "groups" = tolist([
TestTerraformCompleteExample 2022-03-23T15:23:44Z logger.go:66:       "system:bootstrappers",
TestTerraformCompleteExample 2022-03-23T15:23:44Z logger.go:66:       "system:nodes",
TestTerraformCompleteExample 2022-03-23T15:23:44Z logger.go:66:     ])
TestTerraformCompleteExample 2022-03-23T15:23:44Z logger.go:66:     "rolearn" = "arn:aws:iam::11111111111:role/foo-eks-node-group-20220323151009303900000001"
TestTerraformCompleteExample 2022-03-23T15:23:44Z logger.go:66:     "username" = "system:node:{{EC2PrivateDNSName}}"
TestTerraformCompleteExample 2022-03-23T15:23:44Z logger.go:66:   },
TestTerraformCompleteExample 2022-03-23T15:23:44Z logger.go:66:   {
TestTerraformCompleteExample 2022-03-23T15:23:44Z logger.go:66:     "groups" = tolist([
TestTerraformCompleteExample 2022-03-23T15:23:44Z logger.go:66:       "system:bootstrappers",
TestTerraformCompleteExample 2022-03-23T15:23:44Z logger.go:66:       "system:nodes",
TestTerraformCompleteExample 2022-03-23T15:23:44Z logger.go:66:     ])
TestTerraformCompleteExample 2022-03-23T15:23:44Z logger.go:66:     "rolearn" = "arn:aws:iam::11111111111:role/boo-node-group-20220323151009311600000004"
TestTerraformCompleteExample 2022-03-23T15:23:44Z logger.go:66:     "username" = "system:node:{{EC2PrivateDNSName}}"
TestTerraformCompleteExample 2022-03-23T15:23:44Z logger.go:66:   },
TestTerraformCompleteExample 2022-03-23T15:23:44Z logger.go:66:   {
TestTerraformCompleteExample 2022-03-23T15:23:44Z logger.go:66:     "groups" = tolist([
TestTerraformCompleteExample 2022-03-23T15:23:44Z logger.go:66:       "system:bootstrappers",
TestTerraformCompleteExample 2022-03-23T15:23:44Z logger.go:66:       "system:nodes",
TestTerraformCompleteExample 2022-03-23T15:23:44Z logger.go:66:       "system:node-proxier",
TestTerraformCompleteExample 2022-03-23T15:23:44Z logger.go:66:     ])
TestTerraformCompleteExample 2022-03-23T15:23:44Z logger.go:66:     "rolearn" = "arn:aws:iam::11111111111:role/bar-20220323151009311300000003"
TestTerraformCompleteExample 2022-03-23T15:23:44Z logger.go:66:     "username" = "system:node:{{SessionName}}"
TestTerraformCompleteExample 2022-03-23T15:23:44Z logger.go:66:   },
TestTerraformCompleteExample 2022-03-23T15:23:44Z logger.go:66:   {
TestTerraformCompleteExample 2022-03-23T15:23:44Z logger.go:66:     "groups" = tolist([
TestTerraformCompleteExample 2022-03-23T15:23:44Z logger.go:66:       "system:masters",
TestTerraformCompleteExample 2022-03-23T15:23:44Z logger.go:66:     ])
TestTerraformCompleteExample 2022-03-23T15:23:44Z logger.go:66:     "rolearn" = "arn:aws:iam::66666666666:role/role1"
TestTerraformCompleteExample 2022-03-23T15:23:44Z logger.go:66:     "username" = "role1"
TestTerraformCompleteExample 2022-03-23T15:23:44Z logger.go:66:   },
TestTerraformCompleteExample 2022-03-23T15:23:44Z logger.go:66: ])
TestTerraformCompleteExample 2022-03-23T15:23:44Z logger.go:66: map_users = tolist([
TestTerraformCompleteExample 2022-03-23T15:23:44Z logger.go:66:   {
TestTerraformCompleteExample 2022-03-23T15:23:44Z logger.go:66:     "groups" = tolist([
TestTerraformCompleteExample 2022-03-23T15:23:44Z logger.go:66:       "system:masters",
TestTerraformCompleteExample 2022-03-23T15:23:44Z logger.go:66:     ])
TestTerraformCompleteExample 2022-03-23T15:23:44Z logger.go:66:     "userarn" = "arn:aws:iam::66666666666:user/user1"
TestTerraformCompleteExample 2022-03-23T15:23:44Z logger.go:66:     "username" = "user1"
TestTerraformCompleteExample 2022-03-23T15:23:44Z logger.go:66:   },
TestTerraformCompleteExample 2022-03-23T15:23:44Z logger.go:66:   {
TestTerraformCompleteExample 2022-03-23T15:23:44Z logger.go:66:     "groups" = tolist([
TestTerraformCompleteExample 2022-03-23T15:23:44Z logger.go:66:       "system:masters",
TestTerraformCompleteExample 2022-03-23T15:23:44Z logger.go:66:     ])
TestTerraformCompleteExample 2022-03-23T15:23:44Z logger.go:66:     "userarn" = "arn:aws:iam::66666666666:user/user2"
TestTerraformCompleteExample 2022-03-23T15:23:44Z logger.go:66:     "username" = "user2"
TestTerraformCompleteExample 2022-03-23T15:23:44Z logger.go:66:   },
TestTerraformCompleteExample 2022-03-23T15:23:44Z logger.go:66: ])
TestTerraformCompleteExample 2022-03-23T15:23:44Z logger.go:66: self_managed_node_group_iam_role_arn = "arn:aws:iam::11111111111:role/boo-node-group-20220323151009311600000004"
TestTerraformCompleteExample 2022-03-23T15:23:44Z logger.go:66: Running terraform with args [plan -input=false -detailed-exitcode -no-color -lock=false]
TestTerraformCompleteExample 2022-03-23T15:23:44Z logger.go:66: Running command terraform with args [plan -input=false -detailed-exitcode -no-color -lock=false]
TestTerraformCompleteExample 2022-03-23T15:23:50Z logger.go:66: module.vpc.aws_vpc.this[0]: Refreshing state... [id=vpc-08f223165937bfa42]
TestTerraformCompleteExample 2022-03-23T15:23:50Z logger.go:66: module.eks.aws_cloudwatch_log_group.this[0]: Refreshing state... [id=/aws/eks/ex-complete/cluster]
TestTerraformCompleteExample 2022-03-23T15:23:50Z logger.go:66: module.vpc.aws_eip.nat[0]: Refreshing state... [id=eipalloc-024255bd65c65b9d7]
TestTerraformCompleteExample 2022-03-23T15:23:50Z logger.go:66: module.eks.module.self_managed_node_group["boo"].aws_iam_role.this[0]: Refreshing state... [id=boo-node-group-20220323151009311600000004]
TestTerraformCompleteExample 2022-03-23T15:23:50Z logger.go:66: module.eks.module.eks_managed_node_group["foo"].aws_iam_role.this[0]: Refreshing state... [id=foo-eks-node-group-20220323151009303900000001]
TestTerraformCompleteExample 2022-03-23T15:23:50Z logger.go:66: module.eks.module.fargate_profile["bar"].aws_iam_role.this[0]: Refreshing state... [id=bar-20220323151009311300000003]
TestTerraformCompleteExample 2022-03-23T15:23:50Z logger.go:66: module.eks.aws_iam_role.this[0]: Refreshing state... [id=ex-complete-cluster-20220323151009306200000002]
TestTerraformCompleteExample 2022-03-23T15:23:50Z logger.go:66: module.vpc.aws_route_table.public[0]: Refreshing state... [id=rtb-014da72b46fd7ca9c]
TestTerraformCompleteExample 2022-03-23T15:23:50Z logger.go:66: module.vpc.aws_internet_gateway.this[0]: Refreshing state... [id=igw-0a1c84ec27feddb14]
TestTerraformCompleteExample 2022-03-23T15:23:50Z logger.go:66: module.vpc.aws_route_table.private[0]: Refreshing state... [id=rtb-0758be46ecf76fbc5]
TestTerraformCompleteExample 2022-03-23T15:23:50Z logger.go:66: module.vpc.aws_subnet.public[1]: Refreshing state... [id=subnet-0552d4b295493d9bd]
TestTerraformCompleteExample 2022-03-23T15:23:50Z logger.go:66: module.vpc.aws_subnet.public[0]: Refreshing state... [id=subnet-0c14641d438ec1744]
TestTerraformCompleteExample 2022-03-23T15:23:50Z logger.go:66: module.vpc.aws_subnet.public[2]: Refreshing state... [id=subnet-0ada2007f714da19a]
TestTerraformCompleteExample 2022-03-23T15:23:50Z logger.go:66: module.eks.aws_security_group.cluster[0]: Refreshing state... [id=sg-0941752c50550e73a]
TestTerraformCompleteExample 2022-03-23T15:23:51Z logger.go:66: module.vpc.aws_subnet.private[0]: Refreshing state... [id=subnet-0650f6dd05be35933]
TestTerraformCompleteExample 2022-03-23T15:23:51Z logger.go:66: module.vpc.aws_subnet.private[2]: Refreshing state... [id=subnet-00dbbd09ccc535bc6]
TestTerraformCompleteExample 2022-03-23T15:23:51Z logger.go:66: module.vpc.aws_subnet.private[1]: Refreshing state... [id=subnet-01284105c09c11104]
TestTerraformCompleteExample 2022-03-23T15:23:51Z logger.go:66: module.eks.aws_security_group.node[0]: Refreshing state... [id=sg-0a63a098d68ce7755]
TestTerraformCompleteExample 2022-03-23T15:23:51Z logger.go:66: module.eks.module.self_managed_node_group["boo"].aws_security_group.this[0]: Refreshing state... [id=sg-05d31a42bcebc395b]
TestTerraformCompleteExample 2022-03-23T15:23:51Z logger.go:66: module.eks.module.eks_managed_node_group["foo"].aws_security_group.this[0]: Refreshing state... [id=sg-04379df5c4537d4f0]
TestTerraformCompleteExample 2022-03-23T15:23:51Z logger.go:66: module.vpc.aws_route.public_internet_gateway[0]: Refreshing state... [id=r-rtb-014da72b46fd7ca9c1080289494]
TestTerraformCompleteExample 2022-03-23T15:23:51Z logger.go:66: module.eks.module.fargate_profile["bar"].aws_iam_role_policy_attachment.this["arn:aws:iam::aws:policy/AmazonEKS_CNI_Policy"]: Refreshing state... [id=bar-20220323151009311300000003-2022032315101100800000000e]
TestTerraformCompleteExample 2022-03-23T15:23:51Z logger.go:66: module.eks.module.self_managed_node_group["boo"].aws_iam_instance_profile.this[0]: Refreshing state... [id=boo-node-group-20220323151010448100000005]
TestTerraformCompleteExample 2022-03-23T15:23:51Z logger.go:66: module.eks.module.self_managed_node_group["boo"].aws_iam_role_policy_attachment.this["arn:aws:iam::aws:policy/AmazonEKSWorkerNodePolicy"]: Refreshing state... [id=boo-node-group-20220323151009311600000004-20220323151010619200000008]
TestTerraformCompleteExample 2022-03-23T15:23:51Z logger.go:66: module.eks.module.fargate_profile["bar"].aws_iam_role_policy_attachment.this["arn:aws:iam::aws:policy/AmazonEKSFargatePodExecutionRolePolicy"]: Refreshing state... [id=bar-20220323151009311300000003-2022032315101102520000000f]
TestTerraformCompleteExample 2022-03-23T15:23:51Z logger.go:66: module.eks.module.self_managed_node_group["boo"].aws_iam_role_policy_attachment.this["arn:aws:iam::aws:policy/AmazonEKS_CNI_Policy"]: Refreshing state... [id=boo-node-group-20220323151009311600000004-20220323151010703300000009]
TestTerraformCompleteExample 2022-03-23T15:23:51Z logger.go:66: module.eks.module.self_managed_node_group["boo"].aws_iam_role_policy_attachment.this["arn:aws:iam::aws:policy/AmazonEC2ContainerRegistryReadOnly"]: Refreshing state... [id=boo-node-group-20220323151009311600000004-20220323151010583900000006]
TestTerraformCompleteExample 2022-03-23T15:23:51Z logger.go:66: module.eks.module.eks_managed_node_group["foo"].aws_iam_role_policy_attachment.this["arn:aws:iam::aws:policy/AmazonEC2ContainerRegistryReadOnly"]: Refreshing state... [id=foo-eks-node-group-20220323151009303900000001-20220323151010613500000007]
TestTerraformCompleteExample 2022-03-23T15:23:51Z logger.go:66: module.eks.module.eks_managed_node_group["foo"].aws_iam_role_policy_attachment.this["arn:aws:iam::aws:policy/AmazonEKSWorkerNodePolicy"]: Refreshing state... [id=foo-eks-node-group-20220323151009303900000001-2022032315101072740000000a]
TestTerraformCompleteExample 2022-03-23T15:23:51Z logger.go:66: module.eks.module.eks_managed_node_group["foo"].aws_iam_role_policy_attachment.this["arn:aws:iam::aws:policy/AmazonEKS_CNI_Policy"]: Refreshing state... [id=foo-eks-node-group-20220323151009303900000001-2022032315101075610000000c]
TestTerraformCompleteExample 2022-03-23T15:23:51Z logger.go:66: module.eks.aws_iam_role_policy_attachment.this["arn:aws:iam::aws:policy/AmazonEKSClusterPolicy"]: Refreshing state... [id=ex-complete-cluster-20220323151009306200000002-2022032315101085900000000d]
TestTerraformCompleteExample 2022-03-23T15:23:51Z logger.go:66: module.eks.aws_iam_role_policy_attachment.this["arn:aws:iam::aws:policy/AmazonEKSVPCResourceController"]: Refreshing state... [id=ex-complete-cluster-20220323151009306200000002-2022032315101075450000000b]
TestTerraformCompleteExample 2022-03-23T15:23:51Z logger.go:66: module.vpc.aws_nat_gateway.this[0]: Refreshing state... [id=nat-0b8a39930cdd1eaf1]
TestTerraformCompleteExample 2022-03-23T15:23:51Z logger.go:66: module.vpc.aws_route_table_association.public[1]: Refreshing state... [id=rtbassoc-00ab0c68cf1c9343d]
TestTerraformCompleteExample 2022-03-23T15:23:51Z logger.go:66: module.vpc.aws_route_table_association.public[2]: Refreshing state... [id=rtbassoc-0892f83dc6d756ea8]
TestTerraformCompleteExample 2022-03-23T15:23:51Z logger.go:66: module.vpc.aws_route_table_association.public[0]: Refreshing state... [id=rtbassoc-07889e7a2fde60058]
TestTerraformCompleteExample 2022-03-23T15:23:51Z logger.go:66: module.vpc.aws_route_table_association.private[0]: Refreshing state... [id=rtbassoc-05363bbfc8d2769fc]
TestTerraformCompleteExample 2022-03-23T15:23:51Z logger.go:66: module.vpc.aws_route_table_association.private[1]: Refreshing state... [id=rtbassoc-0ae7ffb6601159aeb]
TestTerraformCompleteExample 2022-03-23T15:23:51Z logger.go:66: module.vpc.aws_route_table_association.private[2]: Refreshing state... [id=rtbassoc-097f1ad562b089f4c]
TestTerraformCompleteExample 2022-03-23T15:23:51Z logger.go:66: module.eks.aws_security_group_rule.node["egress_self_coredns_tcp"]: Refreshing state... [id=sgrule-1619043932]
TestTerraformCompleteExample 2022-03-23T15:23:51Z logger.go:66: module.eks.aws_security_group_rule.node["egress_cluster_443"]: Refreshing state... [id=sgrule-3929045171]
TestTerraformCompleteExample 2022-03-23T15:23:51Z logger.go:66: module.eks.aws_security_group_rule.node["egress_self_coredns_udp"]: Refreshing state... [id=sgrule-4008125498]
TestTerraformCompleteExample 2022-03-23T15:23:51Z logger.go:66: module.eks.aws_security_group_rule.node["egress_ntp_tcp"]: Refreshing state... [id=sgrule-580026870]
TestTerraformCompleteExample 2022-03-23T15:23:51Z logger.go:66: module.eks.aws_security_group_rule.node["ingress_cluster_kubelet"]: Refreshing state... [id=sgrule-3334837706]
TestTerraformCompleteExample 2022-03-23T15:23:51Z logger.go:66: module.eks.aws_security_group_rule.node["ingress_cluster_443"]: Refreshing state... [id=sgrule-3268208147]
TestTerraformCompleteExample 2022-03-23T15:23:51Z logger.go:66: module.eks.aws_security_group_rule.node["ingress_self_coredns_tcp"]: Refreshing state... [id=sgrule-1592050371]
TestTerraformCompleteExample 2022-03-23T15:23:51Z logger.go:66: module.eks.aws_security_group_rule.node["ingress_self_coredns_udp"]: Refreshing state... [id=sgrule-4206584108]
TestTerraformCompleteExample 2022-03-23T15:23:51Z logger.go:66: module.eks.aws_security_group_rule.node["egress_https"]: Refreshing state... [id=sgrule-4249664744]
TestTerraformCompleteExample 2022-03-23T15:23:51Z logger.go:66: module.eks.aws_security_group_rule.node["egress_ntp_udp"]: Refreshing state... [id=sgrule-1544332539]
TestTerraformCompleteExample 2022-03-23T15:23:51Z logger.go:66: module.eks.aws_security_group_rule.cluster["egress_nodes_443"]: Refreshing state... [id=sgrule-1293373756]
TestTerraformCompleteExample 2022-03-23T15:23:51Z logger.go:66: module.eks.aws_security_group_rule.cluster["egress_nodes_kubelet"]: Refreshing state... [id=sgrule-3628687488]
TestTerraformCompleteExample 2022-03-23T15:23:51Z logger.go:66: module.eks.aws_security_group_rule.cluster["ingress_nodes_443"]: Refreshing state... [id=sgrule-326841452]
TestTerraformCompleteExample 2022-03-23T15:23:51Z logger.go:66: module.vpc.aws_route.private_nat_gateway[0]: Refreshing state... [id=r-rtb-0758be46ecf76fbc51080289494]
TestTerraformCompleteExample 2022-03-23T15:23:51Z logger.go:66: module.eks.aws_eks_cluster.this[0]: Refreshing state... [id=ex-complete]
TestTerraformCompleteExample 2022-03-23T15:23:52Z logger.go:66: module.eks.module.fargate_profile["bar"].aws_eks_fargate_profile.this[0]: Refreshing state... [id=ex-complete:bar]
TestTerraformCompleteExample 2022-03-23T15:23:52Z logger.go:66: module.eks.module.eks_managed_node_group["foo"].aws_launch_template.this[0]: Refreshing state... [id=lt-0f378dd39b587476e]
TestTerraformCompleteExample 2022-03-23T15:23:52Z logger.go:66: module.eks.module.self_managed_node_group["boo"].aws_launch_template.this[0]: Refreshing state... [id=lt-027f011ace8dbc335]
TestTerraformCompleteExample 2022-03-23T15:23:52Z logger.go:66: module.eks.aws_iam_openid_connect_provider.oidc_provider[0]: Refreshing state... [id=arn:aws:iam::11111111111:oidc-provider/oidc.eks.us-west-2.amazonaws.com/id/4B2DBFC156ACEBC287EA8CA677B0EB69]
TestTerraformCompleteExample 2022-03-23T15:23:52Z logger.go:66: module.eks.module.eks_managed_node_group["foo"].aws_eks_node_group.this[0]: Refreshing state... [id=ex-complete:foo-20220323152045319900000019]
TestTerraformCompleteExample 2022-03-23T15:23:52Z logger.go:66: module.eks.module.self_managed_node_group["boo"].aws_autoscaling_group.this[0]: Refreshing state... [id=boo-2022032315204538390000001b]
TestTerraformCompleteExample 2022-03-23T15:23:52Z logger.go:66: module.eks_auth.kubectl_manifest.patch: Refreshing state... [id=/api/v1/namespaces/kube-system/configmaps/aws-auth]
TestTerraformCompleteExample 2022-03-23T15:23:52Z logger.go:66:
TestTerraformCompleteExample 2022-03-23T15:23:52Z logger.go:66: No changes. Your infrastructure matches the configuration.
TestTerraformCompleteExample 2022-03-23T15:23:52Z logger.go:66:
TestTerraformCompleteExample 2022-03-23T15:23:52Z logger.go:66: Terraform has compared your real infrastructure against your configuration
TestTerraformCompleteExample 2022-03-23T15:23:52Z logger.go:66: and found no differences, so no changes are needed.
TestTerraformCompleteExample 2022-03-23T15:23:52Z retry.go:91: terraform [destroy -auto-approve -input=false -no-color -lock=false]
TestTerraformCompleteExample 2022-03-23T15:23:52Z logger.go:66: Running command terraform with args [destroy -auto-approve -input=false -no-color -lock=false]
TestTerraformCompleteExample 2022-03-23T15:23:58Z logger.go:66: module.eks.aws_cloudwatch_log_group.this[0]: Refreshing state... [id=/aws/eks/ex-complete/cluster]
TestTerraformCompleteExample 2022-03-23T15:23:58Z logger.go:66: module.vpc.aws_eip.nat[0]: Refreshing state... [id=eipalloc-024255bd65c65b9d7]
TestTerraformCompleteExample 2022-03-23T15:23:58Z logger.go:66: module.vpc.aws_vpc.this[0]: Refreshing state... [id=vpc-08f223165937bfa42]
TestTerraformCompleteExample 2022-03-23T15:23:58Z logger.go:66: module.eks.module.fargate_profile["bar"].aws_iam_role.this[0]: Refreshing state... [id=bar-20220323151009311300000003]
TestTerraformCompleteExample 2022-03-23T15:23:58Z logger.go:66: module.eks.module.eks_managed_node_group["foo"].aws_iam_role.this[0]: Refreshing state... [id=foo-eks-node-group-20220323151009303900000001]
TestTerraformCompleteExample 2022-03-23T15:23:58Z logger.go:66: module.eks.module.self_managed_node_group["boo"].aws_iam_role.this[0]: Refreshing state... [id=boo-node-group-20220323151009311600000004]
TestTerraformCompleteExample 2022-03-23T15:23:58Z logger.go:66: module.eks.aws_iam_role.this[0]: Refreshing state... [id=ex-complete-cluster-20220323151009306200000002]
TestTerraformCompleteExample 2022-03-23T15:23:58Z logger.go:66: module.vpc.aws_route_table.public[0]: Refreshing state... [id=rtb-014da72b46fd7ca9c]
TestTerraformCompleteExample 2022-03-23T15:23:59Z logger.go:66: module.eks.module.eks_managed_node_group["foo"].aws_security_group.this[0]: Refreshing state... [id=sg-04379df5c4537d4f0]
TestTerraformCompleteExample 2022-03-23T15:23:59Z logger.go:66: module.eks.aws_security_group.cluster[0]: Refreshing state... [id=sg-0941752c50550e73a]
TestTerraformCompleteExample 2022-03-23T15:23:59Z logger.go:66: module.vpc.aws_route_table.private[0]: Refreshing state... [id=rtb-0758be46ecf76fbc5]
TestTerraformCompleteExample 2022-03-23T15:23:59Z logger.go:66: module.vpc.aws_subnet.private[0]: Refreshing state... [id=subnet-0650f6dd05be35933]
TestTerraformCompleteExample 2022-03-23T15:23:59Z logger.go:66: module.vpc.aws_subnet.private[1]: Refreshing state... [id=subnet-01284105c09c11104]
TestTerraformCompleteExample 2022-03-23T15:23:59Z logger.go:66: module.vpc.aws_subnet.private[2]: Refreshing state... [id=subnet-00dbbd09ccc535bc6]
TestTerraformCompleteExample 2022-03-23T15:23:59Z logger.go:66: module.vpc.aws_internet_gateway.this[0]: Refreshing state... [id=igw-0a1c84ec27feddb14]
TestTerraformCompleteExample 2022-03-23T15:23:59Z logger.go:66: module.eks.module.self_managed_node_group["boo"].aws_security_group.this[0]: Refreshing state... [id=sg-05d31a42bcebc395b]
TestTerraformCompleteExample 2022-03-23T15:23:59Z logger.go:66: module.vpc.aws_subnet.public[0]: Refreshing state... [id=subnet-0c14641d438ec1744]
TestTerraformCompleteExample 2022-03-23T15:23:59Z logger.go:66: module.vpc.aws_subnet.public[1]: Refreshing state... [id=subnet-0552d4b295493d9bd]
TestTerraformCompleteExample 2022-03-23T15:23:59Z logger.go:66: module.vpc.aws_subnet.public[2]: Refreshing state... [id=subnet-0ada2007f714da19a]
TestTerraformCompleteExample 2022-03-23T15:23:59Z logger.go:66: module.eks.aws_security_group.node[0]: Refreshing state... [id=sg-0a63a098d68ce7755]
TestTerraformCompleteExample 2022-03-23T15:23:59Z logger.go:66: module.eks.module.eks_managed_node_group["foo"].aws_iam_role_policy_attachment.this["arn:aws:iam::aws:policy/AmazonEC2ContainerRegistryReadOnly"]: Refreshing state... [id=foo-eks-node-group-20220323151009303900000001-20220323151010613500000007]
TestTerraformCompleteExample 2022-03-23T15:23:59Z logger.go:66: module.eks.module.eks_managed_node_group["foo"].aws_iam_role_policy_attachment.this["arn:aws:iam::aws:policy/AmazonEKSWorkerNodePolicy"]: Refreshing state... [id=foo-eks-node-group-20220323151009303900000001-2022032315101072740000000a]
TestTerraformCompleteExample 2022-03-23T15:23:59Z logger.go:66: module.eks.module.fargate_profile["bar"].aws_iam_role_policy_attachment.this["arn:aws:iam::aws:policy/AmazonEKSFargatePodExecutionRolePolicy"]: Refreshing state... [id=bar-20220323151009311300000003-2022032315101102520000000f]
TestTerraformCompleteExample 2022-03-23T15:23:59Z logger.go:66: module.eks.module.eks_managed_node_group["foo"].aws_iam_role_policy_attachment.this["arn:aws:iam::aws:policy/AmazonEKS_CNI_Policy"]: Refreshing state... [id=foo-eks-node-group-20220323151009303900000001-2022032315101075610000000c]
TestTerraformCompleteExample 2022-03-23T15:23:59Z logger.go:66: module.eks.module.fargate_profile["bar"].aws_iam_role_policy_attachment.this["arn:aws:iam::aws:policy/AmazonEKS_CNI_Policy"]: Refreshing state... [id=bar-20220323151009311300000003-2022032315101100800000000e]
TestTerraformCompleteExample 2022-03-23T15:23:59Z logger.go:66: module.eks.module.self_managed_node_group["boo"].aws_iam_instance_profile.this[0]: Refreshing state... [id=boo-node-group-20220323151010448100000005]
TestTerraformCompleteExample 2022-03-23T15:23:59Z logger.go:66: module.eks.module.self_managed_node_group["boo"].aws_iam_role_policy_attachment.this["arn:aws:iam::aws:policy/AmazonEKS_CNI_Policy"]: Refreshing state... [id=boo-node-group-20220323151009311600000004-20220323151010703300000009]
TestTerraformCompleteExample 2022-03-23T15:23:59Z logger.go:66: module.eks.module.self_managed_node_group["boo"].aws_iam_role_policy_attachment.this["arn:aws:iam::aws:policy/AmazonEC2ContainerRegistryReadOnly"]: Refreshing state... [id=boo-node-group-20220323151009311600000004-20220323151010583900000006]
TestTerraformCompleteExample 2022-03-23T15:23:59Z logger.go:66: module.eks.module.self_managed_node_group["boo"].aws_iam_role_policy_attachment.this["arn:aws:iam::aws:policy/AmazonEKSWorkerNodePolicy"]: Refreshing state... [id=boo-node-group-20220323151009311600000004-20220323151010619200000008]
TestTerraformCompleteExample 2022-03-23T15:23:59Z logger.go:66: module.eks.aws_iam_role_policy_attachment.this["arn:aws:iam::aws:policy/AmazonEKSClusterPolicy"]: Refreshing state... [id=ex-complete-cluster-20220323151009306200000002-2022032315101085900000000d]
TestTerraformCompleteExample 2022-03-23T15:23:59Z logger.go:66: module.eks.aws_iam_role_policy_attachment.this["arn:aws:iam::aws:policy/AmazonEKSVPCResourceController"]: Refreshing state... [id=ex-complete-cluster-20220323151009306200000002-2022032315101075450000000b]
TestTerraformCompleteExample 2022-03-23T15:23:59Z logger.go:66: module.vpc.aws_route.public_internet_gateway[0]: Refreshing state... [id=r-rtb-014da72b46fd7ca9c1080289494]
TestTerraformCompleteExample 2022-03-23T15:23:59Z logger.go:66: module.vpc.aws_route_table_association.private[0]: Refreshing state... [id=rtbassoc-05363bbfc8d2769fc]
TestTerraformCompleteExample 2022-03-23T15:23:59Z logger.go:66: module.vpc.aws_route_table_association.private[1]: Refreshing state... [id=rtbassoc-0ae7ffb6601159aeb]
TestTerraformCompleteExample 2022-03-23T15:23:59Z logger.go:66: module.vpc.aws_route_table_association.private[2]: Refreshing state... [id=rtbassoc-097f1ad562b089f4c]
TestTerraformCompleteExample 2022-03-23T15:23:59Z logger.go:66: module.vpc.aws_route_table_association.public[0]: Refreshing state... [id=rtbassoc-07889e7a2fde60058]
TestTerraformCompleteExample 2022-03-23T15:23:59Z logger.go:66: module.vpc.aws_nat_gateway.this[0]: Refreshing state... [id=nat-0b8a39930cdd1eaf1]
TestTerraformCompleteExample 2022-03-23T15:23:59Z logger.go:66: module.vpc.aws_route_table_association.public[1]: Refreshing state... [id=rtbassoc-00ab0c68cf1c9343d]
TestTerraformCompleteExample 2022-03-23T15:23:59Z logger.go:66: module.vpc.aws_route_table_association.public[2]: Refreshing state... [id=rtbassoc-0892f83dc6d756ea8]
TestTerraformCompleteExample 2022-03-23T15:23:59Z logger.go:66: module.eks.aws_security_group_rule.node["egress_https"]: Refreshing state... [id=sgrule-4249664744]
TestTerraformCompleteExample 2022-03-23T15:23:59Z logger.go:66: module.eks.aws_security_group_rule.node["egress_ntp_tcp"]: Refreshing state... [id=sgrule-580026870]
TestTerraformCompleteExample 2022-03-23T15:23:59Z logger.go:66: module.eks.aws_security_group_rule.node["ingress_cluster_kubelet"]: Refreshing state... [id=sgrule-3334837706]
TestTerraformCompleteExample 2022-03-23T15:23:59Z logger.go:66: module.eks.aws_security_group_rule.node["ingress_self_coredns_tcp"]: Refreshing state... [id=sgrule-1592050371]
TestTerraformCompleteExample 2022-03-23T15:23:59Z logger.go:66: module.eks.aws_security_group_rule.node["egress_cluster_443"]: Refreshing state... [id=sgrule-3929045171]
TestTerraformCompleteExample 2022-03-23T15:23:59Z logger.go:66: module.eks.aws_security_group_rule.node["ingress_self_coredns_udp"]: Refreshing state... [id=sgrule-4206584108]
TestTerraformCompleteExample 2022-03-23T15:23:59Z logger.go:66: module.eks.aws_security_group_rule.node["egress_self_coredns_udp"]: Refreshing state... [id=sgrule-4008125498]
TestTerraformCompleteExample 2022-03-23T15:23:59Z logger.go:66: module.eks.aws_security_group_rule.node["egress_self_coredns_tcp"]: Refreshing state... [id=sgrule-1619043932]
TestTerraformCompleteExample 2022-03-23T15:23:59Z logger.go:66: module.eks.aws_security_group_rule.node["ingress_cluster_443"]: Refreshing state... [id=sgrule-3268208147]
TestTerraformCompleteExample 2022-03-23T15:23:59Z logger.go:66: module.eks.aws_security_group_rule.node["egress_ntp_udp"]: Refreshing state... [id=sgrule-1544332539]
TestTerraformCompleteExample 2022-03-23T15:23:59Z logger.go:66: module.eks.aws_security_group_rule.cluster["ingress_nodes_443"]: Refreshing state... [id=sgrule-326841452]
TestTerraformCompleteExample 2022-03-23T15:23:59Z logger.go:66: module.eks.aws_security_group_rule.cluster["egress_nodes_kubelet"]: Refreshing state... [id=sgrule-3628687488]
TestTerraformCompleteExample 2022-03-23T15:23:59Z logger.go:66: module.eks.aws_security_group_rule.cluster["egress_nodes_443"]: Refreshing state... [id=sgrule-1293373756]
TestTerraformCompleteExample 2022-03-23T15:23:59Z logger.go:66: module.vpc.aws_route.private_nat_gateway[0]: Refreshing state... [id=r-rtb-0758be46ecf76fbc51080289494]
TestTerraformCompleteExample 2022-03-23T15:23:59Z logger.go:66: module.eks.aws_eks_cluster.this[0]: Refreshing state... [id=ex-complete]
TestTerraformCompleteExample 2022-03-23T15:24:00Z logger.go:66: module.eks.module.fargate_profile["bar"].aws_eks_fargate_profile.this[0]: Refreshing state... [id=ex-complete:bar]
TestTerraformCompleteExample 2022-03-23T15:24:00Z logger.go:66: module.eks.module.self_managed_node_group["boo"].aws_launch_template.this[0]: Refreshing state... [id=lt-027f011ace8dbc335]
TestTerraformCompleteExample 2022-03-23T15:24:00Z logger.go:66: module.eks.module.eks_managed_node_group["foo"].aws_launch_template.this[0]: Refreshing state... [id=lt-0f378dd39b587476e]
TestTerraformCompleteExample 2022-03-23T15:24:00Z logger.go:66: module.eks.aws_iam_openid_connect_provider.oidc_provider[0]: Refreshing state... [id=arn:aws:iam::11111111111:oidc-provider/oidc.eks.us-west-2.amazonaws.com/id/4B2DBFC156ACEBC287EA8CA677B0EB69]
TestTerraformCompleteExample 2022-03-23T15:24:00Z logger.go:66: module.eks.module.self_managed_node_group["boo"].aws_autoscaling_group.this[0]: Refreshing state... [id=boo-2022032315204538390000001b]
TestTerraformCompleteExample 2022-03-23T15:24:00Z logger.go:66: module.eks.module.eks_managed_node_group["foo"].aws_eks_node_group.this[0]: Refreshing state... [id=ex-complete:foo-20220323152045319900000019]
TestTerraformCompleteExample 2022-03-23T15:24:00Z logger.go:66: module.eks_auth.kubectl_manifest.patch: Refreshing state... [id=/api/v1/namespaces/kube-system/configmaps/aws-auth]
TestTerraformCompleteExample 2022-03-23T15:24:01Z logger.go:66:
TestTerraformCompleteExample 2022-03-23T15:24:01Z logger.go:66: Terraform used the selected providers to generate the following execution
TestTerraformCompleteExample 2022-03-23T15:24:01Z logger.go:66: plan. Resource actions are indicated with the following symbols:
TestTerraformCompleteExample 2022-03-23T15:24:01Z logger.go:66:   - destroy
TestTerraformCompleteExample 2022-03-23T15:24:01Z logger.go:66:
TestTerraformCompleteExample 2022-03-23T15:24:01Z logger.go:66: Terraform will perform the following actions:
TestTerraformCompleteExample 2022-03-23T15:24:01Z logger.go:66:
TestTerraformCompleteExample 2022-03-23T15:24:01Z logger.go:66:   # module.eks.aws_cloudwatch_log_group.this[0] will be destroyed
TestTerraformCompleteExample 2022-03-23T15:24:01Z logger.go:66:   - resource "aws_cloudwatch_log_group" "this" {
TestTerraformCompleteExample 2022-03-23T15:24:01Z logger.go:66:       - arn               = "arn:aws:logs:us-west-2:11111111111:log-group:/aws/eks/ex-complete/cluster" -> null
TestTerraformCompleteExample 2022-03-23T15:24:01Z logger.go:66:       - id                = "/aws/eks/ex-complete/cluster" -> null
TestTerraformCompleteExample 2022-03-23T15:24:01Z logger.go:66:       - name              = "/aws/eks/ex-complete/cluster" -> null
TestTerraformCompleteExample 2022-03-23T15:24:01Z logger.go:66:       - retention_in_days = 90 -> null
TestTerraformCompleteExample 2022-03-23T15:24:01Z logger.go:66:       - tags              = {} -> null
TestTerraformCompleteExample 2022-03-23T15:24:01Z logger.go:66:       - tags_all          = {
TestTerraformCompleteExample 2022-03-23T15:24:01Z logger.go:66:           - "Example"    = "ex-complete"
TestTerraformCompleteExample 2022-03-23T15:24:01Z logger.go:66:           - "GithubOrg"  = "aidan-melen"
TestTerraformCompleteExample 2022-03-23T15:24:01Z logger.go:66:           - "GithubRepo" = "terraform-aws-eks-auth"
TestTerraformCompleteExample 2022-03-23T15:24:01Z logger.go:66:         } -> null
TestTerraformCompleteExample 2022-03-23T15:24:01Z logger.go:66:     }
TestTerraformCompleteExample 2022-03-23T15:24:01Z logger.go:66:
TestTerraformCompleteExample 2022-03-23T15:24:01Z logger.go:66:   # module.eks.aws_eks_cluster.this[0] will be destroyed
TestTerraformCompleteExample 2022-03-23T15:24:01Z logger.go:66:   - resource "aws_eks_cluster" "this" {
TestTerraformCompleteExample 2022-03-23T15:24:01Z logger.go:66:       - arn                       = "arn:aws:eks:us-west-2:11111111111:cluster/ex-complete" -> null
TestTerraformCompleteExample 2022-03-23T15:24:01Z logger.go:66:       - certificate_authority     = [
TestTerraformCompleteExample 2022-03-23T15:24:01Z logger.go:66:           - {
TestTerraformCompleteExample 2022-03-23T15:24:01Z logger.go:66:               - data = "LS0tLS1CRUdJTiBDRVJUSUZJQ0FURS0tLS0tCk1JSUM1ekNDQWMrZ0F3SUJBZ0lCQURBTkJna3Foa2lHOXcwQkFRc0ZBREFWTVJNd0VRWURWUVFERXdwcmRXSmwKY201bGRHVnpNQjRYRFRJeU1ETXlNekUxTVRjd01Wb1hEVE15TURNeU1ERTFNVGN3TVZvd0ZURVRNQkVHQTFVRQpBeE1LYTNWaVpYSnVaWFJsY3pDQ0FTSXdEUVlKS29aSWh2Y05BUUVCQlFBRGdnRVBBRENDQVFvQ2dnRUJBTzRqCi84a0VNbGppaCs2ZGlndHIwWUEycG5rb0dyVG0vcUtuZjduNnpINHMyOUdjR1F1YURJTUlnY0xabTFUODk0UXAKYmpyNzQ1UFJXKzBReFRxSFRFYTNpWnFQbGJHUk0rL1N6cFdUenBSbjBjaFVhdDNmOFBtRVVCOGJUMm9JTHc4Rgo5QnAyOGRtcHA3TnMvcUlKdW9pdVA5ait0ZEtMdWpDWXhmc2c4WFRkNFdrcEE5dmNQNGtIemM1YVRMUmpqZklQCjRIQU5SdElhVk9USGpyNTByM1o5enQ4MUtncHB1R2RaekRFMDk1QVBhY3k4ZGVmd2h5VzlPS2NWRTYvbVZYQnEKbkhBaW9kVHc4OHVTbm1BNDlZSUJ2QmMzZmw0SHlPbklVR3l4YVdrVnUwRDZSdzliZllyQVFrelpxbmlZbDVGWApxYlR5RlFxZU1VbEF3OWk5UmJzQ0F3RUFBYU5DTUVBd0RnWURWUjBQQVFIL0JBUURBZ0trTUE4R0ExVWRFd0VCCi93UUZNQU1CQWY4d0hRWURWUjBPQkJZRUZLSkFmajNGR05CTXlaTFpsRHFDRU1xcVQ4dEZNQTBHQ1NxR1NJYjMKRFFFQkN3VUFBNElCQVFBMTF2azd1TU9MVDltekhEMUZaUkdwN01sUVZNU0ZPMTZ4R2crS0VnZU5ET3EyWDJwNwpNUlBrc25QR2hZaFV2VlFmRnhPQmhpMjBGRG9VZEpvTGFyM2VmWmhPc0I0c0djQ3l5LzFjT1ZYTjB6Q0RuSHcvCkg0UGJ0OWpVazc4eXoxdVFRcTVxQXZkMUdQUi9ObFBXTnZJWXNiYSthY0VuTC9YS1hIQjIzbE9TSHA3QXVmZDgKSFJjNXhEdmJkZkd2T2hqTmRVNDhSL0tGTjRSQlBmUFA0aGZJaGJ4S0ZGd1JwaVkvTmNmT1ZWSFNQN2RieXg5YgpNeERaRnRFOU9hZ1ZSWlp4VVFBSXlBTUhINW43QUZZL1kxUDUyQjUxT1dCRmdGbEtOUjBCR0poaFI4dEJ0RzJyCm1URXJEemRiTkRVR29oK0hBN1ZxU0lpbDFmb3puZThaQjhDNAotLS0tLUVORCBDRVJUSUZJQ0FURS0tLS0tCg=="
TestTerraformCompleteExample 2022-03-23T15:24:01Z logger.go:66:             },
TestTerraformCompleteExample 2022-03-23T15:24:01Z logger.go:66:         ] -> null
TestTerraformCompleteExample 2022-03-23T15:24:01Z logger.go:66:       - created_at                = "2022-03-23 15:10:35.109 +0000 UTC" -> null
TestTerraformCompleteExample 2022-03-23T15:24:01Z logger.go:66:       - enabled_cluster_log_types = [
TestTerraformCompleteExample 2022-03-23T15:24:01Z logger.go:66:           - "api",
TestTerraformCompleteExample 2022-03-23T15:24:01Z logger.go:66:           - "audit",
TestTerraformCompleteExample 2022-03-23T15:24:01Z logger.go:66:           - "authenticator",
TestTerraformCompleteExample 2022-03-23T15:24:01Z logger.go:66:         ] -> null
TestTerraformCompleteExample 2022-03-23T15:24:01Z logger.go:66:       - endpoint                  = "https://4B2DBFC156ACEBC287EA8CA677B0EB69.yl4.us-west-2.eks.amazonaws.com" -> null
TestTerraformCompleteExample 2022-03-23T15:24:01Z logger.go:66:       - id                        = "ex-complete" -> null
TestTerraformCompleteExample 2022-03-23T15:24:01Z logger.go:66:       - identity                  = [
TestTerraformCompleteExample 2022-03-23T15:24:01Z logger.go:66:           - {
TestTerraformCompleteExample 2022-03-23T15:24:01Z logger.go:66:               - oidc = [
TestTerraformCompleteExample 2022-03-23T15:24:01Z logger.go:66:                   - {
TestTerraformCompleteExample 2022-03-23T15:24:01Z logger.go:66:                       - issuer = "https://oidc.eks.us-west-2.amazonaws.com/id/4B2DBFC156ACEBC287EA8CA677B0EB69"
TestTerraformCompleteExample 2022-03-23T15:24:01Z logger.go:66:                     },
TestTerraformCompleteExample 2022-03-23T15:24:01Z logger.go:66:                 ]
TestTerraformCompleteExample 2022-03-23T15:24:01Z logger.go:66:             },
TestTerraformCompleteExample 2022-03-23T15:24:01Z logger.go:66:         ] -> null
TestTerraformCompleteExample 2022-03-23T15:24:01Z logger.go:66:       - name                      = "ex-complete" -> null
TestTerraformCompleteExample 2022-03-23T15:24:01Z logger.go:66:       - platform_version          = "eks.5" -> null
TestTerraformCompleteExample 2022-03-23T15:24:01Z logger.go:66:       - role_arn                  = "arn:aws:iam::11111111111:role/ex-complete-cluster-20220323151009306200000002" -> null
TestTerraformCompleteExample 2022-03-23T15:24:01Z logger.go:66:       - status                    = "ACTIVE" -> null
TestTerraformCompleteExample 2022-03-23T15:24:01Z logger.go:66:       - tags                      = {} -> null
TestTerraformCompleteExample 2022-03-23T15:24:01Z logger.go:66:       - tags_all                  = {
TestTerraformCompleteExample 2022-03-23T15:24:01Z logger.go:66:           - "Example"    = "ex-complete"
TestTerraformCompleteExample 2022-03-23T15:24:01Z logger.go:66:           - "GithubOrg"  = "aidan-melen"
TestTerraformCompleteExample 2022-03-23T15:24:01Z logger.go:66:           - "GithubRepo" = "terraform-aws-eks-auth"
TestTerraformCompleteExample 2022-03-23T15:24:01Z logger.go:66:         } -> null
TestTerraformCompleteExample 2022-03-23T15:24:01Z logger.go:66:       - version                   = "1.21" -> null
TestTerraformCompleteExample 2022-03-23T15:24:01Z logger.go:66:
TestTerraformCompleteExample 2022-03-23T15:24:01Z logger.go:66:       - kubernetes_network_config {
TestTerraformCompleteExample 2022-03-23T15:24:01Z logger.go:66:           - ip_family         = "ipv4" -> null
TestTerraformCompleteExample 2022-03-23T15:24:01Z logger.go:66:           - service_ipv4_cidr = "172.20.0.0/16" -> null
TestTerraformCompleteExample 2022-03-23T15:24:01Z logger.go:66:         }
TestTerraformCompleteExample 2022-03-23T15:24:01Z logger.go:66:
TestTerraformCompleteExample 2022-03-23T15:24:01Z logger.go:66:       - timeouts {}
TestTerraformCompleteExample 2022-03-23T15:24:01Z logger.go:66:
TestTerraformCompleteExample 2022-03-23T15:24:01Z logger.go:66:       - vpc_config {
TestTerraformCompleteExample 2022-03-23T15:24:01Z logger.go:66:           - cluster_security_group_id = "sg-0c2922201a1a61e04" -> null
TestTerraformCompleteExample 2022-03-23T15:24:01Z logger.go:66:           - endpoint_private_access   = false -> null
TestTerraformCompleteExample 2022-03-23T15:24:01Z logger.go:66:           - endpoint_public_access    = true -> null
TestTerraformCompleteExample 2022-03-23T15:24:01Z logger.go:66:           - public_access_cidrs       = [
TestTerraformCompleteExample 2022-03-23T15:24:01Z logger.go:66:               - "0.0.0.0/0",
TestTerraformCompleteExample 2022-03-23T15:24:01Z logger.go:66:             ] -> null
TestTerraformCompleteExample 2022-03-23T15:24:01Z logger.go:66:           - security_group_ids        = [
TestTerraformCompleteExample 2022-03-23T15:24:01Z logger.go:66:               - "sg-0941752c50550e73a",
TestTerraformCompleteExample 2022-03-23T15:24:01Z logger.go:66:             ] -> null
TestTerraformCompleteExample 2022-03-23T15:24:01Z logger.go:66:           - subnet_ids                = [
TestTerraformCompleteExample 2022-03-23T15:24:01Z logger.go:66:               - "subnet-00dbbd09ccc535bc6",
TestTerraformCompleteExample 2022-03-23T15:24:01Z logger.go:66:               - "subnet-01284105c09c11104",
TestTerraformCompleteExample 2022-03-23T15:24:01Z logger.go:66:               - "subnet-0650f6dd05be35933",
TestTerraformCompleteExample 2022-03-23T15:24:01Z logger.go:66:             ] -> null
TestTerraformCompleteExample 2022-03-23T15:24:01Z logger.go:66:           - vpc_id                    = "vpc-08f223165937bfa42" -> null
TestTerraformCompleteExample 2022-03-23T15:24:01Z logger.go:66:         }
TestTerraformCompleteExample 2022-03-23T15:24:01Z logger.go:66:     }
TestTerraformCompleteExample 2022-03-23T15:24:01Z logger.go:66:
TestTerraformCompleteExample 2022-03-23T15:24:01Z logger.go:66:   # module.eks.aws_iam_openid_connect_provider.oidc_provider[0] will be destroyed
TestTerraformCompleteExample 2022-03-23T15:24:01Z logger.go:66:   - resource "aws_iam_openid_connect_provider" "oidc_provider" {
TestTerraformCompleteExample 2022-03-23T15:24:01Z logger.go:66:       - arn             = "arn:aws:iam::11111111111:oidc-provider/oidc.eks.us-west-2.amazonaws.com/id/4B2DBFC156ACEBC287EA8CA677B0EB69" -> null
TestTerraformCompleteExample 2022-03-23T15:24:01Z logger.go:66:       - client_id_list  = [
TestTerraformCompleteExample 2022-03-23T15:24:01Z logger.go:66:           - "sts.amazonaws.com",
TestTerraformCompleteExample 2022-03-23T15:24:01Z logger.go:66:         ] -> null
TestTerraformCompleteExample 2022-03-23T15:24:01Z logger.go:66:       - id              = "arn:aws:iam::11111111111:oidc-provider/oidc.eks.us-west-2.amazonaws.com/id/4B2DBFC156ACEBC287EA8CA677B0EB69" -> null
TestTerraformCompleteExample 2022-03-23T15:24:01Z logger.go:66:       - tags            = {
TestTerraformCompleteExample 2022-03-23T15:24:01Z logger.go:66:           - "Name" = "ex-complete-eks-irsa"
TestTerraformCompleteExample 2022-03-23T15:24:01Z logger.go:66:         } -> null
TestTerraformCompleteExample 2022-03-23T15:24:01Z logger.go:66:       - tags_all        = {
TestTerraformCompleteExample 2022-03-23T15:24:01Z logger.go:66:           - "Example"    = "ex-complete"
TestTerraformCompleteExample 2022-03-23T15:24:01Z logger.go:66:           - "GithubOrg"  = "aidan-melen"
TestTerraformCompleteExample 2022-03-23T15:24:01Z logger.go:66:           - "GithubRepo" = "terraform-aws-eks-auth"
TestTerraformCompleteExample 2022-03-23T15:24:01Z logger.go:66:           - "Name"       = "ex-complete-eks-irsa"
TestTerraformCompleteExample 2022-03-23T15:24:01Z logger.go:66:         } -> null
TestTerraformCompleteExample 2022-03-23T15:24:01Z logger.go:66:       - thumbprint_list = [
TestTerraformCompleteExample 2022-03-23T15:24:01Z logger.go:66:           - "9e99a48a9960b14926bb7f3b02e22da2b0ab7280",
TestTerraformCompleteExample 2022-03-23T15:24:01Z logger.go:66:         ] -> null
TestTerraformCompleteExample 2022-03-23T15:24:01Z logger.go:66:       - url             = "oidc.eks.us-west-2.amazonaws.com/id/4B2DBFC156ACEBC287EA8CA677B0EB69" -> null
TestTerraformCompleteExample 2022-03-23T15:24:01Z logger.go:66:     }
TestTerraformCompleteExample 2022-03-23T15:24:01Z logger.go:66:
TestTerraformCompleteExample 2022-03-23T15:24:01Z logger.go:66:   # module.eks.aws_iam_role.this[0] will be destroyed
TestTerraformCompleteExample 2022-03-23T15:24:01Z logger.go:66:   - resource "aws_iam_role" "this" {
TestTerraformCompleteExample 2022-03-23T15:24:01Z logger.go:66:       - arn                   = "arn:aws:iam::11111111111:role/ex-complete-cluster-20220323151009306200000002" -> null
TestTerraformCompleteExample 2022-03-23T15:24:01Z logger.go:66:       - assume_role_policy    = jsonencode(
TestTerraformCompleteExample 2022-03-23T15:24:01Z logger.go:66:             {
TestTerraformCompleteExample 2022-03-23T15:24:01Z logger.go:66:               - Statement = [
TestTerraformCompleteExample 2022-03-23T15:24:01Z logger.go:66:                   - {
TestTerraformCompleteExample 2022-03-23T15:24:01Z logger.go:66:                       - Action    = "sts:AssumeRole"
TestTerraformCompleteExample 2022-03-23T15:24:01Z logger.go:66:                       - Effect    = "Allow"
TestTerraformCompleteExample 2022-03-23T15:24:01Z logger.go:66:                       - Principal = {
TestTerraformCompleteExample 2022-03-23T15:24:01Z logger.go:66:                           - Service = "eks.amazonaws.com"
TestTerraformCompleteExample 2022-03-23T15:24:01Z logger.go:66:                         }
TestTerraformCompleteExample 2022-03-23T15:24:01Z logger.go:66:                       - Sid       = "EKSClusterAssumeRole"
TestTerraformCompleteExample 2022-03-23T15:24:01Z logger.go:66:                     },
TestTerraformCompleteExample 2022-03-23T15:24:01Z logger.go:66:                 ]
TestTerraformCompleteExample 2022-03-23T15:24:01Z logger.go:66:               - Version   = "2012-10-17"
TestTerraformCompleteExample 2022-03-23T15:24:01Z logger.go:66:             }
TestTerraformCompleteExample 2022-03-23T15:24:01Z logger.go:66:         ) -> null
TestTerraformCompleteExample 2022-03-23T15:24:01Z logger.go:66:       - create_date           = "2022-03-23T15:10:13Z" -> null
TestTerraformCompleteExample 2022-03-23T15:24:01Z logger.go:66:       - force_detach_policies = true -> null
TestTerraformCompleteExample 2022-03-23T15:24:01Z logger.go:66:       - id                    = "ex-complete-cluster-20220323151009306200000002" -> null
TestTerraformCompleteExample 2022-03-23T15:24:01Z logger.go:66:       - managed_policy_arns   = [
TestTerraformCompleteExample 2022-03-23T15:24:01Z logger.go:66:           - "arn:aws:iam::aws:policy/AmazonEKSClusterPolicy",
TestTerraformCompleteExample 2022-03-23T15:24:01Z logger.go:66:           - "arn:aws:iam::aws:policy/AmazonEKSVPCResourceController",
TestTerraformCompleteExample 2022-03-23T15:24:01Z logger.go:66:         ] -> null
TestTerraformCompleteExample 2022-03-23T15:24:01Z logger.go:66:       - max_session_duration  = 3600 -> null
TestTerraformCompleteExample 2022-03-23T15:24:01Z logger.go:66:       - name                  = "ex-complete-cluster-20220323151009306200000002" -> null
TestTerraformCompleteExample 2022-03-23T15:24:01Z logger.go:66:       - name_prefix           = "ex-complete-cluster-" -> null
TestTerraformCompleteExample 2022-03-23T15:24:01Z logger.go:66:       - path                  = "/" -> null
TestTerraformCompleteExample 2022-03-23T15:24:01Z logger.go:66:       - tags                  = {} -> null
TestTerraformCompleteExample 2022-03-23T15:24:01Z logger.go:66:       - tags_all              = {
TestTerraformCompleteExample 2022-03-23T15:24:01Z logger.go:66:           - "Example"    = "ex-complete"
TestTerraformCompleteExample 2022-03-23T15:24:01Z logger.go:66:           - "GithubOrg"  = "aidan-melen"
TestTerraformCompleteExample 2022-03-23T15:24:01Z logger.go:66:           - "GithubRepo" = "terraform-aws-eks-auth"
TestTerraformCompleteExample 2022-03-23T15:24:01Z logger.go:66:         } -> null
TestTerraformCompleteExample 2022-03-23T15:24:01Z logger.go:66:       - unique_id             = "AROAUYBJJ5B7QJG2J4LS2" -> null
TestTerraformCompleteExample 2022-03-23T15:24:01Z logger.go:66:
TestTerraformCompleteExample 2022-03-23T15:24:01Z logger.go:66:       - inline_policy {}
TestTerraformCompleteExample 2022-03-23T15:24:01Z logger.go:66:     }
TestTerraformCompleteExample 2022-03-23T15:24:01Z logger.go:66:
TestTerraformCompleteExample 2022-03-23T15:24:01Z logger.go:66:   # module.eks.aws_iam_role_policy_attachment.this["arn:aws:iam::aws:policy/AmazonEKSClusterPolicy"] will be destroyed
TestTerraformCompleteExample 2022-03-23T15:24:01Z logger.go:66:   - resource "aws_iam_role_policy_attachment" "this" {
TestTerraformCompleteExample 2022-03-23T15:24:01Z logger.go:66:       - id         = "ex-complete-cluster-20220323151009306200000002-2022032315101085900000000d" -> null
TestTerraformCompleteExample 2022-03-23T15:24:01Z logger.go:66:       - policy_arn = "arn:aws:iam::aws:policy/AmazonEKSClusterPolicy" -> null
TestTerraformCompleteExample 2022-03-23T15:24:01Z logger.go:66:       - role       = "ex-complete-cluster-20220323151009306200000002" -> null
TestTerraformCompleteExample 2022-03-23T15:24:01Z logger.go:66:     }
TestTerraformCompleteExample 2022-03-23T15:24:01Z logger.go:66:
TestTerraformCompleteExample 2022-03-23T15:24:01Z logger.go:66:   # module.eks.aws_iam_role_policy_attachment.this["arn:aws:iam::aws:policy/AmazonEKSVPCResourceController"] will be destroyed
TestTerraformCompleteExample 2022-03-23T15:24:01Z logger.go:66:   - resource "aws_iam_role_policy_attachment" "this" {
TestTerraformCompleteExample 2022-03-23T15:24:01Z logger.go:66:       - id         = "ex-complete-cluster-20220323151009306200000002-2022032315101075450000000b" -> null
TestTerraformCompleteExample 2022-03-23T15:24:01Z logger.go:66:       - policy_arn = "arn:aws:iam::aws:policy/AmazonEKSVPCResourceController" -> null
TestTerraformCompleteExample 2022-03-23T15:24:01Z logger.go:66:       - role       = "ex-complete-cluster-20220323151009306200000002" -> null
TestTerraformCompleteExample 2022-03-23T15:24:01Z logger.go:66:     }
TestTerraformCompleteExample 2022-03-23T15:24:01Z logger.go:66:
TestTerraformCompleteExample 2022-03-23T15:24:01Z logger.go:66:   # module.eks.aws_security_group.cluster[0] will be destroyed
TestTerraformCompleteExample 2022-03-23T15:24:01Z logger.go:66:   - resource "aws_security_group" "cluster" {
TestTerraformCompleteExample 2022-03-23T15:24:01Z logger.go:66:       - arn                    = "arn:aws:ec2:us-west-2:11111111111:security-group/sg-0941752c50550e73a" -> null
TestTerraformCompleteExample 2022-03-23T15:24:01Z logger.go:66:       - description            = "EKS cluster security group" -> null
TestTerraformCompleteExample 2022-03-23T15:24:01Z logger.go:66:       - egress                 = [
TestTerraformCompleteExample 2022-03-23T15:24:01Z logger.go:66:           - {
TestTerraformCompleteExample 2022-03-23T15:24:01Z logger.go:66:               - cidr_blocks      = []
TestTerraformCompleteExample 2022-03-23T15:24:01Z logger.go:66:               - description      = "Cluster API to node groups"
TestTerraformCompleteExample 2022-03-23T15:24:01Z logger.go:66:               - from_port        = 443
TestTerraformCompleteExample 2022-03-23T15:24:01Z logger.go:66:               - ipv6_cidr_blocks = []
TestTerraformCompleteExample 2022-03-23T15:24:01Z logger.go:66:               - prefix_list_ids  = []
TestTerraformCompleteExample 2022-03-23T15:24:01Z logger.go:66:               - protocol         = "tcp"
TestTerraformCompleteExample 2022-03-23T15:24:01Z logger.go:66:               - security_groups  = [
TestTerraformCompleteExample 2022-03-23T15:24:01Z logger.go:66:                   - "sg-0a63a098d68ce7755",
TestTerraformCompleteExample 2022-03-23T15:24:01Z logger.go:66:                 ]
TestTerraformCompleteExample 2022-03-23T15:24:01Z logger.go:66:               - self             = false
TestTerraformCompleteExample 2022-03-23T15:24:01Z logger.go:66:               - to_port          = 443
TestTerraformCompleteExample 2022-03-23T15:24:01Z logger.go:66:             },
TestTerraformCompleteExample 2022-03-23T15:24:01Z logger.go:66:           - {
TestTerraformCompleteExample 2022-03-23T15:24:01Z logger.go:66:               - cidr_blocks      = []
TestTerraformCompleteExample 2022-03-23T15:24:01Z logger.go:66:               - description      = "Cluster API to node kubelets"
TestTerraformCompleteExample 2022-03-23T15:24:01Z logger.go:66:               - from_port        = 10250
TestTerraformCompleteExample 2022-03-23T15:24:01Z logger.go:66:               - ipv6_cidr_blocks = []
TestTerraformCompleteExample 2022-03-23T15:24:01Z logger.go:66:               - prefix_list_ids  = []
TestTerraformCompleteExample 2022-03-23T15:24:01Z logger.go:66:               - protocol         = "tcp"
TestTerraformCompleteExample 2022-03-23T15:24:01Z logger.go:66:               - security_groups  = [
TestTerraformCompleteExample 2022-03-23T15:24:01Z logger.go:66:                   - "sg-0a63a098d68ce7755",
TestTerraformCompleteExample 2022-03-23T15:24:01Z logger.go:66:                 ]
TestTerraformCompleteExample 2022-03-23T15:24:01Z logger.go:66:               - self             = false
TestTerraformCompleteExample 2022-03-23T15:24:01Z logger.go:66:               - to_port          = 10250
TestTerraformCompleteExample 2022-03-23T15:24:01Z logger.go:66:             },
TestTerraformCompleteExample 2022-03-23T15:24:01Z logger.go:66:         ] -> null
TestTerraformCompleteExample 2022-03-23T15:24:01Z logger.go:66:       - id                     = "sg-0941752c50550e73a" -> null
TestTerraformCompleteExample 2022-03-23T15:24:01Z logger.go:66:       - ingress                = [
TestTerraformCompleteExample 2022-03-23T15:24:01Z logger.go:66:           - {
TestTerraformCompleteExample 2022-03-23T15:24:01Z logger.go:66:               - cidr_blocks      = []
TestTerraformCompleteExample 2022-03-23T15:24:01Z logger.go:66:               - description      = "Node groups to cluster API"
TestTerraformCompleteExample 2022-03-23T15:24:01Z logger.go:66:               - from_port        = 443
TestTerraformCompleteExample 2022-03-23T15:24:01Z logger.go:66:               - ipv6_cidr_blocks = []
TestTerraformCompleteExample 2022-03-23T15:24:01Z logger.go:66:               - prefix_list_ids  = []
TestTerraformCompleteExample 2022-03-23T15:24:01Z logger.go:66:               - protocol         = "tcp"
TestTerraformCompleteExample 2022-03-23T15:24:01Z logger.go:66:               - security_groups  = [
TestTerraformCompleteExample 2022-03-23T15:24:01Z logger.go:66:                   - "sg-0a63a098d68ce7755",
TestTerraformCompleteExample 2022-03-23T15:24:01Z logger.go:66:                 ]
TestTerraformCompleteExample 2022-03-23T15:24:01Z logger.go:66:               - self             = false
TestTerraformCompleteExample 2022-03-23T15:24:01Z logger.go:66:               - to_port          = 443
TestTerraformCompleteExample 2022-03-23T15:24:01Z logger.go:66:             },
TestTerraformCompleteExample 2022-03-23T15:24:01Z logger.go:66:         ] -> null
TestTerraformCompleteExample 2022-03-23T15:24:01Z logger.go:66:       - name                   = "ex-complete-cluster-20220323151022055600000011" -> null
TestTerraformCompleteExample 2022-03-23T15:24:01Z logger.go:66:       - name_prefix            = "ex-complete-cluster-" -> null
TestTerraformCompleteExample 2022-03-23T15:24:01Z logger.go:66:       - owner_id               = "11111111111" -> null
TestTerraformCompleteExample 2022-03-23T15:24:01Z logger.go:66:       - revoke_rules_on_delete = false -> null
TestTerraformCompleteExample 2022-03-23T15:24:01Z logger.go:66:       - tags                   = {
TestTerraformCompleteExample 2022-03-23T15:24:01Z logger.go:66:           - "Name" = "ex-complete-cluster"
TestTerraformCompleteExample 2022-03-23T15:24:01Z logger.go:66:         } -> null
TestTerraformCompleteExample 2022-03-23T15:24:01Z logger.go:66:       - tags_all               = {
TestTerraformCompleteExample 2022-03-23T15:24:01Z logger.go:66:           - "Example"    = "ex-complete"
TestTerraformCompleteExample 2022-03-23T15:24:01Z logger.go:66:           - "GithubOrg"  = "aidan-melen"
TestTerraformCompleteExample 2022-03-23T15:24:01Z logger.go:66:           - "GithubRepo" = "terraform-aws-eks-auth"
TestTerraformCompleteExample 2022-03-23T15:24:01Z logger.go:66:           - "Name"       = "ex-complete-cluster"
TestTerraformCompleteExample 2022-03-23T15:24:01Z logger.go:66:         } -> null
TestTerraformCompleteExample 2022-03-23T15:24:01Z logger.go:66:       - vpc_id                 = "vpc-08f223165937bfa42" -> null
TestTerraformCompleteExample 2022-03-23T15:24:01Z logger.go:66:     }
TestTerraformCompleteExample 2022-03-23T15:24:01Z logger.go:66:
TestTerraformCompleteExample 2022-03-23T15:24:01Z logger.go:66:   # module.eks.aws_security_group.node[0] will be destroyed
TestTerraformCompleteExample 2022-03-23T15:24:01Z logger.go:66:   - resource "aws_security_group" "node" {
TestTerraformCompleteExample 2022-03-23T15:24:01Z logger.go:66:       - arn                    = "arn:aws:ec2:us-west-2:11111111111:security-group/sg-0a63a098d68ce7755" -> null
TestTerraformCompleteExample 2022-03-23T15:24:01Z logger.go:66:       - description            = "EKS node shared security group" -> null
TestTerraformCompleteExample 2022-03-23T15:24:01Z logger.go:66:       - egress                 = [
TestTerraformCompleteExample 2022-03-23T15:24:01Z logger.go:66:           - {
TestTerraformCompleteExample 2022-03-23T15:24:01Z logger.go:66:               - cidr_blocks      = [
TestTerraformCompleteExample 2022-03-23T15:24:01Z logger.go:66:                   - "0.0.0.0/0",
TestTerraformCompleteExample 2022-03-23T15:24:01Z logger.go:66:                 ]
TestTerraformCompleteExample 2022-03-23T15:24:01Z logger.go:66:               - description      = "Egress NTP/TCP to internet"
TestTerraformCompleteExample 2022-03-23T15:24:01Z logger.go:66:               - from_port        = 123
TestTerraformCompleteExample 2022-03-23T15:24:01Z logger.go:66:               - ipv6_cidr_blocks = []
TestTerraformCompleteExample 2022-03-23T15:24:01Z logger.go:66:               - prefix_list_ids  = []
TestTerraformCompleteExample 2022-03-23T15:24:01Z logger.go:66:               - protocol         = "tcp"
TestTerraformCompleteExample 2022-03-23T15:24:01Z logger.go:66:               - security_groups  = []
TestTerraformCompleteExample 2022-03-23T15:24:01Z logger.go:66:               - self             = false
TestTerraformCompleteExample 2022-03-23T15:24:01Z logger.go:66:               - to_port          = 123
TestTerraformCompleteExample 2022-03-23T15:24:01Z logger.go:66:             },
TestTerraformCompleteExample 2022-03-23T15:24:01Z logger.go:66:           - {
TestTerraformCompleteExample 2022-03-23T15:24:01Z logger.go:66:               - cidr_blocks      = [
TestTerraformCompleteExample 2022-03-23T15:24:01Z logger.go:66:                   - "0.0.0.0/0",
TestTerraformCompleteExample 2022-03-23T15:24:01Z logger.go:66:                 ]
TestTerraformCompleteExample 2022-03-23T15:24:01Z logger.go:66:               - description      = "Egress NTP/UDP to internet"
TestTerraformCompleteExample 2022-03-23T15:24:01Z logger.go:66:               - from_port        = 123
TestTerraformCompleteExample 2022-03-23T15:24:01Z logger.go:66:               - ipv6_cidr_blocks = []
TestTerraformCompleteExample 2022-03-23T15:24:01Z logger.go:66:               - prefix_list_ids  = []
TestTerraformCompleteExample 2022-03-23T15:24:01Z logger.go:66:               - protocol         = "udp"
TestTerraformCompleteExample 2022-03-23T15:24:01Z logger.go:66:               - security_groups  = []
TestTerraformCompleteExample 2022-03-23T15:24:01Z logger.go:66:               - self             = false
TestTerraformCompleteExample 2022-03-23T15:24:01Z logger.go:66:               - to_port          = 123
TestTerraformCompleteExample 2022-03-23T15:24:01Z logger.go:66:             },
TestTerraformCompleteExample 2022-03-23T15:24:01Z logger.go:66:           - {
TestTerraformCompleteExample 2022-03-23T15:24:01Z logger.go:66:               - cidr_blocks      = [
TestTerraformCompleteExample 2022-03-23T15:24:01Z logger.go:66:                   - "0.0.0.0/0",
TestTerraformCompleteExample 2022-03-23T15:24:01Z logger.go:66:                 ]
TestTerraformCompleteExample 2022-03-23T15:24:01Z logger.go:66:               - description      = "Egress all HTTPS to internet"
TestTerraformCompleteExample 2022-03-23T15:24:01Z logger.go:66:               - from_port        = 443
TestTerraformCompleteExample 2022-03-23T15:24:01Z logger.go:66:               - ipv6_cidr_blocks = []
TestTerraformCompleteExample 2022-03-23T15:24:01Z logger.go:66:               - prefix_list_ids  = []
TestTerraformCompleteExample 2022-03-23T15:24:01Z logger.go:66:               - protocol         = "tcp"
TestTerraformCompleteExample 2022-03-23T15:24:01Z logger.go:66:               - security_groups  = []
TestTerraformCompleteExample 2022-03-23T15:24:01Z logger.go:66:               - self             = false
TestTerraformCompleteExample 2022-03-23T15:24:01Z logger.go:66:               - to_port          = 443
TestTerraformCompleteExample 2022-03-23T15:24:01Z logger.go:66:             },
TestTerraformCompleteExample 2022-03-23T15:24:01Z logger.go:66:           - {
TestTerraformCompleteExample 2022-03-23T15:24:01Z logger.go:66:               - cidr_blocks      = []
TestTerraformCompleteExample 2022-03-23T15:24:01Z logger.go:66:               - description      = "Node groups to cluster API"
TestTerraformCompleteExample 2022-03-23T15:24:01Z logger.go:66:               - from_port        = 443
TestTerraformCompleteExample 2022-03-23T15:24:01Z logger.go:66:               - ipv6_cidr_blocks = []
TestTerraformCompleteExample 2022-03-23T15:24:01Z logger.go:66:               - prefix_list_ids  = []
TestTerraformCompleteExample 2022-03-23T15:24:01Z logger.go:66:               - protocol         = "tcp"
TestTerraformCompleteExample 2022-03-23T15:24:01Z logger.go:66:               - security_groups  = [
TestTerraformCompleteExample 2022-03-23T15:24:01Z logger.go:66:                   - "sg-0941752c50550e73a",
TestTerraformCompleteExample 2022-03-23T15:24:01Z logger.go:66:                 ]
TestTerraformCompleteExample 2022-03-23T15:24:01Z logger.go:66:               - self             = false
TestTerraformCompleteExample 2022-03-23T15:24:01Z logger.go:66:               - to_port          = 443
TestTerraformCompleteExample 2022-03-23T15:24:01Z logger.go:66:             },
TestTerraformCompleteExample 2022-03-23T15:24:01Z logger.go:66:           - {
TestTerraformCompleteExample 2022-03-23T15:24:01Z logger.go:66:               - cidr_blocks      = []
TestTerraformCompleteExample 2022-03-23T15:24:01Z logger.go:66:               - description      = "Node to node CoreDNS"
TestTerraformCompleteExample 2022-03-23T15:24:01Z logger.go:66:               - from_port        = 53
TestTerraformCompleteExample 2022-03-23T15:24:01Z logger.go:66:               - ipv6_cidr_blocks = []
TestTerraformCompleteExample 2022-03-23T15:24:01Z logger.go:66:               - prefix_list_ids  = []
TestTerraformCompleteExample 2022-03-23T15:24:01Z logger.go:66:               - protocol         = "tcp"
TestTerraformCompleteExample 2022-03-23T15:24:01Z logger.go:66:               - security_groups  = []
TestTerraformCompleteExample 2022-03-23T15:24:01Z logger.go:66:               - self             = true
TestTerraformCompleteExample 2022-03-23T15:24:01Z logger.go:66:               - to_port          = 53
TestTerraformCompleteExample 2022-03-23T15:24:01Z logger.go:66:             },
TestTerraformCompleteExample 2022-03-23T15:24:01Z logger.go:66:           - {
TestTerraformCompleteExample 2022-03-23T15:24:01Z logger.go:66:               - cidr_blocks      = []
TestTerraformCompleteExample 2022-03-23T15:24:01Z logger.go:66:               - description      = "Node to node CoreDNS"
TestTerraformCompleteExample 2022-03-23T15:24:01Z logger.go:66:               - from_port        = 53
TestTerraformCompleteExample 2022-03-23T15:24:01Z logger.go:66:               - ipv6_cidr_blocks = []
TestTerraformCompleteExample 2022-03-23T15:24:01Z logger.go:66:               - prefix_list_ids  = []
TestTerraformCompleteExample 2022-03-23T15:24:01Z logger.go:66:               - protocol         = "udp"
TestTerraformCompleteExample 2022-03-23T15:24:01Z logger.go:66:               - security_groups  = []
TestTerraformCompleteExample 2022-03-23T15:24:01Z logger.go:66:               - self             = true
TestTerraformCompleteExample 2022-03-23T15:24:01Z logger.go:66:               - to_port          = 53
TestTerraformCompleteExample 2022-03-23T15:24:01Z logger.go:66:             },
TestTerraformCompleteExample 2022-03-23T15:24:01Z logger.go:66:         ] -> null
TestTerraformCompleteExample 2022-03-23T15:24:01Z logger.go:66:       - id                     = "sg-0a63a098d68ce7755" -> null
TestTerraformCompleteExample 2022-03-23T15:24:01Z logger.go:66:       - ingress                = [
TestTerraformCompleteExample 2022-03-23T15:24:01Z logger.go:66:           - {
TestTerraformCompleteExample 2022-03-23T15:24:01Z logger.go:66:               - cidr_blocks      = []
TestTerraformCompleteExample 2022-03-23T15:24:01Z logger.go:66:               - description      = "Cluster API to node groups"
TestTerraformCompleteExample 2022-03-23T15:24:01Z logger.go:66:               - from_port        = 443
TestTerraformCompleteExample 2022-03-23T15:24:01Z logger.go:66:               - ipv6_cidr_blocks = []
TestTerraformCompleteExample 2022-03-23T15:24:01Z logger.go:66:               - prefix_list_ids  = []
TestTerraformCompleteExample 2022-03-23T15:24:01Z logger.go:66:               - protocol         = "tcp"
TestTerraformCompleteExample 2022-03-23T15:24:01Z logger.go:66:               - security_groups  = [
TestTerraformCompleteExample 2022-03-23T15:24:01Z logger.go:66:                   - "sg-0941752c50550e73a",
TestTerraformCompleteExample 2022-03-23T15:24:01Z logger.go:66:                 ]
TestTerraformCompleteExample 2022-03-23T15:24:01Z logger.go:66:               - self             = false
TestTerraformCompleteExample 2022-03-23T15:24:01Z logger.go:66:               - to_port          = 443
TestTerraformCompleteExample 2022-03-23T15:24:01Z logger.go:66:             },
TestTerraformCompleteExample 2022-03-23T15:24:01Z logger.go:66:           - {
TestTerraformCompleteExample 2022-03-23T15:24:01Z logger.go:66:               - cidr_blocks      = []
TestTerraformCompleteExample 2022-03-23T15:24:01Z logger.go:66:               - description      = "Cluster API to node kubelets"
TestTerraformCompleteExample 2022-03-23T15:24:01Z logger.go:66:               - from_port        = 10250
TestTerraformCompleteExample 2022-03-23T15:24:01Z logger.go:66:               - ipv6_cidr_blocks = []
TestTerraformCompleteExample 2022-03-23T15:24:01Z logger.go:66:               - prefix_list_ids  = []
TestTerraformCompleteExample 2022-03-23T15:24:01Z logger.go:66:               - protocol         = "tcp"
TestTerraformCompleteExample 2022-03-23T15:24:01Z logger.go:66:               - security_groups  = [
TestTerraformCompleteExample 2022-03-23T15:24:01Z logger.go:66:                   - "sg-0941752c50550e73a",
TestTerraformCompleteExample 2022-03-23T15:24:01Z logger.go:66:                 ]
TestTerraformCompleteExample 2022-03-23T15:24:01Z logger.go:66:               - self             = false
TestTerraformCompleteExample 2022-03-23T15:24:01Z logger.go:66:               - to_port          = 10250
TestTerraformCompleteExample 2022-03-23T15:24:01Z logger.go:66:             },
TestTerraformCompleteExample 2022-03-23T15:24:01Z logger.go:66:           - {
TestTerraformCompleteExample 2022-03-23T15:24:01Z logger.go:66:               - cidr_blocks      = []
TestTerraformCompleteExample 2022-03-23T15:24:01Z logger.go:66:               - description      = "Node to node CoreDNS"
TestTerraformCompleteExample 2022-03-23T15:24:01Z logger.go:66:               - from_port        = 53
TestTerraformCompleteExample 2022-03-23T15:24:01Z logger.go:66:               - ipv6_cidr_blocks = []
TestTerraformCompleteExample 2022-03-23T15:24:01Z logger.go:66:               - prefix_list_ids  = []
TestTerraformCompleteExample 2022-03-23T15:24:01Z logger.go:66:               - protocol         = "tcp"
TestTerraformCompleteExample 2022-03-23T15:24:01Z logger.go:66:               - security_groups  = []
TestTerraformCompleteExample 2022-03-23T15:24:01Z logger.go:66:               - self             = true
TestTerraformCompleteExample 2022-03-23T15:24:01Z logger.go:66:               - to_port          = 53
TestTerraformCompleteExample 2022-03-23T15:24:01Z logger.go:66:             },
TestTerraformCompleteExample 2022-03-23T15:24:01Z logger.go:66:           - {
TestTerraformCompleteExample 2022-03-23T15:24:01Z logger.go:66:               - cidr_blocks      = []
TestTerraformCompleteExample 2022-03-23T15:24:01Z logger.go:66:               - description      = "Node to node CoreDNS"
TestTerraformCompleteExample 2022-03-23T15:24:01Z logger.go:66:               - from_port        = 53
TestTerraformCompleteExample 2022-03-23T15:24:01Z logger.go:66:               - ipv6_cidr_blocks = []
TestTerraformCompleteExample 2022-03-23T15:24:01Z logger.go:66:               - prefix_list_ids  = []
TestTerraformCompleteExample 2022-03-23T15:24:01Z logger.go:66:               - protocol         = "udp"
TestTerraformCompleteExample 2022-03-23T15:24:01Z logger.go:66:               - security_groups  = []
TestTerraformCompleteExample 2022-03-23T15:24:01Z logger.go:66:               - self             = true
TestTerraformCompleteExample 2022-03-23T15:24:01Z logger.go:66:               - to_port          = 53
TestTerraformCompleteExample 2022-03-23T15:24:01Z logger.go:66:             },
TestTerraformCompleteExample 2022-03-23T15:24:01Z logger.go:66:         ] -> null
TestTerraformCompleteExample 2022-03-23T15:24:01Z logger.go:66:       - name                   = "ex-complete-node-20220323151022127600000012" -> null
TestTerraformCompleteExample 2022-03-23T15:24:01Z logger.go:66:       - name_prefix            = "ex-complete-node-" -> null
TestTerraformCompleteExample 2022-03-23T15:24:01Z logger.go:66:       - owner_id               = "11111111111" -> null
TestTerraformCompleteExample 2022-03-23T15:24:01Z logger.go:66:       - revoke_rules_on_delete = false -> null
TestTerraformCompleteExample 2022-03-23T15:24:01Z logger.go:66:       - tags                   = {
TestTerraformCompleteExample 2022-03-23T15:24:01Z logger.go:66:           - "Name"                              = "ex-complete-node"
TestTerraformCompleteExample 2022-03-23T15:24:01Z logger.go:66:           - "kubernetes.io/cluster/ex-complete" = "owned"
TestTerraformCompleteExample 2022-03-23T15:24:01Z logger.go:66:         } -> null
TestTerraformCompleteExample 2022-03-23T15:24:01Z logger.go:66:       - tags_all               = {
TestTerraformCompleteExample 2022-03-23T15:24:01Z logger.go:66:           - "Example"                           = "ex-complete"
TestTerraformCompleteExample 2022-03-23T15:24:01Z logger.go:66:           - "GithubOrg"                         = "aidan-melen"
TestTerraformCompleteExample 2022-03-23T15:24:01Z logger.go:66:           - "GithubRepo"                        = "terraform-aws-eks-auth"
TestTerraformCompleteExample 2022-03-23T15:24:01Z logger.go:66:           - "Name"                              = "ex-complete-node"
TestTerraformCompleteExample 2022-03-23T15:24:01Z logger.go:66:           - "kubernetes.io/cluster/ex-complete" = "owned"
TestTerraformCompleteExample 2022-03-23T15:24:01Z logger.go:66:         } -> null
TestTerraformCompleteExample 2022-03-23T15:24:01Z logger.go:66:       - vpc_id                 = "vpc-08f223165937bfa42" -> null
TestTerraformCompleteExample 2022-03-23T15:24:01Z logger.go:66:     }
TestTerraformCompleteExample 2022-03-23T15:24:01Z logger.go:66:
TestTerraformCompleteExample 2022-03-23T15:24:01Z logger.go:66:   # module.eks.aws_security_group_rule.cluster["egress_nodes_443"] will be destroyed
TestTerraformCompleteExample 2022-03-23T15:24:01Z logger.go:66:   - resource "aws_security_group_rule" "cluster" {
TestTerraformCompleteExample 2022-03-23T15:24:01Z logger.go:66:       - cidr_blocks              = [] -> null
TestTerraformCompleteExample 2022-03-23T15:24:01Z logger.go:66:       - description              = "Cluster API to node groups" -> null
TestTerraformCompleteExample 2022-03-23T15:24:01Z logger.go:66:       - from_port                = 443 -> null
TestTerraformCompleteExample 2022-03-23T15:24:01Z logger.go:66:       - id                       = "sgrule-1293373756" -> null
TestTerraformCompleteExample 2022-03-23T15:24:01Z logger.go:66:       - ipv6_cidr_blocks         = [] -> null
TestTerraformCompleteExample 2022-03-23T15:24:01Z logger.go:66:       - prefix_list_ids          = [] -> null
TestTerraformCompleteExample 2022-03-23T15:24:01Z logger.go:66:       - protocol                 = "tcp" -> null
TestTerraformCompleteExample 2022-03-23T15:24:01Z logger.go:66:       - security_group_id        = "sg-0941752c50550e73a" -> null
TestTerraformCompleteExample 2022-03-23T15:24:01Z logger.go:66:       - self                     = false -> null
TestTerraformCompleteExample 2022-03-23T15:24:01Z logger.go:66:       - source_security_group_id = "sg-0a63a098d68ce7755" -> null
TestTerraformCompleteExample 2022-03-23T15:24:01Z logger.go:66:       - to_port                  = 443 -> null
TestTerraformCompleteExample 2022-03-23T15:24:01Z logger.go:66:       - type                     = "egress" -> null
TestTerraformCompleteExample 2022-03-23T15:24:01Z logger.go:66:     }
TestTerraformCompleteExample 2022-03-23T15:24:01Z logger.go:66:
TestTerraformCompleteExample 2022-03-23T15:24:01Z logger.go:66:   # module.eks.aws_security_group_rule.cluster["egress_nodes_kubelet"] will be destroyed
TestTerraformCompleteExample 2022-03-23T15:24:01Z logger.go:66:   - resource "aws_security_group_rule" "cluster" {
TestTerraformCompleteExample 2022-03-23T15:24:01Z logger.go:66:       - cidr_blocks              = [] -> null
TestTerraformCompleteExample 2022-03-23T15:24:01Z logger.go:66:       - description              = "Cluster API to node kubelets" -> null
TestTerraformCompleteExample 2022-03-23T15:24:01Z logger.go:66:       - from_port                = 10250 -> null
TestTerraformCompleteExample 2022-03-23T15:24:01Z logger.go:66:       - id                       = "sgrule-3628687488" -> null
TestTerraformCompleteExample 2022-03-23T15:24:01Z logger.go:66:       - ipv6_cidr_blocks         = [] -> null
TestTerraformCompleteExample 2022-03-23T15:24:01Z logger.go:66:       - prefix_list_ids          = [] -> null
TestTerraformCompleteExample 2022-03-23T15:24:01Z logger.go:66:       - protocol                 = "tcp" -> null
TestTerraformCompleteExample 2022-03-23T15:24:01Z logger.go:66:       - security_group_id        = "sg-0941752c50550e73a" -> null
TestTerraformCompleteExample 2022-03-23T15:24:01Z logger.go:66:       - self                     = false -> null
TestTerraformCompleteExample 2022-03-23T15:24:01Z logger.go:66:       - source_security_group_id = "sg-0a63a098d68ce7755" -> null
TestTerraformCompleteExample 2022-03-23T15:24:01Z logger.go:66:       - to_port                  = 10250 -> null
TestTerraformCompleteExample 2022-03-23T15:24:01Z logger.go:66:       - type                     = "egress" -> null
TestTerraformCompleteExample 2022-03-23T15:24:01Z logger.go:66:     }
TestTerraformCompleteExample 2022-03-23T15:24:01Z logger.go:66:
TestTerraformCompleteExample 2022-03-23T15:24:01Z logger.go:66:   # module.eks.aws_security_group_rule.cluster["ingress_nodes_443"] will be destroyed
TestTerraformCompleteExample 2022-03-23T15:24:01Z logger.go:66:   - resource "aws_security_group_rule" "cluster" {
TestTerraformCompleteExample 2022-03-23T15:24:01Z logger.go:66:       - cidr_blocks              = [] -> null
TestTerraformCompleteExample 2022-03-23T15:24:02Z logger.go:66:       - description              = "Node groups to cluster API" -> null
TestTerraformCompleteExample 2022-03-23T15:24:02Z logger.go:66:       - from_port                = 443 -> null
TestTerraformCompleteExample 2022-03-23T15:24:02Z logger.go:66:       - id                       = "sgrule-326841452" -> null
TestTerraformCompleteExample 2022-03-23T15:24:02Z logger.go:66:       - ipv6_cidr_blocks         = [] -> null
TestTerraformCompleteExample 2022-03-23T15:24:02Z logger.go:66:       - prefix_list_ids          = [] -> null
TestTerraformCompleteExample 2022-03-23T15:24:02Z logger.go:66:       - protocol                 = "tcp" -> null
TestTerraformCompleteExample 2022-03-23T15:24:02Z logger.go:66:       - security_group_id        = "sg-0941752c50550e73a" -> null
TestTerraformCompleteExample 2022-03-23T15:24:02Z logger.go:66:       - self                     = false -> null
TestTerraformCompleteExample 2022-03-23T15:24:02Z logger.go:66:       - source_security_group_id = "sg-0a63a098d68ce7755" -> null
TestTerraformCompleteExample 2022-03-23T15:24:02Z logger.go:66:       - to_port                  = 443 -> null
TestTerraformCompleteExample 2022-03-23T15:24:02Z logger.go:66:       - type                     = "ingress" -> null
TestTerraformCompleteExample 2022-03-23T15:24:02Z logger.go:66:     }
TestTerraformCompleteExample 2022-03-23T15:24:02Z logger.go:66:
TestTerraformCompleteExample 2022-03-23T15:24:02Z logger.go:66:   # module.eks.aws_security_group_rule.node["egress_cluster_443"] will be destroyed
TestTerraformCompleteExample 2022-03-23T15:24:02Z logger.go:66:   - resource "aws_security_group_rule" "node" {
TestTerraformCompleteExample 2022-03-23T15:24:02Z logger.go:66:       - cidr_blocks              = [] -> null
TestTerraformCompleteExample 2022-03-23T15:24:02Z logger.go:66:       - description              = "Node groups to cluster API" -> null
TestTerraformCompleteExample 2022-03-23T15:24:02Z logger.go:66:       - from_port                = 443 -> null
TestTerraformCompleteExample 2022-03-23T15:24:02Z logger.go:66:       - id                       = "sgrule-3929045171" -> null
TestTerraformCompleteExample 2022-03-23T15:24:02Z logger.go:66:       - ipv6_cidr_blocks         = [] -> null
TestTerraformCompleteExample 2022-03-23T15:24:02Z logger.go:66:       - prefix_list_ids          = [] -> null
TestTerraformCompleteExample 2022-03-23T15:24:02Z logger.go:66:       - protocol                 = "tcp" -> null
TestTerraformCompleteExample 2022-03-23T15:24:02Z logger.go:66:       - security_group_id        = "sg-0a63a098d68ce7755" -> null
TestTerraformCompleteExample 2022-03-23T15:24:02Z logger.go:66:       - self                     = false -> null
TestTerraformCompleteExample 2022-03-23T15:24:02Z logger.go:66:       - source_security_group_id = "sg-0941752c50550e73a" -> null
TestTerraformCompleteExample 2022-03-23T15:24:02Z logger.go:66:       - to_port                  = 443 -> null
TestTerraformCompleteExample 2022-03-23T15:24:02Z logger.go:66:       - type                     = "egress" -> null
TestTerraformCompleteExample 2022-03-23T15:24:02Z logger.go:66:     }
TestTerraformCompleteExample 2022-03-23T15:24:02Z logger.go:66:
TestTerraformCompleteExample 2022-03-23T15:24:02Z logger.go:66:   # module.eks.aws_security_group_rule.node["egress_https"] will be destroyed
TestTerraformCompleteExample 2022-03-23T15:24:02Z logger.go:66:   - resource "aws_security_group_rule" "node" {
TestTerraformCompleteExample 2022-03-23T15:24:02Z logger.go:66:       - cidr_blocks       = [
TestTerraformCompleteExample 2022-03-23T15:24:02Z logger.go:66:           - "0.0.0.0/0",
TestTerraformCompleteExample 2022-03-23T15:24:02Z logger.go:66:         ] -> null
TestTerraformCompleteExample 2022-03-23T15:24:02Z logger.go:66:       - description       = "Egress all HTTPS to internet" -> null
TestTerraformCompleteExample 2022-03-23T15:24:02Z logger.go:66:       - from_port         = 443 -> null
TestTerraformCompleteExample 2022-03-23T15:24:02Z logger.go:66:       - id                = "sgrule-4249664744" -> null
TestTerraformCompleteExample 2022-03-23T15:24:02Z logger.go:66:       - ipv6_cidr_blocks  = [] -> null
TestTerraformCompleteExample 2022-03-23T15:24:02Z logger.go:66:       - prefix_list_ids   = [] -> null
TestTerraformCompleteExample 2022-03-23T15:24:02Z logger.go:66:       - protocol          = "tcp" -> null
TestTerraformCompleteExample 2022-03-23T15:24:02Z logger.go:66:       - security_group_id = "sg-0a63a098d68ce7755" -> null
TestTerraformCompleteExample 2022-03-23T15:24:02Z logger.go:66:       - self              = false -> null
TestTerraformCompleteExample 2022-03-23T15:24:02Z logger.go:66:       - to_port           = 443 -> null
TestTerraformCompleteExample 2022-03-23T15:24:02Z logger.go:66:       - type              = "egress" -> null
TestTerraformCompleteExample 2022-03-23T15:24:02Z logger.go:66:     }
TestTerraformCompleteExample 2022-03-23T15:24:02Z logger.go:66:
TestTerraformCompleteExample 2022-03-23T15:24:02Z logger.go:66:   # module.eks.aws_security_group_rule.node["egress_ntp_tcp"] will be destroyed
TestTerraformCompleteExample 2022-03-23T15:24:02Z logger.go:66:   - resource "aws_security_group_rule" "node" {
TestTerraformCompleteExample 2022-03-23T15:24:02Z logger.go:66:       - cidr_blocks       = [
TestTerraformCompleteExample 2022-03-23T15:24:02Z logger.go:66:           - "0.0.0.0/0",
TestTerraformCompleteExample 2022-03-23T15:24:02Z logger.go:66:         ] -> null
TestTerraformCompleteExample 2022-03-23T15:24:02Z logger.go:66:       - description       = "Egress NTP/TCP to internet" -> null
TestTerraformCompleteExample 2022-03-23T15:24:02Z logger.go:66:       - from_port         = 123 -> null
TestTerraformCompleteExample 2022-03-23T15:24:02Z logger.go:66:       - id                = "sgrule-580026870" -> null
TestTerraformCompleteExample 2022-03-23T15:24:02Z logger.go:66:       - ipv6_cidr_blocks  = [] -> null
TestTerraformCompleteExample 2022-03-23T15:24:02Z logger.go:66:       - prefix_list_ids   = [] -> null
TestTerraformCompleteExample 2022-03-23T15:24:02Z logger.go:66:       - protocol          = "tcp" -> null
TestTerraformCompleteExample 2022-03-23T15:24:02Z logger.go:66:       - security_group_id = "sg-0a63a098d68ce7755" -> null
TestTerraformCompleteExample 2022-03-23T15:24:02Z logger.go:66:       - self              = false -> null
TestTerraformCompleteExample 2022-03-23T15:24:02Z logger.go:66:       - to_port           = 123 -> null
TestTerraformCompleteExample 2022-03-23T15:24:02Z logger.go:66:       - type              = "egress" -> null
TestTerraformCompleteExample 2022-03-23T15:24:02Z logger.go:66:     }
TestTerraformCompleteExample 2022-03-23T15:24:02Z logger.go:66:
TestTerraformCompleteExample 2022-03-23T15:24:02Z logger.go:66:   # module.eks.aws_security_group_rule.node["egress_ntp_udp"] will be destroyed
TestTerraformCompleteExample 2022-03-23T15:24:02Z logger.go:66:   - resource "aws_security_group_rule" "node" {
TestTerraformCompleteExample 2022-03-23T15:24:02Z logger.go:66:       - cidr_blocks       = [
TestTerraformCompleteExample 2022-03-23T15:24:02Z logger.go:66:           - "0.0.0.0/0",
TestTerraformCompleteExample 2022-03-23T15:24:02Z logger.go:66:         ] -> null
TestTerraformCompleteExample 2022-03-23T15:24:02Z logger.go:66:       - description       = "Egress NTP/UDP to internet" -> null
TestTerraformCompleteExample 2022-03-23T15:24:02Z logger.go:66:       - from_port         = 123 -> null
TestTerraformCompleteExample 2022-03-23T15:24:02Z logger.go:66:       - id                = "sgrule-1544332539" -> null
TestTerraformCompleteExample 2022-03-23T15:24:02Z logger.go:66:       - ipv6_cidr_blocks  = [] -> null
TestTerraformCompleteExample 2022-03-23T15:24:02Z logger.go:66:       - prefix_list_ids   = [] -> null
TestTerraformCompleteExample 2022-03-23T15:24:02Z logger.go:66:       - protocol          = "udp" -> null
TestTerraformCompleteExample 2022-03-23T15:24:02Z logger.go:66:       - security_group_id = "sg-0a63a098d68ce7755" -> null
TestTerraformCompleteExample 2022-03-23T15:24:02Z logger.go:66:       - self              = false -> null
TestTerraformCompleteExample 2022-03-23T15:24:02Z logger.go:66:       - to_port           = 123 -> null
TestTerraformCompleteExample 2022-03-23T15:24:02Z logger.go:66:       - type              = "egress" -> null
TestTerraformCompleteExample 2022-03-23T15:24:02Z logger.go:66:     }
TestTerraformCompleteExample 2022-03-23T15:24:02Z logger.go:66:
TestTerraformCompleteExample 2022-03-23T15:24:02Z logger.go:66:   # module.eks.aws_security_group_rule.node["egress_self_coredns_tcp"] will be destroyed
TestTerraformCompleteExample 2022-03-23T15:24:02Z logger.go:66:   - resource "aws_security_group_rule" "node" {
TestTerraformCompleteExample 2022-03-23T15:24:02Z logger.go:66:       - cidr_blocks              = [] -> null
TestTerraformCompleteExample 2022-03-23T15:24:02Z logger.go:66:       - description              = "Node to node CoreDNS" -> null
TestTerraformCompleteExample 2022-03-23T15:24:02Z logger.go:66:       - from_port                = 53 -> null
TestTerraformCompleteExample 2022-03-23T15:24:02Z logger.go:66:       - id                       = "sgrule-1619043932" -> null
TestTerraformCompleteExample 2022-03-23T15:24:02Z logger.go:66:       - ipv6_cidr_blocks         = [] -> null
TestTerraformCompleteExample 2022-03-23T15:24:02Z logger.go:66:       - prefix_list_ids          = [] -> null
TestTerraformCompleteExample 2022-03-23T15:24:02Z logger.go:66:       - protocol                 = "tcp" -> null
TestTerraformCompleteExample 2022-03-23T15:24:02Z logger.go:66:       - security_group_id        = "sg-0a63a098d68ce7755" -> null
TestTerraformCompleteExample 2022-03-23T15:24:02Z logger.go:66:       - self                     = true -> null
TestTerraformCompleteExample 2022-03-23T15:24:02Z logger.go:66:       - source_security_group_id = "sg-0a63a098d68ce7755" -> null
TestTerraformCompleteExample 2022-03-23T15:24:02Z logger.go:66:       - to_port                  = 53 -> null
TestTerraformCompleteExample 2022-03-23T15:24:02Z logger.go:66:       - type                     = "egress" -> null
TestTerraformCompleteExample 2022-03-23T15:24:02Z logger.go:66:     }
TestTerraformCompleteExample 2022-03-23T15:24:02Z logger.go:66:
TestTerraformCompleteExample 2022-03-23T15:24:02Z logger.go:66:   # module.eks.aws_security_group_rule.node["egress_self_coredns_udp"] will be destroyed
TestTerraformCompleteExample 2022-03-23T15:24:02Z logger.go:66:   - resource "aws_security_group_rule" "node" {
TestTerraformCompleteExample 2022-03-23T15:24:02Z logger.go:66:       - cidr_blocks              = [] -> null
TestTerraformCompleteExample 2022-03-23T15:24:02Z logger.go:66:       - description              = "Node to node CoreDNS" -> null
TestTerraformCompleteExample 2022-03-23T15:24:02Z logger.go:66:       - from_port                = 53 -> null
TestTerraformCompleteExample 2022-03-23T15:24:02Z logger.go:66:       - id                       = "sgrule-4008125498" -> null
TestTerraformCompleteExample 2022-03-23T15:24:02Z logger.go:66:       - ipv6_cidr_blocks         = [] -> null
TestTerraformCompleteExample 2022-03-23T15:24:02Z logger.go:66:       - prefix_list_ids          = [] -> null
TestTerraformCompleteExample 2022-03-23T15:24:02Z logger.go:66:       - protocol                 = "udp" -> null
TestTerraformCompleteExample 2022-03-23T15:24:02Z logger.go:66:       - security_group_id        = "sg-0a63a098d68ce7755" -> null
TestTerraformCompleteExample 2022-03-23T15:24:02Z logger.go:66:       - self                     = true -> null
TestTerraformCompleteExample 2022-03-23T15:24:02Z logger.go:66:       - source_security_group_id = "sg-0a63a098d68ce7755" -> null
TestTerraformCompleteExample 2022-03-23T15:24:02Z logger.go:66:       - to_port                  = 53 -> null
TestTerraformCompleteExample 2022-03-23T15:24:02Z logger.go:66:       - type                     = "egress" -> null
TestTerraformCompleteExample 2022-03-23T15:24:02Z logger.go:66:     }
TestTerraformCompleteExample 2022-03-23T15:24:02Z logger.go:66:
TestTerraformCompleteExample 2022-03-23T15:24:02Z logger.go:66:   # module.eks.aws_security_group_rule.node["ingress_cluster_443"] will be destroyed
TestTerraformCompleteExample 2022-03-23T15:24:02Z logger.go:66:   - resource "aws_security_group_rule" "node" {
TestTerraformCompleteExample 2022-03-23T15:24:02Z logger.go:66:       - cidr_blocks              = [] -> null
TestTerraformCompleteExample 2022-03-23T15:24:02Z logger.go:66:       - description              = "Cluster API to node groups" -> null
TestTerraformCompleteExample 2022-03-23T15:24:02Z logger.go:66:       - from_port                = 443 -> null
TestTerraformCompleteExample 2022-03-23T15:24:02Z logger.go:66:       - id                       = "sgrule-3268208147" -> null
TestTerraformCompleteExample 2022-03-23T15:24:02Z logger.go:66:       - ipv6_cidr_blocks         = [] -> null
TestTerraformCompleteExample 2022-03-23T15:24:02Z logger.go:66:       - prefix_list_ids          = [] -> null
TestTerraformCompleteExample 2022-03-23T15:24:02Z logger.go:66:       - protocol                 = "tcp" -> null
TestTerraformCompleteExample 2022-03-23T15:24:02Z logger.go:66:       - security_group_id        = "sg-0a63a098d68ce7755" -> null
TestTerraformCompleteExample 2022-03-23T15:24:02Z logger.go:66:       - self                     = false -> null
TestTerraformCompleteExample 2022-03-23T15:24:02Z logger.go:66:       - source_security_group_id = "sg-0941752c50550e73a" -> null
TestTerraformCompleteExample 2022-03-23T15:24:02Z logger.go:66:       - to_port                  = 443 -> null
TestTerraformCompleteExample 2022-03-23T15:24:02Z logger.go:66:       - type                     = "ingress" -> null
TestTerraformCompleteExample 2022-03-23T15:24:02Z logger.go:66:     }
TestTerraformCompleteExample 2022-03-23T15:24:02Z logger.go:66:
TestTerraformCompleteExample 2022-03-23T15:24:02Z logger.go:66:   # module.eks.aws_security_group_rule.node["ingress_cluster_kubelet"] will be destroyed
TestTerraformCompleteExample 2022-03-23T15:24:02Z logger.go:66:   - resource "aws_security_group_rule" "node" {
TestTerraformCompleteExample 2022-03-23T15:24:02Z logger.go:66:       - cidr_blocks              = [] -> null
TestTerraformCompleteExample 2022-03-23T15:24:02Z logger.go:66:       - description              = "Cluster API to node kubelets" -> null
TestTerraformCompleteExample 2022-03-23T15:24:02Z logger.go:66:       - from_port                = 10250 -> null
TestTerraformCompleteExample 2022-03-23T15:24:02Z logger.go:66:       - id                       = "sgrule-3334837706" -> null
TestTerraformCompleteExample 2022-03-23T15:24:02Z logger.go:66:       - ipv6_cidr_blocks         = [] -> null
TestTerraformCompleteExample 2022-03-23T15:24:02Z logger.go:66:       - prefix_list_ids          = [] -> null
TestTerraformCompleteExample 2022-03-23T15:24:02Z logger.go:66:       - protocol                 = "tcp" -> null
TestTerraformCompleteExample 2022-03-23T15:24:02Z logger.go:66:       - security_group_id        = "sg-0a63a098d68ce7755" -> null
TestTerraformCompleteExample 2022-03-23T15:24:02Z logger.go:66:       - self                     = false -> null
TestTerraformCompleteExample 2022-03-23T15:24:02Z logger.go:66:       - source_security_group_id = "sg-0941752c50550e73a" -> null
TestTerraformCompleteExample 2022-03-23T15:24:02Z logger.go:66:       - to_port                  = 10250 -> null
TestTerraformCompleteExample 2022-03-23T15:24:02Z logger.go:66:       - type                     = "ingress" -> null
TestTerraformCompleteExample 2022-03-23T15:24:02Z logger.go:66:     }
TestTerraformCompleteExample 2022-03-23T15:24:02Z logger.go:66:
TestTerraformCompleteExample 2022-03-23T15:24:02Z logger.go:66:   # module.eks.aws_security_group_rule.node["ingress_self_coredns_tcp"] will be destroyed
TestTerraformCompleteExample 2022-03-23T15:24:02Z logger.go:66:   - resource "aws_security_group_rule" "node" {
TestTerraformCompleteExample 2022-03-23T15:24:02Z logger.go:66:       - cidr_blocks              = [] -> null
TestTerraformCompleteExample 2022-03-23T15:24:02Z logger.go:66:       - description              = "Node to node CoreDNS" -> null
TestTerraformCompleteExample 2022-03-23T15:24:02Z logger.go:66:       - from_port                = 53 -> null
TestTerraformCompleteExample 2022-03-23T15:24:02Z logger.go:66:       - id                       = "sgrule-1592050371" -> null
TestTerraformCompleteExample 2022-03-23T15:24:02Z logger.go:66:       - ipv6_cidr_blocks         = [] -> null
TestTerraformCompleteExample 2022-03-23T15:24:02Z logger.go:66:       - prefix_list_ids          = [] -> null
TestTerraformCompleteExample 2022-03-23T15:24:02Z logger.go:66:       - protocol                 = "tcp" -> null
TestTerraformCompleteExample 2022-03-23T15:24:02Z logger.go:66:       - security_group_id        = "sg-0a63a098d68ce7755" -> null
TestTerraformCompleteExample 2022-03-23T15:24:02Z logger.go:66:       - self                     = true -> null
TestTerraformCompleteExample 2022-03-23T15:24:02Z logger.go:66:       - source_security_group_id = "sg-0a63a098d68ce7755" -> null
TestTerraformCompleteExample 2022-03-23T15:24:02Z logger.go:66:       - to_port                  = 53 -> null
TestTerraformCompleteExample 2022-03-23T15:24:02Z logger.go:66:       - type                     = "ingress" -> null
TestTerraformCompleteExample 2022-03-23T15:24:02Z logger.go:66:     }
TestTerraformCompleteExample 2022-03-23T15:24:02Z logger.go:66:
TestTerraformCompleteExample 2022-03-23T15:24:02Z logger.go:66:   # module.eks.aws_security_group_rule.node["ingress_self_coredns_udp"] will be destroyed
TestTerraformCompleteExample 2022-03-23T15:24:02Z logger.go:66:   - resource "aws_security_group_rule" "node" {
TestTerraformCompleteExample 2022-03-23T15:24:02Z logger.go:66:       - cidr_blocks              = [] -> null
TestTerraformCompleteExample 2022-03-23T15:24:02Z logger.go:66:       - description              = "Node to node CoreDNS" -> null
TestTerraformCompleteExample 2022-03-23T15:24:02Z logger.go:66:       - from_port                = 53 -> null
TestTerraformCompleteExample 2022-03-23T15:24:02Z logger.go:66:       - id                       = "sgrule-4206584108" -> null
TestTerraformCompleteExample 2022-03-23T15:24:02Z logger.go:66:       - ipv6_cidr_blocks         = [] -> null
TestTerraformCompleteExample 2022-03-23T15:24:02Z logger.go:66:       - prefix_list_ids          = [] -> null
TestTerraformCompleteExample 2022-03-23T15:24:02Z logger.go:66:       - protocol                 = "udp" -> null
TestTerraformCompleteExample 2022-03-23T15:24:02Z logger.go:66:       - security_group_id        = "sg-0a63a098d68ce7755" -> null
TestTerraformCompleteExample 2022-03-23T15:24:02Z logger.go:66:       - self                     = true -> null
TestTerraformCompleteExample 2022-03-23T15:24:02Z logger.go:66:       - source_security_group_id = "sg-0a63a098d68ce7755" -> null
TestTerraformCompleteExample 2022-03-23T15:24:02Z logger.go:66:       - to_port                  = 53 -> null
TestTerraformCompleteExample 2022-03-23T15:24:02Z logger.go:66:       - type                     = "ingress" -> null
TestTerraformCompleteExample 2022-03-23T15:24:02Z logger.go:66:     }
TestTerraformCompleteExample 2022-03-23T15:24:02Z logger.go:66:
TestTerraformCompleteExample 2022-03-23T15:24:02Z logger.go:66:   # module.eks_auth.kubectl_manifest.patch will be destroyed
TestTerraformCompleteExample 2022-03-23T15:24:02Z logger.go:66:   - resource "kubectl_manifest" "patch" {
TestTerraformCompleteExample 2022-03-23T15:24:02Z logger.go:66:       - api_version             = "v1" -> null
TestTerraformCompleteExample 2022-03-23T15:24:02Z logger.go:66:       - force_new               = false -> null
TestTerraformCompleteExample 2022-03-23T15:24:02Z logger.go:66:       - id                      = "/api/v1/namespaces/kube-system/configmaps/aws-auth" -> null
TestTerraformCompleteExample 2022-03-23T15:24:02Z logger.go:66:       - kind                    = "ConfigMap" -> null
TestTerraformCompleteExample 2022-03-23T15:24:02Z logger.go:66:       - live_manifest_incluster = (sensitive value)
TestTerraformCompleteExample 2022-03-23T15:24:02Z logger.go:66:       - live_uid                = "e64000cb-926b-488c-a1f5-3062d1329520" -> null
TestTerraformCompleteExample 2022-03-23T15:24:02Z logger.go:66:       - name                    = "aws-auth" -> null
TestTerraformCompleteExample 2022-03-23T15:24:02Z logger.go:66:       - namespace               = "kube-system" -> null
TestTerraformCompleteExample 2022-03-23T15:24:02Z logger.go:66:       - override_namespace      = "kube-system" -> null
TestTerraformCompleteExample 2022-03-23T15:24:02Z logger.go:66:       - server_side_apply       = false -> null
TestTerraformCompleteExample 2022-03-23T15:24:02Z logger.go:66:       - uid                     = "e64000cb-926b-488c-a1f5-3062d1329520" -> null
TestTerraformCompleteExample 2022-03-23T15:24:02Z logger.go:66:       - validate_schema         = true -> null
TestTerraformCompleteExample 2022-03-23T15:24:02Z logger.go:66:       - wait_for_rollout        = true -> null
TestTerraformCompleteExample 2022-03-23T15:24:02Z logger.go:66:       - yaml_body               = (sensitive value)
TestTerraformCompleteExample 2022-03-23T15:24:02Z logger.go:66:       - yaml_body_parsed        = <<-EOT
TestTerraformCompleteExample 2022-03-23T15:24:02Z logger.go:66:             apiVersion: v1
TestTerraformCompleteExample 2022-03-23T15:24:02Z logger.go:66:             data:
TestTerraformCompleteExample 2022-03-23T15:24:02Z logger.go:66:               mapAccounts: |
TestTerraformCompleteExample 2022-03-23T15:24:02Z logger.go:66:                 - "777777777777"
TestTerraformCompleteExample 2022-03-23T15:24:02Z logger.go:66:                 - "888888888888"
TestTerraformCompleteExample 2022-03-23T15:24:02Z logger.go:66:               mapRoles: |
TestTerraformCompleteExample 2022-03-23T15:24:02Z logger.go:66:                 - "groups":
TestTerraformCompleteExample 2022-03-23T15:24:02Z logger.go:66:                   - "system:bootstrappers"
TestTerraformCompleteExample 2022-03-23T15:24:02Z logger.go:66:                   - "system:nodes"
TestTerraformCompleteExample 2022-03-23T15:24:02Z logger.go:66:                   "rolearn": "arn:aws:iam::11111111111:role/foo-eks-node-group-20220323151009303900000001"
TestTerraformCompleteExample 2022-03-23T15:24:02Z logger.go:66:                   "username": "system:node:{{EC2PrivateDNSName}}"
TestTerraformCompleteExample 2022-03-23T15:24:02Z logger.go:66:                 - "groups":
TestTerraformCompleteExample 2022-03-23T15:24:02Z logger.go:66:                   - "system:bootstrappers"
TestTerraformCompleteExample 2022-03-23T15:24:02Z logger.go:66:                   - "system:nodes"
TestTerraformCompleteExample 2022-03-23T15:24:02Z logger.go:66:                   "rolearn": "arn:aws:iam::11111111111:role/boo-node-group-20220323151009311600000004"
TestTerraformCompleteExample 2022-03-23T15:24:02Z logger.go:66:                   "username": "system:node:{{EC2PrivateDNSName}}"
TestTerraformCompleteExample 2022-03-23T15:24:02Z logger.go:66:                 - "groups":
TestTerraformCompleteExample 2022-03-23T15:24:02Z logger.go:66:                   - "system:bootstrappers"
TestTerraformCompleteExample 2022-03-23T15:24:02Z logger.go:66:                   - "system:nodes"
TestTerraformCompleteExample 2022-03-23T15:24:02Z logger.go:66:                   - "system:node-proxier"
TestTerraformCompleteExample 2022-03-23T15:24:02Z logger.go:66:                   "rolearn": "arn:aws:iam::11111111111:role/bar-20220323151009311300000003"
TestTerraformCompleteExample 2022-03-23T15:24:02Z logger.go:66:                   "username": "system:node:{{SessionName}}"
TestTerraformCompleteExample 2022-03-23T15:24:02Z logger.go:66:                 - "groups":
TestTerraformCompleteExample 2022-03-23T15:24:02Z logger.go:66:                   - "system:masters"
TestTerraformCompleteExample 2022-03-23T15:24:02Z logger.go:66:                   "rolearn": "arn:aws:iam::66666666666:role/role1"
TestTerraformCompleteExample 2022-03-23T15:24:02Z logger.go:66:                   "username": "role1"
TestTerraformCompleteExample 2022-03-23T15:24:02Z logger.go:66:               mapUsers: |
TestTerraformCompleteExample 2022-03-23T15:24:02Z logger.go:66:                 - "groups":
TestTerraformCompleteExample 2022-03-23T15:24:02Z logger.go:66:                   - "system:masters"
TestTerraformCompleteExample 2022-03-23T15:24:02Z logger.go:66:                   "userarn": "arn:aws:iam::66666666666:user/user1"
TestTerraformCompleteExample 2022-03-23T15:24:02Z logger.go:66:                   "username": "user1"
TestTerraformCompleteExample 2022-03-23T15:24:02Z logger.go:66:                 - "groups":
TestTerraformCompleteExample 2022-03-23T15:24:02Z logger.go:66:                   - "system:masters"
TestTerraformCompleteExample 2022-03-23T15:24:02Z logger.go:66:                   "userarn": "arn:aws:iam::66666666666:user/user2"
TestTerraformCompleteExample 2022-03-23T15:24:02Z logger.go:66:                   "username": "user2"
TestTerraformCompleteExample 2022-03-23T15:24:02Z logger.go:66:             kind: ConfigMap
TestTerraformCompleteExample 2022-03-23T15:24:02Z logger.go:66:             metadata:
TestTerraformCompleteExample 2022-03-23T15:24:02Z logger.go:66:               name: aws-auth
TestTerraformCompleteExample 2022-03-23T15:24:02Z logger.go:66:               namespace: kube-system
TestTerraformCompleteExample 2022-03-23T15:24:02Z logger.go:66:         EOT -> null
TestTerraformCompleteExample 2022-03-23T15:24:02Z logger.go:66:       - yaml_incluster          = (sensitive value)
TestTerraformCompleteExample 2022-03-23T15:24:02Z logger.go:66:     }
TestTerraformCompleteExample 2022-03-23T15:24:02Z logger.go:66:
TestTerraformCompleteExample 2022-03-23T15:24:02Z logger.go:66:   # module.vpc.aws_eip.nat[0] will be destroyed
TestTerraformCompleteExample 2022-03-23T15:24:02Z logger.go:66:   - resource "aws_eip" "nat" {
TestTerraformCompleteExample 2022-03-23T15:24:02Z logger.go:66:       - allocation_id        = "eipalloc-024255bd65c65b9d7" -> null
TestTerraformCompleteExample 2022-03-23T15:24:02Z logger.go:66:       - association_id       = "eipassoc-01bf57ef66c766115" -> null
TestTerraformCompleteExample 2022-03-23T15:24:02Z logger.go:66:       - domain               = "vpc" -> null
TestTerraformCompleteExample 2022-03-23T15:24:02Z logger.go:66:       - id                   = "eipalloc-024255bd65c65b9d7" -> null
TestTerraformCompleteExample 2022-03-23T15:24:02Z logger.go:66:       - network_border_group = "us-west-2" -> null
TestTerraformCompleteExample 2022-03-23T15:24:02Z logger.go:66:       - network_interface    = "eni-08d7163de00a23c38" -> null
TestTerraformCompleteExample 2022-03-23T15:24:02Z logger.go:66:       - private_dns          = "ip-10-0-4-175.us-west-2.compute.internal" -> null
TestTerraformCompleteExample 2022-03-23T15:24:02Z logger.go:66:       - private_ip           = "10.0.4.175" -> null
TestTerraformCompleteExample 2022-03-23T15:24:02Z logger.go:66:       - public_dns           = "ec2-54-203-67-161.us-west-2.compute.amazonaws.com" -> null
TestTerraformCompleteExample 2022-03-23T15:24:02Z logger.go:66:       - public_ip            = "54.203.67.161" -> null
TestTerraformCompleteExample 2022-03-23T15:24:02Z logger.go:66:       - public_ipv4_pool     = "amazon" -> null
TestTerraformCompleteExample 2022-03-23T15:24:02Z logger.go:66:       - tags                 = {
TestTerraformCompleteExample 2022-03-23T15:24:02Z logger.go:66:           - "Name" = "ex-complete-us-west-2a"
TestTerraformCompleteExample 2022-03-23T15:24:02Z logger.go:66:         } -> null
TestTerraformCompleteExample 2022-03-23T15:24:02Z logger.go:66:       - tags_all             = {
TestTerraformCompleteExample 2022-03-23T15:24:02Z logger.go:66:           - "Example"    = "ex-complete"
TestTerraformCompleteExample 2022-03-23T15:24:02Z logger.go:66:           - "GithubOrg"  = "aidan-melen"
TestTerraformCompleteExample 2022-03-23T15:24:02Z logger.go:66:           - "GithubRepo" = "terraform-aws-eks-auth"
TestTerraformCompleteExample 2022-03-23T15:24:02Z logger.go:66:           - "Name"       = "ex-complete-us-west-2a"
TestTerraformCompleteExample 2022-03-23T15:24:02Z logger.go:66:         } -> null
TestTerraformCompleteExample 2022-03-23T15:24:02Z logger.go:66:       - vpc                  = true -> null
TestTerraformCompleteExample 2022-03-23T15:24:02Z logger.go:66:     }
TestTerraformCompleteExample 2022-03-23T15:24:02Z logger.go:66:
TestTerraformCompleteExample 2022-03-23T15:24:02Z logger.go:66:   # module.vpc.aws_internet_gateway.this[0] will be destroyed
TestTerraformCompleteExample 2022-03-23T15:24:02Z logger.go:66:   - resource "aws_internet_gateway" "this" {
TestTerraformCompleteExample 2022-03-23T15:24:02Z logger.go:66:       - arn      = "arn:aws:ec2:us-west-2:11111111111:internet-gateway/igw-0a1c84ec27feddb14" -> null
TestTerraformCompleteExample 2022-03-23T15:24:02Z logger.go:66:       - id       = "igw-0a1c84ec27feddb14" -> null
TestTerraformCompleteExample 2022-03-23T15:24:02Z logger.go:66:       - owner_id = "11111111111" -> null
TestTerraformCompleteExample 2022-03-23T15:24:02Z logger.go:66:       - tags     = {
TestTerraformCompleteExample 2022-03-23T15:24:02Z logger.go:66:           - "Name" = "ex-complete"
TestTerraformCompleteExample 2022-03-23T15:24:02Z logger.go:66:         } -> null
TestTerraformCompleteExample 2022-03-23T15:24:02Z logger.go:66:       - tags_all = {
TestTerraformCompleteExample 2022-03-23T15:24:02Z logger.go:66:           - "Example"    = "ex-complete"
TestTerraformCompleteExample 2022-03-23T15:24:02Z logger.go:66:           - "GithubOrg"  = "aidan-melen"
TestTerraformCompleteExample 2022-03-23T15:24:02Z logger.go:66:           - "GithubRepo" = "terraform-aws-eks-auth"
TestTerraformCompleteExample 2022-03-23T15:24:02Z logger.go:66:           - "Name"       = "ex-complete"
TestTerraformCompleteExample 2022-03-23T15:24:02Z logger.go:66:         } -> null
TestTerraformCompleteExample 2022-03-23T15:24:02Z logger.go:66:       - vpc_id   = "vpc-08f223165937bfa42" -> null
TestTerraformCompleteExample 2022-03-23T15:24:02Z logger.go:66:     }
TestTerraformCompleteExample 2022-03-23T15:24:02Z logger.go:66:
TestTerraformCompleteExample 2022-03-23T15:24:02Z logger.go:66:   # module.vpc.aws_nat_gateway.this[0] will be destroyed
TestTerraformCompleteExample 2022-03-23T15:24:02Z logger.go:66:   - resource "aws_nat_gateway" "this" {
TestTerraformCompleteExample 2022-03-23T15:24:02Z logger.go:66:       - allocation_id        = "eipalloc-024255bd65c65b9d7" -> null
TestTerraformCompleteExample 2022-03-23T15:24:02Z logger.go:66:       - connectivity_type    = "public" -> null
TestTerraformCompleteExample 2022-03-23T15:24:02Z logger.go:66:       - id                   = "nat-0b8a39930cdd1eaf1" -> null
TestTerraformCompleteExample 2022-03-23T15:24:02Z logger.go:66:       - network_interface_id = "eni-08d7163de00a23c38" -> null
TestTerraformCompleteExample 2022-03-23T15:24:02Z logger.go:66:       - private_ip           = "10.0.4.175" -> null
TestTerraformCompleteExample 2022-03-23T15:24:02Z logger.go:66:       - public_ip            = "54.203.67.161" -> null
TestTerraformCompleteExample 2022-03-23T15:24:02Z logger.go:66:       - subnet_id            = "subnet-0c14641d438ec1744" -> null
TestTerraformCompleteExample 2022-03-23T15:24:02Z logger.go:66:       - tags                 = {
TestTerraformCompleteExample 2022-03-23T15:24:02Z logger.go:66:           - "Name" = "ex-complete-us-west-2a"
TestTerraformCompleteExample 2022-03-23T15:24:02Z logger.go:66:         } -> null
TestTerraformCompleteExample 2022-03-23T15:24:02Z logger.go:66:       - tags_all             = {
TestTerraformCompleteExample 2022-03-23T15:24:02Z logger.go:66:           - "Example"    = "ex-complete"
TestTerraformCompleteExample 2022-03-23T15:24:02Z logger.go:66:           - "GithubOrg"  = "aidan-melen"
TestTerraformCompleteExample 2022-03-23T15:24:02Z logger.go:66:           - "GithubRepo" = "terraform-aws-eks-auth"
TestTerraformCompleteExample 2022-03-23T15:24:02Z logger.go:66:           - "Name"       = "ex-complete-us-west-2a"
TestTerraformCompleteExample 2022-03-23T15:24:02Z logger.go:66:         } -> null
TestTerraformCompleteExample 2022-03-23T15:24:02Z logger.go:66:     }
TestTerraformCompleteExample 2022-03-23T15:24:02Z logger.go:66:
TestTerraformCompleteExample 2022-03-23T15:24:02Z logger.go:66:   # module.vpc.aws_route.private_nat_gateway[0] will be destroyed
TestTerraformCompleteExample 2022-03-23T15:24:02Z logger.go:66:   - resource "aws_route" "private_nat_gateway" {
TestTerraformCompleteExample 2022-03-23T15:24:02Z logger.go:66:       - destination_cidr_block = "0.0.0.0/0" -> null
TestTerraformCompleteExample 2022-03-23T15:24:02Z logger.go:66:       - id                     = "r-rtb-0758be46ecf76fbc51080289494" -> null
TestTerraformCompleteExample 2022-03-23T15:24:02Z logger.go:66:       - nat_gateway_id         = "nat-0b8a39930cdd1eaf1" -> null
TestTerraformCompleteExample 2022-03-23T15:24:02Z logger.go:66:       - origin                 = "CreateRoute" -> null
TestTerraformCompleteExample 2022-03-23T15:24:02Z logger.go:66:       - route_table_id         = "rtb-0758be46ecf76fbc5" -> null
TestTerraformCompleteExample 2022-03-23T15:24:02Z logger.go:66:       - state                  = "active" -> null
TestTerraformCompleteExample 2022-03-23T15:24:02Z logger.go:66:
TestTerraformCompleteExample 2022-03-23T15:24:02Z logger.go:66:       - timeouts {
TestTerraformCompleteExample 2022-03-23T15:24:02Z logger.go:66:           - create = "5m" -> null
TestTerraformCompleteExample 2022-03-23T15:24:02Z logger.go:66:         }
TestTerraformCompleteExample 2022-03-23T15:24:02Z logger.go:66:     }
TestTerraformCompleteExample 2022-03-23T15:24:02Z logger.go:66:
TestTerraformCompleteExample 2022-03-23T15:24:02Z logger.go:66:   # module.vpc.aws_route.public_internet_gateway[0] will be destroyed
TestTerraformCompleteExample 2022-03-23T15:24:02Z logger.go:66:   - resource "aws_route" "public_internet_gateway" {
TestTerraformCompleteExample 2022-03-23T15:24:02Z logger.go:66:       - destination_cidr_block = "0.0.0.0/0" -> null
TestTerraformCompleteExample 2022-03-23T15:24:02Z logger.go:66:       - gateway_id             = "igw-0a1c84ec27feddb14" -> null
TestTerraformCompleteExample 2022-03-23T15:24:02Z logger.go:66:       - id                     = "r-rtb-014da72b46fd7ca9c1080289494" -> null
TestTerraformCompleteExample 2022-03-23T15:24:02Z logger.go:66:       - origin                 = "CreateRoute" -> null
TestTerraformCompleteExample 2022-03-23T15:24:02Z logger.go:66:       - route_table_id         = "rtb-014da72b46fd7ca9c" -> null
TestTerraformCompleteExample 2022-03-23T15:24:02Z logger.go:66:       - state                  = "active" -> null
TestTerraformCompleteExample 2022-03-23T15:24:02Z logger.go:66:
TestTerraformCompleteExample 2022-03-23T15:24:02Z logger.go:66:       - timeouts {
TestTerraformCompleteExample 2022-03-23T15:24:02Z logger.go:66:           - create = "5m" -> null
TestTerraformCompleteExample 2022-03-23T15:24:02Z logger.go:66:         }
TestTerraformCompleteExample 2022-03-23T15:24:02Z logger.go:66:     }
TestTerraformCompleteExample 2022-03-23T15:24:02Z logger.go:66:
TestTerraformCompleteExample 2022-03-23T15:24:02Z logger.go:66:   # module.vpc.aws_route_table.private[0] will be destroyed
TestTerraformCompleteExample 2022-03-23T15:24:02Z logger.go:66:   - resource "aws_route_table" "private" {
TestTerraformCompleteExample 2022-03-23T15:24:02Z logger.go:66:       - arn              = "arn:aws:ec2:us-west-2:11111111111:route-table/rtb-0758be46ecf76fbc5" -> null
TestTerraformCompleteExample 2022-03-23T15:24:02Z logger.go:66:       - id               = "rtb-0758be46ecf76fbc5" -> null
TestTerraformCompleteExample 2022-03-23T15:24:02Z logger.go:66:       - owner_id         = "11111111111" -> null
TestTerraformCompleteExample 2022-03-23T15:24:02Z logger.go:66:       - propagating_vgws = [] -> null
TestTerraformCompleteExample 2022-03-23T15:24:02Z logger.go:66:       - route            = [
TestTerraformCompleteExample 2022-03-23T15:24:02Z logger.go:66:           - {
TestTerraformCompleteExample 2022-03-23T15:24:02Z logger.go:66:               - carrier_gateway_id         = ""
TestTerraformCompleteExample 2022-03-23T15:24:02Z logger.go:66:               - cidr_block                 = "0.0.0.0/0"
TestTerraformCompleteExample 2022-03-23T15:24:02Z logger.go:66:               - destination_prefix_list_id = ""
TestTerraformCompleteExample 2022-03-23T15:24:02Z logger.go:66:               - egress_only_gateway_id     = ""
TestTerraformCompleteExample 2022-03-23T15:24:02Z logger.go:66:               - gateway_id                 = ""
TestTerraformCompleteExample 2022-03-23T15:24:02Z logger.go:66:               - instance_id                = ""
TestTerraformCompleteExample 2022-03-23T15:24:02Z logger.go:66:               - ipv6_cidr_block            = ""
TestTerraformCompleteExample 2022-03-23T15:24:02Z logger.go:66:               - local_gateway_id           = ""
TestTerraformCompleteExample 2022-03-23T15:24:02Z logger.go:66:               - nat_gateway_id             = "nat-0b8a39930cdd1eaf1"
TestTerraformCompleteExample 2022-03-23T15:24:02Z logger.go:66:               - network_interface_id       = ""
TestTerraformCompleteExample 2022-03-23T15:24:02Z logger.go:66:               - transit_gateway_id         = ""
TestTerraformCompleteExample 2022-03-23T15:24:02Z logger.go:66:               - vpc_endpoint_id            = ""
TestTerraformCompleteExample 2022-03-23T15:24:02Z logger.go:66:               - vpc_peering_connection_id  = ""
TestTerraformCompleteExample 2022-03-23T15:24:02Z logger.go:66:             },
TestTerraformCompleteExample 2022-03-23T15:24:02Z logger.go:66:         ] -> null
TestTerraformCompleteExample 2022-03-23T15:24:02Z logger.go:66:       - tags             = {
TestTerraformCompleteExample 2022-03-23T15:24:02Z logger.go:66:           - "Name" = "ex-complete-private"
TestTerraformCompleteExample 2022-03-23T15:24:02Z logger.go:66:         } -> null
TestTerraformCompleteExample 2022-03-23T15:24:02Z logger.go:66:       - tags_all         = {
TestTerraformCompleteExample 2022-03-23T15:24:02Z logger.go:66:           - "Example"    = "ex-complete"
TestTerraformCompleteExample 2022-03-23T15:24:02Z logger.go:66:           - "GithubOrg"  = "aidan-melen"
TestTerraformCompleteExample 2022-03-23T15:24:02Z logger.go:66:           - "GithubRepo" = "terraform-aws-eks-auth"
TestTerraformCompleteExample 2022-03-23T15:24:02Z logger.go:66:           - "Name"       = "ex-complete-private"
TestTerraformCompleteExample 2022-03-23T15:24:02Z logger.go:66:         } -> null
TestTerraformCompleteExample 2022-03-23T15:24:02Z logger.go:66:       - vpc_id           = "vpc-08f223165937bfa42" -> null
TestTerraformCompleteExample 2022-03-23T15:24:02Z logger.go:66:     }
TestTerraformCompleteExample 2022-03-23T15:24:02Z logger.go:66:
TestTerraformCompleteExample 2022-03-23T15:24:02Z logger.go:66:   # module.vpc.aws_route_table.public[0] will be destroyed
TestTerraformCompleteExample 2022-03-23T15:24:02Z logger.go:66:   - resource "aws_route_table" "public" {
TestTerraformCompleteExample 2022-03-23T15:24:02Z logger.go:66:       - arn              = "arn:aws:ec2:us-west-2:11111111111:route-table/rtb-014da72b46fd7ca9c" -> null
TestTerraformCompleteExample 2022-03-23T15:24:02Z logger.go:66:       - id               = "rtb-014da72b46fd7ca9c" -> null
TestTerraformCompleteExample 2022-03-23T15:24:02Z logger.go:66:       - owner_id         = "11111111111" -> null
TestTerraformCompleteExample 2022-03-23T15:24:02Z logger.go:66:       - propagating_vgws = [] -> null
TestTerraformCompleteExample 2022-03-23T15:24:02Z logger.go:66:       - route            = [
TestTerraformCompleteExample 2022-03-23T15:24:02Z logger.go:66:           - {
TestTerraformCompleteExample 2022-03-23T15:24:02Z logger.go:66:               - carrier_gateway_id         = ""
TestTerraformCompleteExample 2022-03-23T15:24:02Z logger.go:66:               - cidr_block                 = "0.0.0.0/0"
TestTerraformCompleteExample 2022-03-23T15:24:02Z logger.go:66:               - destination_prefix_list_id = ""
TestTerraformCompleteExample 2022-03-23T15:24:02Z logger.go:66:               - egress_only_gateway_id     = ""
TestTerraformCompleteExample 2022-03-23T15:24:02Z logger.go:66:               - gateway_id                 = "igw-0a1c84ec27feddb14"
TestTerraformCompleteExample 2022-03-23T15:24:02Z logger.go:66:               - instance_id                = ""
TestTerraformCompleteExample 2022-03-23T15:24:02Z logger.go:66:               - ipv6_cidr_block            = ""
TestTerraformCompleteExample 2022-03-23T15:24:02Z logger.go:66:               - local_gateway_id           = ""
TestTerraformCompleteExample 2022-03-23T15:24:02Z logger.go:66:               - nat_gateway_id             = ""
TestTerraformCompleteExample 2022-03-23T15:24:02Z logger.go:66:               - network_interface_id       = ""
TestTerraformCompleteExample 2022-03-23T15:24:02Z logger.go:66:               - transit_gateway_id         = ""
TestTerraformCompleteExample 2022-03-23T15:24:02Z logger.go:66:               - vpc_endpoint_id            = ""
TestTerraformCompleteExample 2022-03-23T15:24:02Z logger.go:66:               - vpc_peering_connection_id  = ""
TestTerraformCompleteExample 2022-03-23T15:24:02Z logger.go:66:             },
TestTerraformCompleteExample 2022-03-23T15:24:02Z logger.go:66:         ] -> null
TestTerraformCompleteExample 2022-03-23T15:24:02Z logger.go:66:       - tags             = {
TestTerraformCompleteExample 2022-03-23T15:24:02Z logger.go:66:           - "Name" = "ex-complete-public"
TestTerraformCompleteExample 2022-03-23T15:24:02Z logger.go:66:         } -> null
TestTerraformCompleteExample 2022-03-23T15:24:02Z logger.go:66:       - tags_all         = {
TestTerraformCompleteExample 2022-03-23T15:24:02Z logger.go:66:           - "Example"    = "ex-complete"
TestTerraformCompleteExample 2022-03-23T15:24:02Z logger.go:66:           - "GithubOrg"  = "aidan-melen"
TestTerraformCompleteExample 2022-03-23T15:24:02Z logger.go:66:           - "GithubRepo" = "terraform-aws-eks-auth"
TestTerraformCompleteExample 2022-03-23T15:24:02Z logger.go:66:           - "Name"       = "ex-complete-public"
TestTerraformCompleteExample 2022-03-23T15:24:02Z logger.go:66:         } -> null
TestTerraformCompleteExample 2022-03-23T15:24:02Z logger.go:66:       - vpc_id           = "vpc-08f223165937bfa42" -> null
TestTerraformCompleteExample 2022-03-23T15:24:02Z logger.go:66:     }
TestTerraformCompleteExample 2022-03-23T15:24:02Z logger.go:66:
TestTerraformCompleteExample 2022-03-23T15:24:02Z logger.go:66:   # module.vpc.aws_route_table_association.private[0] will be destroyed
TestTerraformCompleteExample 2022-03-23T15:24:02Z logger.go:66:   - resource "aws_route_table_association" "private" {
TestTerraformCompleteExample 2022-03-23T15:24:02Z logger.go:66:       - id             = "rtbassoc-05363bbfc8d2769fc" -> null
TestTerraformCompleteExample 2022-03-23T15:24:02Z logger.go:66:       - route_table_id = "rtb-0758be46ecf76fbc5" -> null
TestTerraformCompleteExample 2022-03-23T15:24:02Z logger.go:66:       - subnet_id      = "subnet-0650f6dd05be35933" -> null
TestTerraformCompleteExample 2022-03-23T15:24:02Z logger.go:66:     }
TestTerraformCompleteExample 2022-03-23T15:24:02Z logger.go:66:
TestTerraformCompleteExample 2022-03-23T15:24:02Z logger.go:66:   # module.vpc.aws_route_table_association.private[1] will be destroyed
TestTerraformCompleteExample 2022-03-23T15:24:02Z logger.go:66:   - resource "aws_route_table_association" "private" {
TestTerraformCompleteExample 2022-03-23T15:24:02Z logger.go:66:       - id             = "rtbassoc-0ae7ffb6601159aeb" -> null
TestTerraformCompleteExample 2022-03-23T15:24:02Z logger.go:66:       - route_table_id = "rtb-0758be46ecf76fbc5" -> null
TestTerraformCompleteExample 2022-03-23T15:24:02Z logger.go:66:       - subnet_id      = "subnet-01284105c09c11104" -> null
TestTerraformCompleteExample 2022-03-23T15:24:02Z logger.go:66:     }
TestTerraformCompleteExample 2022-03-23T15:24:02Z logger.go:66:
TestTerraformCompleteExample 2022-03-23T15:24:02Z logger.go:66:   # module.vpc.aws_route_table_association.private[2] will be destroyed
TestTerraformCompleteExample 2022-03-23T15:24:02Z logger.go:66:   - resource "aws_route_table_association" "private" {
TestTerraformCompleteExample 2022-03-23T15:24:02Z logger.go:66:       - id             = "rtbassoc-097f1ad562b089f4c" -> null
TestTerraformCompleteExample 2022-03-23T15:24:02Z logger.go:66:       - route_table_id = "rtb-0758be46ecf76fbc5" -> null
TestTerraformCompleteExample 2022-03-23T15:24:02Z logger.go:66:       - subnet_id      = "subnet-00dbbd09ccc535bc6" -> null
TestTerraformCompleteExample 2022-03-23T15:24:02Z logger.go:66:     }
TestTerraformCompleteExample 2022-03-23T15:24:02Z logger.go:66:
TestTerraformCompleteExample 2022-03-23T15:24:02Z logger.go:66:   # module.vpc.aws_route_table_association.public[0] will be destroyed
TestTerraformCompleteExample 2022-03-23T15:24:02Z logger.go:66:   - resource "aws_route_table_association" "public" {
TestTerraformCompleteExample 2022-03-23T15:24:02Z logger.go:66:       - id             = "rtbassoc-07889e7a2fde60058" -> null
TestTerraformCompleteExample 2022-03-23T15:24:02Z logger.go:66:       - route_table_id = "rtb-014da72b46fd7ca9c" -> null
TestTerraformCompleteExample 2022-03-23T15:24:02Z logger.go:66:       - subnet_id      = "subnet-0c14641d438ec1744" -> null
TestTerraformCompleteExample 2022-03-23T15:24:02Z logger.go:66:     }
TestTerraformCompleteExample 2022-03-23T15:24:02Z logger.go:66:
TestTerraformCompleteExample 2022-03-23T15:24:02Z logger.go:66:   # module.vpc.aws_route_table_association.public[1] will be destroyed
TestTerraformCompleteExample 2022-03-23T15:24:02Z logger.go:66:   - resource "aws_route_table_association" "public" {
TestTerraformCompleteExample 2022-03-23T15:24:02Z logger.go:66:       - id             = "rtbassoc-00ab0c68cf1c9343d" -> null
TestTerraformCompleteExample 2022-03-23T15:24:02Z logger.go:66:       - route_table_id = "rtb-014da72b46fd7ca9c" -> null
TestTerraformCompleteExample 2022-03-23T15:24:02Z logger.go:66:       - subnet_id      = "subnet-0552d4b295493d9bd" -> null
TestTerraformCompleteExample 2022-03-23T15:24:02Z logger.go:66:     }
TestTerraformCompleteExample 2022-03-23T15:24:02Z logger.go:66:
TestTerraformCompleteExample 2022-03-23T15:24:02Z logger.go:66:   # module.vpc.aws_route_table_association.public[2] will be destroyed
TestTerraformCompleteExample 2022-03-23T15:24:02Z logger.go:66:   - resource "aws_route_table_association" "public" {
TestTerraformCompleteExample 2022-03-23T15:24:02Z logger.go:66:       - id             = "rtbassoc-0892f83dc6d756ea8" -> null
TestTerraformCompleteExample 2022-03-23T15:24:02Z logger.go:66:       - route_table_id = "rtb-014da72b46fd7ca9c" -> null
TestTerraformCompleteExample 2022-03-23T15:24:02Z logger.go:66:       - subnet_id      = "subnet-0ada2007f714da19a" -> null
TestTerraformCompleteExample 2022-03-23T15:24:02Z logger.go:66:     }
TestTerraformCompleteExample 2022-03-23T15:24:02Z logger.go:66:
TestTerraformCompleteExample 2022-03-23T15:24:02Z logger.go:66:   # module.vpc.aws_subnet.private[0] will be destroyed
TestTerraformCompleteExample 2022-03-23T15:24:02Z logger.go:66:   - resource "aws_subnet" "private" {
TestTerraformCompleteExample 2022-03-23T15:24:02Z logger.go:66:       - arn                                            = "arn:aws:ec2:us-west-2:11111111111:subnet/subnet-0650f6dd05be35933" -> null
TestTerraformCompleteExample 2022-03-23T15:24:02Z logger.go:66:       - assign_ipv6_address_on_creation                = false -> null
TestTerraformCompleteExample 2022-03-23T15:24:02Z logger.go:66:       - availability_zone                              = "us-west-2a" -> null
TestTerraformCompleteExample 2022-03-23T15:24:02Z logger.go:66:       - availability_zone_id                           = "usw2-az1" -> null
TestTerraformCompleteExample 2022-03-23T15:24:02Z logger.go:66:       - cidr_block                                     = "10.0.1.0/24" -> null
TestTerraformCompleteExample 2022-03-23T15:24:02Z logger.go:66:       - enable_dns64                                   = false -> null
TestTerraformCompleteExample 2022-03-23T15:24:02Z logger.go:66:       - enable_resource_name_dns_a_record_on_launch    = false -> null
TestTerraformCompleteExample 2022-03-23T15:24:02Z logger.go:66:       - enable_resource_name_dns_aaaa_record_on_launch = false -> null
TestTerraformCompleteExample 2022-03-23T15:24:02Z logger.go:66:       - id                                             = "subnet-0650f6dd05be35933" -> null
TestTerraformCompleteExample 2022-03-23T15:24:02Z logger.go:66:       - ipv6_native                                    = false -> null
TestTerraformCompleteExample 2022-03-23T15:24:02Z logger.go:66:       - map_customer_owned_ip_on_launch                = false -> null
TestTerraformCompleteExample 2022-03-23T15:24:02Z logger.go:66:       - map_public_ip_on_launch                        = false -> null
TestTerraformCompleteExample 2022-03-23T15:24:02Z logger.go:66:       - owner_id                                       = "11111111111" -> null
TestTerraformCompleteExample 2022-03-23T15:24:02Z logger.go:66:       - private_dns_hostname_type_on_launch            = "ip-name" -> null
TestTerraformCompleteExample 2022-03-23T15:24:02Z logger.go:66:       - tags                                           = {
TestTerraformCompleteExample 2022-03-23T15:24:02Z logger.go:66:           - "Name"                              = "ex-complete-private-us-west-2a"
TestTerraformCompleteExample 2022-03-23T15:24:02Z logger.go:66:           - "kubernetes.io/cluster/ex-complete" = "shared"
TestTerraformCompleteExample 2022-03-23T15:24:02Z logger.go:66:           - "kubernetes.io/role/internal-elb"   = "1"
TestTerraformCompleteExample 2022-03-23T15:24:02Z logger.go:66:         } -> null
TestTerraformCompleteExample 2022-03-23T15:24:02Z logger.go:66:       - tags_all                                       = {
TestTerraformCompleteExample 2022-03-23T15:24:02Z logger.go:66:           - "Example"                           = "ex-complete"
TestTerraformCompleteExample 2022-03-23T15:24:02Z logger.go:66:           - "GithubOrg"                         = "aidan-melen"
TestTerraformCompleteExample 2022-03-23T15:24:02Z logger.go:66:           - "GithubRepo"                        = "terraform-aws-eks-auth"
TestTerraformCompleteExample 2022-03-23T15:24:02Z logger.go:66:           - "Name"                              = "ex-complete-private-us-west-2a"
TestTerraformCompleteExample 2022-03-23T15:24:02Z logger.go:66:           - "kubernetes.io/cluster/ex-complete" = "shared"
TestTerraformCompleteExample 2022-03-23T15:24:02Z logger.go:66:           - "kubernetes.io/role/internal-elb"   = "1"
TestTerraformCompleteExample 2022-03-23T15:24:02Z logger.go:66:         } -> null
TestTerraformCompleteExample 2022-03-23T15:24:02Z logger.go:66:       - vpc_id                                         = "vpc-08f223165937bfa42" -> null
TestTerraformCompleteExample 2022-03-23T15:24:02Z logger.go:66:     }
TestTerraformCompleteExample 2022-03-23T15:24:02Z logger.go:66:
TestTerraformCompleteExample 2022-03-23T15:24:02Z logger.go:66:   # module.vpc.aws_subnet.private[1] will be destroyed
TestTerraformCompleteExample 2022-03-23T15:24:02Z logger.go:66:   - resource "aws_subnet" "private" {
TestTerraformCompleteExample 2022-03-23T15:24:02Z logger.go:66:       - arn                                            = "arn:aws:ec2:us-west-2:11111111111:subnet/subnet-01284105c09c11104" -> null
TestTerraformCompleteExample 2022-03-23T15:24:02Z logger.go:66:       - assign_ipv6_address_on_creation                = false -> null
TestTerraformCompleteExample 2022-03-23T15:24:02Z logger.go:66:       - availability_zone                              = "us-west-2b" -> null
TestTerraformCompleteExample 2022-03-23T15:24:02Z logger.go:66:       - availability_zone_id                           = "usw2-az2" -> null
TestTerraformCompleteExample 2022-03-23T15:24:02Z logger.go:66:       - cidr_block                                     = "10.0.2.0/24" -> null
TestTerraformCompleteExample 2022-03-23T15:24:02Z logger.go:66:       - enable_dns64                                   = false -> null
TestTerraformCompleteExample 2022-03-23T15:24:02Z logger.go:66:       - enable_resource_name_dns_a_record_on_launch    = false -> null
TestTerraformCompleteExample 2022-03-23T15:24:02Z logger.go:66:       - enable_resource_name_dns_aaaa_record_on_launch = false -> null
TestTerraformCompleteExample 2022-03-23T15:24:02Z logger.go:66:       - id                                             = "subnet-01284105c09c11104" -> null
TestTerraformCompleteExample 2022-03-23T15:24:02Z logger.go:66:       - ipv6_native                                    = false -> null
TestTerraformCompleteExample 2022-03-23T15:24:02Z logger.go:66:       - map_customer_owned_ip_on_launch                = false -> null
TestTerraformCompleteExample 2022-03-23T15:24:02Z logger.go:66:       - map_public_ip_on_launch                        = false -> null
TestTerraformCompleteExample 2022-03-23T15:24:02Z logger.go:66:       - owner_id                                       = "11111111111" -> null
TestTerraformCompleteExample 2022-03-23T15:24:02Z logger.go:66:       - private_dns_hostname_type_on_launch            = "ip-name" -> null
TestTerraformCompleteExample 2022-03-23T15:24:02Z logger.go:66:       - tags                                           = {
TestTerraformCompleteExample 2022-03-23T15:24:02Z logger.go:66:           - "Name"                              = "ex-complete-private-us-west-2b"
TestTerraformCompleteExample 2022-03-23T15:24:02Z logger.go:66:           - "kubernetes.io/cluster/ex-complete" = "shared"
TestTerraformCompleteExample 2022-03-23T15:24:02Z logger.go:66:           - "kubernetes.io/role/internal-elb"   = "1"
TestTerraformCompleteExample 2022-03-23T15:24:02Z logger.go:66:         } -> null
TestTerraformCompleteExample 2022-03-23T15:24:02Z logger.go:66:       - tags_all                                       = {
TestTerraformCompleteExample 2022-03-23T15:24:02Z logger.go:66:           - "Example"                           = "ex-complete"
TestTerraformCompleteExample 2022-03-23T15:24:02Z logger.go:66:           - "GithubOrg"                         = "aidan-melen"
TestTerraformCompleteExample 2022-03-23T15:24:02Z logger.go:66:           - "GithubRepo"                        = "terraform-aws-eks-auth"
TestTerraformCompleteExample 2022-03-23T15:24:02Z logger.go:66:           - "Name"                              = "ex-complete-private-us-west-2b"
TestTerraformCompleteExample 2022-03-23T15:24:02Z logger.go:66:           - "kubernetes.io/cluster/ex-complete" = "shared"
TestTerraformCompleteExample 2022-03-23T15:24:02Z logger.go:66:           - "kubernetes.io/role/internal-elb"   = "1"
TestTerraformCompleteExample 2022-03-23T15:24:02Z logger.go:66:         } -> null
TestTerraformCompleteExample 2022-03-23T15:24:02Z logger.go:66:       - vpc_id                                         = "vpc-08f223165937bfa42" -> null
TestTerraformCompleteExample 2022-03-23T15:24:02Z logger.go:66:     }
TestTerraformCompleteExample 2022-03-23T15:24:02Z logger.go:66:
TestTerraformCompleteExample 2022-03-23T15:24:02Z logger.go:66:   # module.vpc.aws_subnet.private[2] will be destroyed
TestTerraformCompleteExample 2022-03-23T15:24:02Z logger.go:66:   - resource "aws_subnet" "private" {
TestTerraformCompleteExample 2022-03-23T15:24:02Z logger.go:66:       - arn                                            = "arn:aws:ec2:us-west-2:11111111111:subnet/subnet-00dbbd09ccc535bc6" -> null
TestTerraformCompleteExample 2022-03-23T15:24:02Z logger.go:66:       - assign_ipv6_address_on_creation                = false -> null
TestTerraformCompleteExample 2022-03-23T15:24:02Z logger.go:66:       - availability_zone                              = "us-west-2c" -> null
TestTerraformCompleteExample 2022-03-23T15:24:02Z logger.go:66:       - availability_zone_id                           = "usw2-az3" -> null
TestTerraformCompleteExample 2022-03-23T15:24:02Z logger.go:66:       - cidr_block                                     = "10.0.3.0/24" -> null
TestTerraformCompleteExample 2022-03-23T15:24:02Z logger.go:66:       - enable_dns64                                   = false -> null
TestTerraformCompleteExample 2022-03-23T15:24:02Z logger.go:66:       - enable_resource_name_dns_a_record_on_launch    = false -> null
TestTerraformCompleteExample 2022-03-23T15:24:02Z logger.go:66:       - enable_resource_name_dns_aaaa_record_on_launch = false -> null
TestTerraformCompleteExample 2022-03-23T15:24:02Z logger.go:66:       - id                                             = "subnet-00dbbd09ccc535bc6" -> null
TestTerraformCompleteExample 2022-03-23T15:24:02Z logger.go:66:       - ipv6_native                                    = false -> null
TestTerraformCompleteExample 2022-03-23T15:24:02Z logger.go:66:       - map_customer_owned_ip_on_launch                = false -> null
TestTerraformCompleteExample 2022-03-23T15:24:02Z logger.go:66:       - map_public_ip_on_launch                        = false -> null
TestTerraformCompleteExample 2022-03-23T15:24:02Z logger.go:66:       - owner_id                                       = "11111111111" -> null
TestTerraformCompleteExample 2022-03-23T15:24:02Z logger.go:66:       - private_dns_hostname_type_on_launch            = "ip-name" -> null
TestTerraformCompleteExample 2022-03-23T15:24:02Z logger.go:66:       - tags                                           = {
TestTerraformCompleteExample 2022-03-23T15:24:02Z logger.go:66:           - "Name"                              = "ex-complete-private-us-west-2c"
TestTerraformCompleteExample 2022-03-23T15:24:02Z logger.go:66:           - "kubernetes.io/cluster/ex-complete" = "shared"
TestTerraformCompleteExample 2022-03-23T15:24:02Z logger.go:66:           - "kubernetes.io/role/internal-elb"   = "1"
TestTerraformCompleteExample 2022-03-23T15:24:02Z logger.go:66:         } -> null
TestTerraformCompleteExample 2022-03-23T15:24:02Z logger.go:66:       - tags_all                                       = {
TestTerraformCompleteExample 2022-03-23T15:24:02Z logger.go:66:           - "Example"                           = "ex-complete"
TestTerraformCompleteExample 2022-03-23T15:24:02Z logger.go:66:           - "GithubOrg"                         = "aidan-melen"
TestTerraformCompleteExample 2022-03-23T15:24:02Z logger.go:66:           - "GithubRepo"                        = "terraform-aws-eks-auth"
TestTerraformCompleteExample 2022-03-23T15:24:02Z logger.go:66:           - "Name"                              = "ex-complete-private-us-west-2c"
TestTerraformCompleteExample 2022-03-23T15:24:02Z logger.go:66:           - "kubernetes.io/cluster/ex-complete" = "shared"
TestTerraformCompleteExample 2022-03-23T15:24:02Z logger.go:66:           - "kubernetes.io/role/internal-elb"   = "1"
TestTerraformCompleteExample 2022-03-23T15:24:02Z logger.go:66:         } -> null
TestTerraformCompleteExample 2022-03-23T15:24:02Z logger.go:66:       - vpc_id                                         = "vpc-08f223165937bfa42" -> null
TestTerraformCompleteExample 2022-03-23T15:24:02Z logger.go:66:     }
TestTerraformCompleteExample 2022-03-23T15:24:02Z logger.go:66:
TestTerraformCompleteExample 2022-03-23T15:24:02Z logger.go:66:   # module.vpc.aws_subnet.public[0] will be destroyed
TestTerraformCompleteExample 2022-03-23T15:24:02Z logger.go:66:   - resource "aws_subnet" "public" {
TestTerraformCompleteExample 2022-03-23T15:24:02Z logger.go:66:       - arn                                            = "arn:aws:ec2:us-west-2:11111111111:subnet/subnet-0c14641d438ec1744" -> null
TestTerraformCompleteExample 2022-03-23T15:24:02Z logger.go:66:       - assign_ipv6_address_on_creation                = false -> null
TestTerraformCompleteExample 2022-03-23T15:24:02Z logger.go:66:       - availability_zone                              = "us-west-2a" -> null
TestTerraformCompleteExample 2022-03-23T15:24:02Z logger.go:66:       - availability_zone_id                           = "usw2-az1" -> null
TestTerraformCompleteExample 2022-03-23T15:24:02Z logger.go:66:       - cidr_block                                     = "10.0.4.0/24" -> null
TestTerraformCompleteExample 2022-03-23T15:24:02Z logger.go:66:       - enable_dns64                                   = false -> null
TestTerraformCompleteExample 2022-03-23T15:24:02Z logger.go:66:       - enable_resource_name_dns_a_record_on_launch    = false -> null
TestTerraformCompleteExample 2022-03-23T15:24:02Z logger.go:66:       - enable_resource_name_dns_aaaa_record_on_launch = false -> null
TestTerraformCompleteExample 2022-03-23T15:24:02Z logger.go:66:       - id                                             = "subnet-0c14641d438ec1744" -> null
TestTerraformCompleteExample 2022-03-23T15:24:02Z logger.go:66:       - ipv6_native                                    = false -> null
TestTerraformCompleteExample 2022-03-23T15:24:02Z logger.go:66:       - map_customer_owned_ip_on_launch                = false -> null
TestTerraformCompleteExample 2022-03-23T15:24:02Z logger.go:66:       - map_public_ip_on_launch                        = true -> null
TestTerraformCompleteExample 2022-03-23T15:24:02Z logger.go:66:       - owner_id                                       = "11111111111" -> null
TestTerraformCompleteExample 2022-03-23T15:24:02Z logger.go:66:       - private_dns_hostname_type_on_launch            = "ip-name" -> null
TestTerraformCompleteExample 2022-03-23T15:24:02Z logger.go:66:       - tags                                           = {
TestTerraformCompleteExample 2022-03-23T15:24:02Z logger.go:66:           - "Name"                              = "ex-complete-public-us-west-2a"
TestTerraformCompleteExample 2022-03-23T15:24:02Z logger.go:66:           - "kubernetes.io/cluster/ex-complete" = "shared"
TestTerraformCompleteExample 2022-03-23T15:24:02Z logger.go:66:           - "kubernetes.io/role/elb"            = "1"
TestTerraformCompleteExample 2022-03-23T15:24:02Z logger.go:66:         } -> null
TestTerraformCompleteExample 2022-03-23T15:24:02Z logger.go:66:       - tags_all                                       = {
TestTerraformCompleteExample 2022-03-23T15:24:02Z logger.go:66:           - "Example"                           = "ex-complete"
TestTerraformCompleteExample 2022-03-23T15:24:02Z logger.go:66:           - "GithubOrg"                         = "aidan-melen"
TestTerraformCompleteExample 2022-03-23T15:24:02Z logger.go:66:           - "GithubRepo"                        = "terraform-aws-eks-auth"
TestTerraformCompleteExample 2022-03-23T15:24:02Z logger.go:66:           - "Name"                              = "ex-complete-public-us-west-2a"
TestTerraformCompleteExample 2022-03-23T15:24:02Z logger.go:66:           - "kubernetes.io/cluster/ex-complete" = "shared"
TestTerraformCompleteExample 2022-03-23T15:24:02Z logger.go:66:           - "kubernetes.io/role/elb"            = "1"
TestTerraformCompleteExample 2022-03-23T15:24:02Z logger.go:66:         } -> null
TestTerraformCompleteExample 2022-03-23T15:24:02Z logger.go:66:       - vpc_id                                         = "vpc-08f223165937bfa42" -> null
TestTerraformCompleteExample 2022-03-23T15:24:02Z logger.go:66:     }
TestTerraformCompleteExample 2022-03-23T15:24:02Z logger.go:66:
TestTerraformCompleteExample 2022-03-23T15:24:02Z logger.go:66:   # module.vpc.aws_subnet.public[1] will be destroyed
TestTerraformCompleteExample 2022-03-23T15:24:02Z logger.go:66:   - resource "aws_subnet" "public" {
TestTerraformCompleteExample 2022-03-23T15:24:02Z logger.go:66:       - arn                                            = "arn:aws:ec2:us-west-2:11111111111:subnet/subnet-0552d4b295493d9bd" -> null
TestTerraformCompleteExample 2022-03-23T15:24:02Z logger.go:66:       - assign_ipv6_address_on_creation                = false -> null
TestTerraformCompleteExample 2022-03-23T15:24:02Z logger.go:66:       - availability_zone                              = "us-west-2b" -> null
TestTerraformCompleteExample 2022-03-23T15:24:02Z logger.go:66:       - availability_zone_id                           = "usw2-az2" -> null
TestTerraformCompleteExample 2022-03-23T15:24:02Z logger.go:66:       - cidr_block                                     = "10.0.5.0/24" -> null
TestTerraformCompleteExample 2022-03-23T15:24:02Z logger.go:66:       - enable_dns64                                   = false -> null
TestTerraformCompleteExample 2022-03-23T15:24:02Z logger.go:66:       - enable_resource_name_dns_a_record_on_launch    = false -> null
TestTerraformCompleteExample 2022-03-23T15:24:02Z logger.go:66:       - enable_resource_name_dns_aaaa_record_on_launch = false -> null
TestTerraformCompleteExample 2022-03-23T15:24:02Z logger.go:66:       - id                                             = "subnet-0552d4b295493d9bd" -> null
TestTerraformCompleteExample 2022-03-23T15:24:02Z logger.go:66:       - ipv6_native                                    = false -> null
TestTerraformCompleteExample 2022-03-23T15:24:02Z logger.go:66:       - map_customer_owned_ip_on_launch                = false -> null
TestTerraformCompleteExample 2022-03-23T15:24:02Z logger.go:66:       - map_public_ip_on_launch                        = true -> null
TestTerraformCompleteExample 2022-03-23T15:24:02Z logger.go:66:       - owner_id                                       = "11111111111" -> null
TestTerraformCompleteExample 2022-03-23T15:24:02Z logger.go:66:       - private_dns_hostname_type_on_launch            = "ip-name" -> null
TestTerraformCompleteExample 2022-03-23T15:24:02Z logger.go:66:       - tags                                           = {
TestTerraformCompleteExample 2022-03-23T15:24:02Z logger.go:66:           - "Name"                              = "ex-complete-public-us-west-2b"
TestTerraformCompleteExample 2022-03-23T15:24:02Z logger.go:66:           - "kubernetes.io/cluster/ex-complete" = "shared"
TestTerraformCompleteExample 2022-03-23T15:24:02Z logger.go:66:           - "kubernetes.io/role/elb"            = "1"
TestTerraformCompleteExample 2022-03-23T15:24:02Z logger.go:66:         } -> null
TestTerraformCompleteExample 2022-03-23T15:24:02Z logger.go:66:       - tags_all                                       = {
TestTerraformCompleteExample 2022-03-23T15:24:02Z logger.go:66:           - "Example"                           = "ex-complete"
TestTerraformCompleteExample 2022-03-23T15:24:02Z logger.go:66:           - "GithubOrg"                         = "aidan-melen"
TestTerraformCompleteExample 2022-03-23T15:24:02Z logger.go:66:           - "GithubRepo"                        = "terraform-aws-eks-auth"
TestTerraformCompleteExample 2022-03-23T15:24:02Z logger.go:66:           - "Name"                              = "ex-complete-public-us-west-2b"
TestTerraformCompleteExample 2022-03-23T15:24:02Z logger.go:66:           - "kubernetes.io/cluster/ex-complete" = "shared"
TestTerraformCompleteExample 2022-03-23T15:24:02Z logger.go:66:           - "kubernetes.io/role/elb"            = "1"
TestTerraformCompleteExample 2022-03-23T15:24:02Z logger.go:66:         } -> null
TestTerraformCompleteExample 2022-03-23T15:24:02Z logger.go:66:       - vpc_id                                         = "vpc-08f223165937bfa42" -> null
TestTerraformCompleteExample 2022-03-23T15:24:02Z logger.go:66:     }
TestTerraformCompleteExample 2022-03-23T15:24:02Z logger.go:66:
TestTerraformCompleteExample 2022-03-23T15:24:02Z logger.go:66:   # module.vpc.aws_subnet.public[2] will be destroyed
TestTerraformCompleteExample 2022-03-23T15:24:02Z logger.go:66:   - resource "aws_subnet" "public" {
TestTerraformCompleteExample 2022-03-23T15:24:02Z logger.go:66:       - arn                                            = "arn:aws:ec2:us-west-2:11111111111:subnet/subnet-0ada2007f714da19a" -> null
TestTerraformCompleteExample 2022-03-23T15:24:02Z logger.go:66:       - assign_ipv6_address_on_creation                = false -> null
TestTerraformCompleteExample 2022-03-23T15:24:02Z logger.go:66:       - availability_zone                              = "us-west-2c" -> null
TestTerraformCompleteExample 2022-03-23T15:24:02Z logger.go:66:       - availability_zone_id                           = "usw2-az3" -> null
TestTerraformCompleteExample 2022-03-23T15:24:02Z logger.go:66:       - cidr_block                                     = "10.0.6.0/24" -> null
TestTerraformCompleteExample 2022-03-23T15:24:02Z logger.go:66:       - enable_dns64                                   = false -> null
TestTerraformCompleteExample 2022-03-23T15:24:02Z logger.go:66:       - enable_resource_name_dns_a_record_on_launch    = false -> null
TestTerraformCompleteExample 2022-03-23T15:24:02Z logger.go:66:       - enable_resource_name_dns_aaaa_record_on_launch = false -> null
TestTerraformCompleteExample 2022-03-23T15:24:02Z logger.go:66:       - id                                             = "subnet-0ada2007f714da19a" -> null
TestTerraformCompleteExample 2022-03-23T15:24:02Z logger.go:66:       - ipv6_native                                    = false -> null
TestTerraformCompleteExample 2022-03-23T15:24:02Z logger.go:66:       - map_customer_owned_ip_on_launch                = false -> null
TestTerraformCompleteExample 2022-03-23T15:24:02Z logger.go:66:       - map_public_ip_on_launch                        = true -> null
TestTerraformCompleteExample 2022-03-23T15:24:02Z logger.go:66:       - owner_id                                       = "11111111111" -> null
TestTerraformCompleteExample 2022-03-23T15:24:02Z logger.go:66:       - private_dns_hostname_type_on_launch            = "ip-name" -> null
TestTerraformCompleteExample 2022-03-23T15:24:02Z logger.go:66:       - tags                                           = {
TestTerraformCompleteExample 2022-03-23T15:24:02Z logger.go:66:           - "Name"                              = "ex-complete-public-us-west-2c"
TestTerraformCompleteExample 2022-03-23T15:24:02Z logger.go:66:           - "kubernetes.io/cluster/ex-complete" = "shared"
TestTerraformCompleteExample 2022-03-23T15:24:02Z logger.go:66:           - "kubernetes.io/role/elb"            = "1"
TestTerraformCompleteExample 2022-03-23T15:24:02Z logger.go:66:         } -> null
TestTerraformCompleteExample 2022-03-23T15:24:02Z logger.go:66:       - tags_all                                       = {
TestTerraformCompleteExample 2022-03-23T15:24:02Z logger.go:66:           - "Example"                           = "ex-complete"
TestTerraformCompleteExample 2022-03-23T15:24:02Z logger.go:66:           - "GithubOrg"                         = "aidan-melen"
TestTerraformCompleteExample 2022-03-23T15:24:02Z logger.go:66:           - "GithubRepo"                        = "terraform-aws-eks-auth"
TestTerraformCompleteExample 2022-03-23T15:24:02Z logger.go:66:           - "Name"                              = "ex-complete-public-us-west-2c"
TestTerraformCompleteExample 2022-03-23T15:24:02Z logger.go:66:           - "kubernetes.io/cluster/ex-complete" = "shared"
TestTerraformCompleteExample 2022-03-23T15:24:02Z logger.go:66:           - "kubernetes.io/role/elb"            = "1"
TestTerraformCompleteExample 2022-03-23T15:24:02Z logger.go:66:         } -> null
TestTerraformCompleteExample 2022-03-23T15:24:02Z logger.go:66:       - vpc_id                                         = "vpc-08f223165937bfa42" -> null
TestTerraformCompleteExample 2022-03-23T15:24:02Z logger.go:66:     }
TestTerraformCompleteExample 2022-03-23T15:24:02Z logger.go:66:
TestTerraformCompleteExample 2022-03-23T15:24:02Z logger.go:66:   # module.vpc.aws_vpc.this[0] will be destroyed
TestTerraformCompleteExample 2022-03-23T15:24:02Z logger.go:66:   - resource "aws_vpc" "this" {
TestTerraformCompleteExample 2022-03-23T15:24:02Z logger.go:66:       - arn                              = "arn:aws:ec2:us-west-2:11111111111:vpc/vpc-08f223165937bfa42" -> null
TestTerraformCompleteExample 2022-03-23T15:24:02Z logger.go:66:       - assign_generated_ipv6_cidr_block = false -> null
TestTerraformCompleteExample 2022-03-23T15:24:02Z logger.go:66:       - cidr_block                       = "10.0.0.0/16" -> null
TestTerraformCompleteExample 2022-03-23T15:24:02Z logger.go:66:       - default_network_acl_id           = "acl-02831642a51edb097" -> null
TestTerraformCompleteExample 2022-03-23T15:24:02Z logger.go:66:       - default_route_table_id           = "rtb-0b3234cab089065f0" -> null
TestTerraformCompleteExample 2022-03-23T15:24:02Z logger.go:66:       - default_security_group_id        = "sg-0c304e4bd01b1dd5f" -> null
TestTerraformCompleteExample 2022-03-23T15:24:02Z logger.go:66:       - dhcp_options_id                  = "dopt-b05de4d7" -> null
TestTerraformCompleteExample 2022-03-23T15:24:02Z logger.go:66:       - enable_classiclink               = false -> null
TestTerraformCompleteExample 2022-03-23T15:24:02Z logger.go:66:       - enable_classiclink_dns_support   = false -> null
TestTerraformCompleteExample 2022-03-23T15:24:02Z logger.go:66:       - enable_dns_hostnames             = true -> null
TestTerraformCompleteExample 2022-03-23T15:24:02Z logger.go:66:       - enable_dns_support               = true -> null
TestTerraformCompleteExample 2022-03-23T15:24:02Z logger.go:66:       - id                               = "vpc-08f223165937bfa42" -> null
TestTerraformCompleteExample 2022-03-23T15:24:02Z logger.go:66:       - instance_tenancy                 = "default" -> null
TestTerraformCompleteExample 2022-03-23T15:24:02Z logger.go:66:       - ipv6_netmask_length              = 0 -> null
TestTerraformCompleteExample 2022-03-23T15:24:02Z logger.go:66:       - main_route_table_id              = "rtb-0b3234cab089065f0" -> null
TestTerraformCompleteExample 2022-03-23T15:24:02Z logger.go:66:       - owner_id                         = "11111111111" -> null
TestTerraformCompleteExample 2022-03-23T15:24:02Z logger.go:66:       - tags                             = {
TestTerraformCompleteExample 2022-03-23T15:24:02Z logger.go:66:           - "Name" = "ex-complete"
TestTerraformCompleteExample 2022-03-23T15:24:02Z logger.go:66:         } -> null
TestTerraformCompleteExample 2022-03-23T15:24:02Z logger.go:66:       - tags_all                         = {
TestTerraformCompleteExample 2022-03-23T15:24:02Z logger.go:66:           - "Example"    = "ex-complete"
TestTerraformCompleteExample 2022-03-23T15:24:02Z logger.go:66:           - "GithubOrg"  = "aidan-melen"
TestTerraformCompleteExample 2022-03-23T15:24:02Z logger.go:66:           - "GithubRepo" = "terraform-aws-eks-auth"
TestTerraformCompleteExample 2022-03-23T15:24:02Z logger.go:66:           - "Name"       = "ex-complete"
TestTerraformCompleteExample 2022-03-23T15:24:02Z logger.go:66:         } -> null
TestTerraformCompleteExample 2022-03-23T15:24:02Z logger.go:66:     }
TestTerraformCompleteExample 2022-03-23T15:24:02Z logger.go:66:
TestTerraformCompleteExample 2022-03-23T15:24:02Z logger.go:66:   # module.eks.module.eks_managed_node_group["foo"].aws_eks_node_group.this[0] will be destroyed
TestTerraformCompleteExample 2022-03-23T15:24:02Z logger.go:66:   - resource "aws_eks_node_group" "this" {
TestTerraformCompleteExample 2022-03-23T15:24:02Z logger.go:66:       - ami_type               = "AL2_x86_64" -> null
TestTerraformCompleteExample 2022-03-23T15:24:02Z logger.go:66:       - arn                    = "arn:aws:eks:us-west-2:11111111111:nodegroup/ex-complete/foo-20220323152045319900000019/4abfdbae-e0f4-01cb-8c1e-30a958346ebc" -> null
TestTerraformCompleteExample 2022-03-23T15:24:02Z logger.go:66:       - capacity_type          = "ON_DEMAND" -> null
TestTerraformCompleteExample 2022-03-23T15:24:02Z logger.go:66:       - cluster_name           = "ex-complete" -> null
TestTerraformCompleteExample 2022-03-23T15:24:02Z logger.go:66:       - disk_size              = 0 -> null
TestTerraformCompleteExample 2022-03-23T15:24:02Z logger.go:66:       - id                     = "ex-complete:foo-20220323152045319900000019" -> null
TestTerraformCompleteExample 2022-03-23T15:24:02Z logger.go:66:       - instance_types         = [
TestTerraformCompleteExample 2022-03-23T15:24:02Z logger.go:66:           - "t3.medium",
TestTerraformCompleteExample 2022-03-23T15:24:02Z logger.go:66:         ] -> null
TestTerraformCompleteExample 2022-03-23T15:24:02Z logger.go:66:       - labels                 = {} -> null
TestTerraformCompleteExample 2022-03-23T15:24:02Z logger.go:66:       - node_group_name        = "foo-20220323152045319900000019" -> null
TestTerraformCompleteExample 2022-03-23T15:24:02Z logger.go:66:       - node_group_name_prefix = "foo-" -> null
TestTerraformCompleteExample 2022-03-23T15:24:02Z logger.go:66:       - node_role_arn          = "arn:aws:iam::11111111111:role/foo-eks-node-group-20220323151009303900000001" -> null
TestTerraformCompleteExample 2022-03-23T15:24:02Z logger.go:66:       - release_version        = "1.21.5-20220309" -> null
TestTerraformCompleteExample 2022-03-23T15:24:02Z logger.go:66:       - resources              = [
TestTerraformCompleteExample 2022-03-23T15:24:02Z logger.go:66:           - {
TestTerraformCompleteExample 2022-03-23T15:24:02Z logger.go:66:               - autoscaling_groups              = [
TestTerraformCompleteExample 2022-03-23T15:24:02Z logger.go:66:                   - {
TestTerraformCompleteExample 2022-03-23T15:24:02Z logger.go:66:                       - name = "eks-foo-20220323152045319900000019-4abfdbae-e0f4-01cb-8c1e-30a958346ebc"
TestTerraformCompleteExample 2022-03-23T15:24:02Z logger.go:66:                     },
TestTerraformCompleteExample 2022-03-23T15:24:02Z logger.go:66:                 ]
TestTerraformCompleteExample 2022-03-23T15:24:02Z logger.go:66:               - remote_access_security_group_id = ""
TestTerraformCompleteExample 2022-03-23T15:24:02Z logger.go:66:             },
TestTerraformCompleteExample 2022-03-23T15:24:02Z logger.go:66:         ] -> null
TestTerraformCompleteExample 2022-03-23T15:24:02Z logger.go:66:       - status                 = "ACTIVE" -> null
TestTerraformCompleteExample 2022-03-23T15:24:02Z logger.go:66:       - subnet_ids             = [
TestTerraformCompleteExample 2022-03-23T15:24:02Z logger.go:66:           - "subnet-00dbbd09ccc535bc6",
TestTerraformCompleteExample 2022-03-23T15:24:02Z logger.go:66:           - "subnet-01284105c09c11104",
TestTerraformCompleteExample 2022-03-23T15:24:02Z logger.go:66:           - "subnet-0650f6dd05be35933",
TestTerraformCompleteExample 2022-03-23T15:24:02Z logger.go:66:         ] -> null
TestTerraformCompleteExample 2022-03-23T15:24:02Z logger.go:66:       - tags                   = {
TestTerraformCompleteExample 2022-03-23T15:24:02Z logger.go:66:           - "Name" = "foo"
TestTerraformCompleteExample 2022-03-23T15:24:02Z logger.go:66:         } -> null
TestTerraformCompleteExample 2022-03-23T15:24:02Z logger.go:66:       - tags_all               = {
TestTerraformCompleteExample 2022-03-23T15:24:02Z logger.go:66:           - "Example"    = "ex-complete"
TestTerraformCompleteExample 2022-03-23T15:24:02Z logger.go:66:           - "GithubOrg"  = "aidan-melen"
TestTerraformCompleteExample 2022-03-23T15:24:02Z logger.go:66:           - "GithubRepo" = "terraform-aws-eks-auth"
TestTerraformCompleteExample 2022-03-23T15:24:02Z logger.go:66:           - "Name"       = "foo"
TestTerraformCompleteExample 2022-03-23T15:24:02Z logger.go:66:         } -> null
TestTerraformCompleteExample 2022-03-23T15:24:02Z logger.go:66:       - version                = "1.21" -> null
TestTerraformCompleteExample 2022-03-23T15:24:02Z logger.go:66:
TestTerraformCompleteExample 2022-03-23T15:24:02Z logger.go:66:       - launch_template {
TestTerraformCompleteExample 2022-03-23T15:24:02Z logger.go:66:           - id      = "lt-0f378dd39b587476e" -> null
TestTerraformCompleteExample 2022-03-23T15:24:02Z logger.go:66:           - name    = "foo-20220323152044603700000017" -> null
TestTerraformCompleteExample 2022-03-23T15:24:02Z logger.go:66:           - version = "1" -> null
TestTerraformCompleteExample 2022-03-23T15:24:02Z logger.go:66:         }
TestTerraformCompleteExample 2022-03-23T15:24:02Z logger.go:66:
TestTerraformCompleteExample 2022-03-23T15:24:02Z logger.go:66:       - scaling_config {
TestTerraformCompleteExample 2022-03-23T15:24:02Z logger.go:66:           - desired_size = 1 -> null
TestTerraformCompleteExample 2022-03-23T15:24:02Z logger.go:66:           - max_size     = 3 -> null
TestTerraformCompleteExample 2022-03-23T15:24:02Z logger.go:66:           - min_size     = 1 -> null
TestTerraformCompleteExample 2022-03-23T15:24:02Z logger.go:66:         }
TestTerraformCompleteExample 2022-03-23T15:24:02Z logger.go:66:
TestTerraformCompleteExample 2022-03-23T15:24:02Z logger.go:66:       - timeouts {}
TestTerraformCompleteExample 2022-03-23T15:24:02Z logger.go:66:
TestTerraformCompleteExample 2022-03-23T15:24:02Z logger.go:66:       - update_config {
TestTerraformCompleteExample 2022-03-23T15:24:02Z logger.go:66:           - max_unavailable            = 1 -> null
TestTerraformCompleteExample 2022-03-23T15:24:02Z logger.go:66:           - max_unavailable_percentage = 0 -> null
TestTerraformCompleteExample 2022-03-23T15:24:02Z logger.go:66:         }
TestTerraformCompleteExample 2022-03-23T15:24:02Z logger.go:66:     }
TestTerraformCompleteExample 2022-03-23T15:24:02Z logger.go:66:
TestTerraformCompleteExample 2022-03-23T15:24:02Z logger.go:66:   # module.eks.module.eks_managed_node_group["foo"].aws_iam_role.this[0] will be destroyed
TestTerraformCompleteExample 2022-03-23T15:24:02Z logger.go:66:   - resource "aws_iam_role" "this" {
TestTerraformCompleteExample 2022-03-23T15:24:02Z logger.go:66:       - arn                   = "arn:aws:iam::11111111111:role/foo-eks-node-group-20220323151009303900000001" -> null
TestTerraformCompleteExample 2022-03-23T15:24:02Z logger.go:66:       - assume_role_policy    = jsonencode(
TestTerraformCompleteExample 2022-03-23T15:24:02Z logger.go:66:             {
TestTerraformCompleteExample 2022-03-23T15:24:02Z logger.go:66:               - Statement = [
TestTerraformCompleteExample 2022-03-23T15:24:02Z logger.go:66:                   - {
TestTerraformCompleteExample 2022-03-23T15:24:02Z logger.go:66:                       - Action    = "sts:AssumeRole"
TestTerraformCompleteExample 2022-03-23T15:24:02Z logger.go:66:                       - Effect    = "Allow"
TestTerraformCompleteExample 2022-03-23T15:24:02Z logger.go:66:                       - Principal = {
TestTerraformCompleteExample 2022-03-23T15:24:02Z logger.go:66:                           - Service = "ec2.amazonaws.com"
TestTerraformCompleteExample 2022-03-23T15:24:02Z logger.go:66:                         }
TestTerraformCompleteExample 2022-03-23T15:24:02Z logger.go:66:                       - Sid       = "EKSNodeAssumeRole"
TestTerraformCompleteExample 2022-03-23T15:24:02Z logger.go:66:                     },
TestTerraformCompleteExample 2022-03-23T15:24:02Z logger.go:66:                 ]
TestTerraformCompleteExample 2022-03-23T15:24:02Z logger.go:66:               - Version   = "2012-10-17"
TestTerraformCompleteExample 2022-03-23T15:24:02Z logger.go:66:             }
TestTerraformCompleteExample 2022-03-23T15:24:02Z logger.go:66:         ) -> null
TestTerraformCompleteExample 2022-03-23T15:24:02Z logger.go:66:       - create_date           = "2022-03-23T15:10:13Z" -> null
TestTerraformCompleteExample 2022-03-23T15:24:02Z logger.go:66:       - description           = "EKS managed node group IAM role" -> null
TestTerraformCompleteExample 2022-03-23T15:24:02Z logger.go:66:       - force_detach_policies = true -> null
TestTerraformCompleteExample 2022-03-23T15:24:02Z logger.go:66:       - id                    = "foo-eks-node-group-20220323151009303900000001" -> null
TestTerraformCompleteExample 2022-03-23T15:24:02Z logger.go:66:       - managed_policy_arns   = [
TestTerraformCompleteExample 2022-03-23T15:24:02Z logger.go:66:           - "arn:aws:iam::aws:policy/AmazonEC2ContainerRegistryReadOnly",
TestTerraformCompleteExample 2022-03-23T15:24:02Z logger.go:66:           - "arn:aws:iam::aws:policy/AmazonEKSWorkerNodePolicy",
TestTerraformCompleteExample 2022-03-23T15:24:02Z logger.go:66:           - "arn:aws:iam::aws:policy/AmazonEKS_CNI_Policy",
TestTerraformCompleteExample 2022-03-23T15:24:02Z logger.go:66:         ] -> null
TestTerraformCompleteExample 2022-03-23T15:24:02Z logger.go:66:       - max_session_duration  = 3600 -> null
TestTerraformCompleteExample 2022-03-23T15:24:02Z logger.go:66:       - name                  = "foo-eks-node-group-20220323151009303900000001" -> null
TestTerraformCompleteExample 2022-03-23T15:24:02Z logger.go:66:       - name_prefix           = "foo-eks-node-group-" -> null
TestTerraformCompleteExample 2022-03-23T15:24:02Z logger.go:66:       - path                  = "/" -> null
TestTerraformCompleteExample 2022-03-23T15:24:02Z logger.go:66:       - tags                  = {} -> null
TestTerraformCompleteExample 2022-03-23T15:24:02Z logger.go:66:       - tags_all              = {
TestTerraformCompleteExample 2022-03-23T15:24:02Z logger.go:66:           - "Example"    = "ex-complete"
TestTerraformCompleteExample 2022-03-23T15:24:02Z logger.go:66:           - "GithubOrg"  = "aidan-melen"
TestTerraformCompleteExample 2022-03-23T15:24:02Z logger.go:66:           - "GithubRepo" = "terraform-aws-eks-auth"
TestTerraformCompleteExample 2022-03-23T15:24:02Z logger.go:66:         } -> null
TestTerraformCompleteExample 2022-03-23T15:24:02Z logger.go:66:       - unique_id             = "AROAUYBJJ5B74OZGKJX2A" -> null
TestTerraformCompleteExample 2022-03-23T15:24:02Z logger.go:66:
TestTerraformCompleteExample 2022-03-23T15:24:02Z logger.go:66:       - inline_policy {}
TestTerraformCompleteExample 2022-03-23T15:24:02Z logger.go:66:     }
TestTerraformCompleteExample 2022-03-23T15:24:02Z logger.go:66:
TestTerraformCompleteExample 2022-03-23T15:24:02Z logger.go:66:   # module.eks.module.eks_managed_node_group["foo"].aws_iam_role_policy_attachment.this["arn:aws:iam::aws:policy/AmazonEC2ContainerRegistryReadOnly"] will be destroyed
TestTerraformCompleteExample 2022-03-23T15:24:02Z logger.go:66:   - resource "aws_iam_role_policy_attachment" "this" {
TestTerraformCompleteExample 2022-03-23T15:24:02Z logger.go:66:       - id         = "foo-eks-node-group-20220323151009303900000001-20220323151010613500000007" -> null
TestTerraformCompleteExample 2022-03-23T15:24:02Z logger.go:66:       - policy_arn = "arn:aws:iam::aws:policy/AmazonEC2ContainerRegistryReadOnly" -> null
TestTerraformCompleteExample 2022-03-23T15:24:02Z logger.go:66:       - role       = "foo-eks-node-group-20220323151009303900000001" -> null
TestTerraformCompleteExample 2022-03-23T15:24:02Z logger.go:66:     }
TestTerraformCompleteExample 2022-03-23T15:24:02Z logger.go:66:
TestTerraformCompleteExample 2022-03-23T15:24:02Z logger.go:66:   # module.eks.module.eks_managed_node_group["foo"].aws_iam_role_policy_attachment.this["arn:aws:iam::aws:policy/AmazonEKSWorkerNodePolicy"] will be destroyed
TestTerraformCompleteExample 2022-03-23T15:24:02Z logger.go:66:   - resource "aws_iam_role_policy_attachment" "this" {
TestTerraformCompleteExample 2022-03-23T15:24:02Z logger.go:66:       - id         = "foo-eks-node-group-20220323151009303900000001-2022032315101072740000000a" -> null
TestTerraformCompleteExample 2022-03-23T15:24:02Z logger.go:66:       - policy_arn = "arn:aws:iam::aws:policy/AmazonEKSWorkerNodePolicy" -> null
TestTerraformCompleteExample 2022-03-23T15:24:02Z logger.go:66:       - role       = "foo-eks-node-group-20220323151009303900000001" -> null
TestTerraformCompleteExample 2022-03-23T15:24:02Z logger.go:66:     }
TestTerraformCompleteExample 2022-03-23T15:24:02Z logger.go:66:
TestTerraformCompleteExample 2022-03-23T15:24:02Z logger.go:66:   # module.eks.module.eks_managed_node_group["foo"].aws_iam_role_policy_attachment.this["arn:aws:iam::aws:policy/AmazonEKS_CNI_Policy"] will be destroyed
TestTerraformCompleteExample 2022-03-23T15:24:02Z logger.go:66:   - resource "aws_iam_role_policy_attachment" "this" {
TestTerraformCompleteExample 2022-03-23T15:24:02Z logger.go:66:       - id         = "foo-eks-node-group-20220323151009303900000001-2022032315101075610000000c" -> null
TestTerraformCompleteExample 2022-03-23T15:24:02Z logger.go:66:       - policy_arn = "arn:aws:iam::aws:policy/AmazonEKS_CNI_Policy" -> null
TestTerraformCompleteExample 2022-03-23T15:24:02Z logger.go:66:       - role       = "foo-eks-node-group-20220323151009303900000001" -> null
TestTerraformCompleteExample 2022-03-23T15:24:02Z logger.go:66:     }
TestTerraformCompleteExample 2022-03-23T15:24:02Z logger.go:66:
TestTerraformCompleteExample 2022-03-23T15:24:02Z logger.go:66:   # module.eks.module.eks_managed_node_group["foo"].aws_launch_template.this[0] will be destroyed
TestTerraformCompleteExample 2022-03-23T15:24:02Z logger.go:66:   - resource "aws_launch_template" "this" {
TestTerraformCompleteExample 2022-03-23T15:24:02Z logger.go:66:       - arn                     = "arn:aws:ec2:us-west-2:11111111111:launch-template/lt-0f378dd39b587476e" -> null
TestTerraformCompleteExample 2022-03-23T15:24:02Z logger.go:66:       - default_version         = 1 -> null
TestTerraformCompleteExample 2022-03-23T15:24:02Z logger.go:66:       - description             = "Custom launch template for foo EKS managed node group" -> null
TestTerraformCompleteExample 2022-03-23T15:24:02Z logger.go:66:       - disable_api_termination = false -> null
TestTerraformCompleteExample 2022-03-23T15:24:02Z logger.go:66:       - id                      = "lt-0f378dd39b587476e" -> null
TestTerraformCompleteExample 2022-03-23T15:24:02Z logger.go:66:       - latest_version          = 1 -> null
TestTerraformCompleteExample 2022-03-23T15:24:02Z logger.go:66:       - name                    = "foo-20220323152044603700000017" -> null
TestTerraformCompleteExample 2022-03-23T15:24:02Z logger.go:66:       - name_prefix             = "foo-" -> null
TestTerraformCompleteExample 2022-03-23T15:24:02Z logger.go:66:       - security_group_names    = [] -> null
TestTerraformCompleteExample 2022-03-23T15:24:02Z logger.go:66:       - tags                    = {} -> null
TestTerraformCompleteExample 2022-03-23T15:24:02Z logger.go:66:       - tags_all                = {
TestTerraformCompleteExample 2022-03-23T15:24:02Z logger.go:66:           - "Example"    = "ex-complete"
TestTerraformCompleteExample 2022-03-23T15:24:02Z logger.go:66:           - "GithubOrg"  = "aidan-melen"
TestTerraformCompleteExample 2022-03-23T15:24:02Z logger.go:66:           - "GithubRepo" = "terraform-aws-eks-auth"
TestTerraformCompleteExample 2022-03-23T15:24:02Z logger.go:66:         } -> null
TestTerraformCompleteExample 2022-03-23T15:24:02Z logger.go:66:       - update_default_version  = true -> null
TestTerraformCompleteExample 2022-03-23T15:24:02Z logger.go:66:       - vpc_security_group_ids  = [
TestTerraformCompleteExample 2022-03-23T15:24:02Z logger.go:66:           - "sg-04379df5c4537d4f0",
TestTerraformCompleteExample 2022-03-23T15:24:02Z logger.go:66:           - "sg-0a63a098d68ce7755",
TestTerraformCompleteExample 2022-03-23T15:24:02Z logger.go:66:         ] -> null
TestTerraformCompleteExample 2022-03-23T15:24:02Z logger.go:66:
TestTerraformCompleteExample 2022-03-23T15:24:02Z logger.go:66:       - metadata_options {
TestTerraformCompleteExample 2022-03-23T15:24:02Z logger.go:66:           - http_endpoint               = "enabled" -> null
TestTerraformCompleteExample 2022-03-23T15:24:02Z logger.go:66:           - http_protocol_ipv6          = "disabled" -> null
TestTerraformCompleteExample 2022-03-23T15:24:02Z logger.go:66:           - http_put_response_hop_limit = 2 -> null
TestTerraformCompleteExample 2022-03-23T15:24:02Z logger.go:66:           - http_tokens                 = "required" -> null
TestTerraformCompleteExample 2022-03-23T15:24:02Z logger.go:66:           - instance_metadata_tags      = "disabled" -> null
TestTerraformCompleteExample 2022-03-23T15:24:02Z logger.go:66:         }
TestTerraformCompleteExample 2022-03-23T15:24:02Z logger.go:66:
TestTerraformCompleteExample 2022-03-23T15:24:02Z logger.go:66:       - monitoring {
TestTerraformCompleteExample 2022-03-23T15:24:02Z logger.go:66:           - enabled = true -> null
TestTerraformCompleteExample 2022-03-23T15:24:02Z logger.go:66:         }
TestTerraformCompleteExample 2022-03-23T15:24:02Z logger.go:66:
TestTerraformCompleteExample 2022-03-23T15:24:02Z logger.go:66:       - tag_specifications {
TestTerraformCompleteExample 2022-03-23T15:24:02Z logger.go:66:           - resource_type = "instance" -> null
TestTerraformCompleteExample 2022-03-23T15:24:02Z logger.go:66:           - tags          = {
TestTerraformCompleteExample 2022-03-23T15:24:02Z logger.go:66:               - "Name" = "foo"
TestTerraformCompleteExample 2022-03-23T15:24:02Z logger.go:66:             } -> null
TestTerraformCompleteExample 2022-03-23T15:24:02Z logger.go:66:         }
TestTerraformCompleteExample 2022-03-23T15:24:02Z logger.go:66:       - tag_specifications {
TestTerraformCompleteExample 2022-03-23T15:24:02Z logger.go:66:           - resource_type = "network-interface" -> null
TestTerraformCompleteExample 2022-03-23T15:24:02Z logger.go:66:           - tags          = {
TestTerraformCompleteExample 2022-03-23T15:24:02Z logger.go:66:               - "Name" = "foo"
TestTerraformCompleteExample 2022-03-23T15:24:02Z logger.go:66:             } -> null
TestTerraformCompleteExample 2022-03-23T15:24:02Z logger.go:66:         }
TestTerraformCompleteExample 2022-03-23T15:24:02Z logger.go:66:       - tag_specifications {
TestTerraformCompleteExample 2022-03-23T15:24:02Z logger.go:66:           - resource_type = "volume" -> null
TestTerraformCompleteExample 2022-03-23T15:24:02Z logger.go:66:           - tags          = {
TestTerraformCompleteExample 2022-03-23T15:24:02Z logger.go:66:               - "Name" = "foo"
TestTerraformCompleteExample 2022-03-23T15:24:02Z logger.go:66:             } -> null
TestTerraformCompleteExample 2022-03-23T15:24:02Z logger.go:66:         }
TestTerraformCompleteExample 2022-03-23T15:24:02Z logger.go:66:     }
TestTerraformCompleteExample 2022-03-23T15:24:02Z logger.go:66:
TestTerraformCompleteExample 2022-03-23T15:24:02Z logger.go:66:   # module.eks.module.eks_managed_node_group["foo"].aws_security_group.this[0] will be destroyed
TestTerraformCompleteExample 2022-03-23T15:24:02Z logger.go:66:   - resource "aws_security_group" "this" {
TestTerraformCompleteExample 2022-03-23T15:24:02Z logger.go:66:       - arn                    = "arn:aws:ec2:us-west-2:11111111111:security-group/sg-04379df5c4537d4f0" -> null
TestTerraformCompleteExample 2022-03-23T15:24:02Z logger.go:66:       - description            = "EKS managed node group security group" -> null
TestTerraformCompleteExample 2022-03-23T15:24:02Z logger.go:66:       - egress                 = [] -> null
TestTerraformCompleteExample 2022-03-23T15:24:02Z logger.go:66:       - id                     = "sg-04379df5c4537d4f0" -> null
TestTerraformCompleteExample 2022-03-23T15:24:02Z logger.go:66:       - ingress                = [] -> null
TestTerraformCompleteExample 2022-03-23T15:24:02Z logger.go:66:       - name                   = "foo-eks-node-group-20220323151021570700000010" -> null
TestTerraformCompleteExample 2022-03-23T15:24:02Z logger.go:66:       - name_prefix            = "foo-eks-node-group-" -> null
TestTerraformCompleteExample 2022-03-23T15:24:02Z logger.go:66:       - owner_id               = "11111111111" -> null
TestTerraformCompleteExample 2022-03-23T15:24:02Z logger.go:66:       - revoke_rules_on_delete = false -> null
TestTerraformCompleteExample 2022-03-23T15:24:02Z logger.go:66:       - tags                   = {
TestTerraformCompleteExample 2022-03-23T15:24:02Z logger.go:66:           - "Name" = "foo-eks-node-group"
TestTerraformCompleteExample 2022-03-23T15:24:02Z logger.go:66:         } -> null
TestTerraformCompleteExample 2022-03-23T15:24:02Z logger.go:66:       - tags_all               = {
TestTerraformCompleteExample 2022-03-23T15:24:02Z logger.go:66:           - "Example"    = "ex-complete"
TestTerraformCompleteExample 2022-03-23T15:24:02Z logger.go:66:           - "GithubOrg"  = "aidan-melen"
TestTerraformCompleteExample 2022-03-23T15:24:02Z logger.go:66:           - "GithubRepo" = "terraform-aws-eks-auth"
TestTerraformCompleteExample 2022-03-23T15:24:02Z logger.go:66:           - "Name"       = "foo-eks-node-group"
TestTerraformCompleteExample 2022-03-23T15:24:02Z logger.go:66:         } -> null
TestTerraformCompleteExample 2022-03-23T15:24:02Z logger.go:66:       - vpc_id                 = "vpc-08f223165937bfa42" -> null
TestTerraformCompleteExample 2022-03-23T15:24:02Z logger.go:66:     }
TestTerraformCompleteExample 2022-03-23T15:24:02Z logger.go:66:
TestTerraformCompleteExample 2022-03-23T15:24:02Z logger.go:66:   # module.eks.module.fargate_profile["bar"].aws_eks_fargate_profile.this[0] will be destroyed
TestTerraformCompleteExample 2022-03-23T15:24:02Z logger.go:66:   - resource "aws_eks_fargate_profile" "this" {
TestTerraformCompleteExample 2022-03-23T15:24:02Z logger.go:66:       - arn                    = "arn:aws:eks:us-west-2:11111111111:fargateprofile/ex-complete/bar/c8bfdbae-df82-5f77-3225-3313e4b4e529" -> null
TestTerraformCompleteExample 2022-03-23T15:24:02Z logger.go:66:       - cluster_name           = "ex-complete" -> null
TestTerraformCompleteExample 2022-03-23T15:24:02Z logger.go:66:       - fargate_profile_name   = "bar" -> null
TestTerraformCompleteExample 2022-03-23T15:24:02Z logger.go:66:       - id                     = "ex-complete:bar" -> null
TestTerraformCompleteExample 2022-03-23T15:24:02Z logger.go:66:       - pod_execution_role_arn = "arn:aws:iam::11111111111:role/bar-20220323151009311300000003" -> null
TestTerraformCompleteExample 2022-03-23T15:24:02Z logger.go:66:       - status                 = "ACTIVE" -> null
TestTerraformCompleteExample 2022-03-23T15:24:02Z logger.go:66:       - subnet_ids             = [
TestTerraformCompleteExample 2022-03-23T15:24:02Z logger.go:66:           - "subnet-00dbbd09ccc535bc6",
TestTerraformCompleteExample 2022-03-23T15:24:02Z logger.go:66:           - "subnet-01284105c09c11104",
TestTerraformCompleteExample 2022-03-23T15:24:02Z logger.go:66:           - "subnet-0650f6dd05be35933",
TestTerraformCompleteExample 2022-03-23T15:24:02Z logger.go:66:         ] -> null
TestTerraformCompleteExample 2022-03-23T15:24:02Z logger.go:66:       - tags                   = {} -> null
TestTerraformCompleteExample 2022-03-23T15:24:02Z logger.go:66:       - tags_all               = {
TestTerraformCompleteExample 2022-03-23T15:24:02Z logger.go:66:           - "Example"    = "ex-complete"
TestTerraformCompleteExample 2022-03-23T15:24:02Z logger.go:66:           - "GithubOrg"  = "aidan-melen"
TestTerraformCompleteExample 2022-03-23T15:24:02Z logger.go:66:           - "GithubRepo" = "terraform-aws-eks-auth"
TestTerraformCompleteExample 2022-03-23T15:24:02Z logger.go:66:         } -> null
TestTerraformCompleteExample 2022-03-23T15:24:02Z logger.go:66:
TestTerraformCompleteExample 2022-03-23T15:24:02Z logger.go:66:       - selector {
TestTerraformCompleteExample 2022-03-23T15:24:02Z logger.go:66:           - labels    = {} -> null
TestTerraformCompleteExample 2022-03-23T15:24:02Z logger.go:66:           - namespace = "bar" -> null
TestTerraformCompleteExample 2022-03-23T15:24:02Z logger.go:66:         }
TestTerraformCompleteExample 2022-03-23T15:24:02Z logger.go:66:
TestTerraformCompleteExample 2022-03-23T15:24:02Z logger.go:66:       - timeouts {}
TestTerraformCompleteExample 2022-03-23T15:24:02Z logger.go:66:     }
TestTerraformCompleteExample 2022-03-23T15:24:02Z logger.go:66:
TestTerraformCompleteExample 2022-03-23T15:24:02Z logger.go:66:   # module.eks.module.fargate_profile["bar"].aws_iam_role.this[0] will be destroyed
TestTerraformCompleteExample 2022-03-23T15:24:02Z logger.go:66:   - resource "aws_iam_role" "this" {
TestTerraformCompleteExample 2022-03-23T15:24:02Z logger.go:66:       - arn                   = "arn:aws:iam::11111111111:role/bar-20220323151009311300000003" -> null
TestTerraformCompleteExample 2022-03-23T15:24:02Z logger.go:66:       - assume_role_policy    = jsonencode(
TestTerraformCompleteExample 2022-03-23T15:24:02Z logger.go:66:             {
TestTerraformCompleteExample 2022-03-23T15:24:02Z logger.go:66:               - Statement = [
TestTerraformCompleteExample 2022-03-23T15:24:02Z logger.go:66:                   - {
TestTerraformCompleteExample 2022-03-23T15:24:02Z logger.go:66:                       - Action    = "sts:AssumeRole"
TestTerraformCompleteExample 2022-03-23T15:24:02Z logger.go:66:                       - Effect    = "Allow"
TestTerraformCompleteExample 2022-03-23T15:24:02Z logger.go:66:                       - Principal = {
TestTerraformCompleteExample 2022-03-23T15:24:02Z logger.go:66:                           - Service = "eks-fargate-pods.amazonaws.com"
TestTerraformCompleteExample 2022-03-23T15:24:02Z logger.go:66:                         }
TestTerraformCompleteExample 2022-03-23T15:24:02Z logger.go:66:                       - Sid       = ""
TestTerraformCompleteExample 2022-03-23T15:24:02Z logger.go:66:                     },
TestTerraformCompleteExample 2022-03-23T15:24:02Z logger.go:66:                 ]
TestTerraformCompleteExample 2022-03-23T15:24:02Z logger.go:66:               - Version   = "2012-10-17"
TestTerraformCompleteExample 2022-03-23T15:24:02Z logger.go:66:             }
TestTerraformCompleteExample 2022-03-23T15:24:02Z logger.go:66:         ) -> null
TestTerraformCompleteExample 2022-03-23T15:24:02Z logger.go:66:       - create_date           = "2022-03-23T15:10:13Z" -> null
TestTerraformCompleteExample 2022-03-23T15:24:02Z logger.go:66:       - description           = "Fargate profile IAM role" -> null
TestTerraformCompleteExample 2022-03-23T15:24:02Z logger.go:66:       - force_detach_policies = true -> null
TestTerraformCompleteExample 2022-03-23T15:24:02Z logger.go:66:       - id                    = "bar-20220323151009311300000003" -> null
TestTerraformCompleteExample 2022-03-23T15:24:02Z logger.go:66:       - managed_policy_arns   = [
TestTerraformCompleteExample 2022-03-23T15:24:02Z logger.go:66:           - "arn:aws:iam::aws:policy/AmazonEKSFargatePodExecutionRolePolicy",
TestTerraformCompleteExample 2022-03-23T15:24:02Z logger.go:66:           - "arn:aws:iam::aws:policy/AmazonEKS_CNI_Policy",
TestTerraformCompleteExample 2022-03-23T15:24:02Z logger.go:66:         ] -> null
TestTerraformCompleteExample 2022-03-23T15:24:02Z logger.go:66:       - max_session_duration  = 3600 -> null
TestTerraformCompleteExample 2022-03-23T15:24:02Z logger.go:66:       - name                  = "bar-20220323151009311300000003" -> null
TestTerraformCompleteExample 2022-03-23T15:24:02Z logger.go:66:       - name_prefix           = "bar-" -> null
TestTerraformCompleteExample 2022-03-23T15:24:02Z logger.go:66:       - path                  = "/" -> null
TestTerraformCompleteExample 2022-03-23T15:24:02Z logger.go:66:       - tags                  = {} -> null
TestTerraformCompleteExample 2022-03-23T15:24:02Z logger.go:66:       - tags_all              = {
TestTerraformCompleteExample 2022-03-23T15:24:02Z logger.go:66:           - "Example"    = "ex-complete"
TestTerraformCompleteExample 2022-03-23T15:24:02Z logger.go:66:           - "GithubOrg"  = "aidan-melen"
TestTerraformCompleteExample 2022-03-23T15:24:02Z logger.go:66:           - "GithubRepo" = "terraform-aws-eks-auth"
TestTerraformCompleteExample 2022-03-23T15:24:02Z logger.go:66:         } -> null
TestTerraformCompleteExample 2022-03-23T15:24:02Z logger.go:66:       - unique_id             = "AROAUYBJJ5B7TLLZHTZIF" -> null
TestTerraformCompleteExample 2022-03-23T15:24:02Z logger.go:66:
TestTerraformCompleteExample 2022-03-23T15:24:02Z logger.go:66:       - inline_policy {}
TestTerraformCompleteExample 2022-03-23T15:24:02Z logger.go:66:     }
TestTerraformCompleteExample 2022-03-23T15:24:02Z logger.go:66:
TestTerraformCompleteExample 2022-03-23T15:24:02Z logger.go:66:   # module.eks.module.fargate_profile["bar"].aws_iam_role_policy_attachment.this["arn:aws:iam::aws:policy/AmazonEKSFargatePodExecutionRolePolicy"] will be destroyed
TestTerraformCompleteExample 2022-03-23T15:24:02Z logger.go:66:   - resource "aws_iam_role_policy_attachment" "this" {
TestTerraformCompleteExample 2022-03-23T15:24:02Z logger.go:66:       - id         = "bar-20220323151009311300000003-2022032315101102520000000f" -> null
TestTerraformCompleteExample 2022-03-23T15:24:02Z logger.go:66:       - policy_arn = "arn:aws:iam::aws:policy/AmazonEKSFargatePodExecutionRolePolicy" -> null
TestTerraformCompleteExample 2022-03-23T15:24:02Z logger.go:66:       - role       = "bar-20220323151009311300000003" -> null
TestTerraformCompleteExample 2022-03-23T15:24:02Z logger.go:66:     }
TestTerraformCompleteExample 2022-03-23T15:24:02Z logger.go:66:
TestTerraformCompleteExample 2022-03-23T15:24:02Z logger.go:66:   # module.eks.module.fargate_profile["bar"].aws_iam_role_policy_attachment.this["arn:aws:iam::aws:policy/AmazonEKS_CNI_Policy"] will be destroyed
TestTerraformCompleteExample 2022-03-23T15:24:02Z logger.go:66:   - resource "aws_iam_role_policy_attachment" "this" {
TestTerraformCompleteExample 2022-03-23T15:24:02Z logger.go:66:       - id         = "bar-20220323151009311300000003-2022032315101100800000000e" -> null
TestTerraformCompleteExample 2022-03-23T15:24:02Z logger.go:66:       - policy_arn = "arn:aws:iam::aws:policy/AmazonEKS_CNI_Policy" -> null
TestTerraformCompleteExample 2022-03-23T15:24:02Z logger.go:66:       - role       = "bar-20220323151009311300000003" -> null
TestTerraformCompleteExample 2022-03-23T15:24:02Z logger.go:66:     }
TestTerraformCompleteExample 2022-03-23T15:24:02Z logger.go:66:
TestTerraformCompleteExample 2022-03-23T15:24:02Z logger.go:66:   # module.eks.module.self_managed_node_group["boo"].aws_autoscaling_group.this[0] will be destroyed
TestTerraformCompleteExample 2022-03-23T15:24:02Z logger.go:66:   - resource "aws_autoscaling_group" "this" {
TestTerraformCompleteExample 2022-03-23T15:24:02Z logger.go:66:       - arn                       = "arn:aws:autoscaling:us-west-2:11111111111:autoScalingGroup:ba7d78fa-1d85-488a-b16f-c0018ec9007b:autoScalingGroupName/boo-2022032315204538390000001b" -> null
TestTerraformCompleteExample 2022-03-23T15:24:02Z logger.go:66:       - availability_zones        = [
TestTerraformCompleteExample 2022-03-23T15:24:02Z logger.go:66:           - "us-west-2a",
TestTerraformCompleteExample 2022-03-23T15:24:02Z logger.go:66:           - "us-west-2b",
TestTerraformCompleteExample 2022-03-23T15:24:02Z logger.go:66:           - "us-west-2c",
TestTerraformCompleteExample 2022-03-23T15:24:02Z logger.go:66:         ] -> null
TestTerraformCompleteExample 2022-03-23T15:24:02Z logger.go:66:       - capacity_rebalance        = false -> null
TestTerraformCompleteExample 2022-03-23T15:24:02Z logger.go:66:       - default_cooldown          = 300 -> null
TestTerraformCompleteExample 2022-03-23T15:24:02Z logger.go:66:       - desired_capacity          = 1 -> null
TestTerraformCompleteExample 2022-03-23T15:24:02Z logger.go:66:       - enabled_metrics           = [] -> null
TestTerraformCompleteExample 2022-03-23T15:24:02Z logger.go:66:       - force_delete              = false -> null
TestTerraformCompleteExample 2022-03-23T15:24:02Z logger.go:66:       - force_delete_warm_pool    = false -> null
TestTerraformCompleteExample 2022-03-23T15:24:02Z logger.go:66:       - health_check_grace_period = 300 -> null
TestTerraformCompleteExample 2022-03-23T15:24:02Z logger.go:66:       - health_check_type         = "EC2" -> null
TestTerraformCompleteExample 2022-03-23T15:24:02Z logger.go:66:       - id                        = "boo-2022032315204538390000001b" -> null
TestTerraformCompleteExample 2022-03-23T15:24:02Z logger.go:66:       - load_balancers            = [] -> null
TestTerraformCompleteExample 2022-03-23T15:24:02Z logger.go:66:       - max_instance_lifetime     = 0 -> null
TestTerraformCompleteExample 2022-03-23T15:24:02Z logger.go:66:       - max_size                  = 3 -> null
TestTerraformCompleteExample 2022-03-23T15:24:02Z logger.go:66:       - metrics_granularity       = "1Minute" -> null
TestTerraformCompleteExample 2022-03-23T15:24:02Z logger.go:66:       - min_size                  = 0 -> null
TestTerraformCompleteExample 2022-03-23T15:24:02Z logger.go:66:       - name                      = "boo-2022032315204538390000001b" -> null
TestTerraformCompleteExample 2022-03-23T15:24:02Z logger.go:66:       - name_prefix               = "boo-" -> null
TestTerraformCompleteExample 2022-03-23T15:24:02Z logger.go:66:       - protect_from_scale_in     = false -> null
TestTerraformCompleteExample 2022-03-23T15:24:02Z logger.go:66:       - service_linked_role_arn   = "arn:aws:iam::11111111111:role/aws-service-role/autoscaling.amazonaws.com/AWSServiceRoleForAutoScaling" -> null
TestTerraformCompleteExample 2022-03-23T15:24:02Z logger.go:66:       - suspended_processes       = [] -> null
TestTerraformCompleteExample 2022-03-23T15:24:02Z logger.go:66:       - target_group_arns         = [] -> null
TestTerraformCompleteExample 2022-03-23T15:24:02Z logger.go:66:       - termination_policies      = [] -> null
TestTerraformCompleteExample 2022-03-23T15:24:02Z logger.go:66:       - vpc_zone_identifier       = [
TestTerraformCompleteExample 2022-03-23T15:24:02Z logger.go:66:           - "subnet-00dbbd09ccc535bc6",
TestTerraformCompleteExample 2022-03-23T15:24:02Z logger.go:66:           - "subnet-01284105c09c11104",
TestTerraformCompleteExample 2022-03-23T15:24:02Z logger.go:66:           - "subnet-0650f6dd05be35933",
TestTerraformCompleteExample 2022-03-23T15:24:02Z logger.go:66:         ] -> null
TestTerraformCompleteExample 2022-03-23T15:24:02Z logger.go:66:       - wait_for_capacity_timeout = "10m" -> null
TestTerraformCompleteExample 2022-03-23T15:24:02Z logger.go:66:
TestTerraformCompleteExample 2022-03-23T15:24:02Z logger.go:66:       - launch_template {
TestTerraformCompleteExample 2022-03-23T15:24:02Z logger.go:66:           - id      = "lt-027f011ace8dbc335" -> null
TestTerraformCompleteExample 2022-03-23T15:24:02Z logger.go:66:           - name    = "boo-20220323152044603600000015" -> null
TestTerraformCompleteExample 2022-03-23T15:24:02Z logger.go:66:           - version = "1" -> null
TestTerraformCompleteExample 2022-03-23T15:24:02Z logger.go:66:         }
TestTerraformCompleteExample 2022-03-23T15:24:02Z logger.go:66:
TestTerraformCompleteExample 2022-03-23T15:24:02Z logger.go:66:       - tag {
TestTerraformCompleteExample 2022-03-23T15:24:02Z logger.go:66:           - key                 = "Name" -> null
TestTerraformCompleteExample 2022-03-23T15:24:02Z logger.go:66:           - propagate_at_launch = true -> null
TestTerraformCompleteExample 2022-03-23T15:24:02Z logger.go:66:           - value               = "boo" -> null
TestTerraformCompleteExample 2022-03-23T15:24:02Z logger.go:66:         }
TestTerraformCompleteExample 2022-03-23T15:24:02Z logger.go:66:       - tag {
TestTerraformCompleteExample 2022-03-23T15:24:02Z logger.go:66:           - key                 = "k8s.io/cluster/ex-complete" -> null
TestTerraformCompleteExample 2022-03-23T15:24:02Z logger.go:66:           - propagate_at_launch = true -> null
TestTerraformCompleteExample 2022-03-23T15:24:02Z logger.go:66:           - value               = "owned" -> null
TestTerraformCompleteExample 2022-03-23T15:24:02Z logger.go:66:         }
TestTerraformCompleteExample 2022-03-23T15:24:02Z logger.go:66:       - tag {
TestTerraformCompleteExample 2022-03-23T15:24:02Z logger.go:66:           - key                 = "kubernetes.io/cluster/ex-complete" -> null
TestTerraformCompleteExample 2022-03-23T15:24:02Z logger.go:66:           - propagate_at_launch = true -> null
TestTerraformCompleteExample 2022-03-23T15:24:02Z logger.go:66:           - value               = "owned" -> null
TestTerraformCompleteExample 2022-03-23T15:24:02Z logger.go:66:         }
TestTerraformCompleteExample 2022-03-23T15:24:02Z logger.go:66:
TestTerraformCompleteExample 2022-03-23T15:24:02Z logger.go:66:       - timeouts {}
TestTerraformCompleteExample 2022-03-23T15:24:02Z logger.go:66:     }
TestTerraformCompleteExample 2022-03-23T15:24:02Z logger.go:66:
TestTerraformCompleteExample 2022-03-23T15:24:02Z logger.go:66:   # module.eks.module.self_managed_node_group["boo"].aws_iam_instance_profile.this[0] will be destroyed
TestTerraformCompleteExample 2022-03-23T15:24:02Z logger.go:66:   - resource "aws_iam_instance_profile" "this" {
TestTerraformCompleteExample 2022-03-23T15:24:02Z logger.go:66:       - arn         = "arn:aws:iam::11111111111:instance-profile/boo-node-group-20220323151010448100000005" -> null
TestTerraformCompleteExample 2022-03-23T15:24:02Z logger.go:66:       - create_date = "2022-03-23T15:10:14Z" -> null
TestTerraformCompleteExample 2022-03-23T15:24:02Z logger.go:66:       - id          = "boo-node-group-20220323151010448100000005" -> null
TestTerraformCompleteExample 2022-03-23T15:24:02Z logger.go:66:       - name        = "boo-node-group-20220323151010448100000005" -> null
TestTerraformCompleteExample 2022-03-23T15:24:02Z logger.go:66:       - name_prefix = "boo-node-group-" -> null
TestTerraformCompleteExample 2022-03-23T15:24:02Z logger.go:66:       - path        = "/" -> null
TestTerraformCompleteExample 2022-03-23T15:24:02Z logger.go:66:       - role        = "boo-node-group-20220323151009311600000004" -> null
TestTerraformCompleteExample 2022-03-23T15:24:02Z logger.go:66:       - tags        = {} -> null
TestTerraformCompleteExample 2022-03-23T15:24:02Z logger.go:66:       - tags_all    = {
TestTerraformCompleteExample 2022-03-23T15:24:02Z logger.go:66:           - "Example"    = "ex-complete"
TestTerraformCompleteExample 2022-03-23T15:24:02Z logger.go:66:           - "GithubOrg"  = "aidan-melen"
TestTerraformCompleteExample 2022-03-23T15:24:02Z logger.go:66:           - "GithubRepo" = "terraform-aws-eks-auth"
TestTerraformCompleteExample 2022-03-23T15:24:02Z logger.go:66:         } -> null
TestTerraformCompleteExample 2022-03-23T15:24:02Z logger.go:66:       - unique_id   = "AIPAUYBJJ5B74NVDT4CKI" -> null
TestTerraformCompleteExample 2022-03-23T15:24:02Z logger.go:66:     }
TestTerraformCompleteExample 2022-03-23T15:24:02Z logger.go:66:
TestTerraformCompleteExample 2022-03-23T15:24:02Z logger.go:66:   # module.eks.module.self_managed_node_group["boo"].aws_iam_role.this[0] will be destroyed
TestTerraformCompleteExample 2022-03-23T15:24:02Z logger.go:66:   - resource "aws_iam_role" "this" {
TestTerraformCompleteExample 2022-03-23T15:24:02Z logger.go:66:       - arn                   = "arn:aws:iam::11111111111:role/boo-node-group-20220323151009311600000004" -> null
TestTerraformCompleteExample 2022-03-23T15:24:02Z logger.go:66:       - assume_role_policy    = jsonencode(
TestTerraformCompleteExample 2022-03-23T15:24:02Z logger.go:66:             {
TestTerraformCompleteExample 2022-03-23T15:24:02Z logger.go:66:               - Statement = [
TestTerraformCompleteExample 2022-03-23T15:24:02Z logger.go:66:                   - {
TestTerraformCompleteExample 2022-03-23T15:24:02Z logger.go:66:                       - Action    = "sts:AssumeRole"
TestTerraformCompleteExample 2022-03-23T15:24:02Z logger.go:66:                       - Effect    = "Allow"
TestTerraformCompleteExample 2022-03-23T15:24:02Z logger.go:66:                       - Principal = {
TestTerraformCompleteExample 2022-03-23T15:24:02Z logger.go:66:                           - Service = "ec2.amazonaws.com"
TestTerraformCompleteExample 2022-03-23T15:24:02Z logger.go:66:                         }
TestTerraformCompleteExample 2022-03-23T15:24:02Z logger.go:66:                       - Sid       = "EKSNodeAssumeRole"
TestTerraformCompleteExample 2022-03-23T15:24:02Z logger.go:66:                     },
TestTerraformCompleteExample 2022-03-23T15:24:02Z logger.go:66:                 ]
TestTerraformCompleteExample 2022-03-23T15:24:02Z logger.go:66:               - Version   = "2012-10-17"
TestTerraformCompleteExample 2022-03-23T15:24:02Z logger.go:66:             }
TestTerraformCompleteExample 2022-03-23T15:24:02Z logger.go:66:         ) -> null
TestTerraformCompleteExample 2022-03-23T15:24:02Z logger.go:66:       - create_date           = "2022-03-23T15:10:13Z" -> null
TestTerraformCompleteExample 2022-03-23T15:24:02Z logger.go:66:       - description           = "Self managed node group IAM role" -> null
TestTerraformCompleteExample 2022-03-23T15:24:02Z logger.go:66:       - force_detach_policies = true -> null
TestTerraformCompleteExample 2022-03-23T15:24:02Z logger.go:66:       - id                    = "boo-node-group-20220323151009311600000004" -> null
TestTerraformCompleteExample 2022-03-23T15:24:02Z logger.go:66:       - managed_policy_arns   = [
TestTerraformCompleteExample 2022-03-23T15:24:02Z logger.go:66:           - "arn:aws:iam::aws:policy/AmazonEC2ContainerRegistryReadOnly",
TestTerraformCompleteExample 2022-03-23T15:24:02Z logger.go:66:           - "arn:aws:iam::aws:policy/AmazonEKSWorkerNodePolicy",
TestTerraformCompleteExample 2022-03-23T15:24:02Z logger.go:66:           - "arn:aws:iam::aws:policy/AmazonEKS_CNI_Policy",
TestTerraformCompleteExample 2022-03-23T15:24:02Z logger.go:66:         ] -> null
TestTerraformCompleteExample 2022-03-23T15:24:02Z logger.go:66:       - max_session_duration  = 3600 -> null
TestTerraformCompleteExample 2022-03-23T15:24:02Z logger.go:66:       - name                  = "boo-node-group-20220323151009311600000004" -> null
TestTerraformCompleteExample 2022-03-23T15:24:02Z logger.go:66:       - name_prefix           = "boo-node-group-" -> null
TestTerraformCompleteExample 2022-03-23T15:24:02Z logger.go:66:       - path                  = "/" -> null
TestTerraformCompleteExample 2022-03-23T15:24:02Z logger.go:66:       - tags                  = {} -> null
TestTerraformCompleteExample 2022-03-23T15:24:02Z logger.go:66:       - tags_all              = {
TestTerraformCompleteExample 2022-03-23T15:24:02Z logger.go:66:           - "Example"    = "ex-complete"
TestTerraformCompleteExample 2022-03-23T15:24:02Z logger.go:66:           - "GithubOrg"  = "aidan-melen"
TestTerraformCompleteExample 2022-03-23T15:24:02Z logger.go:66:           - "GithubRepo" = "terraform-aws-eks-auth"
TestTerraformCompleteExample 2022-03-23T15:24:02Z logger.go:66:         } -> null
TestTerraformCompleteExample 2022-03-23T15:24:02Z logger.go:66:       - unique_id             = "AROAUYBJJ5B7UYVDTUEE4" -> null
TestTerraformCompleteExample 2022-03-23T15:24:02Z logger.go:66:
TestTerraformCompleteExample 2022-03-23T15:24:02Z logger.go:66:       - inline_policy {}
TestTerraformCompleteExample 2022-03-23T15:24:02Z logger.go:66:     }
TestTerraformCompleteExample 2022-03-23T15:24:02Z logger.go:66:
TestTerraformCompleteExample 2022-03-23T15:24:02Z logger.go:66:   # module.eks.module.self_managed_node_group["boo"].aws_iam_role_policy_attachment.this["arn:aws:iam::aws:policy/AmazonEC2ContainerRegistryReadOnly"] will be destroyed
TestTerraformCompleteExample 2022-03-23T15:24:02Z logger.go:66:   - resource "aws_iam_role_policy_attachment" "this" {
TestTerraformCompleteExample 2022-03-23T15:24:02Z logger.go:66:       - id         = "boo-node-group-20220323151009311600000004-20220323151010583900000006" -> null
TestTerraformCompleteExample 2022-03-23T15:24:02Z logger.go:66:       - policy_arn = "arn:aws:iam::aws:policy/AmazonEC2ContainerRegistryReadOnly" -> null
TestTerraformCompleteExample 2022-03-23T15:24:02Z logger.go:66:       - role       = "boo-node-group-20220323151009311600000004" -> null
TestTerraformCompleteExample 2022-03-23T15:24:02Z logger.go:66:     }
TestTerraformCompleteExample 2022-03-23T15:24:02Z logger.go:66:
TestTerraformCompleteExample 2022-03-23T15:24:02Z logger.go:66:   # module.eks.module.self_managed_node_group["boo"].aws_iam_role_policy_attachment.this["arn:aws:iam::aws:policy/AmazonEKSWorkerNodePolicy"] will be destroyed
TestTerraformCompleteExample 2022-03-23T15:24:02Z logger.go:66:   - resource "aws_iam_role_policy_attachment" "this" {
TestTerraformCompleteExample 2022-03-23T15:24:02Z logger.go:66:       - id         = "boo-node-group-20220323151009311600000004-20220323151010619200000008" -> null
TestTerraformCompleteExample 2022-03-23T15:24:02Z logger.go:66:       - policy_arn = "arn:aws:iam::aws:policy/AmazonEKSWorkerNodePolicy" -> null
TestTerraformCompleteExample 2022-03-23T15:24:02Z logger.go:66:       - role       = "boo-node-group-20220323151009311600000004" -> null
TestTerraformCompleteExample 2022-03-23T15:24:02Z logger.go:66:     }
TestTerraformCompleteExample 2022-03-23T15:24:02Z logger.go:66:
TestTerraformCompleteExample 2022-03-23T15:24:02Z logger.go:66:   # module.eks.module.self_managed_node_group["boo"].aws_iam_role_policy_attachment.this["arn:aws:iam::aws:policy/AmazonEKS_CNI_Policy"] will be destroyed
TestTerraformCompleteExample 2022-03-23T15:24:02Z logger.go:66:   - resource "aws_iam_role_policy_attachment" "this" {
TestTerraformCompleteExample 2022-03-23T15:24:02Z logger.go:66:       - id         = "boo-node-group-20220323151009311600000004-20220323151010703300000009" -> null
TestTerraformCompleteExample 2022-03-23T15:24:02Z logger.go:66:       - policy_arn = "arn:aws:iam::aws:policy/AmazonEKS_CNI_Policy" -> null
TestTerraformCompleteExample 2022-03-23T15:24:02Z logger.go:66:       - role       = "boo-node-group-20220323151009311600000004" -> null
TestTerraformCompleteExample 2022-03-23T15:24:02Z logger.go:66:     }
TestTerraformCompleteExample 2022-03-23T15:24:02Z logger.go:66:
TestTerraformCompleteExample 2022-03-23T15:24:02Z logger.go:66:   # module.eks.module.self_managed_node_group["boo"].aws_launch_template.this[0] will be destroyed
TestTerraformCompleteExample 2022-03-23T15:24:02Z logger.go:66:   - resource "aws_launch_template" "this" {
TestTerraformCompleteExample 2022-03-23T15:24:02Z logger.go:66:       - arn                     = "arn:aws:ec2:us-west-2:11111111111:launch-template/lt-027f011ace8dbc335" -> null
TestTerraformCompleteExample 2022-03-23T15:24:02Z logger.go:66:       - default_version         = 1 -> null
TestTerraformCompleteExample 2022-03-23T15:24:02Z logger.go:66:       - description             = "Custom launch template for boo self managed node group" -> null
TestTerraformCompleteExample 2022-03-23T15:24:02Z logger.go:66:       - disable_api_termination = false -> null
TestTerraformCompleteExample 2022-03-23T15:24:02Z logger.go:66:       - id                      = "lt-027f011ace8dbc335" -> null
TestTerraformCompleteExample 2022-03-23T15:24:02Z logger.go:66:       - image_id                = "ami-085e8e02353a59de5" -> null
TestTerraformCompleteExample 2022-03-23T15:24:02Z logger.go:66:       - instance_type           = "t3.medium" -> null
TestTerraformCompleteExample 2022-03-23T15:24:02Z logger.go:66:       - latest_version          = 1 -> null
TestTerraformCompleteExample 2022-03-23T15:24:02Z logger.go:66:       - name                    = "boo-20220323152044603600000015" -> null
TestTerraformCompleteExample 2022-03-23T15:24:02Z logger.go:66:       - name_prefix             = "boo-" -> null
TestTerraformCompleteExample 2022-03-23T15:24:02Z logger.go:66:       - security_group_names    = [] -> null
TestTerraformCompleteExample 2022-03-23T15:24:02Z logger.go:66:       - tags                    = {} -> null
TestTerraformCompleteExample 2022-03-23T15:24:02Z logger.go:66:       - tags_all                = {
TestTerraformCompleteExample 2022-03-23T15:24:02Z logger.go:66:           - "Example"    = "ex-complete"
TestTerraformCompleteExample 2022-03-23T15:24:02Z logger.go:66:           - "GithubOrg"  = "aidan-melen"
TestTerraformCompleteExample 2022-03-23T15:24:02Z logger.go:66:           - "GithubRepo" = "terraform-aws-eks-auth"
TestTerraformCompleteExample 2022-03-23T15:24:02Z logger.go:66:         } -> null
TestTerraformCompleteExample 2022-03-23T15:24:02Z logger.go:66:       - update_default_version  = true -> null
TestTerraformCompleteExample 2022-03-23T15:24:02Z logger.go:66:       - user_data               = "IyEvYmluL2Jhc2gKc2V0IC1lCkI2NF9DTFVTVEVSX0NBPUxTMHRMUzFDUlVkSlRpQkRSVkpVU1VaSlEwRlVSUzB0TFMwdENrMUpTVU0xZWtORFFXTXJaMEYzU1VKQlowbENRVVJCVGtKbmEzRm9hMmxIT1hjd1FrRlJjMFpCUkVGV1RWSk5kMFZSV1VSV1VWRkVSWGR3Y21SWFNtd0tZMjAxYkdSSFZucE5RalJZUkZSSmVVMUVUWGxOZWtVeFRWUmpkMDFXYjFoRVZFMTVUVVJOZVUxRVJURk5WR04zVFZadmQwWlVSVlJOUWtWSFFURlZSUXBCZUUxTFlUTldhVnBZU25WYVdGSnNZM3BEUTBGVFNYZEVVVmxLUzI5YVNXaDJZMDVCVVVWQ1FsRkJSR2RuUlZCQlJFTkRRVkZ2UTJkblJVSkJUelJxQ2k4NGEwVk5iR3BwYUNzMlpHbG5kSEl3V1VFeWNHNXJiMGR5VkcwdmNVdHVaamR1Tm5wSU5ITXlPVWRqUjFGMVlVUkpUVWxuWTB4YWJURlVPRGswVVhBS1ltcHlOelExVUZKWEt6QlJlRlJ4U0ZSRllUTnBXbkZRYkdKSFVrMHJMMU42Y0ZkVWVuQlNiakJqYUZWaGRETm1PRkJ0UlZWQ09HSlVNbTlKVEhjNFJnbzVRbkF5T0dSdGNIQTNUbk12Y1VsS2RXOXBkVkE1YWl0MFpFdE1kV3BEV1hobWMyYzRXRlJrTkZkcmNFRTVkbU5RTkd0SWVtTTFZVlJNVW1wcVprbFFDalJJUVU1U2RFbGhWazlVU0dweU5UQnlNMW81ZW5RNE1VdG5jSEIxUjJSYWVrUkZNRGsxUVZCaFkzazRaR1ZtZDJoNVZ6bFBTMk5XUlRZdmJWWllRbkVLYmtoQmFXOWtWSGM0T0hWVGJtMUJORGxaU1VKMlFtTXpabXcwU0hsUGJrbFZSM2w0WVZkclZuVXdSRFpTZHpsaVpsbHlRVkZyZWxweGJtbFpiRFZHV0FweFlsUjVSbEZ4WlUxVmJFRjNPV2s1VW1KelEwRjNSVUZCWVU1RFRVVkJkMFJuV1VSV1VqQlFRVkZJTDBKQlVVUkJaMHRyVFVFNFIwRXhWV1JGZDBWQ0NpOTNVVVpOUVUxQ1FXWTRkMGhSV1VSV1VqQlBRa0paUlVaTFNrRm1hak5HUjA1Q1RYbGFURnBzUkhGRFJVMXhjVlE0ZEVaTlFUQkhRMU54UjFOSllqTUtSRkZGUWtOM1ZVRkJORWxDUVZGQk1URjJhemQxVFU5TVZEbHRla2hFTVVaYVVrZHdOMDFzVVZaTlUwWlBNVFo0UjJjclMwVm5aVTVFVDNFeVdESndOd3BOVWxCcmMyNVFSMmhaYUZWMlZsRm1SbmhQUW1ocE1qQkdSRzlWWkVwdlRHRnlNMlZtV21oUGMwSTBjMGRqUTNsNUx6RmpUMVpZVGpCNlEwUnVTSGN2Q2tnMFVHSjBPV3BWYXpjNGVYb3hkVkZSY1RWeFFYWmtNVWRRVWk5T2JGQlhUblpKV1hOaVlTdGhZMFZ1VEM5WVMxaElRakl6YkU5VFNIQTNRWFZtWkRnS1NGSmpOWGhFZG1Ka1prZDJUMmhxVG1SVk5EaFNMMHRHVGpSU1FsQm1VRkEwYUdaSmFHSjRTMFpHZDFKd2FWa3ZUbU5tVDFaV1NGTlFOMlJpZVhnNVlncE5lRVJhUm5SRk9VOWhaMVpTV2xwNFZWRkJTWGxCVFVoSU5XNDNRVVpaTDFreFVEVXlRalV4VDFkQ1JtZEdiRXRPVWpCQ1IwcG9hRkk0ZEVKMFJ6SnlDbTFVUlhKRWVtUmlUa1JWUjI5b0swaEJOMVp4VTBscGJERm1iM3B1WlRoYVFqaEROQW90TFMwdExVVk9SQ0JEUlZKVVNVWkpRMEZVUlMwdExTMHRDZz09CkFQSV9TRVJWRVJfVVJMPWh0dHBzOi8vNEIyREJGQzE1NkFDRUJDMjg3RUE4Q0E2NzdCMEVCNjkueWw0LnVzLXdlc3QtMi5la3MuYW1hem9uYXdzLmNvbQovZXRjL2Vrcy9ib290c3RyYXAuc2ggZXgtY29tcGxldGUgIC0tYjY0LWNsdXN0ZXItY2EgJEI2NF9DTFVTVEVSX0NBIC0tYXBpc2VydmVyLWVuZHBvaW50ICRBUElfU0VSVkVSX1VSTAo=" -> null
TestTerraformCompleteExample 2022-03-23T15:24:02Z logger.go:66:       - vpc_security_group_ids  = [
TestTerraformCompleteExample 2022-03-23T15:24:02Z logger.go:66:           - "sg-05d31a42bcebc395b",
TestTerraformCompleteExample 2022-03-23T15:24:02Z logger.go:66:           - "sg-0a63a098d68ce7755",
TestTerraformCompleteExample 2022-03-23T15:24:02Z logger.go:66:         ] -> null
TestTerraformCompleteExample 2022-03-23T15:24:02Z logger.go:66:
TestTerraformCompleteExample 2022-03-23T15:24:02Z logger.go:66:       - iam_instance_profile {
TestTerraformCompleteExample 2022-03-23T15:24:02Z logger.go:66:           - arn = "arn:aws:iam::11111111111:instance-profile/boo-node-group-20220323151010448100000005" -> null
TestTerraformCompleteExample 2022-03-23T15:24:02Z logger.go:66:         }
TestTerraformCompleteExample 2022-03-23T15:24:02Z logger.go:66:
TestTerraformCompleteExample 2022-03-23T15:24:02Z logger.go:66:       - instance_market_options {
TestTerraformCompleteExample 2022-03-23T15:24:02Z logger.go:66:           - market_type = "spot" -> null
TestTerraformCompleteExample 2022-03-23T15:24:02Z logger.go:66:         }
TestTerraformCompleteExample 2022-03-23T15:24:02Z logger.go:66:
TestTerraformCompleteExample 2022-03-23T15:24:02Z logger.go:66:       - metadata_options {
TestTerraformCompleteExample 2022-03-23T15:24:02Z logger.go:66:           - http_endpoint               = "enabled" -> null
TestTerraformCompleteExample 2022-03-23T15:24:02Z logger.go:66:           - http_protocol_ipv6          = "disabled" -> null
TestTerraformCompleteExample 2022-03-23T15:24:02Z logger.go:66:           - http_put_response_hop_limit = 2 -> null
TestTerraformCompleteExample 2022-03-23T15:24:02Z logger.go:66:           - http_tokens                 = "required" -> null
TestTerraformCompleteExample 2022-03-23T15:24:02Z logger.go:66:           - instance_metadata_tags      = "disabled" -> null
TestTerraformCompleteExample 2022-03-23T15:24:02Z logger.go:66:         }
TestTerraformCompleteExample 2022-03-23T15:24:02Z logger.go:66:
TestTerraformCompleteExample 2022-03-23T15:24:02Z logger.go:66:       - monitoring {
TestTerraformCompleteExample 2022-03-23T15:24:02Z logger.go:66:           - enabled = true -> null
TestTerraformCompleteExample 2022-03-23T15:24:02Z logger.go:66:         }
TestTerraformCompleteExample 2022-03-23T15:24:02Z logger.go:66:
TestTerraformCompleteExample 2022-03-23T15:24:02Z logger.go:66:       - tag_specifications {
TestTerraformCompleteExample 2022-03-23T15:24:02Z logger.go:66:           - resource_type = "instance" -> null
TestTerraformCompleteExample 2022-03-23T15:24:02Z logger.go:66:           - tags          = {
TestTerraformCompleteExample 2022-03-23T15:24:02Z logger.go:66:               - "Name" = "boo"
TestTerraformCompleteExample 2022-03-23T15:24:02Z logger.go:66:             } -> null
TestTerraformCompleteExample 2022-03-23T15:24:02Z logger.go:66:         }
TestTerraformCompleteExample 2022-03-23T15:24:02Z logger.go:66:       - tag_specifications {
TestTerraformCompleteExample 2022-03-23T15:24:02Z logger.go:66:           - resource_type = "network-interface" -> null
TestTerraformCompleteExample 2022-03-23T15:24:02Z logger.go:66:           - tags          = {
TestTerraformCompleteExample 2022-03-23T15:24:02Z logger.go:66:               - "Name" = "boo"
TestTerraformCompleteExample 2022-03-23T15:24:02Z logger.go:66:             } -> null
TestTerraformCompleteExample 2022-03-23T15:24:02Z logger.go:66:         }
TestTerraformCompleteExample 2022-03-23T15:24:02Z logger.go:66:       - tag_specifications {
TestTerraformCompleteExample 2022-03-23T15:24:02Z logger.go:66:           - resource_type = "volume" -> null
TestTerraformCompleteExample 2022-03-23T15:24:02Z logger.go:66:           - tags          = {
TestTerraformCompleteExample 2022-03-23T15:24:02Z logger.go:66:               - "Name" = "boo"
TestTerraformCompleteExample 2022-03-23T15:24:02Z logger.go:66:             } -> null
TestTerraformCompleteExample 2022-03-23T15:24:02Z logger.go:66:         }
TestTerraformCompleteExample 2022-03-23T15:24:02Z logger.go:66:     }
TestTerraformCompleteExample 2022-03-23T15:24:02Z logger.go:66:
TestTerraformCompleteExample 2022-03-23T15:24:02Z logger.go:66:   # module.eks.module.self_managed_node_group["boo"].aws_security_group.this[0] will be destroyed
TestTerraformCompleteExample 2022-03-23T15:24:02Z logger.go:66:   - resource "aws_security_group" "this" {
TestTerraformCompleteExample 2022-03-23T15:24:02Z logger.go:66:       - arn                    = "arn:aws:ec2:us-west-2:11111111111:security-group/sg-05d31a42bcebc395b" -> null
TestTerraformCompleteExample 2022-03-23T15:24:02Z logger.go:66:       - description            = "Self managed node group security group" -> null
TestTerraformCompleteExample 2022-03-23T15:24:02Z logger.go:66:       - egress                 = [] -> null
TestTerraformCompleteExample 2022-03-23T15:24:02Z logger.go:66:       - id                     = "sg-05d31a42bcebc395b" -> null
TestTerraformCompleteExample 2022-03-23T15:24:02Z logger.go:66:       - ingress                = [] -> null
TestTerraformCompleteExample 2022-03-23T15:24:02Z logger.go:66:       - name                   = "boo-node-group-20220323151022596500000013" -> null
TestTerraformCompleteExample 2022-03-23T15:24:02Z logger.go:66:       - name_prefix            = "boo-node-group-" -> null
TestTerraformCompleteExample 2022-03-23T15:24:02Z logger.go:66:       - owner_id               = "11111111111" -> null
TestTerraformCompleteExample 2022-03-23T15:24:02Z logger.go:66:       - revoke_rules_on_delete = false -> null
TestTerraformCompleteExample 2022-03-23T15:24:02Z logger.go:66:       - tags                   = {
TestTerraformCompleteExample 2022-03-23T15:24:02Z logger.go:66:           - "Name" = "boo-node-group"
TestTerraformCompleteExample 2022-03-23T15:24:02Z logger.go:66:         } -> null
TestTerraformCompleteExample 2022-03-23T15:24:02Z logger.go:66:       - tags_all               = {
TestTerraformCompleteExample 2022-03-23T15:24:02Z logger.go:66:           - "Example"    = "ex-complete"
TestTerraformCompleteExample 2022-03-23T15:24:02Z logger.go:66:           - "GithubOrg"  = "aidan-melen"
TestTerraformCompleteExample 2022-03-23T15:24:02Z logger.go:66:           - "GithubRepo" = "terraform-aws-eks-auth"
TestTerraformCompleteExample 2022-03-23T15:24:02Z logger.go:66:           - "Name"       = "boo-node-group"
TestTerraformCompleteExample 2022-03-23T15:24:02Z logger.go:66:         } -> null
TestTerraformCompleteExample 2022-03-23T15:24:02Z logger.go:66:       - vpc_id                 = "vpc-08f223165937bfa42" -> null
TestTerraformCompleteExample 2022-03-23T15:24:02Z logger.go:66:     }
TestTerraformCompleteExample 2022-03-23T15:24:02Z logger.go:66:
TestTerraformCompleteExample 2022-03-23T15:24:02Z logger.go:66: Plan: 0 to add, 0 to change, 61 to destroy.
TestTerraformCompleteExample 2022-03-23T15:24:02Z logger.go:66:
TestTerraformCompleteExample 2022-03-23T15:24:02Z logger.go:66: Changes to Outputs:
TestTerraformCompleteExample 2022-03-23T15:24:02Z logger.go:66:   - fargate_profile_iam_role_arn         = "arn:aws:iam::11111111111:role/bar-20220323151009311300000003" -> null
TestTerraformCompleteExample 2022-03-23T15:24:02Z logger.go:66:   - managed_node_group_iam_role_arn      = "arn:aws:iam::11111111111:role/foo-eks-node-group-20220323151009303900000001" -> null
TestTerraformCompleteExample 2022-03-23T15:24:02Z logger.go:66:   - map_accounts                         = [
TestTerraformCompleteExample 2022-03-23T15:24:02Z logger.go:66:       - "777777777777",
TestTerraformCompleteExample 2022-03-23T15:24:02Z logger.go:66:       - "888888888888",
TestTerraformCompleteExample 2022-03-23T15:24:02Z logger.go:66:     ] -> null
TestTerraformCompleteExample 2022-03-23T15:24:02Z logger.go:66:   - map_roles                            = [
TestTerraformCompleteExample 2022-03-23T15:24:02Z logger.go:66:       - {
TestTerraformCompleteExample 2022-03-23T15:24:02Z logger.go:66:           - groups   = [
TestTerraformCompleteExample 2022-03-23T15:24:02Z logger.go:66:               - "system:bootstrappers",
TestTerraformCompleteExample 2022-03-23T15:24:02Z logger.go:66:               - "system:nodes",
TestTerraformCompleteExample 2022-03-23T15:24:02Z logger.go:66:             ]
TestTerraformCompleteExample 2022-03-23T15:24:02Z logger.go:66:           - rolearn  = "arn:aws:iam::11111111111:role/foo-eks-node-group-20220323151009303900000001"
TestTerraformCompleteExample 2022-03-23T15:24:02Z logger.go:66:           - username = "system:node:{{EC2PrivateDNSName}}"
TestTerraformCompleteExample 2022-03-23T15:24:02Z logger.go:66:         },
TestTerraformCompleteExample 2022-03-23T15:24:02Z logger.go:66:       - {
TestTerraformCompleteExample 2022-03-23T15:24:02Z logger.go:66:           - groups   = [
TestTerraformCompleteExample 2022-03-23T15:24:02Z logger.go:66:               - "system:bootstrappers",
TestTerraformCompleteExample 2022-03-23T15:24:02Z logger.go:66:               - "system:nodes",
TestTerraformCompleteExample 2022-03-23T15:24:02Z logger.go:66:             ]
TestTerraformCompleteExample 2022-03-23T15:24:02Z logger.go:66:           - rolearn  = "arn:aws:iam::11111111111:role/boo-node-group-20220323151009311600000004"
TestTerraformCompleteExample 2022-03-23T15:24:02Z logger.go:66:           - username = "system:node:{{EC2PrivateDNSName}}"
TestTerraformCompleteExample 2022-03-23T15:24:02Z logger.go:66:         },
TestTerraformCompleteExample 2022-03-23T15:24:02Z logger.go:66:       - {
TestTerraformCompleteExample 2022-03-23T15:24:02Z logger.go:66:           - groups   = [
TestTerraformCompleteExample 2022-03-23T15:24:02Z logger.go:66:               - "system:bootstrappers",
TestTerraformCompleteExample 2022-03-23T15:24:02Z logger.go:66:               - "system:nodes",
TestTerraformCompleteExample 2022-03-23T15:24:02Z logger.go:66:               - "system:node-proxier",
TestTerraformCompleteExample 2022-03-23T15:24:02Z logger.go:66:             ]
TestTerraformCompleteExample 2022-03-23T15:24:02Z logger.go:66:           - rolearn  = "arn:aws:iam::11111111111:role/bar-20220323151009311300000003"
TestTerraformCompleteExample 2022-03-23T15:24:02Z logger.go:66:           - username = "system:node:{{SessionName}}"
TestTerraformCompleteExample 2022-03-23T15:24:02Z logger.go:66:         },
TestTerraformCompleteExample 2022-03-23T15:24:02Z logger.go:66:       - {
TestTerraformCompleteExample 2022-03-23T15:24:02Z logger.go:66:           - groups   = [
TestTerraformCompleteExample 2022-03-23T15:24:02Z logger.go:66:               - "system:masters",
TestTerraformCompleteExample 2022-03-23T15:24:02Z logger.go:66:             ]
TestTerraformCompleteExample 2022-03-23T15:24:02Z logger.go:66:           - rolearn  = "arn:aws:iam::66666666666:role/role1"
TestTerraformCompleteExample 2022-03-23T15:24:02Z logger.go:66:           - username = "role1"
TestTerraformCompleteExample 2022-03-23T15:24:02Z logger.go:66:         },
TestTerraformCompleteExample 2022-03-23T15:24:02Z logger.go:66:     ] -> null
TestTerraformCompleteExample 2022-03-23T15:24:02Z logger.go:66:   - map_users                            = [
TestTerraformCompleteExample 2022-03-23T15:24:02Z logger.go:66:       - {
TestTerraformCompleteExample 2022-03-23T15:24:02Z logger.go:66:           - groups   = [
TestTerraformCompleteExample 2022-03-23T15:24:02Z logger.go:66:               - "system:masters",
TestTerraformCompleteExample 2022-03-23T15:24:02Z logger.go:66:             ]
TestTerraformCompleteExample 2022-03-23T15:24:02Z logger.go:66:           - userarn  = "arn:aws:iam::66666666666:user/user1"
TestTerraformCompleteExample 2022-03-23T15:24:02Z logger.go:66:           - username = "user1"
TestTerraformCompleteExample 2022-03-23T15:24:02Z logger.go:66:         },
TestTerraformCompleteExample 2022-03-23T15:24:02Z logger.go:66:       - {
TestTerraformCompleteExample 2022-03-23T15:24:02Z logger.go:66:           - groups   = [
TestTerraformCompleteExample 2022-03-23T15:24:02Z logger.go:66:               - "system:masters",
TestTerraformCompleteExample 2022-03-23T15:24:02Z logger.go:66:             ]
TestTerraformCompleteExample 2022-03-23T15:24:02Z logger.go:66:           - userarn  = "arn:aws:iam::66666666666:user/user2"
TestTerraformCompleteExample 2022-03-23T15:24:02Z logger.go:66:           - username = "user2"
TestTerraformCompleteExample 2022-03-23T15:24:02Z logger.go:66:         },
TestTerraformCompleteExample 2022-03-23T15:24:02Z logger.go:66:     ] -> null
TestTerraformCompleteExample 2022-03-23T15:24:02Z logger.go:66:   - self_managed_node_group_iam_role_arn = "arn:aws:iam::11111111111:role/boo-node-group-20220323151009311600000004" -> null
TestTerraformCompleteExample 2022-03-23T15:24:02Z logger.go:66: module.eks_auth.kubectl_manifest.patch: Destroying... [id=/api/v1/namespaces/kube-system/configmaps/aws-auth]
TestTerraformCompleteExample 2022-03-23T15:24:02Z logger.go:66: module.eks_auth.kubectl_manifest.patch: Destruction complete after 0s
TestTerraformCompleteExample 2022-03-23T15:24:03Z logger.go:66: module.eks.module.fargate_profile["bar"].aws_iam_role_policy_attachment.this["arn:aws:iam::aws:policy/AmazonEKSFargatePodExecutionRolePolicy"]: Destroying... [id=bar-20220323151009311300000003-2022032315101102520000000f]
TestTerraformCompleteExample 2022-03-23T15:24:03Z logger.go:66: module.vpc.aws_route_table_association.private[2]: Destroying... [id=rtbassoc-097f1ad562b089f4c]
TestTerraformCompleteExample 2022-03-23T15:24:03Z logger.go:66: module.vpc.aws_route_table_association.private[1]: Destroying... [id=rtbassoc-0ae7ffb6601159aeb]
TestTerraformCompleteExample 2022-03-23T15:24:03Z logger.go:66: module.vpc.aws_route_table_association.private[0]: Destroying... [id=rtbassoc-05363bbfc8d2769fc]
TestTerraformCompleteExample 2022-03-23T15:24:03Z logger.go:66: module.eks.module.fargate_profile["bar"].aws_iam_role_policy_attachment.this["arn:aws:iam::aws:policy/AmazonEKS_CNI_Policy"]: Destroying... [id=bar-20220323151009311300000003-2022032315101100800000000e]
TestTerraformCompleteExample 2022-03-23T15:24:03Z logger.go:66: module.eks.module.fargate_profile["bar"].aws_eks_fargate_profile.this[0]: Destroying... [id=ex-complete:bar]
TestTerraformCompleteExample 2022-03-23T15:24:03Z logger.go:66: module.vpc.aws_route_table_association.public[0]: Destroying... [id=rtbassoc-07889e7a2fde60058]
TestTerraformCompleteExample 2022-03-23T15:24:03Z logger.go:66: module.eks.aws_iam_openid_connect_provider.oidc_provider[0]: Destroying... [id=arn:aws:iam::11111111111:oidc-provider/oidc.eks.us-west-2.amazonaws.com/id/4B2DBFC156ACEBC287EA8CA677B0EB69]
TestTerraformCompleteExample 2022-03-23T15:24:03Z logger.go:66: module.eks.module.eks_managed_node_group["foo"].aws_eks_node_group.this[0]: Destroying... [id=ex-complete:foo-20220323152045319900000019]
TestTerraformCompleteExample 2022-03-23T15:24:03Z logger.go:66: module.vpc.aws_route.private_nat_gateway[0]: Destroying... [id=r-rtb-0758be46ecf76fbc51080289494]
TestTerraformCompleteExample 2022-03-23T15:24:03Z logger.go:66: module.vpc.aws_route_table_association.private[1]: Destruction complete after 0s
TestTerraformCompleteExample 2022-03-23T15:24:03Z logger.go:66: module.eks.module.fargate_profile["bar"].aws_iam_role_policy_attachment.this["arn:aws:iam::aws:policy/AmazonEKSFargatePodExecutionRolePolicy"]: Destruction complete after 0s
TestTerraformCompleteExample 2022-03-23T15:24:03Z logger.go:66: module.vpc.aws_route_table_association.public[1]: Destroying... [id=rtbassoc-00ab0c68cf1c9343d]
TestTerraformCompleteExample 2022-03-23T15:24:03Z logger.go:66: module.eks.module.fargate_profile["bar"].aws_iam_role_policy_attachment.this["arn:aws:iam::aws:policy/AmazonEKS_CNI_Policy"]: Destruction complete after 0s
TestTerraformCompleteExample 2022-03-23T15:24:03Z logger.go:66: module.vpc.aws_route_table_association.public[2]: Destroying... [id=rtbassoc-0892f83dc6d756ea8]
TestTerraformCompleteExample 2022-03-23T15:24:03Z logger.go:66: module.eks.aws_iam_openid_connect_provider.oidc_provider[0]: Destruction complete after 0s
TestTerraformCompleteExample 2022-03-23T15:24:03Z logger.go:66: module.vpc.aws_route.public_internet_gateway[0]: Destroying... [id=r-rtb-014da72b46fd7ca9c1080289494]
TestTerraformCompleteExample 2022-03-23T15:24:04Z logger.go:66: module.eks.module.self_managed_node_group["boo"].aws_autoscaling_group.this[0]: Destroying... [id=boo-2022032315204538390000001b]
TestTerraformCompleteExample 2022-03-23T15:24:04Z logger.go:66: module.vpc.aws_route_table_association.private[2]: Destruction complete after 0s
TestTerraformCompleteExample 2022-03-23T15:24:04Z logger.go:66: module.vpc.aws_route_table_association.private[0]: Destruction complete after 0s
TestTerraformCompleteExample 2022-03-23T15:24:04Z logger.go:66: module.vpc.aws_route_table_association.public[0]: Destruction complete after 0s
TestTerraformCompleteExample 2022-03-23T15:24:04Z logger.go:66: module.vpc.aws_route_table_association.public[1]: Destruction complete after 0s
TestTerraformCompleteExample 2022-03-23T15:24:04Z logger.go:66: module.vpc.aws_route.private_nat_gateway[0]: Destruction complete after 0s
TestTerraformCompleteExample 2022-03-23T15:24:04Z logger.go:66: module.vpc.aws_nat_gateway.this[0]: Destroying... [id=nat-0b8a39930cdd1eaf1]
TestTerraformCompleteExample 2022-03-23T15:24:04Z logger.go:66: module.vpc.aws_route_table.private[0]: Destroying... [id=rtb-0758be46ecf76fbc5]
TestTerraformCompleteExample 2022-03-23T15:24:04Z logger.go:66: module.vpc.aws_route_table_association.public[2]: Destruction complete after 0s
TestTerraformCompleteExample 2022-03-23T15:24:04Z logger.go:66: module.vpc.aws_route.public_internet_gateway[0]: Destruction complete after 0s
TestTerraformCompleteExample 2022-03-23T15:24:04Z logger.go:66: module.vpc.aws_route_table.public[0]: Destroying... [id=rtb-014da72b46fd7ca9c]
TestTerraformCompleteExample 2022-03-23T15:24:04Z logger.go:66: module.vpc.aws_route_table.private[0]: Destruction complete after 1s
TestTerraformCompleteExample 2022-03-23T15:24:04Z logger.go:66: module.vpc.aws_route_table.public[0]: Destruction complete after 1s
TestTerraformCompleteExample 2022-03-23T15:24:13Z logger.go:66: module.eks.module.fargate_profile["bar"].aws_eks_fargate_profile.this[0]: Still destroying... [id=ex-complete:bar, 10s elapsed]
TestTerraformCompleteExample 2022-03-23T15:24:13Z logger.go:66: module.eks.module.eks_managed_node_group["foo"].aws_eks_node_group.this[0]: Still destroying... [id=ex-complete:foo-20220323152045319900000019, 10s elapsed]
TestTerraformCompleteExample 2022-03-23T15:24:14Z logger.go:66: module.eks.module.self_managed_node_group["boo"].aws_autoscaling_group.this[0]: Still destroying... [id=boo-2022032315204538390000001b, 10s elapsed]
TestTerraformCompleteExample 2022-03-23T15:24:14Z logger.go:66: module.vpc.aws_nat_gateway.this[0]: Still destroying... [id=nat-0b8a39930cdd1eaf1, 10s elapsed]
TestTerraformCompleteExample 2022-03-23T15:24:23Z logger.go:66: module.eks.module.fargate_profile["bar"].aws_eks_fargate_profile.this[0]: Still destroying... [id=ex-complete:bar, 20s elapsed]
TestTerraformCompleteExample 2022-03-23T15:24:23Z logger.go:66: module.eks.module.eks_managed_node_group["foo"].aws_eks_node_group.this[0]: Still destroying... [id=ex-complete:foo-20220323152045319900000019, 20s elapsed]
TestTerraformCompleteExample 2022-03-23T15:24:24Z logger.go:66: module.eks.module.self_managed_node_group["boo"].aws_autoscaling_group.this[0]: Still destroying... [id=boo-2022032315204538390000001b, 20s elapsed]
TestTerraformCompleteExample 2022-03-23T15:24:24Z logger.go:66: module.vpc.aws_nat_gateway.this[0]: Still destroying... [id=nat-0b8a39930cdd1eaf1, 20s elapsed]
TestTerraformCompleteExample 2022-03-23T15:24:33Z logger.go:66: module.eks.module.fargate_profile["bar"].aws_eks_fargate_profile.this[0]: Still destroying... [id=ex-complete:bar, 30s elapsed]
TestTerraformCompleteExample 2022-03-23T15:24:33Z logger.go:66: module.eks.module.eks_managed_node_group["foo"].aws_eks_node_group.this[0]: Still destroying... [id=ex-complete:foo-20220323152045319900000019, 30s elapsed]
TestTerraformCompleteExample 2022-03-23T15:24:33Z logger.go:66: module.eks.module.self_managed_node_group["boo"].aws_autoscaling_group.this[0]: Still destroying... [id=boo-2022032315204538390000001b, 30s elapsed]
TestTerraformCompleteExample 2022-03-23T15:24:34Z logger.go:66: module.vpc.aws_nat_gateway.this[0]: Still destroying... [id=nat-0b8a39930cdd1eaf1, 30s elapsed]
TestTerraformCompleteExample 2022-03-23T15:24:43Z logger.go:66: module.eks.module.fargate_profile["bar"].aws_eks_fargate_profile.this[0]: Still destroying... [id=ex-complete:bar, 40s elapsed]
TestTerraformCompleteExample 2022-03-23T15:24:43Z logger.go:66: module.eks.module.eks_managed_node_group["foo"].aws_eks_node_group.this[0]: Still destroying... [id=ex-complete:foo-20220323152045319900000019, 40s elapsed]
TestTerraformCompleteExample 2022-03-23T15:24:43Z logger.go:66: module.eks.module.self_managed_node_group["boo"].aws_autoscaling_group.this[0]: Still destroying... [id=boo-2022032315204538390000001b, 40s elapsed]
TestTerraformCompleteExample 2022-03-23T15:24:44Z logger.go:66: module.vpc.aws_nat_gateway.this[0]: Still destroying... [id=nat-0b8a39930cdd1eaf1, 40s elapsed]
TestTerraformCompleteExample 2022-03-23T15:24:53Z logger.go:66: module.eks.module.fargate_profile["bar"].aws_eks_fargate_profile.this[0]: Still destroying... [id=ex-complete:bar, 50s elapsed]
TestTerraformCompleteExample 2022-03-23T15:24:53Z logger.go:66: module.eks.module.eks_managed_node_group["foo"].aws_eks_node_group.this[0]: Still destroying... [id=ex-complete:foo-20220323152045319900000019, 50s elapsed]
TestTerraformCompleteExample 2022-03-23T15:24:53Z logger.go:66: module.eks.module.self_managed_node_group["boo"].aws_autoscaling_group.this[0]: Still destroying... [id=boo-2022032315204538390000001b, 50s elapsed]
TestTerraformCompleteExample 2022-03-23T15:24:54Z logger.go:66: module.vpc.aws_nat_gateway.this[0]: Still destroying... [id=nat-0b8a39930cdd1eaf1, 50s elapsed]
TestTerraformCompleteExample 2022-03-23T15:24:54Z logger.go:66: module.vpc.aws_nat_gateway.this[0]: Destruction complete after 51s
TestTerraformCompleteExample 2022-03-23T15:24:54Z logger.go:66: module.vpc.aws_internet_gateway.this[0]: Destroying... [id=igw-0a1c84ec27feddb14]
TestTerraformCompleteExample 2022-03-23T15:24:54Z logger.go:66: module.vpc.aws_subnet.public[2]: Destroying... [id=subnet-0ada2007f714da19a]
TestTerraformCompleteExample 2022-03-23T15:24:54Z logger.go:66: module.vpc.aws_eip.nat[0]: Destroying... [id=eipalloc-024255bd65c65b9d7]
TestTerraformCompleteExample 2022-03-23T15:24:54Z logger.go:66: module.vpc.aws_subnet.public[0]: Destroying... [id=subnet-0c14641d438ec1744]
TestTerraformCompleteExample 2022-03-23T15:24:54Z logger.go:66: module.vpc.aws_subnet.public[1]: Destroying... [id=subnet-0552d4b295493d9bd]
TestTerraformCompleteExample 2022-03-23T15:24:55Z logger.go:66: module.vpc.aws_subnet.public[0]: Destruction complete after 0s
TestTerraformCompleteExample 2022-03-23T15:24:55Z logger.go:66: module.vpc.aws_internet_gateway.this[0]: Destruction complete after 0s
TestTerraformCompleteExample 2022-03-23T15:24:55Z logger.go:66: module.vpc.aws_subnet.public[2]: Destruction complete after 0s
TestTerraformCompleteExample 2022-03-23T15:24:55Z logger.go:66: module.vpc.aws_subnet.public[1]: Destruction complete after 0s
TestTerraformCompleteExample 2022-03-23T15:24:55Z logger.go:66: module.vpc.aws_eip.nat[0]: Destruction complete after 1s
TestTerraformCompleteExample 2022-03-23T15:25:03Z logger.go:66: module.eks.module.eks_managed_node_group["foo"].aws_eks_node_group.this[0]: Still destroying... [id=ex-complete:foo-20220323152045319900000019, 1m0s elapsed]
TestTerraformCompleteExample 2022-03-23T15:25:03Z logger.go:66: module.eks.module.fargate_profile["bar"].aws_eks_fargate_profile.this[0]: Still destroying... [id=ex-complete:bar, 1m0s elapsed]
TestTerraformCompleteExample 2022-03-23T15:25:03Z logger.go:66: module.eks.module.self_managed_node_group["boo"].aws_autoscaling_group.this[0]: Still destroying... [id=boo-2022032315204538390000001b, 1m0s elapsed]
TestTerraformCompleteExample 2022-03-23T15:25:13Z logger.go:66: module.eks.module.eks_managed_node_group["foo"].aws_eks_node_group.this[0]: Still destroying... [id=ex-complete:foo-20220323152045319900000019, 1m10s elapsed]
TestTerraformCompleteExample 2022-03-23T15:25:13Z logger.go:66: module.eks.module.fargate_profile["bar"].aws_eks_fargate_profile.this[0]: Still destroying... [id=ex-complete:bar, 1m10s elapsed]
TestTerraformCompleteExample 2022-03-23T15:25:13Z logger.go:66: module.eks.module.self_managed_node_group["boo"].aws_autoscaling_group.this[0]: Still destroying... [id=boo-2022032315204538390000001b, 1m10s elapsed]
TestTerraformCompleteExample 2022-03-23T15:25:23Z logger.go:66: module.eks.module.eks_managed_node_group["foo"].aws_eks_node_group.this[0]: Still destroying... [id=ex-complete:foo-20220323152045319900000019, 1m20s elapsed]
TestTerraformCompleteExample 2022-03-23T15:25:23Z logger.go:66: module.eks.module.fargate_profile["bar"].aws_eks_fargate_profile.this[0]: Still destroying... [id=ex-complete:bar, 1m20s elapsed]
TestTerraformCompleteExample 2022-03-23T15:25:23Z logger.go:66: module.eks.module.self_managed_node_group["boo"].aws_autoscaling_group.this[0]: Still destroying... [id=boo-2022032315204538390000001b, 1m20s elapsed]
TestTerraformCompleteExample 2022-03-23T15:25:31Z logger.go:66: module.eks.module.self_managed_node_group["boo"].aws_autoscaling_group.this[0]: Destruction complete after 1m27s
TestTerraformCompleteExample 2022-03-23T15:25:31Z logger.go:66: module.eks.module.self_managed_node_group["boo"].aws_launch_template.this[0]: Destroying... [id=lt-027f011ace8dbc335]
TestTerraformCompleteExample 2022-03-23T15:25:31Z logger.go:66: module.eks.module.self_managed_node_group["boo"].aws_launch_template.this[0]: Destruction complete after 0s
TestTerraformCompleteExample 2022-03-23T15:25:31Z logger.go:66: module.eks.module.self_managed_node_group["boo"].aws_iam_instance_profile.this[0]: Destroying... [id=boo-node-group-20220323151010448100000005]
TestTerraformCompleteExample 2022-03-23T15:25:31Z logger.go:66: module.eks.module.self_managed_node_group["boo"].aws_iam_role_policy_attachment.this["arn:aws:iam::aws:policy/AmazonEC2ContainerRegistryReadOnly"]: Destroying... [id=boo-node-group-20220323151009311600000004-20220323151010583900000006]
TestTerraformCompleteExample 2022-03-23T15:25:31Z logger.go:66: module.eks.module.self_managed_node_group["boo"].aws_iam_role_policy_attachment.this["arn:aws:iam::aws:policy/AmazonEKSWorkerNodePolicy"]: Destroying... [id=boo-node-group-20220323151009311600000004-20220323151010619200000008]
TestTerraformCompleteExample 2022-03-23T15:25:31Z logger.go:66: module.eks.module.self_managed_node_group["boo"].aws_iam_role_policy_attachment.this["arn:aws:iam::aws:policy/AmazonEKS_CNI_Policy"]: Destroying... [id=boo-node-group-20220323151009311600000004-20220323151010703300000009]
TestTerraformCompleteExample 2022-03-23T15:25:31Z logger.go:66: module.eks.module.self_managed_node_group["boo"].aws_security_group.this[0]: Destroying... [id=sg-05d31a42bcebc395b]
TestTerraformCompleteExample 2022-03-23T15:25:31Z logger.go:66: module.eks.module.self_managed_node_group["boo"].aws_security_group.this[0]: Destruction complete after 1s
TestTerraformCompleteExample 2022-03-23T15:25:31Z logger.go:66: module.eks.module.self_managed_node_group["boo"].aws_iam_role_policy_attachment.this["arn:aws:iam::aws:policy/AmazonEKS_CNI_Policy"]: Destruction complete after 1s
TestTerraformCompleteExample 2022-03-23T15:25:31Z logger.go:66: module.eks.module.self_managed_node_group["boo"].aws_iam_role_policy_attachment.this["arn:aws:iam::aws:policy/AmazonEKSWorkerNodePolicy"]: Destruction complete after 1s
TestTerraformCompleteExample 2022-03-23T15:25:31Z logger.go:66: module.eks.module.self_managed_node_group["boo"].aws_iam_role_policy_attachment.this["arn:aws:iam::aws:policy/AmazonEC2ContainerRegistryReadOnly"]: Destruction complete after 1s
TestTerraformCompleteExample 2022-03-23T15:25:32Z logger.go:66: module.eks.module.self_managed_node_group["boo"].aws_iam_instance_profile.this[0]: Destruction complete after 1s
TestTerraformCompleteExample 2022-03-23T15:25:32Z logger.go:66: module.eks.module.self_managed_node_group["boo"].aws_iam_role.this[0]: Destroying... [id=boo-node-group-20220323151009311600000004]
TestTerraformCompleteExample 2022-03-23T15:25:32Z logger.go:66: module.eks.module.self_managed_node_group["boo"].aws_iam_role.this[0]: Destruction complete after 1s
TestTerraformCompleteExample 2022-03-23T15:25:33Z logger.go:66: module.eks.module.fargate_profile["bar"].aws_eks_fargate_profile.this[0]: Still destroying... [id=ex-complete:bar, 1m29s elapsed]
TestTerraformCompleteExample 2022-03-23T15:25:33Z logger.go:66: module.eks.module.eks_managed_node_group["foo"].aws_eks_node_group.this[0]: Still destroying... [id=ex-complete:foo-20220323152045319900000019, 1m29s elapsed]
TestTerraformCompleteExample 2022-03-23T15:25:43Z logger.go:66: module.eks.module.eks_managed_node_group["foo"].aws_eks_node_group.this[0]: Still destroying... [id=ex-complete:foo-20220323152045319900000019, 1m39s elapsed]
TestTerraformCompleteExample 2022-03-23T15:25:43Z logger.go:66: module.eks.module.fargate_profile["bar"].aws_eks_fargate_profile.this[0]: Still destroying... [id=ex-complete:bar, 1m39s elapsed]
TestTerraformCompleteExample 2022-03-23T15:25:53Z logger.go:66: module.eks.module.fargate_profile["bar"].aws_eks_fargate_profile.this[0]: Still destroying... [id=ex-complete:bar, 1m49s elapsed]
TestTerraformCompleteExample 2022-03-23T15:25:53Z logger.go:66: module.eks.module.eks_managed_node_group["foo"].aws_eks_node_group.this[0]: Still destroying... [id=ex-complete:foo-20220323152045319900000019, 1m50s elapsed]
TestTerraformCompleteExample 2022-03-23T15:26:03Z logger.go:66: module.eks.module.eks_managed_node_group["foo"].aws_eks_node_group.this[0]: Still destroying... [id=ex-complete:foo-20220323152045319900000019, 1m59s elapsed]
TestTerraformCompleteExample 2022-03-23T15:26:03Z logger.go:66: module.eks.module.fargate_profile["bar"].aws_eks_fargate_profile.this[0]: Still destroying... [id=ex-complete:bar, 1m59s elapsed]
TestTerraformCompleteExample 2022-03-23T15:26:13Z logger.go:66: module.eks.module.fargate_profile["bar"].aws_eks_fargate_profile.this[0]: Still destroying... [id=ex-complete:bar, 2m9s elapsed]
TestTerraformCompleteExample 2022-03-23T15:26:13Z logger.go:66: module.eks.module.eks_managed_node_group["foo"].aws_eks_node_group.this[0]: Still destroying... [id=ex-complete:foo-20220323152045319900000019, 2m9s elapsed]
TestTerraformCompleteExample 2022-03-23T15:26:23Z logger.go:66: module.eks.module.fargate_profile["bar"].aws_eks_fargate_profile.this[0]: Still destroying... [id=ex-complete:bar, 2m19s elapsed]
TestTerraformCompleteExample 2022-03-23T15:26:23Z logger.go:66: module.eks.module.eks_managed_node_group["foo"].aws_eks_node_group.this[0]: Still destroying... [id=ex-complete:foo-20220323152045319900000019, 2m19s elapsed]
TestTerraformCompleteExample 2022-03-23T15:26:33Z logger.go:66: module.eks.module.eks_managed_node_group["foo"].aws_eks_node_group.this[0]: Still destroying... [id=ex-complete:foo-20220323152045319900000019, 2m29s elapsed]
TestTerraformCompleteExample 2022-03-23T15:26:33Z logger.go:66: module.eks.module.fargate_profile["bar"].aws_eks_fargate_profile.this[0]: Still destroying... [id=ex-complete:bar, 2m29s elapsed]
TestTerraformCompleteExample 2022-03-23T15:26:43Z logger.go:66: module.eks.module.fargate_profile["bar"].aws_eks_fargate_profile.this[0]: Still destroying... [id=ex-complete:bar, 2m39s elapsed]
TestTerraformCompleteExample 2022-03-23T15:26:43Z logger.go:66: module.eks.module.eks_managed_node_group["foo"].aws_eks_node_group.this[0]: Still destroying... [id=ex-complete:foo-20220323152045319900000019, 2m39s elapsed]
TestTerraformCompleteExample 2022-03-23T15:26:53Z logger.go:66: module.eks.module.fargate_profile["bar"].aws_eks_fargate_profile.this[0]: Still destroying... [id=ex-complete:bar, 2m49s elapsed]
TestTerraformCompleteExample 2022-03-23T15:26:53Z logger.go:66: module.eks.module.eks_managed_node_group["foo"].aws_eks_node_group.this[0]: Still destroying... [id=ex-complete:foo-20220323152045319900000019, 2m49s elapsed]
TestTerraformCompleteExample 2022-03-23T15:26:59Z logger.go:66: module.eks.module.fargate_profile["bar"].aws_eks_fargate_profile.this[0]: Destruction complete after 2m56s
TestTerraformCompleteExample 2022-03-23T15:26:59Z logger.go:66: module.eks.module.fargate_profile["bar"].aws_iam_role.this[0]: Destroying... [id=bar-20220323151009311300000003]
TestTerraformCompleteExample 2022-03-23T15:27:00Z logger.go:66: module.eks.module.fargate_profile["bar"].aws_iam_role.this[0]: Destruction complete after 1s
TestTerraformCompleteExample 2022-03-23T15:27:03Z logger.go:66: module.eks.module.eks_managed_node_group["foo"].aws_eks_node_group.this[0]: Still destroying... [id=ex-complete:foo-20220323152045319900000019, 2m59s elapsed]
TestTerraformCompleteExample 2022-03-23T15:27:13Z logger.go:66: module.eks.module.eks_managed_node_group["foo"].aws_eks_node_group.this[0]: Still destroying... [id=ex-complete:foo-20220323152045319900000019, 3m9s elapsed]
TestTerraformCompleteExample 2022-03-23T15:27:23Z logger.go:66: module.eks.module.eks_managed_node_group["foo"].aws_eks_node_group.this[0]: Still destroying... [id=ex-complete:foo-20220323152045319900000019, 3m19s elapsed]
TestTerraformCompleteExample 2022-03-23T15:27:33Z logger.go:66: module.eks.module.eks_managed_node_group["foo"].aws_eks_node_group.this[0]: Still destroying... [id=ex-complete:foo-20220323152045319900000019, 3m29s elapsed]
TestTerraformCompleteExample 2022-03-23T15:27:43Z logger.go:66: module.eks.module.eks_managed_node_group["foo"].aws_eks_node_group.this[0]: Still destroying... [id=ex-complete:foo-20220323152045319900000019, 3m39s elapsed]
TestTerraformCompleteExample 2022-03-23T15:27:53Z logger.go:66: module.eks.module.eks_managed_node_group["foo"].aws_eks_node_group.this[0]: Still destroying... [id=ex-complete:foo-20220323152045319900000019, 3m49s elapsed]
TestTerraformCompleteExample 2022-03-23T15:28:03Z logger.go:66: module.eks.module.eks_managed_node_group["foo"].aws_eks_node_group.this[0]: Still destroying... [id=ex-complete:foo-20220323152045319900000019, 3m59s elapsed]
TestTerraformCompleteExample 2022-03-23T15:28:13Z logger.go:66: module.eks.module.eks_managed_node_group["foo"].aws_eks_node_group.this[0]: Still destroying... [id=ex-complete:foo-20220323152045319900000019, 4m9s elapsed]
TestTerraformCompleteExample 2022-03-23T15:28:23Z logger.go:66: module.eks.module.eks_managed_node_group["foo"].aws_eks_node_group.this[0]: Still destroying... [id=ex-complete:foo-20220323152045319900000019, 4m19s elapsed]
TestTerraformCompleteExample 2022-03-23T15:28:33Z logger.go:66: module.eks.module.eks_managed_node_group["foo"].aws_eks_node_group.this[0]: Still destroying... [id=ex-complete:foo-20220323152045319900000019, 4m29s elapsed]
TestTerraformCompleteExample 2022-03-23T15:28:43Z logger.go:66: module.eks.module.eks_managed_node_group["foo"].aws_eks_node_group.this[0]: Still destroying... [id=ex-complete:foo-20220323152045319900000019, 4m39s elapsed]
TestTerraformCompleteExample 2022-03-23T15:28:53Z logger.go:66: module.eks.module.eks_managed_node_group["foo"].aws_eks_node_group.this[0]: Still destroying... [id=ex-complete:foo-20220323152045319900000019, 4m49s elapsed]
TestTerraformCompleteExample 2022-03-23T15:29:03Z logger.go:66: module.eks.module.eks_managed_node_group["foo"].aws_eks_node_group.this[0]: Still destroying... [id=ex-complete:foo-20220323152045319900000019, 4m59s elapsed]
TestTerraformCompleteExample 2022-03-23T15:29:13Z logger.go:66: module.eks.module.eks_managed_node_group["foo"].aws_eks_node_group.this[0]: Still destroying... [id=ex-complete:foo-20220323152045319900000019, 5m9s elapsed]
TestTerraformCompleteExample 2022-03-23T15:29:23Z logger.go:66: module.eks.module.eks_managed_node_group["foo"].aws_eks_node_group.this[0]: Still destroying... [id=ex-complete:foo-20220323152045319900000019, 5m19s elapsed]
TestTerraformCompleteExample 2022-03-23T15:29:33Z logger.go:66: module.eks.module.eks_managed_node_group["foo"].aws_eks_node_group.this[0]: Still destroying... [id=ex-complete:foo-20220323152045319900000019, 5m29s elapsed]
TestTerraformCompleteExample 2022-03-23T15:29:43Z logger.go:66: module.eks.module.eks_managed_node_group["foo"].aws_eks_node_group.this[0]: Still destroying... [id=ex-complete:foo-20220323152045319900000019, 5m39s elapsed]
TestTerraformCompleteExample 2022-03-23T15:29:53Z logger.go:66: module.eks.module.eks_managed_node_group["foo"].aws_eks_node_group.this[0]: Still destroying... [id=ex-complete:foo-20220323152045319900000019, 5m49s elapsed]
TestTerraformCompleteExample 2022-03-23T15:30:03Z logger.go:66: module.eks.module.eks_managed_node_group["foo"].aws_eks_node_group.this[0]: Still destroying... [id=ex-complete:foo-20220323152045319900000019, 5m59s elapsed]
TestTerraformCompleteExample 2022-03-23T15:30:13Z logger.go:66: module.eks.module.eks_managed_node_group["foo"].aws_eks_node_group.this[0]: Still destroying... [id=ex-complete:foo-20220323152045319900000019, 6m9s elapsed]
TestTerraformCompleteExample 2022-03-23T15:30:23Z logger.go:66: module.eks.module.eks_managed_node_group["foo"].aws_eks_node_group.this[0]: Still destroying... [id=ex-complete:foo-20220323152045319900000019, 6m19s elapsed]
TestTerraformCompleteExample 2022-03-23T15:30:33Z logger.go:66: module.eks.module.eks_managed_node_group["foo"].aws_eks_node_group.this[0]: Still destroying... [id=ex-complete:foo-20220323152045319900000019, 6m29s elapsed]
TestTerraformCompleteExample 2022-03-23T15:30:43Z logger.go:66: module.eks.module.eks_managed_node_group["foo"].aws_eks_node_group.this[0]: Still destroying... [id=ex-complete:foo-20220323152045319900000019, 6m39s elapsed]
TestTerraformCompleteExample 2022-03-23T15:30:53Z logger.go:66: module.eks.module.eks_managed_node_group["foo"].aws_eks_node_group.this[0]: Still destroying... [id=ex-complete:foo-20220323152045319900000019, 6m49s elapsed]
TestTerraformCompleteExample 2022-03-23T15:31:03Z logger.go:66: module.eks.module.eks_managed_node_group["foo"].aws_eks_node_group.this[0]: Still destroying... [id=ex-complete:foo-20220323152045319900000019, 6m59s elapsed]
TestTerraformCompleteExample 2022-03-23T15:31:13Z logger.go:66: module.eks.module.eks_managed_node_group["foo"].aws_eks_node_group.this[0]: Still destroying... [id=ex-complete:foo-20220323152045319900000019, 7m9s elapsed]
TestTerraformCompleteExample 2022-03-23T15:31:23Z logger.go:66: module.eks.module.eks_managed_node_group["foo"].aws_eks_node_group.this[0]: Still destroying... [id=ex-complete:foo-20220323152045319900000019, 7m19s elapsed]
TestTerraformCompleteExample 2022-03-23T15:31:33Z logger.go:66: module.eks.module.eks_managed_node_group["foo"].aws_eks_node_group.this[0]: Still destroying... [id=ex-complete:foo-20220323152045319900000019, 7m29s elapsed]
TestTerraformCompleteExample 2022-03-23T15:31:43Z logger.go:66: module.eks.module.eks_managed_node_group["foo"].aws_eks_node_group.this[0]: Still destroying... [id=ex-complete:foo-20220323152045319900000019, 7m39s elapsed]
TestTerraformCompleteExample 2022-03-23T15:31:53Z logger.go:66: module.eks.module.eks_managed_node_group["foo"].aws_eks_node_group.this[0]: Still destroying... [id=ex-complete:foo-20220323152045319900000019, 7m49s elapsed]
TestTerraformCompleteExample 2022-03-23T15:32:03Z logger.go:66: module.eks.module.eks_managed_node_group["foo"].aws_eks_node_group.this[0]: Still destroying... [id=ex-complete:foo-20220323152045319900000019, 7m59s elapsed]
TestTerraformCompleteExample 2022-03-23T15:32:13Z logger.go:66: module.eks.module.eks_managed_node_group["foo"].aws_eks_node_group.this[0]: Still destroying... [id=ex-complete:foo-20220323152045319900000019, 8m9s elapsed]
TestTerraformCompleteExample 2022-03-23T15:32:23Z logger.go:66: module.eks.module.eks_managed_node_group["foo"].aws_eks_node_group.this[0]: Still destroying... [id=ex-complete:foo-20220323152045319900000019, 8m19s elapsed]
TestTerraformCompleteExample 2022-03-23T15:32:29Z logger.go:66: module.eks.module.eks_managed_node_group["foo"].aws_eks_node_group.this[0]: Destruction complete after 8m25s
TestTerraformCompleteExample 2022-03-23T15:32:29Z logger.go:66: module.eks.module.eks_managed_node_group["foo"].aws_launch_template.this[0]: Destroying... [id=lt-0f378dd39b587476e]
TestTerraformCompleteExample 2022-03-23T15:32:29Z logger.go:66: module.eks.module.eks_managed_node_group["foo"].aws_launch_template.this[0]: Destruction complete after 0s
TestTerraformCompleteExample 2022-03-23T15:32:29Z logger.go:66: module.eks.module.eks_managed_node_group["foo"].aws_iam_role_policy_attachment.this["arn:aws:iam::aws:policy/AmazonEKS_CNI_Policy"]: Destroying... [id=foo-eks-node-group-20220323151009303900000001-2022032315101075610000000c]
TestTerraformCompleteExample 2022-03-23T15:32:29Z logger.go:66: module.eks.aws_eks_cluster.this[0]: Destroying... [id=ex-complete]
TestTerraformCompleteExample 2022-03-23T15:32:29Z logger.go:66: module.eks.module.eks_managed_node_group["foo"].aws_iam_role_policy_attachment.this["arn:aws:iam::aws:policy/AmazonEC2ContainerRegistryReadOnly"]: Destroying... [id=foo-eks-node-group-20220323151009303900000001-20220323151010613500000007]
TestTerraformCompleteExample 2022-03-23T15:32:29Z logger.go:66: module.eks.module.eks_managed_node_group["foo"].aws_iam_role_policy_attachment.this["arn:aws:iam::aws:policy/AmazonEKSWorkerNodePolicy"]: Destroying... [id=foo-eks-node-group-20220323151009303900000001-2022032315101072740000000a]
TestTerraformCompleteExample 2022-03-23T15:32:29Z logger.go:66: module.eks.module.eks_managed_node_group["foo"].aws_security_group.this[0]: Destroying... [id=sg-04379df5c4537d4f0]
TestTerraformCompleteExample 2022-03-23T15:32:30Z logger.go:66: module.eks.module.eks_managed_node_group["foo"].aws_security_group.this[0]: Destruction complete after 0s
TestTerraformCompleteExample 2022-03-23T15:32:30Z logger.go:66: module.eks.module.eks_managed_node_group["foo"].aws_iam_role_policy_attachment.this["arn:aws:iam::aws:policy/AmazonEKSWorkerNodePolicy"]: Destruction complete after 0s
TestTerraformCompleteExample 2022-03-23T15:32:30Z logger.go:66: module.eks.module.eks_managed_node_group["foo"].aws_iam_role_policy_attachment.this["arn:aws:iam::aws:policy/AmazonEC2ContainerRegistryReadOnly"]: Destruction complete after 0s
TestTerraformCompleteExample 2022-03-23T15:32:30Z logger.go:66: module.eks.module.eks_managed_node_group["foo"].aws_iam_role_policy_attachment.this["arn:aws:iam::aws:policy/AmazonEKS_CNI_Policy"]: Destruction complete after 0s
TestTerraformCompleteExample 2022-03-23T15:32:30Z logger.go:66: module.eks.module.eks_managed_node_group["foo"].aws_iam_role.this[0]: Destroying... [id=foo-eks-node-group-20220323151009303900000001]
TestTerraformCompleteExample 2022-03-23T15:32:31Z logger.go:66: module.eks.module.eks_managed_node_group["foo"].aws_iam_role.this[0]: Destruction complete after 0s
TestTerraformCompleteExample 2022-03-23T15:32:39Z logger.go:66: module.eks.aws_eks_cluster.this[0]: Still destroying... [id=ex-complete, 10s elapsed]
TestTerraformCompleteExample 2022-03-23T15:32:49Z logger.go:66: module.eks.aws_eks_cluster.this[0]: Still destroying... [id=ex-complete, 20s elapsed]
TestTerraformCompleteExample 2022-03-23T15:32:59Z logger.go:66: module.eks.aws_eks_cluster.this[0]: Still destroying... [id=ex-complete, 30s elapsed]
TestTerraformCompleteExample 2022-03-23T15:33:09Z logger.go:66: module.eks.aws_eks_cluster.this[0]: Still destroying... [id=ex-complete, 40s elapsed]
TestTerraformCompleteExample 2022-03-23T15:33:19Z logger.go:66: module.eks.aws_eks_cluster.this[0]: Still destroying... [id=ex-complete, 50s elapsed]
TestTerraformCompleteExample 2022-03-23T15:33:29Z logger.go:66: module.eks.aws_eks_cluster.this[0]: Still destroying... [id=ex-complete, 1m0s elapsed]
TestTerraformCompleteExample 2022-03-23T15:33:39Z logger.go:66: module.eks.aws_eks_cluster.this[0]: Still destroying... [id=ex-complete, 1m10s elapsed]
TestTerraformCompleteExample 2022-03-23T15:33:49Z logger.go:66: module.eks.aws_eks_cluster.this[0]: Still destroying... [id=ex-complete, 1m20s elapsed]
TestTerraformCompleteExample 2022-03-23T15:33:59Z logger.go:66: module.eks.aws_eks_cluster.this[0]: Still destroying... [id=ex-complete, 1m30s elapsed]
TestTerraformCompleteExample 2022-03-23T15:34:09Z logger.go:66: module.eks.aws_eks_cluster.this[0]: Destruction complete after 1m39s
TestTerraformCompleteExample 2022-03-23T15:34:09Z logger.go:66: module.eks.aws_security_group_rule.cluster["egress_nodes_443"]: Destroying... [id=sgrule-1293373756]
TestTerraformCompleteExample 2022-03-23T15:34:09Z logger.go:66: module.eks.aws_security_group_rule.cluster["egress_nodes_kubelet"]: Destroying... [id=sgrule-3628687488]
TestTerraformCompleteExample 2022-03-23T15:34:09Z logger.go:66: module.eks.aws_iam_role_policy_attachment.this["arn:aws:iam::aws:policy/AmazonEKSClusterPolicy"]: Destroying... [id=ex-complete-cluster-20220323151009306200000002-2022032315101085900000000d]
TestTerraformCompleteExample 2022-03-23T15:34:09Z logger.go:66: module.eks.aws_security_group_rule.node["egress_cluster_443"]: Destroying... [id=sgrule-3929045171]
TestTerraformCompleteExample 2022-03-23T15:34:09Z logger.go:66: module.eks.aws_security_group_rule.node["ingress_cluster_kubelet"]: Destroying... [id=sgrule-3334837706]
TestTerraformCompleteExample 2022-03-23T15:34:09Z logger.go:66: module.eks.aws_security_group_rule.node["ingress_self_coredns_tcp"]: Destroying... [id=sgrule-1592050371]
TestTerraformCompleteExample 2022-03-23T15:34:09Z logger.go:66: module.eks.aws_security_group_rule.node["egress_self_coredns_udp"]: Destroying... [id=sgrule-4008125498]
TestTerraformCompleteExample 2022-03-23T15:34:09Z logger.go:66: module.vpc.aws_subnet.private[1]: Destroying... [id=subnet-01284105c09c11104]
TestTerraformCompleteExample 2022-03-23T15:34:09Z logger.go:66: module.vpc.aws_subnet.private[2]: Destroying... [id=subnet-00dbbd09ccc535bc6]
TestTerraformCompleteExample 2022-03-23T15:34:09Z logger.go:66: module.eks.aws_security_group_rule.node["egress_https"]: Destroying... [id=sgrule-4249664744]
TestTerraformCompleteExample 2022-03-23T15:34:09Z logger.go:66: module.vpc.aws_subnet.private[1]: Destruction complete after 1s
TestTerraformCompleteExample 2022-03-23T15:34:09Z logger.go:66: module.eks.aws_cloudwatch_log_group.this[0]: Destroying... [id=/aws/eks/ex-complete/cluster]
TestTerraformCompleteExample 2022-03-23T15:34:09Z logger.go:66: module.vpc.aws_subnet.private[2]: Destruction complete after 1s
TestTerraformCompleteExample 2022-03-23T15:34:10Z logger.go:66: module.eks.aws_security_group_rule.cluster["egress_nodes_443"]: Destruction complete after 1s
TestTerraformCompleteExample 2022-03-23T15:34:10Z logger.go:66: module.eks.aws_security_group_rule.node["ingress_self_coredns_udp"]: Destroying... [id=sgrule-4206584108]
TestTerraformCompleteExample 2022-03-23T15:34:10Z logger.go:66: module.eks.aws_security_group_rule.node["egress_ntp_udp"]: Destroying... [id=sgrule-1544332539]
TestTerraformCompleteExample 2022-03-23T15:34:10Z logger.go:66: module.eks.aws_iam_role_policy_attachment.this["arn:aws:iam::aws:policy/AmazonEKSClusterPolicy"]: Destruction complete after 1s
TestTerraformCompleteExample 2022-03-23T15:34:10Z logger.go:66: module.vpc.aws_subnet.private[0]: Destroying... [id=subnet-0650f6dd05be35933]
TestTerraformCompleteExample 2022-03-23T15:34:10Z logger.go:66: module.eks.aws_security_group_rule.node["egress_cluster_443"]: Destruction complete after 1s
TestTerraformCompleteExample 2022-03-23T15:34:10Z logger.go:66: module.eks.aws_security_group_rule.cluster["ingress_nodes_443"]: Destroying... [id=sgrule-326841452]
TestTerraformCompleteExample 2022-03-23T15:34:10Z logger.go:66: module.vpc.aws_subnet.private[0]: Destruction complete after 0s
TestTerraformCompleteExample 2022-03-23T15:34:10Z logger.go:66: module.eks.aws_security_group_rule.node["ingress_cluster_kubelet"]: Destruction complete after 1s
TestTerraformCompleteExample 2022-03-23T15:34:10Z logger.go:66: module.eks.aws_security_group_rule.node["ingress_cluster_443"]: Destroying... [id=sgrule-3268208147]
TestTerraformCompleteExample 2022-03-23T15:34:10Z logger.go:66: module.eks.aws_security_group_rule.node["egress_self_coredns_tcp"]: Destroying... [id=sgrule-1619043932]
TestTerraformCompleteExample 2022-03-23T15:34:10Z logger.go:66: module.eks.aws_security_group_rule.cluster["egress_nodes_kubelet"]: Destruction complete after 2s
TestTerraformCompleteExample 2022-03-23T15:34:10Z logger.go:66: module.eks.aws_security_group_rule.node["egress_ntp_tcp"]: Destroying... [id=sgrule-580026870]
TestTerraformCompleteExample 2022-03-23T15:34:10Z logger.go:66: module.eks.aws_cloudwatch_log_group.this[0]: Destruction complete after 1s
TestTerraformCompleteExample 2022-03-23T15:34:10Z logger.go:66: module.eks.aws_iam_role_policy_attachment.this["arn:aws:iam::aws:policy/AmazonEKSVPCResourceController"]: Destroying... [id=ex-complete-cluster-20220323151009306200000002-2022032315101075450000000b]
TestTerraformCompleteExample 2022-03-23T15:34:10Z logger.go:66: module.eks.aws_iam_role_policy_attachment.this["arn:aws:iam::aws:policy/AmazonEKSVPCResourceController"]: Destruction complete after 0s
TestTerraformCompleteExample 2022-03-23T15:34:10Z logger.go:66: module.eks.aws_iam_role.this[0]: Destroying... [id=ex-complete-cluster-20220323151009306200000002]
TestTerraformCompleteExample 2022-03-23T15:34:10Z logger.go:66: module.eks.aws_security_group_rule.cluster["ingress_nodes_443"]: Destruction complete after 1s
TestTerraformCompleteExample 2022-03-23T15:34:10Z logger.go:66: module.eks.aws_security_group_rule.node["ingress_self_coredns_tcp"]: Destruction complete after 2s
TestTerraformCompleteExample 2022-03-23T15:34:11Z logger.go:66: module.eks.aws_iam_role.this[0]: Destruction complete after 0s
TestTerraformCompleteExample 2022-03-23T15:34:11Z logger.go:66: module.eks.aws_security_group_rule.node["egress_self_coredns_udp"]: Destruction complete after 2s
TestTerraformCompleteExample 2022-03-23T15:34:11Z logger.go:66: module.eks.aws_security_group_rule.node["egress_https"]: Destruction complete after 3s
TestTerraformCompleteExample 2022-03-23T15:34:12Z logger.go:66: module.eks.aws_security_group_rule.node["ingress_self_coredns_udp"]: Destruction complete after 2s
TestTerraformCompleteExample 2022-03-23T15:34:12Z logger.go:66: module.eks.aws_security_group_rule.node["egress_ntp_udp"]: Destruction complete after 3s
TestTerraformCompleteExample 2022-03-23T15:34:13Z logger.go:66: module.eks.aws_security_group_rule.node["egress_self_coredns_tcp"]: Destruction complete after 2s
TestTerraformCompleteExample 2022-03-23T15:34:13Z logger.go:66: module.eks.aws_security_group_rule.node["ingress_cluster_443"]: Destruction complete after 3s
TestTerraformCompleteExample 2022-03-23T15:34:14Z logger.go:66: module.eks.aws_security_group_rule.node["egress_ntp_tcp"]: Destruction complete after 3s
TestTerraformCompleteExample 2022-03-23T15:34:14Z logger.go:66: module.eks.aws_security_group.cluster[0]: Destroying... [id=sg-0941752c50550e73a]
TestTerraformCompleteExample 2022-03-23T15:34:14Z logger.go:66: module.eks.aws_security_group.node[0]: Destroying... [id=sg-0a63a098d68ce7755]
TestTerraformCompleteExample 2022-03-23T15:34:14Z logger.go:66: module.eks.aws_security_group.node[0]: Destruction complete after 1s
TestTerraformCompleteExample 2022-03-23T15:34:14Z logger.go:66: module.eks.aws_security_group.cluster[0]: Destruction complete after 1s
TestTerraformCompleteExample 2022-03-23T15:34:14Z logger.go:66: module.vpc.aws_vpc.this[0]: Destroying... [id=vpc-08f223165937bfa42]
TestTerraformCompleteExample 2022-03-23T15:34:14Z logger.go:66: module.vpc.aws_vpc.this[0]: Destruction complete after 0s
TestTerraformCompleteExample 2022-03-23T15:34:15Z logger.go:66:
TestTerraformCompleteExample 2022-03-23T15:34:15Z logger.go:66: Destroy complete! Resources: 61 destroyed.
--- PASS: TestTerraformCompleteExample (1461.84s)
PASS
ok  	command-line-arguments	1461.855s
