=== RUN   TestTerraformBasicExample
TestTerraformBasicExample 2022-03-23T01:37:14Z retry.go:91: terraform [init -upgrade=false]
TestTerraformBasicExample 2022-03-23T01:37:14Z logger.go:66: Running command terraform with args [init -upgrade=false]
TestTerraformBasicExample 2022-03-23T01:37:14Z logger.go:66: [0m[1mInitializing modules...[0m
TestTerraformBasicExample 2022-03-23T01:37:15Z logger.go:66:
TestTerraformBasicExample 2022-03-23T01:37:15Z logger.go:66: [0m[1mInitializing the backend...[0m
TestTerraformBasicExample 2022-03-23T01:37:17Z logger.go:66:
TestTerraformBasicExample 2022-03-23T01:37:17Z logger.go:66: [0m[1mInitializing provider plugins...[0m
TestTerraformBasicExample 2022-03-23T01:37:17Z logger.go:66: - Reusing previous version of hashicorp/aws from the dependency lock file
TestTerraformBasicExample 2022-03-23T01:37:18Z logger.go:66: - Reusing previous version of hashicorp/tls from the dependency lock file
TestTerraformBasicExample 2022-03-23T01:37:18Z logger.go:66: - Reusing previous version of hashicorp/cloudinit from the dependency lock file
TestTerraformBasicExample 2022-03-23T01:37:18Z logger.go:66: - Reusing previous version of hashicorp/kubernetes from the dependency lock file
TestTerraformBasicExample 2022-03-23T01:37:19Z logger.go:66: - Using previously-installed hashicorp/aws v4.6.0
TestTerraformBasicExample 2022-03-23T01:37:19Z logger.go:66: - Using previously-installed hashicorp/tls v3.1.0
TestTerraformBasicExample 2022-03-23T01:37:19Z logger.go:66: - Using previously-installed hashicorp/cloudinit v2.2.0
TestTerraformBasicExample 2022-03-23T01:37:19Z logger.go:66: - Using previously-installed hashicorp/kubernetes v2.8.0
TestTerraformBasicExample 2022-03-23T01:37:19Z logger.go:66:
TestTerraformBasicExample 2022-03-23T01:37:19Z logger.go:66: [0m[1m[32mTerraform has been successfully initialized![0m[32m[0m
TestTerraformBasicExample 2022-03-23T01:37:19Z logger.go:66: [0m[32m
TestTerraformBasicExample 2022-03-23T01:37:19Z logger.go:66: You may now begin working with Terraform. Try running "terraform plan" to see
TestTerraformBasicExample 2022-03-23T01:37:19Z logger.go:66: any changes that are required for your infrastructure. All Terraform commands
TestTerraformBasicExample 2022-03-23T01:37:19Z logger.go:66: should now work.
TestTerraformBasicExample 2022-03-23T01:37:19Z logger.go:66:
TestTerraformBasicExample 2022-03-23T01:37:19Z logger.go:66: If you ever set or change modules or backend configuration for Terraform,
TestTerraformBasicExample 2022-03-23T01:37:19Z logger.go:66: rerun this command to reinitialize your working directory. If you forget, other
TestTerraformBasicExample 2022-03-23T01:37:19Z logger.go:66: commands will detect it and remind you to do so if necessary.[0m
TestTerraformBasicExample 2022-03-23T01:37:19Z retry.go:91: terraform [apply -input=false -auto-approve -no-color -lock=false]
TestTerraformBasicExample 2022-03-23T01:37:19Z logger.go:66: Running command terraform with args [apply -input=false -auto-approve -no-color -lock=false]
TestTerraformBasicExample 2022-03-23T01:37:25Z logger.go:66:
TestTerraformBasicExample 2022-03-23T01:37:25Z logger.go:66: Terraform used the selected providers to generate the following execution
TestTerraformBasicExample 2022-03-23T01:37:25Z logger.go:66: plan. Resource actions are indicated with the following symbols:
TestTerraformBasicExample 2022-03-23T01:37:25Z logger.go:66:   + create
TestTerraformBasicExample 2022-03-23T01:37:25Z logger.go:66:  <= read (data resources)
TestTerraformBasicExample 2022-03-23T01:37:25Z logger.go:66:
TestTerraformBasicExample 2022-03-23T01:37:25Z logger.go:66: Terraform will perform the following actions:
TestTerraformBasicExample 2022-03-23T01:37:25Z logger.go:66:
TestTerraformBasicExample 2022-03-23T01:37:25Z logger.go:66:   # data.aws_eks_cluster.cluster will be read during apply
TestTerraformBasicExample 2022-03-23T01:37:25Z logger.go:66:   # (config refers to values not yet known)
TestTerraformBasicExample 2022-03-23T01:37:25Z logger.go:66:  <= data "aws_eks_cluster" "cluster"  {
TestTerraformBasicExample 2022-03-23T01:37:25Z logger.go:66:       + arn                       = (known after apply)
TestTerraformBasicExample 2022-03-23T01:37:25Z logger.go:66:       + certificate_authority     = (known after apply)
TestTerraformBasicExample 2022-03-23T01:37:25Z logger.go:66:       + created_at                = (known after apply)
TestTerraformBasicExample 2022-03-23T01:37:25Z logger.go:66:       + enabled_cluster_log_types = (known after apply)
TestTerraformBasicExample 2022-03-23T01:37:25Z logger.go:66:       + endpoint                  = (known after apply)
TestTerraformBasicExample 2022-03-23T01:37:25Z logger.go:66:       + id                        = (known after apply)
TestTerraformBasicExample 2022-03-23T01:37:25Z logger.go:66:       + identity                  = (known after apply)
TestTerraformBasicExample 2022-03-23T01:37:25Z logger.go:66:       + kubernetes_network_config = (known after apply)
TestTerraformBasicExample 2022-03-23T01:37:25Z logger.go:66:       + name                      = (known after apply)
TestTerraformBasicExample 2022-03-23T01:37:25Z logger.go:66:       + platform_version          = (known after apply)
TestTerraformBasicExample 2022-03-23T01:37:25Z logger.go:66:       + role_arn                  = (known after apply)
TestTerraformBasicExample 2022-03-23T01:37:25Z logger.go:66:       + status                    = (known after apply)
TestTerraformBasicExample 2022-03-23T01:37:25Z logger.go:66:       + tags                      = (known after apply)
TestTerraformBasicExample 2022-03-23T01:37:25Z logger.go:66:       + version                   = (known after apply)
TestTerraformBasicExample 2022-03-23T01:37:25Z logger.go:66:       + vpc_config                = (known after apply)
TestTerraformBasicExample 2022-03-23T01:37:25Z logger.go:66:     }
TestTerraformBasicExample 2022-03-23T01:37:25Z logger.go:66:
TestTerraformBasicExample 2022-03-23T01:37:25Z logger.go:66:   # data.aws_eks_cluster_auth.cluster will be read during apply
TestTerraformBasicExample 2022-03-23T01:37:25Z logger.go:66:   # (config refers to values not yet known)
TestTerraformBasicExample 2022-03-23T01:37:25Z logger.go:66:  <= data "aws_eks_cluster_auth" "cluster"  {
TestTerraformBasicExample 2022-03-23T01:37:25Z logger.go:66:       + id    = (known after apply)
TestTerraformBasicExample 2022-03-23T01:37:25Z logger.go:66:       + name  = (known after apply)
TestTerraformBasicExample 2022-03-23T01:37:25Z logger.go:66:       + token = (sensitive value)
TestTerraformBasicExample 2022-03-23T01:37:25Z logger.go:66:     }
TestTerraformBasicExample 2022-03-23T01:37:25Z logger.go:66:
TestTerraformBasicExample 2022-03-23T01:37:25Z logger.go:66:   # module.eks.data.tls_certificate.this[0] will be read during apply
TestTerraformBasicExample 2022-03-23T01:37:25Z logger.go:66:   # (config refers to values not yet known)
TestTerraformBasicExample 2022-03-23T01:37:25Z logger.go:66:  <= data "tls_certificate" "this"  {
TestTerraformBasicExample 2022-03-23T01:37:25Z logger.go:66:       + certificates = (known after apply)
TestTerraformBasicExample 2022-03-23T01:37:25Z logger.go:66:       + id           = (known after apply)
TestTerraformBasicExample 2022-03-23T01:37:25Z logger.go:66:       + url          = (known after apply)
TestTerraformBasicExample 2022-03-23T01:37:25Z logger.go:66:     }
TestTerraformBasicExample 2022-03-23T01:37:25Z logger.go:66:
TestTerraformBasicExample 2022-03-23T01:37:25Z logger.go:66:   # module.eks.aws_cloudwatch_log_group.this[0] will be created
TestTerraformBasicExample 2022-03-23T01:37:25Z logger.go:66:   + resource "aws_cloudwatch_log_group" "this" {
TestTerraformBasicExample 2022-03-23T01:37:25Z logger.go:66:       + arn               = (known after apply)
TestTerraformBasicExample 2022-03-23T01:37:25Z logger.go:66:       + id                = (known after apply)
TestTerraformBasicExample 2022-03-23T01:37:25Z logger.go:66:       + name              = "/aws/eks/ex-basic/cluster"
TestTerraformBasicExample 2022-03-23T01:37:25Z logger.go:66:       + retention_in_days = 90
TestTerraformBasicExample 2022-03-23T01:37:25Z logger.go:66:       + tags_all          = {
TestTerraformBasicExample 2022-03-23T01:37:25Z logger.go:66:           + "Example"    = "ex-basic"
TestTerraformBasicExample 2022-03-23T01:37:25Z logger.go:66:           + "GithubOrg"  = "aidan-melen"
TestTerraformBasicExample 2022-03-23T01:37:25Z logger.go:66:           + "GithubRepo" = "terraform-aws-eks-auth"
TestTerraformBasicExample 2022-03-23T01:37:25Z logger.go:66:         }
TestTerraformBasicExample 2022-03-23T01:37:25Z logger.go:66:     }
TestTerraformBasicExample 2022-03-23T01:37:25Z logger.go:66:
TestTerraformBasicExample 2022-03-23T01:37:25Z logger.go:66:   # module.eks.aws_eks_cluster.this[0] will be created
TestTerraformBasicExample 2022-03-23T01:37:25Z logger.go:66:   + resource "aws_eks_cluster" "this" {
TestTerraformBasicExample 2022-03-23T01:37:25Z logger.go:66:       + arn                       = (known after apply)
TestTerraformBasicExample 2022-03-23T01:37:25Z logger.go:66:       + certificate_authority     = (known after apply)
TestTerraformBasicExample 2022-03-23T01:37:25Z logger.go:66:       + created_at                = (known after apply)
TestTerraformBasicExample 2022-03-23T01:37:25Z logger.go:66:       + enabled_cluster_log_types = [
TestTerraformBasicExample 2022-03-23T01:37:25Z logger.go:66:           + "api",
TestTerraformBasicExample 2022-03-23T01:37:25Z logger.go:66:           + "audit",
TestTerraformBasicExample 2022-03-23T01:37:25Z logger.go:66:           + "authenticator",
TestTerraformBasicExample 2022-03-23T01:37:25Z logger.go:66:         ]
TestTerraformBasicExample 2022-03-23T01:37:25Z logger.go:66:       + endpoint                  = (known after apply)
TestTerraformBasicExample 2022-03-23T01:37:25Z logger.go:66:       + id                        = (known after apply)
TestTerraformBasicExample 2022-03-23T01:37:25Z logger.go:66:       + identity                  = (known after apply)
TestTerraformBasicExample 2022-03-23T01:37:25Z logger.go:66:       + name                      = "ex-basic"
TestTerraformBasicExample 2022-03-23T01:37:25Z logger.go:66:       + platform_version          = (known after apply)
TestTerraformBasicExample 2022-03-23T01:37:25Z logger.go:66:       + role_arn                  = (known after apply)
TestTerraformBasicExample 2022-03-23T01:37:25Z logger.go:66:       + status                    = (known after apply)
TestTerraformBasicExample 2022-03-23T01:37:25Z logger.go:66:       + tags_all                  = {
TestTerraformBasicExample 2022-03-23T01:37:25Z logger.go:66:           + "Example"    = "ex-basic"
TestTerraformBasicExample 2022-03-23T01:37:25Z logger.go:66:           + "GithubOrg"  = "aidan-melen"
TestTerraformBasicExample 2022-03-23T01:37:25Z logger.go:66:           + "GithubRepo" = "terraform-aws-eks-auth"
TestTerraformBasicExample 2022-03-23T01:37:25Z logger.go:66:         }
TestTerraformBasicExample 2022-03-23T01:37:25Z logger.go:66:       + version                   = (known after apply)
TestTerraformBasicExample 2022-03-23T01:37:25Z logger.go:66:
TestTerraformBasicExample 2022-03-23T01:37:25Z logger.go:66:       + kubernetes_network_config {
TestTerraformBasicExample 2022-03-23T01:37:25Z logger.go:66:           + ip_family         = (known after apply)
TestTerraformBasicExample 2022-03-23T01:37:25Z logger.go:66:           + service_ipv4_cidr = (known after apply)
TestTerraformBasicExample 2022-03-23T01:37:25Z logger.go:66:         }
TestTerraformBasicExample 2022-03-23T01:37:25Z logger.go:66:
TestTerraformBasicExample 2022-03-23T01:37:25Z logger.go:66:       + timeouts {}
TestTerraformBasicExample 2022-03-23T01:37:25Z logger.go:66:
TestTerraformBasicExample 2022-03-23T01:37:25Z logger.go:66:       + vpc_config {
TestTerraformBasicExample 2022-03-23T01:37:25Z logger.go:66:           + cluster_security_group_id = (known after apply)
TestTerraformBasicExample 2022-03-23T01:37:25Z logger.go:66:           + endpoint_private_access   = false
TestTerraformBasicExample 2022-03-23T01:37:25Z logger.go:66:           + endpoint_public_access    = true
TestTerraformBasicExample 2022-03-23T01:37:25Z logger.go:66:           + public_access_cidrs       = [
TestTerraformBasicExample 2022-03-23T01:37:25Z logger.go:66:               + "0.0.0.0/0",
TestTerraformBasicExample 2022-03-23T01:37:25Z logger.go:66:             ]
TestTerraformBasicExample 2022-03-23T01:37:25Z logger.go:66:           + security_group_ids        = (known after apply)
TestTerraformBasicExample 2022-03-23T01:37:25Z logger.go:66:           + subnet_ids                = (known after apply)
TestTerraformBasicExample 2022-03-23T01:37:25Z logger.go:66:           + vpc_id                    = (known after apply)
TestTerraformBasicExample 2022-03-23T01:37:25Z logger.go:66:         }
TestTerraformBasicExample 2022-03-23T01:37:25Z logger.go:66:     }
TestTerraformBasicExample 2022-03-23T01:37:25Z logger.go:66:
TestTerraformBasicExample 2022-03-23T01:37:25Z logger.go:66:   # module.eks.aws_iam_openid_connect_provider.oidc_provider[0] will be created
TestTerraformBasicExample 2022-03-23T01:37:25Z logger.go:66:   + resource "aws_iam_openid_connect_provider" "oidc_provider" {
TestTerraformBasicExample 2022-03-23T01:37:25Z logger.go:66:       + arn             = (known after apply)
TestTerraformBasicExample 2022-03-23T01:37:25Z logger.go:66:       + client_id_list  = [
TestTerraformBasicExample 2022-03-23T01:37:25Z logger.go:66:           + "sts.amazonaws.com",
TestTerraformBasicExample 2022-03-23T01:37:25Z logger.go:66:         ]
TestTerraformBasicExample 2022-03-23T01:37:25Z logger.go:66:       + id              = (known after apply)
TestTerraformBasicExample 2022-03-23T01:37:25Z logger.go:66:       + tags            = {
TestTerraformBasicExample 2022-03-23T01:37:25Z logger.go:66:           + "Name" = "ex-basic-eks-irsa"
TestTerraformBasicExample 2022-03-23T01:37:25Z logger.go:66:         }
TestTerraformBasicExample 2022-03-23T01:37:25Z logger.go:66:       + tags_all        = {
TestTerraformBasicExample 2022-03-23T01:37:25Z logger.go:66:           + "Example"    = "ex-basic"
TestTerraformBasicExample 2022-03-23T01:37:25Z logger.go:66:           + "GithubOrg"  = "aidan-melen"
TestTerraformBasicExample 2022-03-23T01:37:25Z logger.go:66:           + "GithubRepo" = "terraform-aws-eks-auth"
TestTerraformBasicExample 2022-03-23T01:37:25Z logger.go:66:           + "Name"       = "ex-basic-eks-irsa"
TestTerraformBasicExample 2022-03-23T01:37:25Z logger.go:66:         }
TestTerraformBasicExample 2022-03-23T01:37:25Z logger.go:66:       + thumbprint_list = (known after apply)
TestTerraformBasicExample 2022-03-23T01:37:25Z logger.go:66:       + url             = (known after apply)
TestTerraformBasicExample 2022-03-23T01:37:25Z logger.go:66:     }
TestTerraformBasicExample 2022-03-23T01:37:25Z logger.go:66:
TestTerraformBasicExample 2022-03-23T01:37:25Z logger.go:66:   # module.eks.aws_iam_role.this[0] will be created
TestTerraformBasicExample 2022-03-23T01:37:25Z logger.go:66:   + resource "aws_iam_role" "this" {
TestTerraformBasicExample 2022-03-23T01:37:25Z logger.go:66:       + arn                   = (known after apply)
TestTerraformBasicExample 2022-03-23T01:37:25Z logger.go:66:       + assume_role_policy    = jsonencode(
TestTerraformBasicExample 2022-03-23T01:37:25Z logger.go:66:             {
TestTerraformBasicExample 2022-03-23T01:37:25Z logger.go:66:               + Statement = [
TestTerraformBasicExample 2022-03-23T01:37:25Z logger.go:66:                   + {
TestTerraformBasicExample 2022-03-23T01:37:25Z logger.go:66:                       + Action    = "sts:AssumeRole"
TestTerraformBasicExample 2022-03-23T01:37:25Z logger.go:66:                       + Effect    = "Allow"
TestTerraformBasicExample 2022-03-23T01:37:25Z logger.go:66:                       + Principal = {
TestTerraformBasicExample 2022-03-23T01:37:25Z logger.go:66:                           + Service = "eks.amazonaws.com"
TestTerraformBasicExample 2022-03-23T01:37:25Z logger.go:66:                         }
TestTerraformBasicExample 2022-03-23T01:37:25Z logger.go:66:                       + Sid       = "EKSClusterAssumeRole"
TestTerraformBasicExample 2022-03-23T01:37:25Z logger.go:66:                     },
TestTerraformBasicExample 2022-03-23T01:37:25Z logger.go:66:                 ]
TestTerraformBasicExample 2022-03-23T01:37:25Z logger.go:66:               + Version   = "2012-10-17"
TestTerraformBasicExample 2022-03-23T01:37:25Z logger.go:66:             }
TestTerraformBasicExample 2022-03-23T01:37:25Z logger.go:66:         )
TestTerraformBasicExample 2022-03-23T01:37:25Z logger.go:66:       + create_date           = (known after apply)
TestTerraformBasicExample 2022-03-23T01:37:25Z logger.go:66:       + force_detach_policies = true
TestTerraformBasicExample 2022-03-23T01:37:25Z logger.go:66:       + id                    = (known after apply)
TestTerraformBasicExample 2022-03-23T01:37:25Z logger.go:66:       + managed_policy_arns   = (known after apply)
TestTerraformBasicExample 2022-03-23T01:37:25Z logger.go:66:       + max_session_duration  = 3600
TestTerraformBasicExample 2022-03-23T01:37:25Z logger.go:66:       + name                  = (known after apply)
TestTerraformBasicExample 2022-03-23T01:37:25Z logger.go:66:       + name_prefix           = "ex-basic-cluster-"
TestTerraformBasicExample 2022-03-23T01:37:25Z logger.go:66:       + path                  = "/"
TestTerraformBasicExample 2022-03-23T01:37:25Z logger.go:66:       + tags_all              = {
TestTerraformBasicExample 2022-03-23T01:37:25Z logger.go:66:           + "Example"    = "ex-basic"
TestTerraformBasicExample 2022-03-23T01:37:25Z logger.go:66:           + "GithubOrg"  = "aidan-melen"
TestTerraformBasicExample 2022-03-23T01:37:25Z logger.go:66:           + "GithubRepo" = "terraform-aws-eks-auth"
TestTerraformBasicExample 2022-03-23T01:37:25Z logger.go:66:         }
TestTerraformBasicExample 2022-03-23T01:37:25Z logger.go:66:       + unique_id             = (known after apply)
TestTerraformBasicExample 2022-03-23T01:37:25Z logger.go:66:
TestTerraformBasicExample 2022-03-23T01:37:25Z logger.go:66:       + inline_policy {
TestTerraformBasicExample 2022-03-23T01:37:25Z logger.go:66:           + name   = (known after apply)
TestTerraformBasicExample 2022-03-23T01:37:25Z logger.go:66:           + policy = (known after apply)
TestTerraformBasicExample 2022-03-23T01:37:25Z logger.go:66:         }
TestTerraformBasicExample 2022-03-23T01:37:25Z logger.go:66:     }
TestTerraformBasicExample 2022-03-23T01:37:25Z logger.go:66:
TestTerraformBasicExample 2022-03-23T01:37:25Z logger.go:66:   # module.eks.aws_iam_role_policy_attachment.this["arn:aws:iam::aws:policy/AmazonEKSClusterPolicy"] will be created
TestTerraformBasicExample 2022-03-23T01:37:25Z logger.go:66:   + resource "aws_iam_role_policy_attachment" "this" {
TestTerraformBasicExample 2022-03-23T01:37:25Z logger.go:66:       + id         = (known after apply)
TestTerraformBasicExample 2022-03-23T01:37:25Z logger.go:66:       + policy_arn = "arn:aws:iam::aws:policy/AmazonEKSClusterPolicy"
TestTerraformBasicExample 2022-03-23T01:37:25Z logger.go:66:       + role       = (known after apply)
TestTerraformBasicExample 2022-03-23T01:37:25Z logger.go:66:     }
TestTerraformBasicExample 2022-03-23T01:37:25Z logger.go:66:
TestTerraformBasicExample 2022-03-23T01:37:25Z logger.go:66:   # module.eks.aws_iam_role_policy_attachment.this["arn:aws:iam::aws:policy/AmazonEKSVPCResourceController"] will be created
TestTerraformBasicExample 2022-03-23T01:37:25Z logger.go:66:   + resource "aws_iam_role_policy_attachment" "this" {
TestTerraformBasicExample 2022-03-23T01:37:25Z logger.go:66:       + id         = (known after apply)
TestTerraformBasicExample 2022-03-23T01:37:25Z logger.go:66:       + policy_arn = "arn:aws:iam::aws:policy/AmazonEKSVPCResourceController"
TestTerraformBasicExample 2022-03-23T01:37:25Z logger.go:66:       + role       = (known after apply)
TestTerraformBasicExample 2022-03-23T01:37:25Z logger.go:66:     }
TestTerraformBasicExample 2022-03-23T01:37:25Z logger.go:66:
TestTerraformBasicExample 2022-03-23T01:37:25Z logger.go:66:   # module.eks.aws_security_group.cluster[0] will be created
TestTerraformBasicExample 2022-03-23T01:37:25Z logger.go:66:   + resource "aws_security_group" "cluster" {
TestTerraformBasicExample 2022-03-23T01:37:25Z logger.go:66:       + arn                    = (known after apply)
TestTerraformBasicExample 2022-03-23T01:37:25Z logger.go:66:       + description            = "EKS cluster security group"
TestTerraformBasicExample 2022-03-23T01:37:25Z logger.go:66:       + egress                 = (known after apply)
TestTerraformBasicExample 2022-03-23T01:37:25Z logger.go:66:       + id                     = (known after apply)
TestTerraformBasicExample 2022-03-23T01:37:25Z logger.go:66:       + ingress                = (known after apply)
TestTerraformBasicExample 2022-03-23T01:37:25Z logger.go:66:       + name                   = (known after apply)
TestTerraformBasicExample 2022-03-23T01:37:25Z logger.go:66:       + name_prefix            = "ex-basic-cluster-"
TestTerraformBasicExample 2022-03-23T01:37:25Z logger.go:66:       + owner_id               = (known after apply)
TestTerraformBasicExample 2022-03-23T01:37:25Z logger.go:66:       + revoke_rules_on_delete = false
TestTerraformBasicExample 2022-03-23T01:37:25Z logger.go:66:       + tags                   = {
TestTerraformBasicExample 2022-03-23T01:37:25Z logger.go:66:           + "Name" = "ex-basic-cluster"
TestTerraformBasicExample 2022-03-23T01:37:25Z logger.go:66:         }
TestTerraformBasicExample 2022-03-23T01:37:25Z logger.go:66:       + tags_all               = {
TestTerraformBasicExample 2022-03-23T01:37:25Z logger.go:66:           + "Example"    = "ex-basic"
TestTerraformBasicExample 2022-03-23T01:37:25Z logger.go:66:           + "GithubOrg"  = "aidan-melen"
TestTerraformBasicExample 2022-03-23T01:37:25Z logger.go:66:           + "GithubRepo" = "terraform-aws-eks-auth"
TestTerraformBasicExample 2022-03-23T01:37:25Z logger.go:66:           + "Name"       = "ex-basic-cluster"
TestTerraformBasicExample 2022-03-23T01:37:25Z logger.go:66:         }
TestTerraformBasicExample 2022-03-23T01:37:25Z logger.go:66:       + vpc_id                 = (known after apply)
TestTerraformBasicExample 2022-03-23T01:37:25Z logger.go:66:     }
TestTerraformBasicExample 2022-03-23T01:37:25Z logger.go:66:
TestTerraformBasicExample 2022-03-23T01:37:25Z logger.go:66:   # module.eks.aws_security_group.node[0] will be created
TestTerraformBasicExample 2022-03-23T01:37:25Z logger.go:66:   + resource "aws_security_group" "node" {
TestTerraformBasicExample 2022-03-23T01:37:25Z logger.go:66:       + arn                    = (known after apply)
TestTerraformBasicExample 2022-03-23T01:37:25Z logger.go:66:       + description            = "EKS node shared security group"
TestTerraformBasicExample 2022-03-23T01:37:25Z logger.go:66:       + egress                 = (known after apply)
TestTerraformBasicExample 2022-03-23T01:37:25Z logger.go:66:       + id                     = (known after apply)
TestTerraformBasicExample 2022-03-23T01:37:25Z logger.go:66:       + ingress                = (known after apply)
TestTerraformBasicExample 2022-03-23T01:37:25Z logger.go:66:       + name                   = (known after apply)
TestTerraformBasicExample 2022-03-23T01:37:25Z logger.go:66:       + name_prefix            = "ex-basic-node-"
TestTerraformBasicExample 2022-03-23T01:37:25Z logger.go:66:       + owner_id               = (known after apply)
TestTerraformBasicExample 2022-03-23T01:37:25Z logger.go:66:       + revoke_rules_on_delete = false
TestTerraformBasicExample 2022-03-23T01:37:25Z logger.go:66:       + tags                   = {
TestTerraformBasicExample 2022-03-23T01:37:25Z logger.go:66:           + "Name"                           = "ex-basic-node"
TestTerraformBasicExample 2022-03-23T01:37:25Z logger.go:66:           + "kubernetes.io/cluster/ex-basic" = "owned"
TestTerraformBasicExample 2022-03-23T01:37:25Z logger.go:66:         }
TestTerraformBasicExample 2022-03-23T01:37:25Z logger.go:66:       + tags_all               = {
TestTerraformBasicExample 2022-03-23T01:37:25Z logger.go:66:           + "Example"                        = "ex-basic"
TestTerraformBasicExample 2022-03-23T01:37:25Z logger.go:66:           + "GithubOrg"                      = "aidan-melen"
TestTerraformBasicExample 2022-03-23T01:37:25Z logger.go:66:           + "GithubRepo"                     = "terraform-aws-eks-auth"
TestTerraformBasicExample 2022-03-23T01:37:25Z logger.go:66:           + "Name"                           = "ex-basic-node"
TestTerraformBasicExample 2022-03-23T01:37:25Z logger.go:66:           + "kubernetes.io/cluster/ex-basic" = "owned"
TestTerraformBasicExample 2022-03-23T01:37:25Z logger.go:66:         }
TestTerraformBasicExample 2022-03-23T01:37:25Z logger.go:66:       + vpc_id                 = (known after apply)
TestTerraformBasicExample 2022-03-23T01:37:25Z logger.go:66:     }
TestTerraformBasicExample 2022-03-23T01:37:25Z logger.go:66:
TestTerraformBasicExample 2022-03-23T01:37:25Z logger.go:66:   # module.eks.aws_security_group_rule.cluster["egress_nodes_443"] will be created
TestTerraformBasicExample 2022-03-23T01:37:25Z logger.go:66:   + resource "aws_security_group_rule" "cluster" {
TestTerraformBasicExample 2022-03-23T01:37:25Z logger.go:66:       + description              = "Cluster API to node groups"
TestTerraformBasicExample 2022-03-23T01:37:25Z logger.go:66:       + from_port                = 443
TestTerraformBasicExample 2022-03-23T01:37:25Z logger.go:66:       + id                       = (known after apply)
TestTerraformBasicExample 2022-03-23T01:37:25Z logger.go:66:       + prefix_list_ids          = []
TestTerraformBasicExample 2022-03-23T01:37:25Z logger.go:66:       + protocol                 = "tcp"
TestTerraformBasicExample 2022-03-23T01:37:25Z logger.go:66:       + security_group_id        = (known after apply)
TestTerraformBasicExample 2022-03-23T01:37:25Z logger.go:66:       + self                     = false
TestTerraformBasicExample 2022-03-23T01:37:25Z logger.go:66:       + source_security_group_id = (known after apply)
TestTerraformBasicExample 2022-03-23T01:37:25Z logger.go:66:       + to_port                  = 443
TestTerraformBasicExample 2022-03-23T01:37:25Z logger.go:66:       + type                     = "egress"
TestTerraformBasicExample 2022-03-23T01:37:25Z logger.go:66:     }
TestTerraformBasicExample 2022-03-23T01:37:25Z logger.go:66:
TestTerraformBasicExample 2022-03-23T01:37:25Z logger.go:66:   # module.eks.aws_security_group_rule.cluster["egress_nodes_kubelet"] will be created
TestTerraformBasicExample 2022-03-23T01:37:25Z logger.go:66:   + resource "aws_security_group_rule" "cluster" {
TestTerraformBasicExample 2022-03-23T01:37:25Z logger.go:66:       + description              = "Cluster API to node kubelets"
TestTerraformBasicExample 2022-03-23T01:37:25Z logger.go:66:       + from_port                = 10250
TestTerraformBasicExample 2022-03-23T01:37:25Z logger.go:66:       + id                       = (known after apply)
TestTerraformBasicExample 2022-03-23T01:37:25Z logger.go:66:       + prefix_list_ids          = []
TestTerraformBasicExample 2022-03-23T01:37:25Z logger.go:66:       + protocol                 = "tcp"
TestTerraformBasicExample 2022-03-23T01:37:25Z logger.go:66:       + security_group_id        = (known after apply)
TestTerraformBasicExample 2022-03-23T01:37:25Z logger.go:66:       + self                     = false
TestTerraformBasicExample 2022-03-23T01:37:25Z logger.go:66:       + source_security_group_id = (known after apply)
TestTerraformBasicExample 2022-03-23T01:37:25Z logger.go:66:       + to_port                  = 10250
TestTerraformBasicExample 2022-03-23T01:37:25Z logger.go:66:       + type                     = "egress"
TestTerraformBasicExample 2022-03-23T01:37:25Z logger.go:66:     }
TestTerraformBasicExample 2022-03-23T01:37:25Z logger.go:66:
TestTerraformBasicExample 2022-03-23T01:37:25Z logger.go:66:   # module.eks.aws_security_group_rule.cluster["ingress_nodes_443"] will be created
TestTerraformBasicExample 2022-03-23T01:37:25Z logger.go:66:   + resource "aws_security_group_rule" "cluster" {
TestTerraformBasicExample 2022-03-23T01:37:25Z logger.go:66:       + description              = "Node groups to cluster API"
TestTerraformBasicExample 2022-03-23T01:37:25Z logger.go:66:       + from_port                = 443
TestTerraformBasicExample 2022-03-23T01:37:25Z logger.go:66:       + id                       = (known after apply)
TestTerraformBasicExample 2022-03-23T01:37:25Z logger.go:66:       + prefix_list_ids          = []
TestTerraformBasicExample 2022-03-23T01:37:25Z logger.go:66:       + protocol                 = "tcp"
TestTerraformBasicExample 2022-03-23T01:37:25Z logger.go:66:       + security_group_id        = (known after apply)
TestTerraformBasicExample 2022-03-23T01:37:25Z logger.go:66:       + self                     = false
TestTerraformBasicExample 2022-03-23T01:37:25Z logger.go:66:       + source_security_group_id = (known after apply)
TestTerraformBasicExample 2022-03-23T01:37:25Z logger.go:66:       + to_port                  = 443
TestTerraformBasicExample 2022-03-23T01:37:25Z logger.go:66:       + type                     = "ingress"
TestTerraformBasicExample 2022-03-23T01:37:25Z logger.go:66:     }
TestTerraformBasicExample 2022-03-23T01:37:25Z logger.go:66:
TestTerraformBasicExample 2022-03-23T01:37:25Z logger.go:66:   # module.eks.aws_security_group_rule.node["egress_cluster_443"] will be created
TestTerraformBasicExample 2022-03-23T01:37:25Z logger.go:66:   + resource "aws_security_group_rule" "node" {
TestTerraformBasicExample 2022-03-23T01:37:25Z logger.go:66:       + description              = "Node groups to cluster API"
TestTerraformBasicExample 2022-03-23T01:37:25Z logger.go:66:       + from_port                = 443
TestTerraformBasicExample 2022-03-23T01:37:25Z logger.go:66:       + id                       = (known after apply)
TestTerraformBasicExample 2022-03-23T01:37:25Z logger.go:66:       + prefix_list_ids          = []
TestTerraformBasicExample 2022-03-23T01:37:25Z logger.go:66:       + protocol                 = "tcp"
TestTerraformBasicExample 2022-03-23T01:37:25Z logger.go:66:       + security_group_id        = (known after apply)
TestTerraformBasicExample 2022-03-23T01:37:25Z logger.go:66:       + self                     = false
TestTerraformBasicExample 2022-03-23T01:37:25Z logger.go:66:       + source_security_group_id = (known after apply)
TestTerraformBasicExample 2022-03-23T01:37:25Z logger.go:66:       + to_port                  = 443
TestTerraformBasicExample 2022-03-23T01:37:25Z logger.go:66:       + type                     = "egress"
TestTerraformBasicExample 2022-03-23T01:37:25Z logger.go:66:     }
TestTerraformBasicExample 2022-03-23T01:37:25Z logger.go:66:
TestTerraformBasicExample 2022-03-23T01:37:25Z logger.go:66:   # module.eks.aws_security_group_rule.node["egress_https"] will be created
TestTerraformBasicExample 2022-03-23T01:37:25Z logger.go:66:   + resource "aws_security_group_rule" "node" {
TestTerraformBasicExample 2022-03-23T01:37:25Z logger.go:66:       + cidr_blocks              = [
TestTerraformBasicExample 2022-03-23T01:37:25Z logger.go:66:           + "0.0.0.0/0",
TestTerraformBasicExample 2022-03-23T01:37:25Z logger.go:66:         ]
TestTerraformBasicExample 2022-03-23T01:37:25Z logger.go:66:       + description              = "Egress all HTTPS to internet"
TestTerraformBasicExample 2022-03-23T01:37:25Z logger.go:66:       + from_port                = 443
TestTerraformBasicExample 2022-03-23T01:37:25Z logger.go:66:       + id                       = (known after apply)
TestTerraformBasicExample 2022-03-23T01:37:25Z logger.go:66:       + prefix_list_ids          = []
TestTerraformBasicExample 2022-03-23T01:37:25Z logger.go:66:       + protocol                 = "tcp"
TestTerraformBasicExample 2022-03-23T01:37:25Z logger.go:66:       + security_group_id        = (known after apply)
TestTerraformBasicExample 2022-03-23T01:37:25Z logger.go:66:       + self                     = false
TestTerraformBasicExample 2022-03-23T01:37:25Z logger.go:66:       + source_security_group_id = (known after apply)
TestTerraformBasicExample 2022-03-23T01:37:25Z logger.go:66:       + to_port                  = 443
TestTerraformBasicExample 2022-03-23T01:37:25Z logger.go:66:       + type                     = "egress"
TestTerraformBasicExample 2022-03-23T01:37:25Z logger.go:66:     }
TestTerraformBasicExample 2022-03-23T01:37:25Z logger.go:66:
TestTerraformBasicExample 2022-03-23T01:37:25Z logger.go:66:   # module.eks.aws_security_group_rule.node["egress_ntp_tcp"] will be created
TestTerraformBasicExample 2022-03-23T01:37:25Z logger.go:66:   + resource "aws_security_group_rule" "node" {
TestTerraformBasicExample 2022-03-23T01:37:25Z logger.go:66:       + cidr_blocks              = [
TestTerraformBasicExample 2022-03-23T01:37:25Z logger.go:66:           + "0.0.0.0/0",
TestTerraformBasicExample 2022-03-23T01:37:25Z logger.go:66:         ]
TestTerraformBasicExample 2022-03-23T01:37:25Z logger.go:66:       + description              = "Egress NTP/TCP to internet"
TestTerraformBasicExample 2022-03-23T01:37:25Z logger.go:66:       + from_port                = 123
TestTerraformBasicExample 2022-03-23T01:37:25Z logger.go:66:       + id                       = (known after apply)
TestTerraformBasicExample 2022-03-23T01:37:25Z logger.go:66:       + prefix_list_ids          = []
TestTerraformBasicExample 2022-03-23T01:37:25Z logger.go:66:       + protocol                 = "tcp"
TestTerraformBasicExample 2022-03-23T01:37:25Z logger.go:66:       + security_group_id        = (known after apply)
TestTerraformBasicExample 2022-03-23T01:37:25Z logger.go:66:       + self                     = false
TestTerraformBasicExample 2022-03-23T01:37:25Z logger.go:66:       + source_security_group_id = (known after apply)
TestTerraformBasicExample 2022-03-23T01:37:25Z logger.go:66:       + to_port                  = 123
TestTerraformBasicExample 2022-03-23T01:37:25Z logger.go:66:       + type                     = "egress"
TestTerraformBasicExample 2022-03-23T01:37:25Z logger.go:66:     }
TestTerraformBasicExample 2022-03-23T01:37:25Z logger.go:66:
TestTerraformBasicExample 2022-03-23T01:37:25Z logger.go:66:   # module.eks.aws_security_group_rule.node["egress_ntp_udp"] will be created
TestTerraformBasicExample 2022-03-23T01:37:25Z logger.go:66:   + resource "aws_security_group_rule" "node" {
TestTerraformBasicExample 2022-03-23T01:37:25Z logger.go:66:       + cidr_blocks              = [
TestTerraformBasicExample 2022-03-23T01:37:25Z logger.go:66:           + "0.0.0.0/0",
TestTerraformBasicExample 2022-03-23T01:37:25Z logger.go:66:         ]
TestTerraformBasicExample 2022-03-23T01:37:25Z logger.go:66:       + description              = "Egress NTP/UDP to internet"
TestTerraformBasicExample 2022-03-23T01:37:25Z logger.go:66:       + from_port                = 123
TestTerraformBasicExample 2022-03-23T01:37:25Z logger.go:66:       + id                       = (known after apply)
TestTerraformBasicExample 2022-03-23T01:37:25Z logger.go:66:       + prefix_list_ids          = []
TestTerraformBasicExample 2022-03-23T01:37:25Z logger.go:66:       + protocol                 = "udp"
TestTerraformBasicExample 2022-03-23T01:37:25Z logger.go:66:       + security_group_id        = (known after apply)
TestTerraformBasicExample 2022-03-23T01:37:25Z logger.go:66:       + self                     = false
TestTerraformBasicExample 2022-03-23T01:37:25Z logger.go:66:       + source_security_group_id = (known after apply)
TestTerraformBasicExample 2022-03-23T01:37:25Z logger.go:66:       + to_port                  = 123
TestTerraformBasicExample 2022-03-23T01:37:25Z logger.go:66:       + type                     = "egress"
TestTerraformBasicExample 2022-03-23T01:37:25Z logger.go:66:     }
TestTerraformBasicExample 2022-03-23T01:37:25Z logger.go:66:
TestTerraformBasicExample 2022-03-23T01:37:25Z logger.go:66:   # module.eks.aws_security_group_rule.node["egress_self_coredns_tcp"] will be created
TestTerraformBasicExample 2022-03-23T01:37:25Z logger.go:66:   + resource "aws_security_group_rule" "node" {
TestTerraformBasicExample 2022-03-23T01:37:25Z logger.go:66:       + description              = "Node to node CoreDNS"
TestTerraformBasicExample 2022-03-23T01:37:25Z logger.go:66:       + from_port                = 53
TestTerraformBasicExample 2022-03-23T01:37:25Z logger.go:66:       + id                       = (known after apply)
TestTerraformBasicExample 2022-03-23T01:37:25Z logger.go:66:       + prefix_list_ids          = []
TestTerraformBasicExample 2022-03-23T01:37:25Z logger.go:66:       + protocol                 = "tcp"
TestTerraformBasicExample 2022-03-23T01:37:25Z logger.go:66:       + security_group_id        = (known after apply)
TestTerraformBasicExample 2022-03-23T01:37:25Z logger.go:66:       + self                     = true
TestTerraformBasicExample 2022-03-23T01:37:25Z logger.go:66:       + source_security_group_id = (known after apply)
TestTerraformBasicExample 2022-03-23T01:37:25Z logger.go:66:       + to_port                  = 53
TestTerraformBasicExample 2022-03-23T01:37:25Z logger.go:66:       + type                     = "egress"
TestTerraformBasicExample 2022-03-23T01:37:25Z logger.go:66:     }
TestTerraformBasicExample 2022-03-23T01:37:25Z logger.go:66:
TestTerraformBasicExample 2022-03-23T01:37:25Z logger.go:66:   # module.eks.aws_security_group_rule.node["egress_self_coredns_udp"] will be created
TestTerraformBasicExample 2022-03-23T01:37:25Z logger.go:66:   + resource "aws_security_group_rule" "node" {
TestTerraformBasicExample 2022-03-23T01:37:25Z logger.go:66:       + description              = "Node to node CoreDNS"
TestTerraformBasicExample 2022-03-23T01:37:25Z logger.go:66:       + from_port                = 53
TestTerraformBasicExample 2022-03-23T01:37:25Z logger.go:66:       + id                       = (known after apply)
TestTerraformBasicExample 2022-03-23T01:37:25Z logger.go:66:       + prefix_list_ids          = []
TestTerraformBasicExample 2022-03-23T01:37:25Z logger.go:66:       + protocol                 = "udp"
TestTerraformBasicExample 2022-03-23T01:37:25Z logger.go:66:       + security_group_id        = (known after apply)
TestTerraformBasicExample 2022-03-23T01:37:25Z logger.go:66:       + self                     = true
TestTerraformBasicExample 2022-03-23T01:37:25Z logger.go:66:       + source_security_group_id = (known after apply)
TestTerraformBasicExample 2022-03-23T01:37:25Z logger.go:66:       + to_port                  = 53
TestTerraformBasicExample 2022-03-23T01:37:25Z logger.go:66:       + type                     = "egress"
TestTerraformBasicExample 2022-03-23T01:37:25Z logger.go:66:     }
TestTerraformBasicExample 2022-03-23T01:37:25Z logger.go:66:
TestTerraformBasicExample 2022-03-23T01:37:25Z logger.go:66:   # module.eks.aws_security_group_rule.node["ingress_cluster_443"] will be created
TestTerraformBasicExample 2022-03-23T01:37:25Z logger.go:66:   + resource "aws_security_group_rule" "node" {
TestTerraformBasicExample 2022-03-23T01:37:25Z logger.go:66:       + description              = "Cluster API to node groups"
TestTerraformBasicExample 2022-03-23T01:37:25Z logger.go:66:       + from_port                = 443
TestTerraformBasicExample 2022-03-23T01:37:25Z logger.go:66:       + id                       = (known after apply)
TestTerraformBasicExample 2022-03-23T01:37:25Z logger.go:66:       + prefix_list_ids          = []
TestTerraformBasicExample 2022-03-23T01:37:25Z logger.go:66:       + protocol                 = "tcp"
TestTerraformBasicExample 2022-03-23T01:37:25Z logger.go:66:       + security_group_id        = (known after apply)
TestTerraformBasicExample 2022-03-23T01:37:25Z logger.go:66:       + self                     = false
TestTerraformBasicExample 2022-03-23T01:37:25Z logger.go:66:       + source_security_group_id = (known after apply)
TestTerraformBasicExample 2022-03-23T01:37:25Z logger.go:66:       + to_port                  = 443
TestTerraformBasicExample 2022-03-23T01:37:25Z logger.go:66:       + type                     = "ingress"
TestTerraformBasicExample 2022-03-23T01:37:25Z logger.go:66:     }
TestTerraformBasicExample 2022-03-23T01:37:25Z logger.go:66:
TestTerraformBasicExample 2022-03-23T01:37:25Z logger.go:66:   # module.eks.aws_security_group_rule.node["ingress_cluster_kubelet"] will be created
TestTerraformBasicExample 2022-03-23T01:37:25Z logger.go:66:   + resource "aws_security_group_rule" "node" {
TestTerraformBasicExample 2022-03-23T01:37:25Z logger.go:66:       + description              = "Cluster API to node kubelets"
TestTerraformBasicExample 2022-03-23T01:37:25Z logger.go:66:       + from_port                = 10250
TestTerraformBasicExample 2022-03-23T01:37:25Z logger.go:66:       + id                       = (known after apply)
TestTerraformBasicExample 2022-03-23T01:37:25Z logger.go:66:       + prefix_list_ids          = []
TestTerraformBasicExample 2022-03-23T01:37:25Z logger.go:66:       + protocol                 = "tcp"
TestTerraformBasicExample 2022-03-23T01:37:25Z logger.go:66:       + security_group_id        = (known after apply)
TestTerraformBasicExample 2022-03-23T01:37:25Z logger.go:66:       + self                     = false
TestTerraformBasicExample 2022-03-23T01:37:25Z logger.go:66:       + source_security_group_id = (known after apply)
TestTerraformBasicExample 2022-03-23T01:37:25Z logger.go:66:       + to_port                  = 10250
TestTerraformBasicExample 2022-03-23T01:37:25Z logger.go:66:       + type                     = "ingress"
TestTerraformBasicExample 2022-03-23T01:37:25Z logger.go:66:     }
TestTerraformBasicExample 2022-03-23T01:37:25Z logger.go:66:
TestTerraformBasicExample 2022-03-23T01:37:25Z logger.go:66:   # module.eks.aws_security_group_rule.node["ingress_self_coredns_tcp"] will be created
TestTerraformBasicExample 2022-03-23T01:37:25Z logger.go:66:   + resource "aws_security_group_rule" "node" {
TestTerraformBasicExample 2022-03-23T01:37:25Z logger.go:66:       + description              = "Node to node CoreDNS"
TestTerraformBasicExample 2022-03-23T01:37:25Z logger.go:66:       + from_port                = 53
TestTerraformBasicExample 2022-03-23T01:37:25Z logger.go:66:       + id                       = (known after apply)
TestTerraformBasicExample 2022-03-23T01:37:25Z logger.go:66:       + prefix_list_ids          = []
TestTerraformBasicExample 2022-03-23T01:37:25Z logger.go:66:       + protocol                 = "tcp"
TestTerraformBasicExample 2022-03-23T01:37:25Z logger.go:66:       + security_group_id        = (known after apply)
TestTerraformBasicExample 2022-03-23T01:37:25Z logger.go:66:       + self                     = true
TestTerraformBasicExample 2022-03-23T01:37:25Z logger.go:66:       + source_security_group_id = (known after apply)
TestTerraformBasicExample 2022-03-23T01:37:25Z logger.go:66:       + to_port                  = 53
TestTerraformBasicExample 2022-03-23T01:37:25Z logger.go:66:       + type                     = "ingress"
TestTerraformBasicExample 2022-03-23T01:37:25Z logger.go:66:     }
TestTerraformBasicExample 2022-03-23T01:37:25Z logger.go:66:
TestTerraformBasicExample 2022-03-23T01:37:25Z logger.go:66:   # module.eks.aws_security_group_rule.node["ingress_self_coredns_udp"] will be created
TestTerraformBasicExample 2022-03-23T01:37:25Z logger.go:66:   + resource "aws_security_group_rule" "node" {
TestTerraformBasicExample 2022-03-23T01:37:25Z logger.go:66:       + description              = "Node to node CoreDNS"
TestTerraformBasicExample 2022-03-23T01:37:25Z logger.go:66:       + from_port                = 53
TestTerraformBasicExample 2022-03-23T01:37:25Z logger.go:66:       + id                       = (known after apply)
TestTerraformBasicExample 2022-03-23T01:37:25Z logger.go:66:       + prefix_list_ids          = []
TestTerraformBasicExample 2022-03-23T01:37:25Z logger.go:66:       + protocol                 = "udp"
TestTerraformBasicExample 2022-03-23T01:37:25Z logger.go:66:       + security_group_id        = (known after apply)
TestTerraformBasicExample 2022-03-23T01:37:25Z logger.go:66:       + self                     = true
TestTerraformBasicExample 2022-03-23T01:37:25Z logger.go:66:       + source_security_group_id = (known after apply)
TestTerraformBasicExample 2022-03-23T01:37:25Z logger.go:66:       + to_port                  = 53
TestTerraformBasicExample 2022-03-23T01:37:25Z logger.go:66:       + type                     = "ingress"
TestTerraformBasicExample 2022-03-23T01:37:25Z logger.go:66:     }
TestTerraformBasicExample 2022-03-23T01:37:25Z logger.go:66:
TestTerraformBasicExample 2022-03-23T01:37:25Z logger.go:66:   # module.eks_auth.data.aws_eks_cluster.cluster will be read during apply
TestTerraformBasicExample 2022-03-23T01:37:25Z logger.go:66:   # (config refers to values not yet known)
TestTerraformBasicExample 2022-03-23T01:37:25Z logger.go:66:  <= data "aws_eks_cluster" "cluster"  {
TestTerraformBasicExample 2022-03-23T01:37:25Z logger.go:66:       + arn                       = (known after apply)
TestTerraformBasicExample 2022-03-23T01:37:25Z logger.go:66:       + certificate_authority     = (known after apply)
TestTerraformBasicExample 2022-03-23T01:37:25Z logger.go:66:       + created_at                = (known after apply)
TestTerraformBasicExample 2022-03-23T01:37:25Z logger.go:66:       + enabled_cluster_log_types = (known after apply)
TestTerraformBasicExample 2022-03-23T01:37:25Z logger.go:66:       + endpoint                  = (known after apply)
TestTerraformBasicExample 2022-03-23T01:37:25Z logger.go:66:       + id                        = (known after apply)
TestTerraformBasicExample 2022-03-23T01:37:25Z logger.go:66:       + identity                  = (known after apply)
TestTerraformBasicExample 2022-03-23T01:37:25Z logger.go:66:       + kubernetes_network_config = (known after apply)
TestTerraformBasicExample 2022-03-23T01:37:25Z logger.go:66:       + name                      = (known after apply)
TestTerraformBasicExample 2022-03-23T01:37:25Z logger.go:66:       + platform_version          = (known after apply)
TestTerraformBasicExample 2022-03-23T01:37:25Z logger.go:66:       + role_arn                  = (known after apply)
TestTerraformBasicExample 2022-03-23T01:37:25Z logger.go:66:       + status                    = (known after apply)
TestTerraformBasicExample 2022-03-23T01:37:25Z logger.go:66:       + tags                      = (known after apply)
TestTerraformBasicExample 2022-03-23T01:37:25Z logger.go:66:       + version                   = (known after apply)
TestTerraformBasicExample 2022-03-23T01:37:25Z logger.go:66:       + vpc_config                = (known after apply)
TestTerraformBasicExample 2022-03-23T01:37:25Z logger.go:66:     }
TestTerraformBasicExample 2022-03-23T01:37:25Z logger.go:66:
TestTerraformBasicExample 2022-03-23T01:37:25Z logger.go:66:   # module.eks_auth.kubernetes_config_map_v1.aws_auth[0] will be created
TestTerraformBasicExample 2022-03-23T01:37:25Z logger.go:66:   + resource "kubernetes_config_map_v1" "aws_auth" {
TestTerraformBasicExample 2022-03-23T01:37:25Z logger.go:66:       + data = (known after apply)
TestTerraformBasicExample 2022-03-23T01:37:25Z logger.go:66:       + id   = (known after apply)
TestTerraformBasicExample 2022-03-23T01:37:25Z logger.go:66:
TestTerraformBasicExample 2022-03-23T01:37:25Z logger.go:66:       + metadata {
TestTerraformBasicExample 2022-03-23T01:37:25Z logger.go:66:           + generation       = (known after apply)
TestTerraformBasicExample 2022-03-23T01:37:25Z logger.go:66:           + labels           = {
TestTerraformBasicExample 2022-03-23T01:37:25Z logger.go:66:               + "app.kubernetes.io/managed-by" = "Terraform"
TestTerraformBasicExample 2022-03-23T01:37:25Z logger.go:66:               + "terraform.io/module"          = "aidanmelen.eks-auth.aws"
TestTerraformBasicExample 2022-03-23T01:37:25Z logger.go:66:             }
TestTerraformBasicExample 2022-03-23T01:37:25Z logger.go:66:           + name             = "aws-auth"
TestTerraformBasicExample 2022-03-23T01:37:25Z logger.go:66:           + namespace        = "kube-system"
TestTerraformBasicExample 2022-03-23T01:37:25Z logger.go:66:           + resource_version = (known after apply)
TestTerraformBasicExample 2022-03-23T01:37:25Z logger.go:66:           + uid              = (known after apply)
TestTerraformBasicExample 2022-03-23T01:37:25Z logger.go:66:         }
TestTerraformBasicExample 2022-03-23T01:37:25Z logger.go:66:     }
TestTerraformBasicExample 2022-03-23T01:37:25Z logger.go:66:
TestTerraformBasicExample 2022-03-23T01:37:25Z logger.go:66:   # module.eks_auth.kubernetes_job_v1.aws_auth[0] will be created
TestTerraformBasicExample 2022-03-23T01:37:25Z logger.go:66:   + resource "kubernetes_job_v1" "aws_auth" {
TestTerraformBasicExample 2022-03-23T01:37:25Z logger.go:66:       + id                  = (known after apply)
TestTerraformBasicExample 2022-03-23T01:37:25Z logger.go:66:       + wait_for_completion = true
TestTerraformBasicExample 2022-03-23T01:37:25Z logger.go:66:
TestTerraformBasicExample 2022-03-23T01:37:25Z logger.go:66:       + metadata {
TestTerraformBasicExample 2022-03-23T01:37:25Z logger.go:66:           + generation       = (known after apply)
TestTerraformBasicExample 2022-03-23T01:37:25Z logger.go:66:           + labels           = {
TestTerraformBasicExample 2022-03-23T01:37:25Z logger.go:66:               + "app.kubernetes.io/managed-by" = "Terraform"
TestTerraformBasicExample 2022-03-23T01:37:25Z logger.go:66:               + "terraform.io/module"          = "aidanmelen.eks-auth.aws"
TestTerraformBasicExample 2022-03-23T01:37:25Z logger.go:66:             }
TestTerraformBasicExample 2022-03-23T01:37:25Z logger.go:66:           + name             = "terraform-eks-auth-aws"
TestTerraformBasicExample 2022-03-23T01:37:25Z logger.go:66:           + namespace        = "kube-system"
TestTerraformBasicExample 2022-03-23T01:37:25Z logger.go:66:           + resource_version = (known after apply)
TestTerraformBasicExample 2022-03-23T01:37:25Z logger.go:66:           + uid              = (known after apply)
TestTerraformBasicExample 2022-03-23T01:37:25Z logger.go:66:         }
TestTerraformBasicExample 2022-03-23T01:37:25Z logger.go:66:
TestTerraformBasicExample 2022-03-23T01:37:25Z logger.go:66:       + spec {
TestTerraformBasicExample 2022-03-23T01:37:25Z logger.go:66:           + completion_mode = (known after apply)
TestTerraformBasicExample 2022-03-23T01:37:25Z logger.go:66:           + completions     = 1
TestTerraformBasicExample 2022-03-23T01:37:25Z logger.go:66:           + parallelism     = 1
TestTerraformBasicExample 2022-03-23T01:37:25Z logger.go:66:
TestTerraformBasicExample 2022-03-23T01:37:25Z logger.go:66:           + selector {
TestTerraformBasicExample 2022-03-23T01:37:25Z logger.go:66:               + match_labels = (known after apply)
TestTerraformBasicExample 2022-03-23T01:37:25Z logger.go:66:
TestTerraformBasicExample 2022-03-23T01:37:25Z logger.go:66:               + match_expressions {
TestTerraformBasicExample 2022-03-23T01:37:25Z logger.go:66:                   + key      = (known after apply)
TestTerraformBasicExample 2022-03-23T01:37:25Z logger.go:66:                   + operator = (known after apply)
TestTerraformBasicExample 2022-03-23T01:37:25Z logger.go:66:                   + values   = (known after apply)
TestTerraformBasicExample 2022-03-23T01:37:25Z logger.go:66:                 }
TestTerraformBasicExample 2022-03-23T01:37:25Z logger.go:66:             }
TestTerraformBasicExample 2022-03-23T01:37:25Z logger.go:66:
TestTerraformBasicExample 2022-03-23T01:37:25Z logger.go:66:           + template {
TestTerraformBasicExample 2022-03-23T01:37:25Z logger.go:66:               + metadata {
TestTerraformBasicExample 2022-03-23T01:37:25Z logger.go:66:                   + generation       = (known after apply)
TestTerraformBasicExample 2022-03-23T01:37:25Z logger.go:66:                   + name             = (known after apply)
TestTerraformBasicExample 2022-03-23T01:37:25Z logger.go:66:                   + resource_version = (known after apply)
TestTerraformBasicExample 2022-03-23T01:37:25Z logger.go:66:                   + uid              = (known after apply)
TestTerraformBasicExample 2022-03-23T01:37:25Z logger.go:66:                 }
TestTerraformBasicExample 2022-03-23T01:37:25Z logger.go:66:
TestTerraformBasicExample 2022-03-23T01:37:25Z logger.go:66:               + spec {
TestTerraformBasicExample 2022-03-23T01:37:25Z logger.go:66:                   + automount_service_account_token  = true
TestTerraformBasicExample 2022-03-23T01:37:25Z logger.go:66:                   + dns_policy                       = "ClusterFirst"
TestTerraformBasicExample 2022-03-23T01:37:25Z logger.go:66:                   + enable_service_links             = true
TestTerraformBasicExample 2022-03-23T01:37:25Z logger.go:66:                   + host_ipc                         = false
TestTerraformBasicExample 2022-03-23T01:37:25Z logger.go:66:                   + host_network                     = false
TestTerraformBasicExample 2022-03-23T01:37:25Z logger.go:66:                   + host_pid                         = false
TestTerraformBasicExample 2022-03-23T01:37:25Z logger.go:66:                   + hostname                         = (known after apply)
TestTerraformBasicExample 2022-03-23T01:37:25Z logger.go:66:                   + node_name                        = (known after apply)
TestTerraformBasicExample 2022-03-23T01:37:25Z logger.go:66:                   + restart_policy                   = "Never"
TestTerraformBasicExample 2022-03-23T01:37:25Z logger.go:66:                   + service_account_name             = "terraform-eks-auth-aws"
TestTerraformBasicExample 2022-03-23T01:37:25Z logger.go:66:                   + share_process_namespace          = false
TestTerraformBasicExample 2022-03-23T01:37:25Z logger.go:66:                   + termination_grace_period_seconds = 30
TestTerraformBasicExample 2022-03-23T01:37:25Z logger.go:66:
TestTerraformBasicExample 2022-03-23T01:37:25Z logger.go:66:                   + container {
TestTerraformBasicExample 2022-03-23T01:37:25Z logger.go:66:                       + command                    = [
TestTerraformBasicExample 2022-03-23T01:37:25Z logger.go:66:                           + "/bin/sh",
TestTerraformBasicExample 2022-03-23T01:37:25Z logger.go:66:                           + "-c",
TestTerraformBasicExample 2022-03-23T01:37:25Z logger.go:66:                           + "kubectl delete configmap/aws-auth -n kube-system",
TestTerraformBasicExample 2022-03-23T01:37:25Z logger.go:66:                         ]
TestTerraformBasicExample 2022-03-23T01:37:25Z logger.go:66:                       + image                      = (known after apply)
TestTerraformBasicExample 2022-03-23T01:37:25Z logger.go:66:                       + image_pull_policy          = (known after apply)
TestTerraformBasicExample 2022-03-23T01:37:25Z logger.go:66:                       + name                       = "terraform-eks-auth-aws"
TestTerraformBasicExample 2022-03-23T01:37:25Z logger.go:66:                       + stdin                      = false
TestTerraformBasicExample 2022-03-23T01:37:25Z logger.go:66:                       + stdin_once                 = false
TestTerraformBasicExample 2022-03-23T01:37:25Z logger.go:66:                       + termination_message_path   = "/dev/termination-log"
TestTerraformBasicExample 2022-03-23T01:37:25Z logger.go:66:                       + termination_message_policy = (known after apply)
TestTerraformBasicExample 2022-03-23T01:37:25Z logger.go:66:                       + tty                        = false
TestTerraformBasicExample 2022-03-23T01:37:25Z logger.go:66:
TestTerraformBasicExample 2022-03-23T01:37:25Z logger.go:66:                       + resources {
TestTerraformBasicExample 2022-03-23T01:37:25Z logger.go:66:                           + limits   = (known after apply)
TestTerraformBasicExample 2022-03-23T01:37:25Z logger.go:66:                           + requests = (known after apply)
TestTerraformBasicExample 2022-03-23T01:37:25Z logger.go:66:                         }
TestTerraformBasicExample 2022-03-23T01:37:25Z logger.go:66:                     }
TestTerraformBasicExample 2022-03-23T01:37:25Z logger.go:66:
TestTerraformBasicExample 2022-03-23T01:37:25Z logger.go:66:                   + image_pull_secrets {
TestTerraformBasicExample 2022-03-23T01:37:25Z logger.go:66:                       + name = (known after apply)
TestTerraformBasicExample 2022-03-23T01:37:25Z logger.go:66:                     }
TestTerraformBasicExample 2022-03-23T01:37:25Z logger.go:66:
TestTerraformBasicExample 2022-03-23T01:37:25Z logger.go:66:                   + readiness_gate {
TestTerraformBasicExample 2022-03-23T01:37:25Z logger.go:66:                       + condition_type = (known after apply)
TestTerraformBasicExample 2022-03-23T01:37:25Z logger.go:66:                     }
TestTerraformBasicExample 2022-03-23T01:37:25Z logger.go:66:
TestTerraformBasicExample 2022-03-23T01:37:25Z logger.go:66:                   + volume {
TestTerraformBasicExample 2022-03-23T01:37:25Z logger.go:66:                       + name = (known after apply)
TestTerraformBasicExample 2022-03-23T01:37:25Z logger.go:66:
TestTerraformBasicExample 2022-03-23T01:37:25Z logger.go:66:                       + aws_elastic_block_store {
TestTerraformBasicExample 2022-03-23T01:37:25Z logger.go:66:                           + fs_type   = (known after apply)
TestTerraformBasicExample 2022-03-23T01:37:25Z logger.go:66:                           + partition = (known after apply)
TestTerraformBasicExample 2022-03-23T01:37:25Z logger.go:66:                           + read_only = (known after apply)
TestTerraformBasicExample 2022-03-23T01:37:25Z logger.go:66:                           + volume_id = (known after apply)
TestTerraformBasicExample 2022-03-23T01:37:25Z logger.go:66:                         }
TestTerraformBasicExample 2022-03-23T01:37:25Z logger.go:66:
TestTerraformBasicExample 2022-03-23T01:37:25Z logger.go:66:                       + azure_disk {
TestTerraformBasicExample 2022-03-23T01:37:25Z logger.go:66:                           + caching_mode  = (known after apply)
TestTerraformBasicExample 2022-03-23T01:37:25Z logger.go:66:                           + data_disk_uri = (known after apply)
TestTerraformBasicExample 2022-03-23T01:37:25Z logger.go:66:                           + disk_name     = (known after apply)
TestTerraformBasicExample 2022-03-23T01:37:25Z logger.go:66:                           + fs_type       = (known after apply)
TestTerraformBasicExample 2022-03-23T01:37:25Z logger.go:66:                           + kind          = (known after apply)
TestTerraformBasicExample 2022-03-23T01:37:25Z logger.go:66:                           + read_only     = (known after apply)
TestTerraformBasicExample 2022-03-23T01:37:25Z logger.go:66:                         }
TestTerraformBasicExample 2022-03-23T01:37:25Z logger.go:66:
TestTerraformBasicExample 2022-03-23T01:37:25Z logger.go:66:                       + azure_file {
TestTerraformBasicExample 2022-03-23T01:37:25Z logger.go:66:                           + read_only        = (known after apply)
TestTerraformBasicExample 2022-03-23T01:37:25Z logger.go:66:                           + secret_name      = (known after apply)
TestTerraformBasicExample 2022-03-23T01:37:25Z logger.go:66:                           + secret_namespace = (known after apply)
TestTerraformBasicExample 2022-03-23T01:37:25Z logger.go:66:                           + share_name       = (known after apply)
TestTerraformBasicExample 2022-03-23T01:37:25Z logger.go:66:                         }
TestTerraformBasicExample 2022-03-23T01:37:25Z logger.go:66:
TestTerraformBasicExample 2022-03-23T01:37:25Z logger.go:66:                       + ceph_fs {
TestTerraformBasicExample 2022-03-23T01:37:25Z logger.go:66:                           + monitors    = (known after apply)
TestTerraformBasicExample 2022-03-23T01:37:25Z logger.go:66:                           + path        = (known after apply)
TestTerraformBasicExample 2022-03-23T01:37:25Z logger.go:66:                           + read_only   = (known after apply)
TestTerraformBasicExample 2022-03-23T01:37:25Z logger.go:66:                           + secret_file = (known after apply)
TestTerraformBasicExample 2022-03-23T01:37:25Z logger.go:66:                           + user        = (known after apply)
TestTerraformBasicExample 2022-03-23T01:37:25Z logger.go:66:
TestTerraformBasicExample 2022-03-23T01:37:25Z logger.go:66:                           + secret_ref {
TestTerraformBasicExample 2022-03-23T01:37:25Z logger.go:66:                               + name      = (known after apply)
TestTerraformBasicExample 2022-03-23T01:37:25Z logger.go:66:                               + namespace = (known after apply)
TestTerraformBasicExample 2022-03-23T01:37:25Z logger.go:66:                             }
TestTerraformBasicExample 2022-03-23T01:37:25Z logger.go:66:                         }
TestTerraformBasicExample 2022-03-23T01:37:25Z logger.go:66:
TestTerraformBasicExample 2022-03-23T01:37:25Z logger.go:66:                       + cinder {
TestTerraformBasicExample 2022-03-23T01:37:25Z logger.go:66:                           + fs_type   = (known after apply)
TestTerraformBasicExample 2022-03-23T01:37:25Z logger.go:66:                           + read_only = (known after apply)
TestTerraformBasicExample 2022-03-23T01:37:25Z logger.go:66:                           + volume_id = (known after apply)
TestTerraformBasicExample 2022-03-23T01:37:25Z logger.go:66:                         }
TestTerraformBasicExample 2022-03-23T01:37:25Z logger.go:66:
TestTerraformBasicExample 2022-03-23T01:37:25Z logger.go:66:                       + config_map {
TestTerraformBasicExample 2022-03-23T01:37:25Z logger.go:66:                           + default_mode = (known after apply)
TestTerraformBasicExample 2022-03-23T01:37:25Z logger.go:66:                           + name         = (known after apply)
TestTerraformBasicExample 2022-03-23T01:37:25Z logger.go:66:                           + optional     = (known after apply)
TestTerraformBasicExample 2022-03-23T01:37:25Z logger.go:66:
TestTerraformBasicExample 2022-03-23T01:37:25Z logger.go:66:                           + items {
TestTerraformBasicExample 2022-03-23T01:37:25Z logger.go:66:                               + key  = (known after apply)
TestTerraformBasicExample 2022-03-23T01:37:25Z logger.go:66:                               + mode = (known after apply)
TestTerraformBasicExample 2022-03-23T01:37:25Z logger.go:66:                               + path = (known after apply)
TestTerraformBasicExample 2022-03-23T01:37:25Z logger.go:66:                             }
TestTerraformBasicExample 2022-03-23T01:37:25Z logger.go:66:                         }
TestTerraformBasicExample 2022-03-23T01:37:25Z logger.go:66:
TestTerraformBasicExample 2022-03-23T01:37:25Z logger.go:66:                       + csi {
TestTerraformBasicExample 2022-03-23T01:37:25Z logger.go:66:                           + driver            = (known after apply)
TestTerraformBasicExample 2022-03-23T01:37:25Z logger.go:66:                           + fs_type           = (known after apply)
TestTerraformBasicExample 2022-03-23T01:37:25Z logger.go:66:                           + read_only         = (known after apply)
TestTerraformBasicExample 2022-03-23T01:37:25Z logger.go:66:                           + volume_attributes = (known after apply)
TestTerraformBasicExample 2022-03-23T01:37:25Z logger.go:66:                           + volume_handle     = (known after apply)
TestTerraformBasicExample 2022-03-23T01:37:25Z logger.go:66:
TestTerraformBasicExample 2022-03-23T01:37:25Z logger.go:66:                           + controller_expand_secret_ref {
TestTerraformBasicExample 2022-03-23T01:37:25Z logger.go:66:                               + name      = (known after apply)
TestTerraformBasicExample 2022-03-23T01:37:25Z logger.go:66:                               + namespace = (known after apply)
TestTerraformBasicExample 2022-03-23T01:37:25Z logger.go:66:                             }
TestTerraformBasicExample 2022-03-23T01:37:25Z logger.go:66:
TestTerraformBasicExample 2022-03-23T01:37:25Z logger.go:66:                           + controller_publish_secret_ref {
TestTerraformBasicExample 2022-03-23T01:37:25Z logger.go:66:                               + name      = (known after apply)
TestTerraformBasicExample 2022-03-23T01:37:25Z logger.go:66:                               + namespace = (known after apply)
TestTerraformBasicExample 2022-03-23T01:37:25Z logger.go:66:                             }
TestTerraformBasicExample 2022-03-23T01:37:25Z logger.go:66:
TestTerraformBasicExample 2022-03-23T01:37:25Z logger.go:66:                           + node_publish_secret_ref {
TestTerraformBasicExample 2022-03-23T01:37:25Z logger.go:66:                               + name      = (known after apply)
TestTerraformBasicExample 2022-03-23T01:37:25Z logger.go:66:                               + namespace = (known after apply)
TestTerraformBasicExample 2022-03-23T01:37:25Z logger.go:66:                             }
TestTerraformBasicExample 2022-03-23T01:37:25Z logger.go:66:
TestTerraformBasicExample 2022-03-23T01:37:25Z logger.go:66:                           + node_stage_secret_ref {
TestTerraformBasicExample 2022-03-23T01:37:25Z logger.go:66:                               + name      = (known after apply)
TestTerraformBasicExample 2022-03-23T01:37:25Z logger.go:66:                               + namespace = (known after apply)
TestTerraformBasicExample 2022-03-23T01:37:25Z logger.go:66:                             }
TestTerraformBasicExample 2022-03-23T01:37:25Z logger.go:66:                         }
TestTerraformBasicExample 2022-03-23T01:37:25Z logger.go:66:
TestTerraformBasicExample 2022-03-23T01:37:25Z logger.go:66:                       + downward_api {
TestTerraformBasicExample 2022-03-23T01:37:25Z logger.go:66:                           + default_mode = (known after apply)
TestTerraformBasicExample 2022-03-23T01:37:25Z logger.go:66:
TestTerraformBasicExample 2022-03-23T01:37:25Z logger.go:66:                           + items {
TestTerraformBasicExample 2022-03-23T01:37:25Z logger.go:66:                               + mode = (known after apply)
TestTerraformBasicExample 2022-03-23T01:37:25Z logger.go:66:                               + path = (known after apply)
TestTerraformBasicExample 2022-03-23T01:37:25Z logger.go:66:
TestTerraformBasicExample 2022-03-23T01:37:25Z logger.go:66:                               + field_ref {
TestTerraformBasicExample 2022-03-23T01:37:25Z logger.go:66:                                   + api_version = (known after apply)
TestTerraformBasicExample 2022-03-23T01:37:25Z logger.go:66:                                   + field_path  = (known after apply)
TestTerraformBasicExample 2022-03-23T01:37:25Z logger.go:66:                                 }
TestTerraformBasicExample 2022-03-23T01:37:25Z logger.go:66:
TestTerraformBasicExample 2022-03-23T01:37:25Z logger.go:66:                               + resource_field_ref {
TestTerraformBasicExample 2022-03-23T01:37:25Z logger.go:66:                                   + container_name = (known after apply)
TestTerraformBasicExample 2022-03-23T01:37:25Z logger.go:66:                                   + divisor        = (known after apply)
TestTerraformBasicExample 2022-03-23T01:37:25Z logger.go:66:                                   + resource       = (known after apply)
TestTerraformBasicExample 2022-03-23T01:37:25Z logger.go:66:                                 }
TestTerraformBasicExample 2022-03-23T01:37:25Z logger.go:66:                             }
TestTerraformBasicExample 2022-03-23T01:37:25Z logger.go:66:                         }
TestTerraformBasicExample 2022-03-23T01:37:25Z logger.go:66:
TestTerraformBasicExample 2022-03-23T01:37:25Z logger.go:66:                       + empty_dir {
TestTerraformBasicExample 2022-03-23T01:37:25Z logger.go:66:                           + medium     = (known after apply)
TestTerraformBasicExample 2022-03-23T01:37:25Z logger.go:66:                           + size_limit = (known after apply)
TestTerraformBasicExample 2022-03-23T01:37:25Z logger.go:66:                         }
TestTerraformBasicExample 2022-03-23T01:37:25Z logger.go:66:
TestTerraformBasicExample 2022-03-23T01:37:25Z logger.go:66:                       + fc {
TestTerraformBasicExample 2022-03-23T01:37:25Z logger.go:66:                           + fs_type      = (known after apply)
TestTerraformBasicExample 2022-03-23T01:37:25Z logger.go:66:                           + lun          = (known after apply)
TestTerraformBasicExample 2022-03-23T01:37:25Z logger.go:66:                           + read_only    = (known after apply)
TestTerraformBasicExample 2022-03-23T01:37:25Z logger.go:66:                           + target_ww_ns = (known after apply)
TestTerraformBasicExample 2022-03-23T01:37:25Z logger.go:66:                         }
TestTerraformBasicExample 2022-03-23T01:37:25Z logger.go:66:
TestTerraformBasicExample 2022-03-23T01:37:25Z logger.go:66:                       + flex_volume {
TestTerraformBasicExample 2022-03-23T01:37:25Z logger.go:66:                           + driver    = (known after apply)
TestTerraformBasicExample 2022-03-23T01:37:25Z logger.go:66:                           + fs_type   = (known after apply)
TestTerraformBasicExample 2022-03-23T01:37:25Z logger.go:66:                           + options   = (known after apply)
TestTerraformBasicExample 2022-03-23T01:37:25Z logger.go:66:                           + read_only = (known after apply)
TestTerraformBasicExample 2022-03-23T01:37:25Z logger.go:66:
TestTerraformBasicExample 2022-03-23T01:37:25Z logger.go:66:                           + secret_ref {
TestTerraformBasicExample 2022-03-23T01:37:25Z logger.go:66:                               + name      = (known after apply)
TestTerraformBasicExample 2022-03-23T01:37:25Z logger.go:66:                               + namespace = (known after apply)
TestTerraformBasicExample 2022-03-23T01:37:25Z logger.go:66:                             }
TestTerraformBasicExample 2022-03-23T01:37:25Z logger.go:66:                         }
TestTerraformBasicExample 2022-03-23T01:37:25Z logger.go:66:
TestTerraformBasicExample 2022-03-23T01:37:25Z logger.go:66:                       + flocker {
TestTerraformBasicExample 2022-03-23T01:37:25Z logger.go:66:                           + dataset_name = (known after apply)
TestTerraformBasicExample 2022-03-23T01:37:25Z logger.go:66:                           + dataset_uuid = (known after apply)
TestTerraformBasicExample 2022-03-23T01:37:25Z logger.go:66:                         }
TestTerraformBasicExample 2022-03-23T01:37:25Z logger.go:66:
TestTerraformBasicExample 2022-03-23T01:37:25Z logger.go:66:                       + gce_persistent_disk {
TestTerraformBasicExample 2022-03-23T01:37:25Z logger.go:66:                           + fs_type   = (known after apply)
TestTerraformBasicExample 2022-03-23T01:37:25Z logger.go:66:                           + partition = (known after apply)
TestTerraformBasicExample 2022-03-23T01:37:25Z logger.go:66:                           + pd_name   = (known after apply)
TestTerraformBasicExample 2022-03-23T01:37:25Z logger.go:66:                           + read_only = (known after apply)
TestTerraformBasicExample 2022-03-23T01:37:25Z logger.go:66:                         }
TestTerraformBasicExample 2022-03-23T01:37:25Z logger.go:66:
TestTerraformBasicExample 2022-03-23T01:37:25Z logger.go:66:                       + git_repo {
TestTerraformBasicExample 2022-03-23T01:37:25Z logger.go:66:                           + directory  = (known after apply)
TestTerraformBasicExample 2022-03-23T01:37:25Z logger.go:66:                           + repository = (known after apply)
TestTerraformBasicExample 2022-03-23T01:37:25Z logger.go:66:                           + revision   = (known after apply)
TestTerraformBasicExample 2022-03-23T01:37:25Z logger.go:66:                         }
TestTerraformBasicExample 2022-03-23T01:37:25Z logger.go:66:
TestTerraformBasicExample 2022-03-23T01:37:25Z logger.go:66:                       + glusterfs {
TestTerraformBasicExample 2022-03-23T01:37:25Z logger.go:66:                           + endpoints_name = (known after apply)
TestTerraformBasicExample 2022-03-23T01:37:25Z logger.go:66:                           + path           = (known after apply)
TestTerraformBasicExample 2022-03-23T01:37:25Z logger.go:66:                           + read_only      = (known after apply)
TestTerraformBasicExample 2022-03-23T01:37:25Z logger.go:66:                         }
TestTerraformBasicExample 2022-03-23T01:37:25Z logger.go:66:
TestTerraformBasicExample 2022-03-23T01:37:25Z logger.go:66:                       + host_path {
TestTerraformBasicExample 2022-03-23T01:37:25Z logger.go:66:                           + path = (known after apply)
TestTerraformBasicExample 2022-03-23T01:37:25Z logger.go:66:                           + type = (known after apply)
TestTerraformBasicExample 2022-03-23T01:37:25Z logger.go:66:                         }
TestTerraformBasicExample 2022-03-23T01:37:25Z logger.go:66:
TestTerraformBasicExample 2022-03-23T01:37:25Z logger.go:66:                       + iscsi {
TestTerraformBasicExample 2022-03-23T01:37:25Z logger.go:66:                           + fs_type         = (known after apply)
TestTerraformBasicExample 2022-03-23T01:37:25Z logger.go:66:                           + iqn             = (known after apply)
TestTerraformBasicExample 2022-03-23T01:37:25Z logger.go:66:                           + iscsi_interface = (known after apply)
TestTerraformBasicExample 2022-03-23T01:37:25Z logger.go:66:                           + lun             = (known after apply)
TestTerraformBasicExample 2022-03-23T01:37:25Z logger.go:66:                           + read_only       = (known after apply)
TestTerraformBasicExample 2022-03-23T01:37:25Z logger.go:66:                           + target_portal   = (known after apply)
TestTerraformBasicExample 2022-03-23T01:37:25Z logger.go:66:                         }
TestTerraformBasicExample 2022-03-23T01:37:25Z logger.go:66:
TestTerraformBasicExample 2022-03-23T01:37:25Z logger.go:66:                       + local {
TestTerraformBasicExample 2022-03-23T01:37:25Z logger.go:66:                           + path = (known after apply)
TestTerraformBasicExample 2022-03-23T01:37:25Z logger.go:66:                         }
TestTerraformBasicExample 2022-03-23T01:37:25Z logger.go:66:
TestTerraformBasicExample 2022-03-23T01:37:25Z logger.go:66:                       + nfs {
TestTerraformBasicExample 2022-03-23T01:37:25Z logger.go:66:                           + path      = (known after apply)
TestTerraformBasicExample 2022-03-23T01:37:25Z logger.go:66:                           + read_only = (known after apply)
TestTerraformBasicExample 2022-03-23T01:37:25Z logger.go:66:                           + server    = (known after apply)
TestTerraformBasicExample 2022-03-23T01:37:25Z logger.go:66:                         }
TestTerraformBasicExample 2022-03-23T01:37:25Z logger.go:66:
TestTerraformBasicExample 2022-03-23T01:37:25Z logger.go:66:                       + persistent_volume_claim {
TestTerraformBasicExample 2022-03-23T01:37:25Z logger.go:66:                           + claim_name = (known after apply)
TestTerraformBasicExample 2022-03-23T01:37:25Z logger.go:66:                           + read_only  = (known after apply)
TestTerraformBasicExample 2022-03-23T01:37:25Z logger.go:66:                         }
TestTerraformBasicExample 2022-03-23T01:37:25Z logger.go:66:
TestTerraformBasicExample 2022-03-23T01:37:25Z logger.go:66:                       + photon_persistent_disk {
TestTerraformBasicExample 2022-03-23T01:37:25Z logger.go:66:                           + fs_type = (known after apply)
TestTerraformBasicExample 2022-03-23T01:37:25Z logger.go:66:                           + pd_id   = (known after apply)
TestTerraformBasicExample 2022-03-23T01:37:25Z logger.go:66:                         }
TestTerraformBasicExample 2022-03-23T01:37:25Z logger.go:66:
TestTerraformBasicExample 2022-03-23T01:37:25Z logger.go:66:                       + projected {
TestTerraformBasicExample 2022-03-23T01:37:25Z logger.go:66:                           + default_mode = (known after apply)
TestTerraformBasicExample 2022-03-23T01:37:25Z logger.go:66:
TestTerraformBasicExample 2022-03-23T01:37:25Z logger.go:66:                           + sources {
TestTerraformBasicExample 2022-03-23T01:37:25Z logger.go:66:                               + config_map {
TestTerraformBasicExample 2022-03-23T01:37:25Z logger.go:66:                                   + name     = (known after apply)
TestTerraformBasicExample 2022-03-23T01:37:25Z logger.go:66:                                   + optional = (known after apply)
TestTerraformBasicExample 2022-03-23T01:37:25Z logger.go:66:
TestTerraformBasicExample 2022-03-23T01:37:25Z logger.go:66:                                   + items {
TestTerraformBasicExample 2022-03-23T01:37:25Z logger.go:66:                                       + key  = (known after apply)
TestTerraformBasicExample 2022-03-23T01:37:25Z logger.go:66:                                       + mode = (known after apply)
TestTerraformBasicExample 2022-03-23T01:37:25Z logger.go:66:                                       + path = (known after apply)
TestTerraformBasicExample 2022-03-23T01:37:25Z logger.go:66:                                     }
TestTerraformBasicExample 2022-03-23T01:37:25Z logger.go:66:                                 }
TestTerraformBasicExample 2022-03-23T01:37:25Z logger.go:66:
TestTerraformBasicExample 2022-03-23T01:37:25Z logger.go:66:                               + downward_api {
TestTerraformBasicExample 2022-03-23T01:37:25Z logger.go:66:                                   + items {
TestTerraformBasicExample 2022-03-23T01:37:25Z logger.go:66:                                       + mode = (known after apply)
TestTerraformBasicExample 2022-03-23T01:37:25Z logger.go:66:                                       + path = (known after apply)
TestTerraformBasicExample 2022-03-23T01:37:25Z logger.go:66:
TestTerraformBasicExample 2022-03-23T01:37:25Z logger.go:66:                                       + field_ref {
TestTerraformBasicExample 2022-03-23T01:37:25Z logger.go:66:                                           + api_version = (known after apply)
TestTerraformBasicExample 2022-03-23T01:37:25Z logger.go:66:                                           + field_path  = (known after apply)
TestTerraformBasicExample 2022-03-23T01:37:25Z logger.go:66:                                         }
TestTerraformBasicExample 2022-03-23T01:37:25Z logger.go:66:
TestTerraformBasicExample 2022-03-23T01:37:25Z logger.go:66:                                       + resource_field_ref {
TestTerraformBasicExample 2022-03-23T01:37:25Z logger.go:66:                                           + container_name = (known after apply)
TestTerraformBasicExample 2022-03-23T01:37:25Z logger.go:66:                                           + divisor        = (known after apply)
TestTerraformBasicExample 2022-03-23T01:37:25Z logger.go:66:                                           + resource       = (known after apply)
TestTerraformBasicExample 2022-03-23T01:37:25Z logger.go:66:                                         }
TestTerraformBasicExample 2022-03-23T01:37:25Z logger.go:66:                                     }
TestTerraformBasicExample 2022-03-23T01:37:25Z logger.go:66:                                 }
TestTerraformBasicExample 2022-03-23T01:37:25Z logger.go:66:
TestTerraformBasicExample 2022-03-23T01:37:25Z logger.go:66:                               + secret {
TestTerraformBasicExample 2022-03-23T01:37:25Z logger.go:66:                                   + name     = (known after apply)
TestTerraformBasicExample 2022-03-23T01:37:25Z logger.go:66:                                   + optional = (known after apply)
TestTerraformBasicExample 2022-03-23T01:37:25Z logger.go:66:
TestTerraformBasicExample 2022-03-23T01:37:25Z logger.go:66:                                   + items {
TestTerraformBasicExample 2022-03-23T01:37:25Z logger.go:66:                                       + key  = (known after apply)
TestTerraformBasicExample 2022-03-23T01:37:25Z logger.go:66:                                       + mode = (known after apply)
TestTerraformBasicExample 2022-03-23T01:37:25Z logger.go:66:                                       + path = (known after apply)
TestTerraformBasicExample 2022-03-23T01:37:25Z logger.go:66:                                     }
TestTerraformBasicExample 2022-03-23T01:37:25Z logger.go:66:                                 }
TestTerraformBasicExample 2022-03-23T01:37:25Z logger.go:66:
TestTerraformBasicExample 2022-03-23T01:37:25Z logger.go:66:                               + service_account_token {
TestTerraformBasicExample 2022-03-23T01:37:25Z logger.go:66:                                   + audience           = (known after apply)
TestTerraformBasicExample 2022-03-23T01:37:25Z logger.go:66:                                   + expiration_seconds = (known after apply)
TestTerraformBasicExample 2022-03-23T01:37:25Z logger.go:66:                                   + path               = (known after apply)
TestTerraformBasicExample 2022-03-23T01:37:25Z logger.go:66:                                 }
TestTerraformBasicExample 2022-03-23T01:37:25Z logger.go:66:                             }
TestTerraformBasicExample 2022-03-23T01:37:25Z logger.go:66:                         }
TestTerraformBasicExample 2022-03-23T01:37:25Z logger.go:66:
TestTerraformBasicExample 2022-03-23T01:37:25Z logger.go:66:                       + quobyte {
TestTerraformBasicExample 2022-03-23T01:37:25Z logger.go:66:                           + group     = (known after apply)
TestTerraformBasicExample 2022-03-23T01:37:25Z logger.go:66:                           + read_only = (known after apply)
TestTerraformBasicExample 2022-03-23T01:37:25Z logger.go:66:                           + registry  = (known after apply)
TestTerraformBasicExample 2022-03-23T01:37:25Z logger.go:66:                           + user      = (known after apply)
TestTerraformBasicExample 2022-03-23T01:37:25Z logger.go:66:                           + volume    = (known after apply)
TestTerraformBasicExample 2022-03-23T01:37:25Z logger.go:66:                         }
TestTerraformBasicExample 2022-03-23T01:37:25Z logger.go:66:
TestTerraformBasicExample 2022-03-23T01:37:25Z logger.go:66:                       + rbd {
TestTerraformBasicExample 2022-03-23T01:37:25Z logger.go:66:                           + ceph_monitors = (known after apply)
TestTerraformBasicExample 2022-03-23T01:37:25Z logger.go:66:                           + fs_type       = (known after apply)
TestTerraformBasicExample 2022-03-23T01:37:25Z logger.go:66:                           + keyring       = (known after apply)
TestTerraformBasicExample 2022-03-23T01:37:25Z logger.go:66:                           + rados_user    = (known after apply)
TestTerraformBasicExample 2022-03-23T01:37:25Z logger.go:66:                           + rbd_image     = (known after apply)
TestTerraformBasicExample 2022-03-23T01:37:25Z logger.go:66:                           + rbd_pool      = (known after apply)
TestTerraformBasicExample 2022-03-23T01:37:25Z logger.go:66:                           + read_only     = (known after apply)
TestTerraformBasicExample 2022-03-23T01:37:25Z logger.go:66:
TestTerraformBasicExample 2022-03-23T01:37:25Z logger.go:66:                           + secret_ref {
TestTerraformBasicExample 2022-03-23T01:37:25Z logger.go:66:                               + name      = (known after apply)
TestTerraformBasicExample 2022-03-23T01:37:25Z logger.go:66:                               + namespace = (known after apply)
TestTerraformBasicExample 2022-03-23T01:37:25Z logger.go:66:                             }
TestTerraformBasicExample 2022-03-23T01:37:25Z logger.go:66:                         }
TestTerraformBasicExample 2022-03-23T01:37:25Z logger.go:66:
TestTerraformBasicExample 2022-03-23T01:37:25Z logger.go:66:                       + secret {
TestTerraformBasicExample 2022-03-23T01:37:25Z logger.go:66:                           + default_mode = (known after apply)
TestTerraformBasicExample 2022-03-23T01:37:25Z logger.go:66:                           + optional     = (known after apply)
TestTerraformBasicExample 2022-03-23T01:37:25Z logger.go:66:                           + secret_name  = (known after apply)
TestTerraformBasicExample 2022-03-23T01:37:25Z logger.go:66:
TestTerraformBasicExample 2022-03-23T01:37:25Z logger.go:66:                           + items {
TestTerraformBasicExample 2022-03-23T01:37:25Z logger.go:66:                               + key  = (known after apply)
TestTerraformBasicExample 2022-03-23T01:37:25Z logger.go:66:                               + mode = (known after apply)
TestTerraformBasicExample 2022-03-23T01:37:25Z logger.go:66:                               + path = (known after apply)
TestTerraformBasicExample 2022-03-23T01:37:25Z logger.go:66:                             }
TestTerraformBasicExample 2022-03-23T01:37:25Z logger.go:66:                         }
TestTerraformBasicExample 2022-03-23T01:37:25Z logger.go:66:
TestTerraformBasicExample 2022-03-23T01:37:25Z logger.go:66:                       + vsphere_volume {
TestTerraformBasicExample 2022-03-23T01:37:25Z logger.go:66:                           + fs_type     = (known after apply)
TestTerraformBasicExample 2022-03-23T01:37:25Z logger.go:66:                           + volume_path = (known after apply)
TestTerraformBasicExample 2022-03-23T01:37:25Z logger.go:66:                         }
TestTerraformBasicExample 2022-03-23T01:37:25Z logger.go:66:                     }
TestTerraformBasicExample 2022-03-23T01:37:25Z logger.go:66:                 }
TestTerraformBasicExample 2022-03-23T01:37:25Z logger.go:66:             }
TestTerraformBasicExample 2022-03-23T01:37:25Z logger.go:66:         }
TestTerraformBasicExample 2022-03-23T01:37:25Z logger.go:66:
TestTerraformBasicExample 2022-03-23T01:37:25Z logger.go:66:       + timeouts {
TestTerraformBasicExample 2022-03-23T01:37:25Z logger.go:66:           + create = "10m"
TestTerraformBasicExample 2022-03-23T01:37:25Z logger.go:66:           + update = "10m"
TestTerraformBasicExample 2022-03-23T01:37:25Z logger.go:66:         }
TestTerraformBasicExample 2022-03-23T01:37:25Z logger.go:66:     }
TestTerraformBasicExample 2022-03-23T01:37:25Z logger.go:66:
TestTerraformBasicExample 2022-03-23T01:37:25Z logger.go:66:   # module.eks_auth.kubernetes_role_binding_v1.aws_auth will be created
TestTerraformBasicExample 2022-03-23T01:37:25Z logger.go:66:   + resource "kubernetes_role_binding_v1" "aws_auth" {
TestTerraformBasicExample 2022-03-23T01:37:25Z logger.go:66:       + id = (known after apply)
TestTerraformBasicExample 2022-03-23T01:37:25Z logger.go:66:
TestTerraformBasicExample 2022-03-23T01:37:25Z logger.go:66:       + metadata {
TestTerraformBasicExample 2022-03-23T01:37:25Z logger.go:66:           + generation       = (known after apply)
TestTerraformBasicExample 2022-03-23T01:37:25Z logger.go:66:           + labels           = {
TestTerraformBasicExample 2022-03-23T01:37:25Z logger.go:66:               + "app.kubernetes.io/managed-by" = "Terraform"
TestTerraformBasicExample 2022-03-23T01:37:25Z logger.go:66:               + "terraform.io/module"          = "aidanmelen.eks-auth.aws"
TestTerraformBasicExample 2022-03-23T01:37:25Z logger.go:66:             }
TestTerraformBasicExample 2022-03-23T01:37:25Z logger.go:66:           + name             = "terraform-eks-auth-aws"
TestTerraformBasicExample 2022-03-23T01:37:25Z logger.go:66:           + namespace        = "kube-system"
TestTerraformBasicExample 2022-03-23T01:37:25Z logger.go:66:           + resource_version = (known after apply)
TestTerraformBasicExample 2022-03-23T01:37:25Z logger.go:66:           + uid              = (known after apply)
TestTerraformBasicExample 2022-03-23T01:37:25Z logger.go:66:         }
TestTerraformBasicExample 2022-03-23T01:37:25Z logger.go:66:
TestTerraformBasicExample 2022-03-23T01:37:25Z logger.go:66:       + role_ref {
TestTerraformBasicExample 2022-03-23T01:37:25Z logger.go:66:           + api_group = "rbac.authorization.k8s.io"
TestTerraformBasicExample 2022-03-23T01:37:25Z logger.go:66:           + kind      = "Role"
TestTerraformBasicExample 2022-03-23T01:37:25Z logger.go:66:           + name      = "terraform-eks-auth-aws"
TestTerraformBasicExample 2022-03-23T01:37:25Z logger.go:66:         }
TestTerraformBasicExample 2022-03-23T01:37:25Z logger.go:66:
TestTerraformBasicExample 2022-03-23T01:37:25Z logger.go:66:       + subject {
TestTerraformBasicExample 2022-03-23T01:37:25Z logger.go:66:           + api_group = (known after apply)
TestTerraformBasicExample 2022-03-23T01:37:25Z logger.go:66:           + kind      = "ServiceAccount"
TestTerraformBasicExample 2022-03-23T01:37:25Z logger.go:66:           + name      = "terraform-eks-auth-aws"
TestTerraformBasicExample 2022-03-23T01:37:25Z logger.go:66:           + namespace = "kube-system"
TestTerraformBasicExample 2022-03-23T01:37:25Z logger.go:66:         }
TestTerraformBasicExample 2022-03-23T01:37:25Z logger.go:66:     }
TestTerraformBasicExample 2022-03-23T01:37:25Z logger.go:66:
TestTerraformBasicExample 2022-03-23T01:37:25Z logger.go:66:   # module.eks_auth.kubernetes_role_v1.aws_auth will be created
TestTerraformBasicExample 2022-03-23T01:37:25Z logger.go:66:   + resource "kubernetes_role_v1" "aws_auth" {
TestTerraformBasicExample 2022-03-23T01:37:25Z logger.go:66:       + id = (known after apply)
TestTerraformBasicExample 2022-03-23T01:37:25Z logger.go:66:
TestTerraformBasicExample 2022-03-23T01:37:25Z logger.go:66:       + metadata {
TestTerraformBasicExample 2022-03-23T01:37:25Z logger.go:66:           + generation       = (known after apply)
TestTerraformBasicExample 2022-03-23T01:37:25Z logger.go:66:           + labels           = {
TestTerraformBasicExample 2022-03-23T01:37:25Z logger.go:66:               + "app.kubernetes.io/managed-by" = "Terraform"
TestTerraformBasicExample 2022-03-23T01:37:25Z logger.go:66:               + "terraform.io/module"          = "aidanmelen.eks-auth.aws"
TestTerraformBasicExample 2022-03-23T01:37:25Z logger.go:66:             }
TestTerraformBasicExample 2022-03-23T01:37:25Z logger.go:66:           + name             = "terraform-eks-auth-aws"
TestTerraformBasicExample 2022-03-23T01:37:25Z logger.go:66:           + namespace        = "kube-system"
TestTerraformBasicExample 2022-03-23T01:37:25Z logger.go:66:           + resource_version = (known after apply)
TestTerraformBasicExample 2022-03-23T01:37:25Z logger.go:66:           + uid              = (known after apply)
TestTerraformBasicExample 2022-03-23T01:37:25Z logger.go:66:         }
TestTerraformBasicExample 2022-03-23T01:37:25Z logger.go:66:
TestTerraformBasicExample 2022-03-23T01:37:25Z logger.go:66:       + rule {
TestTerraformBasicExample 2022-03-23T01:37:25Z logger.go:66:           + api_groups     = [
TestTerraformBasicExample 2022-03-23T01:37:25Z logger.go:66:               + "",
TestTerraformBasicExample 2022-03-23T01:37:25Z logger.go:66:             ]
TestTerraformBasicExample 2022-03-23T01:37:25Z logger.go:66:           + resource_names = [
TestTerraformBasicExample 2022-03-23T01:37:25Z logger.go:66:               + "aws-auth",
TestTerraformBasicExample 2022-03-23T01:37:25Z logger.go:66:             ]
TestTerraformBasicExample 2022-03-23T01:37:25Z logger.go:66:           + resources      = [
TestTerraformBasicExample 2022-03-23T01:37:25Z logger.go:66:               + "configmaps",
TestTerraformBasicExample 2022-03-23T01:37:25Z logger.go:66:             ]
TestTerraformBasicExample 2022-03-23T01:37:25Z logger.go:66:           + verbs          = [
TestTerraformBasicExample 2022-03-23T01:37:25Z logger.go:66:               + "delete",
TestTerraformBasicExample 2022-03-23T01:37:25Z logger.go:66:               + "get",
TestTerraformBasicExample 2022-03-23T01:37:25Z logger.go:66:               + "patch",
TestTerraformBasicExample 2022-03-23T01:37:25Z logger.go:66:             ]
TestTerraformBasicExample 2022-03-23T01:37:25Z logger.go:66:         }
TestTerraformBasicExample 2022-03-23T01:37:25Z logger.go:66:     }
TestTerraformBasicExample 2022-03-23T01:37:25Z logger.go:66:
TestTerraformBasicExample 2022-03-23T01:37:25Z logger.go:66:   # module.eks_auth.kubernetes_service_account_v1.aws_auth will be created
TestTerraformBasicExample 2022-03-23T01:37:25Z logger.go:66:   + resource "kubernetes_service_account_v1" "aws_auth" {
TestTerraformBasicExample 2022-03-23T01:37:25Z logger.go:66:       + automount_service_account_token = true
TestTerraformBasicExample 2022-03-23T01:37:25Z logger.go:66:       + default_secret_name             = (known after apply)
TestTerraformBasicExample 2022-03-23T01:37:25Z logger.go:66:       + id                              = (known after apply)
TestTerraformBasicExample 2022-03-23T01:37:25Z logger.go:66:
TestTerraformBasicExample 2022-03-23T01:37:25Z logger.go:66:       + metadata {
TestTerraformBasicExample 2022-03-23T01:37:25Z logger.go:66:           + generation       = (known after apply)
TestTerraformBasicExample 2022-03-23T01:37:25Z logger.go:66:           + labels           = {
TestTerraformBasicExample 2022-03-23T01:37:25Z logger.go:66:               + "app.kubernetes.io/managed-by" = "Terraform"
TestTerraformBasicExample 2022-03-23T01:37:25Z logger.go:66:               + "terraform.io/module"          = "aidanmelen.eks-auth.aws"
TestTerraformBasicExample 2022-03-23T01:37:25Z logger.go:66:             }
TestTerraformBasicExample 2022-03-23T01:37:25Z logger.go:66:           + name             = "terraform-eks-auth-aws"
TestTerraformBasicExample 2022-03-23T01:37:25Z logger.go:66:           + namespace        = "kube-system"
TestTerraformBasicExample 2022-03-23T01:37:25Z logger.go:66:           + resource_version = (known after apply)
TestTerraformBasicExample 2022-03-23T01:37:25Z logger.go:66:           + uid              = (known after apply)
TestTerraformBasicExample 2022-03-23T01:37:25Z logger.go:66:         }
TestTerraformBasicExample 2022-03-23T01:37:25Z logger.go:66:     }
TestTerraformBasicExample 2022-03-23T01:37:25Z logger.go:66:
TestTerraformBasicExample 2022-03-23T01:37:25Z logger.go:66:   # module.vpc.aws_eip.nat[0] will be created
TestTerraformBasicExample 2022-03-23T01:37:25Z logger.go:66:   + resource "aws_eip" "nat" {
TestTerraformBasicExample 2022-03-23T01:37:25Z logger.go:66:       + allocation_id        = (known after apply)
TestTerraformBasicExample 2022-03-23T01:37:25Z logger.go:66:       + association_id       = (known after apply)
TestTerraformBasicExample 2022-03-23T01:37:25Z logger.go:66:       + carrier_ip           = (known after apply)
TestTerraformBasicExample 2022-03-23T01:37:25Z logger.go:66:       + customer_owned_ip    = (known after apply)
TestTerraformBasicExample 2022-03-23T01:37:25Z logger.go:66:       + domain               = (known after apply)
TestTerraformBasicExample 2022-03-23T01:37:25Z logger.go:66:       + id                   = (known after apply)
TestTerraformBasicExample 2022-03-23T01:37:25Z logger.go:66:       + instance             = (known after apply)
TestTerraformBasicExample 2022-03-23T01:37:25Z logger.go:66:       + network_border_group = (known after apply)
TestTerraformBasicExample 2022-03-23T01:37:25Z logger.go:66:       + network_interface    = (known after apply)
TestTerraformBasicExample 2022-03-23T01:37:25Z logger.go:66:       + private_dns          = (known after apply)
TestTerraformBasicExample 2022-03-23T01:37:25Z logger.go:66:       + private_ip           = (known after apply)
TestTerraformBasicExample 2022-03-23T01:37:25Z logger.go:66:       + public_dns           = (known after apply)
TestTerraformBasicExample 2022-03-23T01:37:25Z logger.go:66:       + public_ip            = (known after apply)
TestTerraformBasicExample 2022-03-23T01:37:25Z logger.go:66:       + public_ipv4_pool     = (known after apply)
TestTerraformBasicExample 2022-03-23T01:37:25Z logger.go:66:       + tags                 = {
TestTerraformBasicExample 2022-03-23T01:37:25Z logger.go:66:           + "Name" = "ex-basic-us-west-2a"
TestTerraformBasicExample 2022-03-23T01:37:25Z logger.go:66:         }
TestTerraformBasicExample 2022-03-23T01:37:25Z logger.go:66:       + tags_all             = {
TestTerraformBasicExample 2022-03-23T01:37:25Z logger.go:66:           + "Example"    = "ex-basic"
TestTerraformBasicExample 2022-03-23T01:37:25Z logger.go:66:           + "GithubOrg"  = "aidan-melen"
TestTerraformBasicExample 2022-03-23T01:37:25Z logger.go:66:           + "GithubRepo" = "terraform-aws-eks-auth"
TestTerraformBasicExample 2022-03-23T01:37:25Z logger.go:66:           + "Name"       = "ex-basic-us-west-2a"
TestTerraformBasicExample 2022-03-23T01:37:25Z logger.go:66:         }
TestTerraformBasicExample 2022-03-23T01:37:25Z logger.go:66:       + vpc                  = true
TestTerraformBasicExample 2022-03-23T01:37:25Z logger.go:66:     }
TestTerraformBasicExample 2022-03-23T01:37:25Z logger.go:66:
TestTerraformBasicExample 2022-03-23T01:37:25Z logger.go:66:   # module.vpc.aws_internet_gateway.this[0] will be created
TestTerraformBasicExample 2022-03-23T01:37:25Z logger.go:66:   + resource "aws_internet_gateway" "this" {
TestTerraformBasicExample 2022-03-23T01:37:25Z logger.go:66:       + arn      = (known after apply)
TestTerraformBasicExample 2022-03-23T01:37:25Z logger.go:66:       + id       = (known after apply)
TestTerraformBasicExample 2022-03-23T01:37:25Z logger.go:66:       + owner_id = (known after apply)
TestTerraformBasicExample 2022-03-23T01:37:25Z logger.go:66:       + tags     = {
TestTerraformBasicExample 2022-03-23T01:37:25Z logger.go:66:           + "Name" = "ex-basic"
TestTerraformBasicExample 2022-03-23T01:37:25Z logger.go:66:         }
TestTerraformBasicExample 2022-03-23T01:37:25Z logger.go:66:       + tags_all = {
TestTerraformBasicExample 2022-03-23T01:37:25Z logger.go:66:           + "Example"    = "ex-basic"
TestTerraformBasicExample 2022-03-23T01:37:25Z logger.go:66:           + "GithubOrg"  = "aidan-melen"
TestTerraformBasicExample 2022-03-23T01:37:25Z logger.go:66:           + "GithubRepo" = "terraform-aws-eks-auth"
TestTerraformBasicExample 2022-03-23T01:37:25Z logger.go:66:           + "Name"       = "ex-basic"
TestTerraformBasicExample 2022-03-23T01:37:25Z logger.go:66:         }
TestTerraformBasicExample 2022-03-23T01:37:25Z logger.go:66:       + vpc_id   = (known after apply)
TestTerraformBasicExample 2022-03-23T01:37:25Z logger.go:66:     }
TestTerraformBasicExample 2022-03-23T01:37:25Z logger.go:66:
TestTerraformBasicExample 2022-03-23T01:37:25Z logger.go:66:   # module.vpc.aws_nat_gateway.this[0] will be created
TestTerraformBasicExample 2022-03-23T01:37:25Z logger.go:66:   + resource "aws_nat_gateway" "this" {
TestTerraformBasicExample 2022-03-23T01:37:25Z logger.go:66:       + allocation_id        = (known after apply)
TestTerraformBasicExample 2022-03-23T01:37:25Z logger.go:66:       + connectivity_type    = "public"
TestTerraformBasicExample 2022-03-23T01:37:25Z logger.go:66:       + id                   = (known after apply)
TestTerraformBasicExample 2022-03-23T01:37:25Z logger.go:66:       + network_interface_id = (known after apply)
TestTerraformBasicExample 2022-03-23T01:37:25Z logger.go:66:       + private_ip           = (known after apply)
TestTerraformBasicExample 2022-03-23T01:37:25Z logger.go:66:       + public_ip            = (known after apply)
TestTerraformBasicExample 2022-03-23T01:37:25Z logger.go:66:       + subnet_id            = (known after apply)
TestTerraformBasicExample 2022-03-23T01:37:25Z logger.go:66:       + tags                 = {
TestTerraformBasicExample 2022-03-23T01:37:25Z logger.go:66:           + "Name" = "ex-basic-us-west-2a"
TestTerraformBasicExample 2022-03-23T01:37:25Z logger.go:66:         }
TestTerraformBasicExample 2022-03-23T01:37:25Z logger.go:66:       + tags_all             = {
TestTerraformBasicExample 2022-03-23T01:37:25Z logger.go:66:           + "Example"    = "ex-basic"
TestTerraformBasicExample 2022-03-23T01:37:25Z logger.go:66:           + "GithubOrg"  = "aidan-melen"
TestTerraformBasicExample 2022-03-23T01:37:25Z logger.go:66:           + "GithubRepo" = "terraform-aws-eks-auth"
TestTerraformBasicExample 2022-03-23T01:37:25Z logger.go:66:           + "Name"       = "ex-basic-us-west-2a"
TestTerraformBasicExample 2022-03-23T01:37:25Z logger.go:66:         }
TestTerraformBasicExample 2022-03-23T01:37:25Z logger.go:66:     }
TestTerraformBasicExample 2022-03-23T01:37:25Z logger.go:66:
TestTerraformBasicExample 2022-03-23T01:37:25Z logger.go:66:   # module.vpc.aws_route.private_nat_gateway[0] will be created
TestTerraformBasicExample 2022-03-23T01:37:25Z logger.go:66:   + resource "aws_route" "private_nat_gateway" {
TestTerraformBasicExample 2022-03-23T01:37:25Z logger.go:66:       + destination_cidr_block = "0.0.0.0/0"
TestTerraformBasicExample 2022-03-23T01:37:25Z logger.go:66:       + id                     = (known after apply)
TestTerraformBasicExample 2022-03-23T01:37:25Z logger.go:66:       + instance_id            = (known after apply)
TestTerraformBasicExample 2022-03-23T01:37:25Z logger.go:66:       + instance_owner_id      = (known after apply)
TestTerraformBasicExample 2022-03-23T01:37:25Z logger.go:66:       + nat_gateway_id         = (known after apply)
TestTerraformBasicExample 2022-03-23T01:37:25Z logger.go:66:       + network_interface_id   = (known after apply)
TestTerraformBasicExample 2022-03-23T01:37:25Z logger.go:66:       + origin                 = (known after apply)
TestTerraformBasicExample 2022-03-23T01:37:25Z logger.go:66:       + route_table_id         = (known after apply)
TestTerraformBasicExample 2022-03-23T01:37:25Z logger.go:66:       + state                  = (known after apply)
TestTerraformBasicExample 2022-03-23T01:37:25Z logger.go:66:
TestTerraformBasicExample 2022-03-23T01:37:25Z logger.go:66:       + timeouts {
TestTerraformBasicExample 2022-03-23T01:37:25Z logger.go:66:           + create = "5m"
TestTerraformBasicExample 2022-03-23T01:37:25Z logger.go:66:         }
TestTerraformBasicExample 2022-03-23T01:37:25Z logger.go:66:     }
TestTerraformBasicExample 2022-03-23T01:37:25Z logger.go:66:
TestTerraformBasicExample 2022-03-23T01:37:25Z logger.go:66:   # module.vpc.aws_route.public_internet_gateway[0] will be created
TestTerraformBasicExample 2022-03-23T01:37:25Z logger.go:66:   + resource "aws_route" "public_internet_gateway" {
TestTerraformBasicExample 2022-03-23T01:37:25Z logger.go:66:       + destination_cidr_block = "0.0.0.0/0"
TestTerraformBasicExample 2022-03-23T01:37:25Z logger.go:66:       + gateway_id             = (known after apply)
TestTerraformBasicExample 2022-03-23T01:37:25Z logger.go:66:       + id                     = (known after apply)
TestTerraformBasicExample 2022-03-23T01:37:25Z logger.go:66:       + instance_id            = (known after apply)
TestTerraformBasicExample 2022-03-23T01:37:25Z logger.go:66:       + instance_owner_id      = (known after apply)
TestTerraformBasicExample 2022-03-23T01:37:25Z logger.go:66:       + network_interface_id   = (known after apply)
TestTerraformBasicExample 2022-03-23T01:37:25Z logger.go:66:       + origin                 = (known after apply)
TestTerraformBasicExample 2022-03-23T01:37:25Z logger.go:66:       + route_table_id         = (known after apply)
TestTerraformBasicExample 2022-03-23T01:37:25Z logger.go:66:       + state                  = (known after apply)
TestTerraformBasicExample 2022-03-23T01:37:25Z logger.go:66:
TestTerraformBasicExample 2022-03-23T01:37:25Z logger.go:66:       + timeouts {
TestTerraformBasicExample 2022-03-23T01:37:25Z logger.go:66:           + create = "5m"
TestTerraformBasicExample 2022-03-23T01:37:25Z logger.go:66:         }
TestTerraformBasicExample 2022-03-23T01:37:25Z logger.go:66:     }
TestTerraformBasicExample 2022-03-23T01:37:25Z logger.go:66:
TestTerraformBasicExample 2022-03-23T01:37:25Z logger.go:66:   # module.vpc.aws_route_table.private[0] will be created
TestTerraformBasicExample 2022-03-23T01:37:25Z logger.go:66:   + resource "aws_route_table" "private" {
TestTerraformBasicExample 2022-03-23T01:37:25Z logger.go:66:       + arn              = (known after apply)
TestTerraformBasicExample 2022-03-23T01:37:25Z logger.go:66:       + id               = (known after apply)
TestTerraformBasicExample 2022-03-23T01:37:25Z logger.go:66:       + owner_id         = (known after apply)
TestTerraformBasicExample 2022-03-23T01:37:25Z logger.go:66:       + propagating_vgws = (known after apply)
TestTerraformBasicExample 2022-03-23T01:37:25Z logger.go:66:       + route            = (known after apply)
TestTerraformBasicExample 2022-03-23T01:37:25Z logger.go:66:       + tags             = {
TestTerraformBasicExample 2022-03-23T01:37:25Z logger.go:66:           + "Name" = "ex-basic-private"
TestTerraformBasicExample 2022-03-23T01:37:25Z logger.go:66:         }
TestTerraformBasicExample 2022-03-23T01:37:25Z logger.go:66:       + tags_all         = {
TestTerraformBasicExample 2022-03-23T01:37:25Z logger.go:66:           + "Example"    = "ex-basic"
TestTerraformBasicExample 2022-03-23T01:37:25Z logger.go:66:           + "GithubOrg"  = "aidan-melen"
TestTerraformBasicExample 2022-03-23T01:37:25Z logger.go:66:           + "GithubRepo" = "terraform-aws-eks-auth"
TestTerraformBasicExample 2022-03-23T01:37:25Z logger.go:66:           + "Name"       = "ex-basic-private"
TestTerraformBasicExample 2022-03-23T01:37:25Z logger.go:66:         }
TestTerraformBasicExample 2022-03-23T01:37:25Z logger.go:66:       + vpc_id           = (known after apply)
TestTerraformBasicExample 2022-03-23T01:37:25Z logger.go:66:     }
TestTerraformBasicExample 2022-03-23T01:37:25Z logger.go:66:
TestTerraformBasicExample 2022-03-23T01:37:25Z logger.go:66:   # module.vpc.aws_route_table.public[0] will be created
TestTerraformBasicExample 2022-03-23T01:37:25Z logger.go:66:   + resource "aws_route_table" "public" {
TestTerraformBasicExample 2022-03-23T01:37:25Z logger.go:66:       + arn              = (known after apply)
TestTerraformBasicExample 2022-03-23T01:37:25Z logger.go:66:       + id               = (known after apply)
TestTerraformBasicExample 2022-03-23T01:37:25Z logger.go:66:       + owner_id         = (known after apply)
TestTerraformBasicExample 2022-03-23T01:37:25Z logger.go:66:       + propagating_vgws = (known after apply)
TestTerraformBasicExample 2022-03-23T01:37:25Z logger.go:66:       + route            = (known after apply)
TestTerraformBasicExample 2022-03-23T01:37:25Z logger.go:66:       + tags             = {
TestTerraformBasicExample 2022-03-23T01:37:25Z logger.go:66:           + "Name" = "ex-basic-public"
TestTerraformBasicExample 2022-03-23T01:37:25Z logger.go:66:         }
TestTerraformBasicExample 2022-03-23T01:37:25Z logger.go:66:       + tags_all         = {
TestTerraformBasicExample 2022-03-23T01:37:25Z logger.go:66:           + "Example"    = "ex-basic"
TestTerraformBasicExample 2022-03-23T01:37:25Z logger.go:66:           + "GithubOrg"  = "aidan-melen"
TestTerraformBasicExample 2022-03-23T01:37:25Z logger.go:66:           + "GithubRepo" = "terraform-aws-eks-auth"
TestTerraformBasicExample 2022-03-23T01:37:25Z logger.go:66:           + "Name"       = "ex-basic-public"
TestTerraformBasicExample 2022-03-23T01:37:25Z logger.go:66:         }
TestTerraformBasicExample 2022-03-23T01:37:25Z logger.go:66:       + vpc_id           = (known after apply)
TestTerraformBasicExample 2022-03-23T01:37:25Z logger.go:66:     }
TestTerraformBasicExample 2022-03-23T01:37:25Z logger.go:66:
TestTerraformBasicExample 2022-03-23T01:37:25Z logger.go:66:   # module.vpc.aws_route_table_association.private[0] will be created
TestTerraformBasicExample 2022-03-23T01:37:25Z logger.go:66:   + resource "aws_route_table_association" "private" {
TestTerraformBasicExample 2022-03-23T01:37:25Z logger.go:66:       + id             = (known after apply)
TestTerraformBasicExample 2022-03-23T01:37:25Z logger.go:66:       + route_table_id = (known after apply)
TestTerraformBasicExample 2022-03-23T01:37:25Z logger.go:66:       + subnet_id      = (known after apply)
TestTerraformBasicExample 2022-03-23T01:37:25Z logger.go:66:     }
TestTerraformBasicExample 2022-03-23T01:37:25Z logger.go:66:
TestTerraformBasicExample 2022-03-23T01:37:25Z logger.go:66:   # module.vpc.aws_route_table_association.private[1] will be created
TestTerraformBasicExample 2022-03-23T01:37:25Z logger.go:66:   + resource "aws_route_table_association" "private" {
TestTerraformBasicExample 2022-03-23T01:37:25Z logger.go:66:       + id             = (known after apply)
TestTerraformBasicExample 2022-03-23T01:37:25Z logger.go:66:       + route_table_id = (known after apply)
TestTerraformBasicExample 2022-03-23T01:37:25Z logger.go:66:       + subnet_id      = (known after apply)
TestTerraformBasicExample 2022-03-23T01:37:25Z logger.go:66:     }
TestTerraformBasicExample 2022-03-23T01:37:25Z logger.go:66:
TestTerraformBasicExample 2022-03-23T01:37:25Z logger.go:66:   # module.vpc.aws_route_table_association.private[2] will be created
TestTerraformBasicExample 2022-03-23T01:37:25Z logger.go:66:   + resource "aws_route_table_association" "private" {
TestTerraformBasicExample 2022-03-23T01:37:25Z logger.go:66:       + id             = (known after apply)
TestTerraformBasicExample 2022-03-23T01:37:25Z logger.go:66:       + route_table_id = (known after apply)
TestTerraformBasicExample 2022-03-23T01:37:25Z logger.go:66:       + subnet_id      = (known after apply)
TestTerraformBasicExample 2022-03-23T01:37:25Z logger.go:66:     }
TestTerraformBasicExample 2022-03-23T01:37:25Z logger.go:66:
TestTerraformBasicExample 2022-03-23T01:37:25Z logger.go:66:   # module.vpc.aws_route_table_association.public[0] will be created
TestTerraformBasicExample 2022-03-23T01:37:25Z logger.go:66:   + resource "aws_route_table_association" "public" {
TestTerraformBasicExample 2022-03-23T01:37:25Z logger.go:66:       + id             = (known after apply)
TestTerraformBasicExample 2022-03-23T01:37:25Z logger.go:66:       + route_table_id = (known after apply)
TestTerraformBasicExample 2022-03-23T01:37:25Z logger.go:66:       + subnet_id      = (known after apply)
TestTerraformBasicExample 2022-03-23T01:37:25Z logger.go:66:     }
TestTerraformBasicExample 2022-03-23T01:37:25Z logger.go:66:
TestTerraformBasicExample 2022-03-23T01:37:25Z logger.go:66:   # module.vpc.aws_route_table_association.public[1] will be created
TestTerraformBasicExample 2022-03-23T01:37:25Z logger.go:66:   + resource "aws_route_table_association" "public" {
TestTerraformBasicExample 2022-03-23T01:37:25Z logger.go:66:       + id             = (known after apply)
TestTerraformBasicExample 2022-03-23T01:37:25Z logger.go:66:       + route_table_id = (known after apply)
TestTerraformBasicExample 2022-03-23T01:37:25Z logger.go:66:       + subnet_id      = (known after apply)
TestTerraformBasicExample 2022-03-23T01:37:25Z logger.go:66:     }
TestTerraformBasicExample 2022-03-23T01:37:25Z logger.go:66:
TestTerraformBasicExample 2022-03-23T01:37:25Z logger.go:66:   # module.vpc.aws_route_table_association.public[2] will be created
TestTerraformBasicExample 2022-03-23T01:37:25Z logger.go:66:   + resource "aws_route_table_association" "public" {
TestTerraformBasicExample 2022-03-23T01:37:25Z logger.go:66:       + id             = (known after apply)
TestTerraformBasicExample 2022-03-23T01:37:25Z logger.go:66:       + route_table_id = (known after apply)
TestTerraformBasicExample 2022-03-23T01:37:25Z logger.go:66:       + subnet_id      = (known after apply)
TestTerraformBasicExample 2022-03-23T01:37:25Z logger.go:66:     }
TestTerraformBasicExample 2022-03-23T01:37:25Z logger.go:66:
TestTerraformBasicExample 2022-03-23T01:37:25Z logger.go:66:   # module.vpc.aws_subnet.private[0] will be created
TestTerraformBasicExample 2022-03-23T01:37:25Z logger.go:66:   + resource "aws_subnet" "private" {
TestTerraformBasicExample 2022-03-23T01:37:25Z logger.go:66:       + arn                                            = (known after apply)
TestTerraformBasicExample 2022-03-23T01:37:25Z logger.go:66:       + assign_ipv6_address_on_creation                = false
TestTerraformBasicExample 2022-03-23T01:37:25Z logger.go:66:       + availability_zone                              = "us-west-2a"
TestTerraformBasicExample 2022-03-23T01:37:25Z logger.go:66:       + availability_zone_id                           = (known after apply)
TestTerraformBasicExample 2022-03-23T01:37:25Z logger.go:66:       + cidr_block                                     = "10.0.1.0/24"
TestTerraformBasicExample 2022-03-23T01:37:25Z logger.go:66:       + enable_dns64                                   = false
TestTerraformBasicExample 2022-03-23T01:37:25Z logger.go:66:       + enable_resource_name_dns_a_record_on_launch    = false
TestTerraformBasicExample 2022-03-23T01:37:25Z logger.go:66:       + enable_resource_name_dns_aaaa_record_on_launch = false
TestTerraformBasicExample 2022-03-23T01:37:25Z logger.go:66:       + id                                             = (known after apply)
TestTerraformBasicExample 2022-03-23T01:37:25Z logger.go:66:       + ipv6_cidr_block_association_id                 = (known after apply)
TestTerraformBasicExample 2022-03-23T01:37:25Z logger.go:66:       + ipv6_native                                    = false
TestTerraformBasicExample 2022-03-23T01:37:25Z logger.go:66:       + map_public_ip_on_launch                        = false
TestTerraformBasicExample 2022-03-23T01:37:25Z logger.go:66:       + owner_id                                       = (known after apply)
TestTerraformBasicExample 2022-03-23T01:37:25Z logger.go:66:       + private_dns_hostname_type_on_launch            = (known after apply)
TestTerraformBasicExample 2022-03-23T01:37:25Z logger.go:66:       + tags                                           = {
TestTerraformBasicExample 2022-03-23T01:37:25Z logger.go:66:           + "Name"                            = "ex-basic-private-us-west-2a"
TestTerraformBasicExample 2022-03-23T01:37:25Z logger.go:66:           + "kubernetes.io/cluster/ex-basic"  = "shared"
TestTerraformBasicExample 2022-03-23T01:37:25Z logger.go:66:           + "kubernetes.io/role/internal-elb" = "1"
TestTerraformBasicExample 2022-03-23T01:37:25Z logger.go:66:         }
TestTerraformBasicExample 2022-03-23T01:37:25Z logger.go:66:       + tags_all                                       = {
TestTerraformBasicExample 2022-03-23T01:37:25Z logger.go:66:           + "Example"                         = "ex-basic"
TestTerraformBasicExample 2022-03-23T01:37:25Z logger.go:66:           + "GithubOrg"                       = "aidan-melen"
TestTerraformBasicExample 2022-03-23T01:37:25Z logger.go:66:           + "GithubRepo"                      = "terraform-aws-eks-auth"
TestTerraformBasicExample 2022-03-23T01:37:25Z logger.go:66:           + "Name"                            = "ex-basic-private-us-west-2a"
TestTerraformBasicExample 2022-03-23T01:37:25Z logger.go:66:           + "kubernetes.io/cluster/ex-basic"  = "shared"
TestTerraformBasicExample 2022-03-23T01:37:25Z logger.go:66:           + "kubernetes.io/role/internal-elb" = "1"
TestTerraformBasicExample 2022-03-23T01:37:25Z logger.go:66:         }
TestTerraformBasicExample 2022-03-23T01:37:25Z logger.go:66:       + vpc_id                                         = (known after apply)
TestTerraformBasicExample 2022-03-23T01:37:25Z logger.go:66:     }
TestTerraformBasicExample 2022-03-23T01:37:25Z logger.go:66:
TestTerraformBasicExample 2022-03-23T01:37:25Z logger.go:66:   # module.vpc.aws_subnet.private[1] will be created
TestTerraformBasicExample 2022-03-23T01:37:25Z logger.go:66:   + resource "aws_subnet" "private" {
TestTerraformBasicExample 2022-03-23T01:37:25Z logger.go:66:       + arn                                            = (known after apply)
TestTerraformBasicExample 2022-03-23T01:37:25Z logger.go:66:       + assign_ipv6_address_on_creation                = false
TestTerraformBasicExample 2022-03-23T01:37:25Z logger.go:66:       + availability_zone                              = "us-west-2b"
TestTerraformBasicExample 2022-03-23T01:37:25Z logger.go:66:       + availability_zone_id                           = (known after apply)
TestTerraformBasicExample 2022-03-23T01:37:25Z logger.go:66:       + cidr_block                                     = "10.0.2.0/24"
TestTerraformBasicExample 2022-03-23T01:37:25Z logger.go:66:       + enable_dns64                                   = false
TestTerraformBasicExample 2022-03-23T01:37:25Z logger.go:66:       + enable_resource_name_dns_a_record_on_launch    = false
TestTerraformBasicExample 2022-03-23T01:37:25Z logger.go:66:       + enable_resource_name_dns_aaaa_record_on_launch = false
TestTerraformBasicExample 2022-03-23T01:37:25Z logger.go:66:       + id                                             = (known after apply)
TestTerraformBasicExample 2022-03-23T01:37:25Z logger.go:66:       + ipv6_cidr_block_association_id                 = (known after apply)
TestTerraformBasicExample 2022-03-23T01:37:25Z logger.go:66:       + ipv6_native                                    = false
TestTerraformBasicExample 2022-03-23T01:37:25Z logger.go:66:       + map_public_ip_on_launch                        = false
TestTerraformBasicExample 2022-03-23T01:37:25Z logger.go:66:       + owner_id                                       = (known after apply)
TestTerraformBasicExample 2022-03-23T01:37:25Z logger.go:66:       + private_dns_hostname_type_on_launch            = (known after apply)
TestTerraformBasicExample 2022-03-23T01:37:25Z logger.go:66:       + tags                                           = {
TestTerraformBasicExample 2022-03-23T01:37:25Z logger.go:66:           + "Name"                            = "ex-basic-private-us-west-2b"
TestTerraformBasicExample 2022-03-23T01:37:25Z logger.go:66:           + "kubernetes.io/cluster/ex-basic"  = "shared"
TestTerraformBasicExample 2022-03-23T01:37:25Z logger.go:66:           + "kubernetes.io/role/internal-elb" = "1"
TestTerraformBasicExample 2022-03-23T01:37:25Z logger.go:66:         }
TestTerraformBasicExample 2022-03-23T01:37:25Z logger.go:66:       + tags_all                                       = {
TestTerraformBasicExample 2022-03-23T01:37:25Z logger.go:66:           + "Example"                         = "ex-basic"
TestTerraformBasicExample 2022-03-23T01:37:25Z logger.go:66:           + "GithubOrg"                       = "aidan-melen"
TestTerraformBasicExample 2022-03-23T01:37:25Z logger.go:66:           + "GithubRepo"                      = "terraform-aws-eks-auth"
TestTerraformBasicExample 2022-03-23T01:37:25Z logger.go:66:           + "Name"                            = "ex-basic-private-us-west-2b"
TestTerraformBasicExample 2022-03-23T01:37:25Z logger.go:66:           + "kubernetes.io/cluster/ex-basic"  = "shared"
TestTerraformBasicExample 2022-03-23T01:37:25Z logger.go:66:           + "kubernetes.io/role/internal-elb" = "1"
TestTerraformBasicExample 2022-03-23T01:37:25Z logger.go:66:         }
TestTerraformBasicExample 2022-03-23T01:37:25Z logger.go:66:       + vpc_id                                         = (known after apply)
TestTerraformBasicExample 2022-03-23T01:37:25Z logger.go:66:     }
TestTerraformBasicExample 2022-03-23T01:37:25Z logger.go:66:
TestTerraformBasicExample 2022-03-23T01:37:25Z logger.go:66:   # module.vpc.aws_subnet.private[2] will be created
TestTerraformBasicExample 2022-03-23T01:37:25Z logger.go:66:   + resource "aws_subnet" "private" {
TestTerraformBasicExample 2022-03-23T01:37:25Z logger.go:66:       + arn                                            = (known after apply)
TestTerraformBasicExample 2022-03-23T01:37:25Z logger.go:66:       + assign_ipv6_address_on_creation                = false
TestTerraformBasicExample 2022-03-23T01:37:25Z logger.go:66:       + availability_zone                              = "us-west-2c"
TestTerraformBasicExample 2022-03-23T01:37:25Z logger.go:66:       + availability_zone_id                           = (known after apply)
TestTerraformBasicExample 2022-03-23T01:37:25Z logger.go:66:       + cidr_block                                     = "10.0.3.0/24"
TestTerraformBasicExample 2022-03-23T01:37:25Z logger.go:66:       + enable_dns64                                   = false
TestTerraformBasicExample 2022-03-23T01:37:25Z logger.go:66:       + enable_resource_name_dns_a_record_on_launch    = false
TestTerraformBasicExample 2022-03-23T01:37:25Z logger.go:66:       + enable_resource_name_dns_aaaa_record_on_launch = false
TestTerraformBasicExample 2022-03-23T01:37:25Z logger.go:66:       + id                                             = (known after apply)
TestTerraformBasicExample 2022-03-23T01:37:25Z logger.go:66:       + ipv6_cidr_block_association_id                 = (known after apply)
TestTerraformBasicExample 2022-03-23T01:37:25Z logger.go:66:       + ipv6_native                                    = false
TestTerraformBasicExample 2022-03-23T01:37:25Z logger.go:66:       + map_public_ip_on_launch                        = false
TestTerraformBasicExample 2022-03-23T01:37:25Z logger.go:66:       + owner_id                                       = (known after apply)
TestTerraformBasicExample 2022-03-23T01:37:25Z logger.go:66:       + private_dns_hostname_type_on_launch            = (known after apply)
TestTerraformBasicExample 2022-03-23T01:37:25Z logger.go:66:       + tags                                           = {
TestTerraformBasicExample 2022-03-23T01:37:25Z logger.go:66:           + "Name"                            = "ex-basic-private-us-west-2c"
TestTerraformBasicExample 2022-03-23T01:37:25Z logger.go:66:           + "kubernetes.io/cluster/ex-basic"  = "shared"
TestTerraformBasicExample 2022-03-23T01:37:25Z logger.go:66:           + "kubernetes.io/role/internal-elb" = "1"
TestTerraformBasicExample 2022-03-23T01:37:25Z logger.go:66:         }
TestTerraformBasicExample 2022-03-23T01:37:25Z logger.go:66:       + tags_all                                       = {
TestTerraformBasicExample 2022-03-23T01:37:25Z logger.go:66:           + "Example"                         = "ex-basic"
TestTerraformBasicExample 2022-03-23T01:37:25Z logger.go:66:           + "GithubOrg"                       = "aidan-melen"
TestTerraformBasicExample 2022-03-23T01:37:25Z logger.go:66:           + "GithubRepo"                      = "terraform-aws-eks-auth"
TestTerraformBasicExample 2022-03-23T01:37:25Z logger.go:66:           + "Name"                            = "ex-basic-private-us-west-2c"
TestTerraformBasicExample 2022-03-23T01:37:25Z logger.go:66:           + "kubernetes.io/cluster/ex-basic"  = "shared"
TestTerraformBasicExample 2022-03-23T01:37:25Z logger.go:66:           + "kubernetes.io/role/internal-elb" = "1"
TestTerraformBasicExample 2022-03-23T01:37:25Z logger.go:66:         }
TestTerraformBasicExample 2022-03-23T01:37:25Z logger.go:66:       + vpc_id                                         = (known after apply)
TestTerraformBasicExample 2022-03-23T01:37:25Z logger.go:66:     }
TestTerraformBasicExample 2022-03-23T01:37:25Z logger.go:66:
TestTerraformBasicExample 2022-03-23T01:37:25Z logger.go:66:   # module.vpc.aws_subnet.public[0] will be created
TestTerraformBasicExample 2022-03-23T01:37:25Z logger.go:66:   + resource "aws_subnet" "public" {
TestTerraformBasicExample 2022-03-23T01:37:25Z logger.go:66:       + arn                                            = (known after apply)
TestTerraformBasicExample 2022-03-23T01:37:25Z logger.go:66:       + assign_ipv6_address_on_creation                = false
TestTerraformBasicExample 2022-03-23T01:37:25Z logger.go:66:       + availability_zone                              = "us-west-2a"
TestTerraformBasicExample 2022-03-23T01:37:25Z logger.go:66:       + availability_zone_id                           = (known after apply)
TestTerraformBasicExample 2022-03-23T01:37:25Z logger.go:66:       + cidr_block                                     = "10.0.4.0/24"
TestTerraformBasicExample 2022-03-23T01:37:25Z logger.go:66:       + enable_dns64                                   = false
TestTerraformBasicExample 2022-03-23T01:37:25Z logger.go:66:       + enable_resource_name_dns_a_record_on_launch    = false
TestTerraformBasicExample 2022-03-23T01:37:25Z logger.go:66:       + enable_resource_name_dns_aaaa_record_on_launch = false
TestTerraformBasicExample 2022-03-23T01:37:25Z logger.go:66:       + id                                             = (known after apply)
TestTerraformBasicExample 2022-03-23T01:37:25Z logger.go:66:       + ipv6_cidr_block_association_id                 = (known after apply)
TestTerraformBasicExample 2022-03-23T01:37:25Z logger.go:66:       + ipv6_native                                    = false
TestTerraformBasicExample 2022-03-23T01:37:25Z logger.go:66:       + map_public_ip_on_launch                        = true
TestTerraformBasicExample 2022-03-23T01:37:25Z logger.go:66:       + owner_id                                       = (known after apply)
TestTerraformBasicExample 2022-03-23T01:37:25Z logger.go:66:       + private_dns_hostname_type_on_launch            = (known after apply)
TestTerraformBasicExample 2022-03-23T01:37:25Z logger.go:66:       + tags                                           = {
TestTerraformBasicExample 2022-03-23T01:37:25Z logger.go:66:           + "Name"                           = "ex-basic-public-us-west-2a"
TestTerraformBasicExample 2022-03-23T01:37:25Z logger.go:66:           + "kubernetes.io/cluster/ex-basic" = "shared"
TestTerraformBasicExample 2022-03-23T01:37:25Z logger.go:66:           + "kubernetes.io/role/elb"         = "1"
TestTerraformBasicExample 2022-03-23T01:37:25Z logger.go:66:         }
TestTerraformBasicExample 2022-03-23T01:37:25Z logger.go:66:       + tags_all                                       = {
TestTerraformBasicExample 2022-03-23T01:37:25Z logger.go:66:           + "Example"                        = "ex-basic"
TestTerraformBasicExample 2022-03-23T01:37:25Z logger.go:66:           + "GithubOrg"                      = "aidan-melen"
TestTerraformBasicExample 2022-03-23T01:37:25Z logger.go:66:           + "GithubRepo"                     = "terraform-aws-eks-auth"
TestTerraformBasicExample 2022-03-23T01:37:25Z logger.go:66:           + "Name"                           = "ex-basic-public-us-west-2a"
TestTerraformBasicExample 2022-03-23T01:37:25Z logger.go:66:           + "kubernetes.io/cluster/ex-basic" = "shared"
TestTerraformBasicExample 2022-03-23T01:37:25Z logger.go:66:           + "kubernetes.io/role/elb"         = "1"
TestTerraformBasicExample 2022-03-23T01:37:25Z logger.go:66:         }
TestTerraformBasicExample 2022-03-23T01:37:25Z logger.go:66:       + vpc_id                                         = (known after apply)
TestTerraformBasicExample 2022-03-23T01:37:25Z logger.go:66:     }
TestTerraformBasicExample 2022-03-23T01:37:25Z logger.go:66:
TestTerraformBasicExample 2022-03-23T01:37:25Z logger.go:66:   # module.vpc.aws_subnet.public[1] will be created
TestTerraformBasicExample 2022-03-23T01:37:25Z logger.go:66:   + resource "aws_subnet" "public" {
TestTerraformBasicExample 2022-03-23T01:37:25Z logger.go:66:       + arn                                            = (known after apply)
TestTerraformBasicExample 2022-03-23T01:37:25Z logger.go:66:       + assign_ipv6_address_on_creation                = false
TestTerraformBasicExample 2022-03-23T01:37:25Z logger.go:66:       + availability_zone                              = "us-west-2b"
TestTerraformBasicExample 2022-03-23T01:37:25Z logger.go:66:       + availability_zone_id                           = (known after apply)
TestTerraformBasicExample 2022-03-23T01:37:25Z logger.go:66:       + cidr_block                                     = "10.0.5.0/24"
TestTerraformBasicExample 2022-03-23T01:37:25Z logger.go:66:       + enable_dns64                                   = false
TestTerraformBasicExample 2022-03-23T01:37:25Z logger.go:66:       + enable_resource_name_dns_a_record_on_launch    = false
TestTerraformBasicExample 2022-03-23T01:37:25Z logger.go:66:       + enable_resource_name_dns_aaaa_record_on_launch = false
TestTerraformBasicExample 2022-03-23T01:37:25Z logger.go:66:       + id                                             = (known after apply)
TestTerraformBasicExample 2022-03-23T01:37:25Z logger.go:66:       + ipv6_cidr_block_association_id                 = (known after apply)
TestTerraformBasicExample 2022-03-23T01:37:25Z logger.go:66:       + ipv6_native                                    = false
TestTerraformBasicExample 2022-03-23T01:37:25Z logger.go:66:       + map_public_ip_on_launch                        = true
TestTerraformBasicExample 2022-03-23T01:37:25Z logger.go:66:       + owner_id                                       = (known after apply)
TestTerraformBasicExample 2022-03-23T01:37:25Z logger.go:66:       + private_dns_hostname_type_on_launch            = (known after apply)
TestTerraformBasicExample 2022-03-23T01:37:25Z logger.go:66:       + tags                                           = {
TestTerraformBasicExample 2022-03-23T01:37:25Z logger.go:66:           + "Name"                           = "ex-basic-public-us-west-2b"
TestTerraformBasicExample 2022-03-23T01:37:25Z logger.go:66:           + "kubernetes.io/cluster/ex-basic" = "shared"
TestTerraformBasicExample 2022-03-23T01:37:25Z logger.go:66:           + "kubernetes.io/role/elb"         = "1"
TestTerraformBasicExample 2022-03-23T01:37:25Z logger.go:66:         }
TestTerraformBasicExample 2022-03-23T01:37:25Z logger.go:66:       + tags_all                                       = {
TestTerraformBasicExample 2022-03-23T01:37:25Z logger.go:66:           + "Example"                        = "ex-basic"
TestTerraformBasicExample 2022-03-23T01:37:25Z logger.go:66:           + "GithubOrg"                      = "aidan-melen"
TestTerraformBasicExample 2022-03-23T01:37:25Z logger.go:66:           + "GithubRepo"                     = "terraform-aws-eks-auth"
TestTerraformBasicExample 2022-03-23T01:37:25Z logger.go:66:           + "Name"                           = "ex-basic-public-us-west-2b"
TestTerraformBasicExample 2022-03-23T01:37:25Z logger.go:66:           + "kubernetes.io/cluster/ex-basic" = "shared"
TestTerraformBasicExample 2022-03-23T01:37:25Z logger.go:66:           + "kubernetes.io/role/elb"         = "1"
TestTerraformBasicExample 2022-03-23T01:37:25Z logger.go:66:         }
TestTerraformBasicExample 2022-03-23T01:37:25Z logger.go:66:       + vpc_id                                         = (known after apply)
TestTerraformBasicExample 2022-03-23T01:37:25Z logger.go:66:     }
TestTerraformBasicExample 2022-03-23T01:37:25Z logger.go:66:
TestTerraformBasicExample 2022-03-23T01:37:25Z logger.go:66:   # module.vpc.aws_subnet.public[2] will be created
TestTerraformBasicExample 2022-03-23T01:37:25Z logger.go:66:   + resource "aws_subnet" "public" {
TestTerraformBasicExample 2022-03-23T01:37:25Z logger.go:66:       + arn                                            = (known after apply)
TestTerraformBasicExample 2022-03-23T01:37:25Z logger.go:66:       + assign_ipv6_address_on_creation                = false
TestTerraformBasicExample 2022-03-23T01:37:25Z logger.go:66:       + availability_zone                              = "us-west-2c"
TestTerraformBasicExample 2022-03-23T01:37:25Z logger.go:66:       + availability_zone_id                           = (known after apply)
TestTerraformBasicExample 2022-03-23T01:37:25Z logger.go:66:       + cidr_block                                     = "10.0.6.0/24"
TestTerraformBasicExample 2022-03-23T01:37:25Z logger.go:66:       + enable_dns64                                   = false
TestTerraformBasicExample 2022-03-23T01:37:25Z logger.go:66:       + enable_resource_name_dns_a_record_on_launch    = false
TestTerraformBasicExample 2022-03-23T01:37:25Z logger.go:66:       + enable_resource_name_dns_aaaa_record_on_launch = false
TestTerraformBasicExample 2022-03-23T01:37:25Z logger.go:66:       + id                                             = (known after apply)
TestTerraformBasicExample 2022-03-23T01:37:25Z logger.go:66:       + ipv6_cidr_block_association_id                 = (known after apply)
TestTerraformBasicExample 2022-03-23T01:37:25Z logger.go:66:       + ipv6_native                                    = false
TestTerraformBasicExample 2022-03-23T01:37:25Z logger.go:66:       + map_public_ip_on_launch                        = true
TestTerraformBasicExample 2022-03-23T01:37:25Z logger.go:66:       + owner_id                                       = (known after apply)
TestTerraformBasicExample 2022-03-23T01:37:25Z logger.go:66:       + private_dns_hostname_type_on_launch            = (known after apply)
TestTerraformBasicExample 2022-03-23T01:37:25Z logger.go:66:       + tags                                           = {
TestTerraformBasicExample 2022-03-23T01:37:25Z logger.go:66:           + "Name"                           = "ex-basic-public-us-west-2c"
TestTerraformBasicExample 2022-03-23T01:37:25Z logger.go:66:           + "kubernetes.io/cluster/ex-basic" = "shared"
TestTerraformBasicExample 2022-03-23T01:37:25Z logger.go:66:           + "kubernetes.io/role/elb"         = "1"
TestTerraformBasicExample 2022-03-23T01:37:25Z logger.go:66:         }
TestTerraformBasicExample 2022-03-23T01:37:25Z logger.go:66:       + tags_all                                       = {
TestTerraformBasicExample 2022-03-23T01:37:25Z logger.go:66:           + "Example"                        = "ex-basic"
TestTerraformBasicExample 2022-03-23T01:37:25Z logger.go:66:           + "GithubOrg"                      = "aidan-melen"
TestTerraformBasicExample 2022-03-23T01:37:25Z logger.go:66:           + "GithubRepo"                     = "terraform-aws-eks-auth"
TestTerraformBasicExample 2022-03-23T01:37:25Z logger.go:66:           + "Name"                           = "ex-basic-public-us-west-2c"
TestTerraformBasicExample 2022-03-23T01:37:25Z logger.go:66:           + "kubernetes.io/cluster/ex-basic" = "shared"
TestTerraformBasicExample 2022-03-23T01:37:25Z logger.go:66:           + "kubernetes.io/role/elb"         = "1"
TestTerraformBasicExample 2022-03-23T01:37:25Z logger.go:66:         }
TestTerraformBasicExample 2022-03-23T01:37:25Z logger.go:66:       + vpc_id                                         = (known after apply)
TestTerraformBasicExample 2022-03-23T01:37:25Z logger.go:66:     }
TestTerraformBasicExample 2022-03-23T01:37:25Z logger.go:66:
TestTerraformBasicExample 2022-03-23T01:37:25Z logger.go:66:   # module.vpc.aws_vpc.this[0] will be created
TestTerraformBasicExample 2022-03-23T01:37:25Z logger.go:66:   + resource "aws_vpc" "this" {
TestTerraformBasicExample 2022-03-23T01:37:25Z logger.go:66:       + arn                                  = (known after apply)
TestTerraformBasicExample 2022-03-23T01:37:25Z logger.go:66:       + assign_generated_ipv6_cidr_block     = false
TestTerraformBasicExample 2022-03-23T01:37:25Z logger.go:66:       + cidr_block                           = "10.0.0.0/16"
TestTerraformBasicExample 2022-03-23T01:37:25Z logger.go:66:       + default_network_acl_id               = (known after apply)
TestTerraformBasicExample 2022-03-23T01:37:25Z logger.go:66:       + default_route_table_id               = (known after apply)
TestTerraformBasicExample 2022-03-23T01:37:25Z logger.go:66:       + default_security_group_id            = (known after apply)
TestTerraformBasicExample 2022-03-23T01:37:25Z logger.go:66:       + dhcp_options_id                      = (known after apply)
TestTerraformBasicExample 2022-03-23T01:37:25Z logger.go:66:       + enable_classiclink                   = (known after apply)
TestTerraformBasicExample 2022-03-23T01:37:25Z logger.go:66:       + enable_classiclink_dns_support       = (known after apply)
TestTerraformBasicExample 2022-03-23T01:37:25Z logger.go:66:       + enable_dns_hostnames                 = true
TestTerraformBasicExample 2022-03-23T01:37:25Z logger.go:66:       + enable_dns_support                   = true
TestTerraformBasicExample 2022-03-23T01:37:25Z logger.go:66:       + id                                   = (known after apply)
TestTerraformBasicExample 2022-03-23T01:37:25Z logger.go:66:       + instance_tenancy                     = "default"
TestTerraformBasicExample 2022-03-23T01:37:25Z logger.go:66:       + ipv6_association_id                  = (known after apply)
TestTerraformBasicExample 2022-03-23T01:37:25Z logger.go:66:       + ipv6_cidr_block                      = (known after apply)
TestTerraformBasicExample 2022-03-23T01:37:25Z logger.go:66:       + ipv6_cidr_block_network_border_group = (known after apply)
TestTerraformBasicExample 2022-03-23T01:37:25Z logger.go:66:       + main_route_table_id                  = (known after apply)
TestTerraformBasicExample 2022-03-23T01:37:25Z logger.go:66:       + owner_id                             = (known after apply)
TestTerraformBasicExample 2022-03-23T01:37:25Z logger.go:66:       + tags                                 = {
TestTerraformBasicExample 2022-03-23T01:37:25Z logger.go:66:           + "Name" = "ex-basic"
TestTerraformBasicExample 2022-03-23T01:37:25Z logger.go:66:         }
TestTerraformBasicExample 2022-03-23T01:37:25Z logger.go:66:       + tags_all                             = {
TestTerraformBasicExample 2022-03-23T01:37:25Z logger.go:66:           + "Example"    = "ex-basic"
TestTerraformBasicExample 2022-03-23T01:37:25Z logger.go:66:           + "GithubOrg"  = "aidan-melen"
TestTerraformBasicExample 2022-03-23T01:37:25Z logger.go:66:           + "GithubRepo" = "terraform-aws-eks-auth"
TestTerraformBasicExample 2022-03-23T01:37:25Z logger.go:66:           + "Name"       = "ex-basic"
TestTerraformBasicExample 2022-03-23T01:37:25Z logger.go:66:         }
TestTerraformBasicExample 2022-03-23T01:37:25Z logger.go:66:     }
TestTerraformBasicExample 2022-03-23T01:37:25Z logger.go:66:
TestTerraformBasicExample 2022-03-23T01:37:25Z logger.go:66:   # module.eks.module.eks_managed_node_group["foo"].aws_eks_node_group.this[0] will be created
TestTerraformBasicExample 2022-03-23T01:37:25Z logger.go:66:   + resource "aws_eks_node_group" "this" {
TestTerraformBasicExample 2022-03-23T01:37:25Z logger.go:66:       + ami_type               = (known after apply)
TestTerraformBasicExample 2022-03-23T01:37:25Z logger.go:66:       + arn                    = (known after apply)
TestTerraformBasicExample 2022-03-23T01:37:25Z logger.go:66:       + capacity_type          = (known after apply)
TestTerraformBasicExample 2022-03-23T01:37:25Z logger.go:66:       + cluster_name           = "ex-basic"
TestTerraformBasicExample 2022-03-23T01:37:25Z logger.go:66:       + disk_size              = (known after apply)
TestTerraformBasicExample 2022-03-23T01:37:25Z logger.go:66:       + id                     = (known after apply)
TestTerraformBasicExample 2022-03-23T01:37:25Z logger.go:66:       + instance_types         = (known after apply)
TestTerraformBasicExample 2022-03-23T01:37:25Z logger.go:66:       + node_group_name        = (known after apply)
TestTerraformBasicExample 2022-03-23T01:37:25Z logger.go:66:       + node_group_name_prefix = "foo-"
TestTerraformBasicExample 2022-03-23T01:37:25Z logger.go:66:       + node_role_arn          = (known after apply)
TestTerraformBasicExample 2022-03-23T01:37:25Z logger.go:66:       + release_version        = (known after apply)
TestTerraformBasicExample 2022-03-23T01:37:25Z logger.go:66:       + resources              = (known after apply)
TestTerraformBasicExample 2022-03-23T01:37:25Z logger.go:66:       + status                 = (known after apply)
TestTerraformBasicExample 2022-03-23T01:37:25Z logger.go:66:       + subnet_ids             = (known after apply)
TestTerraformBasicExample 2022-03-23T01:37:25Z logger.go:66:       + tags                   = {
TestTerraformBasicExample 2022-03-23T01:37:25Z logger.go:66:           + "Name" = "foo"
TestTerraformBasicExample 2022-03-23T01:37:25Z logger.go:66:         }
TestTerraformBasicExample 2022-03-23T01:37:25Z logger.go:66:       + tags_all               = {
TestTerraformBasicExample 2022-03-23T01:37:25Z logger.go:66:           + "Example"    = "ex-basic"
TestTerraformBasicExample 2022-03-23T01:37:25Z logger.go:66:           + "GithubOrg"  = "aidan-melen"
TestTerraformBasicExample 2022-03-23T01:37:25Z logger.go:66:           + "GithubRepo" = "terraform-aws-eks-auth"
TestTerraformBasicExample 2022-03-23T01:37:25Z logger.go:66:           + "Name"       = "foo"
TestTerraformBasicExample 2022-03-23T01:37:25Z logger.go:66:         }
TestTerraformBasicExample 2022-03-23T01:37:25Z logger.go:66:       + version                = (known after apply)
TestTerraformBasicExample 2022-03-23T01:37:25Z logger.go:66:
TestTerraformBasicExample 2022-03-23T01:37:25Z logger.go:66:       + launch_template {
TestTerraformBasicExample 2022-03-23T01:37:25Z logger.go:66:           + id      = (known after apply)
TestTerraformBasicExample 2022-03-23T01:37:25Z logger.go:66:           + name    = (known after apply)
TestTerraformBasicExample 2022-03-23T01:37:25Z logger.go:66:           + version = (known after apply)
TestTerraformBasicExample 2022-03-23T01:37:25Z logger.go:66:         }
TestTerraformBasicExample 2022-03-23T01:37:25Z logger.go:66:
TestTerraformBasicExample 2022-03-23T01:37:25Z logger.go:66:       + scaling_config {
TestTerraformBasicExample 2022-03-23T01:37:25Z logger.go:66:           + desired_size = 1
TestTerraformBasicExample 2022-03-23T01:37:25Z logger.go:66:           + max_size     = 3
TestTerraformBasicExample 2022-03-23T01:37:25Z logger.go:66:           + min_size     = 1
TestTerraformBasicExample 2022-03-23T01:37:25Z logger.go:66:         }
TestTerraformBasicExample 2022-03-23T01:37:25Z logger.go:66:
TestTerraformBasicExample 2022-03-23T01:37:25Z logger.go:66:       + timeouts {}
TestTerraformBasicExample 2022-03-23T01:37:25Z logger.go:66:
TestTerraformBasicExample 2022-03-23T01:37:25Z logger.go:66:       + update_config {
TestTerraformBasicExample 2022-03-23T01:37:25Z logger.go:66:           + max_unavailable            = (known after apply)
TestTerraformBasicExample 2022-03-23T01:37:25Z logger.go:66:           + max_unavailable_percentage = (known after apply)
TestTerraformBasicExample 2022-03-23T01:37:25Z logger.go:66:         }
TestTerraformBasicExample 2022-03-23T01:37:25Z logger.go:66:     }
TestTerraformBasicExample 2022-03-23T01:37:25Z logger.go:66:
TestTerraformBasicExample 2022-03-23T01:37:25Z logger.go:66:   # module.eks.module.eks_managed_node_group["foo"].aws_iam_role.this[0] will be created
TestTerraformBasicExample 2022-03-23T01:37:25Z logger.go:66:   + resource "aws_iam_role" "this" {
TestTerraformBasicExample 2022-03-23T01:37:25Z logger.go:66:       + arn                   = (known after apply)
TestTerraformBasicExample 2022-03-23T01:37:25Z logger.go:66:       + assume_role_policy    = jsonencode(
TestTerraformBasicExample 2022-03-23T01:37:25Z logger.go:66:             {
TestTerraformBasicExample 2022-03-23T01:37:25Z logger.go:66:               + Statement = [
TestTerraformBasicExample 2022-03-23T01:37:25Z logger.go:66:                   + {
TestTerraformBasicExample 2022-03-23T01:37:25Z logger.go:66:                       + Action    = "sts:AssumeRole"
TestTerraformBasicExample 2022-03-23T01:37:25Z logger.go:66:                       + Effect    = "Allow"
TestTerraformBasicExample 2022-03-23T01:37:25Z logger.go:66:                       + Principal = {
TestTerraformBasicExample 2022-03-23T01:37:25Z logger.go:66:                           + Service = "ec2.amazonaws.com"
TestTerraformBasicExample 2022-03-23T01:37:25Z logger.go:66:                         }
TestTerraformBasicExample 2022-03-23T01:37:25Z logger.go:66:                       + Sid       = "EKSNodeAssumeRole"
TestTerraformBasicExample 2022-03-23T01:37:25Z logger.go:66:                     },
TestTerraformBasicExample 2022-03-23T01:37:25Z logger.go:66:                 ]
TestTerraformBasicExample 2022-03-23T01:37:25Z logger.go:66:               + Version   = "2012-10-17"
TestTerraformBasicExample 2022-03-23T01:37:25Z logger.go:66:             }
TestTerraformBasicExample 2022-03-23T01:37:25Z logger.go:66:         )
TestTerraformBasicExample 2022-03-23T01:37:25Z logger.go:66:       + create_date           = (known after apply)
TestTerraformBasicExample 2022-03-23T01:37:25Z logger.go:66:       + description           = "EKS managed node group IAM role"
TestTerraformBasicExample 2022-03-23T01:37:25Z logger.go:66:       + force_detach_policies = true
TestTerraformBasicExample 2022-03-23T01:37:25Z logger.go:66:       + id                    = (known after apply)
TestTerraformBasicExample 2022-03-23T01:37:25Z logger.go:66:       + managed_policy_arns   = (known after apply)
TestTerraformBasicExample 2022-03-23T01:37:25Z logger.go:66:       + max_session_duration  = 3600
TestTerraformBasicExample 2022-03-23T01:37:25Z logger.go:66:       + name                  = (known after apply)
TestTerraformBasicExample 2022-03-23T01:37:25Z logger.go:66:       + name_prefix           = "foo-eks-node-group-"
TestTerraformBasicExample 2022-03-23T01:37:25Z logger.go:66:       + path                  = "/"
TestTerraformBasicExample 2022-03-23T01:37:25Z logger.go:66:       + tags_all              = {
TestTerraformBasicExample 2022-03-23T01:37:25Z logger.go:66:           + "Example"    = "ex-basic"
TestTerraformBasicExample 2022-03-23T01:37:25Z logger.go:66:           + "GithubOrg"  = "aidan-melen"
TestTerraformBasicExample 2022-03-23T01:37:25Z logger.go:66:           + "GithubRepo" = "terraform-aws-eks-auth"
TestTerraformBasicExample 2022-03-23T01:37:25Z logger.go:66:         }
TestTerraformBasicExample 2022-03-23T01:37:25Z logger.go:66:       + unique_id             = (known after apply)
TestTerraformBasicExample 2022-03-23T01:37:25Z logger.go:66:
TestTerraformBasicExample 2022-03-23T01:37:25Z logger.go:66:       + inline_policy {
TestTerraformBasicExample 2022-03-23T01:37:25Z logger.go:66:           + name   = (known after apply)
TestTerraformBasicExample 2022-03-23T01:37:25Z logger.go:66:           + policy = (known after apply)
TestTerraformBasicExample 2022-03-23T01:37:25Z logger.go:66:         }
TestTerraformBasicExample 2022-03-23T01:37:25Z logger.go:66:     }
TestTerraformBasicExample 2022-03-23T01:37:25Z logger.go:66:
TestTerraformBasicExample 2022-03-23T01:37:25Z logger.go:66:   # module.eks.module.eks_managed_node_group["foo"].aws_iam_role_policy_attachment.this["arn:aws:iam::aws:policy/AmazonEC2ContainerRegistryReadOnly"] will be created
TestTerraformBasicExample 2022-03-23T01:37:25Z logger.go:66:   + resource "aws_iam_role_policy_attachment" "this" {
TestTerraformBasicExample 2022-03-23T01:37:25Z logger.go:66:       + id         = (known after apply)
TestTerraformBasicExample 2022-03-23T01:37:25Z logger.go:66:       + policy_arn = "arn:aws:iam::aws:policy/AmazonEC2ContainerRegistryReadOnly"
TestTerraformBasicExample 2022-03-23T01:37:25Z logger.go:66:       + role       = (known after apply)
TestTerraformBasicExample 2022-03-23T01:37:25Z logger.go:66:     }
TestTerraformBasicExample 2022-03-23T01:37:25Z logger.go:66:
TestTerraformBasicExample 2022-03-23T01:37:25Z logger.go:66:   # module.eks.module.eks_managed_node_group["foo"].aws_iam_role_policy_attachment.this["arn:aws:iam::aws:policy/AmazonEKSWorkerNodePolicy"] will be created
TestTerraformBasicExample 2022-03-23T01:37:25Z logger.go:66:   + resource "aws_iam_role_policy_attachment" "this" {
TestTerraformBasicExample 2022-03-23T01:37:25Z logger.go:66:       + id         = (known after apply)
TestTerraformBasicExample 2022-03-23T01:37:25Z logger.go:66:       + policy_arn = "arn:aws:iam::aws:policy/AmazonEKSWorkerNodePolicy"
TestTerraformBasicExample 2022-03-23T01:37:25Z logger.go:66:       + role       = (known after apply)
TestTerraformBasicExample 2022-03-23T01:37:25Z logger.go:66:     }
TestTerraformBasicExample 2022-03-23T01:37:25Z logger.go:66:
TestTerraformBasicExample 2022-03-23T01:37:25Z logger.go:66:   # module.eks.module.eks_managed_node_group["foo"].aws_iam_role_policy_attachment.this["arn:aws:iam::aws:policy/AmazonEKS_CNI_Policy"] will be created
TestTerraformBasicExample 2022-03-23T01:37:25Z logger.go:66:   + resource "aws_iam_role_policy_attachment" "this" {
TestTerraformBasicExample 2022-03-23T01:37:25Z logger.go:66:       + id         = (known after apply)
TestTerraformBasicExample 2022-03-23T01:37:25Z logger.go:66:       + policy_arn = "arn:aws:iam::aws:policy/AmazonEKS_CNI_Policy"
TestTerraformBasicExample 2022-03-23T01:37:25Z logger.go:66:       + role       = (known after apply)
TestTerraformBasicExample 2022-03-23T01:37:25Z logger.go:66:     }
TestTerraformBasicExample 2022-03-23T01:37:25Z logger.go:66:
TestTerraformBasicExample 2022-03-23T01:37:25Z logger.go:66:   # module.eks.module.eks_managed_node_group["foo"].aws_launch_template.this[0] will be created
TestTerraformBasicExample 2022-03-23T01:37:25Z logger.go:66:   + resource "aws_launch_template" "this" {
TestTerraformBasicExample 2022-03-23T01:37:25Z logger.go:66:       + arn                    = (known after apply)
TestTerraformBasicExample 2022-03-23T01:37:25Z logger.go:66:       + default_version        = (known after apply)
TestTerraformBasicExample 2022-03-23T01:37:25Z logger.go:66:       + description            = "Custom launch template for foo EKS managed node group"
TestTerraformBasicExample 2022-03-23T01:37:25Z logger.go:66:       + id                     = (known after apply)
TestTerraformBasicExample 2022-03-23T01:37:25Z logger.go:66:       + latest_version         = (known after apply)
TestTerraformBasicExample 2022-03-23T01:37:25Z logger.go:66:       + name                   = (known after apply)
TestTerraformBasicExample 2022-03-23T01:37:25Z logger.go:66:       + name_prefix            = "foo-"
TestTerraformBasicExample 2022-03-23T01:37:25Z logger.go:66:       + tags_all               = {
TestTerraformBasicExample 2022-03-23T01:37:25Z logger.go:66:           + "Example"    = "ex-basic"
TestTerraformBasicExample 2022-03-23T01:37:25Z logger.go:66:           + "GithubOrg"  = "aidan-melen"
TestTerraformBasicExample 2022-03-23T01:37:25Z logger.go:66:           + "GithubRepo" = "terraform-aws-eks-auth"
TestTerraformBasicExample 2022-03-23T01:37:25Z logger.go:66:         }
TestTerraformBasicExample 2022-03-23T01:37:25Z logger.go:66:       + update_default_version = true
TestTerraformBasicExample 2022-03-23T01:37:25Z logger.go:66:       + vpc_security_group_ids = (known after apply)
TestTerraformBasicExample 2022-03-23T01:37:25Z logger.go:66:
TestTerraformBasicExample 2022-03-23T01:37:25Z logger.go:66:       + metadata_options {
TestTerraformBasicExample 2022-03-23T01:37:25Z logger.go:66:           + http_endpoint               = "enabled"
TestTerraformBasicExample 2022-03-23T01:37:25Z logger.go:66:           + http_protocol_ipv6          = "disabled"
TestTerraformBasicExample 2022-03-23T01:37:25Z logger.go:66:           + http_put_response_hop_limit = 2
TestTerraformBasicExample 2022-03-23T01:37:25Z logger.go:66:           + http_tokens                 = "required"
TestTerraformBasicExample 2022-03-23T01:37:25Z logger.go:66:           + instance_metadata_tags      = "disabled"
TestTerraformBasicExample 2022-03-23T01:37:25Z logger.go:66:         }
TestTerraformBasicExample 2022-03-23T01:37:25Z logger.go:66:
TestTerraformBasicExample 2022-03-23T01:37:25Z logger.go:66:       + monitoring {
TestTerraformBasicExample 2022-03-23T01:37:25Z logger.go:66:           + enabled = true
TestTerraformBasicExample 2022-03-23T01:37:25Z logger.go:66:         }
TestTerraformBasicExample 2022-03-23T01:37:25Z logger.go:66:
TestTerraformBasicExample 2022-03-23T01:37:25Z logger.go:66:       + tag_specifications {
TestTerraformBasicExample 2022-03-23T01:37:25Z logger.go:66:           + resource_type = "instance"
TestTerraformBasicExample 2022-03-23T01:37:25Z logger.go:66:           + tags          = {
TestTerraformBasicExample 2022-03-23T01:37:25Z logger.go:66:               + "Name" = "foo"
TestTerraformBasicExample 2022-03-23T01:37:25Z logger.go:66:             }
TestTerraformBasicExample 2022-03-23T01:37:25Z logger.go:66:         }
TestTerraformBasicExample 2022-03-23T01:37:25Z logger.go:66:       + tag_specifications {
TestTerraformBasicExample 2022-03-23T01:37:25Z logger.go:66:           + resource_type = "network-interface"
TestTerraformBasicExample 2022-03-23T01:37:25Z logger.go:66:           + tags          = {
TestTerraformBasicExample 2022-03-23T01:37:25Z logger.go:66:               + "Name" = "foo"
TestTerraformBasicExample 2022-03-23T01:37:25Z logger.go:66:             }
TestTerraformBasicExample 2022-03-23T01:37:25Z logger.go:66:         }
TestTerraformBasicExample 2022-03-23T01:37:25Z logger.go:66:       + tag_specifications {
TestTerraformBasicExample 2022-03-23T01:37:25Z logger.go:66:           + resource_type = "volume"
TestTerraformBasicExample 2022-03-23T01:37:25Z logger.go:66:           + tags          = {
TestTerraformBasicExample 2022-03-23T01:37:25Z logger.go:66:               + "Name" = "foo"
TestTerraformBasicExample 2022-03-23T01:37:25Z logger.go:66:             }
TestTerraformBasicExample 2022-03-23T01:37:25Z logger.go:66:         }
TestTerraformBasicExample 2022-03-23T01:37:25Z logger.go:66:     }
TestTerraformBasicExample 2022-03-23T01:37:25Z logger.go:66:
TestTerraformBasicExample 2022-03-23T01:37:25Z logger.go:66:   # module.eks.module.eks_managed_node_group["foo"].aws_security_group.this[0] will be created
TestTerraformBasicExample 2022-03-23T01:37:25Z logger.go:66:   + resource "aws_security_group" "this" {
TestTerraformBasicExample 2022-03-23T01:37:25Z logger.go:66:       + arn                    = (known after apply)
TestTerraformBasicExample 2022-03-23T01:37:25Z logger.go:66:       + description            = "EKS managed node group security group"
TestTerraformBasicExample 2022-03-23T01:37:25Z logger.go:66:       + egress                 = (known after apply)
TestTerraformBasicExample 2022-03-23T01:37:25Z logger.go:66:       + id                     = (known after apply)
TestTerraformBasicExample 2022-03-23T01:37:25Z logger.go:66:       + ingress                = (known after apply)
TestTerraformBasicExample 2022-03-23T01:37:25Z logger.go:66:       + name                   = (known after apply)
TestTerraformBasicExample 2022-03-23T01:37:25Z logger.go:66:       + name_prefix            = "foo-eks-node-group-"
TestTerraformBasicExample 2022-03-23T01:37:25Z logger.go:66:       + owner_id               = (known after apply)
TestTerraformBasicExample 2022-03-23T01:37:25Z logger.go:66:       + revoke_rules_on_delete = false
TestTerraformBasicExample 2022-03-23T01:37:25Z logger.go:66:       + tags                   = {
TestTerraformBasicExample 2022-03-23T01:37:25Z logger.go:66:           + "Name" = "foo-eks-node-group"
TestTerraformBasicExample 2022-03-23T01:37:25Z logger.go:66:         }
TestTerraformBasicExample 2022-03-23T01:37:25Z logger.go:66:       + tags_all               = {
TestTerraformBasicExample 2022-03-23T01:37:25Z logger.go:66:           + "Example"    = "ex-basic"
TestTerraformBasicExample 2022-03-23T01:37:25Z logger.go:66:           + "GithubOrg"  = "aidan-melen"
TestTerraformBasicExample 2022-03-23T01:37:25Z logger.go:66:           + "GithubRepo" = "terraform-aws-eks-auth"
TestTerraformBasicExample 2022-03-23T01:37:25Z logger.go:66:           + "Name"       = "foo-eks-node-group"
TestTerraformBasicExample 2022-03-23T01:37:25Z logger.go:66:         }
TestTerraformBasicExample 2022-03-23T01:37:25Z logger.go:66:       + vpc_id                 = (known after apply)
TestTerraformBasicExample 2022-03-23T01:37:25Z logger.go:66:     }
TestTerraformBasicExample 2022-03-23T01:37:25Z logger.go:66:
TestTerraformBasicExample 2022-03-23T01:37:25Z logger.go:66: Plan: 53 to add, 0 to change, 0 to destroy.
TestTerraformBasicExample 2022-03-23T01:37:25Z logger.go:66:
TestTerraformBasicExample 2022-03-23T01:37:25Z logger.go:66: Changes to Outputs:
TestTerraformBasicExample 2022-03-23T01:37:25Z logger.go:66:   + map_accounts            = []
TestTerraformBasicExample 2022-03-23T01:37:25Z logger.go:66:   + map_roles               = (known after apply)
TestTerraformBasicExample 2022-03-23T01:37:25Z logger.go:66:   + map_users               = []
TestTerraformBasicExample 2022-03-23T01:37:25Z logger.go:66:   + node_group_iam_role_arn = (known after apply)
TestTerraformBasicExample 2022-03-23T01:37:27Z logger.go:66: module.eks.aws_cloudwatch_log_group.this[0]: Creating...
TestTerraformBasicExample 2022-03-23T01:37:27Z logger.go:66: module.vpc.aws_vpc.this[0]: Creating...
TestTerraformBasicExample 2022-03-23T01:37:27Z logger.go:66: module.vpc.aws_eip.nat[0]: Creating...
TestTerraformBasicExample 2022-03-23T01:37:27Z logger.go:66: module.eks.module.eks_managed_node_group["foo"].aws_iam_role.this[0]: Creating...
TestTerraformBasicExample 2022-03-23T01:37:27Z logger.go:66: module.eks.aws_iam_role.this[0]: Creating...
TestTerraformBasicExample 2022-03-23T01:37:28Z logger.go:66: module.vpc.aws_eip.nat[0]: Creation complete after 0s [id=eipalloc-0183b88f8a01628eb]
TestTerraformBasicExample 2022-03-23T01:37:28Z logger.go:66: module.eks.aws_cloudwatch_log_group.this[0]: Creation complete after 0s [id=/aws/eks/ex-basic/cluster]
TestTerraformBasicExample 2022-03-23T01:37:28Z logger.go:66: module.eks.aws_iam_role.this[0]: Creation complete after 1s [id=ex-basic-cluster-20220323013727521500000002]
TestTerraformBasicExample 2022-03-23T01:37:28Z logger.go:66: module.eks.module.eks_managed_node_group["foo"].aws_iam_role.this[0]: Creation complete after 1s [id=foo-eks-node-group-20220323013727515700000001]
TestTerraformBasicExample 2022-03-23T01:37:28Z logger.go:66: module.eks.module.eks_managed_node_group["foo"].aws_iam_role_policy_attachment.this["arn:aws:iam::aws:policy/AmazonEKS_CNI_Policy"]: Creating...
TestTerraformBasicExample 2022-03-23T01:37:28Z logger.go:66: module.eks.module.eks_managed_node_group["foo"].aws_iam_role_policy_attachment.this["arn:aws:iam::aws:policy/AmazonEKSWorkerNodePolicy"]: Creating...
TestTerraformBasicExample 2022-03-23T01:37:28Z logger.go:66: module.eks.module.eks_managed_node_group["foo"].aws_iam_role_policy_attachment.this["arn:aws:iam::aws:policy/AmazonEC2ContainerRegistryReadOnly"]: Creating...
TestTerraformBasicExample 2022-03-23T01:37:28Z logger.go:66: module.eks.aws_iam_role_policy_attachment.this["arn:aws:iam::aws:policy/AmazonEKSVPCResourceController"]: Creating...
TestTerraformBasicExample 2022-03-23T01:37:28Z logger.go:66: module.eks.aws_iam_role_policy_attachment.this["arn:aws:iam::aws:policy/AmazonEKSClusterPolicy"]: Creating...
TestTerraformBasicExample 2022-03-23T01:37:29Z logger.go:66: module.eks.aws_iam_role_policy_attachment.this["arn:aws:iam::aws:policy/AmazonEKSVPCResourceController"]: Creation complete after 0s [id=ex-basic-cluster-20220323013727521500000002-20220323013728892800000004]
TestTerraformBasicExample 2022-03-23T01:37:29Z logger.go:66: module.eks.module.eks_managed_node_group["foo"].aws_iam_role_policy_attachment.this["arn:aws:iam::aws:policy/AmazonEKS_CNI_Policy"]: Creation complete after 0s [id=foo-eks-node-group-20220323013727515700000001-20220323013728984100000005]
TestTerraformBasicExample 2022-03-23T01:37:29Z logger.go:66: module.eks.aws_iam_role_policy_attachment.this["arn:aws:iam::aws:policy/AmazonEKSClusterPolicy"]: Creation complete after 0s [id=ex-basic-cluster-20220323013727521500000002-20220323013728885100000003]
TestTerraformBasicExample 2022-03-23T01:37:29Z logger.go:66: module.eks.module.eks_managed_node_group["foo"].aws_iam_role_policy_attachment.this["arn:aws:iam::aws:policy/AmazonEC2ContainerRegistryReadOnly"]: Creation complete after 0s [id=foo-eks-node-group-20220323013727515700000001-20220323013729010800000006]
TestTerraformBasicExample 2022-03-23T01:37:29Z logger.go:66: module.eks.module.eks_managed_node_group["foo"].aws_iam_role_policy_attachment.this["arn:aws:iam::aws:policy/AmazonEKSWorkerNodePolicy"]: Creation complete after 0s [id=foo-eks-node-group-20220323013727515700000001-20220323013729085400000007]
TestTerraformBasicExample 2022-03-23T01:37:37Z logger.go:66: module.vpc.aws_vpc.this[0]: Still creating... [10s elapsed]
TestTerraformBasicExample 2022-03-23T01:37:39Z logger.go:66: module.vpc.aws_vpc.this[0]: Creation complete after 11s [id=vpc-024c94e2d2cc5a5c5]
TestTerraformBasicExample 2022-03-23T01:37:39Z logger.go:66: module.eks.aws_security_group.cluster[0]: Creating...
TestTerraformBasicExample 2022-03-23T01:37:39Z logger.go:66: module.eks.aws_security_group.node[0]: Creating...
TestTerraformBasicExample 2022-03-23T01:37:39Z logger.go:66: module.vpc.aws_subnet.public[0]: Creating...
TestTerraformBasicExample 2022-03-23T01:37:39Z logger.go:66: module.vpc.aws_route_table.public[0]: Creating...
TestTerraformBasicExample 2022-03-23T01:37:39Z logger.go:66: module.vpc.aws_route_table.private[0]: Creating...
TestTerraformBasicExample 2022-03-23T01:37:39Z logger.go:66: module.eks.module.eks_managed_node_group["foo"].aws_security_group.this[0]: Creating...
TestTerraformBasicExample 2022-03-23T01:37:39Z logger.go:66: module.vpc.aws_subnet.private[1]: Creating...
TestTerraformBasicExample 2022-03-23T01:37:39Z logger.go:66: module.vpc.aws_subnet.public[1]: Creating...
TestTerraformBasicExample 2022-03-23T01:37:39Z logger.go:66: module.vpc.aws_subnet.private[2]: Creating...
TestTerraformBasicExample 2022-03-23T01:37:39Z logger.go:66: module.vpc.aws_subnet.public[2]: Creating...
TestTerraformBasicExample 2022-03-23T01:37:40Z logger.go:66: module.vpc.aws_route_table.private[0]: Creation complete after 0s [id=rtb-0c022ecbfb2de1ed0]
TestTerraformBasicExample 2022-03-23T01:37:40Z logger.go:66: module.vpc.aws_route_table.public[0]: Creation complete after 0s [id=rtb-02db22ae4ddccb059]
TestTerraformBasicExample 2022-03-23T01:37:40Z logger.go:66: module.vpc.aws_subnet.private[0]: Creating...
TestTerraformBasicExample 2022-03-23T01:37:40Z logger.go:66: module.vpc.aws_internet_gateway.this[0]: Creating...
TestTerraformBasicExample 2022-03-23T01:37:40Z logger.go:66: module.vpc.aws_subnet.private[2]: Creation complete after 0s [id=subnet-068dd3151a8c4f57a]
TestTerraformBasicExample 2022-03-23T01:37:40Z logger.go:66: module.vpc.aws_internet_gateway.this[0]: Creation complete after 1s [id=igw-074062c284cb1b8b9]
TestTerraformBasicExample 2022-03-23T01:37:40Z logger.go:66: module.vpc.aws_subnet.private[0]: Creation complete after 1s [id=subnet-048417218793b6f92]
TestTerraformBasicExample 2022-03-23T01:37:40Z logger.go:66: module.vpc.aws_route.public_internet_gateway[0]: Creating...
TestTerraformBasicExample 2022-03-23T01:37:40Z logger.go:66: module.vpc.aws_subnet.private[1]: Creation complete after 1s [id=subnet-072842a5e3c4370f3]
TestTerraformBasicExample 2022-03-23T01:37:40Z logger.go:66: module.vpc.aws_route_table_association.private[0]: Creating...
TestTerraformBasicExample 2022-03-23T01:37:40Z logger.go:66: module.vpc.aws_route_table_association.private[2]: Creating...
TestTerraformBasicExample 2022-03-23T01:37:40Z logger.go:66: module.vpc.aws_route_table_association.private[1]: Creating...
TestTerraformBasicExample 2022-03-23T01:37:41Z logger.go:66: module.vpc.aws_route_table_association.private[0]: Creation complete after 0s [id=rtbassoc-07f79d6c87dd89a4a]
TestTerraformBasicExample 2022-03-23T01:37:41Z logger.go:66: module.vpc.aws_route_table_association.private[2]: Creation complete after 0s [id=rtbassoc-0961fdc9765c1f786]
TestTerraformBasicExample 2022-03-23T01:37:41Z logger.go:66: module.vpc.aws_route_table_association.private[1]: Creation complete after 0s [id=rtbassoc-0c0bd4b3befa8a0c6]
TestTerraformBasicExample 2022-03-23T01:37:41Z logger.go:66: module.vpc.aws_route.public_internet_gateway[0]: Creation complete after 0s [id=r-rtb-02db22ae4ddccb0591080289494]
TestTerraformBasicExample 2022-03-23T01:37:41Z logger.go:66: module.eks.aws_security_group.cluster[0]: Creation complete after 2s [id=sg-0b53e046b12122741]
TestTerraformBasicExample 2022-03-23T01:37:41Z logger.go:66: module.eks.module.eks_managed_node_group["foo"].aws_security_group.this[0]: Creation complete after 2s [id=sg-0eaa183cfb1a0fda0]
TestTerraformBasicExample 2022-03-23T01:37:41Z logger.go:66: module.eks.aws_security_group.node[0]: Creation complete after 3s [id=sg-00fd3a925aea8b86f]
TestTerraformBasicExample 2022-03-23T01:37:41Z logger.go:66: module.eks.aws_security_group_rule.node["ingress_self_coredns_udp"]: Creating...
TestTerraformBasicExample 2022-03-23T01:37:41Z logger.go:66: module.eks.aws_security_group_rule.node["egress_cluster_443"]: Creating...
TestTerraformBasicExample 2022-03-23T01:37:41Z logger.go:66: module.eks.aws_security_group_rule.node["ingress_self_coredns_tcp"]: Creating...
TestTerraformBasicExample 2022-03-23T01:37:41Z logger.go:66: module.eks.aws_security_group_rule.node["egress_ntp_tcp"]: Creating...
TestTerraformBasicExample 2022-03-23T01:37:41Z logger.go:66: module.eks.aws_security_group_rule.node["ingress_cluster_kubelet"]: Creating...
TestTerraformBasicExample 2022-03-23T01:37:41Z logger.go:66: module.eks.aws_security_group_rule.node["egress_https"]: Creating...
TestTerraformBasicExample 2022-03-23T01:37:41Z logger.go:66: module.eks.aws_security_group_rule.node["egress_self_coredns_udp"]: Creating...
TestTerraformBasicExample 2022-03-23T01:37:42Z logger.go:66: module.eks.aws_security_group_rule.node["egress_cluster_443"]: Creation complete after 0s [id=sgrule-245167170]
TestTerraformBasicExample 2022-03-23T01:37:42Z logger.go:66: module.eks.aws_security_group_rule.node["ingress_cluster_443"]: Creating...
TestTerraformBasicExample 2022-03-23T01:37:42Z logger.go:66: module.eks.aws_security_group_rule.node["ingress_self_coredns_tcp"]: Creation complete after 1s [id=sgrule-1124434756]
TestTerraformBasicExample 2022-03-23T01:37:42Z logger.go:66: module.eks.aws_security_group_rule.node["egress_ntp_udp"]: Creating...
TestTerraformBasicExample 2022-03-23T01:37:43Z logger.go:66: module.eks.aws_security_group_rule.node["egress_ntp_tcp"]: Creation complete after 1s [id=sgrule-3828419550]
TestTerraformBasicExample 2022-03-23T01:37:43Z logger.go:66: module.eks.aws_security_group_rule.node["egress_self_coredns_tcp"]: Creating...
TestTerraformBasicExample 2022-03-23T01:37:44Z logger.go:66: module.eks.aws_security_group_rule.node["ingress_self_coredns_udp"]: Creation complete after 2s [id=sgrule-3881443499]
TestTerraformBasicExample 2022-03-23T01:37:44Z logger.go:66: module.eks.aws_security_group_rule.cluster["ingress_nodes_443"]: Creating...
TestTerraformBasicExample 2022-03-23T01:37:44Z logger.go:66: module.eks.aws_security_group_rule.node["ingress_cluster_kubelet"]: Creation complete after 3s [id=sgrule-2908934003]
TestTerraformBasicExample 2022-03-23T01:37:44Z logger.go:66: module.eks.aws_security_group_rule.cluster["egress_nodes_443"]: Creating...
TestTerraformBasicExample 2022-03-23T01:37:44Z logger.go:66: module.eks.aws_security_group_rule.cluster["ingress_nodes_443"]: Creation complete after 1s [id=sgrule-1851197621]
TestTerraformBasicExample 2022-03-23T01:37:44Z logger.go:66: module.eks.aws_security_group_rule.cluster["egress_nodes_kubelet"]: Creating...
TestTerraformBasicExample 2022-03-23T01:37:45Z logger.go:66: module.eks.aws_security_group_rule.node["egress_https"]: Creation complete after 3s [id=sgrule-1005532864]
TestTerraformBasicExample 2022-03-23T01:37:45Z logger.go:66: module.eks.aws_security_group_rule.cluster["egress_nodes_443"]: Creation complete after 0s [id=sgrule-2774736844]
TestTerraformBasicExample 2022-03-23T01:37:45Z logger.go:66: module.eks.aws_security_group_rule.node["egress_self_coredns_udp"]: Creation complete after 4s [id=sgrule-2069946709]
TestTerraformBasicExample 2022-03-23T01:37:45Z logger.go:66: module.eks.aws_security_group_rule.cluster["egress_nodes_kubelet"]: Creation complete after 1s [id=sgrule-1378498988]
TestTerraformBasicExample 2022-03-23T01:37:46Z logger.go:66: module.eks.aws_security_group_rule.node["ingress_cluster_443"]: Creation complete after 4s [id=sgrule-1511185497]
TestTerraformBasicExample 2022-03-23T01:37:47Z logger.go:66: module.eks.aws_security_group_rule.node["egress_ntp_udp"]: Creation complete after 4s [id=sgrule-2595172051]
TestTerraformBasicExample 2022-03-23T01:37:47Z logger.go:66: module.eks.aws_security_group_rule.node["egress_self_coredns_tcp"]: Creation complete after 5s [id=sgrule-4110902067]
TestTerraformBasicExample 2022-03-23T01:37:47Z logger.go:66: module.eks.aws_eks_cluster.this[0]: Creating...
TestTerraformBasicExample 2022-03-23T01:37:49Z logger.go:66: module.vpc.aws_subnet.public[0]: Still creating... [10s elapsed]
TestTerraformBasicExample 2022-03-23T01:37:49Z logger.go:66: module.vpc.aws_subnet.public[1]: Still creating... [9s elapsed]
TestTerraformBasicExample 2022-03-23T01:37:49Z logger.go:66: module.vpc.aws_subnet.public[2]: Still creating... [10s elapsed]
TestTerraformBasicExample 2022-03-23T01:37:50Z logger.go:66: module.vpc.aws_subnet.public[0]: Creation complete after 11s [id=subnet-079ad716eea1e2069]
TestTerraformBasicExample 2022-03-23T01:37:50Z logger.go:66: module.vpc.aws_subnet.public[2]: Creation complete after 11s [id=subnet-0ece4cad94417765f]
TestTerraformBasicExample 2022-03-23T01:37:50Z logger.go:66: module.vpc.aws_subnet.public[1]: Creation complete after 11s [id=subnet-06be12edc2ce26d40]
TestTerraformBasicExample 2022-03-23T01:37:50Z logger.go:66: module.vpc.aws_route_table_association.public[0]: Creating...
TestTerraformBasicExample 2022-03-23T01:37:50Z logger.go:66: module.vpc.aws_route_table_association.public[2]: Creating...
TestTerraformBasicExample 2022-03-23T01:37:50Z logger.go:66: module.vpc.aws_route_table_association.public[1]: Creating...
TestTerraformBasicExample 2022-03-23T01:37:50Z logger.go:66: module.vpc.aws_nat_gateway.this[0]: Creating...
TestTerraformBasicExample 2022-03-23T01:37:51Z logger.go:66: module.vpc.aws_route_table_association.public[1]: Creation complete after 0s [id=rtbassoc-05f608f3d4c2e600a]
TestTerraformBasicExample 2022-03-23T01:37:51Z logger.go:66: module.vpc.aws_route_table_association.public[2]: Creation complete after 0s [id=rtbassoc-026dd3d93ee716b27]
TestTerraformBasicExample 2022-03-23T01:37:51Z logger.go:66: module.vpc.aws_route_table_association.public[0]: Creation complete after 0s [id=rtbassoc-0ab4b9a5a4a3800fa]
TestTerraformBasicExample 2022-03-23T01:37:57Z logger.go:66: module.eks.aws_eks_cluster.this[0]: Still creating... [10s elapsed]
TestTerraformBasicExample 2022-03-23T01:38:00Z logger.go:66: module.vpc.aws_nat_gateway.this[0]: Still creating... [10s elapsed]
TestTerraformBasicExample 2022-03-23T01:38:07Z logger.go:66: module.eks.aws_eks_cluster.this[0]: Still creating... [20s elapsed]
TestTerraformBasicExample 2022-03-23T01:38:10Z logger.go:66: module.vpc.aws_nat_gateway.this[0]: Still creating... [20s elapsed]
TestTerraformBasicExample 2022-03-23T01:38:17Z logger.go:66: module.eks.aws_eks_cluster.this[0]: Still creating... [30s elapsed]
TestTerraformBasicExample 2022-03-23T01:38:20Z logger.go:66: module.vpc.aws_nat_gateway.this[0]: Still creating... [30s elapsed]
TestTerraformBasicExample 2022-03-23T01:38:27Z logger.go:66: module.eks.aws_eks_cluster.this[0]: Still creating... [40s elapsed]
TestTerraformBasicExample 2022-03-23T01:38:30Z logger.go:66: module.vpc.aws_nat_gateway.this[0]: Still creating... [40s elapsed]
TestTerraformBasicExample 2022-03-23T01:38:37Z logger.go:66: module.eks.aws_eks_cluster.this[0]: Still creating... [50s elapsed]
TestTerraformBasicExample 2022-03-23T01:38:40Z logger.go:66: module.vpc.aws_nat_gateway.this[0]: Still creating... [50s elapsed]
TestTerraformBasicExample 2022-03-23T01:38:47Z logger.go:66: module.eks.aws_eks_cluster.this[0]: Still creating... [1m0s elapsed]
TestTerraformBasicExample 2022-03-23T01:38:50Z logger.go:66: module.vpc.aws_nat_gateway.this[0]: Still creating... [1m0s elapsed]
TestTerraformBasicExample 2022-03-23T01:38:57Z logger.go:66: module.eks.aws_eks_cluster.this[0]: Still creating... [1m10s elapsed]
TestTerraformBasicExample 2022-03-23T01:39:00Z logger.go:66: module.vpc.aws_nat_gateway.this[0]: Still creating... [1m10s elapsed]
TestTerraformBasicExample 2022-03-23T01:39:07Z logger.go:66: module.eks.aws_eks_cluster.this[0]: Still creating... [1m20s elapsed]
TestTerraformBasicExample 2022-03-23T01:39:10Z logger.go:66: module.vpc.aws_nat_gateway.this[0]: Still creating... [1m20s elapsed]
TestTerraformBasicExample 2022-03-23T01:39:17Z logger.go:66: module.eks.aws_eks_cluster.this[0]: Still creating... [1m30s elapsed]
TestTerraformBasicExample 2022-03-23T01:39:20Z logger.go:66: module.vpc.aws_nat_gateway.this[0]: Still creating... [1m30s elapsed]
TestTerraformBasicExample 2022-03-23T01:39:25Z logger.go:66: module.vpc.aws_nat_gateway.this[0]: Creation complete after 1m34s [id=nat-08e946a973837916e]
TestTerraformBasicExample 2022-03-23T01:39:25Z logger.go:66: module.vpc.aws_route.private_nat_gateway[0]: Creating...
TestTerraformBasicExample 2022-03-23T01:39:25Z logger.go:66: module.vpc.aws_route.private_nat_gateway[0]: Creation complete after 1s [id=r-rtb-0c022ecbfb2de1ed01080289494]
TestTerraformBasicExample 2022-03-23T01:39:27Z logger.go:66: module.eks.aws_eks_cluster.this[0]: Still creating... [1m40s elapsed]
TestTerraformBasicExample 2022-03-23T01:39:37Z logger.go:66: module.eks.aws_eks_cluster.this[0]: Still creating... [1m50s elapsed]
TestTerraformBasicExample 2022-03-23T01:39:47Z logger.go:66: module.eks.aws_eks_cluster.this[0]: Still creating... [2m0s elapsed]
TestTerraformBasicExample 2022-03-23T01:39:57Z logger.go:66: module.eks.aws_eks_cluster.this[0]: Still creating... [2m10s elapsed]
TestTerraformBasicExample 2022-03-23T01:40:07Z logger.go:66: module.eks.aws_eks_cluster.this[0]: Still creating... [2m20s elapsed]
TestTerraformBasicExample 2022-03-23T01:40:17Z logger.go:66: module.eks.aws_eks_cluster.this[0]: Still creating... [2m30s elapsed]
TestTerraformBasicExample 2022-03-23T01:40:27Z logger.go:66: module.eks.aws_eks_cluster.this[0]: Still creating... [2m39s elapsed]
TestTerraformBasicExample 2022-03-23T01:40:37Z logger.go:66: module.eks.aws_eks_cluster.this[0]: Still creating... [2m49s elapsed]
TestTerraformBasicExample 2022-03-23T01:40:47Z logger.go:66: module.eks.aws_eks_cluster.this[0]: Still creating... [2m59s elapsed]
TestTerraformBasicExample 2022-03-23T01:40:57Z logger.go:66: module.eks.aws_eks_cluster.this[0]: Still creating... [3m9s elapsed]
TestTerraformBasicExample 2022-03-23T01:41:07Z logger.go:66: module.eks.aws_eks_cluster.this[0]: Still creating... [3m19s elapsed]
TestTerraformBasicExample 2022-03-23T01:41:17Z logger.go:66: module.eks.aws_eks_cluster.this[0]: Still creating... [3m29s elapsed]
TestTerraformBasicExample 2022-03-23T01:41:27Z logger.go:66: module.eks.aws_eks_cluster.this[0]: Still creating... [3m39s elapsed]
TestTerraformBasicExample 2022-03-23T01:41:37Z logger.go:66: module.eks.aws_eks_cluster.this[0]: Still creating... [3m49s elapsed]
TestTerraformBasicExample 2022-03-23T01:41:47Z logger.go:66: module.eks.aws_eks_cluster.this[0]: Still creating... [3m59s elapsed]
TestTerraformBasicExample 2022-03-23T01:41:57Z logger.go:66: module.eks.aws_eks_cluster.this[0]: Still creating... [4m9s elapsed]
TestTerraformBasicExample 2022-03-23T01:42:07Z logger.go:66: module.eks.aws_eks_cluster.this[0]: Still creating... [4m19s elapsed]
TestTerraformBasicExample 2022-03-23T01:42:17Z logger.go:66: module.eks.aws_eks_cluster.this[0]: Still creating... [4m29s elapsed]
TestTerraformBasicExample 2022-03-23T01:42:27Z logger.go:66: module.eks.aws_eks_cluster.this[0]: Still creating... [4m39s elapsed]
TestTerraformBasicExample 2022-03-23T01:42:37Z logger.go:66: module.eks.aws_eks_cluster.this[0]: Still creating... [4m49s elapsed]
TestTerraformBasicExample 2022-03-23T01:42:47Z logger.go:66: module.eks.aws_eks_cluster.this[0]: Still creating... [4m59s elapsed]
TestTerraformBasicExample 2022-03-23T01:42:57Z logger.go:66: module.eks.aws_eks_cluster.this[0]: Still creating... [5m9s elapsed]
TestTerraformBasicExample 2022-03-23T01:43:07Z logger.go:66: module.eks.aws_eks_cluster.this[0]: Still creating... [5m19s elapsed]
TestTerraformBasicExample 2022-03-23T01:43:17Z logger.go:66: module.eks.aws_eks_cluster.this[0]: Still creating... [5m29s elapsed]
TestTerraformBasicExample 2022-03-23T01:43:27Z logger.go:66: module.eks.aws_eks_cluster.this[0]: Still creating... [5m39s elapsed]
TestTerraformBasicExample 2022-03-23T01:43:37Z logger.go:66: module.eks.aws_eks_cluster.this[0]: Still creating... [5m49s elapsed]
TestTerraformBasicExample 2022-03-23T01:43:47Z logger.go:66: module.eks.aws_eks_cluster.this[0]: Still creating... [5m59s elapsed]
TestTerraformBasicExample 2022-03-23T01:43:57Z logger.go:66: module.eks.aws_eks_cluster.this[0]: Still creating... [6m9s elapsed]
TestTerraformBasicExample 2022-03-23T01:44:07Z logger.go:66: module.eks.aws_eks_cluster.this[0]: Still creating... [6m19s elapsed]
TestTerraformBasicExample 2022-03-23T01:44:17Z logger.go:66: module.eks.aws_eks_cluster.this[0]: Still creating... [6m29s elapsed]
TestTerraformBasicExample 2022-03-23T01:44:27Z logger.go:66: module.eks.aws_eks_cluster.this[0]: Still creating... [6m39s elapsed]
TestTerraformBasicExample 2022-03-23T01:44:37Z logger.go:66: module.eks.aws_eks_cluster.this[0]: Still creating... [6m49s elapsed]
TestTerraformBasicExample 2022-03-23T01:44:47Z logger.go:66: module.eks.aws_eks_cluster.this[0]: Still creating... [6m59s elapsed]
TestTerraformBasicExample 2022-03-23T01:44:57Z logger.go:66: module.eks.aws_eks_cluster.this[0]: Still creating... [7m9s elapsed]
TestTerraformBasicExample 2022-03-23T01:45:07Z logger.go:66: module.eks.aws_eks_cluster.this[0]: Still creating... [7m19s elapsed]
TestTerraformBasicExample 2022-03-23T01:45:17Z logger.go:66: module.eks.aws_eks_cluster.this[0]: Still creating... [7m29s elapsed]
TestTerraformBasicExample 2022-03-23T01:45:27Z logger.go:66: module.eks.aws_eks_cluster.this[0]: Still creating... [7m39s elapsed]
TestTerraformBasicExample 2022-03-23T01:45:37Z logger.go:66: module.eks.aws_eks_cluster.this[0]: Still creating... [7m49s elapsed]
TestTerraformBasicExample 2022-03-23T01:45:47Z logger.go:66: module.eks.aws_eks_cluster.this[0]: Still creating... [7m59s elapsed]
TestTerraformBasicExample 2022-03-23T01:45:57Z logger.go:66: module.eks.aws_eks_cluster.this[0]: Still creating... [8m9s elapsed]
TestTerraformBasicExample 2022-03-23T01:46:07Z logger.go:66: module.eks.aws_eks_cluster.this[0]: Still creating... [8m19s elapsed]
TestTerraformBasicExample 2022-03-23T01:46:17Z logger.go:66: module.eks.aws_eks_cluster.this[0]: Still creating... [8m29s elapsed]
TestTerraformBasicExample 2022-03-23T01:46:27Z logger.go:66: module.eks.aws_eks_cluster.this[0]: Still creating... [8m39s elapsed]
TestTerraformBasicExample 2022-03-23T01:46:37Z logger.go:66: module.eks.aws_eks_cluster.this[0]: Still creating... [8m49s elapsed]
TestTerraformBasicExample 2022-03-23T01:46:47Z logger.go:66: module.eks.aws_eks_cluster.this[0]: Still creating... [8m59s elapsed]
TestTerraformBasicExample 2022-03-23T01:46:57Z logger.go:66: module.eks.aws_eks_cluster.this[0]: Still creating... [9m9s elapsed]
TestTerraformBasicExample 2022-03-23T01:47:07Z logger.go:66: module.eks.aws_eks_cluster.this[0]: Still creating... [9m19s elapsed]
TestTerraformBasicExample 2022-03-23T01:47:17Z logger.go:66: module.eks.aws_eks_cluster.this[0]: Still creating... [9m29s elapsed]
TestTerraformBasicExample 2022-03-23T01:47:27Z logger.go:66: module.eks.aws_eks_cluster.this[0]: Still creating... [9m39s elapsed]
TestTerraformBasicExample 2022-03-23T01:47:37Z logger.go:66: module.eks.aws_eks_cluster.this[0]: Still creating... [9m49s elapsed]
TestTerraformBasicExample 2022-03-23T01:47:47Z logger.go:66: module.eks.aws_eks_cluster.this[0]: Still creating... [9m59s elapsed]
TestTerraformBasicExample 2022-03-23T01:47:57Z logger.go:66: module.eks.aws_eks_cluster.this[0]: Still creating... [10m9s elapsed]
TestTerraformBasicExample 2022-03-23T01:48:07Z logger.go:66: module.eks.aws_eks_cluster.this[0]: Still creating... [10m19s elapsed]
TestTerraformBasicExample 2022-03-23T01:48:17Z logger.go:66: module.eks.aws_eks_cluster.this[0]: Still creating... [10m29s elapsed]
TestTerraformBasicExample 2022-03-23T01:48:26Z logger.go:66: module.eks.aws_eks_cluster.this[0]: Still creating... [10m39s elapsed]
TestTerraformBasicExample 2022-03-23T01:48:33Z logger.go:66: module.eks.aws_eks_cluster.this[0]: Creation complete after 10m45s [id=ex-basic]
TestTerraformBasicExample 2022-03-23T01:48:33Z logger.go:66: module.eks.data.tls_certificate.this[0]: Reading...
TestTerraformBasicExample 2022-03-23T01:48:33Z logger.go:66: data.aws_eks_cluster.cluster: Reading...
TestTerraformBasicExample 2022-03-23T01:48:33Z logger.go:66: data.aws_eks_cluster_auth.cluster: Reading...
TestTerraformBasicExample 2022-03-23T01:48:33Z logger.go:66: data.aws_eks_cluster_auth.cluster: Read complete after 0s [id=ex-basic]
TestTerraformBasicExample 2022-03-23T01:48:33Z logger.go:66: module.eks.module.eks_managed_node_group["foo"].aws_launch_template.this[0]: Creating...
TestTerraformBasicExample 2022-03-23T01:48:33Z logger.go:66: data.aws_eks_cluster.cluster: Read complete after 0s [id=ex-basic]
TestTerraformBasicExample 2022-03-23T01:48:33Z logger.go:66: module.eks.data.tls_certificate.this[0]: Read complete after 0s [id=2022-03-23 01:48:33.4100157 +0000 UTC]
TestTerraformBasicExample 2022-03-23T01:48:33Z logger.go:66: module.eks.aws_iam_openid_connect_provider.oidc_provider[0]: Creating...
TestTerraformBasicExample 2022-03-23T01:48:33Z logger.go:66: module.eks_auth.kubernetes_service_account_v1.aws_auth: Creating...
TestTerraformBasicExample 2022-03-23T01:48:33Z logger.go:66: module.eks_auth.kubernetes_role_v1.aws_auth: Creating...
TestTerraformBasicExample 2022-03-23T01:48:33Z logger.go:66: module.eks.module.eks_managed_node_group["foo"].aws_launch_template.this[0]: Creation complete after 1s [id=lt-02f9a33c136552fc6]
TestTerraformBasicExample 2022-03-23T01:48:33Z logger.go:66: module.eks.module.eks_managed_node_group["foo"].aws_eks_node_group.this[0]: Creating...
TestTerraformBasicExample 2022-03-23T01:48:34Z logger.go:66: module.eks.aws_iam_openid_connect_provider.oidc_provider[0]: Creation complete after 0s [id=arn:aws:iam::11111111111:oidc-provider/oidc.eks.us-west-2.amazonaws.com/id/CBAA8097C5BE4E92633FC7671A13D4DD]
TestTerraformBasicExample 2022-03-23T01:48:36Z logger.go:66: module.eks_auth.kubernetes_role_v1.aws_auth: Creation complete after 3s [id=kube-system/terraform-eks-auth-aws]
TestTerraformBasicExample 2022-03-23T01:48:36Z logger.go:66: module.eks_auth.kubernetes_service_account_v1.aws_auth: Creation complete after 3s [id=kube-system/terraform-eks-auth-aws]
TestTerraformBasicExample 2022-03-23T01:48:36Z logger.go:66: module.eks_auth.kubernetes_role_binding_v1.aws_auth: Creating...
TestTerraformBasicExample 2022-03-23T01:48:36Z logger.go:66: module.eks_auth.kubernetes_role_binding_v1.aws_auth: Creation complete after 0s [id=kube-system/terraform-eks-auth-aws]
TestTerraformBasicExample 2022-03-23T01:48:43Z logger.go:66: module.eks.module.eks_managed_node_group["foo"].aws_eks_node_group.this[0]: Still creating... [10s elapsed]
TestTerraformBasicExample 2022-03-23T01:48:53Z logger.go:66: module.eks.module.eks_managed_node_group["foo"].aws_eks_node_group.this[0]: Still creating... [20s elapsed]
TestTerraformBasicExample 2022-03-23T01:49:03Z logger.go:66: module.eks.module.eks_managed_node_group["foo"].aws_eks_node_group.this[0]: Still creating... [30s elapsed]
TestTerraformBasicExample 2022-03-23T01:49:13Z logger.go:66: module.eks.module.eks_managed_node_group["foo"].aws_eks_node_group.this[0]: Still creating... [40s elapsed]
TestTerraformBasicExample 2022-03-23T01:49:23Z logger.go:66: module.eks.module.eks_managed_node_group["foo"].aws_eks_node_group.this[0]: Still creating... [50s elapsed]
TestTerraformBasicExample 2022-03-23T01:49:33Z logger.go:66: module.eks.module.eks_managed_node_group["foo"].aws_eks_node_group.this[0]: Still creating... [1m0s elapsed]
TestTerraformBasicExample 2022-03-23T01:49:43Z logger.go:66: module.eks.module.eks_managed_node_group["foo"].aws_eks_node_group.this[0]: Still creating... [1m10s elapsed]
TestTerraformBasicExample 2022-03-23T01:49:53Z logger.go:66: module.eks.module.eks_managed_node_group["foo"].aws_eks_node_group.this[0]: Still creating... [1m20s elapsed]
TestTerraformBasicExample 2022-03-23T01:50:03Z logger.go:66: module.eks.module.eks_managed_node_group["foo"].aws_eks_node_group.this[0]: Still creating... [1m30s elapsed]
TestTerraformBasicExample 2022-03-23T01:50:13Z logger.go:66: module.eks.module.eks_managed_node_group["foo"].aws_eks_node_group.this[0]: Still creating... [1m40s elapsed]
TestTerraformBasicExample 2022-03-23T01:50:23Z logger.go:66: module.eks.module.eks_managed_node_group["foo"].aws_eks_node_group.this[0]: Still creating... [1m50s elapsed]
TestTerraformBasicExample 2022-03-23T01:50:33Z logger.go:66: module.eks.module.eks_managed_node_group["foo"].aws_eks_node_group.this[0]: Creation complete after 1m59s [id=ex-basic:foo-2022032301483379850000000d]
TestTerraformBasicExample 2022-03-23T01:50:33Z logger.go:66: module.eks_auth.data.aws_eks_cluster.cluster: Reading...
TestTerraformBasicExample 2022-03-23T01:50:33Z logger.go:66: module.eks_auth.data.aws_eks_cluster.cluster: Read complete after 0s [id=ex-basic]
TestTerraformBasicExample 2022-03-23T01:50:33Z logger.go:66: module.eks_auth.kubernetes_job_v1.aws_auth[0]: Creating...
TestTerraformBasicExample 2022-03-23T01:50:41Z logger.go:66: module.eks_auth.kubernetes_job_v1.aws_auth[0]: Creation complete after 8s [id=kube-system/terraform-eks-auth-aws]
TestTerraformBasicExample 2022-03-23T01:50:41Z logger.go:66: module.eks_auth.kubernetes_config_map_v1.aws_auth[0]: Creating...
TestTerraformBasicExample 2022-03-23T01:50:41Z logger.go:66: module.eks_auth.kubernetes_config_map_v1.aws_auth[0]: Creation complete after 0s [id=kube-system/aws-auth]
TestTerraformBasicExample 2022-03-23T01:50:41Z logger.go:66:
TestTerraformBasicExample 2022-03-23T01:50:41Z logger.go:66: Apply complete! Resources: 53 added, 0 changed, 0 destroyed.
TestTerraformBasicExample 2022-03-23T01:50:41Z logger.go:66:
TestTerraformBasicExample 2022-03-23T01:50:41Z logger.go:66: Outputs:
TestTerraformBasicExample 2022-03-23T01:50:41Z logger.go:66:
TestTerraformBasicExample 2022-03-23T01:50:41Z logger.go:66: map_accounts = tolist([])
TestTerraformBasicExample 2022-03-23T01:50:41Z logger.go:66: map_roles = tolist([
TestTerraformBasicExample 2022-03-23T01:50:41Z logger.go:66:   {
TestTerraformBasicExample 2022-03-23T01:50:41Z logger.go:66:     "groups" = [
TestTerraformBasicExample 2022-03-23T01:50:41Z logger.go:66:       "system:bootstrappers",
TestTerraformBasicExample 2022-03-23T01:50:41Z logger.go:66:       "system:nodes",
TestTerraformBasicExample 2022-03-23T01:50:41Z logger.go:66:     ]
TestTerraformBasicExample 2022-03-23T01:50:41Z logger.go:66:     "rolearn" = "arn:aws:iam::11111111111:role/foo-eks-node-group-20220323013727515700000001"
TestTerraformBasicExample 2022-03-23T01:50:41Z logger.go:66:     "username" = "system:node:{{EC2PrivateDNSName}}"
TestTerraformBasicExample 2022-03-23T01:50:41Z logger.go:66:   },
TestTerraformBasicExample 2022-03-23T01:50:41Z logger.go:66: ])
TestTerraformBasicExample 2022-03-23T01:50:41Z logger.go:66: map_users = tolist([])
TestTerraformBasicExample 2022-03-23T01:50:41Z logger.go:66: node_group_iam_role_arn = "arn:aws:iam::11111111111:role/foo-eks-node-group-20220323013727515700000001"
TestTerraformBasicExample 2022-03-23T01:50:41Z retry.go:91: terraform [output -no-color -json node_group_iam_role_arn]
TestTerraformBasicExample 2022-03-23T01:50:41Z logger.go:66: Running command terraform with args [output -no-color -json node_group_iam_role_arn]
TestTerraformBasicExample 2022-03-23T01:50:43Z logger.go:66: "arn:aws:iam::11111111111:role/foo-eks-node-group-20220323013727515700000001"
TestTerraformBasicExample 2022-03-23T01:50:43Z retry.go:91: terraform [output -no-color -json map_roles]
TestTerraformBasicExample 2022-03-23T01:50:43Z logger.go:66: Running command terraform with args [output -no-color -json map_roles]
TestTerraformBasicExample 2022-03-23T01:50:45Z logger.go:66: [{"groups":["system:bootstrappers","system:nodes"],"rolearn":"arn:aws:iam::11111111111:role/foo-eks-node-group-20220323013727515700000001","username":"system:node:{{EC2PrivateDNSName}}"}]
TestTerraformBasicExample 2022-03-23T01:50:45Z retry.go:91: terraform [output -no-color -json map_users]
TestTerraformBasicExample 2022-03-23T01:50:45Z logger.go:66: Running command terraform with args [output -no-color -json map_users]
TestTerraformBasicExample 2022-03-23T01:50:46Z logger.go:66: []
TestTerraformBasicExample 2022-03-23T01:50:46Z retry.go:91: terraform [output -no-color -json map_accounts]
TestTerraformBasicExample 2022-03-23T01:50:46Z logger.go:66: Running command terraform with args [output -no-color -json map_accounts]
TestTerraformBasicExample 2022-03-23T01:50:48Z logger.go:66: []
TestTerraformBasicExample 2022-03-23T01:50:48Z retry.go:91: terraform [apply -input=false -auto-approve -no-color -lock=false]
TestTerraformBasicExample 2022-03-23T01:50:48Z logger.go:66: Running command terraform with args [apply -input=false -auto-approve -no-color -lock=false]
TestTerraformBasicExample 2022-03-23T01:50:53Z logger.go:66: module.vpc.aws_vpc.this[0]: Refreshing state... [id=vpc-024c94e2d2cc5a5c5]
TestTerraformBasicExample 2022-03-23T01:50:53Z logger.go:66: module.eks.aws_cloudwatch_log_group.this[0]: Refreshing state... [id=/aws/eks/ex-basic/cluster]
TestTerraformBasicExample 2022-03-23T01:50:53Z logger.go:66: module.vpc.aws_eip.nat[0]: Refreshing state... [id=eipalloc-0183b88f8a01628eb]
TestTerraformBasicExample 2022-03-23T01:50:53Z logger.go:66: module.eks.module.eks_managed_node_group["foo"].aws_iam_role.this[0]: Refreshing state... [id=foo-eks-node-group-20220323013727515700000001]
TestTerraformBasicExample 2022-03-23T01:50:53Z logger.go:66: module.eks.aws_iam_role.this[0]: Refreshing state... [id=ex-basic-cluster-20220323013727521500000002]
TestTerraformBasicExample 2022-03-23T01:50:54Z logger.go:66: module.eks.aws_security_group.cluster[0]: Refreshing state... [id=sg-0b53e046b12122741]
TestTerraformBasicExample 2022-03-23T01:50:54Z logger.go:66: module.eks.aws_security_group.node[0]: Refreshing state... [id=sg-00fd3a925aea8b86f]
TestTerraformBasicExample 2022-03-23T01:50:54Z logger.go:66: module.eks.module.eks_managed_node_group["foo"].aws_security_group.this[0]: Refreshing state... [id=sg-0eaa183cfb1a0fda0]
TestTerraformBasicExample 2022-03-23T01:50:54Z logger.go:66: module.vpc.aws_subnet.public[0]: Refreshing state... [id=subnet-079ad716eea1e2069]
TestTerraformBasicExample 2022-03-23T01:50:54Z logger.go:66: module.vpc.aws_subnet.public[1]: Refreshing state... [id=subnet-06be12edc2ce26d40]
TestTerraformBasicExample 2022-03-23T01:50:54Z logger.go:66: module.vpc.aws_subnet.public[2]: Refreshing state... [id=subnet-0ece4cad94417765f]
TestTerraformBasicExample 2022-03-23T01:50:54Z logger.go:66: module.vpc.aws_route_table.public[0]: Refreshing state... [id=rtb-02db22ae4ddccb059]
TestTerraformBasicExample 2022-03-23T01:50:54Z logger.go:66: module.vpc.aws_internet_gateway.this[0]: Refreshing state... [id=igw-074062c284cb1b8b9]
TestTerraformBasicExample 2022-03-23T01:50:54Z logger.go:66: module.vpc.aws_route_table.private[0]: Refreshing state... [id=rtb-0c022ecbfb2de1ed0]
TestTerraformBasicExample 2022-03-23T01:50:54Z logger.go:66: module.vpc.aws_subnet.private[0]: Refreshing state... [id=subnet-048417218793b6f92]
TestTerraformBasicExample 2022-03-23T01:50:54Z logger.go:66: module.vpc.aws_subnet.private[1]: Refreshing state... [id=subnet-072842a5e3c4370f3]
TestTerraformBasicExample 2022-03-23T01:50:55Z logger.go:66: module.vpc.aws_subnet.private[2]: Refreshing state... [id=subnet-068dd3151a8c4f57a]
TestTerraformBasicExample 2022-03-23T01:50:55Z logger.go:66: module.eks.aws_iam_role_policy_attachment.this["arn:aws:iam::aws:policy/AmazonEKSClusterPolicy"]: Refreshing state... [id=ex-basic-cluster-20220323013727521500000002-20220323013728885100000003]
TestTerraformBasicExample 2022-03-23T01:50:55Z logger.go:66: module.eks.aws_iam_role_policy_attachment.this["arn:aws:iam::aws:policy/AmazonEKSVPCResourceController"]: Refreshing state... [id=ex-basic-cluster-20220323013727521500000002-20220323013728892800000004]
TestTerraformBasicExample 2022-03-23T01:50:55Z logger.go:66: module.eks.module.eks_managed_node_group["foo"].aws_iam_role_policy_attachment.this["arn:aws:iam::aws:policy/AmazonEKSWorkerNodePolicy"]: Refreshing state... [id=foo-eks-node-group-20220323013727515700000001-20220323013729085400000007]
TestTerraformBasicExample 2022-03-23T01:50:55Z logger.go:66: module.eks.module.eks_managed_node_group["foo"].aws_iam_role_policy_attachment.this["arn:aws:iam::aws:policy/AmazonEKS_CNI_Policy"]: Refreshing state... [id=foo-eks-node-group-20220323013727515700000001-20220323013728984100000005]
TestTerraformBasicExample 2022-03-23T01:50:55Z logger.go:66: module.eks.module.eks_managed_node_group["foo"].aws_iam_role_policy_attachment.this["arn:aws:iam::aws:policy/AmazonEC2ContainerRegistryReadOnly"]: Refreshing state... [id=foo-eks-node-group-20220323013727515700000001-20220323013729010800000006]
TestTerraformBasicExample 2022-03-23T01:50:55Z logger.go:66: module.eks.aws_security_group_rule.node["ingress_self_coredns_tcp"]: Refreshing state... [id=sgrule-1124434756]
TestTerraformBasicExample 2022-03-23T01:50:55Z logger.go:66: module.eks.aws_security_group_rule.node["egress_self_coredns_tcp"]: Refreshing state... [id=sgrule-4110902067]
TestTerraformBasicExample 2022-03-23T01:50:55Z logger.go:66: module.eks.aws_security_group_rule.node["egress_https"]: Refreshing state... [id=sgrule-1005532864]
TestTerraformBasicExample 2022-03-23T01:50:55Z logger.go:66: module.eks.aws_security_group_rule.node["egress_ntp_udp"]: Refreshing state... [id=sgrule-2595172051]
TestTerraformBasicExample 2022-03-23T01:50:55Z logger.go:66: module.eks.aws_security_group_rule.node["egress_cluster_443"]: Refreshing state... [id=sgrule-245167170]
TestTerraformBasicExample 2022-03-23T01:50:55Z logger.go:66: module.eks.aws_security_group_rule.node["ingress_cluster_443"]: Refreshing state... [id=sgrule-1511185497]
TestTerraformBasicExample 2022-03-23T01:50:55Z logger.go:66: module.eks.aws_security_group_rule.node["egress_self_coredns_udp"]: Refreshing state... [id=sgrule-2069946709]
TestTerraformBasicExample 2022-03-23T01:50:55Z logger.go:66: module.eks.aws_security_group_rule.node["ingress_cluster_kubelet"]: Refreshing state... [id=sgrule-2908934003]
TestTerraformBasicExample 2022-03-23T01:50:55Z logger.go:66: module.eks.aws_security_group_rule.node["ingress_self_coredns_udp"]: Refreshing state... [id=sgrule-3881443499]
TestTerraformBasicExample 2022-03-23T01:50:55Z logger.go:66: module.eks.aws_security_group_rule.node["egress_ntp_tcp"]: Refreshing state... [id=sgrule-3828419550]
TestTerraformBasicExample 2022-03-23T01:50:55Z logger.go:66: module.eks.aws_security_group_rule.cluster["egress_nodes_kubelet"]: Refreshing state... [id=sgrule-1378498988]
TestTerraformBasicExample 2022-03-23T01:50:55Z logger.go:66: module.eks.aws_security_group_rule.cluster["egress_nodes_443"]: Refreshing state... [id=sgrule-2774736844]
TestTerraformBasicExample 2022-03-23T01:50:55Z logger.go:66: module.eks.aws_security_group_rule.cluster["ingress_nodes_443"]: Refreshing state... [id=sgrule-1851197621]
TestTerraformBasicExample 2022-03-23T01:50:55Z logger.go:66: module.vpc.aws_route_table_association.public[0]: Refreshing state... [id=rtbassoc-0ab4b9a5a4a3800fa]
TestTerraformBasicExample 2022-03-23T01:50:55Z logger.go:66: module.vpc.aws_route_table_association.public[1]: Refreshing state... [id=rtbassoc-05f608f3d4c2e600a]
TestTerraformBasicExample 2022-03-23T01:50:55Z logger.go:66: module.vpc.aws_route_table_association.public[2]: Refreshing state... [id=rtbassoc-026dd3d93ee716b27]
TestTerraformBasicExample 2022-03-23T01:50:55Z logger.go:66: module.vpc.aws_nat_gateway.this[0]: Refreshing state... [id=nat-08e946a973837916e]
TestTerraformBasicExample 2022-03-23T01:50:55Z logger.go:66: module.vpc.aws_route.public_internet_gateway[0]: Refreshing state... [id=r-rtb-02db22ae4ddccb0591080289494]
TestTerraformBasicExample 2022-03-23T01:50:55Z logger.go:66: module.vpc.aws_route_table_association.private[1]: Refreshing state... [id=rtbassoc-0c0bd4b3befa8a0c6]
TestTerraformBasicExample 2022-03-23T01:50:55Z logger.go:66: module.vpc.aws_route_table_association.private[2]: Refreshing state... [id=rtbassoc-0961fdc9765c1f786]
TestTerraformBasicExample 2022-03-23T01:50:55Z logger.go:66: module.vpc.aws_route_table_association.private[0]: Refreshing state... [id=rtbassoc-07f79d6c87dd89a4a]
TestTerraformBasicExample 2022-03-23T01:50:55Z logger.go:66: module.eks.aws_eks_cluster.this[0]: Refreshing state... [id=ex-basic]
TestTerraformBasicExample 2022-03-23T01:50:55Z logger.go:66: module.vpc.aws_route.private_nat_gateway[0]: Refreshing state... [id=r-rtb-0c022ecbfb2de1ed01080289494]
TestTerraformBasicExample 2022-03-23T01:50:55Z logger.go:66: module.eks.module.eks_managed_node_group["foo"].aws_launch_template.this[0]: Refreshing state... [id=lt-02f9a33c136552fc6]
TestTerraformBasicExample 2022-03-23T01:50:56Z logger.go:66: module.eks.aws_iam_openid_connect_provider.oidc_provider[0]: Refreshing state... [id=arn:aws:iam::11111111111:oidc-provider/oidc.eks.us-west-2.amazonaws.com/id/CBAA8097C5BE4E92633FC7671A13D4DD]
TestTerraformBasicExample 2022-03-23T01:50:56Z logger.go:66: module.eks.module.eks_managed_node_group["foo"].aws_eks_node_group.this[0]: Refreshing state... [id=ex-basic:foo-2022032301483379850000000d]
TestTerraformBasicExample 2022-03-23T01:50:56Z logger.go:66: module.eks_auth.kubernetes_service_account_v1.aws_auth: Refreshing state... [id=kube-system/terraform-eks-auth-aws]
TestTerraformBasicExample 2022-03-23T01:50:56Z logger.go:66: module.eks_auth.kubernetes_role_v1.aws_auth: Refreshing state... [id=kube-system/terraform-eks-auth-aws]
TestTerraformBasicExample 2022-03-23T01:50:57Z logger.go:66: module.eks_auth.kubernetes_role_binding_v1.aws_auth: Refreshing state... [id=kube-system/terraform-eks-auth-aws]
TestTerraformBasicExample 2022-03-23T01:50:57Z logger.go:66: module.eks_auth.kubernetes_job_v1.aws_auth[0]: Refreshing state... [id=kube-system/terraform-eks-auth-aws]
TestTerraformBasicExample 2022-03-23T01:50:57Z logger.go:66: module.eks_auth.kubernetes_config_map_v1.aws_auth[0]: Refreshing state... [id=kube-system/aws-auth]
TestTerraformBasicExample 2022-03-23T01:50:57Z logger.go:66:
TestTerraformBasicExample 2022-03-23T01:50:57Z logger.go:66: Note: Objects have changed outside of Terraform
TestTerraformBasicExample 2022-03-23T01:50:57Z logger.go:66:
TestTerraformBasicExample 2022-03-23T01:50:57Z logger.go:66: Terraform detected the following changes made outside of Terraform since the
TestTerraformBasicExample 2022-03-23T01:50:57Z logger.go:66: last "terraform apply":
TestTerraformBasicExample 2022-03-23T01:50:57Z logger.go:66:
TestTerraformBasicExample 2022-03-23T01:50:57Z logger.go:66:   # module.eks.aws_cloudwatch_log_group.this[0] has changed
TestTerraformBasicExample 2022-03-23T01:50:57Z logger.go:66:   ~ resource "aws_cloudwatch_log_group" "this" {
TestTerraformBasicExample 2022-03-23T01:50:57Z logger.go:66:         id                = "/aws/eks/ex-basic/cluster"
TestTerraformBasicExample 2022-03-23T01:50:57Z logger.go:66:         name              = "/aws/eks/ex-basic/cluster"
TestTerraformBasicExample 2022-03-23T01:50:57Z logger.go:66:       + tags              = {}
TestTerraformBasicExample 2022-03-23T01:50:57Z logger.go:66:         # (3 unchanged attributes hidden)
TestTerraformBasicExample 2022-03-23T01:50:57Z logger.go:66:     }
TestTerraformBasicExample 2022-03-23T01:50:57Z logger.go:66:
TestTerraformBasicExample 2022-03-23T01:50:57Z logger.go:66:   # module.eks.aws_eks_cluster.this[0] has changed
TestTerraformBasicExample 2022-03-23T01:50:57Z logger.go:66:   ~ resource "aws_eks_cluster" "this" {
TestTerraformBasicExample 2022-03-23T01:50:57Z logger.go:66:         id                        = "ex-basic"
TestTerraformBasicExample 2022-03-23T01:50:57Z logger.go:66:         name                      = "ex-basic"
TestTerraformBasicExample 2022-03-23T01:50:57Z logger.go:66:       + tags                      = {}
TestTerraformBasicExample 2022-03-23T01:50:57Z logger.go:66:         # (11 unchanged attributes hidden)
TestTerraformBasicExample 2022-03-23T01:50:57Z logger.go:66:
TestTerraformBasicExample 2022-03-23T01:50:57Z logger.go:66:
TestTerraformBasicExample 2022-03-23T01:50:57Z logger.go:66:
TestTerraformBasicExample 2022-03-23T01:50:57Z logger.go:66:         # (3 unchanged blocks hidden)
TestTerraformBasicExample 2022-03-23T01:50:57Z logger.go:66:     }
TestTerraformBasicExample 2022-03-23T01:50:57Z logger.go:66:
TestTerraformBasicExample 2022-03-23T01:50:57Z logger.go:66:   # module.eks.aws_iam_role.this[0] has changed
TestTerraformBasicExample 2022-03-23T01:50:57Z logger.go:66:   ~ resource "aws_iam_role" "this" {
TestTerraformBasicExample 2022-03-23T01:50:57Z logger.go:66:         id                    = "ex-basic-cluster-20220323013727521500000002"
TestTerraformBasicExample 2022-03-23T01:50:57Z logger.go:66:       ~ managed_policy_arns   = [
TestTerraformBasicExample 2022-03-23T01:50:57Z logger.go:66:           + "arn:aws:iam::aws:policy/AmazonEKSClusterPolicy",
TestTerraformBasicExample 2022-03-23T01:50:57Z logger.go:66:           + "arn:aws:iam::aws:policy/AmazonEKSVPCResourceController",
TestTerraformBasicExample 2022-03-23T01:50:57Z logger.go:66:         ]
TestTerraformBasicExample 2022-03-23T01:50:57Z logger.go:66:         name                  = "ex-basic-cluster-20220323013727521500000002"
TestTerraformBasicExample 2022-03-23T01:50:57Z logger.go:66:       + tags                  = {}
TestTerraformBasicExample 2022-03-23T01:50:57Z logger.go:66:         # (9 unchanged attributes hidden)
TestTerraformBasicExample 2022-03-23T01:50:57Z logger.go:66:
TestTerraformBasicExample 2022-03-23T01:50:57Z logger.go:66:         # (1 unchanged block hidden)
TestTerraformBasicExample 2022-03-23T01:50:57Z logger.go:66:     }
TestTerraformBasicExample 2022-03-23T01:50:57Z logger.go:66:
TestTerraformBasicExample 2022-03-23T01:50:57Z logger.go:66:   # module.eks.aws_security_group.cluster[0] has changed
TestTerraformBasicExample 2022-03-23T01:50:57Z logger.go:66:   ~ resource "aws_security_group" "cluster" {
TestTerraformBasicExample 2022-03-23T01:50:57Z logger.go:66:       ~ egress                 = [
TestTerraformBasicExample 2022-03-23T01:50:57Z logger.go:66:           + {
TestTerraformBasicExample 2022-03-23T01:50:57Z logger.go:66:               + cidr_blocks      = []
TestTerraformBasicExample 2022-03-23T01:50:57Z logger.go:66:               + description      = "Cluster API to node groups"
TestTerraformBasicExample 2022-03-23T01:50:57Z logger.go:66:               + from_port        = 443
TestTerraformBasicExample 2022-03-23T01:50:57Z logger.go:66:               + ipv6_cidr_blocks = []
TestTerraformBasicExample 2022-03-23T01:50:57Z logger.go:66:               + prefix_list_ids  = []
TestTerraformBasicExample 2022-03-23T01:50:57Z logger.go:66:               + protocol         = "tcp"
TestTerraformBasicExample 2022-03-23T01:50:57Z logger.go:66:               + security_groups  = [
TestTerraformBasicExample 2022-03-23T01:50:57Z logger.go:66:                   + "sg-00fd3a925aea8b86f",
TestTerraformBasicExample 2022-03-23T01:50:57Z logger.go:66:                 ]
TestTerraformBasicExample 2022-03-23T01:50:57Z logger.go:66:               + self             = false
TestTerraformBasicExample 2022-03-23T01:50:57Z logger.go:66:               + to_port          = 443
TestTerraformBasicExample 2022-03-23T01:50:57Z logger.go:66:             },
TestTerraformBasicExample 2022-03-23T01:50:57Z logger.go:66:           + {
TestTerraformBasicExample 2022-03-23T01:50:57Z logger.go:66:               + cidr_blocks      = []
TestTerraformBasicExample 2022-03-23T01:50:57Z logger.go:66:               + description      = "Cluster API to node kubelets"
TestTerraformBasicExample 2022-03-23T01:50:57Z logger.go:66:               + from_port        = 10250
TestTerraformBasicExample 2022-03-23T01:50:57Z logger.go:66:               + ipv6_cidr_blocks = []
TestTerraformBasicExample 2022-03-23T01:50:57Z logger.go:66:               + prefix_list_ids  = []
TestTerraformBasicExample 2022-03-23T01:50:57Z logger.go:66:               + protocol         = "tcp"
TestTerraformBasicExample 2022-03-23T01:50:57Z logger.go:66:               + security_groups  = [
TestTerraformBasicExample 2022-03-23T01:50:57Z logger.go:66:                   + "sg-00fd3a925aea8b86f",
TestTerraformBasicExample 2022-03-23T01:50:57Z logger.go:66:                 ]
TestTerraformBasicExample 2022-03-23T01:50:57Z logger.go:66:               + self             = false
TestTerraformBasicExample 2022-03-23T01:50:57Z logger.go:66:               + to_port          = 10250
TestTerraformBasicExample 2022-03-23T01:50:57Z logger.go:66:             },
TestTerraformBasicExample 2022-03-23T01:50:57Z logger.go:66:         ]
TestTerraformBasicExample 2022-03-23T01:50:57Z logger.go:66:         id                     = "sg-0b53e046b12122741"
TestTerraformBasicExample 2022-03-23T01:50:57Z logger.go:66:       ~ ingress                = [
TestTerraformBasicExample 2022-03-23T01:50:57Z logger.go:66:           + {
TestTerraformBasicExample 2022-03-23T01:50:57Z logger.go:66:               + cidr_blocks      = []
TestTerraformBasicExample 2022-03-23T01:50:57Z logger.go:66:               + description      = "Node groups to cluster API"
TestTerraformBasicExample 2022-03-23T01:50:57Z logger.go:66:               + from_port        = 443
TestTerraformBasicExample 2022-03-23T01:50:57Z logger.go:66:               + ipv6_cidr_blocks = []
TestTerraformBasicExample 2022-03-23T01:50:57Z logger.go:66:               + prefix_list_ids  = []
TestTerraformBasicExample 2022-03-23T01:50:57Z logger.go:66:               + protocol         = "tcp"
TestTerraformBasicExample 2022-03-23T01:50:57Z logger.go:66:               + security_groups  = [
TestTerraformBasicExample 2022-03-23T01:50:57Z logger.go:66:                   + "sg-00fd3a925aea8b86f",
TestTerraformBasicExample 2022-03-23T01:50:57Z logger.go:66:                 ]
TestTerraformBasicExample 2022-03-23T01:50:57Z logger.go:66:               + self             = false
TestTerraformBasicExample 2022-03-23T01:50:57Z logger.go:66:               + to_port          = 443
TestTerraformBasicExample 2022-03-23T01:50:57Z logger.go:66:             },
TestTerraformBasicExample 2022-03-23T01:50:57Z logger.go:66:         ]
TestTerraformBasicExample 2022-03-23T01:50:57Z logger.go:66:         name                   = "ex-basic-cluster-20220323013739502400000008"
TestTerraformBasicExample 2022-03-23T01:50:57Z logger.go:66:         tags                   = {
TestTerraformBasicExample 2022-03-23T01:50:57Z logger.go:66:             "Name" = "ex-basic-cluster"
TestTerraformBasicExample 2022-03-23T01:50:57Z logger.go:66:         }
TestTerraformBasicExample 2022-03-23T01:50:57Z logger.go:66:         # (7 unchanged attributes hidden)
TestTerraformBasicExample 2022-03-23T01:50:57Z logger.go:66:     }
TestTerraformBasicExample 2022-03-23T01:50:57Z logger.go:66:
TestTerraformBasicExample 2022-03-23T01:50:57Z logger.go:66:   # module.eks.aws_security_group.node[0] has changed
TestTerraformBasicExample 2022-03-23T01:50:57Z logger.go:66:   ~ resource "aws_security_group" "node" {
TestTerraformBasicExample 2022-03-23T01:50:57Z logger.go:66:       ~ egress                 = [
TestTerraformBasicExample 2022-03-23T01:50:57Z logger.go:66:           + {
TestTerraformBasicExample 2022-03-23T01:50:57Z logger.go:66:               + cidr_blocks      = [
TestTerraformBasicExample 2022-03-23T01:50:57Z logger.go:66:                   + "0.0.0.0/0",
TestTerraformBasicExample 2022-03-23T01:50:57Z logger.go:66:                 ]
TestTerraformBasicExample 2022-03-23T01:50:57Z logger.go:66:               + description      = "Egress NTP/TCP to internet"
TestTerraformBasicExample 2022-03-23T01:50:57Z logger.go:66:               + from_port        = 123
TestTerraformBasicExample 2022-03-23T01:50:57Z logger.go:66:               + ipv6_cidr_blocks = []
TestTerraformBasicExample 2022-03-23T01:50:57Z logger.go:66:               + prefix_list_ids  = []
TestTerraformBasicExample 2022-03-23T01:50:57Z logger.go:66:               + protocol         = "tcp"
TestTerraformBasicExample 2022-03-23T01:50:57Z logger.go:66:               + security_groups  = []
TestTerraformBasicExample 2022-03-23T01:50:57Z logger.go:66:               + self             = false
TestTerraformBasicExample 2022-03-23T01:50:57Z logger.go:66:               + to_port          = 123
TestTerraformBasicExample 2022-03-23T01:50:57Z logger.go:66:             },
TestTerraformBasicExample 2022-03-23T01:50:57Z logger.go:66:           + {
TestTerraformBasicExample 2022-03-23T01:50:57Z logger.go:66:               + cidr_blocks      = [
TestTerraformBasicExample 2022-03-23T01:50:57Z logger.go:66:                   + "0.0.0.0/0",
TestTerraformBasicExample 2022-03-23T01:50:57Z logger.go:66:                 ]
TestTerraformBasicExample 2022-03-23T01:50:57Z logger.go:66:               + description      = "Egress NTP/UDP to internet"
TestTerraformBasicExample 2022-03-23T01:50:57Z logger.go:66:               + from_port        = 123
TestTerraformBasicExample 2022-03-23T01:50:57Z logger.go:66:               + ipv6_cidr_blocks = []
TestTerraformBasicExample 2022-03-23T01:50:57Z logger.go:66:               + prefix_list_ids  = []
TestTerraformBasicExample 2022-03-23T01:50:57Z logger.go:66:               + protocol         = "udp"
TestTerraformBasicExample 2022-03-23T01:50:57Z logger.go:66:               + security_groups  = []
TestTerraformBasicExample 2022-03-23T01:50:57Z logger.go:66:               + self             = false
TestTerraformBasicExample 2022-03-23T01:50:57Z logger.go:66:               + to_port          = 123
TestTerraformBasicExample 2022-03-23T01:50:57Z logger.go:66:             },
TestTerraformBasicExample 2022-03-23T01:50:57Z logger.go:66:           + {
TestTerraformBasicExample 2022-03-23T01:50:57Z logger.go:66:               + cidr_blocks      = [
TestTerraformBasicExample 2022-03-23T01:50:57Z logger.go:66:                   + "0.0.0.0/0",
TestTerraformBasicExample 2022-03-23T01:50:57Z logger.go:66:                 ]
TestTerraformBasicExample 2022-03-23T01:50:57Z logger.go:66:               + description      = "Egress all HTTPS to internet"
TestTerraformBasicExample 2022-03-23T01:50:57Z logger.go:66:               + from_port        = 443
TestTerraformBasicExample 2022-03-23T01:50:57Z logger.go:66:               + ipv6_cidr_blocks = []
TestTerraformBasicExample 2022-03-23T01:50:57Z logger.go:66:               + prefix_list_ids  = []
TestTerraformBasicExample 2022-03-23T01:50:57Z logger.go:66:               + protocol         = "tcp"
TestTerraformBasicExample 2022-03-23T01:50:57Z logger.go:66:               + security_groups  = []
TestTerraformBasicExample 2022-03-23T01:50:57Z logger.go:66:               + self             = false
TestTerraformBasicExample 2022-03-23T01:50:57Z logger.go:66:               + to_port          = 443
TestTerraformBasicExample 2022-03-23T01:50:57Z logger.go:66:             },
TestTerraformBasicExample 2022-03-23T01:50:57Z logger.go:66:           + {
TestTerraformBasicExample 2022-03-23T01:50:57Z logger.go:66:               + cidr_blocks      = []
TestTerraformBasicExample 2022-03-23T01:50:57Z logger.go:66:               + description      = "Node groups to cluster API"
TestTerraformBasicExample 2022-03-23T01:50:57Z logger.go:66:               + from_port        = 443
TestTerraformBasicExample 2022-03-23T01:50:57Z logger.go:66:               + ipv6_cidr_blocks = []
TestTerraformBasicExample 2022-03-23T01:50:57Z logger.go:66:               + prefix_list_ids  = []
TestTerraformBasicExample 2022-03-23T01:50:57Z logger.go:66:               + protocol         = "tcp"
TestTerraformBasicExample 2022-03-23T01:50:57Z logger.go:66:               + security_groups  = [
TestTerraformBasicExample 2022-03-23T01:50:57Z logger.go:66:                   + "sg-0b53e046b12122741",
TestTerraformBasicExample 2022-03-23T01:50:57Z logger.go:66:                 ]
TestTerraformBasicExample 2022-03-23T01:50:57Z logger.go:66:               + self             = false
TestTerraformBasicExample 2022-03-23T01:50:57Z logger.go:66:               + to_port          = 443
TestTerraformBasicExample 2022-03-23T01:50:57Z logger.go:66:             },
TestTerraformBasicExample 2022-03-23T01:50:57Z logger.go:66:           + {
TestTerraformBasicExample 2022-03-23T01:50:57Z logger.go:66:               + cidr_blocks      = []
TestTerraformBasicExample 2022-03-23T01:50:57Z logger.go:66:               + description      = "Node to node CoreDNS"
TestTerraformBasicExample 2022-03-23T01:50:57Z logger.go:66:               + from_port        = 53
TestTerraformBasicExample 2022-03-23T01:50:57Z logger.go:66:               + ipv6_cidr_blocks = []
TestTerraformBasicExample 2022-03-23T01:50:57Z logger.go:66:               + prefix_list_ids  = []
TestTerraformBasicExample 2022-03-23T01:50:57Z logger.go:66:               + protocol         = "tcp"
TestTerraformBasicExample 2022-03-23T01:50:57Z logger.go:66:               + security_groups  = []
TestTerraformBasicExample 2022-03-23T01:50:57Z logger.go:66:               + self             = true
TestTerraformBasicExample 2022-03-23T01:50:57Z logger.go:66:               + to_port          = 53
TestTerraformBasicExample 2022-03-23T01:50:57Z logger.go:66:             },
TestTerraformBasicExample 2022-03-23T01:50:57Z logger.go:66:           + {
TestTerraformBasicExample 2022-03-23T01:50:57Z logger.go:66:               + cidr_blocks      = []
TestTerraformBasicExample 2022-03-23T01:50:57Z logger.go:66:               + description      = "Node to node CoreDNS"
TestTerraformBasicExample 2022-03-23T01:50:57Z logger.go:66:               + from_port        = 53
TestTerraformBasicExample 2022-03-23T01:50:57Z logger.go:66:               + ipv6_cidr_blocks = []
TestTerraformBasicExample 2022-03-23T01:50:57Z logger.go:66:               + prefix_list_ids  = []
TestTerraformBasicExample 2022-03-23T01:50:57Z logger.go:66:               + protocol         = "udp"
TestTerraformBasicExample 2022-03-23T01:50:57Z logger.go:66:               + security_groups  = []
TestTerraformBasicExample 2022-03-23T01:50:57Z logger.go:66:               + self             = true
TestTerraformBasicExample 2022-03-23T01:50:57Z logger.go:66:               + to_port          = 53
TestTerraformBasicExample 2022-03-23T01:50:57Z logger.go:66:             },
TestTerraformBasicExample 2022-03-23T01:50:57Z logger.go:66:         ]
TestTerraformBasicExample 2022-03-23T01:50:57Z logger.go:66:         id                     = "sg-00fd3a925aea8b86f"
TestTerraformBasicExample 2022-03-23T01:50:57Z logger.go:66:       ~ ingress                = [
TestTerraformBasicExample 2022-03-23T01:50:57Z logger.go:66:           + {
TestTerraformBasicExample 2022-03-23T01:50:57Z logger.go:66:               + cidr_blocks      = []
TestTerraformBasicExample 2022-03-23T01:50:57Z logger.go:66:               + description      = "Cluster API to node groups"
TestTerraformBasicExample 2022-03-23T01:50:57Z logger.go:66:               + from_port        = 443
TestTerraformBasicExample 2022-03-23T01:50:57Z logger.go:66:               + ipv6_cidr_blocks = []
TestTerraformBasicExample 2022-03-23T01:50:57Z logger.go:66:               + prefix_list_ids  = []
TestTerraformBasicExample 2022-03-23T01:50:57Z logger.go:66:               + protocol         = "tcp"
TestTerraformBasicExample 2022-03-23T01:50:57Z logger.go:66:               + security_groups  = [
TestTerraformBasicExample 2022-03-23T01:50:57Z logger.go:66:                   + "sg-0b53e046b12122741",
TestTerraformBasicExample 2022-03-23T01:50:57Z logger.go:66:                 ]
TestTerraformBasicExample 2022-03-23T01:50:57Z logger.go:66:               + self             = false
TestTerraformBasicExample 2022-03-23T01:50:57Z logger.go:66:               + to_port          = 443
TestTerraformBasicExample 2022-03-23T01:50:57Z logger.go:66:             },
TestTerraformBasicExample 2022-03-23T01:50:57Z logger.go:66:           + {
TestTerraformBasicExample 2022-03-23T01:50:57Z logger.go:66:               + cidr_blocks      = []
TestTerraformBasicExample 2022-03-23T01:50:57Z logger.go:66:               + description      = "Cluster API to node kubelets"
TestTerraformBasicExample 2022-03-23T01:50:57Z logger.go:66:               + from_port        = 10250
TestTerraformBasicExample 2022-03-23T01:50:57Z logger.go:66:               + ipv6_cidr_blocks = []
TestTerraformBasicExample 2022-03-23T01:50:57Z logger.go:66:               + prefix_list_ids  = []
TestTerraformBasicExample 2022-03-23T01:50:57Z logger.go:66:               + protocol         = "tcp"
TestTerraformBasicExample 2022-03-23T01:50:57Z logger.go:66:               + security_groups  = [
TestTerraformBasicExample 2022-03-23T01:50:57Z logger.go:66:                   + "sg-0b53e046b12122741",
TestTerraformBasicExample 2022-03-23T01:50:57Z logger.go:66:                 ]
TestTerraformBasicExample 2022-03-23T01:50:57Z logger.go:66:               + self             = false
TestTerraformBasicExample 2022-03-23T01:50:57Z logger.go:66:               + to_port          = 10250
TestTerraformBasicExample 2022-03-23T01:50:57Z logger.go:66:             },
TestTerraformBasicExample 2022-03-23T01:50:57Z logger.go:66:           + {
TestTerraformBasicExample 2022-03-23T01:50:57Z logger.go:66:               + cidr_blocks      = []
TestTerraformBasicExample 2022-03-23T01:50:57Z logger.go:66:               + description      = "Node to node CoreDNS"
TestTerraformBasicExample 2022-03-23T01:50:57Z logger.go:66:               + from_port        = 53
TestTerraformBasicExample 2022-03-23T01:50:57Z logger.go:66:               + ipv6_cidr_blocks = []
TestTerraformBasicExample 2022-03-23T01:50:57Z logger.go:66:               + prefix_list_ids  = []
TestTerraformBasicExample 2022-03-23T01:50:57Z logger.go:66:               + protocol         = "tcp"
TestTerraformBasicExample 2022-03-23T01:50:57Z logger.go:66:               + security_groups  = []
TestTerraformBasicExample 2022-03-23T01:50:57Z logger.go:66:               + self             = true
TestTerraformBasicExample 2022-03-23T01:50:57Z logger.go:66:               + to_port          = 53
TestTerraformBasicExample 2022-03-23T01:50:57Z logger.go:66:             },
TestTerraformBasicExample 2022-03-23T01:50:57Z logger.go:66:           + {
TestTerraformBasicExample 2022-03-23T01:50:57Z logger.go:66:               + cidr_blocks      = []
TestTerraformBasicExample 2022-03-23T01:50:57Z logger.go:66:               + description      = "Node to node CoreDNS"
TestTerraformBasicExample 2022-03-23T01:50:57Z logger.go:66:               + from_port        = 53
TestTerraformBasicExample 2022-03-23T01:50:57Z logger.go:66:               + ipv6_cidr_blocks = []
TestTerraformBasicExample 2022-03-23T01:50:57Z logger.go:66:               + prefix_list_ids  = []
TestTerraformBasicExample 2022-03-23T01:50:57Z logger.go:66:               + protocol         = "udp"
TestTerraformBasicExample 2022-03-23T01:50:57Z logger.go:66:               + security_groups  = []
TestTerraformBasicExample 2022-03-23T01:50:57Z logger.go:66:               + self             = true
TestTerraformBasicExample 2022-03-23T01:50:57Z logger.go:66:               + to_port          = 53
TestTerraformBasicExample 2022-03-23T01:50:57Z logger.go:66:             },
TestTerraformBasicExample 2022-03-23T01:50:57Z logger.go:66:         ]
TestTerraformBasicExample 2022-03-23T01:50:57Z logger.go:66:         name                   = "ex-basic-node-20220323013739519900000009"
TestTerraformBasicExample 2022-03-23T01:50:57Z logger.go:66:         tags                   = {
TestTerraformBasicExample 2022-03-23T01:50:57Z logger.go:66:             "Name"                           = "ex-basic-node"
TestTerraformBasicExample 2022-03-23T01:50:57Z logger.go:66:             "kubernetes.io/cluster/ex-basic" = "owned"
TestTerraformBasicExample 2022-03-23T01:50:57Z logger.go:66:         }
TestTerraformBasicExample 2022-03-23T01:50:57Z logger.go:66:         # (7 unchanged attributes hidden)
TestTerraformBasicExample 2022-03-23T01:50:57Z logger.go:66:     }
TestTerraformBasicExample 2022-03-23T01:50:57Z logger.go:66:
TestTerraformBasicExample 2022-03-23T01:50:57Z logger.go:66:   # module.eks.aws_security_group_rule.cluster["egress_nodes_443"] has changed
TestTerraformBasicExample 2022-03-23T01:50:57Z logger.go:66:   ~ resource "aws_security_group_rule" "cluster" {
TestTerraformBasicExample 2022-03-23T01:50:57Z logger.go:66:       + cidr_blocks              = []
TestTerraformBasicExample 2022-03-23T01:50:57Z logger.go:66:         id                       = "sgrule-2774736844"
TestTerraformBasicExample 2022-03-23T01:50:57Z logger.go:66:       + ipv6_cidr_blocks         = []
TestTerraformBasicExample 2022-03-23T01:50:57Z logger.go:66:         # (9 unchanged attributes hidden)
TestTerraformBasicExample 2022-03-23T01:50:57Z logger.go:66:     }
TestTerraformBasicExample 2022-03-23T01:50:57Z logger.go:66:
TestTerraformBasicExample 2022-03-23T01:50:57Z logger.go:66:   # module.eks.aws_security_group_rule.cluster["egress_nodes_kubelet"] has changed
TestTerraformBasicExample 2022-03-23T01:50:57Z logger.go:66:   ~ resource "aws_security_group_rule" "cluster" {
TestTerraformBasicExample 2022-03-23T01:50:57Z logger.go:66:       + cidr_blocks              = []
TestTerraformBasicExample 2022-03-23T01:50:57Z logger.go:66:         id                       = "sgrule-1378498988"
TestTerraformBasicExample 2022-03-23T01:50:57Z logger.go:66:       + ipv6_cidr_blocks         = []
TestTerraformBasicExample 2022-03-23T01:50:57Z logger.go:66:         # (9 unchanged attributes hidden)
TestTerraformBasicExample 2022-03-23T01:50:57Z logger.go:66:     }
TestTerraformBasicExample 2022-03-23T01:50:57Z logger.go:66:
TestTerraformBasicExample 2022-03-23T01:50:57Z logger.go:66:   # module.eks.aws_security_group_rule.cluster["ingress_nodes_443"] has changed
TestTerraformBasicExample 2022-03-23T01:50:57Z logger.go:66:   ~ resource "aws_security_group_rule" "cluster" {
TestTerraformBasicExample 2022-03-23T01:50:57Z logger.go:66:       + cidr_blocks              = []
TestTerraformBasicExample 2022-03-23T01:50:57Z logger.go:66:         id                       = "sgrule-1851197621"
TestTerraformBasicExample 2022-03-23T01:50:57Z logger.go:66:       + ipv6_cidr_blocks         = []
TestTerraformBasicExample 2022-03-23T01:50:57Z logger.go:66:         # (9 unchanged attributes hidden)
TestTerraformBasicExample 2022-03-23T01:50:57Z logger.go:66:     }
TestTerraformBasicExample 2022-03-23T01:50:57Z logger.go:66:
TestTerraformBasicExample 2022-03-23T01:50:57Z logger.go:66:   # module.eks.aws_security_group_rule.node["egress_cluster_443"] has changed
TestTerraformBasicExample 2022-03-23T01:50:57Z logger.go:66:   ~ resource "aws_security_group_rule" "node" {
TestTerraformBasicExample 2022-03-23T01:50:57Z logger.go:66:       + cidr_blocks              = []
TestTerraformBasicExample 2022-03-23T01:50:57Z logger.go:66:         id                       = "sgrule-245167170"
TestTerraformBasicExample 2022-03-23T01:50:57Z logger.go:66:       + ipv6_cidr_blocks         = []
TestTerraformBasicExample 2022-03-23T01:50:57Z logger.go:66:         # (9 unchanged attributes hidden)
TestTerraformBasicExample 2022-03-23T01:50:57Z logger.go:66:     }
TestTerraformBasicExample 2022-03-23T01:50:57Z logger.go:66:
TestTerraformBasicExample 2022-03-23T01:50:57Z logger.go:66:   # module.eks.aws_security_group_rule.node["egress_https"] has changed
TestTerraformBasicExample 2022-03-23T01:50:57Z logger.go:66:   ~ resource "aws_security_group_rule" "node" {
TestTerraformBasicExample 2022-03-23T01:50:57Z logger.go:66:         id                = "sgrule-1005532864"
TestTerraformBasicExample 2022-03-23T01:50:57Z logger.go:66:       + ipv6_cidr_blocks  = []
TestTerraformBasicExample 2022-03-23T01:50:57Z logger.go:66:         # (9 unchanged attributes hidden)
TestTerraformBasicExample 2022-03-23T01:50:57Z logger.go:66:     }
TestTerraformBasicExample 2022-03-23T01:50:57Z logger.go:66:
TestTerraformBasicExample 2022-03-23T01:50:57Z logger.go:66:   # module.eks.aws_security_group_rule.node["egress_ntp_tcp"] has changed
TestTerraformBasicExample 2022-03-23T01:50:57Z logger.go:66:   ~ resource "aws_security_group_rule" "node" {
TestTerraformBasicExample 2022-03-23T01:50:57Z logger.go:66:         id                = "sgrule-3828419550"
TestTerraformBasicExample 2022-03-23T01:50:57Z logger.go:66:       + ipv6_cidr_blocks  = []
TestTerraformBasicExample 2022-03-23T01:50:57Z logger.go:66:         # (9 unchanged attributes hidden)
TestTerraformBasicExample 2022-03-23T01:50:57Z logger.go:66:     }
TestTerraformBasicExample 2022-03-23T01:50:57Z logger.go:66:
TestTerraformBasicExample 2022-03-23T01:50:57Z logger.go:66:   # module.eks.aws_security_group_rule.node["egress_ntp_udp"] has changed
TestTerraformBasicExample 2022-03-23T01:50:57Z logger.go:66:   ~ resource "aws_security_group_rule" "node" {
TestTerraformBasicExample 2022-03-23T01:50:57Z logger.go:66:         id                = "sgrule-2595172051"
TestTerraformBasicExample 2022-03-23T01:50:57Z logger.go:66:       + ipv6_cidr_blocks  = []
TestTerraformBasicExample 2022-03-23T01:50:57Z logger.go:66:         # (9 unchanged attributes hidden)
TestTerraformBasicExample 2022-03-23T01:50:57Z logger.go:66:     }
TestTerraformBasicExample 2022-03-23T01:50:57Z logger.go:66:
TestTerraformBasicExample 2022-03-23T01:50:57Z logger.go:66:   # module.eks.aws_security_group_rule.node["egress_self_coredns_tcp"] has changed
TestTerraformBasicExample 2022-03-23T01:50:57Z logger.go:66:   ~ resource "aws_security_group_rule" "node" {
TestTerraformBasicExample 2022-03-23T01:50:57Z logger.go:66:       + cidr_blocks              = []
TestTerraformBasicExample 2022-03-23T01:50:57Z logger.go:66:         id                       = "sgrule-4110902067"
TestTerraformBasicExample 2022-03-23T01:50:57Z logger.go:66:       + ipv6_cidr_blocks         = []
TestTerraformBasicExample 2022-03-23T01:50:57Z logger.go:66:       + source_security_group_id = "sg-00fd3a925aea8b86f"
TestTerraformBasicExample 2022-03-23T01:50:57Z logger.go:66:         # (8 unchanged attributes hidden)
TestTerraformBasicExample 2022-03-23T01:50:57Z logger.go:66:     }
TestTerraformBasicExample 2022-03-23T01:50:57Z logger.go:66:
TestTerraformBasicExample 2022-03-23T01:50:57Z logger.go:66:   # module.eks.aws_security_group_rule.node["egress_self_coredns_udp"] has changed
TestTerraformBasicExample 2022-03-23T01:50:57Z logger.go:66:   ~ resource "aws_security_group_rule" "node" {
TestTerraformBasicExample 2022-03-23T01:50:57Z logger.go:66:       + cidr_blocks              = []
TestTerraformBasicExample 2022-03-23T01:50:57Z logger.go:66:         id                       = "sgrule-2069946709"
TestTerraformBasicExample 2022-03-23T01:50:57Z logger.go:66:       + ipv6_cidr_blocks         = []
TestTerraformBasicExample 2022-03-23T01:50:57Z logger.go:66:       + source_security_group_id = "sg-00fd3a925aea8b86f"
TestTerraformBasicExample 2022-03-23T01:50:57Z logger.go:66:         # (8 unchanged attributes hidden)
TestTerraformBasicExample 2022-03-23T01:50:57Z logger.go:66:     }
TestTerraformBasicExample 2022-03-23T01:50:57Z logger.go:66:
TestTerraformBasicExample 2022-03-23T01:50:57Z logger.go:66:   # module.eks.aws_security_group_rule.node["ingress_cluster_443"] has changed
TestTerraformBasicExample 2022-03-23T01:50:57Z logger.go:66:   ~ resource "aws_security_group_rule" "node" {
TestTerraformBasicExample 2022-03-23T01:50:57Z logger.go:66:       + cidr_blocks              = []
TestTerraformBasicExample 2022-03-23T01:50:57Z logger.go:66:         id                       = "sgrule-1511185497"
TestTerraformBasicExample 2022-03-23T01:50:57Z logger.go:66:       + ipv6_cidr_blocks         = []
TestTerraformBasicExample 2022-03-23T01:50:57Z logger.go:66:         # (9 unchanged attributes hidden)
TestTerraformBasicExample 2022-03-23T01:50:57Z logger.go:66:     }
TestTerraformBasicExample 2022-03-23T01:50:57Z logger.go:66:
TestTerraformBasicExample 2022-03-23T01:50:57Z logger.go:66:   # module.eks.aws_security_group_rule.node["ingress_cluster_kubelet"] has changed
TestTerraformBasicExample 2022-03-23T01:50:57Z logger.go:66:   ~ resource "aws_security_group_rule" "node" {
TestTerraformBasicExample 2022-03-23T01:50:57Z logger.go:66:       + cidr_blocks              = []
TestTerraformBasicExample 2022-03-23T01:50:57Z logger.go:66:         id                       = "sgrule-2908934003"
TestTerraformBasicExample 2022-03-23T01:50:57Z logger.go:66:       + ipv6_cidr_blocks         = []
TestTerraformBasicExample 2022-03-23T01:50:57Z logger.go:66:         # (9 unchanged attributes hidden)
TestTerraformBasicExample 2022-03-23T01:50:57Z logger.go:66:     }
TestTerraformBasicExample 2022-03-23T01:50:57Z logger.go:66:
TestTerraformBasicExample 2022-03-23T01:50:57Z logger.go:66:   # module.eks.aws_security_group_rule.node["ingress_self_coredns_tcp"] has changed
TestTerraformBasicExample 2022-03-23T01:50:57Z logger.go:66:   ~ resource "aws_security_group_rule" "node" {
TestTerraformBasicExample 2022-03-23T01:50:57Z logger.go:66:       + cidr_blocks              = []
TestTerraformBasicExample 2022-03-23T01:50:57Z logger.go:66:         id                       = "sgrule-1124434756"
TestTerraformBasicExample 2022-03-23T01:50:57Z logger.go:66:       + ipv6_cidr_blocks         = []
TestTerraformBasicExample 2022-03-23T01:50:57Z logger.go:66:       + source_security_group_id = "sg-00fd3a925aea8b86f"
TestTerraformBasicExample 2022-03-23T01:50:57Z logger.go:66:         # (8 unchanged attributes hidden)
TestTerraformBasicExample 2022-03-23T01:50:57Z logger.go:66:     }
TestTerraformBasicExample 2022-03-23T01:50:57Z logger.go:66:
TestTerraformBasicExample 2022-03-23T01:50:57Z logger.go:66:   # module.eks.aws_security_group_rule.node["ingress_self_coredns_udp"] has changed
TestTerraformBasicExample 2022-03-23T01:50:57Z logger.go:66:   ~ resource "aws_security_group_rule" "node" {
TestTerraformBasicExample 2022-03-23T01:50:57Z logger.go:66:       + cidr_blocks              = []
TestTerraformBasicExample 2022-03-23T01:50:57Z logger.go:66:         id                       = "sgrule-3881443499"
TestTerraformBasicExample 2022-03-23T01:50:57Z logger.go:66:       + ipv6_cidr_blocks         = []
TestTerraformBasicExample 2022-03-23T01:50:57Z logger.go:66:       + source_security_group_id = "sg-00fd3a925aea8b86f"
TestTerraformBasicExample 2022-03-23T01:50:57Z logger.go:66:         # (8 unchanged attributes hidden)
TestTerraformBasicExample 2022-03-23T01:50:57Z logger.go:66:     }
TestTerraformBasicExample 2022-03-23T01:50:57Z logger.go:66:
TestTerraformBasicExample 2022-03-23T01:50:57Z logger.go:66:   # module.eks_auth.kubernetes_config_map_v1.aws_auth[0] has changed
TestTerraformBasicExample 2022-03-23T01:50:57Z logger.go:66:   ~ resource "kubernetes_config_map_v1" "aws_auth" {
TestTerraformBasicExample 2022-03-23T01:50:57Z logger.go:66:       + binary_data = {}
TestTerraformBasicExample 2022-03-23T01:50:57Z logger.go:66:         id          = "kube-system/aws-auth"
TestTerraformBasicExample 2022-03-23T01:50:57Z logger.go:66:         # (1 unchanged attribute hidden)
TestTerraformBasicExample 2022-03-23T01:50:57Z logger.go:66:
TestTerraformBasicExample 2022-03-23T01:50:57Z logger.go:66:       ~ metadata {
TestTerraformBasicExample 2022-03-23T01:50:57Z logger.go:66:           + annotations      = {}
TestTerraformBasicExample 2022-03-23T01:50:57Z logger.go:66:             name             = "aws-auth"
TestTerraformBasicExample 2022-03-23T01:50:57Z logger.go:66:             # (5 unchanged attributes hidden)
TestTerraformBasicExample 2022-03-23T01:50:57Z logger.go:66:         }
TestTerraformBasicExample 2022-03-23T01:50:57Z logger.go:66:     }
TestTerraformBasicExample 2022-03-23T01:50:57Z logger.go:66:
TestTerraformBasicExample 2022-03-23T01:50:57Z logger.go:66:   # module.eks_auth.kubernetes_job_v1.aws_auth[0] has changed
TestTerraformBasicExample 2022-03-23T01:50:57Z logger.go:66:   ~ resource "kubernetes_job_v1" "aws_auth" {
TestTerraformBasicExample 2022-03-23T01:50:57Z logger.go:66:         id                  = "kube-system/terraform-eks-auth-aws"
TestTerraformBasicExample 2022-03-23T01:50:57Z logger.go:66:         # (1 unchanged attribute hidden)
TestTerraformBasicExample 2022-03-23T01:50:57Z logger.go:66:
TestTerraformBasicExample 2022-03-23T01:50:57Z logger.go:66:       ~ metadata {
TestTerraformBasicExample 2022-03-23T01:50:57Z logger.go:66:           + annotations      = {}
TestTerraformBasicExample 2022-03-23T01:50:57Z logger.go:66:             name             = "terraform-eks-auth-aws"
TestTerraformBasicExample 2022-03-23T01:50:57Z logger.go:66:           + resource_version = "1209"
TestTerraformBasicExample 2022-03-23T01:50:57Z logger.go:66:           + uid              = "e207224b-e074-4975-90c9-a84217476664"
TestTerraformBasicExample 2022-03-23T01:50:57Z logger.go:66:             # (3 unchanged attributes hidden)
TestTerraformBasicExample 2022-03-23T01:50:57Z logger.go:66:         }
TestTerraformBasicExample 2022-03-23T01:50:57Z logger.go:66:
TestTerraformBasicExample 2022-03-23T01:50:57Z logger.go:66:       ~ spec {
TestTerraformBasicExample 2022-03-23T01:50:57Z logger.go:66:             # (5 unchanged attributes hidden)
TestTerraformBasicExample 2022-03-23T01:50:57Z logger.go:66:
TestTerraformBasicExample 2022-03-23T01:50:57Z logger.go:66:           + selector {
TestTerraformBasicExample 2022-03-23T01:50:57Z logger.go:66:             }
TestTerraformBasicExample 2022-03-23T01:50:57Z logger.go:66:
TestTerraformBasicExample 2022-03-23T01:50:57Z logger.go:66:           ~ template {
TestTerraformBasicExample 2022-03-23T01:50:57Z logger.go:66:               ~ metadata {
TestTerraformBasicExample 2022-03-23T01:50:57Z logger.go:66:                   + annotations = {}
TestTerraformBasicExample 2022-03-23T01:50:57Z logger.go:66:                   + labels      = {}
TestTerraformBasicExample 2022-03-23T01:50:57Z logger.go:66:                     # (1 unchanged attribute hidden)
TestTerraformBasicExample 2022-03-23T01:50:57Z logger.go:66:                 }
TestTerraformBasicExample 2022-03-23T01:50:57Z logger.go:66:
TestTerraformBasicExample 2022-03-23T01:50:57Z logger.go:66:               ~ spec {
TestTerraformBasicExample 2022-03-23T01:50:57Z logger.go:66:                   + node_selector                    = {}
TestTerraformBasicExample 2022-03-23T01:50:57Z logger.go:66:                     # (11 unchanged attributes hidden)
TestTerraformBasicExample 2022-03-23T01:50:57Z logger.go:66:
TestTerraformBasicExample 2022-03-23T01:50:57Z logger.go:66:                   ~ container {
TestTerraformBasicExample 2022-03-23T01:50:57Z logger.go:66:                       + args                       = []
TestTerraformBasicExample 2022-03-23T01:50:57Z logger.go:66:                       + image_pull_policy          = "IfNotPresent"
TestTerraformBasicExample 2022-03-23T01:50:57Z logger.go:66:                         name                       = "terraform-eks-auth-aws"
TestTerraformBasicExample 2022-03-23T01:50:57Z logger.go:66:                       + termination_message_policy = "File"
TestTerraformBasicExample 2022-03-23T01:50:57Z logger.go:66:                         # (6 unchanged attributes hidden)
TestTerraformBasicExample 2022-03-23T01:50:57Z logger.go:66:
TestTerraformBasicExample 2022-03-23T01:50:57Z logger.go:66:                       + resources {}
TestTerraformBasicExample 2022-03-23T01:50:57Z logger.go:66:                     }
TestTerraformBasicExample 2022-03-23T01:50:57Z logger.go:66:                 }
TestTerraformBasicExample 2022-03-23T01:50:57Z logger.go:66:             }
TestTerraformBasicExample 2022-03-23T01:50:57Z logger.go:66:         }
TestTerraformBasicExample 2022-03-23T01:50:57Z logger.go:66:
TestTerraformBasicExample 2022-03-23T01:50:57Z logger.go:66:         # (1 unchanged block hidden)
TestTerraformBasicExample 2022-03-23T01:50:57Z logger.go:66:     }
TestTerraformBasicExample 2022-03-23T01:50:57Z logger.go:66:
TestTerraformBasicExample 2022-03-23T01:50:57Z logger.go:66:   # module.eks_auth.kubernetes_role_binding_v1.aws_auth has changed
TestTerraformBasicExample 2022-03-23T01:50:57Z logger.go:66:   ~ resource "kubernetes_role_binding_v1" "aws_auth" {
TestTerraformBasicExample 2022-03-23T01:50:57Z logger.go:66:         id = "kube-system/terraform-eks-auth-aws"
TestTerraformBasicExample 2022-03-23T01:50:57Z logger.go:66:
TestTerraformBasicExample 2022-03-23T01:50:57Z logger.go:66:       ~ metadata {
TestTerraformBasicExample 2022-03-23T01:50:57Z logger.go:66:           + annotations      = {}
TestTerraformBasicExample 2022-03-23T01:50:57Z logger.go:66:             name             = "terraform-eks-auth-aws"
TestTerraformBasicExample 2022-03-23T01:50:57Z logger.go:66:             # (5 unchanged attributes hidden)
TestTerraformBasicExample 2022-03-23T01:50:57Z logger.go:66:         }
TestTerraformBasicExample 2022-03-23T01:50:57Z logger.go:66:
TestTerraformBasicExample 2022-03-23T01:50:57Z logger.go:66:
TestTerraformBasicExample 2022-03-23T01:50:57Z logger.go:66:         # (2 unchanged blocks hidden)
TestTerraformBasicExample 2022-03-23T01:50:57Z logger.go:66:     }
TestTerraformBasicExample 2022-03-23T01:50:57Z logger.go:66:
TestTerraformBasicExample 2022-03-23T01:50:57Z logger.go:66:   # module.eks_auth.kubernetes_role_v1.aws_auth has changed
TestTerraformBasicExample 2022-03-23T01:50:57Z logger.go:66:   ~ resource "kubernetes_role_v1" "aws_auth" {
TestTerraformBasicExample 2022-03-23T01:50:57Z logger.go:66:         id = "kube-system/terraform-eks-auth-aws"
TestTerraformBasicExample 2022-03-23T01:50:57Z logger.go:66:
TestTerraformBasicExample 2022-03-23T01:50:57Z logger.go:66:       ~ metadata {
TestTerraformBasicExample 2022-03-23T01:50:57Z logger.go:66:           + annotations      = {}
TestTerraformBasicExample 2022-03-23T01:50:57Z logger.go:66:             name             = "terraform-eks-auth-aws"
TestTerraformBasicExample 2022-03-23T01:50:57Z logger.go:66:             # (5 unchanged attributes hidden)
TestTerraformBasicExample 2022-03-23T01:50:57Z logger.go:66:         }
TestTerraformBasicExample 2022-03-23T01:50:57Z logger.go:66:
TestTerraformBasicExample 2022-03-23T01:50:57Z logger.go:66:         # (1 unchanged block hidden)
TestTerraformBasicExample 2022-03-23T01:50:57Z logger.go:66:     }
TestTerraformBasicExample 2022-03-23T01:50:57Z logger.go:66:
TestTerraformBasicExample 2022-03-23T01:50:57Z logger.go:66:   # module.eks_auth.kubernetes_service_account_v1.aws_auth has changed
TestTerraformBasicExample 2022-03-23T01:50:57Z logger.go:66:   ~ resource "kubernetes_service_account_v1" "aws_auth" {
TestTerraformBasicExample 2022-03-23T01:50:57Z logger.go:66:         id                              = "kube-system/terraform-eks-auth-aws"
TestTerraformBasicExample 2022-03-23T01:50:57Z logger.go:66:         # (2 unchanged attributes hidden)
TestTerraformBasicExample 2022-03-23T01:50:57Z logger.go:66:
TestTerraformBasicExample 2022-03-23T01:50:57Z logger.go:66:       ~ metadata {
TestTerraformBasicExample 2022-03-23T01:50:57Z logger.go:66:           + annotations      = {}
TestTerraformBasicExample 2022-03-23T01:50:57Z logger.go:66:             name             = "terraform-eks-auth-aws"
TestTerraformBasicExample 2022-03-23T01:50:57Z logger.go:66:             # (5 unchanged attributes hidden)
TestTerraformBasicExample 2022-03-23T01:50:57Z logger.go:66:         }
TestTerraformBasicExample 2022-03-23T01:50:57Z logger.go:66:     }
TestTerraformBasicExample 2022-03-23T01:50:57Z logger.go:66:
TestTerraformBasicExample 2022-03-23T01:50:57Z logger.go:66:   # module.vpc.aws_eip.nat[0] has changed
TestTerraformBasicExample 2022-03-23T01:50:57Z logger.go:66:   ~ resource "aws_eip" "nat" {
TestTerraformBasicExample 2022-03-23T01:50:57Z logger.go:66:       + association_id       = "eipassoc-06cfd31bc5aaf0f5d"
TestTerraformBasicExample 2022-03-23T01:50:57Z logger.go:66:         id                   = "eipalloc-0183b88f8a01628eb"
TestTerraformBasicExample 2022-03-23T01:50:57Z logger.go:66:       + network_interface    = "eni-027c54c7d012b67ee"
TestTerraformBasicExample 2022-03-23T01:50:57Z logger.go:66:       + private_dns          = "ip-10-0-4-68.us-west-2.compute.internal"
TestTerraformBasicExample 2022-03-23T01:50:57Z logger.go:66:       + private_ip           = "10.0.4.68"
TestTerraformBasicExample 2022-03-23T01:50:57Z logger.go:66:         tags                 = {
TestTerraformBasicExample 2022-03-23T01:50:57Z logger.go:66:             "Name" = "ex-basic-us-west-2a"
TestTerraformBasicExample 2022-03-23T01:50:57Z logger.go:66:         }
TestTerraformBasicExample 2022-03-23T01:50:57Z logger.go:66:         # (8 unchanged attributes hidden)
TestTerraformBasicExample 2022-03-23T01:50:57Z logger.go:66:     }
TestTerraformBasicExample 2022-03-23T01:50:57Z logger.go:66:
TestTerraformBasicExample 2022-03-23T01:50:57Z logger.go:66:   # module.vpc.aws_route_table.private[0] has changed
TestTerraformBasicExample 2022-03-23T01:50:57Z logger.go:66:   ~ resource "aws_route_table" "private" {
TestTerraformBasicExample 2022-03-23T01:50:57Z logger.go:66:         id               = "rtb-0c022ecbfb2de1ed0"
TestTerraformBasicExample 2022-03-23T01:50:57Z logger.go:66:       ~ route            = [
TestTerraformBasicExample 2022-03-23T01:50:57Z logger.go:66:           + {
TestTerraformBasicExample 2022-03-23T01:50:57Z logger.go:66:               + carrier_gateway_id         = ""
TestTerraformBasicExample 2022-03-23T01:50:57Z logger.go:66:               + cidr_block                 = "0.0.0.0/0"
TestTerraformBasicExample 2022-03-23T01:50:57Z logger.go:66:               + destination_prefix_list_id = ""
TestTerraformBasicExample 2022-03-23T01:50:57Z logger.go:66:               + egress_only_gateway_id     = ""
TestTerraformBasicExample 2022-03-23T01:50:57Z logger.go:66:               + gateway_id                 = ""
TestTerraformBasicExample 2022-03-23T01:50:57Z logger.go:66:               + instance_id                = ""
TestTerraformBasicExample 2022-03-23T01:50:57Z logger.go:66:               + ipv6_cidr_block            = ""
TestTerraformBasicExample 2022-03-23T01:50:57Z logger.go:66:               + local_gateway_id           = ""
TestTerraformBasicExample 2022-03-23T01:50:57Z logger.go:66:               + nat_gateway_id             = "nat-08e946a973837916e"
TestTerraformBasicExample 2022-03-23T01:50:57Z logger.go:66:               + network_interface_id       = ""
TestTerraformBasicExample 2022-03-23T01:50:57Z logger.go:66:               + transit_gateway_id         = ""
TestTerraformBasicExample 2022-03-23T01:50:57Z logger.go:66:               + vpc_endpoint_id            = ""
TestTerraformBasicExample 2022-03-23T01:50:57Z logger.go:66:               + vpc_peering_connection_id  = ""
TestTerraformBasicExample 2022-03-23T01:50:57Z logger.go:66:             },
TestTerraformBasicExample 2022-03-23T01:50:57Z logger.go:66:         ]
TestTerraformBasicExample 2022-03-23T01:50:57Z logger.go:66:         tags             = {
TestTerraformBasicExample 2022-03-23T01:50:57Z logger.go:66:             "Name" = "ex-basic-private"
TestTerraformBasicExample 2022-03-23T01:50:57Z logger.go:66:         }
TestTerraformBasicExample 2022-03-23T01:50:57Z logger.go:66:         # (5 unchanged attributes hidden)
TestTerraformBasicExample 2022-03-23T01:50:57Z logger.go:66:     }
TestTerraformBasicExample 2022-03-23T01:50:57Z logger.go:66:
TestTerraformBasicExample 2022-03-23T01:50:57Z logger.go:66:   # module.vpc.aws_route_table.public[0] has changed
TestTerraformBasicExample 2022-03-23T01:50:57Z logger.go:66:   ~ resource "aws_route_table" "public" {
TestTerraformBasicExample 2022-03-23T01:50:57Z logger.go:66:         id               = "rtb-02db22ae4ddccb059"
TestTerraformBasicExample 2022-03-23T01:50:57Z logger.go:66:       ~ route            = [
TestTerraformBasicExample 2022-03-23T01:50:57Z logger.go:66:           + {
TestTerraformBasicExample 2022-03-23T01:50:57Z logger.go:66:               + carrier_gateway_id         = ""
TestTerraformBasicExample 2022-03-23T01:50:57Z logger.go:66:               + cidr_block                 = "0.0.0.0/0"
TestTerraformBasicExample 2022-03-23T01:50:57Z logger.go:66:               + destination_prefix_list_id = ""
TestTerraformBasicExample 2022-03-23T01:50:57Z logger.go:66:               + egress_only_gateway_id     = ""
TestTerraformBasicExample 2022-03-23T01:50:57Z logger.go:66:               + gateway_id                 = "igw-074062c284cb1b8b9"
TestTerraformBasicExample 2022-03-23T01:50:57Z logger.go:66:               + instance_id                = ""
TestTerraformBasicExample 2022-03-23T01:50:57Z logger.go:66:               + ipv6_cidr_block            = ""
TestTerraformBasicExample 2022-03-23T01:50:57Z logger.go:66:               + local_gateway_id           = ""
TestTerraformBasicExample 2022-03-23T01:50:57Z logger.go:66:               + nat_gateway_id             = ""
TestTerraformBasicExample 2022-03-23T01:50:57Z logger.go:66:               + network_interface_id       = ""
TestTerraformBasicExample 2022-03-23T01:50:57Z logger.go:66:               + transit_gateway_id         = ""
TestTerraformBasicExample 2022-03-23T01:50:57Z logger.go:66:               + vpc_endpoint_id            = ""
TestTerraformBasicExample 2022-03-23T01:50:57Z logger.go:66:               + vpc_peering_connection_id  = ""
TestTerraformBasicExample 2022-03-23T01:50:57Z logger.go:66:             },
TestTerraformBasicExample 2022-03-23T01:50:57Z logger.go:66:         ]
TestTerraformBasicExample 2022-03-23T01:50:57Z logger.go:66:         tags             = {
TestTerraformBasicExample 2022-03-23T01:50:57Z logger.go:66:             "Name" = "ex-basic-public"
TestTerraformBasicExample 2022-03-23T01:50:57Z logger.go:66:         }
TestTerraformBasicExample 2022-03-23T01:50:57Z logger.go:66:         # (5 unchanged attributes hidden)
TestTerraformBasicExample 2022-03-23T01:50:57Z logger.go:66:     }
TestTerraformBasicExample 2022-03-23T01:50:57Z logger.go:66:
TestTerraformBasicExample 2022-03-23T01:50:57Z logger.go:66:   # module.eks.module.eks_managed_node_group["foo"].aws_eks_node_group.this[0] has changed
TestTerraformBasicExample 2022-03-23T01:50:57Z logger.go:66:   ~ resource "aws_eks_node_group" "this" {
TestTerraformBasicExample 2022-03-23T01:50:57Z logger.go:66:         id                     = "ex-basic:foo-2022032301483379850000000d"
TestTerraformBasicExample 2022-03-23T01:50:57Z logger.go:66:       + labels                 = {}
TestTerraformBasicExample 2022-03-23T01:50:57Z logger.go:66:         tags                   = {
TestTerraformBasicExample 2022-03-23T01:50:57Z logger.go:66:             "Name" = "foo"
TestTerraformBasicExample 2022-03-23T01:50:57Z logger.go:66:         }
TestTerraformBasicExample 2022-03-23T01:50:57Z logger.go:66:         # (15 unchanged attributes hidden)
TestTerraformBasicExample 2022-03-23T01:50:57Z logger.go:66:
TestTerraformBasicExample 2022-03-23T01:50:57Z logger.go:66:
TestTerraformBasicExample 2022-03-23T01:50:57Z logger.go:66:
TestTerraformBasicExample 2022-03-23T01:50:57Z logger.go:66:
TestTerraformBasicExample 2022-03-23T01:50:57Z logger.go:66:         # (4 unchanged blocks hidden)
TestTerraformBasicExample 2022-03-23T01:50:57Z logger.go:66:     }
TestTerraformBasicExample 2022-03-23T01:50:57Z logger.go:66:
TestTerraformBasicExample 2022-03-23T01:50:57Z logger.go:66:   # module.eks.module.eks_managed_node_group["foo"].aws_iam_role.this[0] has changed
TestTerraformBasicExample 2022-03-23T01:50:57Z logger.go:66:   ~ resource "aws_iam_role" "this" {
TestTerraformBasicExample 2022-03-23T01:50:57Z logger.go:66:         id                    = "foo-eks-node-group-20220323013727515700000001"
TestTerraformBasicExample 2022-03-23T01:50:57Z logger.go:66:       ~ managed_policy_arns   = [
TestTerraformBasicExample 2022-03-23T01:50:57Z logger.go:66:           + "arn:aws:iam::aws:policy/AmazonEC2ContainerRegistryReadOnly",
TestTerraformBasicExample 2022-03-23T01:50:57Z logger.go:66:           + "arn:aws:iam::aws:policy/AmazonEKSWorkerNodePolicy",
TestTerraformBasicExample 2022-03-23T01:50:57Z logger.go:66:           + "arn:aws:iam::aws:policy/AmazonEKS_CNI_Policy",
TestTerraformBasicExample 2022-03-23T01:50:57Z logger.go:66:         ]
TestTerraformBasicExample 2022-03-23T01:50:57Z logger.go:66:         name                  = "foo-eks-node-group-20220323013727515700000001"
TestTerraformBasicExample 2022-03-23T01:50:57Z logger.go:66:       + tags                  = {}
TestTerraformBasicExample 2022-03-23T01:50:57Z logger.go:66:         # (10 unchanged attributes hidden)
TestTerraformBasicExample 2022-03-23T01:50:57Z logger.go:66:
TestTerraformBasicExample 2022-03-23T01:50:57Z logger.go:66:         # (1 unchanged block hidden)
TestTerraformBasicExample 2022-03-23T01:50:57Z logger.go:66:     }
TestTerraformBasicExample 2022-03-23T01:50:57Z logger.go:66:
TestTerraformBasicExample 2022-03-23T01:50:57Z logger.go:66:   # module.eks.module.eks_managed_node_group["foo"].aws_launch_template.this[0] has changed
TestTerraformBasicExample 2022-03-23T01:50:57Z logger.go:66:   ~ resource "aws_launch_template" "this" {
TestTerraformBasicExample 2022-03-23T01:50:57Z logger.go:66:         id                      = "lt-02f9a33c136552fc6"
TestTerraformBasicExample 2022-03-23T01:50:57Z logger.go:66:         name                    = "foo-2022032301483317910000000b"
TestTerraformBasicExample 2022-03-23T01:50:57Z logger.go:66:       + security_group_names    = []
TestTerraformBasicExample 2022-03-23T01:50:57Z logger.go:66:       + tags                    = {}
TestTerraformBasicExample 2022-03-23T01:50:57Z logger.go:66:         # (9 unchanged attributes hidden)
TestTerraformBasicExample 2022-03-23T01:50:57Z logger.go:66:
TestTerraformBasicExample 2022-03-23T01:50:57Z logger.go:66:
TestTerraformBasicExample 2022-03-23T01:50:57Z logger.go:66:
TestTerraformBasicExample 2022-03-23T01:50:57Z logger.go:66:         # (5 unchanged blocks hidden)
TestTerraformBasicExample 2022-03-23T01:50:57Z logger.go:66:     }
TestTerraformBasicExample 2022-03-23T01:50:57Z logger.go:66:
TestTerraformBasicExample 2022-03-23T01:50:57Z logger.go:66:
TestTerraformBasicExample 2022-03-23T01:50:57Z logger.go:66: Unless you have made equivalent changes to your configuration, or ignored the
TestTerraformBasicExample 2022-03-23T01:50:57Z logger.go:66: relevant attributes using ignore_changes, the following plan may include
TestTerraformBasicExample 2022-03-23T01:50:57Z logger.go:66: actions to undo or respond to these changes.
TestTerraformBasicExample 2022-03-23T01:50:57Z logger.go:66:
TestTerraformBasicExample 2022-03-23T01:50:57Z logger.go:66: ─────────────────────────────────────────────────────────────────────────────
TestTerraformBasicExample 2022-03-23T01:50:57Z logger.go:66:
TestTerraformBasicExample 2022-03-23T01:50:57Z logger.go:66: No changes. Your infrastructure matches the configuration.
TestTerraformBasicExample 2022-03-23T01:50:57Z logger.go:66:
TestTerraformBasicExample 2022-03-23T01:50:57Z logger.go:66: Your configuration already matches the changes detected above. If you'd like
TestTerraformBasicExample 2022-03-23T01:50:57Z logger.go:66: to update the Terraform state to match, create and apply a refresh-only plan:
TestTerraformBasicExample 2022-03-23T01:50:57Z logger.go:66:   terraform apply -refresh-only
TestTerraformBasicExample 2022-03-23T01:50:58Z logger.go:66:
TestTerraformBasicExample 2022-03-23T01:50:58Z logger.go:66: Apply complete! Resources: 0 added, 0 changed, 0 destroyed.
TestTerraformBasicExample 2022-03-23T01:50:58Z logger.go:66:
TestTerraformBasicExample 2022-03-23T01:50:58Z logger.go:66: Outputs:
TestTerraformBasicExample 2022-03-23T01:50:58Z logger.go:66:
TestTerraformBasicExample 2022-03-23T01:50:58Z logger.go:66: map_accounts = tolist([])
TestTerraformBasicExample 2022-03-23T01:50:58Z logger.go:66: map_roles = tolist([
TestTerraformBasicExample 2022-03-23T01:50:58Z logger.go:66:   {
TestTerraformBasicExample 2022-03-23T01:50:58Z logger.go:66:     "groups" = [
TestTerraformBasicExample 2022-03-23T01:50:58Z logger.go:66:       "system:bootstrappers",
TestTerraformBasicExample 2022-03-23T01:50:58Z logger.go:66:       "system:nodes",
TestTerraformBasicExample 2022-03-23T01:50:58Z logger.go:66:     ]
TestTerraformBasicExample 2022-03-23T01:50:58Z logger.go:66:     "rolearn" = "arn:aws:iam::11111111111:role/foo-eks-node-group-20220323013727515700000001"
TestTerraformBasicExample 2022-03-23T01:50:58Z logger.go:66:     "username" = "system:node:{{EC2PrivateDNSName}}"
TestTerraformBasicExample 2022-03-23T01:50:58Z logger.go:66:   },
TestTerraformBasicExample 2022-03-23T01:50:58Z logger.go:66: ])
TestTerraformBasicExample 2022-03-23T01:50:58Z logger.go:66: map_users = tolist([])
TestTerraformBasicExample 2022-03-23T01:50:58Z logger.go:66: node_group_iam_role_arn = "arn:aws:iam::11111111111:role/foo-eks-node-group-20220323013727515700000001"
TestTerraformBasicExample 2022-03-23T01:50:58Z logger.go:66: Running terraform with args [plan -input=false -detailed-exitcode -no-color -lock=false]
TestTerraformBasicExample 2022-03-23T01:50:58Z logger.go:66: Running command terraform with args [plan -input=false -detailed-exitcode -no-color -lock=false]
TestTerraformBasicExample 2022-03-23T01:51:04Z logger.go:66: module.eks.aws_cloudwatch_log_group.this[0]: Refreshing state... [id=/aws/eks/ex-basic/cluster]
TestTerraformBasicExample 2022-03-23T01:51:04Z logger.go:66: module.vpc.aws_vpc.this[0]: Refreshing state... [id=vpc-024c94e2d2cc5a5c5]
TestTerraformBasicExample 2022-03-23T01:51:04Z logger.go:66: module.vpc.aws_eip.nat[0]: Refreshing state... [id=eipalloc-0183b88f8a01628eb]
TestTerraformBasicExample 2022-03-23T01:51:04Z logger.go:66: module.eks.module.eks_managed_node_group["foo"].aws_iam_role.this[0]: Refreshing state... [id=foo-eks-node-group-20220323013727515700000001]
TestTerraformBasicExample 2022-03-23T01:51:04Z logger.go:66: module.eks.aws_iam_role.this[0]: Refreshing state... [id=ex-basic-cluster-20220323013727521500000002]
TestTerraformBasicExample 2022-03-23T01:51:05Z logger.go:66: module.eks.aws_security_group.cluster[0]: Refreshing state... [id=sg-0b53e046b12122741]
TestTerraformBasicExample 2022-03-23T01:51:05Z logger.go:66: module.eks.module.eks_managed_node_group["foo"].aws_security_group.this[0]: Refreshing state... [id=sg-0eaa183cfb1a0fda0]
TestTerraformBasicExample 2022-03-23T01:51:05Z logger.go:66: module.vpc.aws_subnet.private[1]: Refreshing state... [id=subnet-072842a5e3c4370f3]
TestTerraformBasicExample 2022-03-23T01:51:05Z logger.go:66: module.vpc.aws_subnet.private[2]: Refreshing state... [id=subnet-068dd3151a8c4f57a]
TestTerraformBasicExample 2022-03-23T01:51:05Z logger.go:66: module.vpc.aws_route_table.public[0]: Refreshing state... [id=rtb-02db22ae4ddccb059]
TestTerraformBasicExample 2022-03-23T01:51:05Z logger.go:66: module.vpc.aws_subnet.private[0]: Refreshing state... [id=subnet-048417218793b6f92]
TestTerraformBasicExample 2022-03-23T01:51:05Z logger.go:66: module.eks.aws_security_group.node[0]: Refreshing state... [id=sg-00fd3a925aea8b86f]
TestTerraformBasicExample 2022-03-23T01:51:05Z logger.go:66: module.vpc.aws_subnet.public[0]: Refreshing state... [id=subnet-079ad716eea1e2069]
TestTerraformBasicExample 2022-03-23T01:51:05Z logger.go:66: module.vpc.aws_subnet.public[1]: Refreshing state... [id=subnet-06be12edc2ce26d40]
TestTerraformBasicExample 2022-03-23T01:51:05Z logger.go:66: module.vpc.aws_subnet.public[2]: Refreshing state... [id=subnet-0ece4cad94417765f]
TestTerraformBasicExample 2022-03-23T01:51:05Z logger.go:66: module.vpc.aws_internet_gateway.this[0]: Refreshing state... [id=igw-074062c284cb1b8b9]
TestTerraformBasicExample 2022-03-23T01:51:05Z logger.go:66: module.vpc.aws_route_table.private[0]: Refreshing state... [id=rtb-0c022ecbfb2de1ed0]
TestTerraformBasicExample 2022-03-23T01:51:05Z logger.go:66: module.eks.module.eks_managed_node_group["foo"].aws_iam_role_policy_attachment.this["arn:aws:iam::aws:policy/AmazonEC2ContainerRegistryReadOnly"]: Refreshing state... [id=foo-eks-node-group-20220323013727515700000001-20220323013729010800000006]
TestTerraformBasicExample 2022-03-23T01:51:05Z logger.go:66: module.eks.aws_iam_role_policy_attachment.this["arn:aws:iam::aws:policy/AmazonEKSVPCResourceController"]: Refreshing state... [id=ex-basic-cluster-20220323013727521500000002-20220323013728892800000004]
TestTerraformBasicExample 2022-03-23T01:51:05Z logger.go:66: module.eks.aws_iam_role_policy_attachment.this["arn:aws:iam::aws:policy/AmazonEKSClusterPolicy"]: Refreshing state... [id=ex-basic-cluster-20220323013727521500000002-20220323013728885100000003]
TestTerraformBasicExample 2022-03-23T01:51:05Z logger.go:66: module.eks.module.eks_managed_node_group["foo"].aws_iam_role_policy_attachment.this["arn:aws:iam::aws:policy/AmazonEKSWorkerNodePolicy"]: Refreshing state... [id=foo-eks-node-group-20220323013727515700000001-20220323013729085400000007]
TestTerraformBasicExample 2022-03-23T01:51:05Z logger.go:66: module.eks.module.eks_managed_node_group["foo"].aws_iam_role_policy_attachment.this["arn:aws:iam::aws:policy/AmazonEKS_CNI_Policy"]: Refreshing state... [id=foo-eks-node-group-20220323013727515700000001-20220323013728984100000005]
TestTerraformBasicExample 2022-03-23T01:51:05Z logger.go:66: module.vpc.aws_route_table_association.public[2]: Refreshing state... [id=rtbassoc-026dd3d93ee716b27]
TestTerraformBasicExample 2022-03-23T01:51:05Z logger.go:66: module.vpc.aws_route_table_association.public[1]: Refreshing state... [id=rtbassoc-05f608f3d4c2e600a]
TestTerraformBasicExample 2022-03-23T01:51:05Z logger.go:66: module.vpc.aws_route_table_association.public[0]: Refreshing state... [id=rtbassoc-0ab4b9a5a4a3800fa]
TestTerraformBasicExample 2022-03-23T01:51:05Z logger.go:66: module.vpc.aws_route.public_internet_gateway[0]: Refreshing state... [id=r-rtb-02db22ae4ddccb0591080289494]
TestTerraformBasicExample 2022-03-23T01:51:05Z logger.go:66: module.vpc.aws_nat_gateway.this[0]: Refreshing state... [id=nat-08e946a973837916e]
TestTerraformBasicExample 2022-03-23T01:51:05Z logger.go:66: module.vpc.aws_route_table_association.private[0]: Refreshing state... [id=rtbassoc-07f79d6c87dd89a4a]
TestTerraformBasicExample 2022-03-23T01:51:05Z logger.go:66: module.vpc.aws_route_table_association.private[1]: Refreshing state... [id=rtbassoc-0c0bd4b3befa8a0c6]
TestTerraformBasicExample 2022-03-23T01:51:06Z logger.go:66: module.vpc.aws_route_table_association.private[2]: Refreshing state... [id=rtbassoc-0961fdc9765c1f786]
TestTerraformBasicExample 2022-03-23T01:51:06Z logger.go:66: module.eks.aws_security_group_rule.node["ingress_self_coredns_tcp"]: Refreshing state... [id=sgrule-1124434756]
TestTerraformBasicExample 2022-03-23T01:51:06Z logger.go:66: module.eks.aws_security_group_rule.node["egress_ntp_tcp"]: Refreshing state... [id=sgrule-3828419550]
TestTerraformBasicExample 2022-03-23T01:51:06Z logger.go:66: module.eks.aws_security_group_rule.node["egress_cluster_443"]: Refreshing state... [id=sgrule-245167170]
TestTerraformBasicExample 2022-03-23T01:51:06Z logger.go:66: module.eks.aws_security_group_rule.node["egress_self_coredns_tcp"]: Refreshing state... [id=sgrule-4110902067]
TestTerraformBasicExample 2022-03-23T01:51:06Z logger.go:66: module.eks.aws_security_group_rule.node["ingress_self_coredns_udp"]: Refreshing state... [id=sgrule-3881443499]
TestTerraformBasicExample 2022-03-23T01:51:06Z logger.go:66: module.eks.aws_security_group_rule.node["egress_ntp_udp"]: Refreshing state... [id=sgrule-2595172051]
TestTerraformBasicExample 2022-03-23T01:51:06Z logger.go:66: module.eks.aws_security_group_rule.node["egress_self_coredns_udp"]: Refreshing state... [id=sgrule-2069946709]
TestTerraformBasicExample 2022-03-23T01:51:06Z logger.go:66: module.eks.aws_security_group_rule.node["ingress_cluster_kubelet"]: Refreshing state... [id=sgrule-2908934003]
TestTerraformBasicExample 2022-03-23T01:51:06Z logger.go:66: module.eks.aws_security_group_rule.node["egress_https"]: Refreshing state... [id=sgrule-1005532864]
TestTerraformBasicExample 2022-03-23T01:51:06Z logger.go:66: module.eks.aws_security_group_rule.node["ingress_cluster_443"]: Refreshing state... [id=sgrule-1511185497]
TestTerraformBasicExample 2022-03-23T01:51:06Z logger.go:66: module.eks.aws_security_group_rule.cluster["ingress_nodes_443"]: Refreshing state... [id=sgrule-1851197621]
TestTerraformBasicExample 2022-03-23T01:51:06Z logger.go:66: module.eks.aws_security_group_rule.cluster["egress_nodes_443"]: Refreshing state... [id=sgrule-2774736844]
TestTerraformBasicExample 2022-03-23T01:51:06Z logger.go:66: module.eks.aws_security_group_rule.cluster["egress_nodes_kubelet"]: Refreshing state... [id=sgrule-1378498988]
TestTerraformBasicExample 2022-03-23T01:51:06Z logger.go:66: module.vpc.aws_route.private_nat_gateway[0]: Refreshing state... [id=r-rtb-0c022ecbfb2de1ed01080289494]
TestTerraformBasicExample 2022-03-23T01:51:06Z logger.go:66: module.eks.aws_eks_cluster.this[0]: Refreshing state... [id=ex-basic]
TestTerraformBasicExample 2022-03-23T01:51:06Z logger.go:66: module.eks.module.eks_managed_node_group["foo"].aws_launch_template.this[0]: Refreshing state... [id=lt-02f9a33c136552fc6]
TestTerraformBasicExample 2022-03-23T01:51:07Z logger.go:66: module.eks.aws_iam_openid_connect_provider.oidc_provider[0]: Refreshing state... [id=arn:aws:iam::11111111111:oidc-provider/oidc.eks.us-west-2.amazonaws.com/id/CBAA8097C5BE4E92633FC7671A13D4DD]
TestTerraformBasicExample 2022-03-23T01:51:07Z logger.go:66: module.eks.module.eks_managed_node_group["foo"].aws_eks_node_group.this[0]: Refreshing state... [id=ex-basic:foo-2022032301483379850000000d]
TestTerraformBasicExample 2022-03-23T01:51:07Z logger.go:66: module.eks_auth.kubernetes_role_v1.aws_auth: Refreshing state... [id=kube-system/terraform-eks-auth-aws]
TestTerraformBasicExample 2022-03-23T01:51:07Z logger.go:66: module.eks_auth.kubernetes_service_account_v1.aws_auth: Refreshing state... [id=kube-system/terraform-eks-auth-aws]
TestTerraformBasicExample 2022-03-23T01:51:07Z logger.go:66: module.eks_auth.kubernetes_role_binding_v1.aws_auth: Refreshing state... [id=kube-system/terraform-eks-auth-aws]
TestTerraformBasicExample 2022-03-23T01:51:07Z logger.go:66: module.eks_auth.kubernetes_job_v1.aws_auth[0]: Refreshing state... [id=kube-system/terraform-eks-auth-aws]
TestTerraformBasicExample 2022-03-23T01:51:07Z logger.go:66: module.eks_auth.kubernetes_config_map_v1.aws_auth[0]: Refreshing state... [id=kube-system/aws-auth]
TestTerraformBasicExample 2022-03-23T01:51:07Z logger.go:66:
TestTerraformBasicExample 2022-03-23T01:51:07Z logger.go:66: No changes. Your infrastructure matches the configuration.
TestTerraformBasicExample 2022-03-23T01:51:07Z logger.go:66:
TestTerraformBasicExample 2022-03-23T01:51:07Z logger.go:66: Terraform has compared your real infrastructure against your configuration
TestTerraformBasicExample 2022-03-23T01:51:07Z logger.go:66: and found no differences, so no changes are needed.
TestTerraformBasicExample 2022-03-23T01:51:07Z retry.go:91: terraform [destroy -auto-approve -input=false -no-color -lock=false]
TestTerraformBasicExample 2022-03-23T01:51:07Z logger.go:66: Running command terraform with args [destroy -auto-approve -input=false -no-color -lock=false]
TestTerraformBasicExample 2022-03-23T01:51:13Z logger.go:66: module.vpc.aws_eip.nat[0]: Refreshing state... [id=eipalloc-0183b88f8a01628eb]
TestTerraformBasicExample 2022-03-23T01:51:13Z logger.go:66: module.vpc.aws_vpc.this[0]: Refreshing state... [id=vpc-024c94e2d2cc5a5c5]
TestTerraformBasicExample 2022-03-23T01:51:13Z logger.go:66: module.eks.aws_cloudwatch_log_group.this[0]: Refreshing state... [id=/aws/eks/ex-basic/cluster]
TestTerraformBasicExample 2022-03-23T01:51:13Z logger.go:66: module.eks.aws_iam_role.this[0]: Refreshing state... [id=ex-basic-cluster-20220323013727521500000002]
TestTerraformBasicExample 2022-03-23T01:51:13Z logger.go:66: module.eks.module.eks_managed_node_group["foo"].aws_iam_role.this[0]: Refreshing state... [id=foo-eks-node-group-20220323013727515700000001]
TestTerraformBasicExample 2022-03-23T01:51:14Z logger.go:66: module.eks.aws_iam_role_policy_attachment.this["arn:aws:iam::aws:policy/AmazonEKSClusterPolicy"]: Refreshing state... [id=ex-basic-cluster-20220323013727521500000002-20220323013728885100000003]
TestTerraformBasicExample 2022-03-23T01:51:14Z logger.go:66: module.eks.aws_iam_role_policy_attachment.this["arn:aws:iam::aws:policy/AmazonEKSVPCResourceController"]: Refreshing state... [id=ex-basic-cluster-20220323013727521500000002-20220323013728892800000004]
TestTerraformBasicExample 2022-03-23T01:51:14Z logger.go:66: module.eks.module.eks_managed_node_group["foo"].aws_iam_role_policy_attachment.this["arn:aws:iam::aws:policy/AmazonEKSWorkerNodePolicy"]: Refreshing state... [id=foo-eks-node-group-20220323013727515700000001-20220323013729085400000007]
TestTerraformBasicExample 2022-03-23T01:51:14Z logger.go:66: module.eks.module.eks_managed_node_group["foo"].aws_iam_role_policy_attachment.this["arn:aws:iam::aws:policy/AmazonEC2ContainerRegistryReadOnly"]: Refreshing state... [id=foo-eks-node-group-20220323013727515700000001-20220323013729010800000006]
TestTerraformBasicExample 2022-03-23T01:51:14Z logger.go:66: module.eks.module.eks_managed_node_group["foo"].aws_iam_role_policy_attachment.this["arn:aws:iam::aws:policy/AmazonEKS_CNI_Policy"]: Refreshing state... [id=foo-eks-node-group-20220323013727515700000001-20220323013728984100000005]
TestTerraformBasicExample 2022-03-23T01:51:14Z logger.go:66: module.vpc.aws_subnet.public[0]: Refreshing state... [id=subnet-079ad716eea1e2069]
TestTerraformBasicExample 2022-03-23T01:51:14Z logger.go:66: module.vpc.aws_route_table.private[0]: Refreshing state... [id=rtb-0c022ecbfb2de1ed0]
TestTerraformBasicExample 2022-03-23T01:51:14Z logger.go:66: module.vpc.aws_subnet.public[2]: Refreshing state... [id=subnet-0ece4cad94417765f]
TestTerraformBasicExample 2022-03-23T01:51:14Z logger.go:66: module.vpc.aws_internet_gateway.this[0]: Refreshing state... [id=igw-074062c284cb1b8b9]
TestTerraformBasicExample 2022-03-23T01:51:14Z logger.go:66: module.vpc.aws_subnet.public[1]: Refreshing state... [id=subnet-06be12edc2ce26d40]
TestTerraformBasicExample 2022-03-23T01:51:14Z logger.go:66: module.vpc.aws_subnet.private[0]: Refreshing state... [id=subnet-048417218793b6f92]
TestTerraformBasicExample 2022-03-23T01:51:14Z logger.go:66: module.vpc.aws_subnet.private[1]: Refreshing state... [id=subnet-072842a5e3c4370f3]
TestTerraformBasicExample 2022-03-23T01:51:14Z logger.go:66: module.vpc.aws_subnet.private[2]: Refreshing state... [id=subnet-068dd3151a8c4f57a]
TestTerraformBasicExample 2022-03-23T01:51:14Z logger.go:66: module.vpc.aws_route_table.public[0]: Refreshing state... [id=rtb-02db22ae4ddccb059]
TestTerraformBasicExample 2022-03-23T01:51:14Z logger.go:66: module.eks.aws_security_group.cluster[0]: Refreshing state... [id=sg-0b53e046b12122741]
TestTerraformBasicExample 2022-03-23T01:51:14Z logger.go:66: module.eks.aws_security_group.node[0]: Refreshing state... [id=sg-00fd3a925aea8b86f]
TestTerraformBasicExample 2022-03-23T01:51:14Z logger.go:66: module.eks.module.eks_managed_node_group["foo"].aws_security_group.this[0]: Refreshing state... [id=sg-0eaa183cfb1a0fda0]
TestTerraformBasicExample 2022-03-23T01:51:15Z logger.go:66: module.vpc.aws_nat_gateway.this[0]: Refreshing state... [id=nat-08e946a973837916e]
TestTerraformBasicExample 2022-03-23T01:51:15Z logger.go:66: module.vpc.aws_route.public_internet_gateway[0]: Refreshing state... [id=r-rtb-02db22ae4ddccb0591080289494]
TestTerraformBasicExample 2022-03-23T01:51:15Z logger.go:66: module.vpc.aws_route_table_association.public[2]: Refreshing state... [id=rtbassoc-026dd3d93ee716b27]
TestTerraformBasicExample 2022-03-23T01:51:15Z logger.go:66: module.vpc.aws_route_table_association.public[0]: Refreshing state... [id=rtbassoc-0ab4b9a5a4a3800fa]
TestTerraformBasicExample 2022-03-23T01:51:15Z logger.go:66: module.vpc.aws_route_table_association.public[1]: Refreshing state... [id=rtbassoc-05f608f3d4c2e600a]
TestTerraformBasicExample 2022-03-23T01:51:15Z logger.go:66: module.vpc.aws_route_table_association.private[2]: Refreshing state... [id=rtbassoc-0961fdc9765c1f786]
TestTerraformBasicExample 2022-03-23T01:51:15Z logger.go:66: module.vpc.aws_route_table_association.private[1]: Refreshing state... [id=rtbassoc-0c0bd4b3befa8a0c6]
TestTerraformBasicExample 2022-03-23T01:51:15Z logger.go:66: module.vpc.aws_route_table_association.private[0]: Refreshing state... [id=rtbassoc-07f79d6c87dd89a4a]
TestTerraformBasicExample 2022-03-23T01:51:15Z logger.go:66: module.vpc.aws_route.private_nat_gateway[0]: Refreshing state... [id=r-rtb-0c022ecbfb2de1ed01080289494]
TestTerraformBasicExample 2022-03-23T01:51:15Z logger.go:66: module.eks.aws_security_group_rule.node["egress_ntp_udp"]: Refreshing state... [id=sgrule-2595172051]
TestTerraformBasicExample 2022-03-23T01:51:15Z logger.go:66: module.eks.aws_security_group_rule.node["ingress_self_coredns_tcp"]: Refreshing state... [id=sgrule-1124434756]
TestTerraformBasicExample 2022-03-23T01:51:15Z logger.go:66: module.eks.aws_security_group_rule.node["ingress_cluster_kubelet"]: Refreshing state... [id=sgrule-2908934003]
TestTerraformBasicExample 2022-03-23T01:51:15Z logger.go:66: module.eks.aws_security_group_rule.node["egress_ntp_tcp"]: Refreshing state... [id=sgrule-3828419550]
TestTerraformBasicExample 2022-03-23T01:51:15Z logger.go:66: module.eks.aws_security_group_rule.node["egress_self_coredns_udp"]: Refreshing state... [id=sgrule-2069946709]
TestTerraformBasicExample 2022-03-23T01:51:15Z logger.go:66: module.eks.aws_security_group_rule.node["ingress_self_coredns_udp"]: Refreshing state... [id=sgrule-3881443499]
TestTerraformBasicExample 2022-03-23T01:51:15Z logger.go:66: module.eks.aws_security_group_rule.node["egress_cluster_443"]: Refreshing state... [id=sgrule-245167170]
TestTerraformBasicExample 2022-03-23T01:51:15Z logger.go:66: module.eks.aws_security_group_rule.node["egress_https"]: Refreshing state... [id=sgrule-1005532864]
TestTerraformBasicExample 2022-03-23T01:51:15Z logger.go:66: module.eks.aws_security_group_rule.node["egress_self_coredns_tcp"]: Refreshing state... [id=sgrule-4110902067]
TestTerraformBasicExample 2022-03-23T01:51:15Z logger.go:66: module.eks.aws_security_group_rule.node["ingress_cluster_443"]: Refreshing state... [id=sgrule-1511185497]
TestTerraformBasicExample 2022-03-23T01:51:15Z logger.go:66: module.eks.aws_security_group_rule.cluster["egress_nodes_kubelet"]: Refreshing state... [id=sgrule-1378498988]
TestTerraformBasicExample 2022-03-23T01:51:15Z logger.go:66: module.eks.aws_security_group_rule.cluster["egress_nodes_443"]: Refreshing state... [id=sgrule-2774736844]
TestTerraformBasicExample 2022-03-23T01:51:15Z logger.go:66: module.eks.aws_security_group_rule.cluster["ingress_nodes_443"]: Refreshing state... [id=sgrule-1851197621]
TestTerraformBasicExample 2022-03-23T01:51:15Z logger.go:66: module.eks.aws_eks_cluster.this[0]: Refreshing state... [id=ex-basic]
TestTerraformBasicExample 2022-03-23T01:51:15Z logger.go:66: module.eks.module.eks_managed_node_group["foo"].aws_launch_template.this[0]: Refreshing state... [id=lt-02f9a33c136552fc6]
TestTerraformBasicExample 2022-03-23T01:51:16Z logger.go:66: module.eks.module.eks_managed_node_group["foo"].aws_eks_node_group.this[0]: Refreshing state... [id=ex-basic:foo-2022032301483379850000000d]
TestTerraformBasicExample 2022-03-23T01:51:16Z logger.go:66: module.eks.aws_iam_openid_connect_provider.oidc_provider[0]: Refreshing state... [id=arn:aws:iam::11111111111:oidc-provider/oidc.eks.us-west-2.amazonaws.com/id/CBAA8097C5BE4E92633FC7671A13D4DD]
TestTerraformBasicExample 2022-03-23T01:51:16Z logger.go:66: module.eks_auth.kubernetes_service_account_v1.aws_auth: Refreshing state... [id=kube-system/terraform-eks-auth-aws]
TestTerraformBasicExample 2022-03-23T01:51:16Z logger.go:66: module.eks_auth.kubernetes_role_v1.aws_auth: Refreshing state... [id=kube-system/terraform-eks-auth-aws]
TestTerraformBasicExample 2022-03-23T01:51:16Z logger.go:66: module.eks_auth.kubernetes_role_binding_v1.aws_auth: Refreshing state... [id=kube-system/terraform-eks-auth-aws]
TestTerraformBasicExample 2022-03-23T01:51:16Z logger.go:66: module.eks_auth.kubernetes_job_v1.aws_auth[0]: Refreshing state... [id=kube-system/terraform-eks-auth-aws]
TestTerraformBasicExample 2022-03-23T01:51:16Z logger.go:66: module.eks_auth.kubernetes_config_map_v1.aws_auth[0]: Refreshing state... [id=kube-system/aws-auth]
TestTerraformBasicExample 2022-03-23T01:51:17Z logger.go:66:
TestTerraformBasicExample 2022-03-23T01:51:17Z logger.go:66: Terraform used the selected providers to generate the following execution
TestTerraformBasicExample 2022-03-23T01:51:17Z logger.go:66: plan. Resource actions are indicated with the following symbols:
TestTerraformBasicExample 2022-03-23T01:51:17Z logger.go:66:   - destroy
TestTerraformBasicExample 2022-03-23T01:51:17Z logger.go:66:
TestTerraformBasicExample 2022-03-23T01:51:17Z logger.go:66: Terraform will perform the following actions:
TestTerraformBasicExample 2022-03-23T01:51:17Z logger.go:66:
TestTerraformBasicExample 2022-03-23T01:51:17Z logger.go:66:   # module.eks.aws_cloudwatch_log_group.this[0] will be destroyed
TestTerraformBasicExample 2022-03-23T01:51:17Z logger.go:66:   - resource "aws_cloudwatch_log_group" "this" {
TestTerraformBasicExample 2022-03-23T01:51:17Z logger.go:66:       - arn               = "arn:aws:logs:us-west-2:11111111111:log-group:/aws/eks/ex-basic/cluster" -> null
TestTerraformBasicExample 2022-03-23T01:51:17Z logger.go:66:       - id                = "/aws/eks/ex-basic/cluster" -> null
TestTerraformBasicExample 2022-03-23T01:51:17Z logger.go:66:       - name              = "/aws/eks/ex-basic/cluster" -> null
TestTerraformBasicExample 2022-03-23T01:51:17Z logger.go:66:       - retention_in_days = 90 -> null
TestTerraformBasicExample 2022-03-23T01:51:17Z logger.go:66:       - tags              = {} -> null
TestTerraformBasicExample 2022-03-23T01:51:17Z logger.go:66:       - tags_all          = {
TestTerraformBasicExample 2022-03-23T01:51:17Z logger.go:66:           - "Example"    = "ex-basic"
TestTerraformBasicExample 2022-03-23T01:51:17Z logger.go:66:           - "GithubOrg"  = "aidan-melen"
TestTerraformBasicExample 2022-03-23T01:51:17Z logger.go:66:           - "GithubRepo" = "terraform-aws-eks-auth"
TestTerraformBasicExample 2022-03-23T01:51:17Z logger.go:66:         } -> null
TestTerraformBasicExample 2022-03-23T01:51:17Z logger.go:66:     }
TestTerraformBasicExample 2022-03-23T01:51:17Z logger.go:66:
TestTerraformBasicExample 2022-03-23T01:51:17Z logger.go:66:   # module.eks.aws_eks_cluster.this[0] will be destroyed
TestTerraformBasicExample 2022-03-23T01:51:17Z logger.go:66:   - resource "aws_eks_cluster" "this" {
TestTerraformBasicExample 2022-03-23T01:51:17Z logger.go:66:       - arn                       = "arn:aws:eks:us-west-2:11111111111:cluster/ex-basic" -> null
TestTerraformBasicExample 2022-03-23T01:51:17Z logger.go:66:       - certificate_authority     = [
TestTerraformBasicExample 2022-03-23T01:51:17Z logger.go:66:           - {
TestTerraformBasicExample 2022-03-23T01:51:17Z logger.go:66:               - data = "LS0tLS1CRUdJTiBDRVJUSUZJQ0FURS0tLS0tCk1JSUM1ekNDQWMrZ0F3SUJBZ0lCQURBTkJna3Foa2lHOXcwQkFRc0ZBREFWTVJNd0VRWURWUVFERXdwcmRXSmwKY201bGRHVnpNQjRYRFRJeU1ETXlNekF4TkRReU1sb1hEVE15TURNeU1EQXhORFF5TWxvd0ZURVRNQkVHQTFVRQpBeE1LYTNWaVpYSnVaWFJsY3pDQ0FTSXdEUVlKS29aSWh2Y05BUUVCQlFBRGdnRVBBRENDQVFvQ2dnRUJBT2lOCnM2eVVCQWlVc1A5K2ZFRUwvZzd4SVMwUmNHRWF2UEs2OGtTSTdSMXRFRkF1VnNiWXk5QkxGdm9BYndKU0FjZkgKck5jVVNqOGQ0bklpUXJUQjJJVW43T0UyOVZFNWc4NnFUV1JDWkcvM2F5Zm1mcENtcHhURFpvQXRCN25lUU9SQwpFNlpuUXhKeVJMaDZrZXhFcUJRQ0NoNmVFVGY0NHVOcWtobit1aG5CRnh0VW43YlJtYUFkTjl5K1Z1MmZDdDZ6CjY5MEpvazZKc2Z6MW5NbFlmQmY0WjA3bTF4aWpzQS9uQk84SHUxYlJxWjRVU3JzNHVBdXlEVlZFRE9hTUdOVSsKWFVlWkE3TS9HUkVSVTUyZzJYZXRXUGU0ZXdYZDZvWHBqN2N0Z2Z3aVRsVUpCS2Z1VUJWQkRSVzhleGdPcklxSAp2cWp5dW9tQlo0NGZoK05QcFQwQ0F3RUFBYU5DTUVBd0RnWURWUjBQQVFIL0JBUURBZ0trTUE4R0ExVWRFd0VCCi93UUZNQU1CQWY4d0hRWURWUjBPQkJZRUZDazlwWWxKRStIWXJVZmNmM0FsRTFFVEJjV21NQTBHQ1NxR1NJYjMKRFFFQkN3VUFBNElCQVFERHFzQ0JhMjdhbTZ3cnpmenhjZDRZWlZjZG9ZZzJEMWxBZkNaY3k3dkxNdWQ3U01YbgpZQ2RhUkZEVmlqdkd3VVZwOGZHTUdlcEFsbytuSFhXSnVGbnIzLzQwNWtYdThLUDY0djk4RTNlQXFKOHdFZE51CnZzN0k2ODk5aGxGQXErcHorekUzS25HZ1gvVlV1Y0paeUpEWVIyWDJuazBVNzNLN24zMU1NcU1JQ05pK011N1MKMUFISy83TzVQcTlwZXJSQ0J1TUdGNXJBQ0o0emlqYW9aOHIxUTJDS1pPTzk3M3FSVml3QmhtUmpXUllRWXJacwo2UU5UM0FsaUpUeU9FNSsvblh0RzZiNjdKWkpsM2RlSmJQMi82ckJ2Ky9oZmRnUWNwZDE4VC9BZnNYYkg1NFhjCkROK0RqMWZRQTNZeVZxb0ZqY1N6aVh2REVtczZIY3NNT21USgotLS0tLUVORCBDRVJUSUZJQ0FURS0tLS0tCg=="
TestTerraformBasicExample 2022-03-23T01:51:17Z logger.go:66:             },
TestTerraformBasicExample 2022-03-23T01:51:17Z logger.go:66:         ] -> null
TestTerraformBasicExample 2022-03-23T01:51:17Z logger.go:66:       - created_at                = "2022-03-23 01:37:52.513 +0000 UTC" -> null
TestTerraformBasicExample 2022-03-23T01:51:17Z logger.go:66:       - enabled_cluster_log_types = [
TestTerraformBasicExample 2022-03-23T01:51:17Z logger.go:66:           - "api",
TestTerraformBasicExample 2022-03-23T01:51:17Z logger.go:66:           - "audit",
TestTerraformBasicExample 2022-03-23T01:51:17Z logger.go:66:           - "authenticator",
TestTerraformBasicExample 2022-03-23T01:51:17Z logger.go:66:         ] -> null
TestTerraformBasicExample 2022-03-23T01:51:17Z logger.go:66:       - endpoint                  = "https://CBAA8097C5BE4E92633FC7671A13D4DD.gr7.us-west-2.eks.amazonaws.com" -> null
TestTerraformBasicExample 2022-03-23T01:51:17Z logger.go:66:       - id                        = "ex-basic" -> null
TestTerraformBasicExample 2022-03-23T01:51:17Z logger.go:66:       - identity                  = [
TestTerraformBasicExample 2022-03-23T01:51:17Z logger.go:66:           - {
TestTerraformBasicExample 2022-03-23T01:51:17Z logger.go:66:               - oidc = [
TestTerraformBasicExample 2022-03-23T01:51:17Z logger.go:66:                   - {
TestTerraformBasicExample 2022-03-23T01:51:17Z logger.go:66:                       - issuer = "https://oidc.eks.us-west-2.amazonaws.com/id/CBAA8097C5BE4E92633FC7671A13D4DD"
TestTerraformBasicExample 2022-03-23T01:51:17Z logger.go:66:                     },
TestTerraformBasicExample 2022-03-23T01:51:17Z logger.go:66:                 ]
TestTerraformBasicExample 2022-03-23T01:51:17Z logger.go:66:             },
TestTerraformBasicExample 2022-03-23T01:51:17Z logger.go:66:         ] -> null
TestTerraformBasicExample 2022-03-23T01:51:17Z logger.go:66:       - name                      = "ex-basic" -> null
TestTerraformBasicExample 2022-03-23T01:51:17Z logger.go:66:       - platform_version          = "eks.5" -> null
TestTerraformBasicExample 2022-03-23T01:51:17Z logger.go:66:       - role_arn                  = "arn:aws:iam::11111111111:role/ex-basic-cluster-20220323013727521500000002" -> null
TestTerraformBasicExample 2022-03-23T01:51:17Z logger.go:66:       - status                    = "ACTIVE" -> null
TestTerraformBasicExample 2022-03-23T01:51:17Z logger.go:66:       - tags                      = {} -> null
TestTerraformBasicExample 2022-03-23T01:51:17Z logger.go:66:       - tags_all                  = {
TestTerraformBasicExample 2022-03-23T01:51:17Z logger.go:66:           - "Example"    = "ex-basic"
TestTerraformBasicExample 2022-03-23T01:51:17Z logger.go:66:           - "GithubOrg"  = "aidan-melen"
TestTerraformBasicExample 2022-03-23T01:51:17Z logger.go:66:           - "GithubRepo" = "terraform-aws-eks-auth"
TestTerraformBasicExample 2022-03-23T01:51:17Z logger.go:66:         } -> null
TestTerraformBasicExample 2022-03-23T01:51:17Z logger.go:66:       - version                   = "1.21" -> null
TestTerraformBasicExample 2022-03-23T01:51:17Z logger.go:66:
TestTerraformBasicExample 2022-03-23T01:51:17Z logger.go:66:       - kubernetes_network_config {
TestTerraformBasicExample 2022-03-23T01:51:17Z logger.go:66:           - ip_family         = "ipv4" -> null
TestTerraformBasicExample 2022-03-23T01:51:17Z logger.go:66:           - service_ipv4_cidr = "172.20.0.0/16" -> null
TestTerraformBasicExample 2022-03-23T01:51:17Z logger.go:66:         }
TestTerraformBasicExample 2022-03-23T01:51:17Z logger.go:66:
TestTerraformBasicExample 2022-03-23T01:51:17Z logger.go:66:       - timeouts {}
TestTerraformBasicExample 2022-03-23T01:51:17Z logger.go:66:
TestTerraformBasicExample 2022-03-23T01:51:17Z logger.go:66:       - vpc_config {
TestTerraformBasicExample 2022-03-23T01:51:17Z logger.go:66:           - cluster_security_group_id = "sg-06cad8ed10f2bdc37" -> null
TestTerraformBasicExample 2022-03-23T01:51:17Z logger.go:66:           - endpoint_private_access   = false -> null
TestTerraformBasicExample 2022-03-23T01:51:17Z logger.go:66:           - endpoint_public_access    = true -> null
TestTerraformBasicExample 2022-03-23T01:51:17Z logger.go:66:           - public_access_cidrs       = [
TestTerraformBasicExample 2022-03-23T01:51:17Z logger.go:66:               - "0.0.0.0/0",
TestTerraformBasicExample 2022-03-23T01:51:17Z logger.go:66:             ] -> null
TestTerraformBasicExample 2022-03-23T01:51:17Z logger.go:66:           - security_group_ids        = [
TestTerraformBasicExample 2022-03-23T01:51:17Z logger.go:66:               - "sg-0b53e046b12122741",
TestTerraformBasicExample 2022-03-23T01:51:17Z logger.go:66:             ] -> null
TestTerraformBasicExample 2022-03-23T01:51:17Z logger.go:66:           - subnet_ids                = [
TestTerraformBasicExample 2022-03-23T01:51:17Z logger.go:66:               - "subnet-048417218793b6f92",
TestTerraformBasicExample 2022-03-23T01:51:17Z logger.go:66:               - "subnet-068dd3151a8c4f57a",
TestTerraformBasicExample 2022-03-23T01:51:17Z logger.go:66:               - "subnet-072842a5e3c4370f3",
TestTerraformBasicExample 2022-03-23T01:51:17Z logger.go:66:             ] -> null
TestTerraformBasicExample 2022-03-23T01:51:17Z logger.go:66:           - vpc_id                    = "vpc-024c94e2d2cc5a5c5" -> null
TestTerraformBasicExample 2022-03-23T01:51:17Z logger.go:66:         }
TestTerraformBasicExample 2022-03-23T01:51:17Z logger.go:66:     }
TestTerraformBasicExample 2022-03-23T01:51:17Z logger.go:66:
TestTerraformBasicExample 2022-03-23T01:51:17Z logger.go:66:   # module.eks.aws_iam_openid_connect_provider.oidc_provider[0] will be destroyed
TestTerraformBasicExample 2022-03-23T01:51:17Z logger.go:66:   - resource "aws_iam_openid_connect_provider" "oidc_provider" {
TestTerraformBasicExample 2022-03-23T01:51:17Z logger.go:66:       - arn             = "arn:aws:iam::11111111111:oidc-provider/oidc.eks.us-west-2.amazonaws.com/id/CBAA8097C5BE4E92633FC7671A13D4DD" -> null
TestTerraformBasicExample 2022-03-23T01:51:17Z logger.go:66:       - client_id_list  = [
TestTerraformBasicExample 2022-03-23T01:51:17Z logger.go:66:           - "sts.amazonaws.com",
TestTerraformBasicExample 2022-03-23T01:51:17Z logger.go:66:         ] -> null
TestTerraformBasicExample 2022-03-23T01:51:17Z logger.go:66:       - id              = "arn:aws:iam::11111111111:oidc-provider/oidc.eks.us-west-2.amazonaws.com/id/CBAA8097C5BE4E92633FC7671A13D4DD" -> null
TestTerraformBasicExample 2022-03-23T01:51:17Z logger.go:66:       - tags            = {
TestTerraformBasicExample 2022-03-23T01:51:17Z logger.go:66:           - "Name" = "ex-basic-eks-irsa"
TestTerraformBasicExample 2022-03-23T01:51:17Z logger.go:66:         } -> null
TestTerraformBasicExample 2022-03-23T01:51:17Z logger.go:66:       - tags_all        = {
TestTerraformBasicExample 2022-03-23T01:51:17Z logger.go:66:           - "Example"    = "ex-basic"
TestTerraformBasicExample 2022-03-23T01:51:17Z logger.go:66:           - "GithubOrg"  = "aidan-melen"
TestTerraformBasicExample 2022-03-23T01:51:17Z logger.go:66:           - "GithubRepo" = "terraform-aws-eks-auth"
TestTerraformBasicExample 2022-03-23T01:51:17Z logger.go:66:           - "Name"       = "ex-basic-eks-irsa"
TestTerraformBasicExample 2022-03-23T01:51:17Z logger.go:66:         } -> null
TestTerraformBasicExample 2022-03-23T01:51:17Z logger.go:66:       - thumbprint_list = [
TestTerraformBasicExample 2022-03-23T01:51:17Z logger.go:66:           - "9e99a48a9960b14926bb7f3b02e22da2b0ab7280",
TestTerraformBasicExample 2022-03-23T01:51:17Z logger.go:66:         ] -> null
TestTerraformBasicExample 2022-03-23T01:51:17Z logger.go:66:       - url             = "oidc.eks.us-west-2.amazonaws.com/id/CBAA8097C5BE4E92633FC7671A13D4DD" -> null
TestTerraformBasicExample 2022-03-23T01:51:17Z logger.go:66:     }
TestTerraformBasicExample 2022-03-23T01:51:17Z logger.go:66:
TestTerraformBasicExample 2022-03-23T01:51:17Z logger.go:66:   # module.eks.aws_iam_role.this[0] will be destroyed
TestTerraformBasicExample 2022-03-23T01:51:17Z logger.go:66:   - resource "aws_iam_role" "this" {
TestTerraformBasicExample 2022-03-23T01:51:17Z logger.go:66:       - arn                   = "arn:aws:iam::11111111111:role/ex-basic-cluster-20220323013727521500000002" -> null
TestTerraformBasicExample 2022-03-23T01:51:17Z logger.go:66:       - assume_role_policy    = jsonencode(
TestTerraformBasicExample 2022-03-23T01:51:17Z logger.go:66:             {
TestTerraformBasicExample 2022-03-23T01:51:17Z logger.go:66:               - Statement = [
TestTerraformBasicExample 2022-03-23T01:51:17Z logger.go:66:                   - {
TestTerraformBasicExample 2022-03-23T01:51:17Z logger.go:66:                       - Action    = "sts:AssumeRole"
TestTerraformBasicExample 2022-03-23T01:51:17Z logger.go:66:                       - Effect    = "Allow"
TestTerraformBasicExample 2022-03-23T01:51:17Z logger.go:66:                       - Principal = {
TestTerraformBasicExample 2022-03-23T01:51:17Z logger.go:66:                           - Service = "eks.amazonaws.com"
TestTerraformBasicExample 2022-03-23T01:51:17Z logger.go:66:                         }
TestTerraformBasicExample 2022-03-23T01:51:17Z logger.go:66:                       - Sid       = "EKSClusterAssumeRole"
TestTerraformBasicExample 2022-03-23T01:51:17Z logger.go:66:                     },
TestTerraformBasicExample 2022-03-23T01:51:17Z logger.go:66:                 ]
TestTerraformBasicExample 2022-03-23T01:51:17Z logger.go:66:               - Version   = "2012-10-17"
TestTerraformBasicExample 2022-03-23T01:51:17Z logger.go:66:             }
TestTerraformBasicExample 2022-03-23T01:51:17Z logger.go:66:         ) -> null
TestTerraformBasicExample 2022-03-23T01:51:17Z logger.go:66:       - create_date           = "2022-03-23T01:37:31Z" -> null
TestTerraformBasicExample 2022-03-23T01:51:17Z logger.go:66:       - force_detach_policies = true -> null
TestTerraformBasicExample 2022-03-23T01:51:17Z logger.go:66:       - id                    = "ex-basic-cluster-20220323013727521500000002" -> null
TestTerraformBasicExample 2022-03-23T01:51:17Z logger.go:66:       - managed_policy_arns   = [
TestTerraformBasicExample 2022-03-23T01:51:17Z logger.go:66:           - "arn:aws:iam::aws:policy/AmazonEKSClusterPolicy",
TestTerraformBasicExample 2022-03-23T01:51:17Z logger.go:66:           - "arn:aws:iam::aws:policy/AmazonEKSVPCResourceController",
TestTerraformBasicExample 2022-03-23T01:51:17Z logger.go:66:         ] -> null
TestTerraformBasicExample 2022-03-23T01:51:17Z logger.go:66:       - max_session_duration  = 3600 -> null
TestTerraformBasicExample 2022-03-23T01:51:17Z logger.go:66:       - name                  = "ex-basic-cluster-20220323013727521500000002" -> null
TestTerraformBasicExample 2022-03-23T01:51:17Z logger.go:66:       - name_prefix           = "ex-basic-cluster-" -> null
TestTerraformBasicExample 2022-03-23T01:51:17Z logger.go:66:       - path                  = "/" -> null
TestTerraformBasicExample 2022-03-23T01:51:17Z logger.go:66:       - tags                  = {} -> null
TestTerraformBasicExample 2022-03-23T01:51:17Z logger.go:66:       - tags_all              = {
TestTerraformBasicExample 2022-03-23T01:51:17Z logger.go:66:           - "Example"    = "ex-basic"
TestTerraformBasicExample 2022-03-23T01:51:17Z logger.go:66:           - "GithubOrg"  = "aidan-melen"
TestTerraformBasicExample 2022-03-23T01:51:17Z logger.go:66:           - "GithubRepo" = "terraform-aws-eks-auth"
TestTerraformBasicExample 2022-03-23T01:51:17Z logger.go:66:         } -> null
TestTerraformBasicExample 2022-03-23T01:51:17Z logger.go:66:       - unique_id             = "AROAUYBJJ5B764WTXRZ2U" -> null
TestTerraformBasicExample 2022-03-23T01:51:17Z logger.go:66:
TestTerraformBasicExample 2022-03-23T01:51:17Z logger.go:66:       - inline_policy {}
TestTerraformBasicExample 2022-03-23T01:51:17Z logger.go:66:     }
TestTerraformBasicExample 2022-03-23T01:51:17Z logger.go:66:
TestTerraformBasicExample 2022-03-23T01:51:17Z logger.go:66:   # module.eks.aws_iam_role_policy_attachment.this["arn:aws:iam::aws:policy/AmazonEKSClusterPolicy"] will be destroyed
TestTerraformBasicExample 2022-03-23T01:51:17Z logger.go:66:   - resource "aws_iam_role_policy_attachment" "this" {
TestTerraformBasicExample 2022-03-23T01:51:17Z logger.go:66:       - id         = "ex-basic-cluster-20220323013727521500000002-20220323013728885100000003" -> null
TestTerraformBasicExample 2022-03-23T01:51:17Z logger.go:66:       - policy_arn = "arn:aws:iam::aws:policy/AmazonEKSClusterPolicy" -> null
TestTerraformBasicExample 2022-03-23T01:51:17Z logger.go:66:       - role       = "ex-basic-cluster-20220323013727521500000002" -> null
TestTerraformBasicExample 2022-03-23T01:51:17Z logger.go:66:     }
TestTerraformBasicExample 2022-03-23T01:51:17Z logger.go:66:
TestTerraformBasicExample 2022-03-23T01:51:17Z logger.go:66:   # module.eks.aws_iam_role_policy_attachment.this["arn:aws:iam::aws:policy/AmazonEKSVPCResourceController"] will be destroyed
TestTerraformBasicExample 2022-03-23T01:51:17Z logger.go:66:   - resource "aws_iam_role_policy_attachment" "this" {
TestTerraformBasicExample 2022-03-23T01:51:17Z logger.go:66:       - id         = "ex-basic-cluster-20220323013727521500000002-20220323013728892800000004" -> null
TestTerraformBasicExample 2022-03-23T01:51:17Z logger.go:66:       - policy_arn = "arn:aws:iam::aws:policy/AmazonEKSVPCResourceController" -> null
TestTerraformBasicExample 2022-03-23T01:51:17Z logger.go:66:       - role       = "ex-basic-cluster-20220323013727521500000002" -> null
TestTerraformBasicExample 2022-03-23T01:51:17Z logger.go:66:     }
TestTerraformBasicExample 2022-03-23T01:51:17Z logger.go:66:
TestTerraformBasicExample 2022-03-23T01:51:17Z logger.go:66:   # module.eks.aws_security_group.cluster[0] will be destroyed
TestTerraformBasicExample 2022-03-23T01:51:17Z logger.go:66:   - resource "aws_security_group" "cluster" {
TestTerraformBasicExample 2022-03-23T01:51:17Z logger.go:66:       - arn                    = "arn:aws:ec2:us-west-2:11111111111:security-group/sg-0b53e046b12122741" -> null
TestTerraformBasicExample 2022-03-23T01:51:17Z logger.go:66:       - description            = "EKS cluster security group" -> null
TestTerraformBasicExample 2022-03-23T01:51:17Z logger.go:66:       - egress                 = [
TestTerraformBasicExample 2022-03-23T01:51:17Z logger.go:66:           - {
TestTerraformBasicExample 2022-03-23T01:51:17Z logger.go:66:               - cidr_blocks      = []
TestTerraformBasicExample 2022-03-23T01:51:17Z logger.go:66:               - description      = "Cluster API to node groups"
TestTerraformBasicExample 2022-03-23T01:51:17Z logger.go:66:               - from_port        = 443
TestTerraformBasicExample 2022-03-23T01:51:17Z logger.go:66:               - ipv6_cidr_blocks = []
TestTerraformBasicExample 2022-03-23T01:51:17Z logger.go:66:               - prefix_list_ids  = []
TestTerraformBasicExample 2022-03-23T01:51:17Z logger.go:66:               - protocol         = "tcp"
TestTerraformBasicExample 2022-03-23T01:51:17Z logger.go:66:               - security_groups  = [
TestTerraformBasicExample 2022-03-23T01:51:17Z logger.go:66:                   - "sg-00fd3a925aea8b86f",
TestTerraformBasicExample 2022-03-23T01:51:17Z logger.go:66:                 ]
TestTerraformBasicExample 2022-03-23T01:51:17Z logger.go:66:               - self             = false
TestTerraformBasicExample 2022-03-23T01:51:17Z logger.go:66:               - to_port          = 443
TestTerraformBasicExample 2022-03-23T01:51:17Z logger.go:66:             },
TestTerraformBasicExample 2022-03-23T01:51:17Z logger.go:66:           - {
TestTerraformBasicExample 2022-03-23T01:51:17Z logger.go:66:               - cidr_blocks      = []
TestTerraformBasicExample 2022-03-23T01:51:17Z logger.go:66:               - description      = "Cluster API to node kubelets"
TestTerraformBasicExample 2022-03-23T01:51:17Z logger.go:66:               - from_port        = 10250
TestTerraformBasicExample 2022-03-23T01:51:17Z logger.go:66:               - ipv6_cidr_blocks = []
TestTerraformBasicExample 2022-03-23T01:51:17Z logger.go:66:               - prefix_list_ids  = []
TestTerraformBasicExample 2022-03-23T01:51:17Z logger.go:66:               - protocol         = "tcp"
TestTerraformBasicExample 2022-03-23T01:51:17Z logger.go:66:               - security_groups  = [
TestTerraformBasicExample 2022-03-23T01:51:17Z logger.go:66:                   - "sg-00fd3a925aea8b86f",
TestTerraformBasicExample 2022-03-23T01:51:17Z logger.go:66:                 ]
TestTerraformBasicExample 2022-03-23T01:51:17Z logger.go:66:               - self             = false
TestTerraformBasicExample 2022-03-23T01:51:17Z logger.go:66:               - to_port          = 10250
TestTerraformBasicExample 2022-03-23T01:51:17Z logger.go:66:             },
TestTerraformBasicExample 2022-03-23T01:51:17Z logger.go:66:         ] -> null
TestTerraformBasicExample 2022-03-23T01:51:17Z logger.go:66:       - id                     = "sg-0b53e046b12122741" -> null
TestTerraformBasicExample 2022-03-23T01:51:17Z logger.go:66:       - ingress                = [
TestTerraformBasicExample 2022-03-23T01:51:17Z logger.go:66:           - {
TestTerraformBasicExample 2022-03-23T01:51:17Z logger.go:66:               - cidr_blocks      = []
TestTerraformBasicExample 2022-03-23T01:51:17Z logger.go:66:               - description      = "Node groups to cluster API"
TestTerraformBasicExample 2022-03-23T01:51:17Z logger.go:66:               - from_port        = 443
TestTerraformBasicExample 2022-03-23T01:51:17Z logger.go:66:               - ipv6_cidr_blocks = []
TestTerraformBasicExample 2022-03-23T01:51:17Z logger.go:66:               - prefix_list_ids  = []
TestTerraformBasicExample 2022-03-23T01:51:17Z logger.go:66:               - protocol         = "tcp"
TestTerraformBasicExample 2022-03-23T01:51:17Z logger.go:66:               - security_groups  = [
TestTerraformBasicExample 2022-03-23T01:51:17Z logger.go:66:                   - "sg-00fd3a925aea8b86f",
TestTerraformBasicExample 2022-03-23T01:51:17Z logger.go:66:                 ]
TestTerraformBasicExample 2022-03-23T01:51:17Z logger.go:66:               - self             = false
TestTerraformBasicExample 2022-03-23T01:51:17Z logger.go:66:               - to_port          = 443
TestTerraformBasicExample 2022-03-23T01:51:17Z logger.go:66:             },
TestTerraformBasicExample 2022-03-23T01:51:17Z logger.go:66:         ] -> null
TestTerraformBasicExample 2022-03-23T01:51:17Z logger.go:66:       - name                   = "ex-basic-cluster-20220323013739502400000008" -> null
TestTerraformBasicExample 2022-03-23T01:51:17Z logger.go:66:       - name_prefix            = "ex-basic-cluster-" -> null
TestTerraformBasicExample 2022-03-23T01:51:17Z logger.go:66:       - owner_id               = "11111111111" -> null
TestTerraformBasicExample 2022-03-23T01:51:17Z logger.go:66:       - revoke_rules_on_delete = false -> null
TestTerraformBasicExample 2022-03-23T01:51:17Z logger.go:66:       - tags                   = {
TestTerraformBasicExample 2022-03-23T01:51:17Z logger.go:66:           - "Name" = "ex-basic-cluster"
TestTerraformBasicExample 2022-03-23T01:51:17Z logger.go:66:         } -> null
TestTerraformBasicExample 2022-03-23T01:51:17Z logger.go:66:       - tags_all               = {
TestTerraformBasicExample 2022-03-23T01:51:17Z logger.go:66:           - "Example"    = "ex-basic"
TestTerraformBasicExample 2022-03-23T01:51:17Z logger.go:66:           - "GithubOrg"  = "aidan-melen"
TestTerraformBasicExample 2022-03-23T01:51:17Z logger.go:66:           - "GithubRepo" = "terraform-aws-eks-auth"
TestTerraformBasicExample 2022-03-23T01:51:17Z logger.go:66:           - "Name"       = "ex-basic-cluster"
TestTerraformBasicExample 2022-03-23T01:51:17Z logger.go:66:         } -> null
TestTerraformBasicExample 2022-03-23T01:51:17Z logger.go:66:       - vpc_id                 = "vpc-024c94e2d2cc5a5c5" -> null
TestTerraformBasicExample 2022-03-23T01:51:17Z logger.go:66:     }
TestTerraformBasicExample 2022-03-23T01:51:17Z logger.go:66:
TestTerraformBasicExample 2022-03-23T01:51:17Z logger.go:66:   # module.eks.aws_security_group.node[0] will be destroyed
TestTerraformBasicExample 2022-03-23T01:51:17Z logger.go:66:   - resource "aws_security_group" "node" {
TestTerraformBasicExample 2022-03-23T01:51:17Z logger.go:66:       - arn                    = "arn:aws:ec2:us-west-2:11111111111:security-group/sg-00fd3a925aea8b86f" -> null
TestTerraformBasicExample 2022-03-23T01:51:17Z logger.go:66:       - description            = "EKS node shared security group" -> null
TestTerraformBasicExample 2022-03-23T01:51:17Z logger.go:66:       - egress                 = [
TestTerraformBasicExample 2022-03-23T01:51:17Z logger.go:66:           - {
TestTerraformBasicExample 2022-03-23T01:51:17Z logger.go:66:               - cidr_blocks      = [
TestTerraformBasicExample 2022-03-23T01:51:17Z logger.go:66:                   - "0.0.0.0/0",
TestTerraformBasicExample 2022-03-23T01:51:17Z logger.go:66:                 ]
TestTerraformBasicExample 2022-03-23T01:51:17Z logger.go:66:               - description      = "Egress NTP/TCP to internet"
TestTerraformBasicExample 2022-03-23T01:51:17Z logger.go:66:               - from_port        = 123
TestTerraformBasicExample 2022-03-23T01:51:17Z logger.go:66:               - ipv6_cidr_blocks = []
TestTerraformBasicExample 2022-03-23T01:51:17Z logger.go:66:               - prefix_list_ids  = []
TestTerraformBasicExample 2022-03-23T01:51:17Z logger.go:66:               - protocol         = "tcp"
TestTerraformBasicExample 2022-03-23T01:51:17Z logger.go:66:               - security_groups  = []
TestTerraformBasicExample 2022-03-23T01:51:17Z logger.go:66:               - self             = false
TestTerraformBasicExample 2022-03-23T01:51:17Z logger.go:66:               - to_port          = 123
TestTerraformBasicExample 2022-03-23T01:51:17Z logger.go:66:             },
TestTerraformBasicExample 2022-03-23T01:51:17Z logger.go:66:           - {
TestTerraformBasicExample 2022-03-23T01:51:17Z logger.go:66:               - cidr_blocks      = [
TestTerraformBasicExample 2022-03-23T01:51:17Z logger.go:66:                   - "0.0.0.0/0",
TestTerraformBasicExample 2022-03-23T01:51:17Z logger.go:66:                 ]
TestTerraformBasicExample 2022-03-23T01:51:17Z logger.go:66:               - description      = "Egress NTP/UDP to internet"
TestTerraformBasicExample 2022-03-23T01:51:17Z logger.go:66:               - from_port        = 123
TestTerraformBasicExample 2022-03-23T01:51:17Z logger.go:66:               - ipv6_cidr_blocks = []
TestTerraformBasicExample 2022-03-23T01:51:17Z logger.go:66:               - prefix_list_ids  = []
TestTerraformBasicExample 2022-03-23T01:51:17Z logger.go:66:               - protocol         = "udp"
TestTerraformBasicExample 2022-03-23T01:51:17Z logger.go:66:               - security_groups  = []
TestTerraformBasicExample 2022-03-23T01:51:17Z logger.go:66:               - self             = false
TestTerraformBasicExample 2022-03-23T01:51:17Z logger.go:66:               - to_port          = 123
TestTerraformBasicExample 2022-03-23T01:51:17Z logger.go:66:             },
TestTerraformBasicExample 2022-03-23T01:51:17Z logger.go:66:           - {
TestTerraformBasicExample 2022-03-23T01:51:17Z logger.go:66:               - cidr_blocks      = [
TestTerraformBasicExample 2022-03-23T01:51:17Z logger.go:66:                   - "0.0.0.0/0",
TestTerraformBasicExample 2022-03-23T01:51:17Z logger.go:66:                 ]
TestTerraformBasicExample 2022-03-23T01:51:17Z logger.go:66:               - description      = "Egress all HTTPS to internet"
TestTerraformBasicExample 2022-03-23T01:51:17Z logger.go:66:               - from_port        = 443
TestTerraformBasicExample 2022-03-23T01:51:17Z logger.go:66:               - ipv6_cidr_blocks = []
TestTerraformBasicExample 2022-03-23T01:51:17Z logger.go:66:               - prefix_list_ids  = []
TestTerraformBasicExample 2022-03-23T01:51:17Z logger.go:66:               - protocol         = "tcp"
TestTerraformBasicExample 2022-03-23T01:51:17Z logger.go:66:               - security_groups  = []
TestTerraformBasicExample 2022-03-23T01:51:17Z logger.go:66:               - self             = false
TestTerraformBasicExample 2022-03-23T01:51:17Z logger.go:66:               - to_port          = 443
TestTerraformBasicExample 2022-03-23T01:51:17Z logger.go:66:             },
TestTerraformBasicExample 2022-03-23T01:51:17Z logger.go:66:           - {
TestTerraformBasicExample 2022-03-23T01:51:17Z logger.go:66:               - cidr_blocks      = []
TestTerraformBasicExample 2022-03-23T01:51:17Z logger.go:66:               - description      = "Node groups to cluster API"
TestTerraformBasicExample 2022-03-23T01:51:17Z logger.go:66:               - from_port        = 443
TestTerraformBasicExample 2022-03-23T01:51:17Z logger.go:66:               - ipv6_cidr_blocks = []
TestTerraformBasicExample 2022-03-23T01:51:17Z logger.go:66:               - prefix_list_ids  = []
TestTerraformBasicExample 2022-03-23T01:51:17Z logger.go:66:               - protocol         = "tcp"
TestTerraformBasicExample 2022-03-23T01:51:17Z logger.go:66:               - security_groups  = [
TestTerraformBasicExample 2022-03-23T01:51:17Z logger.go:66:                   - "sg-0b53e046b12122741",
TestTerraformBasicExample 2022-03-23T01:51:17Z logger.go:66:                 ]
TestTerraformBasicExample 2022-03-23T01:51:17Z logger.go:66:               - self             = false
TestTerraformBasicExample 2022-03-23T01:51:17Z logger.go:66:               - to_port          = 443
TestTerraformBasicExample 2022-03-23T01:51:17Z logger.go:66:             },
TestTerraformBasicExample 2022-03-23T01:51:17Z logger.go:66:           - {
TestTerraformBasicExample 2022-03-23T01:51:17Z logger.go:66:               - cidr_blocks      = []
TestTerraformBasicExample 2022-03-23T01:51:17Z logger.go:66:               - description      = "Node to node CoreDNS"
TestTerraformBasicExample 2022-03-23T01:51:17Z logger.go:66:               - from_port        = 53
TestTerraformBasicExample 2022-03-23T01:51:17Z logger.go:66:               - ipv6_cidr_blocks = []
TestTerraformBasicExample 2022-03-23T01:51:17Z logger.go:66:               - prefix_list_ids  = []
TestTerraformBasicExample 2022-03-23T01:51:17Z logger.go:66:               - protocol         = "tcp"
TestTerraformBasicExample 2022-03-23T01:51:17Z logger.go:66:               - security_groups  = []
TestTerraformBasicExample 2022-03-23T01:51:17Z logger.go:66:               - self             = true
TestTerraformBasicExample 2022-03-23T01:51:17Z logger.go:66:               - to_port          = 53
TestTerraformBasicExample 2022-03-23T01:51:17Z logger.go:66:             },
TestTerraformBasicExample 2022-03-23T01:51:17Z logger.go:66:           - {
TestTerraformBasicExample 2022-03-23T01:51:17Z logger.go:66:               - cidr_blocks      = []
TestTerraformBasicExample 2022-03-23T01:51:17Z logger.go:66:               - description      = "Node to node CoreDNS"
TestTerraformBasicExample 2022-03-23T01:51:17Z logger.go:66:               - from_port        = 53
TestTerraformBasicExample 2022-03-23T01:51:17Z logger.go:66:               - ipv6_cidr_blocks = []
TestTerraformBasicExample 2022-03-23T01:51:17Z logger.go:66:               - prefix_list_ids  = []
TestTerraformBasicExample 2022-03-23T01:51:17Z logger.go:66:               - protocol         = "udp"
TestTerraformBasicExample 2022-03-23T01:51:17Z logger.go:66:               - security_groups  = []
TestTerraformBasicExample 2022-03-23T01:51:17Z logger.go:66:               - self             = true
TestTerraformBasicExample 2022-03-23T01:51:17Z logger.go:66:               - to_port          = 53
TestTerraformBasicExample 2022-03-23T01:51:17Z logger.go:66:             },
TestTerraformBasicExample 2022-03-23T01:51:17Z logger.go:66:         ] -> null
TestTerraformBasicExample 2022-03-23T01:51:17Z logger.go:66:       - id                     = "sg-00fd3a925aea8b86f" -> null
TestTerraformBasicExample 2022-03-23T01:51:17Z logger.go:66:       - ingress                = [
TestTerraformBasicExample 2022-03-23T01:51:17Z logger.go:66:           - {
TestTerraformBasicExample 2022-03-23T01:51:17Z logger.go:66:               - cidr_blocks      = []
TestTerraformBasicExample 2022-03-23T01:51:17Z logger.go:66:               - description      = "Cluster API to node groups"
TestTerraformBasicExample 2022-03-23T01:51:17Z logger.go:66:               - from_port        = 443
TestTerraformBasicExample 2022-03-23T01:51:17Z logger.go:66:               - ipv6_cidr_blocks = []
TestTerraformBasicExample 2022-03-23T01:51:17Z logger.go:66:               - prefix_list_ids  = []
TestTerraformBasicExample 2022-03-23T01:51:17Z logger.go:66:               - protocol         = "tcp"
TestTerraformBasicExample 2022-03-23T01:51:17Z logger.go:66:               - security_groups  = [
TestTerraformBasicExample 2022-03-23T01:51:17Z logger.go:66:                   - "sg-0b53e046b12122741",
TestTerraformBasicExample 2022-03-23T01:51:17Z logger.go:66:                 ]
TestTerraformBasicExample 2022-03-23T01:51:17Z logger.go:66:               - self             = false
TestTerraformBasicExample 2022-03-23T01:51:17Z logger.go:66:               - to_port          = 443
TestTerraformBasicExample 2022-03-23T01:51:17Z logger.go:66:             },
TestTerraformBasicExample 2022-03-23T01:51:17Z logger.go:66:           - {
TestTerraformBasicExample 2022-03-23T01:51:17Z logger.go:66:               - cidr_blocks      = []
TestTerraformBasicExample 2022-03-23T01:51:17Z logger.go:66:               - description      = "Cluster API to node kubelets"
TestTerraformBasicExample 2022-03-23T01:51:17Z logger.go:66:               - from_port        = 10250
TestTerraformBasicExample 2022-03-23T01:51:17Z logger.go:66:               - ipv6_cidr_blocks = []
TestTerraformBasicExample 2022-03-23T01:51:17Z logger.go:66:               - prefix_list_ids  = []
TestTerraformBasicExample 2022-03-23T01:51:17Z logger.go:66:               - protocol         = "tcp"
TestTerraformBasicExample 2022-03-23T01:51:17Z logger.go:66:               - security_groups  = [
TestTerraformBasicExample 2022-03-23T01:51:17Z logger.go:66:                   - "sg-0b53e046b12122741",
TestTerraformBasicExample 2022-03-23T01:51:17Z logger.go:66:                 ]
TestTerraformBasicExample 2022-03-23T01:51:17Z logger.go:66:               - self             = false
TestTerraformBasicExample 2022-03-23T01:51:17Z logger.go:66:               - to_port          = 10250
TestTerraformBasicExample 2022-03-23T01:51:17Z logger.go:66:             },
TestTerraformBasicExample 2022-03-23T01:51:17Z logger.go:66:           - {
TestTerraformBasicExample 2022-03-23T01:51:17Z logger.go:66:               - cidr_blocks      = []
TestTerraformBasicExample 2022-03-23T01:51:17Z logger.go:66:               - description      = "Node to node CoreDNS"
TestTerraformBasicExample 2022-03-23T01:51:17Z logger.go:66:               - from_port        = 53
TestTerraformBasicExample 2022-03-23T01:51:17Z logger.go:66:               - ipv6_cidr_blocks = []
TestTerraformBasicExample 2022-03-23T01:51:17Z logger.go:66:               - prefix_list_ids  = []
TestTerraformBasicExample 2022-03-23T01:51:17Z logger.go:66:               - protocol         = "tcp"
TestTerraformBasicExample 2022-03-23T01:51:17Z logger.go:66:               - security_groups  = []
TestTerraformBasicExample 2022-03-23T01:51:17Z logger.go:66:               - self             = true
TestTerraformBasicExample 2022-03-23T01:51:17Z logger.go:66:               - to_port          = 53
TestTerraformBasicExample 2022-03-23T01:51:17Z logger.go:66:             },
TestTerraformBasicExample 2022-03-23T01:51:17Z logger.go:66:           - {
TestTerraformBasicExample 2022-03-23T01:51:17Z logger.go:66:               - cidr_blocks      = []
TestTerraformBasicExample 2022-03-23T01:51:17Z logger.go:66:               - description      = "Node to node CoreDNS"
TestTerraformBasicExample 2022-03-23T01:51:17Z logger.go:66:               - from_port        = 53
TestTerraformBasicExample 2022-03-23T01:51:17Z logger.go:66:               - ipv6_cidr_blocks = []
TestTerraformBasicExample 2022-03-23T01:51:17Z logger.go:66:               - prefix_list_ids  = []
TestTerraformBasicExample 2022-03-23T01:51:17Z logger.go:66:               - protocol         = "udp"
TestTerraformBasicExample 2022-03-23T01:51:17Z logger.go:66:               - security_groups  = []
TestTerraformBasicExample 2022-03-23T01:51:17Z logger.go:66:               - self             = true
TestTerraformBasicExample 2022-03-23T01:51:17Z logger.go:66:               - to_port          = 53
TestTerraformBasicExample 2022-03-23T01:51:17Z logger.go:66:             },
TestTerraformBasicExample 2022-03-23T01:51:17Z logger.go:66:         ] -> null
TestTerraformBasicExample 2022-03-23T01:51:17Z logger.go:66:       - name                   = "ex-basic-node-20220323013739519900000009" -> null
TestTerraformBasicExample 2022-03-23T01:51:17Z logger.go:66:       - name_prefix            = "ex-basic-node-" -> null
TestTerraformBasicExample 2022-03-23T01:51:17Z logger.go:66:       - owner_id               = "11111111111" -> null
TestTerraformBasicExample 2022-03-23T01:51:17Z logger.go:66:       - revoke_rules_on_delete = false -> null
TestTerraformBasicExample 2022-03-23T01:51:17Z logger.go:66:       - tags                   = {
TestTerraformBasicExample 2022-03-23T01:51:17Z logger.go:66:           - "Name"                           = "ex-basic-node"
TestTerraformBasicExample 2022-03-23T01:51:17Z logger.go:66:           - "kubernetes.io/cluster/ex-basic" = "owned"
TestTerraformBasicExample 2022-03-23T01:51:17Z logger.go:66:         } -> null
TestTerraformBasicExample 2022-03-23T01:51:17Z logger.go:66:       - tags_all               = {
TestTerraformBasicExample 2022-03-23T01:51:17Z logger.go:66:           - "Example"                        = "ex-basic"
TestTerraformBasicExample 2022-03-23T01:51:17Z logger.go:66:           - "GithubOrg"                      = "aidan-melen"
TestTerraformBasicExample 2022-03-23T01:51:17Z logger.go:66:           - "GithubRepo"                     = "terraform-aws-eks-auth"
TestTerraformBasicExample 2022-03-23T01:51:17Z logger.go:66:           - "Name"                           = "ex-basic-node"
TestTerraformBasicExample 2022-03-23T01:51:17Z logger.go:66:           - "kubernetes.io/cluster/ex-basic" = "owned"
TestTerraformBasicExample 2022-03-23T01:51:17Z logger.go:66:         } -> null
TestTerraformBasicExample 2022-03-23T01:51:17Z logger.go:66:       - vpc_id                 = "vpc-024c94e2d2cc5a5c5" -> null
TestTerraformBasicExample 2022-03-23T01:51:17Z logger.go:66:     }
TestTerraformBasicExample 2022-03-23T01:51:17Z logger.go:66:
TestTerraformBasicExample 2022-03-23T01:51:17Z logger.go:66:   # module.eks.aws_security_group_rule.cluster["egress_nodes_443"] will be destroyed
TestTerraformBasicExample 2022-03-23T01:51:17Z logger.go:66:   - resource "aws_security_group_rule" "cluster" {
TestTerraformBasicExample 2022-03-23T01:51:17Z logger.go:66:       - cidr_blocks              = [] -> null
TestTerraformBasicExample 2022-03-23T01:51:17Z logger.go:66:       - description              = "Cluster API to node groups" -> null
TestTerraformBasicExample 2022-03-23T01:51:17Z logger.go:66:       - from_port                = 443 -> null
TestTerraformBasicExample 2022-03-23T01:51:17Z logger.go:66:       - id                       = "sgrule-2774736844" -> null
TestTerraformBasicExample 2022-03-23T01:51:17Z logger.go:66:       - ipv6_cidr_blocks         = [] -> null
TestTerraformBasicExample 2022-03-23T01:51:17Z logger.go:66:       - prefix_list_ids          = [] -> null
TestTerraformBasicExample 2022-03-23T01:51:17Z logger.go:66:       - protocol                 = "tcp" -> null
TestTerraformBasicExample 2022-03-23T01:51:17Z logger.go:66:       - security_group_id        = "sg-0b53e046b12122741" -> null
TestTerraformBasicExample 2022-03-23T01:51:17Z logger.go:66:       - self                     = false -> null
TestTerraformBasicExample 2022-03-23T01:51:17Z logger.go:66:       - source_security_group_id = "sg-00fd3a925aea8b86f" -> null
TestTerraformBasicExample 2022-03-23T01:51:17Z logger.go:66:       - to_port                  = 443 -> null
TestTerraformBasicExample 2022-03-23T01:51:17Z logger.go:66:       - type                     = "egress" -> null
TestTerraformBasicExample 2022-03-23T01:51:17Z logger.go:66:     }
TestTerraformBasicExample 2022-03-23T01:51:17Z logger.go:66:
TestTerraformBasicExample 2022-03-23T01:51:17Z logger.go:66:   # module.eks.aws_security_group_rule.cluster["egress_nodes_kubelet"] will be destroyed
TestTerraformBasicExample 2022-03-23T01:51:17Z logger.go:66:   - resource "aws_security_group_rule" "cluster" {
TestTerraformBasicExample 2022-03-23T01:51:17Z logger.go:66:       - cidr_blocks              = [] -> null
TestTerraformBasicExample 2022-03-23T01:51:17Z logger.go:66:       - description              = "Cluster API to node kubelets" -> null
TestTerraformBasicExample 2022-03-23T01:51:17Z logger.go:66:       - from_port                = 10250 -> null
TestTerraformBasicExample 2022-03-23T01:51:17Z logger.go:66:       - id                       = "sgrule-1378498988" -> null
TestTerraformBasicExample 2022-03-23T01:51:17Z logger.go:66:       - ipv6_cidr_blocks         = [] -> null
TestTerraformBasicExample 2022-03-23T01:51:17Z logger.go:66:       - prefix_list_ids          = [] -> null
TestTerraformBasicExample 2022-03-23T01:51:17Z logger.go:66:       - protocol                 = "tcp" -> null
TestTerraformBasicExample 2022-03-23T01:51:17Z logger.go:66:       - security_group_id        = "sg-0b53e046b12122741" -> null
TestTerraformBasicExample 2022-03-23T01:51:17Z logger.go:66:       - self                     = false -> null
TestTerraformBasicExample 2022-03-23T01:51:17Z logger.go:66:       - source_security_group_id = "sg-00fd3a925aea8b86f" -> null
TestTerraformBasicExample 2022-03-23T01:51:17Z logger.go:66:       - to_port                  = 10250 -> null
TestTerraformBasicExample 2022-03-23T01:51:17Z logger.go:66:       - type                     = "egress" -> null
TestTerraformBasicExample 2022-03-23T01:51:17Z logger.go:66:     }
TestTerraformBasicExample 2022-03-23T01:51:17Z logger.go:66:
TestTerraformBasicExample 2022-03-23T01:51:17Z logger.go:66:   # module.eks.aws_security_group_rule.cluster["ingress_nodes_443"] will be destroyed
TestTerraformBasicExample 2022-03-23T01:51:17Z logger.go:66:   - resource "aws_security_group_rule" "cluster" {
TestTerraformBasicExample 2022-03-23T01:51:17Z logger.go:66:       - cidr_blocks              = [] -> null
TestTerraformBasicExample 2022-03-23T01:51:17Z logger.go:66:       - description              = "Node groups to cluster API" -> null
TestTerraformBasicExample 2022-03-23T01:51:17Z logger.go:66:       - from_port                = 443 -> null
TestTerraformBasicExample 2022-03-23T01:51:17Z logger.go:66:       - id                       = "sgrule-1851197621" -> null
TestTerraformBasicExample 2022-03-23T01:51:17Z logger.go:66:       - ipv6_cidr_blocks         = [] -> null
TestTerraformBasicExample 2022-03-23T01:51:17Z logger.go:66:       - prefix_list_ids          = [] -> null
TestTerraformBasicExample 2022-03-23T01:51:17Z logger.go:66:       - protocol                 = "tcp" -> null
TestTerraformBasicExample 2022-03-23T01:51:17Z logger.go:66:       - security_group_id        = "sg-0b53e046b12122741" -> null
TestTerraformBasicExample 2022-03-23T01:51:17Z logger.go:66:       - self                     = false -> null
TestTerraformBasicExample 2022-03-23T01:51:17Z logger.go:66:       - source_security_group_id = "sg-00fd3a925aea8b86f" -> null
TestTerraformBasicExample 2022-03-23T01:51:17Z logger.go:66:       - to_port                  = 443 -> null
TestTerraformBasicExample 2022-03-23T01:51:17Z logger.go:66:       - type                     = "ingress" -> null
TestTerraformBasicExample 2022-03-23T01:51:17Z logger.go:66:     }
TestTerraformBasicExample 2022-03-23T01:51:17Z logger.go:66:
TestTerraformBasicExample 2022-03-23T01:51:17Z logger.go:66:   # module.eks.aws_security_group_rule.node["egress_cluster_443"] will be destroyed
TestTerraformBasicExample 2022-03-23T01:51:17Z logger.go:66:   - resource "aws_security_group_rule" "node" {
TestTerraformBasicExample 2022-03-23T01:51:17Z logger.go:66:       - cidr_blocks              = [] -> null
TestTerraformBasicExample 2022-03-23T01:51:17Z logger.go:66:       - description              = "Node groups to cluster API" -> null
TestTerraformBasicExample 2022-03-23T01:51:17Z logger.go:66:       - from_port                = 443 -> null
TestTerraformBasicExample 2022-03-23T01:51:17Z logger.go:66:       - id                       = "sgrule-245167170" -> null
TestTerraformBasicExample 2022-03-23T01:51:17Z logger.go:66:       - ipv6_cidr_blocks         = [] -> null
TestTerraformBasicExample 2022-03-23T01:51:17Z logger.go:66:       - prefix_list_ids          = [] -> null
TestTerraformBasicExample 2022-03-23T01:51:17Z logger.go:66:       - protocol                 = "tcp" -> null
TestTerraformBasicExample 2022-03-23T01:51:17Z logger.go:66:       - security_group_id        = "sg-00fd3a925aea8b86f" -> null
TestTerraformBasicExample 2022-03-23T01:51:17Z logger.go:66:       - self                     = false -> null
TestTerraformBasicExample 2022-03-23T01:51:17Z logger.go:66:       - source_security_group_id = "sg-0b53e046b12122741" -> null
TestTerraformBasicExample 2022-03-23T01:51:17Z logger.go:66:       - to_port                  = 443 -> null
TestTerraformBasicExample 2022-03-23T01:51:17Z logger.go:66:       - type                     = "egress" -> null
TestTerraformBasicExample 2022-03-23T01:51:17Z logger.go:66:     }
TestTerraformBasicExample 2022-03-23T01:51:17Z logger.go:66:
TestTerraformBasicExample 2022-03-23T01:51:17Z logger.go:66:   # module.eks.aws_security_group_rule.node["egress_https"] will be destroyed
TestTerraformBasicExample 2022-03-23T01:51:17Z logger.go:66:   - resource "aws_security_group_rule" "node" {
TestTerraformBasicExample 2022-03-23T01:51:17Z logger.go:66:       - cidr_blocks       = [
TestTerraformBasicExample 2022-03-23T01:51:17Z logger.go:66:           - "0.0.0.0/0",
TestTerraformBasicExample 2022-03-23T01:51:17Z logger.go:66:         ] -> null
TestTerraformBasicExample 2022-03-23T01:51:17Z logger.go:66:       - description       = "Egress all HTTPS to internet" -> null
TestTerraformBasicExample 2022-03-23T01:51:17Z logger.go:66:       - from_port         = 443 -> null
TestTerraformBasicExample 2022-03-23T01:51:17Z logger.go:66:       - id                = "sgrule-1005532864" -> null
TestTerraformBasicExample 2022-03-23T01:51:17Z logger.go:66:       - ipv6_cidr_blocks  = [] -> null
TestTerraformBasicExample 2022-03-23T01:51:17Z logger.go:66:       - prefix_list_ids   = [] -> null
TestTerraformBasicExample 2022-03-23T01:51:17Z logger.go:66:       - protocol          = "tcp" -> null
TestTerraformBasicExample 2022-03-23T01:51:17Z logger.go:66:       - security_group_id = "sg-00fd3a925aea8b86f" -> null
TestTerraformBasicExample 2022-03-23T01:51:17Z logger.go:66:       - self              = false -> null
TestTerraformBasicExample 2022-03-23T01:51:17Z logger.go:66:       - to_port           = 443 -> null
TestTerraformBasicExample 2022-03-23T01:51:17Z logger.go:66:       - type              = "egress" -> null
TestTerraformBasicExample 2022-03-23T01:51:17Z logger.go:66:     }
TestTerraformBasicExample 2022-03-23T01:51:17Z logger.go:66:
TestTerraformBasicExample 2022-03-23T01:51:17Z logger.go:66:   # module.eks.aws_security_group_rule.node["egress_ntp_tcp"] will be destroyed
TestTerraformBasicExample 2022-03-23T01:51:17Z logger.go:66:   - resource "aws_security_group_rule" "node" {
TestTerraformBasicExample 2022-03-23T01:51:17Z logger.go:66:       - cidr_blocks       = [
TestTerraformBasicExample 2022-03-23T01:51:17Z logger.go:66:           - "0.0.0.0/0",
TestTerraformBasicExample 2022-03-23T01:51:17Z logger.go:66:         ] -> null
TestTerraformBasicExample 2022-03-23T01:51:17Z logger.go:66:       - description       = "Egress NTP/TCP to internet" -> null
TestTerraformBasicExample 2022-03-23T01:51:17Z logger.go:66:       - from_port         = 123 -> null
TestTerraformBasicExample 2022-03-23T01:51:17Z logger.go:66:       - id                = "sgrule-3828419550" -> null
TestTerraformBasicExample 2022-03-23T01:51:17Z logger.go:66:       - ipv6_cidr_blocks  = [] -> null
TestTerraformBasicExample 2022-03-23T01:51:17Z logger.go:66:       - prefix_list_ids   = [] -> null
TestTerraformBasicExample 2022-03-23T01:51:17Z logger.go:66:       - protocol          = "tcp" -> null
TestTerraformBasicExample 2022-03-23T01:51:17Z logger.go:66:       - security_group_id = "sg-00fd3a925aea8b86f" -> null
TestTerraformBasicExample 2022-03-23T01:51:17Z logger.go:66:       - self              = false -> null
TestTerraformBasicExample 2022-03-23T01:51:17Z logger.go:66:       - to_port           = 123 -> null
TestTerraformBasicExample 2022-03-23T01:51:17Z logger.go:66:       - type              = "egress" -> null
TestTerraformBasicExample 2022-03-23T01:51:17Z logger.go:66:     }
TestTerraformBasicExample 2022-03-23T01:51:17Z logger.go:66:
TestTerraformBasicExample 2022-03-23T01:51:17Z logger.go:66:   # module.eks.aws_security_group_rule.node["egress_ntp_udp"] will be destroyed
TestTerraformBasicExample 2022-03-23T01:51:17Z logger.go:66:   - resource "aws_security_group_rule" "node" {
TestTerraformBasicExample 2022-03-23T01:51:17Z logger.go:66:       - cidr_blocks       = [
TestTerraformBasicExample 2022-03-23T01:51:17Z logger.go:66:           - "0.0.0.0/0",
TestTerraformBasicExample 2022-03-23T01:51:17Z logger.go:66:         ] -> null
TestTerraformBasicExample 2022-03-23T01:51:17Z logger.go:66:       - description       = "Egress NTP/UDP to internet" -> null
TestTerraformBasicExample 2022-03-23T01:51:17Z logger.go:66:       - from_port         = 123 -> null
TestTerraformBasicExample 2022-03-23T01:51:17Z logger.go:66:       - id                = "sgrule-2595172051" -> null
TestTerraformBasicExample 2022-03-23T01:51:17Z logger.go:66:       - ipv6_cidr_blocks  = [] -> null
TestTerraformBasicExample 2022-03-23T01:51:17Z logger.go:66:       - prefix_list_ids   = [] -> null
TestTerraformBasicExample 2022-03-23T01:51:17Z logger.go:66:       - protocol          = "udp" -> null
TestTerraformBasicExample 2022-03-23T01:51:17Z logger.go:66:       - security_group_id = "sg-00fd3a925aea8b86f" -> null
TestTerraformBasicExample 2022-03-23T01:51:17Z logger.go:66:       - self              = false -> null
TestTerraformBasicExample 2022-03-23T01:51:17Z logger.go:66:       - to_port           = 123 -> null
TestTerraformBasicExample 2022-03-23T01:51:17Z logger.go:66:       - type              = "egress" -> null
TestTerraformBasicExample 2022-03-23T01:51:17Z logger.go:66:     }
TestTerraformBasicExample 2022-03-23T01:51:17Z logger.go:66:
TestTerraformBasicExample 2022-03-23T01:51:17Z logger.go:66:   # module.eks.aws_security_group_rule.node["egress_self_coredns_tcp"] will be destroyed
TestTerraformBasicExample 2022-03-23T01:51:17Z logger.go:66:   - resource "aws_security_group_rule" "node" {
TestTerraformBasicExample 2022-03-23T01:51:17Z logger.go:66:       - cidr_blocks              = [] -> null
TestTerraformBasicExample 2022-03-23T01:51:17Z logger.go:66:       - description              = "Node to node CoreDNS" -> null
TestTerraformBasicExample 2022-03-23T01:51:17Z logger.go:66:       - from_port                = 53 -> null
TestTerraformBasicExample 2022-03-23T01:51:17Z logger.go:66:       - id                       = "sgrule-4110902067" -> null
TestTerraformBasicExample 2022-03-23T01:51:17Z logger.go:66:       - ipv6_cidr_blocks         = [] -> null
TestTerraformBasicExample 2022-03-23T01:51:17Z logger.go:66:       - prefix_list_ids          = [] -> null
TestTerraformBasicExample 2022-03-23T01:51:17Z logger.go:66:       - protocol                 = "tcp" -> null
TestTerraformBasicExample 2022-03-23T01:51:17Z logger.go:66:       - security_group_id        = "sg-00fd3a925aea8b86f" -> null
TestTerraformBasicExample 2022-03-23T01:51:17Z logger.go:66:       - self                     = true -> null
TestTerraformBasicExample 2022-03-23T01:51:17Z logger.go:66:       - source_security_group_id = "sg-00fd3a925aea8b86f" -> null
TestTerraformBasicExample 2022-03-23T01:51:17Z logger.go:66:       - to_port                  = 53 -> null
TestTerraformBasicExample 2022-03-23T01:51:17Z logger.go:66:       - type                     = "egress" -> null
TestTerraformBasicExample 2022-03-23T01:51:17Z logger.go:66:     }
TestTerraformBasicExample 2022-03-23T01:51:17Z logger.go:66:
TestTerraformBasicExample 2022-03-23T01:51:17Z logger.go:66:   # module.eks.aws_security_group_rule.node["egress_self_coredns_udp"] will be destroyed
TestTerraformBasicExample 2022-03-23T01:51:17Z logger.go:66:   - resource "aws_security_group_rule" "node" {
TestTerraformBasicExample 2022-03-23T01:51:17Z logger.go:66:       - cidr_blocks              = [] -> null
TestTerraformBasicExample 2022-03-23T01:51:17Z logger.go:66:       - description              = "Node to node CoreDNS" -> null
TestTerraformBasicExample 2022-03-23T01:51:17Z logger.go:66:       - from_port                = 53 -> null
TestTerraformBasicExample 2022-03-23T01:51:17Z logger.go:66:       - id                       = "sgrule-2069946709" -> null
TestTerraformBasicExample 2022-03-23T01:51:17Z logger.go:66:       - ipv6_cidr_blocks         = [] -> null
TestTerraformBasicExample 2022-03-23T01:51:17Z logger.go:66:       - prefix_list_ids          = [] -> null
TestTerraformBasicExample 2022-03-23T01:51:17Z logger.go:66:       - protocol                 = "udp" -> null
TestTerraformBasicExample 2022-03-23T01:51:17Z logger.go:66:       - security_group_id        = "sg-00fd3a925aea8b86f" -> null
TestTerraformBasicExample 2022-03-23T01:51:17Z logger.go:66:       - self                     = true -> null
TestTerraformBasicExample 2022-03-23T01:51:17Z logger.go:66:       - source_security_group_id = "sg-00fd3a925aea8b86f" -> null
TestTerraformBasicExample 2022-03-23T01:51:17Z logger.go:66:       - to_port                  = 53 -> null
TestTerraformBasicExample 2022-03-23T01:51:17Z logger.go:66:       - type                     = "egress" -> null
TestTerraformBasicExample 2022-03-23T01:51:17Z logger.go:66:     }
TestTerraformBasicExample 2022-03-23T01:51:17Z logger.go:66:
TestTerraformBasicExample 2022-03-23T01:51:17Z logger.go:66:   # module.eks.aws_security_group_rule.node["ingress_cluster_443"] will be destroyed
TestTerraformBasicExample 2022-03-23T01:51:17Z logger.go:66:   - resource "aws_security_group_rule" "node" {
TestTerraformBasicExample 2022-03-23T01:51:17Z logger.go:66:       - cidr_blocks              = [] -> null
TestTerraformBasicExample 2022-03-23T01:51:17Z logger.go:66:       - description              = "Cluster API to node groups" -> null
TestTerraformBasicExample 2022-03-23T01:51:17Z logger.go:66:       - from_port                = 443 -> null
TestTerraformBasicExample 2022-03-23T01:51:17Z logger.go:66:       - id                       = "sgrule-1511185497" -> null
TestTerraformBasicExample 2022-03-23T01:51:17Z logger.go:66:       - ipv6_cidr_blocks         = [] -> null
TestTerraformBasicExample 2022-03-23T01:51:17Z logger.go:66:       - prefix_list_ids          = [] -> null
TestTerraformBasicExample 2022-03-23T01:51:17Z logger.go:66:       - protocol                 = "tcp" -> null
TestTerraformBasicExample 2022-03-23T01:51:17Z logger.go:66:       - security_group_id        = "sg-00fd3a925aea8b86f" -> null
TestTerraformBasicExample 2022-03-23T01:51:17Z logger.go:66:       - self                     = false -> null
TestTerraformBasicExample 2022-03-23T01:51:17Z logger.go:66:       - source_security_group_id = "sg-0b53e046b12122741" -> null
TestTerraformBasicExample 2022-03-23T01:51:17Z logger.go:66:       - to_port                  = 443 -> null
TestTerraformBasicExample 2022-03-23T01:51:17Z logger.go:66:       - type                     = "ingress" -> null
TestTerraformBasicExample 2022-03-23T01:51:17Z logger.go:66:     }
TestTerraformBasicExample 2022-03-23T01:51:17Z logger.go:66:
TestTerraformBasicExample 2022-03-23T01:51:17Z logger.go:66:   # module.eks.aws_security_group_rule.node["ingress_cluster_kubelet"] will be destroyed
TestTerraformBasicExample 2022-03-23T01:51:17Z logger.go:66:   - resource "aws_security_group_rule" "node" {
TestTerraformBasicExample 2022-03-23T01:51:17Z logger.go:66:       - cidr_blocks              = [] -> null
TestTerraformBasicExample 2022-03-23T01:51:17Z logger.go:66:       - description              = "Cluster API to node kubelets" -> null
TestTerraformBasicExample 2022-03-23T01:51:17Z logger.go:66:       - from_port                = 10250 -> null
TestTerraformBasicExample 2022-03-23T01:51:17Z logger.go:66:       - id                       = "sgrule-2908934003" -> null
TestTerraformBasicExample 2022-03-23T01:51:17Z logger.go:66:       - ipv6_cidr_blocks         = [] -> null
TestTerraformBasicExample 2022-03-23T01:51:17Z logger.go:66:       - prefix_list_ids          = [] -> null
TestTerraformBasicExample 2022-03-23T01:51:17Z logger.go:66:       - protocol                 = "tcp" -> null
TestTerraformBasicExample 2022-03-23T01:51:17Z logger.go:66:       - security_group_id        = "sg-00fd3a925aea8b86f" -> null
TestTerraformBasicExample 2022-03-23T01:51:17Z logger.go:66:       - self                     = false -> null
TestTerraformBasicExample 2022-03-23T01:51:17Z logger.go:66:       - source_security_group_id = "sg-0b53e046b12122741" -> null
TestTerraformBasicExample 2022-03-23T01:51:17Z logger.go:66:       - to_port                  = 10250 -> null
TestTerraformBasicExample 2022-03-23T01:51:17Z logger.go:66:       - type                     = "ingress" -> null
TestTerraformBasicExample 2022-03-23T01:51:17Z logger.go:66:     }
TestTerraformBasicExample 2022-03-23T01:51:17Z logger.go:66:
TestTerraformBasicExample 2022-03-23T01:51:17Z logger.go:66:   # module.eks.aws_security_group_rule.node["ingress_self_coredns_tcp"] will be destroyed
TestTerraformBasicExample 2022-03-23T01:51:17Z logger.go:66:   - resource "aws_security_group_rule" "node" {
TestTerraformBasicExample 2022-03-23T01:51:17Z logger.go:66:       - cidr_blocks              = [] -> null
TestTerraformBasicExample 2022-03-23T01:51:17Z logger.go:66:       - description              = "Node to node CoreDNS" -> null
TestTerraformBasicExample 2022-03-23T01:51:17Z logger.go:66:       - from_port                = 53 -> null
TestTerraformBasicExample 2022-03-23T01:51:17Z logger.go:66:       - id                       = "sgrule-1124434756" -> null
TestTerraformBasicExample 2022-03-23T01:51:17Z logger.go:66:       - ipv6_cidr_blocks         = [] -> null
TestTerraformBasicExample 2022-03-23T01:51:17Z logger.go:66:       - prefix_list_ids          = [] -> null
TestTerraformBasicExample 2022-03-23T01:51:17Z logger.go:66:       - protocol                 = "tcp" -> null
TestTerraformBasicExample 2022-03-23T01:51:17Z logger.go:66:       - security_group_id        = "sg-00fd3a925aea8b86f" -> null
TestTerraformBasicExample 2022-03-23T01:51:17Z logger.go:66:       - self                     = true -> null
TestTerraformBasicExample 2022-03-23T01:51:17Z logger.go:66:       - source_security_group_id = "sg-00fd3a925aea8b86f" -> null
TestTerraformBasicExample 2022-03-23T01:51:17Z logger.go:66:       - to_port                  = 53 -> null
TestTerraformBasicExample 2022-03-23T01:51:17Z logger.go:66:       - type                     = "ingress" -> null
TestTerraformBasicExample 2022-03-23T01:51:17Z logger.go:66:     }
TestTerraformBasicExample 2022-03-23T01:51:17Z logger.go:66:
TestTerraformBasicExample 2022-03-23T01:51:17Z logger.go:66:   # module.eks.aws_security_group_rule.node["ingress_self_coredns_udp"] will be destroyed
TestTerraformBasicExample 2022-03-23T01:51:17Z logger.go:66:   - resource "aws_security_group_rule" "node" {
TestTerraformBasicExample 2022-03-23T01:51:17Z logger.go:66:       - cidr_blocks              = [] -> null
TestTerraformBasicExample 2022-03-23T01:51:17Z logger.go:66:       - description              = "Node to node CoreDNS" -> null
TestTerraformBasicExample 2022-03-23T01:51:17Z logger.go:66:       - from_port                = 53 -> null
TestTerraformBasicExample 2022-03-23T01:51:17Z logger.go:66:       - id                       = "sgrule-3881443499" -> null
TestTerraformBasicExample 2022-03-23T01:51:17Z logger.go:66:       - ipv6_cidr_blocks         = [] -> null
TestTerraformBasicExample 2022-03-23T01:51:17Z logger.go:66:       - prefix_list_ids          = [] -> null
TestTerraformBasicExample 2022-03-23T01:51:17Z logger.go:66:       - protocol                 = "udp" -> null
TestTerraformBasicExample 2022-03-23T01:51:17Z logger.go:66:       - security_group_id        = "sg-00fd3a925aea8b86f" -> null
TestTerraformBasicExample 2022-03-23T01:51:17Z logger.go:66:       - self                     = true -> null
TestTerraformBasicExample 2022-03-23T01:51:17Z logger.go:66:       - source_security_group_id = "sg-00fd3a925aea8b86f" -> null
TestTerraformBasicExample 2022-03-23T01:51:17Z logger.go:66:       - to_port                  = 53 -> null
TestTerraformBasicExample 2022-03-23T01:51:17Z logger.go:66:       - type                     = "ingress" -> null
TestTerraformBasicExample 2022-03-23T01:51:17Z logger.go:66:     }
TestTerraformBasicExample 2022-03-23T01:51:17Z logger.go:66:
TestTerraformBasicExample 2022-03-23T01:51:17Z logger.go:66:   # module.eks_auth.kubernetes_config_map_v1.aws_auth[0] will be destroyed
TestTerraformBasicExample 2022-03-23T01:51:17Z logger.go:66:   - resource "kubernetes_config_map_v1" "aws_auth" {
TestTerraformBasicExample 2022-03-23T01:51:17Z logger.go:66:       - binary_data = {} -> null
TestTerraformBasicExample 2022-03-23T01:51:17Z logger.go:66:       - data        = {
TestTerraformBasicExample 2022-03-23T01:51:17Z logger.go:66:           - "mapAccounts" = jsonencode([])
TestTerraformBasicExample 2022-03-23T01:51:17Z logger.go:66:           - "mapRoles"    = <<-EOT
TestTerraformBasicExample 2022-03-23T01:51:17Z logger.go:66:                 - "groups":
TestTerraformBasicExample 2022-03-23T01:51:17Z logger.go:66:                   - "system:bootstrappers"
TestTerraformBasicExample 2022-03-23T01:51:17Z logger.go:66:                   - "system:nodes"
TestTerraformBasicExample 2022-03-23T01:51:17Z logger.go:66:                   "rolearn": "arn:aws:iam::11111111111:role/foo-eks-node-group-20220323013727515700000001"
TestTerraformBasicExample 2022-03-23T01:51:17Z logger.go:66:                   "username": "system:node:{{EC2PrivateDNSName}}"
TestTerraformBasicExample 2022-03-23T01:51:17Z logger.go:66:             EOT
TestTerraformBasicExample 2022-03-23T01:51:17Z logger.go:66:           - "mapUsers"    = jsonencode([])
TestTerraformBasicExample 2022-03-23T01:51:17Z logger.go:66:         } -> null
TestTerraformBasicExample 2022-03-23T01:51:17Z logger.go:66:       - id          = "kube-system/aws-auth" -> null
TestTerraformBasicExample 2022-03-23T01:51:17Z logger.go:66:
TestTerraformBasicExample 2022-03-23T01:51:17Z logger.go:66:       - metadata {
TestTerraformBasicExample 2022-03-23T01:51:17Z logger.go:66:           - annotations      = {} -> null
TestTerraformBasicExample 2022-03-23T01:51:17Z logger.go:66:           - generation       = 0 -> null
TestTerraformBasicExample 2022-03-23T01:51:17Z logger.go:66:           - labels           = {
TestTerraformBasicExample 2022-03-23T01:51:17Z logger.go:66:               - "app.kubernetes.io/managed-by" = "Terraform"
TestTerraformBasicExample 2022-03-23T01:51:17Z logger.go:66:               - "terraform.io/module"          = "aidanmelen.eks-auth.aws"
TestTerraformBasicExample 2022-03-23T01:51:17Z logger.go:66:             } -> null
TestTerraformBasicExample 2022-03-23T01:51:17Z logger.go:66:           - name             = "aws-auth" -> null
TestTerraformBasicExample 2022-03-23T01:51:17Z logger.go:66:           - namespace        = "kube-system" -> null
TestTerraformBasicExample 2022-03-23T01:51:17Z logger.go:66:           - resource_version = "1214" -> null
TestTerraformBasicExample 2022-03-23T01:51:17Z logger.go:66:           - uid              = "075b7d78-dc10-4aec-bbe9-1a94345f466d" -> null
TestTerraformBasicExample 2022-03-23T01:51:17Z logger.go:66:         }
TestTerraformBasicExample 2022-03-23T01:51:17Z logger.go:66:     }
TestTerraformBasicExample 2022-03-23T01:51:17Z logger.go:66:
TestTerraformBasicExample 2022-03-23T01:51:17Z logger.go:66:   # module.eks_auth.kubernetes_job_v1.aws_auth[0] will be destroyed
TestTerraformBasicExample 2022-03-23T01:51:17Z logger.go:66:   - resource "kubernetes_job_v1" "aws_auth" {
TestTerraformBasicExample 2022-03-23T01:51:17Z logger.go:66:       - id                  = "kube-system/terraform-eks-auth-aws" -> null
TestTerraformBasicExample 2022-03-23T01:51:17Z logger.go:66:       - wait_for_completion = true -> null
TestTerraformBasicExample 2022-03-23T01:51:17Z logger.go:66:
TestTerraformBasicExample 2022-03-23T01:51:17Z logger.go:66:       - metadata {
TestTerraformBasicExample 2022-03-23T01:51:17Z logger.go:66:           - annotations      = {} -> null
TestTerraformBasicExample 2022-03-23T01:51:17Z logger.go:66:           - generation       = 0 -> null
TestTerraformBasicExample 2022-03-23T01:51:17Z logger.go:66:           - labels           = {
TestTerraformBasicExample 2022-03-23T01:51:17Z logger.go:66:               - "app.kubernetes.io/managed-by" = "Terraform"
TestTerraformBasicExample 2022-03-23T01:51:17Z logger.go:66:               - "terraform.io/module"          = "aidanmelen.eks-auth.aws"
TestTerraformBasicExample 2022-03-23T01:51:17Z logger.go:66:             } -> null
TestTerraformBasicExample 2022-03-23T01:51:17Z logger.go:66:           - name             = "terraform-eks-auth-aws" -> null
TestTerraformBasicExample 2022-03-23T01:51:17Z logger.go:66:           - namespace        = "kube-system" -> null
TestTerraformBasicExample 2022-03-23T01:51:17Z logger.go:66:           - resource_version = "1209" -> null
TestTerraformBasicExample 2022-03-23T01:51:17Z logger.go:66:           - uid              = "e207224b-e074-4975-90c9-a84217476664" -> null
TestTerraformBasicExample 2022-03-23T01:51:17Z logger.go:66:         }
TestTerraformBasicExample 2022-03-23T01:51:17Z logger.go:66:
TestTerraformBasicExample 2022-03-23T01:51:17Z logger.go:66:       - spec {
TestTerraformBasicExample 2022-03-23T01:51:17Z logger.go:66:           - active_deadline_seconds = 0 -> null
TestTerraformBasicExample 2022-03-23T01:51:17Z logger.go:66:           - backoff_limit           = 0 -> null
TestTerraformBasicExample 2022-03-23T01:51:17Z logger.go:66:           - completions             = 1 -> null
TestTerraformBasicExample 2022-03-23T01:51:17Z logger.go:66:           - manual_selector         = false -> null
TestTerraformBasicExample 2022-03-23T01:51:17Z logger.go:66:           - parallelism             = 1 -> null
TestTerraformBasicExample 2022-03-23T01:51:17Z logger.go:66:
TestTerraformBasicExample 2022-03-23T01:51:17Z logger.go:66:           - selector {
TestTerraformBasicExample 2022-03-23T01:51:17Z logger.go:66:             }
TestTerraformBasicExample 2022-03-23T01:51:17Z logger.go:66:
TestTerraformBasicExample 2022-03-23T01:51:17Z logger.go:66:           - template {
TestTerraformBasicExample 2022-03-23T01:51:17Z logger.go:66:               - metadata {
TestTerraformBasicExample 2022-03-23T01:51:17Z logger.go:66:                   - annotations = {} -> null
TestTerraformBasicExample 2022-03-23T01:51:17Z logger.go:66:                   - generation  = 0 -> null
TestTerraformBasicExample 2022-03-23T01:51:17Z logger.go:66:                   - labels      = {} -> null
TestTerraformBasicExample 2022-03-23T01:51:17Z logger.go:66:                 }
TestTerraformBasicExample 2022-03-23T01:51:17Z logger.go:66:
TestTerraformBasicExample 2022-03-23T01:51:17Z logger.go:66:               - spec {
TestTerraformBasicExample 2022-03-23T01:51:17Z logger.go:66:                   - active_deadline_seconds          = 0 -> null
TestTerraformBasicExample 2022-03-23T01:51:17Z logger.go:66:                   - automount_service_account_token  = true -> null
TestTerraformBasicExample 2022-03-23T01:51:17Z logger.go:66:                   - dns_policy                       = "ClusterFirst" -> null
TestTerraformBasicExample 2022-03-23T01:51:17Z logger.go:66:                   - enable_service_links             = true -> null
TestTerraformBasicExample 2022-03-23T01:51:17Z logger.go:66:                   - host_ipc                         = false -> null
TestTerraformBasicExample 2022-03-23T01:51:17Z logger.go:66:                   - host_network                     = false -> null
TestTerraformBasicExample 2022-03-23T01:51:17Z logger.go:66:                   - host_pid                         = false -> null
TestTerraformBasicExample 2022-03-23T01:51:17Z logger.go:66:                   - node_selector                    = {} -> null
TestTerraformBasicExample 2022-03-23T01:51:17Z logger.go:66:                   - restart_policy                   = "Never" -> null
TestTerraformBasicExample 2022-03-23T01:51:17Z logger.go:66:                   - service_account_name             = "terraform-eks-auth-aws" -> null
TestTerraformBasicExample 2022-03-23T01:51:17Z logger.go:66:                   - share_process_namespace          = false -> null
TestTerraformBasicExample 2022-03-23T01:51:17Z logger.go:66:                   - termination_grace_period_seconds = 30 -> null
TestTerraformBasicExample 2022-03-23T01:51:17Z logger.go:66:
TestTerraformBasicExample 2022-03-23T01:51:17Z logger.go:66:                   - container {
TestTerraformBasicExample 2022-03-23T01:51:17Z logger.go:66:                       - args                       = [] -> null
TestTerraformBasicExample 2022-03-23T01:51:17Z logger.go:66:                       - command                    = [
TestTerraformBasicExample 2022-03-23T01:51:17Z logger.go:66:                           - "/bin/sh",
TestTerraformBasicExample 2022-03-23T01:51:17Z logger.go:66:                           - "-c",
TestTerraformBasicExample 2022-03-23T01:51:17Z logger.go:66:                           - "kubectl delete configmap/aws-auth -n kube-system",
TestTerraformBasicExample 2022-03-23T01:51:17Z logger.go:66:                         ] -> null
TestTerraformBasicExample 2022-03-23T01:51:17Z logger.go:66:                       - image                      = "bitnami/kubectl:1.21" -> null
TestTerraformBasicExample 2022-03-23T01:51:17Z logger.go:66:                       - image_pull_policy          = "IfNotPresent" -> null
TestTerraformBasicExample 2022-03-23T01:51:17Z logger.go:66:                       - name                       = "terraform-eks-auth-aws" -> null
TestTerraformBasicExample 2022-03-23T01:51:17Z logger.go:66:                       - stdin                      = false -> null
TestTerraformBasicExample 2022-03-23T01:51:17Z logger.go:66:                       - stdin_once                 = false -> null
TestTerraformBasicExample 2022-03-23T01:51:17Z logger.go:66:                       - termination_message_path   = "/dev/termination-log" -> null
TestTerraformBasicExample 2022-03-23T01:51:17Z logger.go:66:                       - termination_message_policy = "File" -> null
TestTerraformBasicExample 2022-03-23T01:51:17Z logger.go:66:                       - tty                        = false -> null
TestTerraformBasicExample 2022-03-23T01:51:17Z logger.go:66:
TestTerraformBasicExample 2022-03-23T01:51:17Z logger.go:66:                       - resources {}
TestTerraformBasicExample 2022-03-23T01:51:17Z logger.go:66:                     }
TestTerraformBasicExample 2022-03-23T01:51:17Z logger.go:66:                 }
TestTerraformBasicExample 2022-03-23T01:51:17Z logger.go:66:             }
TestTerraformBasicExample 2022-03-23T01:51:17Z logger.go:66:         }
TestTerraformBasicExample 2022-03-23T01:51:17Z logger.go:66:
TestTerraformBasicExample 2022-03-23T01:51:17Z logger.go:66:       - timeouts {
TestTerraformBasicExample 2022-03-23T01:51:17Z logger.go:66:           - create = "10m" -> null
TestTerraformBasicExample 2022-03-23T01:51:17Z logger.go:66:           - update = "10m" -> null
TestTerraformBasicExample 2022-03-23T01:51:17Z logger.go:66:         }
TestTerraformBasicExample 2022-03-23T01:51:17Z logger.go:66:     }
TestTerraformBasicExample 2022-03-23T01:51:17Z logger.go:66:
TestTerraformBasicExample 2022-03-23T01:51:17Z logger.go:66:   # module.eks_auth.kubernetes_role_binding_v1.aws_auth will be destroyed
TestTerraformBasicExample 2022-03-23T01:51:17Z logger.go:66:   - resource "kubernetes_role_binding_v1" "aws_auth" {
TestTerraformBasicExample 2022-03-23T01:51:17Z logger.go:66:       - id = "kube-system/terraform-eks-auth-aws" -> null
TestTerraformBasicExample 2022-03-23T01:51:17Z logger.go:66:
TestTerraformBasicExample 2022-03-23T01:51:17Z logger.go:66:       - metadata {
TestTerraformBasicExample 2022-03-23T01:51:17Z logger.go:66:           - annotations      = {} -> null
TestTerraformBasicExample 2022-03-23T01:51:17Z logger.go:66:           - generation       = 0 -> null
TestTerraformBasicExample 2022-03-23T01:51:17Z logger.go:66:           - labels           = {
TestTerraformBasicExample 2022-03-23T01:51:17Z logger.go:66:               - "app.kubernetes.io/managed-by" = "Terraform"
TestTerraformBasicExample 2022-03-23T01:51:17Z logger.go:66:               - "terraform.io/module"          = "aidanmelen.eks-auth.aws"
TestTerraformBasicExample 2022-03-23T01:51:17Z logger.go:66:             } -> null
TestTerraformBasicExample 2022-03-23T01:51:17Z logger.go:66:           - name             = "terraform-eks-auth-aws" -> null
TestTerraformBasicExample 2022-03-23T01:51:17Z logger.go:66:           - namespace        = "kube-system" -> null
TestTerraformBasicExample 2022-03-23T01:51:17Z logger.go:66:           - resource_version = "847" -> null
TestTerraformBasicExample 2022-03-23T01:51:17Z logger.go:66:           - uid              = "8ca9454c-bcb1-4a80-b382-52ad4dc99eb4" -> null
TestTerraformBasicExample 2022-03-23T01:51:17Z logger.go:66:         }
TestTerraformBasicExample 2022-03-23T01:51:17Z logger.go:66:
TestTerraformBasicExample 2022-03-23T01:51:17Z logger.go:66:       - role_ref {
TestTerraformBasicExample 2022-03-23T01:51:17Z logger.go:66:           - api_group = "rbac.authorization.k8s.io" -> null
TestTerraformBasicExample 2022-03-23T01:51:17Z logger.go:66:           - kind      = "Role" -> null
TestTerraformBasicExample 2022-03-23T01:51:17Z logger.go:66:           - name      = "terraform-eks-auth-aws" -> null
TestTerraformBasicExample 2022-03-23T01:51:17Z logger.go:66:         }
TestTerraformBasicExample 2022-03-23T01:51:17Z logger.go:66:
TestTerraformBasicExample 2022-03-23T01:51:17Z logger.go:66:       - subject {
TestTerraformBasicExample 2022-03-23T01:51:17Z logger.go:66:           - kind      = "ServiceAccount" -> null
TestTerraformBasicExample 2022-03-23T01:51:17Z logger.go:66:           - name      = "terraform-eks-auth-aws" -> null
TestTerraformBasicExample 2022-03-23T01:51:17Z logger.go:66:           - namespace = "kube-system" -> null
TestTerraformBasicExample 2022-03-23T01:51:17Z logger.go:66:         }
TestTerraformBasicExample 2022-03-23T01:51:17Z logger.go:66:     }
TestTerraformBasicExample 2022-03-23T01:51:17Z logger.go:66:
TestTerraformBasicExample 2022-03-23T01:51:17Z logger.go:66:   # module.eks_auth.kubernetes_role_v1.aws_auth will be destroyed
TestTerraformBasicExample 2022-03-23T01:51:17Z logger.go:66:   - resource "kubernetes_role_v1" "aws_auth" {
TestTerraformBasicExample 2022-03-23T01:51:17Z logger.go:66:       - id = "kube-system/terraform-eks-auth-aws" -> null
TestTerraformBasicExample 2022-03-23T01:51:17Z logger.go:66:
TestTerraformBasicExample 2022-03-23T01:51:17Z logger.go:66:       - metadata {
TestTerraformBasicExample 2022-03-23T01:51:17Z logger.go:66:           - annotations      = {} -> null
TestTerraformBasicExample 2022-03-23T01:51:17Z logger.go:66:           - generation       = 0 -> null
TestTerraformBasicExample 2022-03-23T01:51:17Z logger.go:66:           - labels           = {
TestTerraformBasicExample 2022-03-23T01:51:17Z logger.go:66:               - "app.kubernetes.io/managed-by" = "Terraform"
TestTerraformBasicExample 2022-03-23T01:51:17Z logger.go:66:               - "terraform.io/module"          = "aidanmelen.eks-auth.aws"
TestTerraformBasicExample 2022-03-23T01:51:17Z logger.go:66:             } -> null
TestTerraformBasicExample 2022-03-23T01:51:17Z logger.go:66:           - name             = "terraform-eks-auth-aws" -> null
TestTerraformBasicExample 2022-03-23T01:51:17Z logger.go:66:           - namespace        = "kube-system" -> null
TestTerraformBasicExample 2022-03-23T01:51:17Z logger.go:66:           - resource_version = "843" -> null
TestTerraformBasicExample 2022-03-23T01:51:17Z logger.go:66:           - uid              = "3c5d0cbf-0427-41d1-8d1e-68ede6f6f370" -> null
TestTerraformBasicExample 2022-03-23T01:51:17Z logger.go:66:         }
TestTerraformBasicExample 2022-03-23T01:51:17Z logger.go:66:
TestTerraformBasicExample 2022-03-23T01:51:17Z logger.go:66:       - rule {
TestTerraformBasicExample 2022-03-23T01:51:17Z logger.go:66:           - api_groups     = [
TestTerraformBasicExample 2022-03-23T01:51:17Z logger.go:66:               - "",
TestTerraformBasicExample 2022-03-23T01:51:17Z logger.go:66:             ] -> null
TestTerraformBasicExample 2022-03-23T01:51:17Z logger.go:66:           - resource_names = [
TestTerraformBasicExample 2022-03-23T01:51:17Z logger.go:66:               - "aws-auth",
TestTerraformBasicExample 2022-03-23T01:51:17Z logger.go:66:             ] -> null
TestTerraformBasicExample 2022-03-23T01:51:17Z logger.go:66:           - resources      = [
TestTerraformBasicExample 2022-03-23T01:51:17Z logger.go:66:               - "configmaps",
TestTerraformBasicExample 2022-03-23T01:51:17Z logger.go:66:             ] -> null
TestTerraformBasicExample 2022-03-23T01:51:17Z logger.go:66:           - verbs          = [
TestTerraformBasicExample 2022-03-23T01:51:17Z logger.go:66:               - "delete",
TestTerraformBasicExample 2022-03-23T01:51:17Z logger.go:66:               - "get",
TestTerraformBasicExample 2022-03-23T01:51:17Z logger.go:66:               - "patch",
TestTerraformBasicExample 2022-03-23T01:51:17Z logger.go:66:             ] -> null
TestTerraformBasicExample 2022-03-23T01:51:17Z logger.go:66:         }
TestTerraformBasicExample 2022-03-23T01:51:17Z logger.go:66:     }
TestTerraformBasicExample 2022-03-23T01:51:17Z logger.go:66:
TestTerraformBasicExample 2022-03-23T01:51:17Z logger.go:66:   # module.eks_auth.kubernetes_service_account_v1.aws_auth will be destroyed
TestTerraformBasicExample 2022-03-23T01:51:17Z logger.go:66:   - resource "kubernetes_service_account_v1" "aws_auth" {
TestTerraformBasicExample 2022-03-23T01:51:17Z logger.go:66:       - automount_service_account_token = true -> null
TestTerraformBasicExample 2022-03-23T01:51:17Z logger.go:66:       - default_secret_name             = "terraform-eks-auth-aws-token-n8kld" -> null
TestTerraformBasicExample 2022-03-23T01:51:17Z logger.go:66:       - id                              = "kube-system/terraform-eks-auth-aws" -> null
TestTerraformBasicExample 2022-03-23T01:51:17Z logger.go:66:
TestTerraformBasicExample 2022-03-23T01:51:17Z logger.go:66:       - metadata {
TestTerraformBasicExample 2022-03-23T01:51:17Z logger.go:66:           - annotations      = {} -> null
TestTerraformBasicExample 2022-03-23T01:51:17Z logger.go:66:           - generation       = 0 -> null
TestTerraformBasicExample 2022-03-23T01:51:17Z logger.go:66:           - labels           = {
TestTerraformBasicExample 2022-03-23T01:51:17Z logger.go:66:               - "app.kubernetes.io/managed-by" = "Terraform"
TestTerraformBasicExample 2022-03-23T01:51:17Z logger.go:66:               - "terraform.io/module"          = "aidanmelen.eks-auth.aws"
TestTerraformBasicExample 2022-03-23T01:51:17Z logger.go:66:             } -> null
TestTerraformBasicExample 2022-03-23T01:51:17Z logger.go:66:           - name             = "terraform-eks-auth-aws" -> null
TestTerraformBasicExample 2022-03-23T01:51:17Z logger.go:66:           - namespace        = "kube-system" -> null
TestTerraformBasicExample 2022-03-23T01:51:17Z logger.go:66:           - resource_version = "846" -> null
TestTerraformBasicExample 2022-03-23T01:51:17Z logger.go:66:           - uid              = "f789687b-decf-44f8-80ee-11e35dfeea42" -> null
TestTerraformBasicExample 2022-03-23T01:51:17Z logger.go:66:         }
TestTerraformBasicExample 2022-03-23T01:51:17Z logger.go:66:     }
TestTerraformBasicExample 2022-03-23T01:51:17Z logger.go:66:
TestTerraformBasicExample 2022-03-23T01:51:17Z logger.go:66:   # module.vpc.aws_eip.nat[0] will be destroyed
TestTerraformBasicExample 2022-03-23T01:51:17Z logger.go:66:   - resource "aws_eip" "nat" {
TestTerraformBasicExample 2022-03-23T01:51:17Z logger.go:66:       - allocation_id        = "eipalloc-0183b88f8a01628eb" -> null
TestTerraformBasicExample 2022-03-23T01:51:17Z logger.go:66:       - association_id       = "eipassoc-06cfd31bc5aaf0f5d" -> null
TestTerraformBasicExample 2022-03-23T01:51:17Z logger.go:66:       - domain               = "vpc" -> null
TestTerraformBasicExample 2022-03-23T01:51:17Z logger.go:66:       - id                   = "eipalloc-0183b88f8a01628eb" -> null
TestTerraformBasicExample 2022-03-23T01:51:17Z logger.go:66:       - network_border_group = "us-west-2" -> null
TestTerraformBasicExample 2022-03-23T01:51:17Z logger.go:66:       - network_interface    = "eni-027c54c7d012b67ee" -> null
TestTerraformBasicExample 2022-03-23T01:51:17Z logger.go:66:       - private_dns          = "ip-10-0-4-68.us-west-2.compute.internal" -> null
TestTerraformBasicExample 2022-03-23T01:51:17Z logger.go:66:       - private_ip           = "10.0.4.68" -> null
TestTerraformBasicExample 2022-03-23T01:51:17Z logger.go:66:       - public_dns           = "ec2-52-88-230-45.us-west-2.compute.amazonaws.com" -> null
TestTerraformBasicExample 2022-03-23T01:51:17Z logger.go:66:       - public_ip            = "52.88.230.45" -> null
TestTerraformBasicExample 2022-03-23T01:51:17Z logger.go:66:       - public_ipv4_pool     = "amazon" -> null
TestTerraformBasicExample 2022-03-23T01:51:17Z logger.go:66:       - tags                 = {
TestTerraformBasicExample 2022-03-23T01:51:17Z logger.go:66:           - "Name" = "ex-basic-us-west-2a"
TestTerraformBasicExample 2022-03-23T01:51:17Z logger.go:66:         } -> null
TestTerraformBasicExample 2022-03-23T01:51:17Z logger.go:66:       - tags_all             = {
TestTerraformBasicExample 2022-03-23T01:51:17Z logger.go:66:           - "Example"    = "ex-basic"
TestTerraformBasicExample 2022-03-23T01:51:17Z logger.go:66:           - "GithubOrg"  = "aidan-melen"
TestTerraformBasicExample 2022-03-23T01:51:17Z logger.go:66:           - "GithubRepo" = "terraform-aws-eks-auth"
TestTerraformBasicExample 2022-03-23T01:51:17Z logger.go:66:           - "Name"       = "ex-basic-us-west-2a"
TestTerraformBasicExample 2022-03-23T01:51:17Z logger.go:66:         } -> null
TestTerraformBasicExample 2022-03-23T01:51:17Z logger.go:66:       - vpc                  = true -> null
TestTerraformBasicExample 2022-03-23T01:51:17Z logger.go:66:     }
TestTerraformBasicExample 2022-03-23T01:51:17Z logger.go:66:
TestTerraformBasicExample 2022-03-23T01:51:17Z logger.go:66:   # module.vpc.aws_internet_gateway.this[0] will be destroyed
TestTerraformBasicExample 2022-03-23T01:51:17Z logger.go:66:   - resource "aws_internet_gateway" "this" {
TestTerraformBasicExample 2022-03-23T01:51:17Z logger.go:66:       - arn      = "arn:aws:ec2:us-west-2:11111111111:internet-gateway/igw-074062c284cb1b8b9" -> null
TestTerraformBasicExample 2022-03-23T01:51:17Z logger.go:66:       - id       = "igw-074062c284cb1b8b9" -> null
TestTerraformBasicExample 2022-03-23T01:51:17Z logger.go:66:       - owner_id = "11111111111" -> null
TestTerraformBasicExample 2022-03-23T01:51:17Z logger.go:66:       - tags     = {
TestTerraformBasicExample 2022-03-23T01:51:17Z logger.go:66:           - "Name" = "ex-basic"
TestTerraformBasicExample 2022-03-23T01:51:17Z logger.go:66:         } -> null
TestTerraformBasicExample 2022-03-23T01:51:17Z logger.go:66:       - tags_all = {
TestTerraformBasicExample 2022-03-23T01:51:17Z logger.go:66:           - "Example"    = "ex-basic"
TestTerraformBasicExample 2022-03-23T01:51:17Z logger.go:66:           - "GithubOrg"  = "aidan-melen"
TestTerraformBasicExample 2022-03-23T01:51:17Z logger.go:66:           - "GithubRepo" = "terraform-aws-eks-auth"
TestTerraformBasicExample 2022-03-23T01:51:17Z logger.go:66:           - "Name"       = "ex-basic"
TestTerraformBasicExample 2022-03-23T01:51:17Z logger.go:66:         } -> null
TestTerraformBasicExample 2022-03-23T01:51:17Z logger.go:66:       - vpc_id   = "vpc-024c94e2d2cc5a5c5" -> null
TestTerraformBasicExample 2022-03-23T01:51:17Z logger.go:66:     }
TestTerraformBasicExample 2022-03-23T01:51:17Z logger.go:66:
TestTerraformBasicExample 2022-03-23T01:51:17Z logger.go:66:   # module.vpc.aws_nat_gateway.this[0] will be destroyed
TestTerraformBasicExample 2022-03-23T01:51:17Z logger.go:66:   - resource "aws_nat_gateway" "this" {
TestTerraformBasicExample 2022-03-23T01:51:17Z logger.go:66:       - allocation_id        = "eipalloc-0183b88f8a01628eb" -> null
TestTerraformBasicExample 2022-03-23T01:51:17Z logger.go:66:       - connectivity_type    = "public" -> null
TestTerraformBasicExample 2022-03-23T01:51:17Z logger.go:66:       - id                   = "nat-08e946a973837916e" -> null
TestTerraformBasicExample 2022-03-23T01:51:17Z logger.go:66:       - network_interface_id = "eni-027c54c7d012b67ee" -> null
TestTerraformBasicExample 2022-03-23T01:51:17Z logger.go:66:       - private_ip           = "10.0.4.68" -> null
TestTerraformBasicExample 2022-03-23T01:51:17Z logger.go:66:       - public_ip            = "52.88.230.45" -> null
TestTerraformBasicExample 2022-03-23T01:51:17Z logger.go:66:       - subnet_id            = "subnet-079ad716eea1e2069" -> null
TestTerraformBasicExample 2022-03-23T01:51:17Z logger.go:66:       - tags                 = {
TestTerraformBasicExample 2022-03-23T01:51:17Z logger.go:66:           - "Name" = "ex-basic-us-west-2a"
TestTerraformBasicExample 2022-03-23T01:51:17Z logger.go:66:         } -> null
TestTerraformBasicExample 2022-03-23T01:51:17Z logger.go:66:       - tags_all             = {
TestTerraformBasicExample 2022-03-23T01:51:17Z logger.go:66:           - "Example"    = "ex-basic"
TestTerraformBasicExample 2022-03-23T01:51:17Z logger.go:66:           - "GithubOrg"  = "aidan-melen"
TestTerraformBasicExample 2022-03-23T01:51:17Z logger.go:66:           - "GithubRepo" = "terraform-aws-eks-auth"
TestTerraformBasicExample 2022-03-23T01:51:17Z logger.go:66:           - "Name"       = "ex-basic-us-west-2a"
TestTerraformBasicExample 2022-03-23T01:51:17Z logger.go:66:         } -> null
TestTerraformBasicExample 2022-03-23T01:51:17Z logger.go:66:     }
TestTerraformBasicExample 2022-03-23T01:51:17Z logger.go:66:
TestTerraformBasicExample 2022-03-23T01:51:17Z logger.go:66:   # module.vpc.aws_route.private_nat_gateway[0] will be destroyed
TestTerraformBasicExample 2022-03-23T01:51:17Z logger.go:66:   - resource "aws_route" "private_nat_gateway" {
TestTerraformBasicExample 2022-03-23T01:51:17Z logger.go:66:       - destination_cidr_block = "0.0.0.0/0" -> null
TestTerraformBasicExample 2022-03-23T01:51:17Z logger.go:66:       - id                     = "r-rtb-0c022ecbfb2de1ed01080289494" -> null
TestTerraformBasicExample 2022-03-23T01:51:17Z logger.go:66:       - nat_gateway_id         = "nat-08e946a973837916e" -> null
TestTerraformBasicExample 2022-03-23T01:51:17Z logger.go:66:       - origin                 = "CreateRoute" -> null
TestTerraformBasicExample 2022-03-23T01:51:17Z logger.go:66:       - route_table_id         = "rtb-0c022ecbfb2de1ed0" -> null
TestTerraformBasicExample 2022-03-23T01:51:17Z logger.go:66:       - state                  = "active" -> null
TestTerraformBasicExample 2022-03-23T01:51:17Z logger.go:66:
TestTerraformBasicExample 2022-03-23T01:51:17Z logger.go:66:       - timeouts {
TestTerraformBasicExample 2022-03-23T01:51:17Z logger.go:66:           - create = "5m" -> null
TestTerraformBasicExample 2022-03-23T01:51:17Z logger.go:66:         }
TestTerraformBasicExample 2022-03-23T01:51:17Z logger.go:66:     }
TestTerraformBasicExample 2022-03-23T01:51:17Z logger.go:66:
TestTerraformBasicExample 2022-03-23T01:51:17Z logger.go:66:   # module.vpc.aws_route.public_internet_gateway[0] will be destroyed
TestTerraformBasicExample 2022-03-23T01:51:17Z logger.go:66:   - resource "aws_route" "public_internet_gateway" {
TestTerraformBasicExample 2022-03-23T01:51:17Z logger.go:66:       - destination_cidr_block = "0.0.0.0/0" -> null
TestTerraformBasicExample 2022-03-23T01:51:17Z logger.go:66:       - gateway_id             = "igw-074062c284cb1b8b9" -> null
TestTerraformBasicExample 2022-03-23T01:51:17Z logger.go:66:       - id                     = "r-rtb-02db22ae4ddccb0591080289494" -> null
TestTerraformBasicExample 2022-03-23T01:51:17Z logger.go:66:       - origin                 = "CreateRoute" -> null
TestTerraformBasicExample 2022-03-23T01:51:17Z logger.go:66:       - route_table_id         = "rtb-02db22ae4ddccb059" -> null
TestTerraformBasicExample 2022-03-23T01:51:17Z logger.go:66:       - state                  = "active" -> null
TestTerraformBasicExample 2022-03-23T01:51:17Z logger.go:66:
TestTerraformBasicExample 2022-03-23T01:51:17Z logger.go:66:       - timeouts {
TestTerraformBasicExample 2022-03-23T01:51:17Z logger.go:66:           - create = "5m" -> null
TestTerraformBasicExample 2022-03-23T01:51:17Z logger.go:66:         }
TestTerraformBasicExample 2022-03-23T01:51:17Z logger.go:66:     }
TestTerraformBasicExample 2022-03-23T01:51:17Z logger.go:66:
TestTerraformBasicExample 2022-03-23T01:51:17Z logger.go:66:   # module.vpc.aws_route_table.private[0] will be destroyed
TestTerraformBasicExample 2022-03-23T01:51:17Z logger.go:66:   - resource "aws_route_table" "private" {
TestTerraformBasicExample 2022-03-23T01:51:17Z logger.go:66:       - arn              = "arn:aws:ec2:us-west-2:11111111111:route-table/rtb-0c022ecbfb2de1ed0" -> null
TestTerraformBasicExample 2022-03-23T01:51:17Z logger.go:66:       - id               = "rtb-0c022ecbfb2de1ed0" -> null
TestTerraformBasicExample 2022-03-23T01:51:17Z logger.go:66:       - owner_id         = "11111111111" -> null
TestTerraformBasicExample 2022-03-23T01:51:17Z logger.go:66:       - propagating_vgws = [] -> null
TestTerraformBasicExample 2022-03-23T01:51:17Z logger.go:66:       - route            = [
TestTerraformBasicExample 2022-03-23T01:51:17Z logger.go:66:           - {
TestTerraformBasicExample 2022-03-23T01:51:17Z logger.go:66:               - carrier_gateway_id         = ""
TestTerraformBasicExample 2022-03-23T01:51:17Z logger.go:66:               - cidr_block                 = "0.0.0.0/0"
TestTerraformBasicExample 2022-03-23T01:51:17Z logger.go:66:               - destination_prefix_list_id = ""
TestTerraformBasicExample 2022-03-23T01:51:17Z logger.go:66:               - egress_only_gateway_id     = ""
TestTerraformBasicExample 2022-03-23T01:51:17Z logger.go:66:               - gateway_id                 = ""
TestTerraformBasicExample 2022-03-23T01:51:17Z logger.go:66:               - instance_id                = ""
TestTerraformBasicExample 2022-03-23T01:51:17Z logger.go:66:               - ipv6_cidr_block            = ""
TestTerraformBasicExample 2022-03-23T01:51:17Z logger.go:66:               - local_gateway_id           = ""
TestTerraformBasicExample 2022-03-23T01:51:17Z logger.go:66:               - nat_gateway_id             = "nat-08e946a973837916e"
TestTerraformBasicExample 2022-03-23T01:51:17Z logger.go:66:               - network_interface_id       = ""
TestTerraformBasicExample 2022-03-23T01:51:17Z logger.go:66:               - transit_gateway_id         = ""
TestTerraformBasicExample 2022-03-23T01:51:17Z logger.go:66:               - vpc_endpoint_id            = ""
TestTerraformBasicExample 2022-03-23T01:51:17Z logger.go:66:               - vpc_peering_connection_id  = ""
TestTerraformBasicExample 2022-03-23T01:51:17Z logger.go:66:             },
TestTerraformBasicExample 2022-03-23T01:51:17Z logger.go:66:         ] -> null
TestTerraformBasicExample 2022-03-23T01:51:17Z logger.go:66:       - tags             = {
TestTerraformBasicExample 2022-03-23T01:51:17Z logger.go:66:           - "Name" = "ex-basic-private"
TestTerraformBasicExample 2022-03-23T01:51:17Z logger.go:66:         } -> null
TestTerraformBasicExample 2022-03-23T01:51:17Z logger.go:66:       - tags_all         = {
TestTerraformBasicExample 2022-03-23T01:51:17Z logger.go:66:           - "Example"    = "ex-basic"
TestTerraformBasicExample 2022-03-23T01:51:17Z logger.go:66:           - "GithubOrg"  = "aidan-melen"
TestTerraformBasicExample 2022-03-23T01:51:17Z logger.go:66:           - "GithubRepo" = "terraform-aws-eks-auth"
TestTerraformBasicExample 2022-03-23T01:51:17Z logger.go:66:           - "Name"       = "ex-basic-private"
TestTerraformBasicExample 2022-03-23T01:51:17Z logger.go:66:         } -> null
TestTerraformBasicExample 2022-03-23T01:51:17Z logger.go:66:       - vpc_id           = "vpc-024c94e2d2cc5a5c5" -> null
TestTerraformBasicExample 2022-03-23T01:51:17Z logger.go:66:     }
TestTerraformBasicExample 2022-03-23T01:51:17Z logger.go:66:
TestTerraformBasicExample 2022-03-23T01:51:17Z logger.go:66:   # module.vpc.aws_route_table.public[0] will be destroyed
TestTerraformBasicExample 2022-03-23T01:51:17Z logger.go:66:   - resource "aws_route_table" "public" {
TestTerraformBasicExample 2022-03-23T01:51:17Z logger.go:66:       - arn              = "arn:aws:ec2:us-west-2:11111111111:route-table/rtb-02db22ae4ddccb059" -> null
TestTerraformBasicExample 2022-03-23T01:51:17Z logger.go:66:       - id               = "rtb-02db22ae4ddccb059" -> null
TestTerraformBasicExample 2022-03-23T01:51:17Z logger.go:66:       - owner_id         = "11111111111" -> null
TestTerraformBasicExample 2022-03-23T01:51:17Z logger.go:66:       - propagating_vgws = [] -> null
TestTerraformBasicExample 2022-03-23T01:51:17Z logger.go:66:       - route            = [
TestTerraformBasicExample 2022-03-23T01:51:17Z logger.go:66:           - {
TestTerraformBasicExample 2022-03-23T01:51:17Z logger.go:66:               - carrier_gateway_id         = ""
TestTerraformBasicExample 2022-03-23T01:51:17Z logger.go:66:               - cidr_block                 = "0.0.0.0/0"
TestTerraformBasicExample 2022-03-23T01:51:17Z logger.go:66:               - destination_prefix_list_id = ""
TestTerraformBasicExample 2022-03-23T01:51:17Z logger.go:66:               - egress_only_gateway_id     = ""
TestTerraformBasicExample 2022-03-23T01:51:17Z logger.go:66:               - gateway_id                 = "igw-074062c284cb1b8b9"
TestTerraformBasicExample 2022-03-23T01:51:17Z logger.go:66:               - instance_id                = ""
TestTerraformBasicExample 2022-03-23T01:51:17Z logger.go:66:               - ipv6_cidr_block            = ""
TestTerraformBasicExample 2022-03-23T01:51:17Z logger.go:66:               - local_gateway_id           = ""
TestTerraformBasicExample 2022-03-23T01:51:17Z logger.go:66:               - nat_gateway_id             = ""
TestTerraformBasicExample 2022-03-23T01:51:17Z logger.go:66:               - network_interface_id       = ""
TestTerraformBasicExample 2022-03-23T01:51:18Z logger.go:66:               - transit_gateway_id         = ""
TestTerraformBasicExample 2022-03-23T01:51:18Z logger.go:66:               - vpc_endpoint_id            = ""
TestTerraformBasicExample 2022-03-23T01:51:18Z logger.go:66:               - vpc_peering_connection_id  = ""
TestTerraformBasicExample 2022-03-23T01:51:18Z logger.go:66:             },
TestTerraformBasicExample 2022-03-23T01:51:18Z logger.go:66:         ] -> null
TestTerraformBasicExample 2022-03-23T01:51:18Z logger.go:66:       - tags             = {
TestTerraformBasicExample 2022-03-23T01:51:18Z logger.go:66:           - "Name" = "ex-basic-public"
TestTerraformBasicExample 2022-03-23T01:51:18Z logger.go:66:         } -> null
TestTerraformBasicExample 2022-03-23T01:51:18Z logger.go:66:       - tags_all         = {
TestTerraformBasicExample 2022-03-23T01:51:18Z logger.go:66:           - "Example"    = "ex-basic"
TestTerraformBasicExample 2022-03-23T01:51:18Z logger.go:66:           - "GithubOrg"  = "aidan-melen"
TestTerraformBasicExample 2022-03-23T01:51:18Z logger.go:66:           - "GithubRepo" = "terraform-aws-eks-auth"
TestTerraformBasicExample 2022-03-23T01:51:18Z logger.go:66:           - "Name"       = "ex-basic-public"
TestTerraformBasicExample 2022-03-23T01:51:18Z logger.go:66:         } -> null
TestTerraformBasicExample 2022-03-23T01:51:18Z logger.go:66:       - vpc_id           = "vpc-024c94e2d2cc5a5c5" -> null
TestTerraformBasicExample 2022-03-23T01:51:18Z logger.go:66:     }
TestTerraformBasicExample 2022-03-23T01:51:18Z logger.go:66:
TestTerraformBasicExample 2022-03-23T01:51:18Z logger.go:66:   # module.vpc.aws_route_table_association.private[0] will be destroyed
TestTerraformBasicExample 2022-03-23T01:51:18Z logger.go:66:   - resource "aws_route_table_association" "private" {
TestTerraformBasicExample 2022-03-23T01:51:18Z logger.go:66:       - id             = "rtbassoc-07f79d6c87dd89a4a" -> null
TestTerraformBasicExample 2022-03-23T01:51:18Z logger.go:66:       - route_table_id = "rtb-0c022ecbfb2de1ed0" -> null
TestTerraformBasicExample 2022-03-23T01:51:18Z logger.go:66:       - subnet_id      = "subnet-048417218793b6f92" -> null
TestTerraformBasicExample 2022-03-23T01:51:18Z logger.go:66:     }
TestTerraformBasicExample 2022-03-23T01:51:18Z logger.go:66:
TestTerraformBasicExample 2022-03-23T01:51:18Z logger.go:66:   # module.vpc.aws_route_table_association.private[1] will be destroyed
TestTerraformBasicExample 2022-03-23T01:51:18Z logger.go:66:   - resource "aws_route_table_association" "private" {
TestTerraformBasicExample 2022-03-23T01:51:18Z logger.go:66:       - id             = "rtbassoc-0c0bd4b3befa8a0c6" -> null
TestTerraformBasicExample 2022-03-23T01:51:18Z logger.go:66:       - route_table_id = "rtb-0c022ecbfb2de1ed0" -> null
TestTerraformBasicExample 2022-03-23T01:51:18Z logger.go:66:       - subnet_id      = "subnet-072842a5e3c4370f3" -> null
TestTerraformBasicExample 2022-03-23T01:51:18Z logger.go:66:     }
TestTerraformBasicExample 2022-03-23T01:51:18Z logger.go:66:
TestTerraformBasicExample 2022-03-23T01:51:18Z logger.go:66:   # module.vpc.aws_route_table_association.private[2] will be destroyed
TestTerraformBasicExample 2022-03-23T01:51:18Z logger.go:66:   - resource "aws_route_table_association" "private" {
TestTerraformBasicExample 2022-03-23T01:51:18Z logger.go:66:       - id             = "rtbassoc-0961fdc9765c1f786" -> null
TestTerraformBasicExample 2022-03-23T01:51:18Z logger.go:66:       - route_table_id = "rtb-0c022ecbfb2de1ed0" -> null
TestTerraformBasicExample 2022-03-23T01:51:18Z logger.go:66:       - subnet_id      = "subnet-068dd3151a8c4f57a" -> null
TestTerraformBasicExample 2022-03-23T01:51:18Z logger.go:66:     }
TestTerraformBasicExample 2022-03-23T01:51:18Z logger.go:66:
TestTerraformBasicExample 2022-03-23T01:51:18Z logger.go:66:   # module.vpc.aws_route_table_association.public[0] will be destroyed
TestTerraformBasicExample 2022-03-23T01:51:18Z logger.go:66:   - resource "aws_route_table_association" "public" {
TestTerraformBasicExample 2022-03-23T01:51:18Z logger.go:66:       - id             = "rtbassoc-0ab4b9a5a4a3800fa" -> null
TestTerraformBasicExample 2022-03-23T01:51:18Z logger.go:66:       - route_table_id = "rtb-02db22ae4ddccb059" -> null
TestTerraformBasicExample 2022-03-23T01:51:18Z logger.go:66:       - subnet_id      = "subnet-079ad716eea1e2069" -> null
TestTerraformBasicExample 2022-03-23T01:51:18Z logger.go:66:     }
TestTerraformBasicExample 2022-03-23T01:51:18Z logger.go:66:
TestTerraformBasicExample 2022-03-23T01:51:18Z logger.go:66:   # module.vpc.aws_route_table_association.public[1] will be destroyed
TestTerraformBasicExample 2022-03-23T01:51:18Z logger.go:66:   - resource "aws_route_table_association" "public" {
TestTerraformBasicExample 2022-03-23T01:51:18Z logger.go:66:       - id             = "rtbassoc-05f608f3d4c2e600a" -> null
TestTerraformBasicExample 2022-03-23T01:51:18Z logger.go:66:       - route_table_id = "rtb-02db22ae4ddccb059" -> null
TestTerraformBasicExample 2022-03-23T01:51:18Z logger.go:66:       - subnet_id      = "subnet-06be12edc2ce26d40" -> null
TestTerraformBasicExample 2022-03-23T01:51:18Z logger.go:66:     }
TestTerraformBasicExample 2022-03-23T01:51:18Z logger.go:66:
TestTerraformBasicExample 2022-03-23T01:51:18Z logger.go:66:   # module.vpc.aws_route_table_association.public[2] will be destroyed
TestTerraformBasicExample 2022-03-23T01:51:18Z logger.go:66:   - resource "aws_route_table_association" "public" {
TestTerraformBasicExample 2022-03-23T01:51:18Z logger.go:66:       - id             = "rtbassoc-026dd3d93ee716b27" -> null
TestTerraformBasicExample 2022-03-23T01:51:18Z logger.go:66:       - route_table_id = "rtb-02db22ae4ddccb059" -> null
TestTerraformBasicExample 2022-03-23T01:51:18Z logger.go:66:       - subnet_id      = "subnet-0ece4cad94417765f" -> null
TestTerraformBasicExample 2022-03-23T01:51:18Z logger.go:66:     }
TestTerraformBasicExample 2022-03-23T01:51:18Z logger.go:66:
TestTerraformBasicExample 2022-03-23T01:51:18Z logger.go:66:   # module.vpc.aws_subnet.private[0] will be destroyed
TestTerraformBasicExample 2022-03-23T01:51:18Z logger.go:66:   - resource "aws_subnet" "private" {
TestTerraformBasicExample 2022-03-23T01:51:18Z logger.go:66:       - arn                                            = "arn:aws:ec2:us-west-2:11111111111:subnet/subnet-048417218793b6f92" -> null
TestTerraformBasicExample 2022-03-23T01:51:18Z logger.go:66:       - assign_ipv6_address_on_creation                = false -> null
TestTerraformBasicExample 2022-03-23T01:51:18Z logger.go:66:       - availability_zone                              = "us-west-2a" -> null
TestTerraformBasicExample 2022-03-23T01:51:18Z logger.go:66:       - availability_zone_id                           = "usw2-az1" -> null
TestTerraformBasicExample 2022-03-23T01:51:18Z logger.go:66:       - cidr_block                                     = "10.0.1.0/24" -> null
TestTerraformBasicExample 2022-03-23T01:51:18Z logger.go:66:       - enable_dns64                                   = false -> null
TestTerraformBasicExample 2022-03-23T01:51:18Z logger.go:66:       - enable_resource_name_dns_a_record_on_launch    = false -> null
TestTerraformBasicExample 2022-03-23T01:51:18Z logger.go:66:       - enable_resource_name_dns_aaaa_record_on_launch = false -> null
TestTerraformBasicExample 2022-03-23T01:51:18Z logger.go:66:       - id                                             = "subnet-048417218793b6f92" -> null
TestTerraformBasicExample 2022-03-23T01:51:18Z logger.go:66:       - ipv6_native                                    = false -> null
TestTerraformBasicExample 2022-03-23T01:51:18Z logger.go:66:       - map_customer_owned_ip_on_launch                = false -> null
TestTerraformBasicExample 2022-03-23T01:51:18Z logger.go:66:       - map_public_ip_on_launch                        = false -> null
TestTerraformBasicExample 2022-03-23T01:51:18Z logger.go:66:       - owner_id                                       = "11111111111" -> null
TestTerraformBasicExample 2022-03-23T01:51:18Z logger.go:66:       - private_dns_hostname_type_on_launch            = "ip-name" -> null
TestTerraformBasicExample 2022-03-23T01:51:18Z logger.go:66:       - tags                                           = {
TestTerraformBasicExample 2022-03-23T01:51:18Z logger.go:66:           - "Name"                            = "ex-basic-private-us-west-2a"
TestTerraformBasicExample 2022-03-23T01:51:18Z logger.go:66:           - "kubernetes.io/cluster/ex-basic"  = "shared"
TestTerraformBasicExample 2022-03-23T01:51:18Z logger.go:66:           - "kubernetes.io/role/internal-elb" = "1"
TestTerraformBasicExample 2022-03-23T01:51:18Z logger.go:66:         } -> null
TestTerraformBasicExample 2022-03-23T01:51:18Z logger.go:66:       - tags_all                                       = {
TestTerraformBasicExample 2022-03-23T01:51:18Z logger.go:66:           - "Example"                         = "ex-basic"
TestTerraformBasicExample 2022-03-23T01:51:18Z logger.go:66:           - "GithubOrg"                       = "aidan-melen"
TestTerraformBasicExample 2022-03-23T01:51:18Z logger.go:66:           - "GithubRepo"                      = "terraform-aws-eks-auth"
TestTerraformBasicExample 2022-03-23T01:51:18Z logger.go:66:           - "Name"                            = "ex-basic-private-us-west-2a"
TestTerraformBasicExample 2022-03-23T01:51:18Z logger.go:66:           - "kubernetes.io/cluster/ex-basic"  = "shared"
TestTerraformBasicExample 2022-03-23T01:51:18Z logger.go:66:           - "kubernetes.io/role/internal-elb" = "1"
TestTerraformBasicExample 2022-03-23T01:51:18Z logger.go:66:         } -> null
TestTerraformBasicExample 2022-03-23T01:51:18Z logger.go:66:       - vpc_id                                         = "vpc-024c94e2d2cc5a5c5" -> null
TestTerraformBasicExample 2022-03-23T01:51:18Z logger.go:66:     }
TestTerraformBasicExample 2022-03-23T01:51:18Z logger.go:66:
TestTerraformBasicExample 2022-03-23T01:51:18Z logger.go:66:   # module.vpc.aws_subnet.private[1] will be destroyed
TestTerraformBasicExample 2022-03-23T01:51:18Z logger.go:66:   - resource "aws_subnet" "private" {
TestTerraformBasicExample 2022-03-23T01:51:18Z logger.go:66:       - arn                                            = "arn:aws:ec2:us-west-2:11111111111:subnet/subnet-072842a5e3c4370f3" -> null
TestTerraformBasicExample 2022-03-23T01:51:18Z logger.go:66:       - assign_ipv6_address_on_creation                = false -> null
TestTerraformBasicExample 2022-03-23T01:51:18Z logger.go:66:       - availability_zone                              = "us-west-2b" -> null
TestTerraformBasicExample 2022-03-23T01:51:18Z logger.go:66:       - availability_zone_id                           = "usw2-az2" -> null
TestTerraformBasicExample 2022-03-23T01:51:18Z logger.go:66:       - cidr_block                                     = "10.0.2.0/24" -> null
TestTerraformBasicExample 2022-03-23T01:51:18Z logger.go:66:       - enable_dns64                                   = false -> null
TestTerraformBasicExample 2022-03-23T01:51:18Z logger.go:66:       - enable_resource_name_dns_a_record_on_launch    = false -> null
TestTerraformBasicExample 2022-03-23T01:51:18Z logger.go:66:       - enable_resource_name_dns_aaaa_record_on_launch = false -> null
TestTerraformBasicExample 2022-03-23T01:51:18Z logger.go:66:       - id                                             = "subnet-072842a5e3c4370f3" -> null
TestTerraformBasicExample 2022-03-23T01:51:18Z logger.go:66:       - ipv6_native                                    = false -> null
TestTerraformBasicExample 2022-03-23T01:51:18Z logger.go:66:       - map_customer_owned_ip_on_launch                = false -> null
TestTerraformBasicExample 2022-03-23T01:51:18Z logger.go:66:       - map_public_ip_on_launch                        = false -> null
TestTerraformBasicExample 2022-03-23T01:51:18Z logger.go:66:       - owner_id                                       = "11111111111" -> null
TestTerraformBasicExample 2022-03-23T01:51:18Z logger.go:66:       - private_dns_hostname_type_on_launch            = "ip-name" -> null
TestTerraformBasicExample 2022-03-23T01:51:18Z logger.go:66:       - tags                                           = {
TestTerraformBasicExample 2022-03-23T01:51:18Z logger.go:66:           - "Name"                            = "ex-basic-private-us-west-2b"
TestTerraformBasicExample 2022-03-23T01:51:18Z logger.go:66:           - "kubernetes.io/cluster/ex-basic"  = "shared"
TestTerraformBasicExample 2022-03-23T01:51:18Z logger.go:66:           - "kubernetes.io/role/internal-elb" = "1"
TestTerraformBasicExample 2022-03-23T01:51:18Z logger.go:66:         } -> null
TestTerraformBasicExample 2022-03-23T01:51:18Z logger.go:66:       - tags_all                                       = {
TestTerraformBasicExample 2022-03-23T01:51:18Z logger.go:66:           - "Example"                         = "ex-basic"
TestTerraformBasicExample 2022-03-23T01:51:18Z logger.go:66:           - "GithubOrg"                       = "aidan-melen"
TestTerraformBasicExample 2022-03-23T01:51:18Z logger.go:66:           - "GithubRepo"                      = "terraform-aws-eks-auth"
TestTerraformBasicExample 2022-03-23T01:51:18Z logger.go:66:           - "Name"                            = "ex-basic-private-us-west-2b"
TestTerraformBasicExample 2022-03-23T01:51:18Z logger.go:66:           - "kubernetes.io/cluster/ex-basic"  = "shared"
TestTerraformBasicExample 2022-03-23T01:51:18Z logger.go:66:           - "kubernetes.io/role/internal-elb" = "1"
TestTerraformBasicExample 2022-03-23T01:51:18Z logger.go:66:         } -> null
TestTerraformBasicExample 2022-03-23T01:51:18Z logger.go:66:       - vpc_id                                         = "vpc-024c94e2d2cc5a5c5" -> null
TestTerraformBasicExample 2022-03-23T01:51:18Z logger.go:66:     }
TestTerraformBasicExample 2022-03-23T01:51:18Z logger.go:66:
TestTerraformBasicExample 2022-03-23T01:51:18Z logger.go:66:   # module.vpc.aws_subnet.private[2] will be destroyed
TestTerraformBasicExample 2022-03-23T01:51:18Z logger.go:66:   - resource "aws_subnet" "private" {
TestTerraformBasicExample 2022-03-23T01:51:18Z logger.go:66:       - arn                                            = "arn:aws:ec2:us-west-2:11111111111:subnet/subnet-068dd3151a8c4f57a" -> null
TestTerraformBasicExample 2022-03-23T01:51:18Z logger.go:66:       - assign_ipv6_address_on_creation                = false -> null
TestTerraformBasicExample 2022-03-23T01:51:18Z logger.go:66:       - availability_zone                              = "us-west-2c" -> null
TestTerraformBasicExample 2022-03-23T01:51:18Z logger.go:66:       - availability_zone_id                           = "usw2-az3" -> null
TestTerraformBasicExample 2022-03-23T01:51:18Z logger.go:66:       - cidr_block                                     = "10.0.3.0/24" -> null
TestTerraformBasicExample 2022-03-23T01:51:18Z logger.go:66:       - enable_dns64                                   = false -> null
TestTerraformBasicExample 2022-03-23T01:51:18Z logger.go:66:       - enable_resource_name_dns_a_record_on_launch    = false -> null
TestTerraformBasicExample 2022-03-23T01:51:18Z logger.go:66:       - enable_resource_name_dns_aaaa_record_on_launch = false -> null
TestTerraformBasicExample 2022-03-23T01:51:18Z logger.go:66:       - id                                             = "subnet-068dd3151a8c4f57a" -> null
TestTerraformBasicExample 2022-03-23T01:51:18Z logger.go:66:       - ipv6_native                                    = false -> null
TestTerraformBasicExample 2022-03-23T01:51:18Z logger.go:66:       - map_customer_owned_ip_on_launch                = false -> null
TestTerraformBasicExample 2022-03-23T01:51:18Z logger.go:66:       - map_public_ip_on_launch                        = false -> null
TestTerraformBasicExample 2022-03-23T01:51:18Z logger.go:66:       - owner_id                                       = "11111111111" -> null
TestTerraformBasicExample 2022-03-23T01:51:18Z logger.go:66:       - private_dns_hostname_type_on_launch            = "ip-name" -> null
TestTerraformBasicExample 2022-03-23T01:51:18Z logger.go:66:       - tags                                           = {
TestTerraformBasicExample 2022-03-23T01:51:18Z logger.go:66:           - "Name"                            = "ex-basic-private-us-west-2c"
TestTerraformBasicExample 2022-03-23T01:51:18Z logger.go:66:           - "kubernetes.io/cluster/ex-basic"  = "shared"
TestTerraformBasicExample 2022-03-23T01:51:18Z logger.go:66:           - "kubernetes.io/role/internal-elb" = "1"
TestTerraformBasicExample 2022-03-23T01:51:18Z logger.go:66:         } -> null
TestTerraformBasicExample 2022-03-23T01:51:18Z logger.go:66:       - tags_all                                       = {
TestTerraformBasicExample 2022-03-23T01:51:18Z logger.go:66:           - "Example"                         = "ex-basic"
TestTerraformBasicExample 2022-03-23T01:51:18Z logger.go:66:           - "GithubOrg"                       = "aidan-melen"
TestTerraformBasicExample 2022-03-23T01:51:18Z logger.go:66:           - "GithubRepo"                      = "terraform-aws-eks-auth"
TestTerraformBasicExample 2022-03-23T01:51:18Z logger.go:66:           - "Name"                            = "ex-basic-private-us-west-2c"
TestTerraformBasicExample 2022-03-23T01:51:18Z logger.go:66:           - "kubernetes.io/cluster/ex-basic"  = "shared"
TestTerraformBasicExample 2022-03-23T01:51:18Z logger.go:66:           - "kubernetes.io/role/internal-elb" = "1"
TestTerraformBasicExample 2022-03-23T01:51:18Z logger.go:66:         } -> null
TestTerraformBasicExample 2022-03-23T01:51:18Z logger.go:66:       - vpc_id                                         = "vpc-024c94e2d2cc5a5c5" -> null
TestTerraformBasicExample 2022-03-23T01:51:18Z logger.go:66:     }
TestTerraformBasicExample 2022-03-23T01:51:18Z logger.go:66:
TestTerraformBasicExample 2022-03-23T01:51:18Z logger.go:66:   # module.vpc.aws_subnet.public[0] will be destroyed
TestTerraformBasicExample 2022-03-23T01:51:18Z logger.go:66:   - resource "aws_subnet" "public" {
TestTerraformBasicExample 2022-03-23T01:51:18Z logger.go:66:       - arn                                            = "arn:aws:ec2:us-west-2:11111111111:subnet/subnet-079ad716eea1e2069" -> null
TestTerraformBasicExample 2022-03-23T01:51:18Z logger.go:66:       - assign_ipv6_address_on_creation                = false -> null
TestTerraformBasicExample 2022-03-23T01:51:18Z logger.go:66:       - availability_zone                              = "us-west-2a" -> null
TestTerraformBasicExample 2022-03-23T01:51:18Z logger.go:66:       - availability_zone_id                           = "usw2-az1" -> null
TestTerraformBasicExample 2022-03-23T01:51:18Z logger.go:66:       - cidr_block                                     = "10.0.4.0/24" -> null
TestTerraformBasicExample 2022-03-23T01:51:18Z logger.go:66:       - enable_dns64                                   = false -> null
TestTerraformBasicExample 2022-03-23T01:51:18Z logger.go:66:       - enable_resource_name_dns_a_record_on_launch    = false -> null
TestTerraformBasicExample 2022-03-23T01:51:18Z logger.go:66:       - enable_resource_name_dns_aaaa_record_on_launch = false -> null
TestTerraformBasicExample 2022-03-23T01:51:18Z logger.go:66:       - id                                             = "subnet-079ad716eea1e2069" -> null
TestTerraformBasicExample 2022-03-23T01:51:18Z logger.go:66:       - ipv6_native                                    = false -> null
TestTerraformBasicExample 2022-03-23T01:51:18Z logger.go:66:       - map_customer_owned_ip_on_launch                = false -> null
TestTerraformBasicExample 2022-03-23T01:51:18Z logger.go:66:       - map_public_ip_on_launch                        = true -> null
TestTerraformBasicExample 2022-03-23T01:51:18Z logger.go:66:       - owner_id                                       = "11111111111" -> null
TestTerraformBasicExample 2022-03-23T01:51:18Z logger.go:66:       - private_dns_hostname_type_on_launch            = "ip-name" -> null
TestTerraformBasicExample 2022-03-23T01:51:18Z logger.go:66:       - tags                                           = {
TestTerraformBasicExample 2022-03-23T01:51:18Z logger.go:66:           - "Name"                           = "ex-basic-public-us-west-2a"
TestTerraformBasicExample 2022-03-23T01:51:18Z logger.go:66:           - "kubernetes.io/cluster/ex-basic" = "shared"
TestTerraformBasicExample 2022-03-23T01:51:18Z logger.go:66:           - "kubernetes.io/role/elb"         = "1"
TestTerraformBasicExample 2022-03-23T01:51:18Z logger.go:66:         } -> null
TestTerraformBasicExample 2022-03-23T01:51:18Z logger.go:66:       - tags_all                                       = {
TestTerraformBasicExample 2022-03-23T01:51:18Z logger.go:66:           - "Example"                        = "ex-basic"
TestTerraformBasicExample 2022-03-23T01:51:18Z logger.go:66:           - "GithubOrg"                      = "aidan-melen"
TestTerraformBasicExample 2022-03-23T01:51:18Z logger.go:66:           - "GithubRepo"                     = "terraform-aws-eks-auth"
TestTerraformBasicExample 2022-03-23T01:51:18Z logger.go:66:           - "Name"                           = "ex-basic-public-us-west-2a"
TestTerraformBasicExample 2022-03-23T01:51:18Z logger.go:66:           - "kubernetes.io/cluster/ex-basic" = "shared"
TestTerraformBasicExample 2022-03-23T01:51:18Z logger.go:66:           - "kubernetes.io/role/elb"         = "1"
TestTerraformBasicExample 2022-03-23T01:51:18Z logger.go:66:         } -> null
TestTerraformBasicExample 2022-03-23T01:51:18Z logger.go:66:       - vpc_id                                         = "vpc-024c94e2d2cc5a5c5" -> null
TestTerraformBasicExample 2022-03-23T01:51:18Z logger.go:66:     }
TestTerraformBasicExample 2022-03-23T01:51:18Z logger.go:66:
TestTerraformBasicExample 2022-03-23T01:51:18Z logger.go:66:   # module.vpc.aws_subnet.public[1] will be destroyed
TestTerraformBasicExample 2022-03-23T01:51:18Z logger.go:66:   - resource "aws_subnet" "public" {
TestTerraformBasicExample 2022-03-23T01:51:18Z logger.go:66:       - arn                                            = "arn:aws:ec2:us-west-2:11111111111:subnet/subnet-06be12edc2ce26d40" -> null
TestTerraformBasicExample 2022-03-23T01:51:18Z logger.go:66:       - assign_ipv6_address_on_creation                = false -> null
TestTerraformBasicExample 2022-03-23T01:51:18Z logger.go:66:       - availability_zone                              = "us-west-2b" -> null
TestTerraformBasicExample 2022-03-23T01:51:18Z logger.go:66:       - availability_zone_id                           = "usw2-az2" -> null
TestTerraformBasicExample 2022-03-23T01:51:18Z logger.go:66:       - cidr_block                                     = "10.0.5.0/24" -> null
TestTerraformBasicExample 2022-03-23T01:51:18Z logger.go:66:       - enable_dns64                                   = false -> null
TestTerraformBasicExample 2022-03-23T01:51:18Z logger.go:66:       - enable_resource_name_dns_a_record_on_launch    = false -> null
TestTerraformBasicExample 2022-03-23T01:51:18Z logger.go:66:       - enable_resource_name_dns_aaaa_record_on_launch = false -> null
TestTerraformBasicExample 2022-03-23T01:51:18Z logger.go:66:       - id                                             = "subnet-06be12edc2ce26d40" -> null
TestTerraformBasicExample 2022-03-23T01:51:18Z logger.go:66:       - ipv6_native                                    = false -> null
TestTerraformBasicExample 2022-03-23T01:51:18Z logger.go:66:       - map_customer_owned_ip_on_launch                = false -> null
TestTerraformBasicExample 2022-03-23T01:51:18Z logger.go:66:       - map_public_ip_on_launch                        = true -> null
TestTerraformBasicExample 2022-03-23T01:51:18Z logger.go:66:       - owner_id                                       = "11111111111" -> null
TestTerraformBasicExample 2022-03-23T01:51:18Z logger.go:66:       - private_dns_hostname_type_on_launch            = "ip-name" -> null
TestTerraformBasicExample 2022-03-23T01:51:18Z logger.go:66:       - tags                                           = {
TestTerraformBasicExample 2022-03-23T01:51:18Z logger.go:66:           - "Name"                           = "ex-basic-public-us-west-2b"
TestTerraformBasicExample 2022-03-23T01:51:18Z logger.go:66:           - "kubernetes.io/cluster/ex-basic" = "shared"
TestTerraformBasicExample 2022-03-23T01:51:18Z logger.go:66:           - "kubernetes.io/role/elb"         = "1"
TestTerraformBasicExample 2022-03-23T01:51:18Z logger.go:66:         } -> null
TestTerraformBasicExample 2022-03-23T01:51:18Z logger.go:66:       - tags_all                                       = {
TestTerraformBasicExample 2022-03-23T01:51:18Z logger.go:66:           - "Example"                        = "ex-basic"
TestTerraformBasicExample 2022-03-23T01:51:18Z logger.go:66:           - "GithubOrg"                      = "aidan-melen"
TestTerraformBasicExample 2022-03-23T01:51:18Z logger.go:66:           - "GithubRepo"                     = "terraform-aws-eks-auth"
TestTerraformBasicExample 2022-03-23T01:51:18Z logger.go:66:           - "Name"                           = "ex-basic-public-us-west-2b"
TestTerraformBasicExample 2022-03-23T01:51:18Z logger.go:66:           - "kubernetes.io/cluster/ex-basic" = "shared"
TestTerraformBasicExample 2022-03-23T01:51:18Z logger.go:66:           - "kubernetes.io/role/elb"         = "1"
TestTerraformBasicExample 2022-03-23T01:51:18Z logger.go:66:         } -> null
TestTerraformBasicExample 2022-03-23T01:51:18Z logger.go:66:       - vpc_id                                         = "vpc-024c94e2d2cc5a5c5" -> null
TestTerraformBasicExample 2022-03-23T01:51:18Z logger.go:66:     }
TestTerraformBasicExample 2022-03-23T01:51:18Z logger.go:66:
TestTerraformBasicExample 2022-03-23T01:51:18Z logger.go:66:   # module.vpc.aws_subnet.public[2] will be destroyed
TestTerraformBasicExample 2022-03-23T01:51:18Z logger.go:66:   - resource "aws_subnet" "public" {
TestTerraformBasicExample 2022-03-23T01:51:18Z logger.go:66:       - arn                                            = "arn:aws:ec2:us-west-2:11111111111:subnet/subnet-0ece4cad94417765f" -> null
TestTerraformBasicExample 2022-03-23T01:51:18Z logger.go:66:       - assign_ipv6_address_on_creation                = false -> null
TestTerraformBasicExample 2022-03-23T01:51:18Z logger.go:66:       - availability_zone                              = "us-west-2c" -> null
TestTerraformBasicExample 2022-03-23T01:51:18Z logger.go:66:       - availability_zone_id                           = "usw2-az3" -> null
TestTerraformBasicExample 2022-03-23T01:51:18Z logger.go:66:       - cidr_block                                     = "10.0.6.0/24" -> null
TestTerraformBasicExample 2022-03-23T01:51:18Z logger.go:66:       - enable_dns64                                   = false -> null
TestTerraformBasicExample 2022-03-23T01:51:18Z logger.go:66:       - enable_resource_name_dns_a_record_on_launch    = false -> null
TestTerraformBasicExample 2022-03-23T01:51:18Z logger.go:66:       - enable_resource_name_dns_aaaa_record_on_launch = false -> null
TestTerraformBasicExample 2022-03-23T01:51:18Z logger.go:66:       - id                                             = "subnet-0ece4cad94417765f" -> null
TestTerraformBasicExample 2022-03-23T01:51:18Z logger.go:66:       - ipv6_native                                    = false -> null
TestTerraformBasicExample 2022-03-23T01:51:18Z logger.go:66:       - map_customer_owned_ip_on_launch                = false -> null
TestTerraformBasicExample 2022-03-23T01:51:18Z logger.go:66:       - map_public_ip_on_launch                        = true -> null
TestTerraformBasicExample 2022-03-23T01:51:18Z logger.go:66:       - owner_id                                       = "11111111111" -> null
TestTerraformBasicExample 2022-03-23T01:51:18Z logger.go:66:       - private_dns_hostname_type_on_launch            = "ip-name" -> null
TestTerraformBasicExample 2022-03-23T01:51:18Z logger.go:66:       - tags                                           = {
TestTerraformBasicExample 2022-03-23T01:51:18Z logger.go:66:           - "Name"                           = "ex-basic-public-us-west-2c"
TestTerraformBasicExample 2022-03-23T01:51:18Z logger.go:66:           - "kubernetes.io/cluster/ex-basic" = "shared"
TestTerraformBasicExample 2022-03-23T01:51:18Z logger.go:66:           - "kubernetes.io/role/elb"         = "1"
TestTerraformBasicExample 2022-03-23T01:51:18Z logger.go:66:         } -> null
TestTerraformBasicExample 2022-03-23T01:51:18Z logger.go:66:       - tags_all                                       = {
TestTerraformBasicExample 2022-03-23T01:51:18Z logger.go:66:           - "Example"                        = "ex-basic"
TestTerraformBasicExample 2022-03-23T01:51:18Z logger.go:66:           - "GithubOrg"                      = "aidan-melen"
TestTerraformBasicExample 2022-03-23T01:51:18Z logger.go:66:           - "GithubRepo"                     = "terraform-aws-eks-auth"
TestTerraformBasicExample 2022-03-23T01:51:18Z logger.go:66:           - "Name"                           = "ex-basic-public-us-west-2c"
TestTerraformBasicExample 2022-03-23T01:51:18Z logger.go:66:           - "kubernetes.io/cluster/ex-basic" = "shared"
TestTerraformBasicExample 2022-03-23T01:51:18Z logger.go:66:           - "kubernetes.io/role/elb"         = "1"
TestTerraformBasicExample 2022-03-23T01:51:18Z logger.go:66:         } -> null
TestTerraformBasicExample 2022-03-23T01:51:18Z logger.go:66:       - vpc_id                                         = "vpc-024c94e2d2cc5a5c5" -> null
TestTerraformBasicExample 2022-03-23T01:51:18Z logger.go:66:     }
TestTerraformBasicExample 2022-03-23T01:51:18Z logger.go:66:
TestTerraformBasicExample 2022-03-23T01:51:18Z logger.go:66:   # module.vpc.aws_vpc.this[0] will be destroyed
TestTerraformBasicExample 2022-03-23T01:51:18Z logger.go:66:   - resource "aws_vpc" "this" {
TestTerraformBasicExample 2022-03-23T01:51:18Z logger.go:66:       - arn                              = "arn:aws:ec2:us-west-2:11111111111:vpc/vpc-024c94e2d2cc5a5c5" -> null
TestTerraformBasicExample 2022-03-23T01:51:18Z logger.go:66:       - assign_generated_ipv6_cidr_block = false -> null
TestTerraformBasicExample 2022-03-23T01:51:18Z logger.go:66:       - cidr_block                       = "10.0.0.0/16" -> null
TestTerraformBasicExample 2022-03-23T01:51:18Z logger.go:66:       - default_network_acl_id           = "acl-04f4c1231d67e6318" -> null
TestTerraformBasicExample 2022-03-23T01:51:18Z logger.go:66:       - default_route_table_id           = "rtb-0560ff52bee9d8a5b" -> null
TestTerraformBasicExample 2022-03-23T01:51:18Z logger.go:66:       - default_security_group_id        = "sg-05e7833c2d9e6ca90" -> null
TestTerraformBasicExample 2022-03-23T01:51:18Z logger.go:66:       - dhcp_options_id                  = "dopt-b05de4d7" -> null
TestTerraformBasicExample 2022-03-23T01:51:18Z logger.go:66:       - enable_classiclink               = false -> null
TestTerraformBasicExample 2022-03-23T01:51:18Z logger.go:66:       - enable_classiclink_dns_support   = false -> null
TestTerraformBasicExample 2022-03-23T01:51:18Z logger.go:66:       - enable_dns_hostnames             = true -> null
TestTerraformBasicExample 2022-03-23T01:51:18Z logger.go:66:       - enable_dns_support               = true -> null
TestTerraformBasicExample 2022-03-23T01:51:18Z logger.go:66:       - id                               = "vpc-024c94e2d2cc5a5c5" -> null
TestTerraformBasicExample 2022-03-23T01:51:18Z logger.go:66:       - instance_tenancy                 = "default" -> null
TestTerraformBasicExample 2022-03-23T01:51:18Z logger.go:66:       - ipv6_netmask_length              = 0 -> null
TestTerraformBasicExample 2022-03-23T01:51:18Z logger.go:66:       - main_route_table_id              = "rtb-0560ff52bee9d8a5b" -> null
TestTerraformBasicExample 2022-03-23T01:51:18Z logger.go:66:       - owner_id                         = "11111111111" -> null
TestTerraformBasicExample 2022-03-23T01:51:18Z logger.go:66:       - tags                             = {
TestTerraformBasicExample 2022-03-23T01:51:18Z logger.go:66:           - "Name" = "ex-basic"
TestTerraformBasicExample 2022-03-23T01:51:18Z logger.go:66:         } -> null
TestTerraformBasicExample 2022-03-23T01:51:18Z logger.go:66:       - tags_all                         = {
TestTerraformBasicExample 2022-03-23T01:51:18Z logger.go:66:           - "Example"    = "ex-basic"
TestTerraformBasicExample 2022-03-23T01:51:18Z logger.go:66:           - "GithubOrg"  = "aidan-melen"
TestTerraformBasicExample 2022-03-23T01:51:18Z logger.go:66:           - "GithubRepo" = "terraform-aws-eks-auth"
TestTerraformBasicExample 2022-03-23T01:51:18Z logger.go:66:           - "Name"       = "ex-basic"
TestTerraformBasicExample 2022-03-23T01:51:18Z logger.go:66:         } -> null
TestTerraformBasicExample 2022-03-23T01:51:18Z logger.go:66:     }
TestTerraformBasicExample 2022-03-23T01:51:18Z logger.go:66:
TestTerraformBasicExample 2022-03-23T01:51:18Z logger.go:66:   # module.eks.module.eks_managed_node_group["foo"].aws_eks_node_group.this[0] will be destroyed
TestTerraformBasicExample 2022-03-23T01:51:18Z logger.go:66:   - resource "aws_eks_node_group" "this" {
TestTerraformBasicExample 2022-03-23T01:51:18Z logger.go:66:       - ami_type               = "AL2_x86_64" -> null
TestTerraformBasicExample 2022-03-23T01:51:18Z logger.go:66:       - arn                    = "arn:aws:eks:us-west-2:11111111111:nodegroup/ex-basic/foo-2022032301483379850000000d/f0bfda3b-14f5-ed58-d938-c81f45c4621a" -> null
TestTerraformBasicExample 2022-03-23T01:51:18Z logger.go:66:       - capacity_type          = "ON_DEMAND" -> null
TestTerraformBasicExample 2022-03-23T01:51:18Z logger.go:66:       - cluster_name           = "ex-basic" -> null
TestTerraformBasicExample 2022-03-23T01:51:18Z logger.go:66:       - disk_size              = 0 -> null
TestTerraformBasicExample 2022-03-23T01:51:18Z logger.go:66:       - id                     = "ex-basic:foo-2022032301483379850000000d" -> null
TestTerraformBasicExample 2022-03-23T01:51:18Z logger.go:66:       - instance_types         = [
TestTerraformBasicExample 2022-03-23T01:51:18Z logger.go:66:           - "t3.medium",
TestTerraformBasicExample 2022-03-23T01:51:18Z logger.go:66:         ] -> null
TestTerraformBasicExample 2022-03-23T01:51:18Z logger.go:66:       - labels                 = {} -> null
TestTerraformBasicExample 2022-03-23T01:51:18Z logger.go:66:       - node_group_name        = "foo-2022032301483379850000000d" -> null
TestTerraformBasicExample 2022-03-23T01:51:18Z logger.go:66:       - node_group_name_prefix = "foo-" -> null
TestTerraformBasicExample 2022-03-23T01:51:18Z logger.go:66:       - node_role_arn          = "arn:aws:iam::11111111111:role/foo-eks-node-group-20220323013727515700000001" -> null
TestTerraformBasicExample 2022-03-23T01:51:18Z logger.go:66:       - release_version        = "1.21.5-20220309" -> null
TestTerraformBasicExample 2022-03-23T01:51:18Z logger.go:66:       - resources              = [
TestTerraformBasicExample 2022-03-23T01:51:18Z logger.go:66:           - {
TestTerraformBasicExample 2022-03-23T01:51:18Z logger.go:66:               - autoscaling_groups              = [
TestTerraformBasicExample 2022-03-23T01:51:18Z logger.go:66:                   - {
TestTerraformBasicExample 2022-03-23T01:51:18Z logger.go:66:                       - name = "eks-foo-2022032301483379850000000d-f0bfda3b-14f5-ed58-d938-c81f45c4621a"
TestTerraformBasicExample 2022-03-23T01:51:18Z logger.go:66:                     },
TestTerraformBasicExample 2022-03-23T01:51:18Z logger.go:66:                 ]
TestTerraformBasicExample 2022-03-23T01:51:18Z logger.go:66:               - remote_access_security_group_id = ""
TestTerraformBasicExample 2022-03-23T01:51:18Z logger.go:66:             },
TestTerraformBasicExample 2022-03-23T01:51:18Z logger.go:66:         ] -> null
TestTerraformBasicExample 2022-03-23T01:51:18Z logger.go:66:       - status                 = "ACTIVE" -> null
TestTerraformBasicExample 2022-03-23T01:51:18Z logger.go:66:       - subnet_ids             = [
TestTerraformBasicExample 2022-03-23T01:51:18Z logger.go:66:           - "subnet-048417218793b6f92",
TestTerraformBasicExample 2022-03-23T01:51:18Z logger.go:66:           - "subnet-068dd3151a8c4f57a",
TestTerraformBasicExample 2022-03-23T01:51:18Z logger.go:66:           - "subnet-072842a5e3c4370f3",
TestTerraformBasicExample 2022-03-23T01:51:18Z logger.go:66:         ] -> null
TestTerraformBasicExample 2022-03-23T01:51:18Z logger.go:66:       - tags                   = {
TestTerraformBasicExample 2022-03-23T01:51:18Z logger.go:66:           - "Name" = "foo"
TestTerraformBasicExample 2022-03-23T01:51:18Z logger.go:66:         } -> null
TestTerraformBasicExample 2022-03-23T01:51:18Z logger.go:66:       - tags_all               = {
TestTerraformBasicExample 2022-03-23T01:51:18Z logger.go:66:           - "Example"    = "ex-basic"
TestTerraformBasicExample 2022-03-23T01:51:18Z logger.go:66:           - "GithubOrg"  = "aidan-melen"
TestTerraformBasicExample 2022-03-23T01:51:18Z logger.go:66:           - "GithubRepo" = "terraform-aws-eks-auth"
TestTerraformBasicExample 2022-03-23T01:51:18Z logger.go:66:           - "Name"       = "foo"
TestTerraformBasicExample 2022-03-23T01:51:18Z logger.go:66:         } -> null
TestTerraformBasicExample 2022-03-23T01:51:18Z logger.go:66:       - version                = "1.21" -> null
TestTerraformBasicExample 2022-03-23T01:51:18Z logger.go:66:
TestTerraformBasicExample 2022-03-23T01:51:18Z logger.go:66:       - launch_template {
TestTerraformBasicExample 2022-03-23T01:51:18Z logger.go:66:           - id      = "lt-02f9a33c136552fc6" -> null
TestTerraformBasicExample 2022-03-23T01:51:18Z logger.go:66:           - name    = "foo-2022032301483317910000000b" -> null
TestTerraformBasicExample 2022-03-23T01:51:18Z logger.go:66:           - version = "1" -> null
TestTerraformBasicExample 2022-03-23T01:51:18Z logger.go:66:         }
TestTerraformBasicExample 2022-03-23T01:51:18Z logger.go:66:
TestTerraformBasicExample 2022-03-23T01:51:18Z logger.go:66:       - scaling_config {
TestTerraformBasicExample 2022-03-23T01:51:18Z logger.go:66:           - desired_size = 1 -> null
TestTerraformBasicExample 2022-03-23T01:51:18Z logger.go:66:           - max_size     = 3 -> null
TestTerraformBasicExample 2022-03-23T01:51:18Z logger.go:66:           - min_size     = 1 -> null
TestTerraformBasicExample 2022-03-23T01:51:18Z logger.go:66:         }
TestTerraformBasicExample 2022-03-23T01:51:18Z logger.go:66:
TestTerraformBasicExample 2022-03-23T01:51:18Z logger.go:66:       - timeouts {}
TestTerraformBasicExample 2022-03-23T01:51:18Z logger.go:66:
TestTerraformBasicExample 2022-03-23T01:51:18Z logger.go:66:       - update_config {
TestTerraformBasicExample 2022-03-23T01:51:18Z logger.go:66:           - max_unavailable            = 1 -> null
TestTerraformBasicExample 2022-03-23T01:51:18Z logger.go:66:           - max_unavailable_percentage = 0 -> null
TestTerraformBasicExample 2022-03-23T01:51:18Z logger.go:66:         }
TestTerraformBasicExample 2022-03-23T01:51:18Z logger.go:66:     }
TestTerraformBasicExample 2022-03-23T01:51:18Z logger.go:66:
TestTerraformBasicExample 2022-03-23T01:51:18Z logger.go:66:   # module.eks.module.eks_managed_node_group["foo"].aws_iam_role.this[0] will be destroyed
TestTerraformBasicExample 2022-03-23T01:51:18Z logger.go:66:   - resource "aws_iam_role" "this" {
TestTerraformBasicExample 2022-03-23T01:51:18Z logger.go:66:       - arn                   = "arn:aws:iam::11111111111:role/foo-eks-node-group-20220323013727515700000001" -> null
TestTerraformBasicExample 2022-03-23T01:51:18Z logger.go:66:       - assume_role_policy    = jsonencode(
TestTerraformBasicExample 2022-03-23T01:51:18Z logger.go:66:             {
TestTerraformBasicExample 2022-03-23T01:51:18Z logger.go:66:               - Statement = [
TestTerraformBasicExample 2022-03-23T01:51:18Z logger.go:66:                   - {
TestTerraformBasicExample 2022-03-23T01:51:18Z logger.go:66:                       - Action    = "sts:AssumeRole"
TestTerraformBasicExample 2022-03-23T01:51:18Z logger.go:66:                       - Effect    = "Allow"
TestTerraformBasicExample 2022-03-23T01:51:18Z logger.go:66:                       - Principal = {
TestTerraformBasicExample 2022-03-23T01:51:18Z logger.go:66:                           - Service = "ec2.amazonaws.com"
TestTerraformBasicExample 2022-03-23T01:51:18Z logger.go:66:                         }
TestTerraformBasicExample 2022-03-23T01:51:18Z logger.go:66:                       - Sid       = "EKSNodeAssumeRole"
TestTerraformBasicExample 2022-03-23T01:51:18Z logger.go:66:                     },
TestTerraformBasicExample 2022-03-23T01:51:18Z logger.go:66:                 ]
TestTerraformBasicExample 2022-03-23T01:51:18Z logger.go:66:               - Version   = "2012-10-17"
TestTerraformBasicExample 2022-03-23T01:51:18Z logger.go:66:             }
TestTerraformBasicExample 2022-03-23T01:51:18Z logger.go:66:         ) -> null
TestTerraformBasicExample 2022-03-23T01:51:18Z logger.go:66:       - create_date           = "2022-03-23T01:37:31Z" -> null
TestTerraformBasicExample 2022-03-23T01:51:18Z logger.go:66:       - description           = "EKS managed node group IAM role" -> null
TestTerraformBasicExample 2022-03-23T01:51:18Z logger.go:66:       - force_detach_policies = true -> null
TestTerraformBasicExample 2022-03-23T01:51:18Z logger.go:66:       - id                    = "foo-eks-node-group-20220323013727515700000001" -> null
TestTerraformBasicExample 2022-03-23T01:51:18Z logger.go:66:       - managed_policy_arns   = [
TestTerraformBasicExample 2022-03-23T01:51:18Z logger.go:66:           - "arn:aws:iam::aws:policy/AmazonEC2ContainerRegistryReadOnly",
TestTerraformBasicExample 2022-03-23T01:51:18Z logger.go:66:           - "arn:aws:iam::aws:policy/AmazonEKSWorkerNodePolicy",
TestTerraformBasicExample 2022-03-23T01:51:18Z logger.go:66:           - "arn:aws:iam::aws:policy/AmazonEKS_CNI_Policy",
TestTerraformBasicExample 2022-03-23T01:51:18Z logger.go:66:         ] -> null
TestTerraformBasicExample 2022-03-23T01:51:18Z logger.go:66:       - max_session_duration  = 3600 -> null
TestTerraformBasicExample 2022-03-23T01:51:18Z logger.go:66:       - name                  = "foo-eks-node-group-20220323013727515700000001" -> null
TestTerraformBasicExample 2022-03-23T01:51:18Z logger.go:66:       - name_prefix           = "foo-eks-node-group-" -> null
TestTerraformBasicExample 2022-03-23T01:51:18Z logger.go:66:       - path                  = "/" -> null
TestTerraformBasicExample 2022-03-23T01:51:18Z logger.go:66:       - tags                  = {} -> null
TestTerraformBasicExample 2022-03-23T01:51:18Z logger.go:66:       - tags_all              = {
TestTerraformBasicExample 2022-03-23T01:51:18Z logger.go:66:           - "Example"    = "ex-basic"
TestTerraformBasicExample 2022-03-23T01:51:18Z logger.go:66:           - "GithubOrg"  = "aidan-melen"
TestTerraformBasicExample 2022-03-23T01:51:18Z logger.go:66:           - "GithubRepo" = "terraform-aws-eks-auth"
TestTerraformBasicExample 2022-03-23T01:51:18Z logger.go:66:         } -> null
TestTerraformBasicExample 2022-03-23T01:51:18Z logger.go:66:       - unique_id             = "AROAUYBJJ5B7WO3BDV7JM" -> null
TestTerraformBasicExample 2022-03-23T01:51:18Z logger.go:66:
TestTerraformBasicExample 2022-03-23T01:51:18Z logger.go:66:       - inline_policy {}
TestTerraformBasicExample 2022-03-23T01:51:18Z logger.go:66:     }
TestTerraformBasicExample 2022-03-23T01:51:18Z logger.go:66:
TestTerraformBasicExample 2022-03-23T01:51:18Z logger.go:66:   # module.eks.module.eks_managed_node_group["foo"].aws_iam_role_policy_attachment.this["arn:aws:iam::aws:policy/AmazonEC2ContainerRegistryReadOnly"] will be destroyed
TestTerraformBasicExample 2022-03-23T01:51:18Z logger.go:66:   - resource "aws_iam_role_policy_attachment" "this" {
TestTerraformBasicExample 2022-03-23T01:51:18Z logger.go:66:       - id         = "foo-eks-node-group-20220323013727515700000001-20220323013729010800000006" -> null
TestTerraformBasicExample 2022-03-23T01:51:18Z logger.go:66:       - policy_arn = "arn:aws:iam::aws:policy/AmazonEC2ContainerRegistryReadOnly" -> null
TestTerraformBasicExample 2022-03-23T01:51:18Z logger.go:66:       - role       = "foo-eks-node-group-20220323013727515700000001" -> null
TestTerraformBasicExample 2022-03-23T01:51:18Z logger.go:66:     }
TestTerraformBasicExample 2022-03-23T01:51:18Z logger.go:66:
TestTerraformBasicExample 2022-03-23T01:51:18Z logger.go:66:   # module.eks.module.eks_managed_node_group["foo"].aws_iam_role_policy_attachment.this["arn:aws:iam::aws:policy/AmazonEKSWorkerNodePolicy"] will be destroyed
TestTerraformBasicExample 2022-03-23T01:51:18Z logger.go:66:   - resource "aws_iam_role_policy_attachment" "this" {
TestTerraformBasicExample 2022-03-23T01:51:18Z logger.go:66:       - id         = "foo-eks-node-group-20220323013727515700000001-20220323013729085400000007" -> null
TestTerraformBasicExample 2022-03-23T01:51:18Z logger.go:66:       - policy_arn = "arn:aws:iam::aws:policy/AmazonEKSWorkerNodePolicy" -> null
TestTerraformBasicExample 2022-03-23T01:51:18Z logger.go:66:       - role       = "foo-eks-node-group-20220323013727515700000001" -> null
TestTerraformBasicExample 2022-03-23T01:51:18Z logger.go:66:     }
TestTerraformBasicExample 2022-03-23T01:51:18Z logger.go:66:
TestTerraformBasicExample 2022-03-23T01:51:18Z logger.go:66:   # module.eks.module.eks_managed_node_group["foo"].aws_iam_role_policy_attachment.this["arn:aws:iam::aws:policy/AmazonEKS_CNI_Policy"] will be destroyed
TestTerraformBasicExample 2022-03-23T01:51:18Z logger.go:66:   - resource "aws_iam_role_policy_attachment" "this" {
TestTerraformBasicExample 2022-03-23T01:51:18Z logger.go:66:       - id         = "foo-eks-node-group-20220323013727515700000001-20220323013728984100000005" -> null
TestTerraformBasicExample 2022-03-23T01:51:18Z logger.go:66:       - policy_arn = "arn:aws:iam::aws:policy/AmazonEKS_CNI_Policy" -> null
TestTerraformBasicExample 2022-03-23T01:51:18Z logger.go:66:       - role       = "foo-eks-node-group-20220323013727515700000001" -> null
TestTerraformBasicExample 2022-03-23T01:51:18Z logger.go:66:     }
TestTerraformBasicExample 2022-03-23T01:51:18Z logger.go:66:
TestTerraformBasicExample 2022-03-23T01:51:18Z logger.go:66:   # module.eks.module.eks_managed_node_group["foo"].aws_launch_template.this[0] will be destroyed
TestTerraformBasicExample 2022-03-23T01:51:18Z logger.go:66:   - resource "aws_launch_template" "this" {
TestTerraformBasicExample 2022-03-23T01:51:18Z logger.go:66:       - arn                     = "arn:aws:ec2:us-west-2:11111111111:launch-template/lt-02f9a33c136552fc6" -> null
TestTerraformBasicExample 2022-03-23T01:51:18Z logger.go:66:       - default_version         = 1 -> null
TestTerraformBasicExample 2022-03-23T01:51:18Z logger.go:66:       - description             = "Custom launch template for foo EKS managed node group" -> null
TestTerraformBasicExample 2022-03-23T01:51:18Z logger.go:66:       - disable_api_termination = false -> null
TestTerraformBasicExample 2022-03-23T01:51:18Z logger.go:66:       - id                      = "lt-02f9a33c136552fc6" -> null
TestTerraformBasicExample 2022-03-23T01:51:18Z logger.go:66:       - latest_version          = 1 -> null
TestTerraformBasicExample 2022-03-23T01:51:18Z logger.go:66:       - name                    = "foo-2022032301483317910000000b" -> null
TestTerraformBasicExample 2022-03-23T01:51:18Z logger.go:66:       - name_prefix             = "foo-" -> null
TestTerraformBasicExample 2022-03-23T01:51:18Z logger.go:66:       - security_group_names    = [] -> null
TestTerraformBasicExample 2022-03-23T01:51:18Z logger.go:66:       - tags                    = {} -> null
TestTerraformBasicExample 2022-03-23T01:51:18Z logger.go:66:       - tags_all                = {
TestTerraformBasicExample 2022-03-23T01:51:18Z logger.go:66:           - "Example"    = "ex-basic"
TestTerraformBasicExample 2022-03-23T01:51:18Z logger.go:66:           - "GithubOrg"  = "aidan-melen"
TestTerraformBasicExample 2022-03-23T01:51:18Z logger.go:66:           - "GithubRepo" = "terraform-aws-eks-auth"
TestTerraformBasicExample 2022-03-23T01:51:18Z logger.go:66:         } -> null
TestTerraformBasicExample 2022-03-23T01:51:18Z logger.go:66:       - update_default_version  = true -> null
TestTerraformBasicExample 2022-03-23T01:51:18Z logger.go:66:       - vpc_security_group_ids  = [
TestTerraformBasicExample 2022-03-23T01:51:18Z logger.go:66:           - "sg-00fd3a925aea8b86f",
TestTerraformBasicExample 2022-03-23T01:51:18Z logger.go:66:           - "sg-0eaa183cfb1a0fda0",
TestTerraformBasicExample 2022-03-23T01:51:18Z logger.go:66:         ] -> null
TestTerraformBasicExample 2022-03-23T01:51:18Z logger.go:66:
TestTerraformBasicExample 2022-03-23T01:51:18Z logger.go:66:       - metadata_options {
TestTerraformBasicExample 2022-03-23T01:51:18Z logger.go:66:           - http_endpoint               = "enabled" -> null
TestTerraformBasicExample 2022-03-23T01:51:18Z logger.go:66:           - http_protocol_ipv6          = "disabled" -> null
TestTerraformBasicExample 2022-03-23T01:51:18Z logger.go:66:           - http_put_response_hop_limit = 2 -> null
TestTerraformBasicExample 2022-03-23T01:51:18Z logger.go:66:           - http_tokens                 = "required" -> null
TestTerraformBasicExample 2022-03-23T01:51:18Z logger.go:66:           - instance_metadata_tags      = "disabled" -> null
TestTerraformBasicExample 2022-03-23T01:51:18Z logger.go:66:         }
TestTerraformBasicExample 2022-03-23T01:51:18Z logger.go:66:
TestTerraformBasicExample 2022-03-23T01:51:18Z logger.go:66:       - monitoring {
TestTerraformBasicExample 2022-03-23T01:51:18Z logger.go:66:           - enabled = true -> null
TestTerraformBasicExample 2022-03-23T01:51:18Z logger.go:66:         }
TestTerraformBasicExample 2022-03-23T01:51:18Z logger.go:66:
TestTerraformBasicExample 2022-03-23T01:51:18Z logger.go:66:       - tag_specifications {
TestTerraformBasicExample 2022-03-23T01:51:18Z logger.go:66:           - resource_type = "instance" -> null
TestTerraformBasicExample 2022-03-23T01:51:18Z logger.go:66:           - tags          = {
TestTerraformBasicExample 2022-03-23T01:51:18Z logger.go:66:               - "Name" = "foo"
TestTerraformBasicExample 2022-03-23T01:51:18Z logger.go:66:             } -> null
TestTerraformBasicExample 2022-03-23T01:51:18Z logger.go:66:         }
TestTerraformBasicExample 2022-03-23T01:51:18Z logger.go:66:       - tag_specifications {
TestTerraformBasicExample 2022-03-23T01:51:18Z logger.go:66:           - resource_type = "network-interface" -> null
TestTerraformBasicExample 2022-03-23T01:51:18Z logger.go:66:           - tags          = {
TestTerraformBasicExample 2022-03-23T01:51:18Z logger.go:66:               - "Name" = "foo"
TestTerraformBasicExample 2022-03-23T01:51:18Z logger.go:66:             } -> null
TestTerraformBasicExample 2022-03-23T01:51:18Z logger.go:66:         }
TestTerraformBasicExample 2022-03-23T01:51:18Z logger.go:66:       - tag_specifications {
TestTerraformBasicExample 2022-03-23T01:51:18Z logger.go:66:           - resource_type = "volume" -> null
TestTerraformBasicExample 2022-03-23T01:51:18Z logger.go:66:           - tags          = {
TestTerraformBasicExample 2022-03-23T01:51:18Z logger.go:66:               - "Name" = "foo"
TestTerraformBasicExample 2022-03-23T01:51:18Z logger.go:66:             } -> null
TestTerraformBasicExample 2022-03-23T01:51:18Z logger.go:66:         }
TestTerraformBasicExample 2022-03-23T01:51:18Z logger.go:66:     }
TestTerraformBasicExample 2022-03-23T01:51:18Z logger.go:66:
TestTerraformBasicExample 2022-03-23T01:51:18Z logger.go:66:   # module.eks.module.eks_managed_node_group["foo"].aws_security_group.this[0] will be destroyed
TestTerraformBasicExample 2022-03-23T01:51:18Z logger.go:66:   - resource "aws_security_group" "this" {
TestTerraformBasicExample 2022-03-23T01:51:18Z logger.go:66:       - arn                    = "arn:aws:ec2:us-west-2:11111111111:security-group/sg-0eaa183cfb1a0fda0" -> null
TestTerraformBasicExample 2022-03-23T01:51:18Z logger.go:66:       - description            = "EKS managed node group security group" -> null
TestTerraformBasicExample 2022-03-23T01:51:18Z logger.go:66:       - egress                 = [] -> null
TestTerraformBasicExample 2022-03-23T01:51:18Z logger.go:66:       - id                     = "sg-0eaa183cfb1a0fda0" -> null
TestTerraformBasicExample 2022-03-23T01:51:18Z logger.go:66:       - ingress                = [] -> null
TestTerraformBasicExample 2022-03-23T01:51:18Z logger.go:66:       - name                   = "foo-eks-node-group-2022032301373952900000000a" -> null
TestTerraformBasicExample 2022-03-23T01:51:18Z logger.go:66:       - name_prefix            = "foo-eks-node-group-" -> null
TestTerraformBasicExample 2022-03-23T01:51:18Z logger.go:66:       - owner_id               = "11111111111" -> null
TestTerraformBasicExample 2022-03-23T01:51:18Z logger.go:66:       - revoke_rules_on_delete = false -> null
TestTerraformBasicExample 2022-03-23T01:51:18Z logger.go:66:       - tags                   = {
TestTerraformBasicExample 2022-03-23T01:51:18Z logger.go:66:           - "Name" = "foo-eks-node-group"
TestTerraformBasicExample 2022-03-23T01:51:18Z logger.go:66:         } -> null
TestTerraformBasicExample 2022-03-23T01:51:18Z logger.go:66:       - tags_all               = {
TestTerraformBasicExample 2022-03-23T01:51:18Z logger.go:66:           - "Example"    = "ex-basic"
TestTerraformBasicExample 2022-03-23T01:51:18Z logger.go:66:           - "GithubOrg"  = "aidan-melen"
TestTerraformBasicExample 2022-03-23T01:51:18Z logger.go:66:           - "GithubRepo" = "terraform-aws-eks-auth"
TestTerraformBasicExample 2022-03-23T01:51:18Z logger.go:66:           - "Name"       = "foo-eks-node-group"
TestTerraformBasicExample 2022-03-23T01:51:18Z logger.go:66:         } -> null
TestTerraformBasicExample 2022-03-23T01:51:18Z logger.go:66:       - vpc_id                 = "vpc-024c94e2d2cc5a5c5" -> null
TestTerraformBasicExample 2022-03-23T01:51:18Z logger.go:66:     }
TestTerraformBasicExample 2022-03-23T01:51:18Z logger.go:66:
TestTerraformBasicExample 2022-03-23T01:51:18Z logger.go:66: Plan: 0 to add, 0 to change, 53 to destroy.
TestTerraformBasicExample 2022-03-23T01:51:18Z logger.go:66:
TestTerraformBasicExample 2022-03-23T01:51:18Z logger.go:66: Changes to Outputs:
TestTerraformBasicExample 2022-03-23T01:51:18Z logger.go:66:   - map_accounts            = [] -> null
TestTerraformBasicExample 2022-03-23T01:51:18Z logger.go:66:   - map_roles               = [
TestTerraformBasicExample 2022-03-23T01:51:18Z logger.go:66:       - {
TestTerraformBasicExample 2022-03-23T01:51:18Z logger.go:66:           - groups   = [
TestTerraformBasicExample 2022-03-23T01:51:18Z logger.go:66:               - "system:bootstrappers",
TestTerraformBasicExample 2022-03-23T01:51:18Z logger.go:66:               - "system:nodes",
TestTerraformBasicExample 2022-03-23T01:51:18Z logger.go:66:             ]
TestTerraformBasicExample 2022-03-23T01:51:18Z logger.go:66:           - rolearn  = "arn:aws:iam::11111111111:role/foo-eks-node-group-20220323013727515700000001"
TestTerraformBasicExample 2022-03-23T01:51:18Z logger.go:66:           - username = "system:node:{{EC2PrivateDNSName}}"
TestTerraformBasicExample 2022-03-23T01:51:18Z logger.go:66:         },
TestTerraformBasicExample 2022-03-23T01:51:18Z logger.go:66:     ] -> null
TestTerraformBasicExample 2022-03-23T01:51:18Z logger.go:66:   - map_users               = [] -> null
TestTerraformBasicExample 2022-03-23T01:51:18Z logger.go:66:   - node_group_iam_role_arn = "arn:aws:iam::11111111111:role/foo-eks-node-group-20220323013727515700000001" -> null
TestTerraformBasicExample 2022-03-23T01:51:19Z logger.go:66: module.vpc.aws_route_table_association.public[0]: Destroying... [id=rtbassoc-0ab4b9a5a4a3800fa]
TestTerraformBasicExample 2022-03-23T01:51:19Z logger.go:66: module.vpc.aws_route_table_association.private[1]: Destroying... [id=rtbassoc-0c0bd4b3befa8a0c6]
TestTerraformBasicExample 2022-03-23T01:51:19Z logger.go:66: module.vpc.aws_route_table_association.private[2]: Destroying... [id=rtbassoc-0961fdc9765c1f786]
TestTerraformBasicExample 2022-03-23T01:51:19Z logger.go:66: module.vpc.aws_route.private_nat_gateway[0]: Destroying... [id=r-rtb-0c022ecbfb2de1ed01080289494]
TestTerraformBasicExample 2022-03-23T01:51:19Z logger.go:66: module.vpc.aws_route_table_association.public[2]: Destroying... [id=rtbassoc-026dd3d93ee716b27]
TestTerraformBasicExample 2022-03-23T01:51:19Z logger.go:66: module.vpc.aws_route_table_association.public[1]: Destroying... [id=rtbassoc-05f608f3d4c2e600a]
TestTerraformBasicExample 2022-03-23T01:51:19Z logger.go:66: module.vpc.aws_route_table_association.private[0]: Destroying... [id=rtbassoc-07f79d6c87dd89a4a]
TestTerraformBasicExample 2022-03-23T01:51:19Z logger.go:66: module.vpc.aws_route.public_internet_gateway[0]: Destroying... [id=r-rtb-02db22ae4ddccb0591080289494]
TestTerraformBasicExample 2022-03-23T01:51:19Z logger.go:66: module.eks_auth.kubernetes_config_map_v1.aws_auth[0]: Destroying... [id=kube-system/aws-auth]
TestTerraformBasicExample 2022-03-23T01:51:19Z logger.go:66: module.eks_auth.kubernetes_role_binding_v1.aws_auth: Destroying... [id=kube-system/terraform-eks-auth-aws]
TestTerraformBasicExample 2022-03-23T01:51:19Z logger.go:66: module.eks_auth.kubernetes_config_map_v1.aws_auth[0]: Destruction complete after 0s
TestTerraformBasicExample 2022-03-23T01:51:19Z logger.go:66: module.eks_auth.kubernetes_role_binding_v1.aws_auth: Destruction complete after 0s
TestTerraformBasicExample 2022-03-23T01:51:19Z logger.go:66: module.vpc.aws_route_table_association.public[2]: Destruction complete after 1s
TestTerraformBasicExample 2022-03-23T01:51:19Z logger.go:66: module.eks_auth.kubernetes_job_v1.aws_auth[0]: Destroying... [id=kube-system/terraform-eks-auth-aws]
TestTerraformBasicExample 2022-03-23T01:51:20Z logger.go:66: module.eks_auth.kubernetes_role_v1.aws_auth: Destroying... [id=kube-system/terraform-eks-auth-aws]
TestTerraformBasicExample 2022-03-23T01:51:20Z logger.go:66: module.vpc.aws_route_table_association.public[1]: Destruction complete after 1s
TestTerraformBasicExample 2022-03-23T01:51:20Z logger.go:66: module.vpc.aws_route_table_association.private[2]: Destruction complete after 1s
TestTerraformBasicExample 2022-03-23T01:51:20Z logger.go:66: module.vpc.aws_route_table_association.private[1]: Destruction complete after 1s
TestTerraformBasicExample 2022-03-23T01:51:20Z logger.go:66: module.vpc.aws_route_table_association.public[0]: Destruction complete after 1s
TestTerraformBasicExample 2022-03-23T01:51:20Z logger.go:66: module.eks_auth.kubernetes_role_v1.aws_auth: Destruction complete after 0s
TestTerraformBasicExample 2022-03-23T01:51:20Z logger.go:66: module.vpc.aws_route_table_association.private[0]: Destruction complete after 1s
TestTerraformBasicExample 2022-03-23T01:51:20Z logger.go:66: module.vpc.aws_route.private_nat_gateway[0]: Destruction complete after 1s
TestTerraformBasicExample 2022-03-23T01:51:20Z logger.go:66: module.vpc.aws_route.public_internet_gateway[0]: Destruction complete after 1s
TestTerraformBasicExample 2022-03-23T01:51:20Z logger.go:66: module.vpc.aws_nat_gateway.this[0]: Destroying... [id=nat-08e946a973837916e]
TestTerraformBasicExample 2022-03-23T01:51:20Z logger.go:66: module.vpc.aws_route_table.public[0]: Destroying... [id=rtb-02db22ae4ddccb059]
TestTerraformBasicExample 2022-03-23T01:51:20Z logger.go:66: module.vpc.aws_route_table.private[0]: Destroying... [id=rtb-0c022ecbfb2de1ed0]
TestTerraformBasicExample 2022-03-23T01:51:20Z logger.go:66: module.vpc.aws_route_table.private[0]: Destruction complete after 1s
TestTerraformBasicExample 2022-03-23T01:51:20Z logger.go:66: module.vpc.aws_route_table.public[0]: Destruction complete after 1s
TestTerraformBasicExample 2022-03-23T01:51:20Z logger.go:66: module.eks_auth.kubernetes_job_v1.aws_auth[0]: Destruction complete after 1s
TestTerraformBasicExample 2022-03-23T01:51:20Z logger.go:66: module.eks.aws_iam_openid_connect_provider.oidc_provider[0]: Destroying... [id=arn:aws:iam::11111111111:oidc-provider/oidc.eks.us-west-2.amazonaws.com/id/CBAA8097C5BE4E92633FC7671A13D4DD]
TestTerraformBasicExample 2022-03-23T01:51:20Z logger.go:66: module.eks_auth.kubernetes_service_account_v1.aws_auth: Destroying... [id=kube-system/terraform-eks-auth-aws]
TestTerraformBasicExample 2022-03-23T01:51:20Z logger.go:66: module.eks.module.eks_managed_node_group["foo"].aws_eks_node_group.this[0]: Destroying... [id=ex-basic:foo-2022032301483379850000000d]
TestTerraformBasicExample 2022-03-23T01:51:20Z logger.go:66: module.eks_auth.kubernetes_service_account_v1.aws_auth: Destruction complete after 0s
TestTerraformBasicExample 2022-03-23T01:51:21Z logger.go:66: module.eks.aws_iam_openid_connect_provider.oidc_provider[0]: Destruction complete after 0s
TestTerraformBasicExample 2022-03-23T01:51:30Z logger.go:66: module.vpc.aws_nat_gateway.this[0]: Still destroying... [id=nat-08e946a973837916e, 10s elapsed]
TestTerraformBasicExample 2022-03-23T01:51:30Z logger.go:66: module.eks.module.eks_managed_node_group["foo"].aws_eks_node_group.this[0]: Still destroying... [id=ex-basic:foo-2022032301483379850000000d, 10s elapsed]
TestTerraformBasicExample 2022-03-23T01:51:40Z logger.go:66: module.vpc.aws_nat_gateway.this[0]: Still destroying... [id=nat-08e946a973837916e, 20s elapsed]
TestTerraformBasicExample 2022-03-23T01:51:40Z logger.go:66: module.eks.module.eks_managed_node_group["foo"].aws_eks_node_group.this[0]: Still destroying... [id=ex-basic:foo-2022032301483379850000000d, 20s elapsed]
TestTerraformBasicExample 2022-03-23T01:51:50Z logger.go:66: module.vpc.aws_nat_gateway.this[0]: Still destroying... [id=nat-08e946a973837916e, 30s elapsed]
TestTerraformBasicExample 2022-03-23T01:51:50Z logger.go:66: module.eks.module.eks_managed_node_group["foo"].aws_eks_node_group.this[0]: Still destroying... [id=ex-basic:foo-2022032301483379850000000d, 30s elapsed]
TestTerraformBasicExample 2022-03-23T01:52:00Z logger.go:66: module.vpc.aws_nat_gateway.this[0]: Still destroying... [id=nat-08e946a973837916e, 40s elapsed]
TestTerraformBasicExample 2022-03-23T01:52:00Z logger.go:66: module.eks.module.eks_managed_node_group["foo"].aws_eks_node_group.this[0]: Still destroying... [id=ex-basic:foo-2022032301483379850000000d, 40s elapsed]
TestTerraformBasicExample 2022-03-23T01:52:10Z logger.go:66: module.vpc.aws_nat_gateway.this[0]: Still destroying... [id=nat-08e946a973837916e, 50s elapsed]
TestTerraformBasicExample 2022-03-23T01:52:10Z logger.go:66: module.eks.module.eks_managed_node_group["foo"].aws_eks_node_group.this[0]: Still destroying... [id=ex-basic:foo-2022032301483379850000000d, 50s elapsed]
TestTerraformBasicExample 2022-03-23T01:52:20Z logger.go:66: module.vpc.aws_nat_gateway.this[0]: Still destroying... [id=nat-08e946a973837916e, 1m0s elapsed]
TestTerraformBasicExample 2022-03-23T01:52:20Z logger.go:66: module.eks.module.eks_managed_node_group["foo"].aws_eks_node_group.this[0]: Still destroying... [id=ex-basic:foo-2022032301483379850000000d, 1m0s elapsed]
TestTerraformBasicExample 2022-03-23T01:52:20Z logger.go:66: module.vpc.aws_nat_gateway.this[0]: Destruction complete after 1m1s
TestTerraformBasicExample 2022-03-23T01:52:21Z logger.go:66: module.vpc.aws_subnet.public[2]: Destroying... [id=subnet-0ece4cad94417765f]
TestTerraformBasicExample 2022-03-23T01:52:21Z logger.go:66: module.vpc.aws_internet_gateway.this[0]: Destroying... [id=igw-074062c284cb1b8b9]
TestTerraformBasicExample 2022-03-23T01:52:21Z logger.go:66: module.vpc.aws_subnet.public[1]: Destroying... [id=subnet-06be12edc2ce26d40]
TestTerraformBasicExample 2022-03-23T01:52:21Z logger.go:66: module.vpc.aws_eip.nat[0]: Destroying... [id=eipalloc-0183b88f8a01628eb]
TestTerraformBasicExample 2022-03-23T01:52:21Z logger.go:66: module.vpc.aws_subnet.public[0]: Destroying... [id=subnet-079ad716eea1e2069]
TestTerraformBasicExample 2022-03-23T01:52:21Z logger.go:66: module.vpc.aws_subnet.public[1]: Destruction complete after 0s
TestTerraformBasicExample 2022-03-23T01:52:21Z logger.go:66: module.vpc.aws_subnet.public[2]: Destruction complete after 0s
TestTerraformBasicExample 2022-03-23T01:52:21Z logger.go:66: module.vpc.aws_internet_gateway.this[0]: Destruction complete after 0s
TestTerraformBasicExample 2022-03-23T01:52:21Z logger.go:66: module.vpc.aws_subnet.public[0]: Destruction complete after 1s
TestTerraformBasicExample 2022-03-23T01:52:22Z logger.go:66: module.vpc.aws_eip.nat[0]: Destruction complete after 1s
TestTerraformBasicExample 2022-03-23T01:52:30Z logger.go:66: module.eks.module.eks_managed_node_group["foo"].aws_eks_node_group.this[0]: Still destroying... [id=ex-basic:foo-2022032301483379850000000d, 1m10s elapsed]
TestTerraformBasicExample 2022-03-23T01:52:40Z logger.go:66: module.eks.module.eks_managed_node_group["foo"].aws_eks_node_group.this[0]: Still destroying... [id=ex-basic:foo-2022032301483379850000000d, 1m20s elapsed]
TestTerraformBasicExample 2022-03-23T01:52:50Z logger.go:66: module.eks.module.eks_managed_node_group["foo"].aws_eks_node_group.this[0]: Still destroying... [id=ex-basic:foo-2022032301483379850000000d, 1m30s elapsed]
TestTerraformBasicExample 2022-03-23T01:53:00Z logger.go:66: module.eks.module.eks_managed_node_group["foo"].aws_eks_node_group.this[0]: Still destroying... [id=ex-basic:foo-2022032301483379850000000d, 1m40s elapsed]
TestTerraformBasicExample 2022-03-23T01:53:10Z logger.go:66: module.eks.module.eks_managed_node_group["foo"].aws_eks_node_group.this[0]: Still destroying... [id=ex-basic:foo-2022032301483379850000000d, 1m50s elapsed]
TestTerraformBasicExample 2022-03-23T01:53:20Z logger.go:66: module.eks.module.eks_managed_node_group["foo"].aws_eks_node_group.this[0]: Still destroying... [id=ex-basic:foo-2022032301483379850000000d, 2m0s elapsed]
TestTerraformBasicExample 2022-03-23T01:53:30Z logger.go:66: module.eks.module.eks_managed_node_group["foo"].aws_eks_node_group.this[0]: Still destroying... [id=ex-basic:foo-2022032301483379850000000d, 2m10s elapsed]
TestTerraformBasicExample 2022-03-23T01:53:40Z logger.go:66: module.eks.module.eks_managed_node_group["foo"].aws_eks_node_group.this[0]: Still destroying... [id=ex-basic:foo-2022032301483379850000000d, 2m20s elapsed]
TestTerraformBasicExample 2022-03-23T01:53:50Z logger.go:66: module.eks.module.eks_managed_node_group["foo"].aws_eks_node_group.this[0]: Still destroying... [id=ex-basic:foo-2022032301483379850000000d, 2m30s elapsed]
TestTerraformBasicExample 2022-03-23T01:54:00Z logger.go:66: module.eks.module.eks_managed_node_group["foo"].aws_eks_node_group.this[0]: Still destroying... [id=ex-basic:foo-2022032301483379850000000d, 2m40s elapsed]
TestTerraformBasicExample 2022-03-23T01:54:10Z logger.go:66: module.eks.module.eks_managed_node_group["foo"].aws_eks_node_group.this[0]: Still destroying... [id=ex-basic:foo-2022032301483379850000000d, 2m50s elapsed]
TestTerraformBasicExample 2022-03-23T01:54:20Z logger.go:66: module.eks.module.eks_managed_node_group["foo"].aws_eks_node_group.this[0]: Still destroying... [id=ex-basic:foo-2022032301483379850000000d, 3m0s elapsed]
TestTerraformBasicExample 2022-03-23T01:54:30Z logger.go:66: module.eks.module.eks_managed_node_group["foo"].aws_eks_node_group.this[0]: Still destroying... [id=ex-basic:foo-2022032301483379850000000d, 3m10s elapsed]
TestTerraformBasicExample 2022-03-23T01:54:40Z logger.go:66: module.eks.module.eks_managed_node_group["foo"].aws_eks_node_group.this[0]: Still destroying... [id=ex-basic:foo-2022032301483379850000000d, 3m20s elapsed]
TestTerraformBasicExample 2022-03-23T01:54:50Z logger.go:66: module.eks.module.eks_managed_node_group["foo"].aws_eks_node_group.this[0]: Still destroying... [id=ex-basic:foo-2022032301483379850000000d, 3m29s elapsed]
TestTerraformBasicExample 2022-03-23T01:55:00Z logger.go:66: module.eks.module.eks_managed_node_group["foo"].aws_eks_node_group.this[0]: Still destroying... [id=ex-basic:foo-2022032301483379850000000d, 3m39s elapsed]
TestTerraformBasicExample 2022-03-23T01:55:10Z logger.go:66: module.eks.module.eks_managed_node_group["foo"].aws_eks_node_group.this[0]: Still destroying... [id=ex-basic:foo-2022032301483379850000000d, 3m49s elapsed]
TestTerraformBasicExample 2022-03-23T01:55:20Z logger.go:66: module.eks.module.eks_managed_node_group["foo"].aws_eks_node_group.this[0]: Still destroying... [id=ex-basic:foo-2022032301483379850000000d, 3m59s elapsed]
TestTerraformBasicExample 2022-03-23T01:55:30Z logger.go:66: module.eks.module.eks_managed_node_group["foo"].aws_eks_node_group.this[0]: Still destroying... [id=ex-basic:foo-2022032301483379850000000d, 4m9s elapsed]
TestTerraformBasicExample 2022-03-23T01:55:40Z logger.go:66: module.eks.module.eks_managed_node_group["foo"].aws_eks_node_group.this[0]: Still destroying... [id=ex-basic:foo-2022032301483379850000000d, 4m19s elapsed]
TestTerraformBasicExample 2022-03-23T01:55:50Z logger.go:66: module.eks.module.eks_managed_node_group["foo"].aws_eks_node_group.this[0]: Still destroying... [id=ex-basic:foo-2022032301483379850000000d, 4m29s elapsed]
TestTerraformBasicExample 2022-03-23T01:56:00Z logger.go:66: module.eks.module.eks_managed_node_group["foo"].aws_eks_node_group.this[0]: Still destroying... [id=ex-basic:foo-2022032301483379850000000d, 4m39s elapsed]
TestTerraformBasicExample 2022-03-23T01:56:10Z logger.go:66: module.eks.module.eks_managed_node_group["foo"].aws_eks_node_group.this[0]: Still destroying... [id=ex-basic:foo-2022032301483379850000000d, 4m49s elapsed]
TestTerraformBasicExample 2022-03-23T01:56:20Z logger.go:66: module.eks.module.eks_managed_node_group["foo"].aws_eks_node_group.this[0]: Still destroying... [id=ex-basic:foo-2022032301483379850000000d, 4m59s elapsed]
TestTerraformBasicExample 2022-03-23T01:56:30Z logger.go:66: module.eks.module.eks_managed_node_group["foo"].aws_eks_node_group.this[0]: Still destroying... [id=ex-basic:foo-2022032301483379850000000d, 5m9s elapsed]
TestTerraformBasicExample 2022-03-23T01:56:40Z logger.go:66: module.eks.module.eks_managed_node_group["foo"].aws_eks_node_group.this[0]: Still destroying... [id=ex-basic:foo-2022032301483379850000000d, 5m19s elapsed]
TestTerraformBasicExample 2022-03-23T01:56:50Z logger.go:66: module.eks.module.eks_managed_node_group["foo"].aws_eks_node_group.this[0]: Still destroying... [id=ex-basic:foo-2022032301483379850000000d, 5m29s elapsed]
TestTerraformBasicExample 2022-03-23T01:57:00Z logger.go:66: module.eks.module.eks_managed_node_group["foo"].aws_eks_node_group.this[0]: Still destroying... [id=ex-basic:foo-2022032301483379850000000d, 5m39s elapsed]
TestTerraformBasicExample 2022-03-23T01:57:10Z logger.go:66: module.eks.module.eks_managed_node_group["foo"].aws_eks_node_group.this[0]: Still destroying... [id=ex-basic:foo-2022032301483379850000000d, 5m49s elapsed]
TestTerraformBasicExample 2022-03-23T01:57:20Z logger.go:66: module.eks.module.eks_managed_node_group["foo"].aws_eks_node_group.this[0]: Still destroying... [id=ex-basic:foo-2022032301483379850000000d, 5m59s elapsed]
TestTerraformBasicExample 2022-03-23T01:57:30Z logger.go:66: module.eks.module.eks_managed_node_group["foo"].aws_eks_node_group.this[0]: Still destroying... [id=ex-basic:foo-2022032301483379850000000d, 6m9s elapsed]
TestTerraformBasicExample 2022-03-23T01:57:40Z logger.go:66: module.eks.module.eks_managed_node_group["foo"].aws_eks_node_group.this[0]: Still destroying... [id=ex-basic:foo-2022032301483379850000000d, 6m19s elapsed]
TestTerraformBasicExample 2022-03-23T01:57:50Z logger.go:66: module.eks.module.eks_managed_node_group["foo"].aws_eks_node_group.this[0]: Still destroying... [id=ex-basic:foo-2022032301483379850000000d, 6m29s elapsed]
TestTerraformBasicExample 2022-03-23T01:58:00Z logger.go:66: module.eks.module.eks_managed_node_group["foo"].aws_eks_node_group.this[0]: Still destroying... [id=ex-basic:foo-2022032301483379850000000d, 6m39s elapsed]
TestTerraformBasicExample 2022-03-23T01:58:10Z logger.go:66: module.eks.module.eks_managed_node_group["foo"].aws_eks_node_group.this[0]: Still destroying... [id=ex-basic:foo-2022032301483379850000000d, 6m49s elapsed]
TestTerraformBasicExample 2022-03-23T01:58:20Z logger.go:66: module.eks.module.eks_managed_node_group["foo"].aws_eks_node_group.this[0]: Still destroying... [id=ex-basic:foo-2022032301483379850000000d, 6m59s elapsed]
TestTerraformBasicExample 2022-03-23T01:58:30Z logger.go:66: module.eks.module.eks_managed_node_group["foo"].aws_eks_node_group.this[0]: Still destroying... [id=ex-basic:foo-2022032301483379850000000d, 7m9s elapsed]
TestTerraformBasicExample 2022-03-23T01:58:40Z logger.go:66: module.eks.module.eks_managed_node_group["foo"].aws_eks_node_group.this[0]: Still destroying... [id=ex-basic:foo-2022032301483379850000000d, 7m19s elapsed]
TestTerraformBasicExample 2022-03-23T01:58:44Z logger.go:66: module.eks.module.eks_managed_node_group["foo"].aws_eks_node_group.this[0]: Destruction complete after 7m23s
TestTerraformBasicExample 2022-03-23T01:58:44Z logger.go:66: module.eks.module.eks_managed_node_group["foo"].aws_launch_template.this[0]: Destroying... [id=lt-02f9a33c136552fc6]
TestTerraformBasicExample 2022-03-23T01:58:44Z logger.go:66: module.eks.module.eks_managed_node_group["foo"].aws_launch_template.this[0]: Destruction complete after 1s
TestTerraformBasicExample 2022-03-23T01:58:44Z logger.go:66: module.eks.module.eks_managed_node_group["foo"].aws_iam_role_policy_attachment.this["arn:aws:iam::aws:policy/AmazonEC2ContainerRegistryReadOnly"]: Destroying... [id=foo-eks-node-group-20220323013727515700000001-20220323013729010800000006]
TestTerraformBasicExample 2022-03-23T01:58:44Z logger.go:66: module.eks.module.eks_managed_node_group["foo"].aws_security_group.this[0]: Destroying... [id=sg-0eaa183cfb1a0fda0]
TestTerraformBasicExample 2022-03-23T01:58:44Z logger.go:66: module.eks.module.eks_managed_node_group["foo"].aws_iam_role_policy_attachment.this["arn:aws:iam::aws:policy/AmazonEKSWorkerNodePolicy"]: Destroying... [id=foo-eks-node-group-20220323013727515700000001-20220323013729085400000007]
TestTerraformBasicExample 2022-03-23T01:58:44Z logger.go:66: module.eks.module.eks_managed_node_group["foo"].aws_iam_role_policy_attachment.this["arn:aws:iam::aws:policy/AmazonEKS_CNI_Policy"]: Destroying... [id=foo-eks-node-group-20220323013727515700000001-20220323013728984100000005]
TestTerraformBasicExample 2022-03-23T01:58:44Z logger.go:66: module.eks.aws_eks_cluster.this[0]: Destroying... [id=ex-basic]
TestTerraformBasicExample 2022-03-23T01:58:45Z logger.go:66: module.eks.module.eks_managed_node_group["foo"].aws_security_group.this[0]: Destruction complete after 0s
TestTerraformBasicExample 2022-03-23T01:58:45Z logger.go:66: module.eks.module.eks_managed_node_group["foo"].aws_iam_role_policy_attachment.this["arn:aws:iam::aws:policy/AmazonEC2ContainerRegistryReadOnly"]: Destruction complete after 1s
TestTerraformBasicExample 2022-03-23T01:58:45Z logger.go:66: module.eks.module.eks_managed_node_group["foo"].aws_iam_role_policy_attachment.this["arn:aws:iam::aws:policy/AmazonEKSWorkerNodePolicy"]: Destruction complete after 1s
TestTerraformBasicExample 2022-03-23T01:58:45Z logger.go:66: module.eks.module.eks_managed_node_group["foo"].aws_iam_role_policy_attachment.this["arn:aws:iam::aws:policy/AmazonEKS_CNI_Policy"]: Destruction complete after 1s
TestTerraformBasicExample 2022-03-23T01:58:45Z logger.go:66: module.eks.module.eks_managed_node_group["foo"].aws_iam_role.this[0]: Destroying... [id=foo-eks-node-group-20220323013727515700000001]
TestTerraformBasicExample 2022-03-23T01:58:45Z logger.go:66: module.eks.module.eks_managed_node_group["foo"].aws_iam_role.this[0]: Destruction complete after 0s
TestTerraformBasicExample 2022-03-23T01:58:54Z logger.go:66: module.eks.aws_eks_cluster.this[0]: Still destroying... [id=ex-basic, 10s elapsed]
TestTerraformBasicExample 2022-03-23T01:59:04Z logger.go:66: module.eks.aws_eks_cluster.this[0]: Still destroying... [id=ex-basic, 20s elapsed]
TestTerraformBasicExample 2022-03-23T01:59:14Z logger.go:66: module.eks.aws_eks_cluster.this[0]: Still destroying... [id=ex-basic, 30s elapsed]
TestTerraformBasicExample 2022-03-23T01:59:24Z logger.go:66: module.eks.aws_eks_cluster.this[0]: Still destroying... [id=ex-basic, 40s elapsed]
TestTerraformBasicExample 2022-03-23T01:59:34Z logger.go:66: module.eks.aws_eks_cluster.this[0]: Still destroying... [id=ex-basic, 50s elapsed]
TestTerraformBasicExample 2022-03-23T01:59:44Z logger.go:66: module.eks.aws_eks_cluster.this[0]: Still destroying... [id=ex-basic, 1m0s elapsed]
TestTerraformBasicExample 2022-03-23T01:59:54Z logger.go:66: module.eks.aws_eks_cluster.this[0]: Still destroying... [id=ex-basic, 1m10s elapsed]
TestTerraformBasicExample 2022-03-23T02:00:04Z logger.go:66: module.eks.aws_eks_cluster.this[0]: Still destroying... [id=ex-basic, 1m20s elapsed]
TestTerraformBasicExample 2022-03-23T02:00:14Z logger.go:66: module.eks.aws_eks_cluster.this[0]: Still destroying... [id=ex-basic, 1m30s elapsed]
TestTerraformBasicExample 2022-03-23T02:00:24Z logger.go:66: module.eks.aws_eks_cluster.this[0]: Still destroying... [id=ex-basic, 1m40s elapsed]
TestTerraformBasicExample 2022-03-23T02:00:34Z logger.go:66: module.eks.aws_eks_cluster.this[0]: Still destroying... [id=ex-basic, 1m50s elapsed]
TestTerraformBasicExample 2022-03-23T02:00:44Z logger.go:66: module.eks.aws_eks_cluster.this[0]: Still destroying... [id=ex-basic, 2m0s elapsed]
TestTerraformBasicExample 2022-03-23T02:00:54Z logger.go:66: module.eks.aws_eks_cluster.this[0]: Still destroying... [id=ex-basic, 2m10s elapsed]
TestTerraformBasicExample 2022-03-23T02:01:04Z logger.go:66: module.eks.aws_eks_cluster.this[0]: Still destroying... [id=ex-basic, 2m20s elapsed]
TestTerraformBasicExample 2022-03-23T02:01:14Z logger.go:66: module.eks.aws_eks_cluster.this[0]: Still destroying... [id=ex-basic, 2m30s elapsed]
TestTerraformBasicExample 2022-03-23T02:01:24Z logger.go:66: module.eks.aws_eks_cluster.this[0]: Still destroying... [id=ex-basic, 2m40s elapsed]
TestTerraformBasicExample 2022-03-23T02:01:34Z logger.go:66: module.eks.aws_eks_cluster.this[0]: Still destroying... [id=ex-basic, 2m50s elapsed]
TestTerraformBasicExample 2022-03-23T02:01:44Z logger.go:66: module.eks.aws_eks_cluster.this[0]: Still destroying... [id=ex-basic, 3m0s elapsed]
TestTerraformBasicExample 2022-03-23T02:01:54Z logger.go:66: module.eks.aws_eks_cluster.this[0]: Still destroying... [id=ex-basic, 3m10s elapsed]
TestTerraformBasicExample 2022-03-23T02:02:04Z logger.go:66: module.eks.aws_eks_cluster.this[0]: Still destroying... [id=ex-basic, 3m20s elapsed]
TestTerraformBasicExample 2022-03-23T02:02:14Z logger.go:66: module.eks.aws_eks_cluster.this[0]: Still destroying... [id=ex-basic, 3m30s elapsed]
TestTerraformBasicExample 2022-03-23T02:02:24Z logger.go:66: module.eks.aws_eks_cluster.this[0]: Still destroying... [id=ex-basic, 3m40s elapsed]
TestTerraformBasicExample 2022-03-23T02:02:34Z logger.go:66: module.eks.aws_eks_cluster.this[0]: Still destroying... [id=ex-basic, 3m50s elapsed]
TestTerraformBasicExample 2022-03-23T02:02:44Z logger.go:66: module.eks.aws_eks_cluster.this[0]: Still destroying... [id=ex-basic, 4m0s elapsed]
TestTerraformBasicExample 2022-03-23T02:02:54Z logger.go:66: module.eks.aws_eks_cluster.this[0]: Still destroying... [id=ex-basic, 4m10s elapsed]
TestTerraformBasicExample 2022-03-23T02:03:04Z logger.go:66: module.eks.aws_eks_cluster.this[0]: Still destroying... [id=ex-basic, 4m20s elapsed]
TestTerraformBasicExample 2022-03-23T02:03:14Z logger.go:66: module.eks.aws_eks_cluster.this[0]: Still destroying... [id=ex-basic, 4m30s elapsed]
TestTerraformBasicExample 2022-03-23T02:03:24Z logger.go:66: module.eks.aws_eks_cluster.this[0]: Still destroying... [id=ex-basic, 4m40s elapsed]
TestTerraformBasicExample 2022-03-23T02:03:29Z logger.go:66: module.eks.aws_eks_cluster.this[0]: Destruction complete after 4m44s
TestTerraformBasicExample 2022-03-23T02:03:29Z logger.go:66: module.eks.aws_security_group_rule.node["egress_cluster_443"]: Destroying... [id=sgrule-245167170]
TestTerraformBasicExample 2022-03-23T02:03:29Z logger.go:66: module.eks.aws_security_group_rule.node["egress_ntp_udp"]: Destroying... [id=sgrule-2595172051]
TestTerraformBasicExample 2022-03-23T02:03:29Z logger.go:66: module.eks.aws_security_group_rule.node["egress_https"]: Destroying... [id=sgrule-1005532864]
TestTerraformBasicExample 2022-03-23T02:03:29Z logger.go:66: module.eks.aws_security_group_rule.node["ingress_cluster_kubelet"]: Destroying... [id=sgrule-2908934003]
TestTerraformBasicExample 2022-03-23T02:03:29Z logger.go:66: module.eks.aws_security_group_rule.cluster["ingress_nodes_443"]: Destroying... [id=sgrule-1851197621]
TestTerraformBasicExample 2022-03-23T02:03:29Z logger.go:66: module.vpc.aws_subnet.private[1]: Destroying... [id=subnet-072842a5e3c4370f3]
TestTerraformBasicExample 2022-03-23T02:03:29Z logger.go:66: module.eks.aws_security_group_rule.node["ingress_self_coredns_tcp"]: Destroying... [id=sgrule-1124434756]
TestTerraformBasicExample 2022-03-23T02:03:29Z logger.go:66: module.eks.aws_iam_role_policy_attachment.this["arn:aws:iam::aws:policy/AmazonEKSVPCResourceController"]: Destroying... [id=ex-basic-cluster-20220323013727521500000002-20220323013728892800000004]
TestTerraformBasicExample 2022-03-23T02:03:29Z logger.go:66: module.eks.aws_security_group_rule.cluster["egress_nodes_443"]: Destroying... [id=sgrule-2774736844]
TestTerraformBasicExample 2022-03-23T02:03:29Z logger.go:66: module.eks.aws_security_group_rule.node["ingress_cluster_443"]: Destroying... [id=sgrule-1511185497]
TestTerraformBasicExample 2022-03-23T02:03:29Z logger.go:66: module.vpc.aws_subnet.private[1]: Destruction complete after 1s
TestTerraformBasicExample 2022-03-23T02:03:29Z logger.go:66: module.eks.aws_security_group_rule.node["egress_self_coredns_udp"]: Destroying... [id=sgrule-2069946709]
TestTerraformBasicExample 2022-03-23T02:03:29Z logger.go:66: module.eks.aws_iam_role_policy_attachment.this["arn:aws:iam::aws:policy/AmazonEKSVPCResourceController"]: Destruction complete after 1s
TestTerraformBasicExample 2022-03-23T02:03:29Z logger.go:66: module.eks.aws_security_group_rule.node["egress_cluster_443"]: Destruction complete after 1s
TestTerraformBasicExample 2022-03-23T02:03:29Z logger.go:66: module.eks.aws_iam_role_policy_attachment.this["arn:aws:iam::aws:policy/AmazonEKSClusterPolicy"]: Destroying... [id=ex-basic-cluster-20220323013727521500000002-20220323013728885100000003]
TestTerraformBasicExample 2022-03-23T02:03:29Z logger.go:66: module.eks.aws_security_group_rule.node["ingress_self_coredns_udp"]: Destroying... [id=sgrule-3881443499]
TestTerraformBasicExample 2022-03-23T02:03:29Z logger.go:66: module.eks.aws_security_group_rule.cluster["ingress_nodes_443"]: Destruction complete after 1s
TestTerraformBasicExample 2022-03-23T02:03:29Z logger.go:66: module.eks.aws_cloudwatch_log_group.this[0]: Destroying... [id=/aws/eks/ex-basic/cluster]
TestTerraformBasicExample 2022-03-23T02:03:29Z logger.go:66: module.eks.aws_iam_role_policy_attachment.this["arn:aws:iam::aws:policy/AmazonEKSClusterPolicy"]: Destruction complete after 0s
TestTerraformBasicExample 2022-03-23T02:03:29Z logger.go:66: module.vpc.aws_subnet.private[2]: Destroying... [id=subnet-068dd3151a8c4f57a]
TestTerraformBasicExample 2022-03-23T02:03:30Z logger.go:66: module.eks.aws_security_group_rule.node["egress_ntp_udp"]: Destruction complete after 1s
TestTerraformBasicExample 2022-03-23T02:03:30Z logger.go:66: module.eks.aws_cloudwatch_log_group.this[0]: Destruction complete after 0s
TestTerraformBasicExample 2022-03-23T02:03:30Z logger.go:66: module.eks.aws_security_group_rule.node["egress_self_coredns_tcp"]: Destroying... [id=sgrule-4110902067]
TestTerraformBasicExample 2022-03-23T02:03:30Z logger.go:66: module.eks.aws_security_group_rule.cluster["egress_nodes_443"]: Destruction complete after 1s
TestTerraformBasicExample 2022-03-23T02:03:30Z logger.go:66: module.vpc.aws_subnet.private[0]: Destroying... [id=subnet-048417218793b6f92]
TestTerraformBasicExample 2022-03-23T02:03:30Z logger.go:66: module.eks.aws_security_group_rule.cluster["egress_nodes_kubelet"]: Destroying... [id=sgrule-1378498988]
TestTerraformBasicExample 2022-03-23T02:03:30Z logger.go:66: module.vpc.aws_subnet.private[2]: Destruction complete after 0s
TestTerraformBasicExample 2022-03-23T02:03:30Z logger.go:66: module.eks.aws_security_group_rule.node["egress_ntp_tcp"]: Destroying... [id=sgrule-3828419550]
TestTerraformBasicExample 2022-03-23T02:03:30Z logger.go:66: module.eks.aws_security_group_rule.node["egress_https"]: Destruction complete after 2s
TestTerraformBasicExample 2022-03-23T02:03:30Z logger.go:66: module.eks.aws_iam_role.this[0]: Destroying... [id=ex-basic-cluster-20220323013727521500000002]
TestTerraformBasicExample 2022-03-23T02:03:30Z logger.go:66: module.eks.aws_security_group_rule.cluster["egress_nodes_kubelet"]: Destruction complete after 1s
TestTerraformBasicExample 2022-03-23T02:03:31Z logger.go:66: module.eks.aws_iam_role.this[0]: Destruction complete after 0s
TestTerraformBasicExample 2022-03-23T02:03:31Z logger.go:66: module.eks.aws_security_group_rule.node["ingress_cluster_kubelet"]: Destruction complete after 2s
TestTerraformBasicExample 2022-03-23T02:03:31Z logger.go:66: module.vpc.aws_subnet.private[0]: Destruction complete after 1s
TestTerraformBasicExample 2022-03-23T02:03:31Z logger.go:66: module.eks.aws_security_group_rule.node["ingress_cluster_443"]: Destruction complete after 3s
TestTerraformBasicExample 2022-03-23T02:03:32Z logger.go:66: module.eks.aws_security_group_rule.node["ingress_self_coredns_tcp"]: Destruction complete after 3s
TestTerraformBasicExample 2022-03-23T02:03:32Z logger.go:66: module.eks.aws_security_group_rule.node["egress_self_coredns_udp"]: Destruction complete after 2s
TestTerraformBasicExample 2022-03-23T02:03:32Z logger.go:66: module.eks.aws_security_group_rule.node["ingress_self_coredns_udp"]: Destruction complete after 3s
TestTerraformBasicExample 2022-03-23T02:03:33Z logger.go:66: module.eks.aws_security_group_rule.node["egress_self_coredns_tcp"]: Destruction complete after 3s
TestTerraformBasicExample 2022-03-23T02:03:33Z logger.go:66: module.eks.aws_security_group_rule.node["egress_ntp_tcp"]: Destruction complete after 4s
TestTerraformBasicExample 2022-03-23T02:03:33Z logger.go:66: module.eks.aws_security_group.cluster[0]: Destroying... [id=sg-0b53e046b12122741]
TestTerraformBasicExample 2022-03-23T02:03:33Z logger.go:66: module.eks.aws_security_group.node[0]: Destroying... [id=sg-00fd3a925aea8b86f]
TestTerraformBasicExample 2022-03-23T02:03:34Z logger.go:66: module.eks.aws_security_group.cluster[0]: Destruction complete after 0s
TestTerraformBasicExample 2022-03-23T02:03:34Z logger.go:66: module.eks.aws_security_group.node[0]: Destruction complete after 0s
TestTerraformBasicExample 2022-03-23T02:03:34Z logger.go:66: module.vpc.aws_vpc.this[0]: Destroying... [id=vpc-024c94e2d2cc5a5c5]
TestTerraformBasicExample 2022-03-23T02:03:34Z logger.go:66: module.vpc.aws_vpc.this[0]: Destruction complete after 1s
TestTerraformBasicExample 2022-03-23T02:03:34Z logger.go:66:
TestTerraformBasicExample 2022-03-23T02:03:34Z logger.go:66: Destroy complete! Resources: 53 destroyed.
--- PASS: TestTerraformBasicExample (1582.16s)
PASS
ok  	command-line-arguments	1582.178s
