=== RUN   TestTerraformCompleteExample
TestTerraformCompleteExample 2022-03-22T16:45:10Z retry.go:91: terraform [init -upgrade=false]
TestTerraformCompleteExample 2022-03-22T16:45:10Z logger.go:66: Running command terraform with args [init -upgrade=false]
TestTerraformCompleteExample 2022-03-22T16:45:10Z logger.go:66: [0m[1mInitializing modules...[0m
TestTerraformCompleteExample 2022-03-22T16:45:11Z logger.go:66:
TestTerraformCompleteExample 2022-03-22T16:45:11Z logger.go:66: [0m[1mInitializing the backend...[0m
TestTerraformCompleteExample 2022-03-22T16:45:15Z logger.go:66:
TestTerraformCompleteExample 2022-03-22T16:45:15Z logger.go:66: [0m[1mInitializing provider plugins...[0m
TestTerraformCompleteExample 2022-03-22T16:45:15Z logger.go:66: - Reusing previous version of hashicorp/cloudinit from the dependency lock file
TestTerraformCompleteExample 2022-03-22T16:45:15Z logger.go:66: - Reusing previous version of hashicorp/kubernetes from the dependency lock file
TestTerraformCompleteExample 2022-03-22T16:45:15Z logger.go:66: - Reusing previous version of hashicorp/aws from the dependency lock file
TestTerraformCompleteExample 2022-03-22T16:45:15Z logger.go:66: - Reusing previous version of hashicorp/tls from the dependency lock file
TestTerraformCompleteExample 2022-03-22T16:45:15Z logger.go:66: - Using previously-installed hashicorp/tls v3.1.0
TestTerraformCompleteExample 2022-03-22T16:45:15Z logger.go:66: - Using previously-installed hashicorp/cloudinit v2.2.0
TestTerraformCompleteExample 2022-03-22T16:45:15Z logger.go:66: - Using previously-installed hashicorp/kubernetes v2.8.0
TestTerraformCompleteExample 2022-03-22T16:45:16Z logger.go:66: - Using previously-installed hashicorp/aws v4.6.0
TestTerraformCompleteExample 2022-03-22T16:45:16Z logger.go:66:
TestTerraformCompleteExample 2022-03-22T16:45:16Z logger.go:66: [0m[1m[32mTerraform has been successfully initialized![0m[32m[0m
TestTerraformCompleteExample 2022-03-22T16:45:16Z logger.go:66: [0m[32m
TestTerraformCompleteExample 2022-03-22T16:45:16Z logger.go:66: You may now begin working with Terraform. Try running "terraform plan" to see
TestTerraformCompleteExample 2022-03-22T16:45:16Z logger.go:66: any changes that are required for your infrastructure. All Terraform commands
TestTerraformCompleteExample 2022-03-22T16:45:16Z logger.go:66: should now work.
TestTerraformCompleteExample 2022-03-22T16:45:16Z logger.go:66:
TestTerraformCompleteExample 2022-03-22T16:45:16Z logger.go:66: If you ever set or change modules or backend configuration for Terraform,
TestTerraformCompleteExample 2022-03-22T16:45:16Z logger.go:66: rerun this command to reinitialize your working directory. If you forget, other
TestTerraformCompleteExample 2022-03-22T16:45:16Z logger.go:66: commands will detect it and remind you to do so if necessary.[0m
TestTerraformCompleteExample 2022-03-22T16:45:16Z retry.go:91: terraform [apply -input=false -auto-approve -no-color -lock=false]
TestTerraformCompleteExample 2022-03-22T16:45:16Z logger.go:66: Running command terraform with args [apply -input=false -auto-approve -no-color -lock=false]
TestTerraformCompleteExample 2022-03-22T16:45:23Z logger.go:66:
TestTerraformCompleteExample 2022-03-22T16:45:23Z logger.go:66: Terraform used the selected providers to generate the following execution
TestTerraformCompleteExample 2022-03-22T16:45:23Z logger.go:66: plan. Resource actions are indicated with the following symbols:
TestTerraformCompleteExample 2022-03-22T16:45:23Z logger.go:66:   + create
TestTerraformCompleteExample 2022-03-22T16:45:23Z logger.go:66:  <= read (data resources)
TestTerraformCompleteExample 2022-03-22T16:45:23Z logger.go:66:
TestTerraformCompleteExample 2022-03-22T16:45:23Z logger.go:66: Terraform will perform the following actions:
TestTerraformCompleteExample 2022-03-22T16:45:23Z logger.go:66:
TestTerraformCompleteExample 2022-03-22T16:45:23Z logger.go:66:   # data.aws_eks_cluster.cluster will be read during apply
TestTerraformCompleteExample 2022-03-22T16:45:23Z logger.go:66:   # (config refers to values not yet known)
TestTerraformCompleteExample 2022-03-22T16:45:23Z logger.go:66:  <= data "aws_eks_cluster" "cluster"  {
TestTerraformCompleteExample 2022-03-22T16:45:23Z logger.go:66:       + arn                       = (known after apply)
TestTerraformCompleteExample 2022-03-22T16:45:23Z logger.go:66:       + certificate_authority     = (known after apply)
TestTerraformCompleteExample 2022-03-22T16:45:23Z logger.go:66:       + created_at                = (known after apply)
TestTerraformCompleteExample 2022-03-22T16:45:23Z logger.go:66:       + enabled_cluster_log_types = (known after apply)
TestTerraformCompleteExample 2022-03-22T16:45:23Z logger.go:66:       + endpoint                  = (known after apply)
TestTerraformCompleteExample 2022-03-22T16:45:23Z logger.go:66:       + id                        = (known after apply)
TestTerraformCompleteExample 2022-03-22T16:45:23Z logger.go:66:       + identity                  = (known after apply)
TestTerraformCompleteExample 2022-03-22T16:45:23Z logger.go:66:       + kubernetes_network_config = (known after apply)
TestTerraformCompleteExample 2022-03-22T16:45:23Z logger.go:66:       + name                      = (known after apply)
TestTerraformCompleteExample 2022-03-22T16:45:23Z logger.go:66:       + platform_version          = (known after apply)
TestTerraformCompleteExample 2022-03-22T16:45:23Z logger.go:66:       + role_arn                  = (known after apply)
TestTerraformCompleteExample 2022-03-22T16:45:23Z logger.go:66:       + status                    = (known after apply)
TestTerraformCompleteExample 2022-03-22T16:45:23Z logger.go:66:       + tags                      = (known after apply)
TestTerraformCompleteExample 2022-03-22T16:45:23Z logger.go:66:       + version                   = (known after apply)
TestTerraformCompleteExample 2022-03-22T16:45:23Z logger.go:66:       + vpc_config                = (known after apply)
TestTerraformCompleteExample 2022-03-22T16:45:23Z logger.go:66:     }
TestTerraformCompleteExample 2022-03-22T16:45:23Z logger.go:66:
TestTerraformCompleteExample 2022-03-22T16:45:23Z logger.go:66:   # data.aws_eks_cluster_auth.cluster will be read during apply
TestTerraformCompleteExample 2022-03-22T16:45:23Z logger.go:66:   # (config refers to values not yet known)
TestTerraformCompleteExample 2022-03-22T16:45:23Z logger.go:66:  <= data "aws_eks_cluster_auth" "cluster"  {
TestTerraformCompleteExample 2022-03-22T16:45:23Z logger.go:66:       + id    = (known after apply)
TestTerraformCompleteExample 2022-03-22T16:45:23Z logger.go:66:       + name  = (known after apply)
TestTerraformCompleteExample 2022-03-22T16:45:23Z logger.go:66:       + token = (sensitive value)
TestTerraformCompleteExample 2022-03-22T16:45:23Z logger.go:66:     }
TestTerraformCompleteExample 2022-03-22T16:45:23Z logger.go:66:
TestTerraformCompleteExample 2022-03-22T16:45:23Z logger.go:66:   # module.eks.data.tls_certificate.this[0] will be read during apply
TestTerraformCompleteExample 2022-03-22T16:45:23Z logger.go:66:   # (config refers to values not yet known)
TestTerraformCompleteExample 2022-03-22T16:45:23Z logger.go:66:  <= data "tls_certificate" "this"  {
TestTerraformCompleteExample 2022-03-22T16:45:23Z logger.go:66:       + certificates = (known after apply)
TestTerraformCompleteExample 2022-03-22T16:45:23Z logger.go:66:       + id           = (known after apply)
TestTerraformCompleteExample 2022-03-22T16:45:23Z logger.go:66:       + url          = (known after apply)
TestTerraformCompleteExample 2022-03-22T16:45:23Z logger.go:66:     }
TestTerraformCompleteExample 2022-03-22T16:45:23Z logger.go:66:
TestTerraformCompleteExample 2022-03-22T16:45:23Z logger.go:66:   # module.eks.aws_cloudwatch_log_group.this[0] will be created
TestTerraformCompleteExample 2022-03-22T16:45:23Z logger.go:66:   + resource "aws_cloudwatch_log_group" "this" {
TestTerraformCompleteExample 2022-03-22T16:45:23Z logger.go:66:       + arn               = (known after apply)
TestTerraformCompleteExample 2022-03-22T16:45:23Z logger.go:66:       + id                = (known after apply)
TestTerraformCompleteExample 2022-03-22T16:45:23Z logger.go:66:       + name              = "/aws/eks/ex-complete/cluster"
TestTerraformCompleteExample 2022-03-22T16:45:23Z logger.go:66:       + retention_in_days = 90
TestTerraformCompleteExample 2022-03-22T16:45:23Z logger.go:66:       + tags_all          = {
TestTerraformCompleteExample 2022-03-22T16:45:23Z logger.go:66:           + "Example"    = "ex-complete"
TestTerraformCompleteExample 2022-03-22T16:45:23Z logger.go:66:           + "GithubOrg"  = "aidan-melen"
TestTerraformCompleteExample 2022-03-22T16:45:23Z logger.go:66:           + "GithubRepo" = "terraform-aws-eks-auth"
TestTerraformCompleteExample 2022-03-22T16:45:23Z logger.go:66:         }
TestTerraformCompleteExample 2022-03-22T16:45:23Z logger.go:66:     }
TestTerraformCompleteExample 2022-03-22T16:45:23Z logger.go:66:
TestTerraformCompleteExample 2022-03-22T16:45:23Z logger.go:66:   # module.eks.aws_eks_cluster.this[0] will be created
TestTerraformCompleteExample 2022-03-22T16:45:23Z logger.go:66:   + resource "aws_eks_cluster" "this" {
TestTerraformCompleteExample 2022-03-22T16:45:23Z logger.go:66:       + arn                       = (known after apply)
TestTerraformCompleteExample 2022-03-22T16:45:23Z logger.go:66:       + certificate_authority     = (known after apply)
TestTerraformCompleteExample 2022-03-22T16:45:23Z logger.go:66:       + created_at                = (known after apply)
TestTerraformCompleteExample 2022-03-22T16:45:23Z logger.go:66:       + enabled_cluster_log_types = [
TestTerraformCompleteExample 2022-03-22T16:45:23Z logger.go:66:           + "api",
TestTerraformCompleteExample 2022-03-22T16:45:23Z logger.go:66:           + "audit",
TestTerraformCompleteExample 2022-03-22T16:45:23Z logger.go:66:           + "authenticator",
TestTerraformCompleteExample 2022-03-22T16:45:23Z logger.go:66:         ]
TestTerraformCompleteExample 2022-03-22T16:45:23Z logger.go:66:       + endpoint                  = (known after apply)
TestTerraformCompleteExample 2022-03-22T16:45:23Z logger.go:66:       + id                        = (known after apply)
TestTerraformCompleteExample 2022-03-22T16:45:23Z logger.go:66:       + identity                  = (known after apply)
TestTerraformCompleteExample 2022-03-22T16:45:23Z logger.go:66:       + name                      = "ex-complete"
TestTerraformCompleteExample 2022-03-22T16:45:23Z logger.go:66:       + platform_version          = (known after apply)
TestTerraformCompleteExample 2022-03-22T16:45:23Z logger.go:66:       + role_arn                  = (known after apply)
TestTerraformCompleteExample 2022-03-22T16:45:23Z logger.go:66:       + status                    = (known after apply)
TestTerraformCompleteExample 2022-03-22T16:45:23Z logger.go:66:       + tags_all                  = {
TestTerraformCompleteExample 2022-03-22T16:45:23Z logger.go:66:           + "Example"    = "ex-complete"
TestTerraformCompleteExample 2022-03-22T16:45:23Z logger.go:66:           + "GithubOrg"  = "aidan-melen"
TestTerraformCompleteExample 2022-03-22T16:45:23Z logger.go:66:           + "GithubRepo" = "terraform-aws-eks-auth"
TestTerraformCompleteExample 2022-03-22T16:45:23Z logger.go:66:         }
TestTerraformCompleteExample 2022-03-22T16:45:23Z logger.go:66:       + version                   = "1.21"
TestTerraformCompleteExample 2022-03-22T16:45:23Z logger.go:66:
TestTerraformCompleteExample 2022-03-22T16:45:23Z logger.go:66:       + kubernetes_network_config {
TestTerraformCompleteExample 2022-03-22T16:45:23Z logger.go:66:           + ip_family         = (known after apply)
TestTerraformCompleteExample 2022-03-22T16:45:23Z logger.go:66:           + service_ipv4_cidr = (known after apply)
TestTerraformCompleteExample 2022-03-22T16:45:23Z logger.go:66:         }
TestTerraformCompleteExample 2022-03-22T16:45:23Z logger.go:66:
TestTerraformCompleteExample 2022-03-22T16:45:23Z logger.go:66:       + timeouts {}
TestTerraformCompleteExample 2022-03-22T16:45:23Z logger.go:66:
TestTerraformCompleteExample 2022-03-22T16:45:23Z logger.go:66:       + vpc_config {
TestTerraformCompleteExample 2022-03-22T16:45:23Z logger.go:66:           + cluster_security_group_id = (known after apply)
TestTerraformCompleteExample 2022-03-22T16:45:23Z logger.go:66:           + endpoint_private_access   = false
TestTerraformCompleteExample 2022-03-22T16:45:23Z logger.go:66:           + endpoint_public_access    = true
TestTerraformCompleteExample 2022-03-22T16:45:23Z logger.go:66:           + public_access_cidrs       = [
TestTerraformCompleteExample 2022-03-22T16:45:23Z logger.go:66:               + "0.0.0.0/0",
TestTerraformCompleteExample 2022-03-22T16:45:23Z logger.go:66:             ]
TestTerraformCompleteExample 2022-03-22T16:45:23Z logger.go:66:           + security_group_ids        = (known after apply)
TestTerraformCompleteExample 2022-03-22T16:45:23Z logger.go:66:           + subnet_ids                = (known after apply)
TestTerraformCompleteExample 2022-03-22T16:45:23Z logger.go:66:           + vpc_id                    = (known after apply)
TestTerraformCompleteExample 2022-03-22T16:45:23Z logger.go:66:         }
TestTerraformCompleteExample 2022-03-22T16:45:23Z logger.go:66:     }
TestTerraformCompleteExample 2022-03-22T16:45:23Z logger.go:66:
TestTerraformCompleteExample 2022-03-22T16:45:23Z logger.go:66:   # module.eks.aws_iam_openid_connect_provider.oidc_provider[0] will be created
TestTerraformCompleteExample 2022-03-22T16:45:23Z logger.go:66:   + resource "aws_iam_openid_connect_provider" "oidc_provider" {
TestTerraformCompleteExample 2022-03-22T16:45:23Z logger.go:66:       + arn             = (known after apply)
TestTerraformCompleteExample 2022-03-22T16:45:23Z logger.go:66:       + client_id_list  = [
TestTerraformCompleteExample 2022-03-22T16:45:23Z logger.go:66:           + "sts.amazonaws.com",
TestTerraformCompleteExample 2022-03-22T16:45:23Z logger.go:66:         ]
TestTerraformCompleteExample 2022-03-22T16:45:23Z logger.go:66:       + id              = (known after apply)
TestTerraformCompleteExample 2022-03-22T16:45:23Z logger.go:66:       + tags            = {
TestTerraformCompleteExample 2022-03-22T16:45:23Z logger.go:66:           + "Name" = "ex-complete-eks-irsa"
TestTerraformCompleteExample 2022-03-22T16:45:23Z logger.go:66:         }
TestTerraformCompleteExample 2022-03-22T16:45:23Z logger.go:66:       + tags_all        = {
TestTerraformCompleteExample 2022-03-22T16:45:23Z logger.go:66:           + "Example"    = "ex-complete"
TestTerraformCompleteExample 2022-03-22T16:45:23Z logger.go:66:           + "GithubOrg"  = "aidan-melen"
TestTerraformCompleteExample 2022-03-22T16:45:23Z logger.go:66:           + "GithubRepo" = "terraform-aws-eks-auth"
TestTerraformCompleteExample 2022-03-22T16:45:23Z logger.go:66:           + "Name"       = "ex-complete-eks-irsa"
TestTerraformCompleteExample 2022-03-22T16:45:23Z logger.go:66:         }
TestTerraformCompleteExample 2022-03-22T16:45:23Z logger.go:66:       + thumbprint_list = (known after apply)
TestTerraformCompleteExample 2022-03-22T16:45:23Z logger.go:66:       + url             = (known after apply)
TestTerraformCompleteExample 2022-03-22T16:45:23Z logger.go:66:     }
TestTerraformCompleteExample 2022-03-22T16:45:23Z logger.go:66:
TestTerraformCompleteExample 2022-03-22T16:45:23Z logger.go:66:   # module.eks.aws_iam_role.this[0] will be created
TestTerraformCompleteExample 2022-03-22T16:45:23Z logger.go:66:   + resource "aws_iam_role" "this" {
TestTerraformCompleteExample 2022-03-22T16:45:23Z logger.go:66:       + arn                   = (known after apply)
TestTerraformCompleteExample 2022-03-22T16:45:23Z logger.go:66:       + assume_role_policy    = jsonencode(
TestTerraformCompleteExample 2022-03-22T16:45:23Z logger.go:66:             {
TestTerraformCompleteExample 2022-03-22T16:45:23Z logger.go:66:               + Statement = [
TestTerraformCompleteExample 2022-03-22T16:45:23Z logger.go:66:                   + {
TestTerraformCompleteExample 2022-03-22T16:45:23Z logger.go:66:                       + Action    = "sts:AssumeRole"
TestTerraformCompleteExample 2022-03-22T16:45:23Z logger.go:66:                       + Effect    = "Allow"
TestTerraformCompleteExample 2022-03-22T16:45:23Z logger.go:66:                       + Principal = {
TestTerraformCompleteExample 2022-03-22T16:45:23Z logger.go:66:                           + Service = "eks.amazonaws.com"
TestTerraformCompleteExample 2022-03-22T16:45:23Z logger.go:66:                         }
TestTerraformCompleteExample 2022-03-22T16:45:23Z logger.go:66:                       + Sid       = "EKSClusterAssumeRole"
TestTerraformCompleteExample 2022-03-22T16:45:23Z logger.go:66:                     },
TestTerraformCompleteExample 2022-03-22T16:45:23Z logger.go:66:                 ]
TestTerraformCompleteExample 2022-03-22T16:45:23Z logger.go:66:               + Version   = "2012-10-17"
TestTerraformCompleteExample 2022-03-22T16:45:23Z logger.go:66:             }
TestTerraformCompleteExample 2022-03-22T16:45:23Z logger.go:66:         )
TestTerraformCompleteExample 2022-03-22T16:45:23Z logger.go:66:       + create_date           = (known after apply)
TestTerraformCompleteExample 2022-03-22T16:45:23Z logger.go:66:       + force_detach_policies = true
TestTerraformCompleteExample 2022-03-22T16:45:23Z logger.go:66:       + id                    = (known after apply)
TestTerraformCompleteExample 2022-03-22T16:45:23Z logger.go:66:       + managed_policy_arns   = (known after apply)
TestTerraformCompleteExample 2022-03-22T16:45:23Z logger.go:66:       + max_session_duration  = 3600
TestTerraformCompleteExample 2022-03-22T16:45:23Z logger.go:66:       + name                  = (known after apply)
TestTerraformCompleteExample 2022-03-22T16:45:23Z logger.go:66:       + name_prefix           = "ex-complete-cluster-"
TestTerraformCompleteExample 2022-03-22T16:45:23Z logger.go:66:       + path                  = "/"
TestTerraformCompleteExample 2022-03-22T16:45:23Z logger.go:66:       + tags_all              = {
TestTerraformCompleteExample 2022-03-22T16:45:23Z logger.go:66:           + "Example"    = "ex-complete"
TestTerraformCompleteExample 2022-03-22T16:45:23Z logger.go:66:           + "GithubOrg"  = "aidan-melen"
TestTerraformCompleteExample 2022-03-22T16:45:23Z logger.go:66:           + "GithubRepo" = "terraform-aws-eks-auth"
TestTerraformCompleteExample 2022-03-22T16:45:23Z logger.go:66:         }
TestTerraformCompleteExample 2022-03-22T16:45:23Z logger.go:66:       + unique_id             = (known after apply)
TestTerraformCompleteExample 2022-03-22T16:45:23Z logger.go:66:
TestTerraformCompleteExample 2022-03-22T16:45:23Z logger.go:66:       + inline_policy {
TestTerraformCompleteExample 2022-03-22T16:45:23Z logger.go:66:           + name   = (known after apply)
TestTerraformCompleteExample 2022-03-22T16:45:23Z logger.go:66:           + policy = (known after apply)
TestTerraformCompleteExample 2022-03-22T16:45:23Z logger.go:66:         }
TestTerraformCompleteExample 2022-03-22T16:45:23Z logger.go:66:     }
TestTerraformCompleteExample 2022-03-22T16:45:23Z logger.go:66:
TestTerraformCompleteExample 2022-03-22T16:45:23Z logger.go:66:   # module.eks.aws_iam_role_policy_attachment.this["arn:aws:iam::aws:policy/AmazonEKSClusterPolicy"] will be created
TestTerraformCompleteExample 2022-03-22T16:45:23Z logger.go:66:   + resource "aws_iam_role_policy_attachment" "this" {
TestTerraformCompleteExample 2022-03-22T16:45:23Z logger.go:66:       + id         = (known after apply)
TestTerraformCompleteExample 2022-03-22T16:45:23Z logger.go:66:       + policy_arn = "arn:aws:iam::aws:policy/AmazonEKSClusterPolicy"
TestTerraformCompleteExample 2022-03-22T16:45:23Z logger.go:66:       + role       = (known after apply)
TestTerraformCompleteExample 2022-03-22T16:45:23Z logger.go:66:     }
TestTerraformCompleteExample 2022-03-22T16:45:23Z logger.go:66:
TestTerraformCompleteExample 2022-03-22T16:45:23Z logger.go:66:   # module.eks.aws_iam_role_policy_attachment.this["arn:aws:iam::aws:policy/AmazonEKSVPCResourceController"] will be created
TestTerraformCompleteExample 2022-03-22T16:45:23Z logger.go:66:   + resource "aws_iam_role_policy_attachment" "this" {
TestTerraformCompleteExample 2022-03-22T16:45:23Z logger.go:66:       + id         = (known after apply)
TestTerraformCompleteExample 2022-03-22T16:45:23Z logger.go:66:       + policy_arn = "arn:aws:iam::aws:policy/AmazonEKSVPCResourceController"
TestTerraformCompleteExample 2022-03-22T16:45:23Z logger.go:66:       + role       = (known after apply)
TestTerraformCompleteExample 2022-03-22T16:45:23Z logger.go:66:     }
TestTerraformCompleteExample 2022-03-22T16:45:23Z logger.go:66:
TestTerraformCompleteExample 2022-03-22T16:45:23Z logger.go:66:   # module.eks.aws_security_group.cluster[0] will be created
TestTerraformCompleteExample 2022-03-22T16:45:23Z logger.go:66:   + resource "aws_security_group" "cluster" {
TestTerraformCompleteExample 2022-03-22T16:45:23Z logger.go:66:       + arn                    = (known after apply)
TestTerraformCompleteExample 2022-03-22T16:45:23Z logger.go:66:       + description            = "EKS cluster security group"
TestTerraformCompleteExample 2022-03-22T16:45:23Z logger.go:66:       + egress                 = (known after apply)
TestTerraformCompleteExample 2022-03-22T16:45:23Z logger.go:66:       + id                     = (known after apply)
TestTerraformCompleteExample 2022-03-22T16:45:23Z logger.go:66:       + ingress                = (known after apply)
TestTerraformCompleteExample 2022-03-22T16:45:23Z logger.go:66:       + name                   = (known after apply)
TestTerraformCompleteExample 2022-03-22T16:45:23Z logger.go:66:       + name_prefix            = "ex-complete-cluster-"
TestTerraformCompleteExample 2022-03-22T16:45:23Z logger.go:66:       + owner_id               = (known after apply)
TestTerraformCompleteExample 2022-03-22T16:45:23Z logger.go:66:       + revoke_rules_on_delete = false
TestTerraformCompleteExample 2022-03-22T16:45:23Z logger.go:66:       + tags                   = {
TestTerraformCompleteExample 2022-03-22T16:45:23Z logger.go:66:           + "Name" = "ex-complete-cluster"
TestTerraformCompleteExample 2022-03-22T16:45:23Z logger.go:66:         }
TestTerraformCompleteExample 2022-03-22T16:45:23Z logger.go:66:       + tags_all               = {
TestTerraformCompleteExample 2022-03-22T16:45:23Z logger.go:66:           + "Example"    = "ex-complete"
TestTerraformCompleteExample 2022-03-22T16:45:23Z logger.go:66:           + "GithubOrg"  = "aidan-melen"
TestTerraformCompleteExample 2022-03-22T16:45:23Z logger.go:66:           + "GithubRepo" = "terraform-aws-eks-auth"
TestTerraformCompleteExample 2022-03-22T16:45:23Z logger.go:66:           + "Name"       = "ex-complete-cluster"
TestTerraformCompleteExample 2022-03-22T16:45:23Z logger.go:66:         }
TestTerraformCompleteExample 2022-03-22T16:45:23Z logger.go:66:       + vpc_id                 = (known after apply)
TestTerraformCompleteExample 2022-03-22T16:45:23Z logger.go:66:     }
TestTerraformCompleteExample 2022-03-22T16:45:23Z logger.go:66:
TestTerraformCompleteExample 2022-03-22T16:45:23Z logger.go:66:   # module.eks.aws_security_group.node[0] will be created
TestTerraformCompleteExample 2022-03-22T16:45:23Z logger.go:66:   + resource "aws_security_group" "node" {
TestTerraformCompleteExample 2022-03-22T16:45:23Z logger.go:66:       + arn                    = (known after apply)
TestTerraformCompleteExample 2022-03-22T16:45:23Z logger.go:66:       + description            = "EKS node shared security group"
TestTerraformCompleteExample 2022-03-22T16:45:23Z logger.go:66:       + egress                 = (known after apply)
TestTerraformCompleteExample 2022-03-22T16:45:23Z logger.go:66:       + id                     = (known after apply)
TestTerraformCompleteExample 2022-03-22T16:45:23Z logger.go:66:       + ingress                = (known after apply)
TestTerraformCompleteExample 2022-03-22T16:45:23Z logger.go:66:       + name                   = (known after apply)
TestTerraformCompleteExample 2022-03-22T16:45:23Z logger.go:66:       + name_prefix            = "ex-complete-node-"
TestTerraformCompleteExample 2022-03-22T16:45:23Z logger.go:66:       + owner_id               = (known after apply)
TestTerraformCompleteExample 2022-03-22T16:45:23Z logger.go:66:       + revoke_rules_on_delete = false
TestTerraformCompleteExample 2022-03-22T16:45:23Z logger.go:66:       + tags                   = {
TestTerraformCompleteExample 2022-03-22T16:45:23Z logger.go:66:           + "Name"                              = "ex-complete-node"
TestTerraformCompleteExample 2022-03-22T16:45:23Z logger.go:66:           + "kubernetes.io/cluster/ex-complete" = "owned"
TestTerraformCompleteExample 2022-03-22T16:45:23Z logger.go:66:         }
TestTerraformCompleteExample 2022-03-22T16:45:23Z logger.go:66:       + tags_all               = {
TestTerraformCompleteExample 2022-03-22T16:45:23Z logger.go:66:           + "Example"                           = "ex-complete"
TestTerraformCompleteExample 2022-03-22T16:45:23Z logger.go:66:           + "GithubOrg"                         = "aidan-melen"
TestTerraformCompleteExample 2022-03-22T16:45:23Z logger.go:66:           + "GithubRepo"                        = "terraform-aws-eks-auth"
TestTerraformCompleteExample 2022-03-22T16:45:23Z logger.go:66:           + "Name"                              = "ex-complete-node"
TestTerraformCompleteExample 2022-03-22T16:45:23Z logger.go:66:           + "kubernetes.io/cluster/ex-complete" = "owned"
TestTerraformCompleteExample 2022-03-22T16:45:23Z logger.go:66:         }
TestTerraformCompleteExample 2022-03-22T16:45:23Z logger.go:66:       + vpc_id                 = (known after apply)
TestTerraformCompleteExample 2022-03-22T16:45:23Z logger.go:66:     }
TestTerraformCompleteExample 2022-03-22T16:45:23Z logger.go:66:
TestTerraformCompleteExample 2022-03-22T16:45:23Z logger.go:66:   # module.eks.aws_security_group_rule.cluster["egress_nodes_443"] will be created
TestTerraformCompleteExample 2022-03-22T16:45:23Z logger.go:66:   + resource "aws_security_group_rule" "cluster" {
TestTerraformCompleteExample 2022-03-22T16:45:23Z logger.go:66:       + description              = "Cluster API to node groups"
TestTerraformCompleteExample 2022-03-22T16:45:23Z logger.go:66:       + from_port                = 443
TestTerraformCompleteExample 2022-03-22T16:45:23Z logger.go:66:       + id                       = (known after apply)
TestTerraformCompleteExample 2022-03-22T16:45:23Z logger.go:66:       + prefix_list_ids          = []
TestTerraformCompleteExample 2022-03-22T16:45:23Z logger.go:66:       + protocol                 = "tcp"
TestTerraformCompleteExample 2022-03-22T16:45:23Z logger.go:66:       + security_group_id        = (known after apply)
TestTerraformCompleteExample 2022-03-22T16:45:23Z logger.go:66:       + self                     = false
TestTerraformCompleteExample 2022-03-22T16:45:23Z logger.go:66:       + source_security_group_id = (known after apply)
TestTerraformCompleteExample 2022-03-22T16:45:23Z logger.go:66:       + to_port                  = 443
TestTerraformCompleteExample 2022-03-22T16:45:23Z logger.go:66:       + type                     = "egress"
TestTerraformCompleteExample 2022-03-22T16:45:23Z logger.go:66:     }
TestTerraformCompleteExample 2022-03-22T16:45:23Z logger.go:66:
TestTerraformCompleteExample 2022-03-22T16:45:23Z logger.go:66:   # module.eks.aws_security_group_rule.cluster["egress_nodes_kubelet"] will be created
TestTerraformCompleteExample 2022-03-22T16:45:23Z logger.go:66:   + resource "aws_security_group_rule" "cluster" {
TestTerraformCompleteExample 2022-03-22T16:45:23Z logger.go:66:       + description              = "Cluster API to node kubelets"
TestTerraformCompleteExample 2022-03-22T16:45:23Z logger.go:66:       + from_port                = 10250
TestTerraformCompleteExample 2022-03-22T16:45:23Z logger.go:66:       + id                       = (known after apply)
TestTerraformCompleteExample 2022-03-22T16:45:23Z logger.go:66:       + prefix_list_ids          = []
TestTerraformCompleteExample 2022-03-22T16:45:23Z logger.go:66:       + protocol                 = "tcp"
TestTerraformCompleteExample 2022-03-22T16:45:23Z logger.go:66:       + security_group_id        = (known after apply)
TestTerraformCompleteExample 2022-03-22T16:45:23Z logger.go:66:       + self                     = false
TestTerraformCompleteExample 2022-03-22T16:45:23Z logger.go:66:       + source_security_group_id = (known after apply)
TestTerraformCompleteExample 2022-03-22T16:45:23Z logger.go:66:       + to_port                  = 10250
TestTerraformCompleteExample 2022-03-22T16:45:23Z logger.go:66:       + type                     = "egress"
TestTerraformCompleteExample 2022-03-22T16:45:23Z logger.go:66:     }
TestTerraformCompleteExample 2022-03-22T16:45:23Z logger.go:66:
TestTerraformCompleteExample 2022-03-22T16:45:23Z logger.go:66:   # module.eks.aws_security_group_rule.cluster["ingress_nodes_443"] will be created
TestTerraformCompleteExample 2022-03-22T16:45:23Z logger.go:66:   + resource "aws_security_group_rule" "cluster" {
TestTerraformCompleteExample 2022-03-22T16:45:23Z logger.go:66:       + description              = "Node groups to cluster API"
TestTerraformCompleteExample 2022-03-22T16:45:23Z logger.go:66:       + from_port                = 443
TestTerraformCompleteExample 2022-03-22T16:45:23Z logger.go:66:       + id                       = (known after apply)
TestTerraformCompleteExample 2022-03-22T16:45:23Z logger.go:66:       + prefix_list_ids          = []
TestTerraformCompleteExample 2022-03-22T16:45:23Z logger.go:66:       + protocol                 = "tcp"
TestTerraformCompleteExample 2022-03-22T16:45:23Z logger.go:66:       + security_group_id        = (known after apply)
TestTerraformCompleteExample 2022-03-22T16:45:23Z logger.go:66:       + self                     = false
TestTerraformCompleteExample 2022-03-22T16:45:23Z logger.go:66:       + source_security_group_id = (known after apply)
TestTerraformCompleteExample 2022-03-22T16:45:23Z logger.go:66:       + to_port                  = 443
TestTerraformCompleteExample 2022-03-22T16:45:23Z logger.go:66:       + type                     = "ingress"
TestTerraformCompleteExample 2022-03-22T16:45:23Z logger.go:66:     }
TestTerraformCompleteExample 2022-03-22T16:45:23Z logger.go:66:
TestTerraformCompleteExample 2022-03-22T16:45:23Z logger.go:66:   # module.eks.aws_security_group_rule.node["egress_cluster_443"] will be created
TestTerraformCompleteExample 2022-03-22T16:45:23Z logger.go:66:   + resource "aws_security_group_rule" "node" {
TestTerraformCompleteExample 2022-03-22T16:45:23Z logger.go:66:       + description              = "Node groups to cluster API"
TestTerraformCompleteExample 2022-03-22T16:45:23Z logger.go:66:       + from_port                = 443
TestTerraformCompleteExample 2022-03-22T16:45:23Z logger.go:66:       + id                       = (known after apply)
TestTerraformCompleteExample 2022-03-22T16:45:23Z logger.go:66:       + prefix_list_ids          = []
TestTerraformCompleteExample 2022-03-22T16:45:23Z logger.go:66:       + protocol                 = "tcp"
TestTerraformCompleteExample 2022-03-22T16:45:23Z logger.go:66:       + security_group_id        = (known after apply)
TestTerraformCompleteExample 2022-03-22T16:45:23Z logger.go:66:       + self                     = false
TestTerraformCompleteExample 2022-03-22T16:45:23Z logger.go:66:       + source_security_group_id = (known after apply)
TestTerraformCompleteExample 2022-03-22T16:45:23Z logger.go:66:       + to_port                  = 443
TestTerraformCompleteExample 2022-03-22T16:45:23Z logger.go:66:       + type                     = "egress"
TestTerraformCompleteExample 2022-03-22T16:45:23Z logger.go:66:     }
TestTerraformCompleteExample 2022-03-22T16:45:23Z logger.go:66:
TestTerraformCompleteExample 2022-03-22T16:45:23Z logger.go:66:   # module.eks.aws_security_group_rule.node["egress_https"] will be created
TestTerraformCompleteExample 2022-03-22T16:45:23Z logger.go:66:   + resource "aws_security_group_rule" "node" {
TestTerraformCompleteExample 2022-03-22T16:45:23Z logger.go:66:       + cidr_blocks              = [
TestTerraformCompleteExample 2022-03-22T16:45:23Z logger.go:66:           + "0.0.0.0/0",
TestTerraformCompleteExample 2022-03-22T16:45:23Z logger.go:66:         ]
TestTerraformCompleteExample 2022-03-22T16:45:23Z logger.go:66:       + description              = "Egress all HTTPS to internet"
TestTerraformCompleteExample 2022-03-22T16:45:23Z logger.go:66:       + from_port                = 443
TestTerraformCompleteExample 2022-03-22T16:45:23Z logger.go:66:       + id                       = (known after apply)
TestTerraformCompleteExample 2022-03-22T16:45:23Z logger.go:66:       + prefix_list_ids          = []
TestTerraformCompleteExample 2022-03-22T16:45:23Z logger.go:66:       + protocol                 = "tcp"
TestTerraformCompleteExample 2022-03-22T16:45:23Z logger.go:66:       + security_group_id        = (known after apply)
TestTerraformCompleteExample 2022-03-22T16:45:23Z logger.go:66:       + self                     = false
TestTerraformCompleteExample 2022-03-22T16:45:23Z logger.go:66:       + source_security_group_id = (known after apply)
TestTerraformCompleteExample 2022-03-22T16:45:23Z logger.go:66:       + to_port                  = 443
TestTerraformCompleteExample 2022-03-22T16:45:23Z logger.go:66:       + type                     = "egress"
TestTerraformCompleteExample 2022-03-22T16:45:23Z logger.go:66:     }
TestTerraformCompleteExample 2022-03-22T16:45:23Z logger.go:66:
TestTerraformCompleteExample 2022-03-22T16:45:23Z logger.go:66:   # module.eks.aws_security_group_rule.node["egress_ntp_tcp"] will be created
TestTerraformCompleteExample 2022-03-22T16:45:23Z logger.go:66:   + resource "aws_security_group_rule" "node" {
TestTerraformCompleteExample 2022-03-22T16:45:23Z logger.go:66:       + cidr_blocks              = [
TestTerraformCompleteExample 2022-03-22T16:45:23Z logger.go:66:           + "0.0.0.0/0",
TestTerraformCompleteExample 2022-03-22T16:45:23Z logger.go:66:         ]
TestTerraformCompleteExample 2022-03-22T16:45:23Z logger.go:66:       + description              = "Egress NTP/TCP to internet"
TestTerraformCompleteExample 2022-03-22T16:45:23Z logger.go:66:       + from_port                = 123
TestTerraformCompleteExample 2022-03-22T16:45:23Z logger.go:66:       + id                       = (known after apply)
TestTerraformCompleteExample 2022-03-22T16:45:23Z logger.go:66:       + prefix_list_ids          = []
TestTerraformCompleteExample 2022-03-22T16:45:23Z logger.go:66:       + protocol                 = "tcp"
TestTerraformCompleteExample 2022-03-22T16:45:23Z logger.go:66:       + security_group_id        = (known after apply)
TestTerraformCompleteExample 2022-03-22T16:45:23Z logger.go:66:       + self                     = false
TestTerraformCompleteExample 2022-03-22T16:45:23Z logger.go:66:       + source_security_group_id = (known after apply)
TestTerraformCompleteExample 2022-03-22T16:45:23Z logger.go:66:       + to_port                  = 123
TestTerraformCompleteExample 2022-03-22T16:45:23Z logger.go:66:       + type                     = "egress"
TestTerraformCompleteExample 2022-03-22T16:45:23Z logger.go:66:     }
TestTerraformCompleteExample 2022-03-22T16:45:23Z logger.go:66:
TestTerraformCompleteExample 2022-03-22T16:45:23Z logger.go:66:   # module.eks.aws_security_group_rule.node["egress_ntp_udp"] will be created
TestTerraformCompleteExample 2022-03-22T16:45:23Z logger.go:66:   + resource "aws_security_group_rule" "node" {
TestTerraformCompleteExample 2022-03-22T16:45:23Z logger.go:66:       + cidr_blocks              = [
TestTerraformCompleteExample 2022-03-22T16:45:23Z logger.go:66:           + "0.0.0.0/0",
TestTerraformCompleteExample 2022-03-22T16:45:23Z logger.go:66:         ]
TestTerraformCompleteExample 2022-03-22T16:45:23Z logger.go:66:       + description              = "Egress NTP/UDP to internet"
TestTerraformCompleteExample 2022-03-22T16:45:23Z logger.go:66:       + from_port                = 123
TestTerraformCompleteExample 2022-03-22T16:45:23Z logger.go:66:       + id                       = (known after apply)
TestTerraformCompleteExample 2022-03-22T16:45:23Z logger.go:66:       + prefix_list_ids          = []
TestTerraformCompleteExample 2022-03-22T16:45:23Z logger.go:66:       + protocol                 = "udp"
TestTerraformCompleteExample 2022-03-22T16:45:23Z logger.go:66:       + security_group_id        = (known after apply)
TestTerraformCompleteExample 2022-03-22T16:45:23Z logger.go:66:       + self                     = false
TestTerraformCompleteExample 2022-03-22T16:45:23Z logger.go:66:       + source_security_group_id = (known after apply)
TestTerraformCompleteExample 2022-03-22T16:45:23Z logger.go:66:       + to_port                  = 123
TestTerraformCompleteExample 2022-03-22T16:45:23Z logger.go:66:       + type                     = "egress"
TestTerraformCompleteExample 2022-03-22T16:45:23Z logger.go:66:     }
TestTerraformCompleteExample 2022-03-22T16:45:23Z logger.go:66:
TestTerraformCompleteExample 2022-03-22T16:45:23Z logger.go:66:   # module.eks.aws_security_group_rule.node["egress_self_coredns_tcp"] will be created
TestTerraformCompleteExample 2022-03-22T16:45:23Z logger.go:66:   + resource "aws_security_group_rule" "node" {
TestTerraformCompleteExample 2022-03-22T16:45:23Z logger.go:66:       + description              = "Node to node CoreDNS"
TestTerraformCompleteExample 2022-03-22T16:45:23Z logger.go:66:       + from_port                = 53
TestTerraformCompleteExample 2022-03-22T16:45:23Z logger.go:66:       + id                       = (known after apply)
TestTerraformCompleteExample 2022-03-22T16:45:23Z logger.go:66:       + prefix_list_ids          = []
TestTerraformCompleteExample 2022-03-22T16:45:23Z logger.go:66:       + protocol                 = "tcp"
TestTerraformCompleteExample 2022-03-22T16:45:23Z logger.go:66:       + security_group_id        = (known after apply)
TestTerraformCompleteExample 2022-03-22T16:45:23Z logger.go:66:       + self                     = true
TestTerraformCompleteExample 2022-03-22T16:45:23Z logger.go:66:       + source_security_group_id = (known after apply)
TestTerraformCompleteExample 2022-03-22T16:45:23Z logger.go:66:       + to_port                  = 53
TestTerraformCompleteExample 2022-03-22T16:45:23Z logger.go:66:       + type                     = "egress"
TestTerraformCompleteExample 2022-03-22T16:45:23Z logger.go:66:     }
TestTerraformCompleteExample 2022-03-22T16:45:23Z logger.go:66:
TestTerraformCompleteExample 2022-03-22T16:45:23Z logger.go:66:   # module.eks.aws_security_group_rule.node["egress_self_coredns_udp"] will be created
TestTerraformCompleteExample 2022-03-22T16:45:23Z logger.go:66:   + resource "aws_security_group_rule" "node" {
TestTerraformCompleteExample 2022-03-22T16:45:23Z logger.go:66:       + description              = "Node to node CoreDNS"
TestTerraformCompleteExample 2022-03-22T16:45:23Z logger.go:66:       + from_port                = 53
TestTerraformCompleteExample 2022-03-22T16:45:23Z logger.go:66:       + id                       = (known after apply)
TestTerraformCompleteExample 2022-03-22T16:45:23Z logger.go:66:       + prefix_list_ids          = []
TestTerraformCompleteExample 2022-03-22T16:45:23Z logger.go:66:       + protocol                 = "udp"
TestTerraformCompleteExample 2022-03-22T16:45:23Z logger.go:66:       + security_group_id        = (known after apply)
TestTerraformCompleteExample 2022-03-22T16:45:23Z logger.go:66:       + self                     = true
TestTerraformCompleteExample 2022-03-22T16:45:23Z logger.go:66:       + source_security_group_id = (known after apply)
TestTerraformCompleteExample 2022-03-22T16:45:23Z logger.go:66:       + to_port                  = 53
TestTerraformCompleteExample 2022-03-22T16:45:23Z logger.go:66:       + type                     = "egress"
TestTerraformCompleteExample 2022-03-22T16:45:23Z logger.go:66:     }
TestTerraformCompleteExample 2022-03-22T16:45:23Z logger.go:66:
TestTerraformCompleteExample 2022-03-22T16:45:23Z logger.go:66:   # module.eks.aws_security_group_rule.node["ingress_cluster_443"] will be created
TestTerraformCompleteExample 2022-03-22T16:45:23Z logger.go:66:   + resource "aws_security_group_rule" "node" {
TestTerraformCompleteExample 2022-03-22T16:45:23Z logger.go:66:       + description              = "Cluster API to node groups"
TestTerraformCompleteExample 2022-03-22T16:45:23Z logger.go:66:       + from_port                = 443
TestTerraformCompleteExample 2022-03-22T16:45:23Z logger.go:66:       + id                       = (known after apply)
TestTerraformCompleteExample 2022-03-22T16:45:23Z logger.go:66:       + prefix_list_ids          = []
TestTerraformCompleteExample 2022-03-22T16:45:23Z logger.go:66:       + protocol                 = "tcp"
TestTerraformCompleteExample 2022-03-22T16:45:23Z logger.go:66:       + security_group_id        = (known after apply)
TestTerraformCompleteExample 2022-03-22T16:45:23Z logger.go:66:       + self                     = false
TestTerraformCompleteExample 2022-03-22T16:45:23Z logger.go:66:       + source_security_group_id = (known after apply)
TestTerraformCompleteExample 2022-03-22T16:45:23Z logger.go:66:       + to_port                  = 443
TestTerraformCompleteExample 2022-03-22T16:45:23Z logger.go:66:       + type                     = "ingress"
TestTerraformCompleteExample 2022-03-22T16:45:23Z logger.go:66:     }
TestTerraformCompleteExample 2022-03-22T16:45:23Z logger.go:66:
TestTerraformCompleteExample 2022-03-22T16:45:23Z logger.go:66:   # module.eks.aws_security_group_rule.node["ingress_cluster_kubelet"] will be created
TestTerraformCompleteExample 2022-03-22T16:45:23Z logger.go:66:   + resource "aws_security_group_rule" "node" {
TestTerraformCompleteExample 2022-03-22T16:45:23Z logger.go:66:       + description              = "Cluster API to node kubelets"
TestTerraformCompleteExample 2022-03-22T16:45:23Z logger.go:66:       + from_port                = 10250
TestTerraformCompleteExample 2022-03-22T16:45:23Z logger.go:66:       + id                       = (known after apply)
TestTerraformCompleteExample 2022-03-22T16:45:23Z logger.go:66:       + prefix_list_ids          = []
TestTerraformCompleteExample 2022-03-22T16:45:23Z logger.go:66:       + protocol                 = "tcp"
TestTerraformCompleteExample 2022-03-22T16:45:23Z logger.go:66:       + security_group_id        = (known after apply)
TestTerraformCompleteExample 2022-03-22T16:45:23Z logger.go:66:       + self                     = false
TestTerraformCompleteExample 2022-03-22T16:45:23Z logger.go:66:       + source_security_group_id = (known after apply)
TestTerraformCompleteExample 2022-03-22T16:45:23Z logger.go:66:       + to_port                  = 10250
TestTerraformCompleteExample 2022-03-22T16:45:23Z logger.go:66:       + type                     = "ingress"
TestTerraformCompleteExample 2022-03-22T16:45:23Z logger.go:66:     }
TestTerraformCompleteExample 2022-03-22T16:45:23Z logger.go:66:
TestTerraformCompleteExample 2022-03-22T16:45:23Z logger.go:66:   # module.eks.aws_security_group_rule.node["ingress_self_coredns_tcp"] will be created
TestTerraformCompleteExample 2022-03-22T16:45:23Z logger.go:66:   + resource "aws_security_group_rule" "node" {
TestTerraformCompleteExample 2022-03-22T16:45:23Z logger.go:66:       + description              = "Node to node CoreDNS"
TestTerraformCompleteExample 2022-03-22T16:45:23Z logger.go:66:       + from_port                = 53
TestTerraformCompleteExample 2022-03-22T16:45:23Z logger.go:66:       + id                       = (known after apply)
TestTerraformCompleteExample 2022-03-22T16:45:23Z logger.go:66:       + prefix_list_ids          = []
TestTerraformCompleteExample 2022-03-22T16:45:23Z logger.go:66:       + protocol                 = "tcp"
TestTerraformCompleteExample 2022-03-22T16:45:23Z logger.go:66:       + security_group_id        = (known after apply)
TestTerraformCompleteExample 2022-03-22T16:45:23Z logger.go:66:       + self                     = true
TestTerraformCompleteExample 2022-03-22T16:45:23Z logger.go:66:       + source_security_group_id = (known after apply)
TestTerraformCompleteExample 2022-03-22T16:45:23Z logger.go:66:       + to_port                  = 53
TestTerraformCompleteExample 2022-03-22T16:45:23Z logger.go:66:       + type                     = "ingress"
TestTerraformCompleteExample 2022-03-22T16:45:23Z logger.go:66:     }
TestTerraformCompleteExample 2022-03-22T16:45:23Z logger.go:66:
TestTerraformCompleteExample 2022-03-22T16:45:23Z logger.go:66:   # module.eks.aws_security_group_rule.node["ingress_self_coredns_udp"] will be created
TestTerraformCompleteExample 2022-03-22T16:45:23Z logger.go:66:   + resource "aws_security_group_rule" "node" {
TestTerraformCompleteExample 2022-03-22T16:45:23Z logger.go:66:       + description              = "Node to node CoreDNS"
TestTerraformCompleteExample 2022-03-22T16:45:23Z logger.go:66:       + from_port                = 53
TestTerraformCompleteExample 2022-03-22T16:45:23Z logger.go:66:       + id                       = (known after apply)
TestTerraformCompleteExample 2022-03-22T16:45:23Z logger.go:66:       + prefix_list_ids          = []
TestTerraformCompleteExample 2022-03-22T16:45:23Z logger.go:66:       + protocol                 = "udp"
TestTerraformCompleteExample 2022-03-22T16:45:23Z logger.go:66:       + security_group_id        = (known after apply)
TestTerraformCompleteExample 2022-03-22T16:45:23Z logger.go:66:       + self                     = true
TestTerraformCompleteExample 2022-03-22T16:45:23Z logger.go:66:       + source_security_group_id = (known after apply)
TestTerraformCompleteExample 2022-03-22T16:45:23Z logger.go:66:       + to_port                  = 53
TestTerraformCompleteExample 2022-03-22T16:45:23Z logger.go:66:       + type                     = "ingress"
TestTerraformCompleteExample 2022-03-22T16:45:23Z logger.go:66:     }
TestTerraformCompleteExample 2022-03-22T16:45:23Z logger.go:66:
TestTerraformCompleteExample 2022-03-22T16:45:23Z logger.go:66:   # module.eks_auth.data.aws_eks_cluster.cluster will be read during apply
TestTerraformCompleteExample 2022-03-22T16:45:23Z logger.go:66:   # (config refers to values not yet known)
TestTerraformCompleteExample 2022-03-22T16:45:23Z logger.go:66:  <= data "aws_eks_cluster" "cluster"  {
TestTerraformCompleteExample 2022-03-22T16:45:23Z logger.go:66:       + arn                       = (known after apply)
TestTerraformCompleteExample 2022-03-22T16:45:23Z logger.go:66:       + certificate_authority     = (known after apply)
TestTerraformCompleteExample 2022-03-22T16:45:23Z logger.go:66:       + created_at                = (known after apply)
TestTerraformCompleteExample 2022-03-22T16:45:23Z logger.go:66:       + enabled_cluster_log_types = (known after apply)
TestTerraformCompleteExample 2022-03-22T16:45:23Z logger.go:66:       + endpoint                  = (known after apply)
TestTerraformCompleteExample 2022-03-22T16:45:23Z logger.go:66:       + id                        = (known after apply)
TestTerraformCompleteExample 2022-03-22T16:45:23Z logger.go:66:       + identity                  = (known after apply)
TestTerraformCompleteExample 2022-03-22T16:45:23Z logger.go:66:       + kubernetes_network_config = (known after apply)
TestTerraformCompleteExample 2022-03-22T16:45:23Z logger.go:66:       + name                      = (known after apply)
TestTerraformCompleteExample 2022-03-22T16:45:23Z logger.go:66:       + platform_version          = (known after apply)
TestTerraformCompleteExample 2022-03-22T16:45:23Z logger.go:66:       + role_arn                  = (known after apply)
TestTerraformCompleteExample 2022-03-22T16:45:23Z logger.go:66:       + status                    = (known after apply)
TestTerraformCompleteExample 2022-03-22T16:45:23Z logger.go:66:       + tags                      = (known after apply)
TestTerraformCompleteExample 2022-03-22T16:45:23Z logger.go:66:       + version                   = (known after apply)
TestTerraformCompleteExample 2022-03-22T16:45:23Z logger.go:66:       + vpc_config                = (known after apply)
TestTerraformCompleteExample 2022-03-22T16:45:23Z logger.go:66:     }
TestTerraformCompleteExample 2022-03-22T16:45:23Z logger.go:66:
TestTerraformCompleteExample 2022-03-22T16:45:23Z logger.go:66:   # module.eks_auth.kubernetes_config_map_v1.aws_auth[0] will be created
TestTerraformCompleteExample 2022-03-22T16:45:23Z logger.go:66:   + resource "kubernetes_config_map_v1" "aws_auth" {
TestTerraformCompleteExample 2022-03-22T16:45:23Z logger.go:66:       + data = (known after apply)
TestTerraformCompleteExample 2022-03-22T16:45:23Z logger.go:66:       + id   = (known after apply)
TestTerraformCompleteExample 2022-03-22T16:45:23Z logger.go:66:
TestTerraformCompleteExample 2022-03-22T16:45:23Z logger.go:66:       + metadata {
TestTerraformCompleteExample 2022-03-22T16:45:23Z logger.go:66:           + generation       = (known after apply)
TestTerraformCompleteExample 2022-03-22T16:45:23Z logger.go:66:           + labels           = {
TestTerraformCompleteExample 2022-03-22T16:45:23Z logger.go:66:               + "app.kubernetes.io/managed-by" = "Terraform"
TestTerraformCompleteExample 2022-03-22T16:45:23Z logger.go:66:               + "terraform.io/module"          = "terraform-aws-modules.eks-auth.aws"
TestTerraformCompleteExample 2022-03-22T16:45:23Z logger.go:66:             }
TestTerraformCompleteExample 2022-03-22T16:45:23Z logger.go:66:           + name             = "aws-auth"
TestTerraformCompleteExample 2022-03-22T16:45:23Z logger.go:66:           + namespace        = "kube-system"
TestTerraformCompleteExample 2022-03-22T16:45:23Z logger.go:66:           + resource_version = (known after apply)
TestTerraformCompleteExample 2022-03-22T16:45:23Z logger.go:66:           + uid              = (known after apply)
TestTerraformCompleteExample 2022-03-22T16:45:23Z logger.go:66:         }
TestTerraformCompleteExample 2022-03-22T16:45:23Z logger.go:66:     }
TestTerraformCompleteExample 2022-03-22T16:45:23Z logger.go:66:
TestTerraformCompleteExample 2022-03-22T16:45:23Z logger.go:66:   # module.eks_auth.kubernetes_job_v1.aws_auth[0] will be created
TestTerraformCompleteExample 2022-03-22T16:45:23Z logger.go:66:   + resource "kubernetes_job_v1" "aws_auth" {
TestTerraformCompleteExample 2022-03-22T16:45:23Z logger.go:66:       + id                  = (known after apply)
TestTerraformCompleteExample 2022-03-22T16:45:23Z logger.go:66:       + wait_for_completion = true
TestTerraformCompleteExample 2022-03-22T16:45:23Z logger.go:66:
TestTerraformCompleteExample 2022-03-22T16:45:23Z logger.go:66:       + metadata {
TestTerraformCompleteExample 2022-03-22T16:45:23Z logger.go:66:           + generation       = (known after apply)
TestTerraformCompleteExample 2022-03-22T16:45:23Z logger.go:66:           + labels           = {
TestTerraformCompleteExample 2022-03-22T16:45:23Z logger.go:66:               + "app.kubernetes.io/managed-by" = "Terraform"
TestTerraformCompleteExample 2022-03-22T16:45:23Z logger.go:66:               + "terraform.io/module"          = "terraform-aws-modules.eks-auth.aws"
TestTerraformCompleteExample 2022-03-22T16:45:23Z logger.go:66:             }
TestTerraformCompleteExample 2022-03-22T16:45:23Z logger.go:66:           + name             = "terraform-eks-auth-aws"
TestTerraformCompleteExample 2022-03-22T16:45:23Z logger.go:66:           + namespace        = "kube-system"
TestTerraformCompleteExample 2022-03-22T16:45:23Z logger.go:66:           + resource_version = (known after apply)
TestTerraformCompleteExample 2022-03-22T16:45:23Z logger.go:66:           + uid              = (known after apply)
TestTerraformCompleteExample 2022-03-22T16:45:23Z logger.go:66:         }
TestTerraformCompleteExample 2022-03-22T16:45:23Z logger.go:66:
TestTerraformCompleteExample 2022-03-22T16:45:23Z logger.go:66:       + spec {
TestTerraformCompleteExample 2022-03-22T16:45:23Z logger.go:66:           + completion_mode = (known after apply)
TestTerraformCompleteExample 2022-03-22T16:45:23Z logger.go:66:           + completions     = 1
TestTerraformCompleteExample 2022-03-22T16:45:23Z logger.go:66:           + parallelism     = 1
TestTerraformCompleteExample 2022-03-22T16:45:23Z logger.go:66:
TestTerraformCompleteExample 2022-03-22T16:45:23Z logger.go:66:           + selector {
TestTerraformCompleteExample 2022-03-22T16:45:23Z logger.go:66:               + match_labels = (known after apply)
TestTerraformCompleteExample 2022-03-22T16:45:23Z logger.go:66:
TestTerraformCompleteExample 2022-03-22T16:45:23Z logger.go:66:               + match_expressions {
TestTerraformCompleteExample 2022-03-22T16:45:23Z logger.go:66:                   + key      = (known after apply)
TestTerraformCompleteExample 2022-03-22T16:45:23Z logger.go:66:                   + operator = (known after apply)
TestTerraformCompleteExample 2022-03-22T16:45:23Z logger.go:66:                   + values   = (known after apply)
TestTerraformCompleteExample 2022-03-22T16:45:23Z logger.go:66:                 }
TestTerraformCompleteExample 2022-03-22T16:45:23Z logger.go:66:             }
TestTerraformCompleteExample 2022-03-22T16:45:23Z logger.go:66:
TestTerraformCompleteExample 2022-03-22T16:45:23Z logger.go:66:           + template {
TestTerraformCompleteExample 2022-03-22T16:45:23Z logger.go:66:               + metadata {
TestTerraformCompleteExample 2022-03-22T16:45:23Z logger.go:66:                   + generation       = (known after apply)
TestTerraformCompleteExample 2022-03-22T16:45:23Z logger.go:66:                   + name             = (known after apply)
TestTerraformCompleteExample 2022-03-22T16:45:23Z logger.go:66:                   + resource_version = (known after apply)
TestTerraformCompleteExample 2022-03-22T16:45:23Z logger.go:66:                   + uid              = (known after apply)
TestTerraformCompleteExample 2022-03-22T16:45:23Z logger.go:66:                 }
TestTerraformCompleteExample 2022-03-22T16:45:23Z logger.go:66:
TestTerraformCompleteExample 2022-03-22T16:45:23Z logger.go:66:               + spec {
TestTerraformCompleteExample 2022-03-22T16:45:23Z logger.go:66:                   + automount_service_account_token  = true
TestTerraformCompleteExample 2022-03-22T16:45:23Z logger.go:66:                   + dns_policy                       = "ClusterFirst"
TestTerraformCompleteExample 2022-03-22T16:45:23Z logger.go:66:                   + enable_service_links             = true
TestTerraformCompleteExample 2022-03-22T16:45:23Z logger.go:66:                   + host_ipc                         = false
TestTerraformCompleteExample 2022-03-22T16:45:23Z logger.go:66:                   + host_network                     = false
TestTerraformCompleteExample 2022-03-22T16:45:23Z logger.go:66:                   + host_pid                         = false
TestTerraformCompleteExample 2022-03-22T16:45:23Z logger.go:66:                   + hostname                         = (known after apply)
TestTerraformCompleteExample 2022-03-22T16:45:23Z logger.go:66:                   + node_name                        = (known after apply)
TestTerraformCompleteExample 2022-03-22T16:45:23Z logger.go:66:                   + restart_policy                   = "Never"
TestTerraformCompleteExample 2022-03-22T16:45:23Z logger.go:66:                   + service_account_name             = "terraform-eks-auth-aws"
TestTerraformCompleteExample 2022-03-22T16:45:23Z logger.go:66:                   + share_process_namespace          = false
TestTerraformCompleteExample 2022-03-22T16:45:23Z logger.go:66:                   + termination_grace_period_seconds = 30
TestTerraformCompleteExample 2022-03-22T16:45:23Z logger.go:66:
TestTerraformCompleteExample 2022-03-22T16:45:23Z logger.go:66:                   + container {
TestTerraformCompleteExample 2022-03-22T16:45:23Z logger.go:66:                       + command                    = [
TestTerraformCompleteExample 2022-03-22T16:45:23Z logger.go:66:                           + "/bin/sh",
TestTerraformCompleteExample 2022-03-22T16:45:23Z logger.go:66:                           + "-c",
TestTerraformCompleteExample 2022-03-22T16:45:23Z logger.go:66:                           + "kubectl delete configmap/aws-auth -n kube-system",
TestTerraformCompleteExample 2022-03-22T16:45:23Z logger.go:66:                         ]
TestTerraformCompleteExample 2022-03-22T16:45:23Z logger.go:66:                       + image                      = (known after apply)
TestTerraformCompleteExample 2022-03-22T16:45:23Z logger.go:66:                       + image_pull_policy          = (known after apply)
TestTerraformCompleteExample 2022-03-22T16:45:23Z logger.go:66:                       + name                       = "terraform-eks-auth-aws"
TestTerraformCompleteExample 2022-03-22T16:45:23Z logger.go:66:                       + stdin                      = false
TestTerraformCompleteExample 2022-03-22T16:45:23Z logger.go:66:                       + stdin_once                 = false
TestTerraformCompleteExample 2022-03-22T16:45:23Z logger.go:66:                       + termination_message_path   = "/dev/termination-log"
TestTerraformCompleteExample 2022-03-22T16:45:23Z logger.go:66:                       + termination_message_policy = (known after apply)
TestTerraformCompleteExample 2022-03-22T16:45:23Z logger.go:66:                       + tty                        = false
TestTerraformCompleteExample 2022-03-22T16:45:23Z logger.go:66:
TestTerraformCompleteExample 2022-03-22T16:45:23Z logger.go:66:                       + resources {
TestTerraformCompleteExample 2022-03-22T16:45:23Z logger.go:66:                           + limits   = (known after apply)
TestTerraformCompleteExample 2022-03-22T16:45:23Z logger.go:66:                           + requests = (known after apply)
TestTerraformCompleteExample 2022-03-22T16:45:23Z logger.go:66:                         }
TestTerraformCompleteExample 2022-03-22T16:45:23Z logger.go:66:                     }
TestTerraformCompleteExample 2022-03-22T16:45:23Z logger.go:66:
TestTerraformCompleteExample 2022-03-22T16:45:23Z logger.go:66:                   + image_pull_secrets {
TestTerraformCompleteExample 2022-03-22T16:45:23Z logger.go:66:                       + name = (known after apply)
TestTerraformCompleteExample 2022-03-22T16:45:23Z logger.go:66:                     }
TestTerraformCompleteExample 2022-03-22T16:45:23Z logger.go:66:
TestTerraformCompleteExample 2022-03-22T16:45:23Z logger.go:66:                   + readiness_gate {
TestTerraformCompleteExample 2022-03-22T16:45:23Z logger.go:66:                       + condition_type = (known after apply)
TestTerraformCompleteExample 2022-03-22T16:45:23Z logger.go:66:                     }
TestTerraformCompleteExample 2022-03-22T16:45:23Z logger.go:66:
TestTerraformCompleteExample 2022-03-22T16:45:23Z logger.go:66:                   + volume {
TestTerraformCompleteExample 2022-03-22T16:45:23Z logger.go:66:                       + name = (known after apply)
TestTerraformCompleteExample 2022-03-22T16:45:23Z logger.go:66:
TestTerraformCompleteExample 2022-03-22T16:45:23Z logger.go:66:                       + aws_elastic_block_store {
TestTerraformCompleteExample 2022-03-22T16:45:23Z logger.go:66:                           + fs_type   = (known after apply)
TestTerraformCompleteExample 2022-03-22T16:45:23Z logger.go:66:                           + partition = (known after apply)
TestTerraformCompleteExample 2022-03-22T16:45:23Z logger.go:66:                           + read_only = (known after apply)
TestTerraformCompleteExample 2022-03-22T16:45:23Z logger.go:66:                           + volume_id = (known after apply)
TestTerraformCompleteExample 2022-03-22T16:45:23Z logger.go:66:                         }
TestTerraformCompleteExample 2022-03-22T16:45:23Z logger.go:66:
TestTerraformCompleteExample 2022-03-22T16:45:23Z logger.go:66:                       + azure_disk {
TestTerraformCompleteExample 2022-03-22T16:45:23Z logger.go:66:                           + caching_mode  = (known after apply)
TestTerraformCompleteExample 2022-03-22T16:45:23Z logger.go:66:                           + data_disk_uri = (known after apply)
TestTerraformCompleteExample 2022-03-22T16:45:23Z logger.go:66:                           + disk_name     = (known after apply)
TestTerraformCompleteExample 2022-03-22T16:45:23Z logger.go:66:                           + fs_type       = (known after apply)
TestTerraformCompleteExample 2022-03-22T16:45:23Z logger.go:66:                           + kind          = (known after apply)
TestTerraformCompleteExample 2022-03-22T16:45:23Z logger.go:66:                           + read_only     = (known after apply)
TestTerraformCompleteExample 2022-03-22T16:45:23Z logger.go:66:                         }
TestTerraformCompleteExample 2022-03-22T16:45:23Z logger.go:66:
TestTerraformCompleteExample 2022-03-22T16:45:23Z logger.go:66:                       + azure_file {
TestTerraformCompleteExample 2022-03-22T16:45:23Z logger.go:66:                           + read_only        = (known after apply)
TestTerraformCompleteExample 2022-03-22T16:45:23Z logger.go:66:                           + secret_name      = (known after apply)
TestTerraformCompleteExample 2022-03-22T16:45:23Z logger.go:66:                           + secret_namespace = (known after apply)
TestTerraformCompleteExample 2022-03-22T16:45:23Z logger.go:66:                           + share_name       = (known after apply)
TestTerraformCompleteExample 2022-03-22T16:45:23Z logger.go:66:                         }
TestTerraformCompleteExample 2022-03-22T16:45:23Z logger.go:66:
TestTerraformCompleteExample 2022-03-22T16:45:23Z logger.go:66:                       + ceph_fs {
TestTerraformCompleteExample 2022-03-22T16:45:23Z logger.go:66:                           + monitors    = (known after apply)
TestTerraformCompleteExample 2022-03-22T16:45:23Z logger.go:66:                           + path        = (known after apply)
TestTerraformCompleteExample 2022-03-22T16:45:23Z logger.go:66:                           + read_only   = (known after apply)
TestTerraformCompleteExample 2022-03-22T16:45:23Z logger.go:66:                           + secret_file = (known after apply)
TestTerraformCompleteExample 2022-03-22T16:45:23Z logger.go:66:                           + user        = (known after apply)
TestTerraformCompleteExample 2022-03-22T16:45:23Z logger.go:66:
TestTerraformCompleteExample 2022-03-22T16:45:23Z logger.go:66:                           + secret_ref {
TestTerraformCompleteExample 2022-03-22T16:45:23Z logger.go:66:                               + name      = (known after apply)
TestTerraformCompleteExample 2022-03-22T16:45:23Z logger.go:66:                               + namespace = (known after apply)
TestTerraformCompleteExample 2022-03-22T16:45:23Z logger.go:66:                             }
TestTerraformCompleteExample 2022-03-22T16:45:23Z logger.go:66:                         }
TestTerraformCompleteExample 2022-03-22T16:45:23Z logger.go:66:
TestTerraformCompleteExample 2022-03-22T16:45:23Z logger.go:66:                       + cinder {
TestTerraformCompleteExample 2022-03-22T16:45:23Z logger.go:66:                           + fs_type   = (known after apply)
TestTerraformCompleteExample 2022-03-22T16:45:23Z logger.go:66:                           + read_only = (known after apply)
TestTerraformCompleteExample 2022-03-22T16:45:23Z logger.go:66:                           + volume_id = (known after apply)
TestTerraformCompleteExample 2022-03-22T16:45:23Z logger.go:66:                         }
TestTerraformCompleteExample 2022-03-22T16:45:23Z logger.go:66:
TestTerraformCompleteExample 2022-03-22T16:45:23Z logger.go:66:                       + config_map {
TestTerraformCompleteExample 2022-03-22T16:45:23Z logger.go:66:                           + default_mode = (known after apply)
TestTerraformCompleteExample 2022-03-22T16:45:23Z logger.go:66:                           + name         = (known after apply)
TestTerraformCompleteExample 2022-03-22T16:45:23Z logger.go:66:                           + optional     = (known after apply)
TestTerraformCompleteExample 2022-03-22T16:45:23Z logger.go:66:
TestTerraformCompleteExample 2022-03-22T16:45:23Z logger.go:66:                           + items {
TestTerraformCompleteExample 2022-03-22T16:45:23Z logger.go:66:                               + key  = (known after apply)
TestTerraformCompleteExample 2022-03-22T16:45:23Z logger.go:66:                               + mode = (known after apply)
TestTerraformCompleteExample 2022-03-22T16:45:23Z logger.go:66:                               + path = (known after apply)
TestTerraformCompleteExample 2022-03-22T16:45:23Z logger.go:66:                             }
TestTerraformCompleteExample 2022-03-22T16:45:23Z logger.go:66:                         }
TestTerraformCompleteExample 2022-03-22T16:45:23Z logger.go:66:
TestTerraformCompleteExample 2022-03-22T16:45:23Z logger.go:66:                       + csi {
TestTerraformCompleteExample 2022-03-22T16:45:23Z logger.go:66:                           + driver            = (known after apply)
TestTerraformCompleteExample 2022-03-22T16:45:23Z logger.go:66:                           + fs_type           = (known after apply)
TestTerraformCompleteExample 2022-03-22T16:45:23Z logger.go:66:                           + read_only         = (known after apply)
TestTerraformCompleteExample 2022-03-22T16:45:23Z logger.go:66:                           + volume_attributes = (known after apply)
TestTerraformCompleteExample 2022-03-22T16:45:23Z logger.go:66:                           + volume_handle     = (known after apply)
TestTerraformCompleteExample 2022-03-22T16:45:23Z logger.go:66:
TestTerraformCompleteExample 2022-03-22T16:45:23Z logger.go:66:                           + controller_expand_secret_ref {
TestTerraformCompleteExample 2022-03-22T16:45:23Z logger.go:66:                               + name      = (known after apply)
TestTerraformCompleteExample 2022-03-22T16:45:23Z logger.go:66:                               + namespace = (known after apply)
TestTerraformCompleteExample 2022-03-22T16:45:23Z logger.go:66:                             }
TestTerraformCompleteExample 2022-03-22T16:45:23Z logger.go:66:
TestTerraformCompleteExample 2022-03-22T16:45:23Z logger.go:66:                           + controller_publish_secret_ref {
TestTerraformCompleteExample 2022-03-22T16:45:23Z logger.go:66:                               + name      = (known after apply)
TestTerraformCompleteExample 2022-03-22T16:45:23Z logger.go:66:                               + namespace = (known after apply)
TestTerraformCompleteExample 2022-03-22T16:45:23Z logger.go:66:                             }
TestTerraformCompleteExample 2022-03-22T16:45:23Z logger.go:66:
TestTerraformCompleteExample 2022-03-22T16:45:23Z logger.go:66:                           + node_publish_secret_ref {
TestTerraformCompleteExample 2022-03-22T16:45:23Z logger.go:66:                               + name      = (known after apply)
TestTerraformCompleteExample 2022-03-22T16:45:23Z logger.go:66:                               + namespace = (known after apply)
TestTerraformCompleteExample 2022-03-22T16:45:23Z logger.go:66:                             }
TestTerraformCompleteExample 2022-03-22T16:45:23Z logger.go:66:
TestTerraformCompleteExample 2022-03-22T16:45:23Z logger.go:66:                           + node_stage_secret_ref {
TestTerraformCompleteExample 2022-03-22T16:45:23Z logger.go:66:                               + name      = (known after apply)
TestTerraformCompleteExample 2022-03-22T16:45:23Z logger.go:66:                               + namespace = (known after apply)
TestTerraformCompleteExample 2022-03-22T16:45:23Z logger.go:66:                             }
TestTerraformCompleteExample 2022-03-22T16:45:23Z logger.go:66:                         }
TestTerraformCompleteExample 2022-03-22T16:45:23Z logger.go:66:
TestTerraformCompleteExample 2022-03-22T16:45:23Z logger.go:66:                       + downward_api {
TestTerraformCompleteExample 2022-03-22T16:45:23Z logger.go:66:                           + default_mode = (known after apply)
TestTerraformCompleteExample 2022-03-22T16:45:23Z logger.go:66:
TestTerraformCompleteExample 2022-03-22T16:45:23Z logger.go:66:                           + items {
TestTerraformCompleteExample 2022-03-22T16:45:23Z logger.go:66:                               + mode = (known after apply)
TestTerraformCompleteExample 2022-03-22T16:45:23Z logger.go:66:                               + path = (known after apply)
TestTerraformCompleteExample 2022-03-22T16:45:23Z logger.go:66:
TestTerraformCompleteExample 2022-03-22T16:45:23Z logger.go:66:                               + field_ref {
TestTerraformCompleteExample 2022-03-22T16:45:23Z logger.go:66:                                   + api_version = (known after apply)
TestTerraformCompleteExample 2022-03-22T16:45:23Z logger.go:66:                                   + field_path  = (known after apply)
TestTerraformCompleteExample 2022-03-22T16:45:23Z logger.go:66:                                 }
TestTerraformCompleteExample 2022-03-22T16:45:23Z logger.go:66:
TestTerraformCompleteExample 2022-03-22T16:45:23Z logger.go:66:                               + resource_field_ref {
TestTerraformCompleteExample 2022-03-22T16:45:23Z logger.go:66:                                   + container_name = (known after apply)
TestTerraformCompleteExample 2022-03-22T16:45:23Z logger.go:66:                                   + divisor        = (known after apply)
TestTerraformCompleteExample 2022-03-22T16:45:23Z logger.go:66:                                   + resource       = (known after apply)
TestTerraformCompleteExample 2022-03-22T16:45:23Z logger.go:66:                                 }
TestTerraformCompleteExample 2022-03-22T16:45:23Z logger.go:66:                             }
TestTerraformCompleteExample 2022-03-22T16:45:23Z logger.go:66:                         }
TestTerraformCompleteExample 2022-03-22T16:45:23Z logger.go:66:
TestTerraformCompleteExample 2022-03-22T16:45:23Z logger.go:66:                       + empty_dir {
TestTerraformCompleteExample 2022-03-22T16:45:23Z logger.go:66:                           + medium     = (known after apply)
TestTerraformCompleteExample 2022-03-22T16:45:23Z logger.go:66:                           + size_limit = (known after apply)
TestTerraformCompleteExample 2022-03-22T16:45:23Z logger.go:66:                         }
TestTerraformCompleteExample 2022-03-22T16:45:23Z logger.go:66:
TestTerraformCompleteExample 2022-03-22T16:45:23Z logger.go:66:                       + fc {
TestTerraformCompleteExample 2022-03-22T16:45:23Z logger.go:66:                           + fs_type      = (known after apply)
TestTerraformCompleteExample 2022-03-22T16:45:23Z logger.go:66:                           + lun          = (known after apply)
TestTerraformCompleteExample 2022-03-22T16:45:23Z logger.go:66:                           + read_only    = (known after apply)
TestTerraformCompleteExample 2022-03-22T16:45:23Z logger.go:66:                           + target_ww_ns = (known after apply)
TestTerraformCompleteExample 2022-03-22T16:45:23Z logger.go:66:                         }
TestTerraformCompleteExample 2022-03-22T16:45:23Z logger.go:66:
TestTerraformCompleteExample 2022-03-22T16:45:23Z logger.go:66:                       + flex_volume {
TestTerraformCompleteExample 2022-03-22T16:45:23Z logger.go:66:                           + driver    = (known after apply)
TestTerraformCompleteExample 2022-03-22T16:45:23Z logger.go:66:                           + fs_type   = (known after apply)
TestTerraformCompleteExample 2022-03-22T16:45:23Z logger.go:66:                           + options   = (known after apply)
TestTerraformCompleteExample 2022-03-22T16:45:23Z logger.go:66:                           + read_only = (known after apply)
TestTerraformCompleteExample 2022-03-22T16:45:23Z logger.go:66:
TestTerraformCompleteExample 2022-03-22T16:45:23Z logger.go:66:                           + secret_ref {
TestTerraformCompleteExample 2022-03-22T16:45:23Z logger.go:66:                               + name      = (known after apply)
TestTerraformCompleteExample 2022-03-22T16:45:23Z logger.go:66:                               + namespace = (known after apply)
TestTerraformCompleteExample 2022-03-22T16:45:23Z logger.go:66:                             }
TestTerraformCompleteExample 2022-03-22T16:45:23Z logger.go:66:                         }
TestTerraformCompleteExample 2022-03-22T16:45:23Z logger.go:66:
TestTerraformCompleteExample 2022-03-22T16:45:23Z logger.go:66:                       + flocker {
TestTerraformCompleteExample 2022-03-22T16:45:23Z logger.go:66:                           + dataset_name = (known after apply)
TestTerraformCompleteExample 2022-03-22T16:45:23Z logger.go:66:                           + dataset_uuid = (known after apply)
TestTerraformCompleteExample 2022-03-22T16:45:23Z logger.go:66:                         }
TestTerraformCompleteExample 2022-03-22T16:45:23Z logger.go:66:
TestTerraformCompleteExample 2022-03-22T16:45:23Z logger.go:66:                       + gce_persistent_disk {
TestTerraformCompleteExample 2022-03-22T16:45:23Z logger.go:66:                           + fs_type   = (known after apply)
TestTerraformCompleteExample 2022-03-22T16:45:23Z logger.go:66:                           + partition = (known after apply)
TestTerraformCompleteExample 2022-03-22T16:45:23Z logger.go:66:                           + pd_name   = (known after apply)
TestTerraformCompleteExample 2022-03-22T16:45:23Z logger.go:66:                           + read_only = (known after apply)
TestTerraformCompleteExample 2022-03-22T16:45:23Z logger.go:66:                         }
TestTerraformCompleteExample 2022-03-22T16:45:23Z logger.go:66:
TestTerraformCompleteExample 2022-03-22T16:45:23Z logger.go:66:                       + git_repo {
TestTerraformCompleteExample 2022-03-22T16:45:23Z logger.go:66:                           + directory  = (known after apply)
TestTerraformCompleteExample 2022-03-22T16:45:23Z logger.go:66:                           + repository = (known after apply)
TestTerraformCompleteExample 2022-03-22T16:45:23Z logger.go:66:                           + revision   = (known after apply)
TestTerraformCompleteExample 2022-03-22T16:45:23Z logger.go:66:                         }
TestTerraformCompleteExample 2022-03-22T16:45:23Z logger.go:66:
TestTerraformCompleteExample 2022-03-22T16:45:23Z logger.go:66:                       + glusterfs {
TestTerraformCompleteExample 2022-03-22T16:45:23Z logger.go:66:                           + endpoints_name = (known after apply)
TestTerraformCompleteExample 2022-03-22T16:45:23Z logger.go:66:                           + path           = (known after apply)
TestTerraformCompleteExample 2022-03-22T16:45:23Z logger.go:66:                           + read_only      = (known after apply)
TestTerraformCompleteExample 2022-03-22T16:45:23Z logger.go:66:                         }
TestTerraformCompleteExample 2022-03-22T16:45:23Z logger.go:66:
TestTerraformCompleteExample 2022-03-22T16:45:24Z logger.go:66:                       + host_path {
TestTerraformCompleteExample 2022-03-22T16:45:24Z logger.go:66:                           + path = (known after apply)
TestTerraformCompleteExample 2022-03-22T16:45:24Z logger.go:66:                           + type = (known after apply)
TestTerraformCompleteExample 2022-03-22T16:45:24Z logger.go:66:                         }
TestTerraformCompleteExample 2022-03-22T16:45:24Z logger.go:66:
TestTerraformCompleteExample 2022-03-22T16:45:24Z logger.go:66:                       + iscsi {
TestTerraformCompleteExample 2022-03-22T16:45:24Z logger.go:66:                           + fs_type         = (known after apply)
TestTerraformCompleteExample 2022-03-22T16:45:24Z logger.go:66:                           + iqn             = (known after apply)
TestTerraformCompleteExample 2022-03-22T16:45:24Z logger.go:66:                           + iscsi_interface = (known after apply)
TestTerraformCompleteExample 2022-03-22T16:45:24Z logger.go:66:                           + lun             = (known after apply)
TestTerraformCompleteExample 2022-03-22T16:45:24Z logger.go:66:                           + read_only       = (known after apply)
TestTerraformCompleteExample 2022-03-22T16:45:24Z logger.go:66:                           + target_portal   = (known after apply)
TestTerraformCompleteExample 2022-03-22T16:45:24Z logger.go:66:                         }
TestTerraformCompleteExample 2022-03-22T16:45:24Z logger.go:66:
TestTerraformCompleteExample 2022-03-22T16:45:24Z logger.go:66:                       + local {
TestTerraformCompleteExample 2022-03-22T16:45:24Z logger.go:66:                           + path = (known after apply)
TestTerraformCompleteExample 2022-03-22T16:45:24Z logger.go:66:                         }
TestTerraformCompleteExample 2022-03-22T16:45:24Z logger.go:66:
TestTerraformCompleteExample 2022-03-22T16:45:24Z logger.go:66:                       + nfs {
TestTerraformCompleteExample 2022-03-22T16:45:24Z logger.go:66:                           + path      = (known after apply)
TestTerraformCompleteExample 2022-03-22T16:45:24Z logger.go:66:                           + read_only = (known after apply)
TestTerraformCompleteExample 2022-03-22T16:45:24Z logger.go:66:                           + server    = (known after apply)
TestTerraformCompleteExample 2022-03-22T16:45:24Z logger.go:66:                         }
TestTerraformCompleteExample 2022-03-22T16:45:24Z logger.go:66:
TestTerraformCompleteExample 2022-03-22T16:45:24Z logger.go:66:                       + persistent_volume_claim {
TestTerraformCompleteExample 2022-03-22T16:45:24Z logger.go:66:                           + claim_name = (known after apply)
TestTerraformCompleteExample 2022-03-22T16:45:24Z logger.go:66:                           + read_only  = (known after apply)
TestTerraformCompleteExample 2022-03-22T16:45:24Z logger.go:66:                         }
TestTerraformCompleteExample 2022-03-22T16:45:24Z logger.go:66:
TestTerraformCompleteExample 2022-03-22T16:45:24Z logger.go:66:                       + photon_persistent_disk {
TestTerraformCompleteExample 2022-03-22T16:45:24Z logger.go:66:                           + fs_type = (known after apply)
TestTerraformCompleteExample 2022-03-22T16:45:24Z logger.go:66:                           + pd_id   = (known after apply)
TestTerraformCompleteExample 2022-03-22T16:45:24Z logger.go:66:                         }
TestTerraformCompleteExample 2022-03-22T16:45:24Z logger.go:66:
TestTerraformCompleteExample 2022-03-22T16:45:24Z logger.go:66:                       + projected {
TestTerraformCompleteExample 2022-03-22T16:45:24Z logger.go:66:                           + default_mode = (known after apply)
TestTerraformCompleteExample 2022-03-22T16:45:24Z logger.go:66:
TestTerraformCompleteExample 2022-03-22T16:45:24Z logger.go:66:                           + sources {
TestTerraformCompleteExample 2022-03-22T16:45:24Z logger.go:66:                               + config_map {
TestTerraformCompleteExample 2022-03-22T16:45:24Z logger.go:66:                                   + name     = (known after apply)
TestTerraformCompleteExample 2022-03-22T16:45:24Z logger.go:66:                                   + optional = (known after apply)
TestTerraformCompleteExample 2022-03-22T16:45:24Z logger.go:66:
TestTerraformCompleteExample 2022-03-22T16:45:24Z logger.go:66:                                   + items {
TestTerraformCompleteExample 2022-03-22T16:45:24Z logger.go:66:                                       + key  = (known after apply)
TestTerraformCompleteExample 2022-03-22T16:45:24Z logger.go:66:                                       + mode = (known after apply)
TestTerraformCompleteExample 2022-03-22T16:45:24Z logger.go:66:                                       + path = (known after apply)
TestTerraformCompleteExample 2022-03-22T16:45:24Z logger.go:66:                                     }
TestTerraformCompleteExample 2022-03-22T16:45:24Z logger.go:66:                                 }
TestTerraformCompleteExample 2022-03-22T16:45:24Z logger.go:66:
TestTerraformCompleteExample 2022-03-22T16:45:24Z logger.go:66:                               + downward_api {
TestTerraformCompleteExample 2022-03-22T16:45:24Z logger.go:66:                                   + items {
TestTerraformCompleteExample 2022-03-22T16:45:24Z logger.go:66:                                       + mode = (known after apply)
TestTerraformCompleteExample 2022-03-22T16:45:24Z logger.go:66:                                       + path = (known after apply)
TestTerraformCompleteExample 2022-03-22T16:45:24Z logger.go:66:
TestTerraformCompleteExample 2022-03-22T16:45:24Z logger.go:66:                                       + field_ref {
TestTerraformCompleteExample 2022-03-22T16:45:24Z logger.go:66:                                           + api_version = (known after apply)
TestTerraformCompleteExample 2022-03-22T16:45:24Z logger.go:66:                                           + field_path  = (known after apply)
TestTerraformCompleteExample 2022-03-22T16:45:24Z logger.go:66:                                         }
TestTerraformCompleteExample 2022-03-22T16:45:24Z logger.go:66:
TestTerraformCompleteExample 2022-03-22T16:45:24Z logger.go:66:                                       + resource_field_ref {
TestTerraformCompleteExample 2022-03-22T16:45:24Z logger.go:66:                                           + container_name = (known after apply)
TestTerraformCompleteExample 2022-03-22T16:45:24Z logger.go:66:                                           + divisor        = (known after apply)
TestTerraformCompleteExample 2022-03-22T16:45:24Z logger.go:66:                                           + resource       = (known after apply)
TestTerraformCompleteExample 2022-03-22T16:45:24Z logger.go:66:                                         }
TestTerraformCompleteExample 2022-03-22T16:45:24Z logger.go:66:                                     }
TestTerraformCompleteExample 2022-03-22T16:45:24Z logger.go:66:                                 }
TestTerraformCompleteExample 2022-03-22T16:45:24Z logger.go:66:
TestTerraformCompleteExample 2022-03-22T16:45:24Z logger.go:66:                               + secret {
TestTerraformCompleteExample 2022-03-22T16:45:24Z logger.go:66:                                   + name     = (known after apply)
TestTerraformCompleteExample 2022-03-22T16:45:24Z logger.go:66:                                   + optional = (known after apply)
TestTerraformCompleteExample 2022-03-22T16:45:24Z logger.go:66:
TestTerraformCompleteExample 2022-03-22T16:45:24Z logger.go:66:                                   + items {
TestTerraformCompleteExample 2022-03-22T16:45:24Z logger.go:66:                                       + key  = (known after apply)
TestTerraformCompleteExample 2022-03-22T16:45:24Z logger.go:66:                                       + mode = (known after apply)
TestTerraformCompleteExample 2022-03-22T16:45:24Z logger.go:66:                                       + path = (known after apply)
TestTerraformCompleteExample 2022-03-22T16:45:24Z logger.go:66:                                     }
TestTerraformCompleteExample 2022-03-22T16:45:24Z logger.go:66:                                 }
TestTerraformCompleteExample 2022-03-22T16:45:24Z logger.go:66:
TestTerraformCompleteExample 2022-03-22T16:45:24Z logger.go:66:                               + service_account_token {
TestTerraformCompleteExample 2022-03-22T16:45:24Z logger.go:66:                                   + audience           = (known after apply)
TestTerraformCompleteExample 2022-03-22T16:45:24Z logger.go:66:                                   + expiration_seconds = (known after apply)
TestTerraformCompleteExample 2022-03-22T16:45:24Z logger.go:66:                                   + path               = (known after apply)
TestTerraformCompleteExample 2022-03-22T16:45:24Z logger.go:66:                                 }
TestTerraformCompleteExample 2022-03-22T16:45:24Z logger.go:66:                             }
TestTerraformCompleteExample 2022-03-22T16:45:24Z logger.go:66:                         }
TestTerraformCompleteExample 2022-03-22T16:45:24Z logger.go:66:
TestTerraformCompleteExample 2022-03-22T16:45:24Z logger.go:66:                       + quobyte {
TestTerraformCompleteExample 2022-03-22T16:45:24Z logger.go:66:                           + group     = (known after apply)
TestTerraformCompleteExample 2022-03-22T16:45:24Z logger.go:66:                           + read_only = (known after apply)
TestTerraformCompleteExample 2022-03-22T16:45:24Z logger.go:66:                           + registry  = (known after apply)
TestTerraformCompleteExample 2022-03-22T16:45:24Z logger.go:66:                           + user      = (known after apply)
TestTerraformCompleteExample 2022-03-22T16:45:24Z logger.go:66:                           + volume    = (known after apply)
TestTerraformCompleteExample 2022-03-22T16:45:24Z logger.go:66:                         }
TestTerraformCompleteExample 2022-03-22T16:45:24Z logger.go:66:
TestTerraformCompleteExample 2022-03-22T16:45:24Z logger.go:66:                       + rbd {
TestTerraformCompleteExample 2022-03-22T16:45:24Z logger.go:66:                           + ceph_monitors = (known after apply)
TestTerraformCompleteExample 2022-03-22T16:45:24Z logger.go:66:                           + fs_type       = (known after apply)
TestTerraformCompleteExample 2022-03-22T16:45:24Z logger.go:66:                           + keyring       = (known after apply)
TestTerraformCompleteExample 2022-03-22T16:45:24Z logger.go:66:                           + rados_user    = (known after apply)
TestTerraformCompleteExample 2022-03-22T16:45:24Z logger.go:66:                           + rbd_image     = (known after apply)
TestTerraformCompleteExample 2022-03-22T16:45:24Z logger.go:66:                           + rbd_pool      = (known after apply)
TestTerraformCompleteExample 2022-03-22T16:45:24Z logger.go:66:                           + read_only     = (known after apply)
TestTerraformCompleteExample 2022-03-22T16:45:24Z logger.go:66:
TestTerraformCompleteExample 2022-03-22T16:45:24Z logger.go:66:                           + secret_ref {
TestTerraformCompleteExample 2022-03-22T16:45:24Z logger.go:66:                               + name      = (known after apply)
TestTerraformCompleteExample 2022-03-22T16:45:24Z logger.go:66:                               + namespace = (known after apply)
TestTerraformCompleteExample 2022-03-22T16:45:24Z logger.go:66:                             }
TestTerraformCompleteExample 2022-03-22T16:45:24Z logger.go:66:                         }
TestTerraformCompleteExample 2022-03-22T16:45:24Z logger.go:66:
TestTerraformCompleteExample 2022-03-22T16:45:24Z logger.go:66:                       + secret {
TestTerraformCompleteExample 2022-03-22T16:45:24Z logger.go:66:                           + default_mode = (known after apply)
TestTerraformCompleteExample 2022-03-22T16:45:24Z logger.go:66:                           + optional     = (known after apply)
TestTerraformCompleteExample 2022-03-22T16:45:24Z logger.go:66:                           + secret_name  = (known after apply)
TestTerraformCompleteExample 2022-03-22T16:45:24Z logger.go:66:
TestTerraformCompleteExample 2022-03-22T16:45:24Z logger.go:66:                           + items {
TestTerraformCompleteExample 2022-03-22T16:45:24Z logger.go:66:                               + key  = (known after apply)
TestTerraformCompleteExample 2022-03-22T16:45:24Z logger.go:66:                               + mode = (known after apply)
TestTerraformCompleteExample 2022-03-22T16:45:24Z logger.go:66:                               + path = (known after apply)
TestTerraformCompleteExample 2022-03-22T16:45:24Z logger.go:66:                             }
TestTerraformCompleteExample 2022-03-22T16:45:24Z logger.go:66:                         }
TestTerraformCompleteExample 2022-03-22T16:45:24Z logger.go:66:
TestTerraformCompleteExample 2022-03-22T16:45:24Z logger.go:66:                       + vsphere_volume {
TestTerraformCompleteExample 2022-03-22T16:45:24Z logger.go:66:                           + fs_type     = (known after apply)
TestTerraformCompleteExample 2022-03-22T16:45:24Z logger.go:66:                           + volume_path = (known after apply)
TestTerraformCompleteExample 2022-03-22T16:45:24Z logger.go:66:                         }
TestTerraformCompleteExample 2022-03-22T16:45:24Z logger.go:66:                     }
TestTerraformCompleteExample 2022-03-22T16:45:24Z logger.go:66:                 }
TestTerraformCompleteExample 2022-03-22T16:45:24Z logger.go:66:             }
TestTerraformCompleteExample 2022-03-22T16:45:24Z logger.go:66:         }
TestTerraformCompleteExample 2022-03-22T16:45:24Z logger.go:66:
TestTerraformCompleteExample 2022-03-22T16:45:24Z logger.go:66:       + timeouts {
TestTerraformCompleteExample 2022-03-22T16:45:24Z logger.go:66:           + create = "10m"
TestTerraformCompleteExample 2022-03-22T16:45:24Z logger.go:66:           + update = "10m"
TestTerraformCompleteExample 2022-03-22T16:45:24Z logger.go:66:         }
TestTerraformCompleteExample 2022-03-22T16:45:24Z logger.go:66:     }
TestTerraformCompleteExample 2022-03-22T16:45:24Z logger.go:66:
TestTerraformCompleteExample 2022-03-22T16:45:24Z logger.go:66:   # module.eks_auth.kubernetes_role_binding_v1.aws_auth will be created
TestTerraformCompleteExample 2022-03-22T16:45:24Z logger.go:66:   + resource "kubernetes_role_binding_v1" "aws_auth" {
TestTerraformCompleteExample 2022-03-22T16:45:24Z logger.go:66:       + id = (known after apply)
TestTerraformCompleteExample 2022-03-22T16:45:24Z logger.go:66:
TestTerraformCompleteExample 2022-03-22T16:45:24Z logger.go:66:       + metadata {
TestTerraformCompleteExample 2022-03-22T16:45:24Z logger.go:66:           + generation       = (known after apply)
TestTerraformCompleteExample 2022-03-22T16:45:24Z logger.go:66:           + labels           = {
TestTerraformCompleteExample 2022-03-22T16:45:24Z logger.go:66:               + "app.kubernetes.io/managed-by" = "Terraform"
TestTerraformCompleteExample 2022-03-22T16:45:24Z logger.go:66:               + "terraform.io/module"          = "terraform-aws-modules.eks-auth.aws"
TestTerraformCompleteExample 2022-03-22T16:45:24Z logger.go:66:             }
TestTerraformCompleteExample 2022-03-22T16:45:24Z logger.go:66:           + name             = "terraform-eks-auth-aws"
TestTerraformCompleteExample 2022-03-22T16:45:24Z logger.go:66:           + namespace        = "kube-system"
TestTerraformCompleteExample 2022-03-22T16:45:24Z logger.go:66:           + resource_version = (known after apply)
TestTerraformCompleteExample 2022-03-22T16:45:24Z logger.go:66:           + uid              = (known after apply)
TestTerraformCompleteExample 2022-03-22T16:45:24Z logger.go:66:         }
TestTerraformCompleteExample 2022-03-22T16:45:24Z logger.go:66:
TestTerraformCompleteExample 2022-03-22T16:45:24Z logger.go:66:       + role_ref {
TestTerraformCompleteExample 2022-03-22T16:45:24Z logger.go:66:           + api_group = "rbac.authorization.k8s.io"
TestTerraformCompleteExample 2022-03-22T16:45:24Z logger.go:66:           + kind      = "Role"
TestTerraformCompleteExample 2022-03-22T16:45:24Z logger.go:66:           + name      = "terraform-eks-auth-aws"
TestTerraformCompleteExample 2022-03-22T16:45:24Z logger.go:66:         }
TestTerraformCompleteExample 2022-03-22T16:45:24Z logger.go:66:
TestTerraformCompleteExample 2022-03-22T16:45:24Z logger.go:66:       + subject {
TestTerraformCompleteExample 2022-03-22T16:45:24Z logger.go:66:           + api_group = (known after apply)
TestTerraformCompleteExample 2022-03-22T16:45:24Z logger.go:66:           + kind      = "ServiceAccount"
TestTerraformCompleteExample 2022-03-22T16:45:24Z logger.go:66:           + name      = "terraform-eks-auth-aws"
TestTerraformCompleteExample 2022-03-22T16:45:24Z logger.go:66:           + namespace = "kube-system"
TestTerraformCompleteExample 2022-03-22T16:45:24Z logger.go:66:         }
TestTerraformCompleteExample 2022-03-22T16:45:24Z logger.go:66:     }
TestTerraformCompleteExample 2022-03-22T16:45:24Z logger.go:66:
TestTerraformCompleteExample 2022-03-22T16:45:24Z logger.go:66:   # module.eks_auth.kubernetes_role_v1.aws_auth will be created
TestTerraformCompleteExample 2022-03-22T16:45:24Z logger.go:66:   + resource "kubernetes_role_v1" "aws_auth" {
TestTerraformCompleteExample 2022-03-22T16:45:24Z logger.go:66:       + id = (known after apply)
TestTerraformCompleteExample 2022-03-22T16:45:24Z logger.go:66:
TestTerraformCompleteExample 2022-03-22T16:45:24Z logger.go:66:       + metadata {
TestTerraformCompleteExample 2022-03-22T16:45:24Z logger.go:66:           + generation       = (known after apply)
TestTerraformCompleteExample 2022-03-22T16:45:24Z logger.go:66:           + labels           = {
TestTerraformCompleteExample 2022-03-22T16:45:24Z logger.go:66:               + "app.kubernetes.io/managed-by" = "Terraform"
TestTerraformCompleteExample 2022-03-22T16:45:24Z logger.go:66:               + "terraform.io/module"          = "terraform-aws-modules.eks-auth.aws"
TestTerraformCompleteExample 2022-03-22T16:45:24Z logger.go:66:             }
TestTerraformCompleteExample 2022-03-22T16:45:24Z logger.go:66:           + name             = "terraform-eks-auth-aws"
TestTerraformCompleteExample 2022-03-22T16:45:24Z logger.go:66:           + namespace        = "kube-system"
TestTerraformCompleteExample 2022-03-22T16:45:24Z logger.go:66:           + resource_version = (known after apply)
TestTerraformCompleteExample 2022-03-22T16:45:24Z logger.go:66:           + uid              = (known after apply)
TestTerraformCompleteExample 2022-03-22T16:45:24Z logger.go:66:         }
TestTerraformCompleteExample 2022-03-22T16:45:24Z logger.go:66:
TestTerraformCompleteExample 2022-03-22T16:45:24Z logger.go:66:       + rule {
TestTerraformCompleteExample 2022-03-22T16:45:24Z logger.go:66:           + api_groups     = [
TestTerraformCompleteExample 2022-03-22T16:45:24Z logger.go:66:               + "",
TestTerraformCompleteExample 2022-03-22T16:45:24Z logger.go:66:             ]
TestTerraformCompleteExample 2022-03-22T16:45:24Z logger.go:66:           + resource_names = [
TestTerraformCompleteExample 2022-03-22T16:45:24Z logger.go:66:               + "aws-auth",
TestTerraformCompleteExample 2022-03-22T16:45:24Z logger.go:66:             ]
TestTerraformCompleteExample 2022-03-22T16:45:24Z logger.go:66:           + resources      = [
TestTerraformCompleteExample 2022-03-22T16:45:24Z logger.go:66:               + "configmaps",
TestTerraformCompleteExample 2022-03-22T16:45:24Z logger.go:66:             ]
TestTerraformCompleteExample 2022-03-22T16:45:24Z logger.go:66:           + verbs          = [
TestTerraformCompleteExample 2022-03-22T16:45:24Z logger.go:66:               + "delete",
TestTerraformCompleteExample 2022-03-22T16:45:24Z logger.go:66:               + "get",
TestTerraformCompleteExample 2022-03-22T16:45:24Z logger.go:66:               + "patch",
TestTerraformCompleteExample 2022-03-22T16:45:24Z logger.go:66:             ]
TestTerraformCompleteExample 2022-03-22T16:45:24Z logger.go:66:         }
TestTerraformCompleteExample 2022-03-22T16:45:24Z logger.go:66:     }
TestTerraformCompleteExample 2022-03-22T16:45:24Z logger.go:66:
TestTerraformCompleteExample 2022-03-22T16:45:24Z logger.go:66:   # module.eks_auth.kubernetes_service_account_v1.aws_auth will be created
TestTerraformCompleteExample 2022-03-22T16:45:24Z logger.go:66:   + resource "kubernetes_service_account_v1" "aws_auth" {
TestTerraformCompleteExample 2022-03-22T16:45:24Z logger.go:66:       + automount_service_account_token = true
TestTerraformCompleteExample 2022-03-22T16:45:24Z logger.go:66:       + default_secret_name             = (known after apply)
TestTerraformCompleteExample 2022-03-22T16:45:24Z logger.go:66:       + id                              = (known after apply)
TestTerraformCompleteExample 2022-03-22T16:45:24Z logger.go:66:
TestTerraformCompleteExample 2022-03-22T16:45:24Z logger.go:66:       + metadata {
TestTerraformCompleteExample 2022-03-22T16:45:24Z logger.go:66:           + generation       = (known after apply)
TestTerraformCompleteExample 2022-03-22T16:45:24Z logger.go:66:           + labels           = {
TestTerraformCompleteExample 2022-03-22T16:45:24Z logger.go:66:               + "app.kubernetes.io/managed-by" = "Terraform"
TestTerraformCompleteExample 2022-03-22T16:45:24Z logger.go:66:               + "terraform.io/module"          = "terraform-aws-modules.eks-auth.aws"
TestTerraformCompleteExample 2022-03-22T16:45:24Z logger.go:66:             }
TestTerraformCompleteExample 2022-03-22T16:45:24Z logger.go:66:           + name             = "terraform-eks-auth-aws"
TestTerraformCompleteExample 2022-03-22T16:45:24Z logger.go:66:           + namespace        = "kube-system"
TestTerraformCompleteExample 2022-03-22T16:45:24Z logger.go:66:           + resource_version = (known after apply)
TestTerraformCompleteExample 2022-03-22T16:45:24Z logger.go:66:           + uid              = (known after apply)
TestTerraformCompleteExample 2022-03-22T16:45:24Z logger.go:66:         }
TestTerraformCompleteExample 2022-03-22T16:45:24Z logger.go:66:     }
TestTerraformCompleteExample 2022-03-22T16:45:24Z logger.go:66:
TestTerraformCompleteExample 2022-03-22T16:45:24Z logger.go:66:   # module.vpc.aws_eip.nat[0] will be created
TestTerraformCompleteExample 2022-03-22T16:45:24Z logger.go:66:   + resource "aws_eip" "nat" {
TestTerraformCompleteExample 2022-03-22T16:45:24Z logger.go:66:       + allocation_id        = (known after apply)
TestTerraformCompleteExample 2022-03-22T16:45:24Z logger.go:66:       + association_id       = (known after apply)
TestTerraformCompleteExample 2022-03-22T16:45:24Z logger.go:66:       + carrier_ip           = (known after apply)
TestTerraformCompleteExample 2022-03-22T16:45:24Z logger.go:66:       + customer_owned_ip    = (known after apply)
TestTerraformCompleteExample 2022-03-22T16:45:24Z logger.go:66:       + domain               = (known after apply)
TestTerraformCompleteExample 2022-03-22T16:45:24Z logger.go:66:       + id                   = (known after apply)
TestTerraformCompleteExample 2022-03-22T16:45:24Z logger.go:66:       + instance             = (known after apply)
TestTerraformCompleteExample 2022-03-22T16:45:24Z logger.go:66:       + network_border_group = (known after apply)
TestTerraformCompleteExample 2022-03-22T16:45:24Z logger.go:66:       + network_interface    = (known after apply)
TestTerraformCompleteExample 2022-03-22T16:45:24Z logger.go:66:       + private_dns          = (known after apply)
TestTerraformCompleteExample 2022-03-22T16:45:24Z logger.go:66:       + private_ip           = (known after apply)
TestTerraformCompleteExample 2022-03-22T16:45:24Z logger.go:66:       + public_dns           = (known after apply)
TestTerraformCompleteExample 2022-03-22T16:45:24Z logger.go:66:       + public_ip            = (known after apply)
TestTerraformCompleteExample 2022-03-22T16:45:24Z logger.go:66:       + public_ipv4_pool     = (known after apply)
TestTerraformCompleteExample 2022-03-22T16:45:24Z logger.go:66:       + tags                 = {
TestTerraformCompleteExample 2022-03-22T16:45:24Z logger.go:66:           + "Name" = "ex-complete-us-west-2a"
TestTerraformCompleteExample 2022-03-22T16:45:24Z logger.go:66:         }
TestTerraformCompleteExample 2022-03-22T16:45:24Z logger.go:66:       + tags_all             = {
TestTerraformCompleteExample 2022-03-22T16:45:24Z logger.go:66:           + "Example"    = "ex-complete"
TestTerraformCompleteExample 2022-03-22T16:45:24Z logger.go:66:           + "GithubOrg"  = "aidan-melen"
TestTerraformCompleteExample 2022-03-22T16:45:24Z logger.go:66:           + "GithubRepo" = "terraform-aws-eks-auth"
TestTerraformCompleteExample 2022-03-22T16:45:24Z logger.go:66:           + "Name"       = "ex-complete-us-west-2a"
TestTerraformCompleteExample 2022-03-22T16:45:24Z logger.go:66:         }
TestTerraformCompleteExample 2022-03-22T16:45:24Z logger.go:66:       + vpc                  = true
TestTerraformCompleteExample 2022-03-22T16:45:24Z logger.go:66:     }
TestTerraformCompleteExample 2022-03-22T16:45:24Z logger.go:66:
TestTerraformCompleteExample 2022-03-22T16:45:24Z logger.go:66:   # module.vpc.aws_internet_gateway.this[0] will be created
TestTerraformCompleteExample 2022-03-22T16:45:24Z logger.go:66:   + resource "aws_internet_gateway" "this" {
TestTerraformCompleteExample 2022-03-22T16:45:24Z logger.go:66:       + arn      = (known after apply)
TestTerraformCompleteExample 2022-03-22T16:45:24Z logger.go:66:       + id       = (known after apply)
TestTerraformCompleteExample 2022-03-22T16:45:24Z logger.go:66:       + owner_id = (known after apply)
TestTerraformCompleteExample 2022-03-22T16:45:24Z logger.go:66:       + tags     = {
TestTerraformCompleteExample 2022-03-22T16:45:24Z logger.go:66:           + "Name" = "ex-complete"
TestTerraformCompleteExample 2022-03-22T16:45:24Z logger.go:66:         }
TestTerraformCompleteExample 2022-03-22T16:45:24Z logger.go:66:       + tags_all = {
TestTerraformCompleteExample 2022-03-22T16:45:24Z logger.go:66:           + "Example"    = "ex-complete"
TestTerraformCompleteExample 2022-03-22T16:45:24Z logger.go:66:           + "GithubOrg"  = "aidan-melen"
TestTerraformCompleteExample 2022-03-22T16:45:24Z logger.go:66:           + "GithubRepo" = "terraform-aws-eks-auth"
TestTerraformCompleteExample 2022-03-22T16:45:24Z logger.go:66:           + "Name"       = "ex-complete"
TestTerraformCompleteExample 2022-03-22T16:45:24Z logger.go:66:         }
TestTerraformCompleteExample 2022-03-22T16:45:24Z logger.go:66:       + vpc_id   = (known after apply)
TestTerraformCompleteExample 2022-03-22T16:45:24Z logger.go:66:     }
TestTerraformCompleteExample 2022-03-22T16:45:24Z logger.go:66:
TestTerraformCompleteExample 2022-03-22T16:45:24Z logger.go:66:   # module.vpc.aws_nat_gateway.this[0] will be created
TestTerraformCompleteExample 2022-03-22T16:45:24Z logger.go:66:   + resource "aws_nat_gateway" "this" {
TestTerraformCompleteExample 2022-03-22T16:45:24Z logger.go:66:       + allocation_id        = (known after apply)
TestTerraformCompleteExample 2022-03-22T16:45:24Z logger.go:66:       + connectivity_type    = "public"
TestTerraformCompleteExample 2022-03-22T16:45:24Z logger.go:66:       + id                   = (known after apply)
TestTerraformCompleteExample 2022-03-22T16:45:24Z logger.go:66:       + network_interface_id = (known after apply)
TestTerraformCompleteExample 2022-03-22T16:45:24Z logger.go:66:       + private_ip           = (known after apply)
TestTerraformCompleteExample 2022-03-22T16:45:24Z logger.go:66:       + public_ip            = (known after apply)
TestTerraformCompleteExample 2022-03-22T16:45:24Z logger.go:66:       + subnet_id            = (known after apply)
TestTerraformCompleteExample 2022-03-22T16:45:24Z logger.go:66:       + tags                 = {
TestTerraformCompleteExample 2022-03-22T16:45:24Z logger.go:66:           + "Name" = "ex-complete-us-west-2a"
TestTerraformCompleteExample 2022-03-22T16:45:24Z logger.go:66:         }
TestTerraformCompleteExample 2022-03-22T16:45:24Z logger.go:66:       + tags_all             = {
TestTerraformCompleteExample 2022-03-22T16:45:24Z logger.go:66:           + "Example"    = "ex-complete"
TestTerraformCompleteExample 2022-03-22T16:45:24Z logger.go:66:           + "GithubOrg"  = "aidan-melen"
TestTerraformCompleteExample 2022-03-22T16:45:24Z logger.go:66:           + "GithubRepo" = "terraform-aws-eks-auth"
TestTerraformCompleteExample 2022-03-22T16:45:24Z logger.go:66:           + "Name"       = "ex-complete-us-west-2a"
TestTerraformCompleteExample 2022-03-22T16:45:24Z logger.go:66:         }
TestTerraformCompleteExample 2022-03-22T16:45:24Z logger.go:66:     }
TestTerraformCompleteExample 2022-03-22T16:45:24Z logger.go:66:
TestTerraformCompleteExample 2022-03-22T16:45:24Z logger.go:66:   # module.vpc.aws_route.private_nat_gateway[0] will be created
TestTerraformCompleteExample 2022-03-22T16:45:24Z logger.go:66:   + resource "aws_route" "private_nat_gateway" {
TestTerraformCompleteExample 2022-03-22T16:45:24Z logger.go:66:       + destination_cidr_block = "0.0.0.0/0"
TestTerraformCompleteExample 2022-03-22T16:45:24Z logger.go:66:       + id                     = (known after apply)
TestTerraformCompleteExample 2022-03-22T16:45:24Z logger.go:66:       + instance_id            = (known after apply)
TestTerraformCompleteExample 2022-03-22T16:45:24Z logger.go:66:       + instance_owner_id      = (known after apply)
TestTerraformCompleteExample 2022-03-22T16:45:24Z logger.go:66:       + nat_gateway_id         = (known after apply)
TestTerraformCompleteExample 2022-03-22T16:45:24Z logger.go:66:       + network_interface_id   = (known after apply)
TestTerraformCompleteExample 2022-03-22T16:45:24Z logger.go:66:       + origin                 = (known after apply)
TestTerraformCompleteExample 2022-03-22T16:45:24Z logger.go:66:       + route_table_id         = (known after apply)
TestTerraformCompleteExample 2022-03-22T16:45:24Z logger.go:66:       + state                  = (known after apply)
TestTerraformCompleteExample 2022-03-22T16:45:24Z logger.go:66:
TestTerraformCompleteExample 2022-03-22T16:45:24Z logger.go:66:       + timeouts {
TestTerraformCompleteExample 2022-03-22T16:45:24Z logger.go:66:           + create = "5m"
TestTerraformCompleteExample 2022-03-22T16:45:24Z logger.go:66:         }
TestTerraformCompleteExample 2022-03-22T16:45:24Z logger.go:66:     }
TestTerraformCompleteExample 2022-03-22T16:45:24Z logger.go:66:
TestTerraformCompleteExample 2022-03-22T16:45:24Z logger.go:66:   # module.vpc.aws_route.public_internet_gateway[0] will be created
TestTerraformCompleteExample 2022-03-22T16:45:24Z logger.go:66:   + resource "aws_route" "public_internet_gateway" {
TestTerraformCompleteExample 2022-03-22T16:45:24Z logger.go:66:       + destination_cidr_block = "0.0.0.0/0"
TestTerraformCompleteExample 2022-03-22T16:45:24Z logger.go:66:       + gateway_id             = (known after apply)
TestTerraformCompleteExample 2022-03-22T16:45:24Z logger.go:66:       + id                     = (known after apply)
TestTerraformCompleteExample 2022-03-22T16:45:24Z logger.go:66:       + instance_id            = (known after apply)
TestTerraformCompleteExample 2022-03-22T16:45:24Z logger.go:66:       + instance_owner_id      = (known after apply)
TestTerraformCompleteExample 2022-03-22T16:45:24Z logger.go:66:       + network_interface_id   = (known after apply)
TestTerraformCompleteExample 2022-03-22T16:45:24Z logger.go:66:       + origin                 = (known after apply)
TestTerraformCompleteExample 2022-03-22T16:45:24Z logger.go:66:       + route_table_id         = (known after apply)
TestTerraformCompleteExample 2022-03-22T16:45:24Z logger.go:66:       + state                  = (known after apply)
TestTerraformCompleteExample 2022-03-22T16:45:24Z logger.go:66:
TestTerraformCompleteExample 2022-03-22T16:45:24Z logger.go:66:       + timeouts {
TestTerraformCompleteExample 2022-03-22T16:45:24Z logger.go:66:           + create = "5m"
TestTerraformCompleteExample 2022-03-22T16:45:24Z logger.go:66:         }
TestTerraformCompleteExample 2022-03-22T16:45:24Z logger.go:66:     }
TestTerraformCompleteExample 2022-03-22T16:45:24Z logger.go:66:
TestTerraformCompleteExample 2022-03-22T16:45:24Z logger.go:66:   # module.vpc.aws_route_table.private[0] will be created
TestTerraformCompleteExample 2022-03-22T16:45:24Z logger.go:66:   + resource "aws_route_table" "private" {
TestTerraformCompleteExample 2022-03-22T16:45:24Z logger.go:66:       + arn              = (known after apply)
TestTerraformCompleteExample 2022-03-22T16:45:24Z logger.go:66:       + id               = (known after apply)
TestTerraformCompleteExample 2022-03-22T16:45:24Z logger.go:66:       + owner_id         = (known after apply)
TestTerraformCompleteExample 2022-03-22T16:45:24Z logger.go:66:       + propagating_vgws = (known after apply)
TestTerraformCompleteExample 2022-03-22T16:45:24Z logger.go:66:       + route            = (known after apply)
TestTerraformCompleteExample 2022-03-22T16:45:24Z logger.go:66:       + tags             = {
TestTerraformCompleteExample 2022-03-22T16:45:24Z logger.go:66:           + "Name" = "ex-complete-private"
TestTerraformCompleteExample 2022-03-22T16:45:24Z logger.go:66:         }
TestTerraformCompleteExample 2022-03-22T16:45:24Z logger.go:66:       + tags_all         = {
TestTerraformCompleteExample 2022-03-22T16:45:24Z logger.go:66:           + "Example"    = "ex-complete"
TestTerraformCompleteExample 2022-03-22T16:45:24Z logger.go:66:           + "GithubOrg"  = "aidan-melen"
TestTerraformCompleteExample 2022-03-22T16:45:24Z logger.go:66:           + "GithubRepo" = "terraform-aws-eks-auth"
TestTerraformCompleteExample 2022-03-22T16:45:24Z logger.go:66:           + "Name"       = "ex-complete-private"
TestTerraformCompleteExample 2022-03-22T16:45:24Z logger.go:66:         }
TestTerraformCompleteExample 2022-03-22T16:45:24Z logger.go:66:       + vpc_id           = (known after apply)
TestTerraformCompleteExample 2022-03-22T16:45:24Z logger.go:66:     }
TestTerraformCompleteExample 2022-03-22T16:45:24Z logger.go:66:
TestTerraformCompleteExample 2022-03-22T16:45:24Z logger.go:66:   # module.vpc.aws_route_table.public[0] will be created
TestTerraformCompleteExample 2022-03-22T16:45:24Z logger.go:66:   + resource "aws_route_table" "public" {
TestTerraformCompleteExample 2022-03-22T16:45:24Z logger.go:66:       + arn              = (known after apply)
TestTerraformCompleteExample 2022-03-22T16:45:24Z logger.go:66:       + id               = (known after apply)
TestTerraformCompleteExample 2022-03-22T16:45:24Z logger.go:66:       + owner_id         = (known after apply)
TestTerraformCompleteExample 2022-03-22T16:45:24Z logger.go:66:       + propagating_vgws = (known after apply)
TestTerraformCompleteExample 2022-03-22T16:45:24Z logger.go:66:       + route            = (known after apply)
TestTerraformCompleteExample 2022-03-22T16:45:24Z logger.go:66:       + tags             = {
TestTerraformCompleteExample 2022-03-22T16:45:24Z logger.go:66:           + "Name" = "ex-complete-public"
TestTerraformCompleteExample 2022-03-22T16:45:24Z logger.go:66:         }
TestTerraformCompleteExample 2022-03-22T16:45:24Z logger.go:66:       + tags_all         = {
TestTerraformCompleteExample 2022-03-22T16:45:24Z logger.go:66:           + "Example"    = "ex-complete"
TestTerraformCompleteExample 2022-03-22T16:45:24Z logger.go:66:           + "GithubOrg"  = "aidan-melen"
TestTerraformCompleteExample 2022-03-22T16:45:24Z logger.go:66:           + "GithubRepo" = "terraform-aws-eks-auth"
TestTerraformCompleteExample 2022-03-22T16:45:24Z logger.go:66:           + "Name"       = "ex-complete-public"
TestTerraformCompleteExample 2022-03-22T16:45:24Z logger.go:66:         }
TestTerraformCompleteExample 2022-03-22T16:45:24Z logger.go:66:       + vpc_id           = (known after apply)
TestTerraformCompleteExample 2022-03-22T16:45:24Z logger.go:66:     }
TestTerraformCompleteExample 2022-03-22T16:45:24Z logger.go:66:
TestTerraformCompleteExample 2022-03-22T16:45:24Z logger.go:66:   # module.vpc.aws_route_table_association.private[0] will be created
TestTerraformCompleteExample 2022-03-22T16:45:24Z logger.go:66:   + resource "aws_route_table_association" "private" {
TestTerraformCompleteExample 2022-03-22T16:45:24Z logger.go:66:       + id             = (known after apply)
TestTerraformCompleteExample 2022-03-22T16:45:24Z logger.go:66:       + route_table_id = (known after apply)
TestTerraformCompleteExample 2022-03-22T16:45:24Z logger.go:66:       + subnet_id      = (known after apply)
TestTerraformCompleteExample 2022-03-22T16:45:24Z logger.go:66:     }
TestTerraformCompleteExample 2022-03-22T16:45:24Z logger.go:66:
TestTerraformCompleteExample 2022-03-22T16:45:24Z logger.go:66:   # module.vpc.aws_route_table_association.private[1] will be created
TestTerraformCompleteExample 2022-03-22T16:45:24Z logger.go:66:   + resource "aws_route_table_association" "private" {
TestTerraformCompleteExample 2022-03-22T16:45:24Z logger.go:66:       + id             = (known after apply)
TestTerraformCompleteExample 2022-03-22T16:45:24Z logger.go:66:       + route_table_id = (known after apply)
TestTerraformCompleteExample 2022-03-22T16:45:24Z logger.go:66:       + subnet_id      = (known after apply)
TestTerraformCompleteExample 2022-03-22T16:45:24Z logger.go:66:     }
TestTerraformCompleteExample 2022-03-22T16:45:24Z logger.go:66:
TestTerraformCompleteExample 2022-03-22T16:45:24Z logger.go:66:   # module.vpc.aws_route_table_association.private[2] will be created
TestTerraformCompleteExample 2022-03-22T16:45:24Z logger.go:66:   + resource "aws_route_table_association" "private" {
TestTerraformCompleteExample 2022-03-22T16:45:24Z logger.go:66:       + id             = (known after apply)
TestTerraformCompleteExample 2022-03-22T16:45:24Z logger.go:66:       + route_table_id = (known after apply)
TestTerraformCompleteExample 2022-03-22T16:45:24Z logger.go:66:       + subnet_id      = (known after apply)
TestTerraformCompleteExample 2022-03-22T16:45:24Z logger.go:66:     }
TestTerraformCompleteExample 2022-03-22T16:45:24Z logger.go:66:
TestTerraformCompleteExample 2022-03-22T16:45:24Z logger.go:66:   # module.vpc.aws_route_table_association.public[0] will be created
TestTerraformCompleteExample 2022-03-22T16:45:24Z logger.go:66:   + resource "aws_route_table_association" "public" {
TestTerraformCompleteExample 2022-03-22T16:45:24Z logger.go:66:       + id             = (known after apply)
TestTerraformCompleteExample 2022-03-22T16:45:24Z logger.go:66:       + route_table_id = (known after apply)
TestTerraformCompleteExample 2022-03-22T16:45:24Z logger.go:66:       + subnet_id      = (known after apply)
TestTerraformCompleteExample 2022-03-22T16:45:24Z logger.go:66:     }
TestTerraformCompleteExample 2022-03-22T16:45:24Z logger.go:66:
TestTerraformCompleteExample 2022-03-22T16:45:24Z logger.go:66:   # module.vpc.aws_route_table_association.public[1] will be created
TestTerraformCompleteExample 2022-03-22T16:45:24Z logger.go:66:   + resource "aws_route_table_association" "public" {
TestTerraformCompleteExample 2022-03-22T16:45:24Z logger.go:66:       + id             = (known after apply)
TestTerraformCompleteExample 2022-03-22T16:45:24Z logger.go:66:       + route_table_id = (known after apply)
TestTerraformCompleteExample 2022-03-22T16:45:24Z logger.go:66:       + subnet_id      = (known after apply)
TestTerraformCompleteExample 2022-03-22T16:45:24Z logger.go:66:     }
TestTerraformCompleteExample 2022-03-22T16:45:24Z logger.go:66:
TestTerraformCompleteExample 2022-03-22T16:45:24Z logger.go:66:   # module.vpc.aws_route_table_association.public[2] will be created
TestTerraformCompleteExample 2022-03-22T16:45:24Z logger.go:66:   + resource "aws_route_table_association" "public" {
TestTerraformCompleteExample 2022-03-22T16:45:24Z logger.go:66:       + id             = (known after apply)
TestTerraformCompleteExample 2022-03-22T16:45:24Z logger.go:66:       + route_table_id = (known after apply)
TestTerraformCompleteExample 2022-03-22T16:45:24Z logger.go:66:       + subnet_id      = (known after apply)
TestTerraformCompleteExample 2022-03-22T16:45:24Z logger.go:66:     }
TestTerraformCompleteExample 2022-03-22T16:45:24Z logger.go:66:
TestTerraformCompleteExample 2022-03-22T16:45:24Z logger.go:66:   # module.vpc.aws_subnet.private[0] will be created
TestTerraformCompleteExample 2022-03-22T16:45:24Z logger.go:66:   + resource "aws_subnet" "private" {
TestTerraformCompleteExample 2022-03-22T16:45:24Z logger.go:66:       + arn                                            = (known after apply)
TestTerraformCompleteExample 2022-03-22T16:45:24Z logger.go:66:       + assign_ipv6_address_on_creation                = false
TestTerraformCompleteExample 2022-03-22T16:45:24Z logger.go:66:       + availability_zone                              = "us-west-2a"
TestTerraformCompleteExample 2022-03-22T16:45:24Z logger.go:66:       + availability_zone_id                           = (known after apply)
TestTerraformCompleteExample 2022-03-22T16:45:24Z logger.go:66:       + cidr_block                                     = "10.0.1.0/24"
TestTerraformCompleteExample 2022-03-22T16:45:24Z logger.go:66:       + enable_dns64                                   = false
TestTerraformCompleteExample 2022-03-22T16:45:24Z logger.go:66:       + enable_resource_name_dns_a_record_on_launch    = false
TestTerraformCompleteExample 2022-03-22T16:45:24Z logger.go:66:       + enable_resource_name_dns_aaaa_record_on_launch = false
TestTerraformCompleteExample 2022-03-22T16:45:24Z logger.go:66:       + id                                             = (known after apply)
TestTerraformCompleteExample 2022-03-22T16:45:24Z logger.go:66:       + ipv6_cidr_block_association_id                 = (known after apply)
TestTerraformCompleteExample 2022-03-22T16:45:24Z logger.go:66:       + ipv6_native                                    = false
TestTerraformCompleteExample 2022-03-22T16:45:24Z logger.go:66:       + map_public_ip_on_launch                        = false
TestTerraformCompleteExample 2022-03-22T16:45:24Z logger.go:66:       + owner_id                                       = (known after apply)
TestTerraformCompleteExample 2022-03-22T16:45:24Z logger.go:66:       + private_dns_hostname_type_on_launch            = (known after apply)
TestTerraformCompleteExample 2022-03-22T16:45:24Z logger.go:66:       + tags                                           = {
TestTerraformCompleteExample 2022-03-22T16:45:24Z logger.go:66:           + "Name"                              = "ex-complete-private-us-west-2a"
TestTerraformCompleteExample 2022-03-22T16:45:24Z logger.go:66:           + "kubernetes.io/cluster/ex-complete" = "shared"
TestTerraformCompleteExample 2022-03-22T16:45:24Z logger.go:66:           + "kubernetes.io/role/internal-elb"   = "1"
TestTerraformCompleteExample 2022-03-22T16:45:24Z logger.go:66:         }
TestTerraformCompleteExample 2022-03-22T16:45:24Z logger.go:66:       + tags_all                                       = {
TestTerraformCompleteExample 2022-03-22T16:45:24Z logger.go:66:           + "Example"                           = "ex-complete"
TestTerraformCompleteExample 2022-03-22T16:45:24Z logger.go:66:           + "GithubOrg"                         = "aidan-melen"
TestTerraformCompleteExample 2022-03-22T16:45:24Z logger.go:66:           + "GithubRepo"                        = "terraform-aws-eks-auth"
TestTerraformCompleteExample 2022-03-22T16:45:24Z logger.go:66:           + "Name"                              = "ex-complete-private-us-west-2a"
TestTerraformCompleteExample 2022-03-22T16:45:24Z logger.go:66:           + "kubernetes.io/cluster/ex-complete" = "shared"
TestTerraformCompleteExample 2022-03-22T16:45:24Z logger.go:66:           + "kubernetes.io/role/internal-elb"   = "1"
TestTerraformCompleteExample 2022-03-22T16:45:24Z logger.go:66:         }
TestTerraformCompleteExample 2022-03-22T16:45:24Z logger.go:66:       + vpc_id                                         = (known after apply)
TestTerraformCompleteExample 2022-03-22T16:45:24Z logger.go:66:     }
TestTerraformCompleteExample 2022-03-22T16:45:24Z logger.go:66:
TestTerraformCompleteExample 2022-03-22T16:45:24Z logger.go:66:   # module.vpc.aws_subnet.private[1] will be created
TestTerraformCompleteExample 2022-03-22T16:45:24Z logger.go:66:   + resource "aws_subnet" "private" {
TestTerraformCompleteExample 2022-03-22T16:45:24Z logger.go:66:       + arn                                            = (known after apply)
TestTerraformCompleteExample 2022-03-22T16:45:24Z logger.go:66:       + assign_ipv6_address_on_creation                = false
TestTerraformCompleteExample 2022-03-22T16:45:24Z logger.go:66:       + availability_zone                              = "us-west-2b"
TestTerraformCompleteExample 2022-03-22T16:45:24Z logger.go:66:       + availability_zone_id                           = (known after apply)
TestTerraformCompleteExample 2022-03-22T16:45:24Z logger.go:66:       + cidr_block                                     = "10.0.2.0/24"
TestTerraformCompleteExample 2022-03-22T16:45:24Z logger.go:66:       + enable_dns64                                   = false
TestTerraformCompleteExample 2022-03-22T16:45:24Z logger.go:66:       + enable_resource_name_dns_a_record_on_launch    = false
TestTerraformCompleteExample 2022-03-22T16:45:24Z logger.go:66:       + enable_resource_name_dns_aaaa_record_on_launch = false
TestTerraformCompleteExample 2022-03-22T16:45:24Z logger.go:66:       + id                                             = (known after apply)
TestTerraformCompleteExample 2022-03-22T16:45:24Z logger.go:66:       + ipv6_cidr_block_association_id                 = (known after apply)
TestTerraformCompleteExample 2022-03-22T16:45:24Z logger.go:66:       + ipv6_native                                    = false
TestTerraformCompleteExample 2022-03-22T16:45:24Z logger.go:66:       + map_public_ip_on_launch                        = false
TestTerraformCompleteExample 2022-03-22T16:45:24Z logger.go:66:       + owner_id                                       = (known after apply)
TestTerraformCompleteExample 2022-03-22T16:45:24Z logger.go:66:       + private_dns_hostname_type_on_launch            = (known after apply)
TestTerraformCompleteExample 2022-03-22T16:45:24Z logger.go:66:       + tags                                           = {
TestTerraformCompleteExample 2022-03-22T16:45:24Z logger.go:66:           + "Name"                              = "ex-complete-private-us-west-2b"
TestTerraformCompleteExample 2022-03-22T16:45:24Z logger.go:66:           + "kubernetes.io/cluster/ex-complete" = "shared"
TestTerraformCompleteExample 2022-03-22T16:45:24Z logger.go:66:           + "kubernetes.io/role/internal-elb"   = "1"
TestTerraformCompleteExample 2022-03-22T16:45:24Z logger.go:66:         }
TestTerraformCompleteExample 2022-03-22T16:45:24Z logger.go:66:       + tags_all                                       = {
TestTerraformCompleteExample 2022-03-22T16:45:24Z logger.go:66:           + "Example"                           = "ex-complete"
TestTerraformCompleteExample 2022-03-22T16:45:24Z logger.go:66:           + "GithubOrg"                         = "aidan-melen"
TestTerraformCompleteExample 2022-03-22T16:45:24Z logger.go:66:           + "GithubRepo"                        = "terraform-aws-eks-auth"
TestTerraformCompleteExample 2022-03-22T16:45:24Z logger.go:66:           + "Name"                              = "ex-complete-private-us-west-2b"
TestTerraformCompleteExample 2022-03-22T16:45:24Z logger.go:66:           + "kubernetes.io/cluster/ex-complete" = "shared"
TestTerraformCompleteExample 2022-03-22T16:45:24Z logger.go:66:           + "kubernetes.io/role/internal-elb"   = "1"
TestTerraformCompleteExample 2022-03-22T16:45:24Z logger.go:66:         }
TestTerraformCompleteExample 2022-03-22T16:45:24Z logger.go:66:       + vpc_id                                         = (known after apply)
TestTerraformCompleteExample 2022-03-22T16:45:24Z logger.go:66:     }
TestTerraformCompleteExample 2022-03-22T16:45:24Z logger.go:66:
TestTerraformCompleteExample 2022-03-22T16:45:24Z logger.go:66:   # module.vpc.aws_subnet.private[2] will be created
TestTerraformCompleteExample 2022-03-22T16:45:24Z logger.go:66:   + resource "aws_subnet" "private" {
TestTerraformCompleteExample 2022-03-22T16:45:24Z logger.go:66:       + arn                                            = (known after apply)
TestTerraformCompleteExample 2022-03-22T16:45:24Z logger.go:66:       + assign_ipv6_address_on_creation                = false
TestTerraformCompleteExample 2022-03-22T16:45:24Z logger.go:66:       + availability_zone                              = "us-west-2c"
TestTerraformCompleteExample 2022-03-22T16:45:24Z logger.go:66:       + availability_zone_id                           = (known after apply)
TestTerraformCompleteExample 2022-03-22T16:45:24Z logger.go:66:       + cidr_block                                     = "10.0.3.0/24"
TestTerraformCompleteExample 2022-03-22T16:45:24Z logger.go:66:       + enable_dns64                                   = false
TestTerraformCompleteExample 2022-03-22T16:45:24Z logger.go:66:       + enable_resource_name_dns_a_record_on_launch    = false
TestTerraformCompleteExample 2022-03-22T16:45:24Z logger.go:66:       + enable_resource_name_dns_aaaa_record_on_launch = false
TestTerraformCompleteExample 2022-03-22T16:45:24Z logger.go:66:       + id                                             = (known after apply)
TestTerraformCompleteExample 2022-03-22T16:45:24Z logger.go:66:       + ipv6_cidr_block_association_id                 = (known after apply)
TestTerraformCompleteExample 2022-03-22T16:45:24Z logger.go:66:       + ipv6_native                                    = false
TestTerraformCompleteExample 2022-03-22T16:45:24Z logger.go:66:       + map_public_ip_on_launch                        = false
TestTerraformCompleteExample 2022-03-22T16:45:24Z logger.go:66:       + owner_id                                       = (known after apply)
TestTerraformCompleteExample 2022-03-22T16:45:24Z logger.go:66:       + private_dns_hostname_type_on_launch            = (known after apply)
TestTerraformCompleteExample 2022-03-22T16:45:24Z logger.go:66:       + tags                                           = {
TestTerraformCompleteExample 2022-03-22T16:45:24Z logger.go:66:           + "Name"                              = "ex-complete-private-us-west-2c"
TestTerraformCompleteExample 2022-03-22T16:45:24Z logger.go:66:           + "kubernetes.io/cluster/ex-complete" = "shared"
TestTerraformCompleteExample 2022-03-22T16:45:24Z logger.go:66:           + "kubernetes.io/role/internal-elb"   = "1"
TestTerraformCompleteExample 2022-03-22T16:45:24Z logger.go:66:         }
TestTerraformCompleteExample 2022-03-22T16:45:24Z logger.go:66:       + tags_all                                       = {
TestTerraformCompleteExample 2022-03-22T16:45:24Z logger.go:66:           + "Example"                           = "ex-complete"
TestTerraformCompleteExample 2022-03-22T16:45:24Z logger.go:66:           + "GithubOrg"                         = "aidan-melen"
TestTerraformCompleteExample 2022-03-22T16:45:24Z logger.go:66:           + "GithubRepo"                        = "terraform-aws-eks-auth"
TestTerraformCompleteExample 2022-03-22T16:45:24Z logger.go:66:           + "Name"                              = "ex-complete-private-us-west-2c"
TestTerraformCompleteExample 2022-03-22T16:45:24Z logger.go:66:           + "kubernetes.io/cluster/ex-complete" = "shared"
TestTerraformCompleteExample 2022-03-22T16:45:24Z logger.go:66:           + "kubernetes.io/role/internal-elb"   = "1"
TestTerraformCompleteExample 2022-03-22T16:45:24Z logger.go:66:         }
TestTerraformCompleteExample 2022-03-22T16:45:24Z logger.go:66:       + vpc_id                                         = (known after apply)
TestTerraformCompleteExample 2022-03-22T16:45:24Z logger.go:66:     }
TestTerraformCompleteExample 2022-03-22T16:45:24Z logger.go:66:
TestTerraformCompleteExample 2022-03-22T16:45:24Z logger.go:66:   # module.vpc.aws_subnet.public[0] will be created
TestTerraformCompleteExample 2022-03-22T16:45:24Z logger.go:66:   + resource "aws_subnet" "public" {
TestTerraformCompleteExample 2022-03-22T16:45:24Z logger.go:66:       + arn                                            = (known after apply)
TestTerraformCompleteExample 2022-03-22T16:45:24Z logger.go:66:       + assign_ipv6_address_on_creation                = false
TestTerraformCompleteExample 2022-03-22T16:45:24Z logger.go:66:       + availability_zone                              = "us-west-2a"
TestTerraformCompleteExample 2022-03-22T16:45:24Z logger.go:66:       + availability_zone_id                           = (known after apply)
TestTerraformCompleteExample 2022-03-22T16:45:24Z logger.go:66:       + cidr_block                                     = "10.0.4.0/24"
TestTerraformCompleteExample 2022-03-22T16:45:24Z logger.go:66:       + enable_dns64                                   = false
TestTerraformCompleteExample 2022-03-22T16:45:24Z logger.go:66:       + enable_resource_name_dns_a_record_on_launch    = false
TestTerraformCompleteExample 2022-03-22T16:45:24Z logger.go:66:       + enable_resource_name_dns_aaaa_record_on_launch = false
TestTerraformCompleteExample 2022-03-22T16:45:24Z logger.go:66:       + id                                             = (known after apply)
TestTerraformCompleteExample 2022-03-22T16:45:24Z logger.go:66:       + ipv6_cidr_block_association_id                 = (known after apply)
TestTerraformCompleteExample 2022-03-22T16:45:24Z logger.go:66:       + ipv6_native                                    = false
TestTerraformCompleteExample 2022-03-22T16:45:24Z logger.go:66:       + map_public_ip_on_launch                        = true
TestTerraformCompleteExample 2022-03-22T16:45:24Z logger.go:66:       + owner_id                                       = (known after apply)
TestTerraformCompleteExample 2022-03-22T16:45:24Z logger.go:66:       + private_dns_hostname_type_on_launch            = (known after apply)
TestTerraformCompleteExample 2022-03-22T16:45:24Z logger.go:66:       + tags                                           = {
TestTerraformCompleteExample 2022-03-22T16:45:24Z logger.go:66:           + "Name"                              = "ex-complete-public-us-west-2a"
TestTerraformCompleteExample 2022-03-22T16:45:24Z logger.go:66:           + "kubernetes.io/cluster/ex-complete" = "shared"
TestTerraformCompleteExample 2022-03-22T16:45:24Z logger.go:66:           + "kubernetes.io/role/elb"            = "1"
TestTerraformCompleteExample 2022-03-22T16:45:24Z logger.go:66:         }
TestTerraformCompleteExample 2022-03-22T16:45:24Z logger.go:66:       + tags_all                                       = {
TestTerraformCompleteExample 2022-03-22T16:45:24Z logger.go:66:           + "Example"                           = "ex-complete"
TestTerraformCompleteExample 2022-03-22T16:45:24Z logger.go:66:           + "GithubOrg"                         = "aidan-melen"
TestTerraformCompleteExample 2022-03-22T16:45:24Z logger.go:66:           + "GithubRepo"                        = "terraform-aws-eks-auth"
TestTerraformCompleteExample 2022-03-22T16:45:24Z logger.go:66:           + "Name"                              = "ex-complete-public-us-west-2a"
TestTerraformCompleteExample 2022-03-22T16:45:24Z logger.go:66:           + "kubernetes.io/cluster/ex-complete" = "shared"
TestTerraformCompleteExample 2022-03-22T16:45:24Z logger.go:66:           + "kubernetes.io/role/elb"            = "1"
TestTerraformCompleteExample 2022-03-22T16:45:24Z logger.go:66:         }
TestTerraformCompleteExample 2022-03-22T16:45:24Z logger.go:66:       + vpc_id                                         = (known after apply)
TestTerraformCompleteExample 2022-03-22T16:45:24Z logger.go:66:     }
TestTerraformCompleteExample 2022-03-22T16:45:24Z logger.go:66:
TestTerraformCompleteExample 2022-03-22T16:45:24Z logger.go:66:   # module.vpc.aws_subnet.public[1] will be created
TestTerraformCompleteExample 2022-03-22T16:45:24Z logger.go:66:   + resource "aws_subnet" "public" {
TestTerraformCompleteExample 2022-03-22T16:45:24Z logger.go:66:       + arn                                            = (known after apply)
TestTerraformCompleteExample 2022-03-22T16:45:24Z logger.go:66:       + assign_ipv6_address_on_creation                = false
TestTerraformCompleteExample 2022-03-22T16:45:24Z logger.go:66:       + availability_zone                              = "us-west-2b"
TestTerraformCompleteExample 2022-03-22T16:45:24Z logger.go:66:       + availability_zone_id                           = (known after apply)
TestTerraformCompleteExample 2022-03-22T16:45:24Z logger.go:66:       + cidr_block                                     = "10.0.5.0/24"
TestTerraformCompleteExample 2022-03-22T16:45:24Z logger.go:66:       + enable_dns64                                   = false
TestTerraformCompleteExample 2022-03-22T16:45:24Z logger.go:66:       + enable_resource_name_dns_a_record_on_launch    = false
TestTerraformCompleteExample 2022-03-22T16:45:24Z logger.go:66:       + enable_resource_name_dns_aaaa_record_on_launch = false
TestTerraformCompleteExample 2022-03-22T16:45:24Z logger.go:66:       + id                                             = (known after apply)
TestTerraformCompleteExample 2022-03-22T16:45:24Z logger.go:66:       + ipv6_cidr_block_association_id                 = (known after apply)
TestTerraformCompleteExample 2022-03-22T16:45:24Z logger.go:66:       + ipv6_native                                    = false
TestTerraformCompleteExample 2022-03-22T16:45:24Z logger.go:66:       + map_public_ip_on_launch                        = true
TestTerraformCompleteExample 2022-03-22T16:45:24Z logger.go:66:       + owner_id                                       = (known after apply)
TestTerraformCompleteExample 2022-03-22T16:45:24Z logger.go:66:       + private_dns_hostname_type_on_launch            = (known after apply)
TestTerraformCompleteExample 2022-03-22T16:45:24Z logger.go:66:       + tags                                           = {
TestTerraformCompleteExample 2022-03-22T16:45:24Z logger.go:66:           + "Name"                              = "ex-complete-public-us-west-2b"
TestTerraformCompleteExample 2022-03-22T16:45:24Z logger.go:66:           + "kubernetes.io/cluster/ex-complete" = "shared"
TestTerraformCompleteExample 2022-03-22T16:45:24Z logger.go:66:           + "kubernetes.io/role/elb"            = "1"
TestTerraformCompleteExample 2022-03-22T16:45:24Z logger.go:66:         }
TestTerraformCompleteExample 2022-03-22T16:45:24Z logger.go:66:       + tags_all                                       = {
TestTerraformCompleteExample 2022-03-22T16:45:24Z logger.go:66:           + "Example"                           = "ex-complete"
TestTerraformCompleteExample 2022-03-22T16:45:24Z logger.go:66:           + "GithubOrg"                         = "aidan-melen"
TestTerraformCompleteExample 2022-03-22T16:45:24Z logger.go:66:           + "GithubRepo"                        = "terraform-aws-eks-auth"
TestTerraformCompleteExample 2022-03-22T16:45:24Z logger.go:66:           + "Name"                              = "ex-complete-public-us-west-2b"
TestTerraformCompleteExample 2022-03-22T16:45:24Z logger.go:66:           + "kubernetes.io/cluster/ex-complete" = "shared"
TestTerraformCompleteExample 2022-03-22T16:45:24Z logger.go:66:           + "kubernetes.io/role/elb"            = "1"
TestTerraformCompleteExample 2022-03-22T16:45:24Z logger.go:66:         }
TestTerraformCompleteExample 2022-03-22T16:45:24Z logger.go:66:       + vpc_id                                         = (known after apply)
TestTerraformCompleteExample 2022-03-22T16:45:24Z logger.go:66:     }
TestTerraformCompleteExample 2022-03-22T16:45:24Z logger.go:66:
TestTerraformCompleteExample 2022-03-22T16:45:24Z logger.go:66:   # module.vpc.aws_subnet.public[2] will be created
TestTerraformCompleteExample 2022-03-22T16:45:24Z logger.go:66:   + resource "aws_subnet" "public" {
TestTerraformCompleteExample 2022-03-22T16:45:24Z logger.go:66:       + arn                                            = (known after apply)
TestTerraformCompleteExample 2022-03-22T16:45:24Z logger.go:66:       + assign_ipv6_address_on_creation                = false
TestTerraformCompleteExample 2022-03-22T16:45:24Z logger.go:66:       + availability_zone                              = "us-west-2c"
TestTerraformCompleteExample 2022-03-22T16:45:24Z logger.go:66:       + availability_zone_id                           = (known after apply)
TestTerraformCompleteExample 2022-03-22T16:45:24Z logger.go:66:       + cidr_block                                     = "10.0.6.0/24"
TestTerraformCompleteExample 2022-03-22T16:45:24Z logger.go:66:       + enable_dns64                                   = false
TestTerraformCompleteExample 2022-03-22T16:45:24Z logger.go:66:       + enable_resource_name_dns_a_record_on_launch    = false
TestTerraformCompleteExample 2022-03-22T16:45:24Z logger.go:66:       + enable_resource_name_dns_aaaa_record_on_launch = false
TestTerraformCompleteExample 2022-03-22T16:45:24Z logger.go:66:       + id                                             = (known after apply)
TestTerraformCompleteExample 2022-03-22T16:45:24Z logger.go:66:       + ipv6_cidr_block_association_id                 = (known after apply)
TestTerraformCompleteExample 2022-03-22T16:45:24Z logger.go:66:       + ipv6_native                                    = false
TestTerraformCompleteExample 2022-03-22T16:45:24Z logger.go:66:       + map_public_ip_on_launch                        = true
TestTerraformCompleteExample 2022-03-22T16:45:24Z logger.go:66:       + owner_id                                       = (known after apply)
TestTerraformCompleteExample 2022-03-22T16:45:24Z logger.go:66:       + private_dns_hostname_type_on_launch            = (known after apply)
TestTerraformCompleteExample 2022-03-22T16:45:24Z logger.go:66:       + tags                                           = {
TestTerraformCompleteExample 2022-03-22T16:45:24Z logger.go:66:           + "Name"                              = "ex-complete-public-us-west-2c"
TestTerraformCompleteExample 2022-03-22T16:45:24Z logger.go:66:           + "kubernetes.io/cluster/ex-complete" = "shared"
TestTerraformCompleteExample 2022-03-22T16:45:24Z logger.go:66:           + "kubernetes.io/role/elb"            = "1"
TestTerraformCompleteExample 2022-03-22T16:45:24Z logger.go:66:         }
TestTerraformCompleteExample 2022-03-22T16:45:24Z logger.go:66:       + tags_all                                       = {
TestTerraformCompleteExample 2022-03-22T16:45:24Z logger.go:66:           + "Example"                           = "ex-complete"
TestTerraformCompleteExample 2022-03-22T16:45:24Z logger.go:66:           + "GithubOrg"                         = "aidan-melen"
TestTerraformCompleteExample 2022-03-22T16:45:24Z logger.go:66:           + "GithubRepo"                        = "terraform-aws-eks-auth"
TestTerraformCompleteExample 2022-03-22T16:45:24Z logger.go:66:           + "Name"                              = "ex-complete-public-us-west-2c"
TestTerraformCompleteExample 2022-03-22T16:45:24Z logger.go:66:           + "kubernetes.io/cluster/ex-complete" = "shared"
TestTerraformCompleteExample 2022-03-22T16:45:24Z logger.go:66:           + "kubernetes.io/role/elb"            = "1"
TestTerraformCompleteExample 2022-03-22T16:45:24Z logger.go:66:         }
TestTerraformCompleteExample 2022-03-22T16:45:24Z logger.go:66:       + vpc_id                                         = (known after apply)
TestTerraformCompleteExample 2022-03-22T16:45:24Z logger.go:66:     }
TestTerraformCompleteExample 2022-03-22T16:45:24Z logger.go:66:
TestTerraformCompleteExample 2022-03-22T16:45:24Z logger.go:66:   # module.vpc.aws_vpc.this[0] will be created
TestTerraformCompleteExample 2022-03-22T16:45:24Z logger.go:66:   + resource "aws_vpc" "this" {
TestTerraformCompleteExample 2022-03-22T16:45:24Z logger.go:66:       + arn                                  = (known after apply)
TestTerraformCompleteExample 2022-03-22T16:45:24Z logger.go:66:       + assign_generated_ipv6_cidr_block     = false
TestTerraformCompleteExample 2022-03-22T16:45:24Z logger.go:66:       + cidr_block                           = "10.0.0.0/16"
TestTerraformCompleteExample 2022-03-22T16:45:24Z logger.go:66:       + default_network_acl_id               = (known after apply)
TestTerraformCompleteExample 2022-03-22T16:45:24Z logger.go:66:       + default_route_table_id               = (known after apply)
TestTerraformCompleteExample 2022-03-22T16:45:24Z logger.go:66:       + default_security_group_id            = (known after apply)
TestTerraformCompleteExample 2022-03-22T16:45:24Z logger.go:66:       + dhcp_options_id                      = (known after apply)
TestTerraformCompleteExample 2022-03-22T16:45:24Z logger.go:66:       + enable_classiclink                   = (known after apply)
TestTerraformCompleteExample 2022-03-22T16:45:24Z logger.go:66:       + enable_classiclink_dns_support       = (known after apply)
TestTerraformCompleteExample 2022-03-22T16:45:24Z logger.go:66:       + enable_dns_hostnames                 = true
TestTerraformCompleteExample 2022-03-22T16:45:24Z logger.go:66:       + enable_dns_support                   = true
TestTerraformCompleteExample 2022-03-22T16:45:24Z logger.go:66:       + id                                   = (known after apply)
TestTerraformCompleteExample 2022-03-22T16:45:24Z logger.go:66:       + instance_tenancy                     = "default"
TestTerraformCompleteExample 2022-03-22T16:45:24Z logger.go:66:       + ipv6_association_id                  = (known after apply)
TestTerraformCompleteExample 2022-03-22T16:45:24Z logger.go:66:       + ipv6_cidr_block                      = (known after apply)
TestTerraformCompleteExample 2022-03-22T16:45:24Z logger.go:66:       + ipv6_cidr_block_network_border_group = (known after apply)
TestTerraformCompleteExample 2022-03-22T16:45:24Z logger.go:66:       + main_route_table_id                  = (known after apply)
TestTerraformCompleteExample 2022-03-22T16:45:24Z logger.go:66:       + owner_id                             = (known after apply)
TestTerraformCompleteExample 2022-03-22T16:45:24Z logger.go:66:       + tags                                 = {
TestTerraformCompleteExample 2022-03-22T16:45:24Z logger.go:66:           + "Name" = "ex-complete"
TestTerraformCompleteExample 2022-03-22T16:45:24Z logger.go:66:         }
TestTerraformCompleteExample 2022-03-22T16:45:24Z logger.go:66:       + tags_all                             = {
TestTerraformCompleteExample 2022-03-22T16:45:24Z logger.go:66:           + "Example"    = "ex-complete"
TestTerraformCompleteExample 2022-03-22T16:45:24Z logger.go:66:           + "GithubOrg"  = "aidan-melen"
TestTerraformCompleteExample 2022-03-22T16:45:24Z logger.go:66:           + "GithubRepo" = "terraform-aws-eks-auth"
TestTerraformCompleteExample 2022-03-22T16:45:24Z logger.go:66:           + "Name"       = "ex-complete"
TestTerraformCompleteExample 2022-03-22T16:45:24Z logger.go:66:         }
TestTerraformCompleteExample 2022-03-22T16:45:24Z logger.go:66:     }
TestTerraformCompleteExample 2022-03-22T16:45:24Z logger.go:66:
TestTerraformCompleteExample 2022-03-22T16:45:24Z logger.go:66:   # module.eks.module.eks_managed_node_group["foo"].aws_eks_node_group.this[0] will be created
TestTerraformCompleteExample 2022-03-22T16:45:24Z logger.go:66:   + resource "aws_eks_node_group" "this" {
TestTerraformCompleteExample 2022-03-22T16:45:24Z logger.go:66:       + ami_type               = (known after apply)
TestTerraformCompleteExample 2022-03-22T16:45:24Z logger.go:66:       + arn                    = (known after apply)
TestTerraformCompleteExample 2022-03-22T16:45:24Z logger.go:66:       + capacity_type          = (known after apply)
TestTerraformCompleteExample 2022-03-22T16:45:24Z logger.go:66:       + cluster_name           = "ex-complete"
TestTerraformCompleteExample 2022-03-22T16:45:24Z logger.go:66:       + disk_size              = (known after apply)
TestTerraformCompleteExample 2022-03-22T16:45:24Z logger.go:66:       + id                     = (known after apply)
TestTerraformCompleteExample 2022-03-22T16:45:24Z logger.go:66:       + instance_types         = (known after apply)
TestTerraformCompleteExample 2022-03-22T16:45:24Z logger.go:66:       + node_group_name        = (known after apply)
TestTerraformCompleteExample 2022-03-22T16:45:24Z logger.go:66:       + node_group_name_prefix = "foo-"
TestTerraformCompleteExample 2022-03-22T16:45:24Z logger.go:66:       + node_role_arn          = (known after apply)
TestTerraformCompleteExample 2022-03-22T16:45:24Z logger.go:66:       + release_version        = (known after apply)
TestTerraformCompleteExample 2022-03-22T16:45:24Z logger.go:66:       + resources              = (known after apply)
TestTerraformCompleteExample 2022-03-22T16:45:24Z logger.go:66:       + status                 = (known after apply)
TestTerraformCompleteExample 2022-03-22T16:45:24Z logger.go:66:       + subnet_ids             = (known after apply)
TestTerraformCompleteExample 2022-03-22T16:45:24Z logger.go:66:       + tags                   = {
TestTerraformCompleteExample 2022-03-22T16:45:24Z logger.go:66:           + "Name" = "foo"
TestTerraformCompleteExample 2022-03-22T16:45:24Z logger.go:66:         }
TestTerraformCompleteExample 2022-03-22T16:45:24Z logger.go:66:       + tags_all               = {
TestTerraformCompleteExample 2022-03-22T16:45:24Z logger.go:66:           + "Example"    = "ex-complete"
TestTerraformCompleteExample 2022-03-22T16:45:24Z logger.go:66:           + "GithubOrg"  = "aidan-melen"
TestTerraformCompleteExample 2022-03-22T16:45:24Z logger.go:66:           + "GithubRepo" = "terraform-aws-eks-auth"
TestTerraformCompleteExample 2022-03-22T16:45:24Z logger.go:66:           + "Name"       = "foo"
TestTerraformCompleteExample 2022-03-22T16:45:24Z logger.go:66:         }
TestTerraformCompleteExample 2022-03-22T16:45:24Z logger.go:66:       + version                = "1.21"
TestTerraformCompleteExample 2022-03-22T16:45:24Z logger.go:66:
TestTerraformCompleteExample 2022-03-22T16:45:24Z logger.go:66:       + launch_template {
TestTerraformCompleteExample 2022-03-22T16:45:24Z logger.go:66:           + id      = (known after apply)
TestTerraformCompleteExample 2022-03-22T16:45:24Z logger.go:66:           + name    = (known after apply)
TestTerraformCompleteExample 2022-03-22T16:45:24Z logger.go:66:           + version = (known after apply)
TestTerraformCompleteExample 2022-03-22T16:45:24Z logger.go:66:         }
TestTerraformCompleteExample 2022-03-22T16:45:24Z logger.go:66:
TestTerraformCompleteExample 2022-03-22T16:45:24Z logger.go:66:       + scaling_config {
TestTerraformCompleteExample 2022-03-22T16:45:24Z logger.go:66:           + desired_size = 1
TestTerraformCompleteExample 2022-03-22T16:45:24Z logger.go:66:           + max_size     = 3
TestTerraformCompleteExample 2022-03-22T16:45:24Z logger.go:66:           + min_size     = 1
TestTerraformCompleteExample 2022-03-22T16:45:24Z logger.go:66:         }
TestTerraformCompleteExample 2022-03-22T16:45:24Z logger.go:66:
TestTerraformCompleteExample 2022-03-22T16:45:24Z logger.go:66:       + timeouts {}
TestTerraformCompleteExample 2022-03-22T16:45:24Z logger.go:66:
TestTerraformCompleteExample 2022-03-22T16:45:24Z logger.go:66:       + update_config {
TestTerraformCompleteExample 2022-03-22T16:45:24Z logger.go:66:           + max_unavailable            = (known after apply)
TestTerraformCompleteExample 2022-03-22T16:45:24Z logger.go:66:           + max_unavailable_percentage = (known after apply)
TestTerraformCompleteExample 2022-03-22T16:45:24Z logger.go:66:         }
TestTerraformCompleteExample 2022-03-22T16:45:24Z logger.go:66:     }
TestTerraformCompleteExample 2022-03-22T16:45:24Z logger.go:66:
TestTerraformCompleteExample 2022-03-22T16:45:24Z logger.go:66:   # module.eks.module.eks_managed_node_group["foo"].aws_iam_role.this[0] will be created
TestTerraformCompleteExample 2022-03-22T16:45:24Z logger.go:66:   + resource "aws_iam_role" "this" {
TestTerraformCompleteExample 2022-03-22T16:45:24Z logger.go:66:       + arn                   = (known after apply)
TestTerraformCompleteExample 2022-03-22T16:45:24Z logger.go:66:       + assume_role_policy    = jsonencode(
TestTerraformCompleteExample 2022-03-22T16:45:24Z logger.go:66:             {
TestTerraformCompleteExample 2022-03-22T16:45:24Z logger.go:66:               + Statement = [
TestTerraformCompleteExample 2022-03-22T16:45:24Z logger.go:66:                   + {
TestTerraformCompleteExample 2022-03-22T16:45:24Z logger.go:66:                       + Action    = "sts:AssumeRole"
TestTerraformCompleteExample 2022-03-22T16:45:24Z logger.go:66:                       + Effect    = "Allow"
TestTerraformCompleteExample 2022-03-22T16:45:24Z logger.go:66:                       + Principal = {
TestTerraformCompleteExample 2022-03-22T16:45:24Z logger.go:66:                           + Service = "ec2.amazonaws.com"
TestTerraformCompleteExample 2022-03-22T16:45:24Z logger.go:66:                         }
TestTerraformCompleteExample 2022-03-22T16:45:24Z logger.go:66:                       + Sid       = "EKSNodeAssumeRole"
TestTerraformCompleteExample 2022-03-22T16:45:24Z logger.go:66:                     },
TestTerraformCompleteExample 2022-03-22T16:45:24Z logger.go:66:                 ]
TestTerraformCompleteExample 2022-03-22T16:45:24Z logger.go:66:               + Version   = "2012-10-17"
TestTerraformCompleteExample 2022-03-22T16:45:24Z logger.go:66:             }
TestTerraformCompleteExample 2022-03-22T16:45:24Z logger.go:66:         )
TestTerraformCompleteExample 2022-03-22T16:45:24Z logger.go:66:       + create_date           = (known after apply)
TestTerraformCompleteExample 2022-03-22T16:45:24Z logger.go:66:       + description           = "EKS managed node group IAM role"
TestTerraformCompleteExample 2022-03-22T16:45:24Z logger.go:66:       + force_detach_policies = true
TestTerraformCompleteExample 2022-03-22T16:45:24Z logger.go:66:       + id                    = (known after apply)
TestTerraformCompleteExample 2022-03-22T16:45:24Z logger.go:66:       + managed_policy_arns   = (known after apply)
TestTerraformCompleteExample 2022-03-22T16:45:24Z logger.go:66:       + max_session_duration  = 3600
TestTerraformCompleteExample 2022-03-22T16:45:24Z logger.go:66:       + name                  = (known after apply)
TestTerraformCompleteExample 2022-03-22T16:45:24Z logger.go:66:       + name_prefix           = "foo-eks-node-group-"
TestTerraformCompleteExample 2022-03-22T16:45:24Z logger.go:66:       + path                  = "/"
TestTerraformCompleteExample 2022-03-22T16:45:24Z logger.go:66:       + tags_all              = {
TestTerraformCompleteExample 2022-03-22T16:45:24Z logger.go:66:           + "Example"    = "ex-complete"
TestTerraformCompleteExample 2022-03-22T16:45:24Z logger.go:66:           + "GithubOrg"  = "aidan-melen"
TestTerraformCompleteExample 2022-03-22T16:45:24Z logger.go:66:           + "GithubRepo" = "terraform-aws-eks-auth"
TestTerraformCompleteExample 2022-03-22T16:45:24Z logger.go:66:         }
TestTerraformCompleteExample 2022-03-22T16:45:24Z logger.go:66:       + unique_id             = (known after apply)
TestTerraformCompleteExample 2022-03-22T16:45:24Z logger.go:66:
TestTerraformCompleteExample 2022-03-22T16:45:24Z logger.go:66:       + inline_policy {
TestTerraformCompleteExample 2022-03-22T16:45:24Z logger.go:66:           + name   = (known after apply)
TestTerraformCompleteExample 2022-03-22T16:45:24Z logger.go:66:           + policy = (known after apply)
TestTerraformCompleteExample 2022-03-22T16:45:24Z logger.go:66:         }
TestTerraformCompleteExample 2022-03-22T16:45:24Z logger.go:66:     }
TestTerraformCompleteExample 2022-03-22T16:45:24Z logger.go:66:
TestTerraformCompleteExample 2022-03-22T16:45:24Z logger.go:66:   # module.eks.module.eks_managed_node_group["foo"].aws_iam_role_policy_attachment.this["arn:aws:iam::aws:policy/AmazonEC2ContainerRegistryReadOnly"] will be created
TestTerraformCompleteExample 2022-03-22T16:45:24Z logger.go:66:   + resource "aws_iam_role_policy_attachment" "this" {
TestTerraformCompleteExample 2022-03-22T16:45:24Z logger.go:66:       + id         = (known after apply)
TestTerraformCompleteExample 2022-03-22T16:45:24Z logger.go:66:       + policy_arn = "arn:aws:iam::aws:policy/AmazonEC2ContainerRegistryReadOnly"
TestTerraformCompleteExample 2022-03-22T16:45:24Z logger.go:66:       + role       = (known after apply)
TestTerraformCompleteExample 2022-03-22T16:45:24Z logger.go:66:     }
TestTerraformCompleteExample 2022-03-22T16:45:24Z logger.go:66:
TestTerraformCompleteExample 2022-03-22T16:45:24Z logger.go:66:   # module.eks.module.eks_managed_node_group["foo"].aws_iam_role_policy_attachment.this["arn:aws:iam::aws:policy/AmazonEKSWorkerNodePolicy"] will be created
TestTerraformCompleteExample 2022-03-22T16:45:24Z logger.go:66:   + resource "aws_iam_role_policy_attachment" "this" {
TestTerraformCompleteExample 2022-03-22T16:45:24Z logger.go:66:       + id         = (known after apply)
TestTerraformCompleteExample 2022-03-22T16:45:24Z logger.go:66:       + policy_arn = "arn:aws:iam::aws:policy/AmazonEKSWorkerNodePolicy"
TestTerraformCompleteExample 2022-03-22T16:45:24Z logger.go:66:       + role       = (known after apply)
TestTerraformCompleteExample 2022-03-22T16:45:24Z logger.go:66:     }
TestTerraformCompleteExample 2022-03-22T16:45:24Z logger.go:66:
TestTerraformCompleteExample 2022-03-22T16:45:24Z logger.go:66:   # module.eks.module.eks_managed_node_group["foo"].aws_iam_role_policy_attachment.this["arn:aws:iam::aws:policy/AmazonEKS_CNI_Policy"] will be created
TestTerraformCompleteExample 2022-03-22T16:45:24Z logger.go:66:   + resource "aws_iam_role_policy_attachment" "this" {
TestTerraformCompleteExample 2022-03-22T16:45:24Z logger.go:66:       + id         = (known after apply)
TestTerraformCompleteExample 2022-03-22T16:45:24Z logger.go:66:       + policy_arn = "arn:aws:iam::aws:policy/AmazonEKS_CNI_Policy"
TestTerraformCompleteExample 2022-03-22T16:45:24Z logger.go:66:       + role       = (known after apply)
TestTerraformCompleteExample 2022-03-22T16:45:24Z logger.go:66:     }
TestTerraformCompleteExample 2022-03-22T16:45:24Z logger.go:66:
TestTerraformCompleteExample 2022-03-22T16:45:24Z logger.go:66:   # module.eks.module.eks_managed_node_group["foo"].aws_launch_template.this[0] will be created
TestTerraformCompleteExample 2022-03-22T16:45:24Z logger.go:66:   + resource "aws_launch_template" "this" {
TestTerraformCompleteExample 2022-03-22T16:45:24Z logger.go:66:       + arn                    = (known after apply)
TestTerraformCompleteExample 2022-03-22T16:45:24Z logger.go:66:       + default_version        = (known after apply)
TestTerraformCompleteExample 2022-03-22T16:45:24Z logger.go:66:       + description            = "Custom launch template for foo EKS managed node group"
TestTerraformCompleteExample 2022-03-22T16:45:24Z logger.go:66:       + id                     = (known after apply)
TestTerraformCompleteExample 2022-03-22T16:45:24Z logger.go:66:       + latest_version         = (known after apply)
TestTerraformCompleteExample 2022-03-22T16:45:24Z logger.go:66:       + name                   = (known after apply)
TestTerraformCompleteExample 2022-03-22T16:45:24Z logger.go:66:       + name_prefix            = "foo-"
TestTerraformCompleteExample 2022-03-22T16:45:24Z logger.go:66:       + tags_all               = {
TestTerraformCompleteExample 2022-03-22T16:45:24Z logger.go:66:           + "Example"    = "ex-complete"
TestTerraformCompleteExample 2022-03-22T16:45:24Z logger.go:66:           + "GithubOrg"  = "aidan-melen"
TestTerraformCompleteExample 2022-03-22T16:45:24Z logger.go:66:           + "GithubRepo" = "terraform-aws-eks-auth"
TestTerraformCompleteExample 2022-03-22T16:45:24Z logger.go:66:         }
TestTerraformCompleteExample 2022-03-22T16:45:24Z logger.go:66:       + update_default_version = true
TestTerraformCompleteExample 2022-03-22T16:45:24Z logger.go:66:       + vpc_security_group_ids = (known after apply)
TestTerraformCompleteExample 2022-03-22T16:45:24Z logger.go:66:
TestTerraformCompleteExample 2022-03-22T16:45:24Z logger.go:66:       + metadata_options {
TestTerraformCompleteExample 2022-03-22T16:45:24Z logger.go:66:           + http_endpoint               = "enabled"
TestTerraformCompleteExample 2022-03-22T16:45:24Z logger.go:66:           + http_protocol_ipv6          = "disabled"
TestTerraformCompleteExample 2022-03-22T16:45:24Z logger.go:66:           + http_put_response_hop_limit = 2
TestTerraformCompleteExample 2022-03-22T16:45:24Z logger.go:66:           + http_tokens                 = "required"
TestTerraformCompleteExample 2022-03-22T16:45:24Z logger.go:66:           + instance_metadata_tags      = "disabled"
TestTerraformCompleteExample 2022-03-22T16:45:24Z logger.go:66:         }
TestTerraformCompleteExample 2022-03-22T16:45:24Z logger.go:66:
TestTerraformCompleteExample 2022-03-22T16:45:24Z logger.go:66:       + monitoring {
TestTerraformCompleteExample 2022-03-22T16:45:24Z logger.go:66:           + enabled = true
TestTerraformCompleteExample 2022-03-22T16:45:24Z logger.go:66:         }
TestTerraformCompleteExample 2022-03-22T16:45:24Z logger.go:66:
TestTerraformCompleteExample 2022-03-22T16:45:24Z logger.go:66:       + tag_specifications {
TestTerraformCompleteExample 2022-03-22T16:45:24Z logger.go:66:           + resource_type = "instance"
TestTerraformCompleteExample 2022-03-22T16:45:24Z logger.go:66:           + tags          = {
TestTerraformCompleteExample 2022-03-22T16:45:24Z logger.go:66:               + "Name" = "foo"
TestTerraformCompleteExample 2022-03-22T16:45:24Z logger.go:66:             }
TestTerraformCompleteExample 2022-03-22T16:45:24Z logger.go:66:         }
TestTerraformCompleteExample 2022-03-22T16:45:24Z logger.go:66:       + tag_specifications {
TestTerraformCompleteExample 2022-03-22T16:45:24Z logger.go:66:           + resource_type = "network-interface"
TestTerraformCompleteExample 2022-03-22T16:45:24Z logger.go:66:           + tags          = {
TestTerraformCompleteExample 2022-03-22T16:45:24Z logger.go:66:               + "Name" = "foo"
TestTerraformCompleteExample 2022-03-22T16:45:24Z logger.go:66:             }
TestTerraformCompleteExample 2022-03-22T16:45:24Z logger.go:66:         }
TestTerraformCompleteExample 2022-03-22T16:45:24Z logger.go:66:       + tag_specifications {
TestTerraformCompleteExample 2022-03-22T16:45:24Z logger.go:66:           + resource_type = "volume"
TestTerraformCompleteExample 2022-03-22T16:45:24Z logger.go:66:           + tags          = {
TestTerraformCompleteExample 2022-03-22T16:45:24Z logger.go:66:               + "Name" = "foo"
TestTerraformCompleteExample 2022-03-22T16:45:24Z logger.go:66:             }
TestTerraformCompleteExample 2022-03-22T16:45:24Z logger.go:66:         }
TestTerraformCompleteExample 2022-03-22T16:45:24Z logger.go:66:     }
TestTerraformCompleteExample 2022-03-22T16:45:24Z logger.go:66:
TestTerraformCompleteExample 2022-03-22T16:45:24Z logger.go:66:   # module.eks.module.eks_managed_node_group["foo"].aws_security_group.this[0] will be created
TestTerraformCompleteExample 2022-03-22T16:45:24Z logger.go:66:   + resource "aws_security_group" "this" {
TestTerraformCompleteExample 2022-03-22T16:45:24Z logger.go:66:       + arn                    = (known after apply)
TestTerraformCompleteExample 2022-03-22T16:45:24Z logger.go:66:       + description            = "EKS managed node group security group"
TestTerraformCompleteExample 2022-03-22T16:45:24Z logger.go:66:       + egress                 = (known after apply)
TestTerraformCompleteExample 2022-03-22T16:45:24Z logger.go:66:       + id                     = (known after apply)
TestTerraformCompleteExample 2022-03-22T16:45:24Z logger.go:66:       + ingress                = (known after apply)
TestTerraformCompleteExample 2022-03-22T16:45:24Z logger.go:66:       + name                   = (known after apply)
TestTerraformCompleteExample 2022-03-22T16:45:24Z logger.go:66:       + name_prefix            = "foo-eks-node-group-"
TestTerraformCompleteExample 2022-03-22T16:45:24Z logger.go:66:       + owner_id               = (known after apply)
TestTerraformCompleteExample 2022-03-22T16:45:24Z logger.go:66:       + revoke_rules_on_delete = false
TestTerraformCompleteExample 2022-03-22T16:45:24Z logger.go:66:       + tags                   = {
TestTerraformCompleteExample 2022-03-22T16:45:24Z logger.go:66:           + "Name" = "foo-eks-node-group"
TestTerraformCompleteExample 2022-03-22T16:45:24Z logger.go:66:         }
TestTerraformCompleteExample 2022-03-22T16:45:24Z logger.go:66:       + tags_all               = {
TestTerraformCompleteExample 2022-03-22T16:45:24Z logger.go:66:           + "Example"    = "ex-complete"
TestTerraformCompleteExample 2022-03-22T16:45:24Z logger.go:66:           + "GithubOrg"  = "aidan-melen"
TestTerraformCompleteExample 2022-03-22T16:45:24Z logger.go:66:           + "GithubRepo" = "terraform-aws-eks-auth"
TestTerraformCompleteExample 2022-03-22T16:45:24Z logger.go:66:           + "Name"       = "foo-eks-node-group"
TestTerraformCompleteExample 2022-03-22T16:45:24Z logger.go:66:         }
TestTerraformCompleteExample 2022-03-22T16:45:24Z logger.go:66:       + vpc_id                 = (known after apply)
TestTerraformCompleteExample 2022-03-22T16:45:24Z logger.go:66:     }
TestTerraformCompleteExample 2022-03-22T16:45:24Z logger.go:66:
TestTerraformCompleteExample 2022-03-22T16:45:24Z logger.go:66:   # module.eks.module.fargate_profile["bar"].aws_eks_fargate_profile.this[0] will be created
TestTerraformCompleteExample 2022-03-22T16:45:24Z logger.go:66:   + resource "aws_eks_fargate_profile" "this" {
TestTerraformCompleteExample 2022-03-22T16:45:24Z logger.go:66:       + arn                    = (known after apply)
TestTerraformCompleteExample 2022-03-22T16:45:24Z logger.go:66:       + cluster_name           = "ex-complete"
TestTerraformCompleteExample 2022-03-22T16:45:24Z logger.go:66:       + fargate_profile_name   = "bar"
TestTerraformCompleteExample 2022-03-22T16:45:24Z logger.go:66:       + id                     = (known after apply)
TestTerraformCompleteExample 2022-03-22T16:45:24Z logger.go:66:       + pod_execution_role_arn = (known after apply)
TestTerraformCompleteExample 2022-03-22T16:45:24Z logger.go:66:       + status                 = (known after apply)
TestTerraformCompleteExample 2022-03-22T16:45:24Z logger.go:66:       + subnet_ids             = (known after apply)
TestTerraformCompleteExample 2022-03-22T16:45:24Z logger.go:66:       + tags_all               = {
TestTerraformCompleteExample 2022-03-22T16:45:24Z logger.go:66:           + "Example"    = "ex-complete"
TestTerraformCompleteExample 2022-03-22T16:45:24Z logger.go:66:           + "GithubOrg"  = "aidan-melen"
TestTerraformCompleteExample 2022-03-22T16:45:24Z logger.go:66:           + "GithubRepo" = "terraform-aws-eks-auth"
TestTerraformCompleteExample 2022-03-22T16:45:24Z logger.go:66:         }
TestTerraformCompleteExample 2022-03-22T16:45:24Z logger.go:66:
TestTerraformCompleteExample 2022-03-22T16:45:24Z logger.go:66:       + selector {
TestTerraformCompleteExample 2022-03-22T16:45:24Z logger.go:66:           + namespace = "bar"
TestTerraformCompleteExample 2022-03-22T16:45:24Z logger.go:66:         }
TestTerraformCompleteExample 2022-03-22T16:45:24Z logger.go:66:
TestTerraformCompleteExample 2022-03-22T16:45:24Z logger.go:66:       + timeouts {}
TestTerraformCompleteExample 2022-03-22T16:45:24Z logger.go:66:     }
TestTerraformCompleteExample 2022-03-22T16:45:24Z logger.go:66:
TestTerraformCompleteExample 2022-03-22T16:45:24Z logger.go:66:   # module.eks.module.fargate_profile["bar"].aws_iam_role.this[0] will be created
TestTerraformCompleteExample 2022-03-22T16:45:24Z logger.go:66:   + resource "aws_iam_role" "this" {
TestTerraformCompleteExample 2022-03-22T16:45:24Z logger.go:66:       + arn                   = (known after apply)
TestTerraformCompleteExample 2022-03-22T16:45:24Z logger.go:66:       + assume_role_policy    = jsonencode(
TestTerraformCompleteExample 2022-03-22T16:45:24Z logger.go:66:             {
TestTerraformCompleteExample 2022-03-22T16:45:24Z logger.go:66:               + Statement = [
TestTerraformCompleteExample 2022-03-22T16:45:24Z logger.go:66:                   + {
TestTerraformCompleteExample 2022-03-22T16:45:24Z logger.go:66:                       + Action    = "sts:AssumeRole"
TestTerraformCompleteExample 2022-03-22T16:45:24Z logger.go:66:                       + Effect    = "Allow"
TestTerraformCompleteExample 2022-03-22T16:45:24Z logger.go:66:                       + Principal = {
TestTerraformCompleteExample 2022-03-22T16:45:24Z logger.go:66:                           + Service = "eks-fargate-pods.amazonaws.com"
TestTerraformCompleteExample 2022-03-22T16:45:24Z logger.go:66:                         }
TestTerraformCompleteExample 2022-03-22T16:45:24Z logger.go:66:                       + Sid       = ""
TestTerraformCompleteExample 2022-03-22T16:45:24Z logger.go:66:                     },
TestTerraformCompleteExample 2022-03-22T16:45:24Z logger.go:66:                 ]
TestTerraformCompleteExample 2022-03-22T16:45:24Z logger.go:66:               + Version   = "2012-10-17"
TestTerraformCompleteExample 2022-03-22T16:45:24Z logger.go:66:             }
TestTerraformCompleteExample 2022-03-22T16:45:24Z logger.go:66:         )
TestTerraformCompleteExample 2022-03-22T16:45:24Z logger.go:66:       + create_date           = (known after apply)
TestTerraformCompleteExample 2022-03-22T16:45:24Z logger.go:66:       + description           = "Fargate profile IAM role"
TestTerraformCompleteExample 2022-03-22T16:45:24Z logger.go:66:       + force_detach_policies = true
TestTerraformCompleteExample 2022-03-22T16:45:24Z logger.go:66:       + id                    = (known after apply)
TestTerraformCompleteExample 2022-03-22T16:45:24Z logger.go:66:       + managed_policy_arns   = (known after apply)
TestTerraformCompleteExample 2022-03-22T16:45:24Z logger.go:66:       + max_session_duration  = 3600
TestTerraformCompleteExample 2022-03-22T16:45:24Z logger.go:66:       + name                  = (known after apply)
TestTerraformCompleteExample 2022-03-22T16:45:24Z logger.go:66:       + name_prefix           = "bar-"
TestTerraformCompleteExample 2022-03-22T16:45:24Z logger.go:66:       + path                  = "/"
TestTerraformCompleteExample 2022-03-22T16:45:24Z logger.go:66:       + tags_all              = {
TestTerraformCompleteExample 2022-03-22T16:45:24Z logger.go:66:           + "Example"    = "ex-complete"
TestTerraformCompleteExample 2022-03-22T16:45:24Z logger.go:66:           + "GithubOrg"  = "aidan-melen"
TestTerraformCompleteExample 2022-03-22T16:45:24Z logger.go:66:           + "GithubRepo" = "terraform-aws-eks-auth"
TestTerraformCompleteExample 2022-03-22T16:45:24Z logger.go:66:         }
TestTerraformCompleteExample 2022-03-22T16:45:24Z logger.go:66:       + unique_id             = (known after apply)
TestTerraformCompleteExample 2022-03-22T16:45:24Z logger.go:66:
TestTerraformCompleteExample 2022-03-22T16:45:24Z logger.go:66:       + inline_policy {
TestTerraformCompleteExample 2022-03-22T16:45:24Z logger.go:66:           + name   = (known after apply)
TestTerraformCompleteExample 2022-03-22T16:45:24Z logger.go:66:           + policy = (known after apply)
TestTerraformCompleteExample 2022-03-22T16:45:24Z logger.go:66:         }
TestTerraformCompleteExample 2022-03-22T16:45:24Z logger.go:66:     }
TestTerraformCompleteExample 2022-03-22T16:45:24Z logger.go:66:
TestTerraformCompleteExample 2022-03-22T16:45:24Z logger.go:66:   # module.eks.module.fargate_profile["bar"].aws_iam_role_policy_attachment.this["arn:aws:iam::aws:policy/AmazonEKSFargatePodExecutionRolePolicy"] will be created
TestTerraformCompleteExample 2022-03-22T16:45:24Z logger.go:66:   + resource "aws_iam_role_policy_attachment" "this" {
TestTerraformCompleteExample 2022-03-22T16:45:24Z logger.go:66:       + id         = (known after apply)
TestTerraformCompleteExample 2022-03-22T16:45:24Z logger.go:66:       + policy_arn = "arn:aws:iam::aws:policy/AmazonEKSFargatePodExecutionRolePolicy"
TestTerraformCompleteExample 2022-03-22T16:45:24Z logger.go:66:       + role       = (known after apply)
TestTerraformCompleteExample 2022-03-22T16:45:24Z logger.go:66:     }
TestTerraformCompleteExample 2022-03-22T16:45:24Z logger.go:66:
TestTerraformCompleteExample 2022-03-22T16:45:24Z logger.go:66:   # module.eks.module.fargate_profile["bar"].aws_iam_role_policy_attachment.this["arn:aws:iam::aws:policy/AmazonEKS_CNI_Policy"] will be created
TestTerraformCompleteExample 2022-03-22T16:45:24Z logger.go:66:   + resource "aws_iam_role_policy_attachment" "this" {
TestTerraformCompleteExample 2022-03-22T16:45:24Z logger.go:66:       + id         = (known after apply)
TestTerraformCompleteExample 2022-03-22T16:45:24Z logger.go:66:       + policy_arn = "arn:aws:iam::aws:policy/AmazonEKS_CNI_Policy"
TestTerraformCompleteExample 2022-03-22T16:45:24Z logger.go:66:       + role       = (known after apply)
TestTerraformCompleteExample 2022-03-22T16:45:24Z logger.go:66:     }
TestTerraformCompleteExample 2022-03-22T16:45:24Z logger.go:66:
TestTerraformCompleteExample 2022-03-22T16:45:24Z logger.go:66:   # module.eks.module.self_managed_node_group["boo"].aws_autoscaling_group.this[0] will be created
TestTerraformCompleteExample 2022-03-22T16:45:24Z logger.go:66:   + resource "aws_autoscaling_group" "this" {
TestTerraformCompleteExample 2022-03-22T16:45:24Z logger.go:66:       + arn                       = (known after apply)
TestTerraformCompleteExample 2022-03-22T16:45:24Z logger.go:66:       + availability_zones        = (known after apply)
TestTerraformCompleteExample 2022-03-22T16:45:24Z logger.go:66:       + default_cooldown          = (known after apply)
TestTerraformCompleteExample 2022-03-22T16:45:24Z logger.go:66:       + desired_capacity          = 1
TestTerraformCompleteExample 2022-03-22T16:45:24Z logger.go:66:       + force_delete              = false
TestTerraformCompleteExample 2022-03-22T16:45:24Z logger.go:66:       + force_delete_warm_pool    = false
TestTerraformCompleteExample 2022-03-22T16:45:24Z logger.go:66:       + health_check_grace_period = 300
TestTerraformCompleteExample 2022-03-22T16:45:24Z logger.go:66:       + health_check_type         = (known after apply)
TestTerraformCompleteExample 2022-03-22T16:45:24Z logger.go:66:       + id                        = (known after apply)
TestTerraformCompleteExample 2022-03-22T16:45:24Z logger.go:66:       + max_size                  = 3
TestTerraformCompleteExample 2022-03-22T16:45:24Z logger.go:66:       + metrics_granularity       = "1Minute"
TestTerraformCompleteExample 2022-03-22T16:45:24Z logger.go:66:       + min_size                  = 0
TestTerraformCompleteExample 2022-03-22T16:45:24Z logger.go:66:       + name                      = (known after apply)
TestTerraformCompleteExample 2022-03-22T16:45:24Z logger.go:66:       + name_prefix               = "boo-"
TestTerraformCompleteExample 2022-03-22T16:45:24Z logger.go:66:       + protect_from_scale_in     = false
TestTerraformCompleteExample 2022-03-22T16:45:24Z logger.go:66:       + service_linked_role_arn   = (known after apply)
TestTerraformCompleteExample 2022-03-22T16:45:24Z logger.go:66:       + vpc_zone_identifier       = (known after apply)
TestTerraformCompleteExample 2022-03-22T16:45:24Z logger.go:66:       + wait_for_capacity_timeout = "10m"
TestTerraformCompleteExample 2022-03-22T16:45:24Z logger.go:66:
TestTerraformCompleteExample 2022-03-22T16:45:24Z logger.go:66:       + launch_template {
TestTerraformCompleteExample 2022-03-22T16:45:24Z logger.go:66:           + id      = (known after apply)
TestTerraformCompleteExample 2022-03-22T16:45:24Z logger.go:66:           + name    = (known after apply)
TestTerraformCompleteExample 2022-03-22T16:45:24Z logger.go:66:           + version = (known after apply)
TestTerraformCompleteExample 2022-03-22T16:45:24Z logger.go:66:         }
TestTerraformCompleteExample 2022-03-22T16:45:24Z logger.go:66:
TestTerraformCompleteExample 2022-03-22T16:45:24Z logger.go:66:       + tag {
TestTerraformCompleteExample 2022-03-22T16:45:24Z logger.go:66:           + key                 = "Name"
TestTerraformCompleteExample 2022-03-22T16:45:24Z logger.go:66:           + propagate_at_launch = true
TestTerraformCompleteExample 2022-03-22T16:45:24Z logger.go:66:           + value               = "boo"
TestTerraformCompleteExample 2022-03-22T16:45:24Z logger.go:66:         }
TestTerraformCompleteExample 2022-03-22T16:45:24Z logger.go:66:       + tag {
TestTerraformCompleteExample 2022-03-22T16:45:24Z logger.go:66:           + key                 = "k8s.io/cluster/ex-complete"
TestTerraformCompleteExample 2022-03-22T16:45:24Z logger.go:66:           + propagate_at_launch = true
TestTerraformCompleteExample 2022-03-22T16:45:24Z logger.go:66:           + value               = "owned"
TestTerraformCompleteExample 2022-03-22T16:45:24Z logger.go:66:         }
TestTerraformCompleteExample 2022-03-22T16:45:24Z logger.go:66:       + tag {
TestTerraformCompleteExample 2022-03-22T16:45:24Z logger.go:66:           + key                 = "kubernetes.io/cluster/ex-complete"
TestTerraformCompleteExample 2022-03-22T16:45:24Z logger.go:66:           + propagate_at_launch = true
TestTerraformCompleteExample 2022-03-22T16:45:24Z logger.go:66:           + value               = "owned"
TestTerraformCompleteExample 2022-03-22T16:45:24Z logger.go:66:         }
TestTerraformCompleteExample 2022-03-22T16:45:24Z logger.go:66:
TestTerraformCompleteExample 2022-03-22T16:45:24Z logger.go:66:       + timeouts {}
TestTerraformCompleteExample 2022-03-22T16:45:24Z logger.go:66:     }
TestTerraformCompleteExample 2022-03-22T16:45:24Z logger.go:66:
TestTerraformCompleteExample 2022-03-22T16:45:24Z logger.go:66:   # module.eks.module.self_managed_node_group["boo"].aws_iam_instance_profile.this[0] will be created
TestTerraformCompleteExample 2022-03-22T16:45:24Z logger.go:66:   + resource "aws_iam_instance_profile" "this" {
TestTerraformCompleteExample 2022-03-22T16:45:24Z logger.go:66:       + arn         = (known after apply)
TestTerraformCompleteExample 2022-03-22T16:45:24Z logger.go:66:       + create_date = (known after apply)
TestTerraformCompleteExample 2022-03-22T16:45:24Z logger.go:66:       + id          = (known after apply)
TestTerraformCompleteExample 2022-03-22T16:45:24Z logger.go:66:       + name        = (known after apply)
TestTerraformCompleteExample 2022-03-22T16:45:24Z logger.go:66:       + name_prefix = "boo-node-group-"
TestTerraformCompleteExample 2022-03-22T16:45:24Z logger.go:66:       + path        = "/"
TestTerraformCompleteExample 2022-03-22T16:45:24Z logger.go:66:       + role        = (known after apply)
TestTerraformCompleteExample 2022-03-22T16:45:24Z logger.go:66:       + tags_all    = {
TestTerraformCompleteExample 2022-03-22T16:45:24Z logger.go:66:           + "Example"    = "ex-complete"
TestTerraformCompleteExample 2022-03-22T16:45:24Z logger.go:66:           + "GithubOrg"  = "aidan-melen"
TestTerraformCompleteExample 2022-03-22T16:45:24Z logger.go:66:           + "GithubRepo" = "terraform-aws-eks-auth"
TestTerraformCompleteExample 2022-03-22T16:45:24Z logger.go:66:         }
TestTerraformCompleteExample 2022-03-22T16:45:24Z logger.go:66:       + unique_id   = (known after apply)
TestTerraformCompleteExample 2022-03-22T16:45:24Z logger.go:66:     }
TestTerraformCompleteExample 2022-03-22T16:45:24Z logger.go:66:
TestTerraformCompleteExample 2022-03-22T16:45:24Z logger.go:66:   # module.eks.module.self_managed_node_group["boo"].aws_iam_role.this[0] will be created
TestTerraformCompleteExample 2022-03-22T16:45:24Z logger.go:66:   + resource "aws_iam_role" "this" {
TestTerraformCompleteExample 2022-03-22T16:45:24Z logger.go:66:       + arn                   = (known after apply)
TestTerraformCompleteExample 2022-03-22T16:45:24Z logger.go:66:       + assume_role_policy    = jsonencode(
TestTerraformCompleteExample 2022-03-22T16:45:24Z logger.go:66:             {
TestTerraformCompleteExample 2022-03-22T16:45:24Z logger.go:66:               + Statement = [
TestTerraformCompleteExample 2022-03-22T16:45:24Z logger.go:66:                   + {
TestTerraformCompleteExample 2022-03-22T16:45:24Z logger.go:66:                       + Action    = "sts:AssumeRole"
TestTerraformCompleteExample 2022-03-22T16:45:24Z logger.go:66:                       + Effect    = "Allow"
TestTerraformCompleteExample 2022-03-22T16:45:24Z logger.go:66:                       + Principal = {
TestTerraformCompleteExample 2022-03-22T16:45:24Z logger.go:66:                           + Service = "ec2.amazonaws.com"
TestTerraformCompleteExample 2022-03-22T16:45:24Z logger.go:66:                         }
TestTerraformCompleteExample 2022-03-22T16:45:24Z logger.go:66:                       + Sid       = "EKSNodeAssumeRole"
TestTerraformCompleteExample 2022-03-22T16:45:24Z logger.go:66:                     },
TestTerraformCompleteExample 2022-03-22T16:45:24Z logger.go:66:                 ]
TestTerraformCompleteExample 2022-03-22T16:45:24Z logger.go:66:               + Version   = "2012-10-17"
TestTerraformCompleteExample 2022-03-22T16:45:24Z logger.go:66:             }
TestTerraformCompleteExample 2022-03-22T16:45:24Z logger.go:66:         )
TestTerraformCompleteExample 2022-03-22T16:45:24Z logger.go:66:       + create_date           = (known after apply)
TestTerraformCompleteExample 2022-03-22T16:45:24Z logger.go:66:       + description           = "Self managed node group IAM role"
TestTerraformCompleteExample 2022-03-22T16:45:24Z logger.go:66:       + force_detach_policies = true
TestTerraformCompleteExample 2022-03-22T16:45:24Z logger.go:66:       + id                    = (known after apply)
TestTerraformCompleteExample 2022-03-22T16:45:24Z logger.go:66:       + managed_policy_arns   = (known after apply)
TestTerraformCompleteExample 2022-03-22T16:45:24Z logger.go:66:       + max_session_duration  = 3600
TestTerraformCompleteExample 2022-03-22T16:45:24Z logger.go:66:       + name                  = (known after apply)
TestTerraformCompleteExample 2022-03-22T16:45:24Z logger.go:66:       + name_prefix           = "boo-node-group-"
TestTerraformCompleteExample 2022-03-22T16:45:24Z logger.go:66:       + path                  = "/"
TestTerraformCompleteExample 2022-03-22T16:45:24Z logger.go:66:       + tags_all              = {
TestTerraformCompleteExample 2022-03-22T16:45:24Z logger.go:66:           + "Example"    = "ex-complete"
TestTerraformCompleteExample 2022-03-22T16:45:24Z logger.go:66:           + "GithubOrg"  = "aidan-melen"
TestTerraformCompleteExample 2022-03-22T16:45:24Z logger.go:66:           + "GithubRepo" = "terraform-aws-eks-auth"
TestTerraformCompleteExample 2022-03-22T16:45:24Z logger.go:66:         }
TestTerraformCompleteExample 2022-03-22T16:45:24Z logger.go:66:       + unique_id             = (known after apply)
TestTerraformCompleteExample 2022-03-22T16:45:24Z logger.go:66:
TestTerraformCompleteExample 2022-03-22T16:45:24Z logger.go:66:       + inline_policy {
TestTerraformCompleteExample 2022-03-22T16:45:24Z logger.go:66:           + name   = (known after apply)
TestTerraformCompleteExample 2022-03-22T16:45:24Z logger.go:66:           + policy = (known after apply)
TestTerraformCompleteExample 2022-03-22T16:45:24Z logger.go:66:         }
TestTerraformCompleteExample 2022-03-22T16:45:24Z logger.go:66:     }
TestTerraformCompleteExample 2022-03-22T16:45:24Z logger.go:66:
TestTerraformCompleteExample 2022-03-22T16:45:24Z logger.go:66:   # module.eks.module.self_managed_node_group["boo"].aws_iam_role_policy_attachment.this["arn:aws:iam::aws:policy/AmazonEC2ContainerRegistryReadOnly"] will be created
TestTerraformCompleteExample 2022-03-22T16:45:24Z logger.go:66:   + resource "aws_iam_role_policy_attachment" "this" {
TestTerraformCompleteExample 2022-03-22T16:45:24Z logger.go:66:       + id         = (known after apply)
TestTerraformCompleteExample 2022-03-22T16:45:24Z logger.go:66:       + policy_arn = "arn:aws:iam::aws:policy/AmazonEC2ContainerRegistryReadOnly"
TestTerraformCompleteExample 2022-03-22T16:45:24Z logger.go:66:       + role       = (known after apply)
TestTerraformCompleteExample 2022-03-22T16:45:24Z logger.go:66:     }
TestTerraformCompleteExample 2022-03-22T16:45:24Z logger.go:66:
TestTerraformCompleteExample 2022-03-22T16:45:24Z logger.go:66:   # module.eks.module.self_managed_node_group["boo"].aws_iam_role_policy_attachment.this["arn:aws:iam::aws:policy/AmazonEKSWorkerNodePolicy"] will be created
TestTerraformCompleteExample 2022-03-22T16:45:24Z logger.go:66:   + resource "aws_iam_role_policy_attachment" "this" {
TestTerraformCompleteExample 2022-03-22T16:45:24Z logger.go:66:       + id         = (known after apply)
TestTerraformCompleteExample 2022-03-22T16:45:24Z logger.go:66:       + policy_arn = "arn:aws:iam::aws:policy/AmazonEKSWorkerNodePolicy"
TestTerraformCompleteExample 2022-03-22T16:45:24Z logger.go:66:       + role       = (known after apply)
TestTerraformCompleteExample 2022-03-22T16:45:24Z logger.go:66:     }
TestTerraformCompleteExample 2022-03-22T16:45:24Z logger.go:66:
TestTerraformCompleteExample 2022-03-22T16:45:24Z logger.go:66:   # module.eks.module.self_managed_node_group["boo"].aws_iam_role_policy_attachment.this["arn:aws:iam::aws:policy/AmazonEKS_CNI_Policy"] will be created
TestTerraformCompleteExample 2022-03-22T16:45:24Z logger.go:66:   + resource "aws_iam_role_policy_attachment" "this" {
TestTerraformCompleteExample 2022-03-22T16:45:24Z logger.go:66:       + id         = (known after apply)
TestTerraformCompleteExample 2022-03-22T16:45:24Z logger.go:66:       + policy_arn = "arn:aws:iam::aws:policy/AmazonEKS_CNI_Policy"
TestTerraformCompleteExample 2022-03-22T16:45:24Z logger.go:66:       + role       = (known after apply)
TestTerraformCompleteExample 2022-03-22T16:45:24Z logger.go:66:     }
TestTerraformCompleteExample 2022-03-22T16:45:24Z logger.go:66:
TestTerraformCompleteExample 2022-03-22T16:45:24Z logger.go:66:   # module.eks.module.self_managed_node_group["boo"].aws_launch_template.this[0] will be created
TestTerraformCompleteExample 2022-03-22T16:45:24Z logger.go:66:   + resource "aws_launch_template" "this" {
TestTerraformCompleteExample 2022-03-22T16:45:24Z logger.go:66:       + arn                    = (known after apply)
TestTerraformCompleteExample 2022-03-22T16:45:24Z logger.go:66:       + default_version        = (known after apply)
TestTerraformCompleteExample 2022-03-22T16:45:24Z logger.go:66:       + description            = "Custom launch template for boo self managed node group"
TestTerraformCompleteExample 2022-03-22T16:45:24Z logger.go:66:       + id                     = (known after apply)
TestTerraformCompleteExample 2022-03-22T16:45:24Z logger.go:66:       + image_id               = "ami-085e8e02353a59de5"
TestTerraformCompleteExample 2022-03-22T16:45:24Z logger.go:66:       + instance_type          = "t3.medium"
TestTerraformCompleteExample 2022-03-22T16:45:24Z logger.go:66:       + latest_version         = (known after apply)
TestTerraformCompleteExample 2022-03-22T16:45:24Z logger.go:66:       + name                   = (known after apply)
TestTerraformCompleteExample 2022-03-22T16:45:24Z logger.go:66:       + name_prefix            = "boo-"
TestTerraformCompleteExample 2022-03-22T16:45:24Z logger.go:66:       + tags_all               = {
TestTerraformCompleteExample 2022-03-22T16:45:24Z logger.go:66:           + "Example"    = "ex-complete"
TestTerraformCompleteExample 2022-03-22T16:45:24Z logger.go:66:           + "GithubOrg"  = "aidan-melen"
TestTerraformCompleteExample 2022-03-22T16:45:24Z logger.go:66:           + "GithubRepo" = "terraform-aws-eks-auth"
TestTerraformCompleteExample 2022-03-22T16:45:24Z logger.go:66:         }
TestTerraformCompleteExample 2022-03-22T16:45:24Z logger.go:66:       + update_default_version = true
TestTerraformCompleteExample 2022-03-22T16:45:24Z logger.go:66:       + user_data              = (known after apply)
TestTerraformCompleteExample 2022-03-22T16:45:24Z logger.go:66:       + vpc_security_group_ids = (known after apply)
TestTerraformCompleteExample 2022-03-22T16:45:24Z logger.go:66:
TestTerraformCompleteExample 2022-03-22T16:45:24Z logger.go:66:       + iam_instance_profile {
TestTerraformCompleteExample 2022-03-22T16:45:24Z logger.go:66:           + arn = (known after apply)
TestTerraformCompleteExample 2022-03-22T16:45:24Z logger.go:66:         }
TestTerraformCompleteExample 2022-03-22T16:45:24Z logger.go:66:
TestTerraformCompleteExample 2022-03-22T16:45:24Z logger.go:66:       + instance_market_options {
TestTerraformCompleteExample 2022-03-22T16:45:24Z logger.go:66:           + market_type = "spot"
TestTerraformCompleteExample 2022-03-22T16:45:24Z logger.go:66:         }
TestTerraformCompleteExample 2022-03-22T16:45:24Z logger.go:66:
TestTerraformCompleteExample 2022-03-22T16:45:24Z logger.go:66:       + metadata_options {
TestTerraformCompleteExample 2022-03-22T16:45:24Z logger.go:66:           + http_endpoint               = "enabled"
TestTerraformCompleteExample 2022-03-22T16:45:24Z logger.go:66:           + http_protocol_ipv6          = "disabled"
TestTerraformCompleteExample 2022-03-22T16:45:24Z logger.go:66:           + http_put_response_hop_limit = 2
TestTerraformCompleteExample 2022-03-22T16:45:24Z logger.go:66:           + http_tokens                 = "required"
TestTerraformCompleteExample 2022-03-22T16:45:24Z logger.go:66:           + instance_metadata_tags      = "disabled"
TestTerraformCompleteExample 2022-03-22T16:45:24Z logger.go:66:         }
TestTerraformCompleteExample 2022-03-22T16:45:24Z logger.go:66:
TestTerraformCompleteExample 2022-03-22T16:45:24Z logger.go:66:       + monitoring {
TestTerraformCompleteExample 2022-03-22T16:45:24Z logger.go:66:           + enabled = true
TestTerraformCompleteExample 2022-03-22T16:45:24Z logger.go:66:         }
TestTerraformCompleteExample 2022-03-22T16:45:24Z logger.go:66:
TestTerraformCompleteExample 2022-03-22T16:45:24Z logger.go:66:       + tag_specifications {
TestTerraformCompleteExample 2022-03-22T16:45:24Z logger.go:66:           + resource_type = "instance"
TestTerraformCompleteExample 2022-03-22T16:45:24Z logger.go:66:           + tags          = {
TestTerraformCompleteExample 2022-03-22T16:45:24Z logger.go:66:               + "Name" = "boo"
TestTerraformCompleteExample 2022-03-22T16:45:24Z logger.go:66:             }
TestTerraformCompleteExample 2022-03-22T16:45:24Z logger.go:66:         }
TestTerraformCompleteExample 2022-03-22T16:45:24Z logger.go:66:       + tag_specifications {
TestTerraformCompleteExample 2022-03-22T16:45:24Z logger.go:66:           + resource_type = "network-interface"
TestTerraformCompleteExample 2022-03-22T16:45:24Z logger.go:66:           + tags          = {
TestTerraformCompleteExample 2022-03-22T16:45:24Z logger.go:66:               + "Name" = "boo"
TestTerraformCompleteExample 2022-03-22T16:45:24Z logger.go:66:             }
TestTerraformCompleteExample 2022-03-22T16:45:24Z logger.go:66:         }
TestTerraformCompleteExample 2022-03-22T16:45:24Z logger.go:66:       + tag_specifications {
TestTerraformCompleteExample 2022-03-22T16:45:24Z logger.go:66:           + resource_type = "volume"
TestTerraformCompleteExample 2022-03-22T16:45:24Z logger.go:66:           + tags          = {
TestTerraformCompleteExample 2022-03-22T16:45:24Z logger.go:66:               + "Name" = "boo"
TestTerraformCompleteExample 2022-03-22T16:45:24Z logger.go:66:             }
TestTerraformCompleteExample 2022-03-22T16:45:24Z logger.go:66:         }
TestTerraformCompleteExample 2022-03-22T16:45:24Z logger.go:66:     }
TestTerraformCompleteExample 2022-03-22T16:45:24Z logger.go:66:
TestTerraformCompleteExample 2022-03-22T16:45:24Z logger.go:66:   # module.eks.module.self_managed_node_group["boo"].aws_security_group.this[0] will be created
TestTerraformCompleteExample 2022-03-22T16:45:24Z logger.go:66:   + resource "aws_security_group" "this" {
TestTerraformCompleteExample 2022-03-22T16:45:24Z logger.go:66:       + arn                    = (known after apply)
TestTerraformCompleteExample 2022-03-22T16:45:24Z logger.go:66:       + description            = "Self managed node group security group"
TestTerraformCompleteExample 2022-03-22T16:45:24Z logger.go:66:       + egress                 = (known after apply)
TestTerraformCompleteExample 2022-03-22T16:45:24Z logger.go:66:       + id                     = (known after apply)
TestTerraformCompleteExample 2022-03-22T16:45:24Z logger.go:66:       + ingress                = (known after apply)
TestTerraformCompleteExample 2022-03-22T16:45:24Z logger.go:66:       + name                   = (known after apply)
TestTerraformCompleteExample 2022-03-22T16:45:24Z logger.go:66:       + name_prefix            = "boo-node-group-"
TestTerraformCompleteExample 2022-03-22T16:45:24Z logger.go:66:       + owner_id               = (known after apply)
TestTerraformCompleteExample 2022-03-22T16:45:24Z logger.go:66:       + revoke_rules_on_delete = false
TestTerraformCompleteExample 2022-03-22T16:45:24Z logger.go:66:       + tags                   = {
TestTerraformCompleteExample 2022-03-22T16:45:24Z logger.go:66:           + "Name" = "boo-node-group"
TestTerraformCompleteExample 2022-03-22T16:45:24Z logger.go:66:         }
TestTerraformCompleteExample 2022-03-22T16:45:24Z logger.go:66:       + tags_all               = {
TestTerraformCompleteExample 2022-03-22T16:45:24Z logger.go:66:           + "Example"    = "ex-complete"
TestTerraformCompleteExample 2022-03-22T16:45:24Z logger.go:66:           + "GithubOrg"  = "aidan-melen"
TestTerraformCompleteExample 2022-03-22T16:45:24Z logger.go:66:           + "GithubRepo" = "terraform-aws-eks-auth"
TestTerraformCompleteExample 2022-03-22T16:45:24Z logger.go:66:           + "Name"       = "boo-node-group"
TestTerraformCompleteExample 2022-03-22T16:45:24Z logger.go:66:         }
TestTerraformCompleteExample 2022-03-22T16:45:24Z logger.go:66:       + vpc_id                 = (known after apply)
TestTerraformCompleteExample 2022-03-22T16:45:24Z logger.go:66:     }
TestTerraformCompleteExample 2022-03-22T16:45:24Z logger.go:66:
TestTerraformCompleteExample 2022-03-22T16:45:24Z logger.go:66: Plan: 65 to add, 0 to change, 0 to destroy.
TestTerraformCompleteExample 2022-03-22T16:45:24Z logger.go:66:
TestTerraformCompleteExample 2022-03-22T16:45:24Z logger.go:66: Changes to Outputs:
TestTerraformCompleteExample 2022-03-22T16:45:24Z logger.go:66:   + fargate_profile_iam_role_arn         = (known after apply)
TestTerraformCompleteExample 2022-03-22T16:45:24Z logger.go:66:   + managed_node_group_iam_role_arn      = (known after apply)
TestTerraformCompleteExample 2022-03-22T16:45:24Z logger.go:66:   + map_accounts                         = [
TestTerraformCompleteExample 2022-03-22T16:45:24Z logger.go:66:       + "777777777777",
TestTerraformCompleteExample 2022-03-22T16:45:24Z logger.go:66:       + "888888888888",
TestTerraformCompleteExample 2022-03-22T16:45:24Z logger.go:66:     ]
TestTerraformCompleteExample 2022-03-22T16:45:24Z logger.go:66:   + map_roles                            = (known after apply)
TestTerraformCompleteExample 2022-03-22T16:45:24Z logger.go:66:   + map_users                            = [
TestTerraformCompleteExample 2022-03-22T16:45:24Z logger.go:66:       + {
TestTerraformCompleteExample 2022-03-22T16:45:24Z logger.go:66:           + groups   = [
TestTerraformCompleteExample 2022-03-22T16:45:24Z logger.go:66:               + "system:masters",
TestTerraformCompleteExample 2022-03-22T16:45:24Z logger.go:66:             ]
TestTerraformCompleteExample 2022-03-22T16:45:24Z logger.go:66:           + userarn  = "arn:aws:iam::66666666666:user/user1"
TestTerraformCompleteExample 2022-03-22T16:45:24Z logger.go:66:           + username = "user1"
TestTerraformCompleteExample 2022-03-22T16:45:24Z logger.go:66:         },
TestTerraformCompleteExample 2022-03-22T16:45:24Z logger.go:66:       + {
TestTerraformCompleteExample 2022-03-22T16:45:24Z logger.go:66:           + groups   = [
TestTerraformCompleteExample 2022-03-22T16:45:24Z logger.go:66:               + "system:masters",
TestTerraformCompleteExample 2022-03-22T16:45:24Z logger.go:66:             ]
TestTerraformCompleteExample 2022-03-22T16:45:24Z logger.go:66:           + userarn  = "arn:aws:iam::66666666666:user/user2"
TestTerraformCompleteExample 2022-03-22T16:45:24Z logger.go:66:           + username = "user2"
TestTerraformCompleteExample 2022-03-22T16:45:24Z logger.go:66:         },
TestTerraformCompleteExample 2022-03-22T16:45:24Z logger.go:66:     ]
TestTerraformCompleteExample 2022-03-22T16:45:24Z logger.go:66:   + self_managed_node_group_iam_role_arn = (known after apply)
TestTerraformCompleteExample 2022-03-22T16:45:26Z logger.go:66: module.vpc.aws_eip.nat[0]: Creating...
TestTerraformCompleteExample 2022-03-22T16:45:26Z logger.go:66: module.vpc.aws_vpc.this[0]: Creating...
TestTerraformCompleteExample 2022-03-22T16:45:26Z logger.go:66: module.eks.module.self_managed_node_group["boo"].aws_iam_role.this[0]: Creating...
TestTerraformCompleteExample 2022-03-22T16:45:26Z logger.go:66: module.eks.aws_iam_role.this[0]: Creating...
TestTerraformCompleteExample 2022-03-22T16:45:26Z logger.go:66: module.eks.aws_cloudwatch_log_group.this[0]: Creating...
TestTerraformCompleteExample 2022-03-22T16:45:26Z logger.go:66: module.eks.module.fargate_profile["bar"].aws_iam_role.this[0]: Creating...
TestTerraformCompleteExample 2022-03-22T16:45:26Z logger.go:66: module.eks.module.eks_managed_node_group["foo"].aws_iam_role.this[0]: Creating...
TestTerraformCompleteExample 2022-03-22T16:45:26Z logger.go:66: module.eks.aws_cloudwatch_log_group.this[0]: Creation complete after 1s [id=/aws/eks/ex-complete/cluster]
TestTerraformCompleteExample 2022-03-22T16:45:26Z logger.go:66: module.vpc.aws_eip.nat[0]: Creation complete after 1s [id=eipalloc-0e7ddf98e67ae82f9]
TestTerraformCompleteExample 2022-03-22T16:45:27Z logger.go:66: module.eks.module.eks_managed_node_group["foo"].aws_iam_role.this[0]: Creation complete after 1s [id=foo-eks-node-group-20220322164526193400000004]
TestTerraformCompleteExample 2022-03-22T16:45:27Z logger.go:66: module.eks.aws_iam_role.this[0]: Creation complete after 1s [id=ex-complete-cluster-20220322164526180200000001]
TestTerraformCompleteExample 2022-03-22T16:45:27Z logger.go:66: module.eks.module.fargate_profile["bar"].aws_iam_role.this[0]: Creation complete after 1s [id=bar-20220322164526193400000003]
TestTerraformCompleteExample 2022-03-22T16:45:27Z logger.go:66: module.eks.module.self_managed_node_group["boo"].aws_iam_role.this[0]: Creation complete after 2s [id=boo-node-group-20220322164526180300000002]
TestTerraformCompleteExample 2022-03-22T16:45:27Z logger.go:66: module.eks.module.fargate_profile["bar"].aws_iam_role_policy_attachment.this["arn:aws:iam::aws:policy/AmazonEKSFargatePodExecutionRolePolicy"]: Creating...
TestTerraformCompleteExample 2022-03-22T16:45:27Z logger.go:66: module.eks.module.eks_managed_node_group["foo"].aws_iam_role_policy_attachment.this["arn:aws:iam::aws:policy/AmazonEKS_CNI_Policy"]: Creating...
TestTerraformCompleteExample 2022-03-22T16:45:27Z logger.go:66: module.eks.module.eks_managed_node_group["foo"].aws_iam_role_policy_attachment.this["arn:aws:iam::aws:policy/AmazonEC2ContainerRegistryReadOnly"]: Creating...
TestTerraformCompleteExample 2022-03-22T16:45:27Z logger.go:66: module.eks.aws_iam_role_policy_attachment.this["arn:aws:iam::aws:policy/AmazonEKSVPCResourceController"]: Creating...
TestTerraformCompleteExample 2022-03-22T16:45:27Z logger.go:66: module.eks.module.eks_managed_node_group["foo"].aws_iam_role_policy_attachment.this["arn:aws:iam::aws:policy/AmazonEKSWorkerNodePolicy"]: Creating...
TestTerraformCompleteExample 2022-03-22T16:45:27Z logger.go:66: module.eks.module.fargate_profile["bar"].aws_iam_role_policy_attachment.this["arn:aws:iam::aws:policy/AmazonEKS_CNI_Policy"]: Creating...
TestTerraformCompleteExample 2022-03-22T16:45:27Z logger.go:66: module.eks.module.self_managed_node_group["boo"].aws_iam_role_policy_attachment.this["arn:aws:iam::aws:policy/AmazonEKS_CNI_Policy"]: Creating...
TestTerraformCompleteExample 2022-03-22T16:45:27Z logger.go:66: module.eks.aws_iam_role_policy_attachment.this["arn:aws:iam::aws:policy/AmazonEKSClusterPolicy"]: Creating...
TestTerraformCompleteExample 2022-03-22T16:45:27Z logger.go:66: module.eks.module.self_managed_node_group["boo"].aws_iam_role_policy_attachment.this["arn:aws:iam::aws:policy/AmazonEKSWorkerNodePolicy"]: Creating...
TestTerraformCompleteExample 2022-03-22T16:45:27Z logger.go:66: module.eks.module.eks_managed_node_group["foo"].aws_iam_role_policy_attachment.this["arn:aws:iam::aws:policy/AmazonEC2ContainerRegistryReadOnly"]: Creation complete after 0s [id=foo-eks-node-group-20220322164526193400000004-20220322164527627100000005]
TestTerraformCompleteExample 2022-03-22T16:45:27Z logger.go:66: module.eks.module.fargate_profile["bar"].aws_iam_role_policy_attachment.this["arn:aws:iam::aws:policy/AmazonEKSFargatePodExecutionRolePolicy"]: Creation complete after 0s [id=bar-20220322164526193400000003-20220322164527642700000006]
TestTerraformCompleteExample 2022-03-22T16:45:27Z logger.go:66: module.eks.module.self_managed_node_group["boo"].aws_iam_instance_profile.this[0]: Creating...
TestTerraformCompleteExample 2022-03-22T16:45:27Z logger.go:66: module.eks.module.fargate_profile["bar"].aws_iam_role_policy_attachment.this["arn:aws:iam::aws:policy/AmazonEKS_CNI_Policy"]: Creation complete after 0s [id=bar-20220322164526193400000003-2022032216452774850000000a]
TestTerraformCompleteExample 2022-03-22T16:45:27Z logger.go:66: module.eks.module.self_managed_node_group["boo"].aws_iam_role_policy_attachment.this["arn:aws:iam::aws:policy/AmazonEC2ContainerRegistryReadOnly"]: Creating...
TestTerraformCompleteExample 2022-03-22T16:45:27Z logger.go:66: module.eks.aws_iam_role_policy_attachment.this["arn:aws:iam::aws:policy/AmazonEKSClusterPolicy"]: Creation complete after 0s [id=ex-complete-cluster-20220322164526180200000001-2022032216452775110000000b]
TestTerraformCompleteExample 2022-03-22T16:45:27Z logger.go:66: module.eks.aws_iam_role_policy_attachment.this["arn:aws:iam::aws:policy/AmazonEKSVPCResourceController"]: Creation complete after 0s [id=ex-complete-cluster-20220322164526180200000001-20220322164527646900000008]
TestTerraformCompleteExample 2022-03-22T16:45:27Z logger.go:66: module.eks.module.eks_managed_node_group["foo"].aws_iam_role_policy_attachment.this["arn:aws:iam::aws:policy/AmazonEKSWorkerNodePolicy"]: Creation complete after 0s [id=foo-eks-node-group-20220322164526193400000004-20220322164527645600000007]
TestTerraformCompleteExample 2022-03-22T16:45:27Z logger.go:66: module.eks.module.eks_managed_node_group["foo"].aws_iam_role_policy_attachment.this["arn:aws:iam::aws:policy/AmazonEKS_CNI_Policy"]: Creation complete after 0s [id=foo-eks-node-group-20220322164526193400000004-20220322164527734900000009]
TestTerraformCompleteExample 2022-03-22T16:45:27Z logger.go:66: module.eks.module.self_managed_node_group["boo"].aws_iam_role_policy_attachment.this["arn:aws:iam::aws:policy/AmazonEKS_CNI_Policy"]: Creation complete after 0s [id=boo-node-group-20220322164526180300000002-2022032216452782760000000c]
TestTerraformCompleteExample 2022-03-22T16:45:27Z logger.go:66: module.eks.module.self_managed_node_group["boo"].aws_iam_role_policy_attachment.this["arn:aws:iam::aws:policy/AmazonEKSWorkerNodePolicy"]: Creation complete after 0s [id=boo-node-group-20220322164526180300000002-2022032216452785980000000d]
TestTerraformCompleteExample 2022-03-22T16:45:28Z logger.go:66: module.eks.module.self_managed_node_group["boo"].aws_iam_role_policy_attachment.this["arn:aws:iam::aws:policy/AmazonEC2ContainerRegistryReadOnly"]: Creation complete after 0s [id=boo-node-group-20220322164526180300000002-2022032216452799260000000f]
TestTerraformCompleteExample 2022-03-22T16:45:28Z logger.go:66: module.eks.module.self_managed_node_group["boo"].aws_iam_instance_profile.this[0]: Creation complete after 0s [id=boo-node-group-2022032216452786200000000e]
TestTerraformCompleteExample 2022-03-22T16:45:36Z logger.go:66: module.vpc.aws_vpc.this[0]: Still creating... [10s elapsed]
TestTerraformCompleteExample 2022-03-22T16:45:38Z logger.go:66: module.vpc.aws_vpc.this[0]: Creation complete after 12s [id=vpc-095ec8e5b71fefea7]
TestTerraformCompleteExample 2022-03-22T16:45:38Z logger.go:66: module.vpc.aws_subnet.public[1]: Creating...
TestTerraformCompleteExample 2022-03-22T16:45:38Z logger.go:66: module.vpc.aws_internet_gateway.this[0]: Creating...
TestTerraformCompleteExample 2022-03-22T16:45:38Z logger.go:66: module.eks.module.self_managed_node_group["boo"].aws_security_group.this[0]: Creating...
TestTerraformCompleteExample 2022-03-22T16:45:38Z logger.go:66: module.vpc.aws_subnet.public[2]: Creating...
TestTerraformCompleteExample 2022-03-22T16:45:38Z logger.go:66: module.vpc.aws_route_table.public[0]: Creating...
TestTerraformCompleteExample 2022-03-22T16:45:38Z logger.go:66: module.vpc.aws_subnet.private[2]: Creating...
TestTerraformCompleteExample 2022-03-22T16:45:38Z logger.go:66: module.vpc.aws_subnet.private[0]: Creating...
TestTerraformCompleteExample 2022-03-22T16:45:38Z logger.go:66: module.eks.aws_security_group.cluster[0]: Creating...
TestTerraformCompleteExample 2022-03-22T16:45:38Z logger.go:66: module.vpc.aws_subnet.private[1]: Creating...
TestTerraformCompleteExample 2022-03-22T16:45:38Z logger.go:66: module.vpc.aws_subnet.public[0]: Creating...
TestTerraformCompleteExample 2022-03-22T16:45:38Z logger.go:66: module.vpc.aws_internet_gateway.this[0]: Creation complete after 1s [id=igw-0113d2cf92ef1a256]
TestTerraformCompleteExample 2022-03-22T16:45:39Z logger.go:66: module.vpc.aws_route_table.private[0]: Creating...
TestTerraformCompleteExample 2022-03-22T16:45:39Z logger.go:66: module.vpc.aws_subnet.private[0]: Creation complete after 1s [id=subnet-04c75e593a0c457f8]
TestTerraformCompleteExample 2022-03-22T16:45:39Z logger.go:66: module.vpc.aws_subnet.private[1]: Creation complete after 1s [id=subnet-02a34e245fc2cc409]
TestTerraformCompleteExample 2022-03-22T16:45:39Z logger.go:66: module.eks.aws_security_group.node[0]: Creating...
TestTerraformCompleteExample 2022-03-22T16:45:39Z logger.go:66: module.vpc.aws_subnet.private[2]: Creation complete after 1s [id=subnet-052f6c3ae3574de6b]
TestTerraformCompleteExample 2022-03-22T16:45:39Z logger.go:66: module.eks.module.eks_managed_node_group["foo"].aws_security_group.this[0]: Creating...
TestTerraformCompleteExample 2022-03-22T16:45:39Z logger.go:66: module.vpc.aws_route_table.public[0]: Creation complete after 1s [id=rtb-069abf81880306030]
TestTerraformCompleteExample 2022-03-22T16:45:39Z logger.go:66: module.vpc.aws_route.public_internet_gateway[0]: Creating...
TestTerraformCompleteExample 2022-03-22T16:45:39Z logger.go:66: module.vpc.aws_route_table.private[0]: Creation complete after 0s [id=rtb-0d02292148e6f87a8]
TestTerraformCompleteExample 2022-03-22T16:45:39Z logger.go:66: module.vpc.aws_route_table_association.private[0]: Creating...
TestTerraformCompleteExample 2022-03-22T16:45:39Z logger.go:66: module.vpc.aws_route_table_association.private[2]: Creating...
TestTerraformCompleteExample 2022-03-22T16:45:39Z logger.go:66: module.vpc.aws_route.public_internet_gateway[0]: Creation complete after 1s [id=r-rtb-069abf818803060301080289494]
TestTerraformCompleteExample 2022-03-22T16:45:39Z logger.go:66: module.vpc.aws_route_table_association.private[2]: Creation complete after 1s [id=rtbassoc-04e84085285e9dc1b]
TestTerraformCompleteExample 2022-03-22T16:45:39Z logger.go:66: module.vpc.aws_route_table_association.private[1]: Creating...
TestTerraformCompleteExample 2022-03-22T16:45:39Z logger.go:66: module.vpc.aws_route_table_association.private[0]: Creation complete after 1s [id=rtbassoc-0cffab7d073ad3add]
TestTerraformCompleteExample 2022-03-22T16:45:40Z logger.go:66: module.vpc.aws_route_table_association.private[1]: Creation complete after 0s [id=rtbassoc-084290022e2bc66fa]
TestTerraformCompleteExample 2022-03-22T16:45:40Z logger.go:66: module.eks.module.self_managed_node_group["boo"].aws_security_group.this[0]: Creation complete after 2s [id=sg-0693caaee0686d202]
TestTerraformCompleteExample 2022-03-22T16:45:40Z logger.go:66: module.eks.aws_security_group.cluster[0]: Creation complete after 2s [id=sg-01dcd30a0adb10420]
TestTerraformCompleteExample 2022-03-22T16:45:41Z logger.go:66: module.eks.aws_security_group.node[0]: Creation complete after 2s [id=sg-05c945c8db9060585]
TestTerraformCompleteExample 2022-03-22T16:45:41Z logger.go:66: module.eks.aws_security_group_rule.node["egress_ntp_udp"]: Creating...
TestTerraformCompleteExample 2022-03-22T16:45:41Z logger.go:66: module.eks.aws_security_group_rule.node["ingress_cluster_443"]: Creating...
TestTerraformCompleteExample 2022-03-22T16:45:41Z logger.go:66: module.eks.aws_security_group_rule.node["egress_https"]: Creating...
TestTerraformCompleteExample 2022-03-22T16:45:41Z logger.go:66: module.eks.aws_security_group_rule.node["egress_ntp_tcp"]: Creating...
TestTerraformCompleteExample 2022-03-22T16:45:41Z logger.go:66: module.eks.aws_security_group_rule.node["ingress_cluster_kubelet"]: Creating...
TestTerraformCompleteExample 2022-03-22T16:45:41Z logger.go:66: module.eks.aws_security_group_rule.cluster["ingress_nodes_443"]: Creating...
TestTerraformCompleteExample 2022-03-22T16:45:41Z logger.go:66: module.eks.module.eks_managed_node_group["foo"].aws_security_group.this[0]: Creation complete after 2s [id=sg-00e6648082f5e3188]
TestTerraformCompleteExample 2022-03-22T16:45:41Z logger.go:66: module.eks.aws_security_group_rule.node["egress_self_coredns_udp"]: Creating...
TestTerraformCompleteExample 2022-03-22T16:45:41Z logger.go:66: module.eks.aws_security_group_rule.node["egress_ntp_udp"]: Creation complete after 1s [id=sgrule-1488922564]
TestTerraformCompleteExample 2022-03-22T16:45:41Z logger.go:66: module.eks.aws_security_group_rule.node["ingress_self_coredns_udp"]: Creating...
TestTerraformCompleteExample 2022-03-22T16:45:41Z logger.go:66: module.eks.aws_security_group_rule.cluster["ingress_nodes_443"]: Creation complete after 1s [id=sgrule-2575480998]
TestTerraformCompleteExample 2022-03-22T16:45:41Z logger.go:66: module.eks.aws_security_group_rule.cluster["egress_nodes_kubelet"]: Creating...
TestTerraformCompleteExample 2022-03-22T16:45:42Z logger.go:66: module.eks.aws_security_group_rule.cluster["egress_nodes_kubelet"]: Creation complete after 0s [id=sgrule-63602939]
TestTerraformCompleteExample 2022-03-22T16:45:42Z logger.go:66: module.eks.aws_security_group_rule.node["ingress_cluster_443"]: Creation complete after 1s [id=sgrule-3070078806]
TestTerraformCompleteExample 2022-03-22T16:45:42Z logger.go:66: module.eks.aws_security_group_rule.node["egress_self_coredns_tcp"]: Creating...
TestTerraformCompleteExample 2022-03-22T16:45:42Z logger.go:66: module.eks.aws_security_group_rule.node["egress_cluster_443"]: Creating...
TestTerraformCompleteExample 2022-03-22T16:45:43Z logger.go:66: module.eks.aws_security_group_rule.node["egress_ntp_tcp"]: Creation complete after 2s [id=sgrule-639697609]
TestTerraformCompleteExample 2022-03-22T16:45:43Z logger.go:66: module.eks.aws_security_group_rule.cluster["egress_nodes_443"]: Creating...
TestTerraformCompleteExample 2022-03-22T16:45:43Z logger.go:66: module.eks.aws_security_group_rule.node["egress_https"]: Creation complete after 3s [id=sgrule-4194254807]
TestTerraformCompleteExample 2022-03-22T16:45:43Z logger.go:66: module.eks.aws_security_group_rule.cluster["egress_nodes_443"]: Creation complete after 1s [id=sgrule-437306491]
TestTerraformCompleteExample 2022-03-22T16:45:43Z logger.go:66: module.eks.aws_security_group_rule.node["ingress_self_coredns_tcp"]: Creating...
TestTerraformCompleteExample 2022-03-22T16:45:44Z logger.go:66: module.eks.aws_security_group_rule.node["ingress_cluster_kubelet"]: Creation complete after 3s [id=sgrule-1251120161]
TestTerraformCompleteExample 2022-03-22T16:45:44Z logger.go:66: module.eks.aws_security_group_rule.node["egress_self_coredns_udp"]: Creation complete after 4s [id=sgrule-2695532285]
TestTerraformCompleteExample 2022-03-22T16:45:45Z logger.go:66: module.eks.aws_security_group_rule.node["ingress_self_coredns_udp"]: Creation complete after 4s [id=sgrule-2648909049]
TestTerraformCompleteExample 2022-03-22T16:45:46Z logger.go:66: module.eks.aws_security_group_rule.node["egress_self_coredns_tcp"]: Creation complete after 4s [id=sgrule-785190043]
TestTerraformCompleteExample 2022-03-22T16:45:46Z logger.go:66: module.eks.aws_security_group_rule.node["egress_cluster_443"]: Creation complete after 5s [id=sgrule-3594557401]
TestTerraformCompleteExample 2022-03-22T16:45:47Z logger.go:66: module.eks.aws_security_group_rule.node["ingress_self_coredns_tcp"]: Creation complete after 3s [id=sgrule-968656662]
TestTerraformCompleteExample 2022-03-22T16:45:47Z logger.go:66: module.eks.aws_eks_cluster.this[0]: Creating...
TestTerraformCompleteExample 2022-03-22T16:45:48Z logger.go:66: module.vpc.aws_subnet.public[1]: Still creating... [10s elapsed]
TestTerraformCompleteExample 2022-03-22T16:45:48Z logger.go:66: module.vpc.aws_subnet.public[2]: Still creating... [10s elapsed]
TestTerraformCompleteExample 2022-03-22T16:45:48Z logger.go:66: module.vpc.aws_subnet.public[0]: Still creating... [10s elapsed]
TestTerraformCompleteExample 2022-03-22T16:45:49Z logger.go:66: module.vpc.aws_subnet.public[1]: Creation complete after 11s [id=subnet-05c4d53079958cf56]
TestTerraformCompleteExample 2022-03-22T16:45:49Z logger.go:66: module.vpc.aws_subnet.public[0]: Creation complete after 11s [id=subnet-0c7c7ab482c4e0626]
TestTerraformCompleteExample 2022-03-22T16:45:49Z logger.go:66: module.vpc.aws_subnet.public[2]: Creation complete after 12s [id=subnet-064d1068676a3aec6]
TestTerraformCompleteExample 2022-03-22T16:45:49Z logger.go:66: module.vpc.aws_route_table_association.public[2]: Creating...
TestTerraformCompleteExample 2022-03-22T16:45:49Z logger.go:66: module.vpc.aws_route_table_association.public[0]: Creating...
TestTerraformCompleteExample 2022-03-22T16:45:49Z logger.go:66: module.vpc.aws_route_table_association.public[1]: Creating...
TestTerraformCompleteExample 2022-03-22T16:45:49Z logger.go:66: module.vpc.aws_nat_gateway.this[0]: Creating...
TestTerraformCompleteExample 2022-03-22T16:45:50Z logger.go:66: module.vpc.aws_route_table_association.public[2]: Creation complete after 0s [id=rtbassoc-078c7313e0f90ea9f]
TestTerraformCompleteExample 2022-03-22T16:45:50Z logger.go:66: module.vpc.aws_route_table_association.public[0]: Creation complete after 0s [id=rtbassoc-052682682a9a83fc5]
TestTerraformCompleteExample 2022-03-22T16:45:50Z logger.go:66: module.vpc.aws_route_table_association.public[1]: Creation complete after 0s [id=rtbassoc-012264a86d3066f84]
TestTerraformCompleteExample 2022-03-22T16:45:57Z logger.go:66: module.eks.aws_eks_cluster.this[0]: Still creating... [10s elapsed]
TestTerraformCompleteExample 2022-03-22T16:45:59Z logger.go:66: module.vpc.aws_nat_gateway.this[0]: Still creating... [10s elapsed]
TestTerraformCompleteExample 2022-03-22T16:46:07Z logger.go:66: module.eks.aws_eks_cluster.this[0]: Still creating... [20s elapsed]
TestTerraformCompleteExample 2022-03-22T16:46:09Z logger.go:66: module.vpc.aws_nat_gateway.this[0]: Still creating... [20s elapsed]
TestTerraformCompleteExample 2022-03-22T16:46:17Z logger.go:66: module.eks.aws_eks_cluster.this[0]: Still creating... [30s elapsed]
TestTerraformCompleteExample 2022-03-22T16:46:19Z logger.go:66: module.vpc.aws_nat_gateway.this[0]: Still creating... [30s elapsed]
TestTerraformCompleteExample 2022-03-22T16:46:27Z logger.go:66: module.eks.aws_eks_cluster.this[0]: Still creating... [40s elapsed]
TestTerraformCompleteExample 2022-03-22T16:46:29Z logger.go:66: module.vpc.aws_nat_gateway.this[0]: Still creating... [40s elapsed]
TestTerraformCompleteExample 2022-03-22T16:46:37Z logger.go:66: module.eks.aws_eks_cluster.this[0]: Still creating... [50s elapsed]
TestTerraformCompleteExample 2022-03-22T16:46:39Z logger.go:66: module.vpc.aws_nat_gateway.this[0]: Still creating... [50s elapsed]
TestTerraformCompleteExample 2022-03-22T16:46:47Z logger.go:66: module.eks.aws_eks_cluster.this[0]: Still creating... [1m0s elapsed]
TestTerraformCompleteExample 2022-03-22T16:46:49Z logger.go:66: module.vpc.aws_nat_gateway.this[0]: Still creating... [1m0s elapsed]
TestTerraformCompleteExample 2022-03-22T16:46:57Z logger.go:66: module.eks.aws_eks_cluster.this[0]: Still creating... [1m10s elapsed]
TestTerraformCompleteExample 2022-03-22T16:46:59Z logger.go:66: module.vpc.aws_nat_gateway.this[0]: Still creating... [1m10s elapsed]
TestTerraformCompleteExample 2022-03-22T16:47:07Z logger.go:66: module.eks.aws_eks_cluster.this[0]: Still creating... [1m20s elapsed]
TestTerraformCompleteExample 2022-03-22T16:47:09Z logger.go:66: module.vpc.aws_nat_gateway.this[0]: Still creating... [1m20s elapsed]
TestTerraformCompleteExample 2022-03-22T16:47:17Z logger.go:66: module.eks.aws_eks_cluster.this[0]: Still creating... [1m30s elapsed]
TestTerraformCompleteExample 2022-03-22T16:47:19Z logger.go:66: module.vpc.aws_nat_gateway.this[0]: Still creating... [1m30s elapsed]
TestTerraformCompleteExample 2022-03-22T16:47:27Z logger.go:66: module.eks.aws_eks_cluster.this[0]: Still creating... [1m40s elapsed]
TestTerraformCompleteExample 2022-03-22T16:47:29Z logger.go:66: module.vpc.aws_nat_gateway.this[0]: Still creating... [1m40s elapsed]
TestTerraformCompleteExample 2022-03-22T16:47:34Z logger.go:66: module.vpc.aws_nat_gateway.this[0]: Creation complete after 1m44s [id=nat-0707715ce9ae217a8]
TestTerraformCompleteExample 2022-03-22T16:47:34Z logger.go:66: module.vpc.aws_route.private_nat_gateway[0]: Creating...
TestTerraformCompleteExample 2022-03-22T16:47:35Z logger.go:66: module.vpc.aws_route.private_nat_gateway[0]: Creation complete after 1s [id=r-rtb-0d02292148e6f87a81080289494]
TestTerraformCompleteExample 2022-03-22T16:47:37Z logger.go:66: module.eks.aws_eks_cluster.this[0]: Still creating... [1m50s elapsed]
TestTerraformCompleteExample 2022-03-22T16:47:47Z logger.go:66: module.eks.aws_eks_cluster.this[0]: Still creating... [2m0s elapsed]
TestTerraformCompleteExample 2022-03-22T16:47:57Z logger.go:66: module.eks.aws_eks_cluster.this[0]: Still creating... [2m10s elapsed]
TestTerraformCompleteExample 2022-03-22T16:48:07Z logger.go:66: module.eks.aws_eks_cluster.this[0]: Still creating... [2m20s elapsed]
TestTerraformCompleteExample 2022-03-22T16:48:17Z logger.go:66: module.eks.aws_eks_cluster.this[0]: Still creating... [2m30s elapsed]
TestTerraformCompleteExample 2022-03-22T16:48:27Z logger.go:66: module.eks.aws_eks_cluster.this[0]: Still creating... [2m40s elapsed]
TestTerraformCompleteExample 2022-03-22T16:48:37Z logger.go:66: module.eks.aws_eks_cluster.this[0]: Still creating... [2m50s elapsed]
TestTerraformCompleteExample 2022-03-22T16:48:47Z logger.go:66: module.eks.aws_eks_cluster.this[0]: Still creating... [3m0s elapsed]
TestTerraformCompleteExample 2022-03-22T16:48:57Z logger.go:66: module.eks.aws_eks_cluster.this[0]: Still creating... [3m10s elapsed]
TestTerraformCompleteExample 2022-03-22T16:49:07Z logger.go:66: module.eks.aws_eks_cluster.this[0]: Still creating... [3m20s elapsed]
TestTerraformCompleteExample 2022-03-22T16:49:17Z logger.go:66: module.eks.aws_eks_cluster.this[0]: Still creating... [3m30s elapsed]
TestTerraformCompleteExample 2022-03-22T16:49:27Z logger.go:66: module.eks.aws_eks_cluster.this[0]: Still creating... [3m40s elapsed]
TestTerraformCompleteExample 2022-03-22T16:49:37Z logger.go:66: module.eks.aws_eks_cluster.this[0]: Still creating... [3m50s elapsed]
TestTerraformCompleteExample 2022-03-22T16:49:47Z logger.go:66: module.eks.aws_eks_cluster.this[0]: Still creating... [4m0s elapsed]
TestTerraformCompleteExample 2022-03-22T16:49:57Z logger.go:66: module.eks.aws_eks_cluster.this[0]: Still creating... [4m10s elapsed]
TestTerraformCompleteExample 2022-03-22T16:50:07Z logger.go:66: module.eks.aws_eks_cluster.this[0]: Still creating... [4m20s elapsed]
TestTerraformCompleteExample 2022-03-22T16:50:17Z logger.go:66: module.eks.aws_eks_cluster.this[0]: Still creating... [4m30s elapsed]
TestTerraformCompleteExample 2022-03-22T16:50:27Z logger.go:66: module.eks.aws_eks_cluster.this[0]: Still creating... [4m40s elapsed]
TestTerraformCompleteExample 2022-03-22T16:50:37Z logger.go:66: module.eks.aws_eks_cluster.this[0]: Still creating... [4m50s elapsed]
TestTerraformCompleteExample 2022-03-22T16:50:47Z logger.go:66: module.eks.aws_eks_cluster.this[0]: Still creating... [5m0s elapsed]
TestTerraformCompleteExample 2022-03-22T16:50:57Z logger.go:66: module.eks.aws_eks_cluster.this[0]: Still creating... [5m10s elapsed]
TestTerraformCompleteExample 2022-03-22T16:51:07Z logger.go:66: module.eks.aws_eks_cluster.this[0]: Still creating... [5m20s elapsed]
TestTerraformCompleteExample 2022-03-22T16:51:17Z logger.go:66: module.eks.aws_eks_cluster.this[0]: Still creating... [5m30s elapsed]
TestTerraformCompleteExample 2022-03-22T16:51:27Z logger.go:66: module.eks.aws_eks_cluster.this[0]: Still creating... [5m40s elapsed]
TestTerraformCompleteExample 2022-03-22T16:51:37Z logger.go:66: module.eks.aws_eks_cluster.this[0]: Still creating... [5m50s elapsed]
TestTerraformCompleteExample 2022-03-22T16:51:46Z logger.go:66: module.eks.aws_eks_cluster.this[0]: Still creating... [6m0s elapsed]
TestTerraformCompleteExample 2022-03-22T16:51:56Z logger.go:66: module.eks.aws_eks_cluster.this[0]: Still creating... [6m10s elapsed]
TestTerraformCompleteExample 2022-03-22T16:52:06Z logger.go:66: module.eks.aws_eks_cluster.this[0]: Still creating... [6m20s elapsed]
TestTerraformCompleteExample 2022-03-22T16:52:16Z logger.go:66: module.eks.aws_eks_cluster.this[0]: Still creating... [6m30s elapsed]
TestTerraformCompleteExample 2022-03-22T16:52:26Z logger.go:66: module.eks.aws_eks_cluster.this[0]: Still creating... [6m40s elapsed]
TestTerraformCompleteExample 2022-03-22T16:52:36Z logger.go:66: module.eks.aws_eks_cluster.this[0]: Still creating... [6m50s elapsed]
TestTerraformCompleteExample 2022-03-22T16:52:46Z logger.go:66: module.eks.aws_eks_cluster.this[0]: Still creating... [7m0s elapsed]
TestTerraformCompleteExample 2022-03-22T16:52:56Z logger.go:66: module.eks.aws_eks_cluster.this[0]: Still creating... [7m10s elapsed]
TestTerraformCompleteExample 2022-03-22T16:53:06Z logger.go:66: module.eks.aws_eks_cluster.this[0]: Still creating... [7m20s elapsed]
TestTerraformCompleteExample 2022-03-22T16:53:16Z logger.go:66: module.eks.aws_eks_cluster.this[0]: Still creating... [7m30s elapsed]
TestTerraformCompleteExample 2022-03-22T16:53:26Z logger.go:66: module.eks.aws_eks_cluster.this[0]: Still creating... [7m40s elapsed]
TestTerraformCompleteExample 2022-03-22T16:53:36Z logger.go:66: module.eks.aws_eks_cluster.this[0]: Still creating... [7m50s elapsed]
TestTerraformCompleteExample 2022-03-22T16:53:46Z logger.go:66: module.eks.aws_eks_cluster.this[0]: Still creating... [8m0s elapsed]
TestTerraformCompleteExample 2022-03-22T16:53:56Z logger.go:66: module.eks.aws_eks_cluster.this[0]: Still creating... [8m10s elapsed]
TestTerraformCompleteExample 2022-03-22T16:54:06Z logger.go:66: module.eks.aws_eks_cluster.this[0]: Still creating... [8m20s elapsed]
TestTerraformCompleteExample 2022-03-22T16:54:16Z logger.go:66: module.eks.aws_eks_cluster.this[0]: Still creating... [8m30s elapsed]
TestTerraformCompleteExample 2022-03-22T16:54:26Z logger.go:66: module.eks.aws_eks_cluster.this[0]: Still creating... [8m40s elapsed]
TestTerraformCompleteExample 2022-03-22T16:54:36Z logger.go:66: module.eks.aws_eks_cluster.this[0]: Still creating... [8m50s elapsed]
TestTerraformCompleteExample 2022-03-22T16:54:46Z logger.go:66: module.eks.aws_eks_cluster.this[0]: Still creating... [9m0s elapsed]
TestTerraformCompleteExample 2022-03-22T16:54:56Z logger.go:66: module.eks.aws_eks_cluster.this[0]: Still creating... [9m10s elapsed]
TestTerraformCompleteExample 2022-03-22T16:55:06Z logger.go:66: module.eks.aws_eks_cluster.this[0]: Still creating... [9m20s elapsed]
TestTerraformCompleteExample 2022-03-22T16:55:16Z logger.go:66: module.eks.aws_eks_cluster.this[0]: Still creating... [9m30s elapsed]
TestTerraformCompleteExample 2022-03-22T16:55:26Z logger.go:66: module.eks.aws_eks_cluster.this[0]: Still creating... [9m40s elapsed]
TestTerraformCompleteExample 2022-03-22T16:55:36Z logger.go:66: module.eks.aws_eks_cluster.this[0]: Still creating... [9m50s elapsed]
TestTerraformCompleteExample 2022-03-22T16:55:46Z logger.go:66: module.eks.aws_eks_cluster.this[0]: Still creating... [10m0s elapsed]
TestTerraformCompleteExample 2022-03-22T16:55:56Z logger.go:66: module.eks.aws_eks_cluster.this[0]: Still creating... [10m10s elapsed]
TestTerraformCompleteExample 2022-03-22T16:56:06Z logger.go:66: module.eks.aws_eks_cluster.this[0]: Still creating... [10m20s elapsed]
TestTerraformCompleteExample 2022-03-22T16:56:12Z logger.go:66: module.eks.aws_eks_cluster.this[0]: Creation complete after 10m26s [id=ex-complete]
TestTerraformCompleteExample 2022-03-22T16:56:12Z logger.go:66: module.eks.data.tls_certificate.this[0]: Reading...
TestTerraformCompleteExample 2022-03-22T16:56:12Z logger.go:66: data.aws_eks_cluster.cluster: Reading...
TestTerraformCompleteExample 2022-03-22T16:56:12Z logger.go:66: data.aws_eks_cluster_auth.cluster: Reading...
TestTerraformCompleteExample 2022-03-22T16:56:12Z logger.go:66: data.aws_eks_cluster_auth.cluster: Read complete after 0s [id=ex-complete]
TestTerraformCompleteExample 2022-03-22T16:56:12Z logger.go:66: module.eks.module.fargate_profile["bar"].aws_eks_fargate_profile.this[0]: Creating...
TestTerraformCompleteExample 2022-03-22T16:56:12Z logger.go:66: module.eks.module.eks_managed_node_group["foo"].aws_launch_template.this[0]: Creating...
TestTerraformCompleteExample 2022-03-22T16:56:12Z logger.go:66: module.eks.module.self_managed_node_group["boo"].aws_launch_template.this[0]: Creating...
TestTerraformCompleteExample 2022-03-22T16:56:12Z logger.go:66: data.aws_eks_cluster.cluster: Read complete after 0s [id=ex-complete]
TestTerraformCompleteExample 2022-03-22T16:56:13Z logger.go:66: module.eks.data.tls_certificate.this[0]: Read complete after 0s [id=2022-03-22 16:56:13.0025017 +0000 UTC]
TestTerraformCompleteExample 2022-03-22T16:56:13Z logger.go:66: module.eks.module.eks_managed_node_group["foo"].aws_launch_template.this[0]: Creation complete after 1s [id=lt-09d4c05a368471446]
TestTerraformCompleteExample 2022-03-22T16:56:13Z logger.go:66: module.eks.aws_iam_openid_connect_provider.oidc_provider[0]: Creating...
TestTerraformCompleteExample 2022-03-22T16:56:13Z logger.go:66: module.eks.module.self_managed_node_group["boo"].aws_launch_template.this[0]: Creation complete after 1s [id=lt-089ca2a393e2a30df]
TestTerraformCompleteExample 2022-03-22T16:56:13Z logger.go:66: module.eks.module.eks_managed_node_group["foo"].aws_eks_node_group.this[0]: Creating...
TestTerraformCompleteExample 2022-03-22T16:56:13Z logger.go:66: module.eks.module.self_managed_node_group["boo"].aws_autoscaling_group.this[0]: Creating...
TestTerraformCompleteExample 2022-03-22T16:56:13Z logger.go:66: module.eks_auth.kubernetes_role_v1.aws_auth: Creating...
TestTerraformCompleteExample 2022-03-22T16:56:13Z logger.go:66: module.eks_auth.kubernetes_service_account_v1.aws_auth: Creating...
TestTerraformCompleteExample 2022-03-22T16:56:14Z logger.go:66: module.eks.aws_iam_openid_connect_provider.oidc_provider[0]: Creation complete after 0s [id=arn:aws:iam::11111111111:oidc-provider/oidc.eks.us-west-2.amazonaws.com/id/DF1F0CD6FBE47A3B979A37B39CC04209]
TestTerraformCompleteExample 2022-03-22T16:56:14Z logger.go:66: module.eks_auth.kubernetes_role_v1.aws_auth: Creation complete after 1s [id=kube-system/terraform-eks-auth-aws]
TestTerraformCompleteExample 2022-03-22T16:56:14Z logger.go:66: module.eks_auth.kubernetes_service_account_v1.aws_auth: Creation complete after 1s [id=kube-system/terraform-eks-auth-aws]
TestTerraformCompleteExample 2022-03-22T16:56:14Z logger.go:66: module.eks_auth.kubernetes_role_binding_v1.aws_auth: Creating...
TestTerraformCompleteExample 2022-03-22T16:56:14Z logger.go:66: module.eks_auth.kubernetes_role_binding_v1.aws_auth: Creation complete after 0s [id=kube-system/terraform-eks-auth-aws]
TestTerraformCompleteExample 2022-03-22T16:56:22Z logger.go:66: module.eks.module.fargate_profile["bar"].aws_eks_fargate_profile.this[0]: Still creating... [10s elapsed]
TestTerraformCompleteExample 2022-03-22T16:56:23Z logger.go:66: module.eks.module.eks_managed_node_group["foo"].aws_eks_node_group.this[0]: Still creating... [10s elapsed]
TestTerraformCompleteExample 2022-03-22T16:56:23Z logger.go:66: module.eks.module.self_managed_node_group["boo"].aws_autoscaling_group.this[0]: Still creating... [10s elapsed]
TestTerraformCompleteExample 2022-03-22T16:56:32Z logger.go:66: module.eks.module.fargate_profile["bar"].aws_eks_fargate_profile.this[0]: Still creating... [20s elapsed]
TestTerraformCompleteExample 2022-03-22T16:56:33Z logger.go:66: module.eks.module.eks_managed_node_group["foo"].aws_eks_node_group.this[0]: Still creating... [20s elapsed]
TestTerraformCompleteExample 2022-03-22T16:56:33Z logger.go:66: module.eks.module.self_managed_node_group["boo"].aws_autoscaling_group.this[0]: Still creating... [20s elapsed]
TestTerraformCompleteExample 2022-03-22T16:56:42Z logger.go:66: module.eks.module.self_managed_node_group["boo"].aws_autoscaling_group.this[0]: Creation complete after 28s [id=boo-2022032216561367460000001b]
TestTerraformCompleteExample 2022-03-22T16:56:42Z logger.go:66: module.eks.module.fargate_profile["bar"].aws_eks_fargate_profile.this[0]: Still creating... [30s elapsed]
TestTerraformCompleteExample 2022-03-22T16:56:43Z logger.go:66: module.eks.module.eks_managed_node_group["foo"].aws_eks_node_group.this[0]: Still creating... [30s elapsed]
TestTerraformCompleteExample 2022-03-22T16:56:52Z logger.go:66: module.eks.module.fargate_profile["bar"].aws_eks_fargate_profile.this[0]: Still creating... [40s elapsed]
TestTerraformCompleteExample 2022-03-22T16:56:53Z logger.go:66: module.eks.module.eks_managed_node_group["foo"].aws_eks_node_group.this[0]: Still creating... [40s elapsed]
TestTerraformCompleteExample 2022-03-22T16:57:02Z logger.go:66: module.eks.module.fargate_profile["bar"].aws_eks_fargate_profile.this[0]: Still creating... [50s elapsed]
TestTerraformCompleteExample 2022-03-22T16:57:03Z logger.go:66: module.eks.module.eks_managed_node_group["foo"].aws_eks_node_group.this[0]: Still creating... [50s elapsed]
TestTerraformCompleteExample 2022-03-22T16:57:12Z logger.go:66: module.eks.module.fargate_profile["bar"].aws_eks_fargate_profile.this[0]: Still creating... [1m0s elapsed]
TestTerraformCompleteExample 2022-03-22T16:57:13Z logger.go:66: module.eks.module.eks_managed_node_group["foo"].aws_eks_node_group.this[0]: Still creating... [1m0s elapsed]
TestTerraformCompleteExample 2022-03-22T16:57:22Z logger.go:66: module.eks.module.fargate_profile["bar"].aws_eks_fargate_profile.this[0]: Still creating... [1m10s elapsed]
TestTerraformCompleteExample 2022-03-22T16:57:23Z logger.go:66: module.eks.module.eks_managed_node_group["foo"].aws_eks_node_group.this[0]: Still creating... [1m10s elapsed]
TestTerraformCompleteExample 2022-03-22T16:57:32Z logger.go:66: module.eks.module.fargate_profile["bar"].aws_eks_fargate_profile.this[0]: Still creating... [1m20s elapsed]
TestTerraformCompleteExample 2022-03-22T16:57:33Z logger.go:66: module.eks.module.eks_managed_node_group["foo"].aws_eks_node_group.this[0]: Still creating... [1m20s elapsed]
TestTerraformCompleteExample 2022-03-22T16:57:42Z logger.go:66: module.eks.module.fargate_profile["bar"].aws_eks_fargate_profile.this[0]: Still creating... [1m30s elapsed]
TestTerraformCompleteExample 2022-03-22T16:57:43Z logger.go:66: module.eks.module.eks_managed_node_group["foo"].aws_eks_node_group.this[0]: Still creating... [1m30s elapsed]
TestTerraformCompleteExample 2022-03-22T16:57:52Z logger.go:66: module.eks.module.fargate_profile["bar"].aws_eks_fargate_profile.this[0]: Still creating... [1m40s elapsed]
TestTerraformCompleteExample 2022-03-22T16:57:53Z logger.go:66: module.eks.module.eks_managed_node_group["foo"].aws_eks_node_group.this[0]: Still creating... [1m40s elapsed]
TestTerraformCompleteExample 2022-03-22T16:58:02Z logger.go:66: module.eks.module.fargate_profile["bar"].aws_eks_fargate_profile.this[0]: Still creating... [1m50s elapsed]
TestTerraformCompleteExample 2022-03-22T16:58:03Z logger.go:66: module.eks.module.eks_managed_node_group["foo"].aws_eks_node_group.this[0]: Still creating... [1m50s elapsed]
TestTerraformCompleteExample 2022-03-22T16:58:12Z logger.go:66: module.eks.module.fargate_profile["bar"].aws_eks_fargate_profile.this[0]: Still creating... [2m0s elapsed]
TestTerraformCompleteExample 2022-03-22T16:58:13Z logger.go:66: module.eks.module.eks_managed_node_group["foo"].aws_eks_node_group.this[0]: Still creating... [2m0s elapsed]
TestTerraformCompleteExample 2022-03-22T16:58:22Z logger.go:66: module.eks.module.fargate_profile["bar"].aws_eks_fargate_profile.this[0]: Still creating... [2m10s elapsed]
TestTerraformCompleteExample 2022-03-22T16:58:23Z logger.go:66: module.eks.module.eks_managed_node_group["foo"].aws_eks_node_group.this[0]: Still creating... [2m10s elapsed]
TestTerraformCompleteExample 2022-03-22T16:58:32Z logger.go:66: module.eks.module.fargate_profile["bar"].aws_eks_fargate_profile.this[0]: Still creating... [2m20s elapsed]
TestTerraformCompleteExample 2022-03-22T16:58:33Z logger.go:66: module.eks.module.eks_managed_node_group["foo"].aws_eks_node_group.this[0]: Still creating... [2m20s elapsed]
TestTerraformCompleteExample 2022-03-22T16:58:34Z logger.go:66: module.eks.module.eks_managed_node_group["foo"].aws_eks_node_group.this[0]: Creation complete after 2m20s [id=ex-complete:foo-20220322165613661300000019]
TestTerraformCompleteExample 2022-03-22T16:58:42Z logger.go:66: module.eks.module.fargate_profile["bar"].aws_eks_fargate_profile.this[0]: Still creating... [2m30s elapsed]
TestTerraformCompleteExample 2022-03-22T16:58:52Z logger.go:66: module.eks.module.fargate_profile["bar"].aws_eks_fargate_profile.this[0]: Still creating... [2m40s elapsed]
TestTerraformCompleteExample 2022-03-22T16:59:00Z logger.go:66: module.eks.module.fargate_profile["bar"].aws_eks_fargate_profile.this[0]: Creation complete after 2m47s [id=ex-complete:bar]
TestTerraformCompleteExample 2022-03-22T16:59:00Z logger.go:66: module.eks_auth.data.aws_eks_cluster.cluster: Reading...
TestTerraformCompleteExample 2022-03-22T16:59:00Z logger.go:66: module.eks_auth.data.aws_eks_cluster.cluster: Read complete after 0s [id=ex-complete]
TestTerraformCompleteExample 2022-03-22T16:59:00Z logger.go:66: module.eks_auth.kubernetes_job_v1.aws_auth[0]: Creating...
TestTerraformCompleteExample 2022-03-22T16:59:08Z logger.go:66: module.eks_auth.kubernetes_job_v1.aws_auth[0]: Creation complete after 8s [id=kube-system/terraform-eks-auth-aws]
TestTerraformCompleteExample 2022-03-22T16:59:08Z logger.go:66: module.eks_auth.kubernetes_config_map_v1.aws_auth[0]: Creating...
TestTerraformCompleteExample 2022-03-22T16:59:08Z logger.go:66: module.eks_auth.kubernetes_config_map_v1.aws_auth[0]: Creation complete after 1s [id=kube-system/aws-auth]
TestTerraformCompleteExample 2022-03-22T16:59:08Z logger.go:66:
TestTerraformCompleteExample 2022-03-22T16:59:08Z logger.go:66: Apply complete! Resources: 65 added, 0 changed, 0 destroyed.
TestTerraformCompleteExample 2022-03-22T16:59:08Z logger.go:66:
TestTerraformCompleteExample 2022-03-22T16:59:08Z logger.go:66: Outputs:
TestTerraformCompleteExample 2022-03-22T16:59:08Z logger.go:66:
TestTerraformCompleteExample 2022-03-22T16:59:08Z logger.go:66: fargate_profile_iam_role_arn = "arn:aws:iam::11111111111:role/bar-20220322164526193400000003"
TestTerraformCompleteExample 2022-03-22T16:59:08Z logger.go:66: managed_node_group_iam_role_arn = "arn:aws:iam::11111111111:role/foo-eks-node-group-20220322164526193400000004"
TestTerraformCompleteExample 2022-03-22T16:59:08Z logger.go:66: map_accounts = tolist([
TestTerraformCompleteExample 2022-03-22T16:59:08Z logger.go:66:   "777777777777",
TestTerraformCompleteExample 2022-03-22T16:59:08Z logger.go:66:   "888888888888",
TestTerraformCompleteExample 2022-03-22T16:59:08Z logger.go:66: ])
TestTerraformCompleteExample 2022-03-22T16:59:08Z logger.go:66: map_roles = tolist([
TestTerraformCompleteExample 2022-03-22T16:59:08Z logger.go:66:   {
TestTerraformCompleteExample 2022-03-22T16:59:08Z logger.go:66:     "groups" = tolist([
TestTerraformCompleteExample 2022-03-22T16:59:08Z logger.go:66:       "system:bootstrappers",
TestTerraformCompleteExample 2022-03-22T16:59:08Z logger.go:66:       "system:nodes",
TestTerraformCompleteExample 2022-03-22T16:59:08Z logger.go:66:     ])
TestTerraformCompleteExample 2022-03-22T16:59:08Z logger.go:66:     "rolearn" = "arn:aws:iam::11111111111:role/foo-eks-node-group-20220322164526193400000004"
TestTerraformCompleteExample 2022-03-22T16:59:08Z logger.go:66:     "username" = "system:node:{{EC2PrivateDNSName}}"
TestTerraformCompleteExample 2022-03-22T16:59:08Z logger.go:66:   },
TestTerraformCompleteExample 2022-03-22T16:59:08Z logger.go:66:   {
TestTerraformCompleteExample 2022-03-22T16:59:08Z logger.go:66:     "groups" = tolist([
TestTerraformCompleteExample 2022-03-22T16:59:08Z logger.go:66:       "system:bootstrappers",
TestTerraformCompleteExample 2022-03-22T16:59:08Z logger.go:66:       "system:nodes",
TestTerraformCompleteExample 2022-03-22T16:59:08Z logger.go:66:     ])
TestTerraformCompleteExample 2022-03-22T16:59:08Z logger.go:66:     "rolearn" = "arn:aws:iam::11111111111:role/boo-node-group-20220322164526180300000002"
TestTerraformCompleteExample 2022-03-22T16:59:08Z logger.go:66:     "username" = "system:node:{{EC2PrivateDNSName}}"
TestTerraformCompleteExample 2022-03-22T16:59:08Z logger.go:66:   },
TestTerraformCompleteExample 2022-03-22T16:59:08Z logger.go:66:   {
TestTerraformCompleteExample 2022-03-22T16:59:08Z logger.go:66:     "groups" = tolist([
TestTerraformCompleteExample 2022-03-22T16:59:08Z logger.go:66:       "system:bootstrappers",
TestTerraformCompleteExample 2022-03-22T16:59:08Z logger.go:66:       "system:nodes",
TestTerraformCompleteExample 2022-03-22T16:59:08Z logger.go:66:       "system:node-proxier",
TestTerraformCompleteExample 2022-03-22T16:59:08Z logger.go:66:     ])
TestTerraformCompleteExample 2022-03-22T16:59:08Z logger.go:66:     "rolearn" = "arn:aws:iam::11111111111:role/bar-20220322164526193400000003"
TestTerraformCompleteExample 2022-03-22T16:59:08Z logger.go:66:     "username" = "system:node:{{SessionName}}"
TestTerraformCompleteExample 2022-03-22T16:59:08Z logger.go:66:   },
TestTerraformCompleteExample 2022-03-22T16:59:08Z logger.go:66:   {
TestTerraformCompleteExample 2022-03-22T16:59:08Z logger.go:66:     "groups" = tolist([
TestTerraformCompleteExample 2022-03-22T16:59:08Z logger.go:66:       "system:masters",
TestTerraformCompleteExample 2022-03-22T16:59:08Z logger.go:66:     ])
TestTerraformCompleteExample 2022-03-22T16:59:08Z logger.go:66:     "rolearn" = "arn:aws:iam::66666666666:role/role1"
TestTerraformCompleteExample 2022-03-22T16:59:08Z logger.go:66:     "username" = "role1"
TestTerraformCompleteExample 2022-03-22T16:59:08Z logger.go:66:   },
TestTerraformCompleteExample 2022-03-22T16:59:08Z logger.go:66: ])
TestTerraformCompleteExample 2022-03-22T16:59:08Z logger.go:66: map_users = tolist([
TestTerraformCompleteExample 2022-03-22T16:59:08Z logger.go:66:   {
TestTerraformCompleteExample 2022-03-22T16:59:08Z logger.go:66:     "groups" = tolist([
TestTerraformCompleteExample 2022-03-22T16:59:08Z logger.go:66:       "system:masters",
TestTerraformCompleteExample 2022-03-22T16:59:08Z logger.go:66:     ])
TestTerraformCompleteExample 2022-03-22T16:59:08Z logger.go:66:     "userarn" = "arn:aws:iam::66666666666:user/user1"
TestTerraformCompleteExample 2022-03-22T16:59:08Z logger.go:66:     "username" = "user1"
TestTerraformCompleteExample 2022-03-22T16:59:08Z logger.go:66:   },
TestTerraformCompleteExample 2022-03-22T16:59:08Z logger.go:66:   {
TestTerraformCompleteExample 2022-03-22T16:59:08Z logger.go:66:     "groups" = tolist([
TestTerraformCompleteExample 2022-03-22T16:59:08Z logger.go:66:       "system:masters",
TestTerraformCompleteExample 2022-03-22T16:59:08Z logger.go:66:     ])
TestTerraformCompleteExample 2022-03-22T16:59:08Z logger.go:66:     "userarn" = "arn:aws:iam::66666666666:user/user2"
TestTerraformCompleteExample 2022-03-22T16:59:08Z logger.go:66:     "username" = "user2"
TestTerraformCompleteExample 2022-03-22T16:59:08Z logger.go:66:   },
TestTerraformCompleteExample 2022-03-22T16:59:08Z logger.go:66: ])
TestTerraformCompleteExample 2022-03-22T16:59:08Z logger.go:66: self_managed_node_group_iam_role_arn = "arn:aws:iam::11111111111:role/boo-node-group-20220322164526180300000002"
TestTerraformCompleteExample 2022-03-22T16:59:08Z retry.go:91: terraform [output -no-color -json managed_node_group_iam_role_arn]
TestTerraformCompleteExample 2022-03-22T16:59:08Z logger.go:66: Running command terraform with args [output -no-color -json managed_node_group_iam_role_arn]
TestTerraformCompleteExample 2022-03-22T16:59:10Z logger.go:66: "arn:aws:iam::11111111111:role/foo-eks-node-group-20220322164526193400000004"
TestTerraformCompleteExample 2022-03-22T16:59:10Z retry.go:91: terraform [output -no-color -json self_managed_node_group_iam_role_arn]
TestTerraformCompleteExample 2022-03-22T16:59:10Z logger.go:66: Running command terraform with args [output -no-color -json self_managed_node_group_iam_role_arn]
TestTerraformCompleteExample 2022-03-22T16:59:12Z logger.go:66: "arn:aws:iam::11111111111:role/boo-node-group-20220322164526180300000002"
TestTerraformCompleteExample 2022-03-22T16:59:12Z retry.go:91: terraform [output -no-color -json fargate_profile_iam_role_arn]
TestTerraformCompleteExample 2022-03-22T16:59:12Z logger.go:66: Running command terraform with args [output -no-color -json fargate_profile_iam_role_arn]
TestTerraformCompleteExample 2022-03-22T16:59:13Z logger.go:66: "arn:aws:iam::11111111111:role/bar-20220322164526193400000003"
TestTerraformCompleteExample 2022-03-22T16:59:13Z retry.go:91: terraform [output -no-color -json map_roles]
TestTerraformCompleteExample 2022-03-22T16:59:13Z logger.go:66: Running command terraform with args [output -no-color -json map_roles]
TestTerraformCompleteExample 2022-03-22T16:59:14Z logger.go:66: [{"groups":["system:bootstrappers","system:nodes"],"rolearn":"arn:aws:iam::11111111111:role/foo-eks-node-group-20220322164526193400000004","username":"system:node:{{EC2PrivateDNSName}}"},{"groups":["system:bootstrappers","system:nodes"],"rolearn":"arn:aws:iam::11111111111:role/boo-node-group-20220322164526180300000002","username":"system:node:{{EC2PrivateDNSName}}"},{"groups":["system:bootstrappers","system:nodes","system:node-proxier"],"rolearn":"arn:aws:iam::11111111111:role/bar-20220322164526193400000003","username":"system:node:{{SessionName}}"},{"groups":["system:masters"],"rolearn":"arn:aws:iam::66666666666:role/role1","username":"role1"}]
TestTerraformCompleteExample 2022-03-22T16:59:14Z retry.go:91: terraform [output -no-color -json map_users]
TestTerraformCompleteExample 2022-03-22T16:59:14Z logger.go:66: Running command terraform with args [output -no-color -json map_users]
TestTerraformCompleteExample 2022-03-22T16:59:16Z logger.go:66: [{"groups":["system:masters"],"userarn":"arn:aws:iam::66666666666:user/user1","username":"user1"},{"groups":["system:masters"],"userarn":"arn:aws:iam::66666666666:user/user2","username":"user2"}]
TestTerraformCompleteExample 2022-03-22T16:59:16Z retry.go:91: terraform [output -no-color -json map_accounts]
TestTerraformCompleteExample 2022-03-22T16:59:16Z logger.go:66: Running command terraform with args [output -no-color -json map_accounts]
TestTerraformCompleteExample 2022-03-22T16:59:17Z logger.go:66: ["777777777777","888888888888"]
TestTerraformCompleteExample 2022-03-22T16:59:17Z retry.go:91: terraform [apply -input=false -auto-approve -no-color -lock=false]
TestTerraformCompleteExample 2022-03-22T16:59:17Z logger.go:66: Running command terraform with args [apply -input=false -auto-approve -no-color -lock=false]
TestTerraformCompleteExample 2022-03-22T16:59:23Z logger.go:66: module.vpc.aws_eip.nat[0]: Refreshing state... [id=eipalloc-0e7ddf98e67ae82f9]
TestTerraformCompleteExample 2022-03-22T16:59:23Z logger.go:66: module.eks.aws_cloudwatch_log_group.this[0]: Refreshing state... [id=/aws/eks/ex-complete/cluster]
TestTerraformCompleteExample 2022-03-22T16:59:23Z logger.go:66: module.vpc.aws_vpc.this[0]: Refreshing state... [id=vpc-095ec8e5b71fefea7]
TestTerraformCompleteExample 2022-03-22T16:59:23Z logger.go:66: module.eks.module.eks_managed_node_group["foo"].aws_iam_role.this[0]: Refreshing state... [id=foo-eks-node-group-20220322164526193400000004]
TestTerraformCompleteExample 2022-03-22T16:59:23Z logger.go:66: module.eks.module.fargate_profile["bar"].aws_iam_role.this[0]: Refreshing state... [id=bar-20220322164526193400000003]
TestTerraformCompleteExample 2022-03-22T16:59:23Z logger.go:66: module.eks.aws_iam_role.this[0]: Refreshing state... [id=ex-complete-cluster-20220322164526180200000001]
TestTerraformCompleteExample 2022-03-22T16:59:23Z logger.go:66: module.eks.module.self_managed_node_group["boo"].aws_iam_role.this[0]: Refreshing state... [id=boo-node-group-20220322164526180300000002]
TestTerraformCompleteExample 2022-03-22T16:59:24Z logger.go:66: module.eks.module.self_managed_node_group["boo"].aws_security_group.this[0]: Refreshing state... [id=sg-0693caaee0686d202]
TestTerraformCompleteExample 2022-03-22T16:59:24Z logger.go:66: module.eks.module.eks_managed_node_group["foo"].aws_security_group.this[0]: Refreshing state... [id=sg-00e6648082f5e3188]
TestTerraformCompleteExample 2022-03-22T16:59:24Z logger.go:66: module.eks.aws_security_group.node[0]: Refreshing state... [id=sg-05c945c8db9060585]
TestTerraformCompleteExample 2022-03-22T16:59:24Z logger.go:66: module.eks.aws_security_group.cluster[0]: Refreshing state... [id=sg-01dcd30a0adb10420]
TestTerraformCompleteExample 2022-03-22T16:59:24Z logger.go:66: module.vpc.aws_route_table.public[0]: Refreshing state... [id=rtb-069abf81880306030]
TestTerraformCompleteExample 2022-03-22T16:59:24Z logger.go:66: module.vpc.aws_internet_gateway.this[0]: Refreshing state... [id=igw-0113d2cf92ef1a256]
TestTerraformCompleteExample 2022-03-22T16:59:24Z logger.go:66: module.vpc.aws_subnet.private[0]: Refreshing state... [id=subnet-04c75e593a0c457f8]
TestTerraformCompleteExample 2022-03-22T16:59:24Z logger.go:66: module.vpc.aws_subnet.private[1]: Refreshing state... [id=subnet-02a34e245fc2cc409]
TestTerraformCompleteExample 2022-03-22T16:59:24Z logger.go:66: module.vpc.aws_subnet.private[2]: Refreshing state... [id=subnet-052f6c3ae3574de6b]
TestTerraformCompleteExample 2022-03-22T16:59:24Z logger.go:66: module.vpc.aws_route_table.private[0]: Refreshing state... [id=rtb-0d02292148e6f87a8]
TestTerraformCompleteExample 2022-03-22T16:59:24Z logger.go:66: module.vpc.aws_subnet.public[2]: Refreshing state... [id=subnet-064d1068676a3aec6]
TestTerraformCompleteExample 2022-03-22T16:59:24Z logger.go:66: module.vpc.aws_subnet.public[0]: Refreshing state... [id=subnet-0c7c7ab482c4e0626]
TestTerraformCompleteExample 2022-03-22T16:59:24Z logger.go:66: module.vpc.aws_subnet.public[1]: Refreshing state... [id=subnet-05c4d53079958cf56]
TestTerraformCompleteExample 2022-03-22T16:59:24Z logger.go:66: module.eks.module.fargate_profile["bar"].aws_iam_role_policy_attachment.this["arn:aws:iam::aws:policy/AmazonEKSFargatePodExecutionRolePolicy"]: Refreshing state... [id=bar-20220322164526193400000003-20220322164527642700000006]
TestTerraformCompleteExample 2022-03-22T16:59:24Z logger.go:66: module.eks.module.self_managed_node_group["boo"].aws_iam_instance_profile.this[0]: Refreshing state... [id=boo-node-group-2022032216452786200000000e]
TestTerraformCompleteExample 2022-03-22T16:59:24Z logger.go:66: module.eks.module.fargate_profile["bar"].aws_iam_role_policy_attachment.this["arn:aws:iam::aws:policy/AmazonEKS_CNI_Policy"]: Refreshing state... [id=bar-20220322164526193400000003-2022032216452774850000000a]
TestTerraformCompleteExample 2022-03-22T16:59:24Z logger.go:66: module.eks.module.self_managed_node_group["boo"].aws_iam_role_policy_attachment.this["arn:aws:iam::aws:policy/AmazonEC2ContainerRegistryReadOnly"]: Refreshing state... [id=boo-node-group-20220322164526180300000002-2022032216452799260000000f]
TestTerraformCompleteExample 2022-03-22T16:59:24Z logger.go:66: module.eks.module.self_managed_node_group["boo"].aws_iam_role_policy_attachment.this["arn:aws:iam::aws:policy/AmazonEKSWorkerNodePolicy"]: Refreshing state... [id=boo-node-group-20220322164526180300000002-2022032216452785980000000d]
TestTerraformCompleteExample 2022-03-22T16:59:24Z logger.go:66: module.eks.module.self_managed_node_group["boo"].aws_iam_role_policy_attachment.this["arn:aws:iam::aws:policy/AmazonEKS_CNI_Policy"]: Refreshing state... [id=boo-node-group-20220322164526180300000002-2022032216452782760000000c]
TestTerraformCompleteExample 2022-03-22T16:59:24Z logger.go:66: module.eks.module.eks_managed_node_group["foo"].aws_iam_role_policy_attachment.this["arn:aws:iam::aws:policy/AmazonEC2ContainerRegistryReadOnly"]: Refreshing state... [id=foo-eks-node-group-20220322164526193400000004-20220322164527627100000005]
TestTerraformCompleteExample 2022-03-22T16:59:24Z logger.go:66: module.eks.module.eks_managed_node_group["foo"].aws_iam_role_policy_attachment.this["arn:aws:iam::aws:policy/AmazonEKSWorkerNodePolicy"]: Refreshing state... [id=foo-eks-node-group-20220322164526193400000004-20220322164527645600000007]
TestTerraformCompleteExample 2022-03-22T16:59:24Z logger.go:66: module.eks.module.eks_managed_node_group["foo"].aws_iam_role_policy_attachment.this["arn:aws:iam::aws:policy/AmazonEKS_CNI_Policy"]: Refreshing state... [id=foo-eks-node-group-20220322164526193400000004-20220322164527734900000009]
TestTerraformCompleteExample 2022-03-22T16:59:24Z logger.go:66: module.eks.aws_iam_role_policy_attachment.this["arn:aws:iam::aws:policy/AmazonEKSClusterPolicy"]: Refreshing state... [id=ex-complete-cluster-20220322164526180200000001-2022032216452775110000000b]
TestTerraformCompleteExample 2022-03-22T16:59:24Z logger.go:66: module.eks.aws_iam_role_policy_attachment.this["arn:aws:iam::aws:policy/AmazonEKSVPCResourceController"]: Refreshing state... [id=ex-complete-cluster-20220322164526180200000001-20220322164527646900000008]
TestTerraformCompleteExample 2022-03-22T16:59:24Z logger.go:66: module.vpc.aws_route.public_internet_gateway[0]: Refreshing state... [id=r-rtb-069abf818803060301080289494]
TestTerraformCompleteExample 2022-03-22T16:59:24Z logger.go:66: module.eks.aws_security_group_rule.node["egress_ntp_udp"]: Refreshing state... [id=sgrule-1488922564]
TestTerraformCompleteExample 2022-03-22T16:59:24Z logger.go:66: module.eks.aws_security_group_rule.node["ingress_cluster_kubelet"]: Refreshing state... [id=sgrule-1251120161]
TestTerraformCompleteExample 2022-03-22T16:59:24Z logger.go:66: module.eks.aws_security_group_rule.node["egress_cluster_443"]: Refreshing state... [id=sgrule-3594557401]
TestTerraformCompleteExample 2022-03-22T16:59:24Z logger.go:66: module.eks.aws_security_group_rule.node["ingress_self_coredns_udp"]: Refreshing state... [id=sgrule-2648909049]
TestTerraformCompleteExample 2022-03-22T16:59:24Z logger.go:66: module.eks.aws_security_group_rule.node["egress_ntp_tcp"]: Refreshing state... [id=sgrule-639697609]
TestTerraformCompleteExample 2022-03-22T16:59:24Z logger.go:66: module.eks.aws_security_group_rule.node["egress_self_coredns_udp"]: Refreshing state... [id=sgrule-2695532285]
TestTerraformCompleteExample 2022-03-22T16:59:24Z logger.go:66: module.eks.aws_security_group_rule.node["egress_self_coredns_tcp"]: Refreshing state... [id=sgrule-785190043]
TestTerraformCompleteExample 2022-03-22T16:59:24Z logger.go:66: module.eks.aws_security_group_rule.node["egress_https"]: Refreshing state... [id=sgrule-4194254807]
TestTerraformCompleteExample 2022-03-22T16:59:24Z logger.go:66: module.eks.aws_security_group_rule.node["ingress_self_coredns_tcp"]: Refreshing state... [id=sgrule-968656662]
TestTerraformCompleteExample 2022-03-22T16:59:24Z logger.go:66: module.eks.aws_security_group_rule.node["ingress_cluster_443"]: Refreshing state... [id=sgrule-3070078806]
TestTerraformCompleteExample 2022-03-22T16:59:24Z logger.go:66: module.eks.aws_security_group_rule.cluster["egress_nodes_443"]: Refreshing state... [id=sgrule-437306491]
TestTerraformCompleteExample 2022-03-22T16:59:24Z logger.go:66: module.eks.aws_security_group_rule.cluster["egress_nodes_kubelet"]: Refreshing state... [id=sgrule-63602939]
TestTerraformCompleteExample 2022-03-22T16:59:24Z logger.go:66: module.eks.aws_security_group_rule.cluster["ingress_nodes_443"]: Refreshing state... [id=sgrule-2575480998]
TestTerraformCompleteExample 2022-03-22T16:59:24Z logger.go:66: module.vpc.aws_route_table_association.private[0]: Refreshing state... [id=rtbassoc-0cffab7d073ad3add]
TestTerraformCompleteExample 2022-03-22T16:59:24Z logger.go:66: module.vpc.aws_route_table_association.private[1]: Refreshing state... [id=rtbassoc-084290022e2bc66fa]
TestTerraformCompleteExample 2022-03-22T16:59:24Z logger.go:66: module.vpc.aws_route_table_association.private[2]: Refreshing state... [id=rtbassoc-04e84085285e9dc1b]
TestTerraformCompleteExample 2022-03-22T16:59:24Z logger.go:66: module.vpc.aws_route_table_association.public[0]: Refreshing state... [id=rtbassoc-052682682a9a83fc5]
TestTerraformCompleteExample 2022-03-22T16:59:24Z logger.go:66: module.vpc.aws_nat_gateway.this[0]: Refreshing state... [id=nat-0707715ce9ae217a8]
TestTerraformCompleteExample 2022-03-22T16:59:24Z logger.go:66: module.vpc.aws_route_table_association.public[1]: Refreshing state... [id=rtbassoc-012264a86d3066f84]
TestTerraformCompleteExample 2022-03-22T16:59:24Z logger.go:66: module.vpc.aws_route_table_association.public[2]: Refreshing state... [id=rtbassoc-078c7313e0f90ea9f]
TestTerraformCompleteExample 2022-03-22T16:59:24Z logger.go:66: module.eks.aws_eks_cluster.this[0]: Refreshing state... [id=ex-complete]
TestTerraformCompleteExample 2022-03-22T16:59:24Z logger.go:66: module.vpc.aws_route.private_nat_gateway[0]: Refreshing state... [id=r-rtb-0d02292148e6f87a81080289494]
TestTerraformCompleteExample 2022-03-22T16:59:25Z logger.go:66: module.eks.module.fargate_profile["bar"].aws_eks_fargate_profile.this[0]: Refreshing state... [id=ex-complete:bar]
TestTerraformCompleteExample 2022-03-22T16:59:25Z logger.go:66: module.eks.module.eks_managed_node_group["foo"].aws_launch_template.this[0]: Refreshing state... [id=lt-09d4c05a368471446]
TestTerraformCompleteExample 2022-03-22T16:59:25Z logger.go:66: module.eks.module.self_managed_node_group["boo"].aws_launch_template.this[0]: Refreshing state... [id=lt-089ca2a393e2a30df]
TestTerraformCompleteExample 2022-03-22T16:59:25Z logger.go:66: module.eks.aws_iam_openid_connect_provider.oidc_provider[0]: Refreshing state... [id=arn:aws:iam::11111111111:oidc-provider/oidc.eks.us-west-2.amazonaws.com/id/DF1F0CD6FBE47A3B979A37B39CC04209]
TestTerraformCompleteExample 2022-03-22T16:59:25Z logger.go:66: module.eks.module.eks_managed_node_group["foo"].aws_eks_node_group.this[0]: Refreshing state... [id=ex-complete:foo-20220322165613661300000019]
TestTerraformCompleteExample 2022-03-22T16:59:25Z logger.go:66: module.eks.module.self_managed_node_group["boo"].aws_autoscaling_group.this[0]: Refreshing state... [id=boo-2022032216561367460000001b]
TestTerraformCompleteExample 2022-03-22T16:59:25Z logger.go:66: module.eks_auth.kubernetes_role_v1.aws_auth: Refreshing state... [id=kube-system/terraform-eks-auth-aws]
TestTerraformCompleteExample 2022-03-22T16:59:25Z logger.go:66: module.eks_auth.kubernetes_service_account_v1.aws_auth: Refreshing state... [id=kube-system/terraform-eks-auth-aws]
TestTerraformCompleteExample 2022-03-22T16:59:26Z logger.go:66: module.eks_auth.kubernetes_role_binding_v1.aws_auth: Refreshing state... [id=kube-system/terraform-eks-auth-aws]
TestTerraformCompleteExample 2022-03-22T16:59:26Z logger.go:66: module.eks_auth.kubernetes_job_v1.aws_auth[0]: Refreshing state... [id=kube-system/terraform-eks-auth-aws]
TestTerraformCompleteExample 2022-03-22T16:59:26Z logger.go:66: module.eks_auth.kubernetes_config_map_v1.aws_auth[0]: Refreshing state... [id=kube-system/aws-auth]
TestTerraformCompleteExample 2022-03-22T16:59:26Z logger.go:66:
TestTerraformCompleteExample 2022-03-22T16:59:26Z logger.go:66: Note: Objects have changed outside of Terraform
TestTerraformCompleteExample 2022-03-22T16:59:26Z logger.go:66:
TestTerraformCompleteExample 2022-03-22T16:59:26Z logger.go:66: Terraform detected the following changes made outside of Terraform since the
TestTerraformCompleteExample 2022-03-22T16:59:26Z logger.go:66: last "terraform apply":
TestTerraformCompleteExample 2022-03-22T16:59:26Z logger.go:66:
TestTerraformCompleteExample 2022-03-22T16:59:26Z logger.go:66:   # module.eks.aws_cloudwatch_log_group.this[0] has changed
TestTerraformCompleteExample 2022-03-22T16:59:26Z logger.go:66:   ~ resource "aws_cloudwatch_log_group" "this" {
TestTerraformCompleteExample 2022-03-22T16:59:26Z logger.go:66:         id                = "/aws/eks/ex-complete/cluster"
TestTerraformCompleteExample 2022-03-22T16:59:26Z logger.go:66:         name              = "/aws/eks/ex-complete/cluster"
TestTerraformCompleteExample 2022-03-22T16:59:26Z logger.go:66:       + tags              = {}
TestTerraformCompleteExample 2022-03-22T16:59:26Z logger.go:66:         # (3 unchanged attributes hidden)
TestTerraformCompleteExample 2022-03-22T16:59:26Z logger.go:66:     }
TestTerraformCompleteExample 2022-03-22T16:59:26Z logger.go:66:
TestTerraformCompleteExample 2022-03-22T16:59:26Z logger.go:66:   # module.eks.aws_eks_cluster.this[0] has changed
TestTerraformCompleteExample 2022-03-22T16:59:26Z logger.go:66:   ~ resource "aws_eks_cluster" "this" {
TestTerraformCompleteExample 2022-03-22T16:59:26Z logger.go:66:         id                        = "ex-complete"
TestTerraformCompleteExample 2022-03-22T16:59:26Z logger.go:66:         name                      = "ex-complete"
TestTerraformCompleteExample 2022-03-22T16:59:26Z logger.go:66:       + tags                      = {}
TestTerraformCompleteExample 2022-03-22T16:59:26Z logger.go:66:         # (11 unchanged attributes hidden)
TestTerraformCompleteExample 2022-03-22T16:59:26Z logger.go:66:
TestTerraformCompleteExample 2022-03-22T16:59:26Z logger.go:66:
TestTerraformCompleteExample 2022-03-22T16:59:26Z logger.go:66:
TestTerraformCompleteExample 2022-03-22T16:59:26Z logger.go:66:         # (3 unchanged blocks hidden)
TestTerraformCompleteExample 2022-03-22T16:59:26Z logger.go:66:     }
TestTerraformCompleteExample 2022-03-22T16:59:26Z logger.go:66:
TestTerraformCompleteExample 2022-03-22T16:59:26Z logger.go:66:   # module.eks.aws_iam_role.this[0] has changed
TestTerraformCompleteExample 2022-03-22T16:59:26Z logger.go:66:   ~ resource "aws_iam_role" "this" {
TestTerraformCompleteExample 2022-03-22T16:59:26Z logger.go:66:         id                    = "ex-complete-cluster-20220322164526180200000001"
TestTerraformCompleteExample 2022-03-22T16:59:26Z logger.go:66:       ~ managed_policy_arns   = [
TestTerraformCompleteExample 2022-03-22T16:59:26Z logger.go:66:           + "arn:aws:iam::aws:policy/AmazonEKSClusterPolicy",
TestTerraformCompleteExample 2022-03-22T16:59:26Z logger.go:66:           + "arn:aws:iam::aws:policy/AmazonEKSVPCResourceController",
TestTerraformCompleteExample 2022-03-22T16:59:26Z logger.go:66:         ]
TestTerraformCompleteExample 2022-03-22T16:59:26Z logger.go:66:         name                  = "ex-complete-cluster-20220322164526180200000001"
TestTerraformCompleteExample 2022-03-22T16:59:26Z logger.go:66:       + tags                  = {}
TestTerraformCompleteExample 2022-03-22T16:59:26Z logger.go:66:         # (9 unchanged attributes hidden)
TestTerraformCompleteExample 2022-03-22T16:59:26Z logger.go:66:
TestTerraformCompleteExample 2022-03-22T16:59:26Z logger.go:66:         # (1 unchanged block hidden)
TestTerraformCompleteExample 2022-03-22T16:59:26Z logger.go:66:     }
TestTerraformCompleteExample 2022-03-22T16:59:26Z logger.go:66:
TestTerraformCompleteExample 2022-03-22T16:59:26Z logger.go:66:   # module.eks.aws_security_group.cluster[0] has changed
TestTerraformCompleteExample 2022-03-22T16:59:26Z logger.go:66:   ~ resource "aws_security_group" "cluster" {
TestTerraformCompleteExample 2022-03-22T16:59:26Z logger.go:66:       ~ egress                 = [
TestTerraformCompleteExample 2022-03-22T16:59:26Z logger.go:66:           + {
TestTerraformCompleteExample 2022-03-22T16:59:26Z logger.go:66:               + cidr_blocks      = []
TestTerraformCompleteExample 2022-03-22T16:59:26Z logger.go:66:               + description      = "Cluster API to node groups"
TestTerraformCompleteExample 2022-03-22T16:59:26Z logger.go:66:               + from_port        = 443
TestTerraformCompleteExample 2022-03-22T16:59:26Z logger.go:66:               + ipv6_cidr_blocks = []
TestTerraformCompleteExample 2022-03-22T16:59:26Z logger.go:66:               + prefix_list_ids  = []
TestTerraformCompleteExample 2022-03-22T16:59:26Z logger.go:66:               + protocol         = "tcp"
TestTerraformCompleteExample 2022-03-22T16:59:26Z logger.go:66:               + security_groups  = [
TestTerraformCompleteExample 2022-03-22T16:59:26Z logger.go:66:                   + "sg-05c945c8db9060585",
TestTerraformCompleteExample 2022-03-22T16:59:26Z logger.go:66:                 ]
TestTerraformCompleteExample 2022-03-22T16:59:26Z logger.go:66:               + self             = false
TestTerraformCompleteExample 2022-03-22T16:59:26Z logger.go:66:               + to_port          = 443
TestTerraformCompleteExample 2022-03-22T16:59:26Z logger.go:66:             },
TestTerraformCompleteExample 2022-03-22T16:59:26Z logger.go:66:           + {
TestTerraformCompleteExample 2022-03-22T16:59:26Z logger.go:66:               + cidr_blocks      = []
TestTerraformCompleteExample 2022-03-22T16:59:26Z logger.go:66:               + description      = "Cluster API to node kubelets"
TestTerraformCompleteExample 2022-03-22T16:59:26Z logger.go:66:               + from_port        = 10250
TestTerraformCompleteExample 2022-03-22T16:59:26Z logger.go:66:               + ipv6_cidr_blocks = []
TestTerraformCompleteExample 2022-03-22T16:59:26Z logger.go:66:               + prefix_list_ids  = []
TestTerraformCompleteExample 2022-03-22T16:59:26Z logger.go:66:               + protocol         = "tcp"
TestTerraformCompleteExample 2022-03-22T16:59:26Z logger.go:66:               + security_groups  = [
TestTerraformCompleteExample 2022-03-22T16:59:26Z logger.go:66:                   + "sg-05c945c8db9060585",
TestTerraformCompleteExample 2022-03-22T16:59:26Z logger.go:66:                 ]
TestTerraformCompleteExample 2022-03-22T16:59:26Z logger.go:66:               + self             = false
TestTerraformCompleteExample 2022-03-22T16:59:26Z logger.go:66:               + to_port          = 10250
TestTerraformCompleteExample 2022-03-22T16:59:26Z logger.go:66:             },
TestTerraformCompleteExample 2022-03-22T16:59:26Z logger.go:66:         ]
TestTerraformCompleteExample 2022-03-22T16:59:26Z logger.go:66:         id                     = "sg-01dcd30a0adb10420"
TestTerraformCompleteExample 2022-03-22T16:59:26Z logger.go:66:       ~ ingress                = [
TestTerraformCompleteExample 2022-03-22T16:59:26Z logger.go:66:           + {
TestTerraformCompleteExample 2022-03-22T16:59:26Z logger.go:66:               + cidr_blocks      = []
TestTerraformCompleteExample 2022-03-22T16:59:26Z logger.go:66:               + description      = "Node groups to cluster API"
TestTerraformCompleteExample 2022-03-22T16:59:26Z logger.go:66:               + from_port        = 443
TestTerraformCompleteExample 2022-03-22T16:59:26Z logger.go:66:               + ipv6_cidr_blocks = []
TestTerraformCompleteExample 2022-03-22T16:59:26Z logger.go:66:               + prefix_list_ids  = []
TestTerraformCompleteExample 2022-03-22T16:59:26Z logger.go:66:               + protocol         = "tcp"
TestTerraformCompleteExample 2022-03-22T16:59:26Z logger.go:66:               + security_groups  = [
TestTerraformCompleteExample 2022-03-22T16:59:26Z logger.go:66:                   + "sg-05c945c8db9060585",
TestTerraformCompleteExample 2022-03-22T16:59:26Z logger.go:66:                 ]
TestTerraformCompleteExample 2022-03-22T16:59:26Z logger.go:66:               + self             = false
TestTerraformCompleteExample 2022-03-22T16:59:26Z logger.go:66:               + to_port          = 443
TestTerraformCompleteExample 2022-03-22T16:59:26Z logger.go:66:             },
TestTerraformCompleteExample 2022-03-22T16:59:26Z logger.go:66:         ]
TestTerraformCompleteExample 2022-03-22T16:59:26Z logger.go:66:         name                   = "ex-complete-cluster-20220322164538230100000010"
TestTerraformCompleteExample 2022-03-22T16:59:26Z logger.go:66:         tags                   = {
TestTerraformCompleteExample 2022-03-22T16:59:26Z logger.go:66:             "Name" = "ex-complete-cluster"
TestTerraformCompleteExample 2022-03-22T16:59:26Z logger.go:66:         }
TestTerraformCompleteExample 2022-03-22T16:59:26Z logger.go:66:         # (7 unchanged attributes hidden)
TestTerraformCompleteExample 2022-03-22T16:59:26Z logger.go:66:     }
TestTerraformCompleteExample 2022-03-22T16:59:26Z logger.go:66:
TestTerraformCompleteExample 2022-03-22T16:59:26Z logger.go:66:   # module.eks.aws_security_group.node[0] has changed
TestTerraformCompleteExample 2022-03-22T16:59:26Z logger.go:66:   ~ resource "aws_security_group" "node" {
TestTerraformCompleteExample 2022-03-22T16:59:26Z logger.go:66:       ~ egress                 = [
TestTerraformCompleteExample 2022-03-22T16:59:26Z logger.go:66:           + {
TestTerraformCompleteExample 2022-03-22T16:59:26Z logger.go:66:               + cidr_blocks      = [
TestTerraformCompleteExample 2022-03-22T16:59:26Z logger.go:66:                   + "0.0.0.0/0",
TestTerraformCompleteExample 2022-03-22T16:59:26Z logger.go:66:                 ]
TestTerraformCompleteExample 2022-03-22T16:59:26Z logger.go:66:               + description      = "Egress NTP/TCP to internet"
TestTerraformCompleteExample 2022-03-22T16:59:26Z logger.go:66:               + from_port        = 123
TestTerraformCompleteExample 2022-03-22T16:59:26Z logger.go:66:               + ipv6_cidr_blocks = []
TestTerraformCompleteExample 2022-03-22T16:59:26Z logger.go:66:               + prefix_list_ids  = []
TestTerraformCompleteExample 2022-03-22T16:59:26Z logger.go:66:               + protocol         = "tcp"
TestTerraformCompleteExample 2022-03-22T16:59:26Z logger.go:66:               + security_groups  = []
TestTerraformCompleteExample 2022-03-22T16:59:26Z logger.go:66:               + self             = false
TestTerraformCompleteExample 2022-03-22T16:59:26Z logger.go:66:               + to_port          = 123
TestTerraformCompleteExample 2022-03-22T16:59:26Z logger.go:66:             },
TestTerraformCompleteExample 2022-03-22T16:59:26Z logger.go:66:           + {
TestTerraformCompleteExample 2022-03-22T16:59:26Z logger.go:66:               + cidr_blocks      = [
TestTerraformCompleteExample 2022-03-22T16:59:26Z logger.go:66:                   + "0.0.0.0/0",
TestTerraformCompleteExample 2022-03-22T16:59:26Z logger.go:66:                 ]
TestTerraformCompleteExample 2022-03-22T16:59:26Z logger.go:66:               + description      = "Egress NTP/UDP to internet"
TestTerraformCompleteExample 2022-03-22T16:59:26Z logger.go:66:               + from_port        = 123
TestTerraformCompleteExample 2022-03-22T16:59:26Z logger.go:66:               + ipv6_cidr_blocks = []
TestTerraformCompleteExample 2022-03-22T16:59:26Z logger.go:66:               + prefix_list_ids  = []
TestTerraformCompleteExample 2022-03-22T16:59:26Z logger.go:66:               + protocol         = "udp"
TestTerraformCompleteExample 2022-03-22T16:59:26Z logger.go:66:               + security_groups  = []
TestTerraformCompleteExample 2022-03-22T16:59:26Z logger.go:66:               + self             = false
TestTerraformCompleteExample 2022-03-22T16:59:26Z logger.go:66:               + to_port          = 123
TestTerraformCompleteExample 2022-03-22T16:59:26Z logger.go:66:             },
TestTerraformCompleteExample 2022-03-22T16:59:26Z logger.go:66:           + {
TestTerraformCompleteExample 2022-03-22T16:59:26Z logger.go:66:               + cidr_blocks      = [
TestTerraformCompleteExample 2022-03-22T16:59:26Z logger.go:66:                   + "0.0.0.0/0",
TestTerraformCompleteExample 2022-03-22T16:59:26Z logger.go:66:                 ]
TestTerraformCompleteExample 2022-03-22T16:59:26Z logger.go:66:               + description      = "Egress all HTTPS to internet"
TestTerraformCompleteExample 2022-03-22T16:59:26Z logger.go:66:               + from_port        = 443
TestTerraformCompleteExample 2022-03-22T16:59:26Z logger.go:66:               + ipv6_cidr_blocks = []
TestTerraformCompleteExample 2022-03-22T16:59:26Z logger.go:66:               + prefix_list_ids  = []
TestTerraformCompleteExample 2022-03-22T16:59:26Z logger.go:66:               + protocol         = "tcp"
TestTerraformCompleteExample 2022-03-22T16:59:26Z logger.go:66:               + security_groups  = []
TestTerraformCompleteExample 2022-03-22T16:59:26Z logger.go:66:               + self             = false
TestTerraformCompleteExample 2022-03-22T16:59:26Z logger.go:66:               + to_port          = 443
TestTerraformCompleteExample 2022-03-22T16:59:26Z logger.go:66:             },
TestTerraformCompleteExample 2022-03-22T16:59:26Z logger.go:66:           + {
TestTerraformCompleteExample 2022-03-22T16:59:26Z logger.go:66:               + cidr_blocks      = []
TestTerraformCompleteExample 2022-03-22T16:59:26Z logger.go:66:               + description      = "Node groups to cluster API"
TestTerraformCompleteExample 2022-03-22T16:59:26Z logger.go:66:               + from_port        = 443
TestTerraformCompleteExample 2022-03-22T16:59:26Z logger.go:66:               + ipv6_cidr_blocks = []
TestTerraformCompleteExample 2022-03-22T16:59:26Z logger.go:66:               + prefix_list_ids  = []
TestTerraformCompleteExample 2022-03-22T16:59:26Z logger.go:66:               + protocol         = "tcp"
TestTerraformCompleteExample 2022-03-22T16:59:26Z logger.go:66:               + security_groups  = [
TestTerraformCompleteExample 2022-03-22T16:59:26Z logger.go:66:                   + "sg-01dcd30a0adb10420",
TestTerraformCompleteExample 2022-03-22T16:59:26Z logger.go:66:                 ]
TestTerraformCompleteExample 2022-03-22T16:59:26Z logger.go:66:               + self             = false
TestTerraformCompleteExample 2022-03-22T16:59:26Z logger.go:66:               + to_port          = 443
TestTerraformCompleteExample 2022-03-22T16:59:26Z logger.go:66:             },
TestTerraformCompleteExample 2022-03-22T16:59:26Z logger.go:66:           + {
TestTerraformCompleteExample 2022-03-22T16:59:26Z logger.go:66:               + cidr_blocks      = []
TestTerraformCompleteExample 2022-03-22T16:59:26Z logger.go:66:               + description      = "Node to node CoreDNS"
TestTerraformCompleteExample 2022-03-22T16:59:26Z logger.go:66:               + from_port        = 53
TestTerraformCompleteExample 2022-03-22T16:59:26Z logger.go:66:               + ipv6_cidr_blocks = []
TestTerraformCompleteExample 2022-03-22T16:59:26Z logger.go:66:               + prefix_list_ids  = []
TestTerraformCompleteExample 2022-03-22T16:59:26Z logger.go:66:               + protocol         = "tcp"
TestTerraformCompleteExample 2022-03-22T16:59:26Z logger.go:66:               + security_groups  = []
TestTerraformCompleteExample 2022-03-22T16:59:26Z logger.go:66:               + self             = true
TestTerraformCompleteExample 2022-03-22T16:59:26Z logger.go:66:               + to_port          = 53
TestTerraformCompleteExample 2022-03-22T16:59:26Z logger.go:66:             },
TestTerraformCompleteExample 2022-03-22T16:59:26Z logger.go:66:           + {
TestTerraformCompleteExample 2022-03-22T16:59:26Z logger.go:66:               + cidr_blocks      = []
TestTerraformCompleteExample 2022-03-22T16:59:26Z logger.go:66:               + description      = "Node to node CoreDNS"
TestTerraformCompleteExample 2022-03-22T16:59:26Z logger.go:66:               + from_port        = 53
TestTerraformCompleteExample 2022-03-22T16:59:26Z logger.go:66:               + ipv6_cidr_blocks = []
TestTerraformCompleteExample 2022-03-22T16:59:26Z logger.go:66:               + prefix_list_ids  = []
TestTerraformCompleteExample 2022-03-22T16:59:26Z logger.go:66:               + protocol         = "udp"
TestTerraformCompleteExample 2022-03-22T16:59:26Z logger.go:66:               + security_groups  = []
TestTerraformCompleteExample 2022-03-22T16:59:26Z logger.go:66:               + self             = true
TestTerraformCompleteExample 2022-03-22T16:59:26Z logger.go:66:               + to_port          = 53
TestTerraformCompleteExample 2022-03-22T16:59:26Z logger.go:66:             },
TestTerraformCompleteExample 2022-03-22T16:59:26Z logger.go:66:         ]
TestTerraformCompleteExample 2022-03-22T16:59:26Z logger.go:66:         id                     = "sg-05c945c8db9060585"
TestTerraformCompleteExample 2022-03-22T16:59:26Z logger.go:66:       ~ ingress                = [
TestTerraformCompleteExample 2022-03-22T16:59:26Z logger.go:66:           + {
TestTerraformCompleteExample 2022-03-22T16:59:26Z logger.go:66:               + cidr_blocks      = []
TestTerraformCompleteExample 2022-03-22T16:59:26Z logger.go:66:               + description      = "Cluster API to node groups"
TestTerraformCompleteExample 2022-03-22T16:59:26Z logger.go:66:               + from_port        = 443
TestTerraformCompleteExample 2022-03-22T16:59:26Z logger.go:66:               + ipv6_cidr_blocks = []
TestTerraformCompleteExample 2022-03-22T16:59:26Z logger.go:66:               + prefix_list_ids  = []
TestTerraformCompleteExample 2022-03-22T16:59:26Z logger.go:66:               + protocol         = "tcp"
TestTerraformCompleteExample 2022-03-22T16:59:26Z logger.go:66:               + security_groups  = [
TestTerraformCompleteExample 2022-03-22T16:59:26Z logger.go:66:                   + "sg-01dcd30a0adb10420",
TestTerraformCompleteExample 2022-03-22T16:59:26Z logger.go:66:                 ]
TestTerraformCompleteExample 2022-03-22T16:59:26Z logger.go:66:               + self             = false
TestTerraformCompleteExample 2022-03-22T16:59:26Z logger.go:66:               + to_port          = 443
TestTerraformCompleteExample 2022-03-22T16:59:26Z logger.go:66:             },
TestTerraformCompleteExample 2022-03-22T16:59:26Z logger.go:66:           + {
TestTerraformCompleteExample 2022-03-22T16:59:26Z logger.go:66:               + cidr_blocks      = []
TestTerraformCompleteExample 2022-03-22T16:59:26Z logger.go:66:               + description      = "Cluster API to node kubelets"
TestTerraformCompleteExample 2022-03-22T16:59:26Z logger.go:66:               + from_port        = 10250
TestTerraformCompleteExample 2022-03-22T16:59:26Z logger.go:66:               + ipv6_cidr_blocks = []
TestTerraformCompleteExample 2022-03-22T16:59:26Z logger.go:66:               + prefix_list_ids  = []
TestTerraformCompleteExample 2022-03-22T16:59:26Z logger.go:66:               + protocol         = "tcp"
TestTerraformCompleteExample 2022-03-22T16:59:26Z logger.go:66:               + security_groups  = [
TestTerraformCompleteExample 2022-03-22T16:59:26Z logger.go:66:                   + "sg-01dcd30a0adb10420",
TestTerraformCompleteExample 2022-03-22T16:59:26Z logger.go:66:                 ]
TestTerraformCompleteExample 2022-03-22T16:59:26Z logger.go:66:               + self             = false
TestTerraformCompleteExample 2022-03-22T16:59:26Z logger.go:66:               + to_port          = 10250
TestTerraformCompleteExample 2022-03-22T16:59:26Z logger.go:66:             },
TestTerraformCompleteExample 2022-03-22T16:59:26Z logger.go:66:           + {
TestTerraformCompleteExample 2022-03-22T16:59:26Z logger.go:66:               + cidr_blocks      = []
TestTerraformCompleteExample 2022-03-22T16:59:26Z logger.go:66:               + description      = "Node to node CoreDNS"
TestTerraformCompleteExample 2022-03-22T16:59:26Z logger.go:66:               + from_port        = 53
TestTerraformCompleteExample 2022-03-22T16:59:26Z logger.go:66:               + ipv6_cidr_blocks = []
TestTerraformCompleteExample 2022-03-22T16:59:26Z logger.go:66:               + prefix_list_ids  = []
TestTerraformCompleteExample 2022-03-22T16:59:26Z logger.go:66:               + protocol         = "tcp"
TestTerraformCompleteExample 2022-03-22T16:59:26Z logger.go:66:               + security_groups  = []
TestTerraformCompleteExample 2022-03-22T16:59:26Z logger.go:66:               + self             = true
TestTerraformCompleteExample 2022-03-22T16:59:26Z logger.go:66:               + to_port          = 53
TestTerraformCompleteExample 2022-03-22T16:59:26Z logger.go:66:             },
TestTerraformCompleteExample 2022-03-22T16:59:26Z logger.go:66:           + {
TestTerraformCompleteExample 2022-03-22T16:59:26Z logger.go:66:               + cidr_blocks      = []
TestTerraformCompleteExample 2022-03-22T16:59:26Z logger.go:66:               + description      = "Node to node CoreDNS"
TestTerraformCompleteExample 2022-03-22T16:59:26Z logger.go:66:               + from_port        = 53
TestTerraformCompleteExample 2022-03-22T16:59:26Z logger.go:66:               + ipv6_cidr_blocks = []
TestTerraformCompleteExample 2022-03-22T16:59:26Z logger.go:66:               + prefix_list_ids  = []
TestTerraformCompleteExample 2022-03-22T16:59:26Z logger.go:66:               + protocol         = "udp"
TestTerraformCompleteExample 2022-03-22T16:59:26Z logger.go:66:               + security_groups  = []
TestTerraformCompleteExample 2022-03-22T16:59:26Z logger.go:66:               + self             = true
TestTerraformCompleteExample 2022-03-22T16:59:26Z logger.go:66:               + to_port          = 53
TestTerraformCompleteExample 2022-03-22T16:59:26Z logger.go:66:             },
TestTerraformCompleteExample 2022-03-22T16:59:26Z logger.go:66:         ]
TestTerraformCompleteExample 2022-03-22T16:59:26Z logger.go:66:         name                   = "ex-complete-node-20220322164539181800000012"
TestTerraformCompleteExample 2022-03-22T16:59:26Z logger.go:66:         tags                   = {
TestTerraformCompleteExample 2022-03-22T16:59:26Z logger.go:66:             "Name"                              = "ex-complete-node"
TestTerraformCompleteExample 2022-03-22T16:59:26Z logger.go:66:             "kubernetes.io/cluster/ex-complete" = "owned"
TestTerraformCompleteExample 2022-03-22T16:59:26Z logger.go:66:         }
TestTerraformCompleteExample 2022-03-22T16:59:26Z logger.go:66:         # (7 unchanged attributes hidden)
TestTerraformCompleteExample 2022-03-22T16:59:26Z logger.go:66:     }
TestTerraformCompleteExample 2022-03-22T16:59:26Z logger.go:66:
TestTerraformCompleteExample 2022-03-22T16:59:26Z logger.go:66:   # module.eks.aws_security_group_rule.cluster["egress_nodes_443"] has changed
TestTerraformCompleteExample 2022-03-22T16:59:26Z logger.go:66:   ~ resource "aws_security_group_rule" "cluster" {
TestTerraformCompleteExample 2022-03-22T16:59:26Z logger.go:66:       + cidr_blocks              = []
TestTerraformCompleteExample 2022-03-22T16:59:26Z logger.go:66:         id                       = "sgrule-437306491"
TestTerraformCompleteExample 2022-03-22T16:59:26Z logger.go:66:       + ipv6_cidr_blocks         = []
TestTerraformCompleteExample 2022-03-22T16:59:26Z logger.go:66:         # (9 unchanged attributes hidden)
TestTerraformCompleteExample 2022-03-22T16:59:26Z logger.go:66:     }
TestTerraformCompleteExample 2022-03-22T16:59:26Z logger.go:66:
TestTerraformCompleteExample 2022-03-22T16:59:26Z logger.go:66:   # module.eks.aws_security_group_rule.cluster["egress_nodes_kubelet"] has changed
TestTerraformCompleteExample 2022-03-22T16:59:26Z logger.go:66:   ~ resource "aws_security_group_rule" "cluster" {
TestTerraformCompleteExample 2022-03-22T16:59:26Z logger.go:66:       + cidr_blocks              = []
TestTerraformCompleteExample 2022-03-22T16:59:26Z logger.go:66:         id                       = "sgrule-63602939"
TestTerraformCompleteExample 2022-03-22T16:59:26Z logger.go:66:       + ipv6_cidr_blocks         = []
TestTerraformCompleteExample 2022-03-22T16:59:26Z logger.go:66:         # (9 unchanged attributes hidden)
TestTerraformCompleteExample 2022-03-22T16:59:26Z logger.go:66:     }
TestTerraformCompleteExample 2022-03-22T16:59:26Z logger.go:66:
TestTerraformCompleteExample 2022-03-22T16:59:26Z logger.go:66:   # module.eks.aws_security_group_rule.cluster["ingress_nodes_443"] has changed
TestTerraformCompleteExample 2022-03-22T16:59:26Z logger.go:66:   ~ resource "aws_security_group_rule" "cluster" {
TestTerraformCompleteExample 2022-03-22T16:59:26Z logger.go:66:       + cidr_blocks              = []
TestTerraformCompleteExample 2022-03-22T16:59:26Z logger.go:66:         id                       = "sgrule-2575480998"
TestTerraformCompleteExample 2022-03-22T16:59:26Z logger.go:66:       + ipv6_cidr_blocks         = []
TestTerraformCompleteExample 2022-03-22T16:59:26Z logger.go:66:         # (9 unchanged attributes hidden)
TestTerraformCompleteExample 2022-03-22T16:59:26Z logger.go:66:     }
TestTerraformCompleteExample 2022-03-22T16:59:26Z logger.go:66:
TestTerraformCompleteExample 2022-03-22T16:59:26Z logger.go:66:   # module.eks.aws_security_group_rule.node["egress_cluster_443"] has changed
TestTerraformCompleteExample 2022-03-22T16:59:26Z logger.go:66:   ~ resource "aws_security_group_rule" "node" {
TestTerraformCompleteExample 2022-03-22T16:59:26Z logger.go:66:       + cidr_blocks              = []
TestTerraformCompleteExample 2022-03-22T16:59:26Z logger.go:66:         id                       = "sgrule-3594557401"
TestTerraformCompleteExample 2022-03-22T16:59:26Z logger.go:66:       + ipv6_cidr_blocks         = []
TestTerraformCompleteExample 2022-03-22T16:59:26Z logger.go:66:         # (9 unchanged attributes hidden)
TestTerraformCompleteExample 2022-03-22T16:59:26Z logger.go:66:     }
TestTerraformCompleteExample 2022-03-22T16:59:26Z logger.go:66:
TestTerraformCompleteExample 2022-03-22T16:59:26Z logger.go:66:   # module.eks.aws_security_group_rule.node["egress_https"] has changed
TestTerraformCompleteExample 2022-03-22T16:59:26Z logger.go:66:   ~ resource "aws_security_group_rule" "node" {
TestTerraformCompleteExample 2022-03-22T16:59:26Z logger.go:66:         id                = "sgrule-4194254807"
TestTerraformCompleteExample 2022-03-22T16:59:26Z logger.go:66:       + ipv6_cidr_blocks  = []
TestTerraformCompleteExample 2022-03-22T16:59:26Z logger.go:66:         # (9 unchanged attributes hidden)
TestTerraformCompleteExample 2022-03-22T16:59:26Z logger.go:66:     }
TestTerraformCompleteExample 2022-03-22T16:59:26Z logger.go:66:
TestTerraformCompleteExample 2022-03-22T16:59:26Z logger.go:66:   # module.eks.aws_security_group_rule.node["egress_ntp_tcp"] has changed
TestTerraformCompleteExample 2022-03-22T16:59:26Z logger.go:66:   ~ resource "aws_security_group_rule" "node" {
TestTerraformCompleteExample 2022-03-22T16:59:26Z logger.go:66:         id                = "sgrule-639697609"
TestTerraformCompleteExample 2022-03-22T16:59:26Z logger.go:66:       + ipv6_cidr_blocks  = []
TestTerraformCompleteExample 2022-03-22T16:59:26Z logger.go:66:         # (9 unchanged attributes hidden)
TestTerraformCompleteExample 2022-03-22T16:59:26Z logger.go:66:     }
TestTerraformCompleteExample 2022-03-22T16:59:26Z logger.go:66:
TestTerraformCompleteExample 2022-03-22T16:59:26Z logger.go:66:   # module.eks.aws_security_group_rule.node["egress_ntp_udp"] has changed
TestTerraformCompleteExample 2022-03-22T16:59:26Z logger.go:66:   ~ resource "aws_security_group_rule" "node" {
TestTerraformCompleteExample 2022-03-22T16:59:26Z logger.go:66:         id                = "sgrule-1488922564"
TestTerraformCompleteExample 2022-03-22T16:59:26Z logger.go:66:       + ipv6_cidr_blocks  = []
TestTerraformCompleteExample 2022-03-22T16:59:26Z logger.go:66:         # (9 unchanged attributes hidden)
TestTerraformCompleteExample 2022-03-22T16:59:26Z logger.go:66:     }
TestTerraformCompleteExample 2022-03-22T16:59:26Z logger.go:66:
TestTerraformCompleteExample 2022-03-22T16:59:26Z logger.go:66:   # module.eks.aws_security_group_rule.node["egress_self_coredns_tcp"] has changed
TestTerraformCompleteExample 2022-03-22T16:59:26Z logger.go:66:   ~ resource "aws_security_group_rule" "node" {
TestTerraformCompleteExample 2022-03-22T16:59:26Z logger.go:66:       + cidr_blocks              = []
TestTerraformCompleteExample 2022-03-22T16:59:26Z logger.go:66:         id                       = "sgrule-785190043"
TestTerraformCompleteExample 2022-03-22T16:59:26Z logger.go:66:       + ipv6_cidr_blocks         = []
TestTerraformCompleteExample 2022-03-22T16:59:26Z logger.go:66:       + source_security_group_id = "sg-05c945c8db9060585"
TestTerraformCompleteExample 2022-03-22T16:59:26Z logger.go:66:         # (8 unchanged attributes hidden)
TestTerraformCompleteExample 2022-03-22T16:59:26Z logger.go:66:     }
TestTerraformCompleteExample 2022-03-22T16:59:26Z logger.go:66:
TestTerraformCompleteExample 2022-03-22T16:59:26Z logger.go:66:   # module.eks.aws_security_group_rule.node["egress_self_coredns_udp"] has changed
TestTerraformCompleteExample 2022-03-22T16:59:26Z logger.go:66:   ~ resource "aws_security_group_rule" "node" {
TestTerraformCompleteExample 2022-03-22T16:59:26Z logger.go:66:       + cidr_blocks              = []
TestTerraformCompleteExample 2022-03-22T16:59:26Z logger.go:66:         id                       = "sgrule-2695532285"
TestTerraformCompleteExample 2022-03-22T16:59:26Z logger.go:66:       + ipv6_cidr_blocks         = []
TestTerraformCompleteExample 2022-03-22T16:59:26Z logger.go:66:       + source_security_group_id = "sg-05c945c8db9060585"
TestTerraformCompleteExample 2022-03-22T16:59:26Z logger.go:66:         # (8 unchanged attributes hidden)
TestTerraformCompleteExample 2022-03-22T16:59:26Z logger.go:66:     }
TestTerraformCompleteExample 2022-03-22T16:59:26Z logger.go:66:
TestTerraformCompleteExample 2022-03-22T16:59:26Z logger.go:66:   # module.eks.aws_security_group_rule.node["ingress_cluster_443"] has changed
TestTerraformCompleteExample 2022-03-22T16:59:26Z logger.go:66:   ~ resource "aws_security_group_rule" "node" {
TestTerraformCompleteExample 2022-03-22T16:59:26Z logger.go:66:       + cidr_blocks              = []
TestTerraformCompleteExample 2022-03-22T16:59:26Z logger.go:66:         id                       = "sgrule-3070078806"
TestTerraformCompleteExample 2022-03-22T16:59:26Z logger.go:66:       + ipv6_cidr_blocks         = []
TestTerraformCompleteExample 2022-03-22T16:59:26Z logger.go:66:         # (9 unchanged attributes hidden)
TestTerraformCompleteExample 2022-03-22T16:59:26Z logger.go:66:     }
TestTerraformCompleteExample 2022-03-22T16:59:26Z logger.go:66:
TestTerraformCompleteExample 2022-03-22T16:59:26Z logger.go:66:   # module.eks.aws_security_group_rule.node["ingress_cluster_kubelet"] has changed
TestTerraformCompleteExample 2022-03-22T16:59:26Z logger.go:66:   ~ resource "aws_security_group_rule" "node" {
TestTerraformCompleteExample 2022-03-22T16:59:26Z logger.go:66:       + cidr_blocks              = []
TestTerraformCompleteExample 2022-03-22T16:59:26Z logger.go:66:         id                       = "sgrule-1251120161"
TestTerraformCompleteExample 2022-03-22T16:59:26Z logger.go:66:       + ipv6_cidr_blocks         = []
TestTerraformCompleteExample 2022-03-22T16:59:26Z logger.go:66:         # (9 unchanged attributes hidden)
TestTerraformCompleteExample 2022-03-22T16:59:26Z logger.go:66:     }
TestTerraformCompleteExample 2022-03-22T16:59:26Z logger.go:66:
TestTerraformCompleteExample 2022-03-22T16:59:26Z logger.go:66:   # module.eks.aws_security_group_rule.node["ingress_self_coredns_tcp"] has changed
TestTerraformCompleteExample 2022-03-22T16:59:26Z logger.go:66:   ~ resource "aws_security_group_rule" "node" {
TestTerraformCompleteExample 2022-03-22T16:59:26Z logger.go:66:       + cidr_blocks              = []
TestTerraformCompleteExample 2022-03-22T16:59:26Z logger.go:66:         id                       = "sgrule-968656662"
TestTerraformCompleteExample 2022-03-22T16:59:26Z logger.go:66:       + ipv6_cidr_blocks         = []
TestTerraformCompleteExample 2022-03-22T16:59:26Z logger.go:66:       + source_security_group_id = "sg-05c945c8db9060585"
TestTerraformCompleteExample 2022-03-22T16:59:26Z logger.go:66:         # (8 unchanged attributes hidden)
TestTerraformCompleteExample 2022-03-22T16:59:26Z logger.go:66:     }
TestTerraformCompleteExample 2022-03-22T16:59:26Z logger.go:66:
TestTerraformCompleteExample 2022-03-22T16:59:26Z logger.go:66:   # module.eks.aws_security_group_rule.node["ingress_self_coredns_udp"] has changed
TestTerraformCompleteExample 2022-03-22T16:59:26Z logger.go:66:   ~ resource "aws_security_group_rule" "node" {
TestTerraformCompleteExample 2022-03-22T16:59:26Z logger.go:66:       + cidr_blocks              = []
TestTerraformCompleteExample 2022-03-22T16:59:26Z logger.go:66:         id                       = "sgrule-2648909049"
TestTerraformCompleteExample 2022-03-22T16:59:26Z logger.go:66:       + ipv6_cidr_blocks         = []
TestTerraformCompleteExample 2022-03-22T16:59:26Z logger.go:66:       + source_security_group_id = "sg-05c945c8db9060585"
TestTerraformCompleteExample 2022-03-22T16:59:26Z logger.go:66:         # (8 unchanged attributes hidden)
TestTerraformCompleteExample 2022-03-22T16:59:26Z logger.go:66:     }
TestTerraformCompleteExample 2022-03-22T16:59:26Z logger.go:66:
TestTerraformCompleteExample 2022-03-22T16:59:26Z logger.go:66:   # module.eks_auth.kubernetes_config_map_v1.aws_auth[0] has changed
TestTerraformCompleteExample 2022-03-22T16:59:26Z logger.go:66:   ~ resource "kubernetes_config_map_v1" "aws_auth" {
TestTerraformCompleteExample 2022-03-22T16:59:26Z logger.go:66:       + binary_data = {}
TestTerraformCompleteExample 2022-03-22T16:59:26Z logger.go:66:         id          = "kube-system/aws-auth"
TestTerraformCompleteExample 2022-03-22T16:59:26Z logger.go:66:         # (1 unchanged attribute hidden)
TestTerraformCompleteExample 2022-03-22T16:59:26Z logger.go:66:
TestTerraformCompleteExample 2022-03-22T16:59:26Z logger.go:66:       ~ metadata {
TestTerraformCompleteExample 2022-03-22T16:59:26Z logger.go:66:           + annotations      = {}
TestTerraformCompleteExample 2022-03-22T16:59:26Z logger.go:66:             name             = "aws-auth"
TestTerraformCompleteExample 2022-03-22T16:59:26Z logger.go:66:             # (5 unchanged attributes hidden)
TestTerraformCompleteExample 2022-03-22T16:59:26Z logger.go:66:         }
TestTerraformCompleteExample 2022-03-22T16:59:26Z logger.go:66:     }
TestTerraformCompleteExample 2022-03-22T16:59:26Z logger.go:66:
TestTerraformCompleteExample 2022-03-22T16:59:26Z logger.go:66:   # module.eks_auth.kubernetes_job_v1.aws_auth[0] has changed
TestTerraformCompleteExample 2022-03-22T16:59:26Z logger.go:66:   ~ resource "kubernetes_job_v1" "aws_auth" {
TestTerraformCompleteExample 2022-03-22T16:59:26Z logger.go:66:         id                  = "kube-system/terraform-eks-auth-aws"
TestTerraformCompleteExample 2022-03-22T16:59:26Z logger.go:66:         # (1 unchanged attribute hidden)
TestTerraformCompleteExample 2022-03-22T16:59:26Z logger.go:66:
TestTerraformCompleteExample 2022-03-22T16:59:26Z logger.go:66:       ~ metadata {
TestTerraformCompleteExample 2022-03-22T16:59:26Z logger.go:66:           + annotations      = {}
TestTerraformCompleteExample 2022-03-22T16:59:26Z logger.go:66:             name             = "terraform-eks-auth-aws"
TestTerraformCompleteExample 2022-03-22T16:59:26Z logger.go:66:           + resource_version = "1298"
TestTerraformCompleteExample 2022-03-22T16:59:26Z logger.go:66:           + uid              = "9cee2e26-adaf-49cc-b8b9-1cc254ef0de8"
TestTerraformCompleteExample 2022-03-22T16:59:26Z logger.go:66:             # (3 unchanged attributes hidden)
TestTerraformCompleteExample 2022-03-22T16:59:26Z logger.go:66:         }
TestTerraformCompleteExample 2022-03-22T16:59:26Z logger.go:66:
TestTerraformCompleteExample 2022-03-22T16:59:26Z logger.go:66:       ~ spec {
TestTerraformCompleteExample 2022-03-22T16:59:26Z logger.go:66:             # (5 unchanged attributes hidden)
TestTerraformCompleteExample 2022-03-22T16:59:26Z logger.go:66:
TestTerraformCompleteExample 2022-03-22T16:59:26Z logger.go:66:           + selector {
TestTerraformCompleteExample 2022-03-22T16:59:26Z logger.go:66:             }
TestTerraformCompleteExample 2022-03-22T16:59:26Z logger.go:66:
TestTerraformCompleteExample 2022-03-22T16:59:26Z logger.go:66:           ~ template {
TestTerraformCompleteExample 2022-03-22T16:59:26Z logger.go:66:               ~ metadata {
TestTerraformCompleteExample 2022-03-22T16:59:26Z logger.go:66:                   + annotations = {}
TestTerraformCompleteExample 2022-03-22T16:59:26Z logger.go:66:                   + labels      = {}
TestTerraformCompleteExample 2022-03-22T16:59:26Z logger.go:66:                     # (1 unchanged attribute hidden)
TestTerraformCompleteExample 2022-03-22T16:59:26Z logger.go:66:                 }
TestTerraformCompleteExample 2022-03-22T16:59:26Z logger.go:66:
TestTerraformCompleteExample 2022-03-22T16:59:26Z logger.go:66:               ~ spec {
TestTerraformCompleteExample 2022-03-22T16:59:26Z logger.go:66:                   + node_selector                    = {}
TestTerraformCompleteExample 2022-03-22T16:59:26Z logger.go:66:                     # (11 unchanged attributes hidden)
TestTerraformCompleteExample 2022-03-22T16:59:26Z logger.go:66:
TestTerraformCompleteExample 2022-03-22T16:59:26Z logger.go:66:                   ~ container {
TestTerraformCompleteExample 2022-03-22T16:59:26Z logger.go:66:                       + args                       = []
TestTerraformCompleteExample 2022-03-22T16:59:26Z logger.go:66:                       + image_pull_policy          = "IfNotPresent"
TestTerraformCompleteExample 2022-03-22T16:59:26Z logger.go:66:                         name                       = "terraform-eks-auth-aws"
TestTerraformCompleteExample 2022-03-22T16:59:26Z logger.go:66:                       + termination_message_policy = "File"
TestTerraformCompleteExample 2022-03-22T16:59:26Z logger.go:66:                         # (6 unchanged attributes hidden)
TestTerraformCompleteExample 2022-03-22T16:59:26Z logger.go:66:
TestTerraformCompleteExample 2022-03-22T16:59:26Z logger.go:66:                       + resources {}
TestTerraformCompleteExample 2022-03-22T16:59:26Z logger.go:66:                     }
TestTerraformCompleteExample 2022-03-22T16:59:26Z logger.go:66:                 }
TestTerraformCompleteExample 2022-03-22T16:59:26Z logger.go:66:             }
TestTerraformCompleteExample 2022-03-22T16:59:26Z logger.go:66:         }
TestTerraformCompleteExample 2022-03-22T16:59:26Z logger.go:66:
TestTerraformCompleteExample 2022-03-22T16:59:26Z logger.go:66:         # (1 unchanged block hidden)
TestTerraformCompleteExample 2022-03-22T16:59:26Z logger.go:66:     }
TestTerraformCompleteExample 2022-03-22T16:59:26Z logger.go:66:
TestTerraformCompleteExample 2022-03-22T16:59:26Z logger.go:66:   # module.eks_auth.kubernetes_role_binding_v1.aws_auth has changed
TestTerraformCompleteExample 2022-03-22T16:59:26Z logger.go:66:   ~ resource "kubernetes_role_binding_v1" "aws_auth" {
TestTerraformCompleteExample 2022-03-22T16:59:26Z logger.go:66:         id = "kube-system/terraform-eks-auth-aws"
TestTerraformCompleteExample 2022-03-22T16:59:26Z logger.go:66:
TestTerraformCompleteExample 2022-03-22T16:59:26Z logger.go:66:       ~ metadata {
TestTerraformCompleteExample 2022-03-22T16:59:26Z logger.go:66:           + annotations      = {}
TestTerraformCompleteExample 2022-03-22T16:59:26Z logger.go:66:             name             = "terraform-eks-auth-aws"
TestTerraformCompleteExample 2022-03-22T16:59:26Z logger.go:66:             # (5 unchanged attributes hidden)
TestTerraformCompleteExample 2022-03-22T16:59:26Z logger.go:66:         }
TestTerraformCompleteExample 2022-03-22T16:59:26Z logger.go:66:
TestTerraformCompleteExample 2022-03-22T16:59:26Z logger.go:66:
TestTerraformCompleteExample 2022-03-22T16:59:26Z logger.go:66:         # (2 unchanged blocks hidden)
TestTerraformCompleteExample 2022-03-22T16:59:26Z logger.go:66:     }
TestTerraformCompleteExample 2022-03-22T16:59:26Z logger.go:66:
TestTerraformCompleteExample 2022-03-22T16:59:26Z logger.go:66:   # module.eks_auth.kubernetes_role_v1.aws_auth has changed
TestTerraformCompleteExample 2022-03-22T16:59:26Z logger.go:66:   ~ resource "kubernetes_role_v1" "aws_auth" {
TestTerraformCompleteExample 2022-03-22T16:59:26Z logger.go:66:         id = "kube-system/terraform-eks-auth-aws"
TestTerraformCompleteExample 2022-03-22T16:59:26Z logger.go:66:
TestTerraformCompleteExample 2022-03-22T16:59:26Z logger.go:66:       ~ metadata {
TestTerraformCompleteExample 2022-03-22T16:59:26Z logger.go:66:           + annotations      = {}
TestTerraformCompleteExample 2022-03-22T16:59:26Z logger.go:66:             name             = "terraform-eks-auth-aws"
TestTerraformCompleteExample 2022-03-22T16:59:26Z logger.go:66:             # (5 unchanged attributes hidden)
TestTerraformCompleteExample 2022-03-22T16:59:26Z logger.go:66:         }
TestTerraformCompleteExample 2022-03-22T16:59:26Z logger.go:66:
TestTerraformCompleteExample 2022-03-22T16:59:26Z logger.go:66:         # (1 unchanged block hidden)
TestTerraformCompleteExample 2022-03-22T16:59:26Z logger.go:66:     }
TestTerraformCompleteExample 2022-03-22T16:59:26Z logger.go:66:
TestTerraformCompleteExample 2022-03-22T16:59:26Z logger.go:66:   # module.eks_auth.kubernetes_service_account_v1.aws_auth has changed
TestTerraformCompleteExample 2022-03-22T16:59:26Z logger.go:66:   ~ resource "kubernetes_service_account_v1" "aws_auth" {
TestTerraformCompleteExample 2022-03-22T16:59:26Z logger.go:66:         id                              = "kube-system/terraform-eks-auth-aws"
TestTerraformCompleteExample 2022-03-22T16:59:26Z logger.go:66:         # (2 unchanged attributes hidden)
TestTerraformCompleteExample 2022-03-22T16:59:26Z logger.go:66:
TestTerraformCompleteExample 2022-03-22T16:59:26Z logger.go:66:       ~ metadata {
TestTerraformCompleteExample 2022-03-22T16:59:26Z logger.go:66:           + annotations      = {}
TestTerraformCompleteExample 2022-03-22T16:59:26Z logger.go:66:             name             = "terraform-eks-auth-aws"
TestTerraformCompleteExample 2022-03-22T16:59:26Z logger.go:66:             # (5 unchanged attributes hidden)
TestTerraformCompleteExample 2022-03-22T16:59:26Z logger.go:66:         }
TestTerraformCompleteExample 2022-03-22T16:59:26Z logger.go:66:     }
TestTerraformCompleteExample 2022-03-22T16:59:26Z logger.go:66:
TestTerraformCompleteExample 2022-03-22T16:59:26Z logger.go:66:   # module.vpc.aws_eip.nat[0] has changed
TestTerraformCompleteExample 2022-03-22T16:59:26Z logger.go:66:   ~ resource "aws_eip" "nat" {
TestTerraformCompleteExample 2022-03-22T16:59:26Z logger.go:66:       + association_id       = "eipassoc-01007678223983043"
TestTerraformCompleteExample 2022-03-22T16:59:26Z logger.go:66:         id                   = "eipalloc-0e7ddf98e67ae82f9"
TestTerraformCompleteExample 2022-03-22T16:59:26Z logger.go:66:       + network_interface    = "eni-02e7beff800ac3e56"
TestTerraformCompleteExample 2022-03-22T16:59:26Z logger.go:66:       + private_dns          = "ip-10-0-4-84.us-west-2.compute.internal"
TestTerraformCompleteExample 2022-03-22T16:59:26Z logger.go:66:       + private_ip           = "10.0.4.84"
TestTerraformCompleteExample 2022-03-22T16:59:26Z logger.go:66:         tags                 = {
TestTerraformCompleteExample 2022-03-22T16:59:26Z logger.go:66:             "Name" = "ex-complete-us-west-2a"
TestTerraformCompleteExample 2022-03-22T16:59:26Z logger.go:66:         }
TestTerraformCompleteExample 2022-03-22T16:59:26Z logger.go:66:         # (8 unchanged attributes hidden)
TestTerraformCompleteExample 2022-03-22T16:59:26Z logger.go:66:     }
TestTerraformCompleteExample 2022-03-22T16:59:26Z logger.go:66:
TestTerraformCompleteExample 2022-03-22T16:59:26Z logger.go:66:   # module.vpc.aws_route_table.private[0] has changed
TestTerraformCompleteExample 2022-03-22T16:59:26Z logger.go:66:   ~ resource "aws_route_table" "private" {
TestTerraformCompleteExample 2022-03-22T16:59:26Z logger.go:66:         id               = "rtb-0d02292148e6f87a8"
TestTerraformCompleteExample 2022-03-22T16:59:26Z logger.go:66:       ~ route            = [
TestTerraformCompleteExample 2022-03-22T16:59:26Z logger.go:66:           + {
TestTerraformCompleteExample 2022-03-22T16:59:26Z logger.go:66:               + carrier_gateway_id         = ""
TestTerraformCompleteExample 2022-03-22T16:59:26Z logger.go:66:               + cidr_block                 = "0.0.0.0/0"
TestTerraformCompleteExample 2022-03-22T16:59:26Z logger.go:66:               + destination_prefix_list_id = ""
TestTerraformCompleteExample 2022-03-22T16:59:26Z logger.go:66:               + egress_only_gateway_id     = ""
TestTerraformCompleteExample 2022-03-22T16:59:26Z logger.go:66:               + gateway_id                 = ""
TestTerraformCompleteExample 2022-03-22T16:59:26Z logger.go:66:               + instance_id                = ""
TestTerraformCompleteExample 2022-03-22T16:59:26Z logger.go:66:               + ipv6_cidr_block            = ""
TestTerraformCompleteExample 2022-03-22T16:59:26Z logger.go:66:               + local_gateway_id           = ""
TestTerraformCompleteExample 2022-03-22T16:59:26Z logger.go:66:               + nat_gateway_id             = "nat-0707715ce9ae217a8"
TestTerraformCompleteExample 2022-03-22T16:59:26Z logger.go:66:               + network_interface_id       = ""
TestTerraformCompleteExample 2022-03-22T16:59:26Z logger.go:66:               + transit_gateway_id         = ""
TestTerraformCompleteExample 2022-03-22T16:59:26Z logger.go:66:               + vpc_endpoint_id            = ""
TestTerraformCompleteExample 2022-03-22T16:59:26Z logger.go:66:               + vpc_peering_connection_id  = ""
TestTerraformCompleteExample 2022-03-22T16:59:26Z logger.go:66:             },
TestTerraformCompleteExample 2022-03-22T16:59:26Z logger.go:66:         ]
TestTerraformCompleteExample 2022-03-22T16:59:26Z logger.go:66:         tags             = {
TestTerraformCompleteExample 2022-03-22T16:59:26Z logger.go:66:             "Name" = "ex-complete-private"
TestTerraformCompleteExample 2022-03-22T16:59:26Z logger.go:66:         }
TestTerraformCompleteExample 2022-03-22T16:59:26Z logger.go:66:         # (5 unchanged attributes hidden)
TestTerraformCompleteExample 2022-03-22T16:59:26Z logger.go:66:     }
TestTerraformCompleteExample 2022-03-22T16:59:26Z logger.go:66:
TestTerraformCompleteExample 2022-03-22T16:59:26Z logger.go:66:   # module.vpc.aws_route_table.public[0] has changed
TestTerraformCompleteExample 2022-03-22T16:59:26Z logger.go:66:   ~ resource "aws_route_table" "public" {
TestTerraformCompleteExample 2022-03-22T16:59:26Z logger.go:66:         id               = "rtb-069abf81880306030"
TestTerraformCompleteExample 2022-03-22T16:59:26Z logger.go:66:       ~ route            = [
TestTerraformCompleteExample 2022-03-22T16:59:26Z logger.go:66:           + {
TestTerraformCompleteExample 2022-03-22T16:59:26Z logger.go:66:               + carrier_gateway_id         = ""
TestTerraformCompleteExample 2022-03-22T16:59:26Z logger.go:66:               + cidr_block                 = "0.0.0.0/0"
TestTerraformCompleteExample 2022-03-22T16:59:26Z logger.go:66:               + destination_prefix_list_id = ""
TestTerraformCompleteExample 2022-03-22T16:59:26Z logger.go:66:               + egress_only_gateway_id     = ""
TestTerraformCompleteExample 2022-03-22T16:59:26Z logger.go:66:               + gateway_id                 = "igw-0113d2cf92ef1a256"
TestTerraformCompleteExample 2022-03-22T16:59:26Z logger.go:66:               + instance_id                = ""
TestTerraformCompleteExample 2022-03-22T16:59:26Z logger.go:66:               + ipv6_cidr_block            = ""
TestTerraformCompleteExample 2022-03-22T16:59:26Z logger.go:66:               + local_gateway_id           = ""
TestTerraformCompleteExample 2022-03-22T16:59:26Z logger.go:66:               + nat_gateway_id             = ""
TestTerraformCompleteExample 2022-03-22T16:59:26Z logger.go:66:               + network_interface_id       = ""
TestTerraformCompleteExample 2022-03-22T16:59:26Z logger.go:66:               + transit_gateway_id         = ""
TestTerraformCompleteExample 2022-03-22T16:59:26Z logger.go:66:               + vpc_endpoint_id            = ""
TestTerraformCompleteExample 2022-03-22T16:59:26Z logger.go:66:               + vpc_peering_connection_id  = ""
TestTerraformCompleteExample 2022-03-22T16:59:26Z logger.go:66:             },
TestTerraformCompleteExample 2022-03-22T16:59:26Z logger.go:66:         ]
TestTerraformCompleteExample 2022-03-22T16:59:26Z logger.go:66:         tags             = {
TestTerraformCompleteExample 2022-03-22T16:59:26Z logger.go:66:             "Name" = "ex-complete-public"
TestTerraformCompleteExample 2022-03-22T16:59:26Z logger.go:66:         }
TestTerraformCompleteExample 2022-03-22T16:59:26Z logger.go:66:         # (5 unchanged attributes hidden)
TestTerraformCompleteExample 2022-03-22T16:59:26Z logger.go:66:     }
TestTerraformCompleteExample 2022-03-22T16:59:26Z logger.go:66:
TestTerraformCompleteExample 2022-03-22T16:59:26Z logger.go:66:   # module.eks.module.eks_managed_node_group["foo"].aws_eks_node_group.this[0] has changed
TestTerraformCompleteExample 2022-03-22T16:59:26Z logger.go:66:   ~ resource "aws_eks_node_group" "this" {
TestTerraformCompleteExample 2022-03-22T16:59:26Z logger.go:66:         id                     = "ex-complete:foo-20220322165613661300000019"
TestTerraformCompleteExample 2022-03-22T16:59:26Z logger.go:66:       + labels                 = {}
TestTerraformCompleteExample 2022-03-22T16:59:26Z logger.go:66:         tags                   = {
TestTerraformCompleteExample 2022-03-22T16:59:26Z logger.go:66:             "Name" = "foo"
TestTerraformCompleteExample 2022-03-22T16:59:26Z logger.go:66:         }
TestTerraformCompleteExample 2022-03-22T16:59:26Z logger.go:66:         # (15 unchanged attributes hidden)
TestTerraformCompleteExample 2022-03-22T16:59:26Z logger.go:66:
TestTerraformCompleteExample 2022-03-22T16:59:26Z logger.go:66:
TestTerraformCompleteExample 2022-03-22T16:59:26Z logger.go:66:
TestTerraformCompleteExample 2022-03-22T16:59:26Z logger.go:66:
TestTerraformCompleteExample 2022-03-22T16:59:26Z logger.go:66:         # (4 unchanged blocks hidden)
TestTerraformCompleteExample 2022-03-22T16:59:26Z logger.go:66:     }
TestTerraformCompleteExample 2022-03-22T16:59:26Z logger.go:66:
TestTerraformCompleteExample 2022-03-22T16:59:26Z logger.go:66:   # module.eks.module.eks_managed_node_group["foo"].aws_iam_role.this[0] has changed
TestTerraformCompleteExample 2022-03-22T16:59:26Z logger.go:66:   ~ resource "aws_iam_role" "this" {
TestTerraformCompleteExample 2022-03-22T16:59:26Z logger.go:66:         id                    = "foo-eks-node-group-20220322164526193400000004"
TestTerraformCompleteExample 2022-03-22T16:59:26Z logger.go:66:       ~ managed_policy_arns   = [
TestTerraformCompleteExample 2022-03-22T16:59:26Z logger.go:66:           + "arn:aws:iam::aws:policy/AmazonEC2ContainerRegistryReadOnly",
TestTerraformCompleteExample 2022-03-22T16:59:26Z logger.go:66:           + "arn:aws:iam::aws:policy/AmazonEKSWorkerNodePolicy",
TestTerraformCompleteExample 2022-03-22T16:59:26Z logger.go:66:           + "arn:aws:iam::aws:policy/AmazonEKS_CNI_Policy",
TestTerraformCompleteExample 2022-03-22T16:59:26Z logger.go:66:         ]
TestTerraformCompleteExample 2022-03-22T16:59:26Z logger.go:66:         name                  = "foo-eks-node-group-20220322164526193400000004"
TestTerraformCompleteExample 2022-03-22T16:59:26Z logger.go:66:       + tags                  = {}
TestTerraformCompleteExample 2022-03-22T16:59:26Z logger.go:66:         # (10 unchanged attributes hidden)
TestTerraformCompleteExample 2022-03-22T16:59:26Z logger.go:66:
TestTerraformCompleteExample 2022-03-22T16:59:26Z logger.go:66:         # (1 unchanged block hidden)
TestTerraformCompleteExample 2022-03-22T16:59:26Z logger.go:66:     }
TestTerraformCompleteExample 2022-03-22T16:59:26Z logger.go:66:
TestTerraformCompleteExample 2022-03-22T16:59:26Z logger.go:66:   # module.eks.module.eks_managed_node_group["foo"].aws_launch_template.this[0] has changed
TestTerraformCompleteExample 2022-03-22T16:59:26Z logger.go:66:   ~ resource "aws_launch_template" "this" {
TestTerraformCompleteExample 2022-03-22T16:59:26Z logger.go:66:         id                      = "lt-09d4c05a368471446"
TestTerraformCompleteExample 2022-03-22T16:59:26Z logger.go:66:         name                    = "foo-20220322165612785100000015"
TestTerraformCompleteExample 2022-03-22T16:59:26Z logger.go:66:       + security_group_names    = []
TestTerraformCompleteExample 2022-03-22T16:59:26Z logger.go:66:       + tags                    = {}
TestTerraformCompleteExample 2022-03-22T16:59:26Z logger.go:66:         # (9 unchanged attributes hidden)
TestTerraformCompleteExample 2022-03-22T16:59:26Z logger.go:66:
TestTerraformCompleteExample 2022-03-22T16:59:26Z logger.go:66:
TestTerraformCompleteExample 2022-03-22T16:59:26Z logger.go:66:
TestTerraformCompleteExample 2022-03-22T16:59:26Z logger.go:66:         # (5 unchanged blocks hidden)
TestTerraformCompleteExample 2022-03-22T16:59:26Z logger.go:66:     }
TestTerraformCompleteExample 2022-03-22T16:59:26Z logger.go:66:
TestTerraformCompleteExample 2022-03-22T16:59:26Z logger.go:66:   # module.eks.module.fargate_profile["bar"].aws_eks_fargate_profile.this[0] has changed
TestTerraformCompleteExample 2022-03-22T16:59:26Z logger.go:66:   ~ resource "aws_eks_fargate_profile" "this" {
TestTerraformCompleteExample 2022-03-22T16:59:26Z logger.go:66:         id                     = "ex-complete:bar"
TestTerraformCompleteExample 2022-03-22T16:59:26Z logger.go:66:       + tags                   = {}
TestTerraformCompleteExample 2022-03-22T16:59:26Z logger.go:66:         # (7 unchanged attributes hidden)
TestTerraformCompleteExample 2022-03-22T16:59:26Z logger.go:66:
TestTerraformCompleteExample 2022-03-22T16:59:26Z logger.go:66:       + selector {
TestTerraformCompleteExample 2022-03-22T16:59:26Z logger.go:66:           + labels    = {}
TestTerraformCompleteExample 2022-03-22T16:59:26Z logger.go:66:           + namespace = "bar"
TestTerraformCompleteExample 2022-03-22T16:59:26Z logger.go:66:         }
TestTerraformCompleteExample 2022-03-22T16:59:26Z logger.go:66:       - selector {
TestTerraformCompleteExample 2022-03-22T16:59:26Z logger.go:66:           - namespace = "bar" -> null
TestTerraformCompleteExample 2022-03-22T16:59:26Z logger.go:66:         }
TestTerraformCompleteExample 2022-03-22T16:59:26Z logger.go:66:
TestTerraformCompleteExample 2022-03-22T16:59:26Z logger.go:66:         # (1 unchanged block hidden)
TestTerraformCompleteExample 2022-03-22T16:59:26Z logger.go:66:     }
TestTerraformCompleteExample 2022-03-22T16:59:26Z logger.go:66:
TestTerraformCompleteExample 2022-03-22T16:59:26Z logger.go:66:   # module.eks.module.fargate_profile["bar"].aws_iam_role.this[0] has changed
TestTerraformCompleteExample 2022-03-22T16:59:26Z logger.go:66:   ~ resource "aws_iam_role" "this" {
TestTerraformCompleteExample 2022-03-22T16:59:26Z logger.go:66:         id                    = "bar-20220322164526193400000003"
TestTerraformCompleteExample 2022-03-22T16:59:26Z logger.go:66:       ~ managed_policy_arns   = [
TestTerraformCompleteExample 2022-03-22T16:59:26Z logger.go:66:           + "arn:aws:iam::aws:policy/AmazonEKSFargatePodExecutionRolePolicy",
TestTerraformCompleteExample 2022-03-22T16:59:26Z logger.go:66:           + "arn:aws:iam::aws:policy/AmazonEKS_CNI_Policy",
TestTerraformCompleteExample 2022-03-22T16:59:26Z logger.go:66:         ]
TestTerraformCompleteExample 2022-03-22T16:59:26Z logger.go:66:         name                  = "bar-20220322164526193400000003"
TestTerraformCompleteExample 2022-03-22T16:59:26Z logger.go:66:       + tags                  = {}
TestTerraformCompleteExample 2022-03-22T16:59:26Z logger.go:66:         # (10 unchanged attributes hidden)
TestTerraformCompleteExample 2022-03-22T16:59:26Z logger.go:66:
TestTerraformCompleteExample 2022-03-22T16:59:26Z logger.go:66:         # (1 unchanged block hidden)
TestTerraformCompleteExample 2022-03-22T16:59:26Z logger.go:66:     }
TestTerraformCompleteExample 2022-03-22T16:59:26Z logger.go:66:
TestTerraformCompleteExample 2022-03-22T16:59:26Z logger.go:66:   # module.eks.module.self_managed_node_group["boo"].aws_autoscaling_group.this[0] has changed
TestTerraformCompleteExample 2022-03-22T16:59:26Z logger.go:66:   ~ resource "aws_autoscaling_group" "this" {
TestTerraformCompleteExample 2022-03-22T16:59:26Z logger.go:66:       + enabled_metrics           = []
TestTerraformCompleteExample 2022-03-22T16:59:26Z logger.go:66:         id                        = "boo-2022032216561367460000001b"
TestTerraformCompleteExample 2022-03-22T16:59:26Z logger.go:66:       + load_balancers            = []
TestTerraformCompleteExample 2022-03-22T16:59:26Z logger.go:66:         name                      = "boo-2022032216561367460000001b"
TestTerraformCompleteExample 2022-03-22T16:59:26Z logger.go:66:       + suspended_processes       = []
TestTerraformCompleteExample 2022-03-22T16:59:26Z logger.go:66:       + target_group_arns         = []
TestTerraformCompleteExample 2022-03-22T16:59:26Z logger.go:66:       + termination_policies      = []
TestTerraformCompleteExample 2022-03-22T16:59:26Z logger.go:66:         # (18 unchanged attributes hidden)
TestTerraformCompleteExample 2022-03-22T16:59:26Z logger.go:66:
TestTerraformCompleteExample 2022-03-22T16:59:26Z logger.go:66:
TestTerraformCompleteExample 2022-03-22T16:59:26Z logger.go:66:
TestTerraformCompleteExample 2022-03-22T16:59:26Z logger.go:66:         # (5 unchanged blocks hidden)
TestTerraformCompleteExample 2022-03-22T16:59:26Z logger.go:66:     }
TestTerraformCompleteExample 2022-03-22T16:59:26Z logger.go:66:
TestTerraformCompleteExample 2022-03-22T16:59:26Z logger.go:66:   # module.eks.module.self_managed_node_group["boo"].aws_iam_instance_profile.this[0] has changed
TestTerraformCompleteExample 2022-03-22T16:59:26Z logger.go:66:   ~ resource "aws_iam_instance_profile" "this" {
TestTerraformCompleteExample 2022-03-22T16:59:26Z logger.go:66:         id          = "boo-node-group-2022032216452786200000000e"
TestTerraformCompleteExample 2022-03-22T16:59:26Z logger.go:66:         name        = "boo-node-group-2022032216452786200000000e"
TestTerraformCompleteExample 2022-03-22T16:59:26Z logger.go:66:       + tags        = {}
TestTerraformCompleteExample 2022-03-22T16:59:26Z logger.go:66:         # (7 unchanged attributes hidden)
TestTerraformCompleteExample 2022-03-22T16:59:26Z logger.go:66:     }
TestTerraformCompleteExample 2022-03-22T16:59:26Z logger.go:66:
TestTerraformCompleteExample 2022-03-22T16:59:26Z logger.go:66:   # module.eks.module.self_managed_node_group["boo"].aws_iam_role.this[0] has changed
TestTerraformCompleteExample 2022-03-22T16:59:26Z logger.go:66:   ~ resource "aws_iam_role" "this" {
TestTerraformCompleteExample 2022-03-22T16:59:26Z logger.go:66:         id                    = "boo-node-group-20220322164526180300000002"
TestTerraformCompleteExample 2022-03-22T16:59:26Z logger.go:66:       ~ managed_policy_arns   = [
TestTerraformCompleteExample 2022-03-22T16:59:26Z logger.go:66:           + "arn:aws:iam::aws:policy/AmazonEC2ContainerRegistryReadOnly",
TestTerraformCompleteExample 2022-03-22T16:59:26Z logger.go:66:           + "arn:aws:iam::aws:policy/AmazonEKSWorkerNodePolicy",
TestTerraformCompleteExample 2022-03-22T16:59:26Z logger.go:66:           + "arn:aws:iam::aws:policy/AmazonEKS_CNI_Policy",
TestTerraformCompleteExample 2022-03-22T16:59:26Z logger.go:66:         ]
TestTerraformCompleteExample 2022-03-22T16:59:26Z logger.go:66:         name                  = "boo-node-group-20220322164526180300000002"
TestTerraformCompleteExample 2022-03-22T16:59:26Z logger.go:66:       + tags                  = {}
TestTerraformCompleteExample 2022-03-22T16:59:26Z logger.go:66:         # (10 unchanged attributes hidden)
TestTerraformCompleteExample 2022-03-22T16:59:26Z logger.go:66:
TestTerraformCompleteExample 2022-03-22T16:59:26Z logger.go:66:         # (1 unchanged block hidden)
TestTerraformCompleteExample 2022-03-22T16:59:26Z logger.go:66:     }
TestTerraformCompleteExample 2022-03-22T16:59:26Z logger.go:66:
TestTerraformCompleteExample 2022-03-22T16:59:26Z logger.go:66:   # module.eks.module.self_managed_node_group["boo"].aws_launch_template.this[0] has changed
TestTerraformCompleteExample 2022-03-22T16:59:26Z logger.go:66:   ~ resource "aws_launch_template" "this" {
TestTerraformCompleteExample 2022-03-22T16:59:26Z logger.go:66:         id                      = "lt-089ca2a393e2a30df"
TestTerraformCompleteExample 2022-03-22T16:59:26Z logger.go:66:         name                    = "boo-20220322165612789800000017"
TestTerraformCompleteExample 2022-03-22T16:59:26Z logger.go:66:       + security_group_names    = []
TestTerraformCompleteExample 2022-03-22T16:59:26Z logger.go:66:       + tags                    = {}
TestTerraformCompleteExample 2022-03-22T16:59:26Z logger.go:66:         # (12 unchanged attributes hidden)
TestTerraformCompleteExample 2022-03-22T16:59:26Z logger.go:66:
TestTerraformCompleteExample 2022-03-22T16:59:26Z logger.go:66:
TestTerraformCompleteExample 2022-03-22T16:59:26Z logger.go:66:
TestTerraformCompleteExample 2022-03-22T16:59:26Z logger.go:66:
TestTerraformCompleteExample 2022-03-22T16:59:26Z logger.go:66:
TestTerraformCompleteExample 2022-03-22T16:59:26Z logger.go:66:         # (7 unchanged blocks hidden)
TestTerraformCompleteExample 2022-03-22T16:59:26Z logger.go:66:     }
TestTerraformCompleteExample 2022-03-22T16:59:26Z logger.go:66:
TestTerraformCompleteExample 2022-03-22T16:59:26Z logger.go:66:
TestTerraformCompleteExample 2022-03-22T16:59:26Z logger.go:66: Unless you have made equivalent changes to your configuration, or ignored the
TestTerraformCompleteExample 2022-03-22T16:59:26Z logger.go:66: relevant attributes using ignore_changes, the following plan may include
TestTerraformCompleteExample 2022-03-22T16:59:26Z logger.go:66: actions to undo or respond to these changes.
TestTerraformCompleteExample 2022-03-22T16:59:26Z logger.go:66:
TestTerraformCompleteExample 2022-03-22T16:59:26Z logger.go:66: ─────────────────────────────────────────────────────────────────────────────
TestTerraformCompleteExample 2022-03-22T16:59:26Z logger.go:66:
TestTerraformCompleteExample 2022-03-22T16:59:26Z logger.go:66: No changes. Your infrastructure matches the configuration.
TestTerraformCompleteExample 2022-03-22T16:59:26Z logger.go:66:
TestTerraformCompleteExample 2022-03-22T16:59:26Z logger.go:66: Your configuration already matches the changes detected above. If you'd like
TestTerraformCompleteExample 2022-03-22T16:59:26Z logger.go:66: to update the Terraform state to match, create and apply a refresh-only plan:
TestTerraformCompleteExample 2022-03-22T16:59:26Z logger.go:66:   terraform apply -refresh-only
TestTerraformCompleteExample 2022-03-22T16:59:28Z logger.go:66:
TestTerraformCompleteExample 2022-03-22T16:59:28Z logger.go:66: Apply complete! Resources: 0 added, 0 changed, 0 destroyed.
TestTerraformCompleteExample 2022-03-22T16:59:28Z logger.go:66:
TestTerraformCompleteExample 2022-03-22T16:59:28Z logger.go:66: Outputs:
TestTerraformCompleteExample 2022-03-22T16:59:28Z logger.go:66:
TestTerraformCompleteExample 2022-03-22T16:59:28Z logger.go:66: fargate_profile_iam_role_arn = "arn:aws:iam::11111111111:role/bar-20220322164526193400000003"
TestTerraformCompleteExample 2022-03-22T16:59:28Z logger.go:66: managed_node_group_iam_role_arn = "arn:aws:iam::11111111111:role/foo-eks-node-group-20220322164526193400000004"
TestTerraformCompleteExample 2022-03-22T16:59:28Z logger.go:66: map_accounts = tolist([
TestTerraformCompleteExample 2022-03-22T16:59:28Z logger.go:66:   "777777777777",
TestTerraformCompleteExample 2022-03-22T16:59:28Z logger.go:66:   "888888888888",
TestTerraformCompleteExample 2022-03-22T16:59:28Z logger.go:66: ])
TestTerraformCompleteExample 2022-03-22T16:59:28Z logger.go:66: map_roles = tolist([
TestTerraformCompleteExample 2022-03-22T16:59:28Z logger.go:66:   {
TestTerraformCompleteExample 2022-03-22T16:59:28Z logger.go:66:     "groups" = tolist([
TestTerraformCompleteExample 2022-03-22T16:59:28Z logger.go:66:       "system:bootstrappers",
TestTerraformCompleteExample 2022-03-22T16:59:28Z logger.go:66:       "system:nodes",
TestTerraformCompleteExample 2022-03-22T16:59:28Z logger.go:66:     ])
TestTerraformCompleteExample 2022-03-22T16:59:28Z logger.go:66:     "rolearn" = "arn:aws:iam::11111111111:role/foo-eks-node-group-20220322164526193400000004"
TestTerraformCompleteExample 2022-03-22T16:59:28Z logger.go:66:     "username" = "system:node:{{EC2PrivateDNSName}}"
TestTerraformCompleteExample 2022-03-22T16:59:28Z logger.go:66:   },
TestTerraformCompleteExample 2022-03-22T16:59:28Z logger.go:66:   {
TestTerraformCompleteExample 2022-03-22T16:59:28Z logger.go:66:     "groups" = tolist([
TestTerraformCompleteExample 2022-03-22T16:59:28Z logger.go:66:       "system:bootstrappers",
TestTerraformCompleteExample 2022-03-22T16:59:28Z logger.go:66:       "system:nodes",
TestTerraformCompleteExample 2022-03-22T16:59:28Z logger.go:66:     ])
TestTerraformCompleteExample 2022-03-22T16:59:28Z logger.go:66:     "rolearn" = "arn:aws:iam::11111111111:role/boo-node-group-20220322164526180300000002"
TestTerraformCompleteExample 2022-03-22T16:59:28Z logger.go:66:     "username" = "system:node:{{EC2PrivateDNSName}}"
TestTerraformCompleteExample 2022-03-22T16:59:28Z logger.go:66:   },
TestTerraformCompleteExample 2022-03-22T16:59:28Z logger.go:66:   {
TestTerraformCompleteExample 2022-03-22T16:59:28Z logger.go:66:     "groups" = tolist([
TestTerraformCompleteExample 2022-03-22T16:59:28Z logger.go:66:       "system:bootstrappers",
TestTerraformCompleteExample 2022-03-22T16:59:28Z logger.go:66:       "system:nodes",
TestTerraformCompleteExample 2022-03-22T16:59:28Z logger.go:66:       "system:node-proxier",
TestTerraformCompleteExample 2022-03-22T16:59:28Z logger.go:66:     ])
TestTerraformCompleteExample 2022-03-22T16:59:28Z logger.go:66:     "rolearn" = "arn:aws:iam::11111111111:role/bar-20220322164526193400000003"
TestTerraformCompleteExample 2022-03-22T16:59:28Z logger.go:66:     "username" = "system:node:{{SessionName}}"
TestTerraformCompleteExample 2022-03-22T16:59:28Z logger.go:66:   },
TestTerraformCompleteExample 2022-03-22T16:59:28Z logger.go:66:   {
TestTerraformCompleteExample 2022-03-22T16:59:28Z logger.go:66:     "groups" = tolist([
TestTerraformCompleteExample 2022-03-22T16:59:28Z logger.go:66:       "system:masters",
TestTerraformCompleteExample 2022-03-22T16:59:28Z logger.go:66:     ])
TestTerraformCompleteExample 2022-03-22T16:59:28Z logger.go:66:     "rolearn" = "arn:aws:iam::66666666666:role/role1"
TestTerraformCompleteExample 2022-03-22T16:59:28Z logger.go:66:     "username" = "role1"
TestTerraformCompleteExample 2022-03-22T16:59:28Z logger.go:66:   },
TestTerraformCompleteExample 2022-03-22T16:59:28Z logger.go:66: ])
TestTerraformCompleteExample 2022-03-22T16:59:28Z logger.go:66: map_users = tolist([
TestTerraformCompleteExample 2022-03-22T16:59:28Z logger.go:66:   {
TestTerraformCompleteExample 2022-03-22T16:59:28Z logger.go:66:     "groups" = tolist([
TestTerraformCompleteExample 2022-03-22T16:59:28Z logger.go:66:       "system:masters",
TestTerraformCompleteExample 2022-03-22T16:59:28Z logger.go:66:     ])
TestTerraformCompleteExample 2022-03-22T16:59:28Z logger.go:66:     "userarn" = "arn:aws:iam::66666666666:user/user1"
TestTerraformCompleteExample 2022-03-22T16:59:28Z logger.go:66:     "username" = "user1"
TestTerraformCompleteExample 2022-03-22T16:59:28Z logger.go:66:   },
TestTerraformCompleteExample 2022-03-22T16:59:28Z logger.go:66:   {
TestTerraformCompleteExample 2022-03-22T16:59:28Z logger.go:66:     "groups" = tolist([
TestTerraformCompleteExample 2022-03-22T16:59:28Z logger.go:66:       "system:masters",
TestTerraformCompleteExample 2022-03-22T16:59:28Z logger.go:66:     ])
TestTerraformCompleteExample 2022-03-22T16:59:28Z logger.go:66:     "userarn" = "arn:aws:iam::66666666666:user/user2"
TestTerraformCompleteExample 2022-03-22T16:59:28Z logger.go:66:     "username" = "user2"
TestTerraformCompleteExample 2022-03-22T16:59:28Z logger.go:66:   },
TestTerraformCompleteExample 2022-03-22T16:59:28Z logger.go:66: ])
TestTerraformCompleteExample 2022-03-22T16:59:28Z logger.go:66: self_managed_node_group_iam_role_arn = "arn:aws:iam::11111111111:role/boo-node-group-20220322164526180300000002"
TestTerraformCompleteExample 2022-03-22T16:59:28Z logger.go:66: Running terraform with args [plan -input=false -detailed-exitcode -no-color -lock=false]
TestTerraformCompleteExample 2022-03-22T16:59:28Z logger.go:66: Running command terraform with args [plan -input=false -detailed-exitcode -no-color -lock=false]
TestTerraformCompleteExample 2022-03-22T16:59:33Z logger.go:66: module.vpc.aws_vpc.this[0]: Refreshing state... [id=vpc-095ec8e5b71fefea7]
TestTerraformCompleteExample 2022-03-22T16:59:33Z logger.go:66: module.vpc.aws_eip.nat[0]: Refreshing state... [id=eipalloc-0e7ddf98e67ae82f9]
TestTerraformCompleteExample 2022-03-22T16:59:33Z logger.go:66: module.eks.aws_cloudwatch_log_group.this[0]: Refreshing state... [id=/aws/eks/ex-complete/cluster]
TestTerraformCompleteExample 2022-03-22T16:59:33Z logger.go:66: module.eks.module.fargate_profile["bar"].aws_iam_role.this[0]: Refreshing state... [id=bar-20220322164526193400000003]
TestTerraformCompleteExample 2022-03-22T16:59:33Z logger.go:66: module.eks.module.self_managed_node_group["boo"].aws_iam_role.this[0]: Refreshing state... [id=boo-node-group-20220322164526180300000002]
TestTerraformCompleteExample 2022-03-22T16:59:33Z logger.go:66: module.eks.module.eks_managed_node_group["foo"].aws_iam_role.this[0]: Refreshing state... [id=foo-eks-node-group-20220322164526193400000004]
TestTerraformCompleteExample 2022-03-22T16:59:34Z logger.go:66: module.eks.aws_iam_role.this[0]: Refreshing state... [id=ex-complete-cluster-20220322164526180200000001]
TestTerraformCompleteExample 2022-03-22T16:59:34Z logger.go:66: module.eks.module.fargate_profile["bar"].aws_iam_role_policy_attachment.this["arn:aws:iam::aws:policy/AmazonEKS_CNI_Policy"]: Refreshing state... [id=bar-20220322164526193400000003-2022032216452774850000000a]
TestTerraformCompleteExample 2022-03-22T16:59:34Z logger.go:66: module.eks.module.fargate_profile["bar"].aws_iam_role_policy_attachment.this["arn:aws:iam::aws:policy/AmazonEKSFargatePodExecutionRolePolicy"]: Refreshing state... [id=bar-20220322164526193400000003-20220322164527642700000006]
TestTerraformCompleteExample 2022-03-22T16:59:34Z logger.go:66: module.eks.module.eks_managed_node_group["foo"].aws_iam_role_policy_attachment.this["arn:aws:iam::aws:policy/AmazonEKSWorkerNodePolicy"]: Refreshing state... [id=foo-eks-node-group-20220322164526193400000004-20220322164527645600000007]
TestTerraformCompleteExample 2022-03-22T16:59:34Z logger.go:66: module.eks.module.eks_managed_node_group["foo"].aws_iam_role_policy_attachment.this["arn:aws:iam::aws:policy/AmazonEC2ContainerRegistryReadOnly"]: Refreshing state... [id=foo-eks-node-group-20220322164526193400000004-20220322164527627100000005]
TestTerraformCompleteExample 2022-03-22T16:59:34Z logger.go:66: module.eks.module.eks_managed_node_group["foo"].aws_iam_role_policy_attachment.this["arn:aws:iam::aws:policy/AmazonEKS_CNI_Policy"]: Refreshing state... [id=foo-eks-node-group-20220322164526193400000004-20220322164527734900000009]
TestTerraformCompleteExample 2022-03-22T16:59:34Z logger.go:66: module.eks.module.self_managed_node_group["boo"].aws_iam_role_policy_attachment.this["arn:aws:iam::aws:policy/AmazonEC2ContainerRegistryReadOnly"]: Refreshing state... [id=boo-node-group-20220322164526180300000002-2022032216452799260000000f]
TestTerraformCompleteExample 2022-03-22T16:59:34Z logger.go:66: module.eks.module.self_managed_node_group["boo"].aws_iam_role_policy_attachment.this["arn:aws:iam::aws:policy/AmazonEKSWorkerNodePolicy"]: Refreshing state... [id=boo-node-group-20220322164526180300000002-2022032216452785980000000d]
TestTerraformCompleteExample 2022-03-22T16:59:34Z logger.go:66: module.eks.module.self_managed_node_group["boo"].aws_iam_role_policy_attachment.this["arn:aws:iam::aws:policy/AmazonEKS_CNI_Policy"]: Refreshing state... [id=boo-node-group-20220322164526180300000002-2022032216452782760000000c]
TestTerraformCompleteExample 2022-03-22T16:59:34Z logger.go:66: module.eks.module.self_managed_node_group["boo"].aws_iam_instance_profile.this[0]: Refreshing state... [id=boo-node-group-2022032216452786200000000e]
TestTerraformCompleteExample 2022-03-22T16:59:34Z logger.go:66: module.eks.aws_iam_role_policy_attachment.this["arn:aws:iam::aws:policy/AmazonEKSVPCResourceController"]: Refreshing state... [id=ex-complete-cluster-20220322164526180200000001-20220322164527646900000008]
TestTerraformCompleteExample 2022-03-22T16:59:34Z logger.go:66: module.eks.aws_iam_role_policy_attachment.this["arn:aws:iam::aws:policy/AmazonEKSClusterPolicy"]: Refreshing state... [id=ex-complete-cluster-20220322164526180200000001-2022032216452775110000000b]
TestTerraformCompleteExample 2022-03-22T16:59:34Z logger.go:66: module.vpc.aws_route_table.private[0]: Refreshing state... [id=rtb-0d02292148e6f87a8]
TestTerraformCompleteExample 2022-03-22T16:59:34Z logger.go:66: module.vpc.aws_subnet.private[1]: Refreshing state... [id=subnet-02a34e245fc2cc409]
TestTerraformCompleteExample 2022-03-22T16:59:34Z logger.go:66: module.vpc.aws_subnet.private[2]: Refreshing state... [id=subnet-052f6c3ae3574de6b]
TestTerraformCompleteExample 2022-03-22T16:59:34Z logger.go:66: module.vpc.aws_subnet.private[0]: Refreshing state... [id=subnet-04c75e593a0c457f8]
TestTerraformCompleteExample 2022-03-22T16:59:35Z logger.go:66: module.eks.aws_security_group.cluster[0]: Refreshing state... [id=sg-01dcd30a0adb10420]
TestTerraformCompleteExample 2022-03-22T16:59:35Z logger.go:66: module.vpc.aws_subnet.public[2]: Refreshing state... [id=subnet-064d1068676a3aec6]
TestTerraformCompleteExample 2022-03-22T16:59:35Z logger.go:66: module.vpc.aws_subnet.public[0]: Refreshing state... [id=subnet-0c7c7ab482c4e0626]
TestTerraformCompleteExample 2022-03-22T16:59:35Z logger.go:66: module.vpc.aws_subnet.public[1]: Refreshing state... [id=subnet-05c4d53079958cf56]
TestTerraformCompleteExample 2022-03-22T16:59:35Z logger.go:66: module.vpc.aws_route_table.public[0]: Refreshing state... [id=rtb-069abf81880306030]
TestTerraformCompleteExample 2022-03-22T16:59:35Z logger.go:66: module.vpc.aws_internet_gateway.this[0]: Refreshing state... [id=igw-0113d2cf92ef1a256]
TestTerraformCompleteExample 2022-03-22T16:59:35Z logger.go:66: module.eks.module.self_managed_node_group["boo"].aws_security_group.this[0]: Refreshing state... [id=sg-0693caaee0686d202]
TestTerraformCompleteExample 2022-03-22T16:59:35Z logger.go:66: module.eks.aws_security_group.node[0]: Refreshing state... [id=sg-05c945c8db9060585]
TestTerraformCompleteExample 2022-03-22T16:59:35Z logger.go:66: module.eks.module.eks_managed_node_group["foo"].aws_security_group.this[0]: Refreshing state... [id=sg-00e6648082f5e3188]
TestTerraformCompleteExample 2022-03-22T16:59:35Z logger.go:66: module.vpc.aws_route_table_association.private[2]: Refreshing state... [id=rtbassoc-04e84085285e9dc1b]
TestTerraformCompleteExample 2022-03-22T16:59:35Z logger.go:66: module.vpc.aws_route_table_association.private[1]: Refreshing state... [id=rtbassoc-084290022e2bc66fa]
TestTerraformCompleteExample 2022-03-22T16:59:35Z logger.go:66: module.vpc.aws_nat_gateway.this[0]: Refreshing state... [id=nat-0707715ce9ae217a8]
TestTerraformCompleteExample 2022-03-22T16:59:35Z logger.go:66: module.vpc.aws_route_table_association.private[0]: Refreshing state... [id=rtbassoc-0cffab7d073ad3add]
TestTerraformCompleteExample 2022-03-22T16:59:35Z logger.go:66: module.vpc.aws_route_table_association.public[2]: Refreshing state... [id=rtbassoc-078c7313e0f90ea9f]
TestTerraformCompleteExample 2022-03-22T16:59:35Z logger.go:66: module.vpc.aws_route_table_association.public[0]: Refreshing state... [id=rtbassoc-052682682a9a83fc5]
TestTerraformCompleteExample 2022-03-22T16:59:35Z logger.go:66: module.vpc.aws_route_table_association.public[1]: Refreshing state... [id=rtbassoc-012264a86d3066f84]
TestTerraformCompleteExample 2022-03-22T16:59:35Z logger.go:66: module.vpc.aws_route.public_internet_gateway[0]: Refreshing state... [id=r-rtb-069abf818803060301080289494]
TestTerraformCompleteExample 2022-03-22T16:59:35Z logger.go:66: module.eks.aws_security_group_rule.node["ingress_cluster_kubelet"]: Refreshing state... [id=sgrule-1251120161]
TestTerraformCompleteExample 2022-03-22T16:59:35Z logger.go:66: module.eks.aws_security_group_rule.node["ingress_self_coredns_udp"]: Refreshing state... [id=sgrule-2648909049]
TestTerraformCompleteExample 2022-03-22T16:59:35Z logger.go:66: module.eks.aws_security_group_rule.node["egress_cluster_443"]: Refreshing state... [id=sgrule-3594557401]
TestTerraformCompleteExample 2022-03-22T16:59:35Z logger.go:66: module.eks.aws_security_group_rule.node["egress_self_coredns_tcp"]: Refreshing state... [id=sgrule-785190043]
TestTerraformCompleteExample 2022-03-22T16:59:35Z logger.go:66: module.eks.aws_security_group_rule.node["egress_self_coredns_udp"]: Refreshing state... [id=sgrule-2695532285]
TestTerraformCompleteExample 2022-03-22T16:59:35Z logger.go:66: module.eks.aws_security_group_rule.node["egress_ntp_tcp"]: Refreshing state... [id=sgrule-639697609]
TestTerraformCompleteExample 2022-03-22T16:59:35Z logger.go:66: module.eks.aws_security_group_rule.node["egress_https"]: Refreshing state... [id=sgrule-4194254807]
TestTerraformCompleteExample 2022-03-22T16:59:35Z logger.go:66: module.eks.aws_security_group_rule.node["ingress_self_coredns_tcp"]: Refreshing state... [id=sgrule-968656662]
TestTerraformCompleteExample 2022-03-22T16:59:35Z logger.go:66: module.eks.aws_security_group_rule.node["ingress_cluster_443"]: Refreshing state... [id=sgrule-3070078806]
TestTerraformCompleteExample 2022-03-22T16:59:35Z logger.go:66: module.eks.aws_security_group_rule.node["egress_ntp_udp"]: Refreshing state... [id=sgrule-1488922564]
TestTerraformCompleteExample 2022-03-22T16:59:35Z logger.go:66: module.eks.aws_security_group_rule.cluster["egress_nodes_kubelet"]: Refreshing state... [id=sgrule-63602939]
TestTerraformCompleteExample 2022-03-22T16:59:35Z logger.go:66: module.eks.aws_security_group_rule.cluster["egress_nodes_443"]: Refreshing state... [id=sgrule-437306491]
TestTerraformCompleteExample 2022-03-22T16:59:35Z logger.go:66: module.eks.aws_security_group_rule.cluster["ingress_nodes_443"]: Refreshing state... [id=sgrule-2575480998]
TestTerraformCompleteExample 2022-03-22T16:59:35Z logger.go:66: module.vpc.aws_route.private_nat_gateway[0]: Refreshing state... [id=r-rtb-0d02292148e6f87a81080289494]
TestTerraformCompleteExample 2022-03-22T16:59:35Z logger.go:66: module.eks.aws_eks_cluster.this[0]: Refreshing state... [id=ex-complete]
TestTerraformCompleteExample 2022-03-22T16:59:36Z logger.go:66: module.eks.module.fargate_profile["bar"].aws_eks_fargate_profile.this[0]: Refreshing state... [id=ex-complete:bar]
TestTerraformCompleteExample 2022-03-22T16:59:36Z logger.go:66: module.eks.module.self_managed_node_group["boo"].aws_launch_template.this[0]: Refreshing state... [id=lt-089ca2a393e2a30df]
TestTerraformCompleteExample 2022-03-22T16:59:36Z logger.go:66: module.eks.module.eks_managed_node_group["foo"].aws_launch_template.this[0]: Refreshing state... [id=lt-09d4c05a368471446]
TestTerraformCompleteExample 2022-03-22T16:59:36Z logger.go:66: module.eks.aws_iam_openid_connect_provider.oidc_provider[0]: Refreshing state... [id=arn:aws:iam::11111111111:oidc-provider/oidc.eks.us-west-2.amazonaws.com/id/DF1F0CD6FBE47A3B979A37B39CC04209]
TestTerraformCompleteExample 2022-03-22T16:59:36Z logger.go:66: module.eks.module.self_managed_node_group["boo"].aws_autoscaling_group.this[0]: Refreshing state... [id=boo-2022032216561367460000001b]
TestTerraformCompleteExample 2022-03-22T16:59:36Z logger.go:66: module.eks.module.eks_managed_node_group["foo"].aws_eks_node_group.this[0]: Refreshing state... [id=ex-complete:foo-20220322165613661300000019]
TestTerraformCompleteExample 2022-03-22T16:59:36Z logger.go:66: module.eks_auth.kubernetes_role_v1.aws_auth: Refreshing state... [id=kube-system/terraform-eks-auth-aws]
TestTerraformCompleteExample 2022-03-22T16:59:36Z logger.go:66: module.eks_auth.kubernetes_service_account_v1.aws_auth: Refreshing state... [id=kube-system/terraform-eks-auth-aws]
TestTerraformCompleteExample 2022-03-22T16:59:37Z logger.go:66: module.eks_auth.kubernetes_role_binding_v1.aws_auth: Refreshing state... [id=kube-system/terraform-eks-auth-aws]
TestTerraformCompleteExample 2022-03-22T16:59:37Z logger.go:66: module.eks_auth.kubernetes_job_v1.aws_auth[0]: Refreshing state... [id=kube-system/terraform-eks-auth-aws]
TestTerraformCompleteExample 2022-03-22T16:59:37Z logger.go:66: module.eks_auth.kubernetes_config_map_v1.aws_auth[0]: Refreshing state... [id=kube-system/aws-auth]
TestTerraformCompleteExample 2022-03-22T16:59:37Z logger.go:66:
TestTerraformCompleteExample 2022-03-22T16:59:37Z logger.go:66: No changes. Your infrastructure matches the configuration.
TestTerraformCompleteExample 2022-03-22T16:59:37Z logger.go:66:
TestTerraformCompleteExample 2022-03-22T16:59:37Z logger.go:66: Terraform has compared your real infrastructure against your configuration
TestTerraformCompleteExample 2022-03-22T16:59:37Z logger.go:66: and found no differences, so no changes are needed.
TestTerraformCompleteExample 2022-03-22T16:59:37Z retry.go:91: terraform [destroy -auto-approve -input=false -no-color -lock=false]
TestTerraformCompleteExample 2022-03-22T16:59:37Z logger.go:66: Running command terraform with args [destroy -auto-approve -input=false -no-color -lock=false]
TestTerraformCompleteExample 2022-03-22T16:59:43Z logger.go:66: module.vpc.aws_eip.nat[0]: Refreshing state... [id=eipalloc-0e7ddf98e67ae82f9]
TestTerraformCompleteExample 2022-03-22T16:59:43Z logger.go:66: module.vpc.aws_vpc.this[0]: Refreshing state... [id=vpc-095ec8e5b71fefea7]
TestTerraformCompleteExample 2022-03-22T16:59:43Z logger.go:66: module.eks.aws_cloudwatch_log_group.this[0]: Refreshing state... [id=/aws/eks/ex-complete/cluster]
TestTerraformCompleteExample 2022-03-22T16:59:43Z logger.go:66: module.eks.module.fargate_profile["bar"].aws_iam_role.this[0]: Refreshing state... [id=bar-20220322164526193400000003]
TestTerraformCompleteExample 2022-03-22T16:59:43Z logger.go:66: module.eks.module.eks_managed_node_group["foo"].aws_iam_role.this[0]: Refreshing state... [id=foo-eks-node-group-20220322164526193400000004]
TestTerraformCompleteExample 2022-03-22T16:59:43Z logger.go:66: module.eks.aws_iam_role.this[0]: Refreshing state... [id=ex-complete-cluster-20220322164526180200000001]
TestTerraformCompleteExample 2022-03-22T16:59:43Z logger.go:66: module.eks.module.self_managed_node_group["boo"].aws_iam_role.this[0]: Refreshing state... [id=boo-node-group-20220322164526180300000002]
TestTerraformCompleteExample 2022-03-22T16:59:43Z logger.go:66: module.eks.module.self_managed_node_group["boo"].aws_security_group.this[0]: Refreshing state... [id=sg-0693caaee0686d202]
TestTerraformCompleteExample 2022-03-22T16:59:44Z logger.go:66: module.vpc.aws_subnet.private[2]: Refreshing state... [id=subnet-052f6c3ae3574de6b]
TestTerraformCompleteExample 2022-03-22T16:59:44Z logger.go:66: module.eks.aws_security_group.cluster[0]: Refreshing state... [id=sg-01dcd30a0adb10420]
TestTerraformCompleteExample 2022-03-22T16:59:44Z logger.go:66: module.eks.aws_security_group.node[0]: Refreshing state... [id=sg-05c945c8db9060585]
TestTerraformCompleteExample 2022-03-22T16:59:44Z logger.go:66: module.vpc.aws_subnet.private[0]: Refreshing state... [id=subnet-04c75e593a0c457f8]
TestTerraformCompleteExample 2022-03-22T16:59:44Z logger.go:66: module.vpc.aws_subnet.private[1]: Refreshing state... [id=subnet-02a34e245fc2cc409]
TestTerraformCompleteExample 2022-03-22T16:59:44Z logger.go:66: module.vpc.aws_subnet.public[0]: Refreshing state... [id=subnet-0c7c7ab482c4e0626]
TestTerraformCompleteExample 2022-03-22T16:59:44Z logger.go:66: module.eks.module.eks_managed_node_group["foo"].aws_security_group.this[0]: Refreshing state... [id=sg-00e6648082f5e3188]
TestTerraformCompleteExample 2022-03-22T16:59:44Z logger.go:66: module.vpc.aws_subnet.public[1]: Refreshing state... [id=subnet-05c4d53079958cf56]
TestTerraformCompleteExample 2022-03-22T16:59:44Z logger.go:66: module.vpc.aws_subnet.public[2]: Refreshing state... [id=subnet-064d1068676a3aec6]
TestTerraformCompleteExample 2022-03-22T16:59:44Z logger.go:66: module.vpc.aws_route_table.private[0]: Refreshing state... [id=rtb-0d02292148e6f87a8]
TestTerraformCompleteExample 2022-03-22T16:59:44Z logger.go:66: module.vpc.aws_internet_gateway.this[0]: Refreshing state... [id=igw-0113d2cf92ef1a256]
TestTerraformCompleteExample 2022-03-22T16:59:44Z logger.go:66: module.vpc.aws_route_table.public[0]: Refreshing state... [id=rtb-069abf81880306030]
TestTerraformCompleteExample 2022-03-22T16:59:44Z logger.go:66: module.eks.module.fargate_profile["bar"].aws_iam_role_policy_attachment.this["arn:aws:iam::aws:policy/AmazonEKS_CNI_Policy"]: Refreshing state... [id=bar-20220322164526193400000003-2022032216452774850000000a]
TestTerraformCompleteExample 2022-03-22T16:59:44Z logger.go:66: module.eks.aws_iam_role_policy_attachment.this["arn:aws:iam::aws:policy/AmazonEKSClusterPolicy"]: Refreshing state... [id=ex-complete-cluster-20220322164526180200000001-2022032216452775110000000b]
TestTerraformCompleteExample 2022-03-22T16:59:44Z logger.go:66: module.eks.module.fargate_profile["bar"].aws_iam_role_policy_attachment.this["arn:aws:iam::aws:policy/AmazonEKSFargatePodExecutionRolePolicy"]: Refreshing state... [id=bar-20220322164526193400000003-20220322164527642700000006]
TestTerraformCompleteExample 2022-03-22T16:59:44Z logger.go:66: module.eks.module.eks_managed_node_group["foo"].aws_iam_role_policy_attachment.this["arn:aws:iam::aws:policy/AmazonEC2ContainerRegistryReadOnly"]: Refreshing state... [id=foo-eks-node-group-20220322164526193400000004-20220322164527627100000005]
TestTerraformCompleteExample 2022-03-22T16:59:44Z logger.go:66: module.eks.module.eks_managed_node_group["foo"].aws_iam_role_policy_attachment.this["arn:aws:iam::aws:policy/AmazonEKSWorkerNodePolicy"]: Refreshing state... [id=foo-eks-node-group-20220322164526193400000004-20220322164527645600000007]
TestTerraformCompleteExample 2022-03-22T16:59:44Z logger.go:66: module.eks.aws_iam_role_policy_attachment.this["arn:aws:iam::aws:policy/AmazonEKSVPCResourceController"]: Refreshing state... [id=ex-complete-cluster-20220322164526180200000001-20220322164527646900000008]
TestTerraformCompleteExample 2022-03-22T16:59:44Z logger.go:66: module.eks.module.eks_managed_node_group["foo"].aws_iam_role_policy_attachment.this["arn:aws:iam::aws:policy/AmazonEKS_CNI_Policy"]: Refreshing state... [id=foo-eks-node-group-20220322164526193400000004-20220322164527734900000009]
TestTerraformCompleteExample 2022-03-22T16:59:44Z logger.go:66: module.eks.module.self_managed_node_group["boo"].aws_iam_instance_profile.this[0]: Refreshing state... [id=boo-node-group-2022032216452786200000000e]
TestTerraformCompleteExample 2022-03-22T16:59:44Z logger.go:66: module.eks.module.self_managed_node_group["boo"].aws_iam_role_policy_attachment.this["arn:aws:iam::aws:policy/AmazonEC2ContainerRegistryReadOnly"]: Refreshing state... [id=boo-node-group-20220322164526180300000002-2022032216452799260000000f]
TestTerraformCompleteExample 2022-03-22T16:59:44Z logger.go:66: module.eks.module.self_managed_node_group["boo"].aws_iam_role_policy_attachment.this["arn:aws:iam::aws:policy/AmazonEKSWorkerNodePolicy"]: Refreshing state... [id=boo-node-group-20220322164526180300000002-2022032216452785980000000d]
TestTerraformCompleteExample 2022-03-22T16:59:44Z logger.go:66: module.eks.module.self_managed_node_group["boo"].aws_iam_role_policy_attachment.this["arn:aws:iam::aws:policy/AmazonEKS_CNI_Policy"]: Refreshing state... [id=boo-node-group-20220322164526180300000002-2022032216452782760000000c]
TestTerraformCompleteExample 2022-03-22T16:59:44Z logger.go:66: module.eks.aws_security_group_rule.node["ingress_cluster_kubelet"]: Refreshing state... [id=sgrule-1251120161]
TestTerraformCompleteExample 2022-03-22T16:59:44Z logger.go:66: module.eks.aws_security_group_rule.node["ingress_cluster_443"]: Refreshing state... [id=sgrule-3070078806]
TestTerraformCompleteExample 2022-03-22T16:59:44Z logger.go:66: module.eks.aws_security_group_rule.node["egress_https"]: Refreshing state... [id=sgrule-4194254807]
TestTerraformCompleteExample 2022-03-22T16:59:44Z logger.go:66: module.eks.aws_security_group_rule.node["egress_self_coredns_udp"]: Refreshing state... [id=sgrule-2695532285]
TestTerraformCompleteExample 2022-03-22T16:59:44Z logger.go:66: module.eks.aws_security_group_rule.node["ingress_self_coredns_tcp"]: Refreshing state... [id=sgrule-968656662]
TestTerraformCompleteExample 2022-03-22T16:59:44Z logger.go:66: module.eks.aws_security_group_rule.node["egress_ntp_tcp"]: Refreshing state... [id=sgrule-639697609]
TestTerraformCompleteExample 2022-03-22T16:59:44Z logger.go:66: module.eks.aws_security_group_rule.node["ingress_self_coredns_udp"]: Refreshing state... [id=sgrule-2648909049]
TestTerraformCompleteExample 2022-03-22T16:59:44Z logger.go:66: module.eks.aws_security_group_rule.node["egress_ntp_udp"]: Refreshing state... [id=sgrule-1488922564]
TestTerraformCompleteExample 2022-03-22T16:59:44Z logger.go:66: module.eks.aws_security_group_rule.node["egress_cluster_443"]: Refreshing state... [id=sgrule-3594557401]
TestTerraformCompleteExample 2022-03-22T16:59:44Z logger.go:66: module.eks.aws_security_group_rule.node["egress_self_coredns_tcp"]: Refreshing state... [id=sgrule-785190043]
TestTerraformCompleteExample 2022-03-22T16:59:44Z logger.go:66: module.vpc.aws_route_table_association.private[1]: Refreshing state... [id=rtbassoc-084290022e2bc66fa]
TestTerraformCompleteExample 2022-03-22T16:59:44Z logger.go:66: module.vpc.aws_route_table_association.private[0]: Refreshing state... [id=rtbassoc-0cffab7d073ad3add]
TestTerraformCompleteExample 2022-03-22T16:59:44Z logger.go:66: module.vpc.aws_route_table_association.private[2]: Refreshing state... [id=rtbassoc-04e84085285e9dc1b]
TestTerraformCompleteExample 2022-03-22T16:59:44Z logger.go:66: module.vpc.aws_nat_gateway.this[0]: Refreshing state... [id=nat-0707715ce9ae217a8]
TestTerraformCompleteExample 2022-03-22T16:59:44Z logger.go:66: module.vpc.aws_route.public_internet_gateway[0]: Refreshing state... [id=r-rtb-069abf818803060301080289494]
TestTerraformCompleteExample 2022-03-22T16:59:44Z logger.go:66: module.vpc.aws_route_table_association.public[2]: Refreshing state... [id=rtbassoc-078c7313e0f90ea9f]
TestTerraformCompleteExample 2022-03-22T16:59:44Z logger.go:66: module.vpc.aws_route_table_association.public[1]: Refreshing state... [id=rtbassoc-012264a86d3066f84]
TestTerraformCompleteExample 2022-03-22T16:59:44Z logger.go:66: module.vpc.aws_route_table_association.public[0]: Refreshing state... [id=rtbassoc-052682682a9a83fc5]
TestTerraformCompleteExample 2022-03-22T16:59:44Z logger.go:66: module.eks.aws_security_group_rule.cluster["egress_nodes_443"]: Refreshing state... [id=sgrule-437306491]
TestTerraformCompleteExample 2022-03-22T16:59:44Z logger.go:66: module.eks.aws_security_group_rule.cluster["egress_nodes_kubelet"]: Refreshing state... [id=sgrule-63602939]
TestTerraformCompleteExample 2022-03-22T16:59:44Z logger.go:66: module.eks.aws_security_group_rule.cluster["ingress_nodes_443"]: Refreshing state... [id=sgrule-2575480998]
TestTerraformCompleteExample 2022-03-22T16:59:44Z logger.go:66: module.vpc.aws_route.private_nat_gateway[0]: Refreshing state... [id=r-rtb-0d02292148e6f87a81080289494]
TestTerraformCompleteExample 2022-03-22T16:59:44Z logger.go:66: module.eks.aws_eks_cluster.this[0]: Refreshing state... [id=ex-complete]
TestTerraformCompleteExample 2022-03-22T16:59:45Z logger.go:66: module.eks.module.fargate_profile["bar"].aws_eks_fargate_profile.this[0]: Refreshing state... [id=ex-complete:bar]
TestTerraformCompleteExample 2022-03-22T16:59:45Z logger.go:66: module.eks.module.eks_managed_node_group["foo"].aws_launch_template.this[0]: Refreshing state... [id=lt-09d4c05a368471446]
TestTerraformCompleteExample 2022-03-22T16:59:45Z logger.go:66: module.eks.module.self_managed_node_group["boo"].aws_launch_template.this[0]: Refreshing state... [id=lt-089ca2a393e2a30df]
TestTerraformCompleteExample 2022-03-22T16:59:45Z logger.go:66: module.eks.aws_iam_openid_connect_provider.oidc_provider[0]: Refreshing state... [id=arn:aws:iam::11111111111:oidc-provider/oidc.eks.us-west-2.amazonaws.com/id/DF1F0CD6FBE47A3B979A37B39CC04209]
TestTerraformCompleteExample 2022-03-22T16:59:45Z logger.go:66: module.eks.module.self_managed_node_group["boo"].aws_autoscaling_group.this[0]: Refreshing state... [id=boo-2022032216561367460000001b]
TestTerraformCompleteExample 2022-03-22T16:59:45Z logger.go:66: module.eks.module.eks_managed_node_group["foo"].aws_eks_node_group.this[0]: Refreshing state... [id=ex-complete:foo-20220322165613661300000019]
TestTerraformCompleteExample 2022-03-22T16:59:45Z logger.go:66: module.eks_auth.kubernetes_role_v1.aws_auth: Refreshing state... [id=kube-system/terraform-eks-auth-aws]
TestTerraformCompleteExample 2022-03-22T16:59:45Z logger.go:66: module.eks_auth.kubernetes_service_account_v1.aws_auth: Refreshing state... [id=kube-system/terraform-eks-auth-aws]
TestTerraformCompleteExample 2022-03-22T16:59:46Z logger.go:66: module.eks_auth.kubernetes_role_binding_v1.aws_auth: Refreshing state... [id=kube-system/terraform-eks-auth-aws]
TestTerraformCompleteExample 2022-03-22T16:59:46Z logger.go:66: module.eks_auth.kubernetes_job_v1.aws_auth[0]: Refreshing state... [id=kube-system/terraform-eks-auth-aws]
TestTerraformCompleteExample 2022-03-22T16:59:46Z logger.go:66: module.eks_auth.kubernetes_config_map_v1.aws_auth[0]: Refreshing state... [id=kube-system/aws-auth]
TestTerraformCompleteExample 2022-03-22T16:59:47Z logger.go:66:
TestTerraformCompleteExample 2022-03-22T16:59:47Z logger.go:66: Terraform used the selected providers to generate the following execution
TestTerraformCompleteExample 2022-03-22T16:59:47Z logger.go:66: plan. Resource actions are indicated with the following symbols:
TestTerraformCompleteExample 2022-03-22T16:59:47Z logger.go:66:   - destroy
TestTerraformCompleteExample 2022-03-22T16:59:47Z logger.go:66:
TestTerraformCompleteExample 2022-03-22T16:59:47Z logger.go:66: Terraform will perform the following actions:
TestTerraformCompleteExample 2022-03-22T16:59:47Z logger.go:66:
TestTerraformCompleteExample 2022-03-22T16:59:47Z logger.go:66:   # module.eks.aws_cloudwatch_log_group.this[0] will be destroyed
TestTerraformCompleteExample 2022-03-22T16:59:47Z logger.go:66:   - resource "aws_cloudwatch_log_group" "this" {
TestTerraformCompleteExample 2022-03-22T16:59:47Z logger.go:66:       - arn               = "arn:aws:logs:us-west-2:11111111111:log-group:/aws/eks/ex-complete/cluster" -> null
TestTerraformCompleteExample 2022-03-22T16:59:47Z logger.go:66:       - id                = "/aws/eks/ex-complete/cluster" -> null
TestTerraformCompleteExample 2022-03-22T16:59:47Z logger.go:66:       - name              = "/aws/eks/ex-complete/cluster" -> null
TestTerraformCompleteExample 2022-03-22T16:59:47Z logger.go:66:       - retention_in_days = 90 -> null
TestTerraformCompleteExample 2022-03-22T16:59:47Z logger.go:66:       - tags              = {} -> null
TestTerraformCompleteExample 2022-03-22T16:59:47Z logger.go:66:       - tags_all          = {
TestTerraformCompleteExample 2022-03-22T16:59:47Z logger.go:66:           - "Example"    = "ex-complete"
TestTerraformCompleteExample 2022-03-22T16:59:47Z logger.go:66:           - "GithubOrg"  = "aidan-melen"
TestTerraformCompleteExample 2022-03-22T16:59:47Z logger.go:66:           - "GithubRepo" = "terraform-aws-eks-auth"
TestTerraformCompleteExample 2022-03-22T16:59:47Z logger.go:66:         } -> null
TestTerraformCompleteExample 2022-03-22T16:59:47Z logger.go:66:     }
TestTerraformCompleteExample 2022-03-22T16:59:47Z logger.go:66:
TestTerraformCompleteExample 2022-03-22T16:59:47Z logger.go:66:   # module.eks.aws_eks_cluster.this[0] will be destroyed
TestTerraformCompleteExample 2022-03-22T16:59:47Z logger.go:66:   - resource "aws_eks_cluster" "this" {
TestTerraformCompleteExample 2022-03-22T16:59:47Z logger.go:66:       - arn                       = "arn:aws:eks:us-west-2:11111111111:cluster/ex-complete" -> null
TestTerraformCompleteExample 2022-03-22T16:59:47Z logger.go:66:       - certificate_authority     = [
TestTerraformCompleteExample 2022-03-22T16:59:47Z logger.go:66:           - {
TestTerraformCompleteExample 2022-03-22T16:59:47Z logger.go:66:               - data = "LS0tLS1CRUdJTiBDRVJUSUZJQ0FURS0tLS0tCk1JSUM1ekNDQWMrZ0F3SUJBZ0lCQURBTkJna3Foa2lHOXcwQkFRc0ZBREFWTVJNd0VRWURWUVFERXdwcmRXSmwKY201bGRHVnpNQjRYRFRJeU1ETXlNakUyTlRJek4xb1hEVE15TURNeE9URTJOVEl6TjFvd0ZURVRNQkVHQTFVRQpBeE1LYTNWaVpYSnVaWFJsY3pDQ0FTSXdEUVlKS29aSWh2Y05BUUVCQlFBRGdnRVBBRENDQVFvQ2dnRUJBTGdYCkxwR2xDVXM0b3o2NGp6WFRyUVhzS29Rcy9zRU1DeVZGVkREZjk0d1F2K0hpVEdZVVNDR1RabkREKzRSdUJtajkKcG9WNWZnM2J4WU9nTjJPV1VpT3hEdDlRSE5WMEJRYmhteDk0cWRLd3RodWFvOFBvY3pQVGNPMUZwTzVZTjhLeQptVVV4d2k4TjA4d0l6NHJibDFXa3dhM09WVTZUQURTM3lKTTkwN1VPdStMSmJXdk81NWJxQTRkcjA0YVI5UGErCnN5bWRhWFF6d1ZOdzU2SmhNRVEvZjhubWZjenRvL1RzWEFYTVRHRkVzQzlQZXlReWhRdkZCbis0ODRkUGZQNUsKQjJucTJiNGpsSklRWGhWZU5tcTB2ZXFJMEVGVVNNeWdGSzY0QXM5WWFaTGcyN0c4OWlEc3IvYkZleTdkTzZNQgpnYVZrdGZ3MlJNQUNmWFh2Um5rQ0F3RUFBYU5DTUVBd0RnWURWUjBQQVFIL0JBUURBZ0trTUE4R0ExVWRFd0VCCi93UUZNQU1CQWY4d0hRWURWUjBPQkJZRUZLU1dieDhYOUY2dmt5aFVLalZNSkxHbWI1ZE5NQTBHQ1NxR1NJYjMKRFFFQkN3VUFBNElCQVFCMTBERTFOZFpPQlltV1RtMDFGTjRjWmF6OC9JcU5PNHFuUGxQYjllT2RWbTRid0FtWgpsVFphYm01TkkzTEhVL2dLSGYrejRIemZiL0RXRmJlNkh1SnluRnBUQ04zV3dJdm1hNEkxUTJId3l2Q0JVZU1nCjIwU1krZU0vUUNEQVpXeE5lTnBoaUloRDlmaW9SRnlQZ1dWWVRUS2djb3QvSy9Cc0RxSVRrOXNZWENHQ0k2N2UKMk1BeHVYWFlBU0YzZFNNMVNXQnR5Q0JLV2NuRTM1YWZTVi9RNnFMOGJEaDlnWmluQWxOTytwaDZXVWhVVWdVWQpFbmpLY2I2VWZBQ05PNEJ2NVpQdVQ4WFBCU3BWNmxVNjQ3cFVUSllodGlmRjVPZGdMMDM2RDMvVjhIdW1FeWU2CjFYaW5oakVtM2N5RWJGbklOR0ZXeFJTOVh2OTQ2VGdUSG01SwotLS0tLUVORCBDRVJUSUZJQ0FURS0tLS0tCg=="
TestTerraformCompleteExample 2022-03-22T16:59:47Z logger.go:66:             },
TestTerraformCompleteExample 2022-03-22T16:59:47Z logger.go:66:         ] -> null
TestTerraformCompleteExample 2022-03-22T16:59:47Z logger.go:66:       - created_at                = "2022-03-22 16:45:53.048 +0000 UTC" -> null
TestTerraformCompleteExample 2022-03-22T16:59:47Z logger.go:66:       - enabled_cluster_log_types = [
TestTerraformCompleteExample 2022-03-22T16:59:47Z logger.go:66:           - "api",
TestTerraformCompleteExample 2022-03-22T16:59:47Z logger.go:66:           - "audit",
TestTerraformCompleteExample 2022-03-22T16:59:47Z logger.go:66:           - "authenticator",
TestTerraformCompleteExample 2022-03-22T16:59:47Z logger.go:66:         ] -> null
TestTerraformCompleteExample 2022-03-22T16:59:47Z logger.go:66:       - endpoint                  = "https://DF1F0CD6FBE47A3B979A37B39CC04209.gr7.us-west-2.eks.amazonaws.com" -> null
TestTerraformCompleteExample 2022-03-22T16:59:47Z logger.go:66:       - id                        = "ex-complete" -> null
TestTerraformCompleteExample 2022-03-22T16:59:47Z logger.go:66:       - identity                  = [
TestTerraformCompleteExample 2022-03-22T16:59:47Z logger.go:66:           - {
TestTerraformCompleteExample 2022-03-22T16:59:47Z logger.go:66:               - oidc = [
TestTerraformCompleteExample 2022-03-22T16:59:47Z logger.go:66:                   - {
TestTerraformCompleteExample 2022-03-22T16:59:47Z logger.go:66:                       - issuer = "https://oidc.eks.us-west-2.amazonaws.com/id/DF1F0CD6FBE47A3B979A37B39CC04209"
TestTerraformCompleteExample 2022-03-22T16:59:47Z logger.go:66:                     },
TestTerraformCompleteExample 2022-03-22T16:59:47Z logger.go:66:                 ]
TestTerraformCompleteExample 2022-03-22T16:59:47Z logger.go:66:             },
TestTerraformCompleteExample 2022-03-22T16:59:47Z logger.go:66:         ] -> null
TestTerraformCompleteExample 2022-03-22T16:59:47Z logger.go:66:       - name                      = "ex-complete" -> null
TestTerraformCompleteExample 2022-03-22T16:59:47Z logger.go:66:       - platform_version          = "eks.5" -> null
TestTerraformCompleteExample 2022-03-22T16:59:47Z logger.go:66:       - role_arn                  = "arn:aws:iam::11111111111:role/ex-complete-cluster-20220322164526180200000001" -> null
TestTerraformCompleteExample 2022-03-22T16:59:47Z logger.go:66:       - status                    = "ACTIVE" -> null
TestTerraformCompleteExample 2022-03-22T16:59:47Z logger.go:66:       - tags                      = {} -> null
TestTerraformCompleteExample 2022-03-22T16:59:47Z logger.go:66:       - tags_all                  = {
TestTerraformCompleteExample 2022-03-22T16:59:47Z logger.go:66:           - "Example"    = "ex-complete"
TestTerraformCompleteExample 2022-03-22T16:59:47Z logger.go:66:           - "GithubOrg"  = "aidan-melen"
TestTerraformCompleteExample 2022-03-22T16:59:47Z logger.go:66:           - "GithubRepo" = "terraform-aws-eks-auth"
TestTerraformCompleteExample 2022-03-22T16:59:47Z logger.go:66:         } -> null
TestTerraformCompleteExample 2022-03-22T16:59:47Z logger.go:66:       - version                   = "1.21" -> null
TestTerraformCompleteExample 2022-03-22T16:59:47Z logger.go:66:
TestTerraformCompleteExample 2022-03-22T16:59:47Z logger.go:66:       - kubernetes_network_config {
TestTerraformCompleteExample 2022-03-22T16:59:47Z logger.go:66:           - ip_family         = "ipv4" -> null
TestTerraformCompleteExample 2022-03-22T16:59:47Z logger.go:66:           - service_ipv4_cidr = "172.20.0.0/16" -> null
TestTerraformCompleteExample 2022-03-22T16:59:47Z logger.go:66:         }
TestTerraformCompleteExample 2022-03-22T16:59:47Z logger.go:66:
TestTerraformCompleteExample 2022-03-22T16:59:47Z logger.go:66:       - timeouts {}
TestTerraformCompleteExample 2022-03-22T16:59:47Z logger.go:66:
TestTerraformCompleteExample 2022-03-22T16:59:47Z logger.go:66:       - vpc_config {
TestTerraformCompleteExample 2022-03-22T16:59:47Z logger.go:66:           - cluster_security_group_id = "sg-0ef44d4afe8b37333" -> null
TestTerraformCompleteExample 2022-03-22T16:59:47Z logger.go:66:           - endpoint_private_access   = false -> null
TestTerraformCompleteExample 2022-03-22T16:59:47Z logger.go:66:           - endpoint_public_access    = true -> null
TestTerraformCompleteExample 2022-03-22T16:59:47Z logger.go:66:           - public_access_cidrs       = [
TestTerraformCompleteExample 2022-03-22T16:59:47Z logger.go:66:               - "0.0.0.0/0",
TestTerraformCompleteExample 2022-03-22T16:59:47Z logger.go:66:             ] -> null
TestTerraformCompleteExample 2022-03-22T16:59:47Z logger.go:66:           - security_group_ids        = [
TestTerraformCompleteExample 2022-03-22T16:59:47Z logger.go:66:               - "sg-01dcd30a0adb10420",
TestTerraformCompleteExample 2022-03-22T16:59:47Z logger.go:66:             ] -> null
TestTerraformCompleteExample 2022-03-22T16:59:47Z logger.go:66:           - subnet_ids                = [
TestTerraformCompleteExample 2022-03-22T16:59:47Z logger.go:66:               - "subnet-02a34e245fc2cc409",
TestTerraformCompleteExample 2022-03-22T16:59:47Z logger.go:66:               - "subnet-04c75e593a0c457f8",
TestTerraformCompleteExample 2022-03-22T16:59:47Z logger.go:66:               - "subnet-052f6c3ae3574de6b",
TestTerraformCompleteExample 2022-03-22T16:59:47Z logger.go:66:             ] -> null
TestTerraformCompleteExample 2022-03-22T16:59:47Z logger.go:66:           - vpc_id                    = "vpc-095ec8e5b71fefea7" -> null
TestTerraformCompleteExample 2022-03-22T16:59:47Z logger.go:66:         }
TestTerraformCompleteExample 2022-03-22T16:59:47Z logger.go:66:     }
TestTerraformCompleteExample 2022-03-22T16:59:47Z logger.go:66:
TestTerraformCompleteExample 2022-03-22T16:59:47Z logger.go:66:   # module.eks.aws_iam_openid_connect_provider.oidc_provider[0] will be destroyed
TestTerraformCompleteExample 2022-03-22T16:59:47Z logger.go:66:   - resource "aws_iam_openid_connect_provider" "oidc_provider" {
TestTerraformCompleteExample 2022-03-22T16:59:47Z logger.go:66:       - arn             = "arn:aws:iam::11111111111:oidc-provider/oidc.eks.us-west-2.amazonaws.com/id/DF1F0CD6FBE47A3B979A37B39CC04209" -> null
TestTerraformCompleteExample 2022-03-22T16:59:47Z logger.go:66:       - client_id_list  = [
TestTerraformCompleteExample 2022-03-22T16:59:47Z logger.go:66:           - "sts.amazonaws.com",
TestTerraformCompleteExample 2022-03-22T16:59:47Z logger.go:66:         ] -> null
TestTerraformCompleteExample 2022-03-22T16:59:47Z logger.go:66:       - id              = "arn:aws:iam::11111111111:oidc-provider/oidc.eks.us-west-2.amazonaws.com/id/DF1F0CD6FBE47A3B979A37B39CC04209" -> null
TestTerraformCompleteExample 2022-03-22T16:59:47Z logger.go:66:       - tags            = {
TestTerraformCompleteExample 2022-03-22T16:59:47Z logger.go:66:           - "Name" = "ex-complete-eks-irsa"
TestTerraformCompleteExample 2022-03-22T16:59:47Z logger.go:66:         } -> null
TestTerraformCompleteExample 2022-03-22T16:59:47Z logger.go:66:       - tags_all        = {
TestTerraformCompleteExample 2022-03-22T16:59:47Z logger.go:66:           - "Example"    = "ex-complete"
TestTerraformCompleteExample 2022-03-22T16:59:47Z logger.go:66:           - "GithubOrg"  = "aidan-melen"
TestTerraformCompleteExample 2022-03-22T16:59:47Z logger.go:66:           - "GithubRepo" = "terraform-aws-eks-auth"
TestTerraformCompleteExample 2022-03-22T16:59:47Z logger.go:66:           - "Name"       = "ex-complete-eks-irsa"
TestTerraformCompleteExample 2022-03-22T16:59:47Z logger.go:66:         } -> null
TestTerraformCompleteExample 2022-03-22T16:59:47Z logger.go:66:       - thumbprint_list = [
TestTerraformCompleteExample 2022-03-22T16:59:47Z logger.go:66:           - "9e99a48a9960b14926bb7f3b02e22da2b0ab7280",
TestTerraformCompleteExample 2022-03-22T16:59:47Z logger.go:66:         ] -> null
TestTerraformCompleteExample 2022-03-22T16:59:47Z logger.go:66:       - url             = "oidc.eks.us-west-2.amazonaws.com/id/DF1F0CD6FBE47A3B979A37B39CC04209" -> null
TestTerraformCompleteExample 2022-03-22T16:59:47Z logger.go:66:     }
TestTerraformCompleteExample 2022-03-22T16:59:47Z logger.go:66:
TestTerraformCompleteExample 2022-03-22T16:59:47Z logger.go:66:   # module.eks.aws_iam_role.this[0] will be destroyed
TestTerraformCompleteExample 2022-03-22T16:59:47Z logger.go:66:   - resource "aws_iam_role" "this" {
TestTerraformCompleteExample 2022-03-22T16:59:47Z logger.go:66:       - arn                   = "arn:aws:iam::11111111111:role/ex-complete-cluster-20220322164526180200000001" -> null
TestTerraformCompleteExample 2022-03-22T16:59:47Z logger.go:66:       - assume_role_policy    = jsonencode(
TestTerraformCompleteExample 2022-03-22T16:59:47Z logger.go:66:             {
TestTerraformCompleteExample 2022-03-22T16:59:47Z logger.go:66:               - Statement = [
TestTerraformCompleteExample 2022-03-22T16:59:47Z logger.go:66:                   - {
TestTerraformCompleteExample 2022-03-22T16:59:47Z logger.go:66:                       - Action    = "sts:AssumeRole"
TestTerraformCompleteExample 2022-03-22T16:59:47Z logger.go:66:                       - Effect    = "Allow"
TestTerraformCompleteExample 2022-03-22T16:59:47Z logger.go:66:                       - Principal = {
TestTerraformCompleteExample 2022-03-22T16:59:47Z logger.go:66:                           - Service = "eks.amazonaws.com"
TestTerraformCompleteExample 2022-03-22T16:59:47Z logger.go:66:                         }
TestTerraformCompleteExample 2022-03-22T16:59:47Z logger.go:66:                       - Sid       = "EKSClusterAssumeRole"
TestTerraformCompleteExample 2022-03-22T16:59:47Z logger.go:66:                     },
TestTerraformCompleteExample 2022-03-22T16:59:47Z logger.go:66:                 ]
TestTerraformCompleteExample 2022-03-22T16:59:47Z logger.go:66:               - Version   = "2012-10-17"
TestTerraformCompleteExample 2022-03-22T16:59:47Z logger.go:66:             }
TestTerraformCompleteExample 2022-03-22T16:59:47Z logger.go:66:         ) -> null
TestTerraformCompleteExample 2022-03-22T16:59:47Z logger.go:66:       - create_date           = "2022-03-22T16:45:30Z" -> null
TestTerraformCompleteExample 2022-03-22T16:59:47Z logger.go:66:       - force_detach_policies = true -> null
TestTerraformCompleteExample 2022-03-22T16:59:47Z logger.go:66:       - id                    = "ex-complete-cluster-20220322164526180200000001" -> null
TestTerraformCompleteExample 2022-03-22T16:59:47Z logger.go:66:       - managed_policy_arns   = [
TestTerraformCompleteExample 2022-03-22T16:59:47Z logger.go:66:           - "arn:aws:iam::aws:policy/AmazonEKSClusterPolicy",
TestTerraformCompleteExample 2022-03-22T16:59:47Z logger.go:66:           - "arn:aws:iam::aws:policy/AmazonEKSVPCResourceController",
TestTerraformCompleteExample 2022-03-22T16:59:47Z logger.go:66:         ] -> null
TestTerraformCompleteExample 2022-03-22T16:59:47Z logger.go:66:       - max_session_duration  = 3600 -> null
TestTerraformCompleteExample 2022-03-22T16:59:47Z logger.go:66:       - name                  = "ex-complete-cluster-20220322164526180200000001" -> null
TestTerraformCompleteExample 2022-03-22T16:59:47Z logger.go:66:       - name_prefix           = "ex-complete-cluster-" -> null
TestTerraformCompleteExample 2022-03-22T16:59:47Z logger.go:66:       - path                  = "/" -> null
TestTerraformCompleteExample 2022-03-22T16:59:47Z logger.go:66:       - tags                  = {} -> null
TestTerraformCompleteExample 2022-03-22T16:59:47Z logger.go:66:       - tags_all              = {
TestTerraformCompleteExample 2022-03-22T16:59:47Z logger.go:66:           - "Example"    = "ex-complete"
TestTerraformCompleteExample 2022-03-22T16:59:47Z logger.go:66:           - "GithubOrg"  = "aidan-melen"
TestTerraformCompleteExample 2022-03-22T16:59:47Z logger.go:66:           - "GithubRepo" = "terraform-aws-eks-auth"
TestTerraformCompleteExample 2022-03-22T16:59:47Z logger.go:66:         } -> null
TestTerraformCompleteExample 2022-03-22T16:59:47Z logger.go:66:       - unique_id             = "AROAUYBJJ5B7VPJNUP33H" -> null
TestTerraformCompleteExample 2022-03-22T16:59:47Z logger.go:66:
TestTerraformCompleteExample 2022-03-22T16:59:47Z logger.go:66:       - inline_policy {}
TestTerraformCompleteExample 2022-03-22T16:59:47Z logger.go:66:     }
TestTerraformCompleteExample 2022-03-22T16:59:47Z logger.go:66:
TestTerraformCompleteExample 2022-03-22T16:59:47Z logger.go:66:   # module.eks.aws_iam_role_policy_attachment.this["arn:aws:iam::aws:policy/AmazonEKSClusterPolicy"] will be destroyed
TestTerraformCompleteExample 2022-03-22T16:59:47Z logger.go:66:   - resource "aws_iam_role_policy_attachment" "this" {
TestTerraformCompleteExample 2022-03-22T16:59:47Z logger.go:66:       - id         = "ex-complete-cluster-20220322164526180200000001-2022032216452775110000000b" -> null
TestTerraformCompleteExample 2022-03-22T16:59:47Z logger.go:66:       - policy_arn = "arn:aws:iam::aws:policy/AmazonEKSClusterPolicy" -> null
TestTerraformCompleteExample 2022-03-22T16:59:47Z logger.go:66:       - role       = "ex-complete-cluster-20220322164526180200000001" -> null
TestTerraformCompleteExample 2022-03-22T16:59:47Z logger.go:66:     }
TestTerraformCompleteExample 2022-03-22T16:59:47Z logger.go:66:
TestTerraformCompleteExample 2022-03-22T16:59:47Z logger.go:66:   # module.eks.aws_iam_role_policy_attachment.this["arn:aws:iam::aws:policy/AmazonEKSVPCResourceController"] will be destroyed
TestTerraformCompleteExample 2022-03-22T16:59:47Z logger.go:66:   - resource "aws_iam_role_policy_attachment" "this" {
TestTerraformCompleteExample 2022-03-22T16:59:47Z logger.go:66:       - id         = "ex-complete-cluster-20220322164526180200000001-20220322164527646900000008" -> null
TestTerraformCompleteExample 2022-03-22T16:59:47Z logger.go:66:       - policy_arn = "arn:aws:iam::aws:policy/AmazonEKSVPCResourceController" -> null
TestTerraformCompleteExample 2022-03-22T16:59:47Z logger.go:66:       - role       = "ex-complete-cluster-20220322164526180200000001" -> null
TestTerraformCompleteExample 2022-03-22T16:59:47Z logger.go:66:     }
TestTerraformCompleteExample 2022-03-22T16:59:47Z logger.go:66:
TestTerraformCompleteExample 2022-03-22T16:59:47Z logger.go:66:   # module.eks.aws_security_group.cluster[0] will be destroyed
TestTerraformCompleteExample 2022-03-22T16:59:47Z logger.go:66:   - resource "aws_security_group" "cluster" {
TestTerraformCompleteExample 2022-03-22T16:59:47Z logger.go:66:       - arn                    = "arn:aws:ec2:us-west-2:11111111111:security-group/sg-01dcd30a0adb10420" -> null
TestTerraformCompleteExample 2022-03-22T16:59:47Z logger.go:66:       - description            = "EKS cluster security group" -> null
TestTerraformCompleteExample 2022-03-22T16:59:47Z logger.go:66:       - egress                 = [
TestTerraformCompleteExample 2022-03-22T16:59:47Z logger.go:66:           - {
TestTerraformCompleteExample 2022-03-22T16:59:47Z logger.go:66:               - cidr_blocks      = []
TestTerraformCompleteExample 2022-03-22T16:59:47Z logger.go:66:               - description      = "Cluster API to node groups"
TestTerraformCompleteExample 2022-03-22T16:59:47Z logger.go:66:               - from_port        = 443
TestTerraformCompleteExample 2022-03-22T16:59:47Z logger.go:66:               - ipv6_cidr_blocks = []
TestTerraformCompleteExample 2022-03-22T16:59:47Z logger.go:66:               - prefix_list_ids  = []
TestTerraformCompleteExample 2022-03-22T16:59:47Z logger.go:66:               - protocol         = "tcp"
TestTerraformCompleteExample 2022-03-22T16:59:47Z logger.go:66:               - security_groups  = [
TestTerraformCompleteExample 2022-03-22T16:59:47Z logger.go:66:                   - "sg-05c945c8db9060585",
TestTerraformCompleteExample 2022-03-22T16:59:47Z logger.go:66:                 ]
TestTerraformCompleteExample 2022-03-22T16:59:47Z logger.go:66:               - self             = false
TestTerraformCompleteExample 2022-03-22T16:59:47Z logger.go:66:               - to_port          = 443
TestTerraformCompleteExample 2022-03-22T16:59:47Z logger.go:66:             },
TestTerraformCompleteExample 2022-03-22T16:59:47Z logger.go:66:           - {
TestTerraformCompleteExample 2022-03-22T16:59:47Z logger.go:66:               - cidr_blocks      = []
TestTerraformCompleteExample 2022-03-22T16:59:47Z logger.go:66:               - description      = "Cluster API to node kubelets"
TestTerraformCompleteExample 2022-03-22T16:59:47Z logger.go:66:               - from_port        = 10250
TestTerraformCompleteExample 2022-03-22T16:59:47Z logger.go:66:               - ipv6_cidr_blocks = []
TestTerraformCompleteExample 2022-03-22T16:59:47Z logger.go:66:               - prefix_list_ids  = []
TestTerraformCompleteExample 2022-03-22T16:59:47Z logger.go:66:               - protocol         = "tcp"
TestTerraformCompleteExample 2022-03-22T16:59:47Z logger.go:66:               - security_groups  = [
TestTerraformCompleteExample 2022-03-22T16:59:47Z logger.go:66:                   - "sg-05c945c8db9060585",
TestTerraformCompleteExample 2022-03-22T16:59:47Z logger.go:66:                 ]
TestTerraformCompleteExample 2022-03-22T16:59:47Z logger.go:66:               - self             = false
TestTerraformCompleteExample 2022-03-22T16:59:47Z logger.go:66:               - to_port          = 10250
TestTerraformCompleteExample 2022-03-22T16:59:47Z logger.go:66:             },
TestTerraformCompleteExample 2022-03-22T16:59:47Z logger.go:66:         ] -> null
TestTerraformCompleteExample 2022-03-22T16:59:47Z logger.go:66:       - id                     = "sg-01dcd30a0adb10420" -> null
TestTerraformCompleteExample 2022-03-22T16:59:47Z logger.go:66:       - ingress                = [
TestTerraformCompleteExample 2022-03-22T16:59:47Z logger.go:66:           - {
TestTerraformCompleteExample 2022-03-22T16:59:47Z logger.go:66:               - cidr_blocks      = []
TestTerraformCompleteExample 2022-03-22T16:59:47Z logger.go:66:               - description      = "Node groups to cluster API"
TestTerraformCompleteExample 2022-03-22T16:59:47Z logger.go:66:               - from_port        = 443
TestTerraformCompleteExample 2022-03-22T16:59:47Z logger.go:66:               - ipv6_cidr_blocks = []
TestTerraformCompleteExample 2022-03-22T16:59:47Z logger.go:66:               - prefix_list_ids  = []
TestTerraformCompleteExample 2022-03-22T16:59:47Z logger.go:66:               - protocol         = "tcp"
TestTerraformCompleteExample 2022-03-22T16:59:47Z logger.go:66:               - security_groups  = [
TestTerraformCompleteExample 2022-03-22T16:59:47Z logger.go:66:                   - "sg-05c945c8db9060585",
TestTerraformCompleteExample 2022-03-22T16:59:47Z logger.go:66:                 ]
TestTerraformCompleteExample 2022-03-22T16:59:47Z logger.go:66:               - self             = false
TestTerraformCompleteExample 2022-03-22T16:59:47Z logger.go:66:               - to_port          = 443
TestTerraformCompleteExample 2022-03-22T16:59:47Z logger.go:66:             },
TestTerraformCompleteExample 2022-03-22T16:59:47Z logger.go:66:         ] -> null
TestTerraformCompleteExample 2022-03-22T16:59:47Z logger.go:66:       - name                   = "ex-complete-cluster-20220322164538230100000010" -> null
TestTerraformCompleteExample 2022-03-22T16:59:47Z logger.go:66:       - name_prefix            = "ex-complete-cluster-" -> null
TestTerraformCompleteExample 2022-03-22T16:59:47Z logger.go:66:       - owner_id               = "11111111111" -> null
TestTerraformCompleteExample 2022-03-22T16:59:47Z logger.go:66:       - revoke_rules_on_delete = false -> null
TestTerraformCompleteExample 2022-03-22T16:59:47Z logger.go:66:       - tags                   = {
TestTerraformCompleteExample 2022-03-22T16:59:47Z logger.go:66:           - "Name" = "ex-complete-cluster"
TestTerraformCompleteExample 2022-03-22T16:59:47Z logger.go:66:         } -> null
TestTerraformCompleteExample 2022-03-22T16:59:47Z logger.go:66:       - tags_all               = {
TestTerraformCompleteExample 2022-03-22T16:59:47Z logger.go:66:           - "Example"    = "ex-complete"
TestTerraformCompleteExample 2022-03-22T16:59:47Z logger.go:66:           - "GithubOrg"  = "aidan-melen"
TestTerraformCompleteExample 2022-03-22T16:59:47Z logger.go:66:           - "GithubRepo" = "terraform-aws-eks-auth"
TestTerraformCompleteExample 2022-03-22T16:59:47Z logger.go:66:           - "Name"       = "ex-complete-cluster"
TestTerraformCompleteExample 2022-03-22T16:59:47Z logger.go:66:         } -> null
TestTerraformCompleteExample 2022-03-22T16:59:47Z logger.go:66:       - vpc_id                 = "vpc-095ec8e5b71fefea7" -> null
TestTerraformCompleteExample 2022-03-22T16:59:47Z logger.go:66:     }
TestTerraformCompleteExample 2022-03-22T16:59:47Z logger.go:66:
TestTerraformCompleteExample 2022-03-22T16:59:47Z logger.go:66:   # module.eks.aws_security_group.node[0] will be destroyed
TestTerraformCompleteExample 2022-03-22T16:59:47Z logger.go:66:   - resource "aws_security_group" "node" {
TestTerraformCompleteExample 2022-03-22T16:59:47Z logger.go:66:       - arn                    = "arn:aws:ec2:us-west-2:11111111111:security-group/sg-05c945c8db9060585" -> null
TestTerraformCompleteExample 2022-03-22T16:59:47Z logger.go:66:       - description            = "EKS node shared security group" -> null
TestTerraformCompleteExample 2022-03-22T16:59:47Z logger.go:66:       - egress                 = [
TestTerraformCompleteExample 2022-03-22T16:59:47Z logger.go:66:           - {
TestTerraformCompleteExample 2022-03-22T16:59:47Z logger.go:66:               - cidr_blocks      = [
TestTerraformCompleteExample 2022-03-22T16:59:47Z logger.go:66:                   - "0.0.0.0/0",
TestTerraformCompleteExample 2022-03-22T16:59:47Z logger.go:66:                 ]
TestTerraformCompleteExample 2022-03-22T16:59:47Z logger.go:66:               - description      = "Egress NTP/TCP to internet"
TestTerraformCompleteExample 2022-03-22T16:59:47Z logger.go:66:               - from_port        = 123
TestTerraformCompleteExample 2022-03-22T16:59:47Z logger.go:66:               - ipv6_cidr_blocks = []
TestTerraformCompleteExample 2022-03-22T16:59:47Z logger.go:66:               - prefix_list_ids  = []
TestTerraformCompleteExample 2022-03-22T16:59:47Z logger.go:66:               - protocol         = "tcp"
TestTerraformCompleteExample 2022-03-22T16:59:47Z logger.go:66:               - security_groups  = []
TestTerraformCompleteExample 2022-03-22T16:59:47Z logger.go:66:               - self             = false
TestTerraformCompleteExample 2022-03-22T16:59:47Z logger.go:66:               - to_port          = 123
TestTerraformCompleteExample 2022-03-22T16:59:47Z logger.go:66:             },
TestTerraformCompleteExample 2022-03-22T16:59:47Z logger.go:66:           - {
TestTerraformCompleteExample 2022-03-22T16:59:47Z logger.go:66:               - cidr_blocks      = [
TestTerraformCompleteExample 2022-03-22T16:59:47Z logger.go:66:                   - "0.0.0.0/0",
TestTerraformCompleteExample 2022-03-22T16:59:47Z logger.go:66:                 ]
TestTerraformCompleteExample 2022-03-22T16:59:47Z logger.go:66:               - description      = "Egress NTP/UDP to internet"
TestTerraformCompleteExample 2022-03-22T16:59:47Z logger.go:66:               - from_port        = 123
TestTerraformCompleteExample 2022-03-22T16:59:47Z logger.go:66:               - ipv6_cidr_blocks = []
TestTerraformCompleteExample 2022-03-22T16:59:47Z logger.go:66:               - prefix_list_ids  = []
TestTerraformCompleteExample 2022-03-22T16:59:47Z logger.go:66:               - protocol         = "udp"
TestTerraformCompleteExample 2022-03-22T16:59:47Z logger.go:66:               - security_groups  = []
TestTerraformCompleteExample 2022-03-22T16:59:47Z logger.go:66:               - self             = false
TestTerraformCompleteExample 2022-03-22T16:59:47Z logger.go:66:               - to_port          = 123
TestTerraformCompleteExample 2022-03-22T16:59:47Z logger.go:66:             },
TestTerraformCompleteExample 2022-03-22T16:59:47Z logger.go:66:           - {
TestTerraformCompleteExample 2022-03-22T16:59:47Z logger.go:66:               - cidr_blocks      = [
TestTerraformCompleteExample 2022-03-22T16:59:47Z logger.go:66:                   - "0.0.0.0/0",
TestTerraformCompleteExample 2022-03-22T16:59:47Z logger.go:66:                 ]
TestTerraformCompleteExample 2022-03-22T16:59:47Z logger.go:66:               - description      = "Egress all HTTPS to internet"
TestTerraformCompleteExample 2022-03-22T16:59:47Z logger.go:66:               - from_port        = 443
TestTerraformCompleteExample 2022-03-22T16:59:47Z logger.go:66:               - ipv6_cidr_blocks = []
TestTerraformCompleteExample 2022-03-22T16:59:47Z logger.go:66:               - prefix_list_ids  = []
TestTerraformCompleteExample 2022-03-22T16:59:47Z logger.go:66:               - protocol         = "tcp"
TestTerraformCompleteExample 2022-03-22T16:59:47Z logger.go:66:               - security_groups  = []
TestTerraformCompleteExample 2022-03-22T16:59:47Z logger.go:66:               - self             = false
TestTerraformCompleteExample 2022-03-22T16:59:47Z logger.go:66:               - to_port          = 443
TestTerraformCompleteExample 2022-03-22T16:59:47Z logger.go:66:             },
TestTerraformCompleteExample 2022-03-22T16:59:47Z logger.go:66:           - {
TestTerraformCompleteExample 2022-03-22T16:59:47Z logger.go:66:               - cidr_blocks      = []
TestTerraformCompleteExample 2022-03-22T16:59:47Z logger.go:66:               - description      = "Node groups to cluster API"
TestTerraformCompleteExample 2022-03-22T16:59:47Z logger.go:66:               - from_port        = 443
TestTerraformCompleteExample 2022-03-22T16:59:47Z logger.go:66:               - ipv6_cidr_blocks = []
TestTerraformCompleteExample 2022-03-22T16:59:47Z logger.go:66:               - prefix_list_ids  = []
TestTerraformCompleteExample 2022-03-22T16:59:47Z logger.go:66:               - protocol         = "tcp"
TestTerraformCompleteExample 2022-03-22T16:59:47Z logger.go:66:               - security_groups  = [
TestTerraformCompleteExample 2022-03-22T16:59:47Z logger.go:66:                   - "sg-01dcd30a0adb10420",
TestTerraformCompleteExample 2022-03-22T16:59:47Z logger.go:66:                 ]
TestTerraformCompleteExample 2022-03-22T16:59:47Z logger.go:66:               - self             = false
TestTerraformCompleteExample 2022-03-22T16:59:47Z logger.go:66:               - to_port          = 443
TestTerraformCompleteExample 2022-03-22T16:59:47Z logger.go:66:             },
TestTerraformCompleteExample 2022-03-22T16:59:47Z logger.go:66:           - {
TestTerraformCompleteExample 2022-03-22T16:59:47Z logger.go:66:               - cidr_blocks      = []
TestTerraformCompleteExample 2022-03-22T16:59:47Z logger.go:66:               - description      = "Node to node CoreDNS"
TestTerraformCompleteExample 2022-03-22T16:59:47Z logger.go:66:               - from_port        = 53
TestTerraformCompleteExample 2022-03-22T16:59:47Z logger.go:66:               - ipv6_cidr_blocks = []
TestTerraformCompleteExample 2022-03-22T16:59:47Z logger.go:66:               - prefix_list_ids  = []
TestTerraformCompleteExample 2022-03-22T16:59:47Z logger.go:66:               - protocol         = "tcp"
TestTerraformCompleteExample 2022-03-22T16:59:47Z logger.go:66:               - security_groups  = []
TestTerraformCompleteExample 2022-03-22T16:59:47Z logger.go:66:               - self             = true
TestTerraformCompleteExample 2022-03-22T16:59:47Z logger.go:66:               - to_port          = 53
TestTerraformCompleteExample 2022-03-22T16:59:47Z logger.go:66:             },
TestTerraformCompleteExample 2022-03-22T16:59:47Z logger.go:66:           - {
TestTerraformCompleteExample 2022-03-22T16:59:47Z logger.go:66:               - cidr_blocks      = []
TestTerraformCompleteExample 2022-03-22T16:59:47Z logger.go:66:               - description      = "Node to node CoreDNS"
TestTerraformCompleteExample 2022-03-22T16:59:47Z logger.go:66:               - from_port        = 53
TestTerraformCompleteExample 2022-03-22T16:59:47Z logger.go:66:               - ipv6_cidr_blocks = []
TestTerraformCompleteExample 2022-03-22T16:59:47Z logger.go:66:               - prefix_list_ids  = []
TestTerraformCompleteExample 2022-03-22T16:59:47Z logger.go:66:               - protocol         = "udp"
TestTerraformCompleteExample 2022-03-22T16:59:47Z logger.go:66:               - security_groups  = []
TestTerraformCompleteExample 2022-03-22T16:59:47Z logger.go:66:               - self             = true
TestTerraformCompleteExample 2022-03-22T16:59:47Z logger.go:66:               - to_port          = 53
TestTerraformCompleteExample 2022-03-22T16:59:47Z logger.go:66:             },
TestTerraformCompleteExample 2022-03-22T16:59:47Z logger.go:66:         ] -> null
TestTerraformCompleteExample 2022-03-22T16:59:47Z logger.go:66:       - id                     = "sg-05c945c8db9060585" -> null
TestTerraformCompleteExample 2022-03-22T16:59:47Z logger.go:66:       - ingress                = [
TestTerraformCompleteExample 2022-03-22T16:59:47Z logger.go:66:           - {
TestTerraformCompleteExample 2022-03-22T16:59:47Z logger.go:66:               - cidr_blocks      = []
TestTerraformCompleteExample 2022-03-22T16:59:47Z logger.go:66:               - description      = "Cluster API to node groups"
TestTerraformCompleteExample 2022-03-22T16:59:47Z logger.go:66:               - from_port        = 443
TestTerraformCompleteExample 2022-03-22T16:59:47Z logger.go:66:               - ipv6_cidr_blocks = []
TestTerraformCompleteExample 2022-03-22T16:59:47Z logger.go:66:               - prefix_list_ids  = []
TestTerraformCompleteExample 2022-03-22T16:59:47Z logger.go:66:               - protocol         = "tcp"
TestTerraformCompleteExample 2022-03-22T16:59:47Z logger.go:66:               - security_groups  = [
TestTerraformCompleteExample 2022-03-22T16:59:47Z logger.go:66:                   - "sg-01dcd30a0adb10420",
TestTerraformCompleteExample 2022-03-22T16:59:47Z logger.go:66:                 ]
TestTerraformCompleteExample 2022-03-22T16:59:47Z logger.go:66:               - self             = false
TestTerraformCompleteExample 2022-03-22T16:59:47Z logger.go:66:               - to_port          = 443
TestTerraformCompleteExample 2022-03-22T16:59:47Z logger.go:66:             },
TestTerraformCompleteExample 2022-03-22T16:59:47Z logger.go:66:           - {
TestTerraformCompleteExample 2022-03-22T16:59:47Z logger.go:66:               - cidr_blocks      = []
TestTerraformCompleteExample 2022-03-22T16:59:47Z logger.go:66:               - description      = "Cluster API to node kubelets"
TestTerraformCompleteExample 2022-03-22T16:59:47Z logger.go:66:               - from_port        = 10250
TestTerraformCompleteExample 2022-03-22T16:59:47Z logger.go:66:               - ipv6_cidr_blocks = []
TestTerraformCompleteExample 2022-03-22T16:59:47Z logger.go:66:               - prefix_list_ids  = []
TestTerraformCompleteExample 2022-03-22T16:59:47Z logger.go:66:               - protocol         = "tcp"
TestTerraformCompleteExample 2022-03-22T16:59:47Z logger.go:66:               - security_groups  = [
TestTerraformCompleteExample 2022-03-22T16:59:47Z logger.go:66:                   - "sg-01dcd30a0adb10420",
TestTerraformCompleteExample 2022-03-22T16:59:47Z logger.go:66:                 ]
TestTerraformCompleteExample 2022-03-22T16:59:47Z logger.go:66:               - self             = false
TestTerraformCompleteExample 2022-03-22T16:59:47Z logger.go:66:               - to_port          = 10250
TestTerraformCompleteExample 2022-03-22T16:59:47Z logger.go:66:             },
TestTerraformCompleteExample 2022-03-22T16:59:47Z logger.go:66:           - {
TestTerraformCompleteExample 2022-03-22T16:59:47Z logger.go:66:               - cidr_blocks      = []
TestTerraformCompleteExample 2022-03-22T16:59:47Z logger.go:66:               - description      = "Node to node CoreDNS"
TestTerraformCompleteExample 2022-03-22T16:59:47Z logger.go:66:               - from_port        = 53
TestTerraformCompleteExample 2022-03-22T16:59:47Z logger.go:66:               - ipv6_cidr_blocks = []
TestTerraformCompleteExample 2022-03-22T16:59:47Z logger.go:66:               - prefix_list_ids  = []
TestTerraformCompleteExample 2022-03-22T16:59:47Z logger.go:66:               - protocol         = "tcp"
TestTerraformCompleteExample 2022-03-22T16:59:47Z logger.go:66:               - security_groups  = []
TestTerraformCompleteExample 2022-03-22T16:59:47Z logger.go:66:               - self             = true
TestTerraformCompleteExample 2022-03-22T16:59:47Z logger.go:66:               - to_port          = 53
TestTerraformCompleteExample 2022-03-22T16:59:47Z logger.go:66:             },
TestTerraformCompleteExample 2022-03-22T16:59:47Z logger.go:66:           - {
TestTerraformCompleteExample 2022-03-22T16:59:47Z logger.go:66:               - cidr_blocks      = []
TestTerraformCompleteExample 2022-03-22T16:59:47Z logger.go:66:               - description      = "Node to node CoreDNS"
TestTerraformCompleteExample 2022-03-22T16:59:47Z logger.go:66:               - from_port        = 53
TestTerraformCompleteExample 2022-03-22T16:59:47Z logger.go:66:               - ipv6_cidr_blocks = []
TestTerraformCompleteExample 2022-03-22T16:59:47Z logger.go:66:               - prefix_list_ids  = []
TestTerraformCompleteExample 2022-03-22T16:59:47Z logger.go:66:               - protocol         = "udp"
TestTerraformCompleteExample 2022-03-22T16:59:47Z logger.go:66:               - security_groups  = []
TestTerraformCompleteExample 2022-03-22T16:59:47Z logger.go:66:               - self             = true
TestTerraformCompleteExample 2022-03-22T16:59:47Z logger.go:66:               - to_port          = 53
TestTerraformCompleteExample 2022-03-22T16:59:47Z logger.go:66:             },
TestTerraformCompleteExample 2022-03-22T16:59:47Z logger.go:66:         ] -> null
TestTerraformCompleteExample 2022-03-22T16:59:47Z logger.go:66:       - name                   = "ex-complete-node-20220322164539181800000012" -> null
TestTerraformCompleteExample 2022-03-22T16:59:47Z logger.go:66:       - name_prefix            = "ex-complete-node-" -> null
TestTerraformCompleteExample 2022-03-22T16:59:47Z logger.go:66:       - owner_id               = "11111111111" -> null
TestTerraformCompleteExample 2022-03-22T16:59:47Z logger.go:66:       - revoke_rules_on_delete = false -> null
TestTerraformCompleteExample 2022-03-22T16:59:47Z logger.go:66:       - tags                   = {
TestTerraformCompleteExample 2022-03-22T16:59:47Z logger.go:66:           - "Name"                              = "ex-complete-node"
TestTerraformCompleteExample 2022-03-22T16:59:47Z logger.go:66:           - "kubernetes.io/cluster/ex-complete" = "owned"
TestTerraformCompleteExample 2022-03-22T16:59:47Z logger.go:66:         } -> null
TestTerraformCompleteExample 2022-03-22T16:59:47Z logger.go:66:       - tags_all               = {
TestTerraformCompleteExample 2022-03-22T16:59:47Z logger.go:66:           - "Example"                           = "ex-complete"
TestTerraformCompleteExample 2022-03-22T16:59:47Z logger.go:66:           - "GithubOrg"                         = "aidan-melen"
TestTerraformCompleteExample 2022-03-22T16:59:47Z logger.go:66:           - "GithubRepo"                        = "terraform-aws-eks-auth"
TestTerraformCompleteExample 2022-03-22T16:59:47Z logger.go:66:           - "Name"                              = "ex-complete-node"
TestTerraformCompleteExample 2022-03-22T16:59:47Z logger.go:66:           - "kubernetes.io/cluster/ex-complete" = "owned"
TestTerraformCompleteExample 2022-03-22T16:59:47Z logger.go:66:         } -> null
TestTerraformCompleteExample 2022-03-22T16:59:47Z logger.go:66:       - vpc_id                 = "vpc-095ec8e5b71fefea7" -> null
TestTerraformCompleteExample 2022-03-22T16:59:47Z logger.go:66:     }
TestTerraformCompleteExample 2022-03-22T16:59:47Z logger.go:66:
TestTerraformCompleteExample 2022-03-22T16:59:47Z logger.go:66:   # module.eks.aws_security_group_rule.cluster["egress_nodes_443"] will be destroyed
TestTerraformCompleteExample 2022-03-22T16:59:47Z logger.go:66:   - resource "aws_security_group_rule" "cluster" {
TestTerraformCompleteExample 2022-03-22T16:59:47Z logger.go:66:       - cidr_blocks              = [] -> null
TestTerraformCompleteExample 2022-03-22T16:59:47Z logger.go:66:       - description              = "Cluster API to node groups" -> null
TestTerraformCompleteExample 2022-03-22T16:59:47Z logger.go:66:       - from_port                = 443 -> null
TestTerraformCompleteExample 2022-03-22T16:59:47Z logger.go:66:       - id                       = "sgrule-437306491" -> null
TestTerraformCompleteExample 2022-03-22T16:59:47Z logger.go:66:       - ipv6_cidr_blocks         = [] -> null
TestTerraformCompleteExample 2022-03-22T16:59:47Z logger.go:66:       - prefix_list_ids          = [] -> null
TestTerraformCompleteExample 2022-03-22T16:59:47Z logger.go:66:       - protocol                 = "tcp" -> null
TestTerraformCompleteExample 2022-03-22T16:59:47Z logger.go:66:       - security_group_id        = "sg-01dcd30a0adb10420" -> null
TestTerraformCompleteExample 2022-03-22T16:59:47Z logger.go:66:       - self                     = false -> null
TestTerraformCompleteExample 2022-03-22T16:59:47Z logger.go:66:       - source_security_group_id = "sg-05c945c8db9060585" -> null
TestTerraformCompleteExample 2022-03-22T16:59:47Z logger.go:66:       - to_port                  = 443 -> null
TestTerraformCompleteExample 2022-03-22T16:59:47Z logger.go:66:       - type                     = "egress" -> null
TestTerraformCompleteExample 2022-03-22T16:59:47Z logger.go:66:     }
TestTerraformCompleteExample 2022-03-22T16:59:47Z logger.go:66:
TestTerraformCompleteExample 2022-03-22T16:59:47Z logger.go:66:   # module.eks.aws_security_group_rule.cluster["egress_nodes_kubelet"] will be destroyed
TestTerraformCompleteExample 2022-03-22T16:59:47Z logger.go:66:   - resource "aws_security_group_rule" "cluster" {
TestTerraformCompleteExample 2022-03-22T16:59:47Z logger.go:66:       - cidr_blocks              = [] -> null
TestTerraformCompleteExample 2022-03-22T16:59:47Z logger.go:66:       - description              = "Cluster API to node kubelets" -> null
TestTerraformCompleteExample 2022-03-22T16:59:47Z logger.go:66:       - from_port                = 10250 -> null
TestTerraformCompleteExample 2022-03-22T16:59:47Z logger.go:66:       - id                       = "sgrule-63602939" -> null
TestTerraformCompleteExample 2022-03-22T16:59:47Z logger.go:66:       - ipv6_cidr_blocks         = [] -> null
TestTerraformCompleteExample 2022-03-22T16:59:47Z logger.go:66:       - prefix_list_ids          = [] -> null
TestTerraformCompleteExample 2022-03-22T16:59:47Z logger.go:66:       - protocol                 = "tcp" -> null
TestTerraformCompleteExample 2022-03-22T16:59:47Z logger.go:66:       - security_group_id        = "sg-01dcd30a0adb10420" -> null
TestTerraformCompleteExample 2022-03-22T16:59:47Z logger.go:66:       - self                     = false -> null
TestTerraformCompleteExample 2022-03-22T16:59:47Z logger.go:66:       - source_security_group_id = "sg-05c945c8db9060585" -> null
TestTerraformCompleteExample 2022-03-22T16:59:47Z logger.go:66:       - to_port                  = 10250 -> null
TestTerraformCompleteExample 2022-03-22T16:59:47Z logger.go:66:       - type                     = "egress" -> null
TestTerraformCompleteExample 2022-03-22T16:59:47Z logger.go:66:     }
TestTerraformCompleteExample 2022-03-22T16:59:47Z logger.go:66:
TestTerraformCompleteExample 2022-03-22T16:59:47Z logger.go:66:   # module.eks.aws_security_group_rule.cluster["ingress_nodes_443"] will be destroyed
TestTerraformCompleteExample 2022-03-22T16:59:47Z logger.go:66:   - resource "aws_security_group_rule" "cluster" {
TestTerraformCompleteExample 2022-03-22T16:59:47Z logger.go:66:       - cidr_blocks              = [] -> null
TestTerraformCompleteExample 2022-03-22T16:59:47Z logger.go:66:       - description              = "Node groups to cluster API" -> null
TestTerraformCompleteExample 2022-03-22T16:59:47Z logger.go:66:       - from_port                = 443 -> null
TestTerraformCompleteExample 2022-03-22T16:59:47Z logger.go:66:       - id                       = "sgrule-2575480998" -> null
TestTerraformCompleteExample 2022-03-22T16:59:47Z logger.go:66:       - ipv6_cidr_blocks         = [] -> null
TestTerraformCompleteExample 2022-03-22T16:59:47Z logger.go:66:       - prefix_list_ids          = [] -> null
TestTerraformCompleteExample 2022-03-22T16:59:47Z logger.go:66:       - protocol                 = "tcp" -> null
TestTerraformCompleteExample 2022-03-22T16:59:47Z logger.go:66:       - security_group_id        = "sg-01dcd30a0adb10420" -> null
TestTerraformCompleteExample 2022-03-22T16:59:47Z logger.go:66:       - self                     = false -> null
TestTerraformCompleteExample 2022-03-22T16:59:47Z logger.go:66:       - source_security_group_id = "sg-05c945c8db9060585" -> null
TestTerraformCompleteExample 2022-03-22T16:59:47Z logger.go:66:       - to_port                  = 443 -> null
TestTerraformCompleteExample 2022-03-22T16:59:47Z logger.go:66:       - type                     = "ingress" -> null
TestTerraformCompleteExample 2022-03-22T16:59:47Z logger.go:66:     }
TestTerraformCompleteExample 2022-03-22T16:59:47Z logger.go:66:
TestTerraformCompleteExample 2022-03-22T16:59:47Z logger.go:66:   # module.eks.aws_security_group_rule.node["egress_cluster_443"] will be destroyed
TestTerraformCompleteExample 2022-03-22T16:59:47Z logger.go:66:   - resource "aws_security_group_rule" "node" {
TestTerraformCompleteExample 2022-03-22T16:59:47Z logger.go:66:       - cidr_blocks              = [] -> null
TestTerraformCompleteExample 2022-03-22T16:59:47Z logger.go:66:       - description              = "Node groups to cluster API" -> null
TestTerraformCompleteExample 2022-03-22T16:59:47Z logger.go:66:       - from_port                = 443 -> null
TestTerraformCompleteExample 2022-03-22T16:59:47Z logger.go:66:       - id                       = "sgrule-3594557401" -> null
TestTerraformCompleteExample 2022-03-22T16:59:47Z logger.go:66:       - ipv6_cidr_blocks         = [] -> null
TestTerraformCompleteExample 2022-03-22T16:59:47Z logger.go:66:       - prefix_list_ids          = [] -> null
TestTerraformCompleteExample 2022-03-22T16:59:47Z logger.go:66:       - protocol                 = "tcp" -> null
TestTerraformCompleteExample 2022-03-22T16:59:47Z logger.go:66:       - security_group_id        = "sg-05c945c8db9060585" -> null
TestTerraformCompleteExample 2022-03-22T16:59:47Z logger.go:66:       - self                     = false -> null
TestTerraformCompleteExample 2022-03-22T16:59:47Z logger.go:66:       - source_security_group_id = "sg-01dcd30a0adb10420" -> null
TestTerraformCompleteExample 2022-03-22T16:59:47Z logger.go:66:       - to_port                  = 443 -> null
TestTerraformCompleteExample 2022-03-22T16:59:47Z logger.go:66:       - type                     = "egress" -> null
TestTerraformCompleteExample 2022-03-22T16:59:47Z logger.go:66:     }
TestTerraformCompleteExample 2022-03-22T16:59:47Z logger.go:66:
TestTerraformCompleteExample 2022-03-22T16:59:47Z logger.go:66:   # module.eks.aws_security_group_rule.node["egress_https"] will be destroyed
TestTerraformCompleteExample 2022-03-22T16:59:47Z logger.go:66:   - resource "aws_security_group_rule" "node" {
TestTerraformCompleteExample 2022-03-22T16:59:47Z logger.go:66:       - cidr_blocks       = [
TestTerraformCompleteExample 2022-03-22T16:59:47Z logger.go:66:           - "0.0.0.0/0",
TestTerraformCompleteExample 2022-03-22T16:59:47Z logger.go:66:         ] -> null
TestTerraformCompleteExample 2022-03-22T16:59:47Z logger.go:66:       - description       = "Egress all HTTPS to internet" -> null
TestTerraformCompleteExample 2022-03-22T16:59:47Z logger.go:66:       - from_port         = 443 -> null
TestTerraformCompleteExample 2022-03-22T16:59:47Z logger.go:66:       - id                = "sgrule-4194254807" -> null
TestTerraformCompleteExample 2022-03-22T16:59:47Z logger.go:66:       - ipv6_cidr_blocks  = [] -> null
TestTerraformCompleteExample 2022-03-22T16:59:47Z logger.go:66:       - prefix_list_ids   = [] -> null
TestTerraformCompleteExample 2022-03-22T16:59:47Z logger.go:66:       - protocol          = "tcp" -> null
TestTerraformCompleteExample 2022-03-22T16:59:47Z logger.go:66:       - security_group_id = "sg-05c945c8db9060585" -> null
TestTerraformCompleteExample 2022-03-22T16:59:47Z logger.go:66:       - self              = false -> null
TestTerraformCompleteExample 2022-03-22T16:59:47Z logger.go:66:       - to_port           = 443 -> null
TestTerraformCompleteExample 2022-03-22T16:59:47Z logger.go:66:       - type              = "egress" -> null
TestTerraformCompleteExample 2022-03-22T16:59:47Z logger.go:66:     }
TestTerraformCompleteExample 2022-03-22T16:59:47Z logger.go:66:
TestTerraformCompleteExample 2022-03-22T16:59:47Z logger.go:66:   # module.eks.aws_security_group_rule.node["egress_ntp_tcp"] will be destroyed
TestTerraformCompleteExample 2022-03-22T16:59:47Z logger.go:66:   - resource "aws_security_group_rule" "node" {
TestTerraformCompleteExample 2022-03-22T16:59:47Z logger.go:66:       - cidr_blocks       = [
TestTerraformCompleteExample 2022-03-22T16:59:47Z logger.go:66:           - "0.0.0.0/0",
TestTerraformCompleteExample 2022-03-22T16:59:47Z logger.go:66:         ] -> null
TestTerraformCompleteExample 2022-03-22T16:59:47Z logger.go:66:       - description       = "Egress NTP/TCP to internet" -> null
TestTerraformCompleteExample 2022-03-22T16:59:47Z logger.go:66:       - from_port         = 123 -> null
TestTerraformCompleteExample 2022-03-22T16:59:47Z logger.go:66:       - id                = "sgrule-639697609" -> null
TestTerraformCompleteExample 2022-03-22T16:59:47Z logger.go:66:       - ipv6_cidr_blocks  = [] -> null
TestTerraformCompleteExample 2022-03-22T16:59:47Z logger.go:66:       - prefix_list_ids   = [] -> null
TestTerraformCompleteExample 2022-03-22T16:59:47Z logger.go:66:       - protocol          = "tcp" -> null
TestTerraformCompleteExample 2022-03-22T16:59:47Z logger.go:66:       - security_group_id = "sg-05c945c8db9060585" -> null
TestTerraformCompleteExample 2022-03-22T16:59:47Z logger.go:66:       - self              = false -> null
TestTerraformCompleteExample 2022-03-22T16:59:47Z logger.go:66:       - to_port           = 123 -> null
TestTerraformCompleteExample 2022-03-22T16:59:47Z logger.go:66:       - type              = "egress" -> null
TestTerraformCompleteExample 2022-03-22T16:59:47Z logger.go:66:     }
TestTerraformCompleteExample 2022-03-22T16:59:47Z logger.go:66:
TestTerraformCompleteExample 2022-03-22T16:59:47Z logger.go:66:   # module.eks.aws_security_group_rule.node["egress_ntp_udp"] will be destroyed
TestTerraformCompleteExample 2022-03-22T16:59:47Z logger.go:66:   - resource "aws_security_group_rule" "node" {
TestTerraformCompleteExample 2022-03-22T16:59:47Z logger.go:66:       - cidr_blocks       = [
TestTerraformCompleteExample 2022-03-22T16:59:47Z logger.go:66:           - "0.0.0.0/0",
TestTerraformCompleteExample 2022-03-22T16:59:47Z logger.go:66:         ] -> null
TestTerraformCompleteExample 2022-03-22T16:59:47Z logger.go:66:       - description       = "Egress NTP/UDP to internet" -> null
TestTerraformCompleteExample 2022-03-22T16:59:47Z logger.go:66:       - from_port         = 123 -> null
TestTerraformCompleteExample 2022-03-22T16:59:47Z logger.go:66:       - id                = "sgrule-1488922564" -> null
TestTerraformCompleteExample 2022-03-22T16:59:47Z logger.go:66:       - ipv6_cidr_blocks  = [] -> null
TestTerraformCompleteExample 2022-03-22T16:59:47Z logger.go:66:       - prefix_list_ids   = [] -> null
TestTerraformCompleteExample 2022-03-22T16:59:47Z logger.go:66:       - protocol          = "udp" -> null
TestTerraformCompleteExample 2022-03-22T16:59:47Z logger.go:66:       - security_group_id = "sg-05c945c8db9060585" -> null
TestTerraformCompleteExample 2022-03-22T16:59:47Z logger.go:66:       - self              = false -> null
TestTerraformCompleteExample 2022-03-22T16:59:47Z logger.go:66:       - to_port           = 123 -> null
TestTerraformCompleteExample 2022-03-22T16:59:47Z logger.go:66:       - type              = "egress" -> null
TestTerraformCompleteExample 2022-03-22T16:59:47Z logger.go:66:     }
TestTerraformCompleteExample 2022-03-22T16:59:47Z logger.go:66:
TestTerraformCompleteExample 2022-03-22T16:59:47Z logger.go:66:   # module.eks.aws_security_group_rule.node["egress_self_coredns_tcp"] will be destroyed
TestTerraformCompleteExample 2022-03-22T16:59:47Z logger.go:66:   - resource "aws_security_group_rule" "node" {
TestTerraformCompleteExample 2022-03-22T16:59:47Z logger.go:66:       - cidr_blocks              = [] -> null
TestTerraformCompleteExample 2022-03-22T16:59:47Z logger.go:66:       - description              = "Node to node CoreDNS" -> null
TestTerraformCompleteExample 2022-03-22T16:59:47Z logger.go:66:       - from_port                = 53 -> null
TestTerraformCompleteExample 2022-03-22T16:59:47Z logger.go:66:       - id                       = "sgrule-785190043" -> null
TestTerraformCompleteExample 2022-03-22T16:59:47Z logger.go:66:       - ipv6_cidr_blocks         = [] -> null
TestTerraformCompleteExample 2022-03-22T16:59:47Z logger.go:66:       - prefix_list_ids          = [] -> null
TestTerraformCompleteExample 2022-03-22T16:59:47Z logger.go:66:       - protocol                 = "tcp" -> null
TestTerraformCompleteExample 2022-03-22T16:59:47Z logger.go:66:       - security_group_id        = "sg-05c945c8db9060585" -> null
TestTerraformCompleteExample 2022-03-22T16:59:47Z logger.go:66:       - self                     = true -> null
TestTerraformCompleteExample 2022-03-22T16:59:47Z logger.go:66:       - source_security_group_id = "sg-05c945c8db9060585" -> null
TestTerraformCompleteExample 2022-03-22T16:59:47Z logger.go:66:       - to_port                  = 53 -> null
TestTerraformCompleteExample 2022-03-22T16:59:47Z logger.go:66:       - type                     = "egress" -> null
TestTerraformCompleteExample 2022-03-22T16:59:47Z logger.go:66:     }
TestTerraformCompleteExample 2022-03-22T16:59:47Z logger.go:66:
TestTerraformCompleteExample 2022-03-22T16:59:47Z logger.go:66:   # module.eks.aws_security_group_rule.node["egress_self_coredns_udp"] will be destroyed
TestTerraformCompleteExample 2022-03-22T16:59:47Z logger.go:66:   - resource "aws_security_group_rule" "node" {
TestTerraformCompleteExample 2022-03-22T16:59:47Z logger.go:66:       - cidr_blocks              = [] -> null
TestTerraformCompleteExample 2022-03-22T16:59:47Z logger.go:66:       - description              = "Node to node CoreDNS" -> null
TestTerraformCompleteExample 2022-03-22T16:59:47Z logger.go:66:       - from_port                = 53 -> null
TestTerraformCompleteExample 2022-03-22T16:59:47Z logger.go:66:       - id                       = "sgrule-2695532285" -> null
TestTerraformCompleteExample 2022-03-22T16:59:47Z logger.go:66:       - ipv6_cidr_blocks         = [] -> null
TestTerraformCompleteExample 2022-03-22T16:59:47Z logger.go:66:       - prefix_list_ids          = [] -> null
TestTerraformCompleteExample 2022-03-22T16:59:47Z logger.go:66:       - protocol                 = "udp" -> null
TestTerraformCompleteExample 2022-03-22T16:59:47Z logger.go:66:       - security_group_id        = "sg-05c945c8db9060585" -> null
TestTerraformCompleteExample 2022-03-22T16:59:47Z logger.go:66:       - self                     = true -> null
TestTerraformCompleteExample 2022-03-22T16:59:47Z logger.go:66:       - source_security_group_id = "sg-05c945c8db9060585" -> null
TestTerraformCompleteExample 2022-03-22T16:59:47Z logger.go:66:       - to_port                  = 53 -> null
TestTerraformCompleteExample 2022-03-22T16:59:47Z logger.go:66:       - type                     = "egress" -> null
TestTerraformCompleteExample 2022-03-22T16:59:47Z logger.go:66:     }
TestTerraformCompleteExample 2022-03-22T16:59:47Z logger.go:66:
TestTerraformCompleteExample 2022-03-22T16:59:47Z logger.go:66:   # module.eks.aws_security_group_rule.node["ingress_cluster_443"] will be destroyed
TestTerraformCompleteExample 2022-03-22T16:59:47Z logger.go:66:   - resource "aws_security_group_rule" "node" {
TestTerraformCompleteExample 2022-03-22T16:59:47Z logger.go:66:       - cidr_blocks              = [] -> null
TestTerraformCompleteExample 2022-03-22T16:59:47Z logger.go:66:       - description              = "Cluster API to node groups" -> null
TestTerraformCompleteExample 2022-03-22T16:59:47Z logger.go:66:       - from_port                = 443 -> null
TestTerraformCompleteExample 2022-03-22T16:59:47Z logger.go:66:       - id                       = "sgrule-3070078806" -> null
TestTerraformCompleteExample 2022-03-22T16:59:47Z logger.go:66:       - ipv6_cidr_blocks         = [] -> null
TestTerraformCompleteExample 2022-03-22T16:59:47Z logger.go:66:       - prefix_list_ids          = [] -> null
TestTerraformCompleteExample 2022-03-22T16:59:47Z logger.go:66:       - protocol                 = "tcp" -> null
TestTerraformCompleteExample 2022-03-22T16:59:47Z logger.go:66:       - security_group_id        = "sg-05c945c8db9060585" -> null
TestTerraformCompleteExample 2022-03-22T16:59:47Z logger.go:66:       - self                     = false -> null
TestTerraformCompleteExample 2022-03-22T16:59:47Z logger.go:66:       - source_security_group_id = "sg-01dcd30a0adb10420" -> null
TestTerraformCompleteExample 2022-03-22T16:59:47Z logger.go:66:       - to_port                  = 443 -> null
TestTerraformCompleteExample 2022-03-22T16:59:47Z logger.go:66:       - type                     = "ingress" -> null
TestTerraformCompleteExample 2022-03-22T16:59:47Z logger.go:66:     }
TestTerraformCompleteExample 2022-03-22T16:59:47Z logger.go:66:
TestTerraformCompleteExample 2022-03-22T16:59:47Z logger.go:66:   # module.eks.aws_security_group_rule.node["ingress_cluster_kubelet"] will be destroyed
TestTerraformCompleteExample 2022-03-22T16:59:47Z logger.go:66:   - resource "aws_security_group_rule" "node" {
TestTerraformCompleteExample 2022-03-22T16:59:47Z logger.go:66:       - cidr_blocks              = [] -> null
TestTerraformCompleteExample 2022-03-22T16:59:47Z logger.go:66:       - description              = "Cluster API to node kubelets" -> null
TestTerraformCompleteExample 2022-03-22T16:59:47Z logger.go:66:       - from_port                = 10250 -> null
TestTerraformCompleteExample 2022-03-22T16:59:47Z logger.go:66:       - id                       = "sgrule-1251120161" -> null
TestTerraformCompleteExample 2022-03-22T16:59:47Z logger.go:66:       - ipv6_cidr_blocks         = [] -> null
TestTerraformCompleteExample 2022-03-22T16:59:47Z logger.go:66:       - prefix_list_ids          = [] -> null
TestTerraformCompleteExample 2022-03-22T16:59:47Z logger.go:66:       - protocol                 = "tcp" -> null
TestTerraformCompleteExample 2022-03-22T16:59:47Z logger.go:66:       - security_group_id        = "sg-05c945c8db9060585" -> null
TestTerraformCompleteExample 2022-03-22T16:59:47Z logger.go:66:       - self                     = false -> null
TestTerraformCompleteExample 2022-03-22T16:59:47Z logger.go:66:       - source_security_group_id = "sg-01dcd30a0adb10420" -> null
TestTerraformCompleteExample 2022-03-22T16:59:47Z logger.go:66:       - to_port                  = 10250 -> null
TestTerraformCompleteExample 2022-03-22T16:59:47Z logger.go:66:       - type                     = "ingress" -> null
TestTerraformCompleteExample 2022-03-22T16:59:47Z logger.go:66:     }
TestTerraformCompleteExample 2022-03-22T16:59:47Z logger.go:66:
TestTerraformCompleteExample 2022-03-22T16:59:47Z logger.go:66:   # module.eks.aws_security_group_rule.node["ingress_self_coredns_tcp"] will be destroyed
TestTerraformCompleteExample 2022-03-22T16:59:47Z logger.go:66:   - resource "aws_security_group_rule" "node" {
TestTerraformCompleteExample 2022-03-22T16:59:47Z logger.go:66:       - cidr_blocks              = [] -> null
TestTerraformCompleteExample 2022-03-22T16:59:47Z logger.go:66:       - description              = "Node to node CoreDNS" -> null
TestTerraformCompleteExample 2022-03-22T16:59:47Z logger.go:66:       - from_port                = 53 -> null
TestTerraformCompleteExample 2022-03-22T16:59:47Z logger.go:66:       - id                       = "sgrule-968656662" -> null
TestTerraformCompleteExample 2022-03-22T16:59:47Z logger.go:66:       - ipv6_cidr_blocks         = [] -> null
TestTerraformCompleteExample 2022-03-22T16:59:47Z logger.go:66:       - prefix_list_ids          = [] -> null
TestTerraformCompleteExample 2022-03-22T16:59:47Z logger.go:66:       - protocol                 = "tcp" -> null
TestTerraformCompleteExample 2022-03-22T16:59:47Z logger.go:66:       - security_group_id        = "sg-05c945c8db9060585" -> null
TestTerraformCompleteExample 2022-03-22T16:59:47Z logger.go:66:       - self                     = true -> null
TestTerraformCompleteExample 2022-03-22T16:59:47Z logger.go:66:       - source_security_group_id = "sg-05c945c8db9060585" -> null
TestTerraformCompleteExample 2022-03-22T16:59:47Z logger.go:66:       - to_port                  = 53 -> null
TestTerraformCompleteExample 2022-03-22T16:59:47Z logger.go:66:       - type                     = "ingress" -> null
TestTerraformCompleteExample 2022-03-22T16:59:47Z logger.go:66:     }
TestTerraformCompleteExample 2022-03-22T16:59:47Z logger.go:66:
TestTerraformCompleteExample 2022-03-22T16:59:47Z logger.go:66:   # module.eks.aws_security_group_rule.node["ingress_self_coredns_udp"] will be destroyed
TestTerraformCompleteExample 2022-03-22T16:59:47Z logger.go:66:   - resource "aws_security_group_rule" "node" {
TestTerraformCompleteExample 2022-03-22T16:59:47Z logger.go:66:       - cidr_blocks              = [] -> null
TestTerraformCompleteExample 2022-03-22T16:59:47Z logger.go:66:       - description              = "Node to node CoreDNS" -> null
TestTerraformCompleteExample 2022-03-22T16:59:47Z logger.go:66:       - from_port                = 53 -> null
TestTerraformCompleteExample 2022-03-22T16:59:47Z logger.go:66:       - id                       = "sgrule-2648909049" -> null
TestTerraformCompleteExample 2022-03-22T16:59:47Z logger.go:66:       - ipv6_cidr_blocks         = [] -> null
TestTerraformCompleteExample 2022-03-22T16:59:47Z logger.go:66:       - prefix_list_ids          = [] -> null
TestTerraformCompleteExample 2022-03-22T16:59:47Z logger.go:66:       - protocol                 = "udp" -> null
TestTerraformCompleteExample 2022-03-22T16:59:47Z logger.go:66:       - security_group_id        = "sg-05c945c8db9060585" -> null
TestTerraformCompleteExample 2022-03-22T16:59:47Z logger.go:66:       - self                     = true -> null
TestTerraformCompleteExample 2022-03-22T16:59:47Z logger.go:66:       - source_security_group_id = "sg-05c945c8db9060585" -> null
TestTerraformCompleteExample 2022-03-22T16:59:47Z logger.go:66:       - to_port                  = 53 -> null
TestTerraformCompleteExample 2022-03-22T16:59:47Z logger.go:66:       - type                     = "ingress" -> null
TestTerraformCompleteExample 2022-03-22T16:59:47Z logger.go:66:     }
TestTerraformCompleteExample 2022-03-22T16:59:47Z logger.go:66:
TestTerraformCompleteExample 2022-03-22T16:59:47Z logger.go:66:   # module.eks_auth.kubernetes_config_map_v1.aws_auth[0] will be destroyed
TestTerraformCompleteExample 2022-03-22T16:59:47Z logger.go:66:   - resource "kubernetes_config_map_v1" "aws_auth" {
TestTerraformCompleteExample 2022-03-22T16:59:47Z logger.go:66:       - binary_data = {} -> null
TestTerraformCompleteExample 2022-03-22T16:59:47Z logger.go:66:       - data        = {
TestTerraformCompleteExample 2022-03-22T16:59:47Z logger.go:66:           - "mapAccounts" = <<-EOT
TestTerraformCompleteExample 2022-03-22T16:59:47Z logger.go:66:                 - "777777777777"
TestTerraformCompleteExample 2022-03-22T16:59:47Z logger.go:66:                 - "888888888888"
TestTerraformCompleteExample 2022-03-22T16:59:47Z logger.go:66:             EOT
TestTerraformCompleteExample 2022-03-22T16:59:47Z logger.go:66:           - "mapRoles"    = <<-EOT
TestTerraformCompleteExample 2022-03-22T16:59:47Z logger.go:66:                 - "groups":
TestTerraformCompleteExample 2022-03-22T16:59:47Z logger.go:66:                   - "system:bootstrappers"
TestTerraformCompleteExample 2022-03-22T16:59:47Z logger.go:66:                   - "system:nodes"
TestTerraformCompleteExample 2022-03-22T16:59:47Z logger.go:66:                   "rolearn": "arn:aws:iam::11111111111:role/foo-eks-node-group-20220322164526193400000004"
TestTerraformCompleteExample 2022-03-22T16:59:47Z logger.go:66:                   "username": "system:node:{{EC2PrivateDNSName}}"
TestTerraformCompleteExample 2022-03-22T16:59:47Z logger.go:66:                 - "groups":
TestTerraformCompleteExample 2022-03-22T16:59:47Z logger.go:66:                   - "system:bootstrappers"
TestTerraformCompleteExample 2022-03-22T16:59:47Z logger.go:66:                   - "system:nodes"
TestTerraformCompleteExample 2022-03-22T16:59:47Z logger.go:66:                   "rolearn": "arn:aws:iam::11111111111:role/boo-node-group-20220322164526180300000002"
TestTerraformCompleteExample 2022-03-22T16:59:47Z logger.go:66:                   "username": "system:node:{{EC2PrivateDNSName}}"
TestTerraformCompleteExample 2022-03-22T16:59:47Z logger.go:66:                 - "groups":
TestTerraformCompleteExample 2022-03-22T16:59:47Z logger.go:66:                   - "system:bootstrappers"
TestTerraformCompleteExample 2022-03-22T16:59:47Z logger.go:66:                   - "system:nodes"
TestTerraformCompleteExample 2022-03-22T16:59:47Z logger.go:66:                   - "system:node-proxier"
TestTerraformCompleteExample 2022-03-22T16:59:47Z logger.go:66:                   "rolearn": "arn:aws:iam::11111111111:role/bar-20220322164526193400000003"
TestTerraformCompleteExample 2022-03-22T16:59:47Z logger.go:66:                   "username": "system:node:{{SessionName}}"
TestTerraformCompleteExample 2022-03-22T16:59:47Z logger.go:66:                 - "groups":
TestTerraformCompleteExample 2022-03-22T16:59:47Z logger.go:66:                   - "system:masters"
TestTerraformCompleteExample 2022-03-22T16:59:47Z logger.go:66:                   "rolearn": "arn:aws:iam::66666666666:role/role1"
TestTerraformCompleteExample 2022-03-22T16:59:47Z logger.go:66:                   "username": "role1"
TestTerraformCompleteExample 2022-03-22T16:59:47Z logger.go:66:             EOT
TestTerraformCompleteExample 2022-03-22T16:59:47Z logger.go:66:           - "mapUsers"    = <<-EOT
TestTerraformCompleteExample 2022-03-22T16:59:47Z logger.go:66:                 - "groups":
TestTerraformCompleteExample 2022-03-22T16:59:47Z logger.go:66:                   - "system:masters"
TestTerraformCompleteExample 2022-03-22T16:59:47Z logger.go:66:                   "userarn": "arn:aws:iam::66666666666:user/user1"
TestTerraformCompleteExample 2022-03-22T16:59:47Z logger.go:66:                   "username": "user1"
TestTerraformCompleteExample 2022-03-22T16:59:47Z logger.go:66:                 - "groups":
TestTerraformCompleteExample 2022-03-22T16:59:47Z logger.go:66:                   - "system:masters"
TestTerraformCompleteExample 2022-03-22T16:59:47Z logger.go:66:                   "userarn": "arn:aws:iam::66666666666:user/user2"
TestTerraformCompleteExample 2022-03-22T16:59:47Z logger.go:66:                   "username": "user2"
TestTerraformCompleteExample 2022-03-22T16:59:47Z logger.go:66:             EOT
TestTerraformCompleteExample 2022-03-22T16:59:47Z logger.go:66:         } -> null
TestTerraformCompleteExample 2022-03-22T16:59:47Z logger.go:66:       - id          = "kube-system/aws-auth" -> null
TestTerraformCompleteExample 2022-03-22T16:59:47Z logger.go:66:
TestTerraformCompleteExample 2022-03-22T16:59:47Z logger.go:66:       - metadata {
TestTerraformCompleteExample 2022-03-22T16:59:47Z logger.go:66:           - annotations      = {} -> null
TestTerraformCompleteExample 2022-03-22T16:59:47Z logger.go:66:           - generation       = 0 -> null
TestTerraformCompleteExample 2022-03-22T16:59:47Z logger.go:66:           - labels           = {
TestTerraformCompleteExample 2022-03-22T16:59:47Z logger.go:66:               - "app.kubernetes.io/managed-by" = "Terraform"
TestTerraformCompleteExample 2022-03-22T16:59:47Z logger.go:66:               - "terraform.io/module"          = "terraform-aws-modules.eks-auth.aws"
TestTerraformCompleteExample 2022-03-22T16:59:47Z logger.go:66:             } -> null
TestTerraformCompleteExample 2022-03-22T16:59:47Z logger.go:66:           - name             = "aws-auth" -> null
TestTerraformCompleteExample 2022-03-22T16:59:47Z logger.go:66:           - namespace        = "kube-system" -> null
TestTerraformCompleteExample 2022-03-22T16:59:47Z logger.go:66:           - resource_version = "1299" -> null
TestTerraformCompleteExample 2022-03-22T16:59:47Z logger.go:66:           - uid              = "f87e5ca1-cc35-4cb5-ab83-b89655e3cdf0" -> null
TestTerraformCompleteExample 2022-03-22T16:59:47Z logger.go:66:         }
TestTerraformCompleteExample 2022-03-22T16:59:47Z logger.go:66:     }
TestTerraformCompleteExample 2022-03-22T16:59:47Z logger.go:66:
TestTerraformCompleteExample 2022-03-22T16:59:47Z logger.go:66:   # module.eks_auth.kubernetes_job_v1.aws_auth[0] will be destroyed
TestTerraformCompleteExample 2022-03-22T16:59:47Z logger.go:66:   - resource "kubernetes_job_v1" "aws_auth" {
TestTerraformCompleteExample 2022-03-22T16:59:47Z logger.go:66:       - id                  = "kube-system/terraform-eks-auth-aws" -> null
TestTerraformCompleteExample 2022-03-22T16:59:47Z logger.go:66:       - wait_for_completion = true -> null
TestTerraformCompleteExample 2022-03-22T16:59:47Z logger.go:66:
TestTerraformCompleteExample 2022-03-22T16:59:47Z logger.go:66:       - metadata {
TestTerraformCompleteExample 2022-03-22T16:59:47Z logger.go:66:           - annotations      = {} -> null
TestTerraformCompleteExample 2022-03-22T16:59:47Z logger.go:66:           - generation       = 0 -> null
TestTerraformCompleteExample 2022-03-22T16:59:47Z logger.go:66:           - labels           = {
TestTerraformCompleteExample 2022-03-22T16:59:47Z logger.go:66:               - "app.kubernetes.io/managed-by" = "Terraform"
TestTerraformCompleteExample 2022-03-22T16:59:47Z logger.go:66:               - "terraform.io/module"          = "terraform-aws-modules.eks-auth.aws"
TestTerraformCompleteExample 2022-03-22T16:59:47Z logger.go:66:             } -> null
TestTerraformCompleteExample 2022-03-22T16:59:47Z logger.go:66:           - name             = "terraform-eks-auth-aws" -> null
TestTerraformCompleteExample 2022-03-22T16:59:47Z logger.go:66:           - namespace        = "kube-system" -> null
TestTerraformCompleteExample 2022-03-22T16:59:47Z logger.go:66:           - resource_version = "1298" -> null
TestTerraformCompleteExample 2022-03-22T16:59:47Z logger.go:66:           - uid              = "9cee2e26-adaf-49cc-b8b9-1cc254ef0de8" -> null
TestTerraformCompleteExample 2022-03-22T16:59:47Z logger.go:66:         }
TestTerraformCompleteExample 2022-03-22T16:59:47Z logger.go:66:
TestTerraformCompleteExample 2022-03-22T16:59:47Z logger.go:66:       - spec {
TestTerraformCompleteExample 2022-03-22T16:59:47Z logger.go:66:           - active_deadline_seconds = 0 -> null
TestTerraformCompleteExample 2022-03-22T16:59:47Z logger.go:66:           - backoff_limit           = 0 -> null
TestTerraformCompleteExample 2022-03-22T16:59:47Z logger.go:66:           - completions             = 1 -> null
TestTerraformCompleteExample 2022-03-22T16:59:47Z logger.go:66:           - manual_selector         = false -> null
TestTerraformCompleteExample 2022-03-22T16:59:47Z logger.go:66:           - parallelism             = 1 -> null
TestTerraformCompleteExample 2022-03-22T16:59:47Z logger.go:66:
TestTerraformCompleteExample 2022-03-22T16:59:47Z logger.go:66:           - selector {
TestTerraformCompleteExample 2022-03-22T16:59:47Z logger.go:66:             }
TestTerraformCompleteExample 2022-03-22T16:59:47Z logger.go:66:
TestTerraformCompleteExample 2022-03-22T16:59:47Z logger.go:66:           - template {
TestTerraformCompleteExample 2022-03-22T16:59:47Z logger.go:66:               - metadata {
TestTerraformCompleteExample 2022-03-22T16:59:47Z logger.go:66:                   - annotations = {} -> null
TestTerraformCompleteExample 2022-03-22T16:59:47Z logger.go:66:                   - generation  = 0 -> null
TestTerraformCompleteExample 2022-03-22T16:59:47Z logger.go:66:                   - labels      = {} -> null
TestTerraformCompleteExample 2022-03-22T16:59:47Z logger.go:66:                 }
TestTerraformCompleteExample 2022-03-22T16:59:47Z logger.go:66:
TestTerraformCompleteExample 2022-03-22T16:59:47Z logger.go:66:               - spec {
TestTerraformCompleteExample 2022-03-22T16:59:47Z logger.go:66:                   - active_deadline_seconds          = 0 -> null
TestTerraformCompleteExample 2022-03-22T16:59:47Z logger.go:66:                   - automount_service_account_token  = true -> null
TestTerraformCompleteExample 2022-03-22T16:59:47Z logger.go:66:                   - dns_policy                       = "ClusterFirst" -> null
TestTerraformCompleteExample 2022-03-22T16:59:47Z logger.go:66:                   - enable_service_links             = true -> null
TestTerraformCompleteExample 2022-03-22T16:59:47Z logger.go:66:                   - host_ipc                         = false -> null
TestTerraformCompleteExample 2022-03-22T16:59:47Z logger.go:66:                   - host_network                     = false -> null
TestTerraformCompleteExample 2022-03-22T16:59:47Z logger.go:66:                   - host_pid                         = false -> null
TestTerraformCompleteExample 2022-03-22T16:59:47Z logger.go:66:                   - node_selector                    = {} -> null
TestTerraformCompleteExample 2022-03-22T16:59:47Z logger.go:66:                   - restart_policy                   = "Never" -> null
TestTerraformCompleteExample 2022-03-22T16:59:47Z logger.go:66:                   - service_account_name             = "terraform-eks-auth-aws" -> null
TestTerraformCompleteExample 2022-03-22T16:59:47Z logger.go:66:                   - share_process_namespace          = false -> null
TestTerraformCompleteExample 2022-03-22T16:59:47Z logger.go:66:                   - termination_grace_period_seconds = 30 -> null
TestTerraformCompleteExample 2022-03-22T16:59:47Z logger.go:66:
TestTerraformCompleteExample 2022-03-22T16:59:47Z logger.go:66:                   - container {
TestTerraformCompleteExample 2022-03-22T16:59:47Z logger.go:66:                       - args                       = [] -> null
TestTerraformCompleteExample 2022-03-22T16:59:47Z logger.go:66:                       - command                    = [
TestTerraformCompleteExample 2022-03-22T16:59:47Z logger.go:66:                           - "/bin/sh",
TestTerraformCompleteExample 2022-03-22T16:59:47Z logger.go:66:                           - "-c",
TestTerraformCompleteExample 2022-03-22T16:59:47Z logger.go:66:                           - "kubectl delete configmap/aws-auth -n kube-system",
TestTerraformCompleteExample 2022-03-22T16:59:47Z logger.go:66:                         ] -> null
TestTerraformCompleteExample 2022-03-22T16:59:47Z logger.go:66:                       - image                      = "bitnami/kubectl:1.21" -> null
TestTerraformCompleteExample 2022-03-22T16:59:47Z logger.go:66:                       - image_pull_policy          = "IfNotPresent" -> null
TestTerraformCompleteExample 2022-03-22T16:59:47Z logger.go:66:                       - name                       = "terraform-eks-auth-aws" -> null
TestTerraformCompleteExample 2022-03-22T16:59:47Z logger.go:66:                       - stdin                      = false -> null
TestTerraformCompleteExample 2022-03-22T16:59:47Z logger.go:66:                       - stdin_once                 = false -> null
TestTerraformCompleteExample 2022-03-22T16:59:47Z logger.go:66:                       - termination_message_path   = "/dev/termination-log" -> null
TestTerraformCompleteExample 2022-03-22T16:59:47Z logger.go:66:                       - termination_message_policy = "File" -> null
TestTerraformCompleteExample 2022-03-22T16:59:47Z logger.go:66:                       - tty                        = false -> null
TestTerraformCompleteExample 2022-03-22T16:59:47Z logger.go:66:
TestTerraformCompleteExample 2022-03-22T16:59:47Z logger.go:66:                       - resources {}
TestTerraformCompleteExample 2022-03-22T16:59:47Z logger.go:66:                     }
TestTerraformCompleteExample 2022-03-22T16:59:47Z logger.go:66:                 }
TestTerraformCompleteExample 2022-03-22T16:59:47Z logger.go:66:             }
TestTerraformCompleteExample 2022-03-22T16:59:47Z logger.go:66:         }
TestTerraformCompleteExample 2022-03-22T16:59:47Z logger.go:66:
TestTerraformCompleteExample 2022-03-22T16:59:47Z logger.go:66:       - timeouts {
TestTerraformCompleteExample 2022-03-22T16:59:47Z logger.go:66:           - create = "10m" -> null
TestTerraformCompleteExample 2022-03-22T16:59:47Z logger.go:66:           - update = "10m" -> null
TestTerraformCompleteExample 2022-03-22T16:59:47Z logger.go:66:         }
TestTerraformCompleteExample 2022-03-22T16:59:47Z logger.go:66:     }
TestTerraformCompleteExample 2022-03-22T16:59:47Z logger.go:66:
TestTerraformCompleteExample 2022-03-22T16:59:47Z logger.go:66:   # module.eks_auth.kubernetes_role_binding_v1.aws_auth will be destroyed
TestTerraformCompleteExample 2022-03-22T16:59:47Z logger.go:66:   - resource "kubernetes_role_binding_v1" "aws_auth" {
TestTerraformCompleteExample 2022-03-22T16:59:47Z logger.go:66:       - id = "kube-system/terraform-eks-auth-aws" -> null
TestTerraformCompleteExample 2022-03-22T16:59:47Z logger.go:66:
TestTerraformCompleteExample 2022-03-22T16:59:47Z logger.go:66:       - metadata {
TestTerraformCompleteExample 2022-03-22T16:59:47Z logger.go:66:           - annotations      = {} -> null
TestTerraformCompleteExample 2022-03-22T16:59:47Z logger.go:66:           - generation       = 0 -> null
TestTerraformCompleteExample 2022-03-22T16:59:47Z logger.go:66:           - labels           = {
TestTerraformCompleteExample 2022-03-22T16:59:47Z logger.go:66:               - "app.kubernetes.io/managed-by" = "Terraform"
TestTerraformCompleteExample 2022-03-22T16:59:47Z logger.go:66:               - "terraform.io/module"          = "terraform-aws-modules.eks-auth.aws"
TestTerraformCompleteExample 2022-03-22T16:59:47Z logger.go:66:             } -> null
TestTerraformCompleteExample 2022-03-22T16:59:47Z logger.go:66:           - name             = "terraform-eks-auth-aws" -> null
TestTerraformCompleteExample 2022-03-22T16:59:47Z logger.go:66:           - namespace        = "kube-system" -> null
TestTerraformCompleteExample 2022-03-22T16:59:47Z logger.go:66:           - resource_version = "783" -> null
TestTerraformCompleteExample 2022-03-22T16:59:47Z logger.go:66:           - uid              = "f46f177a-7e8f-439e-8b21-dc0d65d1b273" -> null
TestTerraformCompleteExample 2022-03-22T16:59:47Z logger.go:66:         }
TestTerraformCompleteExample 2022-03-22T16:59:47Z logger.go:66:
TestTerraformCompleteExample 2022-03-22T16:59:47Z logger.go:66:       - role_ref {
TestTerraformCompleteExample 2022-03-22T16:59:47Z logger.go:66:           - api_group = "rbac.authorization.k8s.io" -> null
TestTerraformCompleteExample 2022-03-22T16:59:47Z logger.go:66:           - kind      = "Role" -> null
TestTerraformCompleteExample 2022-03-22T16:59:47Z logger.go:66:           - name      = "terraform-eks-auth-aws" -> null
TestTerraformCompleteExample 2022-03-22T16:59:47Z logger.go:66:         }
TestTerraformCompleteExample 2022-03-22T16:59:47Z logger.go:66:
TestTerraformCompleteExample 2022-03-22T16:59:47Z logger.go:66:       - subject {
TestTerraformCompleteExample 2022-03-22T16:59:47Z logger.go:66:           - kind      = "ServiceAccount" -> null
TestTerraformCompleteExample 2022-03-22T16:59:47Z logger.go:66:           - name      = "terraform-eks-auth-aws" -> null
TestTerraformCompleteExample 2022-03-22T16:59:47Z logger.go:66:           - namespace = "kube-system" -> null
TestTerraformCompleteExample 2022-03-22T16:59:47Z logger.go:66:         }
TestTerraformCompleteExample 2022-03-22T16:59:47Z logger.go:66:     }
TestTerraformCompleteExample 2022-03-22T16:59:47Z logger.go:66:
TestTerraformCompleteExample 2022-03-22T16:59:47Z logger.go:66:   # module.eks_auth.kubernetes_role_v1.aws_auth will be destroyed
TestTerraformCompleteExample 2022-03-22T16:59:47Z logger.go:66:   - resource "kubernetes_role_v1" "aws_auth" {
TestTerraformCompleteExample 2022-03-22T16:59:47Z logger.go:66:       - id = "kube-system/terraform-eks-auth-aws" -> null
TestTerraformCompleteExample 2022-03-22T16:59:47Z logger.go:66:
TestTerraformCompleteExample 2022-03-22T16:59:47Z logger.go:66:       - metadata {
TestTerraformCompleteExample 2022-03-22T16:59:47Z logger.go:66:           - annotations      = {} -> null
TestTerraformCompleteExample 2022-03-22T16:59:47Z logger.go:66:           - generation       = 0 -> null
TestTerraformCompleteExample 2022-03-22T16:59:47Z logger.go:66:           - labels           = {
TestTerraformCompleteExample 2022-03-22T16:59:47Z logger.go:66:               - "app.kubernetes.io/managed-by" = "Terraform"
TestTerraformCompleteExample 2022-03-22T16:59:47Z logger.go:66:               - "terraform.io/module"          = "terraform-aws-modules.eks-auth.aws"
TestTerraformCompleteExample 2022-03-22T16:59:47Z logger.go:66:             } -> null
TestTerraformCompleteExample 2022-03-22T16:59:47Z logger.go:66:           - name             = "terraform-eks-auth-aws" -> null
TestTerraformCompleteExample 2022-03-22T16:59:47Z logger.go:66:           - namespace        = "kube-system" -> null
TestTerraformCompleteExample 2022-03-22T16:59:47Z logger.go:66:           - resource_version = "779" -> null
TestTerraformCompleteExample 2022-03-22T16:59:47Z logger.go:66:           - uid              = "1a843982-5616-46ab-aad3-4d0c51668c43" -> null
TestTerraformCompleteExample 2022-03-22T16:59:47Z logger.go:66:         }
TestTerraformCompleteExample 2022-03-22T16:59:47Z logger.go:66:
TestTerraformCompleteExample 2022-03-22T16:59:47Z logger.go:66:       - rule {
TestTerraformCompleteExample 2022-03-22T16:59:47Z logger.go:66:           - api_groups     = [
TestTerraformCompleteExample 2022-03-22T16:59:47Z logger.go:66:               - "",
TestTerraformCompleteExample 2022-03-22T16:59:47Z logger.go:66:             ] -> null
TestTerraformCompleteExample 2022-03-22T16:59:47Z logger.go:66:           - resource_names = [
TestTerraformCompleteExample 2022-03-22T16:59:47Z logger.go:66:               - "aws-auth",
TestTerraformCompleteExample 2022-03-22T16:59:47Z logger.go:66:             ] -> null
TestTerraformCompleteExample 2022-03-22T16:59:47Z logger.go:66:           - resources      = [
TestTerraformCompleteExample 2022-03-22T16:59:47Z logger.go:66:               - "configmaps",
TestTerraformCompleteExample 2022-03-22T16:59:47Z logger.go:66:             ] -> null
TestTerraformCompleteExample 2022-03-22T16:59:47Z logger.go:66:           - verbs          = [
TestTerraformCompleteExample 2022-03-22T16:59:47Z logger.go:66:               - "delete",
TestTerraformCompleteExample 2022-03-22T16:59:47Z logger.go:66:               - "get",
TestTerraformCompleteExample 2022-03-22T16:59:47Z logger.go:66:               - "patch",
TestTerraformCompleteExample 2022-03-22T16:59:47Z logger.go:66:             ] -> null
TestTerraformCompleteExample 2022-03-22T16:59:47Z logger.go:66:         }
TestTerraformCompleteExample 2022-03-22T16:59:47Z logger.go:66:     }
TestTerraformCompleteExample 2022-03-22T16:59:47Z logger.go:66:
TestTerraformCompleteExample 2022-03-22T16:59:47Z logger.go:66:   # module.eks_auth.kubernetes_service_account_v1.aws_auth will be destroyed
TestTerraformCompleteExample 2022-03-22T16:59:47Z logger.go:66:   - resource "kubernetes_service_account_v1" "aws_auth" {
TestTerraformCompleteExample 2022-03-22T16:59:47Z logger.go:66:       - automount_service_account_token = true -> null
TestTerraformCompleteExample 2022-03-22T16:59:47Z logger.go:66:       - default_secret_name             = "terraform-eks-auth-aws-token-nqjkm" -> null
TestTerraformCompleteExample 2022-03-22T16:59:47Z logger.go:66:       - id                              = "kube-system/terraform-eks-auth-aws" -> null
TestTerraformCompleteExample 2022-03-22T16:59:47Z logger.go:66:
TestTerraformCompleteExample 2022-03-22T16:59:47Z logger.go:66:       - metadata {
TestTerraformCompleteExample 2022-03-22T16:59:47Z logger.go:66:           - annotations      = {} -> null
TestTerraformCompleteExample 2022-03-22T16:59:47Z logger.go:66:           - generation       = 0 -> null
TestTerraformCompleteExample 2022-03-22T16:59:47Z logger.go:66:           - labels           = {
TestTerraformCompleteExample 2022-03-22T16:59:47Z logger.go:66:               - "app.kubernetes.io/managed-by" = "Terraform"
TestTerraformCompleteExample 2022-03-22T16:59:47Z logger.go:66:               - "terraform.io/module"          = "terraform-aws-modules.eks-auth.aws"
TestTerraformCompleteExample 2022-03-22T16:59:47Z logger.go:66:             } -> null
TestTerraformCompleteExample 2022-03-22T16:59:47Z logger.go:66:           - name             = "terraform-eks-auth-aws" -> null
TestTerraformCompleteExample 2022-03-22T16:59:47Z logger.go:66:           - namespace        = "kube-system" -> null
TestTerraformCompleteExample 2022-03-22T16:59:47Z logger.go:66:           - resource_version = "782" -> null
TestTerraformCompleteExample 2022-03-22T16:59:47Z logger.go:66:           - uid              = "1120aee4-77b1-4ad5-be60-21a307fc6a27" -> null
TestTerraformCompleteExample 2022-03-22T16:59:47Z logger.go:66:         }
TestTerraformCompleteExample 2022-03-22T16:59:47Z logger.go:66:     }
TestTerraformCompleteExample 2022-03-22T16:59:47Z logger.go:66:
TestTerraformCompleteExample 2022-03-22T16:59:47Z logger.go:66:   # module.vpc.aws_eip.nat[0] will be destroyed
TestTerraformCompleteExample 2022-03-22T16:59:47Z logger.go:66:   - resource "aws_eip" "nat" {
TestTerraformCompleteExample 2022-03-22T16:59:47Z logger.go:66:       - allocation_id        = "eipalloc-0e7ddf98e67ae82f9" -> null
TestTerraformCompleteExample 2022-03-22T16:59:47Z logger.go:66:       - association_id       = "eipassoc-01007678223983043" -> null
TestTerraformCompleteExample 2022-03-22T16:59:47Z logger.go:66:       - domain               = "vpc" -> null
TestTerraformCompleteExample 2022-03-22T16:59:47Z logger.go:66:       - id                   = "eipalloc-0e7ddf98e67ae82f9" -> null
TestTerraformCompleteExample 2022-03-22T16:59:47Z logger.go:66:       - network_border_group = "us-west-2" -> null
TestTerraformCompleteExample 2022-03-22T16:59:47Z logger.go:66:       - network_interface    = "eni-02e7beff800ac3e56" -> null
TestTerraformCompleteExample 2022-03-22T16:59:47Z logger.go:66:       - private_dns          = "ip-10-0-4-84.us-west-2.compute.internal" -> null
TestTerraformCompleteExample 2022-03-22T16:59:47Z logger.go:66:       - private_ip           = "10.0.4.84" -> null
TestTerraformCompleteExample 2022-03-22T16:59:47Z logger.go:66:       - public_dns           = "ec2-35-85-243-231.us-west-2.compute.amazonaws.com" -> null
TestTerraformCompleteExample 2022-03-22T16:59:47Z logger.go:66:       - public_ip            = "35.85.243.231" -> null
TestTerraformCompleteExample 2022-03-22T16:59:47Z logger.go:66:       - public_ipv4_pool     = "amazon" -> null
TestTerraformCompleteExample 2022-03-22T16:59:47Z logger.go:66:       - tags                 = {
TestTerraformCompleteExample 2022-03-22T16:59:47Z logger.go:66:           - "Name" = "ex-complete-us-west-2a"
TestTerraformCompleteExample 2022-03-22T16:59:47Z logger.go:66:         } -> null
TestTerraformCompleteExample 2022-03-22T16:59:47Z logger.go:66:       - tags_all             = {
TestTerraformCompleteExample 2022-03-22T16:59:47Z logger.go:66:           - "Example"    = "ex-complete"
TestTerraformCompleteExample 2022-03-22T16:59:47Z logger.go:66:           - "GithubOrg"  = "aidan-melen"
TestTerraformCompleteExample 2022-03-22T16:59:47Z logger.go:66:           - "GithubRepo" = "terraform-aws-eks-auth"
TestTerraformCompleteExample 2022-03-22T16:59:47Z logger.go:66:           - "Name"       = "ex-complete-us-west-2a"
TestTerraformCompleteExample 2022-03-22T16:59:47Z logger.go:66:         } -> null
TestTerraformCompleteExample 2022-03-22T16:59:47Z logger.go:66:       - vpc                  = true -> null
TestTerraformCompleteExample 2022-03-22T16:59:47Z logger.go:66:     }
TestTerraformCompleteExample 2022-03-22T16:59:47Z logger.go:66:
TestTerraformCompleteExample 2022-03-22T16:59:47Z logger.go:66:   # module.vpc.aws_internet_gateway.this[0] will be destroyed
TestTerraformCompleteExample 2022-03-22T16:59:47Z logger.go:66:   - resource "aws_internet_gateway" "this" {
TestTerraformCompleteExample 2022-03-22T16:59:47Z logger.go:66:       - arn      = "arn:aws:ec2:us-west-2:11111111111:internet-gateway/igw-0113d2cf92ef1a256" -> null
TestTerraformCompleteExample 2022-03-22T16:59:47Z logger.go:66:       - id       = "igw-0113d2cf92ef1a256" -> null
TestTerraformCompleteExample 2022-03-22T16:59:47Z logger.go:66:       - owner_id = "11111111111" -> null
TestTerraformCompleteExample 2022-03-22T16:59:47Z logger.go:66:       - tags     = {
TestTerraformCompleteExample 2022-03-22T16:59:47Z logger.go:66:           - "Name" = "ex-complete"
TestTerraformCompleteExample 2022-03-22T16:59:47Z logger.go:66:         } -> null
TestTerraformCompleteExample 2022-03-22T16:59:47Z logger.go:66:       - tags_all = {
TestTerraformCompleteExample 2022-03-22T16:59:47Z logger.go:66:           - "Example"    = "ex-complete"
TestTerraformCompleteExample 2022-03-22T16:59:47Z logger.go:66:           - "GithubOrg"  = "aidan-melen"
TestTerraformCompleteExample 2022-03-22T16:59:47Z logger.go:66:           - "GithubRepo" = "terraform-aws-eks-auth"
TestTerraformCompleteExample 2022-03-22T16:59:47Z logger.go:66:           - "Name"       = "ex-complete"
TestTerraformCompleteExample 2022-03-22T16:59:47Z logger.go:66:         } -> null
TestTerraformCompleteExample 2022-03-22T16:59:47Z logger.go:66:       - vpc_id   = "vpc-095ec8e5b71fefea7" -> null
TestTerraformCompleteExample 2022-03-22T16:59:47Z logger.go:66:     }
TestTerraformCompleteExample 2022-03-22T16:59:47Z logger.go:66:
TestTerraformCompleteExample 2022-03-22T16:59:47Z logger.go:66:   # module.vpc.aws_nat_gateway.this[0] will be destroyed
TestTerraformCompleteExample 2022-03-22T16:59:47Z logger.go:66:   - resource "aws_nat_gateway" "this" {
TestTerraformCompleteExample 2022-03-22T16:59:47Z logger.go:66:       - allocation_id        = "eipalloc-0e7ddf98e67ae82f9" -> null
TestTerraformCompleteExample 2022-03-22T16:59:47Z logger.go:66:       - connectivity_type    = "public" -> null
TestTerraformCompleteExample 2022-03-22T16:59:47Z logger.go:66:       - id                   = "nat-0707715ce9ae217a8" -> null
TestTerraformCompleteExample 2022-03-22T16:59:47Z logger.go:66:       - network_interface_id = "eni-02e7beff800ac3e56" -> null
TestTerraformCompleteExample 2022-03-22T16:59:47Z logger.go:66:       - private_ip           = "10.0.4.84" -> null
TestTerraformCompleteExample 2022-03-22T16:59:47Z logger.go:66:       - public_ip            = "35.85.243.231" -> null
TestTerraformCompleteExample 2022-03-22T16:59:47Z logger.go:66:       - subnet_id            = "subnet-0c7c7ab482c4e0626" -> null
TestTerraformCompleteExample 2022-03-22T16:59:47Z logger.go:66:       - tags                 = {
TestTerraformCompleteExample 2022-03-22T16:59:47Z logger.go:66:           - "Name" = "ex-complete-us-west-2a"
TestTerraformCompleteExample 2022-03-22T16:59:47Z logger.go:66:         } -> null
TestTerraformCompleteExample 2022-03-22T16:59:47Z logger.go:66:       - tags_all             = {
TestTerraformCompleteExample 2022-03-22T16:59:47Z logger.go:66:           - "Example"    = "ex-complete"
TestTerraformCompleteExample 2022-03-22T16:59:47Z logger.go:66:           - "GithubOrg"  = "aidan-melen"
TestTerraformCompleteExample 2022-03-22T16:59:47Z logger.go:66:           - "GithubRepo" = "terraform-aws-eks-auth"
TestTerraformCompleteExample 2022-03-22T16:59:47Z logger.go:66:           - "Name"       = "ex-complete-us-west-2a"
TestTerraformCompleteExample 2022-03-22T16:59:47Z logger.go:66:         } -> null
TestTerraformCompleteExample 2022-03-22T16:59:47Z logger.go:66:     }
TestTerraformCompleteExample 2022-03-22T16:59:47Z logger.go:66:
TestTerraformCompleteExample 2022-03-22T16:59:47Z logger.go:66:   # module.vpc.aws_route.private_nat_gateway[0] will be destroyed
TestTerraformCompleteExample 2022-03-22T16:59:47Z logger.go:66:   - resource "aws_route" "private_nat_gateway" {
TestTerraformCompleteExample 2022-03-22T16:59:47Z logger.go:66:       - destination_cidr_block = "0.0.0.0/0" -> null
TestTerraformCompleteExample 2022-03-22T16:59:47Z logger.go:66:       - id                     = "r-rtb-0d02292148e6f87a81080289494" -> null
TestTerraformCompleteExample 2022-03-22T16:59:47Z logger.go:66:       - nat_gateway_id         = "nat-0707715ce9ae217a8" -> null
TestTerraformCompleteExample 2022-03-22T16:59:47Z logger.go:66:       - origin                 = "CreateRoute" -> null
TestTerraformCompleteExample 2022-03-22T16:59:47Z logger.go:66:       - route_table_id         = "rtb-0d02292148e6f87a8" -> null
TestTerraformCompleteExample 2022-03-22T16:59:47Z logger.go:66:       - state                  = "active" -> null
TestTerraformCompleteExample 2022-03-22T16:59:47Z logger.go:66:
TestTerraformCompleteExample 2022-03-22T16:59:47Z logger.go:66:       - timeouts {
TestTerraformCompleteExample 2022-03-22T16:59:47Z logger.go:66:           - create = "5m" -> null
TestTerraformCompleteExample 2022-03-22T16:59:47Z logger.go:66:         }
TestTerraformCompleteExample 2022-03-22T16:59:47Z logger.go:66:     }
TestTerraformCompleteExample 2022-03-22T16:59:47Z logger.go:66:
TestTerraformCompleteExample 2022-03-22T16:59:47Z logger.go:66:   # module.vpc.aws_route.public_internet_gateway[0] will be destroyed
TestTerraformCompleteExample 2022-03-22T16:59:47Z logger.go:66:   - resource "aws_route" "public_internet_gateway" {
TestTerraformCompleteExample 2022-03-22T16:59:47Z logger.go:66:       - destination_cidr_block = "0.0.0.0/0" -> null
TestTerraformCompleteExample 2022-03-22T16:59:47Z logger.go:66:       - gateway_id             = "igw-0113d2cf92ef1a256" -> null
TestTerraformCompleteExample 2022-03-22T16:59:47Z logger.go:66:       - id                     = "r-rtb-069abf818803060301080289494" -> null
TestTerraformCompleteExample 2022-03-22T16:59:47Z logger.go:66:       - origin                 = "CreateRoute" -> null
TestTerraformCompleteExample 2022-03-22T16:59:47Z logger.go:66:       - route_table_id         = "rtb-069abf81880306030" -> null
TestTerraformCompleteExample 2022-03-22T16:59:47Z logger.go:66:       - state                  = "active" -> null
TestTerraformCompleteExample 2022-03-22T16:59:47Z logger.go:66:
TestTerraformCompleteExample 2022-03-22T16:59:47Z logger.go:66:       - timeouts {
TestTerraformCompleteExample 2022-03-22T16:59:47Z logger.go:66:           - create = "5m" -> null
TestTerraformCompleteExample 2022-03-22T16:59:47Z logger.go:66:         }
TestTerraformCompleteExample 2022-03-22T16:59:47Z logger.go:66:     }
TestTerraformCompleteExample 2022-03-22T16:59:47Z logger.go:66:
TestTerraformCompleteExample 2022-03-22T16:59:47Z logger.go:66:   # module.vpc.aws_route_table.private[0] will be destroyed
TestTerraformCompleteExample 2022-03-22T16:59:47Z logger.go:66:   - resource "aws_route_table" "private" {
TestTerraformCompleteExample 2022-03-22T16:59:47Z logger.go:66:       - arn              = "arn:aws:ec2:us-west-2:11111111111:route-table/rtb-0d02292148e6f87a8" -> null
TestTerraformCompleteExample 2022-03-22T16:59:47Z logger.go:66:       - id               = "rtb-0d02292148e6f87a8" -> null
TestTerraformCompleteExample 2022-03-22T16:59:47Z logger.go:66:       - owner_id         = "11111111111" -> null
TestTerraformCompleteExample 2022-03-22T16:59:47Z logger.go:66:       - propagating_vgws = [] -> null
TestTerraformCompleteExample 2022-03-22T16:59:47Z logger.go:66:       - route            = [
TestTerraformCompleteExample 2022-03-22T16:59:47Z logger.go:66:           - {
TestTerraformCompleteExample 2022-03-22T16:59:47Z logger.go:66:               - carrier_gateway_id         = ""
TestTerraformCompleteExample 2022-03-22T16:59:47Z logger.go:66:               - cidr_block                 = "0.0.0.0/0"
TestTerraformCompleteExample 2022-03-22T16:59:47Z logger.go:66:               - destination_prefix_list_id = ""
TestTerraformCompleteExample 2022-03-22T16:59:47Z logger.go:66:               - egress_only_gateway_id     = ""
TestTerraformCompleteExample 2022-03-22T16:59:47Z logger.go:66:               - gateway_id                 = ""
TestTerraformCompleteExample 2022-03-22T16:59:47Z logger.go:66:               - instance_id                = ""
TestTerraformCompleteExample 2022-03-22T16:59:47Z logger.go:66:               - ipv6_cidr_block            = ""
TestTerraformCompleteExample 2022-03-22T16:59:47Z logger.go:66:               - local_gateway_id           = ""
TestTerraformCompleteExample 2022-03-22T16:59:47Z logger.go:66:               - nat_gateway_id             = "nat-0707715ce9ae217a8"
TestTerraformCompleteExample 2022-03-22T16:59:47Z logger.go:66:               - network_interface_id       = ""
TestTerraformCompleteExample 2022-03-22T16:59:47Z logger.go:66:               - transit_gateway_id         = ""
TestTerraformCompleteExample 2022-03-22T16:59:47Z logger.go:66:               - vpc_endpoint_id            = ""
TestTerraformCompleteExample 2022-03-22T16:59:47Z logger.go:66:               - vpc_peering_connection_id  = ""
TestTerraformCompleteExample 2022-03-22T16:59:47Z logger.go:66:             },
TestTerraformCompleteExample 2022-03-22T16:59:47Z logger.go:66:         ] -> null
TestTerraformCompleteExample 2022-03-22T16:59:47Z logger.go:66:       - tags             = {
TestTerraformCompleteExample 2022-03-22T16:59:47Z logger.go:66:           - "Name" = "ex-complete-private"
TestTerraformCompleteExample 2022-03-22T16:59:47Z logger.go:66:         } -> null
TestTerraformCompleteExample 2022-03-22T16:59:47Z logger.go:66:       - tags_all         = {
TestTerraformCompleteExample 2022-03-22T16:59:47Z logger.go:66:           - "Example"    = "ex-complete"
TestTerraformCompleteExample 2022-03-22T16:59:47Z logger.go:66:           - "GithubOrg"  = "aidan-melen"
TestTerraformCompleteExample 2022-03-22T16:59:47Z logger.go:66:           - "GithubRepo" = "terraform-aws-eks-auth"
TestTerraformCompleteExample 2022-03-22T16:59:47Z logger.go:66:           - "Name"       = "ex-complete-private"
TestTerraformCompleteExample 2022-03-22T16:59:47Z logger.go:66:         } -> null
TestTerraformCompleteExample 2022-03-22T16:59:47Z logger.go:66:       - vpc_id           = "vpc-095ec8e5b71fefea7" -> null
TestTerraformCompleteExample 2022-03-22T16:59:47Z logger.go:66:     }
TestTerraformCompleteExample 2022-03-22T16:59:47Z logger.go:66:
TestTerraformCompleteExample 2022-03-22T16:59:47Z logger.go:66:   # module.vpc.aws_route_table.public[0] will be destroyed
TestTerraformCompleteExample 2022-03-22T16:59:47Z logger.go:66:   - resource "aws_route_table" "public" {
TestTerraformCompleteExample 2022-03-22T16:59:47Z logger.go:66:       - arn              = "arn:aws:ec2:us-west-2:11111111111:route-table/rtb-069abf81880306030" -> null
TestTerraformCompleteExample 2022-03-22T16:59:47Z logger.go:66:       - id               = "rtb-069abf81880306030" -> null
TestTerraformCompleteExample 2022-03-22T16:59:47Z logger.go:66:       - owner_id         = "11111111111" -> null
TestTerraformCompleteExample 2022-03-22T16:59:47Z logger.go:66:       - propagating_vgws = [] -> null
TestTerraformCompleteExample 2022-03-22T16:59:47Z logger.go:66:       - route            = [
TestTerraformCompleteExample 2022-03-22T16:59:47Z logger.go:66:           - {
TestTerraformCompleteExample 2022-03-22T16:59:47Z logger.go:66:               - carrier_gateway_id         = ""
TestTerraformCompleteExample 2022-03-22T16:59:47Z logger.go:66:               - cidr_block                 = "0.0.0.0/0"
TestTerraformCompleteExample 2022-03-22T16:59:47Z logger.go:66:               - destination_prefix_list_id = ""
TestTerraformCompleteExample 2022-03-22T16:59:47Z logger.go:66:               - egress_only_gateway_id     = ""
TestTerraformCompleteExample 2022-03-22T16:59:47Z logger.go:66:               - gateway_id                 = "igw-0113d2cf92ef1a256"
TestTerraformCompleteExample 2022-03-22T16:59:47Z logger.go:66:               - instance_id                = ""
TestTerraformCompleteExample 2022-03-22T16:59:47Z logger.go:66:               - ipv6_cidr_block            = ""
TestTerraformCompleteExample 2022-03-22T16:59:47Z logger.go:66:               - local_gateway_id           = ""
TestTerraformCompleteExample 2022-03-22T16:59:47Z logger.go:66:               - nat_gateway_id             = ""
TestTerraformCompleteExample 2022-03-22T16:59:47Z logger.go:66:               - network_interface_id       = ""
TestTerraformCompleteExample 2022-03-22T16:59:47Z logger.go:66:               - transit_gateway_id         = ""
TestTerraformCompleteExample 2022-03-22T16:59:47Z logger.go:66:               - vpc_endpoint_id            = ""
TestTerraformCompleteExample 2022-03-22T16:59:47Z logger.go:66:               - vpc_peering_connection_id  = ""
TestTerraformCompleteExample 2022-03-22T16:59:47Z logger.go:66:             },
TestTerraformCompleteExample 2022-03-22T16:59:47Z logger.go:66:         ] -> null
TestTerraformCompleteExample 2022-03-22T16:59:47Z logger.go:66:       - tags             = {
TestTerraformCompleteExample 2022-03-22T16:59:47Z logger.go:66:           - "Name" = "ex-complete-public"
TestTerraformCompleteExample 2022-03-22T16:59:47Z logger.go:66:         } -> null
TestTerraformCompleteExample 2022-03-22T16:59:47Z logger.go:66:       - tags_all         = {
TestTerraformCompleteExample 2022-03-22T16:59:47Z logger.go:66:           - "Example"    = "ex-complete"
TestTerraformCompleteExample 2022-03-22T16:59:47Z logger.go:66:           - "GithubOrg"  = "aidan-melen"
TestTerraformCompleteExample 2022-03-22T16:59:47Z logger.go:66:           - "GithubRepo" = "terraform-aws-eks-auth"
TestTerraformCompleteExample 2022-03-22T16:59:47Z logger.go:66:           - "Name"       = "ex-complete-public"
TestTerraformCompleteExample 2022-03-22T16:59:47Z logger.go:66:         } -> null
TestTerraformCompleteExample 2022-03-22T16:59:47Z logger.go:66:       - vpc_id           = "vpc-095ec8e5b71fefea7" -> null
TestTerraformCompleteExample 2022-03-22T16:59:47Z logger.go:66:     }
TestTerraformCompleteExample 2022-03-22T16:59:47Z logger.go:66:
TestTerraformCompleteExample 2022-03-22T16:59:47Z logger.go:66:   # module.vpc.aws_route_table_association.private[0] will be destroyed
TestTerraformCompleteExample 2022-03-22T16:59:47Z logger.go:66:   - resource "aws_route_table_association" "private" {
TestTerraformCompleteExample 2022-03-22T16:59:47Z logger.go:66:       - id             = "rtbassoc-0cffab7d073ad3add" -> null
TestTerraformCompleteExample 2022-03-22T16:59:47Z logger.go:66:       - route_table_id = "rtb-0d02292148e6f87a8" -> null
TestTerraformCompleteExample 2022-03-22T16:59:47Z logger.go:66:       - subnet_id      = "subnet-04c75e593a0c457f8" -> null
TestTerraformCompleteExample 2022-03-22T16:59:47Z logger.go:66:     }
TestTerraformCompleteExample 2022-03-22T16:59:47Z logger.go:66:
TestTerraformCompleteExample 2022-03-22T16:59:47Z logger.go:66:   # module.vpc.aws_route_table_association.private[1] will be destroyed
TestTerraformCompleteExample 2022-03-22T16:59:47Z logger.go:66:   - resource "aws_route_table_association" "private" {
TestTerraformCompleteExample 2022-03-22T16:59:47Z logger.go:66:       - id             = "rtbassoc-084290022e2bc66fa" -> null
TestTerraformCompleteExample 2022-03-22T16:59:47Z logger.go:66:       - route_table_id = "rtb-0d02292148e6f87a8" -> null
TestTerraformCompleteExample 2022-03-22T16:59:47Z logger.go:66:       - subnet_id      = "subnet-02a34e245fc2cc409" -> null
TestTerraformCompleteExample 2022-03-22T16:59:47Z logger.go:66:     }
TestTerraformCompleteExample 2022-03-22T16:59:47Z logger.go:66:
TestTerraformCompleteExample 2022-03-22T16:59:47Z logger.go:66:   # module.vpc.aws_route_table_association.private[2] will be destroyed
TestTerraformCompleteExample 2022-03-22T16:59:47Z logger.go:66:   - resource "aws_route_table_association" "private" {
TestTerraformCompleteExample 2022-03-22T16:59:47Z logger.go:66:       - id             = "rtbassoc-04e84085285e9dc1b" -> null
TestTerraformCompleteExample 2022-03-22T16:59:47Z logger.go:66:       - route_table_id = "rtb-0d02292148e6f87a8" -> null
TestTerraformCompleteExample 2022-03-22T16:59:47Z logger.go:66:       - subnet_id      = "subnet-052f6c3ae3574de6b" -> null
TestTerraformCompleteExample 2022-03-22T16:59:47Z logger.go:66:     }
TestTerraformCompleteExample 2022-03-22T16:59:47Z logger.go:66:
TestTerraformCompleteExample 2022-03-22T16:59:47Z logger.go:66:   # module.vpc.aws_route_table_association.public[0] will be destroyed
TestTerraformCompleteExample 2022-03-22T16:59:47Z logger.go:66:   - resource "aws_route_table_association" "public" {
TestTerraformCompleteExample 2022-03-22T16:59:47Z logger.go:66:       - id             = "rtbassoc-052682682a9a83fc5" -> null
TestTerraformCompleteExample 2022-03-22T16:59:47Z logger.go:66:       - route_table_id = "rtb-069abf81880306030" -> null
TestTerraformCompleteExample 2022-03-22T16:59:47Z logger.go:66:       - subnet_id      = "subnet-0c7c7ab482c4e0626" -> null
TestTerraformCompleteExample 2022-03-22T16:59:47Z logger.go:66:     }
TestTerraformCompleteExample 2022-03-22T16:59:47Z logger.go:66:
TestTerraformCompleteExample 2022-03-22T16:59:47Z logger.go:66:   # module.vpc.aws_route_table_association.public[1] will be destroyed
TestTerraformCompleteExample 2022-03-22T16:59:47Z logger.go:66:   - resource "aws_route_table_association" "public" {
TestTerraformCompleteExample 2022-03-22T16:59:47Z logger.go:66:       - id             = "rtbassoc-012264a86d3066f84" -> null
TestTerraformCompleteExample 2022-03-22T16:59:47Z logger.go:66:       - route_table_id = "rtb-069abf81880306030" -> null
TestTerraformCompleteExample 2022-03-22T16:59:47Z logger.go:66:       - subnet_id      = "subnet-05c4d53079958cf56" -> null
TestTerraformCompleteExample 2022-03-22T16:59:47Z logger.go:66:     }
TestTerraformCompleteExample 2022-03-22T16:59:47Z logger.go:66:
TestTerraformCompleteExample 2022-03-22T16:59:47Z logger.go:66:   # module.vpc.aws_route_table_association.public[2] will be destroyed
TestTerraformCompleteExample 2022-03-22T16:59:47Z logger.go:66:   - resource "aws_route_table_association" "public" {
TestTerraformCompleteExample 2022-03-22T16:59:47Z logger.go:66:       - id             = "rtbassoc-078c7313e0f90ea9f" -> null
TestTerraformCompleteExample 2022-03-22T16:59:47Z logger.go:66:       - route_table_id = "rtb-069abf81880306030" -> null
TestTerraformCompleteExample 2022-03-22T16:59:47Z logger.go:66:       - subnet_id      = "subnet-064d1068676a3aec6" -> null
TestTerraformCompleteExample 2022-03-22T16:59:47Z logger.go:66:     }
TestTerraformCompleteExample 2022-03-22T16:59:47Z logger.go:66:
TestTerraformCompleteExample 2022-03-22T16:59:47Z logger.go:66:   # module.vpc.aws_subnet.private[0] will be destroyed
TestTerraformCompleteExample 2022-03-22T16:59:47Z logger.go:66:   - resource "aws_subnet" "private" {
TestTerraformCompleteExample 2022-03-22T16:59:47Z logger.go:66:       - arn                                            = "arn:aws:ec2:us-west-2:11111111111:subnet/subnet-04c75e593a0c457f8" -> null
TestTerraformCompleteExample 2022-03-22T16:59:47Z logger.go:66:       - assign_ipv6_address_on_creation                = false -> null
TestTerraformCompleteExample 2022-03-22T16:59:47Z logger.go:66:       - availability_zone                              = "us-west-2a" -> null
TestTerraformCompleteExample 2022-03-22T16:59:47Z logger.go:66:       - availability_zone_id                           = "usw2-az1" -> null
TestTerraformCompleteExample 2022-03-22T16:59:47Z logger.go:66:       - cidr_block                                     = "10.0.1.0/24" -> null
TestTerraformCompleteExample 2022-03-22T16:59:47Z logger.go:66:       - enable_dns64                                   = false -> null
TestTerraformCompleteExample 2022-03-22T16:59:47Z logger.go:66:       - enable_resource_name_dns_a_record_on_launch    = false -> null
TestTerraformCompleteExample 2022-03-22T16:59:47Z logger.go:66:       - enable_resource_name_dns_aaaa_record_on_launch = false -> null
TestTerraformCompleteExample 2022-03-22T16:59:47Z logger.go:66:       - id                                             = "subnet-04c75e593a0c457f8" -> null
TestTerraformCompleteExample 2022-03-22T16:59:47Z logger.go:66:       - ipv6_native                                    = false -> null
TestTerraformCompleteExample 2022-03-22T16:59:47Z logger.go:66:       - map_customer_owned_ip_on_launch                = false -> null
TestTerraformCompleteExample 2022-03-22T16:59:47Z logger.go:66:       - map_public_ip_on_launch                        = false -> null
TestTerraformCompleteExample 2022-03-22T16:59:47Z logger.go:66:       - owner_id                                       = "11111111111" -> null
TestTerraformCompleteExample 2022-03-22T16:59:47Z logger.go:66:       - private_dns_hostname_type_on_launch            = "ip-name" -> null
TestTerraformCompleteExample 2022-03-22T16:59:47Z logger.go:66:       - tags                                           = {
TestTerraformCompleteExample 2022-03-22T16:59:47Z logger.go:66:           - "Name"                              = "ex-complete-private-us-west-2a"
TestTerraformCompleteExample 2022-03-22T16:59:47Z logger.go:66:           - "kubernetes.io/cluster/ex-complete" = "shared"
TestTerraformCompleteExample 2022-03-22T16:59:47Z logger.go:66:           - "kubernetes.io/role/internal-elb"   = "1"
TestTerraformCompleteExample 2022-03-22T16:59:47Z logger.go:66:         } -> null
TestTerraformCompleteExample 2022-03-22T16:59:47Z logger.go:66:       - tags_all                                       = {
TestTerraformCompleteExample 2022-03-22T16:59:47Z logger.go:66:           - "Example"                           = "ex-complete"
TestTerraformCompleteExample 2022-03-22T16:59:47Z logger.go:66:           - "GithubOrg"                         = "aidan-melen"
TestTerraformCompleteExample 2022-03-22T16:59:47Z logger.go:66:           - "GithubRepo"                        = "terraform-aws-eks-auth"
TestTerraformCompleteExample 2022-03-22T16:59:47Z logger.go:66:           - "Name"                              = "ex-complete-private-us-west-2a"
TestTerraformCompleteExample 2022-03-22T16:59:47Z logger.go:66:           - "kubernetes.io/cluster/ex-complete" = "shared"
TestTerraformCompleteExample 2022-03-22T16:59:47Z logger.go:66:           - "kubernetes.io/role/internal-elb"   = "1"
TestTerraformCompleteExample 2022-03-22T16:59:47Z logger.go:66:         } -> null
TestTerraformCompleteExample 2022-03-22T16:59:47Z logger.go:66:       - vpc_id                                         = "vpc-095ec8e5b71fefea7" -> null
TestTerraformCompleteExample 2022-03-22T16:59:47Z logger.go:66:     }
TestTerraformCompleteExample 2022-03-22T16:59:47Z logger.go:66:
TestTerraformCompleteExample 2022-03-22T16:59:47Z logger.go:66:   # module.vpc.aws_subnet.private[1] will be destroyed
TestTerraformCompleteExample 2022-03-22T16:59:47Z logger.go:66:   - resource "aws_subnet" "private" {
TestTerraformCompleteExample 2022-03-22T16:59:47Z logger.go:66:       - arn                                            = "arn:aws:ec2:us-west-2:11111111111:subnet/subnet-02a34e245fc2cc409" -> null
TestTerraformCompleteExample 2022-03-22T16:59:47Z logger.go:66:       - assign_ipv6_address_on_creation                = false -> null
TestTerraformCompleteExample 2022-03-22T16:59:47Z logger.go:66:       - availability_zone                              = "us-west-2b" -> null
TestTerraformCompleteExample 2022-03-22T16:59:47Z logger.go:66:       - availability_zone_id                           = "usw2-az2" -> null
TestTerraformCompleteExample 2022-03-22T16:59:47Z logger.go:66:       - cidr_block                                     = "10.0.2.0/24" -> null
TestTerraformCompleteExample 2022-03-22T16:59:47Z logger.go:66:       - enable_dns64                                   = false -> null
TestTerraformCompleteExample 2022-03-22T16:59:47Z logger.go:66:       - enable_resource_name_dns_a_record_on_launch    = false -> null
TestTerraformCompleteExample 2022-03-22T16:59:47Z logger.go:66:       - enable_resource_name_dns_aaaa_record_on_launch = false -> null
TestTerraformCompleteExample 2022-03-22T16:59:47Z logger.go:66:       - id                                             = "subnet-02a34e245fc2cc409" -> null
TestTerraformCompleteExample 2022-03-22T16:59:47Z logger.go:66:       - ipv6_native                                    = false -> null
TestTerraformCompleteExample 2022-03-22T16:59:47Z logger.go:66:       - map_customer_owned_ip_on_launch                = false -> null
TestTerraformCompleteExample 2022-03-22T16:59:47Z logger.go:66:       - map_public_ip_on_launch                        = false -> null
TestTerraformCompleteExample 2022-03-22T16:59:47Z logger.go:66:       - owner_id                                       = "11111111111" -> null
TestTerraformCompleteExample 2022-03-22T16:59:47Z logger.go:66:       - private_dns_hostname_type_on_launch            = "ip-name" -> null
TestTerraformCompleteExample 2022-03-22T16:59:47Z logger.go:66:       - tags                                           = {
TestTerraformCompleteExample 2022-03-22T16:59:47Z logger.go:66:           - "Name"                              = "ex-complete-private-us-west-2b"
TestTerraformCompleteExample 2022-03-22T16:59:47Z logger.go:66:           - "kubernetes.io/cluster/ex-complete" = "shared"
TestTerraformCompleteExample 2022-03-22T16:59:47Z logger.go:66:           - "kubernetes.io/role/internal-elb"   = "1"
TestTerraformCompleteExample 2022-03-22T16:59:47Z logger.go:66:         } -> null
TestTerraformCompleteExample 2022-03-22T16:59:47Z logger.go:66:       - tags_all                                       = {
TestTerraformCompleteExample 2022-03-22T16:59:47Z logger.go:66:           - "Example"                           = "ex-complete"
TestTerraformCompleteExample 2022-03-22T16:59:47Z logger.go:66:           - "GithubOrg"                         = "aidan-melen"
TestTerraformCompleteExample 2022-03-22T16:59:47Z logger.go:66:           - "GithubRepo"                        = "terraform-aws-eks-auth"
TestTerraformCompleteExample 2022-03-22T16:59:47Z logger.go:66:           - "Name"                              = "ex-complete-private-us-west-2b"
TestTerraformCompleteExample 2022-03-22T16:59:47Z logger.go:66:           - "kubernetes.io/cluster/ex-complete" = "shared"
TestTerraformCompleteExample 2022-03-22T16:59:47Z logger.go:66:           - "kubernetes.io/role/internal-elb"   = "1"
TestTerraformCompleteExample 2022-03-22T16:59:47Z logger.go:66:         } -> null
TestTerraformCompleteExample 2022-03-22T16:59:47Z logger.go:66:       - vpc_id                                         = "vpc-095ec8e5b71fefea7" -> null
TestTerraformCompleteExample 2022-03-22T16:59:47Z logger.go:66:     }
TestTerraformCompleteExample 2022-03-22T16:59:47Z logger.go:66:
TestTerraformCompleteExample 2022-03-22T16:59:47Z logger.go:66:   # module.vpc.aws_subnet.private[2] will be destroyed
TestTerraformCompleteExample 2022-03-22T16:59:47Z logger.go:66:   - resource "aws_subnet" "private" {
TestTerraformCompleteExample 2022-03-22T16:59:47Z logger.go:66:       - arn                                            = "arn:aws:ec2:us-west-2:11111111111:subnet/subnet-052f6c3ae3574de6b" -> null
TestTerraformCompleteExample 2022-03-22T16:59:47Z logger.go:66:       - assign_ipv6_address_on_creation                = false -> null
TestTerraformCompleteExample 2022-03-22T16:59:47Z logger.go:66:       - availability_zone                              = "us-west-2c" -> null
TestTerraformCompleteExample 2022-03-22T16:59:47Z logger.go:66:       - availability_zone_id                           = "usw2-az3" -> null
TestTerraformCompleteExample 2022-03-22T16:59:47Z logger.go:66:       - cidr_block                                     = "10.0.3.0/24" -> null
TestTerraformCompleteExample 2022-03-22T16:59:47Z logger.go:66:       - enable_dns64                                   = false -> null
TestTerraformCompleteExample 2022-03-22T16:59:47Z logger.go:66:       - enable_resource_name_dns_a_record_on_launch    = false -> null
TestTerraformCompleteExample 2022-03-22T16:59:47Z logger.go:66:       - enable_resource_name_dns_aaaa_record_on_launch = false -> null
TestTerraformCompleteExample 2022-03-22T16:59:47Z logger.go:66:       - id                                             = "subnet-052f6c3ae3574de6b" -> null
TestTerraformCompleteExample 2022-03-22T16:59:47Z logger.go:66:       - ipv6_native                                    = false -> null
TestTerraformCompleteExample 2022-03-22T16:59:47Z logger.go:66:       - map_customer_owned_ip_on_launch                = false -> null
TestTerraformCompleteExample 2022-03-22T16:59:47Z logger.go:66:       - map_public_ip_on_launch                        = false -> null
TestTerraformCompleteExample 2022-03-22T16:59:47Z logger.go:66:       - owner_id                                       = "11111111111" -> null
TestTerraformCompleteExample 2022-03-22T16:59:47Z logger.go:66:       - private_dns_hostname_type_on_launch            = "ip-name" -> null
TestTerraformCompleteExample 2022-03-22T16:59:47Z logger.go:66:       - tags                                           = {
TestTerraformCompleteExample 2022-03-22T16:59:47Z logger.go:66:           - "Name"                              = "ex-complete-private-us-west-2c"
TestTerraformCompleteExample 2022-03-22T16:59:47Z logger.go:66:           - "kubernetes.io/cluster/ex-complete" = "shared"
TestTerraformCompleteExample 2022-03-22T16:59:47Z logger.go:66:           - "kubernetes.io/role/internal-elb"   = "1"
TestTerraformCompleteExample 2022-03-22T16:59:47Z logger.go:66:         } -> null
TestTerraformCompleteExample 2022-03-22T16:59:47Z logger.go:66:       - tags_all                                       = {
TestTerraformCompleteExample 2022-03-22T16:59:47Z logger.go:66:           - "Example"                           = "ex-complete"
TestTerraformCompleteExample 2022-03-22T16:59:47Z logger.go:66:           - "GithubOrg"                         = "aidan-melen"
TestTerraformCompleteExample 2022-03-22T16:59:47Z logger.go:66:           - "GithubRepo"                        = "terraform-aws-eks-auth"
TestTerraformCompleteExample 2022-03-22T16:59:47Z logger.go:66:           - "Name"                              = "ex-complete-private-us-west-2c"
TestTerraformCompleteExample 2022-03-22T16:59:47Z logger.go:66:           - "kubernetes.io/cluster/ex-complete" = "shared"
TestTerraformCompleteExample 2022-03-22T16:59:47Z logger.go:66:           - "kubernetes.io/role/internal-elb"   = "1"
TestTerraformCompleteExample 2022-03-22T16:59:47Z logger.go:66:         } -> null
TestTerraformCompleteExample 2022-03-22T16:59:47Z logger.go:66:       - vpc_id                                         = "vpc-095ec8e5b71fefea7" -> null
TestTerraformCompleteExample 2022-03-22T16:59:47Z logger.go:66:     }
TestTerraformCompleteExample 2022-03-22T16:59:47Z logger.go:66:
TestTerraformCompleteExample 2022-03-22T16:59:47Z logger.go:66:   # module.vpc.aws_subnet.public[0] will be destroyed
TestTerraformCompleteExample 2022-03-22T16:59:47Z logger.go:66:   - resource "aws_subnet" "public" {
TestTerraformCompleteExample 2022-03-22T16:59:47Z logger.go:66:       - arn                                            = "arn:aws:ec2:us-west-2:11111111111:subnet/subnet-0c7c7ab482c4e0626" -> null
TestTerraformCompleteExample 2022-03-22T16:59:47Z logger.go:66:       - assign_ipv6_address_on_creation                = false -> null
TestTerraformCompleteExample 2022-03-22T16:59:47Z logger.go:66:       - availability_zone                              = "us-west-2a" -> null
TestTerraformCompleteExample 2022-03-22T16:59:47Z logger.go:66:       - availability_zone_id                           = "usw2-az1" -> null
TestTerraformCompleteExample 2022-03-22T16:59:47Z logger.go:66:       - cidr_block                                     = "10.0.4.0/24" -> null
TestTerraformCompleteExample 2022-03-22T16:59:47Z logger.go:66:       - enable_dns64                                   = false -> null
TestTerraformCompleteExample 2022-03-22T16:59:47Z logger.go:66:       - enable_resource_name_dns_a_record_on_launch    = false -> null
TestTerraformCompleteExample 2022-03-22T16:59:47Z logger.go:66:       - enable_resource_name_dns_aaaa_record_on_launch = false -> null
TestTerraformCompleteExample 2022-03-22T16:59:47Z logger.go:66:       - id                                             = "subnet-0c7c7ab482c4e0626" -> null
TestTerraformCompleteExample 2022-03-22T16:59:47Z logger.go:66:       - ipv6_native                                    = false -> null
TestTerraformCompleteExample 2022-03-22T16:59:47Z logger.go:66:       - map_customer_owned_ip_on_launch                = false -> null
TestTerraformCompleteExample 2022-03-22T16:59:47Z logger.go:66:       - map_public_ip_on_launch                        = true -> null
TestTerraformCompleteExample 2022-03-22T16:59:47Z logger.go:66:       - owner_id                                       = "11111111111" -> null
TestTerraformCompleteExample 2022-03-22T16:59:47Z logger.go:66:       - private_dns_hostname_type_on_launch            = "ip-name" -> null
TestTerraformCompleteExample 2022-03-22T16:59:47Z logger.go:66:       - tags                                           = {
TestTerraformCompleteExample 2022-03-22T16:59:47Z logger.go:66:           - "Name"                              = "ex-complete-public-us-west-2a"
TestTerraformCompleteExample 2022-03-22T16:59:47Z logger.go:66:           - "kubernetes.io/cluster/ex-complete" = "shared"
TestTerraformCompleteExample 2022-03-22T16:59:47Z logger.go:66:           - "kubernetes.io/role/elb"            = "1"
TestTerraformCompleteExample 2022-03-22T16:59:47Z logger.go:66:         } -> null
TestTerraformCompleteExample 2022-03-22T16:59:47Z logger.go:66:       - tags_all                                       = {
TestTerraformCompleteExample 2022-03-22T16:59:47Z logger.go:66:           - "Example"                           = "ex-complete"
TestTerraformCompleteExample 2022-03-22T16:59:47Z logger.go:66:           - "GithubOrg"                         = "aidan-melen"
TestTerraformCompleteExample 2022-03-22T16:59:47Z logger.go:66:           - "GithubRepo"                        = "terraform-aws-eks-auth"
TestTerraformCompleteExample 2022-03-22T16:59:47Z logger.go:66:           - "Name"                              = "ex-complete-public-us-west-2a"
TestTerraformCompleteExample 2022-03-22T16:59:47Z logger.go:66:           - "kubernetes.io/cluster/ex-complete" = "shared"
TestTerraformCompleteExample 2022-03-22T16:59:47Z logger.go:66:           - "kubernetes.io/role/elb"            = "1"
TestTerraformCompleteExample 2022-03-22T16:59:47Z logger.go:66:         } -> null
TestTerraformCompleteExample 2022-03-22T16:59:47Z logger.go:66:       - vpc_id                                         = "vpc-095ec8e5b71fefea7" -> null
TestTerraformCompleteExample 2022-03-22T16:59:47Z logger.go:66:     }
TestTerraformCompleteExample 2022-03-22T16:59:47Z logger.go:66:
TestTerraformCompleteExample 2022-03-22T16:59:47Z logger.go:66:   # module.vpc.aws_subnet.public[1] will be destroyed
TestTerraformCompleteExample 2022-03-22T16:59:47Z logger.go:66:   - resource "aws_subnet" "public" {
TestTerraformCompleteExample 2022-03-22T16:59:47Z logger.go:66:       - arn                                            = "arn:aws:ec2:us-west-2:11111111111:subnet/subnet-05c4d53079958cf56" -> null
TestTerraformCompleteExample 2022-03-22T16:59:47Z logger.go:66:       - assign_ipv6_address_on_creation                = false -> null
TestTerraformCompleteExample 2022-03-22T16:59:47Z logger.go:66:       - availability_zone                              = "us-west-2b" -> null
TestTerraformCompleteExample 2022-03-22T16:59:47Z logger.go:66:       - availability_zone_id                           = "usw2-az2" -> null
TestTerraformCompleteExample 2022-03-22T16:59:47Z logger.go:66:       - cidr_block                                     = "10.0.5.0/24" -> null
TestTerraformCompleteExample 2022-03-22T16:59:47Z logger.go:66:       - enable_dns64                                   = false -> null
TestTerraformCompleteExample 2022-03-22T16:59:47Z logger.go:66:       - enable_resource_name_dns_a_record_on_launch    = false -> null
TestTerraformCompleteExample 2022-03-22T16:59:47Z logger.go:66:       - enable_resource_name_dns_aaaa_record_on_launch = false -> null
TestTerraformCompleteExample 2022-03-22T16:59:47Z logger.go:66:       - id                                             = "subnet-05c4d53079958cf56" -> null
TestTerraformCompleteExample 2022-03-22T16:59:47Z logger.go:66:       - ipv6_native                                    = false -> null
TestTerraformCompleteExample 2022-03-22T16:59:47Z logger.go:66:       - map_customer_owned_ip_on_launch                = false -> null
TestTerraformCompleteExample 2022-03-22T16:59:47Z logger.go:66:       - map_public_ip_on_launch                        = true -> null
TestTerraformCompleteExample 2022-03-22T16:59:47Z logger.go:66:       - owner_id                                       = "11111111111" -> null
TestTerraformCompleteExample 2022-03-22T16:59:47Z logger.go:66:       - private_dns_hostname_type_on_launch            = "ip-name" -> null
TestTerraformCompleteExample 2022-03-22T16:59:47Z logger.go:66:       - tags                                           = {
TestTerraformCompleteExample 2022-03-22T16:59:47Z logger.go:66:           - "Name"                              = "ex-complete-public-us-west-2b"
TestTerraformCompleteExample 2022-03-22T16:59:47Z logger.go:66:           - "kubernetes.io/cluster/ex-complete" = "shared"
TestTerraformCompleteExample 2022-03-22T16:59:47Z logger.go:66:           - "kubernetes.io/role/elb"            = "1"
TestTerraformCompleteExample 2022-03-22T16:59:47Z logger.go:66:         } -> null
TestTerraformCompleteExample 2022-03-22T16:59:47Z logger.go:66:       - tags_all                                       = {
TestTerraformCompleteExample 2022-03-22T16:59:47Z logger.go:66:           - "Example"                           = "ex-complete"
TestTerraformCompleteExample 2022-03-22T16:59:47Z logger.go:66:           - "GithubOrg"                         = "aidan-melen"
TestTerraformCompleteExample 2022-03-22T16:59:47Z logger.go:66:           - "GithubRepo"                        = "terraform-aws-eks-auth"
TestTerraformCompleteExample 2022-03-22T16:59:47Z logger.go:66:           - "Name"                              = "ex-complete-public-us-west-2b"
TestTerraformCompleteExample 2022-03-22T16:59:47Z logger.go:66:           - "kubernetes.io/cluster/ex-complete" = "shared"
TestTerraformCompleteExample 2022-03-22T16:59:47Z logger.go:66:           - "kubernetes.io/role/elb"            = "1"
TestTerraformCompleteExample 2022-03-22T16:59:47Z logger.go:66:         } -> null
TestTerraformCompleteExample 2022-03-22T16:59:47Z logger.go:66:       - vpc_id                                         = "vpc-095ec8e5b71fefea7" -> null
TestTerraformCompleteExample 2022-03-22T16:59:47Z logger.go:66:     }
TestTerraformCompleteExample 2022-03-22T16:59:47Z logger.go:66:
TestTerraformCompleteExample 2022-03-22T16:59:47Z logger.go:66:   # module.vpc.aws_subnet.public[2] will be destroyed
TestTerraformCompleteExample 2022-03-22T16:59:47Z logger.go:66:   - resource "aws_subnet" "public" {
TestTerraformCompleteExample 2022-03-22T16:59:47Z logger.go:66:       - arn                                            = "arn:aws:ec2:us-west-2:11111111111:subnet/subnet-064d1068676a3aec6" -> null
TestTerraformCompleteExample 2022-03-22T16:59:47Z logger.go:66:       - assign_ipv6_address_on_creation                = false -> null
TestTerraformCompleteExample 2022-03-22T16:59:47Z logger.go:66:       - availability_zone                              = "us-west-2c" -> null
TestTerraformCompleteExample 2022-03-22T16:59:47Z logger.go:66:       - availability_zone_id                           = "usw2-az3" -> null
TestTerraformCompleteExample 2022-03-22T16:59:47Z logger.go:66:       - cidr_block                                     = "10.0.6.0/24" -> null
TestTerraformCompleteExample 2022-03-22T16:59:47Z logger.go:66:       - enable_dns64                                   = false -> null
TestTerraformCompleteExample 2022-03-22T16:59:47Z logger.go:66:       - enable_resource_name_dns_a_record_on_launch    = false -> null
TestTerraformCompleteExample 2022-03-22T16:59:47Z logger.go:66:       - enable_resource_name_dns_aaaa_record_on_launch = false -> null
TestTerraformCompleteExample 2022-03-22T16:59:47Z logger.go:66:       - id                                             = "subnet-064d1068676a3aec6" -> null
TestTerraformCompleteExample 2022-03-22T16:59:47Z logger.go:66:       - ipv6_native                                    = false -> null
TestTerraformCompleteExample 2022-03-22T16:59:47Z logger.go:66:       - map_customer_owned_ip_on_launch                = false -> null
TestTerraformCompleteExample 2022-03-22T16:59:47Z logger.go:66:       - map_public_ip_on_launch                        = true -> null
TestTerraformCompleteExample 2022-03-22T16:59:47Z logger.go:66:       - owner_id                                       = "11111111111" -> null
TestTerraformCompleteExample 2022-03-22T16:59:47Z logger.go:66:       - private_dns_hostname_type_on_launch            = "ip-name" -> null
TestTerraformCompleteExample 2022-03-22T16:59:47Z logger.go:66:       - tags                                           = {
TestTerraformCompleteExample 2022-03-22T16:59:47Z logger.go:66:           - "Name"                              = "ex-complete-public-us-west-2c"
TestTerraformCompleteExample 2022-03-22T16:59:47Z logger.go:66:           - "kubernetes.io/cluster/ex-complete" = "shared"
TestTerraformCompleteExample 2022-03-22T16:59:47Z logger.go:66:           - "kubernetes.io/role/elb"            = "1"
TestTerraformCompleteExample 2022-03-22T16:59:47Z logger.go:66:         } -> null
TestTerraformCompleteExample 2022-03-22T16:59:47Z logger.go:66:       - tags_all                                       = {
TestTerraformCompleteExample 2022-03-22T16:59:47Z logger.go:66:           - "Example"                           = "ex-complete"
TestTerraformCompleteExample 2022-03-22T16:59:47Z logger.go:66:           - "GithubOrg"                         = "aidan-melen"
TestTerraformCompleteExample 2022-03-22T16:59:47Z logger.go:66:           - "GithubRepo"                        = "terraform-aws-eks-auth"
TestTerraformCompleteExample 2022-03-22T16:59:47Z logger.go:66:           - "Name"                              = "ex-complete-public-us-west-2c"
TestTerraformCompleteExample 2022-03-22T16:59:47Z logger.go:66:           - "kubernetes.io/cluster/ex-complete" = "shared"
TestTerraformCompleteExample 2022-03-22T16:59:47Z logger.go:66:           - "kubernetes.io/role/elb"            = "1"
TestTerraformCompleteExample 2022-03-22T16:59:47Z logger.go:66:         } -> null
TestTerraformCompleteExample 2022-03-22T16:59:47Z logger.go:66:       - vpc_id                                         = "vpc-095ec8e5b71fefea7" -> null
TestTerraformCompleteExample 2022-03-22T16:59:47Z logger.go:66:     }
TestTerraformCompleteExample 2022-03-22T16:59:47Z logger.go:66:
TestTerraformCompleteExample 2022-03-22T16:59:47Z logger.go:66:   # module.vpc.aws_vpc.this[0] will be destroyed
TestTerraformCompleteExample 2022-03-22T16:59:47Z logger.go:66:   - resource "aws_vpc" "this" {
TestTerraformCompleteExample 2022-03-22T16:59:47Z logger.go:66:       - arn                              = "arn:aws:ec2:us-west-2:11111111111:vpc/vpc-095ec8e5b71fefea7" -> null
TestTerraformCompleteExample 2022-03-22T16:59:47Z logger.go:66:       - assign_generated_ipv6_cidr_block = false -> null
TestTerraformCompleteExample 2022-03-22T16:59:47Z logger.go:66:       - cidr_block                       = "10.0.0.0/16" -> null
TestTerraformCompleteExample 2022-03-22T16:59:47Z logger.go:66:       - default_network_acl_id           = "acl-0bb311d92d55af00e" -> null
TestTerraformCompleteExample 2022-03-22T16:59:47Z logger.go:66:       - default_route_table_id           = "rtb-00938823152b98604" -> null
TestTerraformCompleteExample 2022-03-22T16:59:47Z logger.go:66:       - default_security_group_id        = "sg-04b2e3c329be29034" -> null
TestTerraformCompleteExample 2022-03-22T16:59:47Z logger.go:66:       - dhcp_options_id                  = "dopt-b05de4d7" -> null
TestTerraformCompleteExample 2022-03-22T16:59:47Z logger.go:66:       - enable_classiclink               = false -> null
TestTerraformCompleteExample 2022-03-22T16:59:47Z logger.go:66:       - enable_classiclink_dns_support   = false -> null
TestTerraformCompleteExample 2022-03-22T16:59:47Z logger.go:66:       - enable_dns_hostnames             = true -> null
TestTerraformCompleteExample 2022-03-22T16:59:47Z logger.go:66:       - enable_dns_support               = true -> null
TestTerraformCompleteExample 2022-03-22T16:59:47Z logger.go:66:       - id                               = "vpc-095ec8e5b71fefea7" -> null
TestTerraformCompleteExample 2022-03-22T16:59:47Z logger.go:66:       - instance_tenancy                 = "default" -> null
TestTerraformCompleteExample 2022-03-22T16:59:47Z logger.go:66:       - ipv6_netmask_length              = 0 -> null
TestTerraformCompleteExample 2022-03-22T16:59:47Z logger.go:66:       - main_route_table_id              = "rtb-00938823152b98604" -> null
TestTerraformCompleteExample 2022-03-22T16:59:47Z logger.go:66:       - owner_id                         = "11111111111" -> null
TestTerraformCompleteExample 2022-03-22T16:59:47Z logger.go:66:       - tags                             = {
TestTerraformCompleteExample 2022-03-22T16:59:47Z logger.go:66:           - "Name" = "ex-complete"
TestTerraformCompleteExample 2022-03-22T16:59:47Z logger.go:66:         } -> null
TestTerraformCompleteExample 2022-03-22T16:59:47Z logger.go:66:       - tags_all                         = {
TestTerraformCompleteExample 2022-03-22T16:59:47Z logger.go:66:           - "Example"    = "ex-complete"
TestTerraformCompleteExample 2022-03-22T16:59:47Z logger.go:66:           - "GithubOrg"  = "aidan-melen"
TestTerraformCompleteExample 2022-03-22T16:59:47Z logger.go:66:           - "GithubRepo" = "terraform-aws-eks-auth"
TestTerraformCompleteExample 2022-03-22T16:59:47Z logger.go:66:           - "Name"       = "ex-complete"
TestTerraformCompleteExample 2022-03-22T16:59:47Z logger.go:66:         } -> null
TestTerraformCompleteExample 2022-03-22T16:59:47Z logger.go:66:     }
TestTerraformCompleteExample 2022-03-22T16:59:47Z logger.go:66:
TestTerraformCompleteExample 2022-03-22T16:59:47Z logger.go:66:   # module.eks.module.eks_managed_node_group["foo"].aws_eks_node_group.this[0] will be destroyed
TestTerraformCompleteExample 2022-03-22T16:59:47Z logger.go:66:   - resource "aws_eks_node_group" "this" {
TestTerraformCompleteExample 2022-03-22T16:59:47Z logger.go:66:       - ami_type               = "AL2_x86_64" -> null
TestTerraformCompleteExample 2022-03-22T16:59:47Z logger.go:66:       - arn                    = "arn:aws:eks:us-west-2:11111111111:nodegroup/ex-complete/foo-20220322165613661300000019/48bfd947-679c-8818-85ec-bf6a7333aa5f" -> null
TestTerraformCompleteExample 2022-03-22T16:59:47Z logger.go:66:       - capacity_type          = "ON_DEMAND" -> null
TestTerraformCompleteExample 2022-03-22T16:59:47Z logger.go:66:       - cluster_name           = "ex-complete" -> null
TestTerraformCompleteExample 2022-03-22T16:59:47Z logger.go:66:       - disk_size              = 0 -> null
TestTerraformCompleteExample 2022-03-22T16:59:47Z logger.go:66:       - id                     = "ex-complete:foo-20220322165613661300000019" -> null
TestTerraformCompleteExample 2022-03-22T16:59:47Z logger.go:66:       - instance_types         = [
TestTerraformCompleteExample 2022-03-22T16:59:47Z logger.go:66:           - "t3.medium",
TestTerraformCompleteExample 2022-03-22T16:59:47Z logger.go:66:         ] -> null
TestTerraformCompleteExample 2022-03-22T16:59:47Z logger.go:66:       - labels                 = {} -> null
TestTerraformCompleteExample 2022-03-22T16:59:47Z logger.go:66:       - node_group_name        = "foo-20220322165613661300000019" -> null
TestTerraformCompleteExample 2022-03-22T16:59:47Z logger.go:66:       - node_group_name_prefix = "foo-" -> null
TestTerraformCompleteExample 2022-03-22T16:59:47Z logger.go:66:       - node_role_arn          = "arn:aws:iam::11111111111:role/foo-eks-node-group-20220322164526193400000004" -> null
TestTerraformCompleteExample 2022-03-22T16:59:47Z logger.go:66:       - release_version        = "1.21.5-20220309" -> null
TestTerraformCompleteExample 2022-03-22T16:59:47Z logger.go:66:       - resources              = [
TestTerraformCompleteExample 2022-03-22T16:59:47Z logger.go:66:           - {
TestTerraformCompleteExample 2022-03-22T16:59:47Z logger.go:66:               - autoscaling_groups              = [
TestTerraformCompleteExample 2022-03-22T16:59:47Z logger.go:66:                   - {
TestTerraformCompleteExample 2022-03-22T16:59:47Z logger.go:66:                       - name = "eks-foo-20220322165613661300000019-48bfd947-679c-8818-85ec-bf6a7333aa5f"
TestTerraformCompleteExample 2022-03-22T16:59:47Z logger.go:66:                     },
TestTerraformCompleteExample 2022-03-22T16:59:47Z logger.go:66:                 ]
TestTerraformCompleteExample 2022-03-22T16:59:47Z logger.go:66:               - remote_access_security_group_id = ""
TestTerraformCompleteExample 2022-03-22T16:59:47Z logger.go:66:             },
TestTerraformCompleteExample 2022-03-22T16:59:47Z logger.go:66:         ] -> null
TestTerraformCompleteExample 2022-03-22T16:59:47Z logger.go:66:       - status                 = "ACTIVE" -> null
TestTerraformCompleteExample 2022-03-22T16:59:47Z logger.go:66:       - subnet_ids             = [
TestTerraformCompleteExample 2022-03-22T16:59:47Z logger.go:66:           - "subnet-02a34e245fc2cc409",
TestTerraformCompleteExample 2022-03-22T16:59:47Z logger.go:66:           - "subnet-04c75e593a0c457f8",
TestTerraformCompleteExample 2022-03-22T16:59:47Z logger.go:66:           - "subnet-052f6c3ae3574de6b",
TestTerraformCompleteExample 2022-03-22T16:59:47Z logger.go:66:         ] -> null
TestTerraformCompleteExample 2022-03-22T16:59:47Z logger.go:66:       - tags                   = {
TestTerraformCompleteExample 2022-03-22T16:59:47Z logger.go:66:           - "Name" = "foo"
TestTerraformCompleteExample 2022-03-22T16:59:47Z logger.go:66:         } -> null
TestTerraformCompleteExample 2022-03-22T16:59:47Z logger.go:66:       - tags_all               = {
TestTerraformCompleteExample 2022-03-22T16:59:47Z logger.go:66:           - "Example"    = "ex-complete"
TestTerraformCompleteExample 2022-03-22T16:59:47Z logger.go:66:           - "GithubOrg"  = "aidan-melen"
TestTerraformCompleteExample 2022-03-22T16:59:47Z logger.go:66:           - "GithubRepo" = "terraform-aws-eks-auth"
TestTerraformCompleteExample 2022-03-22T16:59:47Z logger.go:66:           - "Name"       = "foo"
TestTerraformCompleteExample 2022-03-22T16:59:47Z logger.go:66:         } -> null
TestTerraformCompleteExample 2022-03-22T16:59:47Z logger.go:66:       - version                = "1.21" -> null
TestTerraformCompleteExample 2022-03-22T16:59:47Z logger.go:66:
TestTerraformCompleteExample 2022-03-22T16:59:47Z logger.go:66:       - launch_template {
TestTerraformCompleteExample 2022-03-22T16:59:47Z logger.go:66:           - id      = "lt-09d4c05a368471446" -> null
TestTerraformCompleteExample 2022-03-22T16:59:47Z logger.go:66:           - name    = "foo-20220322165612785100000015" -> null
TestTerraformCompleteExample 2022-03-22T16:59:47Z logger.go:66:           - version = "1" -> null
TestTerraformCompleteExample 2022-03-22T16:59:47Z logger.go:66:         }
TestTerraformCompleteExample 2022-03-22T16:59:47Z logger.go:66:
TestTerraformCompleteExample 2022-03-22T16:59:47Z logger.go:66:       - scaling_config {
TestTerraformCompleteExample 2022-03-22T16:59:47Z logger.go:66:           - desired_size = 1 -> null
TestTerraformCompleteExample 2022-03-22T16:59:47Z logger.go:66:           - max_size     = 3 -> null
TestTerraformCompleteExample 2022-03-22T16:59:47Z logger.go:66:           - min_size     = 1 -> null
TestTerraformCompleteExample 2022-03-22T16:59:47Z logger.go:66:         }
TestTerraformCompleteExample 2022-03-22T16:59:47Z logger.go:66:
TestTerraformCompleteExample 2022-03-22T16:59:47Z logger.go:66:       - timeouts {}
TestTerraformCompleteExample 2022-03-22T16:59:47Z logger.go:66:
TestTerraformCompleteExample 2022-03-22T16:59:47Z logger.go:66:       - update_config {
TestTerraformCompleteExample 2022-03-22T16:59:47Z logger.go:66:           - max_unavailable            = 1 -> null
TestTerraformCompleteExample 2022-03-22T16:59:47Z logger.go:66:           - max_unavailable_percentage = 0 -> null
TestTerraformCompleteExample 2022-03-22T16:59:47Z logger.go:66:         }
TestTerraformCompleteExample 2022-03-22T16:59:47Z logger.go:66:     }
TestTerraformCompleteExample 2022-03-22T16:59:47Z logger.go:66:
TestTerraformCompleteExample 2022-03-22T16:59:47Z logger.go:66:   # module.eks.module.eks_managed_node_group["foo"].aws_iam_role.this[0] will be destroyed
TestTerraformCompleteExample 2022-03-22T16:59:47Z logger.go:66:   - resource "aws_iam_role" "this" {
TestTerraformCompleteExample 2022-03-22T16:59:47Z logger.go:66:       - arn                   = "arn:aws:iam::11111111111:role/foo-eks-node-group-20220322164526193400000004" -> null
TestTerraformCompleteExample 2022-03-22T16:59:47Z logger.go:66:       - assume_role_policy    = jsonencode(
TestTerraformCompleteExample 2022-03-22T16:59:47Z logger.go:66:             {
TestTerraformCompleteExample 2022-03-22T16:59:47Z logger.go:66:               - Statement = [
TestTerraformCompleteExample 2022-03-22T16:59:47Z logger.go:66:                   - {
TestTerraformCompleteExample 2022-03-22T16:59:47Z logger.go:66:                       - Action    = "sts:AssumeRole"
TestTerraformCompleteExample 2022-03-22T16:59:47Z logger.go:66:                       - Effect    = "Allow"
TestTerraformCompleteExample 2022-03-22T16:59:47Z logger.go:66:                       - Principal = {
TestTerraformCompleteExample 2022-03-22T16:59:47Z logger.go:66:                           - Service = "ec2.amazonaws.com"
TestTerraformCompleteExample 2022-03-22T16:59:47Z logger.go:66:                         }
TestTerraformCompleteExample 2022-03-22T16:59:47Z logger.go:66:                       - Sid       = "EKSNodeAssumeRole"
TestTerraformCompleteExample 2022-03-22T16:59:47Z logger.go:66:                     },
TestTerraformCompleteExample 2022-03-22T16:59:47Z logger.go:66:                 ]
TestTerraformCompleteExample 2022-03-22T16:59:47Z logger.go:66:               - Version   = "2012-10-17"
TestTerraformCompleteExample 2022-03-22T16:59:47Z logger.go:66:             }
TestTerraformCompleteExample 2022-03-22T16:59:47Z logger.go:66:         ) -> null
TestTerraformCompleteExample 2022-03-22T16:59:47Z logger.go:66:       - create_date           = "2022-03-22T16:45:30Z" -> null
TestTerraformCompleteExample 2022-03-22T16:59:47Z logger.go:66:       - description           = "EKS managed node group IAM role" -> null
TestTerraformCompleteExample 2022-03-22T16:59:47Z logger.go:66:       - force_detach_policies = true -> null
TestTerraformCompleteExample 2022-03-22T16:59:47Z logger.go:66:       - id                    = "foo-eks-node-group-20220322164526193400000004" -> null
TestTerraformCompleteExample 2022-03-22T16:59:47Z logger.go:66:       - managed_policy_arns   = [
TestTerraformCompleteExample 2022-03-22T16:59:47Z logger.go:66:           - "arn:aws:iam::aws:policy/AmazonEC2ContainerRegistryReadOnly",
TestTerraformCompleteExample 2022-03-22T16:59:47Z logger.go:66:           - "arn:aws:iam::aws:policy/AmazonEKSWorkerNodePolicy",
TestTerraformCompleteExample 2022-03-22T16:59:47Z logger.go:66:           - "arn:aws:iam::aws:policy/AmazonEKS_CNI_Policy",
TestTerraformCompleteExample 2022-03-22T16:59:47Z logger.go:66:         ] -> null
TestTerraformCompleteExample 2022-03-22T16:59:47Z logger.go:66:       - max_session_duration  = 3600 -> null
TestTerraformCompleteExample 2022-03-22T16:59:47Z logger.go:66:       - name                  = "foo-eks-node-group-20220322164526193400000004" -> null
TestTerraformCompleteExample 2022-03-22T16:59:47Z logger.go:66:       - name_prefix           = "foo-eks-node-group-" -> null
TestTerraformCompleteExample 2022-03-22T16:59:47Z logger.go:66:       - path                  = "/" -> null
TestTerraformCompleteExample 2022-03-22T16:59:47Z logger.go:66:       - tags                  = {} -> null
TestTerraformCompleteExample 2022-03-22T16:59:47Z logger.go:66:       - tags_all              = {
TestTerraformCompleteExample 2022-03-22T16:59:47Z logger.go:66:           - "Example"    = "ex-complete"
TestTerraformCompleteExample 2022-03-22T16:59:47Z logger.go:66:           - "GithubOrg"  = "aidan-melen"
TestTerraformCompleteExample 2022-03-22T16:59:47Z logger.go:66:           - "GithubRepo" = "terraform-aws-eks-auth"
TestTerraformCompleteExample 2022-03-22T16:59:47Z logger.go:66:         } -> null
TestTerraformCompleteExample 2022-03-22T16:59:47Z logger.go:66:       - unique_id             = "AROAUYBJJ5B77VYSRYPLT" -> null
TestTerraformCompleteExample 2022-03-22T16:59:47Z logger.go:66:
TestTerraformCompleteExample 2022-03-22T16:59:47Z logger.go:66:       - inline_policy {}
TestTerraformCompleteExample 2022-03-22T16:59:47Z logger.go:66:     }
TestTerraformCompleteExample 2022-03-22T16:59:47Z logger.go:66:
TestTerraformCompleteExample 2022-03-22T16:59:47Z logger.go:66:   # module.eks.module.eks_managed_node_group["foo"].aws_iam_role_policy_attachment.this["arn:aws:iam::aws:policy/AmazonEC2ContainerRegistryReadOnly"] will be destroyed
TestTerraformCompleteExample 2022-03-22T16:59:47Z logger.go:66:   - resource "aws_iam_role_policy_attachment" "this" {
TestTerraformCompleteExample 2022-03-22T16:59:47Z logger.go:66:       - id         = "foo-eks-node-group-20220322164526193400000004-20220322164527627100000005" -> null
TestTerraformCompleteExample 2022-03-22T16:59:47Z logger.go:66:       - policy_arn = "arn:aws:iam::aws:policy/AmazonEC2ContainerRegistryReadOnly" -> null
TestTerraformCompleteExample 2022-03-22T16:59:47Z logger.go:66:       - role       = "foo-eks-node-group-20220322164526193400000004" -> null
TestTerraformCompleteExample 2022-03-22T16:59:47Z logger.go:66:     }
TestTerraformCompleteExample 2022-03-22T16:59:47Z logger.go:66:
TestTerraformCompleteExample 2022-03-22T16:59:47Z logger.go:66:   # module.eks.module.eks_managed_node_group["foo"].aws_iam_role_policy_attachment.this["arn:aws:iam::aws:policy/AmazonEKSWorkerNodePolicy"] will be destroyed
TestTerraformCompleteExample 2022-03-22T16:59:47Z logger.go:66:   - resource "aws_iam_role_policy_attachment" "this" {
TestTerraformCompleteExample 2022-03-22T16:59:47Z logger.go:66:       - id         = "foo-eks-node-group-20220322164526193400000004-20220322164527645600000007" -> null
TestTerraformCompleteExample 2022-03-22T16:59:47Z logger.go:66:       - policy_arn = "arn:aws:iam::aws:policy/AmazonEKSWorkerNodePolicy" -> null
TestTerraformCompleteExample 2022-03-22T16:59:47Z logger.go:66:       - role       = "foo-eks-node-group-20220322164526193400000004" -> null
TestTerraformCompleteExample 2022-03-22T16:59:47Z logger.go:66:     }
TestTerraformCompleteExample 2022-03-22T16:59:47Z logger.go:66:
TestTerraformCompleteExample 2022-03-22T16:59:47Z logger.go:66:   # module.eks.module.eks_managed_node_group["foo"].aws_iam_role_policy_attachment.this["arn:aws:iam::aws:policy/AmazonEKS_CNI_Policy"] will be destroyed
TestTerraformCompleteExample 2022-03-22T16:59:47Z logger.go:66:   - resource "aws_iam_role_policy_attachment" "this" {
TestTerraformCompleteExample 2022-03-22T16:59:47Z logger.go:66:       - id         = "foo-eks-node-group-20220322164526193400000004-20220322164527734900000009" -> null
TestTerraformCompleteExample 2022-03-22T16:59:47Z logger.go:66:       - policy_arn = "arn:aws:iam::aws:policy/AmazonEKS_CNI_Policy" -> null
TestTerraformCompleteExample 2022-03-22T16:59:47Z logger.go:66:       - role       = "foo-eks-node-group-20220322164526193400000004" -> null
TestTerraformCompleteExample 2022-03-22T16:59:47Z logger.go:66:     }
TestTerraformCompleteExample 2022-03-22T16:59:47Z logger.go:66:
TestTerraformCompleteExample 2022-03-22T16:59:47Z logger.go:66:   # module.eks.module.eks_managed_node_group["foo"].aws_launch_template.this[0] will be destroyed
TestTerraformCompleteExample 2022-03-22T16:59:47Z logger.go:66:   - resource "aws_launch_template" "this" {
TestTerraformCompleteExample 2022-03-22T16:59:47Z logger.go:66:       - arn                     = "arn:aws:ec2:us-west-2:11111111111:launch-template/lt-09d4c05a368471446" -> null
TestTerraformCompleteExample 2022-03-22T16:59:47Z logger.go:66:       - default_version         = 1 -> null
TestTerraformCompleteExample 2022-03-22T16:59:47Z logger.go:66:       - description             = "Custom launch template for foo EKS managed node group" -> null
TestTerraformCompleteExample 2022-03-22T16:59:47Z logger.go:66:       - disable_api_termination = false -> null
TestTerraformCompleteExample 2022-03-22T16:59:47Z logger.go:66:       - id                      = "lt-09d4c05a368471446" -> null
TestTerraformCompleteExample 2022-03-22T16:59:47Z logger.go:66:       - latest_version          = 1 -> null
TestTerraformCompleteExample 2022-03-22T16:59:47Z logger.go:66:       - name                    = "foo-20220322165612785100000015" -> null
TestTerraformCompleteExample 2022-03-22T16:59:47Z logger.go:66:       - name_prefix             = "foo-" -> null
TestTerraformCompleteExample 2022-03-22T16:59:47Z logger.go:66:       - security_group_names    = [] -> null
TestTerraformCompleteExample 2022-03-22T16:59:47Z logger.go:66:       - tags                    = {} -> null
TestTerraformCompleteExample 2022-03-22T16:59:47Z logger.go:66:       - tags_all                = {
TestTerraformCompleteExample 2022-03-22T16:59:47Z logger.go:66:           - "Example"    = "ex-complete"
TestTerraformCompleteExample 2022-03-22T16:59:47Z logger.go:66:           - "GithubOrg"  = "aidan-melen"
TestTerraformCompleteExample 2022-03-22T16:59:47Z logger.go:66:           - "GithubRepo" = "terraform-aws-eks-auth"
TestTerraformCompleteExample 2022-03-22T16:59:47Z logger.go:66:         } -> null
TestTerraformCompleteExample 2022-03-22T16:59:47Z logger.go:66:       - update_default_version  = true -> null
TestTerraformCompleteExample 2022-03-22T16:59:47Z logger.go:66:       - vpc_security_group_ids  = [
TestTerraformCompleteExample 2022-03-22T16:59:47Z logger.go:66:           - "sg-00e6648082f5e3188",
TestTerraformCompleteExample 2022-03-22T16:59:47Z logger.go:66:           - "sg-05c945c8db9060585",
TestTerraformCompleteExample 2022-03-22T16:59:47Z logger.go:66:         ] -> null
TestTerraformCompleteExample 2022-03-22T16:59:47Z logger.go:66:
TestTerraformCompleteExample 2022-03-22T16:59:47Z logger.go:66:       - metadata_options {
TestTerraformCompleteExample 2022-03-22T16:59:47Z logger.go:66:           - http_endpoint               = "enabled" -> null
TestTerraformCompleteExample 2022-03-22T16:59:47Z logger.go:66:           - http_protocol_ipv6          = "disabled" -> null
TestTerraformCompleteExample 2022-03-22T16:59:47Z logger.go:66:           - http_put_response_hop_limit = 2 -> null
TestTerraformCompleteExample 2022-03-22T16:59:47Z logger.go:66:           - http_tokens                 = "required" -> null
TestTerraformCompleteExample 2022-03-22T16:59:47Z logger.go:66:           - instance_metadata_tags      = "disabled" -> null
TestTerraformCompleteExample 2022-03-22T16:59:47Z logger.go:66:         }
TestTerraformCompleteExample 2022-03-22T16:59:47Z logger.go:66:
TestTerraformCompleteExample 2022-03-22T16:59:47Z logger.go:66:       - monitoring {
TestTerraformCompleteExample 2022-03-22T16:59:47Z logger.go:66:           - enabled = true -> null
TestTerraformCompleteExample 2022-03-22T16:59:47Z logger.go:66:         }
TestTerraformCompleteExample 2022-03-22T16:59:47Z logger.go:66:
TestTerraformCompleteExample 2022-03-22T16:59:47Z logger.go:66:       - tag_specifications {
TestTerraformCompleteExample 2022-03-22T16:59:47Z logger.go:66:           - resource_type = "instance" -> null
TestTerraformCompleteExample 2022-03-22T16:59:47Z logger.go:66:           - tags          = {
TestTerraformCompleteExample 2022-03-22T16:59:47Z logger.go:66:               - "Name" = "foo"
TestTerraformCompleteExample 2022-03-22T16:59:47Z logger.go:66:             } -> null
TestTerraformCompleteExample 2022-03-22T16:59:47Z logger.go:66:         }
TestTerraformCompleteExample 2022-03-22T16:59:47Z logger.go:66:       - tag_specifications {
TestTerraformCompleteExample 2022-03-22T16:59:47Z logger.go:66:           - resource_type = "network-interface" -> null
TestTerraformCompleteExample 2022-03-22T16:59:47Z logger.go:66:           - tags          = {
TestTerraformCompleteExample 2022-03-22T16:59:47Z logger.go:66:               - "Name" = "foo"
TestTerraformCompleteExample 2022-03-22T16:59:47Z logger.go:66:             } -> null
TestTerraformCompleteExample 2022-03-22T16:59:47Z logger.go:66:         }
TestTerraformCompleteExample 2022-03-22T16:59:47Z logger.go:66:       - tag_specifications {
TestTerraformCompleteExample 2022-03-22T16:59:47Z logger.go:66:           - resource_type = "volume" -> null
TestTerraformCompleteExample 2022-03-22T16:59:47Z logger.go:66:           - tags          = {
TestTerraformCompleteExample 2022-03-22T16:59:47Z logger.go:66:               - "Name" = "foo"
TestTerraformCompleteExample 2022-03-22T16:59:47Z logger.go:66:             } -> null
TestTerraformCompleteExample 2022-03-22T16:59:47Z logger.go:66:         }
TestTerraformCompleteExample 2022-03-22T16:59:47Z logger.go:66:     }
TestTerraformCompleteExample 2022-03-22T16:59:47Z logger.go:66:
TestTerraformCompleteExample 2022-03-22T16:59:47Z logger.go:66:   # module.eks.module.eks_managed_node_group["foo"].aws_security_group.this[0] will be destroyed
TestTerraformCompleteExample 2022-03-22T16:59:47Z logger.go:66:   - resource "aws_security_group" "this" {
TestTerraformCompleteExample 2022-03-22T16:59:47Z logger.go:66:       - arn                    = "arn:aws:ec2:us-west-2:11111111111:security-group/sg-00e6648082f5e3188" -> null
TestTerraformCompleteExample 2022-03-22T16:59:47Z logger.go:66:       - description            = "EKS managed node group security group" -> null
TestTerraformCompleteExample 2022-03-22T16:59:47Z logger.go:66:       - egress                 = [] -> null
TestTerraformCompleteExample 2022-03-22T16:59:47Z logger.go:66:       - id                     = "sg-00e6648082f5e3188" -> null
TestTerraformCompleteExample 2022-03-22T16:59:47Z logger.go:66:       - ingress                = [] -> null
TestTerraformCompleteExample 2022-03-22T16:59:47Z logger.go:66:       - name                   = "foo-eks-node-group-20220322164539185000000013" -> null
TestTerraformCompleteExample 2022-03-22T16:59:47Z logger.go:66:       - name_prefix            = "foo-eks-node-group-" -> null
TestTerraformCompleteExample 2022-03-22T16:59:47Z logger.go:66:       - owner_id               = "11111111111" -> null
TestTerraformCompleteExample 2022-03-22T16:59:47Z logger.go:66:       - revoke_rules_on_delete = false -> null
TestTerraformCompleteExample 2022-03-22T16:59:47Z logger.go:66:       - tags                   = {
TestTerraformCompleteExample 2022-03-22T16:59:47Z logger.go:66:           - "Name" = "foo-eks-node-group"
TestTerraformCompleteExample 2022-03-22T16:59:47Z logger.go:66:         } -> null
TestTerraformCompleteExample 2022-03-22T16:59:47Z logger.go:66:       - tags_all               = {
TestTerraformCompleteExample 2022-03-22T16:59:47Z logger.go:66:           - "Example"    = "ex-complete"
TestTerraformCompleteExample 2022-03-22T16:59:47Z logger.go:66:           - "GithubOrg"  = "aidan-melen"
TestTerraformCompleteExample 2022-03-22T16:59:47Z logger.go:66:           - "GithubRepo" = "terraform-aws-eks-auth"
TestTerraformCompleteExample 2022-03-22T16:59:47Z logger.go:66:           - "Name"       = "foo-eks-node-group"
TestTerraformCompleteExample 2022-03-22T16:59:47Z logger.go:66:         } -> null
TestTerraformCompleteExample 2022-03-22T16:59:47Z logger.go:66:       - vpc_id                 = "vpc-095ec8e5b71fefea7" -> null
TestTerraformCompleteExample 2022-03-22T16:59:47Z logger.go:66:     }
TestTerraformCompleteExample 2022-03-22T16:59:47Z logger.go:66:
TestTerraformCompleteExample 2022-03-22T16:59:47Z logger.go:66:   # module.eks.module.fargate_profile["bar"].aws_eks_fargate_profile.this[0] will be destroyed
TestTerraformCompleteExample 2022-03-22T16:59:47Z logger.go:66:   - resource "aws_eks_fargate_profile" "this" {
TestTerraformCompleteExample 2022-03-22T16:59:47Z logger.go:66:       - arn                    = "arn:aws:eks:us-west-2:11111111111:fargateprofile/ex-complete/bar/80bfd947-65d9-1034-bfac-400da8fbb426" -> null
TestTerraformCompleteExample 2022-03-22T16:59:47Z logger.go:66:       - cluster_name           = "ex-complete" -> null
TestTerraformCompleteExample 2022-03-22T16:59:47Z logger.go:66:       - fargate_profile_name   = "bar" -> null
TestTerraformCompleteExample 2022-03-22T16:59:47Z logger.go:66:       - id                     = "ex-complete:bar" -> null
TestTerraformCompleteExample 2022-03-22T16:59:47Z logger.go:66:       - pod_execution_role_arn = "arn:aws:iam::11111111111:role/bar-20220322164526193400000003" -> null
TestTerraformCompleteExample 2022-03-22T16:59:47Z logger.go:66:       - status                 = "ACTIVE" -> null
TestTerraformCompleteExample 2022-03-22T16:59:47Z logger.go:66:       - subnet_ids             = [
TestTerraformCompleteExample 2022-03-22T16:59:47Z logger.go:66:           - "subnet-02a34e245fc2cc409",
TestTerraformCompleteExample 2022-03-22T16:59:47Z logger.go:66:           - "subnet-04c75e593a0c457f8",
TestTerraformCompleteExample 2022-03-22T16:59:47Z logger.go:66:           - "subnet-052f6c3ae3574de6b",
TestTerraformCompleteExample 2022-03-22T16:59:47Z logger.go:66:         ] -> null
TestTerraformCompleteExample 2022-03-22T16:59:47Z logger.go:66:       - tags                   = {} -> null
TestTerraformCompleteExample 2022-03-22T16:59:47Z logger.go:66:       - tags_all               = {
TestTerraformCompleteExample 2022-03-22T16:59:47Z logger.go:66:           - "Example"    = "ex-complete"
TestTerraformCompleteExample 2022-03-22T16:59:47Z logger.go:66:           - "GithubOrg"  = "aidan-melen"
TestTerraformCompleteExample 2022-03-22T16:59:47Z logger.go:66:           - "GithubRepo" = "terraform-aws-eks-auth"
TestTerraformCompleteExample 2022-03-22T16:59:47Z logger.go:66:         } -> null
TestTerraformCompleteExample 2022-03-22T16:59:47Z logger.go:66:
TestTerraformCompleteExample 2022-03-22T16:59:47Z logger.go:66:       - selector {
TestTerraformCompleteExample 2022-03-22T16:59:47Z logger.go:66:           - labels    = {} -> null
TestTerraformCompleteExample 2022-03-22T16:59:47Z logger.go:66:           - namespace = "bar" -> null
TestTerraformCompleteExample 2022-03-22T16:59:47Z logger.go:66:         }
TestTerraformCompleteExample 2022-03-22T16:59:47Z logger.go:66:
TestTerraformCompleteExample 2022-03-22T16:59:47Z logger.go:66:       - timeouts {}
TestTerraformCompleteExample 2022-03-22T16:59:47Z logger.go:66:     }
TestTerraformCompleteExample 2022-03-22T16:59:47Z logger.go:66:
TestTerraformCompleteExample 2022-03-22T16:59:47Z logger.go:66:   # module.eks.module.fargate_profile["bar"].aws_iam_role.this[0] will be destroyed
TestTerraformCompleteExample 2022-03-22T16:59:47Z logger.go:66:   - resource "aws_iam_role" "this" {
TestTerraformCompleteExample 2022-03-22T16:59:47Z logger.go:66:       - arn                   = "arn:aws:iam::11111111111:role/bar-20220322164526193400000003" -> null
TestTerraformCompleteExample 2022-03-22T16:59:47Z logger.go:66:       - assume_role_policy    = jsonencode(
TestTerraformCompleteExample 2022-03-22T16:59:47Z logger.go:66:             {
TestTerraformCompleteExample 2022-03-22T16:59:47Z logger.go:66:               - Statement = [
TestTerraformCompleteExample 2022-03-22T16:59:47Z logger.go:66:                   - {
TestTerraformCompleteExample 2022-03-22T16:59:47Z logger.go:66:                       - Action    = "sts:AssumeRole"
TestTerraformCompleteExample 2022-03-22T16:59:47Z logger.go:66:                       - Effect    = "Allow"
TestTerraformCompleteExample 2022-03-22T16:59:47Z logger.go:66:                       - Principal = {
TestTerraformCompleteExample 2022-03-22T16:59:47Z logger.go:66:                           - Service = "eks-fargate-pods.amazonaws.com"
TestTerraformCompleteExample 2022-03-22T16:59:47Z logger.go:66:                         }
TestTerraformCompleteExample 2022-03-22T16:59:47Z logger.go:66:                       - Sid       = ""
TestTerraformCompleteExample 2022-03-22T16:59:47Z logger.go:66:                     },
TestTerraformCompleteExample 2022-03-22T16:59:47Z logger.go:66:                 ]
TestTerraformCompleteExample 2022-03-22T16:59:47Z logger.go:66:               - Version   = "2012-10-17"
TestTerraformCompleteExample 2022-03-22T16:59:47Z logger.go:66:             }
TestTerraformCompleteExample 2022-03-22T16:59:47Z logger.go:66:         ) -> null
TestTerraformCompleteExample 2022-03-22T16:59:47Z logger.go:66:       - create_date           = "2022-03-22T16:45:30Z" -> null
TestTerraformCompleteExample 2022-03-22T16:59:47Z logger.go:66:       - description           = "Fargate profile IAM role" -> null
TestTerraformCompleteExample 2022-03-22T16:59:47Z logger.go:66:       - force_detach_policies = true -> null
TestTerraformCompleteExample 2022-03-22T16:59:47Z logger.go:66:       - id                    = "bar-20220322164526193400000003" -> null
TestTerraformCompleteExample 2022-03-22T16:59:47Z logger.go:66:       - managed_policy_arns   = [
TestTerraformCompleteExample 2022-03-22T16:59:47Z logger.go:66:           - "arn:aws:iam::aws:policy/AmazonEKSFargatePodExecutionRolePolicy",
TestTerraformCompleteExample 2022-03-22T16:59:47Z logger.go:66:           - "arn:aws:iam::aws:policy/AmazonEKS_CNI_Policy",
TestTerraformCompleteExample 2022-03-22T16:59:47Z logger.go:66:         ] -> null
TestTerraformCompleteExample 2022-03-22T16:59:47Z logger.go:66:       - max_session_duration  = 3600 -> null
TestTerraformCompleteExample 2022-03-22T16:59:47Z logger.go:66:       - name                  = "bar-20220322164526193400000003" -> null
TestTerraformCompleteExample 2022-03-22T16:59:47Z logger.go:66:       - name_prefix           = "bar-" -> null
TestTerraformCompleteExample 2022-03-22T16:59:47Z logger.go:66:       - path                  = "/" -> null
TestTerraformCompleteExample 2022-03-22T16:59:47Z logger.go:66:       - tags                  = {} -> null
TestTerraformCompleteExample 2022-03-22T16:59:47Z logger.go:66:       - tags_all              = {
TestTerraformCompleteExample 2022-03-22T16:59:47Z logger.go:66:           - "Example"    = "ex-complete"
TestTerraformCompleteExample 2022-03-22T16:59:47Z logger.go:66:           - "GithubOrg"  = "aidan-melen"
TestTerraformCompleteExample 2022-03-22T16:59:47Z logger.go:66:           - "GithubRepo" = "terraform-aws-eks-auth"
TestTerraformCompleteExample 2022-03-22T16:59:47Z logger.go:66:         } -> null
TestTerraformCompleteExample 2022-03-22T16:59:47Z logger.go:66:       - unique_id             = "AROAUYBJJ5B77GGROPXCO" -> null
TestTerraformCompleteExample 2022-03-22T16:59:47Z logger.go:66:
TestTerraformCompleteExample 2022-03-22T16:59:47Z logger.go:66:       - inline_policy {}
TestTerraformCompleteExample 2022-03-22T16:59:47Z logger.go:66:     }
TestTerraformCompleteExample 2022-03-22T16:59:47Z logger.go:66:
TestTerraformCompleteExample 2022-03-22T16:59:47Z logger.go:66:   # module.eks.module.fargate_profile["bar"].aws_iam_role_policy_attachment.this["arn:aws:iam::aws:policy/AmazonEKSFargatePodExecutionRolePolicy"] will be destroyed
TestTerraformCompleteExample 2022-03-22T16:59:47Z logger.go:66:   - resource "aws_iam_role_policy_attachment" "this" {
TestTerraformCompleteExample 2022-03-22T16:59:47Z logger.go:66:       - id         = "bar-20220322164526193400000003-20220322164527642700000006" -> null
TestTerraformCompleteExample 2022-03-22T16:59:47Z logger.go:66:       - policy_arn = "arn:aws:iam::aws:policy/AmazonEKSFargatePodExecutionRolePolicy" -> null
TestTerraformCompleteExample 2022-03-22T16:59:47Z logger.go:66:       - role       = "bar-20220322164526193400000003" -> null
TestTerraformCompleteExample 2022-03-22T16:59:47Z logger.go:66:     }
TestTerraformCompleteExample 2022-03-22T16:59:47Z logger.go:66:
TestTerraformCompleteExample 2022-03-22T16:59:47Z logger.go:66:   # module.eks.module.fargate_profile["bar"].aws_iam_role_policy_attachment.this["arn:aws:iam::aws:policy/AmazonEKS_CNI_Policy"] will be destroyed
TestTerraformCompleteExample 2022-03-22T16:59:47Z logger.go:66:   - resource "aws_iam_role_policy_attachment" "this" {
TestTerraformCompleteExample 2022-03-22T16:59:47Z logger.go:66:       - id         = "bar-20220322164526193400000003-2022032216452774850000000a" -> null
TestTerraformCompleteExample 2022-03-22T16:59:47Z logger.go:66:       - policy_arn = "arn:aws:iam::aws:policy/AmazonEKS_CNI_Policy" -> null
TestTerraformCompleteExample 2022-03-22T16:59:47Z logger.go:66:       - role       = "bar-20220322164526193400000003" -> null
TestTerraformCompleteExample 2022-03-22T16:59:47Z logger.go:66:     }
TestTerraformCompleteExample 2022-03-22T16:59:47Z logger.go:66:
TestTerraformCompleteExample 2022-03-22T16:59:47Z logger.go:66:   # module.eks.module.self_managed_node_group["boo"].aws_autoscaling_group.this[0] will be destroyed
TestTerraformCompleteExample 2022-03-22T16:59:47Z logger.go:66:   - resource "aws_autoscaling_group" "this" {
TestTerraformCompleteExample 2022-03-22T16:59:47Z logger.go:66:       - arn                       = "arn:aws:autoscaling:us-west-2:11111111111:autoScalingGroup:ba31cf60-be2d-41fd-b8c0-1ef47752f37a:autoScalingGroupName/boo-2022032216561367460000001b" -> null
TestTerraformCompleteExample 2022-03-22T16:59:47Z logger.go:66:       - availability_zones        = [
TestTerraformCompleteExample 2022-03-22T16:59:47Z logger.go:66:           - "us-west-2a",
TestTerraformCompleteExample 2022-03-22T16:59:47Z logger.go:66:           - "us-west-2b",
TestTerraformCompleteExample 2022-03-22T16:59:47Z logger.go:66:           - "us-west-2c",
TestTerraformCompleteExample 2022-03-22T16:59:47Z logger.go:66:         ] -> null
TestTerraformCompleteExample 2022-03-22T16:59:47Z logger.go:66:       - capacity_rebalance        = false -> null
TestTerraformCompleteExample 2022-03-22T16:59:47Z logger.go:66:       - default_cooldown          = 300 -> null
TestTerraformCompleteExample 2022-03-22T16:59:47Z logger.go:66:       - desired_capacity          = 1 -> null
TestTerraformCompleteExample 2022-03-22T16:59:47Z logger.go:66:       - enabled_metrics           = [] -> null
TestTerraformCompleteExample 2022-03-22T16:59:47Z logger.go:66:       - force_delete              = false -> null
TestTerraformCompleteExample 2022-03-22T16:59:47Z logger.go:66:       - force_delete_warm_pool    = false -> null
TestTerraformCompleteExample 2022-03-22T16:59:47Z logger.go:66:       - health_check_grace_period = 300 -> null
TestTerraformCompleteExample 2022-03-22T16:59:47Z logger.go:66:       - health_check_type         = "EC2" -> null
TestTerraformCompleteExample 2022-03-22T16:59:47Z logger.go:66:       - id                        = "boo-2022032216561367460000001b" -> null
TestTerraformCompleteExample 2022-03-22T16:59:47Z logger.go:66:       - load_balancers            = [] -> null
TestTerraformCompleteExample 2022-03-22T16:59:47Z logger.go:66:       - max_instance_lifetime     = 0 -> null
TestTerraformCompleteExample 2022-03-22T16:59:47Z logger.go:66:       - max_size                  = 3 -> null
TestTerraformCompleteExample 2022-03-22T16:59:47Z logger.go:66:       - metrics_granularity       = "1Minute" -> null
TestTerraformCompleteExample 2022-03-22T16:59:47Z logger.go:66:       - min_size                  = 0 -> null
TestTerraformCompleteExample 2022-03-22T16:59:47Z logger.go:66:       - name                      = "boo-2022032216561367460000001b" -> null
TestTerraformCompleteExample 2022-03-22T16:59:47Z logger.go:66:       - name_prefix               = "boo-" -> null
TestTerraformCompleteExample 2022-03-22T16:59:47Z logger.go:66:       - protect_from_scale_in     = false -> null
TestTerraformCompleteExample 2022-03-22T16:59:47Z logger.go:66:       - service_linked_role_arn   = "arn:aws:iam::11111111111:role/aws-service-role/autoscaling.amazonaws.com/AWSServiceRoleForAutoScaling" -> null
TestTerraformCompleteExample 2022-03-22T16:59:47Z logger.go:66:       - suspended_processes       = [] -> null
TestTerraformCompleteExample 2022-03-22T16:59:47Z logger.go:66:       - target_group_arns         = [] -> null
TestTerraformCompleteExample 2022-03-22T16:59:47Z logger.go:66:       - termination_policies      = [] -> null
TestTerraformCompleteExample 2022-03-22T16:59:47Z logger.go:66:       - vpc_zone_identifier       = [
TestTerraformCompleteExample 2022-03-22T16:59:47Z logger.go:66:           - "subnet-02a34e245fc2cc409",
TestTerraformCompleteExample 2022-03-22T16:59:47Z logger.go:66:           - "subnet-04c75e593a0c457f8",
TestTerraformCompleteExample 2022-03-22T16:59:47Z logger.go:66:           - "subnet-052f6c3ae3574de6b",
TestTerraformCompleteExample 2022-03-22T16:59:47Z logger.go:66:         ] -> null
TestTerraformCompleteExample 2022-03-22T16:59:47Z logger.go:66:       - wait_for_capacity_timeout = "10m" -> null
TestTerraformCompleteExample 2022-03-22T16:59:47Z logger.go:66:
TestTerraformCompleteExample 2022-03-22T16:59:47Z logger.go:66:       - launch_template {
TestTerraformCompleteExample 2022-03-22T16:59:47Z logger.go:66:           - id      = "lt-089ca2a393e2a30df" -> null
TestTerraformCompleteExample 2022-03-22T16:59:47Z logger.go:66:           - name    = "boo-20220322165612789800000017" -> null
TestTerraformCompleteExample 2022-03-22T16:59:47Z logger.go:66:           - version = "1" -> null
TestTerraformCompleteExample 2022-03-22T16:59:47Z logger.go:66:         }
TestTerraformCompleteExample 2022-03-22T16:59:47Z logger.go:66:
TestTerraformCompleteExample 2022-03-22T16:59:47Z logger.go:66:       - tag {
TestTerraformCompleteExample 2022-03-22T16:59:47Z logger.go:66:           - key                 = "Name" -> null
TestTerraformCompleteExample 2022-03-22T16:59:47Z logger.go:66:           - propagate_at_launch = true -> null
TestTerraformCompleteExample 2022-03-22T16:59:47Z logger.go:66:           - value               = "boo" -> null
TestTerraformCompleteExample 2022-03-22T16:59:47Z logger.go:66:         }
TestTerraformCompleteExample 2022-03-22T16:59:47Z logger.go:66:       - tag {
TestTerraformCompleteExample 2022-03-22T16:59:47Z logger.go:66:           - key                 = "k8s.io/cluster/ex-complete" -> null
TestTerraformCompleteExample 2022-03-22T16:59:47Z logger.go:66:           - propagate_at_launch = true -> null
TestTerraformCompleteExample 2022-03-22T16:59:47Z logger.go:66:           - value               = "owned" -> null
TestTerraformCompleteExample 2022-03-22T16:59:47Z logger.go:66:         }
TestTerraformCompleteExample 2022-03-22T16:59:47Z logger.go:66:       - tag {
TestTerraformCompleteExample 2022-03-22T16:59:47Z logger.go:66:           - key                 = "kubernetes.io/cluster/ex-complete" -> null
TestTerraformCompleteExample 2022-03-22T16:59:47Z logger.go:66:           - propagate_at_launch = true -> null
TestTerraformCompleteExample 2022-03-22T16:59:47Z logger.go:66:           - value               = "owned" -> null
TestTerraformCompleteExample 2022-03-22T16:59:47Z logger.go:66:         }
TestTerraformCompleteExample 2022-03-22T16:59:47Z logger.go:66:
TestTerraformCompleteExample 2022-03-22T16:59:47Z logger.go:66:       - timeouts {}
TestTerraformCompleteExample 2022-03-22T16:59:47Z logger.go:66:     }
TestTerraformCompleteExample 2022-03-22T16:59:47Z logger.go:66:
TestTerraformCompleteExample 2022-03-22T16:59:47Z logger.go:66:   # module.eks.module.self_managed_node_group["boo"].aws_iam_instance_profile.this[0] will be destroyed
TestTerraformCompleteExample 2022-03-22T16:59:47Z logger.go:66:   - resource "aws_iam_instance_profile" "this" {
TestTerraformCompleteExample 2022-03-22T16:59:47Z logger.go:66:       - arn         = "arn:aws:iam::11111111111:instance-profile/boo-node-group-2022032216452786200000000e" -> null
TestTerraformCompleteExample 2022-03-22T16:59:47Z logger.go:66:       - create_date = "2022-03-22T16:45:32Z" -> null
TestTerraformCompleteExample 2022-03-22T16:59:47Z logger.go:66:       - id          = "boo-node-group-2022032216452786200000000e" -> null
TestTerraformCompleteExample 2022-03-22T16:59:47Z logger.go:66:       - name        = "boo-node-group-2022032216452786200000000e" -> null
TestTerraformCompleteExample 2022-03-22T16:59:47Z logger.go:66:       - name_prefix = "boo-node-group-" -> null
TestTerraformCompleteExample 2022-03-22T16:59:47Z logger.go:66:       - path        = "/" -> null
TestTerraformCompleteExample 2022-03-22T16:59:47Z logger.go:66:       - role        = "boo-node-group-20220322164526180300000002" -> null
TestTerraformCompleteExample 2022-03-22T16:59:47Z logger.go:66:       - tags        = {} -> null
TestTerraformCompleteExample 2022-03-22T16:59:47Z logger.go:66:       - tags_all    = {
TestTerraformCompleteExample 2022-03-22T16:59:47Z logger.go:66:           - "Example"    = "ex-complete"
TestTerraformCompleteExample 2022-03-22T16:59:47Z logger.go:66:           - "GithubOrg"  = "aidan-melen"
TestTerraformCompleteExample 2022-03-22T16:59:47Z logger.go:66:           - "GithubRepo" = "terraform-aws-eks-auth"
TestTerraformCompleteExample 2022-03-22T16:59:47Z logger.go:66:         } -> null
TestTerraformCompleteExample 2022-03-22T16:59:47Z logger.go:66:       - unique_id   = "AIPAUYBJJ5B7266TPGABW" -> null
TestTerraformCompleteExample 2022-03-22T16:59:47Z logger.go:66:     }
TestTerraformCompleteExample 2022-03-22T16:59:47Z logger.go:66:
TestTerraformCompleteExample 2022-03-22T16:59:47Z logger.go:66:   # module.eks.module.self_managed_node_group["boo"].aws_iam_role.this[0] will be destroyed
TestTerraformCompleteExample 2022-03-22T16:59:47Z logger.go:66:   - resource "aws_iam_role" "this" {
TestTerraformCompleteExample 2022-03-22T16:59:47Z logger.go:66:       - arn                   = "arn:aws:iam::11111111111:role/boo-node-group-20220322164526180300000002" -> null
TestTerraformCompleteExample 2022-03-22T16:59:47Z logger.go:66:       - assume_role_policy    = jsonencode(
TestTerraformCompleteExample 2022-03-22T16:59:47Z logger.go:66:             {
TestTerraformCompleteExample 2022-03-22T16:59:47Z logger.go:66:               - Statement = [
TestTerraformCompleteExample 2022-03-22T16:59:47Z logger.go:66:                   - {
TestTerraformCompleteExample 2022-03-22T16:59:47Z logger.go:66:                       - Action    = "sts:AssumeRole"
TestTerraformCompleteExample 2022-03-22T16:59:47Z logger.go:66:                       - Effect    = "Allow"
TestTerraformCompleteExample 2022-03-22T16:59:47Z logger.go:66:                       - Principal = {
TestTerraformCompleteExample 2022-03-22T16:59:47Z logger.go:66:                           - Service = "ec2.amazonaws.com"
TestTerraformCompleteExample 2022-03-22T16:59:47Z logger.go:66:                         }
TestTerraformCompleteExample 2022-03-22T16:59:47Z logger.go:66:                       - Sid       = "EKSNodeAssumeRole"
TestTerraformCompleteExample 2022-03-22T16:59:47Z logger.go:66:                     },
TestTerraformCompleteExample 2022-03-22T16:59:47Z logger.go:66:                 ]
TestTerraformCompleteExample 2022-03-22T16:59:47Z logger.go:66:               - Version   = "2012-10-17"
TestTerraformCompleteExample 2022-03-22T16:59:47Z logger.go:66:             }
TestTerraformCompleteExample 2022-03-22T16:59:47Z logger.go:66:         ) -> null
TestTerraformCompleteExample 2022-03-22T16:59:47Z logger.go:66:       - create_date           = "2022-03-22T16:45:30Z" -> null
TestTerraformCompleteExample 2022-03-22T16:59:47Z logger.go:66:       - description           = "Self managed node group IAM role" -> null
TestTerraformCompleteExample 2022-03-22T16:59:47Z logger.go:66:       - force_detach_policies = true -> null
TestTerraformCompleteExample 2022-03-22T16:59:47Z logger.go:66:       - id                    = "boo-node-group-20220322164526180300000002" -> null
TestTerraformCompleteExample 2022-03-22T16:59:47Z logger.go:66:       - managed_policy_arns   = [
TestTerraformCompleteExample 2022-03-22T16:59:47Z logger.go:66:           - "arn:aws:iam::aws:policy/AmazonEC2ContainerRegistryReadOnly",
TestTerraformCompleteExample 2022-03-22T16:59:47Z logger.go:66:           - "arn:aws:iam::aws:policy/AmazonEKSWorkerNodePolicy",
TestTerraformCompleteExample 2022-03-22T16:59:47Z logger.go:66:           - "arn:aws:iam::aws:policy/AmazonEKS_CNI_Policy",
TestTerraformCompleteExample 2022-03-22T16:59:47Z logger.go:66:         ] -> null
TestTerraformCompleteExample 2022-03-22T16:59:47Z logger.go:66:       - max_session_duration  = 3600 -> null
TestTerraformCompleteExample 2022-03-22T16:59:47Z logger.go:66:       - name                  = "boo-node-group-20220322164526180300000002" -> null
TestTerraformCompleteExample 2022-03-22T16:59:47Z logger.go:66:       - name_prefix           = "boo-node-group-" -> null
TestTerraformCompleteExample 2022-03-22T16:59:47Z logger.go:66:       - path                  = "/" -> null
TestTerraformCompleteExample 2022-03-22T16:59:47Z logger.go:66:       - tags                  = {} -> null
TestTerraformCompleteExample 2022-03-22T16:59:47Z logger.go:66:       - tags_all              = {
TestTerraformCompleteExample 2022-03-22T16:59:47Z logger.go:66:           - "Example"    = "ex-complete"
TestTerraformCompleteExample 2022-03-22T16:59:47Z logger.go:66:           - "GithubOrg"  = "aidan-melen"
TestTerraformCompleteExample 2022-03-22T16:59:47Z logger.go:66:           - "GithubRepo" = "terraform-aws-eks-auth"
TestTerraformCompleteExample 2022-03-22T16:59:47Z logger.go:66:         } -> null
TestTerraformCompleteExample 2022-03-22T16:59:47Z logger.go:66:       - unique_id             = "AROAUYBJJ5B74RL3TMAUP" -> null
TestTerraformCompleteExample 2022-03-22T16:59:47Z logger.go:66:
TestTerraformCompleteExample 2022-03-22T16:59:47Z logger.go:66:       - inline_policy {}
TestTerraformCompleteExample 2022-03-22T16:59:47Z logger.go:66:     }
TestTerraformCompleteExample 2022-03-22T16:59:47Z logger.go:66:
TestTerraformCompleteExample 2022-03-22T16:59:47Z logger.go:66:   # module.eks.module.self_managed_node_group["boo"].aws_iam_role_policy_attachment.this["arn:aws:iam::aws:policy/AmazonEC2ContainerRegistryReadOnly"] will be destroyed
TestTerraformCompleteExample 2022-03-22T16:59:47Z logger.go:66:   - resource "aws_iam_role_policy_attachment" "this" {
TestTerraformCompleteExample 2022-03-22T16:59:47Z logger.go:66:       - id         = "boo-node-group-20220322164526180300000002-2022032216452799260000000f" -> null
TestTerraformCompleteExample 2022-03-22T16:59:47Z logger.go:66:       - policy_arn = "arn:aws:iam::aws:policy/AmazonEC2ContainerRegistryReadOnly" -> null
TestTerraformCompleteExample 2022-03-22T16:59:47Z logger.go:66:       - role       = "boo-node-group-20220322164526180300000002" -> null
TestTerraformCompleteExample 2022-03-22T16:59:47Z logger.go:66:     }
TestTerraformCompleteExample 2022-03-22T16:59:47Z logger.go:66:
TestTerraformCompleteExample 2022-03-22T16:59:47Z logger.go:66:   # module.eks.module.self_managed_node_group["boo"].aws_iam_role_policy_attachment.this["arn:aws:iam::aws:policy/AmazonEKSWorkerNodePolicy"] will be destroyed
TestTerraformCompleteExample 2022-03-22T16:59:47Z logger.go:66:   - resource "aws_iam_role_policy_attachment" "this" {
TestTerraformCompleteExample 2022-03-22T16:59:47Z logger.go:66:       - id         = "boo-node-group-20220322164526180300000002-2022032216452785980000000d" -> null
TestTerraformCompleteExample 2022-03-22T16:59:47Z logger.go:66:       - policy_arn = "arn:aws:iam::aws:policy/AmazonEKSWorkerNodePolicy" -> null
TestTerraformCompleteExample 2022-03-22T16:59:47Z logger.go:66:       - role       = "boo-node-group-20220322164526180300000002" -> null
TestTerraformCompleteExample 2022-03-22T16:59:47Z logger.go:66:     }
TestTerraformCompleteExample 2022-03-22T16:59:47Z logger.go:66:
TestTerraformCompleteExample 2022-03-22T16:59:47Z logger.go:66:   # module.eks.module.self_managed_node_group["boo"].aws_iam_role_policy_attachment.this["arn:aws:iam::aws:policy/AmazonEKS_CNI_Policy"] will be destroyed
TestTerraformCompleteExample 2022-03-22T16:59:47Z logger.go:66:   - resource "aws_iam_role_policy_attachment" "this" {
TestTerraformCompleteExample 2022-03-22T16:59:47Z logger.go:66:       - id         = "boo-node-group-20220322164526180300000002-2022032216452782760000000c" -> null
TestTerraformCompleteExample 2022-03-22T16:59:47Z logger.go:66:       - policy_arn = "arn:aws:iam::aws:policy/AmazonEKS_CNI_Policy" -> null
TestTerraformCompleteExample 2022-03-22T16:59:47Z logger.go:66:       - role       = "boo-node-group-20220322164526180300000002" -> null
TestTerraformCompleteExample 2022-03-22T16:59:47Z logger.go:66:     }
TestTerraformCompleteExample 2022-03-22T16:59:47Z logger.go:66:
TestTerraformCompleteExample 2022-03-22T16:59:47Z logger.go:66:   # module.eks.module.self_managed_node_group["boo"].aws_launch_template.this[0] will be destroyed
TestTerraformCompleteExample 2022-03-22T16:59:47Z logger.go:66:   - resource "aws_launch_template" "this" {
TestTerraformCompleteExample 2022-03-22T16:59:47Z logger.go:66:       - arn                     = "arn:aws:ec2:us-west-2:11111111111:launch-template/lt-089ca2a393e2a30df" -> null
TestTerraformCompleteExample 2022-03-22T16:59:47Z logger.go:66:       - default_version         = 1 -> null
TestTerraformCompleteExample 2022-03-22T16:59:47Z logger.go:66:       - description             = "Custom launch template for boo self managed node group" -> null
TestTerraformCompleteExample 2022-03-22T16:59:47Z logger.go:66:       - disable_api_termination = false -> null
TestTerraformCompleteExample 2022-03-22T16:59:47Z logger.go:66:       - id                      = "lt-089ca2a393e2a30df" -> null
TestTerraformCompleteExample 2022-03-22T16:59:47Z logger.go:66:       - image_id                = "ami-085e8e02353a59de5" -> null
TestTerraformCompleteExample 2022-03-22T16:59:47Z logger.go:66:       - instance_type           = "t3.medium" -> null
TestTerraformCompleteExample 2022-03-22T16:59:47Z logger.go:66:       - latest_version          = 1 -> null
TestTerraformCompleteExample 2022-03-22T16:59:47Z logger.go:66:       - name                    = "boo-20220322165612789800000017" -> null
TestTerraformCompleteExample 2022-03-22T16:59:47Z logger.go:66:       - name_prefix             = "boo-" -> null
TestTerraformCompleteExample 2022-03-22T16:59:47Z logger.go:66:       - security_group_names    = [] -> null
TestTerraformCompleteExample 2022-03-22T16:59:47Z logger.go:66:       - tags                    = {} -> null
TestTerraformCompleteExample 2022-03-22T16:59:47Z logger.go:66:       - tags_all                = {
TestTerraformCompleteExample 2022-03-22T16:59:47Z logger.go:66:           - "Example"    = "ex-complete"
TestTerraformCompleteExample 2022-03-22T16:59:47Z logger.go:66:           - "GithubOrg"  = "aidan-melen"
TestTerraformCompleteExample 2022-03-22T16:59:47Z logger.go:66:           - "GithubRepo" = "terraform-aws-eks-auth"
TestTerraformCompleteExample 2022-03-22T16:59:47Z logger.go:66:         } -> null
TestTerraformCompleteExample 2022-03-22T16:59:47Z logger.go:66:       - update_default_version  = true -> null
TestTerraformCompleteExample 2022-03-22T16:59:47Z logger.go:66:       - user_data               = "IyEvYmluL2Jhc2gKc2V0IC1lCkI2NF9DTFVTVEVSX0NBPUxTMHRMUzFDUlVkSlRpQkRSVkpVU1VaSlEwRlVSUzB0TFMwdENrMUpTVU0xZWtORFFXTXJaMEYzU1VKQlowbENRVVJCVGtKbmEzRm9hMmxIT1hjd1FrRlJjMFpCUkVGV1RWSk5kMFZSV1VSV1VWRkVSWGR3Y21SWFNtd0tZMjAxYkdSSFZucE5RalJZUkZSSmVVMUVUWGxOYWtVeVRsUkplazR4YjFoRVZFMTVUVVJOZUU5VVJUSk9WRWw2VGpGdmQwWlVSVlJOUWtWSFFURlZSUXBCZUUxTFlUTldhVnBZU25WYVdGSnNZM3BEUTBGVFNYZEVVVmxLUzI5YVNXaDJZMDVCVVVWQ1FsRkJSR2RuUlZCQlJFTkRRVkZ2UTJkblJVSkJUR2RZQ2t4d1IyeERWWE0wYjNvMk5HcDZXRlJ5VVZoelMyOVJjeTl6UlUxRGVWWkdWa1JFWmprMGQxRjJLMGhwVkVkWlZWTkRSMVJhYmtSRUt6UlNkVUp0YWprS2NHOVdOV1puTTJKNFdVOW5UakpQVjFWcFQzaEVkRGxSU0U1V01FSlJZbWh0ZURrMGNXUkxkM1JvZFdGdk9GQnZZM3BRVkdOUE1VWndUelZaVGpoTGVRcHRWVlY0ZDJrNFRqQTRkMGw2TkhKaWJERlhhM2RoTTA5V1ZUWlVRVVJUTTNsS1RUa3dOMVZQZFN0TVNtSlhkazgxTldKeFFUUmtjakEwWVZJNVVHRXJDbk41YldSaFdGRjZkMVpPZHpVMlNtaE5SVkV2WmpodWJXWmplblJ2TDFSeldFRllUVlJIUmtWelF6bFFaWGxSZVdoUmRrWkNiaXMwT0RSa1VHWlFOVXNLUWpKdWNUSmlOR3BzU2tsUldHaFdaVTV0Y1RCMlpYRkpNRVZHVlZOTmVXZEdTelkwUVhNNVdXRmFUR2N5TjBjNE9XbEVjM0l2WWtabGVUZGtUelpOUWdwbllWWnJkR1ozTWxKTlFVTm1XRmgyVW01clEwRjNSVUZCWVU1RFRVVkJkMFJuV1VSV1VqQlFRVkZJTDBKQlVVUkJaMHRyVFVFNFIwRXhWV1JGZDBWQ0NpOTNVVVpOUVUxQ1FXWTRkMGhSV1VSV1VqQlBRa0paUlVaTFUxZGllRGhZT1VZMmRtdDVhRlZMYWxaTlNreEhiV0kxWkU1TlFUQkhRMU54UjFOSllqTUtSRkZGUWtOM1ZVRkJORWxDUVZGQ01UQkVSVEZPWkZwUFFsbHRWMVJ0TURGR1RqUmpXbUY2T0M5SmNVNVBOSEZ1VUd4UVlqbGxUMlJXYlRSaWQwRnRXZ3BzVkZwaFltMDFUa2t6VEVoVkwyZExTR1lyZWpSSWVtWmlMMFJYUm1KbE5raDFTbmx1Um5CVVEwNHpWM2RKZG0xaE5Fa3hVVEpJZDNsMlEwSlZaVTFuQ2pJd1Uxa3JaVTB2VVVORVFWcFhlRTVsVG5Cb2FVbG9SRGxtYVc5U1JubFFaMWRXV1ZSVVMyZGpiM1F2U3k5Q2MwUnhTVlJyT1hOWldFTkhRMGsyTjJVS01rMUJlSFZZV0ZsQlUwWXpaRk5OTVZOWFFuUjVRMEpMVjJOdVJUTTFZV1pUVmk5Uk5uRk1PR0pFYURsbldtbHVRV3hPVHl0d2FEWlhWV2hWVldkVldRcEZibXBMWTJJMlZXWkJRMDVQTkVKMk5WcFFkVlE0V0ZCQ1UzQldObXhWTmpRM2NGVlVTbGxvZEdsbVJqVlBaR2RNTURNMlJETXZWamhJZFcxRmVXVTJDakZZYVc1b2FrVnRNMk41UldKR2JrbE9SMFpYZUZKVE9WaDJPVFEyVkdkVVNHMDFTd290TFMwdExVVk9SQ0JEUlZKVVNVWkpRMEZVUlMwdExTMHRDZz09CkFQSV9TRVJWRVJfVVJMPWh0dHBzOi8vREYxRjBDRDZGQkU0N0EzQjk3OUEzN0IzOUNDMDQyMDkuZ3I3LnVzLXdlc3QtMi5la3MuYW1hem9uYXdzLmNvbQovZXRjL2Vrcy9ib290c3RyYXAuc2ggZXgtY29tcGxldGUgIC0tYjY0LWNsdXN0ZXItY2EgJEI2NF9DTFVTVEVSX0NBIC0tYXBpc2VydmVyLWVuZHBvaW50ICRBUElfU0VSVkVSX1VSTAo=" -> null
TestTerraformCompleteExample 2022-03-22T16:59:47Z logger.go:66:       - vpc_security_group_ids  = [
TestTerraformCompleteExample 2022-03-22T16:59:47Z logger.go:66:           - "sg-05c945c8db9060585",
TestTerraformCompleteExample 2022-03-22T16:59:47Z logger.go:66:           - "sg-0693caaee0686d202",
TestTerraformCompleteExample 2022-03-22T16:59:47Z logger.go:66:         ] -> null
TestTerraformCompleteExample 2022-03-22T16:59:47Z logger.go:66:
TestTerraformCompleteExample 2022-03-22T16:59:47Z logger.go:66:       - iam_instance_profile {
TestTerraformCompleteExample 2022-03-22T16:59:47Z logger.go:66:           - arn = "arn:aws:iam::11111111111:instance-profile/boo-node-group-2022032216452786200000000e" -> null
TestTerraformCompleteExample 2022-03-22T16:59:47Z logger.go:66:         }
TestTerraformCompleteExample 2022-03-22T16:59:47Z logger.go:66:
TestTerraformCompleteExample 2022-03-22T16:59:47Z logger.go:66:       - instance_market_options {
TestTerraformCompleteExample 2022-03-22T16:59:47Z logger.go:66:           - market_type = "spot" -> null
TestTerraformCompleteExample 2022-03-22T16:59:47Z logger.go:66:         }
TestTerraformCompleteExample 2022-03-22T16:59:47Z logger.go:66:
TestTerraformCompleteExample 2022-03-22T16:59:47Z logger.go:66:       - metadata_options {
TestTerraformCompleteExample 2022-03-22T16:59:47Z logger.go:66:           - http_endpoint               = "enabled" -> null
TestTerraformCompleteExample 2022-03-22T16:59:47Z logger.go:66:           - http_protocol_ipv6          = "disabled" -> null
TestTerraformCompleteExample 2022-03-22T16:59:47Z logger.go:66:           - http_put_response_hop_limit = 2 -> null
TestTerraformCompleteExample 2022-03-22T16:59:47Z logger.go:66:           - http_tokens                 = "required" -> null
TestTerraformCompleteExample 2022-03-22T16:59:47Z logger.go:66:           - instance_metadata_tags      = "disabled" -> null
TestTerraformCompleteExample 2022-03-22T16:59:47Z logger.go:66:         }
TestTerraformCompleteExample 2022-03-22T16:59:47Z logger.go:66:
TestTerraformCompleteExample 2022-03-22T16:59:47Z logger.go:66:       - monitoring {
TestTerraformCompleteExample 2022-03-22T16:59:47Z logger.go:66:           - enabled = true -> null
TestTerraformCompleteExample 2022-03-22T16:59:47Z logger.go:66:         }
TestTerraformCompleteExample 2022-03-22T16:59:47Z logger.go:66:
TestTerraformCompleteExample 2022-03-22T16:59:47Z logger.go:66:       - tag_specifications {
TestTerraformCompleteExample 2022-03-22T16:59:47Z logger.go:66:           - resource_type = "instance" -> null
TestTerraformCompleteExample 2022-03-22T16:59:47Z logger.go:66:           - tags          = {
TestTerraformCompleteExample 2022-03-22T16:59:47Z logger.go:66:               - "Name" = "boo"
TestTerraformCompleteExample 2022-03-22T16:59:47Z logger.go:66:             } -> null
TestTerraformCompleteExample 2022-03-22T16:59:47Z logger.go:66:         }
TestTerraformCompleteExample 2022-03-22T16:59:47Z logger.go:66:       - tag_specifications {
TestTerraformCompleteExample 2022-03-22T16:59:47Z logger.go:66:           - resource_type = "network-interface" -> null
TestTerraformCompleteExample 2022-03-22T16:59:47Z logger.go:66:           - tags          = {
TestTerraformCompleteExample 2022-03-22T16:59:47Z logger.go:66:               - "Name" = "boo"
TestTerraformCompleteExample 2022-03-22T16:59:47Z logger.go:66:             } -> null
TestTerraformCompleteExample 2022-03-22T16:59:47Z logger.go:66:         }
TestTerraformCompleteExample 2022-03-22T16:59:47Z logger.go:66:       - tag_specifications {
TestTerraformCompleteExample 2022-03-22T16:59:47Z logger.go:66:           - resource_type = "volume" -> null
TestTerraformCompleteExample 2022-03-22T16:59:47Z logger.go:66:           - tags          = {
TestTerraformCompleteExample 2022-03-22T16:59:47Z logger.go:66:               - "Name" = "boo"
TestTerraformCompleteExample 2022-03-22T16:59:47Z logger.go:66:             } -> null
TestTerraformCompleteExample 2022-03-22T16:59:47Z logger.go:66:         }
TestTerraformCompleteExample 2022-03-22T16:59:47Z logger.go:66:     }
TestTerraformCompleteExample 2022-03-22T16:59:47Z logger.go:66:
TestTerraformCompleteExample 2022-03-22T16:59:47Z logger.go:66:   # module.eks.module.self_managed_node_group["boo"].aws_security_group.this[0] will be destroyed
TestTerraformCompleteExample 2022-03-22T16:59:47Z logger.go:66:   - resource "aws_security_group" "this" {
TestTerraformCompleteExample 2022-03-22T16:59:47Z logger.go:66:       - arn                    = "arn:aws:ec2:us-west-2:11111111111:security-group/sg-0693caaee0686d202" -> null
TestTerraformCompleteExample 2022-03-22T16:59:47Z logger.go:66:       - description            = "Self managed node group security group" -> null
TestTerraformCompleteExample 2022-03-22T16:59:47Z logger.go:66:       - egress                 = [] -> null
TestTerraformCompleteExample 2022-03-22T16:59:47Z logger.go:66:       - id                     = "sg-0693caaee0686d202" -> null
TestTerraformCompleteExample 2022-03-22T16:59:47Z logger.go:66:       - ingress                = [] -> null
TestTerraformCompleteExample 2022-03-22T16:59:47Z logger.go:66:       - name                   = "boo-node-group-20220322164538232300000011" -> null
TestTerraformCompleteExample 2022-03-22T16:59:47Z logger.go:66:       - name_prefix            = "boo-node-group-" -> null
TestTerraformCompleteExample 2022-03-22T16:59:47Z logger.go:66:       - owner_id               = "11111111111" -> null
TestTerraformCompleteExample 2022-03-22T16:59:47Z logger.go:66:       - revoke_rules_on_delete = false -> null
TestTerraformCompleteExample 2022-03-22T16:59:47Z logger.go:66:       - tags                   = {
TestTerraformCompleteExample 2022-03-22T16:59:47Z logger.go:66:           - "Name" = "boo-node-group"
TestTerraformCompleteExample 2022-03-22T16:59:47Z logger.go:66:         } -> null
TestTerraformCompleteExample 2022-03-22T16:59:47Z logger.go:66:       - tags_all               = {
TestTerraformCompleteExample 2022-03-22T16:59:47Z logger.go:66:           - "Example"    = "ex-complete"
TestTerraformCompleteExample 2022-03-22T16:59:47Z logger.go:66:           - "GithubOrg"  = "aidan-melen"
TestTerraformCompleteExample 2022-03-22T16:59:47Z logger.go:66:           - "GithubRepo" = "terraform-aws-eks-auth"
TestTerraformCompleteExample 2022-03-22T16:59:47Z logger.go:66:           - "Name"       = "boo-node-group"
TestTerraformCompleteExample 2022-03-22T16:59:47Z logger.go:66:         } -> null
TestTerraformCompleteExample 2022-03-22T16:59:47Z logger.go:66:       - vpc_id                 = "vpc-095ec8e5b71fefea7" -> null
TestTerraformCompleteExample 2022-03-22T16:59:47Z logger.go:66:     }
TestTerraformCompleteExample 2022-03-22T16:59:47Z logger.go:66:
TestTerraformCompleteExample 2022-03-22T16:59:47Z logger.go:66: Plan: 0 to add, 0 to change, 65 to destroy.
TestTerraformCompleteExample 2022-03-22T16:59:47Z logger.go:66:
TestTerraformCompleteExample 2022-03-22T16:59:47Z logger.go:66: Changes to Outputs:
TestTerraformCompleteExample 2022-03-22T16:59:47Z logger.go:66:   - fargate_profile_iam_role_arn         = "arn:aws:iam::11111111111:role/bar-20220322164526193400000003" -> null
TestTerraformCompleteExample 2022-03-22T16:59:47Z logger.go:66:   - managed_node_group_iam_role_arn      = "arn:aws:iam::11111111111:role/foo-eks-node-group-20220322164526193400000004" -> null
TestTerraformCompleteExample 2022-03-22T16:59:47Z logger.go:66:   - map_accounts                         = [
TestTerraformCompleteExample 2022-03-22T16:59:47Z logger.go:66:       - "777777777777",
TestTerraformCompleteExample 2022-03-22T16:59:47Z logger.go:66:       - "888888888888",
TestTerraformCompleteExample 2022-03-22T16:59:47Z logger.go:66:     ] -> null
TestTerraformCompleteExample 2022-03-22T16:59:47Z logger.go:66:   - map_roles                            = [
TestTerraformCompleteExample 2022-03-22T16:59:47Z logger.go:66:       - {
TestTerraformCompleteExample 2022-03-22T16:59:47Z logger.go:66:           - groups   = [
TestTerraformCompleteExample 2022-03-22T16:59:47Z logger.go:66:               - "system:bootstrappers",
TestTerraformCompleteExample 2022-03-22T16:59:47Z logger.go:66:               - "system:nodes",
TestTerraformCompleteExample 2022-03-22T16:59:47Z logger.go:66:             ]
TestTerraformCompleteExample 2022-03-22T16:59:47Z logger.go:66:           - rolearn  = "arn:aws:iam::11111111111:role/foo-eks-node-group-20220322164526193400000004"
TestTerraformCompleteExample 2022-03-22T16:59:47Z logger.go:66:           - username = "system:node:{{EC2PrivateDNSName}}"
TestTerraformCompleteExample 2022-03-22T16:59:47Z logger.go:66:         },
TestTerraformCompleteExample 2022-03-22T16:59:47Z logger.go:66:       - {
TestTerraformCompleteExample 2022-03-22T16:59:47Z logger.go:66:           - groups   = [
TestTerraformCompleteExample 2022-03-22T16:59:47Z logger.go:66:               - "system:bootstrappers",
TestTerraformCompleteExample 2022-03-22T16:59:47Z logger.go:66:               - "system:nodes",
TestTerraformCompleteExample 2022-03-22T16:59:47Z logger.go:66:             ]
TestTerraformCompleteExample 2022-03-22T16:59:47Z logger.go:66:           - rolearn  = "arn:aws:iam::11111111111:role/boo-node-group-20220322164526180300000002"
TestTerraformCompleteExample 2022-03-22T16:59:47Z logger.go:66:           - username = "system:node:{{EC2PrivateDNSName}}"
TestTerraformCompleteExample 2022-03-22T16:59:47Z logger.go:66:         },
TestTerraformCompleteExample 2022-03-22T16:59:47Z logger.go:66:       - {
TestTerraformCompleteExample 2022-03-22T16:59:47Z logger.go:66:           - groups   = [
TestTerraformCompleteExample 2022-03-22T16:59:47Z logger.go:66:               - "system:bootstrappers",
TestTerraformCompleteExample 2022-03-22T16:59:47Z logger.go:66:               - "system:nodes",
TestTerraformCompleteExample 2022-03-22T16:59:47Z logger.go:66:               - "system:node-proxier",
TestTerraformCompleteExample 2022-03-22T16:59:47Z logger.go:66:             ]
TestTerraformCompleteExample 2022-03-22T16:59:47Z logger.go:66:           - rolearn  = "arn:aws:iam::11111111111:role/bar-20220322164526193400000003"
TestTerraformCompleteExample 2022-03-22T16:59:47Z logger.go:66:           - username = "system:node:{{SessionName}}"
TestTerraformCompleteExample 2022-03-22T16:59:47Z logger.go:66:         },
TestTerraformCompleteExample 2022-03-22T16:59:47Z logger.go:66:       - {
TestTerraformCompleteExample 2022-03-22T16:59:47Z logger.go:66:           - groups   = [
TestTerraformCompleteExample 2022-03-22T16:59:47Z logger.go:66:               - "system:masters",
TestTerraformCompleteExample 2022-03-22T16:59:47Z logger.go:66:             ]
TestTerraformCompleteExample 2022-03-22T16:59:47Z logger.go:66:           - rolearn  = "arn:aws:iam::66666666666:role/role1"
TestTerraformCompleteExample 2022-03-22T16:59:47Z logger.go:66:           - username = "role1"
TestTerraformCompleteExample 2022-03-22T16:59:47Z logger.go:66:         },
TestTerraformCompleteExample 2022-03-22T16:59:47Z logger.go:66:     ] -> null
TestTerraformCompleteExample 2022-03-22T16:59:47Z logger.go:66:   - map_users                            = [
TestTerraformCompleteExample 2022-03-22T16:59:47Z logger.go:66:       - {
TestTerraformCompleteExample 2022-03-22T16:59:47Z logger.go:66:           - groups   = [
TestTerraformCompleteExample 2022-03-22T16:59:47Z logger.go:66:               - "system:masters",
TestTerraformCompleteExample 2022-03-22T16:59:47Z logger.go:66:             ]
TestTerraformCompleteExample 2022-03-22T16:59:47Z logger.go:66:           - userarn  = "arn:aws:iam::66666666666:user/user1"
TestTerraformCompleteExample 2022-03-22T16:59:47Z logger.go:66:           - username = "user1"
TestTerraformCompleteExample 2022-03-22T16:59:47Z logger.go:66:         },
TestTerraformCompleteExample 2022-03-22T16:59:47Z logger.go:66:       - {
TestTerraformCompleteExample 2022-03-22T16:59:47Z logger.go:66:           - groups   = [
TestTerraformCompleteExample 2022-03-22T16:59:47Z logger.go:66:               - "system:masters",
TestTerraformCompleteExample 2022-03-22T16:59:47Z logger.go:66:             ]
TestTerraformCompleteExample 2022-03-22T16:59:47Z logger.go:66:           - userarn  = "arn:aws:iam::66666666666:user/user2"
TestTerraformCompleteExample 2022-03-22T16:59:47Z logger.go:66:           - username = "user2"
TestTerraformCompleteExample 2022-03-22T16:59:47Z logger.go:66:         },
TestTerraformCompleteExample 2022-03-22T16:59:47Z logger.go:66:     ] -> null
TestTerraformCompleteExample 2022-03-22T16:59:47Z logger.go:66:   - self_managed_node_group_iam_role_arn = "arn:aws:iam::11111111111:role/boo-node-group-20220322164526180300000002" -> null
TestTerraformCompleteExample 2022-03-22T16:59:48Z logger.go:66: module.vpc.aws_route_table_association.private[2]: Destroying... [id=rtbassoc-04e84085285e9dc1b]
TestTerraformCompleteExample 2022-03-22T16:59:48Z logger.go:66: module.vpc.aws_route_table_association.public[0]: Destroying... [id=rtbassoc-052682682a9a83fc5]
TestTerraformCompleteExample 2022-03-22T16:59:48Z logger.go:66: module.vpc.aws_route_table_association.private[0]: Destroying... [id=rtbassoc-0cffab7d073ad3add]
TestTerraformCompleteExample 2022-03-22T16:59:48Z logger.go:66: module.vpc.aws_route.private_nat_gateway[0]: Destroying... [id=r-rtb-0d02292148e6f87a81080289494]
TestTerraformCompleteExample 2022-03-22T16:59:48Z logger.go:66: module.vpc.aws_route_table_association.public[2]: Destroying... [id=rtbassoc-078c7313e0f90ea9f]
TestTerraformCompleteExample 2022-03-22T16:59:48Z logger.go:66: module.vpc.aws_route.public_internet_gateway[0]: Destroying... [id=r-rtb-069abf818803060301080289494]
TestTerraformCompleteExample 2022-03-22T16:59:48Z logger.go:66: module.vpc.aws_route_table_association.private[1]: Destroying... [id=rtbassoc-084290022e2bc66fa]
TestTerraformCompleteExample 2022-03-22T16:59:48Z logger.go:66: module.vpc.aws_route_table_association.public[1]: Destroying... [id=rtbassoc-012264a86d3066f84]
TestTerraformCompleteExample 2022-03-22T16:59:49Z logger.go:66: module.eks_auth.kubernetes_role_binding_v1.aws_auth: Destroying... [id=kube-system/terraform-eks-auth-aws]
TestTerraformCompleteExample 2022-03-22T16:59:49Z logger.go:66: module.eks_auth.kubernetes_config_map_v1.aws_auth[0]: Destroying... [id=kube-system/aws-auth]
TestTerraformCompleteExample 2022-03-22T16:59:49Z logger.go:66: module.eks_auth.kubernetes_config_map_v1.aws_auth[0]: Destruction complete after 0s
TestTerraformCompleteExample 2022-03-22T16:59:49Z logger.go:66: module.eks_auth.kubernetes_role_binding_v1.aws_auth: Destruction complete after 0s
TestTerraformCompleteExample 2022-03-22T16:59:49Z logger.go:66: module.vpc.aws_route_table_association.private[2]: Destruction complete after 0s
TestTerraformCompleteExample 2022-03-22T16:59:49Z logger.go:66: module.eks_auth.kubernetes_role_v1.aws_auth: Destroying... [id=kube-system/terraform-eks-auth-aws]
TestTerraformCompleteExample 2022-03-22T16:59:49Z logger.go:66: module.eks_auth.kubernetes_job_v1.aws_auth[0]: Destroying... [id=kube-system/terraform-eks-auth-aws]
TestTerraformCompleteExample 2022-03-22T16:59:49Z logger.go:66: module.vpc.aws_route_table_association.public[2]: Destruction complete after 1s
TestTerraformCompleteExample 2022-03-22T16:59:49Z logger.go:66: module.eks_auth.kubernetes_role_v1.aws_auth: Destruction complete after 1s
TestTerraformCompleteExample 2022-03-22T16:59:49Z logger.go:66: module.vpc.aws_route_table_association.public[0]: Destruction complete after 1s
TestTerraformCompleteExample 2022-03-22T16:59:49Z logger.go:66: module.vpc.aws_route_table_association.public[1]: Destruction complete after 1s
TestTerraformCompleteExample 2022-03-22T16:59:49Z logger.go:66: module.vpc.aws_route_table_association.private[0]: Destruction complete after 1s
TestTerraformCompleteExample 2022-03-22T16:59:49Z logger.go:66: module.vpc.aws_route_table_association.private[1]: Destruction complete after 1s
TestTerraformCompleteExample 2022-03-22T16:59:49Z logger.go:66: module.vpc.aws_route.public_internet_gateway[0]: Destruction complete after 1s
TestTerraformCompleteExample 2022-03-22T16:59:49Z logger.go:66: module.vpc.aws_route_table.public[0]: Destroying... [id=rtb-069abf81880306030]
TestTerraformCompleteExample 2022-03-22T16:59:49Z logger.go:66: module.vpc.aws_route.private_nat_gateway[0]: Destruction complete after 1s
TestTerraformCompleteExample 2022-03-22T16:59:49Z logger.go:66: module.vpc.aws_nat_gateway.this[0]: Destroying... [id=nat-0707715ce9ae217a8]
TestTerraformCompleteExample 2022-03-22T16:59:49Z logger.go:66: module.vpc.aws_route_table.private[0]: Destroying... [id=rtb-0d02292148e6f87a8]
TestTerraformCompleteExample 2022-03-22T16:59:49Z logger.go:66: module.vpc.aws_route_table.public[0]: Destruction complete after 0s
TestTerraformCompleteExample 2022-03-22T16:59:50Z logger.go:66: module.vpc.aws_route_table.private[0]: Destruction complete after 0s
TestTerraformCompleteExample 2022-03-22T16:59:50Z logger.go:66: module.eks_auth.kubernetes_job_v1.aws_auth[0]: Destruction complete after 1s
TestTerraformCompleteExample 2022-03-22T16:59:50Z logger.go:66: module.eks.aws_iam_openid_connect_provider.oidc_provider[0]: Destroying... [id=arn:aws:iam::11111111111:oidc-provider/oidc.eks.us-west-2.amazonaws.com/id/DF1F0CD6FBE47A3B979A37B39CC04209]
TestTerraformCompleteExample 2022-03-22T16:59:50Z logger.go:66: module.eks.module.fargate_profile["bar"].aws_iam_role_policy_attachment.this["arn:aws:iam::aws:policy/AmazonEKS_CNI_Policy"]: Destroying... [id=bar-20220322164526193400000003-2022032216452774850000000a]
TestTerraformCompleteExample 2022-03-22T16:59:50Z logger.go:66: module.eks.module.fargate_profile["bar"].aws_eks_fargate_profile.this[0]: Destroying... [id=ex-complete:bar]
TestTerraformCompleteExample 2022-03-22T16:59:50Z logger.go:66: module.eks.module.fargate_profile["bar"].aws_iam_role_policy_attachment.this["arn:aws:iam::aws:policy/AmazonEKSFargatePodExecutionRolePolicy"]: Destroying... [id=bar-20220322164526193400000003-20220322164527642700000006]
TestTerraformCompleteExample 2022-03-22T16:59:50Z logger.go:66: module.eks_auth.kubernetes_service_account_v1.aws_auth: Destroying... [id=kube-system/terraform-eks-auth-aws]
TestTerraformCompleteExample 2022-03-22T16:59:50Z logger.go:66: module.eks.module.self_managed_node_group["boo"].aws_autoscaling_group.this[0]: Destroying... [id=boo-2022032216561367460000001b]
TestTerraformCompleteExample 2022-03-22T16:59:50Z logger.go:66: module.eks.module.eks_managed_node_group["foo"].aws_eks_node_group.this[0]: Destroying... [id=ex-complete:foo-20220322165613661300000019]
TestTerraformCompleteExample 2022-03-22T16:59:50Z logger.go:66: module.eks_auth.kubernetes_service_account_v1.aws_auth: Destruction complete after 0s
TestTerraformCompleteExample 2022-03-22T16:59:50Z logger.go:66: module.eks.module.fargate_profile["bar"].aws_iam_role_policy_attachment.this["arn:aws:iam::aws:policy/AmazonEKS_CNI_Policy"]: Destruction complete after 1s
TestTerraformCompleteExample 2022-03-22T16:59:50Z logger.go:66: module.eks.aws_iam_openid_connect_provider.oidc_provider[0]: Destruction complete after 1s
TestTerraformCompleteExample 2022-03-22T16:59:50Z logger.go:66: module.eks.module.fargate_profile["bar"].aws_iam_role_policy_attachment.this["arn:aws:iam::aws:policy/AmazonEKSFargatePodExecutionRolePolicy"]: Destruction complete after 1s
TestTerraformCompleteExample 2022-03-22T16:59:59Z logger.go:66: module.vpc.aws_nat_gateway.this[0]: Still destroying... [id=nat-0707715ce9ae217a8, 10s elapsed]
TestTerraformCompleteExample 2022-03-22T17:00:00Z logger.go:66: module.eks.module.fargate_profile["bar"].aws_eks_fargate_profile.this[0]: Still destroying... [id=ex-complete:bar, 10s elapsed]
TestTerraformCompleteExample 2022-03-22T17:00:00Z logger.go:66: module.eks.module.self_managed_node_group["boo"].aws_autoscaling_group.this[0]: Still destroying... [id=boo-2022032216561367460000001b, 10s elapsed]
TestTerraformCompleteExample 2022-03-22T17:00:00Z logger.go:66: module.eks.module.eks_managed_node_group["foo"].aws_eks_node_group.this[0]: Still destroying... [id=ex-complete:foo-20220322165613661300000019, 10s elapsed]
TestTerraformCompleteExample 2022-03-22T17:00:09Z logger.go:66: module.vpc.aws_nat_gateway.this[0]: Still destroying... [id=nat-0707715ce9ae217a8, 20s elapsed]
TestTerraformCompleteExample 2022-03-22T17:00:10Z logger.go:66: module.eks.module.fargate_profile["bar"].aws_eks_fargate_profile.this[0]: Still destroying... [id=ex-complete:bar, 20s elapsed]
TestTerraformCompleteExample 2022-03-22T17:00:10Z logger.go:66: module.eks.module.self_managed_node_group["boo"].aws_autoscaling_group.this[0]: Still destroying... [id=boo-2022032216561367460000001b, 20s elapsed]
TestTerraformCompleteExample 2022-03-22T17:00:10Z logger.go:66: module.eks.module.eks_managed_node_group["foo"].aws_eks_node_group.this[0]: Still destroying... [id=ex-complete:foo-20220322165613661300000019, 20s elapsed]
TestTerraformCompleteExample 2022-03-22T17:00:19Z logger.go:66: module.vpc.aws_nat_gateway.this[0]: Still destroying... [id=nat-0707715ce9ae217a8, 30s elapsed]
TestTerraformCompleteExample 2022-03-22T17:00:20Z logger.go:66: module.eks.module.fargate_profile["bar"].aws_eks_fargate_profile.this[0]: Still destroying... [id=ex-complete:bar, 30s elapsed]
TestTerraformCompleteExample 2022-03-22T17:00:20Z logger.go:66: module.eks.module.self_managed_node_group["boo"].aws_autoscaling_group.this[0]: Still destroying... [id=boo-2022032216561367460000001b, 30s elapsed]
TestTerraformCompleteExample 2022-03-22T17:00:20Z logger.go:66: module.eks.module.eks_managed_node_group["foo"].aws_eks_node_group.this[0]: Still destroying... [id=ex-complete:foo-20220322165613661300000019, 30s elapsed]
TestTerraformCompleteExample 2022-03-22T17:00:29Z logger.go:66: module.vpc.aws_nat_gateway.this[0]: Still destroying... [id=nat-0707715ce9ae217a8, 40s elapsed]
TestTerraformCompleteExample 2022-03-22T17:00:30Z logger.go:66: module.eks.module.fargate_profile["bar"].aws_eks_fargate_profile.this[0]: Still destroying... [id=ex-complete:bar, 40s elapsed]
TestTerraformCompleteExample 2022-03-22T17:00:30Z logger.go:66: module.eks.module.self_managed_node_group["boo"].aws_autoscaling_group.this[0]: Still destroying... [id=boo-2022032216561367460000001b, 40s elapsed]
TestTerraformCompleteExample 2022-03-22T17:00:30Z logger.go:66: module.eks.module.eks_managed_node_group["foo"].aws_eks_node_group.this[0]: Still destroying... [id=ex-complete:foo-20220322165613661300000019, 40s elapsed]
TestTerraformCompleteExample 2022-03-22T17:00:39Z logger.go:66: module.vpc.aws_nat_gateway.this[0]: Still destroying... [id=nat-0707715ce9ae217a8, 50s elapsed]
TestTerraformCompleteExample 2022-03-22T17:00:40Z logger.go:66: module.eks.module.fargate_profile["bar"].aws_eks_fargate_profile.this[0]: Still destroying... [id=ex-complete:bar, 50s elapsed]
TestTerraformCompleteExample 2022-03-22T17:00:40Z logger.go:66: module.eks.module.self_managed_node_group["boo"].aws_autoscaling_group.this[0]: Still destroying... [id=boo-2022032216561367460000001b, 50s elapsed]
TestTerraformCompleteExample 2022-03-22T17:00:40Z logger.go:66: module.eks.module.eks_managed_node_group["foo"].aws_eks_node_group.this[0]: Still destroying... [id=ex-complete:foo-20220322165613661300000019, 50s elapsed]
TestTerraformCompleteExample 2022-03-22T17:00:40Z logger.go:66: module.vpc.aws_nat_gateway.this[0]: Destruction complete after 50s
TestTerraformCompleteExample 2022-03-22T17:00:40Z logger.go:66: module.vpc.aws_internet_gateway.this[0]: Destroying... [id=igw-0113d2cf92ef1a256]
TestTerraformCompleteExample 2022-03-22T17:00:40Z logger.go:66: module.vpc.aws_eip.nat[0]: Destroying... [id=eipalloc-0e7ddf98e67ae82f9]
TestTerraformCompleteExample 2022-03-22T17:00:40Z logger.go:66: module.vpc.aws_subnet.public[1]: Destroying... [id=subnet-05c4d53079958cf56]
TestTerraformCompleteExample 2022-03-22T17:00:40Z logger.go:66: module.vpc.aws_subnet.public[2]: Destroying... [id=subnet-064d1068676a3aec6]
TestTerraformCompleteExample 2022-03-22T17:00:40Z logger.go:66: module.vpc.aws_subnet.public[0]: Destroying... [id=subnet-0c7c7ab482c4e0626]
TestTerraformCompleteExample 2022-03-22T17:00:40Z logger.go:66: module.vpc.aws_subnet.public[0]: Destruction complete after 1s
TestTerraformCompleteExample 2022-03-22T17:00:40Z logger.go:66: module.vpc.aws_internet_gateway.this[0]: Destruction complete after 1s
TestTerraformCompleteExample 2022-03-22T17:00:40Z logger.go:66: module.vpc.aws_subnet.public[2]: Destruction complete after 1s
TestTerraformCompleteExample 2022-03-22T17:00:40Z logger.go:66: module.vpc.aws_subnet.public[1]: Destruction complete after 1s
TestTerraformCompleteExample 2022-03-22T17:00:41Z logger.go:66: module.vpc.aws_eip.nat[0]: Destruction complete after 2s
TestTerraformCompleteExample 2022-03-22T17:00:50Z logger.go:66: module.eks.module.fargate_profile["bar"].aws_eks_fargate_profile.this[0]: Still destroying... [id=ex-complete:bar, 1m0s elapsed]
TestTerraformCompleteExample 2022-03-22T17:00:50Z logger.go:66: module.eks.module.self_managed_node_group["boo"].aws_autoscaling_group.this[0]: Still destroying... [id=boo-2022032216561367460000001b, 1m0s elapsed]
TestTerraformCompleteExample 2022-03-22T17:00:50Z logger.go:66: module.eks.module.eks_managed_node_group["foo"].aws_eks_node_group.this[0]: Still destroying... [id=ex-complete:foo-20220322165613661300000019, 1m0s elapsed]
TestTerraformCompleteExample 2022-03-22T17:01:00Z logger.go:66: module.eks.module.fargate_profile["bar"].aws_eks_fargate_profile.this[0]: Still destroying... [id=ex-complete:bar, 1m10s elapsed]
TestTerraformCompleteExample 2022-03-22T17:01:00Z logger.go:66: module.eks.module.self_managed_node_group["boo"].aws_autoscaling_group.this[0]: Still destroying... [id=boo-2022032216561367460000001b, 1m10s elapsed]
TestTerraformCompleteExample 2022-03-22T17:01:00Z logger.go:66: module.eks.module.eks_managed_node_group["foo"].aws_eks_node_group.this[0]: Still destroying... [id=ex-complete:foo-20220322165613661300000019, 1m10s elapsed]
TestTerraformCompleteExample 2022-03-22T17:01:10Z logger.go:66: module.eks.module.fargate_profile["bar"].aws_eks_fargate_profile.this[0]: Still destroying... [id=ex-complete:bar, 1m20s elapsed]
TestTerraformCompleteExample 2022-03-22T17:01:10Z logger.go:66: module.eks.module.self_managed_node_group["boo"].aws_autoscaling_group.this[0]: Still destroying... [id=boo-2022032216561367460000001b, 1m20s elapsed]
TestTerraformCompleteExample 2022-03-22T17:01:10Z logger.go:66: module.eks.module.eks_managed_node_group["foo"].aws_eks_node_group.this[0]: Still destroying... [id=ex-complete:foo-20220322165613661300000019, 1m20s elapsed]
TestTerraformCompleteExample 2022-03-22T17:01:20Z logger.go:66: module.eks.module.fargate_profile["bar"].aws_eks_fargate_profile.this[0]: Still destroying... [id=ex-complete:bar, 1m30s elapsed]
TestTerraformCompleteExample 2022-03-22T17:01:20Z logger.go:66: module.eks.module.self_managed_node_group["boo"].aws_autoscaling_group.this[0]: Still destroying... [id=boo-2022032216561367460000001b, 1m30s elapsed]
TestTerraformCompleteExample 2022-03-22T17:01:20Z logger.go:66: module.eks.module.eks_managed_node_group["foo"].aws_eks_node_group.this[0]: Still destroying... [id=ex-complete:foo-20220322165613661300000019, 1m30s elapsed]
TestTerraformCompleteExample 2022-03-22T17:01:30Z logger.go:66: module.eks.module.fargate_profile["bar"].aws_eks_fargate_profile.this[0]: Still destroying... [id=ex-complete:bar, 1m40s elapsed]
TestTerraformCompleteExample 2022-03-22T17:01:30Z logger.go:66: module.eks.module.self_managed_node_group["boo"].aws_autoscaling_group.this[0]: Still destroying... [id=boo-2022032216561367460000001b, 1m40s elapsed]
TestTerraformCompleteExample 2022-03-22T17:01:30Z logger.go:66: module.eks.module.eks_managed_node_group["foo"].aws_eks_node_group.this[0]: Still destroying... [id=ex-complete:foo-20220322165613661300000019, 1m40s elapsed]
TestTerraformCompleteExample 2022-03-22T17:01:36Z logger.go:66: module.eks.module.self_managed_node_group["boo"].aws_autoscaling_group.this[0]: Destruction complete after 1m47s
TestTerraformCompleteExample 2022-03-22T17:01:36Z logger.go:66: module.eks.module.self_managed_node_group["boo"].aws_launch_template.this[0]: Destroying... [id=lt-089ca2a393e2a30df]
TestTerraformCompleteExample 2022-03-22T17:01:36Z logger.go:66: module.eks.module.self_managed_node_group["boo"].aws_launch_template.this[0]: Destruction complete after 0s
TestTerraformCompleteExample 2022-03-22T17:01:36Z logger.go:66: module.eks.module.self_managed_node_group["boo"].aws_security_group.this[0]: Destroying... [id=sg-0693caaee0686d202]
TestTerraformCompleteExample 2022-03-22T17:01:36Z logger.go:66: module.eks.module.self_managed_node_group["boo"].aws_iam_role_policy_attachment.this["arn:aws:iam::aws:policy/AmazonEKS_CNI_Policy"]: Destroying... [id=boo-node-group-20220322164526180300000002-2022032216452782760000000c]
TestTerraformCompleteExample 2022-03-22T17:01:36Z logger.go:66: module.eks.module.self_managed_node_group["boo"].aws_iam_instance_profile.this[0]: Destroying... [id=boo-node-group-2022032216452786200000000e]
TestTerraformCompleteExample 2022-03-22T17:01:36Z logger.go:66: module.eks.module.self_managed_node_group["boo"].aws_iam_role_policy_attachment.this["arn:aws:iam::aws:policy/AmazonEKSWorkerNodePolicy"]: Destroying... [id=boo-node-group-20220322164526180300000002-2022032216452785980000000d]
TestTerraformCompleteExample 2022-03-22T17:01:36Z logger.go:66: module.eks.module.self_managed_node_group["boo"].aws_iam_role_policy_attachment.this["arn:aws:iam::aws:policy/AmazonEC2ContainerRegistryReadOnly"]: Destroying... [id=boo-node-group-20220322164526180300000002-2022032216452799260000000f]
TestTerraformCompleteExample 2022-03-22T17:01:37Z logger.go:66: module.eks.module.self_managed_node_group["boo"].aws_security_group.this[0]: Destruction complete after 0s
TestTerraformCompleteExample 2022-03-22T17:01:37Z logger.go:66: module.eks.module.self_managed_node_group["boo"].aws_iam_role_policy_attachment.this["arn:aws:iam::aws:policy/AmazonEKSWorkerNodePolicy"]: Destruction complete after 0s
TestTerraformCompleteExample 2022-03-22T17:01:37Z logger.go:66: module.eks.module.self_managed_node_group["boo"].aws_iam_role_policy_attachment.this["arn:aws:iam::aws:policy/AmazonEKS_CNI_Policy"]: Destruction complete after 0s
TestTerraformCompleteExample 2022-03-22T17:01:37Z logger.go:66: module.eks.module.self_managed_node_group["boo"].aws_iam_role_policy_attachment.this["arn:aws:iam::aws:policy/AmazonEC2ContainerRegistryReadOnly"]: Destruction complete after 0s
TestTerraformCompleteExample 2022-03-22T17:01:37Z logger.go:66: module.eks.module.self_managed_node_group["boo"].aws_iam_instance_profile.this[0]: Destruction complete after 0s
TestTerraformCompleteExample 2022-03-22T17:01:37Z logger.go:66: module.eks.module.self_managed_node_group["boo"].aws_iam_role.this[0]: Destroying... [id=boo-node-group-20220322164526180300000002]
TestTerraformCompleteExample 2022-03-22T17:01:37Z logger.go:66: module.eks.module.self_managed_node_group["boo"].aws_iam_role.this[0]: Destruction complete after 1s
TestTerraformCompleteExample 2022-03-22T17:01:40Z logger.go:66: module.eks.module.fargate_profile["bar"].aws_eks_fargate_profile.this[0]: Still destroying... [id=ex-complete:bar, 1m50s elapsed]
TestTerraformCompleteExample 2022-03-22T17:01:40Z logger.go:66: module.eks.module.eks_managed_node_group["foo"].aws_eks_node_group.this[0]: Still destroying... [id=ex-complete:foo-20220322165613661300000019, 1m50s elapsed]
TestTerraformCompleteExample 2022-03-22T17:01:50Z logger.go:66: module.eks.module.fargate_profile["bar"].aws_eks_fargate_profile.this[0]: Still destroying... [id=ex-complete:bar, 2m0s elapsed]
TestTerraformCompleteExample 2022-03-22T17:01:50Z logger.go:66: module.eks.module.eks_managed_node_group["foo"].aws_eks_node_group.this[0]: Still destroying... [id=ex-complete:foo-20220322165613661300000019, 2m0s elapsed]
TestTerraformCompleteExample 2022-03-22T17:02:00Z logger.go:66: module.eks.module.fargate_profile["bar"].aws_eks_fargate_profile.this[0]: Still destroying... [id=ex-complete:bar, 2m10s elapsed]
TestTerraformCompleteExample 2022-03-22T17:02:00Z logger.go:66: module.eks.module.eks_managed_node_group["foo"].aws_eks_node_group.this[0]: Still destroying... [id=ex-complete:foo-20220322165613661300000019, 2m10s elapsed]
TestTerraformCompleteExample 2022-03-22T17:02:10Z logger.go:66: module.eks.module.fargate_profile["bar"].aws_eks_fargate_profile.this[0]: Still destroying... [id=ex-complete:bar, 2m20s elapsed]
TestTerraformCompleteExample 2022-03-22T17:02:10Z logger.go:66: module.eks.module.eks_managed_node_group["foo"].aws_eks_node_group.this[0]: Still destroying... [id=ex-complete:foo-20220322165613661300000019, 2m20s elapsed]
TestTerraformCompleteExample 2022-03-22T17:02:20Z logger.go:66: module.eks.module.fargate_profile["bar"].aws_eks_fargate_profile.this[0]: Still destroying... [id=ex-complete:bar, 2m30s elapsed]
TestTerraformCompleteExample 2022-03-22T17:02:20Z logger.go:66: module.eks.module.eks_managed_node_group["foo"].aws_eks_node_group.this[0]: Still destroying... [id=ex-complete:foo-20220322165613661300000019, 2m30s elapsed]
TestTerraformCompleteExample 2022-03-22T17:02:30Z logger.go:66: module.eks.module.fargate_profile["bar"].aws_eks_fargate_profile.this[0]: Still destroying... [id=ex-complete:bar, 2m40s elapsed]
TestTerraformCompleteExample 2022-03-22T17:02:30Z logger.go:66: module.eks.module.eks_managed_node_group["foo"].aws_eks_node_group.this[0]: Still destroying... [id=ex-complete:foo-20220322165613661300000019, 2m40s elapsed]
TestTerraformCompleteExample 2022-03-22T17:02:40Z logger.go:66: module.eks.module.fargate_profile["bar"].aws_eks_fargate_profile.this[0]: Still destroying... [id=ex-complete:bar, 2m50s elapsed]
TestTerraformCompleteExample 2022-03-22T17:02:40Z logger.go:66: module.eks.module.eks_managed_node_group["foo"].aws_eks_node_group.this[0]: Still destroying... [id=ex-complete:foo-20220322165613661300000019, 2m50s elapsed]
TestTerraformCompleteExample 2022-03-22T17:02:47Z logger.go:66: module.eks.module.fargate_profile["bar"].aws_eks_fargate_profile.this[0]: Destruction complete after 2m58s
TestTerraformCompleteExample 2022-03-22T17:02:47Z logger.go:66: module.eks.module.fargate_profile["bar"].aws_iam_role.this[0]: Destroying... [id=bar-20220322164526193400000003]
TestTerraformCompleteExample 2022-03-22T17:02:48Z logger.go:66: module.eks.module.fargate_profile["bar"].aws_iam_role.this[0]: Destruction complete after 0s
TestTerraformCompleteExample 2022-03-22T17:02:50Z logger.go:66: module.eks.module.eks_managed_node_group["foo"].aws_eks_node_group.this[0]: Still destroying... [id=ex-complete:foo-20220322165613661300000019, 3m0s elapsed]
TestTerraformCompleteExample 2022-03-22T17:03:00Z logger.go:66: module.eks.module.eks_managed_node_group["foo"].aws_eks_node_group.this[0]: Still destroying... [id=ex-complete:foo-20220322165613661300000019, 3m10s elapsed]
TestTerraformCompleteExample 2022-03-22T17:03:10Z logger.go:66: module.eks.module.eks_managed_node_group["foo"].aws_eks_node_group.this[0]: Still destroying... [id=ex-complete:foo-20220322165613661300000019, 3m20s elapsed]
TestTerraformCompleteExample 2022-03-22T17:03:20Z logger.go:66: module.eks.module.eks_managed_node_group["foo"].aws_eks_node_group.this[0]: Still destroying... [id=ex-complete:foo-20220322165613661300000019, 3m30s elapsed]
TestTerraformCompleteExample 2022-03-22T17:03:30Z logger.go:66: module.eks.module.eks_managed_node_group["foo"].aws_eks_node_group.this[0]: Still destroying... [id=ex-complete:foo-20220322165613661300000019, 3m40s elapsed]
TestTerraformCompleteExample 2022-03-22T17:03:40Z logger.go:66: module.eks.module.eks_managed_node_group["foo"].aws_eks_node_group.this[0]: Still destroying... [id=ex-complete:foo-20220322165613661300000019, 3m50s elapsed]
TestTerraformCompleteExample 2022-03-22T17:03:50Z logger.go:66: module.eks.module.eks_managed_node_group["foo"].aws_eks_node_group.this[0]: Still destroying... [id=ex-complete:foo-20220322165613661300000019, 4m0s elapsed]
TestTerraformCompleteExample 2022-03-22T17:04:00Z logger.go:66: module.eks.module.eks_managed_node_group["foo"].aws_eks_node_group.this[0]: Still destroying... [id=ex-complete:foo-20220322165613661300000019, 4m10s elapsed]
TestTerraformCompleteExample 2022-03-22T17:04:10Z logger.go:66: module.eks.module.eks_managed_node_group["foo"].aws_eks_node_group.this[0]: Still destroying... [id=ex-complete:foo-20220322165613661300000019, 4m20s elapsed]
TestTerraformCompleteExample 2022-03-22T17:04:20Z logger.go:66: module.eks.module.eks_managed_node_group["foo"].aws_eks_node_group.this[0]: Still destroying... [id=ex-complete:foo-20220322165613661300000019, 4m30s elapsed]
TestTerraformCompleteExample 2022-03-22T17:04:30Z logger.go:66: module.eks.module.eks_managed_node_group["foo"].aws_eks_node_group.this[0]: Still destroying... [id=ex-complete:foo-20220322165613661300000019, 4m40s elapsed]
TestTerraformCompleteExample 2022-03-22T17:04:39Z logger.go:66: module.eks.module.eks_managed_node_group["foo"].aws_eks_node_group.this[0]: Still destroying... [id=ex-complete:foo-20220322165613661300000019, 4m50s elapsed]
TestTerraformCompleteExample 2022-03-22T17:04:49Z logger.go:66: module.eks.module.eks_managed_node_group["foo"].aws_eks_node_group.this[0]: Still destroying... [id=ex-complete:foo-20220322165613661300000019, 5m0s elapsed]
TestTerraformCompleteExample 2022-03-22T17:05:00Z logger.go:66: module.eks.module.eks_managed_node_group["foo"].aws_eks_node_group.this[0]: Still destroying... [id=ex-complete:foo-20220322165613661300000019, 5m10s elapsed]
TestTerraformCompleteExample 2022-03-22T17:05:09Z logger.go:66: module.eks.module.eks_managed_node_group["foo"].aws_eks_node_group.this[0]: Still destroying... [id=ex-complete:foo-20220322165613661300000019, 5m20s elapsed]
TestTerraformCompleteExample 2022-03-22T17:05:19Z logger.go:66: module.eks.module.eks_managed_node_group["foo"].aws_eks_node_group.this[0]: Still destroying... [id=ex-complete:foo-20220322165613661300000019, 5m30s elapsed]
TestTerraformCompleteExample 2022-03-22T17:05:29Z logger.go:66: module.eks.module.eks_managed_node_group["foo"].aws_eks_node_group.this[0]: Still destroying... [id=ex-complete:foo-20220322165613661300000019, 5m40s elapsed]
TestTerraformCompleteExample 2022-03-22T17:05:39Z logger.go:66: module.eks.module.eks_managed_node_group["foo"].aws_eks_node_group.this[0]: Still destroying... [id=ex-complete:foo-20220322165613661300000019, 5m50s elapsed]
TestTerraformCompleteExample 2022-03-22T17:05:49Z logger.go:66: module.eks.module.eks_managed_node_group["foo"].aws_eks_node_group.this[0]: Still destroying... [id=ex-complete:foo-20220322165613661300000019, 6m0s elapsed]
TestTerraformCompleteExample 2022-03-22T17:05:59Z logger.go:66: module.eks.module.eks_managed_node_group["foo"].aws_eks_node_group.this[0]: Still destroying... [id=ex-complete:foo-20220322165613661300000019, 6m10s elapsed]
TestTerraformCompleteExample 2022-03-22T17:06:09Z logger.go:66: module.eks.module.eks_managed_node_group["foo"].aws_eks_node_group.this[0]: Still destroying... [id=ex-complete:foo-20220322165613661300000019, 6m20s elapsed]
TestTerraformCompleteExample 2022-03-22T17:06:19Z logger.go:66: module.eks.module.eks_managed_node_group["foo"].aws_eks_node_group.this[0]: Still destroying... [id=ex-complete:foo-20220322165613661300000019, 6m30s elapsed]
TestTerraformCompleteExample 2022-03-22T17:06:29Z logger.go:66: module.eks.module.eks_managed_node_group["foo"].aws_eks_node_group.this[0]: Still destroying... [id=ex-complete:foo-20220322165613661300000019, 6m40s elapsed]
TestTerraformCompleteExample 2022-03-22T17:06:39Z logger.go:66: module.eks.module.eks_managed_node_group["foo"].aws_eks_node_group.this[0]: Still destroying... [id=ex-complete:foo-20220322165613661300000019, 6m50s elapsed]
TestTerraformCompleteExample 2022-03-22T17:06:49Z logger.go:66: module.eks.module.eks_managed_node_group["foo"].aws_eks_node_group.this[0]: Still destroying... [id=ex-complete:foo-20220322165613661300000019, 7m0s elapsed]
TestTerraformCompleteExample 2022-03-22T17:06:59Z logger.go:66: module.eks.module.eks_managed_node_group["foo"].aws_eks_node_group.this[0]: Still destroying... [id=ex-complete:foo-20220322165613661300000019, 7m10s elapsed]
TestTerraformCompleteExample 2022-03-22T17:07:09Z logger.go:66: module.eks.module.eks_managed_node_group["foo"].aws_eks_node_group.this[0]: Still destroying... [id=ex-complete:foo-20220322165613661300000019, 7m20s elapsed]
TestTerraformCompleteExample 2022-03-22T17:07:14Z logger.go:66: module.eks.module.eks_managed_node_group["foo"].aws_eks_node_group.this[0]: Destruction complete after 7m25s
TestTerraformCompleteExample 2022-03-22T17:07:14Z logger.go:66: module.eks.module.eks_managed_node_group["foo"].aws_launch_template.this[0]: Destroying... [id=lt-09d4c05a368471446]
TestTerraformCompleteExample 2022-03-22T17:07:15Z logger.go:66: module.eks.module.eks_managed_node_group["foo"].aws_launch_template.this[0]: Destruction complete after 0s
TestTerraformCompleteExample 2022-03-22T17:07:15Z logger.go:66: module.eks.module.eks_managed_node_group["foo"].aws_iam_role_policy_attachment.this["arn:aws:iam::aws:policy/AmazonEC2ContainerRegistryReadOnly"]: Destroying... [id=foo-eks-node-group-20220322164526193400000004-20220322164527627100000005]
TestTerraformCompleteExample 2022-03-22T17:07:15Z logger.go:66: module.eks.module.eks_managed_node_group["foo"].aws_iam_role_policy_attachment.this["arn:aws:iam::aws:policy/AmazonEKSWorkerNodePolicy"]: Destroying... [id=foo-eks-node-group-20220322164526193400000004-20220322164527645600000007]
TestTerraformCompleteExample 2022-03-22T17:07:15Z logger.go:66: module.eks.module.eks_managed_node_group["foo"].aws_iam_role_policy_attachment.this["arn:aws:iam::aws:policy/AmazonEKS_CNI_Policy"]: Destroying... [id=foo-eks-node-group-20220322164526193400000004-20220322164527734900000009]
TestTerraformCompleteExample 2022-03-22T17:07:15Z logger.go:66: module.eks.module.eks_managed_node_group["foo"].aws_security_group.this[0]: Destroying... [id=sg-00e6648082f5e3188]
TestTerraformCompleteExample 2022-03-22T17:07:15Z logger.go:66: module.eks.aws_eks_cluster.this[0]: Destroying... [id=ex-complete]
TestTerraformCompleteExample 2022-03-22T17:07:15Z logger.go:66: module.eks.module.eks_managed_node_group["foo"].aws_security_group.this[0]: Destruction complete after 1s
TestTerraformCompleteExample 2022-03-22T17:07:15Z logger.go:66: module.eks.module.eks_managed_node_group["foo"].aws_iam_role_policy_attachment.this["arn:aws:iam::aws:policy/AmazonEKS_CNI_Policy"]: Destruction complete after 1s
TestTerraformCompleteExample 2022-03-22T17:07:15Z logger.go:66: module.eks.module.eks_managed_node_group["foo"].aws_iam_role_policy_attachment.this["arn:aws:iam::aws:policy/AmazonEC2ContainerRegistryReadOnly"]: Destruction complete after 1s
TestTerraformCompleteExample 2022-03-22T17:07:15Z logger.go:66: module.eks.module.eks_managed_node_group["foo"].aws_iam_role_policy_attachment.this["arn:aws:iam::aws:policy/AmazonEKSWorkerNodePolicy"]: Destruction complete after 1s
TestTerraformCompleteExample 2022-03-22T17:07:15Z logger.go:66: module.eks.module.eks_managed_node_group["foo"].aws_iam_role.this[0]: Destroying... [id=foo-eks-node-group-20220322164526193400000004]
TestTerraformCompleteExample 2022-03-22T17:07:16Z logger.go:66: module.eks.module.eks_managed_node_group["foo"].aws_iam_role.this[0]: Destruction complete after 0s
TestTerraformCompleteExample 2022-03-22T17:07:25Z logger.go:66: module.eks.aws_eks_cluster.this[0]: Still destroying... [id=ex-complete, 10s elapsed]
TestTerraformCompleteExample 2022-03-22T17:07:35Z logger.go:66: module.eks.aws_eks_cluster.this[0]: Still destroying... [id=ex-complete, 20s elapsed]
TestTerraformCompleteExample 2022-03-22T17:07:45Z logger.go:66: module.eks.aws_eks_cluster.this[0]: Still destroying... [id=ex-complete, 30s elapsed]
TestTerraformCompleteExample 2022-03-22T17:07:55Z logger.go:66: module.eks.aws_eks_cluster.this[0]: Still destroying... [id=ex-complete, 40s elapsed]
TestTerraformCompleteExample 2022-03-22T17:08:05Z logger.go:66: module.eks.aws_eks_cluster.this[0]: Still destroying... [id=ex-complete, 50s elapsed]
TestTerraformCompleteExample 2022-03-22T17:08:15Z logger.go:66: module.eks.aws_eks_cluster.this[0]: Still destroying... [id=ex-complete, 1m0s elapsed]
TestTerraformCompleteExample 2022-03-22T17:08:25Z logger.go:66: module.eks.aws_eks_cluster.this[0]: Still destroying... [id=ex-complete, 1m10s elapsed]
TestTerraformCompleteExample 2022-03-22T17:08:35Z logger.go:66: module.eks.aws_eks_cluster.this[0]: Still destroying... [id=ex-complete, 1m20s elapsed]
TestTerraformCompleteExample 2022-03-22T17:08:45Z logger.go:66: module.eks.aws_eks_cluster.this[0]: Still destroying... [id=ex-complete, 1m30s elapsed]
TestTerraformCompleteExample 2022-03-22T17:08:48Z logger.go:66: module.eks.aws_eks_cluster.this[0]: Destruction complete after 1m33s
TestTerraformCompleteExample 2022-03-22T17:08:48Z logger.go:66: module.eks.aws_security_group_rule.node["egress_cluster_443"]: Destroying... [id=sgrule-3594557401]
TestTerraformCompleteExample 2022-03-22T17:08:48Z logger.go:66: module.eks.aws_security_group_rule.node["ingress_cluster_443"]: Destroying... [id=sgrule-3070078806]
TestTerraformCompleteExample 2022-03-22T17:08:48Z logger.go:66: module.eks.aws_security_group_rule.node["egress_ntp_tcp"]: Destroying... [id=sgrule-639697609]
TestTerraformCompleteExample 2022-03-22T17:08:48Z logger.go:66: module.eks.aws_security_group_rule.node["egress_self_coredns_tcp"]: Destroying... [id=sgrule-785190043]
TestTerraformCompleteExample 2022-03-22T17:08:48Z logger.go:66: module.eks.aws_cloudwatch_log_group.this[0]: Destroying... [id=/aws/eks/ex-complete/cluster]
TestTerraformCompleteExample 2022-03-22T17:08:48Z logger.go:66: module.eks.aws_security_group_rule.node["ingress_self_coredns_tcp"]: Destroying... [id=sgrule-968656662]
TestTerraformCompleteExample 2022-03-22T17:08:48Z logger.go:66: module.vpc.aws_subnet.private[2]: Destroying... [id=subnet-052f6c3ae3574de6b]
TestTerraformCompleteExample 2022-03-22T17:08:48Z logger.go:66: module.eks.aws_security_group_rule.node["ingress_self_coredns_udp"]: Destroying... [id=sgrule-2648909049]
TestTerraformCompleteExample 2022-03-22T17:08:48Z logger.go:66: module.eks.aws_iam_role_policy_attachment.this["arn:aws:iam::aws:policy/AmazonEKSVPCResourceController"]: Destroying... [id=ex-complete-cluster-20220322164526180200000001-20220322164527646900000008]
TestTerraformCompleteExample 2022-03-22T17:08:48Z logger.go:66: module.eks.aws_security_group_rule.node["egress_ntp_udp"]: Destroying... [id=sgrule-1488922564]
TestTerraformCompleteExample 2022-03-22T17:08:48Z logger.go:66: module.eks.aws_cloudwatch_log_group.this[0]: Destruction complete after 1s
TestTerraformCompleteExample 2022-03-22T17:08:48Z logger.go:66: module.eks.aws_security_group_rule.cluster["ingress_nodes_443"]: Destroying... [id=sgrule-2575480998]
TestTerraformCompleteExample 2022-03-22T17:08:48Z logger.go:66: module.vpc.aws_subnet.private[2]: Destruction complete after 1s
TestTerraformCompleteExample 2022-03-22T17:08:48Z logger.go:66: module.eks.aws_iam_role_policy_attachment.this["arn:aws:iam::aws:policy/AmazonEKSVPCResourceController"]: Destruction complete after 1s
TestTerraformCompleteExample 2022-03-22T17:08:48Z logger.go:66: module.eks.aws_security_group_rule.cluster["egress_nodes_kubelet"]: Destroying... [id=sgrule-63602939]
TestTerraformCompleteExample 2022-03-22T17:08:48Z logger.go:66: module.eks.aws_security_group_rule.node["egress_https"]: Destroying... [id=sgrule-4194254807]
TestTerraformCompleteExample 2022-03-22T17:08:48Z logger.go:66: module.eks.aws_security_group_rule.node["egress_cluster_443"]: Destruction complete after 1s
TestTerraformCompleteExample 2022-03-22T17:08:48Z logger.go:66: module.eks.aws_security_group_rule.cluster["ingress_nodes_443"]: Destruction complete after 0s
TestTerraformCompleteExample 2022-03-22T17:08:48Z logger.go:66: module.eks.aws_iam_role_policy_attachment.this["arn:aws:iam::aws:policy/AmazonEKSClusterPolicy"]: Destroying... [id=ex-complete-cluster-20220322164526180200000001-2022032216452775110000000b]
TestTerraformCompleteExample 2022-03-22T17:08:48Z logger.go:66: module.eks.aws_security_group_rule.node["egress_self_coredns_udp"]: Destroying... [id=sgrule-2695532285]
TestTerraformCompleteExample 2022-03-22T17:08:49Z logger.go:66: module.eks.aws_iam_role_policy_attachment.this["arn:aws:iam::aws:policy/AmazonEKSClusterPolicy"]: Destruction complete after 0s
TestTerraformCompleteExample 2022-03-22T17:08:49Z logger.go:66: module.vpc.aws_subnet.private[1]: Destroying... [id=subnet-02a34e245fc2cc409]
TestTerraformCompleteExample 2022-03-22T17:08:49Z logger.go:66: module.eks.aws_security_group_rule.cluster["egress_nodes_kubelet"]: Destruction complete after 0s
TestTerraformCompleteExample 2022-03-22T17:08:49Z logger.go:66: module.eks.aws_security_group_rule.node["ingress_cluster_kubelet"]: Destroying... [id=sgrule-1251120161]
TestTerraformCompleteExample 2022-03-22T17:08:49Z logger.go:66: module.eks.aws_security_group_rule.node["ingress_cluster_443"]: Destruction complete after 1s
TestTerraformCompleteExample 2022-03-22T17:08:49Z logger.go:66: module.eks.aws_security_group_rule.cluster["egress_nodes_443"]: Destroying... [id=sgrule-437306491]
TestTerraformCompleteExample 2022-03-22T17:08:49Z logger.go:66: module.vpc.aws_subnet.private[1]: Destruction complete after 1s
TestTerraformCompleteExample 2022-03-22T17:08:49Z logger.go:66: module.vpc.aws_subnet.private[0]: Destroying... [id=subnet-04c75e593a0c457f8]
TestTerraformCompleteExample 2022-03-22T17:08:49Z logger.go:66: module.eks.aws_security_group_rule.node["egress_ntp_tcp"]: Destruction complete after 2s
TestTerraformCompleteExample 2022-03-22T17:08:49Z logger.go:66: module.eks.aws_iam_role.this[0]: Destroying... [id=ex-complete-cluster-20220322164526180200000001]
TestTerraformCompleteExample 2022-03-22T17:08:49Z logger.go:66: module.eks.aws_security_group_rule.cluster["egress_nodes_443"]: Destruction complete after 1s
TestTerraformCompleteExample 2022-03-22T17:08:50Z logger.go:66: module.vpc.aws_subnet.private[0]: Destruction complete after 0s
TestTerraformCompleteExample 2022-03-22T17:08:50Z logger.go:66: module.eks.aws_iam_role.this[0]: Destruction complete after 0s
TestTerraformCompleteExample 2022-03-22T17:08:50Z logger.go:66: module.eks.aws_security_group_rule.node["ingress_self_coredns_udp"]: Destruction complete after 2s
TestTerraformCompleteExample 2022-03-22T17:08:50Z logger.go:66: module.eks.aws_security_group_rule.node["egress_ntp_udp"]: Destruction complete after 3s
TestTerraformCompleteExample 2022-03-22T17:08:51Z logger.go:66: module.eks.aws_security_group_rule.node["egress_self_coredns_tcp"]: Destruction complete after 3s
TestTerraformCompleteExample 2022-03-22T17:08:51Z logger.go:66: module.eks.aws_security_group_rule.node["ingress_self_coredns_tcp"]: Destruction complete after 4s
TestTerraformCompleteExample 2022-03-22T17:08:52Z logger.go:66: module.eks.aws_security_group_rule.node["egress_https"]: Destruction complete after 3s
TestTerraformCompleteExample 2022-03-22T17:08:52Z logger.go:66: module.eks.aws_security_group_rule.node["egress_self_coredns_udp"]: Destruction complete after 4s
TestTerraformCompleteExample 2022-03-22T17:08:52Z logger.go:66: module.eks.aws_security_group_rule.node["ingress_cluster_kubelet"]: Destruction complete after 4s
TestTerraformCompleteExample 2022-03-22T17:08:52Z logger.go:66: module.eks.aws_security_group.cluster[0]: Destroying... [id=sg-01dcd30a0adb10420]
TestTerraformCompleteExample 2022-03-22T17:08:52Z logger.go:66: module.eks.aws_security_group.node[0]: Destroying... [id=sg-05c945c8db9060585]
TestTerraformCompleteExample 2022-03-22T17:08:53Z logger.go:66: module.eks.aws_security_group.cluster[0]: Destruction complete after 0s
TestTerraformCompleteExample 2022-03-22T17:08:53Z logger.go:66: module.eks.aws_security_group.node[0]: Destruction complete after 1s
TestTerraformCompleteExample 2022-03-22T17:08:53Z logger.go:66: module.vpc.aws_vpc.this[0]: Destroying... [id=vpc-095ec8e5b71fefea7]
TestTerraformCompleteExample 2022-03-22T17:08:53Z logger.go:66: module.vpc.aws_vpc.this[0]: Destruction complete after 0s
TestTerraformCompleteExample 2022-03-22T17:08:53Z logger.go:66:
TestTerraformCompleteExample 2022-03-22T17:08:53Z logger.go:66: Destroy complete! Resources: 65 destroyed.
--- PASS: TestTerraformCompleteExample (1425.05s)
PASS
ok  	command-line-arguments	1425.068s
