=== RUN   TestTerraformBasicExample
TestTerraformBasicExample 2022-03-23T15:09:49Z retry.go:91: terraform [init -upgrade=false]
TestTerraformBasicExample 2022-03-23T15:09:49Z logger.go:66: Running command terraform with args [init -upgrade=false]
TestTerraformBasicExample 2022-03-23T15:09:49Z logger.go:66: [0m[1mInitializing modules...[0m
TestTerraformBasicExample 2022-03-23T15:09:50Z logger.go:66:
TestTerraformBasicExample 2022-03-23T15:09:50Z logger.go:66: [0m[1mInitializing the backend...[0m
TestTerraformBasicExample 2022-03-23T15:09:51Z logger.go:66:
TestTerraformBasicExample 2022-03-23T15:09:51Z logger.go:66: [0m[1mInitializing provider plugins...[0m
TestTerraformBasicExample 2022-03-23T15:09:51Z logger.go:66: - Reusing previous version of hashicorp/kubernetes from the dependency lock file
TestTerraformBasicExample 2022-03-23T15:09:51Z logger.go:66: - Reusing previous version of gavinbunney/kubectl from the dependency lock file
TestTerraformBasicExample 2022-03-23T15:09:51Z logger.go:66: - Reusing previous version of hashicorp/aws from the dependency lock file
TestTerraformBasicExample 2022-03-23T15:09:51Z logger.go:66: - Reusing previous version of hashicorp/tls from the dependency lock file
TestTerraformBasicExample 2022-03-23T15:09:51Z logger.go:66: - Reusing previous version of hashicorp/cloudinit from the dependency lock file
TestTerraformBasicExample 2022-03-23T15:09:52Z logger.go:66: - Using previously-installed hashicorp/kubernetes v2.9.0
TestTerraformBasicExample 2022-03-23T15:09:52Z logger.go:66: - Using previously-installed gavinbunney/kubectl v1.13.1
TestTerraformBasicExample 2022-03-23T15:09:53Z logger.go:66: - Using previously-installed hashicorp/aws v4.6.0
TestTerraformBasicExample 2022-03-23T15:09:53Z logger.go:66: - Using previously-installed hashicorp/tls v3.1.0
TestTerraformBasicExample 2022-03-23T15:09:53Z logger.go:66: - Using previously-installed hashicorp/cloudinit v2.2.0
TestTerraformBasicExample 2022-03-23T15:09:53Z logger.go:66:
TestTerraformBasicExample 2022-03-23T15:09:53Z logger.go:66: [0m[1m[32mTerraform has been successfully initialized![0m[32m[0m
TestTerraformBasicExample 2022-03-23T15:09:53Z logger.go:66: [0m[32m
TestTerraformBasicExample 2022-03-23T15:09:53Z logger.go:66: You may now begin working with Terraform. Try running "terraform plan" to see
TestTerraformBasicExample 2022-03-23T15:09:53Z logger.go:66: any changes that are required for your infrastructure. All Terraform commands
TestTerraformBasicExample 2022-03-23T15:09:53Z logger.go:66: should now work.
TestTerraformBasicExample 2022-03-23T15:09:53Z logger.go:66:
TestTerraformBasicExample 2022-03-23T15:09:53Z logger.go:66: If you ever set or change modules or backend configuration for Terraform,
TestTerraformBasicExample 2022-03-23T15:09:53Z logger.go:66: rerun this command to reinitialize your working directory. If you forget, other
TestTerraformBasicExample 2022-03-23T15:09:53Z logger.go:66: commands will detect it and remind you to do so if necessary.[0m
TestTerraformBasicExample 2022-03-23T15:09:53Z retry.go:91: terraform [apply -input=false -auto-approve -no-color -lock=false]
TestTerraformBasicExample 2022-03-23T15:09:53Z logger.go:66: Running command terraform with args [apply -input=false -auto-approve -no-color -lock=false]
TestTerraformBasicExample 2022-03-23T15:10:00Z logger.go:66:
TestTerraformBasicExample 2022-03-23T15:10:00Z logger.go:66: Terraform used the selected providers to generate the following execution
TestTerraformBasicExample 2022-03-23T15:10:00Z logger.go:66: plan. Resource actions are indicated with the following symbols:
TestTerraformBasicExample 2022-03-23T15:10:00Z logger.go:66:   + create
TestTerraformBasicExample 2022-03-23T15:10:00Z logger.go:66:  <= read (data resources)
TestTerraformBasicExample 2022-03-23T15:10:00Z logger.go:66:
TestTerraformBasicExample 2022-03-23T15:10:00Z logger.go:66: Terraform will perform the following actions:
TestTerraformBasicExample 2022-03-23T15:10:00Z logger.go:66:
TestTerraformBasicExample 2022-03-23T15:10:00Z logger.go:66:   # data.aws_eks_cluster.cluster will be read during apply
TestTerraformBasicExample 2022-03-23T15:10:00Z logger.go:66:   # (config refers to values not yet known)
TestTerraformBasicExample 2022-03-23T15:10:00Z logger.go:66:  <= data "aws_eks_cluster" "cluster"  {
TestTerraformBasicExample 2022-03-23T15:10:00Z logger.go:66:       + arn                       = (known after apply)
TestTerraformBasicExample 2022-03-23T15:10:00Z logger.go:66:       + certificate_authority     = (known after apply)
TestTerraformBasicExample 2022-03-23T15:10:00Z logger.go:66:       + created_at                = (known after apply)
TestTerraformBasicExample 2022-03-23T15:10:00Z logger.go:66:       + enabled_cluster_log_types = (known after apply)
TestTerraformBasicExample 2022-03-23T15:10:00Z logger.go:66:       + endpoint                  = (known after apply)
TestTerraformBasicExample 2022-03-23T15:10:00Z logger.go:66:       + id                        = (known after apply)
TestTerraformBasicExample 2022-03-23T15:10:00Z logger.go:66:       + identity                  = (known after apply)
TestTerraformBasicExample 2022-03-23T15:10:00Z logger.go:66:       + kubernetes_network_config = (known after apply)
TestTerraformBasicExample 2022-03-23T15:10:00Z logger.go:66:       + name                      = (known after apply)
TestTerraformBasicExample 2022-03-23T15:10:00Z logger.go:66:       + platform_version          = (known after apply)
TestTerraformBasicExample 2022-03-23T15:10:00Z logger.go:66:       + role_arn                  = (known after apply)
TestTerraformBasicExample 2022-03-23T15:10:00Z logger.go:66:       + status                    = (known after apply)
TestTerraformBasicExample 2022-03-23T15:10:00Z logger.go:66:       + tags                      = (known after apply)
TestTerraformBasicExample 2022-03-23T15:10:00Z logger.go:66:       + version                   = (known after apply)
TestTerraformBasicExample 2022-03-23T15:10:00Z logger.go:66:       + vpc_config                = (known after apply)
TestTerraformBasicExample 2022-03-23T15:10:00Z logger.go:66:     }
TestTerraformBasicExample 2022-03-23T15:10:00Z logger.go:66:
TestTerraformBasicExample 2022-03-23T15:10:00Z logger.go:66:   # data.aws_eks_cluster_auth.cluster will be read during apply
TestTerraformBasicExample 2022-03-23T15:10:00Z logger.go:66:   # (config refers to values not yet known)
TestTerraformBasicExample 2022-03-23T15:10:00Z logger.go:66:  <= data "aws_eks_cluster_auth" "cluster"  {
TestTerraformBasicExample 2022-03-23T15:10:00Z logger.go:66:       + id    = (known after apply)
TestTerraformBasicExample 2022-03-23T15:10:00Z logger.go:66:       + name  = (known after apply)
TestTerraformBasicExample 2022-03-23T15:10:00Z logger.go:66:       + token = (sensitive value)
TestTerraformBasicExample 2022-03-23T15:10:00Z logger.go:66:     }
TestTerraformBasicExample 2022-03-23T15:10:00Z logger.go:66:
TestTerraformBasicExample 2022-03-23T15:10:00Z logger.go:66:   # module.eks.data.tls_certificate.this[0] will be read during apply
TestTerraformBasicExample 2022-03-23T15:10:00Z logger.go:66:   # (config refers to values not yet known)
TestTerraformBasicExample 2022-03-23T15:10:00Z logger.go:66:  <= data "tls_certificate" "this"  {
TestTerraformBasicExample 2022-03-23T15:10:00Z logger.go:66:       + certificates = (known after apply)
TestTerraformBasicExample 2022-03-23T15:10:00Z logger.go:66:       + id           = (known after apply)
TestTerraformBasicExample 2022-03-23T15:10:00Z logger.go:66:       + url          = (known after apply)
TestTerraformBasicExample 2022-03-23T15:10:00Z logger.go:66:     }
TestTerraformBasicExample 2022-03-23T15:10:00Z logger.go:66:
TestTerraformBasicExample 2022-03-23T15:10:00Z logger.go:66:   # module.eks.aws_cloudwatch_log_group.this[0] will be created
TestTerraformBasicExample 2022-03-23T15:10:00Z logger.go:66:   + resource "aws_cloudwatch_log_group" "this" {
TestTerraformBasicExample 2022-03-23T15:10:00Z logger.go:66:       + arn               = (known after apply)
TestTerraformBasicExample 2022-03-23T15:10:00Z logger.go:66:       + id                = (known after apply)
TestTerraformBasicExample 2022-03-23T15:10:00Z logger.go:66:       + name              = "/aws/eks/ex-basic/cluster"
TestTerraformBasicExample 2022-03-23T15:10:00Z logger.go:66:       + retention_in_days = 90
TestTerraformBasicExample 2022-03-23T15:10:00Z logger.go:66:       + tags_all          = {
TestTerraformBasicExample 2022-03-23T15:10:00Z logger.go:66:           + "Example"    = "ex-basic"
TestTerraformBasicExample 2022-03-23T15:10:00Z logger.go:66:           + "GithubOrg"  = "aidan-melen"
TestTerraformBasicExample 2022-03-23T15:10:00Z logger.go:66:           + "GithubRepo" = "terraform-aws-eks-auth"
TestTerraformBasicExample 2022-03-23T15:10:00Z logger.go:66:         }
TestTerraformBasicExample 2022-03-23T15:10:00Z logger.go:66:     }
TestTerraformBasicExample 2022-03-23T15:10:00Z logger.go:66:
TestTerraformBasicExample 2022-03-23T15:10:00Z logger.go:66:   # module.eks.aws_eks_cluster.this[0] will be created
TestTerraformBasicExample 2022-03-23T15:10:00Z logger.go:66:   + resource "aws_eks_cluster" "this" {
TestTerraformBasicExample 2022-03-23T15:10:00Z logger.go:66:       + arn                       = (known after apply)
TestTerraformBasicExample 2022-03-23T15:10:00Z logger.go:66:       + certificate_authority     = (known after apply)
TestTerraformBasicExample 2022-03-23T15:10:00Z logger.go:66:       + created_at                = (known after apply)
TestTerraformBasicExample 2022-03-23T15:10:00Z logger.go:66:       + enabled_cluster_log_types = [
TestTerraformBasicExample 2022-03-23T15:10:00Z logger.go:66:           + "api",
TestTerraformBasicExample 2022-03-23T15:10:00Z logger.go:66:           + "audit",
TestTerraformBasicExample 2022-03-23T15:10:00Z logger.go:66:           + "authenticator",
TestTerraformBasicExample 2022-03-23T15:10:00Z logger.go:66:         ]
TestTerraformBasicExample 2022-03-23T15:10:00Z logger.go:66:       + endpoint                  = (known after apply)
TestTerraformBasicExample 2022-03-23T15:10:00Z logger.go:66:       + id                        = (known after apply)
TestTerraformBasicExample 2022-03-23T15:10:00Z logger.go:66:       + identity                  = (known after apply)
TestTerraformBasicExample 2022-03-23T15:10:00Z logger.go:66:       + name                      = "ex-basic"
TestTerraformBasicExample 2022-03-23T15:10:00Z logger.go:66:       + platform_version          = (known after apply)
TestTerraformBasicExample 2022-03-23T15:10:00Z logger.go:66:       + role_arn                  = (known after apply)
TestTerraformBasicExample 2022-03-23T15:10:00Z logger.go:66:       + status                    = (known after apply)
TestTerraformBasicExample 2022-03-23T15:10:00Z logger.go:66:       + tags_all                  = {
TestTerraformBasicExample 2022-03-23T15:10:00Z logger.go:66:           + "Example"    = "ex-basic"
TestTerraformBasicExample 2022-03-23T15:10:00Z logger.go:66:           + "GithubOrg"  = "aidan-melen"
TestTerraformBasicExample 2022-03-23T15:10:00Z logger.go:66:           + "GithubRepo" = "terraform-aws-eks-auth"
TestTerraformBasicExample 2022-03-23T15:10:00Z logger.go:66:         }
TestTerraformBasicExample 2022-03-23T15:10:00Z logger.go:66:       + version                   = (known after apply)
TestTerraformBasicExample 2022-03-23T15:10:00Z logger.go:66:
TestTerraformBasicExample 2022-03-23T15:10:00Z logger.go:66:       + kubernetes_network_config {
TestTerraformBasicExample 2022-03-23T15:10:00Z logger.go:66:           + ip_family         = (known after apply)
TestTerraformBasicExample 2022-03-23T15:10:00Z logger.go:66:           + service_ipv4_cidr = (known after apply)
TestTerraformBasicExample 2022-03-23T15:10:00Z logger.go:66:         }
TestTerraformBasicExample 2022-03-23T15:10:00Z logger.go:66:
TestTerraformBasicExample 2022-03-23T15:10:00Z logger.go:66:       + timeouts {}
TestTerraformBasicExample 2022-03-23T15:10:00Z logger.go:66:
TestTerraformBasicExample 2022-03-23T15:10:00Z logger.go:66:       + vpc_config {
TestTerraformBasicExample 2022-03-23T15:10:00Z logger.go:66:           + cluster_security_group_id = (known after apply)
TestTerraformBasicExample 2022-03-23T15:10:00Z logger.go:66:           + endpoint_private_access   = false
TestTerraformBasicExample 2022-03-23T15:10:00Z logger.go:66:           + endpoint_public_access    = true
TestTerraformBasicExample 2022-03-23T15:10:00Z logger.go:66:           + public_access_cidrs       = [
TestTerraformBasicExample 2022-03-23T15:10:00Z logger.go:66:               + "0.0.0.0/0",
TestTerraformBasicExample 2022-03-23T15:10:00Z logger.go:66:             ]
TestTerraformBasicExample 2022-03-23T15:10:00Z logger.go:66:           + security_group_ids        = (known after apply)
TestTerraformBasicExample 2022-03-23T15:10:00Z logger.go:66:           + subnet_ids                = (known after apply)
TestTerraformBasicExample 2022-03-23T15:10:00Z logger.go:66:           + vpc_id                    = (known after apply)
TestTerraformBasicExample 2022-03-23T15:10:00Z logger.go:66:         }
TestTerraformBasicExample 2022-03-23T15:10:00Z logger.go:66:     }
TestTerraformBasicExample 2022-03-23T15:10:00Z logger.go:66:
TestTerraformBasicExample 2022-03-23T15:10:00Z logger.go:66:   # module.eks.aws_iam_openid_connect_provider.oidc_provider[0] will be created
TestTerraformBasicExample 2022-03-23T15:10:00Z logger.go:66:   + resource "aws_iam_openid_connect_provider" "oidc_provider" {
TestTerraformBasicExample 2022-03-23T15:10:00Z logger.go:66:       + arn             = (known after apply)
TestTerraformBasicExample 2022-03-23T15:10:00Z logger.go:66:       + client_id_list  = [
TestTerraformBasicExample 2022-03-23T15:10:00Z logger.go:66:           + "sts.amazonaws.com",
TestTerraformBasicExample 2022-03-23T15:10:00Z logger.go:66:         ]
TestTerraformBasicExample 2022-03-23T15:10:00Z logger.go:66:       + id              = (known after apply)
TestTerraformBasicExample 2022-03-23T15:10:00Z logger.go:66:       + tags            = {
TestTerraformBasicExample 2022-03-23T15:10:00Z logger.go:66:           + "Name" = "ex-basic-eks-irsa"
TestTerraformBasicExample 2022-03-23T15:10:00Z logger.go:66:         }
TestTerraformBasicExample 2022-03-23T15:10:00Z logger.go:66:       + tags_all        = {
TestTerraformBasicExample 2022-03-23T15:10:00Z logger.go:66:           + "Example"    = "ex-basic"
TestTerraformBasicExample 2022-03-23T15:10:00Z logger.go:66:           + "GithubOrg"  = "aidan-melen"
TestTerraformBasicExample 2022-03-23T15:10:00Z logger.go:66:           + "GithubRepo" = "terraform-aws-eks-auth"
TestTerraformBasicExample 2022-03-23T15:10:00Z logger.go:66:           + "Name"       = "ex-basic-eks-irsa"
TestTerraformBasicExample 2022-03-23T15:10:00Z logger.go:66:         }
TestTerraformBasicExample 2022-03-23T15:10:00Z logger.go:66:       + thumbprint_list = (known after apply)
TestTerraformBasicExample 2022-03-23T15:10:00Z logger.go:66:       + url             = (known after apply)
TestTerraformBasicExample 2022-03-23T15:10:00Z logger.go:66:     }
TestTerraformBasicExample 2022-03-23T15:10:00Z logger.go:66:
TestTerraformBasicExample 2022-03-23T15:10:00Z logger.go:66:   # module.eks.aws_iam_role.this[0] will be created
TestTerraformBasicExample 2022-03-23T15:10:00Z logger.go:66:   + resource "aws_iam_role" "this" {
TestTerraformBasicExample 2022-03-23T15:10:00Z logger.go:66:       + arn                   = (known after apply)
TestTerraformBasicExample 2022-03-23T15:10:00Z logger.go:66:       + assume_role_policy    = jsonencode(
TestTerraformBasicExample 2022-03-23T15:10:00Z logger.go:66:             {
TestTerraformBasicExample 2022-03-23T15:10:00Z logger.go:66:               + Statement = [
TestTerraformBasicExample 2022-03-23T15:10:00Z logger.go:66:                   + {
TestTerraformBasicExample 2022-03-23T15:10:00Z logger.go:66:                       + Action    = "sts:AssumeRole"
TestTerraformBasicExample 2022-03-23T15:10:00Z logger.go:66:                       + Effect    = "Allow"
TestTerraformBasicExample 2022-03-23T15:10:00Z logger.go:66:                       + Principal = {
TestTerraformBasicExample 2022-03-23T15:10:00Z logger.go:66:                           + Service = "eks.amazonaws.com"
TestTerraformBasicExample 2022-03-23T15:10:00Z logger.go:66:                         }
TestTerraformBasicExample 2022-03-23T15:10:00Z logger.go:66:                       + Sid       = "EKSClusterAssumeRole"
TestTerraformBasicExample 2022-03-23T15:10:00Z logger.go:66:                     },
TestTerraformBasicExample 2022-03-23T15:10:00Z logger.go:66:                 ]
TestTerraformBasicExample 2022-03-23T15:10:00Z logger.go:66:               + Version   = "2012-10-17"
TestTerraformBasicExample 2022-03-23T15:10:00Z logger.go:66:             }
TestTerraformBasicExample 2022-03-23T15:10:00Z logger.go:66:         )
TestTerraformBasicExample 2022-03-23T15:10:00Z logger.go:66:       + create_date           = (known after apply)
TestTerraformBasicExample 2022-03-23T15:10:00Z logger.go:66:       + force_detach_policies = true
TestTerraformBasicExample 2022-03-23T15:10:00Z logger.go:66:       + id                    = (known after apply)
TestTerraformBasicExample 2022-03-23T15:10:00Z logger.go:66:       + managed_policy_arns   = (known after apply)
TestTerraformBasicExample 2022-03-23T15:10:00Z logger.go:66:       + max_session_duration  = 3600
TestTerraformBasicExample 2022-03-23T15:10:00Z logger.go:66:       + name                  = (known after apply)
TestTerraformBasicExample 2022-03-23T15:10:00Z logger.go:66:       + name_prefix           = "ex-basic-cluster-"
TestTerraformBasicExample 2022-03-23T15:10:00Z logger.go:66:       + path                  = "/"
TestTerraformBasicExample 2022-03-23T15:10:00Z logger.go:66:       + tags_all              = {
TestTerraformBasicExample 2022-03-23T15:10:00Z logger.go:66:           + "Example"    = "ex-basic"
TestTerraformBasicExample 2022-03-23T15:10:00Z logger.go:66:           + "GithubOrg"  = "aidan-melen"
TestTerraformBasicExample 2022-03-23T15:10:00Z logger.go:66:           + "GithubRepo" = "terraform-aws-eks-auth"
TestTerraformBasicExample 2022-03-23T15:10:00Z logger.go:66:         }
TestTerraformBasicExample 2022-03-23T15:10:00Z logger.go:66:       + unique_id             = (known after apply)
TestTerraformBasicExample 2022-03-23T15:10:00Z logger.go:66:
TestTerraformBasicExample 2022-03-23T15:10:00Z logger.go:66:       + inline_policy {
TestTerraformBasicExample 2022-03-23T15:10:00Z logger.go:66:           + name   = (known after apply)
TestTerraformBasicExample 2022-03-23T15:10:00Z logger.go:66:           + policy = (known after apply)
TestTerraformBasicExample 2022-03-23T15:10:00Z logger.go:66:         }
TestTerraformBasicExample 2022-03-23T15:10:00Z logger.go:66:     }
TestTerraformBasicExample 2022-03-23T15:10:00Z logger.go:66:
TestTerraformBasicExample 2022-03-23T15:10:00Z logger.go:66:   # module.eks.aws_iam_role_policy_attachment.this["arn:aws:iam::aws:policy/AmazonEKSClusterPolicy"] will be created
TestTerraformBasicExample 2022-03-23T15:10:00Z logger.go:66:   + resource "aws_iam_role_policy_attachment" "this" {
TestTerraformBasicExample 2022-03-23T15:10:00Z logger.go:66:       + id         = (known after apply)
TestTerraformBasicExample 2022-03-23T15:10:00Z logger.go:66:       + policy_arn = "arn:aws:iam::aws:policy/AmazonEKSClusterPolicy"
TestTerraformBasicExample 2022-03-23T15:10:00Z logger.go:66:       + role       = (known after apply)
TestTerraformBasicExample 2022-03-23T15:10:00Z logger.go:66:     }
TestTerraformBasicExample 2022-03-23T15:10:00Z logger.go:66:
TestTerraformBasicExample 2022-03-23T15:10:00Z logger.go:66:   # module.eks.aws_iam_role_policy_attachment.this["arn:aws:iam::aws:policy/AmazonEKSVPCResourceController"] will be created
TestTerraformBasicExample 2022-03-23T15:10:00Z logger.go:66:   + resource "aws_iam_role_policy_attachment" "this" {
TestTerraformBasicExample 2022-03-23T15:10:00Z logger.go:66:       + id         = (known after apply)
TestTerraformBasicExample 2022-03-23T15:10:00Z logger.go:66:       + policy_arn = "arn:aws:iam::aws:policy/AmazonEKSVPCResourceController"
TestTerraformBasicExample 2022-03-23T15:10:00Z logger.go:66:       + role       = (known after apply)
TestTerraformBasicExample 2022-03-23T15:10:00Z logger.go:66:     }
TestTerraformBasicExample 2022-03-23T15:10:00Z logger.go:66:
TestTerraformBasicExample 2022-03-23T15:10:00Z logger.go:66:   # module.eks.aws_security_group.cluster[0] will be created
TestTerraformBasicExample 2022-03-23T15:10:00Z logger.go:66:   + resource "aws_security_group" "cluster" {
TestTerraformBasicExample 2022-03-23T15:10:00Z logger.go:66:       + arn                    = (known after apply)
TestTerraformBasicExample 2022-03-23T15:10:00Z logger.go:66:       + description            = "EKS cluster security group"
TestTerraformBasicExample 2022-03-23T15:10:00Z logger.go:66:       + egress                 = (known after apply)
TestTerraformBasicExample 2022-03-23T15:10:00Z logger.go:66:       + id                     = (known after apply)
TestTerraformBasicExample 2022-03-23T15:10:00Z logger.go:66:       + ingress                = (known after apply)
TestTerraformBasicExample 2022-03-23T15:10:00Z logger.go:66:       + name                   = (known after apply)
TestTerraformBasicExample 2022-03-23T15:10:00Z logger.go:66:       + name_prefix            = "ex-basic-cluster-"
TestTerraformBasicExample 2022-03-23T15:10:00Z logger.go:66:       + owner_id               = (known after apply)
TestTerraformBasicExample 2022-03-23T15:10:00Z logger.go:66:       + revoke_rules_on_delete = false
TestTerraformBasicExample 2022-03-23T15:10:00Z logger.go:66:       + tags                   = {
TestTerraformBasicExample 2022-03-23T15:10:00Z logger.go:66:           + "Name" = "ex-basic-cluster"
TestTerraformBasicExample 2022-03-23T15:10:00Z logger.go:66:         }
TestTerraformBasicExample 2022-03-23T15:10:00Z logger.go:66:       + tags_all               = {
TestTerraformBasicExample 2022-03-23T15:10:00Z logger.go:66:           + "Example"    = "ex-basic"
TestTerraformBasicExample 2022-03-23T15:10:00Z logger.go:66:           + "GithubOrg"  = "aidan-melen"
TestTerraformBasicExample 2022-03-23T15:10:00Z logger.go:66:           + "GithubRepo" = "terraform-aws-eks-auth"
TestTerraformBasicExample 2022-03-23T15:10:00Z logger.go:66:           + "Name"       = "ex-basic-cluster"
TestTerraformBasicExample 2022-03-23T15:10:00Z logger.go:66:         }
TestTerraformBasicExample 2022-03-23T15:10:00Z logger.go:66:       + vpc_id                 = (known after apply)
TestTerraformBasicExample 2022-03-23T15:10:00Z logger.go:66:     }
TestTerraformBasicExample 2022-03-23T15:10:00Z logger.go:66:
TestTerraformBasicExample 2022-03-23T15:10:00Z logger.go:66:   # module.eks.aws_security_group.node[0] will be created
TestTerraformBasicExample 2022-03-23T15:10:00Z logger.go:66:   + resource "aws_security_group" "node" {
TestTerraformBasicExample 2022-03-23T15:10:00Z logger.go:66:       + arn                    = (known after apply)
TestTerraformBasicExample 2022-03-23T15:10:00Z logger.go:66:       + description            = "EKS node shared security group"
TestTerraformBasicExample 2022-03-23T15:10:00Z logger.go:66:       + egress                 = (known after apply)
TestTerraformBasicExample 2022-03-23T15:10:00Z logger.go:66:       + id                     = (known after apply)
TestTerraformBasicExample 2022-03-23T15:10:00Z logger.go:66:       + ingress                = (known after apply)
TestTerraformBasicExample 2022-03-23T15:10:00Z logger.go:66:       + name                   = (known after apply)
TestTerraformBasicExample 2022-03-23T15:10:00Z logger.go:66:       + name_prefix            = "ex-basic-node-"
TestTerraformBasicExample 2022-03-23T15:10:00Z logger.go:66:       + owner_id               = (known after apply)
TestTerraformBasicExample 2022-03-23T15:10:00Z logger.go:66:       + revoke_rules_on_delete = false
TestTerraformBasicExample 2022-03-23T15:10:00Z logger.go:66:       + tags                   = {
TestTerraformBasicExample 2022-03-23T15:10:00Z logger.go:66:           + "Name"                           = "ex-basic-node"
TestTerraformBasicExample 2022-03-23T15:10:00Z logger.go:66:           + "kubernetes.io/cluster/ex-basic" = "owned"
TestTerraformBasicExample 2022-03-23T15:10:00Z logger.go:66:         }
TestTerraformBasicExample 2022-03-23T15:10:00Z logger.go:66:       + tags_all               = {
TestTerraformBasicExample 2022-03-23T15:10:00Z logger.go:66:           + "Example"                        = "ex-basic"
TestTerraformBasicExample 2022-03-23T15:10:00Z logger.go:66:           + "GithubOrg"                      = "aidan-melen"
TestTerraformBasicExample 2022-03-23T15:10:00Z logger.go:66:           + "GithubRepo"                     = "terraform-aws-eks-auth"
TestTerraformBasicExample 2022-03-23T15:10:00Z logger.go:66:           + "Name"                           = "ex-basic-node"
TestTerraformBasicExample 2022-03-23T15:10:00Z logger.go:66:           + "kubernetes.io/cluster/ex-basic" = "owned"
TestTerraformBasicExample 2022-03-23T15:10:00Z logger.go:66:         }
TestTerraformBasicExample 2022-03-23T15:10:00Z logger.go:66:       + vpc_id                 = (known after apply)
TestTerraformBasicExample 2022-03-23T15:10:00Z logger.go:66:     }
TestTerraformBasicExample 2022-03-23T15:10:00Z logger.go:66:
TestTerraformBasicExample 2022-03-23T15:10:00Z logger.go:66:   # module.eks.aws_security_group_rule.cluster["egress_nodes_443"] will be created
TestTerraformBasicExample 2022-03-23T15:10:00Z logger.go:66:   + resource "aws_security_group_rule" "cluster" {
TestTerraformBasicExample 2022-03-23T15:10:00Z logger.go:66:       + description              = "Cluster API to node groups"
TestTerraformBasicExample 2022-03-23T15:10:00Z logger.go:66:       + from_port                = 443
TestTerraformBasicExample 2022-03-23T15:10:00Z logger.go:66:       + id                       = (known after apply)
TestTerraformBasicExample 2022-03-23T15:10:00Z logger.go:66:       + prefix_list_ids          = []
TestTerraformBasicExample 2022-03-23T15:10:00Z logger.go:66:       + protocol                 = "tcp"
TestTerraformBasicExample 2022-03-23T15:10:00Z logger.go:66:       + security_group_id        = (known after apply)
TestTerraformBasicExample 2022-03-23T15:10:00Z logger.go:66:       + self                     = false
TestTerraformBasicExample 2022-03-23T15:10:00Z logger.go:66:       + source_security_group_id = (known after apply)
TestTerraformBasicExample 2022-03-23T15:10:00Z logger.go:66:       + to_port                  = 443
TestTerraformBasicExample 2022-03-23T15:10:00Z logger.go:66:       + type                     = "egress"
TestTerraformBasicExample 2022-03-23T15:10:00Z logger.go:66:     }
TestTerraformBasicExample 2022-03-23T15:10:00Z logger.go:66:
TestTerraformBasicExample 2022-03-23T15:10:00Z logger.go:66:   # module.eks.aws_security_group_rule.cluster["egress_nodes_kubelet"] will be created
TestTerraformBasicExample 2022-03-23T15:10:00Z logger.go:66:   + resource "aws_security_group_rule" "cluster" {
TestTerraformBasicExample 2022-03-23T15:10:00Z logger.go:66:       + description              = "Cluster API to node kubelets"
TestTerraformBasicExample 2022-03-23T15:10:00Z logger.go:66:       + from_port                = 10250
TestTerraformBasicExample 2022-03-23T15:10:00Z logger.go:66:       + id                       = (known after apply)
TestTerraformBasicExample 2022-03-23T15:10:00Z logger.go:66:       + prefix_list_ids          = []
TestTerraformBasicExample 2022-03-23T15:10:00Z logger.go:66:       + protocol                 = "tcp"
TestTerraformBasicExample 2022-03-23T15:10:00Z logger.go:66:       + security_group_id        = (known after apply)
TestTerraformBasicExample 2022-03-23T15:10:00Z logger.go:66:       + self                     = false
TestTerraformBasicExample 2022-03-23T15:10:00Z logger.go:66:       + source_security_group_id = (known after apply)
TestTerraformBasicExample 2022-03-23T15:10:00Z logger.go:66:       + to_port                  = 10250
TestTerraformBasicExample 2022-03-23T15:10:00Z logger.go:66:       + type                     = "egress"
TestTerraformBasicExample 2022-03-23T15:10:00Z logger.go:66:     }
TestTerraformBasicExample 2022-03-23T15:10:00Z logger.go:66:
TestTerraformBasicExample 2022-03-23T15:10:00Z logger.go:66:   # module.eks.aws_security_group_rule.cluster["ingress_nodes_443"] will be created
TestTerraformBasicExample 2022-03-23T15:10:00Z logger.go:66:   + resource "aws_security_group_rule" "cluster" {
TestTerraformBasicExample 2022-03-23T15:10:00Z logger.go:66:       + description              = "Node groups to cluster API"
TestTerraformBasicExample 2022-03-23T15:10:00Z logger.go:66:       + from_port                = 443
TestTerraformBasicExample 2022-03-23T15:10:00Z logger.go:66:       + id                       = (known after apply)
TestTerraformBasicExample 2022-03-23T15:10:00Z logger.go:66:       + prefix_list_ids          = []
TestTerraformBasicExample 2022-03-23T15:10:00Z logger.go:66:       + protocol                 = "tcp"
TestTerraformBasicExample 2022-03-23T15:10:00Z logger.go:66:       + security_group_id        = (known after apply)
TestTerraformBasicExample 2022-03-23T15:10:00Z logger.go:66:       + self                     = false
TestTerraformBasicExample 2022-03-23T15:10:00Z logger.go:66:       + source_security_group_id = (known after apply)
TestTerraformBasicExample 2022-03-23T15:10:00Z logger.go:66:       + to_port                  = 443
TestTerraformBasicExample 2022-03-23T15:10:00Z logger.go:66:       + type                     = "ingress"
TestTerraformBasicExample 2022-03-23T15:10:00Z logger.go:66:     }
TestTerraformBasicExample 2022-03-23T15:10:00Z logger.go:66:
TestTerraformBasicExample 2022-03-23T15:10:00Z logger.go:66:   # module.eks.aws_security_group_rule.node["egress_cluster_443"] will be created
TestTerraformBasicExample 2022-03-23T15:10:00Z logger.go:66:   + resource "aws_security_group_rule" "node" {
TestTerraformBasicExample 2022-03-23T15:10:00Z logger.go:66:       + description              = "Node groups to cluster API"
TestTerraformBasicExample 2022-03-23T15:10:00Z logger.go:66:       + from_port                = 443
TestTerraformBasicExample 2022-03-23T15:10:00Z logger.go:66:       + id                       = (known after apply)
TestTerraformBasicExample 2022-03-23T15:10:00Z logger.go:66:       + prefix_list_ids          = []
TestTerraformBasicExample 2022-03-23T15:10:00Z logger.go:66:       + protocol                 = "tcp"
TestTerraformBasicExample 2022-03-23T15:10:00Z logger.go:66:       + security_group_id        = (known after apply)
TestTerraformBasicExample 2022-03-23T15:10:00Z logger.go:66:       + self                     = false
TestTerraformBasicExample 2022-03-23T15:10:00Z logger.go:66:       + source_security_group_id = (known after apply)
TestTerraformBasicExample 2022-03-23T15:10:00Z logger.go:66:       + to_port                  = 443
TestTerraformBasicExample 2022-03-23T15:10:00Z logger.go:66:       + type                     = "egress"
TestTerraformBasicExample 2022-03-23T15:10:00Z logger.go:66:     }
TestTerraformBasicExample 2022-03-23T15:10:00Z logger.go:66:
TestTerraformBasicExample 2022-03-23T15:10:00Z logger.go:66:   # module.eks.aws_security_group_rule.node["egress_https"] will be created
TestTerraformBasicExample 2022-03-23T15:10:00Z logger.go:66:   + resource "aws_security_group_rule" "node" {
TestTerraformBasicExample 2022-03-23T15:10:00Z logger.go:66:       + cidr_blocks              = [
TestTerraformBasicExample 2022-03-23T15:10:00Z logger.go:66:           + "0.0.0.0/0",
TestTerraformBasicExample 2022-03-23T15:10:00Z logger.go:66:         ]
TestTerraformBasicExample 2022-03-23T15:10:00Z logger.go:66:       + description              = "Egress all HTTPS to internet"
TestTerraformBasicExample 2022-03-23T15:10:00Z logger.go:66:       + from_port                = 443
TestTerraformBasicExample 2022-03-23T15:10:00Z logger.go:66:       + id                       = (known after apply)
TestTerraformBasicExample 2022-03-23T15:10:00Z logger.go:66:       + prefix_list_ids          = []
TestTerraformBasicExample 2022-03-23T15:10:00Z logger.go:66:       + protocol                 = "tcp"
TestTerraformBasicExample 2022-03-23T15:10:00Z logger.go:66:       + security_group_id        = (known after apply)
TestTerraformBasicExample 2022-03-23T15:10:00Z logger.go:66:       + self                     = false
TestTerraformBasicExample 2022-03-23T15:10:00Z logger.go:66:       + source_security_group_id = (known after apply)
TestTerraformBasicExample 2022-03-23T15:10:00Z logger.go:66:       + to_port                  = 443
TestTerraformBasicExample 2022-03-23T15:10:00Z logger.go:66:       + type                     = "egress"
TestTerraformBasicExample 2022-03-23T15:10:00Z logger.go:66:     }
TestTerraformBasicExample 2022-03-23T15:10:00Z logger.go:66:
TestTerraformBasicExample 2022-03-23T15:10:00Z logger.go:66:   # module.eks.aws_security_group_rule.node["egress_ntp_tcp"] will be created
TestTerraformBasicExample 2022-03-23T15:10:00Z logger.go:66:   + resource "aws_security_group_rule" "node" {
TestTerraformBasicExample 2022-03-23T15:10:00Z logger.go:66:       + cidr_blocks              = [
TestTerraformBasicExample 2022-03-23T15:10:00Z logger.go:66:           + "0.0.0.0/0",
TestTerraformBasicExample 2022-03-23T15:10:00Z logger.go:66:         ]
TestTerraformBasicExample 2022-03-23T15:10:00Z logger.go:66:       + description              = "Egress NTP/TCP to internet"
TestTerraformBasicExample 2022-03-23T15:10:00Z logger.go:66:       + from_port                = 123
TestTerraformBasicExample 2022-03-23T15:10:00Z logger.go:66:       + id                       = (known after apply)
TestTerraformBasicExample 2022-03-23T15:10:00Z logger.go:66:       + prefix_list_ids          = []
TestTerraformBasicExample 2022-03-23T15:10:00Z logger.go:66:       + protocol                 = "tcp"
TestTerraformBasicExample 2022-03-23T15:10:00Z logger.go:66:       + security_group_id        = (known after apply)
TestTerraformBasicExample 2022-03-23T15:10:00Z logger.go:66:       + self                     = false
TestTerraformBasicExample 2022-03-23T15:10:00Z logger.go:66:       + source_security_group_id = (known after apply)
TestTerraformBasicExample 2022-03-23T15:10:00Z logger.go:66:       + to_port                  = 123
TestTerraformBasicExample 2022-03-23T15:10:00Z logger.go:66:       + type                     = "egress"
TestTerraformBasicExample 2022-03-23T15:10:00Z logger.go:66:     }
TestTerraformBasicExample 2022-03-23T15:10:00Z logger.go:66:
TestTerraformBasicExample 2022-03-23T15:10:00Z logger.go:66:   # module.eks.aws_security_group_rule.node["egress_ntp_udp"] will be created
TestTerraformBasicExample 2022-03-23T15:10:00Z logger.go:66:   + resource "aws_security_group_rule" "node" {
TestTerraformBasicExample 2022-03-23T15:10:00Z logger.go:66:       + cidr_blocks              = [
TestTerraformBasicExample 2022-03-23T15:10:00Z logger.go:66:           + "0.0.0.0/0",
TestTerraformBasicExample 2022-03-23T15:10:00Z logger.go:66:         ]
TestTerraformBasicExample 2022-03-23T15:10:00Z logger.go:66:       + description              = "Egress NTP/UDP to internet"
TestTerraformBasicExample 2022-03-23T15:10:00Z logger.go:66:       + from_port                = 123
TestTerraformBasicExample 2022-03-23T15:10:00Z logger.go:66:       + id                       = (known after apply)
TestTerraformBasicExample 2022-03-23T15:10:00Z logger.go:66:       + prefix_list_ids          = []
TestTerraformBasicExample 2022-03-23T15:10:00Z logger.go:66:       + protocol                 = "udp"
TestTerraformBasicExample 2022-03-23T15:10:00Z logger.go:66:       + security_group_id        = (known after apply)
TestTerraformBasicExample 2022-03-23T15:10:00Z logger.go:66:       + self                     = false
TestTerraformBasicExample 2022-03-23T15:10:00Z logger.go:66:       + source_security_group_id = (known after apply)
TestTerraformBasicExample 2022-03-23T15:10:00Z logger.go:66:       + to_port                  = 123
TestTerraformBasicExample 2022-03-23T15:10:00Z logger.go:66:       + type                     = "egress"
TestTerraformBasicExample 2022-03-23T15:10:00Z logger.go:66:     }
TestTerraformBasicExample 2022-03-23T15:10:00Z logger.go:66:
TestTerraformBasicExample 2022-03-23T15:10:00Z logger.go:66:   # module.eks.aws_security_group_rule.node["egress_self_coredns_tcp"] will be created
TestTerraformBasicExample 2022-03-23T15:10:00Z logger.go:66:   + resource "aws_security_group_rule" "node" {
TestTerraformBasicExample 2022-03-23T15:10:00Z logger.go:66:       + description              = "Node to node CoreDNS"
TestTerraformBasicExample 2022-03-23T15:10:00Z logger.go:66:       + from_port                = 53
TestTerraformBasicExample 2022-03-23T15:10:00Z logger.go:66:       + id                       = (known after apply)
TestTerraformBasicExample 2022-03-23T15:10:00Z logger.go:66:       + prefix_list_ids          = []
TestTerraformBasicExample 2022-03-23T15:10:00Z logger.go:66:       + protocol                 = "tcp"
TestTerraformBasicExample 2022-03-23T15:10:00Z logger.go:66:       + security_group_id        = (known after apply)
TestTerraformBasicExample 2022-03-23T15:10:00Z logger.go:66:       + self                     = true
TestTerraformBasicExample 2022-03-23T15:10:00Z logger.go:66:       + source_security_group_id = (known after apply)
TestTerraformBasicExample 2022-03-23T15:10:00Z logger.go:66:       + to_port                  = 53
TestTerraformBasicExample 2022-03-23T15:10:00Z logger.go:66:       + type                     = "egress"
TestTerraformBasicExample 2022-03-23T15:10:00Z logger.go:66:     }
TestTerraformBasicExample 2022-03-23T15:10:00Z logger.go:66:
TestTerraformBasicExample 2022-03-23T15:10:00Z logger.go:66:   # module.eks.aws_security_group_rule.node["egress_self_coredns_udp"] will be created
TestTerraformBasicExample 2022-03-23T15:10:00Z logger.go:66:   + resource "aws_security_group_rule" "node" {
TestTerraformBasicExample 2022-03-23T15:10:00Z logger.go:66:       + description              = "Node to node CoreDNS"
TestTerraformBasicExample 2022-03-23T15:10:00Z logger.go:66:       + from_port                = 53
TestTerraformBasicExample 2022-03-23T15:10:00Z logger.go:66:       + id                       = (known after apply)
TestTerraformBasicExample 2022-03-23T15:10:00Z logger.go:66:       + prefix_list_ids          = []
TestTerraformBasicExample 2022-03-23T15:10:00Z logger.go:66:       + protocol                 = "udp"
TestTerraformBasicExample 2022-03-23T15:10:00Z logger.go:66:       + security_group_id        = (known after apply)
TestTerraformBasicExample 2022-03-23T15:10:00Z logger.go:66:       + self                     = true
TestTerraformBasicExample 2022-03-23T15:10:00Z logger.go:66:       + source_security_group_id = (known after apply)
TestTerraformBasicExample 2022-03-23T15:10:00Z logger.go:66:       + to_port                  = 53
TestTerraformBasicExample 2022-03-23T15:10:00Z logger.go:66:       + type                     = "egress"
TestTerraformBasicExample 2022-03-23T15:10:00Z logger.go:66:     }
TestTerraformBasicExample 2022-03-23T15:10:00Z logger.go:66:
TestTerraformBasicExample 2022-03-23T15:10:00Z logger.go:66:   # module.eks.aws_security_group_rule.node["ingress_cluster_443"] will be created
TestTerraformBasicExample 2022-03-23T15:10:00Z logger.go:66:   + resource "aws_security_group_rule" "node" {
TestTerraformBasicExample 2022-03-23T15:10:00Z logger.go:66:       + description              = "Cluster API to node groups"
TestTerraformBasicExample 2022-03-23T15:10:00Z logger.go:66:       + from_port                = 443
TestTerraformBasicExample 2022-03-23T15:10:00Z logger.go:66:       + id                       = (known after apply)
TestTerraformBasicExample 2022-03-23T15:10:00Z logger.go:66:       + prefix_list_ids          = []
TestTerraformBasicExample 2022-03-23T15:10:00Z logger.go:66:       + protocol                 = "tcp"
TestTerraformBasicExample 2022-03-23T15:10:00Z logger.go:66:       + security_group_id        = (known after apply)
TestTerraformBasicExample 2022-03-23T15:10:00Z logger.go:66:       + self                     = false
TestTerraformBasicExample 2022-03-23T15:10:00Z logger.go:66:       + source_security_group_id = (known after apply)
TestTerraformBasicExample 2022-03-23T15:10:00Z logger.go:66:       + to_port                  = 443
TestTerraformBasicExample 2022-03-23T15:10:00Z logger.go:66:       + type                     = "ingress"
TestTerraformBasicExample 2022-03-23T15:10:00Z logger.go:66:     }
TestTerraformBasicExample 2022-03-23T15:10:00Z logger.go:66:
TestTerraformBasicExample 2022-03-23T15:10:00Z logger.go:66:   # module.eks.aws_security_group_rule.node["ingress_cluster_kubelet"] will be created
TestTerraformBasicExample 2022-03-23T15:10:00Z logger.go:66:   + resource "aws_security_group_rule" "node" {
TestTerraformBasicExample 2022-03-23T15:10:00Z logger.go:66:       + description              = "Cluster API to node kubelets"
TestTerraformBasicExample 2022-03-23T15:10:00Z logger.go:66:       + from_port                = 10250
TestTerraformBasicExample 2022-03-23T15:10:00Z logger.go:66:       + id                       = (known after apply)
TestTerraformBasicExample 2022-03-23T15:10:00Z logger.go:66:       + prefix_list_ids          = []
TestTerraformBasicExample 2022-03-23T15:10:00Z logger.go:66:       + protocol                 = "tcp"
TestTerraformBasicExample 2022-03-23T15:10:00Z logger.go:66:       + security_group_id        = (known after apply)
TestTerraformBasicExample 2022-03-23T15:10:00Z logger.go:66:       + self                     = false
TestTerraformBasicExample 2022-03-23T15:10:00Z logger.go:66:       + source_security_group_id = (known after apply)
TestTerraformBasicExample 2022-03-23T15:10:00Z logger.go:66:       + to_port                  = 10250
TestTerraformBasicExample 2022-03-23T15:10:00Z logger.go:66:       + type                     = "ingress"
TestTerraformBasicExample 2022-03-23T15:10:00Z logger.go:66:     }
TestTerraformBasicExample 2022-03-23T15:10:00Z logger.go:66:
TestTerraformBasicExample 2022-03-23T15:10:00Z logger.go:66:   # module.eks.aws_security_group_rule.node["ingress_self_coredns_tcp"] will be created
TestTerraformBasicExample 2022-03-23T15:10:00Z logger.go:66:   + resource "aws_security_group_rule" "node" {
TestTerraformBasicExample 2022-03-23T15:10:00Z logger.go:66:       + description              = "Node to node CoreDNS"
TestTerraformBasicExample 2022-03-23T15:10:00Z logger.go:66:       + from_port                = 53
TestTerraformBasicExample 2022-03-23T15:10:00Z logger.go:66:       + id                       = (known after apply)
TestTerraformBasicExample 2022-03-23T15:10:00Z logger.go:66:       + prefix_list_ids          = []
TestTerraformBasicExample 2022-03-23T15:10:00Z logger.go:66:       + protocol                 = "tcp"
TestTerraformBasicExample 2022-03-23T15:10:00Z logger.go:66:       + security_group_id        = (known after apply)
TestTerraformBasicExample 2022-03-23T15:10:00Z logger.go:66:       + self                     = true
TestTerraformBasicExample 2022-03-23T15:10:00Z logger.go:66:       + source_security_group_id = (known after apply)
TestTerraformBasicExample 2022-03-23T15:10:00Z logger.go:66:       + to_port                  = 53
TestTerraformBasicExample 2022-03-23T15:10:00Z logger.go:66:       + type                     = "ingress"
TestTerraformBasicExample 2022-03-23T15:10:00Z logger.go:66:     }
TestTerraformBasicExample 2022-03-23T15:10:00Z logger.go:66:
TestTerraformBasicExample 2022-03-23T15:10:00Z logger.go:66:   # module.eks.aws_security_group_rule.node["ingress_self_coredns_udp"] will be created
TestTerraformBasicExample 2022-03-23T15:10:00Z logger.go:66:   + resource "aws_security_group_rule" "node" {
TestTerraformBasicExample 2022-03-23T15:10:00Z logger.go:66:       + description              = "Node to node CoreDNS"
TestTerraformBasicExample 2022-03-23T15:10:00Z logger.go:66:       + from_port                = 53
TestTerraformBasicExample 2022-03-23T15:10:00Z logger.go:66:       + id                       = (known after apply)
TestTerraformBasicExample 2022-03-23T15:10:00Z logger.go:66:       + prefix_list_ids          = []
TestTerraformBasicExample 2022-03-23T15:10:00Z logger.go:66:       + protocol                 = "udp"
TestTerraformBasicExample 2022-03-23T15:10:00Z logger.go:66:       + security_group_id        = (known after apply)
TestTerraformBasicExample 2022-03-23T15:10:00Z logger.go:66:       + self                     = true
TestTerraformBasicExample 2022-03-23T15:10:00Z logger.go:66:       + source_security_group_id = (known after apply)
TestTerraformBasicExample 2022-03-23T15:10:00Z logger.go:66:       + to_port                  = 53
TestTerraformBasicExample 2022-03-23T15:10:00Z logger.go:66:       + type                     = "ingress"
TestTerraformBasicExample 2022-03-23T15:10:00Z logger.go:66:     }
TestTerraformBasicExample 2022-03-23T15:10:00Z logger.go:66:
TestTerraformBasicExample 2022-03-23T15:10:00Z logger.go:66:   # module.eks_auth.kubectl_manifest.patch will be created
TestTerraformBasicExample 2022-03-23T15:10:00Z logger.go:66:   + resource "kubectl_manifest" "patch" {
TestTerraformBasicExample 2022-03-23T15:10:00Z logger.go:66:       + api_version             = (known after apply)
TestTerraformBasicExample 2022-03-23T15:10:00Z logger.go:66:       + force_new               = false
TestTerraformBasicExample 2022-03-23T15:10:00Z logger.go:66:       + id                      = (known after apply)
TestTerraformBasicExample 2022-03-23T15:10:00Z logger.go:66:       + kind                    = (known after apply)
TestTerraformBasicExample 2022-03-23T15:10:00Z logger.go:66:       + live_manifest_incluster = (sensitive value)
TestTerraformBasicExample 2022-03-23T15:10:00Z logger.go:66:       + live_uid                = (known after apply)
TestTerraformBasicExample 2022-03-23T15:10:00Z logger.go:66:       + name                    = (known after apply)
TestTerraformBasicExample 2022-03-23T15:10:00Z logger.go:66:       + namespace               = (known after apply)
TestTerraformBasicExample 2022-03-23T15:10:00Z logger.go:66:       + override_namespace      = "kube-system"
TestTerraformBasicExample 2022-03-23T15:10:00Z logger.go:66:       + server_side_apply       = false
TestTerraformBasicExample 2022-03-23T15:10:00Z logger.go:66:       + uid                     = (known after apply)
TestTerraformBasicExample 2022-03-23T15:10:00Z logger.go:66:       + validate_schema         = true
TestTerraformBasicExample 2022-03-23T15:10:00Z logger.go:66:       + wait_for_rollout        = true
TestTerraformBasicExample 2022-03-23T15:10:00Z logger.go:66:       + yaml_body               = (sensitive value)
TestTerraformBasicExample 2022-03-23T15:10:00Z logger.go:66:       + yaml_body_parsed        = (known after apply)
TestTerraformBasicExample 2022-03-23T15:10:00Z logger.go:66:       + yaml_incluster          = (sensitive value)
TestTerraformBasicExample 2022-03-23T15:10:00Z logger.go:66:     }
TestTerraformBasicExample 2022-03-23T15:10:00Z logger.go:66:
TestTerraformBasicExample 2022-03-23T15:10:00Z logger.go:66:   # module.vpc.aws_eip.nat[0] will be created
TestTerraformBasicExample 2022-03-23T15:10:00Z logger.go:66:   + resource "aws_eip" "nat" {
TestTerraformBasicExample 2022-03-23T15:10:00Z logger.go:66:       + allocation_id        = (known after apply)
TestTerraformBasicExample 2022-03-23T15:10:00Z logger.go:66:       + association_id       = (known after apply)
TestTerraformBasicExample 2022-03-23T15:10:00Z logger.go:66:       + carrier_ip           = (known after apply)
TestTerraformBasicExample 2022-03-23T15:10:00Z logger.go:66:       + customer_owned_ip    = (known after apply)
TestTerraformBasicExample 2022-03-23T15:10:00Z logger.go:66:       + domain               = (known after apply)
TestTerraformBasicExample 2022-03-23T15:10:00Z logger.go:66:       + id                   = (known after apply)
TestTerraformBasicExample 2022-03-23T15:10:00Z logger.go:66:       + instance             = (known after apply)
TestTerraformBasicExample 2022-03-23T15:10:00Z logger.go:66:       + network_border_group = (known after apply)
TestTerraformBasicExample 2022-03-23T15:10:00Z logger.go:66:       + network_interface    = (known after apply)
TestTerraformBasicExample 2022-03-23T15:10:00Z logger.go:66:       + private_dns          = (known after apply)
TestTerraformBasicExample 2022-03-23T15:10:00Z logger.go:66:       + private_ip           = (known after apply)
TestTerraformBasicExample 2022-03-23T15:10:00Z logger.go:66:       + public_dns           = (known after apply)
TestTerraformBasicExample 2022-03-23T15:10:00Z logger.go:66:       + public_ip            = (known after apply)
TestTerraformBasicExample 2022-03-23T15:10:00Z logger.go:66:       + public_ipv4_pool     = (known after apply)
TestTerraformBasicExample 2022-03-23T15:10:00Z logger.go:66:       + tags                 = {
TestTerraformBasicExample 2022-03-23T15:10:00Z logger.go:66:           + "Name" = "ex-basic-us-west-2a"
TestTerraformBasicExample 2022-03-23T15:10:00Z logger.go:66:         }
TestTerraformBasicExample 2022-03-23T15:10:00Z logger.go:66:       + tags_all             = {
TestTerraformBasicExample 2022-03-23T15:10:00Z logger.go:66:           + "Example"    = "ex-basic"
TestTerraformBasicExample 2022-03-23T15:10:00Z logger.go:66:           + "GithubOrg"  = "aidan-melen"
TestTerraformBasicExample 2022-03-23T15:10:00Z logger.go:66:           + "GithubRepo" = "terraform-aws-eks-auth"
TestTerraformBasicExample 2022-03-23T15:10:00Z logger.go:66:           + "Name"       = "ex-basic-us-west-2a"
TestTerraformBasicExample 2022-03-23T15:10:00Z logger.go:66:         }
TestTerraformBasicExample 2022-03-23T15:10:00Z logger.go:66:       + vpc                  = true
TestTerraformBasicExample 2022-03-23T15:10:00Z logger.go:66:     }
TestTerraformBasicExample 2022-03-23T15:10:00Z logger.go:66:
TestTerraformBasicExample 2022-03-23T15:10:00Z logger.go:66:   # module.vpc.aws_internet_gateway.this[0] will be created
TestTerraformBasicExample 2022-03-23T15:10:00Z logger.go:66:   + resource "aws_internet_gateway" "this" {
TestTerraformBasicExample 2022-03-23T15:10:00Z logger.go:66:       + arn      = (known after apply)
TestTerraformBasicExample 2022-03-23T15:10:00Z logger.go:66:       + id       = (known after apply)
TestTerraformBasicExample 2022-03-23T15:10:00Z logger.go:66:       + owner_id = (known after apply)
TestTerraformBasicExample 2022-03-23T15:10:00Z logger.go:66:       + tags     = {
TestTerraformBasicExample 2022-03-23T15:10:00Z logger.go:66:           + "Name" = "ex-basic"
TestTerraformBasicExample 2022-03-23T15:10:00Z logger.go:66:         }
TestTerraformBasicExample 2022-03-23T15:10:00Z logger.go:66:       + tags_all = {
TestTerraformBasicExample 2022-03-23T15:10:00Z logger.go:66:           + "Example"    = "ex-basic"
TestTerraformBasicExample 2022-03-23T15:10:00Z logger.go:66:           + "GithubOrg"  = "aidan-melen"
TestTerraformBasicExample 2022-03-23T15:10:00Z logger.go:66:           + "GithubRepo" = "terraform-aws-eks-auth"
TestTerraformBasicExample 2022-03-23T15:10:00Z logger.go:66:           + "Name"       = "ex-basic"
TestTerraformBasicExample 2022-03-23T15:10:00Z logger.go:66:         }
TestTerraformBasicExample 2022-03-23T15:10:00Z logger.go:66:       + vpc_id   = (known after apply)
TestTerraformBasicExample 2022-03-23T15:10:00Z logger.go:66:     }
TestTerraformBasicExample 2022-03-23T15:10:00Z logger.go:66:
TestTerraformBasicExample 2022-03-23T15:10:00Z logger.go:66:   # module.vpc.aws_nat_gateway.this[0] will be created
TestTerraformBasicExample 2022-03-23T15:10:00Z logger.go:66:   + resource "aws_nat_gateway" "this" {
TestTerraformBasicExample 2022-03-23T15:10:00Z logger.go:66:       + allocation_id        = (known after apply)
TestTerraformBasicExample 2022-03-23T15:10:00Z logger.go:66:       + connectivity_type    = "public"
TestTerraformBasicExample 2022-03-23T15:10:00Z logger.go:66:       + id                   = (known after apply)
TestTerraformBasicExample 2022-03-23T15:10:00Z logger.go:66:       + network_interface_id = (known after apply)
TestTerraformBasicExample 2022-03-23T15:10:00Z logger.go:66:       + private_ip           = (known after apply)
TestTerraformBasicExample 2022-03-23T15:10:00Z logger.go:66:       + public_ip            = (known after apply)
TestTerraformBasicExample 2022-03-23T15:10:00Z logger.go:66:       + subnet_id            = (known after apply)
TestTerraformBasicExample 2022-03-23T15:10:00Z logger.go:66:       + tags                 = {
TestTerraformBasicExample 2022-03-23T15:10:00Z logger.go:66:           + "Name" = "ex-basic-us-west-2a"
TestTerraformBasicExample 2022-03-23T15:10:00Z logger.go:66:         }
TestTerraformBasicExample 2022-03-23T15:10:00Z logger.go:66:       + tags_all             = {
TestTerraformBasicExample 2022-03-23T15:10:00Z logger.go:66:           + "Example"    = "ex-basic"
TestTerraformBasicExample 2022-03-23T15:10:00Z logger.go:66:           + "GithubOrg"  = "aidan-melen"
TestTerraformBasicExample 2022-03-23T15:10:00Z logger.go:66:           + "GithubRepo" = "terraform-aws-eks-auth"
TestTerraformBasicExample 2022-03-23T15:10:00Z logger.go:66:           + "Name"       = "ex-basic-us-west-2a"
TestTerraformBasicExample 2022-03-23T15:10:00Z logger.go:66:         }
TestTerraformBasicExample 2022-03-23T15:10:00Z logger.go:66:     }
TestTerraformBasicExample 2022-03-23T15:10:00Z logger.go:66:
TestTerraformBasicExample 2022-03-23T15:10:00Z logger.go:66:   # module.vpc.aws_route.private_nat_gateway[0] will be created
TestTerraformBasicExample 2022-03-23T15:10:00Z logger.go:66:   + resource "aws_route" "private_nat_gateway" {
TestTerraformBasicExample 2022-03-23T15:10:00Z logger.go:66:       + destination_cidr_block = "0.0.0.0/0"
TestTerraformBasicExample 2022-03-23T15:10:00Z logger.go:66:       + id                     = (known after apply)
TestTerraformBasicExample 2022-03-23T15:10:00Z logger.go:66:       + instance_id            = (known after apply)
TestTerraformBasicExample 2022-03-23T15:10:00Z logger.go:66:       + instance_owner_id      = (known after apply)
TestTerraformBasicExample 2022-03-23T15:10:00Z logger.go:66:       + nat_gateway_id         = (known after apply)
TestTerraformBasicExample 2022-03-23T15:10:00Z logger.go:66:       + network_interface_id   = (known after apply)
TestTerraformBasicExample 2022-03-23T15:10:00Z logger.go:66:       + origin                 = (known after apply)
TestTerraformBasicExample 2022-03-23T15:10:00Z logger.go:66:       + route_table_id         = (known after apply)
TestTerraformBasicExample 2022-03-23T15:10:00Z logger.go:66:       + state                  = (known after apply)
TestTerraformBasicExample 2022-03-23T15:10:00Z logger.go:66:
TestTerraformBasicExample 2022-03-23T15:10:00Z logger.go:66:       + timeouts {
TestTerraformBasicExample 2022-03-23T15:10:00Z logger.go:66:           + create = "5m"
TestTerraformBasicExample 2022-03-23T15:10:00Z logger.go:66:         }
TestTerraformBasicExample 2022-03-23T15:10:00Z logger.go:66:     }
TestTerraformBasicExample 2022-03-23T15:10:00Z logger.go:66:
TestTerraformBasicExample 2022-03-23T15:10:00Z logger.go:66:   # module.vpc.aws_route.public_internet_gateway[0] will be created
TestTerraformBasicExample 2022-03-23T15:10:00Z logger.go:66:   + resource "aws_route" "public_internet_gateway" {
TestTerraformBasicExample 2022-03-23T15:10:00Z logger.go:66:       + destination_cidr_block = "0.0.0.0/0"
TestTerraformBasicExample 2022-03-23T15:10:00Z logger.go:66:       + gateway_id             = (known after apply)
TestTerraformBasicExample 2022-03-23T15:10:00Z logger.go:66:       + id                     = (known after apply)
TestTerraformBasicExample 2022-03-23T15:10:00Z logger.go:66:       + instance_id            = (known after apply)
TestTerraformBasicExample 2022-03-23T15:10:00Z logger.go:66:       + instance_owner_id      = (known after apply)
TestTerraformBasicExample 2022-03-23T15:10:00Z logger.go:66:       + network_interface_id   = (known after apply)
TestTerraformBasicExample 2022-03-23T15:10:00Z logger.go:66:       + origin                 = (known after apply)
TestTerraformBasicExample 2022-03-23T15:10:00Z logger.go:66:       + route_table_id         = (known after apply)
TestTerraformBasicExample 2022-03-23T15:10:00Z logger.go:66:       + state                  = (known after apply)
TestTerraformBasicExample 2022-03-23T15:10:00Z logger.go:66:
TestTerraformBasicExample 2022-03-23T15:10:00Z logger.go:66:       + timeouts {
TestTerraformBasicExample 2022-03-23T15:10:00Z logger.go:66:           + create = "5m"
TestTerraformBasicExample 2022-03-23T15:10:00Z logger.go:66:         }
TestTerraformBasicExample 2022-03-23T15:10:00Z logger.go:66:     }
TestTerraformBasicExample 2022-03-23T15:10:00Z logger.go:66:
TestTerraformBasicExample 2022-03-23T15:10:00Z logger.go:66:   # module.vpc.aws_route_table.private[0] will be created
TestTerraformBasicExample 2022-03-23T15:10:00Z logger.go:66:   + resource "aws_route_table" "private" {
TestTerraformBasicExample 2022-03-23T15:10:00Z logger.go:66:       + arn              = (known after apply)
TestTerraformBasicExample 2022-03-23T15:10:00Z logger.go:66:       + id               = (known after apply)
TestTerraformBasicExample 2022-03-23T15:10:00Z logger.go:66:       + owner_id         = (known after apply)
TestTerraformBasicExample 2022-03-23T15:10:00Z logger.go:66:       + propagating_vgws = (known after apply)
TestTerraformBasicExample 2022-03-23T15:10:00Z logger.go:66:       + route            = (known after apply)
TestTerraformBasicExample 2022-03-23T15:10:00Z logger.go:66:       + tags             = {
TestTerraformBasicExample 2022-03-23T15:10:00Z logger.go:66:           + "Name" = "ex-basic-private"
TestTerraformBasicExample 2022-03-23T15:10:00Z logger.go:66:         }
TestTerraformBasicExample 2022-03-23T15:10:00Z logger.go:66:       + tags_all         = {
TestTerraformBasicExample 2022-03-23T15:10:00Z logger.go:66:           + "Example"    = "ex-basic"
TestTerraformBasicExample 2022-03-23T15:10:00Z logger.go:66:           + "GithubOrg"  = "aidan-melen"
TestTerraformBasicExample 2022-03-23T15:10:00Z logger.go:66:           + "GithubRepo" = "terraform-aws-eks-auth"
TestTerraformBasicExample 2022-03-23T15:10:00Z logger.go:66:           + "Name"       = "ex-basic-private"
TestTerraformBasicExample 2022-03-23T15:10:00Z logger.go:66:         }
TestTerraformBasicExample 2022-03-23T15:10:00Z logger.go:66:       + vpc_id           = (known after apply)
TestTerraformBasicExample 2022-03-23T15:10:00Z logger.go:66:     }
TestTerraformBasicExample 2022-03-23T15:10:00Z logger.go:66:
TestTerraformBasicExample 2022-03-23T15:10:00Z logger.go:66:   # module.vpc.aws_route_table.public[0] will be created
TestTerraformBasicExample 2022-03-23T15:10:00Z logger.go:66:   + resource "aws_route_table" "public" {
TestTerraformBasicExample 2022-03-23T15:10:00Z logger.go:66:       + arn              = (known after apply)
TestTerraformBasicExample 2022-03-23T15:10:00Z logger.go:66:       + id               = (known after apply)
TestTerraformBasicExample 2022-03-23T15:10:00Z logger.go:66:       + owner_id         = (known after apply)
TestTerraformBasicExample 2022-03-23T15:10:00Z logger.go:66:       + propagating_vgws = (known after apply)
TestTerraformBasicExample 2022-03-23T15:10:00Z logger.go:66:       + route            = (known after apply)
TestTerraformBasicExample 2022-03-23T15:10:00Z logger.go:66:       + tags             = {
TestTerraformBasicExample 2022-03-23T15:10:00Z logger.go:66:           + "Name" = "ex-basic-public"
TestTerraformBasicExample 2022-03-23T15:10:00Z logger.go:66:         }
TestTerraformBasicExample 2022-03-23T15:10:00Z logger.go:66:       + tags_all         = {
TestTerraformBasicExample 2022-03-23T15:10:00Z logger.go:66:           + "Example"    = "ex-basic"
TestTerraformBasicExample 2022-03-23T15:10:00Z logger.go:66:           + "GithubOrg"  = "aidan-melen"
TestTerraformBasicExample 2022-03-23T15:10:00Z logger.go:66:           + "GithubRepo" = "terraform-aws-eks-auth"
TestTerraformBasicExample 2022-03-23T15:10:00Z logger.go:66:           + "Name"       = "ex-basic-public"
TestTerraformBasicExample 2022-03-23T15:10:00Z logger.go:66:         }
TestTerraformBasicExample 2022-03-23T15:10:00Z logger.go:66:       + vpc_id           = (known after apply)
TestTerraformBasicExample 2022-03-23T15:10:00Z logger.go:66:     }
TestTerraformBasicExample 2022-03-23T15:10:00Z logger.go:66:
TestTerraformBasicExample 2022-03-23T15:10:00Z logger.go:66:   # module.vpc.aws_route_table_association.private[0] will be created
TestTerraformBasicExample 2022-03-23T15:10:00Z logger.go:66:   + resource "aws_route_table_association" "private" {
TestTerraformBasicExample 2022-03-23T15:10:00Z logger.go:66:       + id             = (known after apply)
TestTerraformBasicExample 2022-03-23T15:10:00Z logger.go:66:       + route_table_id = (known after apply)
TestTerraformBasicExample 2022-03-23T15:10:00Z logger.go:66:       + subnet_id      = (known after apply)
TestTerraformBasicExample 2022-03-23T15:10:00Z logger.go:66:     }
TestTerraformBasicExample 2022-03-23T15:10:00Z logger.go:66:
TestTerraformBasicExample 2022-03-23T15:10:00Z logger.go:66:   # module.vpc.aws_route_table_association.private[1] will be created
TestTerraformBasicExample 2022-03-23T15:10:00Z logger.go:66:   + resource "aws_route_table_association" "private" {
TestTerraformBasicExample 2022-03-23T15:10:00Z logger.go:66:       + id             = (known after apply)
TestTerraformBasicExample 2022-03-23T15:10:00Z logger.go:66:       + route_table_id = (known after apply)
TestTerraformBasicExample 2022-03-23T15:10:00Z logger.go:66:       + subnet_id      = (known after apply)
TestTerraformBasicExample 2022-03-23T15:10:00Z logger.go:66:     }
TestTerraformBasicExample 2022-03-23T15:10:00Z logger.go:66:
TestTerraformBasicExample 2022-03-23T15:10:00Z logger.go:66:   # module.vpc.aws_route_table_association.private[2] will be created
TestTerraformBasicExample 2022-03-23T15:10:00Z logger.go:66:   + resource "aws_route_table_association" "private" {
TestTerraformBasicExample 2022-03-23T15:10:00Z logger.go:66:       + id             = (known after apply)
TestTerraformBasicExample 2022-03-23T15:10:00Z logger.go:66:       + route_table_id = (known after apply)
TestTerraformBasicExample 2022-03-23T15:10:00Z logger.go:66:       + subnet_id      = (known after apply)
TestTerraformBasicExample 2022-03-23T15:10:00Z logger.go:66:     }
TestTerraformBasicExample 2022-03-23T15:10:00Z logger.go:66:
TestTerraformBasicExample 2022-03-23T15:10:00Z logger.go:66:   # module.vpc.aws_route_table_association.public[0] will be created
TestTerraformBasicExample 2022-03-23T15:10:00Z logger.go:66:   + resource "aws_route_table_association" "public" {
TestTerraformBasicExample 2022-03-23T15:10:00Z logger.go:66:       + id             = (known after apply)
TestTerraformBasicExample 2022-03-23T15:10:00Z logger.go:66:       + route_table_id = (known after apply)
TestTerraformBasicExample 2022-03-23T15:10:00Z logger.go:66:       + subnet_id      = (known after apply)
TestTerraformBasicExample 2022-03-23T15:10:00Z logger.go:66:     }
TestTerraformBasicExample 2022-03-23T15:10:00Z logger.go:66:
TestTerraformBasicExample 2022-03-23T15:10:00Z logger.go:66:   # module.vpc.aws_route_table_association.public[1] will be created
TestTerraformBasicExample 2022-03-23T15:10:00Z logger.go:66:   + resource "aws_route_table_association" "public" {
TestTerraformBasicExample 2022-03-23T15:10:00Z logger.go:66:       + id             = (known after apply)
TestTerraformBasicExample 2022-03-23T15:10:00Z logger.go:66:       + route_table_id = (known after apply)
TestTerraformBasicExample 2022-03-23T15:10:00Z logger.go:66:       + subnet_id      = (known after apply)
TestTerraformBasicExample 2022-03-23T15:10:00Z logger.go:66:     }
TestTerraformBasicExample 2022-03-23T15:10:00Z logger.go:66:
TestTerraformBasicExample 2022-03-23T15:10:00Z logger.go:66:   # module.vpc.aws_route_table_association.public[2] will be created
TestTerraformBasicExample 2022-03-23T15:10:00Z logger.go:66:   + resource "aws_route_table_association" "public" {
TestTerraformBasicExample 2022-03-23T15:10:00Z logger.go:66:       + id             = (known after apply)
TestTerraformBasicExample 2022-03-23T15:10:00Z logger.go:66:       + route_table_id = (known after apply)
TestTerraformBasicExample 2022-03-23T15:10:00Z logger.go:66:       + subnet_id      = (known after apply)
TestTerraformBasicExample 2022-03-23T15:10:00Z logger.go:66:     }
TestTerraformBasicExample 2022-03-23T15:10:00Z logger.go:66:
TestTerraformBasicExample 2022-03-23T15:10:00Z logger.go:66:   # module.vpc.aws_subnet.private[0] will be created
TestTerraformBasicExample 2022-03-23T15:10:00Z logger.go:66:   + resource "aws_subnet" "private" {
TestTerraformBasicExample 2022-03-23T15:10:00Z logger.go:66:       + arn                                            = (known after apply)
TestTerraformBasicExample 2022-03-23T15:10:00Z logger.go:66:       + assign_ipv6_address_on_creation                = false
TestTerraformBasicExample 2022-03-23T15:10:00Z logger.go:66:       + availability_zone                              = "us-west-2a"
TestTerraformBasicExample 2022-03-23T15:10:00Z logger.go:66:       + availability_zone_id                           = (known after apply)
TestTerraformBasicExample 2022-03-23T15:10:00Z logger.go:66:       + cidr_block                                     = "10.0.1.0/24"
TestTerraformBasicExample 2022-03-23T15:10:00Z logger.go:66:       + enable_dns64                                   = false
TestTerraformBasicExample 2022-03-23T15:10:00Z logger.go:66:       + enable_resource_name_dns_a_record_on_launch    = false
TestTerraformBasicExample 2022-03-23T15:10:00Z logger.go:66:       + enable_resource_name_dns_aaaa_record_on_launch = false
TestTerraformBasicExample 2022-03-23T15:10:00Z logger.go:66:       + id                                             = (known after apply)
TestTerraformBasicExample 2022-03-23T15:10:00Z logger.go:66:       + ipv6_cidr_block_association_id                 = (known after apply)
TestTerraformBasicExample 2022-03-23T15:10:00Z logger.go:66:       + ipv6_native                                    = false
TestTerraformBasicExample 2022-03-23T15:10:00Z logger.go:66:       + map_public_ip_on_launch                        = false
TestTerraformBasicExample 2022-03-23T15:10:00Z logger.go:66:       + owner_id                                       = (known after apply)
TestTerraformBasicExample 2022-03-23T15:10:00Z logger.go:66:       + private_dns_hostname_type_on_launch            = (known after apply)
TestTerraformBasicExample 2022-03-23T15:10:00Z logger.go:66:       + tags                                           = {
TestTerraformBasicExample 2022-03-23T15:10:00Z logger.go:66:           + "Name"                            = "ex-basic-private-us-west-2a"
TestTerraformBasicExample 2022-03-23T15:10:00Z logger.go:66:           + "kubernetes.io/cluster/ex-basic"  = "shared"
TestTerraformBasicExample 2022-03-23T15:10:00Z logger.go:66:           + "kubernetes.io/role/internal-elb" = "1"
TestTerraformBasicExample 2022-03-23T15:10:00Z logger.go:66:         }
TestTerraformBasicExample 2022-03-23T15:10:00Z logger.go:66:       + tags_all                                       = {
TestTerraformBasicExample 2022-03-23T15:10:00Z logger.go:66:           + "Example"                         = "ex-basic"
TestTerraformBasicExample 2022-03-23T15:10:00Z logger.go:66:           + "GithubOrg"                       = "aidan-melen"
TestTerraformBasicExample 2022-03-23T15:10:00Z logger.go:66:           + "GithubRepo"                      = "terraform-aws-eks-auth"
TestTerraformBasicExample 2022-03-23T15:10:00Z logger.go:66:           + "Name"                            = "ex-basic-private-us-west-2a"
TestTerraformBasicExample 2022-03-23T15:10:00Z logger.go:66:           + "kubernetes.io/cluster/ex-basic"  = "shared"
TestTerraformBasicExample 2022-03-23T15:10:00Z logger.go:66:           + "kubernetes.io/role/internal-elb" = "1"
TestTerraformBasicExample 2022-03-23T15:10:00Z logger.go:66:         }
TestTerraformBasicExample 2022-03-23T15:10:00Z logger.go:66:       + vpc_id                                         = (known after apply)
TestTerraformBasicExample 2022-03-23T15:10:00Z logger.go:66:     }
TestTerraformBasicExample 2022-03-23T15:10:00Z logger.go:66:
TestTerraformBasicExample 2022-03-23T15:10:00Z logger.go:66:   # module.vpc.aws_subnet.private[1] will be created
TestTerraformBasicExample 2022-03-23T15:10:00Z logger.go:66:   + resource "aws_subnet" "private" {
TestTerraformBasicExample 2022-03-23T15:10:00Z logger.go:66:       + arn                                            = (known after apply)
TestTerraformBasicExample 2022-03-23T15:10:00Z logger.go:66:       + assign_ipv6_address_on_creation                = false
TestTerraformBasicExample 2022-03-23T15:10:00Z logger.go:66:       + availability_zone                              = "us-west-2b"
TestTerraformBasicExample 2022-03-23T15:10:00Z logger.go:66:       + availability_zone_id                           = (known after apply)
TestTerraformBasicExample 2022-03-23T15:10:00Z logger.go:66:       + cidr_block                                     = "10.0.2.0/24"
TestTerraformBasicExample 2022-03-23T15:10:00Z logger.go:66:       + enable_dns64                                   = false
TestTerraformBasicExample 2022-03-23T15:10:00Z logger.go:66:       + enable_resource_name_dns_a_record_on_launch    = false
TestTerraformBasicExample 2022-03-23T15:10:00Z logger.go:66:       + enable_resource_name_dns_aaaa_record_on_launch = false
TestTerraformBasicExample 2022-03-23T15:10:00Z logger.go:66:       + id                                             = (known after apply)
TestTerraformBasicExample 2022-03-23T15:10:00Z logger.go:66:       + ipv6_cidr_block_association_id                 = (known after apply)
TestTerraformBasicExample 2022-03-23T15:10:00Z logger.go:66:       + ipv6_native                                    = false
TestTerraformBasicExample 2022-03-23T15:10:00Z logger.go:66:       + map_public_ip_on_launch                        = false
TestTerraformBasicExample 2022-03-23T15:10:00Z logger.go:66:       + owner_id                                       = (known after apply)
TestTerraformBasicExample 2022-03-23T15:10:00Z logger.go:66:       + private_dns_hostname_type_on_launch            = (known after apply)
TestTerraformBasicExample 2022-03-23T15:10:00Z logger.go:66:       + tags                                           = {
TestTerraformBasicExample 2022-03-23T15:10:00Z logger.go:66:           + "Name"                            = "ex-basic-private-us-west-2b"
TestTerraformBasicExample 2022-03-23T15:10:00Z logger.go:66:           + "kubernetes.io/cluster/ex-basic"  = "shared"
TestTerraformBasicExample 2022-03-23T15:10:00Z logger.go:66:           + "kubernetes.io/role/internal-elb" = "1"
TestTerraformBasicExample 2022-03-23T15:10:00Z logger.go:66:         }
TestTerraformBasicExample 2022-03-23T15:10:00Z logger.go:66:       + tags_all                                       = {
TestTerraformBasicExample 2022-03-23T15:10:00Z logger.go:66:           + "Example"                         = "ex-basic"
TestTerraformBasicExample 2022-03-23T15:10:00Z logger.go:66:           + "GithubOrg"                       = "aidan-melen"
TestTerraformBasicExample 2022-03-23T15:10:00Z logger.go:66:           + "GithubRepo"                      = "terraform-aws-eks-auth"
TestTerraformBasicExample 2022-03-23T15:10:00Z logger.go:66:           + "Name"                            = "ex-basic-private-us-west-2b"
TestTerraformBasicExample 2022-03-23T15:10:00Z logger.go:66:           + "kubernetes.io/cluster/ex-basic"  = "shared"
TestTerraformBasicExample 2022-03-23T15:10:00Z logger.go:66:           + "kubernetes.io/role/internal-elb" = "1"
TestTerraformBasicExample 2022-03-23T15:10:00Z logger.go:66:         }
TestTerraformBasicExample 2022-03-23T15:10:00Z logger.go:66:       + vpc_id                                         = (known after apply)
TestTerraformBasicExample 2022-03-23T15:10:00Z logger.go:66:     }
TestTerraformBasicExample 2022-03-23T15:10:00Z logger.go:66:
TestTerraformBasicExample 2022-03-23T15:10:00Z logger.go:66:   # module.vpc.aws_subnet.private[2] will be created
TestTerraformBasicExample 2022-03-23T15:10:00Z logger.go:66:   + resource "aws_subnet" "private" {
TestTerraformBasicExample 2022-03-23T15:10:00Z logger.go:66:       + arn                                            = (known after apply)
TestTerraformBasicExample 2022-03-23T15:10:00Z logger.go:66:       + assign_ipv6_address_on_creation                = false
TestTerraformBasicExample 2022-03-23T15:10:00Z logger.go:66:       + availability_zone                              = "us-west-2c"
TestTerraformBasicExample 2022-03-23T15:10:00Z logger.go:66:       + availability_zone_id                           = (known after apply)
TestTerraformBasicExample 2022-03-23T15:10:00Z logger.go:66:       + cidr_block                                     = "10.0.3.0/24"
TestTerraformBasicExample 2022-03-23T15:10:00Z logger.go:66:       + enable_dns64                                   = false
TestTerraformBasicExample 2022-03-23T15:10:00Z logger.go:66:       + enable_resource_name_dns_a_record_on_launch    = false
TestTerraformBasicExample 2022-03-23T15:10:00Z logger.go:66:       + enable_resource_name_dns_aaaa_record_on_launch = false
TestTerraformBasicExample 2022-03-23T15:10:00Z logger.go:66:       + id                                             = (known after apply)
TestTerraformBasicExample 2022-03-23T15:10:00Z logger.go:66:       + ipv6_cidr_block_association_id                 = (known after apply)
TestTerraformBasicExample 2022-03-23T15:10:00Z logger.go:66:       + ipv6_native                                    = false
TestTerraformBasicExample 2022-03-23T15:10:00Z logger.go:66:       + map_public_ip_on_launch                        = false
TestTerraformBasicExample 2022-03-23T15:10:00Z logger.go:66:       + owner_id                                       = (known after apply)
TestTerraformBasicExample 2022-03-23T15:10:00Z logger.go:66:       + private_dns_hostname_type_on_launch            = (known after apply)
TestTerraformBasicExample 2022-03-23T15:10:00Z logger.go:66:       + tags                                           = {
TestTerraformBasicExample 2022-03-23T15:10:00Z logger.go:66:           + "Name"                            = "ex-basic-private-us-west-2c"
TestTerraformBasicExample 2022-03-23T15:10:00Z logger.go:66:           + "kubernetes.io/cluster/ex-basic"  = "shared"
TestTerraformBasicExample 2022-03-23T15:10:00Z logger.go:66:           + "kubernetes.io/role/internal-elb" = "1"
TestTerraformBasicExample 2022-03-23T15:10:00Z logger.go:66:         }
TestTerraformBasicExample 2022-03-23T15:10:00Z logger.go:66:       + tags_all                                       = {
TestTerraformBasicExample 2022-03-23T15:10:00Z logger.go:66:           + "Example"                         = "ex-basic"
TestTerraformBasicExample 2022-03-23T15:10:00Z logger.go:66:           + "GithubOrg"                       = "aidan-melen"
TestTerraformBasicExample 2022-03-23T15:10:00Z logger.go:66:           + "GithubRepo"                      = "terraform-aws-eks-auth"
TestTerraformBasicExample 2022-03-23T15:10:00Z logger.go:66:           + "Name"                            = "ex-basic-private-us-west-2c"
TestTerraformBasicExample 2022-03-23T15:10:00Z logger.go:66:           + "kubernetes.io/cluster/ex-basic"  = "shared"
TestTerraformBasicExample 2022-03-23T15:10:00Z logger.go:66:           + "kubernetes.io/role/internal-elb" = "1"
TestTerraformBasicExample 2022-03-23T15:10:00Z logger.go:66:         }
TestTerraformBasicExample 2022-03-23T15:10:00Z logger.go:66:       + vpc_id                                         = (known after apply)
TestTerraformBasicExample 2022-03-23T15:10:00Z logger.go:66:     }
TestTerraformBasicExample 2022-03-23T15:10:00Z logger.go:66:
TestTerraformBasicExample 2022-03-23T15:10:00Z logger.go:66:   # module.vpc.aws_subnet.public[0] will be created
TestTerraformBasicExample 2022-03-23T15:10:00Z logger.go:66:   + resource "aws_subnet" "public" {
TestTerraformBasicExample 2022-03-23T15:10:00Z logger.go:66:       + arn                                            = (known after apply)
TestTerraformBasicExample 2022-03-23T15:10:00Z logger.go:66:       + assign_ipv6_address_on_creation                = false
TestTerraformBasicExample 2022-03-23T15:10:00Z logger.go:66:       + availability_zone                              = "us-west-2a"
TestTerraformBasicExample 2022-03-23T15:10:00Z logger.go:66:       + availability_zone_id                           = (known after apply)
TestTerraformBasicExample 2022-03-23T15:10:00Z logger.go:66:       + cidr_block                                     = "10.0.4.0/24"
TestTerraformBasicExample 2022-03-23T15:10:00Z logger.go:66:       + enable_dns64                                   = false
TestTerraformBasicExample 2022-03-23T15:10:00Z logger.go:66:       + enable_resource_name_dns_a_record_on_launch    = false
TestTerraformBasicExample 2022-03-23T15:10:00Z logger.go:66:       + enable_resource_name_dns_aaaa_record_on_launch = false
TestTerraformBasicExample 2022-03-23T15:10:00Z logger.go:66:       + id                                             = (known after apply)
TestTerraformBasicExample 2022-03-23T15:10:00Z logger.go:66:       + ipv6_cidr_block_association_id                 = (known after apply)
TestTerraformBasicExample 2022-03-23T15:10:00Z logger.go:66:       + ipv6_native                                    = false
TestTerraformBasicExample 2022-03-23T15:10:00Z logger.go:66:       + map_public_ip_on_launch                        = true
TestTerraformBasicExample 2022-03-23T15:10:00Z logger.go:66:       + owner_id                                       = (known after apply)
TestTerraformBasicExample 2022-03-23T15:10:00Z logger.go:66:       + private_dns_hostname_type_on_launch            = (known after apply)
TestTerraformBasicExample 2022-03-23T15:10:00Z logger.go:66:       + tags                                           = {
TestTerraformBasicExample 2022-03-23T15:10:00Z logger.go:66:           + "Name"                           = "ex-basic-public-us-west-2a"
TestTerraformBasicExample 2022-03-23T15:10:00Z logger.go:66:           + "kubernetes.io/cluster/ex-basic" = "shared"
TestTerraformBasicExample 2022-03-23T15:10:00Z logger.go:66:           + "kubernetes.io/role/elb"         = "1"
TestTerraformBasicExample 2022-03-23T15:10:00Z logger.go:66:         }
TestTerraformBasicExample 2022-03-23T15:10:00Z logger.go:66:       + tags_all                                       = {
TestTerraformBasicExample 2022-03-23T15:10:00Z logger.go:66:           + "Example"                        = "ex-basic"
TestTerraformBasicExample 2022-03-23T15:10:00Z logger.go:66:           + "GithubOrg"                      = "aidan-melen"
TestTerraformBasicExample 2022-03-23T15:10:00Z logger.go:66:           + "GithubRepo"                     = "terraform-aws-eks-auth"
TestTerraformBasicExample 2022-03-23T15:10:00Z logger.go:66:           + "Name"                           = "ex-basic-public-us-west-2a"
TestTerraformBasicExample 2022-03-23T15:10:00Z logger.go:66:           + "kubernetes.io/cluster/ex-basic" = "shared"
TestTerraformBasicExample 2022-03-23T15:10:00Z logger.go:66:           + "kubernetes.io/role/elb"         = "1"
TestTerraformBasicExample 2022-03-23T15:10:00Z logger.go:66:         }
TestTerraformBasicExample 2022-03-23T15:10:00Z logger.go:66:       + vpc_id                                         = (known after apply)
TestTerraformBasicExample 2022-03-23T15:10:00Z logger.go:66:     }
TestTerraformBasicExample 2022-03-23T15:10:00Z logger.go:66:
TestTerraformBasicExample 2022-03-23T15:10:00Z logger.go:66:   # module.vpc.aws_subnet.public[1] will be created
TestTerraformBasicExample 2022-03-23T15:10:00Z logger.go:66:   + resource "aws_subnet" "public" {
TestTerraformBasicExample 2022-03-23T15:10:00Z logger.go:66:       + arn                                            = (known after apply)
TestTerraformBasicExample 2022-03-23T15:10:00Z logger.go:66:       + assign_ipv6_address_on_creation                = false
TestTerraformBasicExample 2022-03-23T15:10:00Z logger.go:66:       + availability_zone                              = "us-west-2b"
TestTerraformBasicExample 2022-03-23T15:10:00Z logger.go:66:       + availability_zone_id                           = (known after apply)
TestTerraformBasicExample 2022-03-23T15:10:00Z logger.go:66:       + cidr_block                                     = "10.0.5.0/24"
TestTerraformBasicExample 2022-03-23T15:10:00Z logger.go:66:       + enable_dns64                                   = false
TestTerraformBasicExample 2022-03-23T15:10:00Z logger.go:66:       + enable_resource_name_dns_a_record_on_launch    = false
TestTerraformBasicExample 2022-03-23T15:10:00Z logger.go:66:       + enable_resource_name_dns_aaaa_record_on_launch = false
TestTerraformBasicExample 2022-03-23T15:10:00Z logger.go:66:       + id                                             = (known after apply)
TestTerraformBasicExample 2022-03-23T15:10:00Z logger.go:66:       + ipv6_cidr_block_association_id                 = (known after apply)
TestTerraformBasicExample 2022-03-23T15:10:00Z logger.go:66:       + ipv6_native                                    = false
TestTerraformBasicExample 2022-03-23T15:10:00Z logger.go:66:       + map_public_ip_on_launch                        = true
TestTerraformBasicExample 2022-03-23T15:10:00Z logger.go:66:       + owner_id                                       = (known after apply)
TestTerraformBasicExample 2022-03-23T15:10:00Z logger.go:66:       + private_dns_hostname_type_on_launch            = (known after apply)
TestTerraformBasicExample 2022-03-23T15:10:00Z logger.go:66:       + tags                                           = {
TestTerraformBasicExample 2022-03-23T15:10:00Z logger.go:66:           + "Name"                           = "ex-basic-public-us-west-2b"
TestTerraformBasicExample 2022-03-23T15:10:00Z logger.go:66:           + "kubernetes.io/cluster/ex-basic" = "shared"
TestTerraformBasicExample 2022-03-23T15:10:00Z logger.go:66:           + "kubernetes.io/role/elb"         = "1"
TestTerraformBasicExample 2022-03-23T15:10:00Z logger.go:66:         }
TestTerraformBasicExample 2022-03-23T15:10:00Z logger.go:66:       + tags_all                                       = {
TestTerraformBasicExample 2022-03-23T15:10:00Z logger.go:66:           + "Example"                        = "ex-basic"
TestTerraformBasicExample 2022-03-23T15:10:00Z logger.go:66:           + "GithubOrg"                      = "aidan-melen"
TestTerraformBasicExample 2022-03-23T15:10:00Z logger.go:66:           + "GithubRepo"                     = "terraform-aws-eks-auth"
TestTerraformBasicExample 2022-03-23T15:10:00Z logger.go:66:           + "Name"                           = "ex-basic-public-us-west-2b"
TestTerraformBasicExample 2022-03-23T15:10:00Z logger.go:66:           + "kubernetes.io/cluster/ex-basic" = "shared"
TestTerraformBasicExample 2022-03-23T15:10:00Z logger.go:66:           + "kubernetes.io/role/elb"         = "1"
TestTerraformBasicExample 2022-03-23T15:10:00Z logger.go:66:         }
TestTerraformBasicExample 2022-03-23T15:10:00Z logger.go:66:       + vpc_id                                         = (known after apply)
TestTerraformBasicExample 2022-03-23T15:10:00Z logger.go:66:     }
TestTerraformBasicExample 2022-03-23T15:10:00Z logger.go:66:
TestTerraformBasicExample 2022-03-23T15:10:00Z logger.go:66:   # module.vpc.aws_subnet.public[2] will be created
TestTerraformBasicExample 2022-03-23T15:10:00Z logger.go:66:   + resource "aws_subnet" "public" {
TestTerraformBasicExample 2022-03-23T15:10:00Z logger.go:66:       + arn                                            = (known after apply)
TestTerraformBasicExample 2022-03-23T15:10:00Z logger.go:66:       + assign_ipv6_address_on_creation                = false
TestTerraformBasicExample 2022-03-23T15:10:00Z logger.go:66:       + availability_zone                              = "us-west-2c"
TestTerraformBasicExample 2022-03-23T15:10:00Z logger.go:66:       + availability_zone_id                           = (known after apply)
TestTerraformBasicExample 2022-03-23T15:10:00Z logger.go:66:       + cidr_block                                     = "10.0.6.0/24"
TestTerraformBasicExample 2022-03-23T15:10:00Z logger.go:66:       + enable_dns64                                   = false
TestTerraformBasicExample 2022-03-23T15:10:00Z logger.go:66:       + enable_resource_name_dns_a_record_on_launch    = false
TestTerraformBasicExample 2022-03-23T15:10:00Z logger.go:66:       + enable_resource_name_dns_aaaa_record_on_launch = false
TestTerraformBasicExample 2022-03-23T15:10:00Z logger.go:66:       + id                                             = (known after apply)
TestTerraformBasicExample 2022-03-23T15:10:00Z logger.go:66:       + ipv6_cidr_block_association_id                 = (known after apply)
TestTerraformBasicExample 2022-03-23T15:10:00Z logger.go:66:       + ipv6_native                                    = false
TestTerraformBasicExample 2022-03-23T15:10:00Z logger.go:66:       + map_public_ip_on_launch                        = true
TestTerraformBasicExample 2022-03-23T15:10:00Z logger.go:66:       + owner_id                                       = (known after apply)
TestTerraformBasicExample 2022-03-23T15:10:00Z logger.go:66:       + private_dns_hostname_type_on_launch            = (known after apply)
TestTerraformBasicExample 2022-03-23T15:10:00Z logger.go:66:       + tags                                           = {
TestTerraformBasicExample 2022-03-23T15:10:00Z logger.go:66:           + "Name"                           = "ex-basic-public-us-west-2c"
TestTerraformBasicExample 2022-03-23T15:10:00Z logger.go:66:           + "kubernetes.io/cluster/ex-basic" = "shared"
TestTerraformBasicExample 2022-03-23T15:10:00Z logger.go:66:           + "kubernetes.io/role/elb"         = "1"
TestTerraformBasicExample 2022-03-23T15:10:00Z logger.go:66:         }
TestTerraformBasicExample 2022-03-23T15:10:00Z logger.go:66:       + tags_all                                       = {
TestTerraformBasicExample 2022-03-23T15:10:00Z logger.go:66:           + "Example"                        = "ex-basic"
TestTerraformBasicExample 2022-03-23T15:10:00Z logger.go:66:           + "GithubOrg"                      = "aidan-melen"
TestTerraformBasicExample 2022-03-23T15:10:00Z logger.go:66:           + "GithubRepo"                     = "terraform-aws-eks-auth"
TestTerraformBasicExample 2022-03-23T15:10:00Z logger.go:66:           + "Name"                           = "ex-basic-public-us-west-2c"
TestTerraformBasicExample 2022-03-23T15:10:00Z logger.go:66:           + "kubernetes.io/cluster/ex-basic" = "shared"
TestTerraformBasicExample 2022-03-23T15:10:00Z logger.go:66:           + "kubernetes.io/role/elb"         = "1"
TestTerraformBasicExample 2022-03-23T15:10:00Z logger.go:66:         }
TestTerraformBasicExample 2022-03-23T15:10:00Z logger.go:66:       + vpc_id                                         = (known after apply)
TestTerraformBasicExample 2022-03-23T15:10:00Z logger.go:66:     }
TestTerraformBasicExample 2022-03-23T15:10:00Z logger.go:66:
TestTerraformBasicExample 2022-03-23T15:10:00Z logger.go:66:   # module.vpc.aws_vpc.this[0] will be created
TestTerraformBasicExample 2022-03-23T15:10:00Z logger.go:66:   + resource "aws_vpc" "this" {
TestTerraformBasicExample 2022-03-23T15:10:00Z logger.go:66:       + arn                                  = (known after apply)
TestTerraformBasicExample 2022-03-23T15:10:00Z logger.go:66:       + assign_generated_ipv6_cidr_block     = false
TestTerraformBasicExample 2022-03-23T15:10:00Z logger.go:66:       + cidr_block                           = "10.0.0.0/16"
TestTerraformBasicExample 2022-03-23T15:10:00Z logger.go:66:       + default_network_acl_id               = (known after apply)
TestTerraformBasicExample 2022-03-23T15:10:00Z logger.go:66:       + default_route_table_id               = (known after apply)
TestTerraformBasicExample 2022-03-23T15:10:00Z logger.go:66:       + default_security_group_id            = (known after apply)
TestTerraformBasicExample 2022-03-23T15:10:00Z logger.go:66:       + dhcp_options_id                      = (known after apply)
TestTerraformBasicExample 2022-03-23T15:10:00Z logger.go:66:       + enable_classiclink                   = (known after apply)
TestTerraformBasicExample 2022-03-23T15:10:00Z logger.go:66:       + enable_classiclink_dns_support       = (known after apply)
TestTerraformBasicExample 2022-03-23T15:10:00Z logger.go:66:       + enable_dns_hostnames                 = true
TestTerraformBasicExample 2022-03-23T15:10:00Z logger.go:66:       + enable_dns_support                   = true
TestTerraformBasicExample 2022-03-23T15:10:00Z logger.go:66:       + id                                   = (known after apply)
TestTerraformBasicExample 2022-03-23T15:10:00Z logger.go:66:       + instance_tenancy                     = "default"
TestTerraformBasicExample 2022-03-23T15:10:00Z logger.go:66:       + ipv6_association_id                  = (known after apply)
TestTerraformBasicExample 2022-03-23T15:10:00Z logger.go:66:       + ipv6_cidr_block                      = (known after apply)
TestTerraformBasicExample 2022-03-23T15:10:00Z logger.go:66:       + ipv6_cidr_block_network_border_group = (known after apply)
TestTerraformBasicExample 2022-03-23T15:10:00Z logger.go:66:       + main_route_table_id                  = (known after apply)
TestTerraformBasicExample 2022-03-23T15:10:00Z logger.go:66:       + owner_id                             = (known after apply)
TestTerraformBasicExample 2022-03-23T15:10:00Z logger.go:66:       + tags                                 = {
TestTerraformBasicExample 2022-03-23T15:10:00Z logger.go:66:           + "Name" = "ex-basic"
TestTerraformBasicExample 2022-03-23T15:10:00Z logger.go:66:         }
TestTerraformBasicExample 2022-03-23T15:10:00Z logger.go:66:       + tags_all                             = {
TestTerraformBasicExample 2022-03-23T15:10:00Z logger.go:66:           + "Example"    = "ex-basic"
TestTerraformBasicExample 2022-03-23T15:10:00Z logger.go:66:           + "GithubOrg"  = "aidan-melen"
TestTerraformBasicExample 2022-03-23T15:10:00Z logger.go:66:           + "GithubRepo" = "terraform-aws-eks-auth"
TestTerraformBasicExample 2022-03-23T15:10:00Z logger.go:66:           + "Name"       = "ex-basic"
TestTerraformBasicExample 2022-03-23T15:10:00Z logger.go:66:         }
TestTerraformBasicExample 2022-03-23T15:10:00Z logger.go:66:     }
TestTerraformBasicExample 2022-03-23T15:10:00Z logger.go:66:
TestTerraformBasicExample 2022-03-23T15:10:00Z logger.go:66:   # module.eks.module.eks_managed_node_group["foo"].aws_eks_node_group.this[0] will be created
TestTerraformBasicExample 2022-03-23T15:10:00Z logger.go:66:   + resource "aws_eks_node_group" "this" {
TestTerraformBasicExample 2022-03-23T15:10:00Z logger.go:66:       + ami_type               = (known after apply)
TestTerraformBasicExample 2022-03-23T15:10:00Z logger.go:66:       + arn                    = (known after apply)
TestTerraformBasicExample 2022-03-23T15:10:00Z logger.go:66:       + capacity_type          = (known after apply)
TestTerraformBasicExample 2022-03-23T15:10:00Z logger.go:66:       + cluster_name           = "ex-basic"
TestTerraformBasicExample 2022-03-23T15:10:00Z logger.go:66:       + disk_size              = (known after apply)
TestTerraformBasicExample 2022-03-23T15:10:00Z logger.go:66:       + id                     = (known after apply)
TestTerraformBasicExample 2022-03-23T15:10:00Z logger.go:66:       + instance_types         = (known after apply)
TestTerraformBasicExample 2022-03-23T15:10:00Z logger.go:66:       + node_group_name        = (known after apply)
TestTerraformBasicExample 2022-03-23T15:10:00Z logger.go:66:       + node_group_name_prefix = "foo-"
TestTerraformBasicExample 2022-03-23T15:10:00Z logger.go:66:       + node_role_arn          = (known after apply)
TestTerraformBasicExample 2022-03-23T15:10:00Z logger.go:66:       + release_version        = (known after apply)
TestTerraformBasicExample 2022-03-23T15:10:00Z logger.go:66:       + resources              = (known after apply)
TestTerraformBasicExample 2022-03-23T15:10:00Z logger.go:66:       + status                 = (known after apply)
TestTerraformBasicExample 2022-03-23T15:10:00Z logger.go:66:       + subnet_ids             = (known after apply)
TestTerraformBasicExample 2022-03-23T15:10:00Z logger.go:66:       + tags                   = {
TestTerraformBasicExample 2022-03-23T15:10:00Z logger.go:66:           + "Name" = "foo"
TestTerraformBasicExample 2022-03-23T15:10:00Z logger.go:66:         }
TestTerraformBasicExample 2022-03-23T15:10:00Z logger.go:66:       + tags_all               = {
TestTerraformBasicExample 2022-03-23T15:10:00Z logger.go:66:           + "Example"    = "ex-basic"
TestTerraformBasicExample 2022-03-23T15:10:00Z logger.go:66:           + "GithubOrg"  = "aidan-melen"
TestTerraformBasicExample 2022-03-23T15:10:00Z logger.go:66:           + "GithubRepo" = "terraform-aws-eks-auth"
TestTerraformBasicExample 2022-03-23T15:10:00Z logger.go:66:           + "Name"       = "foo"
TestTerraformBasicExample 2022-03-23T15:10:00Z logger.go:66:         }
TestTerraformBasicExample 2022-03-23T15:10:00Z logger.go:66:       + version                = (known after apply)
TestTerraformBasicExample 2022-03-23T15:10:00Z logger.go:66:
TestTerraformBasicExample 2022-03-23T15:10:00Z logger.go:66:       + launch_template {
TestTerraformBasicExample 2022-03-23T15:10:00Z logger.go:66:           + id      = (known after apply)
TestTerraformBasicExample 2022-03-23T15:10:00Z logger.go:66:           + name    = (known after apply)
TestTerraformBasicExample 2022-03-23T15:10:00Z logger.go:66:           + version = (known after apply)
TestTerraformBasicExample 2022-03-23T15:10:00Z logger.go:66:         }
TestTerraformBasicExample 2022-03-23T15:10:00Z logger.go:66:
TestTerraformBasicExample 2022-03-23T15:10:00Z logger.go:66:       + scaling_config {
TestTerraformBasicExample 2022-03-23T15:10:00Z logger.go:66:           + desired_size = 1
TestTerraformBasicExample 2022-03-23T15:10:00Z logger.go:66:           + max_size     = 3
TestTerraformBasicExample 2022-03-23T15:10:00Z logger.go:66:           + min_size     = 1
TestTerraformBasicExample 2022-03-23T15:10:00Z logger.go:66:         }
TestTerraformBasicExample 2022-03-23T15:10:00Z logger.go:66:
TestTerraformBasicExample 2022-03-23T15:10:00Z logger.go:66:       + timeouts {}
TestTerraformBasicExample 2022-03-23T15:10:00Z logger.go:66:
TestTerraformBasicExample 2022-03-23T15:10:00Z logger.go:66:       + update_config {
TestTerraformBasicExample 2022-03-23T15:10:00Z logger.go:66:           + max_unavailable            = (known after apply)
TestTerraformBasicExample 2022-03-23T15:10:00Z logger.go:66:           + max_unavailable_percentage = (known after apply)
TestTerraformBasicExample 2022-03-23T15:10:00Z logger.go:66:         }
TestTerraformBasicExample 2022-03-23T15:10:00Z logger.go:66:     }
TestTerraformBasicExample 2022-03-23T15:10:00Z logger.go:66:
TestTerraformBasicExample 2022-03-23T15:10:00Z logger.go:66:   # module.eks.module.eks_managed_node_group["foo"].aws_iam_role.this[0] will be created
TestTerraformBasicExample 2022-03-23T15:10:00Z logger.go:66:   + resource "aws_iam_role" "this" {
TestTerraformBasicExample 2022-03-23T15:10:00Z logger.go:66:       + arn                   = (known after apply)
TestTerraformBasicExample 2022-03-23T15:10:00Z logger.go:66:       + assume_role_policy    = jsonencode(
TestTerraformBasicExample 2022-03-23T15:10:00Z logger.go:66:             {
TestTerraformBasicExample 2022-03-23T15:10:00Z logger.go:66:               + Statement = [
TestTerraformBasicExample 2022-03-23T15:10:00Z logger.go:66:                   + {
TestTerraformBasicExample 2022-03-23T15:10:00Z logger.go:66:                       + Action    = "sts:AssumeRole"
TestTerraformBasicExample 2022-03-23T15:10:00Z logger.go:66:                       + Effect    = "Allow"
TestTerraformBasicExample 2022-03-23T15:10:00Z logger.go:66:                       + Principal = {
TestTerraformBasicExample 2022-03-23T15:10:00Z logger.go:66:                           + Service = "ec2.amazonaws.com"
TestTerraformBasicExample 2022-03-23T15:10:00Z logger.go:66:                         }
TestTerraformBasicExample 2022-03-23T15:10:00Z logger.go:66:                       + Sid       = "EKSNodeAssumeRole"
TestTerraformBasicExample 2022-03-23T15:10:00Z logger.go:66:                     },
TestTerraformBasicExample 2022-03-23T15:10:00Z logger.go:66:                 ]
TestTerraformBasicExample 2022-03-23T15:10:00Z logger.go:66:               + Version   = "2012-10-17"
TestTerraformBasicExample 2022-03-23T15:10:00Z logger.go:66:             }
TestTerraformBasicExample 2022-03-23T15:10:00Z logger.go:66:         )
TestTerraformBasicExample 2022-03-23T15:10:00Z logger.go:66:       + create_date           = (known after apply)
TestTerraformBasicExample 2022-03-23T15:10:00Z logger.go:66:       + description           = "EKS managed node group IAM role"
TestTerraformBasicExample 2022-03-23T15:10:00Z logger.go:66:       + force_detach_policies = true
TestTerraformBasicExample 2022-03-23T15:10:00Z logger.go:66:       + id                    = (known after apply)
TestTerraformBasicExample 2022-03-23T15:10:00Z logger.go:66:       + managed_policy_arns   = (known after apply)
TestTerraformBasicExample 2022-03-23T15:10:00Z logger.go:66:       + max_session_duration  = 3600
TestTerraformBasicExample 2022-03-23T15:10:00Z logger.go:66:       + name                  = (known after apply)
TestTerraformBasicExample 2022-03-23T15:10:00Z logger.go:66:       + name_prefix           = "foo-eks-node-group-"
TestTerraformBasicExample 2022-03-23T15:10:00Z logger.go:66:       + path                  = "/"
TestTerraformBasicExample 2022-03-23T15:10:00Z logger.go:66:       + tags_all              = {
TestTerraformBasicExample 2022-03-23T15:10:00Z logger.go:66:           + "Example"    = "ex-basic"
TestTerraformBasicExample 2022-03-23T15:10:00Z logger.go:66:           + "GithubOrg"  = "aidan-melen"
TestTerraformBasicExample 2022-03-23T15:10:00Z logger.go:66:           + "GithubRepo" = "terraform-aws-eks-auth"
TestTerraformBasicExample 2022-03-23T15:10:00Z logger.go:66:         }
TestTerraformBasicExample 2022-03-23T15:10:00Z logger.go:66:       + unique_id             = (known after apply)
TestTerraformBasicExample 2022-03-23T15:10:00Z logger.go:66:
TestTerraformBasicExample 2022-03-23T15:10:00Z logger.go:66:       + inline_policy {
TestTerraformBasicExample 2022-03-23T15:10:00Z logger.go:66:           + name   = (known after apply)
TestTerraformBasicExample 2022-03-23T15:10:00Z logger.go:66:           + policy = (known after apply)
TestTerraformBasicExample 2022-03-23T15:10:00Z logger.go:66:         }
TestTerraformBasicExample 2022-03-23T15:10:00Z logger.go:66:     }
TestTerraformBasicExample 2022-03-23T15:10:00Z logger.go:66:
TestTerraformBasicExample 2022-03-23T15:10:00Z logger.go:66:   # module.eks.module.eks_managed_node_group["foo"].aws_iam_role_policy_attachment.this["arn:aws:iam::aws:policy/AmazonEC2ContainerRegistryReadOnly"] will be created
TestTerraformBasicExample 2022-03-23T15:10:00Z logger.go:66:   + resource "aws_iam_role_policy_attachment" "this" {
TestTerraformBasicExample 2022-03-23T15:10:00Z logger.go:66:       + id         = (known after apply)
TestTerraformBasicExample 2022-03-23T15:10:00Z logger.go:66:       + policy_arn = "arn:aws:iam::aws:policy/AmazonEC2ContainerRegistryReadOnly"
TestTerraformBasicExample 2022-03-23T15:10:00Z logger.go:66:       + role       = (known after apply)
TestTerraformBasicExample 2022-03-23T15:10:00Z logger.go:66:     }
TestTerraformBasicExample 2022-03-23T15:10:00Z logger.go:66:
TestTerraformBasicExample 2022-03-23T15:10:00Z logger.go:66:   # module.eks.module.eks_managed_node_group["foo"].aws_iam_role_policy_attachment.this["arn:aws:iam::aws:policy/AmazonEKSWorkerNodePolicy"] will be created
TestTerraformBasicExample 2022-03-23T15:10:00Z logger.go:66:   + resource "aws_iam_role_policy_attachment" "this" {
TestTerraformBasicExample 2022-03-23T15:10:00Z logger.go:66:       + id         = (known after apply)
TestTerraformBasicExample 2022-03-23T15:10:00Z logger.go:66:       + policy_arn = "arn:aws:iam::aws:policy/AmazonEKSWorkerNodePolicy"
TestTerraformBasicExample 2022-03-23T15:10:00Z logger.go:66:       + role       = (known after apply)
TestTerraformBasicExample 2022-03-23T15:10:00Z logger.go:66:     }
TestTerraformBasicExample 2022-03-23T15:10:00Z logger.go:66:
TestTerraformBasicExample 2022-03-23T15:10:00Z logger.go:66:   # module.eks.module.eks_managed_node_group["foo"].aws_iam_role_policy_attachment.this["arn:aws:iam::aws:policy/AmazonEKS_CNI_Policy"] will be created
TestTerraformBasicExample 2022-03-23T15:10:00Z logger.go:66:   + resource "aws_iam_role_policy_attachment" "this" {
TestTerraformBasicExample 2022-03-23T15:10:00Z logger.go:66:       + id         = (known after apply)
TestTerraformBasicExample 2022-03-23T15:10:00Z logger.go:66:       + policy_arn = "arn:aws:iam::aws:policy/AmazonEKS_CNI_Policy"
TestTerraformBasicExample 2022-03-23T15:10:00Z logger.go:66:       + role       = (known after apply)
TestTerraformBasicExample 2022-03-23T15:10:00Z logger.go:66:     }
TestTerraformBasicExample 2022-03-23T15:10:00Z logger.go:66:
TestTerraformBasicExample 2022-03-23T15:10:00Z logger.go:66:   # module.eks.module.eks_managed_node_group["foo"].aws_launch_template.this[0] will be created
TestTerraformBasicExample 2022-03-23T15:10:00Z logger.go:66:   + resource "aws_launch_template" "this" {
TestTerraformBasicExample 2022-03-23T15:10:00Z logger.go:66:       + arn                    = (known after apply)
TestTerraformBasicExample 2022-03-23T15:10:00Z logger.go:66:       + default_version        = (known after apply)
TestTerraformBasicExample 2022-03-23T15:10:00Z logger.go:66:       + description            = "Custom launch template for foo EKS managed node group"
TestTerraformBasicExample 2022-03-23T15:10:00Z logger.go:66:       + id                     = (known after apply)
TestTerraformBasicExample 2022-03-23T15:10:00Z logger.go:66:       + latest_version         = (known after apply)
TestTerraformBasicExample 2022-03-23T15:10:00Z logger.go:66:       + name                   = (known after apply)
TestTerraformBasicExample 2022-03-23T15:10:00Z logger.go:66:       + name_prefix            = "foo-"
TestTerraformBasicExample 2022-03-23T15:10:00Z logger.go:66:       + tags_all               = {
TestTerraformBasicExample 2022-03-23T15:10:00Z logger.go:66:           + "Example"    = "ex-basic"
TestTerraformBasicExample 2022-03-23T15:10:00Z logger.go:66:           + "GithubOrg"  = "aidan-melen"
TestTerraformBasicExample 2022-03-23T15:10:00Z logger.go:66:           + "GithubRepo" = "terraform-aws-eks-auth"
TestTerraformBasicExample 2022-03-23T15:10:00Z logger.go:66:         }
TestTerraformBasicExample 2022-03-23T15:10:00Z logger.go:66:       + update_default_version = true
TestTerraformBasicExample 2022-03-23T15:10:00Z logger.go:66:       + vpc_security_group_ids = (known after apply)
TestTerraformBasicExample 2022-03-23T15:10:00Z logger.go:66:
TestTerraformBasicExample 2022-03-23T15:10:00Z logger.go:66:       + metadata_options {
TestTerraformBasicExample 2022-03-23T15:10:00Z logger.go:66:           + http_endpoint               = "enabled"
TestTerraformBasicExample 2022-03-23T15:10:00Z logger.go:66:           + http_protocol_ipv6          = "disabled"
TestTerraformBasicExample 2022-03-23T15:10:00Z logger.go:66:           + http_put_response_hop_limit = 2
TestTerraformBasicExample 2022-03-23T15:10:00Z logger.go:66:           + http_tokens                 = "required"
TestTerraformBasicExample 2022-03-23T15:10:00Z logger.go:66:           + instance_metadata_tags      = "disabled"
TestTerraformBasicExample 2022-03-23T15:10:00Z logger.go:66:         }
TestTerraformBasicExample 2022-03-23T15:10:00Z logger.go:66:
TestTerraformBasicExample 2022-03-23T15:10:00Z logger.go:66:       + monitoring {
TestTerraformBasicExample 2022-03-23T15:10:00Z logger.go:66:           + enabled = true
TestTerraformBasicExample 2022-03-23T15:10:00Z logger.go:66:         }
TestTerraformBasicExample 2022-03-23T15:10:00Z logger.go:66:
TestTerraformBasicExample 2022-03-23T15:10:00Z logger.go:66:       + tag_specifications {
TestTerraformBasicExample 2022-03-23T15:10:00Z logger.go:66:           + resource_type = "instance"
TestTerraformBasicExample 2022-03-23T15:10:00Z logger.go:66:           + tags          = {
TestTerraformBasicExample 2022-03-23T15:10:00Z logger.go:66:               + "Name" = "foo"
TestTerraformBasicExample 2022-03-23T15:10:00Z logger.go:66:             }
TestTerraformBasicExample 2022-03-23T15:10:00Z logger.go:66:         }
TestTerraformBasicExample 2022-03-23T15:10:00Z logger.go:66:       + tag_specifications {
TestTerraformBasicExample 2022-03-23T15:10:00Z logger.go:66:           + resource_type = "network-interface"
TestTerraformBasicExample 2022-03-23T15:10:00Z logger.go:66:           + tags          = {
TestTerraformBasicExample 2022-03-23T15:10:00Z logger.go:66:               + "Name" = "foo"
TestTerraformBasicExample 2022-03-23T15:10:00Z logger.go:66:             }
TestTerraformBasicExample 2022-03-23T15:10:00Z logger.go:66:         }
TestTerraformBasicExample 2022-03-23T15:10:00Z logger.go:66:       + tag_specifications {
TestTerraformBasicExample 2022-03-23T15:10:00Z logger.go:66:           + resource_type = "volume"
TestTerraformBasicExample 2022-03-23T15:10:00Z logger.go:66:           + tags          = {
TestTerraformBasicExample 2022-03-23T15:10:00Z logger.go:66:               + "Name" = "foo"
TestTerraformBasicExample 2022-03-23T15:10:00Z logger.go:66:             }
TestTerraformBasicExample 2022-03-23T15:10:00Z logger.go:66:         }
TestTerraformBasicExample 2022-03-23T15:10:00Z logger.go:66:     }
TestTerraformBasicExample 2022-03-23T15:10:00Z logger.go:66:
TestTerraformBasicExample 2022-03-23T15:10:00Z logger.go:66:   # module.eks.module.eks_managed_node_group["foo"].aws_security_group.this[0] will be created
TestTerraformBasicExample 2022-03-23T15:10:00Z logger.go:66:   + resource "aws_security_group" "this" {
TestTerraformBasicExample 2022-03-23T15:10:00Z logger.go:66:       + arn                    = (known after apply)
TestTerraformBasicExample 2022-03-23T15:10:00Z logger.go:66:       + description            = "EKS managed node group security group"
TestTerraformBasicExample 2022-03-23T15:10:00Z logger.go:66:       + egress                 = (known after apply)
TestTerraformBasicExample 2022-03-23T15:10:00Z logger.go:66:       + id                     = (known after apply)
TestTerraformBasicExample 2022-03-23T15:10:00Z logger.go:66:       + ingress                = (known after apply)
TestTerraformBasicExample 2022-03-23T15:10:00Z logger.go:66:       + name                   = (known after apply)
TestTerraformBasicExample 2022-03-23T15:10:00Z logger.go:66:       + name_prefix            = "foo-eks-node-group-"
TestTerraformBasicExample 2022-03-23T15:10:00Z logger.go:66:       + owner_id               = (known after apply)
TestTerraformBasicExample 2022-03-23T15:10:00Z logger.go:66:       + revoke_rules_on_delete = false
TestTerraformBasicExample 2022-03-23T15:10:00Z logger.go:66:       + tags                   = {
TestTerraformBasicExample 2022-03-23T15:10:00Z logger.go:66:           + "Name" = "foo-eks-node-group"
TestTerraformBasicExample 2022-03-23T15:10:00Z logger.go:66:         }
TestTerraformBasicExample 2022-03-23T15:10:00Z logger.go:66:       + tags_all               = {
TestTerraformBasicExample 2022-03-23T15:10:00Z logger.go:66:           + "Example"    = "ex-basic"
TestTerraformBasicExample 2022-03-23T15:10:00Z logger.go:66:           + "GithubOrg"  = "aidan-melen"
TestTerraformBasicExample 2022-03-23T15:10:00Z logger.go:66:           + "GithubRepo" = "terraform-aws-eks-auth"
TestTerraformBasicExample 2022-03-23T15:10:00Z logger.go:66:           + "Name"       = "foo-eks-node-group"
TestTerraformBasicExample 2022-03-23T15:10:00Z logger.go:66:         }
TestTerraformBasicExample 2022-03-23T15:10:00Z logger.go:66:       + vpc_id                 = (known after apply)
TestTerraformBasicExample 2022-03-23T15:10:00Z logger.go:66:     }
TestTerraformBasicExample 2022-03-23T15:10:00Z logger.go:66:
TestTerraformBasicExample 2022-03-23T15:10:00Z logger.go:66: Plan: 49 to add, 0 to change, 0 to destroy.
TestTerraformBasicExample 2022-03-23T15:10:00Z logger.go:66:
TestTerraformBasicExample 2022-03-23T15:10:00Z logger.go:66: Changes to Outputs:
TestTerraformBasicExample 2022-03-23T15:10:00Z logger.go:66:   + map_accounts            = []
TestTerraformBasicExample 2022-03-23T15:10:00Z logger.go:66:   + map_roles               = (known after apply)
TestTerraformBasicExample 2022-03-23T15:10:00Z logger.go:66:   + map_users               = []
TestTerraformBasicExample 2022-03-23T15:10:00Z logger.go:66:   + node_group_iam_role_arn = (known after apply)
TestTerraformBasicExample 2022-03-23T15:10:02Z logger.go:66: module.eks.module.eks_managed_node_group["foo"].aws_iam_role.this[0]: Creating...
TestTerraformBasicExample 2022-03-23T15:10:02Z logger.go:66: module.vpc.aws_vpc.this[0]: Creating...
TestTerraformBasicExample 2022-03-23T15:10:02Z logger.go:66: module.vpc.aws_eip.nat[0]: Creating...
TestTerraformBasicExample 2022-03-23T15:10:02Z logger.go:66: module.eks.aws_cloudwatch_log_group.this[0]: Creating...
TestTerraformBasicExample 2022-03-23T15:10:02Z logger.go:66: module.eks.aws_iam_role.this[0]: Creating...
TestTerraformBasicExample 2022-03-23T15:10:02Z logger.go:66: module.vpc.aws_eip.nat[0]: Creation complete after 1s [id=eipalloc-0ebf3c4e44e3f0d7a]
TestTerraformBasicExample 2022-03-23T15:10:02Z logger.go:66: module.eks.aws_cloudwatch_log_group.this[0]: Creation complete after 1s [id=/aws/eks/ex-basic/cluster]
TestTerraformBasicExample 2022-03-23T15:10:03Z logger.go:66: module.eks.aws_iam_role.this[0]: Creation complete after 2s [id=ex-basic-cluster-20220323151002275900000002]
TestTerraformBasicExample 2022-03-23T15:10:03Z logger.go:66: module.eks.module.eks_managed_node_group["foo"].aws_iam_role.this[0]: Creation complete after 2s [id=foo-eks-node-group-20220323151002266200000001]
TestTerraformBasicExample 2022-03-23T15:10:03Z logger.go:66: module.eks.aws_iam_role_policy_attachment.this["arn:aws:iam::aws:policy/AmazonEKSClusterPolicy"]: Creating...
TestTerraformBasicExample 2022-03-23T15:10:03Z logger.go:66: module.eks.aws_iam_role_policy_attachment.this["arn:aws:iam::aws:policy/AmazonEKSVPCResourceController"]: Creating...
TestTerraformBasicExample 2022-03-23T15:10:03Z logger.go:66: module.eks.module.eks_managed_node_group["foo"].aws_iam_role_policy_attachment.this["arn:aws:iam::aws:policy/AmazonEKS_CNI_Policy"]: Creating...
TestTerraformBasicExample 2022-03-23T15:10:03Z logger.go:66: module.eks.module.eks_managed_node_group["foo"].aws_iam_role_policy_attachment.this["arn:aws:iam::aws:policy/AmazonEKSWorkerNodePolicy"]: Creating...
TestTerraformBasicExample 2022-03-23T15:10:03Z logger.go:66: module.eks.module.eks_managed_node_group["foo"].aws_iam_role_policy_attachment.this["arn:aws:iam::aws:policy/AmazonEC2ContainerRegistryReadOnly"]: Creating...
TestTerraformBasicExample 2022-03-23T15:10:03Z logger.go:66: module.eks.aws_iam_role_policy_attachment.this["arn:aws:iam::aws:policy/AmazonEKSVPCResourceController"]: Creation complete after 0s [id=ex-basic-cluster-20220323151002275900000002-20220323151003726600000003]
TestTerraformBasicExample 2022-03-23T15:10:03Z logger.go:66: module.eks.aws_iam_role_policy_attachment.this["arn:aws:iam::aws:policy/AmazonEKSClusterPolicy"]: Creation complete after 0s [id=ex-basic-cluster-20220323151002275900000002-20220323151003788600000004]
TestTerraformBasicExample 2022-03-23T15:10:03Z logger.go:66: module.eks.module.eks_managed_node_group["foo"].aws_iam_role_policy_attachment.this["arn:aws:iam::aws:policy/AmazonEKSWorkerNodePolicy"]: Creation complete after 0s [id=foo-eks-node-group-20220323151002266200000001-20220323151003847800000005]
TestTerraformBasicExample 2022-03-23T15:10:04Z logger.go:66: module.eks.module.eks_managed_node_group["foo"].aws_iam_role_policy_attachment.this["arn:aws:iam::aws:policy/AmazonEKS_CNI_Policy"]: Creation complete after 0s [id=foo-eks-node-group-20220323151002266200000001-20220323151003932300000006]
TestTerraformBasicExample 2022-03-23T15:10:04Z logger.go:66: module.eks.module.eks_managed_node_group["foo"].aws_iam_role_policy_attachment.this["arn:aws:iam::aws:policy/AmazonEC2ContainerRegistryReadOnly"]: Creation complete after 0s [id=foo-eks-node-group-20220323151002266200000001-20220323151003948300000007]
TestTerraformBasicExample 2022-03-23T15:10:12Z logger.go:66: module.vpc.aws_vpc.this[0]: Still creating... [10s elapsed]
TestTerraformBasicExample 2022-03-23T15:10:14Z logger.go:66: module.vpc.aws_vpc.this[0]: Creation complete after 12s [id=vpc-06edc6abdf49dcc59]
TestTerraformBasicExample 2022-03-23T15:10:14Z logger.go:66: module.vpc.aws_internet_gateway.this[0]: Creating...
TestTerraformBasicExample 2022-03-23T15:10:14Z logger.go:66: module.vpc.aws_subnet.private[1]: Creating...
TestTerraformBasicExample 2022-03-23T15:10:14Z logger.go:66: module.vpc.aws_subnet.public[2]: Creating...
TestTerraformBasicExample 2022-03-23T15:10:14Z logger.go:66: module.vpc.aws_subnet.private[0]: Creating...
TestTerraformBasicExample 2022-03-23T15:10:14Z logger.go:66: module.vpc.aws_subnet.private[2]: Creating...
TestTerraformBasicExample 2022-03-23T15:10:14Z logger.go:66: module.vpc.aws_route_table.private[0]: Creating...
TestTerraformBasicExample 2022-03-23T15:10:14Z logger.go:66: module.vpc.aws_subnet.public[1]: Creating...
TestTerraformBasicExample 2022-03-23T15:10:14Z logger.go:66: module.eks.aws_security_group.cluster[0]: Creating...
TestTerraformBasicExample 2022-03-23T15:10:14Z logger.go:66: module.vpc.aws_route_table.public[0]: Creating...
TestTerraformBasicExample 2022-03-23T15:10:14Z logger.go:66: module.vpc.aws_subnet.public[0]: Creating...
TestTerraformBasicExample 2022-03-23T15:10:14Z logger.go:66: module.vpc.aws_route_table.public[0]: Creation complete after 1s [id=rtb-0bcf4105dcd7ca6b3]
TestTerraformBasicExample 2022-03-23T15:10:14Z logger.go:66: module.eks.aws_security_group.node[0]: Creating...
TestTerraformBasicExample 2022-03-23T15:10:14Z logger.go:66: module.vpc.aws_route_table.private[0]: Creation complete after 1s [id=rtb-06c223320b44d85eb]
TestTerraformBasicExample 2022-03-23T15:10:14Z logger.go:66: module.eks.module.eks_managed_node_group["foo"].aws_security_group.this[0]: Creating...
TestTerraformBasicExample 2022-03-23T15:10:15Z logger.go:66: module.vpc.aws_subnet.private[1]: Creation complete after 1s [id=subnet-0711f78369ad56d95]
TestTerraformBasicExample 2022-03-23T15:10:15Z logger.go:66: module.vpc.aws_subnet.private[2]: Creation complete after 1s [id=subnet-03d50272571eba3c6]
TestTerraformBasicExample 2022-03-23T15:10:15Z logger.go:66: module.vpc.aws_subnet.private[0]: Creation complete after 1s [id=subnet-0f021808b97037056]
TestTerraformBasicExample 2022-03-23T15:10:15Z logger.go:66: module.vpc.aws_route_table_association.private[2]: Creating...
TestTerraformBasicExample 2022-03-23T15:10:15Z logger.go:66: module.vpc.aws_route_table_association.private[0]: Creating...
TestTerraformBasicExample 2022-03-23T15:10:15Z logger.go:66: module.vpc.aws_route_table_association.private[1]: Creating...
TestTerraformBasicExample 2022-03-23T15:10:15Z logger.go:66: module.vpc.aws_internet_gateway.this[0]: Creation complete after 1s [id=igw-039e21946a47b5e57]
TestTerraformBasicExample 2022-03-23T15:10:15Z logger.go:66: module.vpc.aws_route.public_internet_gateway[0]: Creating...
TestTerraformBasicExample 2022-03-23T15:10:15Z logger.go:66: module.vpc.aws_route_table_association.private[0]: Creation complete after 0s [id=rtbassoc-0cbd6dfcce4d8f35b]
TestTerraformBasicExample 2022-03-23T15:10:15Z logger.go:66: module.vpc.aws_route_table_association.private[2]: Creation complete after 0s [id=rtbassoc-0269d0939c5e1fe22]
TestTerraformBasicExample 2022-03-23T15:10:15Z logger.go:66: module.vpc.aws_route_table_association.private[1]: Creation complete after 0s [id=rtbassoc-01a6388ae624b62ee]
TestTerraformBasicExample 2022-03-23T15:10:15Z logger.go:66: module.vpc.aws_route.public_internet_gateway[0]: Creation complete after 1s [id=r-rtb-0bcf4105dcd7ca6b31080289494]
TestTerraformBasicExample 2022-03-23T15:10:16Z logger.go:66: module.eks.aws_security_group.cluster[0]: Creation complete after 2s [id=sg-0ae7aa74f5e333406]
TestTerraformBasicExample 2022-03-23T15:10:16Z logger.go:66: module.eks.aws_security_group.node[0]: Creation complete after 1s [id=sg-0bb1dadddd5bc709b]
TestTerraformBasicExample 2022-03-23T15:10:16Z logger.go:66: module.eks.module.eks_managed_node_group["foo"].aws_security_group.this[0]: Creation complete after 1s [id=sg-060a828ccc9793936]
TestTerraformBasicExample 2022-03-23T15:10:16Z logger.go:66: module.eks.aws_security_group_rule.node["egress_self_coredns_tcp"]: Creating...
TestTerraformBasicExample 2022-03-23T15:10:16Z logger.go:66: module.eks.aws_security_group_rule.node["ingress_self_coredns_udp"]: Creating...
TestTerraformBasicExample 2022-03-23T15:10:16Z logger.go:66: module.eks.aws_security_group_rule.node["egress_cluster_443"]: Creating...
TestTerraformBasicExample 2022-03-23T15:10:16Z logger.go:66: module.eks.aws_security_group_rule.node["ingress_cluster_443"]: Creating...
TestTerraformBasicExample 2022-03-23T15:10:16Z logger.go:66: module.eks.aws_security_group_rule.cluster["egress_nodes_kubelet"]: Creating...
TestTerraformBasicExample 2022-03-23T15:10:16Z logger.go:66: module.eks.aws_security_group_rule.node["egress_ntp_udp"]: Creating...
TestTerraformBasicExample 2022-03-23T15:10:16Z logger.go:66: module.eks.aws_security_group_rule.node["ingress_cluster_kubelet"]: Creating...
TestTerraformBasicExample 2022-03-23T15:10:17Z logger.go:66: module.eks.aws_security_group_rule.node["egress_self_coredns_tcp"]: Creation complete after 0s [id=sgrule-2162058151]
TestTerraformBasicExample 2022-03-23T15:10:17Z logger.go:66: module.eks.aws_security_group_rule.cluster["egress_nodes_443"]: Creating...
TestTerraformBasicExample 2022-03-23T15:10:17Z logger.go:66: module.eks.aws_security_group_rule.cluster["egress_nodes_kubelet"]: Creation complete after 0s [id=sgrule-3441771898]
TestTerraformBasicExample 2022-03-23T15:10:17Z logger.go:66: module.eks.aws_security_group_rule.cluster["ingress_nodes_443"]: Creating...
TestTerraformBasicExample 2022-03-23T15:10:17Z logger.go:66: module.eks.aws_security_group_rule.node["ingress_self_coredns_udp"]: Creation complete after 1s [id=sgrule-612965984]
TestTerraformBasicExample 2022-03-23T15:10:17Z logger.go:66: module.eks.aws_security_group_rule.node["ingress_self_coredns_tcp"]: Creating...
TestTerraformBasicExample 2022-03-23T15:10:17Z logger.go:66: module.eks.aws_security_group_rule.cluster["egress_nodes_443"]: Creation complete after 1s [id=sgrule-2554915551]
TestTerraformBasicExample 2022-03-23T15:10:17Z logger.go:66: module.eks.aws_security_group_rule.node["egress_https"]: Creating...
TestTerraformBasicExample 2022-03-23T15:10:18Z logger.go:66: module.eks.aws_security_group_rule.node["ingress_cluster_443"]: Creation complete after 1s [id=sgrule-2945395605]
TestTerraformBasicExample 2022-03-23T15:10:18Z logger.go:66: module.eks.aws_security_group_rule.node["egress_self_coredns_udp"]: Creating...
TestTerraformBasicExample 2022-03-23T15:10:18Z logger.go:66: module.eks.aws_security_group_rule.cluster["ingress_nodes_443"]: Creation complete after 1s [id=sgrule-3725644296]
TestTerraformBasicExample 2022-03-23T15:10:18Z logger.go:66: module.eks.aws_security_group_rule.node["egress_ntp_tcp"]: Creating...
TestTerraformBasicExample 2022-03-23T15:10:18Z logger.go:66: module.eks.aws_security_group_rule.node["egress_cluster_443"]: Creation complete after 2s [id=sgrule-121891252]
TestTerraformBasicExample 2022-03-23T15:10:19Z logger.go:66: module.eks.aws_security_group_rule.node["ingress_cluster_kubelet"]: Creation complete after 2s [id=sgrule-2741047257]
TestTerraformBasicExample 2022-03-23T15:10:19Z logger.go:66: module.eks.aws_security_group_rule.node["egress_ntp_udp"]: Creation complete after 3s [id=sgrule-3079583922]
TestTerraformBasicExample 2022-03-23T15:10:20Z logger.go:66: module.eks.aws_security_group_rule.node["ingress_self_coredns_tcp"]: Creation complete after 2s [id=sgrule-2161556879]
TestTerraformBasicExample 2022-03-23T15:10:20Z logger.go:66: module.eks.aws_security_group_rule.node["egress_https"]: Creation complete after 3s [id=sgrule-382640289]
TestTerraformBasicExample 2022-03-23T15:10:21Z logger.go:66: module.eks.aws_security_group_rule.node["egress_self_coredns_udp"]: Creation complete after 3s [id=sgrule-247062977]
TestTerraformBasicExample 2022-03-23T15:10:21Z logger.go:66: module.eks.aws_security_group_rule.node["egress_ntp_tcp"]: Creation complete after 4s [id=sgrule-3373309375]
TestTerraformBasicExample 2022-03-23T15:10:21Z logger.go:66: module.eks.aws_eks_cluster.this[0]: Creating...
TestTerraformBasicExample 2022-03-23T15:10:24Z logger.go:66: module.vpc.aws_subnet.public[2]: Still creating... [10s elapsed]
TestTerraformBasicExample 2022-03-23T15:10:24Z logger.go:66: module.vpc.aws_subnet.public[1]: Still creating... [10s elapsed]
TestTerraformBasicExample 2022-03-23T15:10:24Z logger.go:66: module.vpc.aws_subnet.public[0]: Still creating... [10s elapsed]
TestTerraformBasicExample 2022-03-23T15:10:25Z logger.go:66: module.vpc.aws_subnet.public[2]: Creation complete after 11s [id=subnet-053b56747ac77e57b]
TestTerraformBasicExample 2022-03-23T15:10:25Z logger.go:66: module.vpc.aws_subnet.public[1]: Creation complete after 11s [id=subnet-0bcffee970618f41c]
TestTerraformBasicExample 2022-03-23T15:10:25Z logger.go:66: module.vpc.aws_subnet.public[0]: Creation complete after 11s [id=subnet-01b3e7dbb9182b558]
TestTerraformBasicExample 2022-03-23T15:10:25Z logger.go:66: module.vpc.aws_nat_gateway.this[0]: Creating...
TestTerraformBasicExample 2022-03-23T15:10:25Z logger.go:66: module.vpc.aws_route_table_association.public[0]: Creating...
TestTerraformBasicExample 2022-03-23T15:10:25Z logger.go:66: module.vpc.aws_route_table_association.public[1]: Creating...
TestTerraformBasicExample 2022-03-23T15:10:25Z logger.go:66: module.vpc.aws_route_table_association.public[2]: Creating...
TestTerraformBasicExample 2022-03-23T15:10:25Z logger.go:66: module.vpc.aws_route_table_association.public[0]: Creation complete after 1s [id=rtbassoc-09363a8b5442d8576]
TestTerraformBasicExample 2022-03-23T15:10:25Z logger.go:66: module.vpc.aws_route_table_association.public[2]: Creation complete after 1s [id=rtbassoc-02f915d66a2469d8e]
TestTerraformBasicExample 2022-03-23T15:10:26Z logger.go:66: module.vpc.aws_route_table_association.public[1]: Creation complete after 1s [id=rtbassoc-0ddc7211ac8e93807]
TestTerraformBasicExample 2022-03-23T15:10:31Z logger.go:66: module.eks.aws_eks_cluster.this[0]: Still creating... [10s elapsed]
TestTerraformBasicExample 2022-03-23T15:10:35Z logger.go:66: module.vpc.aws_nat_gateway.this[0]: Still creating... [10s elapsed]
TestTerraformBasicExample 2022-03-23T15:10:41Z logger.go:66: module.eks.aws_eks_cluster.this[0]: Still creating... [20s elapsed]
TestTerraformBasicExample 2022-03-23T15:10:45Z logger.go:66: module.vpc.aws_nat_gateway.this[0]: Still creating... [20s elapsed]
TestTerraformBasicExample 2022-03-23T15:10:51Z logger.go:66: module.eks.aws_eks_cluster.this[0]: Still creating... [30s elapsed]
TestTerraformBasicExample 2022-03-23T15:10:55Z logger.go:66: module.vpc.aws_nat_gateway.this[0]: Still creating... [30s elapsed]
TestTerraformBasicExample 2022-03-23T15:11:01Z logger.go:66: module.eks.aws_eks_cluster.this[0]: Still creating... [40s elapsed]
TestTerraformBasicExample 2022-03-23T15:11:05Z logger.go:66: module.vpc.aws_nat_gateway.this[0]: Still creating... [40s elapsed]
TestTerraformBasicExample 2022-03-23T15:11:11Z logger.go:66: module.eks.aws_eks_cluster.this[0]: Still creating... [50s elapsed]
TestTerraformBasicExample 2022-03-23T15:11:15Z logger.go:66: module.vpc.aws_nat_gateway.this[0]: Still creating... [50s elapsed]
TestTerraformBasicExample 2022-03-23T15:11:21Z logger.go:66: module.eks.aws_eks_cluster.this[0]: Still creating... [1m0s elapsed]
TestTerraformBasicExample 2022-03-23T15:11:25Z logger.go:66: module.vpc.aws_nat_gateway.this[0]: Still creating... [1m0s elapsed]
TestTerraformBasicExample 2022-03-23T15:11:31Z logger.go:66: module.eks.aws_eks_cluster.this[0]: Still creating... [1m10s elapsed]
TestTerraformBasicExample 2022-03-23T15:11:35Z logger.go:66: module.vpc.aws_nat_gateway.this[0]: Still creating... [1m10s elapsed]
TestTerraformBasicExample 2022-03-23T15:11:41Z logger.go:66: module.eks.aws_eks_cluster.this[0]: Still creating... [1m20s elapsed]
TestTerraformBasicExample 2022-03-23T15:11:45Z logger.go:66: module.vpc.aws_nat_gateway.this[0]: Still creating... [1m20s elapsed]
TestTerraformBasicExample 2022-03-23T15:11:51Z logger.go:66: module.eks.aws_eks_cluster.this[0]: Still creating... [1m30s elapsed]
TestTerraformBasicExample 2022-03-23T15:11:55Z logger.go:66: module.vpc.aws_nat_gateway.this[0]: Still creating... [1m30s elapsed]
TestTerraformBasicExample 2022-03-23T15:12:01Z logger.go:66: module.eks.aws_eks_cluster.this[0]: Still creating... [1m40s elapsed]
TestTerraformBasicExample 2022-03-23T15:12:05Z logger.go:66: module.vpc.aws_nat_gateway.this[0]: Still creating... [1m40s elapsed]
TestTerraformBasicExample 2022-03-23T15:12:11Z logger.go:66: module.eks.aws_eks_cluster.this[0]: Still creating... [1m50s elapsed]
TestTerraformBasicExample 2022-03-23T15:12:15Z logger.go:66: module.vpc.aws_nat_gateway.this[0]: Still creating... [1m50s elapsed]
TestTerraformBasicExample 2022-03-23T15:12:20Z logger.go:66: module.vpc.aws_nat_gateway.this[0]: Creation complete after 1m55s [id=nat-0e35233099dd08627]
TestTerraformBasicExample 2022-03-23T15:12:20Z logger.go:66: module.vpc.aws_route.private_nat_gateway[0]: Creating...
TestTerraformBasicExample 2022-03-23T15:12:20Z logger.go:66: module.vpc.aws_route.private_nat_gateway[0]: Creation complete after 1s [id=r-rtb-06c223320b44d85eb1080289494]
TestTerraformBasicExample 2022-03-23T15:12:21Z logger.go:66: module.eks.aws_eks_cluster.this[0]: Still creating... [2m0s elapsed]
TestTerraformBasicExample 2022-03-23T15:12:31Z logger.go:66: module.eks.aws_eks_cluster.this[0]: Still creating... [2m10s elapsed]
TestTerraformBasicExample 2022-03-23T15:12:41Z logger.go:66: module.eks.aws_eks_cluster.this[0]: Still creating... [2m20s elapsed]
TestTerraformBasicExample 2022-03-23T15:12:51Z logger.go:66: module.eks.aws_eks_cluster.this[0]: Still creating... [2m30s elapsed]
TestTerraformBasicExample 2022-03-23T15:13:01Z logger.go:66: module.eks.aws_eks_cluster.this[0]: Still creating... [2m40s elapsed]
TestTerraformBasicExample 2022-03-23T15:13:11Z logger.go:66: module.eks.aws_eks_cluster.this[0]: Still creating... [2m50s elapsed]
TestTerraformBasicExample 2022-03-23T15:13:21Z logger.go:66: module.eks.aws_eks_cluster.this[0]: Still creating... [3m0s elapsed]
TestTerraformBasicExample 2022-03-23T15:13:31Z logger.go:66: module.eks.aws_eks_cluster.this[0]: Still creating... [3m10s elapsed]
TestTerraformBasicExample 2022-03-23T15:13:41Z logger.go:66: module.eks.aws_eks_cluster.this[0]: Still creating... [3m20s elapsed]
TestTerraformBasicExample 2022-03-23T15:13:51Z logger.go:66: module.eks.aws_eks_cluster.this[0]: Still creating... [3m30s elapsed]
TestTerraformBasicExample 2022-03-23T15:14:01Z logger.go:66: module.eks.aws_eks_cluster.this[0]: Still creating... [3m40s elapsed]
TestTerraformBasicExample 2022-03-23T15:14:11Z logger.go:66: module.eks.aws_eks_cluster.this[0]: Still creating... [3m50s elapsed]
TestTerraformBasicExample 2022-03-23T15:14:21Z logger.go:66: module.eks.aws_eks_cluster.this[0]: Still creating... [4m0s elapsed]
TestTerraformBasicExample 2022-03-23T15:14:31Z logger.go:66: module.eks.aws_eks_cluster.this[0]: Still creating... [4m10s elapsed]
TestTerraformBasicExample 2022-03-23T15:14:41Z logger.go:66: module.eks.aws_eks_cluster.this[0]: Still creating... [4m20s elapsed]
TestTerraformBasicExample 2022-03-23T15:14:51Z logger.go:66: module.eks.aws_eks_cluster.this[0]: Still creating... [4m30s elapsed]
TestTerraformBasicExample 2022-03-23T15:15:01Z logger.go:66: module.eks.aws_eks_cluster.this[0]: Still creating... [4m40s elapsed]
TestTerraformBasicExample 2022-03-23T15:15:11Z logger.go:66: module.eks.aws_eks_cluster.this[0]: Still creating... [4m50s elapsed]
TestTerraformBasicExample 2022-03-23T15:15:21Z logger.go:66: module.eks.aws_eks_cluster.this[0]: Still creating... [5m0s elapsed]
TestTerraformBasicExample 2022-03-23T15:15:31Z logger.go:66: module.eks.aws_eks_cluster.this[0]: Still creating... [5m10s elapsed]
TestTerraformBasicExample 2022-03-23T15:15:41Z logger.go:66: module.eks.aws_eks_cluster.this[0]: Still creating... [5m20s elapsed]
TestTerraformBasicExample 2022-03-23T15:15:51Z logger.go:66: module.eks.aws_eks_cluster.this[0]: Still creating... [5m30s elapsed]
TestTerraformBasicExample 2022-03-23T15:16:01Z logger.go:66: module.eks.aws_eks_cluster.this[0]: Still creating... [5m40s elapsed]
TestTerraformBasicExample 2022-03-23T15:16:11Z logger.go:66: module.eks.aws_eks_cluster.this[0]: Still creating... [5m50s elapsed]
TestTerraformBasicExample 2022-03-23T15:16:21Z logger.go:66: module.eks.aws_eks_cluster.this[0]: Still creating... [6m0s elapsed]
TestTerraformBasicExample 2022-03-23T15:16:31Z logger.go:66: module.eks.aws_eks_cluster.this[0]: Still creating... [6m10s elapsed]
TestTerraformBasicExample 2022-03-23T15:16:41Z logger.go:66: module.eks.aws_eks_cluster.this[0]: Still creating... [6m20s elapsed]
TestTerraformBasicExample 2022-03-23T15:16:51Z logger.go:66: module.eks.aws_eks_cluster.this[0]: Still creating... [6m30s elapsed]
TestTerraformBasicExample 2022-03-23T15:17:01Z logger.go:66: module.eks.aws_eks_cluster.this[0]: Still creating... [6m40s elapsed]
TestTerraformBasicExample 2022-03-23T15:17:11Z logger.go:66: module.eks.aws_eks_cluster.this[0]: Still creating... [6m50s elapsed]
TestTerraformBasicExample 2022-03-23T15:17:21Z logger.go:66: module.eks.aws_eks_cluster.this[0]: Still creating... [7m0s elapsed]
TestTerraformBasicExample 2022-03-23T15:17:31Z logger.go:66: module.eks.aws_eks_cluster.this[0]: Still creating... [7m9s elapsed]
TestTerraformBasicExample 2022-03-23T15:17:41Z logger.go:66: module.eks.aws_eks_cluster.this[0]: Still creating... [7m19s elapsed]
TestTerraformBasicExample 2022-03-23T15:17:51Z logger.go:66: module.eks.aws_eks_cluster.this[0]: Still creating... [7m29s elapsed]
TestTerraformBasicExample 2022-03-23T15:18:01Z logger.go:66: module.eks.aws_eks_cluster.this[0]: Still creating... [7m39s elapsed]
TestTerraformBasicExample 2022-03-23T15:18:11Z logger.go:66: module.eks.aws_eks_cluster.this[0]: Still creating... [7m49s elapsed]
TestTerraformBasicExample 2022-03-23T15:18:21Z logger.go:66: module.eks.aws_eks_cluster.this[0]: Still creating... [7m59s elapsed]
TestTerraformBasicExample 2022-03-23T15:18:31Z logger.go:66: module.eks.aws_eks_cluster.this[0]: Still creating... [8m9s elapsed]
TestTerraformBasicExample 2022-03-23T15:18:41Z logger.go:66: module.eks.aws_eks_cluster.this[0]: Still creating... [8m19s elapsed]
TestTerraformBasicExample 2022-03-23T15:18:45Z logger.go:66: module.eks.aws_eks_cluster.this[0]: Creation complete after 8m23s [id=ex-basic]
TestTerraformBasicExample 2022-03-23T15:18:45Z logger.go:66: module.eks.data.tls_certificate.this[0]: Reading...
TestTerraformBasicExample 2022-03-23T15:18:45Z logger.go:66: data.aws_eks_cluster.cluster: Reading...
TestTerraformBasicExample 2022-03-23T15:18:45Z logger.go:66: data.aws_eks_cluster_auth.cluster: Reading...
TestTerraformBasicExample 2022-03-23T15:18:45Z logger.go:66: data.aws_eks_cluster_auth.cluster: Read complete after 0s [id=ex-basic]
TestTerraformBasicExample 2022-03-23T15:18:45Z logger.go:66: module.eks.module.eks_managed_node_group["foo"].aws_launch_template.this[0]: Creating...
TestTerraformBasicExample 2022-03-23T15:18:45Z logger.go:66: data.aws_eks_cluster.cluster: Read complete after 1s [id=ex-basic]
TestTerraformBasicExample 2022-03-23T15:18:45Z logger.go:66: module.eks.data.tls_certificate.this[0]: Read complete after 1s [id=2022-03-23 15:18:45.6274175 +0000 UTC]
TestTerraformBasicExample 2022-03-23T15:18:45Z logger.go:66: module.eks.aws_iam_openid_connect_provider.oidc_provider[0]: Creating...
TestTerraformBasicExample 2022-03-23T15:18:45Z logger.go:66: module.eks.module.eks_managed_node_group["foo"].aws_launch_template.this[0]: Creation complete after 1s [id=lt-0c8d9e6841a23dc83]
TestTerraformBasicExample 2022-03-23T15:18:45Z logger.go:66: module.eks.module.eks_managed_node_group["foo"].aws_eks_node_group.this[0]: Creating...
TestTerraformBasicExample 2022-03-23T15:18:46Z logger.go:66: module.eks.aws_iam_openid_connect_provider.oidc_provider[0]: Creation complete after 0s [id=arn:aws:iam::11111111111:oidc-provider/oidc.eks.us-west-2.amazonaws.com/id/99CB19FE0E05831CA5080FCD4A9740B7]
TestTerraformBasicExample 2022-03-23T15:18:55Z logger.go:66: module.eks.module.eks_managed_node_group["foo"].aws_eks_node_group.this[0]: Still creating... [10s elapsed]
TestTerraformBasicExample 2022-03-23T15:19:05Z logger.go:66: module.eks.module.eks_managed_node_group["foo"].aws_eks_node_group.this[0]: Still creating... [20s elapsed]
TestTerraformBasicExample 2022-03-23T15:19:15Z logger.go:66: module.eks.module.eks_managed_node_group["foo"].aws_eks_node_group.this[0]: Still creating... [30s elapsed]
TestTerraformBasicExample 2022-03-23T15:19:25Z logger.go:66: module.eks.module.eks_managed_node_group["foo"].aws_eks_node_group.this[0]: Still creating... [40s elapsed]
TestTerraformBasicExample 2022-03-23T15:19:35Z logger.go:66: module.eks.module.eks_managed_node_group["foo"].aws_eks_node_group.this[0]: Still creating... [50s elapsed]
TestTerraformBasicExample 2022-03-23T15:19:45Z logger.go:66: module.eks.module.eks_managed_node_group["foo"].aws_eks_node_group.this[0]: Still creating... [1m0s elapsed]
TestTerraformBasicExample 2022-03-23T15:19:55Z logger.go:66: module.eks.module.eks_managed_node_group["foo"].aws_eks_node_group.this[0]: Still creating... [1m10s elapsed]
TestTerraformBasicExample 2022-03-23T15:20:05Z logger.go:66: module.eks.module.eks_managed_node_group["foo"].aws_eks_node_group.this[0]: Still creating... [1m20s elapsed]
TestTerraformBasicExample 2022-03-23T15:20:15Z logger.go:66: module.eks.module.eks_managed_node_group["foo"].aws_eks_node_group.this[0]: Still creating... [1m30s elapsed]
TestTerraformBasicExample 2022-03-23T15:20:25Z logger.go:66: module.eks.module.eks_managed_node_group["foo"].aws_eks_node_group.this[0]: Still creating... [1m40s elapsed]
TestTerraformBasicExample 2022-03-23T15:20:35Z logger.go:66: module.eks.module.eks_managed_node_group["foo"].aws_eks_node_group.this[0]: Still creating... [1m50s elapsed]
TestTerraformBasicExample 2022-03-23T15:20:45Z logger.go:66: module.eks.module.eks_managed_node_group["foo"].aws_eks_node_group.this[0]: Still creating... [2m0s elapsed]
TestTerraformBasicExample 2022-03-23T15:20:55Z logger.go:66: module.eks.module.eks_managed_node_group["foo"].aws_eks_node_group.this[0]: Still creating... [2m10s elapsed]
TestTerraformBasicExample 2022-03-23T15:21:05Z logger.go:66: module.eks.module.eks_managed_node_group["foo"].aws_eks_node_group.this[0]: Still creating... [2m20s elapsed]
TestTerraformBasicExample 2022-03-23T15:21:15Z logger.go:66: module.eks.module.eks_managed_node_group["foo"].aws_eks_node_group.this[0]: Still creating... [2m30s elapsed]
TestTerraformBasicExample 2022-03-23T15:21:25Z logger.go:66: module.eks.module.eks_managed_node_group["foo"].aws_eks_node_group.this[0]: Still creating... [2m40s elapsed]
TestTerraformBasicExample 2022-03-23T15:21:35Z logger.go:66: module.eks.module.eks_managed_node_group["foo"].aws_eks_node_group.this[0]: Still creating... [2m50s elapsed]
TestTerraformBasicExample 2022-03-23T15:21:37Z logger.go:66: module.eks.module.eks_managed_node_group["foo"].aws_eks_node_group.this[0]: Creation complete after 2m51s [id=ex-basic:foo-2022032315184597250000000d]
TestTerraformBasicExample 2022-03-23T15:21:37Z logger.go:66: module.eks_auth.kubectl_manifest.patch: Creating...
TestTerraformBasicExample 2022-03-23T15:21:37Z logger.go:66: module.eks_auth.kubectl_manifest.patch: Creation complete after 0s [id=/api/v1/namespaces/kube-system/configmaps/aws-auth]
TestTerraformBasicExample 2022-03-23T15:21:37Z logger.go:66:
TestTerraformBasicExample 2022-03-23T15:21:37Z logger.go:66: Apply complete! Resources: 49 added, 0 changed, 0 destroyed.
TestTerraformBasicExample 2022-03-23T15:21:37Z logger.go:66:
TestTerraformBasicExample 2022-03-23T15:21:37Z logger.go:66: Outputs:
TestTerraformBasicExample 2022-03-23T15:21:37Z logger.go:66:
TestTerraformBasicExample 2022-03-23T15:21:37Z logger.go:66: map_accounts = tolist([])
TestTerraformBasicExample 2022-03-23T15:21:37Z logger.go:66: map_roles = tolist([
TestTerraformBasicExample 2022-03-23T15:21:37Z logger.go:66:   {
TestTerraformBasicExample 2022-03-23T15:21:37Z logger.go:66:     "groups" = [
TestTerraformBasicExample 2022-03-23T15:21:37Z logger.go:66:       "system:bootstrappers",
TestTerraformBasicExample 2022-03-23T15:21:37Z logger.go:66:       "system:nodes",
TestTerraformBasicExample 2022-03-23T15:21:37Z logger.go:66:     ]
TestTerraformBasicExample 2022-03-23T15:21:37Z logger.go:66:     "rolearn" = "arn:aws:iam::11111111111:role/foo-eks-node-group-20220323151002266200000001"
TestTerraformBasicExample 2022-03-23T15:21:37Z logger.go:66:     "username" = "system:node:{{EC2PrivateDNSName}}"
TestTerraformBasicExample 2022-03-23T15:21:37Z logger.go:66:   },
TestTerraformBasicExample 2022-03-23T15:21:37Z logger.go:66: ])
TestTerraformBasicExample 2022-03-23T15:21:37Z logger.go:66: map_users = tolist([])
TestTerraformBasicExample 2022-03-23T15:21:37Z logger.go:66: node_group_iam_role_arn = "arn:aws:iam::11111111111:role/foo-eks-node-group-20220323151002266200000001"
TestTerraformBasicExample 2022-03-23T15:21:37Z retry.go:91: terraform [output -no-color -json node_group_iam_role_arn]
TestTerraformBasicExample 2022-03-23T15:21:37Z logger.go:66: Running command terraform with args [output -no-color -json node_group_iam_role_arn]
TestTerraformBasicExample 2022-03-23T15:21:38Z logger.go:66: "arn:aws:iam::11111111111:role/foo-eks-node-group-20220323151002266200000001"
TestTerraformBasicExample 2022-03-23T15:21:38Z retry.go:91: terraform [output -no-color -json map_roles]
TestTerraformBasicExample 2022-03-23T15:21:38Z logger.go:66: Running command terraform with args [output -no-color -json map_roles]
TestTerraformBasicExample 2022-03-23T15:21:40Z logger.go:66: [{"groups":["system:bootstrappers","system:nodes"],"rolearn":"arn:aws:iam::11111111111:role/foo-eks-node-group-20220323151002266200000001","username":"system:node:{{EC2PrivateDNSName}}"}]
TestTerraformBasicExample 2022-03-23T15:21:40Z retry.go:91: terraform [output -no-color -json map_users]
TestTerraformBasicExample 2022-03-23T15:21:40Z logger.go:66: Running command terraform with args [output -no-color -json map_users]
TestTerraformBasicExample 2022-03-23T15:21:41Z logger.go:66: []
TestTerraformBasicExample 2022-03-23T15:21:41Z retry.go:91: terraform [output -no-color -json map_accounts]
TestTerraformBasicExample 2022-03-23T15:21:41Z logger.go:66: Running command terraform with args [output -no-color -json map_accounts]
TestTerraformBasicExample 2022-03-23T15:21:43Z logger.go:66: []
TestTerraformBasicExample 2022-03-23T15:21:43Z retry.go:91: terraform [apply -input=false -auto-approve -no-color -lock=false]
TestTerraformBasicExample 2022-03-23T15:21:43Z logger.go:66: Running command terraform with args [apply -input=false -auto-approve -no-color -lock=false]
TestTerraformBasicExample 2022-03-23T15:21:49Z logger.go:66: module.vpc.aws_vpc.this[0]: Refreshing state... [id=vpc-06edc6abdf49dcc59]
TestTerraformBasicExample 2022-03-23T15:21:49Z logger.go:66: module.vpc.aws_eip.nat[0]: Refreshing state... [id=eipalloc-0ebf3c4e44e3f0d7a]
TestTerraformBasicExample 2022-03-23T15:21:49Z logger.go:66: module.eks.aws_cloudwatch_log_group.this[0]: Refreshing state... [id=/aws/eks/ex-basic/cluster]
TestTerraformBasicExample 2022-03-23T15:21:49Z logger.go:66: module.eks.aws_iam_role.this[0]: Refreshing state... [id=ex-basic-cluster-20220323151002275900000002]
TestTerraformBasicExample 2022-03-23T15:21:49Z logger.go:66: module.eks.module.eks_managed_node_group["foo"].aws_iam_role.this[0]: Refreshing state... [id=foo-eks-node-group-20220323151002266200000001]
TestTerraformBasicExample 2022-03-23T15:21:49Z logger.go:66: module.eks.aws_security_group.cluster[0]: Refreshing state... [id=sg-0ae7aa74f5e333406]
TestTerraformBasicExample 2022-03-23T15:21:49Z logger.go:66: module.vpc.aws_route_table.public[0]: Refreshing state... [id=rtb-0bcf4105dcd7ca6b3]
TestTerraformBasicExample 2022-03-23T15:21:49Z logger.go:66: module.vpc.aws_subnet.public[1]: Refreshing state... [id=subnet-0bcffee970618f41c]
TestTerraformBasicExample 2022-03-23T15:21:49Z logger.go:66: module.vpc.aws_subnet.public[0]: Refreshing state... [id=subnet-01b3e7dbb9182b558]
TestTerraformBasicExample 2022-03-23T15:21:49Z logger.go:66: module.vpc.aws_route_table.private[0]: Refreshing state... [id=rtb-06c223320b44d85eb]
TestTerraformBasicExample 2022-03-23T15:21:49Z logger.go:66: module.vpc.aws_subnet.public[2]: Refreshing state... [id=subnet-053b56747ac77e57b]
TestTerraformBasicExample 2022-03-23T15:21:49Z logger.go:66: module.eks.aws_security_group.node[0]: Refreshing state... [id=sg-0bb1dadddd5bc709b]
TestTerraformBasicExample 2022-03-23T15:21:49Z logger.go:66: module.vpc.aws_internet_gateway.this[0]: Refreshing state... [id=igw-039e21946a47b5e57]
TestTerraformBasicExample 2022-03-23T15:21:50Z logger.go:66: module.vpc.aws_subnet.private[0]: Refreshing state... [id=subnet-0f021808b97037056]
TestTerraformBasicExample 2022-03-23T15:21:50Z logger.go:66: module.vpc.aws_subnet.private[1]: Refreshing state... [id=subnet-0711f78369ad56d95]
TestTerraformBasicExample 2022-03-23T15:21:50Z logger.go:66: module.vpc.aws_subnet.private[2]: Refreshing state... [id=subnet-03d50272571eba3c6]
TestTerraformBasicExample 2022-03-23T15:21:50Z logger.go:66: module.eks.module.eks_managed_node_group["foo"].aws_security_group.this[0]: Refreshing state... [id=sg-060a828ccc9793936]
TestTerraformBasicExample 2022-03-23T15:21:50Z logger.go:66: module.eks.module.eks_managed_node_group["foo"].aws_iam_role_policy_attachment.this["arn:aws:iam::aws:policy/AmazonEC2ContainerRegistryReadOnly"]: Refreshing state... [id=foo-eks-node-group-20220323151002266200000001-20220323151003948300000007]
TestTerraformBasicExample 2022-03-23T15:21:50Z logger.go:66: module.eks.module.eks_managed_node_group["foo"].aws_iam_role_policy_attachment.this["arn:aws:iam::aws:policy/AmazonEKSWorkerNodePolicy"]: Refreshing state... [id=foo-eks-node-group-20220323151002266200000001-20220323151003847800000005]
TestTerraformBasicExample 2022-03-23T15:21:50Z logger.go:66: module.eks.module.eks_managed_node_group["foo"].aws_iam_role_policy_attachment.this["arn:aws:iam::aws:policy/AmazonEKS_CNI_Policy"]: Refreshing state... [id=foo-eks-node-group-20220323151002266200000001-20220323151003932300000006]
TestTerraformBasicExample 2022-03-23T15:21:50Z logger.go:66: module.eks.aws_iam_role_policy_attachment.this["arn:aws:iam::aws:policy/AmazonEKSClusterPolicy"]: Refreshing state... [id=ex-basic-cluster-20220323151002275900000002-20220323151003788600000004]
TestTerraformBasicExample 2022-03-23T15:21:50Z logger.go:66: module.eks.aws_iam_role_policy_attachment.this["arn:aws:iam::aws:policy/AmazonEKSVPCResourceController"]: Refreshing state... [id=ex-basic-cluster-20220323151002275900000002-20220323151003726600000003]
TestTerraformBasicExample 2022-03-23T15:21:50Z logger.go:66: module.vpc.aws_route.public_internet_gateway[0]: Refreshing state... [id=r-rtb-0bcf4105dcd7ca6b31080289494]
TestTerraformBasicExample 2022-03-23T15:21:50Z logger.go:66: module.eks.aws_security_group_rule.node["ingress_self_coredns_udp"]: Refreshing state... [id=sgrule-612965984]
TestTerraformBasicExample 2022-03-23T15:21:50Z logger.go:66: module.eks.aws_security_group_rule.node["egress_ntp_udp"]: Refreshing state... [id=sgrule-3079583922]
TestTerraformBasicExample 2022-03-23T15:21:50Z logger.go:66: module.eks.aws_security_group_rule.node["egress_https"]: Refreshing state... [id=sgrule-382640289]
TestTerraformBasicExample 2022-03-23T15:21:50Z logger.go:66: module.eks.aws_security_group_rule.node["ingress_cluster_443"]: Refreshing state... [id=sgrule-2945395605]
TestTerraformBasicExample 2022-03-23T15:21:50Z logger.go:66: module.eks.aws_security_group_rule.node["ingress_cluster_kubelet"]: Refreshing state... [id=sgrule-2741047257]
TestTerraformBasicExample 2022-03-23T15:21:50Z logger.go:66: module.eks.aws_security_group_rule.node["egress_self_coredns_udp"]: Refreshing state... [id=sgrule-247062977]
TestTerraformBasicExample 2022-03-23T15:21:50Z logger.go:66: module.eks.aws_security_group_rule.node["ingress_self_coredns_tcp"]: Refreshing state... [id=sgrule-2161556879]
TestTerraformBasicExample 2022-03-23T15:21:50Z logger.go:66: module.eks.aws_security_group_rule.node["egress_ntp_tcp"]: Refreshing state... [id=sgrule-3373309375]
TestTerraformBasicExample 2022-03-23T15:21:50Z logger.go:66: module.eks.aws_security_group_rule.node["egress_self_coredns_tcp"]: Refreshing state... [id=sgrule-2162058151]
TestTerraformBasicExample 2022-03-23T15:21:50Z logger.go:66: module.eks.aws_security_group_rule.node["egress_cluster_443"]: Refreshing state... [id=sgrule-121891252]
TestTerraformBasicExample 2022-03-23T15:21:50Z logger.go:66: module.vpc.aws_nat_gateway.this[0]: Refreshing state... [id=nat-0e35233099dd08627]
TestTerraformBasicExample 2022-03-23T15:21:50Z logger.go:66: module.vpc.aws_route_table_association.public[0]: Refreshing state... [id=rtbassoc-09363a8b5442d8576]
TestTerraformBasicExample 2022-03-23T15:21:50Z logger.go:66: module.vpc.aws_route_table_association.public[1]: Refreshing state... [id=rtbassoc-0ddc7211ac8e93807]
TestTerraformBasicExample 2022-03-23T15:21:50Z logger.go:66: module.vpc.aws_route_table_association.public[2]: Refreshing state... [id=rtbassoc-02f915d66a2469d8e]
TestTerraformBasicExample 2022-03-23T15:21:50Z logger.go:66: module.vpc.aws_route_table_association.private[1]: Refreshing state... [id=rtbassoc-01a6388ae624b62ee]
TestTerraformBasicExample 2022-03-23T15:21:50Z logger.go:66: module.vpc.aws_route_table_association.private[0]: Refreshing state... [id=rtbassoc-0cbd6dfcce4d8f35b]
TestTerraformBasicExample 2022-03-23T15:21:50Z logger.go:66: module.vpc.aws_route_table_association.private[2]: Refreshing state... [id=rtbassoc-0269d0939c5e1fe22]
TestTerraformBasicExample 2022-03-23T15:21:50Z logger.go:66: module.eks.aws_security_group_rule.cluster["egress_nodes_kubelet"]: Refreshing state... [id=sgrule-3441771898]
TestTerraformBasicExample 2022-03-23T15:21:50Z logger.go:66: module.eks.aws_security_group_rule.cluster["ingress_nodes_443"]: Refreshing state... [id=sgrule-3725644296]
TestTerraformBasicExample 2022-03-23T15:21:50Z logger.go:66: module.eks.aws_security_group_rule.cluster["egress_nodes_443"]: Refreshing state... [id=sgrule-2554915551]
TestTerraformBasicExample 2022-03-23T15:21:50Z logger.go:66: module.vpc.aws_route.private_nat_gateway[0]: Refreshing state... [id=r-rtb-06c223320b44d85eb1080289494]
TestTerraformBasicExample 2022-03-23T15:21:50Z logger.go:66: module.eks.aws_eks_cluster.this[0]: Refreshing state... [id=ex-basic]
TestTerraformBasicExample 2022-03-23T15:21:51Z logger.go:66: module.eks.module.eks_managed_node_group["foo"].aws_launch_template.this[0]: Refreshing state... [id=lt-0c8d9e6841a23dc83]
TestTerraformBasicExample 2022-03-23T15:21:51Z logger.go:66: module.eks.aws_iam_openid_connect_provider.oidc_provider[0]: Refreshing state... [id=arn:aws:iam::11111111111:oidc-provider/oidc.eks.us-west-2.amazonaws.com/id/99CB19FE0E05831CA5080FCD4A9740B7]
TestTerraformBasicExample 2022-03-23T15:21:51Z logger.go:66: module.eks.module.eks_managed_node_group["foo"].aws_eks_node_group.this[0]: Refreshing state... [id=ex-basic:foo-2022032315184597250000000d]
TestTerraformBasicExample 2022-03-23T15:21:51Z logger.go:66: module.eks_auth.kubectl_manifest.patch: Refreshing state... [id=/api/v1/namespaces/kube-system/configmaps/aws-auth]
TestTerraformBasicExample 2022-03-23T15:21:51Z logger.go:66:
TestTerraformBasicExample 2022-03-23T15:21:51Z logger.go:66: Note: Objects have changed outside of Terraform
TestTerraformBasicExample 2022-03-23T15:21:51Z logger.go:66:
TestTerraformBasicExample 2022-03-23T15:21:51Z logger.go:66: Terraform detected the following changes made outside of Terraform since the
TestTerraformBasicExample 2022-03-23T15:21:51Z logger.go:66: last "terraform apply":
TestTerraformBasicExample 2022-03-23T15:21:51Z logger.go:66:
TestTerraformBasicExample 2022-03-23T15:21:51Z logger.go:66:   # module.eks.aws_cloudwatch_log_group.this[0] has changed
TestTerraformBasicExample 2022-03-23T15:21:51Z logger.go:66:   ~ resource "aws_cloudwatch_log_group" "this" {
TestTerraformBasicExample 2022-03-23T15:21:51Z logger.go:66:         id                = "/aws/eks/ex-basic/cluster"
TestTerraformBasicExample 2022-03-23T15:21:51Z logger.go:66:         name              = "/aws/eks/ex-basic/cluster"
TestTerraformBasicExample 2022-03-23T15:21:51Z logger.go:66:       + tags              = {}
TestTerraformBasicExample 2022-03-23T15:21:51Z logger.go:66:         # (3 unchanged attributes hidden)
TestTerraformBasicExample 2022-03-23T15:21:51Z logger.go:66:     }
TestTerraformBasicExample 2022-03-23T15:21:51Z logger.go:66:
TestTerraformBasicExample 2022-03-23T15:21:51Z logger.go:66:   # module.eks.aws_eks_cluster.this[0] has changed
TestTerraformBasicExample 2022-03-23T15:21:51Z logger.go:66:   ~ resource "aws_eks_cluster" "this" {
TestTerraformBasicExample 2022-03-23T15:21:51Z logger.go:66:         id                        = "ex-basic"
TestTerraformBasicExample 2022-03-23T15:21:51Z logger.go:66:         name                      = "ex-basic"
TestTerraformBasicExample 2022-03-23T15:21:51Z logger.go:66:       + tags                      = {}
TestTerraformBasicExample 2022-03-23T15:21:51Z logger.go:66:         # (11 unchanged attributes hidden)
TestTerraformBasicExample 2022-03-23T15:21:51Z logger.go:66:
TestTerraformBasicExample 2022-03-23T15:21:51Z logger.go:66:
TestTerraformBasicExample 2022-03-23T15:21:51Z logger.go:66:
TestTerraformBasicExample 2022-03-23T15:21:51Z logger.go:66:         # (3 unchanged blocks hidden)
TestTerraformBasicExample 2022-03-23T15:21:51Z logger.go:66:     }
TestTerraformBasicExample 2022-03-23T15:21:51Z logger.go:66:
TestTerraformBasicExample 2022-03-23T15:21:51Z logger.go:66:   # module.eks.aws_iam_role.this[0] has changed
TestTerraformBasicExample 2022-03-23T15:21:51Z logger.go:66:   ~ resource "aws_iam_role" "this" {
TestTerraformBasicExample 2022-03-23T15:21:51Z logger.go:66:         id                    = "ex-basic-cluster-20220323151002275900000002"
TestTerraformBasicExample 2022-03-23T15:21:51Z logger.go:66:       ~ managed_policy_arns   = [
TestTerraformBasicExample 2022-03-23T15:21:51Z logger.go:66:           + "arn:aws:iam::aws:policy/AmazonEKSClusterPolicy",
TestTerraformBasicExample 2022-03-23T15:21:51Z logger.go:66:           + "arn:aws:iam::aws:policy/AmazonEKSVPCResourceController",
TestTerraformBasicExample 2022-03-23T15:21:51Z logger.go:66:         ]
TestTerraformBasicExample 2022-03-23T15:21:51Z logger.go:66:         name                  = "ex-basic-cluster-20220323151002275900000002"
TestTerraformBasicExample 2022-03-23T15:21:51Z logger.go:66:       + tags                  = {}
TestTerraformBasicExample 2022-03-23T15:21:51Z logger.go:66:         # (9 unchanged attributes hidden)
TestTerraformBasicExample 2022-03-23T15:21:51Z logger.go:66:
TestTerraformBasicExample 2022-03-23T15:21:51Z logger.go:66:         # (1 unchanged block hidden)
TestTerraformBasicExample 2022-03-23T15:21:51Z logger.go:66:     }
TestTerraformBasicExample 2022-03-23T15:21:51Z logger.go:66:
TestTerraformBasicExample 2022-03-23T15:21:51Z logger.go:66:   # module.eks.aws_security_group.cluster[0] has changed
TestTerraformBasicExample 2022-03-23T15:21:51Z logger.go:66:   ~ resource "aws_security_group" "cluster" {
TestTerraformBasicExample 2022-03-23T15:21:51Z logger.go:66:       ~ egress                 = [
TestTerraformBasicExample 2022-03-23T15:21:51Z logger.go:66:           + {
TestTerraformBasicExample 2022-03-23T15:21:51Z logger.go:66:               + cidr_blocks      = []
TestTerraformBasicExample 2022-03-23T15:21:51Z logger.go:66:               + description      = "Cluster API to node groups"
TestTerraformBasicExample 2022-03-23T15:21:51Z logger.go:66:               + from_port        = 443
TestTerraformBasicExample 2022-03-23T15:21:51Z logger.go:66:               + ipv6_cidr_blocks = []
TestTerraformBasicExample 2022-03-23T15:21:51Z logger.go:66:               + prefix_list_ids  = []
TestTerraformBasicExample 2022-03-23T15:21:51Z logger.go:66:               + protocol         = "tcp"
TestTerraformBasicExample 2022-03-23T15:21:51Z logger.go:66:               + security_groups  = [
TestTerraformBasicExample 2022-03-23T15:21:51Z logger.go:66:                   + "sg-0bb1dadddd5bc709b",
TestTerraformBasicExample 2022-03-23T15:21:51Z logger.go:66:                 ]
TestTerraformBasicExample 2022-03-23T15:21:51Z logger.go:66:               + self             = false
TestTerraformBasicExample 2022-03-23T15:21:51Z logger.go:66:               + to_port          = 443
TestTerraformBasicExample 2022-03-23T15:21:51Z logger.go:66:             },
TestTerraformBasicExample 2022-03-23T15:21:51Z logger.go:66:           + {
TestTerraformBasicExample 2022-03-23T15:21:51Z logger.go:66:               + cidr_blocks      = []
TestTerraformBasicExample 2022-03-23T15:21:51Z logger.go:66:               + description      = "Cluster API to node kubelets"
TestTerraformBasicExample 2022-03-23T15:21:51Z logger.go:66:               + from_port        = 10250
TestTerraformBasicExample 2022-03-23T15:21:51Z logger.go:66:               + ipv6_cidr_blocks = []
TestTerraformBasicExample 2022-03-23T15:21:51Z logger.go:66:               + prefix_list_ids  = []
TestTerraformBasicExample 2022-03-23T15:21:51Z logger.go:66:               + protocol         = "tcp"
TestTerraformBasicExample 2022-03-23T15:21:51Z logger.go:66:               + security_groups  = [
TestTerraformBasicExample 2022-03-23T15:21:51Z logger.go:66:                   + "sg-0bb1dadddd5bc709b",
TestTerraformBasicExample 2022-03-23T15:21:51Z logger.go:66:                 ]
TestTerraformBasicExample 2022-03-23T15:21:51Z logger.go:66:               + self             = false
TestTerraformBasicExample 2022-03-23T15:21:51Z logger.go:66:               + to_port          = 10250
TestTerraformBasicExample 2022-03-23T15:21:51Z logger.go:66:             },
TestTerraformBasicExample 2022-03-23T15:21:51Z logger.go:66:         ]
TestTerraformBasicExample 2022-03-23T15:21:51Z logger.go:66:         id                     = "sg-0ae7aa74f5e333406"
TestTerraformBasicExample 2022-03-23T15:21:51Z logger.go:66:       ~ ingress                = [
TestTerraformBasicExample 2022-03-23T15:21:51Z logger.go:66:           + {
TestTerraformBasicExample 2022-03-23T15:21:51Z logger.go:66:               + cidr_blocks      = []
TestTerraformBasicExample 2022-03-23T15:21:51Z logger.go:66:               + description      = "Node groups to cluster API"
TestTerraformBasicExample 2022-03-23T15:21:51Z logger.go:66:               + from_port        = 443
TestTerraformBasicExample 2022-03-23T15:21:51Z logger.go:66:               + ipv6_cidr_blocks = []
TestTerraformBasicExample 2022-03-23T15:21:51Z logger.go:66:               + prefix_list_ids  = []
TestTerraformBasicExample 2022-03-23T15:21:51Z logger.go:66:               + protocol         = "tcp"
TestTerraformBasicExample 2022-03-23T15:21:51Z logger.go:66:               + security_groups  = [
TestTerraformBasicExample 2022-03-23T15:21:51Z logger.go:66:                   + "sg-0bb1dadddd5bc709b",
TestTerraformBasicExample 2022-03-23T15:21:51Z logger.go:66:                 ]
TestTerraformBasicExample 2022-03-23T15:21:51Z logger.go:66:               + self             = false
TestTerraformBasicExample 2022-03-23T15:21:51Z logger.go:66:               + to_port          = 443
TestTerraformBasicExample 2022-03-23T15:21:51Z logger.go:66:             },
TestTerraformBasicExample 2022-03-23T15:21:51Z logger.go:66:         ]
TestTerraformBasicExample 2022-03-23T15:21:51Z logger.go:66:         name                   = "ex-basic-cluster-20220323151014139600000008"
TestTerraformBasicExample 2022-03-23T15:21:51Z logger.go:66:         tags                   = {
TestTerraformBasicExample 2022-03-23T15:21:51Z logger.go:66:             "Name" = "ex-basic-cluster"
TestTerraformBasicExample 2022-03-23T15:21:51Z logger.go:66:         }
TestTerraformBasicExample 2022-03-23T15:21:51Z logger.go:66:         # (7 unchanged attributes hidden)
TestTerraformBasicExample 2022-03-23T15:21:51Z logger.go:66:     }
TestTerraformBasicExample 2022-03-23T15:21:51Z logger.go:66:
TestTerraformBasicExample 2022-03-23T15:21:51Z logger.go:66:   # module.eks.aws_security_group.node[0] has changed
TestTerraformBasicExample 2022-03-23T15:21:51Z logger.go:66:   ~ resource "aws_security_group" "node" {
TestTerraformBasicExample 2022-03-23T15:21:51Z logger.go:66:       ~ egress                 = [
TestTerraformBasicExample 2022-03-23T15:21:51Z logger.go:66:           + {
TestTerraformBasicExample 2022-03-23T15:21:51Z logger.go:66:               + cidr_blocks      = [
TestTerraformBasicExample 2022-03-23T15:21:51Z logger.go:66:                   + "0.0.0.0/0",
TestTerraformBasicExample 2022-03-23T15:21:51Z logger.go:66:                 ]
TestTerraformBasicExample 2022-03-23T15:21:51Z logger.go:66:               + description      = "Egress NTP/TCP to internet"
TestTerraformBasicExample 2022-03-23T15:21:51Z logger.go:66:               + from_port        = 123
TestTerraformBasicExample 2022-03-23T15:21:51Z logger.go:66:               + ipv6_cidr_blocks = []
TestTerraformBasicExample 2022-03-23T15:21:51Z logger.go:66:               + prefix_list_ids  = []
TestTerraformBasicExample 2022-03-23T15:21:51Z logger.go:66:               + protocol         = "tcp"
TestTerraformBasicExample 2022-03-23T15:21:51Z logger.go:66:               + security_groups  = []
TestTerraformBasicExample 2022-03-23T15:21:51Z logger.go:66:               + self             = false
TestTerraformBasicExample 2022-03-23T15:21:51Z logger.go:66:               + to_port          = 123
TestTerraformBasicExample 2022-03-23T15:21:51Z logger.go:66:             },
TestTerraformBasicExample 2022-03-23T15:21:51Z logger.go:66:           + {
TestTerraformBasicExample 2022-03-23T15:21:51Z logger.go:66:               + cidr_blocks      = [
TestTerraformBasicExample 2022-03-23T15:21:51Z logger.go:66:                   + "0.0.0.0/0",
TestTerraformBasicExample 2022-03-23T15:21:51Z logger.go:66:                 ]
TestTerraformBasicExample 2022-03-23T15:21:51Z logger.go:66:               + description      = "Egress NTP/UDP to internet"
TestTerraformBasicExample 2022-03-23T15:21:51Z logger.go:66:               + from_port        = 123
TestTerraformBasicExample 2022-03-23T15:21:51Z logger.go:66:               + ipv6_cidr_blocks = []
TestTerraformBasicExample 2022-03-23T15:21:51Z logger.go:66:               + prefix_list_ids  = []
TestTerraformBasicExample 2022-03-23T15:21:51Z logger.go:66:               + protocol         = "udp"
TestTerraformBasicExample 2022-03-23T15:21:51Z logger.go:66:               + security_groups  = []
TestTerraformBasicExample 2022-03-23T15:21:51Z logger.go:66:               + self             = false
TestTerraformBasicExample 2022-03-23T15:21:51Z logger.go:66:               + to_port          = 123
TestTerraformBasicExample 2022-03-23T15:21:51Z logger.go:66:             },
TestTerraformBasicExample 2022-03-23T15:21:51Z logger.go:66:           + {
TestTerraformBasicExample 2022-03-23T15:21:51Z logger.go:66:               + cidr_blocks      = [
TestTerraformBasicExample 2022-03-23T15:21:51Z logger.go:66:                   + "0.0.0.0/0",
TestTerraformBasicExample 2022-03-23T15:21:51Z logger.go:66:                 ]
TestTerraformBasicExample 2022-03-23T15:21:51Z logger.go:66:               + description      = "Egress all HTTPS to internet"
TestTerraformBasicExample 2022-03-23T15:21:51Z logger.go:66:               + from_port        = 443
TestTerraformBasicExample 2022-03-23T15:21:51Z logger.go:66:               + ipv6_cidr_blocks = []
TestTerraformBasicExample 2022-03-23T15:21:51Z logger.go:66:               + prefix_list_ids  = []
TestTerraformBasicExample 2022-03-23T15:21:51Z logger.go:66:               + protocol         = "tcp"
TestTerraformBasicExample 2022-03-23T15:21:51Z logger.go:66:               + security_groups  = []
TestTerraformBasicExample 2022-03-23T15:21:51Z logger.go:66:               + self             = false
TestTerraformBasicExample 2022-03-23T15:21:51Z logger.go:66:               + to_port          = 443
TestTerraformBasicExample 2022-03-23T15:21:51Z logger.go:66:             },
TestTerraformBasicExample 2022-03-23T15:21:51Z logger.go:66:           + {
TestTerraformBasicExample 2022-03-23T15:21:51Z logger.go:66:               + cidr_blocks      = []
TestTerraformBasicExample 2022-03-23T15:21:51Z logger.go:66:               + description      = "Node groups to cluster API"
TestTerraformBasicExample 2022-03-23T15:21:51Z logger.go:66:               + from_port        = 443
TestTerraformBasicExample 2022-03-23T15:21:51Z logger.go:66:               + ipv6_cidr_blocks = []
TestTerraformBasicExample 2022-03-23T15:21:51Z logger.go:66:               + prefix_list_ids  = []
TestTerraformBasicExample 2022-03-23T15:21:51Z logger.go:66:               + protocol         = "tcp"
TestTerraformBasicExample 2022-03-23T15:21:51Z logger.go:66:               + security_groups  = [
TestTerraformBasicExample 2022-03-23T15:21:51Z logger.go:66:                   + "sg-0ae7aa74f5e333406",
TestTerraformBasicExample 2022-03-23T15:21:51Z logger.go:66:                 ]
TestTerraformBasicExample 2022-03-23T15:21:51Z logger.go:66:               + self             = false
TestTerraformBasicExample 2022-03-23T15:21:51Z logger.go:66:               + to_port          = 443
TestTerraformBasicExample 2022-03-23T15:21:51Z logger.go:66:             },
TestTerraformBasicExample 2022-03-23T15:21:51Z logger.go:66:           + {
TestTerraformBasicExample 2022-03-23T15:21:51Z logger.go:66:               + cidr_blocks      = []
TestTerraformBasicExample 2022-03-23T15:21:51Z logger.go:66:               + description      = "Node to node CoreDNS"
TestTerraformBasicExample 2022-03-23T15:21:51Z logger.go:66:               + from_port        = 53
TestTerraformBasicExample 2022-03-23T15:21:51Z logger.go:66:               + ipv6_cidr_blocks = []
TestTerraformBasicExample 2022-03-23T15:21:51Z logger.go:66:               + prefix_list_ids  = []
TestTerraformBasicExample 2022-03-23T15:21:51Z logger.go:66:               + protocol         = "tcp"
TestTerraformBasicExample 2022-03-23T15:21:51Z logger.go:66:               + security_groups  = []
TestTerraformBasicExample 2022-03-23T15:21:51Z logger.go:66:               + self             = true
TestTerraformBasicExample 2022-03-23T15:21:51Z logger.go:66:               + to_port          = 53
TestTerraformBasicExample 2022-03-23T15:21:51Z logger.go:66:             },
TestTerraformBasicExample 2022-03-23T15:21:51Z logger.go:66:           + {
TestTerraformBasicExample 2022-03-23T15:21:51Z logger.go:66:               + cidr_blocks      = []
TestTerraformBasicExample 2022-03-23T15:21:51Z logger.go:66:               + description      = "Node to node CoreDNS"
TestTerraformBasicExample 2022-03-23T15:21:51Z logger.go:66:               + from_port        = 53
TestTerraformBasicExample 2022-03-23T15:21:51Z logger.go:66:               + ipv6_cidr_blocks = []
TestTerraformBasicExample 2022-03-23T15:21:51Z logger.go:66:               + prefix_list_ids  = []
TestTerraformBasicExample 2022-03-23T15:21:51Z logger.go:66:               + protocol         = "udp"
TestTerraformBasicExample 2022-03-23T15:21:51Z logger.go:66:               + security_groups  = []
TestTerraformBasicExample 2022-03-23T15:21:51Z logger.go:66:               + self             = true
TestTerraformBasicExample 2022-03-23T15:21:51Z logger.go:66:               + to_port          = 53
TestTerraformBasicExample 2022-03-23T15:21:51Z logger.go:66:             },
TestTerraformBasicExample 2022-03-23T15:21:51Z logger.go:66:         ]
TestTerraformBasicExample 2022-03-23T15:21:51Z logger.go:66:         id                     = "sg-0bb1dadddd5bc709b"
TestTerraformBasicExample 2022-03-23T15:21:51Z logger.go:66:       ~ ingress                = [
TestTerraformBasicExample 2022-03-23T15:21:51Z logger.go:66:           + {
TestTerraformBasicExample 2022-03-23T15:21:51Z logger.go:66:               + cidr_blocks      = []
TestTerraformBasicExample 2022-03-23T15:21:51Z logger.go:66:               + description      = "Cluster API to node groups"
TestTerraformBasicExample 2022-03-23T15:21:51Z logger.go:66:               + from_port        = 443
TestTerraformBasicExample 2022-03-23T15:21:51Z logger.go:66:               + ipv6_cidr_blocks = []
TestTerraformBasicExample 2022-03-23T15:21:51Z logger.go:66:               + prefix_list_ids  = []
TestTerraformBasicExample 2022-03-23T15:21:51Z logger.go:66:               + protocol         = "tcp"
TestTerraformBasicExample 2022-03-23T15:21:51Z logger.go:66:               + security_groups  = [
TestTerraformBasicExample 2022-03-23T15:21:51Z logger.go:66:                   + "sg-0ae7aa74f5e333406",
TestTerraformBasicExample 2022-03-23T15:21:51Z logger.go:66:                 ]
TestTerraformBasicExample 2022-03-23T15:21:51Z logger.go:66:               + self             = false
TestTerraformBasicExample 2022-03-23T15:21:51Z logger.go:66:               + to_port          = 443
TestTerraformBasicExample 2022-03-23T15:21:51Z logger.go:66:             },
TestTerraformBasicExample 2022-03-23T15:21:51Z logger.go:66:           + {
TestTerraformBasicExample 2022-03-23T15:21:51Z logger.go:66:               + cidr_blocks      = []
TestTerraformBasicExample 2022-03-23T15:21:51Z logger.go:66:               + description      = "Cluster API to node kubelets"
TestTerraformBasicExample 2022-03-23T15:21:51Z logger.go:66:               + from_port        = 10250
TestTerraformBasicExample 2022-03-23T15:21:51Z logger.go:66:               + ipv6_cidr_blocks = []
TestTerraformBasicExample 2022-03-23T15:21:51Z logger.go:66:               + prefix_list_ids  = []
TestTerraformBasicExample 2022-03-23T15:21:51Z logger.go:66:               + protocol         = "tcp"
TestTerraformBasicExample 2022-03-23T15:21:51Z logger.go:66:               + security_groups  = [
TestTerraformBasicExample 2022-03-23T15:21:51Z logger.go:66:                   + "sg-0ae7aa74f5e333406",
TestTerraformBasicExample 2022-03-23T15:21:51Z logger.go:66:                 ]
TestTerraformBasicExample 2022-03-23T15:21:51Z logger.go:66:               + self             = false
TestTerraformBasicExample 2022-03-23T15:21:51Z logger.go:66:               + to_port          = 10250
TestTerraformBasicExample 2022-03-23T15:21:51Z logger.go:66:             },
TestTerraformBasicExample 2022-03-23T15:21:51Z logger.go:66:           + {
TestTerraformBasicExample 2022-03-23T15:21:51Z logger.go:66:               + cidr_blocks      = []
TestTerraformBasicExample 2022-03-23T15:21:51Z logger.go:66:               + description      = "Node to node CoreDNS"
TestTerraformBasicExample 2022-03-23T15:21:51Z logger.go:66:               + from_port        = 53
TestTerraformBasicExample 2022-03-23T15:21:51Z logger.go:66:               + ipv6_cidr_blocks = []
TestTerraformBasicExample 2022-03-23T15:21:51Z logger.go:66:               + prefix_list_ids  = []
TestTerraformBasicExample 2022-03-23T15:21:51Z logger.go:66:               + protocol         = "tcp"
TestTerraformBasicExample 2022-03-23T15:21:51Z logger.go:66:               + security_groups  = []
TestTerraformBasicExample 2022-03-23T15:21:51Z logger.go:66:               + self             = true
TestTerraformBasicExample 2022-03-23T15:21:51Z logger.go:66:               + to_port          = 53
TestTerraformBasicExample 2022-03-23T15:21:51Z logger.go:66:             },
TestTerraformBasicExample 2022-03-23T15:21:51Z logger.go:66:           + {
TestTerraformBasicExample 2022-03-23T15:21:51Z logger.go:66:               + cidr_blocks      = []
TestTerraformBasicExample 2022-03-23T15:21:51Z logger.go:66:               + description      = "Node to node CoreDNS"
TestTerraformBasicExample 2022-03-23T15:21:51Z logger.go:66:               + from_port        = 53
TestTerraformBasicExample 2022-03-23T15:21:51Z logger.go:66:               + ipv6_cidr_blocks = []
TestTerraformBasicExample 2022-03-23T15:21:51Z logger.go:66:               + prefix_list_ids  = []
TestTerraformBasicExample 2022-03-23T15:21:51Z logger.go:66:               + protocol         = "udp"
TestTerraformBasicExample 2022-03-23T15:21:51Z logger.go:66:               + security_groups  = []
TestTerraformBasicExample 2022-03-23T15:21:51Z logger.go:66:               + self             = true
TestTerraformBasicExample 2022-03-23T15:21:51Z logger.go:66:               + to_port          = 53
TestTerraformBasicExample 2022-03-23T15:21:51Z logger.go:66:             },
TestTerraformBasicExample 2022-03-23T15:21:51Z logger.go:66:         ]
TestTerraformBasicExample 2022-03-23T15:21:51Z logger.go:66:         name                   = "ex-basic-node-20220323151014775200000009"
TestTerraformBasicExample 2022-03-23T15:21:51Z logger.go:66:         tags                   = {
TestTerraformBasicExample 2022-03-23T15:21:51Z logger.go:66:             "Name"                           = "ex-basic-node"
TestTerraformBasicExample 2022-03-23T15:21:51Z logger.go:66:             "kubernetes.io/cluster/ex-basic" = "owned"
TestTerraformBasicExample 2022-03-23T15:21:51Z logger.go:66:         }
TestTerraformBasicExample 2022-03-23T15:21:51Z logger.go:66:         # (7 unchanged attributes hidden)
TestTerraformBasicExample 2022-03-23T15:21:51Z logger.go:66:     }
TestTerraformBasicExample 2022-03-23T15:21:51Z logger.go:66:
TestTerraformBasicExample 2022-03-23T15:21:51Z logger.go:66:   # module.eks.aws_security_group_rule.cluster["egress_nodes_443"] has changed
TestTerraformBasicExample 2022-03-23T15:21:51Z logger.go:66:   ~ resource "aws_security_group_rule" "cluster" {
TestTerraformBasicExample 2022-03-23T15:21:51Z logger.go:66:       + cidr_blocks              = []
TestTerraformBasicExample 2022-03-23T15:21:51Z logger.go:66:         id                       = "sgrule-2554915551"
TestTerraformBasicExample 2022-03-23T15:21:51Z logger.go:66:       + ipv6_cidr_blocks         = []
TestTerraformBasicExample 2022-03-23T15:21:51Z logger.go:66:         # (9 unchanged attributes hidden)
TestTerraformBasicExample 2022-03-23T15:21:51Z logger.go:66:     }
TestTerraformBasicExample 2022-03-23T15:21:51Z logger.go:66:
TestTerraformBasicExample 2022-03-23T15:21:51Z logger.go:66:   # module.eks.aws_security_group_rule.cluster["egress_nodes_kubelet"] has changed
TestTerraformBasicExample 2022-03-23T15:21:51Z logger.go:66:   ~ resource "aws_security_group_rule" "cluster" {
TestTerraformBasicExample 2022-03-23T15:21:51Z logger.go:66:       + cidr_blocks              = []
TestTerraformBasicExample 2022-03-23T15:21:51Z logger.go:66:         id                       = "sgrule-3441771898"
TestTerraformBasicExample 2022-03-23T15:21:51Z logger.go:66:       + ipv6_cidr_blocks         = []
TestTerraformBasicExample 2022-03-23T15:21:51Z logger.go:66:         # (9 unchanged attributes hidden)
TestTerraformBasicExample 2022-03-23T15:21:51Z logger.go:66:     }
TestTerraformBasicExample 2022-03-23T15:21:51Z logger.go:66:
TestTerraformBasicExample 2022-03-23T15:21:51Z logger.go:66:   # module.eks.aws_security_group_rule.cluster["ingress_nodes_443"] has changed
TestTerraformBasicExample 2022-03-23T15:21:51Z logger.go:66:   ~ resource "aws_security_group_rule" "cluster" {
TestTerraformBasicExample 2022-03-23T15:21:51Z logger.go:66:       + cidr_blocks              = []
TestTerraformBasicExample 2022-03-23T15:21:51Z logger.go:66:         id                       = "sgrule-3725644296"
TestTerraformBasicExample 2022-03-23T15:21:51Z logger.go:66:       + ipv6_cidr_blocks         = []
TestTerraformBasicExample 2022-03-23T15:21:51Z logger.go:66:         # (9 unchanged attributes hidden)
TestTerraformBasicExample 2022-03-23T15:21:51Z logger.go:66:     }
TestTerraformBasicExample 2022-03-23T15:21:51Z logger.go:66:
TestTerraformBasicExample 2022-03-23T15:21:51Z logger.go:66:   # module.eks.aws_security_group_rule.node["egress_cluster_443"] has changed
TestTerraformBasicExample 2022-03-23T15:21:51Z logger.go:66:   ~ resource "aws_security_group_rule" "node" {
TestTerraformBasicExample 2022-03-23T15:21:51Z logger.go:66:       + cidr_blocks              = []
TestTerraformBasicExample 2022-03-23T15:21:51Z logger.go:66:         id                       = "sgrule-121891252"
TestTerraformBasicExample 2022-03-23T15:21:51Z logger.go:66:       + ipv6_cidr_blocks         = []
TestTerraformBasicExample 2022-03-23T15:21:51Z logger.go:66:         # (9 unchanged attributes hidden)
TestTerraformBasicExample 2022-03-23T15:21:51Z logger.go:66:     }
TestTerraformBasicExample 2022-03-23T15:21:51Z logger.go:66:
TestTerraformBasicExample 2022-03-23T15:21:51Z logger.go:66:   # module.eks.aws_security_group_rule.node["egress_https"] has changed
TestTerraformBasicExample 2022-03-23T15:21:51Z logger.go:66:   ~ resource "aws_security_group_rule" "node" {
TestTerraformBasicExample 2022-03-23T15:21:51Z logger.go:66:         id                = "sgrule-382640289"
TestTerraformBasicExample 2022-03-23T15:21:51Z logger.go:66:       + ipv6_cidr_blocks  = []
TestTerraformBasicExample 2022-03-23T15:21:51Z logger.go:66:         # (9 unchanged attributes hidden)
TestTerraformBasicExample 2022-03-23T15:21:51Z logger.go:66:     }
TestTerraformBasicExample 2022-03-23T15:21:51Z logger.go:66:
TestTerraformBasicExample 2022-03-23T15:21:51Z logger.go:66:   # module.eks.aws_security_group_rule.node["egress_ntp_tcp"] has changed
TestTerraformBasicExample 2022-03-23T15:21:51Z logger.go:66:   ~ resource "aws_security_group_rule" "node" {
TestTerraformBasicExample 2022-03-23T15:21:51Z logger.go:66:         id                = "sgrule-3373309375"
TestTerraformBasicExample 2022-03-23T15:21:51Z logger.go:66:       + ipv6_cidr_blocks  = []
TestTerraformBasicExample 2022-03-23T15:21:51Z logger.go:66:         # (9 unchanged attributes hidden)
TestTerraformBasicExample 2022-03-23T15:21:51Z logger.go:66:     }
TestTerraformBasicExample 2022-03-23T15:21:51Z logger.go:66:
TestTerraformBasicExample 2022-03-23T15:21:51Z logger.go:66:   # module.eks.aws_security_group_rule.node["egress_ntp_udp"] has changed
TestTerraformBasicExample 2022-03-23T15:21:51Z logger.go:66:   ~ resource "aws_security_group_rule" "node" {
TestTerraformBasicExample 2022-03-23T15:21:51Z logger.go:66:         id                = "sgrule-3079583922"
TestTerraformBasicExample 2022-03-23T15:21:51Z logger.go:66:       + ipv6_cidr_blocks  = []
TestTerraformBasicExample 2022-03-23T15:21:51Z logger.go:66:         # (9 unchanged attributes hidden)
TestTerraformBasicExample 2022-03-23T15:21:51Z logger.go:66:     }
TestTerraformBasicExample 2022-03-23T15:21:51Z logger.go:66:
TestTerraformBasicExample 2022-03-23T15:21:51Z logger.go:66:   # module.eks.aws_security_group_rule.node["egress_self_coredns_tcp"] has changed
TestTerraformBasicExample 2022-03-23T15:21:51Z logger.go:66:   ~ resource "aws_security_group_rule" "node" {
TestTerraformBasicExample 2022-03-23T15:21:51Z logger.go:66:       + cidr_blocks              = []
TestTerraformBasicExample 2022-03-23T15:21:51Z logger.go:66:         id                       = "sgrule-2162058151"
TestTerraformBasicExample 2022-03-23T15:21:51Z logger.go:66:       + ipv6_cidr_blocks         = []
TestTerraformBasicExample 2022-03-23T15:21:51Z logger.go:66:       + source_security_group_id = "sg-0bb1dadddd5bc709b"
TestTerraformBasicExample 2022-03-23T15:21:51Z logger.go:66:         # (8 unchanged attributes hidden)
TestTerraformBasicExample 2022-03-23T15:21:51Z logger.go:66:     }
TestTerraformBasicExample 2022-03-23T15:21:51Z logger.go:66:
TestTerraformBasicExample 2022-03-23T15:21:51Z logger.go:66:   # module.eks.aws_security_group_rule.node["egress_self_coredns_udp"] has changed
TestTerraformBasicExample 2022-03-23T15:21:51Z logger.go:66:   ~ resource "aws_security_group_rule" "node" {
TestTerraformBasicExample 2022-03-23T15:21:51Z logger.go:66:       + cidr_blocks              = []
TestTerraformBasicExample 2022-03-23T15:21:51Z logger.go:66:         id                       = "sgrule-247062977"
TestTerraformBasicExample 2022-03-23T15:21:51Z logger.go:66:       + ipv6_cidr_blocks         = []
TestTerraformBasicExample 2022-03-23T15:21:51Z logger.go:66:       + source_security_group_id = "sg-0bb1dadddd5bc709b"
TestTerraformBasicExample 2022-03-23T15:21:51Z logger.go:66:         # (8 unchanged attributes hidden)
TestTerraformBasicExample 2022-03-23T15:21:51Z logger.go:66:     }
TestTerraformBasicExample 2022-03-23T15:21:51Z logger.go:66:
TestTerraformBasicExample 2022-03-23T15:21:51Z logger.go:66:   # module.eks.aws_security_group_rule.node["ingress_cluster_443"] has changed
TestTerraformBasicExample 2022-03-23T15:21:51Z logger.go:66:   ~ resource "aws_security_group_rule" "node" {
TestTerraformBasicExample 2022-03-23T15:21:51Z logger.go:66:       + cidr_blocks              = []
TestTerraformBasicExample 2022-03-23T15:21:51Z logger.go:66:         id                       = "sgrule-2945395605"
TestTerraformBasicExample 2022-03-23T15:21:51Z logger.go:66:       + ipv6_cidr_blocks         = []
TestTerraformBasicExample 2022-03-23T15:21:51Z logger.go:66:         # (9 unchanged attributes hidden)
TestTerraformBasicExample 2022-03-23T15:21:51Z logger.go:66:     }
TestTerraformBasicExample 2022-03-23T15:21:51Z logger.go:66:
TestTerraformBasicExample 2022-03-23T15:21:51Z logger.go:66:   # module.eks.aws_security_group_rule.node["ingress_cluster_kubelet"] has changed
TestTerraformBasicExample 2022-03-23T15:21:51Z logger.go:66:   ~ resource "aws_security_group_rule" "node" {
TestTerraformBasicExample 2022-03-23T15:21:51Z logger.go:66:       + cidr_blocks              = []
TestTerraformBasicExample 2022-03-23T15:21:51Z logger.go:66:         id                       = "sgrule-2741047257"
TestTerraformBasicExample 2022-03-23T15:21:51Z logger.go:66:       + ipv6_cidr_blocks         = []
TestTerraformBasicExample 2022-03-23T15:21:51Z logger.go:66:         # (9 unchanged attributes hidden)
TestTerraformBasicExample 2022-03-23T15:21:51Z logger.go:66:     }
TestTerraformBasicExample 2022-03-23T15:21:51Z logger.go:66:
TestTerraformBasicExample 2022-03-23T15:21:51Z logger.go:66:   # module.eks.aws_security_group_rule.node["ingress_self_coredns_tcp"] has changed
TestTerraformBasicExample 2022-03-23T15:21:51Z logger.go:66:   ~ resource "aws_security_group_rule" "node" {
TestTerraformBasicExample 2022-03-23T15:21:51Z logger.go:66:       + cidr_blocks              = []
TestTerraformBasicExample 2022-03-23T15:21:51Z logger.go:66:         id                       = "sgrule-2161556879"
TestTerraformBasicExample 2022-03-23T15:21:51Z logger.go:66:       + ipv6_cidr_blocks         = []
TestTerraformBasicExample 2022-03-23T15:21:51Z logger.go:66:       + source_security_group_id = "sg-0bb1dadddd5bc709b"
TestTerraformBasicExample 2022-03-23T15:21:51Z logger.go:66:         # (8 unchanged attributes hidden)
TestTerraformBasicExample 2022-03-23T15:21:51Z logger.go:66:     }
TestTerraformBasicExample 2022-03-23T15:21:51Z logger.go:66:
TestTerraformBasicExample 2022-03-23T15:21:51Z logger.go:66:   # module.eks.aws_security_group_rule.node["ingress_self_coredns_udp"] has changed
TestTerraformBasicExample 2022-03-23T15:21:51Z logger.go:66:   ~ resource "aws_security_group_rule" "node" {
TestTerraformBasicExample 2022-03-23T15:21:51Z logger.go:66:       + cidr_blocks              = []
TestTerraformBasicExample 2022-03-23T15:21:51Z logger.go:66:         id                       = "sgrule-612965984"
TestTerraformBasicExample 2022-03-23T15:21:51Z logger.go:66:       + ipv6_cidr_blocks         = []
TestTerraformBasicExample 2022-03-23T15:21:51Z logger.go:66:       + source_security_group_id = "sg-0bb1dadddd5bc709b"
TestTerraformBasicExample 2022-03-23T15:21:51Z logger.go:66:         # (8 unchanged attributes hidden)
TestTerraformBasicExample 2022-03-23T15:21:51Z logger.go:66:     }
TestTerraformBasicExample 2022-03-23T15:21:51Z logger.go:66:
TestTerraformBasicExample 2022-03-23T15:21:51Z logger.go:66:   # module.vpc.aws_eip.nat[0] has changed
TestTerraformBasicExample 2022-03-23T15:21:51Z logger.go:66:   ~ resource "aws_eip" "nat" {
TestTerraformBasicExample 2022-03-23T15:21:51Z logger.go:66:       + association_id       = "eipassoc-0aadc7a4d439bf8b5"
TestTerraformBasicExample 2022-03-23T15:21:51Z logger.go:66:         id                   = "eipalloc-0ebf3c4e44e3f0d7a"
TestTerraformBasicExample 2022-03-23T15:21:51Z logger.go:66:       + network_interface    = "eni-0b3283d643452e752"
TestTerraformBasicExample 2022-03-23T15:21:51Z logger.go:66:       + private_dns          = "ip-10-0-4-247.us-west-2.compute.internal"
TestTerraformBasicExample 2022-03-23T15:21:51Z logger.go:66:       + private_ip           = "10.0.4.247"
TestTerraformBasicExample 2022-03-23T15:21:51Z logger.go:66:         tags                 = {
TestTerraformBasicExample 2022-03-23T15:21:51Z logger.go:66:             "Name" = "ex-basic-us-west-2a"
TestTerraformBasicExample 2022-03-23T15:21:51Z logger.go:66:         }
TestTerraformBasicExample 2022-03-23T15:21:51Z logger.go:66:         # (8 unchanged attributes hidden)
TestTerraformBasicExample 2022-03-23T15:21:51Z logger.go:66:     }
TestTerraformBasicExample 2022-03-23T15:21:51Z logger.go:66:
TestTerraformBasicExample 2022-03-23T15:21:51Z logger.go:66:   # module.vpc.aws_route_table.private[0] has changed
TestTerraformBasicExample 2022-03-23T15:21:51Z logger.go:66:   ~ resource "aws_route_table" "private" {
TestTerraformBasicExample 2022-03-23T15:21:51Z logger.go:66:         id               = "rtb-06c223320b44d85eb"
TestTerraformBasicExample 2022-03-23T15:21:51Z logger.go:66:       ~ route            = [
TestTerraformBasicExample 2022-03-23T15:21:51Z logger.go:66:           + {
TestTerraformBasicExample 2022-03-23T15:21:51Z logger.go:66:               + carrier_gateway_id         = ""
TestTerraformBasicExample 2022-03-23T15:21:51Z logger.go:66:               + cidr_block                 = "0.0.0.0/0"
TestTerraformBasicExample 2022-03-23T15:21:51Z logger.go:66:               + destination_prefix_list_id = ""
TestTerraformBasicExample 2022-03-23T15:21:51Z logger.go:66:               + egress_only_gateway_id     = ""
TestTerraformBasicExample 2022-03-23T15:21:51Z logger.go:66:               + gateway_id                 = ""
TestTerraformBasicExample 2022-03-23T15:21:51Z logger.go:66:               + instance_id                = ""
TestTerraformBasicExample 2022-03-23T15:21:51Z logger.go:66:               + ipv6_cidr_block            = ""
TestTerraformBasicExample 2022-03-23T15:21:51Z logger.go:66:               + local_gateway_id           = ""
TestTerraformBasicExample 2022-03-23T15:21:51Z logger.go:66:               + nat_gateway_id             = "nat-0e35233099dd08627"
TestTerraformBasicExample 2022-03-23T15:21:51Z logger.go:66:               + network_interface_id       = ""
TestTerraformBasicExample 2022-03-23T15:21:51Z logger.go:66:               + transit_gateway_id         = ""
TestTerraformBasicExample 2022-03-23T15:21:51Z logger.go:66:               + vpc_endpoint_id            = ""
TestTerraformBasicExample 2022-03-23T15:21:51Z logger.go:66:               + vpc_peering_connection_id  = ""
TestTerraformBasicExample 2022-03-23T15:21:51Z logger.go:66:             },
TestTerraformBasicExample 2022-03-23T15:21:51Z logger.go:66:         ]
TestTerraformBasicExample 2022-03-23T15:21:51Z logger.go:66:         tags             = {
TestTerraformBasicExample 2022-03-23T15:21:51Z logger.go:66:             "Name" = "ex-basic-private"
TestTerraformBasicExample 2022-03-23T15:21:51Z logger.go:66:         }
TestTerraformBasicExample 2022-03-23T15:21:51Z logger.go:66:         # (5 unchanged attributes hidden)
TestTerraformBasicExample 2022-03-23T15:21:51Z logger.go:66:     }
TestTerraformBasicExample 2022-03-23T15:21:51Z logger.go:66:
TestTerraformBasicExample 2022-03-23T15:21:51Z logger.go:66:   # module.vpc.aws_route_table.public[0] has changed
TestTerraformBasicExample 2022-03-23T15:21:51Z logger.go:66:   ~ resource "aws_route_table" "public" {
TestTerraformBasicExample 2022-03-23T15:21:51Z logger.go:66:         id               = "rtb-0bcf4105dcd7ca6b3"
TestTerraformBasicExample 2022-03-23T15:21:51Z logger.go:66:       ~ route            = [
TestTerraformBasicExample 2022-03-23T15:21:51Z logger.go:66:           + {
TestTerraformBasicExample 2022-03-23T15:21:51Z logger.go:66:               + carrier_gateway_id         = ""
TestTerraformBasicExample 2022-03-23T15:21:51Z logger.go:66:               + cidr_block                 = "0.0.0.0/0"
TestTerraformBasicExample 2022-03-23T15:21:51Z logger.go:66:               + destination_prefix_list_id = ""
TestTerraformBasicExample 2022-03-23T15:21:51Z logger.go:66:               + egress_only_gateway_id     = ""
TestTerraformBasicExample 2022-03-23T15:21:51Z logger.go:66:               + gateway_id                 = "igw-039e21946a47b5e57"
TestTerraformBasicExample 2022-03-23T15:21:51Z logger.go:66:               + instance_id                = ""
TestTerraformBasicExample 2022-03-23T15:21:51Z logger.go:66:               + ipv6_cidr_block            = ""
TestTerraformBasicExample 2022-03-23T15:21:51Z logger.go:66:               + local_gateway_id           = ""
TestTerraformBasicExample 2022-03-23T15:21:51Z logger.go:66:               + nat_gateway_id             = ""
TestTerraformBasicExample 2022-03-23T15:21:51Z logger.go:66:               + network_interface_id       = ""
TestTerraformBasicExample 2022-03-23T15:21:51Z logger.go:66:               + transit_gateway_id         = ""
TestTerraformBasicExample 2022-03-23T15:21:51Z logger.go:66:               + vpc_endpoint_id            = ""
TestTerraformBasicExample 2022-03-23T15:21:51Z logger.go:66:               + vpc_peering_connection_id  = ""
TestTerraformBasicExample 2022-03-23T15:21:51Z logger.go:66:             },
TestTerraformBasicExample 2022-03-23T15:21:51Z logger.go:66:         ]
TestTerraformBasicExample 2022-03-23T15:21:51Z logger.go:66:         tags             = {
TestTerraformBasicExample 2022-03-23T15:21:51Z logger.go:66:             "Name" = "ex-basic-public"
TestTerraformBasicExample 2022-03-23T15:21:51Z logger.go:66:         }
TestTerraformBasicExample 2022-03-23T15:21:51Z logger.go:66:         # (5 unchanged attributes hidden)
TestTerraformBasicExample 2022-03-23T15:21:51Z logger.go:66:     }
TestTerraformBasicExample 2022-03-23T15:21:51Z logger.go:66:
TestTerraformBasicExample 2022-03-23T15:21:52Z logger.go:66:   # module.eks.module.eks_managed_node_group["foo"].aws_eks_node_group.this[0] has changed
TestTerraformBasicExample 2022-03-23T15:21:52Z logger.go:66:   ~ resource "aws_eks_node_group" "this" {
TestTerraformBasicExample 2022-03-23T15:21:52Z logger.go:66:         id                     = "ex-basic:foo-2022032315184597250000000d"
TestTerraformBasicExample 2022-03-23T15:21:52Z logger.go:66:       + labels                 = {}
TestTerraformBasicExample 2022-03-23T15:21:52Z logger.go:66:         tags                   = {
TestTerraformBasicExample 2022-03-23T15:21:52Z logger.go:66:             "Name" = "foo"
TestTerraformBasicExample 2022-03-23T15:21:52Z logger.go:66:         }
TestTerraformBasicExample 2022-03-23T15:21:52Z logger.go:66:         # (15 unchanged attributes hidden)
TestTerraformBasicExample 2022-03-23T15:21:52Z logger.go:66:
TestTerraformBasicExample 2022-03-23T15:21:52Z logger.go:66:
TestTerraformBasicExample 2022-03-23T15:21:52Z logger.go:66:
TestTerraformBasicExample 2022-03-23T15:21:52Z logger.go:66:
TestTerraformBasicExample 2022-03-23T15:21:52Z logger.go:66:         # (4 unchanged blocks hidden)
TestTerraformBasicExample 2022-03-23T15:21:52Z logger.go:66:     }
TestTerraformBasicExample 2022-03-23T15:21:52Z logger.go:66:
TestTerraformBasicExample 2022-03-23T15:21:52Z logger.go:66:   # module.eks.module.eks_managed_node_group["foo"].aws_iam_role.this[0] has changed
TestTerraformBasicExample 2022-03-23T15:21:52Z logger.go:66:   ~ resource "aws_iam_role" "this" {
TestTerraformBasicExample 2022-03-23T15:21:52Z logger.go:66:         id                    = "foo-eks-node-group-20220323151002266200000001"
TestTerraformBasicExample 2022-03-23T15:21:52Z logger.go:66:       ~ managed_policy_arns   = [
TestTerraformBasicExample 2022-03-23T15:21:52Z logger.go:66:           + "arn:aws:iam::aws:policy/AmazonEC2ContainerRegistryReadOnly",
TestTerraformBasicExample 2022-03-23T15:21:52Z logger.go:66:           + "arn:aws:iam::aws:policy/AmazonEKSWorkerNodePolicy",
TestTerraformBasicExample 2022-03-23T15:21:52Z logger.go:66:           + "arn:aws:iam::aws:policy/AmazonEKS_CNI_Policy",
TestTerraformBasicExample 2022-03-23T15:21:52Z logger.go:66:         ]
TestTerraformBasicExample 2022-03-23T15:21:52Z logger.go:66:         name                  = "foo-eks-node-group-20220323151002266200000001"
TestTerraformBasicExample 2022-03-23T15:21:52Z logger.go:66:       + tags                  = {}
TestTerraformBasicExample 2022-03-23T15:21:52Z logger.go:66:         # (10 unchanged attributes hidden)
TestTerraformBasicExample 2022-03-23T15:21:52Z logger.go:66:
TestTerraformBasicExample 2022-03-23T15:21:52Z logger.go:66:         # (1 unchanged block hidden)
TestTerraformBasicExample 2022-03-23T15:21:52Z logger.go:66:     }
TestTerraformBasicExample 2022-03-23T15:21:52Z logger.go:66:
TestTerraformBasicExample 2022-03-23T15:21:52Z logger.go:66:   # module.eks.module.eks_managed_node_group["foo"].aws_launch_template.this[0] has changed
TestTerraformBasicExample 2022-03-23T15:21:52Z logger.go:66:   ~ resource "aws_launch_template" "this" {
TestTerraformBasicExample 2022-03-23T15:21:52Z logger.go:66:         id                      = "lt-0c8d9e6841a23dc83"
TestTerraformBasicExample 2022-03-23T15:21:52Z logger.go:66:         name                    = "foo-2022032315184540810000000b"
TestTerraformBasicExample 2022-03-23T15:21:52Z logger.go:66:       + security_group_names    = []
TestTerraformBasicExample 2022-03-23T15:21:52Z logger.go:66:       + tags                    = {}
TestTerraformBasicExample 2022-03-23T15:21:52Z logger.go:66:         # (9 unchanged attributes hidden)
TestTerraformBasicExample 2022-03-23T15:21:52Z logger.go:66:
TestTerraformBasicExample 2022-03-23T15:21:52Z logger.go:66:
TestTerraformBasicExample 2022-03-23T15:21:52Z logger.go:66:
TestTerraformBasicExample 2022-03-23T15:21:52Z logger.go:66:         # (5 unchanged blocks hidden)
TestTerraformBasicExample 2022-03-23T15:21:52Z logger.go:66:     }
TestTerraformBasicExample 2022-03-23T15:21:52Z logger.go:66:
TestTerraformBasicExample 2022-03-23T15:21:52Z logger.go:66:
TestTerraformBasicExample 2022-03-23T15:21:52Z logger.go:66: Unless you have made equivalent changes to your configuration, or ignored the
TestTerraformBasicExample 2022-03-23T15:21:52Z logger.go:66: relevant attributes using ignore_changes, the following plan may include
TestTerraformBasicExample 2022-03-23T15:21:52Z logger.go:66: actions to undo or respond to these changes.
TestTerraformBasicExample 2022-03-23T15:21:52Z logger.go:66:
TestTerraformBasicExample 2022-03-23T15:21:52Z logger.go:66: ─────────────────────────────────────────────────────────────────────────────
TestTerraformBasicExample 2022-03-23T15:21:52Z logger.go:66:
TestTerraformBasicExample 2022-03-23T15:21:52Z logger.go:66: No changes. Your infrastructure matches the configuration.
TestTerraformBasicExample 2022-03-23T15:21:52Z logger.go:66:
TestTerraformBasicExample 2022-03-23T15:21:52Z logger.go:66: Your configuration already matches the changes detected above. If you'd like
TestTerraformBasicExample 2022-03-23T15:21:52Z logger.go:66: to update the Terraform state to match, create and apply a refresh-only plan:
TestTerraformBasicExample 2022-03-23T15:21:52Z logger.go:66:   terraform apply -refresh-only
TestTerraformBasicExample 2022-03-23T15:21:53Z logger.go:66:
TestTerraformBasicExample 2022-03-23T15:21:53Z logger.go:66: Apply complete! Resources: 0 added, 0 changed, 0 destroyed.
TestTerraformBasicExample 2022-03-23T15:21:53Z logger.go:66:
TestTerraformBasicExample 2022-03-23T15:21:53Z logger.go:66: Outputs:
TestTerraformBasicExample 2022-03-23T15:21:53Z logger.go:66:
TestTerraformBasicExample 2022-03-23T15:21:53Z logger.go:66: map_accounts = tolist([])
TestTerraformBasicExample 2022-03-23T15:21:53Z logger.go:66: map_roles = tolist([
TestTerraformBasicExample 2022-03-23T15:21:53Z logger.go:66:   {
TestTerraformBasicExample 2022-03-23T15:21:53Z logger.go:66:     "groups" = [
TestTerraformBasicExample 2022-03-23T15:21:53Z logger.go:66:       "system:bootstrappers",
TestTerraformBasicExample 2022-03-23T15:21:53Z logger.go:66:       "system:nodes",
TestTerraformBasicExample 2022-03-23T15:21:53Z logger.go:66:     ]
TestTerraformBasicExample 2022-03-23T15:21:53Z logger.go:66:     "rolearn" = "arn:aws:iam::11111111111:role/foo-eks-node-group-20220323151002266200000001"
TestTerraformBasicExample 2022-03-23T15:21:53Z logger.go:66:     "username" = "system:node:{{EC2PrivateDNSName}}"
TestTerraformBasicExample 2022-03-23T15:21:53Z logger.go:66:   },
TestTerraformBasicExample 2022-03-23T15:21:53Z logger.go:66: ])
TestTerraformBasicExample 2022-03-23T15:21:53Z logger.go:66: map_users = tolist([])
TestTerraformBasicExample 2022-03-23T15:21:53Z logger.go:66: node_group_iam_role_arn = "arn:aws:iam::11111111111:role/foo-eks-node-group-20220323151002266200000001"
TestTerraformBasicExample 2022-03-23T15:21:53Z logger.go:66: Running terraform with args [plan -input=false -detailed-exitcode -no-color -lock=false]
TestTerraformBasicExample 2022-03-23T15:21:53Z logger.go:66: Running command terraform with args [plan -input=false -detailed-exitcode -no-color -lock=false]
TestTerraformBasicExample 2022-03-23T15:21:58Z logger.go:66: module.eks.aws_cloudwatch_log_group.this[0]: Refreshing state... [id=/aws/eks/ex-basic/cluster]
TestTerraformBasicExample 2022-03-23T15:21:58Z logger.go:66: module.vpc.aws_vpc.this[0]: Refreshing state... [id=vpc-06edc6abdf49dcc59]
TestTerraformBasicExample 2022-03-23T15:21:58Z logger.go:66: module.vpc.aws_eip.nat[0]: Refreshing state... [id=eipalloc-0ebf3c4e44e3f0d7a]
TestTerraformBasicExample 2022-03-23T15:21:58Z logger.go:66: module.eks.module.eks_managed_node_group["foo"].aws_iam_role.this[0]: Refreshing state... [id=foo-eks-node-group-20220323151002266200000001]
TestTerraformBasicExample 2022-03-23T15:21:58Z logger.go:66: module.eks.aws_iam_role.this[0]: Refreshing state... [id=ex-basic-cluster-20220323151002275900000002]
TestTerraformBasicExample 2022-03-23T15:21:59Z logger.go:66: module.vpc.aws_route_table.private[0]: Refreshing state... [id=rtb-06c223320b44d85eb]
TestTerraformBasicExample 2022-03-23T15:21:59Z logger.go:66: module.vpc.aws_subnet.private[1]: Refreshing state... [id=subnet-0711f78369ad56d95]
TestTerraformBasicExample 2022-03-23T15:21:59Z logger.go:66: module.vpc.aws_subnet.private[2]: Refreshing state... [id=subnet-03d50272571eba3c6]
TestTerraformBasicExample 2022-03-23T15:21:59Z logger.go:66: module.vpc.aws_subnet.private[0]: Refreshing state... [id=subnet-0f021808b97037056]
TestTerraformBasicExample 2022-03-23T15:21:59Z logger.go:66: module.eks.aws_security_group.cluster[0]: Refreshing state... [id=sg-0ae7aa74f5e333406]
TestTerraformBasicExample 2022-03-23T15:21:59Z logger.go:66: module.vpc.aws_internet_gateway.this[0]: Refreshing state... [id=igw-039e21946a47b5e57]
TestTerraformBasicExample 2022-03-23T15:21:59Z logger.go:66: module.vpc.aws_route_table.public[0]: Refreshing state... [id=rtb-0bcf4105dcd7ca6b3]
TestTerraformBasicExample 2022-03-23T15:21:59Z logger.go:66: module.eks.module.eks_managed_node_group["foo"].aws_security_group.this[0]: Refreshing state... [id=sg-060a828ccc9793936]
TestTerraformBasicExample 2022-03-23T15:21:59Z logger.go:66: module.eks.aws_security_group.node[0]: Refreshing state... [id=sg-0bb1dadddd5bc709b]
TestTerraformBasicExample 2022-03-23T15:21:59Z logger.go:66: module.vpc.aws_subnet.public[0]: Refreshing state... [id=subnet-01b3e7dbb9182b558]
TestTerraformBasicExample 2022-03-23T15:21:59Z logger.go:66: module.vpc.aws_subnet.public[1]: Refreshing state... [id=subnet-0bcffee970618f41c]
TestTerraformBasicExample 2022-03-23T15:21:59Z logger.go:66: module.vpc.aws_subnet.public[2]: Refreshing state... [id=subnet-053b56747ac77e57b]
TestTerraformBasicExample 2022-03-23T15:21:59Z logger.go:66: module.eks.aws_iam_role_policy_attachment.this["arn:aws:iam::aws:policy/AmazonEKSClusterPolicy"]: Refreshing state... [id=ex-basic-cluster-20220323151002275900000002-20220323151003788600000004]
TestTerraformBasicExample 2022-03-23T15:21:59Z logger.go:66: module.eks.aws_iam_role_policy_attachment.this["arn:aws:iam::aws:policy/AmazonEKSVPCResourceController"]: Refreshing state... [id=ex-basic-cluster-20220323151002275900000002-20220323151003726600000003]
TestTerraformBasicExample 2022-03-23T15:21:59Z logger.go:66: module.eks.module.eks_managed_node_group["foo"].aws_iam_role_policy_attachment.this["arn:aws:iam::aws:policy/AmazonEKS_CNI_Policy"]: Refreshing state... [id=foo-eks-node-group-20220323151002266200000001-20220323151003932300000006]
TestTerraformBasicExample 2022-03-23T15:21:59Z logger.go:66: module.eks.module.eks_managed_node_group["foo"].aws_iam_role_policy_attachment.this["arn:aws:iam::aws:policy/AmazonEC2ContainerRegistryReadOnly"]: Refreshing state... [id=foo-eks-node-group-20220323151002266200000001-20220323151003948300000007]
TestTerraformBasicExample 2022-03-23T15:21:59Z logger.go:66: module.eks.module.eks_managed_node_group["foo"].aws_iam_role_policy_attachment.this["arn:aws:iam::aws:policy/AmazonEKSWorkerNodePolicy"]: Refreshing state... [id=foo-eks-node-group-20220323151002266200000001-20220323151003847800000005]
TestTerraformBasicExample 2022-03-23T15:21:59Z logger.go:66: module.vpc.aws_route_table_association.private[2]: Refreshing state... [id=rtbassoc-0269d0939c5e1fe22]
TestTerraformBasicExample 2022-03-23T15:21:59Z logger.go:66: module.vpc.aws_route_table_association.private[0]: Refreshing state... [id=rtbassoc-0cbd6dfcce4d8f35b]
TestTerraformBasicExample 2022-03-23T15:21:59Z logger.go:66: module.vpc.aws_route_table_association.private[1]: Refreshing state... [id=rtbassoc-01a6388ae624b62ee]
TestTerraformBasicExample 2022-03-23T15:21:59Z logger.go:66: module.vpc.aws_route.public_internet_gateway[0]: Refreshing state... [id=r-rtb-0bcf4105dcd7ca6b31080289494]
TestTerraformBasicExample 2022-03-23T15:21:59Z logger.go:66: module.vpc.aws_route_table_association.public[1]: Refreshing state... [id=rtbassoc-0ddc7211ac8e93807]
TestTerraformBasicExample 2022-03-23T15:21:59Z logger.go:66: module.vpc.aws_nat_gateway.this[0]: Refreshing state... [id=nat-0e35233099dd08627]
TestTerraformBasicExample 2022-03-23T15:21:59Z logger.go:66: module.vpc.aws_route_table_association.public[2]: Refreshing state... [id=rtbassoc-02f915d66a2469d8e]
TestTerraformBasicExample 2022-03-23T15:21:59Z logger.go:66: module.vpc.aws_route_table_association.public[0]: Refreshing state... [id=rtbassoc-09363a8b5442d8576]
TestTerraformBasicExample 2022-03-23T15:21:59Z logger.go:66: module.eks.aws_security_group_rule.node["egress_self_coredns_tcp"]: Refreshing state... [id=sgrule-2162058151]
TestTerraformBasicExample 2022-03-23T15:21:59Z logger.go:66: module.eks.aws_security_group_rule.node["egress_https"]: Refreshing state... [id=sgrule-382640289]
TestTerraformBasicExample 2022-03-23T15:21:59Z logger.go:66: module.eks.aws_security_group_rule.node["egress_cluster_443"]: Refreshing state... [id=sgrule-121891252]
TestTerraformBasicExample 2022-03-23T15:21:59Z logger.go:66: module.eks.aws_security_group_rule.node["egress_self_coredns_udp"]: Refreshing state... [id=sgrule-247062977]
TestTerraformBasicExample 2022-03-23T15:21:59Z logger.go:66: module.eks.aws_security_group_rule.node["egress_ntp_tcp"]: Refreshing state... [id=sgrule-3373309375]
TestTerraformBasicExample 2022-03-23T15:21:59Z logger.go:66: module.eks.aws_security_group_rule.node["ingress_self_coredns_tcp"]: Refreshing state... [id=sgrule-2161556879]
TestTerraformBasicExample 2022-03-23T15:21:59Z logger.go:66: module.eks.aws_security_group_rule.node["egress_ntp_udp"]: Refreshing state... [id=sgrule-3079583922]
TestTerraformBasicExample 2022-03-23T15:21:59Z logger.go:66: module.eks.aws_security_group_rule.node["ingress_cluster_kubelet"]: Refreshing state... [id=sgrule-2741047257]
TestTerraformBasicExample 2022-03-23T15:21:59Z logger.go:66: module.eks.aws_security_group_rule.node["ingress_self_coredns_udp"]: Refreshing state... [id=sgrule-612965984]
TestTerraformBasicExample 2022-03-23T15:21:59Z logger.go:66: module.eks.aws_security_group_rule.cluster["egress_nodes_443"]: Refreshing state... [id=sgrule-2554915551]
TestTerraformBasicExample 2022-03-23T15:21:59Z logger.go:66: module.eks.aws_security_group_rule.node["ingress_cluster_443"]: Refreshing state... [id=sgrule-2945395605]
TestTerraformBasicExample 2022-03-23T15:21:59Z logger.go:66: module.vpc.aws_route.private_nat_gateway[0]: Refreshing state... [id=r-rtb-06c223320b44d85eb1080289494]
TestTerraformBasicExample 2022-03-23T15:21:59Z logger.go:66: module.eks.aws_security_group_rule.cluster["ingress_nodes_443"]: Refreshing state... [id=sgrule-3725644296]
TestTerraformBasicExample 2022-03-23T15:21:59Z logger.go:66: module.eks.aws_security_group_rule.cluster["egress_nodes_kubelet"]: Refreshing state... [id=sgrule-3441771898]
TestTerraformBasicExample 2022-03-23T15:22:00Z logger.go:66: module.eks.aws_eks_cluster.this[0]: Refreshing state... [id=ex-basic]
TestTerraformBasicExample 2022-03-23T15:22:00Z logger.go:66: module.eks.module.eks_managed_node_group["foo"].aws_launch_template.this[0]: Refreshing state... [id=lt-0c8d9e6841a23dc83]
TestTerraformBasicExample 2022-03-23T15:22:00Z logger.go:66: module.eks.aws_iam_openid_connect_provider.oidc_provider[0]: Refreshing state... [id=arn:aws:iam::11111111111:oidc-provider/oidc.eks.us-west-2.amazonaws.com/id/99CB19FE0E05831CA5080FCD4A9740B7]
TestTerraformBasicExample 2022-03-23T15:22:00Z logger.go:66: module.eks.module.eks_managed_node_group["foo"].aws_eks_node_group.this[0]: Refreshing state... [id=ex-basic:foo-2022032315184597250000000d]
TestTerraformBasicExample 2022-03-23T15:22:00Z logger.go:66: module.eks_auth.kubectl_manifest.patch: Refreshing state... [id=/api/v1/namespaces/kube-system/configmaps/aws-auth]
TestTerraformBasicExample 2022-03-23T15:22:01Z logger.go:66:
TestTerraformBasicExample 2022-03-23T15:22:01Z logger.go:66: No changes. Your infrastructure matches the configuration.
TestTerraformBasicExample 2022-03-23T15:22:01Z logger.go:66:
TestTerraformBasicExample 2022-03-23T15:22:01Z logger.go:66: Terraform has compared your real infrastructure against your configuration
TestTerraformBasicExample 2022-03-23T15:22:01Z logger.go:66: and found no differences, so no changes are needed.
TestTerraformBasicExample 2022-03-23T15:22:01Z retry.go:91: terraform [destroy -auto-approve -input=false -no-color -lock=false]
TestTerraformBasicExample 2022-03-23T15:22:01Z logger.go:66: Running command terraform with args [destroy -auto-approve -input=false -no-color -lock=false]
TestTerraformBasicExample 2022-03-23T15:22:06Z logger.go:66: module.eks.aws_cloudwatch_log_group.this[0]: Refreshing state... [id=/aws/eks/ex-basic/cluster]
TestTerraformBasicExample 2022-03-23T15:22:06Z logger.go:66: module.vpc.aws_vpc.this[0]: Refreshing state... [id=vpc-06edc6abdf49dcc59]
TestTerraformBasicExample 2022-03-23T15:22:06Z logger.go:66: module.vpc.aws_eip.nat[0]: Refreshing state... [id=eipalloc-0ebf3c4e44e3f0d7a]
TestTerraformBasicExample 2022-03-23T15:22:06Z logger.go:66: module.eks.module.eks_managed_node_group["foo"].aws_iam_role.this[0]: Refreshing state... [id=foo-eks-node-group-20220323151002266200000001]
TestTerraformBasicExample 2022-03-23T15:22:06Z logger.go:66: module.eks.aws_iam_role.this[0]: Refreshing state... [id=ex-basic-cluster-20220323151002275900000002]
TestTerraformBasicExample 2022-03-23T15:22:07Z logger.go:66: module.eks.aws_security_group.cluster[0]: Refreshing state... [id=sg-0ae7aa74f5e333406]
TestTerraformBasicExample 2022-03-23T15:22:07Z logger.go:66: module.eks.module.eks_managed_node_group["foo"].aws_security_group.this[0]: Refreshing state... [id=sg-060a828ccc9793936]
TestTerraformBasicExample 2022-03-23T15:22:07Z logger.go:66: module.eks.aws_security_group.node[0]: Refreshing state... [id=sg-0bb1dadddd5bc709b]
TestTerraformBasicExample 2022-03-23T15:22:07Z logger.go:66: module.vpc.aws_subnet.private[1]: Refreshing state... [id=subnet-0711f78369ad56d95]
TestTerraformBasicExample 2022-03-23T15:22:07Z logger.go:66: module.vpc.aws_subnet.private[0]: Refreshing state... [id=subnet-0f021808b97037056]
TestTerraformBasicExample 2022-03-23T15:22:07Z logger.go:66: module.vpc.aws_subnet.private[2]: Refreshing state... [id=subnet-03d50272571eba3c6]
TestTerraformBasicExample 2022-03-23T15:22:07Z logger.go:66: module.vpc.aws_subnet.public[0]: Refreshing state... [id=subnet-01b3e7dbb9182b558]
TestTerraformBasicExample 2022-03-23T15:22:07Z logger.go:66: module.vpc.aws_subnet.public[2]: Refreshing state... [id=subnet-053b56747ac77e57b]
TestTerraformBasicExample 2022-03-23T15:22:07Z logger.go:66: module.vpc.aws_subnet.public[1]: Refreshing state... [id=subnet-0bcffee970618f41c]
TestTerraformBasicExample 2022-03-23T15:22:07Z logger.go:66: module.vpc.aws_internet_gateway.this[0]: Refreshing state... [id=igw-039e21946a47b5e57]
TestTerraformBasicExample 2022-03-23T15:22:07Z logger.go:66: module.vpc.aws_route_table.public[0]: Refreshing state... [id=rtb-0bcf4105dcd7ca6b3]
TestTerraformBasicExample 2022-03-23T15:22:07Z logger.go:66: module.vpc.aws_route_table.private[0]: Refreshing state... [id=rtb-06c223320b44d85eb]
TestTerraformBasicExample 2022-03-23T15:22:07Z logger.go:66: module.eks.aws_iam_role_policy_attachment.this["arn:aws:iam::aws:policy/AmazonEKSClusterPolicy"]: Refreshing state... [id=ex-basic-cluster-20220323151002275900000002-20220323151003788600000004]
TestTerraformBasicExample 2022-03-23T15:22:07Z logger.go:66: module.eks.aws_iam_role_policy_attachment.this["arn:aws:iam::aws:policy/AmazonEKSVPCResourceController"]: Refreshing state... [id=ex-basic-cluster-20220323151002275900000002-20220323151003726600000003]
TestTerraformBasicExample 2022-03-23T15:22:07Z logger.go:66: module.eks.aws_security_group_rule.cluster["egress_nodes_443"]: Refreshing state... [id=sgrule-2554915551]
TestTerraformBasicExample 2022-03-23T15:22:07Z logger.go:66: module.eks.aws_security_group_rule.cluster["ingress_nodes_443"]: Refreshing state... [id=sgrule-3725644296]
TestTerraformBasicExample 2022-03-23T15:22:07Z logger.go:66: module.eks.aws_security_group_rule.node["egress_ntp_tcp"]: Refreshing state... [id=sgrule-3373309375]
TestTerraformBasicExample 2022-03-23T15:22:07Z logger.go:66: module.eks.aws_security_group_rule.cluster["egress_nodes_kubelet"]: Refreshing state... [id=sgrule-3441771898]
TestTerraformBasicExample 2022-03-23T15:22:07Z logger.go:66: module.eks.aws_security_group_rule.node["ingress_self_coredns_tcp"]: Refreshing state... [id=sgrule-2161556879]
TestTerraformBasicExample 2022-03-23T15:22:07Z logger.go:66: module.eks.aws_security_group_rule.node["ingress_cluster_kubelet"]: Refreshing state... [id=sgrule-2741047257]
TestTerraformBasicExample 2022-03-23T15:22:07Z logger.go:66: module.eks.aws_security_group_rule.node["egress_self_coredns_tcp"]: Refreshing state... [id=sgrule-2162058151]
TestTerraformBasicExample 2022-03-23T15:22:07Z logger.go:66: module.eks.aws_security_group_rule.node["egress_self_coredns_udp"]: Refreshing state... [id=sgrule-247062977]
TestTerraformBasicExample 2022-03-23T15:22:07Z logger.go:66: module.eks.aws_security_group_rule.node["ingress_cluster_443"]: Refreshing state... [id=sgrule-2945395605]
TestTerraformBasicExample 2022-03-23T15:22:07Z logger.go:66: module.eks.aws_security_group_rule.node["egress_ntp_udp"]: Refreshing state... [id=sgrule-3079583922]
TestTerraformBasicExample 2022-03-23T15:22:07Z logger.go:66: module.eks.aws_security_group_rule.node["egress_cluster_443"]: Refreshing state... [id=sgrule-121891252]
TestTerraformBasicExample 2022-03-23T15:22:07Z logger.go:66: module.eks.aws_security_group_rule.node["ingress_self_coredns_udp"]: Refreshing state... [id=sgrule-612965984]
TestTerraformBasicExample 2022-03-23T15:22:07Z logger.go:66: module.vpc.aws_nat_gateway.this[0]: Refreshing state... [id=nat-0e35233099dd08627]
TestTerraformBasicExample 2022-03-23T15:22:07Z logger.go:66: module.eks.aws_security_group_rule.node["egress_https"]: Refreshing state... [id=sgrule-382640289]
TestTerraformBasicExample 2022-03-23T15:22:07Z logger.go:66: module.eks.module.eks_managed_node_group["foo"].aws_iam_role_policy_attachment.this["arn:aws:iam::aws:policy/AmazonEC2ContainerRegistryReadOnly"]: Refreshing state... [id=foo-eks-node-group-20220323151002266200000001-20220323151003948300000007]
TestTerraformBasicExample 2022-03-23T15:22:07Z logger.go:66: module.eks.module.eks_managed_node_group["foo"].aws_iam_role_policy_attachment.this["arn:aws:iam::aws:policy/AmazonEKSWorkerNodePolicy"]: Refreshing state... [id=foo-eks-node-group-20220323151002266200000001-20220323151003847800000005]
TestTerraformBasicExample 2022-03-23T15:22:07Z logger.go:66: module.eks.module.eks_managed_node_group["foo"].aws_iam_role_policy_attachment.this["arn:aws:iam::aws:policy/AmazonEKS_CNI_Policy"]: Refreshing state... [id=foo-eks-node-group-20220323151002266200000001-20220323151003932300000006]
TestTerraformBasicExample 2022-03-23T15:22:07Z logger.go:66: module.vpc.aws_route.public_internet_gateway[0]: Refreshing state... [id=r-rtb-0bcf4105dcd7ca6b31080289494]
TestTerraformBasicExample 2022-03-23T15:22:07Z logger.go:66: module.vpc.aws_route_table_association.public[2]: Refreshing state... [id=rtbassoc-02f915d66a2469d8e]
TestTerraformBasicExample 2022-03-23T15:22:07Z logger.go:66: module.vpc.aws_route_table_association.public[1]: Refreshing state... [id=rtbassoc-0ddc7211ac8e93807]
TestTerraformBasicExample 2022-03-23T15:22:07Z logger.go:66: module.vpc.aws_route_table_association.public[0]: Refreshing state... [id=rtbassoc-09363a8b5442d8576]
TestTerraformBasicExample 2022-03-23T15:22:07Z logger.go:66: module.vpc.aws_route_table_association.private[0]: Refreshing state... [id=rtbassoc-0cbd6dfcce4d8f35b]
TestTerraformBasicExample 2022-03-23T15:22:07Z logger.go:66: module.vpc.aws_route_table_association.private[1]: Refreshing state... [id=rtbassoc-01a6388ae624b62ee]
TestTerraformBasicExample 2022-03-23T15:22:07Z logger.go:66: module.vpc.aws_route_table_association.private[2]: Refreshing state... [id=rtbassoc-0269d0939c5e1fe22]
TestTerraformBasicExample 2022-03-23T15:22:07Z logger.go:66: module.eks.aws_eks_cluster.this[0]: Refreshing state... [id=ex-basic]
TestTerraformBasicExample 2022-03-23T15:22:07Z logger.go:66: module.vpc.aws_route.private_nat_gateway[0]: Refreshing state... [id=r-rtb-06c223320b44d85eb1080289494]
TestTerraformBasicExample 2022-03-23T15:22:08Z logger.go:66: module.eks.module.eks_managed_node_group["foo"].aws_launch_template.this[0]: Refreshing state... [id=lt-0c8d9e6841a23dc83]
TestTerraformBasicExample 2022-03-23T15:22:08Z logger.go:66: module.eks.aws_iam_openid_connect_provider.oidc_provider[0]: Refreshing state... [id=arn:aws:iam::11111111111:oidc-provider/oidc.eks.us-west-2.amazonaws.com/id/99CB19FE0E05831CA5080FCD4A9740B7]
TestTerraformBasicExample 2022-03-23T15:22:08Z logger.go:66: module.eks.module.eks_managed_node_group["foo"].aws_eks_node_group.this[0]: Refreshing state... [id=ex-basic:foo-2022032315184597250000000d]
TestTerraformBasicExample 2022-03-23T15:22:08Z logger.go:66: module.eks_auth.kubectl_manifest.patch: Refreshing state... [id=/api/v1/namespaces/kube-system/configmaps/aws-auth]
TestTerraformBasicExample 2022-03-23T15:22:09Z logger.go:66:
TestTerraformBasicExample 2022-03-23T15:22:09Z logger.go:66: Terraform used the selected providers to generate the following execution
TestTerraformBasicExample 2022-03-23T15:22:09Z logger.go:66: plan. Resource actions are indicated with the following symbols:
TestTerraformBasicExample 2022-03-23T15:22:09Z logger.go:66:   - destroy
TestTerraformBasicExample 2022-03-23T15:22:09Z logger.go:66:
TestTerraformBasicExample 2022-03-23T15:22:09Z logger.go:66: Terraform will perform the following actions:
TestTerraformBasicExample 2022-03-23T15:22:09Z logger.go:66:
TestTerraformBasicExample 2022-03-23T15:22:09Z logger.go:66:   # module.eks.aws_cloudwatch_log_group.this[0] will be destroyed
TestTerraformBasicExample 2022-03-23T15:22:09Z logger.go:66:   - resource "aws_cloudwatch_log_group" "this" {
TestTerraformBasicExample 2022-03-23T15:22:09Z logger.go:66:       - arn               = "arn:aws:logs:us-west-2:11111111111:log-group:/aws/eks/ex-basic/cluster" -> null
TestTerraformBasicExample 2022-03-23T15:22:09Z logger.go:66:       - id                = "/aws/eks/ex-basic/cluster" -> null
TestTerraformBasicExample 2022-03-23T15:22:09Z logger.go:66:       - name              = "/aws/eks/ex-basic/cluster" -> null
TestTerraformBasicExample 2022-03-23T15:22:09Z logger.go:66:       - retention_in_days = 90 -> null
TestTerraformBasicExample 2022-03-23T15:22:09Z logger.go:66:       - tags              = {} -> null
TestTerraformBasicExample 2022-03-23T15:22:09Z logger.go:66:       - tags_all          = {
TestTerraformBasicExample 2022-03-23T15:22:09Z logger.go:66:           - "Example"    = "ex-basic"
TestTerraformBasicExample 2022-03-23T15:22:09Z logger.go:66:           - "GithubOrg"  = "aidan-melen"
TestTerraformBasicExample 2022-03-23T15:22:09Z logger.go:66:           - "GithubRepo" = "terraform-aws-eks-auth"
TestTerraformBasicExample 2022-03-23T15:22:09Z logger.go:66:         } -> null
TestTerraformBasicExample 2022-03-23T15:22:09Z logger.go:66:     }
TestTerraformBasicExample 2022-03-23T15:22:09Z logger.go:66:
TestTerraformBasicExample 2022-03-23T15:22:09Z logger.go:66:   # module.eks.aws_eks_cluster.this[0] will be destroyed
TestTerraformBasicExample 2022-03-23T15:22:09Z logger.go:66:   - resource "aws_eks_cluster" "this" {
TestTerraformBasicExample 2022-03-23T15:22:09Z logger.go:66:       - arn                       = "arn:aws:eks:us-west-2:11111111111:cluster/ex-basic" -> null
TestTerraformBasicExample 2022-03-23T15:22:09Z logger.go:66:       - certificate_authority     = [
TestTerraformBasicExample 2022-03-23T15:22:09Z logger.go:66:           - {
TestTerraformBasicExample 2022-03-23T15:22:09Z logger.go:66:               - data = "LS0tLS1CRUdJTiBDRVJUSUZJQ0FURS0tLS0tCk1JSUM1ekNDQWMrZ0F3SUJBZ0lCQURBTkJna3Foa2lHOXcwQkFRc0ZBREFWTVJNd0VRWURWUVFERXdwcmRXSmwKY201bGRHVnpNQjRYRFRJeU1ETXlNekUxTVRZd00xb1hEVE15TURNeU1ERTFNVFl3TTFvd0ZURVRNQkVHQTFVRQpBeE1LYTNWaVpYSnVaWFJsY3pDQ0FTSXdEUVlKS29aSWh2Y05BUUVCQlFBRGdnRVBBRENDQVFvQ2dnRUJBT0JICjIrZHRtTDBmUUVjdnRabUxodmU5NThsWjdUOVRXTFBrRXZBM1FrbVJPT3pnN0R4dE9DbnM2OXdlZlF0UmlNYmQKZGZJbUQ3WGpGQXEyMTJtN2FzTHdRTVN2WWV2emtBLzFzWEVXc1VMRVdtMHpybnJQdVBJT3hPdXA3WmpiQnI1RwpabjhKVUNLcjdPT0Y5NXJPc0wwMVdHSGYwbVhuT2VjYnh3Z3ZxOTVWOUFQRTgwTm5vMmQxZEdsSDcwOWVuRWZsCmJnR1RJRnJURXRQNHkwNnpqdFNZZVBlUlNkRVRBZ3BDV3NzNEFHQnBUbDhZNXVjZDVZaFo3NWtuUWprNkhuS0wKdWQvYkVXOW5HRDZPa2VQbXFXczNaOThHVUt6dkNNdTRlWnZIT21EL3BwcVpSUHJkZ1Q2UWc1dS9QQU9zWVQ5KwpBRlpZQVUrN1VmR0RESHRJSkwwQ0F3RUFBYU5DTUVBd0RnWURWUjBQQVFIL0JBUURBZ0trTUE4R0ExVWRFd0VCCi93UUZNQU1CQWY4d0hRWURWUjBPQkJZRUZOZU9TSGRZOHRMdkZpbHpYV0k4UjFYK1N4bldNQTBHQ1NxR1NJYjMKRFFFQkN3VUFBNElCQVFBSlpZa2kzVS9TMjJjN3FyUG9OU1pYcFhIMmErKzlEVE5hcERESXRtT3Z5MzNXc3RUNwpEUCtyV08zSEN1RW9MNDlJMnRnSWd0cVJrZ1ZrQnNrQUNBampLN0hZeDl5K3d2RloreUM5cHNRU3diSlU3dHQ4CnJQb2RJTjdFTU8yUUNRb2tySnV5NkJ3cE1DZXJlblNRaUlzMVJWRGxxaHU4TFhrU0IrYTdXNUZnNWZqV3AxbXAKR3dRZXdHMWZaNWlwVEhDZjRuaHB0eWRFbTRXRTVxMlRHRXFBeWtJcjhCbW1HdlllOTl4OXBRejhuUmNrVksxWgpKbjZUWkhrc21MUkFsNGJRUWhrVXA5azMzYXc0RE5tVWdVYU83TjNpYjFYRE9LRTV0cTZwU1I0L0VyNHNpbVJTCnAzWUpXUGtXZ1V4UU54QmM3NmgxTk85REZFSFBFQU9LMjBPSgotLS0tLUVORCBDRVJUSUZJQ0FURS0tLS0tCg=="
TestTerraformBasicExample 2022-03-23T15:22:09Z logger.go:66:             },
TestTerraformBasicExample 2022-03-23T15:22:09Z logger.go:66:         ] -> null
TestTerraformBasicExample 2022-03-23T15:22:09Z logger.go:66:       - created_at                = "2022-03-23 15:10:27.61 +0000 UTC" -> null
TestTerraformBasicExample 2022-03-23T15:22:09Z logger.go:66:       - enabled_cluster_log_types = [
TestTerraformBasicExample 2022-03-23T15:22:09Z logger.go:66:           - "api",
TestTerraformBasicExample 2022-03-23T15:22:09Z logger.go:66:           - "audit",
TestTerraformBasicExample 2022-03-23T15:22:09Z logger.go:66:           - "authenticator",
TestTerraformBasicExample 2022-03-23T15:22:09Z logger.go:66:         ] -> null
TestTerraformBasicExample 2022-03-23T15:22:09Z logger.go:66:       - endpoint                  = "https://99CB19FE0E05831CA5080FCD4A9740B7.gr7.us-west-2.eks.amazonaws.com" -> null
TestTerraformBasicExample 2022-03-23T15:22:09Z logger.go:66:       - id                        = "ex-basic" -> null
TestTerraformBasicExample 2022-03-23T15:22:09Z logger.go:66:       - identity                  = [
TestTerraformBasicExample 2022-03-23T15:22:09Z logger.go:66:           - {
TestTerraformBasicExample 2022-03-23T15:22:09Z logger.go:66:               - oidc = [
TestTerraformBasicExample 2022-03-23T15:22:09Z logger.go:66:                   - {
TestTerraformBasicExample 2022-03-23T15:22:09Z logger.go:66:                       - issuer = "https://oidc.eks.us-west-2.amazonaws.com/id/99CB19FE0E05831CA5080FCD4A9740B7"
TestTerraformBasicExample 2022-03-23T15:22:09Z logger.go:66:                     },
TestTerraformBasicExample 2022-03-23T15:22:09Z logger.go:66:                 ]
TestTerraformBasicExample 2022-03-23T15:22:09Z logger.go:66:             },
TestTerraformBasicExample 2022-03-23T15:22:09Z logger.go:66:         ] -> null
TestTerraformBasicExample 2022-03-23T15:22:09Z logger.go:66:       - name                      = "ex-basic" -> null
TestTerraformBasicExample 2022-03-23T15:22:09Z logger.go:66:       - platform_version          = "eks.5" -> null
TestTerraformBasicExample 2022-03-23T15:22:09Z logger.go:66:       - role_arn                  = "arn:aws:iam::11111111111:role/ex-basic-cluster-20220323151002275900000002" -> null
TestTerraformBasicExample 2022-03-23T15:22:09Z logger.go:66:       - status                    = "ACTIVE" -> null
TestTerraformBasicExample 2022-03-23T15:22:09Z logger.go:66:       - tags                      = {} -> null
TestTerraformBasicExample 2022-03-23T15:22:09Z logger.go:66:       - tags_all                  = {
TestTerraformBasicExample 2022-03-23T15:22:09Z logger.go:66:           - "Example"    = "ex-basic"
TestTerraformBasicExample 2022-03-23T15:22:09Z logger.go:66:           - "GithubOrg"  = "aidan-melen"
TestTerraformBasicExample 2022-03-23T15:22:09Z logger.go:66:           - "GithubRepo" = "terraform-aws-eks-auth"
TestTerraformBasicExample 2022-03-23T15:22:09Z logger.go:66:         } -> null
TestTerraformBasicExample 2022-03-23T15:22:09Z logger.go:66:       - version                   = "1.21" -> null
TestTerraformBasicExample 2022-03-23T15:22:09Z logger.go:66:
TestTerraformBasicExample 2022-03-23T15:22:09Z logger.go:66:       - kubernetes_network_config {
TestTerraformBasicExample 2022-03-23T15:22:09Z logger.go:66:           - ip_family         = "ipv4" -> null
TestTerraformBasicExample 2022-03-23T15:22:09Z logger.go:66:           - service_ipv4_cidr = "172.20.0.0/16" -> null
TestTerraformBasicExample 2022-03-23T15:22:09Z logger.go:66:         }
TestTerraformBasicExample 2022-03-23T15:22:09Z logger.go:66:
TestTerraformBasicExample 2022-03-23T15:22:09Z logger.go:66:       - timeouts {}
TestTerraformBasicExample 2022-03-23T15:22:09Z logger.go:66:
TestTerraformBasicExample 2022-03-23T15:22:09Z logger.go:66:       - vpc_config {
TestTerraformBasicExample 2022-03-23T15:22:09Z logger.go:66:           - cluster_security_group_id = "sg-02fffcdb188a02f12" -> null
TestTerraformBasicExample 2022-03-23T15:22:09Z logger.go:66:           - endpoint_private_access   = false -> null
TestTerraformBasicExample 2022-03-23T15:22:09Z logger.go:66:           - endpoint_public_access    = true -> null
TestTerraformBasicExample 2022-03-23T15:22:09Z logger.go:66:           - public_access_cidrs       = [
TestTerraformBasicExample 2022-03-23T15:22:09Z logger.go:66:               - "0.0.0.0/0",
TestTerraformBasicExample 2022-03-23T15:22:09Z logger.go:66:             ] -> null
TestTerraformBasicExample 2022-03-23T15:22:09Z logger.go:66:           - security_group_ids        = [
TestTerraformBasicExample 2022-03-23T15:22:09Z logger.go:66:               - "sg-0ae7aa74f5e333406",
TestTerraformBasicExample 2022-03-23T15:22:09Z logger.go:66:             ] -> null
TestTerraformBasicExample 2022-03-23T15:22:09Z logger.go:66:           - subnet_ids                = [
TestTerraformBasicExample 2022-03-23T15:22:09Z logger.go:66:               - "subnet-03d50272571eba3c6",
TestTerraformBasicExample 2022-03-23T15:22:09Z logger.go:66:               - "subnet-0711f78369ad56d95",
TestTerraformBasicExample 2022-03-23T15:22:09Z logger.go:66:               - "subnet-0f021808b97037056",
TestTerraformBasicExample 2022-03-23T15:22:09Z logger.go:66:             ] -> null
TestTerraformBasicExample 2022-03-23T15:22:09Z logger.go:66:           - vpc_id                    = "vpc-06edc6abdf49dcc59" -> null
TestTerraformBasicExample 2022-03-23T15:22:09Z logger.go:66:         }
TestTerraformBasicExample 2022-03-23T15:22:09Z logger.go:66:     }
TestTerraformBasicExample 2022-03-23T15:22:09Z logger.go:66:
TestTerraformBasicExample 2022-03-23T15:22:09Z logger.go:66:   # module.eks.aws_iam_openid_connect_provider.oidc_provider[0] will be destroyed
TestTerraformBasicExample 2022-03-23T15:22:09Z logger.go:66:   - resource "aws_iam_openid_connect_provider" "oidc_provider" {
TestTerraformBasicExample 2022-03-23T15:22:09Z logger.go:66:       - arn             = "arn:aws:iam::11111111111:oidc-provider/oidc.eks.us-west-2.amazonaws.com/id/99CB19FE0E05831CA5080FCD4A9740B7" -> null
TestTerraformBasicExample 2022-03-23T15:22:09Z logger.go:66:       - client_id_list  = [
TestTerraformBasicExample 2022-03-23T15:22:09Z logger.go:66:           - "sts.amazonaws.com",
TestTerraformBasicExample 2022-03-23T15:22:09Z logger.go:66:         ] -> null
TestTerraformBasicExample 2022-03-23T15:22:09Z logger.go:66:       - id              = "arn:aws:iam::11111111111:oidc-provider/oidc.eks.us-west-2.amazonaws.com/id/99CB19FE0E05831CA5080FCD4A9740B7" -> null
TestTerraformBasicExample 2022-03-23T15:22:09Z logger.go:66:       - tags            = {
TestTerraformBasicExample 2022-03-23T15:22:09Z logger.go:66:           - "Name" = "ex-basic-eks-irsa"
TestTerraformBasicExample 2022-03-23T15:22:09Z logger.go:66:         } -> null
TestTerraformBasicExample 2022-03-23T15:22:09Z logger.go:66:       - tags_all        = {
TestTerraformBasicExample 2022-03-23T15:22:09Z logger.go:66:           - "Example"    = "ex-basic"
TestTerraformBasicExample 2022-03-23T15:22:09Z logger.go:66:           - "GithubOrg"  = "aidan-melen"
TestTerraformBasicExample 2022-03-23T15:22:09Z logger.go:66:           - "GithubRepo" = "terraform-aws-eks-auth"
TestTerraformBasicExample 2022-03-23T15:22:09Z logger.go:66:           - "Name"       = "ex-basic-eks-irsa"
TestTerraformBasicExample 2022-03-23T15:22:09Z logger.go:66:         } -> null
TestTerraformBasicExample 2022-03-23T15:22:09Z logger.go:66:       - thumbprint_list = [
TestTerraformBasicExample 2022-03-23T15:22:09Z logger.go:66:           - "9e99a48a9960b14926bb7f3b02e22da2b0ab7280",
TestTerraformBasicExample 2022-03-23T15:22:09Z logger.go:66:         ] -> null
TestTerraformBasicExample 2022-03-23T15:22:09Z logger.go:66:       - url             = "oidc.eks.us-west-2.amazonaws.com/id/99CB19FE0E05831CA5080FCD4A9740B7" -> null
TestTerraformBasicExample 2022-03-23T15:22:09Z logger.go:66:     }
TestTerraformBasicExample 2022-03-23T15:22:09Z logger.go:66:
TestTerraformBasicExample 2022-03-23T15:22:09Z logger.go:66:   # module.eks.aws_iam_role.this[0] will be destroyed
TestTerraformBasicExample 2022-03-23T15:22:09Z logger.go:66:   - resource "aws_iam_role" "this" {
TestTerraformBasicExample 2022-03-23T15:22:09Z logger.go:66:       - arn                   = "arn:aws:iam::11111111111:role/ex-basic-cluster-20220323151002275900000002" -> null
TestTerraformBasicExample 2022-03-23T15:22:09Z logger.go:66:       - assume_role_policy    = jsonencode(
TestTerraformBasicExample 2022-03-23T15:22:09Z logger.go:66:             {
TestTerraformBasicExample 2022-03-23T15:22:09Z logger.go:66:               - Statement = [
TestTerraformBasicExample 2022-03-23T15:22:09Z logger.go:66:                   - {
TestTerraformBasicExample 2022-03-23T15:22:09Z logger.go:66:                       - Action    = "sts:AssumeRole"
TestTerraformBasicExample 2022-03-23T15:22:09Z logger.go:66:                       - Effect    = "Allow"
TestTerraformBasicExample 2022-03-23T15:22:09Z logger.go:66:                       - Principal = {
TestTerraformBasicExample 2022-03-23T15:22:09Z logger.go:66:                           - Service = "eks.amazonaws.com"
TestTerraformBasicExample 2022-03-23T15:22:09Z logger.go:66:                         }
TestTerraformBasicExample 2022-03-23T15:22:09Z logger.go:66:                       - Sid       = "EKSClusterAssumeRole"
TestTerraformBasicExample 2022-03-23T15:22:09Z logger.go:66:                     },
TestTerraformBasicExample 2022-03-23T15:22:09Z logger.go:66:                 ]
TestTerraformBasicExample 2022-03-23T15:22:09Z logger.go:66:               - Version   = "2012-10-17"
TestTerraformBasicExample 2022-03-23T15:22:09Z logger.go:66:             }
TestTerraformBasicExample 2022-03-23T15:22:09Z logger.go:66:         ) -> null
TestTerraformBasicExample 2022-03-23T15:22:09Z logger.go:66:       - create_date           = "2022-03-23T15:10:06Z" -> null
TestTerraformBasicExample 2022-03-23T15:22:09Z logger.go:66:       - force_detach_policies = true -> null
TestTerraformBasicExample 2022-03-23T15:22:09Z logger.go:66:       - id                    = "ex-basic-cluster-20220323151002275900000002" -> null
TestTerraformBasicExample 2022-03-23T15:22:09Z logger.go:66:       - managed_policy_arns   = [
TestTerraformBasicExample 2022-03-23T15:22:09Z logger.go:66:           - "arn:aws:iam::aws:policy/AmazonEKSClusterPolicy",
TestTerraformBasicExample 2022-03-23T15:22:09Z logger.go:66:           - "arn:aws:iam::aws:policy/AmazonEKSVPCResourceController",
TestTerraformBasicExample 2022-03-23T15:22:09Z logger.go:66:         ] -> null
TestTerraformBasicExample 2022-03-23T15:22:09Z logger.go:66:       - max_session_duration  = 3600 -> null
TestTerraformBasicExample 2022-03-23T15:22:09Z logger.go:66:       - name                  = "ex-basic-cluster-20220323151002275900000002" -> null
TestTerraformBasicExample 2022-03-23T15:22:09Z logger.go:66:       - name_prefix           = "ex-basic-cluster-" -> null
TestTerraformBasicExample 2022-03-23T15:22:09Z logger.go:66:       - path                  = "/" -> null
TestTerraformBasicExample 2022-03-23T15:22:09Z logger.go:66:       - tags                  = {} -> null
TestTerraformBasicExample 2022-03-23T15:22:09Z logger.go:66:       - tags_all              = {
TestTerraformBasicExample 2022-03-23T15:22:09Z logger.go:66:           - "Example"    = "ex-basic"
TestTerraformBasicExample 2022-03-23T15:22:09Z logger.go:66:           - "GithubOrg"  = "aidan-melen"
TestTerraformBasicExample 2022-03-23T15:22:09Z logger.go:66:           - "GithubRepo" = "terraform-aws-eks-auth"
TestTerraformBasicExample 2022-03-23T15:22:09Z logger.go:66:         } -> null
TestTerraformBasicExample 2022-03-23T15:22:09Z logger.go:66:       - unique_id             = "AROAUYBJJ5B732JQFAMMW" -> null
TestTerraformBasicExample 2022-03-23T15:22:09Z logger.go:66:
TestTerraformBasicExample 2022-03-23T15:22:09Z logger.go:66:       - inline_policy {}
TestTerraformBasicExample 2022-03-23T15:22:09Z logger.go:66:     }
TestTerraformBasicExample 2022-03-23T15:22:09Z logger.go:66:
TestTerraformBasicExample 2022-03-23T15:22:09Z logger.go:66:   # module.eks.aws_iam_role_policy_attachment.this["arn:aws:iam::aws:policy/AmazonEKSClusterPolicy"] will be destroyed
TestTerraformBasicExample 2022-03-23T15:22:09Z logger.go:66:   - resource "aws_iam_role_policy_attachment" "this" {
TestTerraformBasicExample 2022-03-23T15:22:09Z logger.go:66:       - id         = "ex-basic-cluster-20220323151002275900000002-20220323151003788600000004" -> null
TestTerraformBasicExample 2022-03-23T15:22:09Z logger.go:66:       - policy_arn = "arn:aws:iam::aws:policy/AmazonEKSClusterPolicy" -> null
TestTerraformBasicExample 2022-03-23T15:22:09Z logger.go:66:       - role       = "ex-basic-cluster-20220323151002275900000002" -> null
TestTerraformBasicExample 2022-03-23T15:22:09Z logger.go:66:     }
TestTerraformBasicExample 2022-03-23T15:22:09Z logger.go:66:
TestTerraformBasicExample 2022-03-23T15:22:09Z logger.go:66:   # module.eks.aws_iam_role_policy_attachment.this["arn:aws:iam::aws:policy/AmazonEKSVPCResourceController"] will be destroyed
TestTerraformBasicExample 2022-03-23T15:22:09Z logger.go:66:   - resource "aws_iam_role_policy_attachment" "this" {
TestTerraformBasicExample 2022-03-23T15:22:09Z logger.go:66:       - id         = "ex-basic-cluster-20220323151002275900000002-20220323151003726600000003" -> null
TestTerraformBasicExample 2022-03-23T15:22:09Z logger.go:66:       - policy_arn = "arn:aws:iam::aws:policy/AmazonEKSVPCResourceController" -> null
TestTerraformBasicExample 2022-03-23T15:22:09Z logger.go:66:       - role       = "ex-basic-cluster-20220323151002275900000002" -> null
TestTerraformBasicExample 2022-03-23T15:22:09Z logger.go:66:     }
TestTerraformBasicExample 2022-03-23T15:22:09Z logger.go:66:
TestTerraformBasicExample 2022-03-23T15:22:09Z logger.go:66:   # module.eks.aws_security_group.cluster[0] will be destroyed
TestTerraformBasicExample 2022-03-23T15:22:09Z logger.go:66:   - resource "aws_security_group" "cluster" {
TestTerraformBasicExample 2022-03-23T15:22:09Z logger.go:66:       - arn                    = "arn:aws:ec2:us-west-2:11111111111:security-group/sg-0ae7aa74f5e333406" -> null
TestTerraformBasicExample 2022-03-23T15:22:09Z logger.go:66:       - description            = "EKS cluster security group" -> null
TestTerraformBasicExample 2022-03-23T15:22:09Z logger.go:66:       - egress                 = [
TestTerraformBasicExample 2022-03-23T15:22:09Z logger.go:66:           - {
TestTerraformBasicExample 2022-03-23T15:22:09Z logger.go:66:               - cidr_blocks      = []
TestTerraformBasicExample 2022-03-23T15:22:09Z logger.go:66:               - description      = "Cluster API to node groups"
TestTerraformBasicExample 2022-03-23T15:22:09Z logger.go:66:               - from_port        = 443
TestTerraformBasicExample 2022-03-23T15:22:09Z logger.go:66:               - ipv6_cidr_blocks = []
TestTerraformBasicExample 2022-03-23T15:22:09Z logger.go:66:               - prefix_list_ids  = []
TestTerraformBasicExample 2022-03-23T15:22:09Z logger.go:66:               - protocol         = "tcp"
TestTerraformBasicExample 2022-03-23T15:22:09Z logger.go:66:               - security_groups  = [
TestTerraformBasicExample 2022-03-23T15:22:09Z logger.go:66:                   - "sg-0bb1dadddd5bc709b",
TestTerraformBasicExample 2022-03-23T15:22:09Z logger.go:66:                 ]
TestTerraformBasicExample 2022-03-23T15:22:09Z logger.go:66:               - self             = false
TestTerraformBasicExample 2022-03-23T15:22:09Z logger.go:66:               - to_port          = 443
TestTerraformBasicExample 2022-03-23T15:22:09Z logger.go:66:             },
TestTerraformBasicExample 2022-03-23T15:22:09Z logger.go:66:           - {
TestTerraformBasicExample 2022-03-23T15:22:09Z logger.go:66:               - cidr_blocks      = []
TestTerraformBasicExample 2022-03-23T15:22:09Z logger.go:66:               - description      = "Cluster API to node kubelets"
TestTerraformBasicExample 2022-03-23T15:22:09Z logger.go:66:               - from_port        = 10250
TestTerraformBasicExample 2022-03-23T15:22:09Z logger.go:66:               - ipv6_cidr_blocks = []
TestTerraformBasicExample 2022-03-23T15:22:09Z logger.go:66:               - prefix_list_ids  = []
TestTerraformBasicExample 2022-03-23T15:22:09Z logger.go:66:               - protocol         = "tcp"
TestTerraformBasicExample 2022-03-23T15:22:09Z logger.go:66:               - security_groups  = [
TestTerraformBasicExample 2022-03-23T15:22:09Z logger.go:66:                   - "sg-0bb1dadddd5bc709b",
TestTerraformBasicExample 2022-03-23T15:22:09Z logger.go:66:                 ]
TestTerraformBasicExample 2022-03-23T15:22:09Z logger.go:66:               - self             = false
TestTerraformBasicExample 2022-03-23T15:22:09Z logger.go:66:               - to_port          = 10250
TestTerraformBasicExample 2022-03-23T15:22:09Z logger.go:66:             },
TestTerraformBasicExample 2022-03-23T15:22:09Z logger.go:66:         ] -> null
TestTerraformBasicExample 2022-03-23T15:22:09Z logger.go:66:       - id                     = "sg-0ae7aa74f5e333406" -> null
TestTerraformBasicExample 2022-03-23T15:22:09Z logger.go:66:       - ingress                = [
TestTerraformBasicExample 2022-03-23T15:22:09Z logger.go:66:           - {
TestTerraformBasicExample 2022-03-23T15:22:09Z logger.go:66:               - cidr_blocks      = []
TestTerraformBasicExample 2022-03-23T15:22:09Z logger.go:66:               - description      = "Node groups to cluster API"
TestTerraformBasicExample 2022-03-23T15:22:09Z logger.go:66:               - from_port        = 443
TestTerraformBasicExample 2022-03-23T15:22:09Z logger.go:66:               - ipv6_cidr_blocks = []
TestTerraformBasicExample 2022-03-23T15:22:09Z logger.go:66:               - prefix_list_ids  = []
TestTerraformBasicExample 2022-03-23T15:22:09Z logger.go:66:               - protocol         = "tcp"
TestTerraformBasicExample 2022-03-23T15:22:09Z logger.go:66:               - security_groups  = [
TestTerraformBasicExample 2022-03-23T15:22:09Z logger.go:66:                   - "sg-0bb1dadddd5bc709b",
TestTerraformBasicExample 2022-03-23T15:22:09Z logger.go:66:                 ]
TestTerraformBasicExample 2022-03-23T15:22:09Z logger.go:66:               - self             = false
TestTerraformBasicExample 2022-03-23T15:22:09Z logger.go:66:               - to_port          = 443
TestTerraformBasicExample 2022-03-23T15:22:09Z logger.go:66:             },
TestTerraformBasicExample 2022-03-23T15:22:09Z logger.go:66:         ] -> null
TestTerraformBasicExample 2022-03-23T15:22:09Z logger.go:66:       - name                   = "ex-basic-cluster-20220323151014139600000008" -> null
TestTerraformBasicExample 2022-03-23T15:22:09Z logger.go:66:       - name_prefix            = "ex-basic-cluster-" -> null
TestTerraformBasicExample 2022-03-23T15:22:09Z logger.go:66:       - owner_id               = "11111111111" -> null
TestTerraformBasicExample 2022-03-23T15:22:09Z logger.go:66:       - revoke_rules_on_delete = false -> null
TestTerraformBasicExample 2022-03-23T15:22:09Z logger.go:66:       - tags                   = {
TestTerraformBasicExample 2022-03-23T15:22:09Z logger.go:66:           - "Name" = "ex-basic-cluster"
TestTerraformBasicExample 2022-03-23T15:22:09Z logger.go:66:         } -> null
TestTerraformBasicExample 2022-03-23T15:22:09Z logger.go:66:       - tags_all               = {
TestTerraformBasicExample 2022-03-23T15:22:09Z logger.go:66:           - "Example"    = "ex-basic"
TestTerraformBasicExample 2022-03-23T15:22:09Z logger.go:66:           - "GithubOrg"  = "aidan-melen"
TestTerraformBasicExample 2022-03-23T15:22:09Z logger.go:66:           - "GithubRepo" = "terraform-aws-eks-auth"
TestTerraformBasicExample 2022-03-23T15:22:09Z logger.go:66:           - "Name"       = "ex-basic-cluster"
TestTerraformBasicExample 2022-03-23T15:22:09Z logger.go:66:         } -> null
TestTerraformBasicExample 2022-03-23T15:22:09Z logger.go:66:       - vpc_id                 = "vpc-06edc6abdf49dcc59" -> null
TestTerraformBasicExample 2022-03-23T15:22:09Z logger.go:66:     }
TestTerraformBasicExample 2022-03-23T15:22:09Z logger.go:66:
TestTerraformBasicExample 2022-03-23T15:22:09Z logger.go:66:   # module.eks.aws_security_group.node[0] will be destroyed
TestTerraformBasicExample 2022-03-23T15:22:09Z logger.go:66:   - resource "aws_security_group" "node" {
TestTerraformBasicExample 2022-03-23T15:22:09Z logger.go:66:       - arn                    = "arn:aws:ec2:us-west-2:11111111111:security-group/sg-0bb1dadddd5bc709b" -> null
TestTerraformBasicExample 2022-03-23T15:22:09Z logger.go:66:       - description            = "EKS node shared security group" -> null
TestTerraformBasicExample 2022-03-23T15:22:09Z logger.go:66:       - egress                 = [
TestTerraformBasicExample 2022-03-23T15:22:09Z logger.go:66:           - {
TestTerraformBasicExample 2022-03-23T15:22:09Z logger.go:66:               - cidr_blocks      = [
TestTerraformBasicExample 2022-03-23T15:22:09Z logger.go:66:                   - "0.0.0.0/0",
TestTerraformBasicExample 2022-03-23T15:22:09Z logger.go:66:                 ]
TestTerraformBasicExample 2022-03-23T15:22:09Z logger.go:66:               - description      = "Egress NTP/TCP to internet"
TestTerraformBasicExample 2022-03-23T15:22:09Z logger.go:66:               - from_port        = 123
TestTerraformBasicExample 2022-03-23T15:22:09Z logger.go:66:               - ipv6_cidr_blocks = []
TestTerraformBasicExample 2022-03-23T15:22:09Z logger.go:66:               - prefix_list_ids  = []
TestTerraformBasicExample 2022-03-23T15:22:09Z logger.go:66:               - protocol         = "tcp"
TestTerraformBasicExample 2022-03-23T15:22:09Z logger.go:66:               - security_groups  = []
TestTerraformBasicExample 2022-03-23T15:22:09Z logger.go:66:               - self             = false
TestTerraformBasicExample 2022-03-23T15:22:09Z logger.go:66:               - to_port          = 123
TestTerraformBasicExample 2022-03-23T15:22:09Z logger.go:66:             },
TestTerraformBasicExample 2022-03-23T15:22:09Z logger.go:66:           - {
TestTerraformBasicExample 2022-03-23T15:22:09Z logger.go:66:               - cidr_blocks      = [
TestTerraformBasicExample 2022-03-23T15:22:09Z logger.go:66:                   - "0.0.0.0/0",
TestTerraformBasicExample 2022-03-23T15:22:09Z logger.go:66:                 ]
TestTerraformBasicExample 2022-03-23T15:22:09Z logger.go:66:               - description      = "Egress NTP/UDP to internet"
TestTerraformBasicExample 2022-03-23T15:22:09Z logger.go:66:               - from_port        = 123
TestTerraformBasicExample 2022-03-23T15:22:09Z logger.go:66:               - ipv6_cidr_blocks = []
TestTerraformBasicExample 2022-03-23T15:22:09Z logger.go:66:               - prefix_list_ids  = []
TestTerraformBasicExample 2022-03-23T15:22:09Z logger.go:66:               - protocol         = "udp"
TestTerraformBasicExample 2022-03-23T15:22:09Z logger.go:66:               - security_groups  = []
TestTerraformBasicExample 2022-03-23T15:22:09Z logger.go:66:               - self             = false
TestTerraformBasicExample 2022-03-23T15:22:09Z logger.go:66:               - to_port          = 123
TestTerraformBasicExample 2022-03-23T15:22:09Z logger.go:66:             },
TestTerraformBasicExample 2022-03-23T15:22:09Z logger.go:66:           - {
TestTerraformBasicExample 2022-03-23T15:22:09Z logger.go:66:               - cidr_blocks      = [
TestTerraformBasicExample 2022-03-23T15:22:09Z logger.go:66:                   - "0.0.0.0/0",
TestTerraformBasicExample 2022-03-23T15:22:09Z logger.go:66:                 ]
TestTerraformBasicExample 2022-03-23T15:22:09Z logger.go:66:               - description      = "Egress all HTTPS to internet"
TestTerraformBasicExample 2022-03-23T15:22:09Z logger.go:66:               - from_port        = 443
TestTerraformBasicExample 2022-03-23T15:22:09Z logger.go:66:               - ipv6_cidr_blocks = []
TestTerraformBasicExample 2022-03-23T15:22:09Z logger.go:66:               - prefix_list_ids  = []
TestTerraformBasicExample 2022-03-23T15:22:09Z logger.go:66:               - protocol         = "tcp"
TestTerraformBasicExample 2022-03-23T15:22:09Z logger.go:66:               - security_groups  = []
TestTerraformBasicExample 2022-03-23T15:22:09Z logger.go:66:               - self             = false
TestTerraformBasicExample 2022-03-23T15:22:09Z logger.go:66:               - to_port          = 443
TestTerraformBasicExample 2022-03-23T15:22:09Z logger.go:66:             },
TestTerraformBasicExample 2022-03-23T15:22:09Z logger.go:66:           - {
TestTerraformBasicExample 2022-03-23T15:22:09Z logger.go:66:               - cidr_blocks      = []
TestTerraformBasicExample 2022-03-23T15:22:09Z logger.go:66:               - description      = "Node groups to cluster API"
TestTerraformBasicExample 2022-03-23T15:22:09Z logger.go:66:               - from_port        = 443
TestTerraformBasicExample 2022-03-23T15:22:09Z logger.go:66:               - ipv6_cidr_blocks = []
TestTerraformBasicExample 2022-03-23T15:22:09Z logger.go:66:               - prefix_list_ids  = []
TestTerraformBasicExample 2022-03-23T15:22:09Z logger.go:66:               - protocol         = "tcp"
TestTerraformBasicExample 2022-03-23T15:22:09Z logger.go:66:               - security_groups  = [
TestTerraformBasicExample 2022-03-23T15:22:09Z logger.go:66:                   - "sg-0ae7aa74f5e333406",
TestTerraformBasicExample 2022-03-23T15:22:09Z logger.go:66:                 ]
TestTerraformBasicExample 2022-03-23T15:22:09Z logger.go:66:               - self             = false
TestTerraformBasicExample 2022-03-23T15:22:09Z logger.go:66:               - to_port          = 443
TestTerraformBasicExample 2022-03-23T15:22:09Z logger.go:66:             },
TestTerraformBasicExample 2022-03-23T15:22:09Z logger.go:66:           - {
TestTerraformBasicExample 2022-03-23T15:22:09Z logger.go:66:               - cidr_blocks      = []
TestTerraformBasicExample 2022-03-23T15:22:09Z logger.go:66:               - description      = "Node to node CoreDNS"
TestTerraformBasicExample 2022-03-23T15:22:09Z logger.go:66:               - from_port        = 53
TestTerraformBasicExample 2022-03-23T15:22:09Z logger.go:66:               - ipv6_cidr_blocks = []
TestTerraformBasicExample 2022-03-23T15:22:09Z logger.go:66:               - prefix_list_ids  = []
TestTerraformBasicExample 2022-03-23T15:22:09Z logger.go:66:               - protocol         = "tcp"
TestTerraformBasicExample 2022-03-23T15:22:09Z logger.go:66:               - security_groups  = []
TestTerraformBasicExample 2022-03-23T15:22:09Z logger.go:66:               - self             = true
TestTerraformBasicExample 2022-03-23T15:22:09Z logger.go:66:               - to_port          = 53
TestTerraformBasicExample 2022-03-23T15:22:09Z logger.go:66:             },
TestTerraformBasicExample 2022-03-23T15:22:09Z logger.go:66:           - {
TestTerraformBasicExample 2022-03-23T15:22:09Z logger.go:66:               - cidr_blocks      = []
TestTerraformBasicExample 2022-03-23T15:22:09Z logger.go:66:               - description      = "Node to node CoreDNS"
TestTerraformBasicExample 2022-03-23T15:22:09Z logger.go:66:               - from_port        = 53
TestTerraformBasicExample 2022-03-23T15:22:09Z logger.go:66:               - ipv6_cidr_blocks = []
TestTerraformBasicExample 2022-03-23T15:22:09Z logger.go:66:               - prefix_list_ids  = []
TestTerraformBasicExample 2022-03-23T15:22:09Z logger.go:66:               - protocol         = "udp"
TestTerraformBasicExample 2022-03-23T15:22:09Z logger.go:66:               - security_groups  = []
TestTerraformBasicExample 2022-03-23T15:22:09Z logger.go:66:               - self             = true
TestTerraformBasicExample 2022-03-23T15:22:09Z logger.go:66:               - to_port          = 53
TestTerraformBasicExample 2022-03-23T15:22:09Z logger.go:66:             },
TestTerraformBasicExample 2022-03-23T15:22:09Z logger.go:66:         ] -> null
TestTerraformBasicExample 2022-03-23T15:22:09Z logger.go:66:       - id                     = "sg-0bb1dadddd5bc709b" -> null
TestTerraformBasicExample 2022-03-23T15:22:09Z logger.go:66:       - ingress                = [
TestTerraformBasicExample 2022-03-23T15:22:09Z logger.go:66:           - {
TestTerraformBasicExample 2022-03-23T15:22:09Z logger.go:66:               - cidr_blocks      = []
TestTerraformBasicExample 2022-03-23T15:22:09Z logger.go:66:               - description      = "Cluster API to node groups"
TestTerraformBasicExample 2022-03-23T15:22:09Z logger.go:66:               - from_port        = 443
TestTerraformBasicExample 2022-03-23T15:22:09Z logger.go:66:               - ipv6_cidr_blocks = []
TestTerraformBasicExample 2022-03-23T15:22:09Z logger.go:66:               - prefix_list_ids  = []
TestTerraformBasicExample 2022-03-23T15:22:09Z logger.go:66:               - protocol         = "tcp"
TestTerraformBasicExample 2022-03-23T15:22:09Z logger.go:66:               - security_groups  = [
TestTerraformBasicExample 2022-03-23T15:22:09Z logger.go:66:                   - "sg-0ae7aa74f5e333406",
TestTerraformBasicExample 2022-03-23T15:22:09Z logger.go:66:                 ]
TestTerraformBasicExample 2022-03-23T15:22:09Z logger.go:66:               - self             = false
TestTerraformBasicExample 2022-03-23T15:22:09Z logger.go:66:               - to_port          = 443
TestTerraformBasicExample 2022-03-23T15:22:09Z logger.go:66:             },
TestTerraformBasicExample 2022-03-23T15:22:09Z logger.go:66:           - {
TestTerraformBasicExample 2022-03-23T15:22:09Z logger.go:66:               - cidr_blocks      = []
TestTerraformBasicExample 2022-03-23T15:22:09Z logger.go:66:               - description      = "Cluster API to node kubelets"
TestTerraformBasicExample 2022-03-23T15:22:09Z logger.go:66:               - from_port        = 10250
TestTerraformBasicExample 2022-03-23T15:22:09Z logger.go:66:               - ipv6_cidr_blocks = []
TestTerraformBasicExample 2022-03-23T15:22:09Z logger.go:66:               - prefix_list_ids  = []
TestTerraformBasicExample 2022-03-23T15:22:09Z logger.go:66:               - protocol         = "tcp"
TestTerraformBasicExample 2022-03-23T15:22:09Z logger.go:66:               - security_groups  = [
TestTerraformBasicExample 2022-03-23T15:22:09Z logger.go:66:                   - "sg-0ae7aa74f5e333406",
TestTerraformBasicExample 2022-03-23T15:22:09Z logger.go:66:                 ]
TestTerraformBasicExample 2022-03-23T15:22:09Z logger.go:66:               - self             = false
TestTerraformBasicExample 2022-03-23T15:22:09Z logger.go:66:               - to_port          = 10250
TestTerraformBasicExample 2022-03-23T15:22:09Z logger.go:66:             },
TestTerraformBasicExample 2022-03-23T15:22:09Z logger.go:66:           - {
TestTerraformBasicExample 2022-03-23T15:22:09Z logger.go:66:               - cidr_blocks      = []
TestTerraformBasicExample 2022-03-23T15:22:09Z logger.go:66:               - description      = "Node to node CoreDNS"
TestTerraformBasicExample 2022-03-23T15:22:09Z logger.go:66:               - from_port        = 53
TestTerraformBasicExample 2022-03-23T15:22:09Z logger.go:66:               - ipv6_cidr_blocks = []
TestTerraformBasicExample 2022-03-23T15:22:09Z logger.go:66:               - prefix_list_ids  = []
TestTerraformBasicExample 2022-03-23T15:22:09Z logger.go:66:               - protocol         = "tcp"
TestTerraformBasicExample 2022-03-23T15:22:09Z logger.go:66:               - security_groups  = []
TestTerraformBasicExample 2022-03-23T15:22:09Z logger.go:66:               - self             = true
TestTerraformBasicExample 2022-03-23T15:22:09Z logger.go:66:               - to_port          = 53
TestTerraformBasicExample 2022-03-23T15:22:09Z logger.go:66:             },
TestTerraformBasicExample 2022-03-23T15:22:09Z logger.go:66:           - {
TestTerraformBasicExample 2022-03-23T15:22:09Z logger.go:66:               - cidr_blocks      = []
TestTerraformBasicExample 2022-03-23T15:22:09Z logger.go:66:               - description      = "Node to node CoreDNS"
TestTerraformBasicExample 2022-03-23T15:22:09Z logger.go:66:               - from_port        = 53
TestTerraformBasicExample 2022-03-23T15:22:09Z logger.go:66:               - ipv6_cidr_blocks = []
TestTerraformBasicExample 2022-03-23T15:22:09Z logger.go:66:               - prefix_list_ids  = []
TestTerraformBasicExample 2022-03-23T15:22:09Z logger.go:66:               - protocol         = "udp"
TestTerraformBasicExample 2022-03-23T15:22:09Z logger.go:66:               - security_groups  = []
TestTerraformBasicExample 2022-03-23T15:22:09Z logger.go:66:               - self             = true
TestTerraformBasicExample 2022-03-23T15:22:09Z logger.go:66:               - to_port          = 53
TestTerraformBasicExample 2022-03-23T15:22:09Z logger.go:66:             },
TestTerraformBasicExample 2022-03-23T15:22:09Z logger.go:66:         ] -> null
TestTerraformBasicExample 2022-03-23T15:22:09Z logger.go:66:       - name                   = "ex-basic-node-20220323151014775200000009" -> null
TestTerraformBasicExample 2022-03-23T15:22:09Z logger.go:66:       - name_prefix            = "ex-basic-node-" -> null
TestTerraformBasicExample 2022-03-23T15:22:09Z logger.go:66:       - owner_id               = "11111111111" -> null
TestTerraformBasicExample 2022-03-23T15:22:09Z logger.go:66:       - revoke_rules_on_delete = false -> null
TestTerraformBasicExample 2022-03-23T15:22:09Z logger.go:66:       - tags                   = {
TestTerraformBasicExample 2022-03-23T15:22:09Z logger.go:66:           - "Name"                           = "ex-basic-node"
TestTerraformBasicExample 2022-03-23T15:22:09Z logger.go:66:           - "kubernetes.io/cluster/ex-basic" = "owned"
TestTerraformBasicExample 2022-03-23T15:22:09Z logger.go:66:         } -> null
TestTerraformBasicExample 2022-03-23T15:22:09Z logger.go:66:       - tags_all               = {
TestTerraformBasicExample 2022-03-23T15:22:09Z logger.go:66:           - "Example"                        = "ex-basic"
TestTerraformBasicExample 2022-03-23T15:22:09Z logger.go:66:           - "GithubOrg"                      = "aidan-melen"
TestTerraformBasicExample 2022-03-23T15:22:09Z logger.go:66:           - "GithubRepo"                     = "terraform-aws-eks-auth"
TestTerraformBasicExample 2022-03-23T15:22:09Z logger.go:66:           - "Name"                           = "ex-basic-node"
TestTerraformBasicExample 2022-03-23T15:22:09Z logger.go:66:           - "kubernetes.io/cluster/ex-basic" = "owned"
TestTerraformBasicExample 2022-03-23T15:22:09Z logger.go:66:         } -> null
TestTerraformBasicExample 2022-03-23T15:22:09Z logger.go:66:       - vpc_id                 = "vpc-06edc6abdf49dcc59" -> null
TestTerraformBasicExample 2022-03-23T15:22:09Z logger.go:66:     }
TestTerraformBasicExample 2022-03-23T15:22:09Z logger.go:66:
TestTerraformBasicExample 2022-03-23T15:22:09Z logger.go:66:   # module.eks.aws_security_group_rule.cluster["egress_nodes_443"] will be destroyed
TestTerraformBasicExample 2022-03-23T15:22:09Z logger.go:66:   - resource "aws_security_group_rule" "cluster" {
TestTerraformBasicExample 2022-03-23T15:22:09Z logger.go:66:       - cidr_blocks              = [] -> null
TestTerraformBasicExample 2022-03-23T15:22:09Z logger.go:66:       - description              = "Cluster API to node groups" -> null
TestTerraformBasicExample 2022-03-23T15:22:09Z logger.go:66:       - from_port                = 443 -> null
TestTerraformBasicExample 2022-03-23T15:22:09Z logger.go:66:       - id                       = "sgrule-2554915551" -> null
TestTerraformBasicExample 2022-03-23T15:22:09Z logger.go:66:       - ipv6_cidr_blocks         = [] -> null
TestTerraformBasicExample 2022-03-23T15:22:09Z logger.go:66:       - prefix_list_ids          = [] -> null
TestTerraformBasicExample 2022-03-23T15:22:09Z logger.go:66:       - protocol                 = "tcp" -> null
TestTerraformBasicExample 2022-03-23T15:22:09Z logger.go:66:       - security_group_id        = "sg-0ae7aa74f5e333406" -> null
TestTerraformBasicExample 2022-03-23T15:22:09Z logger.go:66:       - self                     = false -> null
TestTerraformBasicExample 2022-03-23T15:22:09Z logger.go:66:       - source_security_group_id = "sg-0bb1dadddd5bc709b" -> null
TestTerraformBasicExample 2022-03-23T15:22:09Z logger.go:66:       - to_port                  = 443 -> null
TestTerraformBasicExample 2022-03-23T15:22:09Z logger.go:66:       - type                     = "egress" -> null
TestTerraformBasicExample 2022-03-23T15:22:09Z logger.go:66:     }
TestTerraformBasicExample 2022-03-23T15:22:09Z logger.go:66:
TestTerraformBasicExample 2022-03-23T15:22:09Z logger.go:66:   # module.eks.aws_security_group_rule.cluster["egress_nodes_kubelet"] will be destroyed
TestTerraformBasicExample 2022-03-23T15:22:09Z logger.go:66:   - resource "aws_security_group_rule" "cluster" {
TestTerraformBasicExample 2022-03-23T15:22:09Z logger.go:66:       - cidr_blocks              = [] -> null
TestTerraformBasicExample 2022-03-23T15:22:09Z logger.go:66:       - description              = "Cluster API to node kubelets" -> null
TestTerraformBasicExample 2022-03-23T15:22:09Z logger.go:66:       - from_port                = 10250 -> null
TestTerraformBasicExample 2022-03-23T15:22:09Z logger.go:66:       - id                       = "sgrule-3441771898" -> null
TestTerraformBasicExample 2022-03-23T15:22:09Z logger.go:66:       - ipv6_cidr_blocks         = [] -> null
TestTerraformBasicExample 2022-03-23T15:22:09Z logger.go:66:       - prefix_list_ids          = [] -> null
TestTerraformBasicExample 2022-03-23T15:22:09Z logger.go:66:       - protocol                 = "tcp" -> null
TestTerraformBasicExample 2022-03-23T15:22:09Z logger.go:66:       - security_group_id        = "sg-0ae7aa74f5e333406" -> null
TestTerraformBasicExample 2022-03-23T15:22:09Z logger.go:66:       - self                     = false -> null
TestTerraformBasicExample 2022-03-23T15:22:09Z logger.go:66:       - source_security_group_id = "sg-0bb1dadddd5bc709b" -> null
TestTerraformBasicExample 2022-03-23T15:22:09Z logger.go:66:       - to_port                  = 10250 -> null
TestTerraformBasicExample 2022-03-23T15:22:09Z logger.go:66:       - type                     = "egress" -> null
TestTerraformBasicExample 2022-03-23T15:22:09Z logger.go:66:     }
TestTerraformBasicExample 2022-03-23T15:22:09Z logger.go:66:
TestTerraformBasicExample 2022-03-23T15:22:09Z logger.go:66:   # module.eks.aws_security_group_rule.cluster["ingress_nodes_443"] will be destroyed
TestTerraformBasicExample 2022-03-23T15:22:09Z logger.go:66:   - resource "aws_security_group_rule" "cluster" {
TestTerraformBasicExample 2022-03-23T15:22:09Z logger.go:66:       - cidr_blocks              = [] -> null
TestTerraformBasicExample 2022-03-23T15:22:09Z logger.go:66:       - description              = "Node groups to cluster API" -> null
TestTerraformBasicExample 2022-03-23T15:22:09Z logger.go:66:       - from_port                = 443 -> null
TestTerraformBasicExample 2022-03-23T15:22:09Z logger.go:66:       - id                       = "sgrule-3725644296" -> null
TestTerraformBasicExample 2022-03-23T15:22:09Z logger.go:66:       - ipv6_cidr_blocks         = [] -> null
TestTerraformBasicExample 2022-03-23T15:22:09Z logger.go:66:       - prefix_list_ids          = [] -> null
TestTerraformBasicExample 2022-03-23T15:22:09Z logger.go:66:       - protocol                 = "tcp" -> null
TestTerraformBasicExample 2022-03-23T15:22:09Z logger.go:66:       - security_group_id        = "sg-0ae7aa74f5e333406" -> null
TestTerraformBasicExample 2022-03-23T15:22:09Z logger.go:66:       - self                     = false -> null
TestTerraformBasicExample 2022-03-23T15:22:09Z logger.go:66:       - source_security_group_id = "sg-0bb1dadddd5bc709b" -> null
TestTerraformBasicExample 2022-03-23T15:22:09Z logger.go:66:       - to_port                  = 443 -> null
TestTerraformBasicExample 2022-03-23T15:22:09Z logger.go:66:       - type                     = "ingress" -> null
TestTerraformBasicExample 2022-03-23T15:22:09Z logger.go:66:     }
TestTerraformBasicExample 2022-03-23T15:22:09Z logger.go:66:
TestTerraformBasicExample 2022-03-23T15:22:09Z logger.go:66:   # module.eks.aws_security_group_rule.node["egress_cluster_443"] will be destroyed
TestTerraformBasicExample 2022-03-23T15:22:09Z logger.go:66:   - resource "aws_security_group_rule" "node" {
TestTerraformBasicExample 2022-03-23T15:22:09Z logger.go:66:       - cidr_blocks              = [] -> null
TestTerraformBasicExample 2022-03-23T15:22:09Z logger.go:66:       - description              = "Node groups to cluster API" -> null
TestTerraformBasicExample 2022-03-23T15:22:09Z logger.go:66:       - from_port                = 443 -> null
TestTerraformBasicExample 2022-03-23T15:22:09Z logger.go:66:       - id                       = "sgrule-121891252" -> null
TestTerraformBasicExample 2022-03-23T15:22:09Z logger.go:66:       - ipv6_cidr_blocks         = [] -> null
TestTerraformBasicExample 2022-03-23T15:22:09Z logger.go:66:       - prefix_list_ids          = [] -> null
TestTerraformBasicExample 2022-03-23T15:22:09Z logger.go:66:       - protocol                 = "tcp" -> null
TestTerraformBasicExample 2022-03-23T15:22:09Z logger.go:66:       - security_group_id        = "sg-0bb1dadddd5bc709b" -> null
TestTerraformBasicExample 2022-03-23T15:22:09Z logger.go:66:       - self                     = false -> null
TestTerraformBasicExample 2022-03-23T15:22:09Z logger.go:66:       - source_security_group_id = "sg-0ae7aa74f5e333406" -> null
TestTerraformBasicExample 2022-03-23T15:22:09Z logger.go:66:       - to_port                  = 443 -> null
TestTerraformBasicExample 2022-03-23T15:22:09Z logger.go:66:       - type                     = "egress" -> null
TestTerraformBasicExample 2022-03-23T15:22:09Z logger.go:66:     }
TestTerraformBasicExample 2022-03-23T15:22:09Z logger.go:66:
TestTerraformBasicExample 2022-03-23T15:22:09Z logger.go:66:   # module.eks.aws_security_group_rule.node["egress_https"] will be destroyed
TestTerraformBasicExample 2022-03-23T15:22:09Z logger.go:66:   - resource "aws_security_group_rule" "node" {
TestTerraformBasicExample 2022-03-23T15:22:09Z logger.go:66:       - cidr_blocks       = [
TestTerraformBasicExample 2022-03-23T15:22:09Z logger.go:66:           - "0.0.0.0/0",
TestTerraformBasicExample 2022-03-23T15:22:09Z logger.go:66:         ] -> null
TestTerraformBasicExample 2022-03-23T15:22:09Z logger.go:66:       - description       = "Egress all HTTPS to internet" -> null
TestTerraformBasicExample 2022-03-23T15:22:09Z logger.go:66:       - from_port         = 443 -> null
TestTerraformBasicExample 2022-03-23T15:22:09Z logger.go:66:       - id                = "sgrule-382640289" -> null
TestTerraformBasicExample 2022-03-23T15:22:09Z logger.go:66:       - ipv6_cidr_blocks  = [] -> null
TestTerraformBasicExample 2022-03-23T15:22:09Z logger.go:66:       - prefix_list_ids   = [] -> null
TestTerraformBasicExample 2022-03-23T15:22:09Z logger.go:66:       - protocol          = "tcp" -> null
TestTerraformBasicExample 2022-03-23T15:22:09Z logger.go:66:       - security_group_id = "sg-0bb1dadddd5bc709b" -> null
TestTerraformBasicExample 2022-03-23T15:22:09Z logger.go:66:       - self              = false -> null
TestTerraformBasicExample 2022-03-23T15:22:09Z logger.go:66:       - to_port           = 443 -> null
TestTerraformBasicExample 2022-03-23T15:22:09Z logger.go:66:       - type              = "egress" -> null
TestTerraformBasicExample 2022-03-23T15:22:09Z logger.go:66:     }
TestTerraformBasicExample 2022-03-23T15:22:09Z logger.go:66:
TestTerraformBasicExample 2022-03-23T15:22:09Z logger.go:66:   # module.eks.aws_security_group_rule.node["egress_ntp_tcp"] will be destroyed
TestTerraformBasicExample 2022-03-23T15:22:09Z logger.go:66:   - resource "aws_security_group_rule" "node" {
TestTerraformBasicExample 2022-03-23T15:22:09Z logger.go:66:       - cidr_blocks       = [
TestTerraformBasicExample 2022-03-23T15:22:09Z logger.go:66:           - "0.0.0.0/0",
TestTerraformBasicExample 2022-03-23T15:22:09Z logger.go:66:         ] -> null
TestTerraformBasicExample 2022-03-23T15:22:09Z logger.go:66:       - description       = "Egress NTP/TCP to internet" -> null
TestTerraformBasicExample 2022-03-23T15:22:09Z logger.go:66:       - from_port         = 123 -> null
TestTerraformBasicExample 2022-03-23T15:22:09Z logger.go:66:       - id                = "sgrule-3373309375" -> null
TestTerraformBasicExample 2022-03-23T15:22:09Z logger.go:66:       - ipv6_cidr_blocks  = [] -> null
TestTerraformBasicExample 2022-03-23T15:22:09Z logger.go:66:       - prefix_list_ids   = [] -> null
TestTerraformBasicExample 2022-03-23T15:22:09Z logger.go:66:       - protocol          = "tcp" -> null
TestTerraformBasicExample 2022-03-23T15:22:09Z logger.go:66:       - security_group_id = "sg-0bb1dadddd5bc709b" -> null
TestTerraformBasicExample 2022-03-23T15:22:09Z logger.go:66:       - self              = false -> null
TestTerraformBasicExample 2022-03-23T15:22:09Z logger.go:66:       - to_port           = 123 -> null
TestTerraformBasicExample 2022-03-23T15:22:09Z logger.go:66:       - type              = "egress" -> null
TestTerraformBasicExample 2022-03-23T15:22:09Z logger.go:66:     }
TestTerraformBasicExample 2022-03-23T15:22:09Z logger.go:66:
TestTerraformBasicExample 2022-03-23T15:22:09Z logger.go:66:   # module.eks.aws_security_group_rule.node["egress_ntp_udp"] will be destroyed
TestTerraformBasicExample 2022-03-23T15:22:09Z logger.go:66:   - resource "aws_security_group_rule" "node" {
TestTerraformBasicExample 2022-03-23T15:22:09Z logger.go:66:       - cidr_blocks       = [
TestTerraformBasicExample 2022-03-23T15:22:09Z logger.go:66:           - "0.0.0.0/0",
TestTerraformBasicExample 2022-03-23T15:22:09Z logger.go:66:         ] -> null
TestTerraformBasicExample 2022-03-23T15:22:09Z logger.go:66:       - description       = "Egress NTP/UDP to internet" -> null
TestTerraformBasicExample 2022-03-23T15:22:09Z logger.go:66:       - from_port         = 123 -> null
TestTerraformBasicExample 2022-03-23T15:22:09Z logger.go:66:       - id                = "sgrule-3079583922" -> null
TestTerraformBasicExample 2022-03-23T15:22:09Z logger.go:66:       - ipv6_cidr_blocks  = [] -> null
TestTerraformBasicExample 2022-03-23T15:22:09Z logger.go:66:       - prefix_list_ids   = [] -> null
TestTerraformBasicExample 2022-03-23T15:22:09Z logger.go:66:       - protocol          = "udp" -> null
TestTerraformBasicExample 2022-03-23T15:22:09Z logger.go:66:       - security_group_id = "sg-0bb1dadddd5bc709b" -> null
TestTerraformBasicExample 2022-03-23T15:22:09Z logger.go:66:       - self              = false -> null
TestTerraformBasicExample 2022-03-23T15:22:09Z logger.go:66:       - to_port           = 123 -> null
TestTerraformBasicExample 2022-03-23T15:22:09Z logger.go:66:       - type              = "egress" -> null
TestTerraformBasicExample 2022-03-23T15:22:09Z logger.go:66:     }
TestTerraformBasicExample 2022-03-23T15:22:09Z logger.go:66:
TestTerraformBasicExample 2022-03-23T15:22:09Z logger.go:66:   # module.eks.aws_security_group_rule.node["egress_self_coredns_tcp"] will be destroyed
TestTerraformBasicExample 2022-03-23T15:22:09Z logger.go:66:   - resource "aws_security_group_rule" "node" {
TestTerraformBasicExample 2022-03-23T15:22:09Z logger.go:66:       - cidr_blocks              = [] -> null
TestTerraformBasicExample 2022-03-23T15:22:09Z logger.go:66:       - description              = "Node to node CoreDNS" -> null
TestTerraformBasicExample 2022-03-23T15:22:09Z logger.go:66:       - from_port                = 53 -> null
TestTerraformBasicExample 2022-03-23T15:22:09Z logger.go:66:       - id                       = "sgrule-2162058151" -> null
TestTerraformBasicExample 2022-03-23T15:22:09Z logger.go:66:       - ipv6_cidr_blocks         = [] -> null
TestTerraformBasicExample 2022-03-23T15:22:09Z logger.go:66:       - prefix_list_ids          = [] -> null
TestTerraformBasicExample 2022-03-23T15:22:09Z logger.go:66:       - protocol                 = "tcp" -> null
TestTerraformBasicExample 2022-03-23T15:22:09Z logger.go:66:       - security_group_id        = "sg-0bb1dadddd5bc709b" -> null
TestTerraformBasicExample 2022-03-23T15:22:09Z logger.go:66:       - self                     = true -> null
TestTerraformBasicExample 2022-03-23T15:22:09Z logger.go:66:       - source_security_group_id = "sg-0bb1dadddd5bc709b" -> null
TestTerraformBasicExample 2022-03-23T15:22:09Z logger.go:66:       - to_port                  = 53 -> null
TestTerraformBasicExample 2022-03-23T15:22:09Z logger.go:66:       - type                     = "egress" -> null
TestTerraformBasicExample 2022-03-23T15:22:09Z logger.go:66:     }
TestTerraformBasicExample 2022-03-23T15:22:09Z logger.go:66:
TestTerraformBasicExample 2022-03-23T15:22:09Z logger.go:66:   # module.eks.aws_security_group_rule.node["egress_self_coredns_udp"] will be destroyed
TestTerraformBasicExample 2022-03-23T15:22:09Z logger.go:66:   - resource "aws_security_group_rule" "node" {
TestTerraformBasicExample 2022-03-23T15:22:09Z logger.go:66:       - cidr_blocks              = [] -> null
TestTerraformBasicExample 2022-03-23T15:22:09Z logger.go:66:       - description              = "Node to node CoreDNS" -> null
TestTerraformBasicExample 2022-03-23T15:22:09Z logger.go:66:       - from_port                = 53 -> null
TestTerraformBasicExample 2022-03-23T15:22:09Z logger.go:66:       - id                       = "sgrule-247062977" -> null
TestTerraformBasicExample 2022-03-23T15:22:09Z logger.go:66:       - ipv6_cidr_blocks         = [] -> null
TestTerraformBasicExample 2022-03-23T15:22:09Z logger.go:66:       - prefix_list_ids          = [] -> null
TestTerraformBasicExample 2022-03-23T15:22:09Z logger.go:66:       - protocol                 = "udp" -> null
TestTerraformBasicExample 2022-03-23T15:22:09Z logger.go:66:       - security_group_id        = "sg-0bb1dadddd5bc709b" -> null
TestTerraformBasicExample 2022-03-23T15:22:09Z logger.go:66:       - self                     = true -> null
TestTerraformBasicExample 2022-03-23T15:22:09Z logger.go:66:       - source_security_group_id = "sg-0bb1dadddd5bc709b" -> null
TestTerraformBasicExample 2022-03-23T15:22:09Z logger.go:66:       - to_port                  = 53 -> null
TestTerraformBasicExample 2022-03-23T15:22:09Z logger.go:66:       - type                     = "egress" -> null
TestTerraformBasicExample 2022-03-23T15:22:09Z logger.go:66:     }
TestTerraformBasicExample 2022-03-23T15:22:09Z logger.go:66:
TestTerraformBasicExample 2022-03-23T15:22:09Z logger.go:66:   # module.eks.aws_security_group_rule.node["ingress_cluster_443"] will be destroyed
TestTerraformBasicExample 2022-03-23T15:22:09Z logger.go:66:   - resource "aws_security_group_rule" "node" {
TestTerraformBasicExample 2022-03-23T15:22:09Z logger.go:66:       - cidr_blocks              = [] -> null
TestTerraformBasicExample 2022-03-23T15:22:09Z logger.go:66:       - description              = "Cluster API to node groups" -> null
TestTerraformBasicExample 2022-03-23T15:22:09Z logger.go:66:       - from_port                = 443 -> null
TestTerraformBasicExample 2022-03-23T15:22:09Z logger.go:66:       - id                       = "sgrule-2945395605" -> null
TestTerraformBasicExample 2022-03-23T15:22:09Z logger.go:66:       - ipv6_cidr_blocks         = [] -> null
TestTerraformBasicExample 2022-03-23T15:22:09Z logger.go:66:       - prefix_list_ids          = [] -> null
TestTerraformBasicExample 2022-03-23T15:22:09Z logger.go:66:       - protocol                 = "tcp" -> null
TestTerraformBasicExample 2022-03-23T15:22:09Z logger.go:66:       - security_group_id        = "sg-0bb1dadddd5bc709b" -> null
TestTerraformBasicExample 2022-03-23T15:22:09Z logger.go:66:       - self                     = false -> null
TestTerraformBasicExample 2022-03-23T15:22:09Z logger.go:66:       - source_security_group_id = "sg-0ae7aa74f5e333406" -> null
TestTerraformBasicExample 2022-03-23T15:22:09Z logger.go:66:       - to_port                  = 443 -> null
TestTerraformBasicExample 2022-03-23T15:22:09Z logger.go:66:       - type                     = "ingress" -> null
TestTerraformBasicExample 2022-03-23T15:22:09Z logger.go:66:     }
TestTerraformBasicExample 2022-03-23T15:22:09Z logger.go:66:
TestTerraformBasicExample 2022-03-23T15:22:09Z logger.go:66:   # module.eks.aws_security_group_rule.node["ingress_cluster_kubelet"] will be destroyed
TestTerraformBasicExample 2022-03-23T15:22:09Z logger.go:66:   - resource "aws_security_group_rule" "node" {
TestTerraformBasicExample 2022-03-23T15:22:09Z logger.go:66:       - cidr_blocks              = [] -> null
TestTerraformBasicExample 2022-03-23T15:22:09Z logger.go:66:       - description              = "Cluster API to node kubelets" -> null
TestTerraformBasicExample 2022-03-23T15:22:09Z logger.go:66:       - from_port                = 10250 -> null
TestTerraformBasicExample 2022-03-23T15:22:09Z logger.go:66:       - id                       = "sgrule-2741047257" -> null
TestTerraformBasicExample 2022-03-23T15:22:09Z logger.go:66:       - ipv6_cidr_blocks         = [] -> null
TestTerraformBasicExample 2022-03-23T15:22:09Z logger.go:66:       - prefix_list_ids          = [] -> null
TestTerraformBasicExample 2022-03-23T15:22:09Z logger.go:66:       - protocol                 = "tcp" -> null
TestTerraformBasicExample 2022-03-23T15:22:09Z logger.go:66:       - security_group_id        = "sg-0bb1dadddd5bc709b" -> null
TestTerraformBasicExample 2022-03-23T15:22:09Z logger.go:66:       - self                     = false -> null
TestTerraformBasicExample 2022-03-23T15:22:09Z logger.go:66:       - source_security_group_id = "sg-0ae7aa74f5e333406" -> null
TestTerraformBasicExample 2022-03-23T15:22:09Z logger.go:66:       - to_port                  = 10250 -> null
TestTerraformBasicExample 2022-03-23T15:22:09Z logger.go:66:       - type                     = "ingress" -> null
TestTerraformBasicExample 2022-03-23T15:22:09Z logger.go:66:     }
TestTerraformBasicExample 2022-03-23T15:22:09Z logger.go:66:
TestTerraformBasicExample 2022-03-23T15:22:09Z logger.go:66:   # module.eks.aws_security_group_rule.node["ingress_self_coredns_tcp"] will be destroyed
TestTerraformBasicExample 2022-03-23T15:22:09Z logger.go:66:   - resource "aws_security_group_rule" "node" {
TestTerraformBasicExample 2022-03-23T15:22:09Z logger.go:66:       - cidr_blocks              = [] -> null
TestTerraformBasicExample 2022-03-23T15:22:09Z logger.go:66:       - description              = "Node to node CoreDNS" -> null
TestTerraformBasicExample 2022-03-23T15:22:09Z logger.go:66:       - from_port                = 53 -> null
TestTerraformBasicExample 2022-03-23T15:22:09Z logger.go:66:       - id                       = "sgrule-2161556879" -> null
TestTerraformBasicExample 2022-03-23T15:22:09Z logger.go:66:       - ipv6_cidr_blocks         = [] -> null
TestTerraformBasicExample 2022-03-23T15:22:09Z logger.go:66:       - prefix_list_ids          = [] -> null
TestTerraformBasicExample 2022-03-23T15:22:09Z logger.go:66:       - protocol                 = "tcp" -> null
TestTerraformBasicExample 2022-03-23T15:22:09Z logger.go:66:       - security_group_id        = "sg-0bb1dadddd5bc709b" -> null
TestTerraformBasicExample 2022-03-23T15:22:09Z logger.go:66:       - self                     = true -> null
TestTerraformBasicExample 2022-03-23T15:22:09Z logger.go:66:       - source_security_group_id = "sg-0bb1dadddd5bc709b" -> null
TestTerraformBasicExample 2022-03-23T15:22:09Z logger.go:66:       - to_port                  = 53 -> null
TestTerraformBasicExample 2022-03-23T15:22:09Z logger.go:66:       - type                     = "ingress" -> null
TestTerraformBasicExample 2022-03-23T15:22:09Z logger.go:66:     }
TestTerraformBasicExample 2022-03-23T15:22:09Z logger.go:66:
TestTerraformBasicExample 2022-03-23T15:22:09Z logger.go:66:   # module.eks.aws_security_group_rule.node["ingress_self_coredns_udp"] will be destroyed
TestTerraformBasicExample 2022-03-23T15:22:09Z logger.go:66:   - resource "aws_security_group_rule" "node" {
TestTerraformBasicExample 2022-03-23T15:22:09Z logger.go:66:       - cidr_blocks              = [] -> null
TestTerraformBasicExample 2022-03-23T15:22:09Z logger.go:66:       - description              = "Node to node CoreDNS" -> null
TestTerraformBasicExample 2022-03-23T15:22:09Z logger.go:66:       - from_port                = 53 -> null
TestTerraformBasicExample 2022-03-23T15:22:09Z logger.go:66:       - id                       = "sgrule-612965984" -> null
TestTerraformBasicExample 2022-03-23T15:22:09Z logger.go:66:       - ipv6_cidr_blocks         = [] -> null
TestTerraformBasicExample 2022-03-23T15:22:09Z logger.go:66:       - prefix_list_ids          = [] -> null
TestTerraformBasicExample 2022-03-23T15:22:09Z logger.go:66:       - protocol                 = "udp" -> null
TestTerraformBasicExample 2022-03-23T15:22:09Z logger.go:66:       - security_group_id        = "sg-0bb1dadddd5bc709b" -> null
TestTerraformBasicExample 2022-03-23T15:22:09Z logger.go:66:       - self                     = true -> null
TestTerraformBasicExample 2022-03-23T15:22:09Z logger.go:66:       - source_security_group_id = "sg-0bb1dadddd5bc709b" -> null
TestTerraformBasicExample 2022-03-23T15:22:09Z logger.go:66:       - to_port                  = 53 -> null
TestTerraformBasicExample 2022-03-23T15:22:09Z logger.go:66:       - type                     = "ingress" -> null
TestTerraformBasicExample 2022-03-23T15:22:09Z logger.go:66:     }
TestTerraformBasicExample 2022-03-23T15:22:09Z logger.go:66:
TestTerraformBasicExample 2022-03-23T15:22:09Z logger.go:66:   # module.eks_auth.kubectl_manifest.patch will be destroyed
TestTerraformBasicExample 2022-03-23T15:22:09Z logger.go:66:   - resource "kubectl_manifest" "patch" {
TestTerraformBasicExample 2022-03-23T15:22:09Z logger.go:66:       - api_version             = "v1" -> null
TestTerraformBasicExample 2022-03-23T15:22:09Z logger.go:66:       - force_new               = false -> null
TestTerraformBasicExample 2022-03-23T15:22:09Z logger.go:66:       - id                      = "/api/v1/namespaces/kube-system/configmaps/aws-auth" -> null
TestTerraformBasicExample 2022-03-23T15:22:09Z logger.go:66:       - kind                    = "ConfigMap" -> null
TestTerraformBasicExample 2022-03-23T15:22:09Z logger.go:66:       - live_manifest_incluster = (sensitive value)
TestTerraformBasicExample 2022-03-23T15:22:09Z logger.go:66:       - live_uid                = "5442791e-7ef1-455d-a223-c3da87cd5f3b" -> null
TestTerraformBasicExample 2022-03-23T15:22:09Z logger.go:66:       - name                    = "aws-auth" -> null
TestTerraformBasicExample 2022-03-23T15:22:09Z logger.go:66:       - namespace               = "kube-system" -> null
TestTerraformBasicExample 2022-03-23T15:22:09Z logger.go:66:       - override_namespace      = "kube-system" -> null
TestTerraformBasicExample 2022-03-23T15:22:09Z logger.go:66:       - server_side_apply       = false -> null
TestTerraformBasicExample 2022-03-23T15:22:09Z logger.go:66:       - uid                     = "5442791e-7ef1-455d-a223-c3da87cd5f3b" -> null
TestTerraformBasicExample 2022-03-23T15:22:09Z logger.go:66:       - validate_schema         = true -> null
TestTerraformBasicExample 2022-03-23T15:22:09Z logger.go:66:       - wait_for_rollout        = true -> null
TestTerraformBasicExample 2022-03-23T15:22:09Z logger.go:66:       - yaml_body               = (sensitive value)
TestTerraformBasicExample 2022-03-23T15:22:09Z logger.go:66:       - yaml_body_parsed        = <<-EOT
TestTerraformBasicExample 2022-03-23T15:22:09Z logger.go:66:             apiVersion: v1
TestTerraformBasicExample 2022-03-23T15:22:09Z logger.go:66:             data:
TestTerraformBasicExample 2022-03-23T15:22:09Z logger.go:66:               mapAccounts: |
TestTerraformBasicExample 2022-03-23T15:22:09Z logger.go:66:                 []
TestTerraformBasicExample 2022-03-23T15:22:09Z logger.go:66:               mapRoles: |
TestTerraformBasicExample 2022-03-23T15:22:09Z logger.go:66:                 - "groups":
TestTerraformBasicExample 2022-03-23T15:22:09Z logger.go:66:                   - "system:bootstrappers"
TestTerraformBasicExample 2022-03-23T15:22:09Z logger.go:66:                   - "system:nodes"
TestTerraformBasicExample 2022-03-23T15:22:09Z logger.go:66:                   "rolearn": "arn:aws:iam::11111111111:role/foo-eks-node-group-20220323151002266200000001"
TestTerraformBasicExample 2022-03-23T15:22:09Z logger.go:66:                   "username": "system:node:{{EC2PrivateDNSName}}"
TestTerraformBasicExample 2022-03-23T15:22:09Z logger.go:66:               mapUsers: |
TestTerraformBasicExample 2022-03-23T15:22:09Z logger.go:66:                 []
TestTerraformBasicExample 2022-03-23T15:22:09Z logger.go:66:             kind: ConfigMap
TestTerraformBasicExample 2022-03-23T15:22:09Z logger.go:66:             metadata:
TestTerraformBasicExample 2022-03-23T15:22:09Z logger.go:66:               name: aws-auth
TestTerraformBasicExample 2022-03-23T15:22:09Z logger.go:66:               namespace: kube-system
TestTerraformBasicExample 2022-03-23T15:22:09Z logger.go:66:         EOT -> null
TestTerraformBasicExample 2022-03-23T15:22:09Z logger.go:66:       - yaml_incluster          = (sensitive value)
TestTerraformBasicExample 2022-03-23T15:22:09Z logger.go:66:     }
TestTerraformBasicExample 2022-03-23T15:22:09Z logger.go:66:
TestTerraformBasicExample 2022-03-23T15:22:09Z logger.go:66:   # module.vpc.aws_eip.nat[0] will be destroyed
TestTerraformBasicExample 2022-03-23T15:22:09Z logger.go:66:   - resource "aws_eip" "nat" {
TestTerraformBasicExample 2022-03-23T15:22:09Z logger.go:66:       - allocation_id        = "eipalloc-0ebf3c4e44e3f0d7a" -> null
TestTerraformBasicExample 2022-03-23T15:22:09Z logger.go:66:       - association_id       = "eipassoc-0aadc7a4d439bf8b5" -> null
TestTerraformBasicExample 2022-03-23T15:22:09Z logger.go:66:       - domain               = "vpc" -> null
TestTerraformBasicExample 2022-03-23T15:22:09Z logger.go:66:       - id                   = "eipalloc-0ebf3c4e44e3f0d7a" -> null
TestTerraformBasicExample 2022-03-23T15:22:09Z logger.go:66:       - network_border_group = "us-west-2" -> null
TestTerraformBasicExample 2022-03-23T15:22:09Z logger.go:66:       - network_interface    = "eni-0b3283d643452e752" -> null
TestTerraformBasicExample 2022-03-23T15:22:09Z logger.go:66:       - private_dns          = "ip-10-0-4-247.us-west-2.compute.internal" -> null
TestTerraformBasicExample 2022-03-23T15:22:09Z logger.go:66:       - private_ip           = "10.0.4.247" -> null
TestTerraformBasicExample 2022-03-23T15:22:09Z logger.go:66:       - public_dns           = "ec2-54-188-217-187.us-west-2.compute.amazonaws.com" -> null
TestTerraformBasicExample 2022-03-23T15:22:09Z logger.go:66:       - public_ip            = "54.188.217.187" -> null
TestTerraformBasicExample 2022-03-23T15:22:09Z logger.go:66:       - public_ipv4_pool     = "amazon" -> null
TestTerraformBasicExample 2022-03-23T15:22:09Z logger.go:66:       - tags                 = {
TestTerraformBasicExample 2022-03-23T15:22:09Z logger.go:66:           - "Name" = "ex-basic-us-west-2a"
TestTerraformBasicExample 2022-03-23T15:22:09Z logger.go:66:         } -> null
TestTerraformBasicExample 2022-03-23T15:22:09Z logger.go:66:       - tags_all             = {
TestTerraformBasicExample 2022-03-23T15:22:09Z logger.go:66:           - "Example"    = "ex-basic"
TestTerraformBasicExample 2022-03-23T15:22:09Z logger.go:66:           - "GithubOrg"  = "aidan-melen"
TestTerraformBasicExample 2022-03-23T15:22:09Z logger.go:66:           - "GithubRepo" = "terraform-aws-eks-auth"
TestTerraformBasicExample 2022-03-23T15:22:09Z logger.go:66:           - "Name"       = "ex-basic-us-west-2a"
TestTerraformBasicExample 2022-03-23T15:22:09Z logger.go:66:         } -> null
TestTerraformBasicExample 2022-03-23T15:22:09Z logger.go:66:       - vpc                  = true -> null
TestTerraformBasicExample 2022-03-23T15:22:09Z logger.go:66:     }
TestTerraformBasicExample 2022-03-23T15:22:09Z logger.go:66:
TestTerraformBasicExample 2022-03-23T15:22:09Z logger.go:66:   # module.vpc.aws_internet_gateway.this[0] will be destroyed
TestTerraformBasicExample 2022-03-23T15:22:09Z logger.go:66:   - resource "aws_internet_gateway" "this" {
TestTerraformBasicExample 2022-03-23T15:22:09Z logger.go:66:       - arn      = "arn:aws:ec2:us-west-2:11111111111:internet-gateway/igw-039e21946a47b5e57" -> null
TestTerraformBasicExample 2022-03-23T15:22:09Z logger.go:66:       - id       = "igw-039e21946a47b5e57" -> null
TestTerraformBasicExample 2022-03-23T15:22:09Z logger.go:66:       - owner_id = "11111111111" -> null
TestTerraformBasicExample 2022-03-23T15:22:09Z logger.go:66:       - tags     = {
TestTerraformBasicExample 2022-03-23T15:22:09Z logger.go:66:           - "Name" = "ex-basic"
TestTerraformBasicExample 2022-03-23T15:22:09Z logger.go:66:         } -> null
TestTerraformBasicExample 2022-03-23T15:22:09Z logger.go:66:       - tags_all = {
TestTerraformBasicExample 2022-03-23T15:22:09Z logger.go:66:           - "Example"    = "ex-basic"
TestTerraformBasicExample 2022-03-23T15:22:09Z logger.go:66:           - "GithubOrg"  = "aidan-melen"
TestTerraformBasicExample 2022-03-23T15:22:09Z logger.go:66:           - "GithubRepo" = "terraform-aws-eks-auth"
TestTerraformBasicExample 2022-03-23T15:22:09Z logger.go:66:           - "Name"       = "ex-basic"
TestTerraformBasicExample 2022-03-23T15:22:09Z logger.go:66:         } -> null
TestTerraformBasicExample 2022-03-23T15:22:09Z logger.go:66:       - vpc_id   = "vpc-06edc6abdf49dcc59" -> null
TestTerraformBasicExample 2022-03-23T15:22:09Z logger.go:66:     }
TestTerraformBasicExample 2022-03-23T15:22:09Z logger.go:66:
TestTerraformBasicExample 2022-03-23T15:22:09Z logger.go:66:   # module.vpc.aws_nat_gateway.this[0] will be destroyed
TestTerraformBasicExample 2022-03-23T15:22:09Z logger.go:66:   - resource "aws_nat_gateway" "this" {
TestTerraformBasicExample 2022-03-23T15:22:09Z logger.go:66:       - allocation_id        = "eipalloc-0ebf3c4e44e3f0d7a" -> null
TestTerraformBasicExample 2022-03-23T15:22:09Z logger.go:66:       - connectivity_type    = "public" -> null
TestTerraformBasicExample 2022-03-23T15:22:09Z logger.go:66:       - id                   = "nat-0e35233099dd08627" -> null
TestTerraformBasicExample 2022-03-23T15:22:09Z logger.go:66:       - network_interface_id = "eni-0b3283d643452e752" -> null
TestTerraformBasicExample 2022-03-23T15:22:09Z logger.go:66:       - private_ip           = "10.0.4.247" -> null
TestTerraformBasicExample 2022-03-23T15:22:09Z logger.go:66:       - public_ip            = "54.188.217.187" -> null
TestTerraformBasicExample 2022-03-23T15:22:09Z logger.go:66:       - subnet_id            = "subnet-01b3e7dbb9182b558" -> null
TestTerraformBasicExample 2022-03-23T15:22:09Z logger.go:66:       - tags                 = {
TestTerraformBasicExample 2022-03-23T15:22:09Z logger.go:66:           - "Name" = "ex-basic-us-west-2a"
TestTerraformBasicExample 2022-03-23T15:22:09Z logger.go:66:         } -> null
TestTerraformBasicExample 2022-03-23T15:22:09Z logger.go:66:       - tags_all             = {
TestTerraformBasicExample 2022-03-23T15:22:09Z logger.go:66:           - "Example"    = "ex-basic"
TestTerraformBasicExample 2022-03-23T15:22:09Z logger.go:66:           - "GithubOrg"  = "aidan-melen"
TestTerraformBasicExample 2022-03-23T15:22:09Z logger.go:66:           - "GithubRepo" = "terraform-aws-eks-auth"
TestTerraformBasicExample 2022-03-23T15:22:09Z logger.go:66:           - "Name"       = "ex-basic-us-west-2a"
TestTerraformBasicExample 2022-03-23T15:22:09Z logger.go:66:         } -> null
TestTerraformBasicExample 2022-03-23T15:22:09Z logger.go:66:     }
TestTerraformBasicExample 2022-03-23T15:22:09Z logger.go:66:
TestTerraformBasicExample 2022-03-23T15:22:09Z logger.go:66:   # module.vpc.aws_route.private_nat_gateway[0] will be destroyed
TestTerraformBasicExample 2022-03-23T15:22:09Z logger.go:66:   - resource "aws_route" "private_nat_gateway" {
TestTerraformBasicExample 2022-03-23T15:22:09Z logger.go:66:       - destination_cidr_block = "0.0.0.0/0" -> null
TestTerraformBasicExample 2022-03-23T15:22:09Z logger.go:66:       - id                     = "r-rtb-06c223320b44d85eb1080289494" -> null
TestTerraformBasicExample 2022-03-23T15:22:09Z logger.go:66:       - nat_gateway_id         = "nat-0e35233099dd08627" -> null
TestTerraformBasicExample 2022-03-23T15:22:09Z logger.go:66:       - origin                 = "CreateRoute" -> null
TestTerraformBasicExample 2022-03-23T15:22:09Z logger.go:66:       - route_table_id         = "rtb-06c223320b44d85eb" -> null
TestTerraformBasicExample 2022-03-23T15:22:09Z logger.go:66:       - state                  = "active" -> null
TestTerraformBasicExample 2022-03-23T15:22:09Z logger.go:66:
TestTerraformBasicExample 2022-03-23T15:22:09Z logger.go:66:       - timeouts {
TestTerraformBasicExample 2022-03-23T15:22:09Z logger.go:66:           - create = "5m" -> null
TestTerraformBasicExample 2022-03-23T15:22:09Z logger.go:66:         }
TestTerraformBasicExample 2022-03-23T15:22:09Z logger.go:66:     }
TestTerraformBasicExample 2022-03-23T15:22:09Z logger.go:66:
TestTerraformBasicExample 2022-03-23T15:22:09Z logger.go:66:   # module.vpc.aws_route.public_internet_gateway[0] will be destroyed
TestTerraformBasicExample 2022-03-23T15:22:09Z logger.go:66:   - resource "aws_route" "public_internet_gateway" {
TestTerraformBasicExample 2022-03-23T15:22:09Z logger.go:66:       - destination_cidr_block = "0.0.0.0/0" -> null
TestTerraformBasicExample 2022-03-23T15:22:09Z logger.go:66:       - gateway_id             = "igw-039e21946a47b5e57" -> null
TestTerraformBasicExample 2022-03-23T15:22:09Z logger.go:66:       - id                     = "r-rtb-0bcf4105dcd7ca6b31080289494" -> null
TestTerraformBasicExample 2022-03-23T15:22:09Z logger.go:66:       - origin                 = "CreateRoute" -> null
TestTerraformBasicExample 2022-03-23T15:22:09Z logger.go:66:       - route_table_id         = "rtb-0bcf4105dcd7ca6b3" -> null
TestTerraformBasicExample 2022-03-23T15:22:09Z logger.go:66:       - state                  = "active" -> null
TestTerraformBasicExample 2022-03-23T15:22:09Z logger.go:66:
TestTerraformBasicExample 2022-03-23T15:22:09Z logger.go:66:       - timeouts {
TestTerraformBasicExample 2022-03-23T15:22:09Z logger.go:66:           - create = "5m" -> null
TestTerraformBasicExample 2022-03-23T15:22:09Z logger.go:66:         }
TestTerraformBasicExample 2022-03-23T15:22:09Z logger.go:66:     }
TestTerraformBasicExample 2022-03-23T15:22:09Z logger.go:66:
TestTerraformBasicExample 2022-03-23T15:22:09Z logger.go:66:   # module.vpc.aws_route_table.private[0] will be destroyed
TestTerraformBasicExample 2022-03-23T15:22:09Z logger.go:66:   - resource "aws_route_table" "private" {
TestTerraformBasicExample 2022-03-23T15:22:09Z logger.go:66:       - arn              = "arn:aws:ec2:us-west-2:11111111111:route-table/rtb-06c223320b44d85eb" -> null
TestTerraformBasicExample 2022-03-23T15:22:09Z logger.go:66:       - id               = "rtb-06c223320b44d85eb" -> null
TestTerraformBasicExample 2022-03-23T15:22:09Z logger.go:66:       - owner_id         = "11111111111" -> null
TestTerraformBasicExample 2022-03-23T15:22:09Z logger.go:66:       - propagating_vgws = [] -> null
TestTerraformBasicExample 2022-03-23T15:22:09Z logger.go:66:       - route            = [
TestTerraformBasicExample 2022-03-23T15:22:09Z logger.go:66:           - {
TestTerraformBasicExample 2022-03-23T15:22:09Z logger.go:66:               - carrier_gateway_id         = ""
TestTerraformBasicExample 2022-03-23T15:22:09Z logger.go:66:               - cidr_block                 = "0.0.0.0/0"
TestTerraformBasicExample 2022-03-23T15:22:09Z logger.go:66:               - destination_prefix_list_id = ""
TestTerraformBasicExample 2022-03-23T15:22:09Z logger.go:66:               - egress_only_gateway_id     = ""
TestTerraformBasicExample 2022-03-23T15:22:09Z logger.go:66:               - gateway_id                 = ""
TestTerraformBasicExample 2022-03-23T15:22:09Z logger.go:66:               - instance_id                = ""
TestTerraformBasicExample 2022-03-23T15:22:09Z logger.go:66:               - ipv6_cidr_block            = ""
TestTerraformBasicExample 2022-03-23T15:22:09Z logger.go:66:               - local_gateway_id           = ""
TestTerraformBasicExample 2022-03-23T15:22:09Z logger.go:66:               - nat_gateway_id             = "nat-0e35233099dd08627"
TestTerraformBasicExample 2022-03-23T15:22:09Z logger.go:66:               - network_interface_id       = ""
TestTerraformBasicExample 2022-03-23T15:22:09Z logger.go:66:               - transit_gateway_id         = ""
TestTerraformBasicExample 2022-03-23T15:22:09Z logger.go:66:               - vpc_endpoint_id            = ""
TestTerraformBasicExample 2022-03-23T15:22:09Z logger.go:66:               - vpc_peering_connection_id  = ""
TestTerraformBasicExample 2022-03-23T15:22:09Z logger.go:66:             },
TestTerraformBasicExample 2022-03-23T15:22:09Z logger.go:66:         ] -> null
TestTerraformBasicExample 2022-03-23T15:22:09Z logger.go:66:       - tags             = {
TestTerraformBasicExample 2022-03-23T15:22:09Z logger.go:66:           - "Name" = "ex-basic-private"
TestTerraformBasicExample 2022-03-23T15:22:09Z logger.go:66:         } -> null
TestTerraformBasicExample 2022-03-23T15:22:09Z logger.go:66:       - tags_all         = {
TestTerraformBasicExample 2022-03-23T15:22:09Z logger.go:66:           - "Example"    = "ex-basic"
TestTerraformBasicExample 2022-03-23T15:22:09Z logger.go:66:           - "GithubOrg"  = "aidan-melen"
TestTerraformBasicExample 2022-03-23T15:22:09Z logger.go:66:           - "GithubRepo" = "terraform-aws-eks-auth"
TestTerraformBasicExample 2022-03-23T15:22:09Z logger.go:66:           - "Name"       = "ex-basic-private"
TestTerraformBasicExample 2022-03-23T15:22:09Z logger.go:66:         } -> null
TestTerraformBasicExample 2022-03-23T15:22:09Z logger.go:66:       - vpc_id           = "vpc-06edc6abdf49dcc59" -> null
TestTerraformBasicExample 2022-03-23T15:22:09Z logger.go:66:     }
TestTerraformBasicExample 2022-03-23T15:22:09Z logger.go:66:
TestTerraformBasicExample 2022-03-23T15:22:09Z logger.go:66:   # module.vpc.aws_route_table.public[0] will be destroyed
TestTerraformBasicExample 2022-03-23T15:22:09Z logger.go:66:   - resource "aws_route_table" "public" {
TestTerraformBasicExample 2022-03-23T15:22:09Z logger.go:66:       - arn              = "arn:aws:ec2:us-west-2:11111111111:route-table/rtb-0bcf4105dcd7ca6b3" -> null
TestTerraformBasicExample 2022-03-23T15:22:09Z logger.go:66:       - id               = "rtb-0bcf4105dcd7ca6b3" -> null
TestTerraformBasicExample 2022-03-23T15:22:09Z logger.go:66:       - owner_id         = "11111111111" -> null
TestTerraformBasicExample 2022-03-23T15:22:09Z logger.go:66:       - propagating_vgws = [] -> null
TestTerraformBasicExample 2022-03-23T15:22:09Z logger.go:66:       - route            = [
TestTerraformBasicExample 2022-03-23T15:22:09Z logger.go:66:           - {
TestTerraformBasicExample 2022-03-23T15:22:09Z logger.go:66:               - carrier_gateway_id         = ""
TestTerraformBasicExample 2022-03-23T15:22:09Z logger.go:66:               - cidr_block                 = "0.0.0.0/0"
TestTerraformBasicExample 2022-03-23T15:22:09Z logger.go:66:               - destination_prefix_list_id = ""
TestTerraformBasicExample 2022-03-23T15:22:09Z logger.go:66:               - egress_only_gateway_id     = ""
TestTerraformBasicExample 2022-03-23T15:22:09Z logger.go:66:               - gateway_id                 = "igw-039e21946a47b5e57"
TestTerraformBasicExample 2022-03-23T15:22:09Z logger.go:66:               - instance_id                = ""
TestTerraformBasicExample 2022-03-23T15:22:09Z logger.go:66:               - ipv6_cidr_block            = ""
TestTerraformBasicExample 2022-03-23T15:22:09Z logger.go:66:               - local_gateway_id           = ""
TestTerraformBasicExample 2022-03-23T15:22:09Z logger.go:66:               - nat_gateway_id             = ""
TestTerraformBasicExample 2022-03-23T15:22:09Z logger.go:66:               - network_interface_id       = ""
TestTerraformBasicExample 2022-03-23T15:22:09Z logger.go:66:               - transit_gateway_id         = ""
TestTerraformBasicExample 2022-03-23T15:22:09Z logger.go:66:               - vpc_endpoint_id            = ""
TestTerraformBasicExample 2022-03-23T15:22:09Z logger.go:66:               - vpc_peering_connection_id  = ""
TestTerraformBasicExample 2022-03-23T15:22:09Z logger.go:66:             },
TestTerraformBasicExample 2022-03-23T15:22:09Z logger.go:66:         ] -> null
TestTerraformBasicExample 2022-03-23T15:22:09Z logger.go:66:       - tags             = {
TestTerraformBasicExample 2022-03-23T15:22:09Z logger.go:66:           - "Name" = "ex-basic-public"
TestTerraformBasicExample 2022-03-23T15:22:09Z logger.go:66:         } -> null
TestTerraformBasicExample 2022-03-23T15:22:09Z logger.go:66:       - tags_all         = {
TestTerraformBasicExample 2022-03-23T15:22:09Z logger.go:66:           - "Example"    = "ex-basic"
TestTerraformBasicExample 2022-03-23T15:22:09Z logger.go:66:           - "GithubOrg"  = "aidan-melen"
TestTerraformBasicExample 2022-03-23T15:22:09Z logger.go:66:           - "GithubRepo" = "terraform-aws-eks-auth"
TestTerraformBasicExample 2022-03-23T15:22:09Z logger.go:66:           - "Name"       = "ex-basic-public"
TestTerraformBasicExample 2022-03-23T15:22:09Z logger.go:66:         } -> null
TestTerraformBasicExample 2022-03-23T15:22:09Z logger.go:66:       - vpc_id           = "vpc-06edc6abdf49dcc59" -> null
TestTerraformBasicExample 2022-03-23T15:22:09Z logger.go:66:     }
TestTerraformBasicExample 2022-03-23T15:22:09Z logger.go:66:
TestTerraformBasicExample 2022-03-23T15:22:09Z logger.go:66:   # module.vpc.aws_route_table_association.private[0] will be destroyed
TestTerraformBasicExample 2022-03-23T15:22:09Z logger.go:66:   - resource "aws_route_table_association" "private" {
TestTerraformBasicExample 2022-03-23T15:22:09Z logger.go:66:       - id             = "rtbassoc-0cbd6dfcce4d8f35b" -> null
TestTerraformBasicExample 2022-03-23T15:22:09Z logger.go:66:       - route_table_id = "rtb-06c223320b44d85eb" -> null
TestTerraformBasicExample 2022-03-23T15:22:09Z logger.go:66:       - subnet_id      = "subnet-0f021808b97037056" -> null
TestTerraformBasicExample 2022-03-23T15:22:09Z logger.go:66:     }
TestTerraformBasicExample 2022-03-23T15:22:09Z logger.go:66:
TestTerraformBasicExample 2022-03-23T15:22:09Z logger.go:66:   # module.vpc.aws_route_table_association.private[1] will be destroyed
TestTerraformBasicExample 2022-03-23T15:22:09Z logger.go:66:   - resource "aws_route_table_association" "private" {
TestTerraformBasicExample 2022-03-23T15:22:09Z logger.go:66:       - id             = "rtbassoc-01a6388ae624b62ee" -> null
TestTerraformBasicExample 2022-03-23T15:22:09Z logger.go:66:       - route_table_id = "rtb-06c223320b44d85eb" -> null
TestTerraformBasicExample 2022-03-23T15:22:09Z logger.go:66:       - subnet_id      = "subnet-0711f78369ad56d95" -> null
TestTerraformBasicExample 2022-03-23T15:22:09Z logger.go:66:     }
TestTerraformBasicExample 2022-03-23T15:22:09Z logger.go:66:
TestTerraformBasicExample 2022-03-23T15:22:09Z logger.go:66:   # module.vpc.aws_route_table_association.private[2] will be destroyed
TestTerraformBasicExample 2022-03-23T15:22:09Z logger.go:66:   - resource "aws_route_table_association" "private" {
TestTerraformBasicExample 2022-03-23T15:22:09Z logger.go:66:       - id             = "rtbassoc-0269d0939c5e1fe22" -> null
TestTerraformBasicExample 2022-03-23T15:22:09Z logger.go:66:       - route_table_id = "rtb-06c223320b44d85eb" -> null
TestTerraformBasicExample 2022-03-23T15:22:09Z logger.go:66:       - subnet_id      = "subnet-03d50272571eba3c6" -> null
TestTerraformBasicExample 2022-03-23T15:22:09Z logger.go:66:     }
TestTerraformBasicExample 2022-03-23T15:22:09Z logger.go:66:
TestTerraformBasicExample 2022-03-23T15:22:09Z logger.go:66:   # module.vpc.aws_route_table_association.public[0] will be destroyed
TestTerraformBasicExample 2022-03-23T15:22:09Z logger.go:66:   - resource "aws_route_table_association" "public" {
TestTerraformBasicExample 2022-03-23T15:22:09Z logger.go:66:       - id             = "rtbassoc-09363a8b5442d8576" -> null
TestTerraformBasicExample 2022-03-23T15:22:09Z logger.go:66:       - route_table_id = "rtb-0bcf4105dcd7ca6b3" -> null
TestTerraformBasicExample 2022-03-23T15:22:09Z logger.go:66:       - subnet_id      = "subnet-01b3e7dbb9182b558" -> null
TestTerraformBasicExample 2022-03-23T15:22:09Z logger.go:66:     }
TestTerraformBasicExample 2022-03-23T15:22:09Z logger.go:66:
TestTerraformBasicExample 2022-03-23T15:22:09Z logger.go:66:   # module.vpc.aws_route_table_association.public[1] will be destroyed
TestTerraformBasicExample 2022-03-23T15:22:09Z logger.go:66:   - resource "aws_route_table_association" "public" {
TestTerraformBasicExample 2022-03-23T15:22:09Z logger.go:66:       - id             = "rtbassoc-0ddc7211ac8e93807" -> null
TestTerraformBasicExample 2022-03-23T15:22:09Z logger.go:66:       - route_table_id = "rtb-0bcf4105dcd7ca6b3" -> null
TestTerraformBasicExample 2022-03-23T15:22:09Z logger.go:66:       - subnet_id      = "subnet-0bcffee970618f41c" -> null
TestTerraformBasicExample 2022-03-23T15:22:09Z logger.go:66:     }
TestTerraformBasicExample 2022-03-23T15:22:09Z logger.go:66:
TestTerraformBasicExample 2022-03-23T15:22:09Z logger.go:66:   # module.vpc.aws_route_table_association.public[2] will be destroyed
TestTerraformBasicExample 2022-03-23T15:22:09Z logger.go:66:   - resource "aws_route_table_association" "public" {
TestTerraformBasicExample 2022-03-23T15:22:09Z logger.go:66:       - id             = "rtbassoc-02f915d66a2469d8e" -> null
TestTerraformBasicExample 2022-03-23T15:22:09Z logger.go:66:       - route_table_id = "rtb-0bcf4105dcd7ca6b3" -> null
TestTerraformBasicExample 2022-03-23T15:22:09Z logger.go:66:       - subnet_id      = "subnet-053b56747ac77e57b" -> null
TestTerraformBasicExample 2022-03-23T15:22:09Z logger.go:66:     }
TestTerraformBasicExample 2022-03-23T15:22:09Z logger.go:66:
TestTerraformBasicExample 2022-03-23T15:22:09Z logger.go:66:   # module.vpc.aws_subnet.private[0] will be destroyed
TestTerraformBasicExample 2022-03-23T15:22:09Z logger.go:66:   - resource "aws_subnet" "private" {
TestTerraformBasicExample 2022-03-23T15:22:09Z logger.go:66:       - arn                                            = "arn:aws:ec2:us-west-2:11111111111:subnet/subnet-0f021808b97037056" -> null
TestTerraformBasicExample 2022-03-23T15:22:09Z logger.go:66:       - assign_ipv6_address_on_creation                = false -> null
TestTerraformBasicExample 2022-03-23T15:22:09Z logger.go:66:       - availability_zone                              = "us-west-2a" -> null
TestTerraformBasicExample 2022-03-23T15:22:09Z logger.go:66:       - availability_zone_id                           = "usw2-az1" -> null
TestTerraformBasicExample 2022-03-23T15:22:09Z logger.go:66:       - cidr_block                                     = "10.0.1.0/24" -> null
TestTerraformBasicExample 2022-03-23T15:22:09Z logger.go:66:       - enable_dns64                                   = false -> null
TestTerraformBasicExample 2022-03-23T15:22:09Z logger.go:66:       - enable_resource_name_dns_a_record_on_launch    = false -> null
TestTerraformBasicExample 2022-03-23T15:22:09Z logger.go:66:       - enable_resource_name_dns_aaaa_record_on_launch = false -> null
TestTerraformBasicExample 2022-03-23T15:22:09Z logger.go:66:       - id                                             = "subnet-0f021808b97037056" -> null
TestTerraformBasicExample 2022-03-23T15:22:09Z logger.go:66:       - ipv6_native                                    = false -> null
TestTerraformBasicExample 2022-03-23T15:22:09Z logger.go:66:       - map_customer_owned_ip_on_launch                = false -> null
TestTerraformBasicExample 2022-03-23T15:22:09Z logger.go:66:       - map_public_ip_on_launch                        = false -> null
TestTerraformBasicExample 2022-03-23T15:22:09Z logger.go:66:       - owner_id                                       = "11111111111" -> null
TestTerraformBasicExample 2022-03-23T15:22:09Z logger.go:66:       - private_dns_hostname_type_on_launch            = "ip-name" -> null
TestTerraformBasicExample 2022-03-23T15:22:09Z logger.go:66:       - tags                                           = {
TestTerraformBasicExample 2022-03-23T15:22:09Z logger.go:66:           - "Name"                            = "ex-basic-private-us-west-2a"
TestTerraformBasicExample 2022-03-23T15:22:09Z logger.go:66:           - "kubernetes.io/cluster/ex-basic"  = "shared"
TestTerraformBasicExample 2022-03-23T15:22:09Z logger.go:66:           - "kubernetes.io/role/internal-elb" = "1"
TestTerraformBasicExample 2022-03-23T15:22:09Z logger.go:66:         } -> null
TestTerraformBasicExample 2022-03-23T15:22:09Z logger.go:66:       - tags_all                                       = {
TestTerraformBasicExample 2022-03-23T15:22:09Z logger.go:66:           - "Example"                         = "ex-basic"
TestTerraformBasicExample 2022-03-23T15:22:09Z logger.go:66:           - "GithubOrg"                       = "aidan-melen"
TestTerraformBasicExample 2022-03-23T15:22:09Z logger.go:66:           - "GithubRepo"                      = "terraform-aws-eks-auth"
TestTerraformBasicExample 2022-03-23T15:22:09Z logger.go:66:           - "Name"                            = "ex-basic-private-us-west-2a"
TestTerraformBasicExample 2022-03-23T15:22:09Z logger.go:66:           - "kubernetes.io/cluster/ex-basic"  = "shared"
TestTerraformBasicExample 2022-03-23T15:22:09Z logger.go:66:           - "kubernetes.io/role/internal-elb" = "1"
TestTerraformBasicExample 2022-03-23T15:22:09Z logger.go:66:         } -> null
TestTerraformBasicExample 2022-03-23T15:22:09Z logger.go:66:       - vpc_id                                         = "vpc-06edc6abdf49dcc59" -> null
TestTerraformBasicExample 2022-03-23T15:22:09Z logger.go:66:     }
TestTerraformBasicExample 2022-03-23T15:22:09Z logger.go:66:
TestTerraformBasicExample 2022-03-23T15:22:09Z logger.go:66:   # module.vpc.aws_subnet.private[1] will be destroyed
TestTerraformBasicExample 2022-03-23T15:22:09Z logger.go:66:   - resource "aws_subnet" "private" {
TestTerraformBasicExample 2022-03-23T15:22:09Z logger.go:66:       - arn                                            = "arn:aws:ec2:us-west-2:11111111111:subnet/subnet-0711f78369ad56d95" -> null
TestTerraformBasicExample 2022-03-23T15:22:09Z logger.go:66:       - assign_ipv6_address_on_creation                = false -> null
TestTerraformBasicExample 2022-03-23T15:22:09Z logger.go:66:       - availability_zone                              = "us-west-2b" -> null
TestTerraformBasicExample 2022-03-23T15:22:09Z logger.go:66:       - availability_zone_id                           = "usw2-az2" -> null
TestTerraformBasicExample 2022-03-23T15:22:09Z logger.go:66:       - cidr_block                                     = "10.0.2.0/24" -> null
TestTerraformBasicExample 2022-03-23T15:22:09Z logger.go:66:       - enable_dns64                                   = false -> null
TestTerraformBasicExample 2022-03-23T15:22:09Z logger.go:66:       - enable_resource_name_dns_a_record_on_launch    = false -> null
TestTerraformBasicExample 2022-03-23T15:22:09Z logger.go:66:       - enable_resource_name_dns_aaaa_record_on_launch = false -> null
TestTerraformBasicExample 2022-03-23T15:22:09Z logger.go:66:       - id                                             = "subnet-0711f78369ad56d95" -> null
TestTerraformBasicExample 2022-03-23T15:22:09Z logger.go:66:       - ipv6_native                                    = false -> null
TestTerraformBasicExample 2022-03-23T15:22:09Z logger.go:66:       - map_customer_owned_ip_on_launch                = false -> null
TestTerraformBasicExample 2022-03-23T15:22:09Z logger.go:66:       - map_public_ip_on_launch                        = false -> null
TestTerraformBasicExample 2022-03-23T15:22:09Z logger.go:66:       - owner_id                                       = "11111111111" -> null
TestTerraformBasicExample 2022-03-23T15:22:09Z logger.go:66:       - private_dns_hostname_type_on_launch            = "ip-name" -> null
TestTerraformBasicExample 2022-03-23T15:22:09Z logger.go:66:       - tags                                           = {
TestTerraformBasicExample 2022-03-23T15:22:09Z logger.go:66:           - "Name"                            = "ex-basic-private-us-west-2b"
TestTerraformBasicExample 2022-03-23T15:22:09Z logger.go:66:           - "kubernetes.io/cluster/ex-basic"  = "shared"
TestTerraformBasicExample 2022-03-23T15:22:09Z logger.go:66:           - "kubernetes.io/role/internal-elb" = "1"
TestTerraformBasicExample 2022-03-23T15:22:09Z logger.go:66:         } -> null
TestTerraformBasicExample 2022-03-23T15:22:09Z logger.go:66:       - tags_all                                       = {
TestTerraformBasicExample 2022-03-23T15:22:09Z logger.go:66:           - "Example"                         = "ex-basic"
TestTerraformBasicExample 2022-03-23T15:22:09Z logger.go:66:           - "GithubOrg"                       = "aidan-melen"
TestTerraformBasicExample 2022-03-23T15:22:09Z logger.go:66:           - "GithubRepo"                      = "terraform-aws-eks-auth"
TestTerraformBasicExample 2022-03-23T15:22:09Z logger.go:66:           - "Name"                            = "ex-basic-private-us-west-2b"
TestTerraformBasicExample 2022-03-23T15:22:09Z logger.go:66:           - "kubernetes.io/cluster/ex-basic"  = "shared"
TestTerraformBasicExample 2022-03-23T15:22:09Z logger.go:66:           - "kubernetes.io/role/internal-elb" = "1"
TestTerraformBasicExample 2022-03-23T15:22:09Z logger.go:66:         } -> null
TestTerraformBasicExample 2022-03-23T15:22:09Z logger.go:66:       - vpc_id                                         = "vpc-06edc6abdf49dcc59" -> null
TestTerraformBasicExample 2022-03-23T15:22:09Z logger.go:66:     }
TestTerraformBasicExample 2022-03-23T15:22:09Z logger.go:66:
TestTerraformBasicExample 2022-03-23T15:22:09Z logger.go:66:   # module.vpc.aws_subnet.private[2] will be destroyed
TestTerraformBasicExample 2022-03-23T15:22:09Z logger.go:66:   - resource "aws_subnet" "private" {
TestTerraformBasicExample 2022-03-23T15:22:09Z logger.go:66:       - arn                                            = "arn:aws:ec2:us-west-2:11111111111:subnet/subnet-03d50272571eba3c6" -> null
TestTerraformBasicExample 2022-03-23T15:22:09Z logger.go:66:       - assign_ipv6_address_on_creation                = false -> null
TestTerraformBasicExample 2022-03-23T15:22:09Z logger.go:66:       - availability_zone                              = "us-west-2c" -> null
TestTerraformBasicExample 2022-03-23T15:22:09Z logger.go:66:       - availability_zone_id                           = "usw2-az3" -> null
TestTerraformBasicExample 2022-03-23T15:22:09Z logger.go:66:       - cidr_block                                     = "10.0.3.0/24" -> null
TestTerraformBasicExample 2022-03-23T15:22:09Z logger.go:66:       - enable_dns64                                   = false -> null
TestTerraformBasicExample 2022-03-23T15:22:09Z logger.go:66:       - enable_resource_name_dns_a_record_on_launch    = false -> null
TestTerraformBasicExample 2022-03-23T15:22:09Z logger.go:66:       - enable_resource_name_dns_aaaa_record_on_launch = false -> null
TestTerraformBasicExample 2022-03-23T15:22:09Z logger.go:66:       - id                                             = "subnet-03d50272571eba3c6" -> null
TestTerraformBasicExample 2022-03-23T15:22:09Z logger.go:66:       - ipv6_native                                    = false -> null
TestTerraformBasicExample 2022-03-23T15:22:09Z logger.go:66:       - map_customer_owned_ip_on_launch                = false -> null
TestTerraformBasicExample 2022-03-23T15:22:09Z logger.go:66:       - map_public_ip_on_launch                        = false -> null
TestTerraformBasicExample 2022-03-23T15:22:09Z logger.go:66:       - owner_id                                       = "11111111111" -> null
TestTerraformBasicExample 2022-03-23T15:22:09Z logger.go:66:       - private_dns_hostname_type_on_launch            = "ip-name" -> null
TestTerraformBasicExample 2022-03-23T15:22:09Z logger.go:66:       - tags                                           = {
TestTerraformBasicExample 2022-03-23T15:22:09Z logger.go:66:           - "Name"                            = "ex-basic-private-us-west-2c"
TestTerraformBasicExample 2022-03-23T15:22:09Z logger.go:66:           - "kubernetes.io/cluster/ex-basic"  = "shared"
TestTerraformBasicExample 2022-03-23T15:22:09Z logger.go:66:           - "kubernetes.io/role/internal-elb" = "1"
TestTerraformBasicExample 2022-03-23T15:22:09Z logger.go:66:         } -> null
TestTerraformBasicExample 2022-03-23T15:22:09Z logger.go:66:       - tags_all                                       = {
TestTerraformBasicExample 2022-03-23T15:22:09Z logger.go:66:           - "Example"                         = "ex-basic"
TestTerraformBasicExample 2022-03-23T15:22:09Z logger.go:66:           - "GithubOrg"                       = "aidan-melen"
TestTerraformBasicExample 2022-03-23T15:22:09Z logger.go:66:           - "GithubRepo"                      = "terraform-aws-eks-auth"
TestTerraformBasicExample 2022-03-23T15:22:09Z logger.go:66:           - "Name"                            = "ex-basic-private-us-west-2c"
TestTerraformBasicExample 2022-03-23T15:22:09Z logger.go:66:           - "kubernetes.io/cluster/ex-basic"  = "shared"
TestTerraformBasicExample 2022-03-23T15:22:09Z logger.go:66:           - "kubernetes.io/role/internal-elb" = "1"
TestTerraformBasicExample 2022-03-23T15:22:09Z logger.go:66:         } -> null
TestTerraformBasicExample 2022-03-23T15:22:09Z logger.go:66:       - vpc_id                                         = "vpc-06edc6abdf49dcc59" -> null
TestTerraformBasicExample 2022-03-23T15:22:09Z logger.go:66:     }
TestTerraformBasicExample 2022-03-23T15:22:09Z logger.go:66:
TestTerraformBasicExample 2022-03-23T15:22:09Z logger.go:66:   # module.vpc.aws_subnet.public[0] will be destroyed
TestTerraformBasicExample 2022-03-23T15:22:09Z logger.go:66:   - resource "aws_subnet" "public" {
TestTerraformBasicExample 2022-03-23T15:22:09Z logger.go:66:       - arn                                            = "arn:aws:ec2:us-west-2:11111111111:subnet/subnet-01b3e7dbb9182b558" -> null
TestTerraformBasicExample 2022-03-23T15:22:09Z logger.go:66:       - assign_ipv6_address_on_creation                = false -> null
TestTerraformBasicExample 2022-03-23T15:22:09Z logger.go:66:       - availability_zone                              = "us-west-2a" -> null
TestTerraformBasicExample 2022-03-23T15:22:09Z logger.go:66:       - availability_zone_id                           = "usw2-az1" -> null
TestTerraformBasicExample 2022-03-23T15:22:09Z logger.go:66:       - cidr_block                                     = "10.0.4.0/24" -> null
TestTerraformBasicExample 2022-03-23T15:22:09Z logger.go:66:       - enable_dns64                                   = false -> null
TestTerraformBasicExample 2022-03-23T15:22:09Z logger.go:66:       - enable_resource_name_dns_a_record_on_launch    = false -> null
TestTerraformBasicExample 2022-03-23T15:22:09Z logger.go:66:       - enable_resource_name_dns_aaaa_record_on_launch = false -> null
TestTerraformBasicExample 2022-03-23T15:22:09Z logger.go:66:       - id                                             = "subnet-01b3e7dbb9182b558" -> null
TestTerraformBasicExample 2022-03-23T15:22:09Z logger.go:66:       - ipv6_native                                    = false -> null
TestTerraformBasicExample 2022-03-23T15:22:09Z logger.go:66:       - map_customer_owned_ip_on_launch                = false -> null
TestTerraformBasicExample 2022-03-23T15:22:09Z logger.go:66:       - map_public_ip_on_launch                        = true -> null
TestTerraformBasicExample 2022-03-23T15:22:09Z logger.go:66:       - owner_id                                       = "11111111111" -> null
TestTerraformBasicExample 2022-03-23T15:22:09Z logger.go:66:       - private_dns_hostname_type_on_launch            = "ip-name" -> null
TestTerraformBasicExample 2022-03-23T15:22:09Z logger.go:66:       - tags                                           = {
TestTerraformBasicExample 2022-03-23T15:22:09Z logger.go:66:           - "Name"                           = "ex-basic-public-us-west-2a"
TestTerraformBasicExample 2022-03-23T15:22:09Z logger.go:66:           - "kubernetes.io/cluster/ex-basic" = "shared"
TestTerraformBasicExample 2022-03-23T15:22:09Z logger.go:66:           - "kubernetes.io/role/elb"         = "1"
TestTerraformBasicExample 2022-03-23T15:22:09Z logger.go:66:         } -> null
TestTerraformBasicExample 2022-03-23T15:22:09Z logger.go:66:       - tags_all                                       = {
TestTerraformBasicExample 2022-03-23T15:22:09Z logger.go:66:           - "Example"                        = "ex-basic"
TestTerraformBasicExample 2022-03-23T15:22:09Z logger.go:66:           - "GithubOrg"                      = "aidan-melen"
TestTerraformBasicExample 2022-03-23T15:22:09Z logger.go:66:           - "GithubRepo"                     = "terraform-aws-eks-auth"
TestTerraformBasicExample 2022-03-23T15:22:09Z logger.go:66:           - "Name"                           = "ex-basic-public-us-west-2a"
TestTerraformBasicExample 2022-03-23T15:22:09Z logger.go:66:           - "kubernetes.io/cluster/ex-basic" = "shared"
TestTerraformBasicExample 2022-03-23T15:22:09Z logger.go:66:           - "kubernetes.io/role/elb"         = "1"
TestTerraformBasicExample 2022-03-23T15:22:09Z logger.go:66:         } -> null
TestTerraformBasicExample 2022-03-23T15:22:09Z logger.go:66:       - vpc_id                                         = "vpc-06edc6abdf49dcc59" -> null
TestTerraformBasicExample 2022-03-23T15:22:09Z logger.go:66:     }
TestTerraformBasicExample 2022-03-23T15:22:09Z logger.go:66:
TestTerraformBasicExample 2022-03-23T15:22:09Z logger.go:66:   # module.vpc.aws_subnet.public[1] will be destroyed
TestTerraformBasicExample 2022-03-23T15:22:09Z logger.go:66:   - resource "aws_subnet" "public" {
TestTerraformBasicExample 2022-03-23T15:22:09Z logger.go:66:       - arn                                            = "arn:aws:ec2:us-west-2:11111111111:subnet/subnet-0bcffee970618f41c" -> null
TestTerraformBasicExample 2022-03-23T15:22:09Z logger.go:66:       - assign_ipv6_address_on_creation                = false -> null
TestTerraformBasicExample 2022-03-23T15:22:09Z logger.go:66:       - availability_zone                              = "us-west-2b" -> null
TestTerraformBasicExample 2022-03-23T15:22:09Z logger.go:66:       - availability_zone_id                           = "usw2-az2" -> null
TestTerraformBasicExample 2022-03-23T15:22:09Z logger.go:66:       - cidr_block                                     = "10.0.5.0/24" -> null
TestTerraformBasicExample 2022-03-23T15:22:09Z logger.go:66:       - enable_dns64                                   = false -> null
TestTerraformBasicExample 2022-03-23T15:22:09Z logger.go:66:       - enable_resource_name_dns_a_record_on_launch    = false -> null
TestTerraformBasicExample 2022-03-23T15:22:09Z logger.go:66:       - enable_resource_name_dns_aaaa_record_on_launch = false -> null
TestTerraformBasicExample 2022-03-23T15:22:09Z logger.go:66:       - id                                             = "subnet-0bcffee970618f41c" -> null
TestTerraformBasicExample 2022-03-23T15:22:09Z logger.go:66:       - ipv6_native                                    = false -> null
TestTerraformBasicExample 2022-03-23T15:22:09Z logger.go:66:       - map_customer_owned_ip_on_launch                = false -> null
TestTerraformBasicExample 2022-03-23T15:22:09Z logger.go:66:       - map_public_ip_on_launch                        = true -> null
TestTerraformBasicExample 2022-03-23T15:22:09Z logger.go:66:       - owner_id                                       = "11111111111" -> null
TestTerraformBasicExample 2022-03-23T15:22:09Z logger.go:66:       - private_dns_hostname_type_on_launch            = "ip-name" -> null
TestTerraformBasicExample 2022-03-23T15:22:09Z logger.go:66:       - tags                                           = {
TestTerraformBasicExample 2022-03-23T15:22:09Z logger.go:66:           - "Name"                           = "ex-basic-public-us-west-2b"
TestTerraformBasicExample 2022-03-23T15:22:09Z logger.go:66:           - "kubernetes.io/cluster/ex-basic" = "shared"
TestTerraformBasicExample 2022-03-23T15:22:09Z logger.go:66:           - "kubernetes.io/role/elb"         = "1"
TestTerraformBasicExample 2022-03-23T15:22:09Z logger.go:66:         } -> null
TestTerraformBasicExample 2022-03-23T15:22:09Z logger.go:66:       - tags_all                                       = {
TestTerraformBasicExample 2022-03-23T15:22:09Z logger.go:66:           - "Example"                        = "ex-basic"
TestTerraformBasicExample 2022-03-23T15:22:09Z logger.go:66:           - "GithubOrg"                      = "aidan-melen"
TestTerraformBasicExample 2022-03-23T15:22:09Z logger.go:66:           - "GithubRepo"                     = "terraform-aws-eks-auth"
TestTerraformBasicExample 2022-03-23T15:22:09Z logger.go:66:           - "Name"                           = "ex-basic-public-us-west-2b"
TestTerraformBasicExample 2022-03-23T15:22:09Z logger.go:66:           - "kubernetes.io/cluster/ex-basic" = "shared"
TestTerraformBasicExample 2022-03-23T15:22:09Z logger.go:66:           - "kubernetes.io/role/elb"         = "1"
TestTerraformBasicExample 2022-03-23T15:22:09Z logger.go:66:         } -> null
TestTerraformBasicExample 2022-03-23T15:22:09Z logger.go:66:       - vpc_id                                         = "vpc-06edc6abdf49dcc59" -> null
TestTerraformBasicExample 2022-03-23T15:22:09Z logger.go:66:     }
TestTerraformBasicExample 2022-03-23T15:22:09Z logger.go:66:
TestTerraformBasicExample 2022-03-23T15:22:09Z logger.go:66:   # module.vpc.aws_subnet.public[2] will be destroyed
TestTerraformBasicExample 2022-03-23T15:22:09Z logger.go:66:   - resource "aws_subnet" "public" {
TestTerraformBasicExample 2022-03-23T15:22:09Z logger.go:66:       - arn                                            = "arn:aws:ec2:us-west-2:11111111111:subnet/subnet-053b56747ac77e57b" -> null
TestTerraformBasicExample 2022-03-23T15:22:09Z logger.go:66:       - assign_ipv6_address_on_creation                = false -> null
TestTerraformBasicExample 2022-03-23T15:22:09Z logger.go:66:       - availability_zone                              = "us-west-2c" -> null
TestTerraformBasicExample 2022-03-23T15:22:09Z logger.go:66:       - availability_zone_id                           = "usw2-az3" -> null
TestTerraformBasicExample 2022-03-23T15:22:09Z logger.go:66:       - cidr_block                                     = "10.0.6.0/24" -> null
TestTerraformBasicExample 2022-03-23T15:22:09Z logger.go:66:       - enable_dns64                                   = false -> null
TestTerraformBasicExample 2022-03-23T15:22:09Z logger.go:66:       - enable_resource_name_dns_a_record_on_launch    = false -> null
TestTerraformBasicExample 2022-03-23T15:22:09Z logger.go:66:       - enable_resource_name_dns_aaaa_record_on_launch = false -> null
TestTerraformBasicExample 2022-03-23T15:22:09Z logger.go:66:       - id                                             = "subnet-053b56747ac77e57b" -> null
TestTerraformBasicExample 2022-03-23T15:22:09Z logger.go:66:       - ipv6_native                                    = false -> null
TestTerraformBasicExample 2022-03-23T15:22:09Z logger.go:66:       - map_customer_owned_ip_on_launch                = false -> null
TestTerraformBasicExample 2022-03-23T15:22:09Z logger.go:66:       - map_public_ip_on_launch                        = true -> null
TestTerraformBasicExample 2022-03-23T15:22:09Z logger.go:66:       - owner_id                                       = "11111111111" -> null
TestTerraformBasicExample 2022-03-23T15:22:09Z logger.go:66:       - private_dns_hostname_type_on_launch            = "ip-name" -> null
TestTerraformBasicExample 2022-03-23T15:22:09Z logger.go:66:       - tags                                           = {
TestTerraformBasicExample 2022-03-23T15:22:09Z logger.go:66:           - "Name"                           = "ex-basic-public-us-west-2c"
TestTerraformBasicExample 2022-03-23T15:22:09Z logger.go:66:           - "kubernetes.io/cluster/ex-basic" = "shared"
TestTerraformBasicExample 2022-03-23T15:22:09Z logger.go:66:           - "kubernetes.io/role/elb"         = "1"
TestTerraformBasicExample 2022-03-23T15:22:09Z logger.go:66:         } -> null
TestTerraformBasicExample 2022-03-23T15:22:09Z logger.go:66:       - tags_all                                       = {
TestTerraformBasicExample 2022-03-23T15:22:09Z logger.go:66:           - "Example"                        = "ex-basic"
TestTerraformBasicExample 2022-03-23T15:22:09Z logger.go:66:           - "GithubOrg"                      = "aidan-melen"
TestTerraformBasicExample 2022-03-23T15:22:09Z logger.go:66:           - "GithubRepo"                     = "terraform-aws-eks-auth"
TestTerraformBasicExample 2022-03-23T15:22:09Z logger.go:66:           - "Name"                           = "ex-basic-public-us-west-2c"
TestTerraformBasicExample 2022-03-23T15:22:09Z logger.go:66:           - "kubernetes.io/cluster/ex-basic" = "shared"
TestTerraformBasicExample 2022-03-23T15:22:09Z logger.go:66:           - "kubernetes.io/role/elb"         = "1"
TestTerraformBasicExample 2022-03-23T15:22:09Z logger.go:66:         } -> null
TestTerraformBasicExample 2022-03-23T15:22:09Z logger.go:66:       - vpc_id                                         = "vpc-06edc6abdf49dcc59" -> null
TestTerraformBasicExample 2022-03-23T15:22:09Z logger.go:66:     }
TestTerraformBasicExample 2022-03-23T15:22:09Z logger.go:66:
TestTerraformBasicExample 2022-03-23T15:22:09Z logger.go:66:   # module.vpc.aws_vpc.this[0] will be destroyed
TestTerraformBasicExample 2022-03-23T15:22:09Z logger.go:66:   - resource "aws_vpc" "this" {
TestTerraformBasicExample 2022-03-23T15:22:09Z logger.go:66:       - arn                              = "arn:aws:ec2:us-west-2:11111111111:vpc/vpc-06edc6abdf49dcc59" -> null
TestTerraformBasicExample 2022-03-23T15:22:09Z logger.go:66:       - assign_generated_ipv6_cidr_block = false -> null
TestTerraformBasicExample 2022-03-23T15:22:09Z logger.go:66:       - cidr_block                       = "10.0.0.0/16" -> null
TestTerraformBasicExample 2022-03-23T15:22:09Z logger.go:66:       - default_network_acl_id           = "acl-01f89d29d7212420e" -> null
TestTerraformBasicExample 2022-03-23T15:22:09Z logger.go:66:       - default_route_table_id           = "rtb-036651133d8b39abe" -> null
TestTerraformBasicExample 2022-03-23T15:22:09Z logger.go:66:       - default_security_group_id        = "sg-060b5ce73c708436c" -> null
TestTerraformBasicExample 2022-03-23T15:22:09Z logger.go:66:       - dhcp_options_id                  = "dopt-b05de4d7" -> null
TestTerraformBasicExample 2022-03-23T15:22:09Z logger.go:66:       - enable_classiclink               = false -> null
TestTerraformBasicExample 2022-03-23T15:22:09Z logger.go:66:       - enable_classiclink_dns_support   = false -> null
TestTerraformBasicExample 2022-03-23T15:22:09Z logger.go:66:       - enable_dns_hostnames             = true -> null
TestTerraformBasicExample 2022-03-23T15:22:09Z logger.go:66:       - enable_dns_support               = true -> null
TestTerraformBasicExample 2022-03-23T15:22:09Z logger.go:66:       - id                               = "vpc-06edc6abdf49dcc59" -> null
TestTerraformBasicExample 2022-03-23T15:22:09Z logger.go:66:       - instance_tenancy                 = "default" -> null
TestTerraformBasicExample 2022-03-23T15:22:09Z logger.go:66:       - ipv6_netmask_length              = 0 -> null
TestTerraformBasicExample 2022-03-23T15:22:09Z logger.go:66:       - main_route_table_id              = "rtb-036651133d8b39abe" -> null
TestTerraformBasicExample 2022-03-23T15:22:09Z logger.go:66:       - owner_id                         = "11111111111" -> null
TestTerraformBasicExample 2022-03-23T15:22:09Z logger.go:66:       - tags                             = {
TestTerraformBasicExample 2022-03-23T15:22:09Z logger.go:66:           - "Name" = "ex-basic"
TestTerraformBasicExample 2022-03-23T15:22:09Z logger.go:66:         } -> null
TestTerraformBasicExample 2022-03-23T15:22:09Z logger.go:66:       - tags_all                         = {
TestTerraformBasicExample 2022-03-23T15:22:09Z logger.go:66:           - "Example"    = "ex-basic"
TestTerraformBasicExample 2022-03-23T15:22:09Z logger.go:66:           - "GithubOrg"  = "aidan-melen"
TestTerraformBasicExample 2022-03-23T15:22:09Z logger.go:66:           - "GithubRepo" = "terraform-aws-eks-auth"
TestTerraformBasicExample 2022-03-23T15:22:09Z logger.go:66:           - "Name"       = "ex-basic"
TestTerraformBasicExample 2022-03-23T15:22:09Z logger.go:66:         } -> null
TestTerraformBasicExample 2022-03-23T15:22:09Z logger.go:66:     }
TestTerraformBasicExample 2022-03-23T15:22:09Z logger.go:66:
TestTerraformBasicExample 2022-03-23T15:22:09Z logger.go:66:   # module.eks.module.eks_managed_node_group["foo"].aws_eks_node_group.this[0] will be destroyed
TestTerraformBasicExample 2022-03-23T15:22:09Z logger.go:66:   - resource "aws_eks_node_group" "this" {
TestTerraformBasicExample 2022-03-23T15:22:09Z logger.go:66:       - ami_type               = "AL2_x86_64" -> null
TestTerraformBasicExample 2022-03-23T15:22:09Z logger.go:66:       - arn                    = "arn:aws:eks:us-west-2:11111111111:nodegroup/ex-basic/foo-2022032315184597250000000d/00bfdbad-f7df-b7b7-e26e-105d1341c42c" -> null
TestTerraformBasicExample 2022-03-23T15:22:09Z logger.go:66:       - capacity_type          = "ON_DEMAND" -> null
TestTerraformBasicExample 2022-03-23T15:22:09Z logger.go:66:       - cluster_name           = "ex-basic" -> null
TestTerraformBasicExample 2022-03-23T15:22:09Z logger.go:66:       - disk_size              = 0 -> null
TestTerraformBasicExample 2022-03-23T15:22:09Z logger.go:66:       - id                     = "ex-basic:foo-2022032315184597250000000d" -> null
TestTerraformBasicExample 2022-03-23T15:22:09Z logger.go:66:       - instance_types         = [
TestTerraformBasicExample 2022-03-23T15:22:09Z logger.go:66:           - "t3.medium",
TestTerraformBasicExample 2022-03-23T15:22:09Z logger.go:66:         ] -> null
TestTerraformBasicExample 2022-03-23T15:22:09Z logger.go:66:       - labels                 = {} -> null
TestTerraformBasicExample 2022-03-23T15:22:09Z logger.go:66:       - node_group_name        = "foo-2022032315184597250000000d" -> null
TestTerraformBasicExample 2022-03-23T15:22:09Z logger.go:66:       - node_group_name_prefix = "foo-" -> null
TestTerraformBasicExample 2022-03-23T15:22:09Z logger.go:66:       - node_role_arn          = "arn:aws:iam::11111111111:role/foo-eks-node-group-20220323151002266200000001" -> null
TestTerraformBasicExample 2022-03-23T15:22:09Z logger.go:66:       - release_version        = "1.21.5-20220309" -> null
TestTerraformBasicExample 2022-03-23T15:22:09Z logger.go:66:       - resources              = [
TestTerraformBasicExample 2022-03-23T15:22:09Z logger.go:66:           - {
TestTerraformBasicExample 2022-03-23T15:22:09Z logger.go:66:               - autoscaling_groups              = [
TestTerraformBasicExample 2022-03-23T15:22:09Z logger.go:66:                   - {
TestTerraformBasicExample 2022-03-23T15:22:09Z logger.go:66:                       - name = "eks-foo-2022032315184597250000000d-00bfdbad-f7df-b7b7-e26e-105d1341c42c"
TestTerraformBasicExample 2022-03-23T15:22:09Z logger.go:66:                     },
TestTerraformBasicExample 2022-03-23T15:22:09Z logger.go:66:                 ]
TestTerraformBasicExample 2022-03-23T15:22:09Z logger.go:66:               - remote_access_security_group_id = ""
TestTerraformBasicExample 2022-03-23T15:22:09Z logger.go:66:             },
TestTerraformBasicExample 2022-03-23T15:22:09Z logger.go:66:         ] -> null
TestTerraformBasicExample 2022-03-23T15:22:09Z logger.go:66:       - status                 = "ACTIVE" -> null
TestTerraformBasicExample 2022-03-23T15:22:09Z logger.go:66:       - subnet_ids             = [
TestTerraformBasicExample 2022-03-23T15:22:09Z logger.go:66:           - "subnet-03d50272571eba3c6",
TestTerraformBasicExample 2022-03-23T15:22:09Z logger.go:66:           - "subnet-0711f78369ad56d95",
TestTerraformBasicExample 2022-03-23T15:22:09Z logger.go:66:           - "subnet-0f021808b97037056",
TestTerraformBasicExample 2022-03-23T15:22:09Z logger.go:66:         ] -> null
TestTerraformBasicExample 2022-03-23T15:22:09Z logger.go:66:       - tags                   = {
TestTerraformBasicExample 2022-03-23T15:22:09Z logger.go:66:           - "Name" = "foo"
TestTerraformBasicExample 2022-03-23T15:22:09Z logger.go:66:         } -> null
TestTerraformBasicExample 2022-03-23T15:22:09Z logger.go:66:       - tags_all               = {
TestTerraformBasicExample 2022-03-23T15:22:09Z logger.go:66:           - "Example"    = "ex-basic"
TestTerraformBasicExample 2022-03-23T15:22:09Z logger.go:66:           - "GithubOrg"  = "aidan-melen"
TestTerraformBasicExample 2022-03-23T15:22:09Z logger.go:66:           - "GithubRepo" = "terraform-aws-eks-auth"
TestTerraformBasicExample 2022-03-23T15:22:09Z logger.go:66:           - "Name"       = "foo"
TestTerraformBasicExample 2022-03-23T15:22:09Z logger.go:66:         } -> null
TestTerraformBasicExample 2022-03-23T15:22:09Z logger.go:66:       - version                = "1.21" -> null
TestTerraformBasicExample 2022-03-23T15:22:09Z logger.go:66:
TestTerraformBasicExample 2022-03-23T15:22:09Z logger.go:66:       - launch_template {
TestTerraformBasicExample 2022-03-23T15:22:09Z logger.go:66:           - id      = "lt-0c8d9e6841a23dc83" -> null
TestTerraformBasicExample 2022-03-23T15:22:09Z logger.go:66:           - name    = "foo-2022032315184540810000000b" -> null
TestTerraformBasicExample 2022-03-23T15:22:09Z logger.go:66:           - version = "1" -> null
TestTerraformBasicExample 2022-03-23T15:22:09Z logger.go:66:         }
TestTerraformBasicExample 2022-03-23T15:22:09Z logger.go:66:
TestTerraformBasicExample 2022-03-23T15:22:09Z logger.go:66:       - scaling_config {
TestTerraformBasicExample 2022-03-23T15:22:09Z logger.go:66:           - desired_size = 1 -> null
TestTerraformBasicExample 2022-03-23T15:22:09Z logger.go:66:           - max_size     = 3 -> null
TestTerraformBasicExample 2022-03-23T15:22:09Z logger.go:66:           - min_size     = 1 -> null
TestTerraformBasicExample 2022-03-23T15:22:09Z logger.go:66:         }
TestTerraformBasicExample 2022-03-23T15:22:09Z logger.go:66:
TestTerraformBasicExample 2022-03-23T15:22:09Z logger.go:66:       - timeouts {}
TestTerraformBasicExample 2022-03-23T15:22:09Z logger.go:66:
TestTerraformBasicExample 2022-03-23T15:22:09Z logger.go:66:       - update_config {
TestTerraformBasicExample 2022-03-23T15:22:09Z logger.go:66:           - max_unavailable            = 1 -> null
TestTerraformBasicExample 2022-03-23T15:22:09Z logger.go:66:           - max_unavailable_percentage = 0 -> null
TestTerraformBasicExample 2022-03-23T15:22:09Z logger.go:66:         }
TestTerraformBasicExample 2022-03-23T15:22:09Z logger.go:66:     }
TestTerraformBasicExample 2022-03-23T15:22:09Z logger.go:66:
TestTerraformBasicExample 2022-03-23T15:22:09Z logger.go:66:   # module.eks.module.eks_managed_node_group["foo"].aws_iam_role.this[0] will be destroyed
TestTerraformBasicExample 2022-03-23T15:22:09Z logger.go:66:   - resource "aws_iam_role" "this" {
TestTerraformBasicExample 2022-03-23T15:22:09Z logger.go:66:       - arn                   = "arn:aws:iam::11111111111:role/foo-eks-node-group-20220323151002266200000001" -> null
TestTerraformBasicExample 2022-03-23T15:22:09Z logger.go:66:       - assume_role_policy    = jsonencode(
TestTerraformBasicExample 2022-03-23T15:22:09Z logger.go:66:             {
TestTerraformBasicExample 2022-03-23T15:22:09Z logger.go:66:               - Statement = [
TestTerraformBasicExample 2022-03-23T15:22:09Z logger.go:66:                   - {
TestTerraformBasicExample 2022-03-23T15:22:09Z logger.go:66:                       - Action    = "sts:AssumeRole"
TestTerraformBasicExample 2022-03-23T15:22:09Z logger.go:66:                       - Effect    = "Allow"
TestTerraformBasicExample 2022-03-23T15:22:09Z logger.go:66:                       - Principal = {
TestTerraformBasicExample 2022-03-23T15:22:09Z logger.go:66:                           - Service = "ec2.amazonaws.com"
TestTerraformBasicExample 2022-03-23T15:22:09Z logger.go:66:                         }
TestTerraformBasicExample 2022-03-23T15:22:09Z logger.go:66:                       - Sid       = "EKSNodeAssumeRole"
TestTerraformBasicExample 2022-03-23T15:22:09Z logger.go:66:                     },
TestTerraformBasicExample 2022-03-23T15:22:09Z logger.go:66:                 ]
TestTerraformBasicExample 2022-03-23T15:22:09Z logger.go:66:               - Version   = "2012-10-17"
TestTerraformBasicExample 2022-03-23T15:22:09Z logger.go:66:             }
TestTerraformBasicExample 2022-03-23T15:22:09Z logger.go:66:         ) -> null
TestTerraformBasicExample 2022-03-23T15:22:09Z logger.go:66:       - create_date           = "2022-03-23T15:10:06Z" -> null
TestTerraformBasicExample 2022-03-23T15:22:09Z logger.go:66:       - description           = "EKS managed node group IAM role" -> null
TestTerraformBasicExample 2022-03-23T15:22:09Z logger.go:66:       - force_detach_policies = true -> null
TestTerraformBasicExample 2022-03-23T15:22:09Z logger.go:66:       - id                    = "foo-eks-node-group-20220323151002266200000001" -> null
TestTerraformBasicExample 2022-03-23T15:22:09Z logger.go:66:       - managed_policy_arns   = [
TestTerraformBasicExample 2022-03-23T15:22:09Z logger.go:66:           - "arn:aws:iam::aws:policy/AmazonEC2ContainerRegistryReadOnly",
TestTerraformBasicExample 2022-03-23T15:22:09Z logger.go:66:           - "arn:aws:iam::aws:policy/AmazonEKSWorkerNodePolicy",
TestTerraformBasicExample 2022-03-23T15:22:09Z logger.go:66:           - "arn:aws:iam::aws:policy/AmazonEKS_CNI_Policy",
TestTerraformBasicExample 2022-03-23T15:22:09Z logger.go:66:         ] -> null
TestTerraformBasicExample 2022-03-23T15:22:09Z logger.go:66:       - max_session_duration  = 3600 -> null
TestTerraformBasicExample 2022-03-23T15:22:09Z logger.go:66:       - name                  = "foo-eks-node-group-20220323151002266200000001" -> null
TestTerraformBasicExample 2022-03-23T15:22:09Z logger.go:66:       - name_prefix           = "foo-eks-node-group-" -> null
TestTerraformBasicExample 2022-03-23T15:22:09Z logger.go:66:       - path                  = "/" -> null
TestTerraformBasicExample 2022-03-23T15:22:09Z logger.go:66:       - tags                  = {} -> null
TestTerraformBasicExample 2022-03-23T15:22:09Z logger.go:66:       - tags_all              = {
TestTerraformBasicExample 2022-03-23T15:22:09Z logger.go:66:           - "Example"    = "ex-basic"
TestTerraformBasicExample 2022-03-23T15:22:09Z logger.go:66:           - "GithubOrg"  = "aidan-melen"
TestTerraformBasicExample 2022-03-23T15:22:09Z logger.go:66:           - "GithubRepo" = "terraform-aws-eks-auth"
TestTerraformBasicExample 2022-03-23T15:22:09Z logger.go:66:         } -> null
TestTerraformBasicExample 2022-03-23T15:22:09Z logger.go:66:       - unique_id             = "AROAUYBJJ5B734PN2QD3H" -> null
TestTerraformBasicExample 2022-03-23T15:22:09Z logger.go:66:
TestTerraformBasicExample 2022-03-23T15:22:09Z logger.go:66:       - inline_policy {}
TestTerraformBasicExample 2022-03-23T15:22:09Z logger.go:66:     }
TestTerraformBasicExample 2022-03-23T15:22:09Z logger.go:66:
TestTerraformBasicExample 2022-03-23T15:22:09Z logger.go:66:   # module.eks.module.eks_managed_node_group["foo"].aws_iam_role_policy_attachment.this["arn:aws:iam::aws:policy/AmazonEC2ContainerRegistryReadOnly"] will be destroyed
TestTerraformBasicExample 2022-03-23T15:22:09Z logger.go:66:   - resource "aws_iam_role_policy_attachment" "this" {
TestTerraformBasicExample 2022-03-23T15:22:09Z logger.go:66:       - id         = "foo-eks-node-group-20220323151002266200000001-20220323151003948300000007" -> null
TestTerraformBasicExample 2022-03-23T15:22:09Z logger.go:66:       - policy_arn = "arn:aws:iam::aws:policy/AmazonEC2ContainerRegistryReadOnly" -> null
TestTerraformBasicExample 2022-03-23T15:22:09Z logger.go:66:       - role       = "foo-eks-node-group-20220323151002266200000001" -> null
TestTerraformBasicExample 2022-03-23T15:22:09Z logger.go:66:     }
TestTerraformBasicExample 2022-03-23T15:22:09Z logger.go:66:
TestTerraformBasicExample 2022-03-23T15:22:09Z logger.go:66:   # module.eks.module.eks_managed_node_group["foo"].aws_iam_role_policy_attachment.this["arn:aws:iam::aws:policy/AmazonEKSWorkerNodePolicy"] will be destroyed
TestTerraformBasicExample 2022-03-23T15:22:09Z logger.go:66:   - resource "aws_iam_role_policy_attachment" "this" {
TestTerraformBasicExample 2022-03-23T15:22:09Z logger.go:66:       - id         = "foo-eks-node-group-20220323151002266200000001-20220323151003847800000005" -> null
TestTerraformBasicExample 2022-03-23T15:22:09Z logger.go:66:       - policy_arn = "arn:aws:iam::aws:policy/AmazonEKSWorkerNodePolicy" -> null
TestTerraformBasicExample 2022-03-23T15:22:09Z logger.go:66:       - role       = "foo-eks-node-group-20220323151002266200000001" -> null
TestTerraformBasicExample 2022-03-23T15:22:09Z logger.go:66:     }
TestTerraformBasicExample 2022-03-23T15:22:09Z logger.go:66:
TestTerraformBasicExample 2022-03-23T15:22:09Z logger.go:66:   # module.eks.module.eks_managed_node_group["foo"].aws_iam_role_policy_attachment.this["arn:aws:iam::aws:policy/AmazonEKS_CNI_Policy"] will be destroyed
TestTerraformBasicExample 2022-03-23T15:22:09Z logger.go:66:   - resource "aws_iam_role_policy_attachment" "this" {
TestTerraformBasicExample 2022-03-23T15:22:09Z logger.go:66:       - id         = "foo-eks-node-group-20220323151002266200000001-20220323151003932300000006" -> null
TestTerraformBasicExample 2022-03-23T15:22:09Z logger.go:66:       - policy_arn = "arn:aws:iam::aws:policy/AmazonEKS_CNI_Policy" -> null
TestTerraformBasicExample 2022-03-23T15:22:09Z logger.go:66:       - role       = "foo-eks-node-group-20220323151002266200000001" -> null
TestTerraformBasicExample 2022-03-23T15:22:09Z logger.go:66:     }
TestTerraformBasicExample 2022-03-23T15:22:09Z logger.go:66:
TestTerraformBasicExample 2022-03-23T15:22:09Z logger.go:66:   # module.eks.module.eks_managed_node_group["foo"].aws_launch_template.this[0] will be destroyed
TestTerraformBasicExample 2022-03-23T15:22:09Z logger.go:66:   - resource "aws_launch_template" "this" {
TestTerraformBasicExample 2022-03-23T15:22:09Z logger.go:66:       - arn                     = "arn:aws:ec2:us-west-2:11111111111:launch-template/lt-0c8d9e6841a23dc83" -> null
TestTerraformBasicExample 2022-03-23T15:22:09Z logger.go:66:       - default_version         = 1 -> null
TestTerraformBasicExample 2022-03-23T15:22:09Z logger.go:66:       - description             = "Custom launch template for foo EKS managed node group" -> null
TestTerraformBasicExample 2022-03-23T15:22:09Z logger.go:66:       - disable_api_termination = false -> null
TestTerraformBasicExample 2022-03-23T15:22:09Z logger.go:66:       - id                      = "lt-0c8d9e6841a23dc83" -> null
TestTerraformBasicExample 2022-03-23T15:22:09Z logger.go:66:       - latest_version          = 1 -> null
TestTerraformBasicExample 2022-03-23T15:22:09Z logger.go:66:       - name                    = "foo-2022032315184540810000000b" -> null
TestTerraformBasicExample 2022-03-23T15:22:09Z logger.go:66:       - name_prefix             = "foo-" -> null
TestTerraformBasicExample 2022-03-23T15:22:09Z logger.go:66:       - security_group_names    = [] -> null
TestTerraformBasicExample 2022-03-23T15:22:09Z logger.go:66:       - tags                    = {} -> null
TestTerraformBasicExample 2022-03-23T15:22:09Z logger.go:66:       - tags_all                = {
TestTerraformBasicExample 2022-03-23T15:22:09Z logger.go:66:           - "Example"    = "ex-basic"
TestTerraformBasicExample 2022-03-23T15:22:09Z logger.go:66:           - "GithubOrg"  = "aidan-melen"
TestTerraformBasicExample 2022-03-23T15:22:09Z logger.go:66:           - "GithubRepo" = "terraform-aws-eks-auth"
TestTerraformBasicExample 2022-03-23T15:22:09Z logger.go:66:         } -> null
TestTerraformBasicExample 2022-03-23T15:22:09Z logger.go:66:       - update_default_version  = true -> null
TestTerraformBasicExample 2022-03-23T15:22:09Z logger.go:66:       - vpc_security_group_ids  = [
TestTerraformBasicExample 2022-03-23T15:22:09Z logger.go:66:           - "sg-060a828ccc9793936",
TestTerraformBasicExample 2022-03-23T15:22:09Z logger.go:66:           - "sg-0bb1dadddd5bc709b",
TestTerraformBasicExample 2022-03-23T15:22:09Z logger.go:66:         ] -> null
TestTerraformBasicExample 2022-03-23T15:22:09Z logger.go:66:
TestTerraformBasicExample 2022-03-23T15:22:09Z logger.go:66:       - metadata_options {
TestTerraformBasicExample 2022-03-23T15:22:09Z logger.go:66:           - http_endpoint               = "enabled" -> null
TestTerraformBasicExample 2022-03-23T15:22:09Z logger.go:66:           - http_protocol_ipv6          = "disabled" -> null
TestTerraformBasicExample 2022-03-23T15:22:09Z logger.go:66:           - http_put_response_hop_limit = 2 -> null
TestTerraformBasicExample 2022-03-23T15:22:09Z logger.go:66:           - http_tokens                 = "required" -> null
TestTerraformBasicExample 2022-03-23T15:22:09Z logger.go:66:           - instance_metadata_tags      = "disabled" -> null
TestTerraformBasicExample 2022-03-23T15:22:09Z logger.go:66:         }
TestTerraformBasicExample 2022-03-23T15:22:09Z logger.go:66:
TestTerraformBasicExample 2022-03-23T15:22:09Z logger.go:66:       - monitoring {
TestTerraformBasicExample 2022-03-23T15:22:09Z logger.go:66:           - enabled = true -> null
TestTerraformBasicExample 2022-03-23T15:22:09Z logger.go:66:         }
TestTerraformBasicExample 2022-03-23T15:22:09Z logger.go:66:
TestTerraformBasicExample 2022-03-23T15:22:09Z logger.go:66:       - tag_specifications {
TestTerraformBasicExample 2022-03-23T15:22:09Z logger.go:66:           - resource_type = "instance" -> null
TestTerraformBasicExample 2022-03-23T15:22:09Z logger.go:66:           - tags          = {
TestTerraformBasicExample 2022-03-23T15:22:09Z logger.go:66:               - "Name" = "foo"
TestTerraformBasicExample 2022-03-23T15:22:09Z logger.go:66:             } -> null
TestTerraformBasicExample 2022-03-23T15:22:09Z logger.go:66:         }
TestTerraformBasicExample 2022-03-23T15:22:09Z logger.go:66:       - tag_specifications {
TestTerraformBasicExample 2022-03-23T15:22:09Z logger.go:66:           - resource_type = "network-interface" -> null
TestTerraformBasicExample 2022-03-23T15:22:09Z logger.go:66:           - tags          = {
TestTerraformBasicExample 2022-03-23T15:22:09Z logger.go:66:               - "Name" = "foo"
TestTerraformBasicExample 2022-03-23T15:22:09Z logger.go:66:             } -> null
TestTerraformBasicExample 2022-03-23T15:22:09Z logger.go:66:         }
TestTerraformBasicExample 2022-03-23T15:22:09Z logger.go:66:       - tag_specifications {
TestTerraformBasicExample 2022-03-23T15:22:09Z logger.go:66:           - resource_type = "volume" -> null
TestTerraformBasicExample 2022-03-23T15:22:09Z logger.go:66:           - tags          = {
TestTerraformBasicExample 2022-03-23T15:22:09Z logger.go:66:               - "Name" = "foo"
TestTerraformBasicExample 2022-03-23T15:22:09Z logger.go:66:             } -> null
TestTerraformBasicExample 2022-03-23T15:22:09Z logger.go:66:         }
TestTerraformBasicExample 2022-03-23T15:22:09Z logger.go:66:     }
TestTerraformBasicExample 2022-03-23T15:22:09Z logger.go:66:
TestTerraformBasicExample 2022-03-23T15:22:09Z logger.go:66:   # module.eks.module.eks_managed_node_group["foo"].aws_security_group.this[0] will be destroyed
TestTerraformBasicExample 2022-03-23T15:22:09Z logger.go:66:   - resource "aws_security_group" "this" {
TestTerraformBasicExample 2022-03-23T15:22:09Z logger.go:66:       - arn                    = "arn:aws:ec2:us-west-2:11111111111:security-group/sg-060a828ccc9793936" -> null
TestTerraformBasicExample 2022-03-23T15:22:09Z logger.go:66:       - description            = "EKS managed node group security group" -> null
TestTerraformBasicExample 2022-03-23T15:22:09Z logger.go:66:       - egress                 = [] -> null
TestTerraformBasicExample 2022-03-23T15:22:09Z logger.go:66:       - id                     = "sg-060a828ccc9793936" -> null
TestTerraformBasicExample 2022-03-23T15:22:09Z logger.go:66:       - ingress                = [] -> null
TestTerraformBasicExample 2022-03-23T15:22:09Z logger.go:66:       - name                   = "foo-eks-node-group-2022032315101486430000000a" -> null
TestTerraformBasicExample 2022-03-23T15:22:09Z logger.go:66:       - name_prefix            = "foo-eks-node-group-" -> null
TestTerraformBasicExample 2022-03-23T15:22:09Z logger.go:66:       - owner_id               = "11111111111" -> null
TestTerraformBasicExample 2022-03-23T15:22:09Z logger.go:66:       - revoke_rules_on_delete = false -> null
TestTerraformBasicExample 2022-03-23T15:22:09Z logger.go:66:       - tags                   = {
TestTerraformBasicExample 2022-03-23T15:22:09Z logger.go:66:           - "Name" = "foo-eks-node-group"
TestTerraformBasicExample 2022-03-23T15:22:09Z logger.go:66:         } -> null
TestTerraformBasicExample 2022-03-23T15:22:09Z logger.go:66:       - tags_all               = {
TestTerraformBasicExample 2022-03-23T15:22:09Z logger.go:66:           - "Example"    = "ex-basic"
TestTerraformBasicExample 2022-03-23T15:22:09Z logger.go:66:           - "GithubOrg"  = "aidan-melen"
TestTerraformBasicExample 2022-03-23T15:22:09Z logger.go:66:           - "GithubRepo" = "terraform-aws-eks-auth"
TestTerraformBasicExample 2022-03-23T15:22:09Z logger.go:66:           - "Name"       = "foo-eks-node-group"
TestTerraformBasicExample 2022-03-23T15:22:09Z logger.go:66:         } -> null
TestTerraformBasicExample 2022-03-23T15:22:09Z logger.go:66:       - vpc_id                 = "vpc-06edc6abdf49dcc59" -> null
TestTerraformBasicExample 2022-03-23T15:22:09Z logger.go:66:     }
TestTerraformBasicExample 2022-03-23T15:22:09Z logger.go:66:
TestTerraformBasicExample 2022-03-23T15:22:09Z logger.go:66: Plan: 0 to add, 0 to change, 49 to destroy.
TestTerraformBasicExample 2022-03-23T15:22:09Z logger.go:66:
TestTerraformBasicExample 2022-03-23T15:22:09Z logger.go:66: Changes to Outputs:
TestTerraformBasicExample 2022-03-23T15:22:09Z logger.go:66:   - map_accounts            = [] -> null
TestTerraformBasicExample 2022-03-23T15:22:09Z logger.go:66:   - map_roles               = [
TestTerraformBasicExample 2022-03-23T15:22:09Z logger.go:66:       - {
TestTerraformBasicExample 2022-03-23T15:22:09Z logger.go:66:           - groups   = [
TestTerraformBasicExample 2022-03-23T15:22:09Z logger.go:66:               - "system:bootstrappers",
TestTerraformBasicExample 2022-03-23T15:22:09Z logger.go:66:               - "system:nodes",
TestTerraformBasicExample 2022-03-23T15:22:09Z logger.go:66:             ]
TestTerraformBasicExample 2022-03-23T15:22:09Z logger.go:66:           - rolearn  = "arn:aws:iam::11111111111:role/foo-eks-node-group-20220323151002266200000001"
TestTerraformBasicExample 2022-03-23T15:22:09Z logger.go:66:           - username = "system:node:{{EC2PrivateDNSName}}"
TestTerraformBasicExample 2022-03-23T15:22:09Z logger.go:66:         },
TestTerraformBasicExample 2022-03-23T15:22:09Z logger.go:66:     ] -> null
TestTerraformBasicExample 2022-03-23T15:22:09Z logger.go:66:   - map_users               = [] -> null
TestTerraformBasicExample 2022-03-23T15:22:09Z logger.go:66:   - node_group_iam_role_arn = "arn:aws:iam::11111111111:role/foo-eks-node-group-20220323151002266200000001" -> null
TestTerraformBasicExample 2022-03-23T15:22:10Z logger.go:66: module.eks_auth.kubectl_manifest.patch: Destroying... [id=/api/v1/namespaces/kube-system/configmaps/aws-auth]
TestTerraformBasicExample 2022-03-23T15:22:10Z logger.go:66: module.eks_auth.kubectl_manifest.patch: Destruction complete after 0s
TestTerraformBasicExample 2022-03-23T15:22:11Z logger.go:66: module.vpc.aws_route_table_association.public[2]: Destroying... [id=rtbassoc-02f915d66a2469d8e]
TestTerraformBasicExample 2022-03-23T15:22:11Z logger.go:66: module.vpc.aws_route_table_association.public[1]: Destroying... [id=rtbassoc-0ddc7211ac8e93807]
TestTerraformBasicExample 2022-03-23T15:22:11Z logger.go:66: module.vpc.aws_route.private_nat_gateway[0]: Destroying... [id=r-rtb-06c223320b44d85eb1080289494]
TestTerraformBasicExample 2022-03-23T15:22:11Z logger.go:66: module.vpc.aws_route_table_association.private[0]: Destroying... [id=rtbassoc-0cbd6dfcce4d8f35b]
TestTerraformBasicExample 2022-03-23T15:22:11Z logger.go:66: module.vpc.aws_route_table_association.public[0]: Destroying... [id=rtbassoc-09363a8b5442d8576]
TestTerraformBasicExample 2022-03-23T15:22:11Z logger.go:66: module.vpc.aws_route_table_association.private[1]: Destroying... [id=rtbassoc-01a6388ae624b62ee]
TestTerraformBasicExample 2022-03-23T15:22:11Z logger.go:66: module.vpc.aws_route.public_internet_gateway[0]: Destroying... [id=r-rtb-0bcf4105dcd7ca6b31080289494]
TestTerraformBasicExample 2022-03-23T15:22:11Z logger.go:66: module.eks.aws_iam_openid_connect_provider.oidc_provider[0]: Destroying... [id=arn:aws:iam::11111111111:oidc-provider/oidc.eks.us-west-2.amazonaws.com/id/99CB19FE0E05831CA5080FCD4A9740B7]
TestTerraformBasicExample 2022-03-23T15:22:11Z logger.go:66: module.eks.module.eks_managed_node_group["foo"].aws_eks_node_group.this[0]: Destroying... [id=ex-basic:foo-2022032315184597250000000d]
TestTerraformBasicExample 2022-03-23T15:22:11Z logger.go:66: module.vpc.aws_route_table_association.private[2]: Destroying... [id=rtbassoc-0269d0939c5e1fe22]
TestTerraformBasicExample 2022-03-23T15:22:11Z logger.go:66: module.vpc.aws_route_table_association.public[2]: Destruction complete after 1s
TestTerraformBasicExample 2022-03-23T15:22:11Z logger.go:66: module.eks.aws_iam_openid_connect_provider.oidc_provider[0]: Destruction complete after 1s
TestTerraformBasicExample 2022-03-23T15:22:11Z logger.go:66: module.vpc.aws_route_table_association.public[0]: Destruction complete after 1s
TestTerraformBasicExample 2022-03-23T15:22:11Z logger.go:66: module.vpc.aws_route_table_association.private[0]: Destruction complete after 1s
TestTerraformBasicExample 2022-03-23T15:22:11Z logger.go:66: module.vpc.aws_route_table_association.private[1]: Destruction complete after 1s
TestTerraformBasicExample 2022-03-23T15:22:11Z logger.go:66: module.vpc.aws_route_table_association.public[1]: Destruction complete after 1s
TestTerraformBasicExample 2022-03-23T15:22:12Z logger.go:66: module.vpc.aws_route_table_association.private[2]: Destruction complete after 0s
TestTerraformBasicExample 2022-03-23T15:22:12Z logger.go:66: module.vpc.aws_route.public_internet_gateway[0]: Destruction complete after 1s
TestTerraformBasicExample 2022-03-23T15:22:12Z logger.go:66: module.vpc.aws_route.private_nat_gateway[0]: Destruction complete after 1s
TestTerraformBasicExample 2022-03-23T15:22:12Z logger.go:66: module.vpc.aws_route_table.private[0]: Destroying... [id=rtb-06c223320b44d85eb]
TestTerraformBasicExample 2022-03-23T15:22:12Z logger.go:66: module.vpc.aws_nat_gateway.this[0]: Destroying... [id=nat-0e35233099dd08627]
TestTerraformBasicExample 2022-03-23T15:22:12Z logger.go:66: module.vpc.aws_route_table.public[0]: Destroying... [id=rtb-0bcf4105dcd7ca6b3]
TestTerraformBasicExample 2022-03-23T15:22:12Z logger.go:66: module.vpc.aws_route_table.private[0]: Destruction complete after 0s
TestTerraformBasicExample 2022-03-23T15:22:12Z logger.go:66: module.vpc.aws_route_table.public[0]: Destruction complete after 1s
TestTerraformBasicExample 2022-03-23T15:22:21Z logger.go:66: module.eks.module.eks_managed_node_group["foo"].aws_eks_node_group.this[0]: Still destroying... [id=ex-basic:foo-2022032315184597250000000d, 10s elapsed]
TestTerraformBasicExample 2022-03-23T15:22:22Z logger.go:66: module.vpc.aws_nat_gateway.this[0]: Still destroying... [id=nat-0e35233099dd08627, 10s elapsed]
TestTerraformBasicExample 2022-03-23T15:22:31Z logger.go:66: module.eks.module.eks_managed_node_group["foo"].aws_eks_node_group.this[0]: Still destroying... [id=ex-basic:foo-2022032315184597250000000d, 20s elapsed]
TestTerraformBasicExample 2022-03-23T15:22:32Z logger.go:66: module.vpc.aws_nat_gateway.this[0]: Still destroying... [id=nat-0e35233099dd08627, 20s elapsed]
TestTerraformBasicExample 2022-03-23T15:22:41Z logger.go:66: module.eks.module.eks_managed_node_group["foo"].aws_eks_node_group.this[0]: Still destroying... [id=ex-basic:foo-2022032315184597250000000d, 30s elapsed]
TestTerraformBasicExample 2022-03-23T15:22:42Z logger.go:66: module.vpc.aws_nat_gateway.this[0]: Still destroying... [id=nat-0e35233099dd08627, 30s elapsed]
TestTerraformBasicExample 2022-03-23T15:22:51Z logger.go:66: module.eks.module.eks_managed_node_group["foo"].aws_eks_node_group.this[0]: Still destroying... [id=ex-basic:foo-2022032315184597250000000d, 40s elapsed]
TestTerraformBasicExample 2022-03-23T15:22:52Z logger.go:66: module.vpc.aws_nat_gateway.this[0]: Still destroying... [id=nat-0e35233099dd08627, 40s elapsed]
TestTerraformBasicExample 2022-03-23T15:23:01Z logger.go:66: module.eks.module.eks_managed_node_group["foo"].aws_eks_node_group.this[0]: Still destroying... [id=ex-basic:foo-2022032315184597250000000d, 50s elapsed]
TestTerraformBasicExample 2022-03-23T15:23:02Z logger.go:66: module.vpc.aws_nat_gateway.this[0]: Still destroying... [id=nat-0e35233099dd08627, 50s elapsed]
TestTerraformBasicExample 2022-03-23T15:23:11Z logger.go:66: module.eks.module.eks_managed_node_group["foo"].aws_eks_node_group.this[0]: Still destroying... [id=ex-basic:foo-2022032315184597250000000d, 1m0s elapsed]
TestTerraformBasicExample 2022-03-23T15:23:12Z logger.go:66: module.vpc.aws_nat_gateway.this[0]: Still destroying... [id=nat-0e35233099dd08627, 1m0s elapsed]
TestTerraformBasicExample 2022-03-23T15:23:12Z logger.go:66: module.vpc.aws_nat_gateway.this[0]: Destruction complete after 1m1s
TestTerraformBasicExample 2022-03-23T15:23:12Z logger.go:66: module.vpc.aws_internet_gateway.this[0]: Destroying... [id=igw-039e21946a47b5e57]
TestTerraformBasicExample 2022-03-23T15:23:12Z logger.go:66: module.vpc.aws_subnet.public[1]: Destroying... [id=subnet-0bcffee970618f41c]
TestTerraformBasicExample 2022-03-23T15:23:12Z logger.go:66: module.vpc.aws_subnet.public[2]: Destroying... [id=subnet-053b56747ac77e57b]
TestTerraformBasicExample 2022-03-23T15:23:12Z logger.go:66: module.vpc.aws_eip.nat[0]: Destroying... [id=eipalloc-0ebf3c4e44e3f0d7a]
TestTerraformBasicExample 2022-03-23T15:23:12Z logger.go:66: module.vpc.aws_subnet.public[0]: Destroying... [id=subnet-01b3e7dbb9182b558]
TestTerraformBasicExample 2022-03-23T15:23:13Z logger.go:66: module.vpc.aws_subnet.public[1]: Destruction complete after 0s
TestTerraformBasicExample 2022-03-23T15:23:13Z logger.go:66: module.vpc.aws_subnet.public[2]: Destruction complete after 0s
TestTerraformBasicExample 2022-03-23T15:23:13Z logger.go:66: module.vpc.aws_internet_gateway.this[0]: Destruction complete after 0s
TestTerraformBasicExample 2022-03-23T15:23:13Z logger.go:66: module.vpc.aws_subnet.public[0]: Destruction complete after 0s
TestTerraformBasicExample 2022-03-23T15:23:13Z logger.go:66: module.vpc.aws_eip.nat[0]: Destruction complete after 1s
TestTerraformBasicExample 2022-03-23T15:23:21Z logger.go:66: module.eks.module.eks_managed_node_group["foo"].aws_eks_node_group.this[0]: Still destroying... [id=ex-basic:foo-2022032315184597250000000d, 1m10s elapsed]
TestTerraformBasicExample 2022-03-23T15:23:31Z logger.go:66: module.eks.module.eks_managed_node_group["foo"].aws_eks_node_group.this[0]: Still destroying... [id=ex-basic:foo-2022032315184597250000000d, 1m20s elapsed]
TestTerraformBasicExample 2022-03-23T15:23:41Z logger.go:66: module.eks.module.eks_managed_node_group["foo"].aws_eks_node_group.this[0]: Still destroying... [id=ex-basic:foo-2022032315184597250000000d, 1m30s elapsed]
TestTerraformBasicExample 2022-03-23T15:23:51Z logger.go:66: module.eks.module.eks_managed_node_group["foo"].aws_eks_node_group.this[0]: Still destroying... [id=ex-basic:foo-2022032315184597250000000d, 1m40s elapsed]
TestTerraformBasicExample 2022-03-23T15:24:01Z logger.go:66: module.eks.module.eks_managed_node_group["foo"].aws_eks_node_group.this[0]: Still destroying... [id=ex-basic:foo-2022032315184597250000000d, 1m50s elapsed]
TestTerraformBasicExample 2022-03-23T15:24:11Z logger.go:66: module.eks.module.eks_managed_node_group["foo"].aws_eks_node_group.this[0]: Still destroying... [id=ex-basic:foo-2022032315184597250000000d, 2m0s elapsed]
TestTerraformBasicExample 2022-03-23T15:24:21Z logger.go:66: module.eks.module.eks_managed_node_group["foo"].aws_eks_node_group.this[0]: Still destroying... [id=ex-basic:foo-2022032315184597250000000d, 2m10s elapsed]
TestTerraformBasicExample 2022-03-23T15:24:31Z logger.go:66: module.eks.module.eks_managed_node_group["foo"].aws_eks_node_group.this[0]: Still destroying... [id=ex-basic:foo-2022032315184597250000000d, 2m20s elapsed]
TestTerraformBasicExample 2022-03-23T15:24:41Z logger.go:66: module.eks.module.eks_managed_node_group["foo"].aws_eks_node_group.this[0]: Still destroying... [id=ex-basic:foo-2022032315184597250000000d, 2m30s elapsed]
TestTerraformBasicExample 2022-03-23T15:24:51Z logger.go:66: module.eks.module.eks_managed_node_group["foo"].aws_eks_node_group.this[0]: Still destroying... [id=ex-basic:foo-2022032315184597250000000d, 2m40s elapsed]
TestTerraformBasicExample 2022-03-23T15:25:01Z logger.go:66: module.eks.module.eks_managed_node_group["foo"].aws_eks_node_group.this[0]: Still destroying... [id=ex-basic:foo-2022032315184597250000000d, 2m50s elapsed]
TestTerraformBasicExample 2022-03-23T15:25:11Z logger.go:66: module.eks.module.eks_managed_node_group["foo"].aws_eks_node_group.this[0]: Still destroying... [id=ex-basic:foo-2022032315184597250000000d, 3m0s elapsed]
TestTerraformBasicExample 2022-03-23T15:25:21Z logger.go:66: module.eks.module.eks_managed_node_group["foo"].aws_eks_node_group.this[0]: Still destroying... [id=ex-basic:foo-2022032315184597250000000d, 3m10s elapsed]
TestTerraformBasicExample 2022-03-23T15:25:31Z logger.go:66: module.eks.module.eks_managed_node_group["foo"].aws_eks_node_group.this[0]: Still destroying... [id=ex-basic:foo-2022032315184597250000000d, 3m20s elapsed]
TestTerraformBasicExample 2022-03-23T15:25:41Z logger.go:66: module.eks.module.eks_managed_node_group["foo"].aws_eks_node_group.this[0]: Still destroying... [id=ex-basic:foo-2022032315184597250000000d, 3m30s elapsed]
TestTerraformBasicExample 2022-03-23T15:25:51Z logger.go:66: module.eks.module.eks_managed_node_group["foo"].aws_eks_node_group.this[0]: Still destroying... [id=ex-basic:foo-2022032315184597250000000d, 3m40s elapsed]
TestTerraformBasicExample 2022-03-23T15:26:01Z logger.go:66: module.eks.module.eks_managed_node_group["foo"].aws_eks_node_group.this[0]: Still destroying... [id=ex-basic:foo-2022032315184597250000000d, 3m50s elapsed]
TestTerraformBasicExample 2022-03-23T15:26:11Z logger.go:66: module.eks.module.eks_managed_node_group["foo"].aws_eks_node_group.this[0]: Still destroying... [id=ex-basic:foo-2022032315184597250000000d, 4m0s elapsed]
TestTerraformBasicExample 2022-03-23T15:26:21Z logger.go:66: module.eks.module.eks_managed_node_group["foo"].aws_eks_node_group.this[0]: Still destroying... [id=ex-basic:foo-2022032315184597250000000d, 4m10s elapsed]
TestTerraformBasicExample 2022-03-23T15:26:31Z logger.go:66: module.eks.module.eks_managed_node_group["foo"].aws_eks_node_group.this[0]: Still destroying... [id=ex-basic:foo-2022032315184597250000000d, 4m20s elapsed]
TestTerraformBasicExample 2022-03-23T15:26:41Z logger.go:66: module.eks.module.eks_managed_node_group["foo"].aws_eks_node_group.this[0]: Still destroying... [id=ex-basic:foo-2022032315184597250000000d, 4m30s elapsed]
TestTerraformBasicExample 2022-03-23T15:26:51Z logger.go:66: module.eks.module.eks_managed_node_group["foo"].aws_eks_node_group.this[0]: Still destroying... [id=ex-basic:foo-2022032315184597250000000d, 4m40s elapsed]
TestTerraformBasicExample 2022-03-23T15:27:01Z logger.go:66: module.eks.module.eks_managed_node_group["foo"].aws_eks_node_group.this[0]: Still destroying... [id=ex-basic:foo-2022032315184597250000000d, 4m50s elapsed]
TestTerraformBasicExample 2022-03-23T15:27:11Z logger.go:66: module.eks.module.eks_managed_node_group["foo"].aws_eks_node_group.this[0]: Still destroying... [id=ex-basic:foo-2022032315184597250000000d, 5m0s elapsed]
TestTerraformBasicExample 2022-03-23T15:27:21Z logger.go:66: module.eks.module.eks_managed_node_group["foo"].aws_eks_node_group.this[0]: Still destroying... [id=ex-basic:foo-2022032315184597250000000d, 5m10s elapsed]
TestTerraformBasicExample 2022-03-23T15:27:31Z logger.go:66: module.eks.module.eks_managed_node_group["foo"].aws_eks_node_group.this[0]: Still destroying... [id=ex-basic:foo-2022032315184597250000000d, 5m20s elapsed]
TestTerraformBasicExample 2022-03-23T15:27:41Z logger.go:66: module.eks.module.eks_managed_node_group["foo"].aws_eks_node_group.this[0]: Still destroying... [id=ex-basic:foo-2022032315184597250000000d, 5m30s elapsed]
TestTerraformBasicExample 2022-03-23T15:27:51Z logger.go:66: module.eks.module.eks_managed_node_group["foo"].aws_eks_node_group.this[0]: Still destroying... [id=ex-basic:foo-2022032315184597250000000d, 5m40s elapsed]
TestTerraformBasicExample 2022-03-23T15:28:01Z logger.go:66: module.eks.module.eks_managed_node_group["foo"].aws_eks_node_group.this[0]: Still destroying... [id=ex-basic:foo-2022032315184597250000000d, 5m50s elapsed]
TestTerraformBasicExample 2022-03-23T15:28:11Z logger.go:66: module.eks.module.eks_managed_node_group["foo"].aws_eks_node_group.this[0]: Still destroying... [id=ex-basic:foo-2022032315184597250000000d, 6m0s elapsed]
TestTerraformBasicExample 2022-03-23T15:28:21Z logger.go:66: module.eks.module.eks_managed_node_group["foo"].aws_eks_node_group.this[0]: Still destroying... [id=ex-basic:foo-2022032315184597250000000d, 6m10s elapsed]
TestTerraformBasicExample 2022-03-23T15:28:31Z logger.go:66: module.eks.module.eks_managed_node_group["foo"].aws_eks_node_group.this[0]: Still destroying... [id=ex-basic:foo-2022032315184597250000000d, 6m20s elapsed]
TestTerraformBasicExample 2022-03-23T15:28:41Z logger.go:66: module.eks.module.eks_managed_node_group["foo"].aws_eks_node_group.this[0]: Still destroying... [id=ex-basic:foo-2022032315184597250000000d, 6m30s elapsed]
TestTerraformBasicExample 2022-03-23T15:28:51Z logger.go:66: module.eks.module.eks_managed_node_group["foo"].aws_eks_node_group.this[0]: Still destroying... [id=ex-basic:foo-2022032315184597250000000d, 6m40s elapsed]
TestTerraformBasicExample 2022-03-23T15:29:01Z logger.go:66: module.eks.module.eks_managed_node_group["foo"].aws_eks_node_group.this[0]: Still destroying... [id=ex-basic:foo-2022032315184597250000000d, 6m50s elapsed]
TestTerraformBasicExample 2022-03-23T15:29:11Z logger.go:66: module.eks.module.eks_managed_node_group["foo"].aws_eks_node_group.this[0]: Still destroying... [id=ex-basic:foo-2022032315184597250000000d, 7m0s elapsed]
TestTerraformBasicExample 2022-03-23T15:29:21Z logger.go:66: module.eks.module.eks_managed_node_group["foo"].aws_eks_node_group.this[0]: Still destroying... [id=ex-basic:foo-2022032315184597250000000d, 7m10s elapsed]
TestTerraformBasicExample 2022-03-23T15:29:31Z logger.go:66: module.eks.module.eks_managed_node_group["foo"].aws_eks_node_group.this[0]: Still destroying... [id=ex-basic:foo-2022032315184597250000000d, 7m20s elapsed]
TestTerraformBasicExample 2022-03-23T15:29:35Z logger.go:66: module.eks.module.eks_managed_node_group["foo"].aws_eks_node_group.this[0]: Destruction complete after 7m25s
TestTerraformBasicExample 2022-03-23T15:29:35Z logger.go:66: module.eks.module.eks_managed_node_group["foo"].aws_launch_template.this[0]: Destroying... [id=lt-0c8d9e6841a23dc83]
TestTerraformBasicExample 2022-03-23T15:29:36Z logger.go:66: module.eks.module.eks_managed_node_group["foo"].aws_launch_template.this[0]: Destruction complete after 0s
TestTerraformBasicExample 2022-03-23T15:29:36Z logger.go:66: module.eks.aws_eks_cluster.this[0]: Destroying... [id=ex-basic]
TestTerraformBasicExample 2022-03-23T15:29:36Z logger.go:66: module.eks.module.eks_managed_node_group["foo"].aws_security_group.this[0]: Destroying... [id=sg-060a828ccc9793936]
TestTerraformBasicExample 2022-03-23T15:29:36Z logger.go:66: module.eks.module.eks_managed_node_group["foo"].aws_iam_role_policy_attachment.this["arn:aws:iam::aws:policy/AmazonEKS_CNI_Policy"]: Destroying... [id=foo-eks-node-group-20220323151002266200000001-20220323151003932300000006]
TestTerraformBasicExample 2022-03-23T15:29:36Z logger.go:66: module.eks.module.eks_managed_node_group["foo"].aws_iam_role_policy_attachment.this["arn:aws:iam::aws:policy/AmazonEC2ContainerRegistryReadOnly"]: Destroying... [id=foo-eks-node-group-20220323151002266200000001-20220323151003948300000007]
TestTerraformBasicExample 2022-03-23T15:29:36Z logger.go:66: module.eks.module.eks_managed_node_group["foo"].aws_iam_role_policy_attachment.this["arn:aws:iam::aws:policy/AmazonEKSWorkerNodePolicy"]: Destroying... [id=foo-eks-node-group-20220323151002266200000001-20220323151003847800000005]
TestTerraformBasicExample 2022-03-23T15:29:36Z logger.go:66: module.eks.module.eks_managed_node_group["foo"].aws_security_group.this[0]: Destruction complete after 1s
TestTerraformBasicExample 2022-03-23T15:29:36Z logger.go:66: module.eks.module.eks_managed_node_group["foo"].aws_iam_role_policy_attachment.this["arn:aws:iam::aws:policy/AmazonEKSWorkerNodePolicy"]: Destruction complete after 1s
TestTerraformBasicExample 2022-03-23T15:29:36Z logger.go:66: module.eks.module.eks_managed_node_group["foo"].aws_iam_role_policy_attachment.this["arn:aws:iam::aws:policy/AmazonEC2ContainerRegistryReadOnly"]: Destruction complete after 1s
TestTerraformBasicExample 2022-03-23T15:29:36Z logger.go:66: module.eks.module.eks_managed_node_group["foo"].aws_iam_role_policy_attachment.this["arn:aws:iam::aws:policy/AmazonEKS_CNI_Policy"]: Destruction complete after 1s
TestTerraformBasicExample 2022-03-23T15:29:36Z logger.go:66: module.eks.module.eks_managed_node_group["foo"].aws_iam_role.this[0]: Destroying... [id=foo-eks-node-group-20220323151002266200000001]
TestTerraformBasicExample 2022-03-23T15:29:37Z logger.go:66: module.eks.module.eks_managed_node_group["foo"].aws_iam_role.this[0]: Destruction complete after 0s
TestTerraformBasicExample 2022-03-23T15:29:46Z logger.go:66: module.eks.aws_eks_cluster.this[0]: Still destroying... [id=ex-basic, 10s elapsed]
TestTerraformBasicExample 2022-03-23T15:29:56Z logger.go:66: module.eks.aws_eks_cluster.this[0]: Still destroying... [id=ex-basic, 20s elapsed]
TestTerraformBasicExample 2022-03-23T15:30:06Z logger.go:66: module.eks.aws_eks_cluster.this[0]: Still destroying... [id=ex-basic, 30s elapsed]
TestTerraformBasicExample 2022-03-23T15:30:16Z logger.go:66: module.eks.aws_eks_cluster.this[0]: Still destroying... [id=ex-basic, 40s elapsed]
TestTerraformBasicExample 2022-03-23T15:30:26Z logger.go:66: module.eks.aws_eks_cluster.this[0]: Still destroying... [id=ex-basic, 50s elapsed]
TestTerraformBasicExample 2022-03-23T15:30:36Z logger.go:66: module.eks.aws_eks_cluster.this[0]: Still destroying... [id=ex-basic, 1m0s elapsed]
TestTerraformBasicExample 2022-03-23T15:30:46Z logger.go:66: module.eks.aws_eks_cluster.this[0]: Still destroying... [id=ex-basic, 1m10s elapsed]
TestTerraformBasicExample 2022-03-23T15:30:56Z logger.go:66: module.eks.aws_eks_cluster.this[0]: Still destroying... [id=ex-basic, 1m20s elapsed]
TestTerraformBasicExample 2022-03-23T15:31:00Z logger.go:66: module.eks.aws_eks_cluster.this[0]: Destruction complete after 1m25s
TestTerraformBasicExample 2022-03-23T15:31:00Z logger.go:66: module.eks.aws_cloudwatch_log_group.this[0]: Destroying... [id=/aws/eks/ex-basic/cluster]
TestTerraformBasicExample 2022-03-23T15:31:00Z logger.go:66: module.eks.aws_security_group_rule.node["ingress_cluster_443"]: Destroying... [id=sgrule-2945395605]
TestTerraformBasicExample 2022-03-23T15:31:00Z logger.go:66: module.eks.aws_security_group_rule.node["ingress_self_coredns_tcp"]: Destroying... [id=sgrule-2161556879]
TestTerraformBasicExample 2022-03-23T15:31:00Z logger.go:66: module.eks.aws_security_group_rule.cluster["ingress_nodes_443"]: Destroying... [id=sgrule-3725644296]
TestTerraformBasicExample 2022-03-23T15:31:00Z logger.go:66: module.vpc.aws_subnet.private[0]: Destroying... [id=subnet-0f021808b97037056]
TestTerraformBasicExample 2022-03-23T15:31:00Z logger.go:66: module.vpc.aws_subnet.private[2]: Destroying... [id=subnet-03d50272571eba3c6]
TestTerraformBasicExample 2022-03-23T15:31:00Z logger.go:66: module.eks.aws_security_group_rule.node["ingress_cluster_kubelet"]: Destroying... [id=sgrule-2741047257]
TestTerraformBasicExample 2022-03-23T15:31:00Z logger.go:66: module.eks.aws_iam_role_policy_attachment.this["arn:aws:iam::aws:policy/AmazonEKSClusterPolicy"]: Destroying... [id=ex-basic-cluster-20220323151002275900000002-20220323151003788600000004]
TestTerraformBasicExample 2022-03-23T15:31:00Z logger.go:66: module.eks.aws_security_group_rule.cluster["egress_nodes_443"]: Destroying... [id=sgrule-2554915551]
TestTerraformBasicExample 2022-03-23T15:31:00Z logger.go:66: module.eks.aws_security_group_rule.node["ingress_self_coredns_udp"]: Destroying... [id=sgrule-612965984]
TestTerraformBasicExample 2022-03-23T15:31:00Z logger.go:66: module.eks.aws_cloudwatch_log_group.this[0]: Destruction complete after 0s
TestTerraformBasicExample 2022-03-23T15:31:01Z logger.go:66: module.eks.aws_security_group_rule.node["egress_self_coredns_tcp"]: Destroying... [id=sgrule-2162058151]
TestTerraformBasicExample 2022-03-23T15:31:01Z logger.go:66: module.vpc.aws_subnet.private[0]: Destruction complete after 0s
TestTerraformBasicExample 2022-03-23T15:31:01Z logger.go:66: module.eks.aws_security_group_rule.cluster["egress_nodes_kubelet"]: Destroying... [id=sgrule-3441771898]
TestTerraformBasicExample 2022-03-23T15:31:01Z logger.go:66: module.eks.aws_security_group_rule.node["ingress_cluster_kubelet"]: Destruction complete after 0s
TestTerraformBasicExample 2022-03-23T15:31:01Z logger.go:66: module.eks.aws_iam_role_policy_attachment.this["arn:aws:iam::aws:policy/AmazonEKSClusterPolicy"]: Destruction complete after 0s
TestTerraformBasicExample 2022-03-23T15:31:01Z logger.go:66: module.eks.aws_security_group_rule.node["egress_ntp_udp"]: Destroying... [id=sgrule-3079583922]
TestTerraformBasicExample 2022-03-23T15:31:01Z logger.go:66: module.vpc.aws_subnet.private[2]: Destruction complete after 0s
TestTerraformBasicExample 2022-03-23T15:31:01Z logger.go:66: module.eks.aws_iam_role_policy_attachment.this["arn:aws:iam::aws:policy/AmazonEKSVPCResourceController"]: Destroying... [id=ex-basic-cluster-20220323151002275900000002-20220323151003726600000003]
TestTerraformBasicExample 2022-03-23T15:31:01Z logger.go:66: module.eks.aws_security_group_rule.node["egress_cluster_443"]: Destroying... [id=sgrule-121891252]
TestTerraformBasicExample 2022-03-23T15:31:01Z logger.go:66: module.eks.aws_security_group_rule.cluster["ingress_nodes_443"]: Destruction complete after 0s
TestTerraformBasicExample 2022-03-23T15:31:01Z logger.go:66: module.eks.aws_security_group_rule.node["egress_ntp_tcp"]: Destroying... [id=sgrule-3373309375]
TestTerraformBasicExample 2022-03-23T15:31:01Z logger.go:66: module.eks.aws_iam_role_policy_attachment.this["arn:aws:iam::aws:policy/AmazonEKSVPCResourceController"]: Destruction complete after 0s
TestTerraformBasicExample 2022-03-23T15:31:01Z logger.go:66: module.vpc.aws_subnet.private[1]: Destroying... [id=subnet-0711f78369ad56d95]
TestTerraformBasicExample 2022-03-23T15:31:01Z logger.go:66: module.eks.aws_security_group_rule.cluster["egress_nodes_443"]: Destruction complete after 1s
TestTerraformBasicExample 2022-03-23T15:31:01Z logger.go:66: module.eks.aws_security_group_rule.node["egress_self_coredns_udp"]: Destroying... [id=sgrule-247062977]
TestTerraformBasicExample 2022-03-23T15:31:01Z logger.go:66: module.vpc.aws_subnet.private[1]: Destruction complete after 1s
TestTerraformBasicExample 2022-03-23T15:31:01Z logger.go:66: module.eks.aws_security_group_rule.node["egress_https"]: Destroying... [id=sgrule-382640289]
TestTerraformBasicExample 2022-03-23T15:31:01Z logger.go:66: module.eks.aws_security_group_rule.node["ingress_cluster_443"]: Destruction complete after 1s
TestTerraformBasicExample 2022-03-23T15:31:01Z logger.go:66: module.eks.aws_iam_role.this[0]: Destroying... [id=ex-basic-cluster-20220323151002275900000002]
TestTerraformBasicExample 2022-03-23T15:31:02Z logger.go:66: module.eks.aws_security_group_rule.node["ingress_self_coredns_tcp"]: Destruction complete after 1s
TestTerraformBasicExample 2022-03-23T15:31:02Z logger.go:66: module.eks.aws_iam_role.this[0]: Destruction complete after 0s
TestTerraformBasicExample 2022-03-23T15:31:02Z logger.go:66: module.eks.aws_security_group_rule.cluster["egress_nodes_kubelet"]: Destruction complete after 1s
TestTerraformBasicExample 2022-03-23T15:31:02Z logger.go:66: module.eks.aws_security_group_rule.node["ingress_self_coredns_udp"]: Destruction complete after 2s
TestTerraformBasicExample 2022-03-23T15:31:03Z logger.go:66: module.eks.aws_security_group_rule.node["egress_self_coredns_tcp"]: Destruction complete after 2s
TestTerraformBasicExample 2022-03-23T15:31:04Z logger.go:66: module.eks.aws_security_group_rule.node["egress_ntp_udp"]: Destruction complete after 3s
TestTerraformBasicExample 2022-03-23T15:31:04Z logger.go:66: module.eks.aws_security_group_rule.node["egress_cluster_443"]: Destruction complete after 4s
TestTerraformBasicExample 2022-03-23T15:31:05Z logger.go:66: module.eks.aws_security_group_rule.node["egress_ntp_tcp"]: Destruction complete after 4s
TestTerraformBasicExample 2022-03-23T15:31:05Z logger.go:66: module.eks.aws_security_group_rule.node["egress_self_coredns_udp"]: Destruction complete after 4s
TestTerraformBasicExample 2022-03-23T15:31:06Z logger.go:66: module.eks.aws_security_group_rule.node["egress_https"]: Destruction complete after 5s
TestTerraformBasicExample 2022-03-23T15:31:06Z logger.go:66: module.eks.aws_security_group.cluster[0]: Destroying... [id=sg-0ae7aa74f5e333406]
TestTerraformBasicExample 2022-03-23T15:31:06Z logger.go:66: module.eks.aws_security_group.node[0]: Destroying... [id=sg-0bb1dadddd5bc709b]
TestTerraformBasicExample 2022-03-23T15:31:07Z logger.go:66: module.eks.aws_security_group.cluster[0]: Destruction complete after 0s
TestTerraformBasicExample 2022-03-23T15:31:07Z logger.go:66: module.eks.aws_security_group.node[0]: Destruction complete after 0s
TestTerraformBasicExample 2022-03-23T15:31:07Z logger.go:66: module.vpc.aws_vpc.this[0]: Destroying... [id=vpc-06edc6abdf49dcc59]
TestTerraformBasicExample 2022-03-23T15:31:07Z logger.go:66: module.vpc.aws_vpc.this[0]: Destruction complete after 1s
TestTerraformBasicExample 2022-03-23T15:31:07Z logger.go:66:
TestTerraformBasicExample 2022-03-23T15:31:07Z logger.go:66: Destroy complete! Resources: 49 destroyed.
--- PASS: TestTerraformBasicExample (1279.70s)
PASS
ok  	command-line-arguments	1279.718s
