=== RUN   TestTerraformPatcheExample
TestTerraformPatcheExample 2022-03-22T16:20:43Z retry.go:91: terraform [init -upgrade=false]
TestTerraformPatcheExample 2022-03-22T16:20:43Z logger.go:66: Running command terraform with args [init -upgrade=false]
TestTerraformPatcheExample 2022-03-22T16:20:43Z logger.go:66: [0m[1mInitializing modules...[0m
TestTerraformPatcheExample 2022-03-22T16:20:44Z logger.go:66:
TestTerraformPatcheExample 2022-03-22T16:20:44Z logger.go:66: [0m[1mInitializing the backend...[0m
TestTerraformPatcheExample 2022-03-22T16:20:45Z logger.go:66:
TestTerraformPatcheExample 2022-03-22T16:20:45Z logger.go:66: [0m[1mInitializing provider plugins...[0m
TestTerraformPatcheExample 2022-03-22T16:20:45Z logger.go:66: - Reusing previous version of hashicorp/cloudinit from the dependency lock file
TestTerraformPatcheExample 2022-03-22T16:20:45Z logger.go:66: - Reusing previous version of hashicorp/aws from the dependency lock file
TestTerraformPatcheExample 2022-03-22T16:20:45Z logger.go:66: - Reusing previous version of hashicorp/kubernetes from the dependency lock file
TestTerraformPatcheExample 2022-03-22T16:20:46Z logger.go:66: - Reusing previous version of hashicorp/tls from the dependency lock file
TestTerraformPatcheExample 2022-03-22T16:20:46Z logger.go:66: - Using previously-installed hashicorp/kubernetes v2.8.0
TestTerraformPatcheExample 2022-03-22T16:20:46Z logger.go:66: - Using previously-installed hashicorp/tls v3.1.0
TestTerraformPatcheExample 2022-03-22T16:20:46Z logger.go:66: - Using previously-installed hashicorp/cloudinit v2.2.0
TestTerraformPatcheExample 2022-03-22T16:20:47Z logger.go:66: - Using previously-installed hashicorp/aws v4.6.0
TestTerraformPatcheExample 2022-03-22T16:20:47Z logger.go:66:
TestTerraformPatcheExample 2022-03-22T16:20:47Z logger.go:66: [0m[1m[32mTerraform has been successfully initialized![0m[32m[0m
TestTerraformPatcheExample 2022-03-22T16:20:47Z logger.go:66: [0m[32m
TestTerraformPatcheExample 2022-03-22T16:20:47Z logger.go:66: You may now begin working with Terraform. Try running "terraform plan" to see
TestTerraformPatcheExample 2022-03-22T16:20:47Z logger.go:66: any changes that are required for your infrastructure. All Terraform commands
TestTerraformPatcheExample 2022-03-22T16:20:47Z logger.go:66: should now work.
TestTerraformPatcheExample 2022-03-22T16:20:47Z logger.go:66:
TestTerraformPatcheExample 2022-03-22T16:20:47Z logger.go:66: If you ever set or change modules or backend configuration for Terraform,
TestTerraformPatcheExample 2022-03-22T16:20:47Z logger.go:66: rerun this command to reinitialize your working directory. If you forget, other
TestTerraformPatcheExample 2022-03-22T16:20:47Z logger.go:66: commands will detect it and remind you to do so if necessary.[0m
TestTerraformPatcheExample 2022-03-22T16:20:47Z retry.go:91: terraform [apply -input=false -auto-approve -no-color -lock=false]
TestTerraformPatcheExample 2022-03-22T16:20:47Z logger.go:66: Running command terraform with args [apply -input=false -auto-approve -no-color -lock=false]
TestTerraformPatcheExample 2022-03-22T16:20:54Z logger.go:66:
TestTerraformPatcheExample 2022-03-22T16:20:54Z logger.go:66: Terraform used the selected providers to generate the following execution
TestTerraformPatcheExample 2022-03-22T16:20:54Z logger.go:66: plan. Resource actions are indicated with the following symbols:
TestTerraformPatcheExample 2022-03-22T16:20:54Z logger.go:66:   + create
TestTerraformPatcheExample 2022-03-22T16:20:54Z logger.go:66:  <= read (data resources)
TestTerraformPatcheExample 2022-03-22T16:20:54Z logger.go:66:
TestTerraformPatcheExample 2022-03-22T16:20:54Z logger.go:66: Terraform will perform the following actions:
TestTerraformPatcheExample 2022-03-22T16:20:54Z logger.go:66:
TestTerraformPatcheExample 2022-03-22T16:20:54Z logger.go:66:   # data.aws_eks_cluster.cluster will be read during apply
TestTerraformPatcheExample 2022-03-22T16:20:54Z logger.go:66:   # (config refers to values not yet known)
TestTerraformPatcheExample 2022-03-22T16:20:54Z logger.go:66:  <= data "aws_eks_cluster" "cluster"  {
TestTerraformPatcheExample 2022-03-22T16:20:54Z logger.go:66:       + arn                       = (known after apply)
TestTerraformPatcheExample 2022-03-22T16:20:54Z logger.go:66:       + certificate_authority     = (known after apply)
TestTerraformPatcheExample 2022-03-22T16:20:54Z logger.go:66:       + created_at                = (known after apply)
TestTerraformPatcheExample 2022-03-22T16:20:54Z logger.go:66:       + enabled_cluster_log_types = (known after apply)
TestTerraformPatcheExample 2022-03-22T16:20:54Z logger.go:66:       + endpoint                  = (known after apply)
TestTerraformPatcheExample 2022-03-22T16:20:54Z logger.go:66:       + id                        = (known after apply)
TestTerraformPatcheExample 2022-03-22T16:20:54Z logger.go:66:       + identity                  = (known after apply)
TestTerraformPatcheExample 2022-03-22T16:20:54Z logger.go:66:       + kubernetes_network_config = (known after apply)
TestTerraformPatcheExample 2022-03-22T16:20:54Z logger.go:66:       + name                      = (known after apply)
TestTerraformPatcheExample 2022-03-22T16:20:54Z logger.go:66:       + platform_version          = (known after apply)
TestTerraformPatcheExample 2022-03-22T16:20:54Z logger.go:66:       + role_arn                  = (known after apply)
TestTerraformPatcheExample 2022-03-22T16:20:54Z logger.go:66:       + status                    = (known after apply)
TestTerraformPatcheExample 2022-03-22T16:20:54Z logger.go:66:       + tags                      = (known after apply)
TestTerraformPatcheExample 2022-03-22T16:20:54Z logger.go:66:       + version                   = (known after apply)
TestTerraformPatcheExample 2022-03-22T16:20:54Z logger.go:66:       + vpc_config                = (known after apply)
TestTerraformPatcheExample 2022-03-22T16:20:54Z logger.go:66:     }
TestTerraformPatcheExample 2022-03-22T16:20:54Z logger.go:66:
TestTerraformPatcheExample 2022-03-22T16:20:54Z logger.go:66:   # data.aws_eks_cluster_auth.cluster will be read during apply
TestTerraformPatcheExample 2022-03-22T16:20:54Z logger.go:66:   # (config refers to values not yet known)
TestTerraformPatcheExample 2022-03-22T16:20:54Z logger.go:66:  <= data "aws_eks_cluster_auth" "cluster"  {
TestTerraformPatcheExample 2022-03-22T16:20:54Z logger.go:66:       + id    = (known after apply)
TestTerraformPatcheExample 2022-03-22T16:20:54Z logger.go:66:       + name  = (known after apply)
TestTerraformPatcheExample 2022-03-22T16:20:54Z logger.go:66:       + token = (sensitive value)
TestTerraformPatcheExample 2022-03-22T16:20:54Z logger.go:66:     }
TestTerraformPatcheExample 2022-03-22T16:20:54Z logger.go:66:
TestTerraformPatcheExample 2022-03-22T16:20:54Z logger.go:66:   # module.eks.data.tls_certificate.this[0] will be read during apply
TestTerraformPatcheExample 2022-03-22T16:20:54Z logger.go:66:   # (config refers to values not yet known)
TestTerraformPatcheExample 2022-03-22T16:20:54Z logger.go:66:  <= data "tls_certificate" "this"  {
TestTerraformPatcheExample 2022-03-22T16:20:54Z logger.go:66:       + certificates = (known after apply)
TestTerraformPatcheExample 2022-03-22T16:20:54Z logger.go:66:       + id           = (known after apply)
TestTerraformPatcheExample 2022-03-22T16:20:54Z logger.go:66:       + url          = (known after apply)
TestTerraformPatcheExample 2022-03-22T16:20:54Z logger.go:66:     }
TestTerraformPatcheExample 2022-03-22T16:20:54Z logger.go:66:
TestTerraformPatcheExample 2022-03-22T16:20:54Z logger.go:66:   # module.eks.aws_cloudwatch_log_group.this[0] will be created
TestTerraformPatcheExample 2022-03-22T16:20:54Z logger.go:66:   + resource "aws_cloudwatch_log_group" "this" {
TestTerraformPatcheExample 2022-03-22T16:20:54Z logger.go:66:       + arn               = (known after apply)
TestTerraformPatcheExample 2022-03-22T16:20:54Z logger.go:66:       + id                = (known after apply)
TestTerraformPatcheExample 2022-03-22T16:20:54Z logger.go:66:       + name              = "/aws/eks/ex-patch/cluster"
TestTerraformPatcheExample 2022-03-22T16:20:54Z logger.go:66:       + retention_in_days = 90
TestTerraformPatcheExample 2022-03-22T16:20:54Z logger.go:66:       + tags_all          = {
TestTerraformPatcheExample 2022-03-22T16:20:54Z logger.go:66:           + "Example"    = "ex-patch"
TestTerraformPatcheExample 2022-03-22T16:20:54Z logger.go:66:           + "GithubOrg"  = "aidan-melen"
TestTerraformPatcheExample 2022-03-22T16:20:54Z logger.go:66:           + "GithubRepo" = "terraform-aws-eks-auth"
TestTerraformPatcheExample 2022-03-22T16:20:54Z logger.go:66:         }
TestTerraformPatcheExample 2022-03-22T16:20:54Z logger.go:66:     }
TestTerraformPatcheExample 2022-03-22T16:20:54Z logger.go:66:
TestTerraformPatcheExample 2022-03-22T16:20:54Z logger.go:66:   # module.eks.aws_eks_cluster.this[0] will be created
TestTerraformPatcheExample 2022-03-22T16:20:54Z logger.go:66:   + resource "aws_eks_cluster" "this" {
TestTerraformPatcheExample 2022-03-22T16:20:54Z logger.go:66:       + arn                       = (known after apply)
TestTerraformPatcheExample 2022-03-22T16:20:54Z logger.go:66:       + certificate_authority     = (known after apply)
TestTerraformPatcheExample 2022-03-22T16:20:54Z logger.go:66:       + created_at                = (known after apply)
TestTerraformPatcheExample 2022-03-22T16:20:54Z logger.go:66:       + enabled_cluster_log_types = [
TestTerraformPatcheExample 2022-03-22T16:20:54Z logger.go:66:           + "api",
TestTerraformPatcheExample 2022-03-22T16:20:54Z logger.go:66:           + "audit",
TestTerraformPatcheExample 2022-03-22T16:20:54Z logger.go:66:           + "authenticator",
TestTerraformPatcheExample 2022-03-22T16:20:54Z logger.go:66:         ]
TestTerraformPatcheExample 2022-03-22T16:20:54Z logger.go:66:       + endpoint                  = (known after apply)
TestTerraformPatcheExample 2022-03-22T16:20:54Z logger.go:66:       + id                        = (known after apply)
TestTerraformPatcheExample 2022-03-22T16:20:54Z logger.go:66:       + identity                  = (known after apply)
TestTerraformPatcheExample 2022-03-22T16:20:54Z logger.go:66:       + name                      = "ex-patch"
TestTerraformPatcheExample 2022-03-22T16:20:54Z logger.go:66:       + platform_version          = (known after apply)
TestTerraformPatcheExample 2022-03-22T16:20:54Z logger.go:66:       + role_arn                  = (known after apply)
TestTerraformPatcheExample 2022-03-22T16:20:54Z logger.go:66:       + status                    = (known after apply)
TestTerraformPatcheExample 2022-03-22T16:20:54Z logger.go:66:       + tags_all                  = {
TestTerraformPatcheExample 2022-03-22T16:20:54Z logger.go:66:           + "Example"    = "ex-patch"
TestTerraformPatcheExample 2022-03-22T16:20:54Z logger.go:66:           + "GithubOrg"  = "aidan-melen"
TestTerraformPatcheExample 2022-03-22T16:20:54Z logger.go:66:           + "GithubRepo" = "terraform-aws-eks-auth"
TestTerraformPatcheExample 2022-03-22T16:20:54Z logger.go:66:         }
TestTerraformPatcheExample 2022-03-22T16:20:54Z logger.go:66:       + version                   = "1.21"
TestTerraformPatcheExample 2022-03-22T16:20:54Z logger.go:66:
TestTerraformPatcheExample 2022-03-22T16:20:54Z logger.go:66:       + kubernetes_network_config {
TestTerraformPatcheExample 2022-03-22T16:20:54Z logger.go:66:           + ip_family         = (known after apply)
TestTerraformPatcheExample 2022-03-22T16:20:54Z logger.go:66:           + service_ipv4_cidr = (known after apply)
TestTerraformPatcheExample 2022-03-22T16:20:54Z logger.go:66:         }
TestTerraformPatcheExample 2022-03-22T16:20:54Z logger.go:66:
TestTerraformPatcheExample 2022-03-22T16:20:54Z logger.go:66:       + timeouts {}
TestTerraformPatcheExample 2022-03-22T16:20:54Z logger.go:66:
TestTerraformPatcheExample 2022-03-22T16:20:54Z logger.go:66:       + vpc_config {
TestTerraformPatcheExample 2022-03-22T16:20:54Z logger.go:66:           + cluster_security_group_id = (known after apply)
TestTerraformPatcheExample 2022-03-22T16:20:54Z logger.go:66:           + endpoint_private_access   = false
TestTerraformPatcheExample 2022-03-22T16:20:54Z logger.go:66:           + endpoint_public_access    = true
TestTerraformPatcheExample 2022-03-22T16:20:54Z logger.go:66:           + public_access_cidrs       = [
TestTerraformPatcheExample 2022-03-22T16:20:54Z logger.go:66:               + "0.0.0.0/0",
TestTerraformPatcheExample 2022-03-22T16:20:54Z logger.go:66:             ]
TestTerraformPatcheExample 2022-03-22T16:20:54Z logger.go:66:           + security_group_ids        = (known after apply)
TestTerraformPatcheExample 2022-03-22T16:20:54Z logger.go:66:           + subnet_ids                = (known after apply)
TestTerraformPatcheExample 2022-03-22T16:20:54Z logger.go:66:           + vpc_id                    = (known after apply)
TestTerraformPatcheExample 2022-03-22T16:20:54Z logger.go:66:         }
TestTerraformPatcheExample 2022-03-22T16:20:54Z logger.go:66:     }
TestTerraformPatcheExample 2022-03-22T16:20:54Z logger.go:66:
TestTerraformPatcheExample 2022-03-22T16:20:54Z logger.go:66:   # module.eks.aws_iam_openid_connect_provider.oidc_provider[0] will be created
TestTerraformPatcheExample 2022-03-22T16:20:54Z logger.go:66:   + resource "aws_iam_openid_connect_provider" "oidc_provider" {
TestTerraformPatcheExample 2022-03-22T16:20:54Z logger.go:66:       + arn             = (known after apply)
TestTerraformPatcheExample 2022-03-22T16:20:54Z logger.go:66:       + client_id_list  = [
TestTerraformPatcheExample 2022-03-22T16:20:54Z logger.go:66:           + "sts.amazonaws.com",
TestTerraformPatcheExample 2022-03-22T16:20:54Z logger.go:66:         ]
TestTerraformPatcheExample 2022-03-22T16:20:54Z logger.go:66:       + id              = (known after apply)
TestTerraformPatcheExample 2022-03-22T16:20:54Z logger.go:66:       + tags            = {
TestTerraformPatcheExample 2022-03-22T16:20:54Z logger.go:66:           + "Name" = "ex-patch-eks-irsa"
TestTerraformPatcheExample 2022-03-22T16:20:54Z logger.go:66:         }
TestTerraformPatcheExample 2022-03-22T16:20:54Z logger.go:66:       + tags_all        = {
TestTerraformPatcheExample 2022-03-22T16:20:54Z logger.go:66:           + "Example"    = "ex-patch"
TestTerraformPatcheExample 2022-03-22T16:20:54Z logger.go:66:           + "GithubOrg"  = "aidan-melen"
TestTerraformPatcheExample 2022-03-22T16:20:54Z logger.go:66:           + "GithubRepo" = "terraform-aws-eks-auth"
TestTerraformPatcheExample 2022-03-22T16:20:54Z logger.go:66:           + "Name"       = "ex-patch-eks-irsa"
TestTerraformPatcheExample 2022-03-22T16:20:54Z logger.go:66:         }
TestTerraformPatcheExample 2022-03-22T16:20:54Z logger.go:66:       + thumbprint_list = (known after apply)
TestTerraformPatcheExample 2022-03-22T16:20:54Z logger.go:66:       + url             = (known after apply)
TestTerraformPatcheExample 2022-03-22T16:20:54Z logger.go:66:     }
TestTerraformPatcheExample 2022-03-22T16:20:54Z logger.go:66:
TestTerraformPatcheExample 2022-03-22T16:20:54Z logger.go:66:   # module.eks.aws_iam_role.this[0] will be created
TestTerraformPatcheExample 2022-03-22T16:20:54Z logger.go:66:   + resource "aws_iam_role" "this" {
TestTerraformPatcheExample 2022-03-22T16:20:54Z logger.go:66:       + arn                   = (known after apply)
TestTerraformPatcheExample 2022-03-22T16:20:54Z logger.go:66:       + assume_role_policy    = jsonencode(
TestTerraformPatcheExample 2022-03-22T16:20:54Z logger.go:66:             {
TestTerraformPatcheExample 2022-03-22T16:20:54Z logger.go:66:               + Statement = [
TestTerraformPatcheExample 2022-03-22T16:20:54Z logger.go:66:                   + {
TestTerraformPatcheExample 2022-03-22T16:20:54Z logger.go:66:                       + Action    = "sts:AssumeRole"
TestTerraformPatcheExample 2022-03-22T16:20:54Z logger.go:66:                       + Effect    = "Allow"
TestTerraformPatcheExample 2022-03-22T16:20:54Z logger.go:66:                       + Principal = {
TestTerraformPatcheExample 2022-03-22T16:20:54Z logger.go:66:                           + Service = "eks.amazonaws.com"
TestTerraformPatcheExample 2022-03-22T16:20:54Z logger.go:66:                         }
TestTerraformPatcheExample 2022-03-22T16:20:54Z logger.go:66:                       + Sid       = "EKSClusterAssumeRole"
TestTerraformPatcheExample 2022-03-22T16:20:54Z logger.go:66:                     },
TestTerraformPatcheExample 2022-03-22T16:20:54Z logger.go:66:                 ]
TestTerraformPatcheExample 2022-03-22T16:20:54Z logger.go:66:               + Version   = "2012-10-17"
TestTerraformPatcheExample 2022-03-22T16:20:54Z logger.go:66:             }
TestTerraformPatcheExample 2022-03-22T16:20:54Z logger.go:66:         )
TestTerraformPatcheExample 2022-03-22T16:20:54Z logger.go:66:       + create_date           = (known after apply)
TestTerraformPatcheExample 2022-03-22T16:20:54Z logger.go:66:       + force_detach_policies = true
TestTerraformPatcheExample 2022-03-22T16:20:54Z logger.go:66:       + id                    = (known after apply)
TestTerraformPatcheExample 2022-03-22T16:20:54Z logger.go:66:       + managed_policy_arns   = (known after apply)
TestTerraformPatcheExample 2022-03-22T16:20:54Z logger.go:66:       + max_session_duration  = 3600
TestTerraformPatcheExample 2022-03-22T16:20:54Z logger.go:66:       + name                  = (known after apply)
TestTerraformPatcheExample 2022-03-22T16:20:54Z logger.go:66:       + name_prefix           = "ex-patch-cluster-"
TestTerraformPatcheExample 2022-03-22T16:20:54Z logger.go:66:       + path                  = "/"
TestTerraformPatcheExample 2022-03-22T16:20:54Z logger.go:66:       + tags_all              = {
TestTerraformPatcheExample 2022-03-22T16:20:54Z logger.go:66:           + "Example"    = "ex-patch"
TestTerraformPatcheExample 2022-03-22T16:20:54Z logger.go:66:           + "GithubOrg"  = "aidan-melen"
TestTerraformPatcheExample 2022-03-22T16:20:54Z logger.go:66:           + "GithubRepo" = "terraform-aws-eks-auth"
TestTerraformPatcheExample 2022-03-22T16:20:54Z logger.go:66:         }
TestTerraformPatcheExample 2022-03-22T16:20:54Z logger.go:66:       + unique_id             = (known after apply)
TestTerraformPatcheExample 2022-03-22T16:20:54Z logger.go:66:
TestTerraformPatcheExample 2022-03-22T16:20:54Z logger.go:66:       + inline_policy {
TestTerraformPatcheExample 2022-03-22T16:20:54Z logger.go:66:           + name   = (known after apply)
TestTerraformPatcheExample 2022-03-22T16:20:54Z logger.go:66:           + policy = (known after apply)
TestTerraformPatcheExample 2022-03-22T16:20:54Z logger.go:66:         }
TestTerraformPatcheExample 2022-03-22T16:20:54Z logger.go:66:     }
TestTerraformPatcheExample 2022-03-22T16:20:54Z logger.go:66:
TestTerraformPatcheExample 2022-03-22T16:20:54Z logger.go:66:   # module.eks.aws_iam_role_policy_attachment.this["arn:aws:iam::aws:policy/AmazonEKSClusterPolicy"] will be created
TestTerraformPatcheExample 2022-03-22T16:20:54Z logger.go:66:   + resource "aws_iam_role_policy_attachment" "this" {
TestTerraformPatcheExample 2022-03-22T16:20:54Z logger.go:66:       + id         = (known after apply)
TestTerraformPatcheExample 2022-03-22T16:20:54Z logger.go:66:       + policy_arn = "arn:aws:iam::aws:policy/AmazonEKSClusterPolicy"
TestTerraformPatcheExample 2022-03-22T16:20:54Z logger.go:66:       + role       = (known after apply)
TestTerraformPatcheExample 2022-03-22T16:20:54Z logger.go:66:     }
TestTerraformPatcheExample 2022-03-22T16:20:54Z logger.go:66:
TestTerraformPatcheExample 2022-03-22T16:20:54Z logger.go:66:   # module.eks.aws_iam_role_policy_attachment.this["arn:aws:iam::aws:policy/AmazonEKSVPCResourceController"] will be created
TestTerraformPatcheExample 2022-03-22T16:20:54Z logger.go:66:   + resource "aws_iam_role_policy_attachment" "this" {
TestTerraformPatcheExample 2022-03-22T16:20:54Z logger.go:66:       + id         = (known after apply)
TestTerraformPatcheExample 2022-03-22T16:20:54Z logger.go:66:       + policy_arn = "arn:aws:iam::aws:policy/AmazonEKSVPCResourceController"
TestTerraformPatcheExample 2022-03-22T16:20:54Z logger.go:66:       + role       = (known after apply)
TestTerraformPatcheExample 2022-03-22T16:20:54Z logger.go:66:     }
TestTerraformPatcheExample 2022-03-22T16:20:54Z logger.go:66:
TestTerraformPatcheExample 2022-03-22T16:20:54Z logger.go:66:   # module.eks.aws_security_group.cluster[0] will be created
TestTerraformPatcheExample 2022-03-22T16:20:54Z logger.go:66:   + resource "aws_security_group" "cluster" {
TestTerraformPatcheExample 2022-03-22T16:20:54Z logger.go:66:       + arn                    = (known after apply)
TestTerraformPatcheExample 2022-03-22T16:20:54Z logger.go:66:       + description            = "EKS cluster security group"
TestTerraformPatcheExample 2022-03-22T16:20:54Z logger.go:66:       + egress                 = (known after apply)
TestTerraformPatcheExample 2022-03-22T16:20:54Z logger.go:66:       + id                     = (known after apply)
TestTerraformPatcheExample 2022-03-22T16:20:54Z logger.go:66:       + ingress                = (known after apply)
TestTerraformPatcheExample 2022-03-22T16:20:54Z logger.go:66:       + name                   = (known after apply)
TestTerraformPatcheExample 2022-03-22T16:20:54Z logger.go:66:       + name_prefix            = "ex-patch-cluster-"
TestTerraformPatcheExample 2022-03-22T16:20:54Z logger.go:66:       + owner_id               = (known after apply)
TestTerraformPatcheExample 2022-03-22T16:20:54Z logger.go:66:       + revoke_rules_on_delete = false
TestTerraformPatcheExample 2022-03-22T16:20:54Z logger.go:66:       + tags                   = {
TestTerraformPatcheExample 2022-03-22T16:20:54Z logger.go:66:           + "Name" = "ex-patch-cluster"
TestTerraformPatcheExample 2022-03-22T16:20:54Z logger.go:66:         }
TestTerraformPatcheExample 2022-03-22T16:20:54Z logger.go:66:       + tags_all               = {
TestTerraformPatcheExample 2022-03-22T16:20:54Z logger.go:66:           + "Example"    = "ex-patch"
TestTerraformPatcheExample 2022-03-22T16:20:54Z logger.go:66:           + "GithubOrg"  = "aidan-melen"
TestTerraformPatcheExample 2022-03-22T16:20:54Z logger.go:66:           + "GithubRepo" = "terraform-aws-eks-auth"
TestTerraformPatcheExample 2022-03-22T16:20:54Z logger.go:66:           + "Name"       = "ex-patch-cluster"
TestTerraformPatcheExample 2022-03-22T16:20:54Z logger.go:66:         }
TestTerraformPatcheExample 2022-03-22T16:20:54Z logger.go:66:       + vpc_id                 = (known after apply)
TestTerraformPatcheExample 2022-03-22T16:20:54Z logger.go:66:     }
TestTerraformPatcheExample 2022-03-22T16:20:54Z logger.go:66:
TestTerraformPatcheExample 2022-03-22T16:20:54Z logger.go:66:   # module.eks.aws_security_group.node[0] will be created
TestTerraformPatcheExample 2022-03-22T16:20:54Z logger.go:66:   + resource "aws_security_group" "node" {
TestTerraformPatcheExample 2022-03-22T16:20:54Z logger.go:66:       + arn                    = (known after apply)
TestTerraformPatcheExample 2022-03-22T16:20:54Z logger.go:66:       + description            = "EKS node shared security group"
TestTerraformPatcheExample 2022-03-22T16:20:54Z logger.go:66:       + egress                 = (known after apply)
TestTerraformPatcheExample 2022-03-22T16:20:54Z logger.go:66:       + id                     = (known after apply)
TestTerraformPatcheExample 2022-03-22T16:20:54Z logger.go:66:       + ingress                = (known after apply)
TestTerraformPatcheExample 2022-03-22T16:20:54Z logger.go:66:       + name                   = (known after apply)
TestTerraformPatcheExample 2022-03-22T16:20:54Z logger.go:66:       + name_prefix            = "ex-patch-node-"
TestTerraformPatcheExample 2022-03-22T16:20:54Z logger.go:66:       + owner_id               = (known after apply)
TestTerraformPatcheExample 2022-03-22T16:20:54Z logger.go:66:       + revoke_rules_on_delete = false
TestTerraformPatcheExample 2022-03-22T16:20:54Z logger.go:66:       + tags                   = {
TestTerraformPatcheExample 2022-03-22T16:20:54Z logger.go:66:           + "Name"                           = "ex-patch-node"
TestTerraformPatcheExample 2022-03-22T16:20:54Z logger.go:66:           + "kubernetes.io/cluster/ex-patch" = "owned"
TestTerraformPatcheExample 2022-03-22T16:20:54Z logger.go:66:         }
TestTerraformPatcheExample 2022-03-22T16:20:54Z logger.go:66:       + tags_all               = {
TestTerraformPatcheExample 2022-03-22T16:20:54Z logger.go:66:           + "Example"                        = "ex-patch"
TestTerraformPatcheExample 2022-03-22T16:20:54Z logger.go:66:           + "GithubOrg"                      = "aidan-melen"
TestTerraformPatcheExample 2022-03-22T16:20:54Z logger.go:66:           + "GithubRepo"                     = "terraform-aws-eks-auth"
TestTerraformPatcheExample 2022-03-22T16:20:54Z logger.go:66:           + "Name"                           = "ex-patch-node"
TestTerraformPatcheExample 2022-03-22T16:20:54Z logger.go:66:           + "kubernetes.io/cluster/ex-patch" = "owned"
TestTerraformPatcheExample 2022-03-22T16:20:54Z logger.go:66:         }
TestTerraformPatcheExample 2022-03-22T16:20:54Z logger.go:66:       + vpc_id                 = (known after apply)
TestTerraformPatcheExample 2022-03-22T16:20:54Z logger.go:66:     }
TestTerraformPatcheExample 2022-03-22T16:20:54Z logger.go:66:
TestTerraformPatcheExample 2022-03-22T16:20:54Z logger.go:66:   # module.eks.aws_security_group_rule.cluster["egress_nodes_443"] will be created
TestTerraformPatcheExample 2022-03-22T16:20:54Z logger.go:66:   + resource "aws_security_group_rule" "cluster" {
TestTerraformPatcheExample 2022-03-22T16:20:54Z logger.go:66:       + description              = "Cluster API to node groups"
TestTerraformPatcheExample 2022-03-22T16:20:54Z logger.go:66:       + from_port                = 443
TestTerraformPatcheExample 2022-03-22T16:20:54Z logger.go:66:       + id                       = (known after apply)
TestTerraformPatcheExample 2022-03-22T16:20:54Z logger.go:66:       + prefix_list_ids          = []
TestTerraformPatcheExample 2022-03-22T16:20:54Z logger.go:66:       + protocol                 = "tcp"
TestTerraformPatcheExample 2022-03-22T16:20:54Z logger.go:66:       + security_group_id        = (known after apply)
TestTerraformPatcheExample 2022-03-22T16:20:54Z logger.go:66:       + self                     = false
TestTerraformPatcheExample 2022-03-22T16:20:54Z logger.go:66:       + source_security_group_id = (known after apply)
TestTerraformPatcheExample 2022-03-22T16:20:54Z logger.go:66:       + to_port                  = 443
TestTerraformPatcheExample 2022-03-22T16:20:54Z logger.go:66:       + type                     = "egress"
TestTerraformPatcheExample 2022-03-22T16:20:54Z logger.go:66:     }
TestTerraformPatcheExample 2022-03-22T16:20:54Z logger.go:66:
TestTerraformPatcheExample 2022-03-22T16:20:54Z logger.go:66:   # module.eks.aws_security_group_rule.cluster["egress_nodes_kubelet"] will be created
TestTerraformPatcheExample 2022-03-22T16:20:54Z logger.go:66:   + resource "aws_security_group_rule" "cluster" {
TestTerraformPatcheExample 2022-03-22T16:20:54Z logger.go:66:       + description              = "Cluster API to node kubelets"
TestTerraformPatcheExample 2022-03-22T16:20:54Z logger.go:66:       + from_port                = 10250
TestTerraformPatcheExample 2022-03-22T16:20:54Z logger.go:66:       + id                       = (known after apply)
TestTerraformPatcheExample 2022-03-22T16:20:54Z logger.go:66:       + prefix_list_ids          = []
TestTerraformPatcheExample 2022-03-22T16:20:54Z logger.go:66:       + protocol                 = "tcp"
TestTerraformPatcheExample 2022-03-22T16:20:54Z logger.go:66:       + security_group_id        = (known after apply)
TestTerraformPatcheExample 2022-03-22T16:20:54Z logger.go:66:       + self                     = false
TestTerraformPatcheExample 2022-03-22T16:20:54Z logger.go:66:       + source_security_group_id = (known after apply)
TestTerraformPatcheExample 2022-03-22T16:20:54Z logger.go:66:       + to_port                  = 10250
TestTerraformPatcheExample 2022-03-22T16:20:54Z logger.go:66:       + type                     = "egress"
TestTerraformPatcheExample 2022-03-22T16:20:54Z logger.go:66:     }
TestTerraformPatcheExample 2022-03-22T16:20:54Z logger.go:66:
TestTerraformPatcheExample 2022-03-22T16:20:54Z logger.go:66:   # module.eks.aws_security_group_rule.cluster["ingress_nodes_443"] will be created
TestTerraformPatcheExample 2022-03-22T16:20:54Z logger.go:66:   + resource "aws_security_group_rule" "cluster" {
TestTerraformPatcheExample 2022-03-22T16:20:54Z logger.go:66:       + description              = "Node groups to cluster API"
TestTerraformPatcheExample 2022-03-22T16:20:54Z logger.go:66:       + from_port                = 443
TestTerraformPatcheExample 2022-03-22T16:20:54Z logger.go:66:       + id                       = (known after apply)
TestTerraformPatcheExample 2022-03-22T16:20:54Z logger.go:66:       + prefix_list_ids          = []
TestTerraformPatcheExample 2022-03-22T16:20:54Z logger.go:66:       + protocol                 = "tcp"
TestTerraformPatcheExample 2022-03-22T16:20:54Z logger.go:66:       + security_group_id        = (known after apply)
TestTerraformPatcheExample 2022-03-22T16:20:54Z logger.go:66:       + self                     = false
TestTerraformPatcheExample 2022-03-22T16:20:54Z logger.go:66:       + source_security_group_id = (known after apply)
TestTerraformPatcheExample 2022-03-22T16:20:54Z logger.go:66:       + to_port                  = 443
TestTerraformPatcheExample 2022-03-22T16:20:54Z logger.go:66:       + type                     = "ingress"
TestTerraformPatcheExample 2022-03-22T16:20:54Z logger.go:66:     }
TestTerraformPatcheExample 2022-03-22T16:20:54Z logger.go:66:
TestTerraformPatcheExample 2022-03-22T16:20:54Z logger.go:66:   # module.eks.aws_security_group_rule.node["egress_cluster_443"] will be created
TestTerraformPatcheExample 2022-03-22T16:20:54Z logger.go:66:   + resource "aws_security_group_rule" "node" {
TestTerraformPatcheExample 2022-03-22T16:20:54Z logger.go:66:       + description              = "Node groups to cluster API"
TestTerraformPatcheExample 2022-03-22T16:20:54Z logger.go:66:       + from_port                = 443
TestTerraformPatcheExample 2022-03-22T16:20:54Z logger.go:66:       + id                       = (known after apply)
TestTerraformPatcheExample 2022-03-22T16:20:54Z logger.go:66:       + prefix_list_ids          = []
TestTerraformPatcheExample 2022-03-22T16:20:54Z logger.go:66:       + protocol                 = "tcp"
TestTerraformPatcheExample 2022-03-22T16:20:54Z logger.go:66:       + security_group_id        = (known after apply)
TestTerraformPatcheExample 2022-03-22T16:20:54Z logger.go:66:       + self                     = false
TestTerraformPatcheExample 2022-03-22T16:20:54Z logger.go:66:       + source_security_group_id = (known after apply)
TestTerraformPatcheExample 2022-03-22T16:20:54Z logger.go:66:       + to_port                  = 443
TestTerraformPatcheExample 2022-03-22T16:20:54Z logger.go:66:       + type                     = "egress"
TestTerraformPatcheExample 2022-03-22T16:20:54Z logger.go:66:     }
TestTerraformPatcheExample 2022-03-22T16:20:54Z logger.go:66:
TestTerraformPatcheExample 2022-03-22T16:20:54Z logger.go:66:   # module.eks.aws_security_group_rule.node["egress_https"] will be created
TestTerraformPatcheExample 2022-03-22T16:20:54Z logger.go:66:   + resource "aws_security_group_rule" "node" {
TestTerraformPatcheExample 2022-03-22T16:20:54Z logger.go:66:       + cidr_blocks              = [
TestTerraformPatcheExample 2022-03-22T16:20:54Z logger.go:66:           + "0.0.0.0/0",
TestTerraformPatcheExample 2022-03-22T16:20:54Z logger.go:66:         ]
TestTerraformPatcheExample 2022-03-22T16:20:54Z logger.go:66:       + description              = "Egress all HTTPS to internet"
TestTerraformPatcheExample 2022-03-22T16:20:54Z logger.go:66:       + from_port                = 443
TestTerraformPatcheExample 2022-03-22T16:20:54Z logger.go:66:       + id                       = (known after apply)
TestTerraformPatcheExample 2022-03-22T16:20:54Z logger.go:66:       + prefix_list_ids          = []
TestTerraformPatcheExample 2022-03-22T16:20:54Z logger.go:66:       + protocol                 = "tcp"
TestTerraformPatcheExample 2022-03-22T16:20:54Z logger.go:66:       + security_group_id        = (known after apply)
TestTerraformPatcheExample 2022-03-22T16:20:54Z logger.go:66:       + self                     = false
TestTerraformPatcheExample 2022-03-22T16:20:54Z logger.go:66:       + source_security_group_id = (known after apply)
TestTerraformPatcheExample 2022-03-22T16:20:54Z logger.go:66:       + to_port                  = 443
TestTerraformPatcheExample 2022-03-22T16:20:54Z logger.go:66:       + type                     = "egress"
TestTerraformPatcheExample 2022-03-22T16:20:54Z logger.go:66:     }
TestTerraformPatcheExample 2022-03-22T16:20:54Z logger.go:66:
TestTerraformPatcheExample 2022-03-22T16:20:54Z logger.go:66:   # module.eks.aws_security_group_rule.node["egress_ntp_tcp"] will be created
TestTerraformPatcheExample 2022-03-22T16:20:54Z logger.go:66:   + resource "aws_security_group_rule" "node" {
TestTerraformPatcheExample 2022-03-22T16:20:54Z logger.go:66:       + cidr_blocks              = [
TestTerraformPatcheExample 2022-03-22T16:20:54Z logger.go:66:           + "0.0.0.0/0",
TestTerraformPatcheExample 2022-03-22T16:20:54Z logger.go:66:         ]
TestTerraformPatcheExample 2022-03-22T16:20:54Z logger.go:66:       + description              = "Egress NTP/TCP to internet"
TestTerraformPatcheExample 2022-03-22T16:20:54Z logger.go:66:       + from_port                = 123
TestTerraformPatcheExample 2022-03-22T16:20:54Z logger.go:66:       + id                       = (known after apply)
TestTerraformPatcheExample 2022-03-22T16:20:54Z logger.go:66:       + prefix_list_ids          = []
TestTerraformPatcheExample 2022-03-22T16:20:54Z logger.go:66:       + protocol                 = "tcp"
TestTerraformPatcheExample 2022-03-22T16:20:54Z logger.go:66:       + security_group_id        = (known after apply)
TestTerraformPatcheExample 2022-03-22T16:20:54Z logger.go:66:       + self                     = false
TestTerraformPatcheExample 2022-03-22T16:20:54Z logger.go:66:       + source_security_group_id = (known after apply)
TestTerraformPatcheExample 2022-03-22T16:20:54Z logger.go:66:       + to_port                  = 123
TestTerraformPatcheExample 2022-03-22T16:20:54Z logger.go:66:       + type                     = "egress"
TestTerraformPatcheExample 2022-03-22T16:20:54Z logger.go:66:     }
TestTerraformPatcheExample 2022-03-22T16:20:54Z logger.go:66:
TestTerraformPatcheExample 2022-03-22T16:20:54Z logger.go:66:   # module.eks.aws_security_group_rule.node["egress_ntp_udp"] will be created
TestTerraformPatcheExample 2022-03-22T16:20:54Z logger.go:66:   + resource "aws_security_group_rule" "node" {
TestTerraformPatcheExample 2022-03-22T16:20:54Z logger.go:66:       + cidr_blocks              = [
TestTerraformPatcheExample 2022-03-22T16:20:54Z logger.go:66:           + "0.0.0.0/0",
TestTerraformPatcheExample 2022-03-22T16:20:54Z logger.go:66:         ]
TestTerraformPatcheExample 2022-03-22T16:20:54Z logger.go:66:       + description              = "Egress NTP/UDP to internet"
TestTerraformPatcheExample 2022-03-22T16:20:54Z logger.go:66:       + from_port                = 123
TestTerraformPatcheExample 2022-03-22T16:20:54Z logger.go:66:       + id                       = (known after apply)
TestTerraformPatcheExample 2022-03-22T16:20:54Z logger.go:66:       + prefix_list_ids          = []
TestTerraformPatcheExample 2022-03-22T16:20:54Z logger.go:66:       + protocol                 = "udp"
TestTerraformPatcheExample 2022-03-22T16:20:54Z logger.go:66:       + security_group_id        = (known after apply)
TestTerraformPatcheExample 2022-03-22T16:20:54Z logger.go:66:       + self                     = false
TestTerraformPatcheExample 2022-03-22T16:20:54Z logger.go:66:       + source_security_group_id = (known after apply)
TestTerraformPatcheExample 2022-03-22T16:20:54Z logger.go:66:       + to_port                  = 123
TestTerraformPatcheExample 2022-03-22T16:20:54Z logger.go:66:       + type                     = "egress"
TestTerraformPatcheExample 2022-03-22T16:20:54Z logger.go:66:     }
TestTerraformPatcheExample 2022-03-22T16:20:54Z logger.go:66:
TestTerraformPatcheExample 2022-03-22T16:20:54Z logger.go:66:   # module.eks.aws_security_group_rule.node["egress_self_coredns_tcp"] will be created
TestTerraformPatcheExample 2022-03-22T16:20:54Z logger.go:66:   + resource "aws_security_group_rule" "node" {
TestTerraformPatcheExample 2022-03-22T16:20:54Z logger.go:66:       + description              = "Node to node CoreDNS"
TestTerraformPatcheExample 2022-03-22T16:20:54Z logger.go:66:       + from_port                = 53
TestTerraformPatcheExample 2022-03-22T16:20:54Z logger.go:66:       + id                       = (known after apply)
TestTerraformPatcheExample 2022-03-22T16:20:54Z logger.go:66:       + prefix_list_ids          = []
TestTerraformPatcheExample 2022-03-22T16:20:54Z logger.go:66:       + protocol                 = "tcp"
TestTerraformPatcheExample 2022-03-22T16:20:54Z logger.go:66:       + security_group_id        = (known after apply)
TestTerraformPatcheExample 2022-03-22T16:20:54Z logger.go:66:       + self                     = true
TestTerraformPatcheExample 2022-03-22T16:20:54Z logger.go:66:       + source_security_group_id = (known after apply)
TestTerraformPatcheExample 2022-03-22T16:20:54Z logger.go:66:       + to_port                  = 53
TestTerraformPatcheExample 2022-03-22T16:20:54Z logger.go:66:       + type                     = "egress"
TestTerraformPatcheExample 2022-03-22T16:20:54Z logger.go:66:     }
TestTerraformPatcheExample 2022-03-22T16:20:54Z logger.go:66:
TestTerraformPatcheExample 2022-03-22T16:20:54Z logger.go:66:   # module.eks.aws_security_group_rule.node["egress_self_coredns_udp"] will be created
TestTerraformPatcheExample 2022-03-22T16:20:54Z logger.go:66:   + resource "aws_security_group_rule" "node" {
TestTerraformPatcheExample 2022-03-22T16:20:54Z logger.go:66:       + description              = "Node to node CoreDNS"
TestTerraformPatcheExample 2022-03-22T16:20:54Z logger.go:66:       + from_port                = 53
TestTerraformPatcheExample 2022-03-22T16:20:54Z logger.go:66:       + id                       = (known after apply)
TestTerraformPatcheExample 2022-03-22T16:20:54Z logger.go:66:       + prefix_list_ids          = []
TestTerraformPatcheExample 2022-03-22T16:20:54Z logger.go:66:       + protocol                 = "udp"
TestTerraformPatcheExample 2022-03-22T16:20:54Z logger.go:66:       + security_group_id        = (known after apply)
TestTerraformPatcheExample 2022-03-22T16:20:54Z logger.go:66:       + self                     = true
TestTerraformPatcheExample 2022-03-22T16:20:54Z logger.go:66:       + source_security_group_id = (known after apply)
TestTerraformPatcheExample 2022-03-22T16:20:54Z logger.go:66:       + to_port                  = 53
TestTerraformPatcheExample 2022-03-22T16:20:54Z logger.go:66:       + type                     = "egress"
TestTerraformPatcheExample 2022-03-22T16:20:54Z logger.go:66:     }
TestTerraformPatcheExample 2022-03-22T16:20:54Z logger.go:66:
TestTerraformPatcheExample 2022-03-22T16:20:54Z logger.go:66:   # module.eks.aws_security_group_rule.node["ingress_cluster_443"] will be created
TestTerraformPatcheExample 2022-03-22T16:20:54Z logger.go:66:   + resource "aws_security_group_rule" "node" {
TestTerraformPatcheExample 2022-03-22T16:20:54Z logger.go:66:       + description              = "Cluster API to node groups"
TestTerraformPatcheExample 2022-03-22T16:20:54Z logger.go:66:       + from_port                = 443
TestTerraformPatcheExample 2022-03-22T16:20:54Z logger.go:66:       + id                       = (known after apply)
TestTerraformPatcheExample 2022-03-22T16:20:54Z logger.go:66:       + prefix_list_ids          = []
TestTerraformPatcheExample 2022-03-22T16:20:54Z logger.go:66:       + protocol                 = "tcp"
TestTerraformPatcheExample 2022-03-22T16:20:54Z logger.go:66:       + security_group_id        = (known after apply)
TestTerraformPatcheExample 2022-03-22T16:20:54Z logger.go:66:       + self                     = false
TestTerraformPatcheExample 2022-03-22T16:20:54Z logger.go:66:       + source_security_group_id = (known after apply)
TestTerraformPatcheExample 2022-03-22T16:20:54Z logger.go:66:       + to_port                  = 443
TestTerraformPatcheExample 2022-03-22T16:20:54Z logger.go:66:       + type                     = "ingress"
TestTerraformPatcheExample 2022-03-22T16:20:54Z logger.go:66:     }
TestTerraformPatcheExample 2022-03-22T16:20:54Z logger.go:66:
TestTerraformPatcheExample 2022-03-22T16:20:54Z logger.go:66:   # module.eks.aws_security_group_rule.node["ingress_cluster_kubelet"] will be created
TestTerraformPatcheExample 2022-03-22T16:20:54Z logger.go:66:   + resource "aws_security_group_rule" "node" {
TestTerraformPatcheExample 2022-03-22T16:20:54Z logger.go:66:       + description              = "Cluster API to node kubelets"
TestTerraformPatcheExample 2022-03-22T16:20:54Z logger.go:66:       + from_port                = 10250
TestTerraformPatcheExample 2022-03-22T16:20:54Z logger.go:66:       + id                       = (known after apply)
TestTerraformPatcheExample 2022-03-22T16:20:54Z logger.go:66:       + prefix_list_ids          = []
TestTerraformPatcheExample 2022-03-22T16:20:54Z logger.go:66:       + protocol                 = "tcp"
TestTerraformPatcheExample 2022-03-22T16:20:54Z logger.go:66:       + security_group_id        = (known after apply)
TestTerraformPatcheExample 2022-03-22T16:20:54Z logger.go:66:       + self                     = false
TestTerraformPatcheExample 2022-03-22T16:20:54Z logger.go:66:       + source_security_group_id = (known after apply)
TestTerraformPatcheExample 2022-03-22T16:20:54Z logger.go:66:       + to_port                  = 10250
TestTerraformPatcheExample 2022-03-22T16:20:54Z logger.go:66:       + type                     = "ingress"
TestTerraformPatcheExample 2022-03-22T16:20:54Z logger.go:66:     }
TestTerraformPatcheExample 2022-03-22T16:20:54Z logger.go:66:
TestTerraformPatcheExample 2022-03-22T16:20:54Z logger.go:66:   # module.eks.aws_security_group_rule.node["ingress_self_coredns_tcp"] will be created
TestTerraformPatcheExample 2022-03-22T16:20:54Z logger.go:66:   + resource "aws_security_group_rule" "node" {
TestTerraformPatcheExample 2022-03-22T16:20:54Z logger.go:66:       + description              = "Node to node CoreDNS"
TestTerraformPatcheExample 2022-03-22T16:20:54Z logger.go:66:       + from_port                = 53
TestTerraformPatcheExample 2022-03-22T16:20:54Z logger.go:66:       + id                       = (known after apply)
TestTerraformPatcheExample 2022-03-22T16:20:54Z logger.go:66:       + prefix_list_ids          = []
TestTerraformPatcheExample 2022-03-22T16:20:54Z logger.go:66:       + protocol                 = "tcp"
TestTerraformPatcheExample 2022-03-22T16:20:54Z logger.go:66:       + security_group_id        = (known after apply)
TestTerraformPatcheExample 2022-03-22T16:20:54Z logger.go:66:       + self                     = true
TestTerraformPatcheExample 2022-03-22T16:20:54Z logger.go:66:       + source_security_group_id = (known after apply)
TestTerraformPatcheExample 2022-03-22T16:20:54Z logger.go:66:       + to_port                  = 53
TestTerraformPatcheExample 2022-03-22T16:20:54Z logger.go:66:       + type                     = "ingress"
TestTerraformPatcheExample 2022-03-22T16:20:54Z logger.go:66:     }
TestTerraformPatcheExample 2022-03-22T16:20:54Z logger.go:66:
TestTerraformPatcheExample 2022-03-22T16:20:54Z logger.go:66:   # module.eks.aws_security_group_rule.node["ingress_self_coredns_udp"] will be created
TestTerraformPatcheExample 2022-03-22T16:20:54Z logger.go:66:   + resource "aws_security_group_rule" "node" {
TestTerraformPatcheExample 2022-03-22T16:20:54Z logger.go:66:       + description              = "Node to node CoreDNS"
TestTerraformPatcheExample 2022-03-22T16:20:54Z logger.go:66:       + from_port                = 53
TestTerraformPatcheExample 2022-03-22T16:20:54Z logger.go:66:       + id                       = (known after apply)
TestTerraformPatcheExample 2022-03-22T16:20:54Z logger.go:66:       + prefix_list_ids          = []
TestTerraformPatcheExample 2022-03-22T16:20:54Z logger.go:66:       + protocol                 = "udp"
TestTerraformPatcheExample 2022-03-22T16:20:54Z logger.go:66:       + security_group_id        = (known after apply)
TestTerraformPatcheExample 2022-03-22T16:20:54Z logger.go:66:       + self                     = true
TestTerraformPatcheExample 2022-03-22T16:20:54Z logger.go:66:       + source_security_group_id = (known after apply)
TestTerraformPatcheExample 2022-03-22T16:20:54Z logger.go:66:       + to_port                  = 53
TestTerraformPatcheExample 2022-03-22T16:20:54Z logger.go:66:       + type                     = "ingress"
TestTerraformPatcheExample 2022-03-22T16:20:54Z logger.go:66:     }
TestTerraformPatcheExample 2022-03-22T16:20:54Z logger.go:66:
TestTerraformPatcheExample 2022-03-22T16:20:54Z logger.go:66:   # module.eks_auth.data.aws_eks_cluster.cluster will be read during apply
TestTerraformPatcheExample 2022-03-22T16:20:54Z logger.go:66:   # (config refers to values not yet known)
TestTerraformPatcheExample 2022-03-22T16:20:54Z logger.go:66:  <= data "aws_eks_cluster" "cluster"  {
TestTerraformPatcheExample 2022-03-22T16:20:54Z logger.go:66:       + arn                       = (known after apply)
TestTerraformPatcheExample 2022-03-22T16:20:54Z logger.go:66:       + certificate_authority     = (known after apply)
TestTerraformPatcheExample 2022-03-22T16:20:54Z logger.go:66:       + created_at                = (known after apply)
TestTerraformPatcheExample 2022-03-22T16:20:54Z logger.go:66:       + enabled_cluster_log_types = (known after apply)
TestTerraformPatcheExample 2022-03-22T16:20:54Z logger.go:66:       + endpoint                  = (known after apply)
TestTerraformPatcheExample 2022-03-22T16:20:54Z logger.go:66:       + id                        = (known after apply)
TestTerraformPatcheExample 2022-03-22T16:20:54Z logger.go:66:       + identity                  = (known after apply)
TestTerraformPatcheExample 2022-03-22T16:20:54Z logger.go:66:       + kubernetes_network_config = (known after apply)
TestTerraformPatcheExample 2022-03-22T16:20:54Z logger.go:66:       + name                      = (known after apply)
TestTerraformPatcheExample 2022-03-22T16:20:54Z logger.go:66:       + platform_version          = (known after apply)
TestTerraformPatcheExample 2022-03-22T16:20:54Z logger.go:66:       + role_arn                  = (known after apply)
TestTerraformPatcheExample 2022-03-22T16:20:54Z logger.go:66:       + status                    = (known after apply)
TestTerraformPatcheExample 2022-03-22T16:20:54Z logger.go:66:       + tags                      = (known after apply)
TestTerraformPatcheExample 2022-03-22T16:20:54Z logger.go:66:       + version                   = (known after apply)
TestTerraformPatcheExample 2022-03-22T16:20:54Z logger.go:66:       + vpc_config                = (known after apply)
TestTerraformPatcheExample 2022-03-22T16:20:54Z logger.go:66:     }
TestTerraformPatcheExample 2022-03-22T16:20:54Z logger.go:66:
TestTerraformPatcheExample 2022-03-22T16:20:54Z logger.go:66:   # module.eks_auth.kubernetes_job_v1.aws_auth_patch[0] will be created
TestTerraformPatcheExample 2022-03-22T16:20:54Z logger.go:66:   + resource "kubernetes_job_v1" "aws_auth_patch" {
TestTerraformPatcheExample 2022-03-22T16:20:54Z logger.go:66:       + id                  = (known after apply)
TestTerraformPatcheExample 2022-03-22T16:20:54Z logger.go:66:       + wait_for_completion = true
TestTerraformPatcheExample 2022-03-22T16:20:54Z logger.go:66:
TestTerraformPatcheExample 2022-03-22T16:20:54Z logger.go:66:       + metadata {
TestTerraformPatcheExample 2022-03-22T16:20:54Z logger.go:66:           + generation       = (known after apply)
TestTerraformPatcheExample 2022-03-22T16:20:54Z logger.go:66:           + labels           = {
TestTerraformPatcheExample 2022-03-22T16:20:54Z logger.go:66:               + "app.kubernetes.io/managed-by" = "Terraform"
TestTerraformPatcheExample 2022-03-22T16:20:54Z logger.go:66:               + "terraform.io/module"          = "terraform-aws-modules.eks-auth.aws"
TestTerraformPatcheExample 2022-03-22T16:20:54Z logger.go:66:             }
TestTerraformPatcheExample 2022-03-22T16:20:54Z logger.go:66:           + name             = "aws-auth-patch"
TestTerraformPatcheExample 2022-03-22T16:20:54Z logger.go:66:           + namespace        = "kube-system"
TestTerraformPatcheExample 2022-03-22T16:20:54Z logger.go:66:           + resource_version = (known after apply)
TestTerraformPatcheExample 2022-03-22T16:20:54Z logger.go:66:           + uid              = (known after apply)
TestTerraformPatcheExample 2022-03-22T16:20:54Z logger.go:66:         }
TestTerraformPatcheExample 2022-03-22T16:20:54Z logger.go:66:
TestTerraformPatcheExample 2022-03-22T16:20:54Z logger.go:66:       + spec {
TestTerraformPatcheExample 2022-03-22T16:20:54Z logger.go:66:           + completion_mode = (known after apply)
TestTerraformPatcheExample 2022-03-22T16:20:54Z logger.go:66:           + completions     = 1
TestTerraformPatcheExample 2022-03-22T16:20:54Z logger.go:66:           + parallelism     = 1
TestTerraformPatcheExample 2022-03-22T16:20:54Z logger.go:66:
TestTerraformPatcheExample 2022-03-22T16:20:54Z logger.go:66:           + selector {
TestTerraformPatcheExample 2022-03-22T16:20:54Z logger.go:66:               + match_labels = (known after apply)
TestTerraformPatcheExample 2022-03-22T16:20:54Z logger.go:66:
TestTerraformPatcheExample 2022-03-22T16:20:54Z logger.go:66:               + match_expressions {
TestTerraformPatcheExample 2022-03-22T16:20:54Z logger.go:66:                   + key      = (known after apply)
TestTerraformPatcheExample 2022-03-22T16:20:54Z logger.go:66:                   + operator = (known after apply)
TestTerraformPatcheExample 2022-03-22T16:20:54Z logger.go:66:                   + values   = (known after apply)
TestTerraformPatcheExample 2022-03-22T16:20:54Z logger.go:66:                 }
TestTerraformPatcheExample 2022-03-22T16:20:54Z logger.go:66:             }
TestTerraformPatcheExample 2022-03-22T16:20:54Z logger.go:66:
TestTerraformPatcheExample 2022-03-22T16:20:54Z logger.go:66:           + template {
TestTerraformPatcheExample 2022-03-22T16:20:54Z logger.go:66:               + metadata {
TestTerraformPatcheExample 2022-03-22T16:20:54Z logger.go:66:                   + generation       = (known after apply)
TestTerraformPatcheExample 2022-03-22T16:20:54Z logger.go:66:                   + name             = (known after apply)
TestTerraformPatcheExample 2022-03-22T16:20:54Z logger.go:66:                   + resource_version = (known after apply)
TestTerraformPatcheExample 2022-03-22T16:20:54Z logger.go:66:                   + uid              = (known after apply)
TestTerraformPatcheExample 2022-03-22T16:20:54Z logger.go:66:                 }
TestTerraformPatcheExample 2022-03-22T16:20:54Z logger.go:66:
TestTerraformPatcheExample 2022-03-22T16:20:54Z logger.go:66:               + spec {
TestTerraformPatcheExample 2022-03-22T16:20:54Z logger.go:66:                   + automount_service_account_token  = true
TestTerraformPatcheExample 2022-03-22T16:20:54Z logger.go:66:                   + dns_policy                       = "ClusterFirst"
TestTerraformPatcheExample 2022-03-22T16:20:54Z logger.go:66:                   + enable_service_links             = true
TestTerraformPatcheExample 2022-03-22T16:20:54Z logger.go:66:                   + host_ipc                         = false
TestTerraformPatcheExample 2022-03-22T16:20:54Z logger.go:66:                   + host_network                     = false
TestTerraformPatcheExample 2022-03-22T16:20:54Z logger.go:66:                   + host_pid                         = false
TestTerraformPatcheExample 2022-03-22T16:20:54Z logger.go:66:                   + hostname                         = (known after apply)
TestTerraformPatcheExample 2022-03-22T16:20:54Z logger.go:66:                   + node_name                        = (known after apply)
TestTerraformPatcheExample 2022-03-22T16:20:54Z logger.go:66:                   + restart_policy                   = "Never"
TestTerraformPatcheExample 2022-03-22T16:20:54Z logger.go:66:                   + service_account_name             = "terraform-eks-auth-aws"
TestTerraformPatcheExample 2022-03-22T16:20:54Z logger.go:66:                   + share_process_namespace          = false
TestTerraformPatcheExample 2022-03-22T16:20:54Z logger.go:66:                   + termination_grace_period_seconds = 30
TestTerraformPatcheExample 2022-03-22T16:20:54Z logger.go:66:
TestTerraformPatcheExample 2022-03-22T16:20:54Z logger.go:66:                   + container {
TestTerraformPatcheExample 2022-03-22T16:20:54Z logger.go:66:                       + command                    = (known after apply)
TestTerraformPatcheExample 2022-03-22T16:20:54Z logger.go:66:                       + image                      = (known after apply)
TestTerraformPatcheExample 2022-03-22T16:20:54Z logger.go:66:                       + image_pull_policy          = (known after apply)
TestTerraformPatcheExample 2022-03-22T16:20:54Z logger.go:66:                       + name                       = "aws-auth-patch"
TestTerraformPatcheExample 2022-03-22T16:20:54Z logger.go:66:                       + stdin                      = false
TestTerraformPatcheExample 2022-03-22T16:20:54Z logger.go:66:                       + stdin_once                 = false
TestTerraformPatcheExample 2022-03-22T16:20:54Z logger.go:66:                       + termination_message_path   = "/dev/termination-log"
TestTerraformPatcheExample 2022-03-22T16:20:54Z logger.go:66:                       + termination_message_policy = (known after apply)
TestTerraformPatcheExample 2022-03-22T16:20:54Z logger.go:66:                       + tty                        = false
TestTerraformPatcheExample 2022-03-22T16:20:54Z logger.go:66:
TestTerraformPatcheExample 2022-03-22T16:20:54Z logger.go:66:                       + resources {
TestTerraformPatcheExample 2022-03-22T16:20:54Z logger.go:66:                           + limits   = (known after apply)
TestTerraformPatcheExample 2022-03-22T16:20:54Z logger.go:66:                           + requests = (known after apply)
TestTerraformPatcheExample 2022-03-22T16:20:54Z logger.go:66:                         }
TestTerraformPatcheExample 2022-03-22T16:20:54Z logger.go:66:                     }
TestTerraformPatcheExample 2022-03-22T16:20:54Z logger.go:66:
TestTerraformPatcheExample 2022-03-22T16:20:54Z logger.go:66:                   + image_pull_secrets {
TestTerraformPatcheExample 2022-03-22T16:20:54Z logger.go:66:                       + name = (known after apply)
TestTerraformPatcheExample 2022-03-22T16:20:54Z logger.go:66:                     }
TestTerraformPatcheExample 2022-03-22T16:20:54Z logger.go:66:
TestTerraformPatcheExample 2022-03-22T16:20:54Z logger.go:66:                   + readiness_gate {
TestTerraformPatcheExample 2022-03-22T16:20:54Z logger.go:66:                       + condition_type = (known after apply)
TestTerraformPatcheExample 2022-03-22T16:20:54Z logger.go:66:                     }
TestTerraformPatcheExample 2022-03-22T16:20:54Z logger.go:66:
TestTerraformPatcheExample 2022-03-22T16:20:54Z logger.go:66:                   + volume {
TestTerraformPatcheExample 2022-03-22T16:20:54Z logger.go:66:                       + name = (known after apply)
TestTerraformPatcheExample 2022-03-22T16:20:54Z logger.go:66:
TestTerraformPatcheExample 2022-03-22T16:20:54Z logger.go:66:                       + aws_elastic_block_store {
TestTerraformPatcheExample 2022-03-22T16:20:54Z logger.go:66:                           + fs_type   = (known after apply)
TestTerraformPatcheExample 2022-03-22T16:20:54Z logger.go:66:                           + partition = (known after apply)
TestTerraformPatcheExample 2022-03-22T16:20:54Z logger.go:66:                           + read_only = (known after apply)
TestTerraformPatcheExample 2022-03-22T16:20:54Z logger.go:66:                           + volume_id = (known after apply)
TestTerraformPatcheExample 2022-03-22T16:20:54Z logger.go:66:                         }
TestTerraformPatcheExample 2022-03-22T16:20:54Z logger.go:66:
TestTerraformPatcheExample 2022-03-22T16:20:54Z logger.go:66:                       + azure_disk {
TestTerraformPatcheExample 2022-03-22T16:20:54Z logger.go:66:                           + caching_mode  = (known after apply)
TestTerraformPatcheExample 2022-03-22T16:20:54Z logger.go:66:                           + data_disk_uri = (known after apply)
TestTerraformPatcheExample 2022-03-22T16:20:54Z logger.go:66:                           + disk_name     = (known after apply)
TestTerraformPatcheExample 2022-03-22T16:20:54Z logger.go:66:                           + fs_type       = (known after apply)
TestTerraformPatcheExample 2022-03-22T16:20:54Z logger.go:66:                           + kind          = (known after apply)
TestTerraformPatcheExample 2022-03-22T16:20:54Z logger.go:66:                           + read_only     = (known after apply)
TestTerraformPatcheExample 2022-03-22T16:20:54Z logger.go:66:                         }
TestTerraformPatcheExample 2022-03-22T16:20:54Z logger.go:66:
TestTerraformPatcheExample 2022-03-22T16:20:54Z logger.go:66:                       + azure_file {
TestTerraformPatcheExample 2022-03-22T16:20:54Z logger.go:66:                           + read_only        = (known after apply)
TestTerraformPatcheExample 2022-03-22T16:20:54Z logger.go:66:                           + secret_name      = (known after apply)
TestTerraformPatcheExample 2022-03-22T16:20:54Z logger.go:66:                           + secret_namespace = (known after apply)
TestTerraformPatcheExample 2022-03-22T16:20:54Z logger.go:66:                           + share_name       = (known after apply)
TestTerraformPatcheExample 2022-03-22T16:20:54Z logger.go:66:                         }
TestTerraformPatcheExample 2022-03-22T16:20:54Z logger.go:66:
TestTerraformPatcheExample 2022-03-22T16:20:54Z logger.go:66:                       + ceph_fs {
TestTerraformPatcheExample 2022-03-22T16:20:54Z logger.go:66:                           + monitors    = (known after apply)
TestTerraformPatcheExample 2022-03-22T16:20:54Z logger.go:66:                           + path        = (known after apply)
TestTerraformPatcheExample 2022-03-22T16:20:54Z logger.go:66:                           + read_only   = (known after apply)
TestTerraformPatcheExample 2022-03-22T16:20:54Z logger.go:66:                           + secret_file = (known after apply)
TestTerraformPatcheExample 2022-03-22T16:20:54Z logger.go:66:                           + user        = (known after apply)
TestTerraformPatcheExample 2022-03-22T16:20:54Z logger.go:66:
TestTerraformPatcheExample 2022-03-22T16:20:54Z logger.go:66:                           + secret_ref {
TestTerraformPatcheExample 2022-03-22T16:20:54Z logger.go:66:                               + name      = (known after apply)
TestTerraformPatcheExample 2022-03-22T16:20:54Z logger.go:66:                               + namespace = (known after apply)
TestTerraformPatcheExample 2022-03-22T16:20:54Z logger.go:66:                             }
TestTerraformPatcheExample 2022-03-22T16:20:54Z logger.go:66:                         }
TestTerraformPatcheExample 2022-03-22T16:20:54Z logger.go:66:
TestTerraformPatcheExample 2022-03-22T16:20:54Z logger.go:66:                       + cinder {
TestTerraformPatcheExample 2022-03-22T16:20:54Z logger.go:66:                           + fs_type   = (known after apply)
TestTerraformPatcheExample 2022-03-22T16:20:54Z logger.go:66:                           + read_only = (known after apply)
TestTerraformPatcheExample 2022-03-22T16:20:54Z logger.go:66:                           + volume_id = (known after apply)
TestTerraformPatcheExample 2022-03-22T16:20:54Z logger.go:66:                         }
TestTerraformPatcheExample 2022-03-22T16:20:54Z logger.go:66:
TestTerraformPatcheExample 2022-03-22T16:20:54Z logger.go:66:                       + config_map {
TestTerraformPatcheExample 2022-03-22T16:20:54Z logger.go:66:                           + default_mode = (known after apply)
TestTerraformPatcheExample 2022-03-22T16:20:54Z logger.go:66:                           + name         = (known after apply)
TestTerraformPatcheExample 2022-03-22T16:20:54Z logger.go:66:                           + optional     = (known after apply)
TestTerraformPatcheExample 2022-03-22T16:20:54Z logger.go:66:
TestTerraformPatcheExample 2022-03-22T16:20:54Z logger.go:66:                           + items {
TestTerraformPatcheExample 2022-03-22T16:20:54Z logger.go:66:                               + key  = (known after apply)
TestTerraformPatcheExample 2022-03-22T16:20:54Z logger.go:66:                               + mode = (known after apply)
TestTerraformPatcheExample 2022-03-22T16:20:54Z logger.go:66:                               + path = (known after apply)
TestTerraformPatcheExample 2022-03-22T16:20:54Z logger.go:66:                             }
TestTerraformPatcheExample 2022-03-22T16:20:54Z logger.go:66:                         }
TestTerraformPatcheExample 2022-03-22T16:20:54Z logger.go:66:
TestTerraformPatcheExample 2022-03-22T16:20:54Z logger.go:66:                       + csi {
TestTerraformPatcheExample 2022-03-22T16:20:54Z logger.go:66:                           + driver            = (known after apply)
TestTerraformPatcheExample 2022-03-22T16:20:54Z logger.go:66:                           + fs_type           = (known after apply)
TestTerraformPatcheExample 2022-03-22T16:20:54Z logger.go:66:                           + read_only         = (known after apply)
TestTerraformPatcheExample 2022-03-22T16:20:54Z logger.go:66:                           + volume_attributes = (known after apply)
TestTerraformPatcheExample 2022-03-22T16:20:54Z logger.go:66:                           + volume_handle     = (known after apply)
TestTerraformPatcheExample 2022-03-22T16:20:54Z logger.go:66:
TestTerraformPatcheExample 2022-03-22T16:20:54Z logger.go:66:                           + controller_expand_secret_ref {
TestTerraformPatcheExample 2022-03-22T16:20:54Z logger.go:66:                               + name      = (known after apply)
TestTerraformPatcheExample 2022-03-22T16:20:54Z logger.go:66:                               + namespace = (known after apply)
TestTerraformPatcheExample 2022-03-22T16:20:54Z logger.go:66:                             }
TestTerraformPatcheExample 2022-03-22T16:20:54Z logger.go:66:
TestTerraformPatcheExample 2022-03-22T16:20:54Z logger.go:66:                           + controller_publish_secret_ref {
TestTerraformPatcheExample 2022-03-22T16:20:54Z logger.go:66:                               + name      = (known after apply)
TestTerraformPatcheExample 2022-03-22T16:20:54Z logger.go:66:                               + namespace = (known after apply)
TestTerraformPatcheExample 2022-03-22T16:20:54Z logger.go:66:                             }
TestTerraformPatcheExample 2022-03-22T16:20:54Z logger.go:66:
TestTerraformPatcheExample 2022-03-22T16:20:54Z logger.go:66:                           + node_publish_secret_ref {
TestTerraformPatcheExample 2022-03-22T16:20:54Z logger.go:66:                               + name      = (known after apply)
TestTerraformPatcheExample 2022-03-22T16:20:54Z logger.go:66:                               + namespace = (known after apply)
TestTerraformPatcheExample 2022-03-22T16:20:54Z logger.go:66:                             }
TestTerraformPatcheExample 2022-03-22T16:20:54Z logger.go:66:
TestTerraformPatcheExample 2022-03-22T16:20:54Z logger.go:66:                           + node_stage_secret_ref {
TestTerraformPatcheExample 2022-03-22T16:20:54Z logger.go:66:                               + name      = (known after apply)
TestTerraformPatcheExample 2022-03-22T16:20:54Z logger.go:66:                               + namespace = (known after apply)
TestTerraformPatcheExample 2022-03-22T16:20:54Z logger.go:66:                             }
TestTerraformPatcheExample 2022-03-22T16:20:54Z logger.go:66:                         }
TestTerraformPatcheExample 2022-03-22T16:20:54Z logger.go:66:
TestTerraformPatcheExample 2022-03-22T16:20:54Z logger.go:66:                       + downward_api {
TestTerraformPatcheExample 2022-03-22T16:20:54Z logger.go:66:                           + default_mode = (known after apply)
TestTerraformPatcheExample 2022-03-22T16:20:54Z logger.go:66:
TestTerraformPatcheExample 2022-03-22T16:20:54Z logger.go:66:                           + items {
TestTerraformPatcheExample 2022-03-22T16:20:54Z logger.go:66:                               + mode = (known after apply)
TestTerraformPatcheExample 2022-03-22T16:20:54Z logger.go:66:                               + path = (known after apply)
TestTerraformPatcheExample 2022-03-22T16:20:54Z logger.go:66:
TestTerraformPatcheExample 2022-03-22T16:20:54Z logger.go:66:                               + field_ref {
TestTerraformPatcheExample 2022-03-22T16:20:54Z logger.go:66:                                   + api_version = (known after apply)
TestTerraformPatcheExample 2022-03-22T16:20:54Z logger.go:66:                                   + field_path  = (known after apply)
TestTerraformPatcheExample 2022-03-22T16:20:54Z logger.go:66:                                 }
TestTerraformPatcheExample 2022-03-22T16:20:54Z logger.go:66:
TestTerraformPatcheExample 2022-03-22T16:20:54Z logger.go:66:                               + resource_field_ref {
TestTerraformPatcheExample 2022-03-22T16:20:54Z logger.go:66:                                   + container_name = (known after apply)
TestTerraformPatcheExample 2022-03-22T16:20:54Z logger.go:66:                                   + divisor        = (known after apply)
TestTerraformPatcheExample 2022-03-22T16:20:54Z logger.go:66:                                   + resource       = (known after apply)
TestTerraformPatcheExample 2022-03-22T16:20:54Z logger.go:66:                                 }
TestTerraformPatcheExample 2022-03-22T16:20:54Z logger.go:66:                             }
TestTerraformPatcheExample 2022-03-22T16:20:54Z logger.go:66:                         }
TestTerraformPatcheExample 2022-03-22T16:20:54Z logger.go:66:
TestTerraformPatcheExample 2022-03-22T16:20:54Z logger.go:66:                       + empty_dir {
TestTerraformPatcheExample 2022-03-22T16:20:54Z logger.go:66:                           + medium     = (known after apply)
TestTerraformPatcheExample 2022-03-22T16:20:54Z logger.go:66:                           + size_limit = (known after apply)
TestTerraformPatcheExample 2022-03-22T16:20:54Z logger.go:66:                         }
TestTerraformPatcheExample 2022-03-22T16:20:54Z logger.go:66:
TestTerraformPatcheExample 2022-03-22T16:20:54Z logger.go:66:                       + fc {
TestTerraformPatcheExample 2022-03-22T16:20:54Z logger.go:66:                           + fs_type      = (known after apply)
TestTerraformPatcheExample 2022-03-22T16:20:54Z logger.go:66:                           + lun          = (known after apply)
TestTerraformPatcheExample 2022-03-22T16:20:54Z logger.go:66:                           + read_only    = (known after apply)
TestTerraformPatcheExample 2022-03-22T16:20:54Z logger.go:66:                           + target_ww_ns = (known after apply)
TestTerraformPatcheExample 2022-03-22T16:20:54Z logger.go:66:                         }
TestTerraformPatcheExample 2022-03-22T16:20:54Z logger.go:66:
TestTerraformPatcheExample 2022-03-22T16:20:54Z logger.go:66:                       + flex_volume {
TestTerraformPatcheExample 2022-03-22T16:20:54Z logger.go:66:                           + driver    = (known after apply)
TestTerraformPatcheExample 2022-03-22T16:20:54Z logger.go:66:                           + fs_type   = (known after apply)
TestTerraformPatcheExample 2022-03-22T16:20:54Z logger.go:66:                           + options   = (known after apply)
TestTerraformPatcheExample 2022-03-22T16:20:54Z logger.go:66:                           + read_only = (known after apply)
TestTerraformPatcheExample 2022-03-22T16:20:54Z logger.go:66:
TestTerraformPatcheExample 2022-03-22T16:20:54Z logger.go:66:                           + secret_ref {
TestTerraformPatcheExample 2022-03-22T16:20:54Z logger.go:66:                               + name      = (known after apply)
TestTerraformPatcheExample 2022-03-22T16:20:54Z logger.go:66:                               + namespace = (known after apply)
TestTerraformPatcheExample 2022-03-22T16:20:54Z logger.go:66:                             }
TestTerraformPatcheExample 2022-03-22T16:20:54Z logger.go:66:                         }
TestTerraformPatcheExample 2022-03-22T16:20:54Z logger.go:66:
TestTerraformPatcheExample 2022-03-22T16:20:54Z logger.go:66:                       + flocker {
TestTerraformPatcheExample 2022-03-22T16:20:54Z logger.go:66:                           + dataset_name = (known after apply)
TestTerraformPatcheExample 2022-03-22T16:20:54Z logger.go:66:                           + dataset_uuid = (known after apply)
TestTerraformPatcheExample 2022-03-22T16:20:54Z logger.go:66:                         }
TestTerraformPatcheExample 2022-03-22T16:20:54Z logger.go:66:
TestTerraformPatcheExample 2022-03-22T16:20:54Z logger.go:66:                       + gce_persistent_disk {
TestTerraformPatcheExample 2022-03-22T16:20:54Z logger.go:66:                           + fs_type   = (known after apply)
TestTerraformPatcheExample 2022-03-22T16:20:54Z logger.go:66:                           + partition = (known after apply)
TestTerraformPatcheExample 2022-03-22T16:20:54Z logger.go:66:                           + pd_name   = (known after apply)
TestTerraformPatcheExample 2022-03-22T16:20:54Z logger.go:66:                           + read_only = (known after apply)
TestTerraformPatcheExample 2022-03-22T16:20:54Z logger.go:66:                         }
TestTerraformPatcheExample 2022-03-22T16:20:54Z logger.go:66:
TestTerraformPatcheExample 2022-03-22T16:20:54Z logger.go:66:                       + git_repo {
TestTerraformPatcheExample 2022-03-22T16:20:54Z logger.go:66:                           + directory  = (known after apply)
TestTerraformPatcheExample 2022-03-22T16:20:54Z logger.go:66:                           + repository = (known after apply)
TestTerraformPatcheExample 2022-03-22T16:20:54Z logger.go:66:                           + revision   = (known after apply)
TestTerraformPatcheExample 2022-03-22T16:20:54Z logger.go:66:                         }
TestTerraformPatcheExample 2022-03-22T16:20:54Z logger.go:66:
TestTerraformPatcheExample 2022-03-22T16:20:54Z logger.go:66:                       + glusterfs {
TestTerraformPatcheExample 2022-03-22T16:20:54Z logger.go:66:                           + endpoints_name = (known after apply)
TestTerraformPatcheExample 2022-03-22T16:20:54Z logger.go:66:                           + path           = (known after apply)
TestTerraformPatcheExample 2022-03-22T16:20:54Z logger.go:66:                           + read_only      = (known after apply)
TestTerraformPatcheExample 2022-03-22T16:20:54Z logger.go:66:                         }
TestTerraformPatcheExample 2022-03-22T16:20:54Z logger.go:66:
TestTerraformPatcheExample 2022-03-22T16:20:54Z logger.go:66:                       + host_path {
TestTerraformPatcheExample 2022-03-22T16:20:54Z logger.go:66:                           + path = (known after apply)
TestTerraformPatcheExample 2022-03-22T16:20:54Z logger.go:66:                           + type = (known after apply)
TestTerraformPatcheExample 2022-03-22T16:20:54Z logger.go:66:                         }
TestTerraformPatcheExample 2022-03-22T16:20:54Z logger.go:66:
TestTerraformPatcheExample 2022-03-22T16:20:54Z logger.go:66:                       + iscsi {
TestTerraformPatcheExample 2022-03-22T16:20:54Z logger.go:66:                           + fs_type         = (known after apply)
TestTerraformPatcheExample 2022-03-22T16:20:54Z logger.go:66:                           + iqn             = (known after apply)
TestTerraformPatcheExample 2022-03-22T16:20:54Z logger.go:66:                           + iscsi_interface = (known after apply)
TestTerraformPatcheExample 2022-03-22T16:20:54Z logger.go:66:                           + lun             = (known after apply)
TestTerraformPatcheExample 2022-03-22T16:20:54Z logger.go:66:                           + read_only       = (known after apply)
TestTerraformPatcheExample 2022-03-22T16:20:54Z logger.go:66:                           + target_portal   = (known after apply)
TestTerraformPatcheExample 2022-03-22T16:20:54Z logger.go:66:                         }
TestTerraformPatcheExample 2022-03-22T16:20:54Z logger.go:66:
TestTerraformPatcheExample 2022-03-22T16:20:54Z logger.go:66:                       + local {
TestTerraformPatcheExample 2022-03-22T16:20:54Z logger.go:66:                           + path = (known after apply)
TestTerraformPatcheExample 2022-03-22T16:20:54Z logger.go:66:                         }
TestTerraformPatcheExample 2022-03-22T16:20:54Z logger.go:66:
TestTerraformPatcheExample 2022-03-22T16:20:54Z logger.go:66:                       + nfs {
TestTerraformPatcheExample 2022-03-22T16:20:54Z logger.go:66:                           + path      = (known after apply)
TestTerraformPatcheExample 2022-03-22T16:20:54Z logger.go:66:                           + read_only = (known after apply)
TestTerraformPatcheExample 2022-03-22T16:20:54Z logger.go:66:                           + server    = (known after apply)
TestTerraformPatcheExample 2022-03-22T16:20:54Z logger.go:66:                         }
TestTerraformPatcheExample 2022-03-22T16:20:54Z logger.go:66:
TestTerraformPatcheExample 2022-03-22T16:20:54Z logger.go:66:                       + persistent_volume_claim {
TestTerraformPatcheExample 2022-03-22T16:20:54Z logger.go:66:                           + claim_name = (known after apply)
TestTerraformPatcheExample 2022-03-22T16:20:54Z logger.go:66:                           + read_only  = (known after apply)
TestTerraformPatcheExample 2022-03-22T16:20:54Z logger.go:66:                         }
TestTerraformPatcheExample 2022-03-22T16:20:54Z logger.go:66:
TestTerraformPatcheExample 2022-03-22T16:20:54Z logger.go:66:                       + photon_persistent_disk {
TestTerraformPatcheExample 2022-03-22T16:20:54Z logger.go:66:                           + fs_type = (known after apply)
TestTerraformPatcheExample 2022-03-22T16:20:54Z logger.go:66:                           + pd_id   = (known after apply)
TestTerraformPatcheExample 2022-03-22T16:20:54Z logger.go:66:                         }
TestTerraformPatcheExample 2022-03-22T16:20:54Z logger.go:66:
TestTerraformPatcheExample 2022-03-22T16:20:54Z logger.go:66:                       + projected {
TestTerraformPatcheExample 2022-03-22T16:20:54Z logger.go:66:                           + default_mode = (known after apply)
TestTerraformPatcheExample 2022-03-22T16:20:54Z logger.go:66:
TestTerraformPatcheExample 2022-03-22T16:20:54Z logger.go:66:                           + sources {
TestTerraformPatcheExample 2022-03-22T16:20:54Z logger.go:66:                               + config_map {
TestTerraformPatcheExample 2022-03-22T16:20:54Z logger.go:66:                                   + name     = (known after apply)
TestTerraformPatcheExample 2022-03-22T16:20:54Z logger.go:66:                                   + optional = (known after apply)
TestTerraformPatcheExample 2022-03-22T16:20:54Z logger.go:66:
TestTerraformPatcheExample 2022-03-22T16:20:54Z logger.go:66:                                   + items {
TestTerraformPatcheExample 2022-03-22T16:20:54Z logger.go:66:                                       + key  = (known after apply)
TestTerraformPatcheExample 2022-03-22T16:20:54Z logger.go:66:                                       + mode = (known after apply)
TestTerraformPatcheExample 2022-03-22T16:20:54Z logger.go:66:                                       + path = (known after apply)
TestTerraformPatcheExample 2022-03-22T16:20:54Z logger.go:66:                                     }
TestTerraformPatcheExample 2022-03-22T16:20:54Z logger.go:66:                                 }
TestTerraformPatcheExample 2022-03-22T16:20:54Z logger.go:66:
TestTerraformPatcheExample 2022-03-22T16:20:54Z logger.go:66:                               + downward_api {
TestTerraformPatcheExample 2022-03-22T16:20:54Z logger.go:66:                                   + items {
TestTerraformPatcheExample 2022-03-22T16:20:54Z logger.go:66:                                       + mode = (known after apply)
TestTerraformPatcheExample 2022-03-22T16:20:54Z logger.go:66:                                       + path = (known after apply)
TestTerraformPatcheExample 2022-03-22T16:20:54Z logger.go:66:
TestTerraformPatcheExample 2022-03-22T16:20:54Z logger.go:66:                                       + field_ref {
TestTerraformPatcheExample 2022-03-22T16:20:54Z logger.go:66:                                           + api_version = (known after apply)
TestTerraformPatcheExample 2022-03-22T16:20:54Z logger.go:66:                                           + field_path  = (known after apply)
TestTerraformPatcheExample 2022-03-22T16:20:54Z logger.go:66:                                         }
TestTerraformPatcheExample 2022-03-22T16:20:54Z logger.go:66:
TestTerraformPatcheExample 2022-03-22T16:20:54Z logger.go:66:                                       + resource_field_ref {
TestTerraformPatcheExample 2022-03-22T16:20:54Z logger.go:66:                                           + container_name = (known after apply)
TestTerraformPatcheExample 2022-03-22T16:20:54Z logger.go:66:                                           + divisor        = (known after apply)
TestTerraformPatcheExample 2022-03-22T16:20:54Z logger.go:66:                                           + resource       = (known after apply)
TestTerraformPatcheExample 2022-03-22T16:20:54Z logger.go:66:                                         }
TestTerraformPatcheExample 2022-03-22T16:20:54Z logger.go:66:                                     }
TestTerraformPatcheExample 2022-03-22T16:20:54Z logger.go:66:                                 }
TestTerraformPatcheExample 2022-03-22T16:20:54Z logger.go:66:
TestTerraformPatcheExample 2022-03-22T16:20:54Z logger.go:66:                               + secret {
TestTerraformPatcheExample 2022-03-22T16:20:54Z logger.go:66:                                   + name     = (known after apply)
TestTerraformPatcheExample 2022-03-22T16:20:54Z logger.go:66:                                   + optional = (known after apply)
TestTerraformPatcheExample 2022-03-22T16:20:54Z logger.go:66:
TestTerraformPatcheExample 2022-03-22T16:20:54Z logger.go:66:                                   + items {
TestTerraformPatcheExample 2022-03-22T16:20:54Z logger.go:66:                                       + key  = (known after apply)
TestTerraformPatcheExample 2022-03-22T16:20:54Z logger.go:66:                                       + mode = (known after apply)
TestTerraformPatcheExample 2022-03-22T16:20:54Z logger.go:66:                                       + path = (known after apply)
TestTerraformPatcheExample 2022-03-22T16:20:54Z logger.go:66:                                     }
TestTerraformPatcheExample 2022-03-22T16:20:54Z logger.go:66:                                 }
TestTerraformPatcheExample 2022-03-22T16:20:54Z logger.go:66:
TestTerraformPatcheExample 2022-03-22T16:20:54Z logger.go:66:                               + service_account_token {
TestTerraformPatcheExample 2022-03-22T16:20:54Z logger.go:66:                                   + audience           = (known after apply)
TestTerraformPatcheExample 2022-03-22T16:20:54Z logger.go:66:                                   + expiration_seconds = (known after apply)
TestTerraformPatcheExample 2022-03-22T16:20:54Z logger.go:66:                                   + path               = (known after apply)
TestTerraformPatcheExample 2022-03-22T16:20:54Z logger.go:66:                                 }
TestTerraformPatcheExample 2022-03-22T16:20:54Z logger.go:66:                             }
TestTerraformPatcheExample 2022-03-22T16:20:54Z logger.go:66:                         }
TestTerraformPatcheExample 2022-03-22T16:20:54Z logger.go:66:
TestTerraformPatcheExample 2022-03-22T16:20:54Z logger.go:66:                       + quobyte {
TestTerraformPatcheExample 2022-03-22T16:20:54Z logger.go:66:                           + group     = (known after apply)
TestTerraformPatcheExample 2022-03-22T16:20:54Z logger.go:66:                           + read_only = (known after apply)
TestTerraformPatcheExample 2022-03-22T16:20:54Z logger.go:66:                           + registry  = (known after apply)
TestTerraformPatcheExample 2022-03-22T16:20:54Z logger.go:66:                           + user      = (known after apply)
TestTerraformPatcheExample 2022-03-22T16:20:54Z logger.go:66:                           + volume    = (known after apply)
TestTerraformPatcheExample 2022-03-22T16:20:54Z logger.go:66:                         }
TestTerraformPatcheExample 2022-03-22T16:20:54Z logger.go:66:
TestTerraformPatcheExample 2022-03-22T16:20:54Z logger.go:66:                       + rbd {
TestTerraformPatcheExample 2022-03-22T16:20:54Z logger.go:66:                           + ceph_monitors = (known after apply)
TestTerraformPatcheExample 2022-03-22T16:20:54Z logger.go:66:                           + fs_type       = (known after apply)
TestTerraformPatcheExample 2022-03-22T16:20:54Z logger.go:66:                           + keyring       = (known after apply)
TestTerraformPatcheExample 2022-03-22T16:20:54Z logger.go:66:                           + rados_user    = (known after apply)
TestTerraformPatcheExample 2022-03-22T16:20:54Z logger.go:66:                           + rbd_image     = (known after apply)
TestTerraformPatcheExample 2022-03-22T16:20:54Z logger.go:66:                           + rbd_pool      = (known after apply)
TestTerraformPatcheExample 2022-03-22T16:20:54Z logger.go:66:                           + read_only     = (known after apply)
TestTerraformPatcheExample 2022-03-22T16:20:54Z logger.go:66:
TestTerraformPatcheExample 2022-03-22T16:20:54Z logger.go:66:                           + secret_ref {
TestTerraformPatcheExample 2022-03-22T16:20:54Z logger.go:66:                               + name      = (known after apply)
TestTerraformPatcheExample 2022-03-22T16:20:54Z logger.go:66:                               + namespace = (known after apply)
TestTerraformPatcheExample 2022-03-22T16:20:54Z logger.go:66:                             }
TestTerraformPatcheExample 2022-03-22T16:20:54Z logger.go:66:                         }
TestTerraformPatcheExample 2022-03-22T16:20:54Z logger.go:66:
TestTerraformPatcheExample 2022-03-22T16:20:54Z logger.go:66:                       + secret {
TestTerraformPatcheExample 2022-03-22T16:20:54Z logger.go:66:                           + default_mode = (known after apply)
TestTerraformPatcheExample 2022-03-22T16:20:54Z logger.go:66:                           + optional     = (known after apply)
TestTerraformPatcheExample 2022-03-22T16:20:54Z logger.go:66:                           + secret_name  = (known after apply)
TestTerraformPatcheExample 2022-03-22T16:20:54Z logger.go:66:
TestTerraformPatcheExample 2022-03-22T16:20:54Z logger.go:66:                           + items {
TestTerraformPatcheExample 2022-03-22T16:20:54Z logger.go:66:                               + key  = (known after apply)
TestTerraformPatcheExample 2022-03-22T16:20:54Z logger.go:66:                               + mode = (known after apply)
TestTerraformPatcheExample 2022-03-22T16:20:54Z logger.go:66:                               + path = (known after apply)
TestTerraformPatcheExample 2022-03-22T16:20:54Z logger.go:66:                             }
TestTerraformPatcheExample 2022-03-22T16:20:54Z logger.go:66:                         }
TestTerraformPatcheExample 2022-03-22T16:20:54Z logger.go:66:
TestTerraformPatcheExample 2022-03-22T16:20:54Z logger.go:66:                       + vsphere_volume {
TestTerraformPatcheExample 2022-03-22T16:20:54Z logger.go:66:                           + fs_type     = (known after apply)
TestTerraformPatcheExample 2022-03-22T16:20:54Z logger.go:66:                           + volume_path = (known after apply)
TestTerraformPatcheExample 2022-03-22T16:20:54Z logger.go:66:                         }
TestTerraformPatcheExample 2022-03-22T16:20:54Z logger.go:66:                     }
TestTerraformPatcheExample 2022-03-22T16:20:54Z logger.go:66:                 }
TestTerraformPatcheExample 2022-03-22T16:20:54Z logger.go:66:             }
TestTerraformPatcheExample 2022-03-22T16:20:54Z logger.go:66:         }
TestTerraformPatcheExample 2022-03-22T16:20:54Z logger.go:66:
TestTerraformPatcheExample 2022-03-22T16:20:54Z logger.go:66:       + timeouts {
TestTerraformPatcheExample 2022-03-22T16:20:54Z logger.go:66:           + create = "10m"
TestTerraformPatcheExample 2022-03-22T16:20:54Z logger.go:66:           + update = "10m"
TestTerraformPatcheExample 2022-03-22T16:20:54Z logger.go:66:         }
TestTerraformPatcheExample 2022-03-22T16:20:54Z logger.go:66:     }
TestTerraformPatcheExample 2022-03-22T16:20:54Z logger.go:66:
TestTerraformPatcheExample 2022-03-22T16:20:54Z logger.go:66:   # module.eks_auth.kubernetes_role_binding_v1.aws_auth will be created
TestTerraformPatcheExample 2022-03-22T16:20:54Z logger.go:66:   + resource "kubernetes_role_binding_v1" "aws_auth" {
TestTerraformPatcheExample 2022-03-22T16:20:54Z logger.go:66:       + id = (known after apply)
TestTerraformPatcheExample 2022-03-22T16:20:54Z logger.go:66:
TestTerraformPatcheExample 2022-03-22T16:20:54Z logger.go:66:       + metadata {
TestTerraformPatcheExample 2022-03-22T16:20:54Z logger.go:66:           + generation       = (known after apply)
TestTerraformPatcheExample 2022-03-22T16:20:54Z logger.go:66:           + labels           = {
TestTerraformPatcheExample 2022-03-22T16:20:54Z logger.go:66:               + "app.kubernetes.io/managed-by" = "Terraform"
TestTerraformPatcheExample 2022-03-22T16:20:54Z logger.go:66:               + "terraform.io/module"          = "terraform-aws-modules.eks-auth.aws"
TestTerraformPatcheExample 2022-03-22T16:20:54Z logger.go:66:             }
TestTerraformPatcheExample 2022-03-22T16:20:54Z logger.go:66:           + name             = "terraform-eks-auth-aws"
TestTerraformPatcheExample 2022-03-22T16:20:54Z logger.go:66:           + namespace        = "kube-system"
TestTerraformPatcheExample 2022-03-22T16:20:54Z logger.go:66:           + resource_version = (known after apply)
TestTerraformPatcheExample 2022-03-22T16:20:54Z logger.go:66:           + uid              = (known after apply)
TestTerraformPatcheExample 2022-03-22T16:20:54Z logger.go:66:         }
TestTerraformPatcheExample 2022-03-22T16:20:54Z logger.go:66:
TestTerraformPatcheExample 2022-03-22T16:20:54Z logger.go:66:       + role_ref {
TestTerraformPatcheExample 2022-03-22T16:20:54Z logger.go:66:           + api_group = "rbac.authorization.k8s.io"
TestTerraformPatcheExample 2022-03-22T16:20:54Z logger.go:66:           + kind      = "Role"
TestTerraformPatcheExample 2022-03-22T16:20:54Z logger.go:66:           + name      = "terraform-eks-auth-aws"
TestTerraformPatcheExample 2022-03-22T16:20:54Z logger.go:66:         }
TestTerraformPatcheExample 2022-03-22T16:20:54Z logger.go:66:
TestTerraformPatcheExample 2022-03-22T16:20:54Z logger.go:66:       + subject {
TestTerraformPatcheExample 2022-03-22T16:20:54Z logger.go:66:           + api_group = (known after apply)
TestTerraformPatcheExample 2022-03-22T16:20:54Z logger.go:66:           + kind      = "ServiceAccount"
TestTerraformPatcheExample 2022-03-22T16:20:54Z logger.go:66:           + name      = "terraform-eks-auth-aws"
TestTerraformPatcheExample 2022-03-22T16:20:54Z logger.go:66:           + namespace = "kube-system"
TestTerraformPatcheExample 2022-03-22T16:20:54Z logger.go:66:         }
TestTerraformPatcheExample 2022-03-22T16:20:54Z logger.go:66:     }
TestTerraformPatcheExample 2022-03-22T16:20:54Z logger.go:66:
TestTerraformPatcheExample 2022-03-22T16:20:54Z logger.go:66:   # module.eks_auth.kubernetes_role_v1.aws_auth will be created
TestTerraformPatcheExample 2022-03-22T16:20:54Z logger.go:66:   + resource "kubernetes_role_v1" "aws_auth" {
TestTerraformPatcheExample 2022-03-22T16:20:54Z logger.go:66:       + id = (known after apply)
TestTerraformPatcheExample 2022-03-22T16:20:54Z logger.go:66:
TestTerraformPatcheExample 2022-03-22T16:20:54Z logger.go:66:       + metadata {
TestTerraformPatcheExample 2022-03-22T16:20:54Z logger.go:66:           + generation       = (known after apply)
TestTerraformPatcheExample 2022-03-22T16:20:54Z logger.go:66:           + labels           = {
TestTerraformPatcheExample 2022-03-22T16:20:54Z logger.go:66:               + "app.kubernetes.io/managed-by" = "Terraform"
TestTerraformPatcheExample 2022-03-22T16:20:54Z logger.go:66:               + "terraform.io/module"          = "terraform-aws-modules.eks-auth.aws"
TestTerraformPatcheExample 2022-03-22T16:20:54Z logger.go:66:             }
TestTerraformPatcheExample 2022-03-22T16:20:54Z logger.go:66:           + name             = "terraform-eks-auth-aws"
TestTerraformPatcheExample 2022-03-22T16:20:54Z logger.go:66:           + namespace        = "kube-system"
TestTerraformPatcheExample 2022-03-22T16:20:54Z logger.go:66:           + resource_version = (known after apply)
TestTerraformPatcheExample 2022-03-22T16:20:54Z logger.go:66:           + uid              = (known after apply)
TestTerraformPatcheExample 2022-03-22T16:20:54Z logger.go:66:         }
TestTerraformPatcheExample 2022-03-22T16:20:54Z logger.go:66:
TestTerraformPatcheExample 2022-03-22T16:20:54Z logger.go:66:       + rule {
TestTerraformPatcheExample 2022-03-22T16:20:54Z logger.go:66:           + api_groups     = [
TestTerraformPatcheExample 2022-03-22T16:20:54Z logger.go:66:               + "",
TestTerraformPatcheExample 2022-03-22T16:20:54Z logger.go:66:             ]
TestTerraformPatcheExample 2022-03-22T16:20:54Z logger.go:66:           + resource_names = [
TestTerraformPatcheExample 2022-03-22T16:20:54Z logger.go:66:               + "aws-auth",
TestTerraformPatcheExample 2022-03-22T16:20:54Z logger.go:66:             ]
TestTerraformPatcheExample 2022-03-22T16:20:54Z logger.go:66:           + resources      = [
TestTerraformPatcheExample 2022-03-22T16:20:54Z logger.go:66:               + "configmaps",
TestTerraformPatcheExample 2022-03-22T16:20:54Z logger.go:66:             ]
TestTerraformPatcheExample 2022-03-22T16:20:54Z logger.go:66:           + verbs          = [
TestTerraformPatcheExample 2022-03-22T16:20:54Z logger.go:66:               + "delete",
TestTerraformPatcheExample 2022-03-22T16:20:54Z logger.go:66:               + "get",
TestTerraformPatcheExample 2022-03-22T16:20:54Z logger.go:66:               + "patch",
TestTerraformPatcheExample 2022-03-22T16:20:54Z logger.go:66:             ]
TestTerraformPatcheExample 2022-03-22T16:20:54Z logger.go:66:         }
TestTerraformPatcheExample 2022-03-22T16:20:54Z logger.go:66:     }
TestTerraformPatcheExample 2022-03-22T16:20:54Z logger.go:66:
TestTerraformPatcheExample 2022-03-22T16:20:54Z logger.go:66:   # module.eks_auth.kubernetes_service_account_v1.aws_auth will be created
TestTerraformPatcheExample 2022-03-22T16:20:54Z logger.go:66:   + resource "kubernetes_service_account_v1" "aws_auth" {
TestTerraformPatcheExample 2022-03-22T16:20:54Z logger.go:66:       + automount_service_account_token = true
TestTerraformPatcheExample 2022-03-22T16:20:54Z logger.go:66:       + default_secret_name             = (known after apply)
TestTerraformPatcheExample 2022-03-22T16:20:54Z logger.go:66:       + id                              = (known after apply)
TestTerraformPatcheExample 2022-03-22T16:20:54Z logger.go:66:
TestTerraformPatcheExample 2022-03-22T16:20:54Z logger.go:66:       + metadata {
TestTerraformPatcheExample 2022-03-22T16:20:54Z logger.go:66:           + generation       = (known after apply)
TestTerraformPatcheExample 2022-03-22T16:20:54Z logger.go:66:           + labels           = {
TestTerraformPatcheExample 2022-03-22T16:20:54Z logger.go:66:               + "app.kubernetes.io/managed-by" = "Terraform"
TestTerraformPatcheExample 2022-03-22T16:20:54Z logger.go:66:               + "terraform.io/module"          = "terraform-aws-modules.eks-auth.aws"
TestTerraformPatcheExample 2022-03-22T16:20:54Z logger.go:66:             }
TestTerraformPatcheExample 2022-03-22T16:20:54Z logger.go:66:           + name             = "terraform-eks-auth-aws"
TestTerraformPatcheExample 2022-03-22T16:20:54Z logger.go:66:           + namespace        = "kube-system"
TestTerraformPatcheExample 2022-03-22T16:20:54Z logger.go:66:           + resource_version = (known after apply)
TestTerraformPatcheExample 2022-03-22T16:20:54Z logger.go:66:           + uid              = (known after apply)
TestTerraformPatcheExample 2022-03-22T16:20:54Z logger.go:66:         }
TestTerraformPatcheExample 2022-03-22T16:20:54Z logger.go:66:     }
TestTerraformPatcheExample 2022-03-22T16:20:54Z logger.go:66:
TestTerraformPatcheExample 2022-03-22T16:20:54Z logger.go:66:   # module.vpc.aws_eip.nat[0] will be created
TestTerraformPatcheExample 2022-03-22T16:20:54Z logger.go:66:   + resource "aws_eip" "nat" {
TestTerraformPatcheExample 2022-03-22T16:20:54Z logger.go:66:       + allocation_id        = (known after apply)
TestTerraformPatcheExample 2022-03-22T16:20:54Z logger.go:66:       + association_id       = (known after apply)
TestTerraformPatcheExample 2022-03-22T16:20:54Z logger.go:66:       + carrier_ip           = (known after apply)
TestTerraformPatcheExample 2022-03-22T16:20:54Z logger.go:66:       + customer_owned_ip    = (known after apply)
TestTerraformPatcheExample 2022-03-22T16:20:54Z logger.go:66:       + domain               = (known after apply)
TestTerraformPatcheExample 2022-03-22T16:20:54Z logger.go:66:       + id                   = (known after apply)
TestTerraformPatcheExample 2022-03-22T16:20:54Z logger.go:66:       + instance             = (known after apply)
TestTerraformPatcheExample 2022-03-22T16:20:54Z logger.go:66:       + network_border_group = (known after apply)
TestTerraformPatcheExample 2022-03-22T16:20:54Z logger.go:66:       + network_interface    = (known after apply)
TestTerraformPatcheExample 2022-03-22T16:20:54Z logger.go:66:       + private_dns          = (known after apply)
TestTerraformPatcheExample 2022-03-22T16:20:54Z logger.go:66:       + private_ip           = (known after apply)
TestTerraformPatcheExample 2022-03-22T16:20:54Z logger.go:66:       + public_dns           = (known after apply)
TestTerraformPatcheExample 2022-03-22T16:20:54Z logger.go:66:       + public_ip            = (known after apply)
TestTerraformPatcheExample 2022-03-22T16:20:54Z logger.go:66:       + public_ipv4_pool     = (known after apply)
TestTerraformPatcheExample 2022-03-22T16:20:54Z logger.go:66:       + tags                 = {
TestTerraformPatcheExample 2022-03-22T16:20:54Z logger.go:66:           + "Name" = "ex-patch-us-west-2a"
TestTerraformPatcheExample 2022-03-22T16:20:54Z logger.go:66:         }
TestTerraformPatcheExample 2022-03-22T16:20:54Z logger.go:66:       + tags_all             = {
TestTerraformPatcheExample 2022-03-22T16:20:54Z logger.go:66:           + "Example"    = "ex-patch"
TestTerraformPatcheExample 2022-03-22T16:20:54Z logger.go:66:           + "GithubOrg"  = "aidan-melen"
TestTerraformPatcheExample 2022-03-22T16:20:54Z logger.go:66:           + "GithubRepo" = "terraform-aws-eks-auth"
TestTerraformPatcheExample 2022-03-22T16:20:54Z logger.go:66:           + "Name"       = "ex-patch-us-west-2a"
TestTerraformPatcheExample 2022-03-22T16:20:54Z logger.go:66:         }
TestTerraformPatcheExample 2022-03-22T16:20:54Z logger.go:66:       + vpc                  = true
TestTerraformPatcheExample 2022-03-22T16:20:54Z logger.go:66:     }
TestTerraformPatcheExample 2022-03-22T16:20:54Z logger.go:66:
TestTerraformPatcheExample 2022-03-22T16:20:54Z logger.go:66:   # module.vpc.aws_internet_gateway.this[0] will be created
TestTerraformPatcheExample 2022-03-22T16:20:54Z logger.go:66:   + resource "aws_internet_gateway" "this" {
TestTerraformPatcheExample 2022-03-22T16:20:54Z logger.go:66:       + arn      = (known after apply)
TestTerraformPatcheExample 2022-03-22T16:20:54Z logger.go:66:       + id       = (known after apply)
TestTerraformPatcheExample 2022-03-22T16:20:54Z logger.go:66:       + owner_id = (known after apply)
TestTerraformPatcheExample 2022-03-22T16:20:54Z logger.go:66:       + tags     = {
TestTerraformPatcheExample 2022-03-22T16:20:54Z logger.go:66:           + "Name" = "ex-patch"
TestTerraformPatcheExample 2022-03-22T16:20:54Z logger.go:66:         }
TestTerraformPatcheExample 2022-03-22T16:20:54Z logger.go:66:       + tags_all = {
TestTerraformPatcheExample 2022-03-22T16:20:54Z logger.go:66:           + "Example"    = "ex-patch"
TestTerraformPatcheExample 2022-03-22T16:20:54Z logger.go:66:           + "GithubOrg"  = "aidan-melen"
TestTerraformPatcheExample 2022-03-22T16:20:54Z logger.go:66:           + "GithubRepo" = "terraform-aws-eks-auth"
TestTerraformPatcheExample 2022-03-22T16:20:54Z logger.go:66:           + "Name"       = "ex-patch"
TestTerraformPatcheExample 2022-03-22T16:20:54Z logger.go:66:         }
TestTerraformPatcheExample 2022-03-22T16:20:54Z logger.go:66:       + vpc_id   = (known after apply)
TestTerraformPatcheExample 2022-03-22T16:20:54Z logger.go:66:     }
TestTerraformPatcheExample 2022-03-22T16:20:54Z logger.go:66:
TestTerraformPatcheExample 2022-03-22T16:20:54Z logger.go:66:   # module.vpc.aws_nat_gateway.this[0] will be created
TestTerraformPatcheExample 2022-03-22T16:20:54Z logger.go:66:   + resource "aws_nat_gateway" "this" {
TestTerraformPatcheExample 2022-03-22T16:20:54Z logger.go:66:       + allocation_id        = (known after apply)
TestTerraformPatcheExample 2022-03-22T16:20:54Z logger.go:66:       + connectivity_type    = "public"
TestTerraformPatcheExample 2022-03-22T16:20:54Z logger.go:66:       + id                   = (known after apply)
TestTerraformPatcheExample 2022-03-22T16:20:54Z logger.go:66:       + network_interface_id = (known after apply)
TestTerraformPatcheExample 2022-03-22T16:20:54Z logger.go:66:       + private_ip           = (known after apply)
TestTerraformPatcheExample 2022-03-22T16:20:54Z logger.go:66:       + public_ip            = (known after apply)
TestTerraformPatcheExample 2022-03-22T16:20:54Z logger.go:66:       + subnet_id            = (known after apply)
TestTerraformPatcheExample 2022-03-22T16:20:54Z logger.go:66:       + tags                 = {
TestTerraformPatcheExample 2022-03-22T16:20:54Z logger.go:66:           + "Name" = "ex-patch-us-west-2a"
TestTerraformPatcheExample 2022-03-22T16:20:54Z logger.go:66:         }
TestTerraformPatcheExample 2022-03-22T16:20:54Z logger.go:66:       + tags_all             = {
TestTerraformPatcheExample 2022-03-22T16:20:54Z logger.go:66:           + "Example"    = "ex-patch"
TestTerraformPatcheExample 2022-03-22T16:20:54Z logger.go:66:           + "GithubOrg"  = "aidan-melen"
TestTerraformPatcheExample 2022-03-22T16:20:54Z logger.go:66:           + "GithubRepo" = "terraform-aws-eks-auth"
TestTerraformPatcheExample 2022-03-22T16:20:54Z logger.go:66:           + "Name"       = "ex-patch-us-west-2a"
TestTerraformPatcheExample 2022-03-22T16:20:54Z logger.go:66:         }
TestTerraformPatcheExample 2022-03-22T16:20:54Z logger.go:66:     }
TestTerraformPatcheExample 2022-03-22T16:20:54Z logger.go:66:
TestTerraformPatcheExample 2022-03-22T16:20:54Z logger.go:66:   # module.vpc.aws_route.private_nat_gateway[0] will be created
TestTerraformPatcheExample 2022-03-22T16:20:54Z logger.go:66:   + resource "aws_route" "private_nat_gateway" {
TestTerraformPatcheExample 2022-03-22T16:20:54Z logger.go:66:       + destination_cidr_block = "0.0.0.0/0"
TestTerraformPatcheExample 2022-03-22T16:20:54Z logger.go:66:       + id                     = (known after apply)
TestTerraformPatcheExample 2022-03-22T16:20:54Z logger.go:66:       + instance_id            = (known after apply)
TestTerraformPatcheExample 2022-03-22T16:20:54Z logger.go:66:       + instance_owner_id      = (known after apply)
TestTerraformPatcheExample 2022-03-22T16:20:54Z logger.go:66:       + nat_gateway_id         = (known after apply)
TestTerraformPatcheExample 2022-03-22T16:20:54Z logger.go:66:       + network_interface_id   = (known after apply)
TestTerraformPatcheExample 2022-03-22T16:20:54Z logger.go:66:       + origin                 = (known after apply)
TestTerraformPatcheExample 2022-03-22T16:20:54Z logger.go:66:       + route_table_id         = (known after apply)
TestTerraformPatcheExample 2022-03-22T16:20:54Z logger.go:66:       + state                  = (known after apply)
TestTerraformPatcheExample 2022-03-22T16:20:54Z logger.go:66:
TestTerraformPatcheExample 2022-03-22T16:20:54Z logger.go:66:       + timeouts {
TestTerraformPatcheExample 2022-03-22T16:20:54Z logger.go:66:           + create = "5m"
TestTerraformPatcheExample 2022-03-22T16:20:54Z logger.go:66:         }
TestTerraformPatcheExample 2022-03-22T16:20:54Z logger.go:66:     }
TestTerraformPatcheExample 2022-03-22T16:20:54Z logger.go:66:
TestTerraformPatcheExample 2022-03-22T16:20:54Z logger.go:66:   # module.vpc.aws_route.public_internet_gateway[0] will be created
TestTerraformPatcheExample 2022-03-22T16:20:54Z logger.go:66:   + resource "aws_route" "public_internet_gateway" {
TestTerraformPatcheExample 2022-03-22T16:20:54Z logger.go:66:       + destination_cidr_block = "0.0.0.0/0"
TestTerraformPatcheExample 2022-03-22T16:20:54Z logger.go:66:       + gateway_id             = (known after apply)
TestTerraformPatcheExample 2022-03-22T16:20:54Z logger.go:66:       + id                     = (known after apply)
TestTerraformPatcheExample 2022-03-22T16:20:54Z logger.go:66:       + instance_id            = (known after apply)
TestTerraformPatcheExample 2022-03-22T16:20:54Z logger.go:66:       + instance_owner_id      = (known after apply)
TestTerraformPatcheExample 2022-03-22T16:20:54Z logger.go:66:       + network_interface_id   = (known after apply)
TestTerraformPatcheExample 2022-03-22T16:20:54Z logger.go:66:       + origin                 = (known after apply)
TestTerraformPatcheExample 2022-03-22T16:20:54Z logger.go:66:       + route_table_id         = (known after apply)
TestTerraformPatcheExample 2022-03-22T16:20:54Z logger.go:66:       + state                  = (known after apply)
TestTerraformPatcheExample 2022-03-22T16:20:54Z logger.go:66:
TestTerraformPatcheExample 2022-03-22T16:20:54Z logger.go:66:       + timeouts {
TestTerraformPatcheExample 2022-03-22T16:20:54Z logger.go:66:           + create = "5m"
TestTerraformPatcheExample 2022-03-22T16:20:54Z logger.go:66:         }
TestTerraformPatcheExample 2022-03-22T16:20:54Z logger.go:66:     }
TestTerraformPatcheExample 2022-03-22T16:20:54Z logger.go:66:
TestTerraformPatcheExample 2022-03-22T16:20:54Z logger.go:66:   # module.vpc.aws_route_table.private[0] will be created
TestTerraformPatcheExample 2022-03-22T16:20:54Z logger.go:66:   + resource "aws_route_table" "private" {
TestTerraformPatcheExample 2022-03-22T16:20:54Z logger.go:66:       + arn              = (known after apply)
TestTerraformPatcheExample 2022-03-22T16:20:54Z logger.go:66:       + id               = (known after apply)
TestTerraformPatcheExample 2022-03-22T16:20:54Z logger.go:66:       + owner_id         = (known after apply)
TestTerraformPatcheExample 2022-03-22T16:20:54Z logger.go:66:       + propagating_vgws = (known after apply)
TestTerraformPatcheExample 2022-03-22T16:20:54Z logger.go:66:       + route            = (known after apply)
TestTerraformPatcheExample 2022-03-22T16:20:54Z logger.go:66:       + tags             = {
TestTerraformPatcheExample 2022-03-22T16:20:54Z logger.go:66:           + "Name" = "ex-patch-private"
TestTerraformPatcheExample 2022-03-22T16:20:54Z logger.go:66:         }
TestTerraformPatcheExample 2022-03-22T16:20:54Z logger.go:66:       + tags_all         = {
TestTerraformPatcheExample 2022-03-22T16:20:54Z logger.go:66:           + "Example"    = "ex-patch"
TestTerraformPatcheExample 2022-03-22T16:20:54Z logger.go:66:           + "GithubOrg"  = "aidan-melen"
TestTerraformPatcheExample 2022-03-22T16:20:54Z logger.go:66:           + "GithubRepo" = "terraform-aws-eks-auth"
TestTerraformPatcheExample 2022-03-22T16:20:54Z logger.go:66:           + "Name"       = "ex-patch-private"
TestTerraformPatcheExample 2022-03-22T16:20:54Z logger.go:66:         }
TestTerraformPatcheExample 2022-03-22T16:20:54Z logger.go:66:       + vpc_id           = (known after apply)
TestTerraformPatcheExample 2022-03-22T16:20:54Z logger.go:66:     }
TestTerraformPatcheExample 2022-03-22T16:20:54Z logger.go:66:
TestTerraformPatcheExample 2022-03-22T16:20:54Z logger.go:66:   # module.vpc.aws_route_table.public[0] will be created
TestTerraformPatcheExample 2022-03-22T16:20:54Z logger.go:66:   + resource "aws_route_table" "public" {
TestTerraformPatcheExample 2022-03-22T16:20:54Z logger.go:66:       + arn              = (known after apply)
TestTerraformPatcheExample 2022-03-22T16:20:54Z logger.go:66:       + id               = (known after apply)
TestTerraformPatcheExample 2022-03-22T16:20:54Z logger.go:66:       + owner_id         = (known after apply)
TestTerraformPatcheExample 2022-03-22T16:20:54Z logger.go:66:       + propagating_vgws = (known after apply)
TestTerraformPatcheExample 2022-03-22T16:20:54Z logger.go:66:       + route            = (known after apply)
TestTerraformPatcheExample 2022-03-22T16:20:54Z logger.go:66:       + tags             = {
TestTerraformPatcheExample 2022-03-22T16:20:54Z logger.go:66:           + "Name" = "ex-patch-public"
TestTerraformPatcheExample 2022-03-22T16:20:54Z logger.go:66:         }
TestTerraformPatcheExample 2022-03-22T16:20:54Z logger.go:66:       + tags_all         = {
TestTerraformPatcheExample 2022-03-22T16:20:54Z logger.go:66:           + "Example"    = "ex-patch"
TestTerraformPatcheExample 2022-03-22T16:20:54Z logger.go:66:           + "GithubOrg"  = "aidan-melen"
TestTerraformPatcheExample 2022-03-22T16:20:54Z logger.go:66:           + "GithubRepo" = "terraform-aws-eks-auth"
TestTerraformPatcheExample 2022-03-22T16:20:54Z logger.go:66:           + "Name"       = "ex-patch-public"
TestTerraformPatcheExample 2022-03-22T16:20:54Z logger.go:66:         }
TestTerraformPatcheExample 2022-03-22T16:20:54Z logger.go:66:       + vpc_id           = (known after apply)
TestTerraformPatcheExample 2022-03-22T16:20:54Z logger.go:66:     }
TestTerraformPatcheExample 2022-03-22T16:20:54Z logger.go:66:
TestTerraformPatcheExample 2022-03-22T16:20:54Z logger.go:66:   # module.vpc.aws_route_table_association.private[0] will be created
TestTerraformPatcheExample 2022-03-22T16:20:54Z logger.go:66:   + resource "aws_route_table_association" "private" {
TestTerraformPatcheExample 2022-03-22T16:20:54Z logger.go:66:       + id             = (known after apply)
TestTerraformPatcheExample 2022-03-22T16:20:54Z logger.go:66:       + route_table_id = (known after apply)
TestTerraformPatcheExample 2022-03-22T16:20:54Z logger.go:66:       + subnet_id      = (known after apply)
TestTerraformPatcheExample 2022-03-22T16:20:54Z logger.go:66:     }
TestTerraformPatcheExample 2022-03-22T16:20:54Z logger.go:66:
TestTerraformPatcheExample 2022-03-22T16:20:54Z logger.go:66:   # module.vpc.aws_route_table_association.private[1] will be created
TestTerraformPatcheExample 2022-03-22T16:20:54Z logger.go:66:   + resource "aws_route_table_association" "private" {
TestTerraformPatcheExample 2022-03-22T16:20:54Z logger.go:66:       + id             = (known after apply)
TestTerraformPatcheExample 2022-03-22T16:20:54Z logger.go:66:       + route_table_id = (known after apply)
TestTerraformPatcheExample 2022-03-22T16:20:54Z logger.go:66:       + subnet_id      = (known after apply)
TestTerraformPatcheExample 2022-03-22T16:20:54Z logger.go:66:     }
TestTerraformPatcheExample 2022-03-22T16:20:54Z logger.go:66:
TestTerraformPatcheExample 2022-03-22T16:20:54Z logger.go:66:   # module.vpc.aws_route_table_association.private[2] will be created
TestTerraformPatcheExample 2022-03-22T16:20:54Z logger.go:66:   + resource "aws_route_table_association" "private" {
TestTerraformPatcheExample 2022-03-22T16:20:54Z logger.go:66:       + id             = (known after apply)
TestTerraformPatcheExample 2022-03-22T16:20:54Z logger.go:66:       + route_table_id = (known after apply)
TestTerraformPatcheExample 2022-03-22T16:20:54Z logger.go:66:       + subnet_id      = (known after apply)
TestTerraformPatcheExample 2022-03-22T16:20:54Z logger.go:66:     }
TestTerraformPatcheExample 2022-03-22T16:20:54Z logger.go:66:
TestTerraformPatcheExample 2022-03-22T16:20:54Z logger.go:66:   # module.vpc.aws_route_table_association.public[0] will be created
TestTerraformPatcheExample 2022-03-22T16:20:54Z logger.go:66:   + resource "aws_route_table_association" "public" {
TestTerraformPatcheExample 2022-03-22T16:20:54Z logger.go:66:       + id             = (known after apply)
TestTerraformPatcheExample 2022-03-22T16:20:54Z logger.go:66:       + route_table_id = (known after apply)
TestTerraformPatcheExample 2022-03-22T16:20:54Z logger.go:66:       + subnet_id      = (known after apply)
TestTerraformPatcheExample 2022-03-22T16:20:54Z logger.go:66:     }
TestTerraformPatcheExample 2022-03-22T16:20:54Z logger.go:66:
TestTerraformPatcheExample 2022-03-22T16:20:54Z logger.go:66:   # module.vpc.aws_route_table_association.public[1] will be created
TestTerraformPatcheExample 2022-03-22T16:20:54Z logger.go:66:   + resource "aws_route_table_association" "public" {
TestTerraformPatcheExample 2022-03-22T16:20:54Z logger.go:66:       + id             = (known after apply)
TestTerraformPatcheExample 2022-03-22T16:20:54Z logger.go:66:       + route_table_id = (known after apply)
TestTerraformPatcheExample 2022-03-22T16:20:54Z logger.go:66:       + subnet_id      = (known after apply)
TestTerraformPatcheExample 2022-03-22T16:20:54Z logger.go:66:     }
TestTerraformPatcheExample 2022-03-22T16:20:54Z logger.go:66:
TestTerraformPatcheExample 2022-03-22T16:20:54Z logger.go:66:   # module.vpc.aws_route_table_association.public[2] will be created
TestTerraformPatcheExample 2022-03-22T16:20:54Z logger.go:66:   + resource "aws_route_table_association" "public" {
TestTerraformPatcheExample 2022-03-22T16:20:54Z logger.go:66:       + id             = (known after apply)
TestTerraformPatcheExample 2022-03-22T16:20:54Z logger.go:66:       + route_table_id = (known after apply)
TestTerraformPatcheExample 2022-03-22T16:20:54Z logger.go:66:       + subnet_id      = (known after apply)
TestTerraformPatcheExample 2022-03-22T16:20:54Z logger.go:66:     }
TestTerraformPatcheExample 2022-03-22T16:20:54Z logger.go:66:
TestTerraformPatcheExample 2022-03-22T16:20:54Z logger.go:66:   # module.vpc.aws_subnet.private[0] will be created
TestTerraformPatcheExample 2022-03-22T16:20:54Z logger.go:66:   + resource "aws_subnet" "private" {
TestTerraformPatcheExample 2022-03-22T16:20:54Z logger.go:66:       + arn                                            = (known after apply)
TestTerraformPatcheExample 2022-03-22T16:20:54Z logger.go:66:       + assign_ipv6_address_on_creation                = false
TestTerraformPatcheExample 2022-03-22T16:20:54Z logger.go:66:       + availability_zone                              = "us-west-2a"
TestTerraformPatcheExample 2022-03-22T16:20:54Z logger.go:66:       + availability_zone_id                           = (known after apply)
TestTerraformPatcheExample 2022-03-22T16:20:54Z logger.go:66:       + cidr_block                                     = "10.0.1.0/24"
TestTerraformPatcheExample 2022-03-22T16:20:54Z logger.go:66:       + enable_dns64                                   = false
TestTerraformPatcheExample 2022-03-22T16:20:54Z logger.go:66:       + enable_resource_name_dns_a_record_on_launch    = false
TestTerraformPatcheExample 2022-03-22T16:20:54Z logger.go:66:       + enable_resource_name_dns_aaaa_record_on_launch = false
TestTerraformPatcheExample 2022-03-22T16:20:54Z logger.go:66:       + id                                             = (known after apply)
TestTerraformPatcheExample 2022-03-22T16:20:54Z logger.go:66:       + ipv6_cidr_block_association_id                 = (known after apply)
TestTerraformPatcheExample 2022-03-22T16:20:54Z logger.go:66:       + ipv6_native                                    = false
TestTerraformPatcheExample 2022-03-22T16:20:54Z logger.go:66:       + map_public_ip_on_launch                        = false
TestTerraformPatcheExample 2022-03-22T16:20:54Z logger.go:66:       + owner_id                                       = (known after apply)
TestTerraformPatcheExample 2022-03-22T16:20:54Z logger.go:66:       + private_dns_hostname_type_on_launch            = (known after apply)
TestTerraformPatcheExample 2022-03-22T16:20:54Z logger.go:66:       + tags                                           = {
TestTerraformPatcheExample 2022-03-22T16:20:54Z logger.go:66:           + "Name"                            = "ex-patch-private-us-west-2a"
TestTerraformPatcheExample 2022-03-22T16:20:54Z logger.go:66:           + "kubernetes.io/cluster/ex-patch"  = "shared"
TestTerraformPatcheExample 2022-03-22T16:20:54Z logger.go:66:           + "kubernetes.io/role/internal-elb" = "1"
TestTerraformPatcheExample 2022-03-22T16:20:54Z logger.go:66:         }
TestTerraformPatcheExample 2022-03-22T16:20:54Z logger.go:66:       + tags_all                                       = {
TestTerraformPatcheExample 2022-03-22T16:20:54Z logger.go:66:           + "Example"                         = "ex-patch"
TestTerraformPatcheExample 2022-03-22T16:20:54Z logger.go:66:           + "GithubOrg"                       = "aidan-melen"
TestTerraformPatcheExample 2022-03-22T16:20:54Z logger.go:66:           + "GithubRepo"                      = "terraform-aws-eks-auth"
TestTerraformPatcheExample 2022-03-22T16:20:54Z logger.go:66:           + "Name"                            = "ex-patch-private-us-west-2a"
TestTerraformPatcheExample 2022-03-22T16:20:54Z logger.go:66:           + "kubernetes.io/cluster/ex-patch"  = "shared"
TestTerraformPatcheExample 2022-03-22T16:20:54Z logger.go:66:           + "kubernetes.io/role/internal-elb" = "1"
TestTerraformPatcheExample 2022-03-22T16:20:54Z logger.go:66:         }
TestTerraformPatcheExample 2022-03-22T16:20:54Z logger.go:66:       + vpc_id                                         = (known after apply)
TestTerraformPatcheExample 2022-03-22T16:20:54Z logger.go:66:     }
TestTerraformPatcheExample 2022-03-22T16:20:54Z logger.go:66:
TestTerraformPatcheExample 2022-03-22T16:20:54Z logger.go:66:   # module.vpc.aws_subnet.private[1] will be created
TestTerraformPatcheExample 2022-03-22T16:20:54Z logger.go:66:   + resource "aws_subnet" "private" {
TestTerraformPatcheExample 2022-03-22T16:20:54Z logger.go:66:       + arn                                            = (known after apply)
TestTerraformPatcheExample 2022-03-22T16:20:54Z logger.go:66:       + assign_ipv6_address_on_creation                = false
TestTerraformPatcheExample 2022-03-22T16:20:54Z logger.go:66:       + availability_zone                              = "us-west-2b"
TestTerraformPatcheExample 2022-03-22T16:20:54Z logger.go:66:       + availability_zone_id                           = (known after apply)
TestTerraformPatcheExample 2022-03-22T16:20:54Z logger.go:66:       + cidr_block                                     = "10.0.2.0/24"
TestTerraformPatcheExample 2022-03-22T16:20:54Z logger.go:66:       + enable_dns64                                   = false
TestTerraformPatcheExample 2022-03-22T16:20:54Z logger.go:66:       + enable_resource_name_dns_a_record_on_launch    = false
TestTerraformPatcheExample 2022-03-22T16:20:54Z logger.go:66:       + enable_resource_name_dns_aaaa_record_on_launch = false
TestTerraformPatcheExample 2022-03-22T16:20:54Z logger.go:66:       + id                                             = (known after apply)
TestTerraformPatcheExample 2022-03-22T16:20:54Z logger.go:66:       + ipv6_cidr_block_association_id                 = (known after apply)
TestTerraformPatcheExample 2022-03-22T16:20:54Z logger.go:66:       + ipv6_native                                    = false
TestTerraformPatcheExample 2022-03-22T16:20:54Z logger.go:66:       + map_public_ip_on_launch                        = false
TestTerraformPatcheExample 2022-03-22T16:20:54Z logger.go:66:       + owner_id                                       = (known after apply)
TestTerraformPatcheExample 2022-03-22T16:20:54Z logger.go:66:       + private_dns_hostname_type_on_launch            = (known after apply)
TestTerraformPatcheExample 2022-03-22T16:20:54Z logger.go:66:       + tags                                           = {
TestTerraformPatcheExample 2022-03-22T16:20:54Z logger.go:66:           + "Name"                            = "ex-patch-private-us-west-2b"
TestTerraformPatcheExample 2022-03-22T16:20:54Z logger.go:66:           + "kubernetes.io/cluster/ex-patch"  = "shared"
TestTerraformPatcheExample 2022-03-22T16:20:54Z logger.go:66:           + "kubernetes.io/role/internal-elb" = "1"
TestTerraformPatcheExample 2022-03-22T16:20:54Z logger.go:66:         }
TestTerraformPatcheExample 2022-03-22T16:20:54Z logger.go:66:       + tags_all                                       = {
TestTerraformPatcheExample 2022-03-22T16:20:54Z logger.go:66:           + "Example"                         = "ex-patch"
TestTerraformPatcheExample 2022-03-22T16:20:54Z logger.go:66:           + "GithubOrg"                       = "aidan-melen"
TestTerraformPatcheExample 2022-03-22T16:20:54Z logger.go:66:           + "GithubRepo"                      = "terraform-aws-eks-auth"
TestTerraformPatcheExample 2022-03-22T16:20:54Z logger.go:66:           + "Name"                            = "ex-patch-private-us-west-2b"
TestTerraformPatcheExample 2022-03-22T16:20:54Z logger.go:66:           + "kubernetes.io/cluster/ex-patch"  = "shared"
TestTerraformPatcheExample 2022-03-22T16:20:54Z logger.go:66:           + "kubernetes.io/role/internal-elb" = "1"
TestTerraformPatcheExample 2022-03-22T16:20:54Z logger.go:66:         }
TestTerraformPatcheExample 2022-03-22T16:20:54Z logger.go:66:       + vpc_id                                         = (known after apply)
TestTerraformPatcheExample 2022-03-22T16:20:54Z logger.go:66:     }
TestTerraformPatcheExample 2022-03-22T16:20:54Z logger.go:66:
TestTerraformPatcheExample 2022-03-22T16:20:54Z logger.go:66:   # module.vpc.aws_subnet.private[2] will be created
TestTerraformPatcheExample 2022-03-22T16:20:54Z logger.go:66:   + resource "aws_subnet" "private" {
TestTerraformPatcheExample 2022-03-22T16:20:54Z logger.go:66:       + arn                                            = (known after apply)
TestTerraformPatcheExample 2022-03-22T16:20:54Z logger.go:66:       + assign_ipv6_address_on_creation                = false
TestTerraformPatcheExample 2022-03-22T16:20:54Z logger.go:66:       + availability_zone                              = "us-west-2c"
TestTerraformPatcheExample 2022-03-22T16:20:54Z logger.go:66:       + availability_zone_id                           = (known after apply)
TestTerraformPatcheExample 2022-03-22T16:20:54Z logger.go:66:       + cidr_block                                     = "10.0.3.0/24"
TestTerraformPatcheExample 2022-03-22T16:20:54Z logger.go:66:       + enable_dns64                                   = false
TestTerraformPatcheExample 2022-03-22T16:20:54Z logger.go:66:       + enable_resource_name_dns_a_record_on_launch    = false
TestTerraformPatcheExample 2022-03-22T16:20:54Z logger.go:66:       + enable_resource_name_dns_aaaa_record_on_launch = false
TestTerraformPatcheExample 2022-03-22T16:20:54Z logger.go:66:       + id                                             = (known after apply)
TestTerraformPatcheExample 2022-03-22T16:20:54Z logger.go:66:       + ipv6_cidr_block_association_id                 = (known after apply)
TestTerraformPatcheExample 2022-03-22T16:20:54Z logger.go:66:       + ipv6_native                                    = false
TestTerraformPatcheExample 2022-03-22T16:20:54Z logger.go:66:       + map_public_ip_on_launch                        = false
TestTerraformPatcheExample 2022-03-22T16:20:54Z logger.go:66:       + owner_id                                       = (known after apply)
TestTerraformPatcheExample 2022-03-22T16:20:54Z logger.go:66:       + private_dns_hostname_type_on_launch            = (known after apply)
TestTerraformPatcheExample 2022-03-22T16:20:54Z logger.go:66:       + tags                                           = {
TestTerraformPatcheExample 2022-03-22T16:20:54Z logger.go:66:           + "Name"                            = "ex-patch-private-us-west-2c"
TestTerraformPatcheExample 2022-03-22T16:20:54Z logger.go:66:           + "kubernetes.io/cluster/ex-patch"  = "shared"
TestTerraformPatcheExample 2022-03-22T16:20:54Z logger.go:66:           + "kubernetes.io/role/internal-elb" = "1"
TestTerraformPatcheExample 2022-03-22T16:20:54Z logger.go:66:         }
TestTerraformPatcheExample 2022-03-22T16:20:54Z logger.go:66:       + tags_all                                       = {
TestTerraformPatcheExample 2022-03-22T16:20:54Z logger.go:66:           + "Example"                         = "ex-patch"
TestTerraformPatcheExample 2022-03-22T16:20:54Z logger.go:66:           + "GithubOrg"                       = "aidan-melen"
TestTerraformPatcheExample 2022-03-22T16:20:54Z logger.go:66:           + "GithubRepo"                      = "terraform-aws-eks-auth"
TestTerraformPatcheExample 2022-03-22T16:20:54Z logger.go:66:           + "Name"                            = "ex-patch-private-us-west-2c"
TestTerraformPatcheExample 2022-03-22T16:20:54Z logger.go:66:           + "kubernetes.io/cluster/ex-patch"  = "shared"
TestTerraformPatcheExample 2022-03-22T16:20:54Z logger.go:66:           + "kubernetes.io/role/internal-elb" = "1"
TestTerraformPatcheExample 2022-03-22T16:20:54Z logger.go:66:         }
TestTerraformPatcheExample 2022-03-22T16:20:54Z logger.go:66:       + vpc_id                                         = (known after apply)
TestTerraformPatcheExample 2022-03-22T16:20:54Z logger.go:66:     }
TestTerraformPatcheExample 2022-03-22T16:20:54Z logger.go:66:
TestTerraformPatcheExample 2022-03-22T16:20:54Z logger.go:66:   # module.vpc.aws_subnet.public[0] will be created
TestTerraformPatcheExample 2022-03-22T16:20:54Z logger.go:66:   + resource "aws_subnet" "public" {
TestTerraformPatcheExample 2022-03-22T16:20:54Z logger.go:66:       + arn                                            = (known after apply)
TestTerraformPatcheExample 2022-03-22T16:20:54Z logger.go:66:       + assign_ipv6_address_on_creation                = false
TestTerraformPatcheExample 2022-03-22T16:20:54Z logger.go:66:       + availability_zone                              = "us-west-2a"
TestTerraformPatcheExample 2022-03-22T16:20:54Z logger.go:66:       + availability_zone_id                           = (known after apply)
TestTerraformPatcheExample 2022-03-22T16:20:54Z logger.go:66:       + cidr_block                                     = "10.0.4.0/24"
TestTerraformPatcheExample 2022-03-22T16:20:54Z logger.go:66:       + enable_dns64                                   = false
TestTerraformPatcheExample 2022-03-22T16:20:54Z logger.go:66:       + enable_resource_name_dns_a_record_on_launch    = false
TestTerraformPatcheExample 2022-03-22T16:20:54Z logger.go:66:       + enable_resource_name_dns_aaaa_record_on_launch = false
TestTerraformPatcheExample 2022-03-22T16:20:54Z logger.go:66:       + id                                             = (known after apply)
TestTerraformPatcheExample 2022-03-22T16:20:54Z logger.go:66:       + ipv6_cidr_block_association_id                 = (known after apply)
TestTerraformPatcheExample 2022-03-22T16:20:54Z logger.go:66:       + ipv6_native                                    = false
TestTerraformPatcheExample 2022-03-22T16:20:54Z logger.go:66:       + map_public_ip_on_launch                        = true
TestTerraformPatcheExample 2022-03-22T16:20:54Z logger.go:66:       + owner_id                                       = (known after apply)
TestTerraformPatcheExample 2022-03-22T16:20:54Z logger.go:66:       + private_dns_hostname_type_on_launch            = (known after apply)
TestTerraformPatcheExample 2022-03-22T16:20:54Z logger.go:66:       + tags                                           = {
TestTerraformPatcheExample 2022-03-22T16:20:54Z logger.go:66:           + "Name"                           = "ex-patch-public-us-west-2a"
TestTerraformPatcheExample 2022-03-22T16:20:54Z logger.go:66:           + "kubernetes.io/cluster/ex-patch" = "shared"
TestTerraformPatcheExample 2022-03-22T16:20:54Z logger.go:66:           + "kubernetes.io/role/elb"         = "1"
TestTerraformPatcheExample 2022-03-22T16:20:54Z logger.go:66:         }
TestTerraformPatcheExample 2022-03-22T16:20:54Z logger.go:66:       + tags_all                                       = {
TestTerraformPatcheExample 2022-03-22T16:20:54Z logger.go:66:           + "Example"                        = "ex-patch"
TestTerraformPatcheExample 2022-03-22T16:20:54Z logger.go:66:           + "GithubOrg"                      = "aidan-melen"
TestTerraformPatcheExample 2022-03-22T16:20:54Z logger.go:66:           + "GithubRepo"                     = "terraform-aws-eks-auth"
TestTerraformPatcheExample 2022-03-22T16:20:54Z logger.go:66:           + "Name"                           = "ex-patch-public-us-west-2a"
TestTerraformPatcheExample 2022-03-22T16:20:54Z logger.go:66:           + "kubernetes.io/cluster/ex-patch" = "shared"
TestTerraformPatcheExample 2022-03-22T16:20:54Z logger.go:66:           + "kubernetes.io/role/elb"         = "1"
TestTerraformPatcheExample 2022-03-22T16:20:54Z logger.go:66:         }
TestTerraformPatcheExample 2022-03-22T16:20:54Z logger.go:66:       + vpc_id                                         = (known after apply)
TestTerraformPatcheExample 2022-03-22T16:20:54Z logger.go:66:     }
TestTerraformPatcheExample 2022-03-22T16:20:54Z logger.go:66:
TestTerraformPatcheExample 2022-03-22T16:20:54Z logger.go:66:   # module.vpc.aws_subnet.public[1] will be created
TestTerraformPatcheExample 2022-03-22T16:20:54Z logger.go:66:   + resource "aws_subnet" "public" {
TestTerraformPatcheExample 2022-03-22T16:20:54Z logger.go:66:       + arn                                            = (known after apply)
TestTerraformPatcheExample 2022-03-22T16:20:54Z logger.go:66:       + assign_ipv6_address_on_creation                = false
TestTerraformPatcheExample 2022-03-22T16:20:54Z logger.go:66:       + availability_zone                              = "us-west-2b"
TestTerraformPatcheExample 2022-03-22T16:20:54Z logger.go:66:       + availability_zone_id                           = (known after apply)
TestTerraformPatcheExample 2022-03-22T16:20:54Z logger.go:66:       + cidr_block                                     = "10.0.5.0/24"
TestTerraformPatcheExample 2022-03-22T16:20:54Z logger.go:66:       + enable_dns64                                   = false
TestTerraformPatcheExample 2022-03-22T16:20:54Z logger.go:66:       + enable_resource_name_dns_a_record_on_launch    = false
TestTerraformPatcheExample 2022-03-22T16:20:54Z logger.go:66:       + enable_resource_name_dns_aaaa_record_on_launch = false
TestTerraformPatcheExample 2022-03-22T16:20:54Z logger.go:66:       + id                                             = (known after apply)
TestTerraformPatcheExample 2022-03-22T16:20:54Z logger.go:66:       + ipv6_cidr_block_association_id                 = (known after apply)
TestTerraformPatcheExample 2022-03-22T16:20:54Z logger.go:66:       + ipv6_native                                    = false
TestTerraformPatcheExample 2022-03-22T16:20:54Z logger.go:66:       + map_public_ip_on_launch                        = true
TestTerraformPatcheExample 2022-03-22T16:20:54Z logger.go:66:       + owner_id                                       = (known after apply)
TestTerraformPatcheExample 2022-03-22T16:20:54Z logger.go:66:       + private_dns_hostname_type_on_launch            = (known after apply)
TestTerraformPatcheExample 2022-03-22T16:20:54Z logger.go:66:       + tags                                           = {
TestTerraformPatcheExample 2022-03-22T16:20:54Z logger.go:66:           + "Name"                           = "ex-patch-public-us-west-2b"
TestTerraformPatcheExample 2022-03-22T16:20:54Z logger.go:66:           + "kubernetes.io/cluster/ex-patch" = "shared"
TestTerraformPatcheExample 2022-03-22T16:20:54Z logger.go:66:           + "kubernetes.io/role/elb"         = "1"
TestTerraformPatcheExample 2022-03-22T16:20:54Z logger.go:66:         }
TestTerraformPatcheExample 2022-03-22T16:20:54Z logger.go:66:       + tags_all                                       = {
TestTerraformPatcheExample 2022-03-22T16:20:54Z logger.go:66:           + "Example"                        = "ex-patch"
TestTerraformPatcheExample 2022-03-22T16:20:54Z logger.go:66:           + "GithubOrg"                      = "aidan-melen"
TestTerraformPatcheExample 2022-03-22T16:20:54Z logger.go:66:           + "GithubRepo"                     = "terraform-aws-eks-auth"
TestTerraformPatcheExample 2022-03-22T16:20:54Z logger.go:66:           + "Name"                           = "ex-patch-public-us-west-2b"
TestTerraformPatcheExample 2022-03-22T16:20:54Z logger.go:66:           + "kubernetes.io/cluster/ex-patch" = "shared"
TestTerraformPatcheExample 2022-03-22T16:20:54Z logger.go:66:           + "kubernetes.io/role/elb"         = "1"
TestTerraformPatcheExample 2022-03-22T16:20:54Z logger.go:66:         }
TestTerraformPatcheExample 2022-03-22T16:20:54Z logger.go:66:       + vpc_id                                         = (known after apply)
TestTerraformPatcheExample 2022-03-22T16:20:54Z logger.go:66:     }
TestTerraformPatcheExample 2022-03-22T16:20:54Z logger.go:66:
TestTerraformPatcheExample 2022-03-22T16:20:54Z logger.go:66:   # module.vpc.aws_subnet.public[2] will be created
TestTerraformPatcheExample 2022-03-22T16:20:54Z logger.go:66:   + resource "aws_subnet" "public" {
TestTerraformPatcheExample 2022-03-22T16:20:54Z logger.go:66:       + arn                                            = (known after apply)
TestTerraformPatcheExample 2022-03-22T16:20:54Z logger.go:66:       + assign_ipv6_address_on_creation                = false
TestTerraformPatcheExample 2022-03-22T16:20:54Z logger.go:66:       + availability_zone                              = "us-west-2c"
TestTerraformPatcheExample 2022-03-22T16:20:54Z logger.go:66:       + availability_zone_id                           = (known after apply)
TestTerraformPatcheExample 2022-03-22T16:20:54Z logger.go:66:       + cidr_block                                     = "10.0.6.0/24"
TestTerraformPatcheExample 2022-03-22T16:20:54Z logger.go:66:       + enable_dns64                                   = false
TestTerraformPatcheExample 2022-03-22T16:20:54Z logger.go:66:       + enable_resource_name_dns_a_record_on_launch    = false
TestTerraformPatcheExample 2022-03-22T16:20:54Z logger.go:66:       + enable_resource_name_dns_aaaa_record_on_launch = false
TestTerraformPatcheExample 2022-03-22T16:20:54Z logger.go:66:       + id                                             = (known after apply)
TestTerraformPatcheExample 2022-03-22T16:20:54Z logger.go:66:       + ipv6_cidr_block_association_id                 = (known after apply)
TestTerraformPatcheExample 2022-03-22T16:20:54Z logger.go:66:       + ipv6_native                                    = false
TestTerraformPatcheExample 2022-03-22T16:20:54Z logger.go:66:       + map_public_ip_on_launch                        = true
TestTerraformPatcheExample 2022-03-22T16:20:54Z logger.go:66:       + owner_id                                       = (known after apply)
TestTerraformPatcheExample 2022-03-22T16:20:54Z logger.go:66:       + private_dns_hostname_type_on_launch            = (known after apply)
TestTerraformPatcheExample 2022-03-22T16:20:54Z logger.go:66:       + tags                                           = {
TestTerraformPatcheExample 2022-03-22T16:20:54Z logger.go:66:           + "Name"                           = "ex-patch-public-us-west-2c"
TestTerraformPatcheExample 2022-03-22T16:20:54Z logger.go:66:           + "kubernetes.io/cluster/ex-patch" = "shared"
TestTerraformPatcheExample 2022-03-22T16:20:54Z logger.go:66:           + "kubernetes.io/role/elb"         = "1"
TestTerraformPatcheExample 2022-03-22T16:20:54Z logger.go:66:         }
TestTerraformPatcheExample 2022-03-22T16:20:54Z logger.go:66:       + tags_all                                       = {
TestTerraformPatcheExample 2022-03-22T16:20:54Z logger.go:66:           + "Example"                        = "ex-patch"
TestTerraformPatcheExample 2022-03-22T16:20:54Z logger.go:66:           + "GithubOrg"                      = "aidan-melen"
TestTerraformPatcheExample 2022-03-22T16:20:54Z logger.go:66:           + "GithubRepo"                     = "terraform-aws-eks-auth"
TestTerraformPatcheExample 2022-03-22T16:20:54Z logger.go:66:           + "Name"                           = "ex-patch-public-us-west-2c"
TestTerraformPatcheExample 2022-03-22T16:20:54Z logger.go:66:           + "kubernetes.io/cluster/ex-patch" = "shared"
TestTerraformPatcheExample 2022-03-22T16:20:54Z logger.go:66:           + "kubernetes.io/role/elb"         = "1"
TestTerraformPatcheExample 2022-03-22T16:20:54Z logger.go:66:         }
TestTerraformPatcheExample 2022-03-22T16:20:54Z logger.go:66:       + vpc_id                                         = (known after apply)
TestTerraformPatcheExample 2022-03-22T16:20:54Z logger.go:66:     }
TestTerraformPatcheExample 2022-03-22T16:20:54Z logger.go:66:
TestTerraformPatcheExample 2022-03-22T16:20:54Z logger.go:66:   # module.vpc.aws_vpc.this[0] will be created
TestTerraformPatcheExample 2022-03-22T16:20:54Z logger.go:66:   + resource "aws_vpc" "this" {
TestTerraformPatcheExample 2022-03-22T16:20:54Z logger.go:66:       + arn                                  = (known after apply)
TestTerraformPatcheExample 2022-03-22T16:20:54Z logger.go:66:       + assign_generated_ipv6_cidr_block     = false
TestTerraformPatcheExample 2022-03-22T16:20:54Z logger.go:66:       + cidr_block                           = "10.0.0.0/16"
TestTerraformPatcheExample 2022-03-22T16:20:54Z logger.go:66:       + default_network_acl_id               = (known after apply)
TestTerraformPatcheExample 2022-03-22T16:20:54Z logger.go:66:       + default_route_table_id               = (known after apply)
TestTerraformPatcheExample 2022-03-22T16:20:54Z logger.go:66:       + default_security_group_id            = (known after apply)
TestTerraformPatcheExample 2022-03-22T16:20:54Z logger.go:66:       + dhcp_options_id                      = (known after apply)
TestTerraformPatcheExample 2022-03-22T16:20:54Z logger.go:66:       + enable_classiclink                   = (known after apply)
TestTerraformPatcheExample 2022-03-22T16:20:54Z logger.go:66:       + enable_classiclink_dns_support       = (known after apply)
TestTerraformPatcheExample 2022-03-22T16:20:54Z logger.go:66:       + enable_dns_hostnames                 = true
TestTerraformPatcheExample 2022-03-22T16:20:54Z logger.go:66:       + enable_dns_support                   = true
TestTerraformPatcheExample 2022-03-22T16:20:54Z logger.go:66:       + id                                   = (known after apply)
TestTerraformPatcheExample 2022-03-22T16:20:54Z logger.go:66:       + instance_tenancy                     = "default"
TestTerraformPatcheExample 2022-03-22T16:20:54Z logger.go:66:       + ipv6_association_id                  = (known after apply)
TestTerraformPatcheExample 2022-03-22T16:20:54Z logger.go:66:       + ipv6_cidr_block                      = (known after apply)
TestTerraformPatcheExample 2022-03-22T16:20:54Z logger.go:66:       + ipv6_cidr_block_network_border_group = (known after apply)
TestTerraformPatcheExample 2022-03-22T16:20:54Z logger.go:66:       + main_route_table_id                  = (known after apply)
TestTerraformPatcheExample 2022-03-22T16:20:54Z logger.go:66:       + owner_id                             = (known after apply)
TestTerraformPatcheExample 2022-03-22T16:20:54Z logger.go:66:       + tags                                 = {
TestTerraformPatcheExample 2022-03-22T16:20:54Z logger.go:66:           + "Name" = "ex-patch"
TestTerraformPatcheExample 2022-03-22T16:20:54Z logger.go:66:         }
TestTerraformPatcheExample 2022-03-22T16:20:54Z logger.go:66:       + tags_all                             = {
TestTerraformPatcheExample 2022-03-22T16:20:54Z logger.go:66:           + "Example"    = "ex-patch"
TestTerraformPatcheExample 2022-03-22T16:20:54Z logger.go:66:           + "GithubOrg"  = "aidan-melen"
TestTerraformPatcheExample 2022-03-22T16:20:54Z logger.go:66:           + "GithubRepo" = "terraform-aws-eks-auth"
TestTerraformPatcheExample 2022-03-22T16:20:54Z logger.go:66:           + "Name"       = "ex-patch"
TestTerraformPatcheExample 2022-03-22T16:20:54Z logger.go:66:         }
TestTerraformPatcheExample 2022-03-22T16:20:54Z logger.go:66:     }
TestTerraformPatcheExample 2022-03-22T16:20:54Z logger.go:66:
TestTerraformPatcheExample 2022-03-22T16:20:54Z logger.go:66:   # module.eks.module.eks_managed_node_group["foo"].aws_eks_node_group.this[0] will be created
TestTerraformPatcheExample 2022-03-22T16:20:54Z logger.go:66:   + resource "aws_eks_node_group" "this" {
TestTerraformPatcheExample 2022-03-22T16:20:54Z logger.go:66:       + ami_type               = (known after apply)
TestTerraformPatcheExample 2022-03-22T16:20:54Z logger.go:66:       + arn                    = (known after apply)
TestTerraformPatcheExample 2022-03-22T16:20:54Z logger.go:66:       + capacity_type          = (known after apply)
TestTerraformPatcheExample 2022-03-22T16:20:54Z logger.go:66:       + cluster_name           = "ex-patch"
TestTerraformPatcheExample 2022-03-22T16:20:54Z logger.go:66:       + disk_size              = (known after apply)
TestTerraformPatcheExample 2022-03-22T16:20:54Z logger.go:66:       + id                     = (known after apply)
TestTerraformPatcheExample 2022-03-22T16:20:54Z logger.go:66:       + instance_types         = (known after apply)
TestTerraformPatcheExample 2022-03-22T16:20:54Z logger.go:66:       + node_group_name        = (known after apply)
TestTerraformPatcheExample 2022-03-22T16:20:54Z logger.go:66:       + node_group_name_prefix = "foo-"
TestTerraformPatcheExample 2022-03-22T16:20:54Z logger.go:66:       + node_role_arn          = (known after apply)
TestTerraformPatcheExample 2022-03-22T16:20:54Z logger.go:66:       + release_version        = (known after apply)
TestTerraformPatcheExample 2022-03-22T16:20:54Z logger.go:66:       + resources              = (known after apply)
TestTerraformPatcheExample 2022-03-22T16:20:54Z logger.go:66:       + status                 = (known after apply)
TestTerraformPatcheExample 2022-03-22T16:20:54Z logger.go:66:       + subnet_ids             = (known after apply)
TestTerraformPatcheExample 2022-03-22T16:20:54Z logger.go:66:       + tags                   = {
TestTerraformPatcheExample 2022-03-22T16:20:54Z logger.go:66:           + "Name" = "foo"
TestTerraformPatcheExample 2022-03-22T16:20:54Z logger.go:66:         }
TestTerraformPatcheExample 2022-03-22T16:20:54Z logger.go:66:       + tags_all               = {
TestTerraformPatcheExample 2022-03-22T16:20:54Z logger.go:66:           + "Example"    = "ex-patch"
TestTerraformPatcheExample 2022-03-22T16:20:54Z logger.go:66:           + "GithubOrg"  = "aidan-melen"
TestTerraformPatcheExample 2022-03-22T16:20:54Z logger.go:66:           + "GithubRepo" = "terraform-aws-eks-auth"
TestTerraformPatcheExample 2022-03-22T16:20:54Z logger.go:66:           + "Name"       = "foo"
TestTerraformPatcheExample 2022-03-22T16:20:54Z logger.go:66:         }
TestTerraformPatcheExample 2022-03-22T16:20:54Z logger.go:66:       + version                = "1.21"
TestTerraformPatcheExample 2022-03-22T16:20:54Z logger.go:66:
TestTerraformPatcheExample 2022-03-22T16:20:54Z logger.go:66:       + launch_template {
TestTerraformPatcheExample 2022-03-22T16:20:54Z logger.go:66:           + id      = (known after apply)
TestTerraformPatcheExample 2022-03-22T16:20:54Z logger.go:66:           + name    = (known after apply)
TestTerraformPatcheExample 2022-03-22T16:20:54Z logger.go:66:           + version = (known after apply)
TestTerraformPatcheExample 2022-03-22T16:20:54Z logger.go:66:         }
TestTerraformPatcheExample 2022-03-22T16:20:54Z logger.go:66:
TestTerraformPatcheExample 2022-03-22T16:20:54Z logger.go:66:       + scaling_config {
TestTerraformPatcheExample 2022-03-22T16:20:54Z logger.go:66:           + desired_size = 1
TestTerraformPatcheExample 2022-03-22T16:20:54Z logger.go:66:           + max_size     = 3
TestTerraformPatcheExample 2022-03-22T16:20:54Z logger.go:66:           + min_size     = 1
TestTerraformPatcheExample 2022-03-22T16:20:54Z logger.go:66:         }
TestTerraformPatcheExample 2022-03-22T16:20:54Z logger.go:66:
TestTerraformPatcheExample 2022-03-22T16:20:54Z logger.go:66:       + timeouts {}
TestTerraformPatcheExample 2022-03-22T16:20:54Z logger.go:66:
TestTerraformPatcheExample 2022-03-22T16:20:54Z logger.go:66:       + update_config {
TestTerraformPatcheExample 2022-03-22T16:20:54Z logger.go:66:           + max_unavailable            = (known after apply)
TestTerraformPatcheExample 2022-03-22T16:20:54Z logger.go:66:           + max_unavailable_percentage = (known after apply)
TestTerraformPatcheExample 2022-03-22T16:20:54Z logger.go:66:         }
TestTerraformPatcheExample 2022-03-22T16:20:54Z logger.go:66:     }
TestTerraformPatcheExample 2022-03-22T16:20:54Z logger.go:66:
TestTerraformPatcheExample 2022-03-22T16:20:54Z logger.go:66:   # module.eks.module.eks_managed_node_group["foo"].aws_iam_role.this[0] will be created
TestTerraformPatcheExample 2022-03-22T16:20:54Z logger.go:66:   + resource "aws_iam_role" "this" {
TestTerraformPatcheExample 2022-03-22T16:20:54Z logger.go:66:       + arn                   = (known after apply)
TestTerraformPatcheExample 2022-03-22T16:20:54Z logger.go:66:       + assume_role_policy    = jsonencode(
TestTerraformPatcheExample 2022-03-22T16:20:54Z logger.go:66:             {
TestTerraformPatcheExample 2022-03-22T16:20:54Z logger.go:66:               + Statement = [
TestTerraformPatcheExample 2022-03-22T16:20:54Z logger.go:66:                   + {
TestTerraformPatcheExample 2022-03-22T16:20:54Z logger.go:66:                       + Action    = "sts:AssumeRole"
TestTerraformPatcheExample 2022-03-22T16:20:54Z logger.go:66:                       + Effect    = "Allow"
TestTerraformPatcheExample 2022-03-22T16:20:54Z logger.go:66:                       + Principal = {
TestTerraformPatcheExample 2022-03-22T16:20:54Z logger.go:66:                           + Service = "ec2.amazonaws.com"
TestTerraformPatcheExample 2022-03-22T16:20:54Z logger.go:66:                         }
TestTerraformPatcheExample 2022-03-22T16:20:54Z logger.go:66:                       + Sid       = "EKSNodeAssumeRole"
TestTerraformPatcheExample 2022-03-22T16:20:54Z logger.go:66:                     },
TestTerraformPatcheExample 2022-03-22T16:20:54Z logger.go:66:                 ]
TestTerraformPatcheExample 2022-03-22T16:20:54Z logger.go:66:               + Version   = "2012-10-17"
TestTerraformPatcheExample 2022-03-22T16:20:54Z logger.go:66:             }
TestTerraformPatcheExample 2022-03-22T16:20:54Z logger.go:66:         )
TestTerraformPatcheExample 2022-03-22T16:20:54Z logger.go:66:       + create_date           = (known after apply)
TestTerraformPatcheExample 2022-03-22T16:20:54Z logger.go:66:       + description           = "EKS managed node group IAM role"
TestTerraformPatcheExample 2022-03-22T16:20:54Z logger.go:66:       + force_detach_policies = true
TestTerraformPatcheExample 2022-03-22T16:20:54Z logger.go:66:       + id                    = (known after apply)
TestTerraformPatcheExample 2022-03-22T16:20:54Z logger.go:66:       + managed_policy_arns   = (known after apply)
TestTerraformPatcheExample 2022-03-22T16:20:54Z logger.go:66:       + max_session_duration  = 3600
TestTerraformPatcheExample 2022-03-22T16:20:54Z logger.go:66:       + name                  = (known after apply)
TestTerraformPatcheExample 2022-03-22T16:20:54Z logger.go:66:       + name_prefix           = "foo-eks-node-group-"
TestTerraformPatcheExample 2022-03-22T16:20:54Z logger.go:66:       + path                  = "/"
TestTerraformPatcheExample 2022-03-22T16:20:54Z logger.go:66:       + tags_all              = {
TestTerraformPatcheExample 2022-03-22T16:20:54Z logger.go:66:           + "Example"    = "ex-patch"
TestTerraformPatcheExample 2022-03-22T16:20:54Z logger.go:66:           + "GithubOrg"  = "aidan-melen"
TestTerraformPatcheExample 2022-03-22T16:20:54Z logger.go:66:           + "GithubRepo" = "terraform-aws-eks-auth"
TestTerraformPatcheExample 2022-03-22T16:20:54Z logger.go:66:         }
TestTerraformPatcheExample 2022-03-22T16:20:54Z logger.go:66:       + unique_id             = (known after apply)
TestTerraformPatcheExample 2022-03-22T16:20:54Z logger.go:66:
TestTerraformPatcheExample 2022-03-22T16:20:54Z logger.go:66:       + inline_policy {
TestTerraformPatcheExample 2022-03-22T16:20:54Z logger.go:66:           + name   = (known after apply)
TestTerraformPatcheExample 2022-03-22T16:20:54Z logger.go:66:           + policy = (known after apply)
TestTerraformPatcheExample 2022-03-22T16:20:54Z logger.go:66:         }
TestTerraformPatcheExample 2022-03-22T16:20:54Z logger.go:66:     }
TestTerraformPatcheExample 2022-03-22T16:20:54Z logger.go:66:
TestTerraformPatcheExample 2022-03-22T16:20:54Z logger.go:66:   # module.eks.module.eks_managed_node_group["foo"].aws_iam_role_policy_attachment.this["arn:aws:iam::aws:policy/AmazonEC2ContainerRegistryReadOnly"] will be created
TestTerraformPatcheExample 2022-03-22T16:20:54Z logger.go:66:   + resource "aws_iam_role_policy_attachment" "this" {
TestTerraformPatcheExample 2022-03-22T16:20:54Z logger.go:66:       + id         = (known after apply)
TestTerraformPatcheExample 2022-03-22T16:20:54Z logger.go:66:       + policy_arn = "arn:aws:iam::aws:policy/AmazonEC2ContainerRegistryReadOnly"
TestTerraformPatcheExample 2022-03-22T16:20:54Z logger.go:66:       + role       = (known after apply)
TestTerraformPatcheExample 2022-03-22T16:20:54Z logger.go:66:     }
TestTerraformPatcheExample 2022-03-22T16:20:54Z logger.go:66:
TestTerraformPatcheExample 2022-03-22T16:20:54Z logger.go:66:   # module.eks.module.eks_managed_node_group["foo"].aws_iam_role_policy_attachment.this["arn:aws:iam::aws:policy/AmazonEKSWorkerNodePolicy"] will be created
TestTerraformPatcheExample 2022-03-22T16:20:54Z logger.go:66:   + resource "aws_iam_role_policy_attachment" "this" {
TestTerraformPatcheExample 2022-03-22T16:20:54Z logger.go:66:       + id         = (known after apply)
TestTerraformPatcheExample 2022-03-22T16:20:54Z logger.go:66:       + policy_arn = "arn:aws:iam::aws:policy/AmazonEKSWorkerNodePolicy"
TestTerraformPatcheExample 2022-03-22T16:20:54Z logger.go:66:       + role       = (known after apply)
TestTerraformPatcheExample 2022-03-22T16:20:54Z logger.go:66:     }
TestTerraformPatcheExample 2022-03-22T16:20:54Z logger.go:66:
TestTerraformPatcheExample 2022-03-22T16:20:54Z logger.go:66:   # module.eks.module.eks_managed_node_group["foo"].aws_iam_role_policy_attachment.this["arn:aws:iam::aws:policy/AmazonEKS_CNI_Policy"] will be created
TestTerraformPatcheExample 2022-03-22T16:20:54Z logger.go:66:   + resource "aws_iam_role_policy_attachment" "this" {
TestTerraformPatcheExample 2022-03-22T16:20:54Z logger.go:66:       + id         = (known after apply)
TestTerraformPatcheExample 2022-03-22T16:20:54Z logger.go:66:       + policy_arn = "arn:aws:iam::aws:policy/AmazonEKS_CNI_Policy"
TestTerraformPatcheExample 2022-03-22T16:20:54Z logger.go:66:       + role       = (known after apply)
TestTerraformPatcheExample 2022-03-22T16:20:54Z logger.go:66:     }
TestTerraformPatcheExample 2022-03-22T16:20:54Z logger.go:66:
TestTerraformPatcheExample 2022-03-22T16:20:54Z logger.go:66:   # module.eks.module.eks_managed_node_group["foo"].aws_launch_template.this[0] will be created
TestTerraformPatcheExample 2022-03-22T16:20:54Z logger.go:66:   + resource "aws_launch_template" "this" {
TestTerraformPatcheExample 2022-03-22T16:20:54Z logger.go:66:       + arn                    = (known after apply)
TestTerraformPatcheExample 2022-03-22T16:20:54Z logger.go:66:       + default_version        = (known after apply)
TestTerraformPatcheExample 2022-03-22T16:20:54Z logger.go:66:       + description            = "Custom launch template for foo EKS managed node group"
TestTerraformPatcheExample 2022-03-22T16:20:54Z logger.go:66:       + id                     = (known after apply)
TestTerraformPatcheExample 2022-03-22T16:20:54Z logger.go:66:       + latest_version         = (known after apply)
TestTerraformPatcheExample 2022-03-22T16:20:54Z logger.go:66:       + name                   = (known after apply)
TestTerraformPatcheExample 2022-03-22T16:20:54Z logger.go:66:       + name_prefix            = "foo-"
TestTerraformPatcheExample 2022-03-22T16:20:54Z logger.go:66:       + tags_all               = {
TestTerraformPatcheExample 2022-03-22T16:20:54Z logger.go:66:           + "Example"    = "ex-patch"
TestTerraformPatcheExample 2022-03-22T16:20:54Z logger.go:66:           + "GithubOrg"  = "aidan-melen"
TestTerraformPatcheExample 2022-03-22T16:20:54Z logger.go:66:           + "GithubRepo" = "terraform-aws-eks-auth"
TestTerraformPatcheExample 2022-03-22T16:20:54Z logger.go:66:         }
TestTerraformPatcheExample 2022-03-22T16:20:54Z logger.go:66:       + update_default_version = true
TestTerraformPatcheExample 2022-03-22T16:20:54Z logger.go:66:       + vpc_security_group_ids = (known after apply)
TestTerraformPatcheExample 2022-03-22T16:20:54Z logger.go:66:
TestTerraformPatcheExample 2022-03-22T16:20:54Z logger.go:66:       + metadata_options {
TestTerraformPatcheExample 2022-03-22T16:20:54Z logger.go:66:           + http_endpoint               = "enabled"
TestTerraformPatcheExample 2022-03-22T16:20:54Z logger.go:66:           + http_protocol_ipv6          = "disabled"
TestTerraformPatcheExample 2022-03-22T16:20:54Z logger.go:66:           + http_put_response_hop_limit = 2
TestTerraformPatcheExample 2022-03-22T16:20:54Z logger.go:66:           + http_tokens                 = "required"
TestTerraformPatcheExample 2022-03-22T16:20:54Z logger.go:66:           + instance_metadata_tags      = "disabled"
TestTerraformPatcheExample 2022-03-22T16:20:54Z logger.go:66:         }
TestTerraformPatcheExample 2022-03-22T16:20:54Z logger.go:66:
TestTerraformPatcheExample 2022-03-22T16:20:54Z logger.go:66:       + monitoring {
TestTerraformPatcheExample 2022-03-22T16:20:54Z logger.go:66:           + enabled = true
TestTerraformPatcheExample 2022-03-22T16:20:54Z logger.go:66:         }
TestTerraformPatcheExample 2022-03-22T16:20:54Z logger.go:66:
TestTerraformPatcheExample 2022-03-22T16:20:54Z logger.go:66:       + tag_specifications {
TestTerraformPatcheExample 2022-03-22T16:20:54Z logger.go:66:           + resource_type = "instance"
TestTerraformPatcheExample 2022-03-22T16:20:54Z logger.go:66:           + tags          = {
TestTerraformPatcheExample 2022-03-22T16:20:54Z logger.go:66:               + "Name" = "foo"
TestTerraformPatcheExample 2022-03-22T16:20:54Z logger.go:66:             }
TestTerraformPatcheExample 2022-03-22T16:20:54Z logger.go:66:         }
TestTerraformPatcheExample 2022-03-22T16:20:54Z logger.go:66:       + tag_specifications {
TestTerraformPatcheExample 2022-03-22T16:20:54Z logger.go:66:           + resource_type = "network-interface"
TestTerraformPatcheExample 2022-03-22T16:20:54Z logger.go:66:           + tags          = {
TestTerraformPatcheExample 2022-03-22T16:20:54Z logger.go:66:               + "Name" = "foo"
TestTerraformPatcheExample 2022-03-22T16:20:54Z logger.go:66:             }
TestTerraformPatcheExample 2022-03-22T16:20:54Z logger.go:66:         }
TestTerraformPatcheExample 2022-03-22T16:20:54Z logger.go:66:       + tag_specifications {
TestTerraformPatcheExample 2022-03-22T16:20:54Z logger.go:66:           + resource_type = "volume"
TestTerraformPatcheExample 2022-03-22T16:20:54Z logger.go:66:           + tags          = {
TestTerraformPatcheExample 2022-03-22T16:20:54Z logger.go:66:               + "Name" = "foo"
TestTerraformPatcheExample 2022-03-22T16:20:54Z logger.go:66:             }
TestTerraformPatcheExample 2022-03-22T16:20:54Z logger.go:66:         }
TestTerraformPatcheExample 2022-03-22T16:20:54Z logger.go:66:     }
TestTerraformPatcheExample 2022-03-22T16:20:54Z logger.go:66:
TestTerraformPatcheExample 2022-03-22T16:20:54Z logger.go:66:   # module.eks.module.eks_managed_node_group["foo"].aws_security_group.this[0] will be created
TestTerraformPatcheExample 2022-03-22T16:20:54Z logger.go:66:   + resource "aws_security_group" "this" {
TestTerraformPatcheExample 2022-03-22T16:20:54Z logger.go:66:       + arn                    = (known after apply)
TestTerraformPatcheExample 2022-03-22T16:20:54Z logger.go:66:       + description            = "EKS managed node group security group"
TestTerraformPatcheExample 2022-03-22T16:20:54Z logger.go:66:       + egress                 = (known after apply)
TestTerraformPatcheExample 2022-03-22T16:20:54Z logger.go:66:       + id                     = (known after apply)
TestTerraformPatcheExample 2022-03-22T16:20:54Z logger.go:66:       + ingress                = (known after apply)
TestTerraformPatcheExample 2022-03-22T16:20:54Z logger.go:66:       + name                   = (known after apply)
TestTerraformPatcheExample 2022-03-22T16:20:54Z logger.go:66:       + name_prefix            = "foo-eks-node-group-"
TestTerraformPatcheExample 2022-03-22T16:20:54Z logger.go:66:       + owner_id               = (known after apply)
TestTerraformPatcheExample 2022-03-22T16:20:54Z logger.go:66:       + revoke_rules_on_delete = false
TestTerraformPatcheExample 2022-03-22T16:20:54Z logger.go:66:       + tags                   = {
TestTerraformPatcheExample 2022-03-22T16:20:54Z logger.go:66:           + "Name" = "foo-eks-node-group"
TestTerraformPatcheExample 2022-03-22T16:20:54Z logger.go:66:         }
TestTerraformPatcheExample 2022-03-22T16:20:54Z logger.go:66:       + tags_all               = {
TestTerraformPatcheExample 2022-03-22T16:20:54Z logger.go:66:           + "Example"    = "ex-patch"
TestTerraformPatcheExample 2022-03-22T16:20:54Z logger.go:66:           + "GithubOrg"  = "aidan-melen"
TestTerraformPatcheExample 2022-03-22T16:20:54Z logger.go:66:           + "GithubRepo" = "terraform-aws-eks-auth"
TestTerraformPatcheExample 2022-03-22T16:20:54Z logger.go:66:           + "Name"       = "foo-eks-node-group"
TestTerraformPatcheExample 2022-03-22T16:20:54Z logger.go:66:         }
TestTerraformPatcheExample 2022-03-22T16:20:54Z logger.go:66:       + vpc_id                 = (known after apply)
TestTerraformPatcheExample 2022-03-22T16:20:54Z logger.go:66:     }
TestTerraformPatcheExample 2022-03-22T16:20:54Z logger.go:66:
TestTerraformPatcheExample 2022-03-22T16:20:54Z logger.go:66:   # module.eks.module.fargate_profile["bar"].aws_eks_fargate_profile.this[0] will be created
TestTerraformPatcheExample 2022-03-22T16:20:54Z logger.go:66:   + resource "aws_eks_fargate_profile" "this" {
TestTerraformPatcheExample 2022-03-22T16:20:54Z logger.go:66:       + arn                    = (known after apply)
TestTerraformPatcheExample 2022-03-22T16:20:54Z logger.go:66:       + cluster_name           = "ex-patch"
TestTerraformPatcheExample 2022-03-22T16:20:54Z logger.go:66:       + fargate_profile_name   = "bar"
TestTerraformPatcheExample 2022-03-22T16:20:54Z logger.go:66:       + id                     = (known after apply)
TestTerraformPatcheExample 2022-03-22T16:20:54Z logger.go:66:       + pod_execution_role_arn = (known after apply)
TestTerraformPatcheExample 2022-03-22T16:20:54Z logger.go:66:       + status                 = (known after apply)
TestTerraformPatcheExample 2022-03-22T16:20:54Z logger.go:66:       + subnet_ids             = (known after apply)
TestTerraformPatcheExample 2022-03-22T16:20:54Z logger.go:66:       + tags_all               = {
TestTerraformPatcheExample 2022-03-22T16:20:54Z logger.go:66:           + "Example"    = "ex-patch"
TestTerraformPatcheExample 2022-03-22T16:20:54Z logger.go:66:           + "GithubOrg"  = "aidan-melen"
TestTerraformPatcheExample 2022-03-22T16:20:54Z logger.go:66:           + "GithubRepo" = "terraform-aws-eks-auth"
TestTerraformPatcheExample 2022-03-22T16:20:54Z logger.go:66:         }
TestTerraformPatcheExample 2022-03-22T16:20:54Z logger.go:66:
TestTerraformPatcheExample 2022-03-22T16:20:54Z logger.go:66:       + selector {
TestTerraformPatcheExample 2022-03-22T16:20:54Z logger.go:66:           + namespace = "bar"
TestTerraformPatcheExample 2022-03-22T16:20:54Z logger.go:66:         }
TestTerraformPatcheExample 2022-03-22T16:20:54Z logger.go:66:
TestTerraformPatcheExample 2022-03-22T16:20:54Z logger.go:66:       + timeouts {}
TestTerraformPatcheExample 2022-03-22T16:20:54Z logger.go:66:     }
TestTerraformPatcheExample 2022-03-22T16:20:54Z logger.go:66:
TestTerraformPatcheExample 2022-03-22T16:20:54Z logger.go:66:   # module.eks.module.fargate_profile["bar"].aws_iam_role.this[0] will be created
TestTerraformPatcheExample 2022-03-22T16:20:54Z logger.go:66:   + resource "aws_iam_role" "this" {
TestTerraformPatcheExample 2022-03-22T16:20:54Z logger.go:66:       + arn                   = (known after apply)
TestTerraformPatcheExample 2022-03-22T16:20:54Z logger.go:66:       + assume_role_policy    = jsonencode(
TestTerraformPatcheExample 2022-03-22T16:20:54Z logger.go:66:             {
TestTerraformPatcheExample 2022-03-22T16:20:54Z logger.go:66:               + Statement = [
TestTerraformPatcheExample 2022-03-22T16:20:54Z logger.go:66:                   + {
TestTerraformPatcheExample 2022-03-22T16:20:54Z logger.go:66:                       + Action    = "sts:AssumeRole"
TestTerraformPatcheExample 2022-03-22T16:20:54Z logger.go:66:                       + Effect    = "Allow"
TestTerraformPatcheExample 2022-03-22T16:20:54Z logger.go:66:                       + Principal = {
TestTerraformPatcheExample 2022-03-22T16:20:54Z logger.go:66:                           + Service = "eks-fargate-pods.amazonaws.com"
TestTerraformPatcheExample 2022-03-22T16:20:54Z logger.go:66:                         }
TestTerraformPatcheExample 2022-03-22T16:20:54Z logger.go:66:                       + Sid       = ""
TestTerraformPatcheExample 2022-03-22T16:20:54Z logger.go:66:                     },
TestTerraformPatcheExample 2022-03-22T16:20:54Z logger.go:66:                 ]
TestTerraformPatcheExample 2022-03-22T16:20:54Z logger.go:66:               + Version   = "2012-10-17"
TestTerraformPatcheExample 2022-03-22T16:20:54Z logger.go:66:             }
TestTerraformPatcheExample 2022-03-22T16:20:54Z logger.go:66:         )
TestTerraformPatcheExample 2022-03-22T16:20:54Z logger.go:66:       + create_date           = (known after apply)
TestTerraformPatcheExample 2022-03-22T16:20:54Z logger.go:66:       + description           = "Fargate profile IAM role"
TestTerraformPatcheExample 2022-03-22T16:20:54Z logger.go:66:       + force_detach_policies = true
TestTerraformPatcheExample 2022-03-22T16:20:54Z logger.go:66:       + id                    = (known after apply)
TestTerraformPatcheExample 2022-03-22T16:20:54Z logger.go:66:       + managed_policy_arns   = (known after apply)
TestTerraformPatcheExample 2022-03-22T16:20:54Z logger.go:66:       + max_session_duration  = 3600
TestTerraformPatcheExample 2022-03-22T16:20:54Z logger.go:66:       + name                  = (known after apply)
TestTerraformPatcheExample 2022-03-22T16:20:54Z logger.go:66:       + name_prefix           = "bar-"
TestTerraformPatcheExample 2022-03-22T16:20:54Z logger.go:66:       + path                  = "/"
TestTerraformPatcheExample 2022-03-22T16:20:54Z logger.go:66:       + tags_all              = {
TestTerraformPatcheExample 2022-03-22T16:20:54Z logger.go:66:           + "Example"    = "ex-patch"
TestTerraformPatcheExample 2022-03-22T16:20:54Z logger.go:66:           + "GithubOrg"  = "aidan-melen"
TestTerraformPatcheExample 2022-03-22T16:20:54Z logger.go:66:           + "GithubRepo" = "terraform-aws-eks-auth"
TestTerraformPatcheExample 2022-03-22T16:20:54Z logger.go:66:         }
TestTerraformPatcheExample 2022-03-22T16:20:54Z logger.go:66:       + unique_id             = (known after apply)
TestTerraformPatcheExample 2022-03-22T16:20:54Z logger.go:66:
TestTerraformPatcheExample 2022-03-22T16:20:54Z logger.go:66:       + inline_policy {
TestTerraformPatcheExample 2022-03-22T16:20:54Z logger.go:66:           + name   = (known after apply)
TestTerraformPatcheExample 2022-03-22T16:20:54Z logger.go:66:           + policy = (known after apply)
TestTerraformPatcheExample 2022-03-22T16:20:54Z logger.go:66:         }
TestTerraformPatcheExample 2022-03-22T16:20:54Z logger.go:66:     }
TestTerraformPatcheExample 2022-03-22T16:20:54Z logger.go:66:
TestTerraformPatcheExample 2022-03-22T16:20:54Z logger.go:66:   # module.eks.module.fargate_profile["bar"].aws_iam_role_policy_attachment.this["arn:aws:iam::aws:policy/AmazonEKSFargatePodExecutionRolePolicy"] will be created
TestTerraformPatcheExample 2022-03-22T16:20:54Z logger.go:66:   + resource "aws_iam_role_policy_attachment" "this" {
TestTerraformPatcheExample 2022-03-22T16:20:54Z logger.go:66:       + id         = (known after apply)
TestTerraformPatcheExample 2022-03-22T16:20:54Z logger.go:66:       + policy_arn = "arn:aws:iam::aws:policy/AmazonEKSFargatePodExecutionRolePolicy"
TestTerraformPatcheExample 2022-03-22T16:20:54Z logger.go:66:       + role       = (known after apply)
TestTerraformPatcheExample 2022-03-22T16:20:54Z logger.go:66:     }
TestTerraformPatcheExample 2022-03-22T16:20:54Z logger.go:66:
TestTerraformPatcheExample 2022-03-22T16:20:54Z logger.go:66:   # module.eks.module.fargate_profile["bar"].aws_iam_role_policy_attachment.this["arn:aws:iam::aws:policy/AmazonEKS_CNI_Policy"] will be created
TestTerraformPatcheExample 2022-03-22T16:20:54Z logger.go:66:   + resource "aws_iam_role_policy_attachment" "this" {
TestTerraformPatcheExample 2022-03-22T16:20:54Z logger.go:66:       + id         = (known after apply)
TestTerraformPatcheExample 2022-03-22T16:20:54Z logger.go:66:       + policy_arn = "arn:aws:iam::aws:policy/AmazonEKS_CNI_Policy"
TestTerraformPatcheExample 2022-03-22T16:20:54Z logger.go:66:       + role       = (known after apply)
TestTerraformPatcheExample 2022-03-22T16:20:54Z logger.go:66:     }
TestTerraformPatcheExample 2022-03-22T16:20:54Z logger.go:66:
TestTerraformPatcheExample 2022-03-22T16:20:54Z logger.go:66:   # module.eks.module.self_managed_node_group["boo"].aws_autoscaling_group.this[0] will be created
TestTerraformPatcheExample 2022-03-22T16:20:54Z logger.go:66:   + resource "aws_autoscaling_group" "this" {
TestTerraformPatcheExample 2022-03-22T16:20:54Z logger.go:66:       + arn                       = (known after apply)
TestTerraformPatcheExample 2022-03-22T16:20:54Z logger.go:66:       + availability_zones        = (known after apply)
TestTerraformPatcheExample 2022-03-22T16:20:54Z logger.go:66:       + default_cooldown          = (known after apply)
TestTerraformPatcheExample 2022-03-22T16:20:54Z logger.go:66:       + desired_capacity          = 1
TestTerraformPatcheExample 2022-03-22T16:20:54Z logger.go:66:       + force_delete              = false
TestTerraformPatcheExample 2022-03-22T16:20:54Z logger.go:66:       + force_delete_warm_pool    = false
TestTerraformPatcheExample 2022-03-22T16:20:54Z logger.go:66:       + health_check_grace_period = 300
TestTerraformPatcheExample 2022-03-22T16:20:54Z logger.go:66:       + health_check_type         = (known after apply)
TestTerraformPatcheExample 2022-03-22T16:20:54Z logger.go:66:       + id                        = (known after apply)
TestTerraformPatcheExample 2022-03-22T16:20:54Z logger.go:66:       + max_size                  = 3
TestTerraformPatcheExample 2022-03-22T16:20:54Z logger.go:66:       + metrics_granularity       = "1Minute"
TestTerraformPatcheExample 2022-03-22T16:20:54Z logger.go:66:       + min_size                  = 0
TestTerraformPatcheExample 2022-03-22T16:20:54Z logger.go:66:       + name                      = (known after apply)
TestTerraformPatcheExample 2022-03-22T16:20:54Z logger.go:66:       + name_prefix               = "boo-"
TestTerraformPatcheExample 2022-03-22T16:20:54Z logger.go:66:       + protect_from_scale_in     = false
TestTerraformPatcheExample 2022-03-22T16:20:54Z logger.go:66:       + service_linked_role_arn   = (known after apply)
TestTerraformPatcheExample 2022-03-22T16:20:54Z logger.go:66:       + vpc_zone_identifier       = (known after apply)
TestTerraformPatcheExample 2022-03-22T16:20:54Z logger.go:66:       + wait_for_capacity_timeout = "10m"
TestTerraformPatcheExample 2022-03-22T16:20:54Z logger.go:66:
TestTerraformPatcheExample 2022-03-22T16:20:54Z logger.go:66:       + launch_template {
TestTerraformPatcheExample 2022-03-22T16:20:54Z logger.go:66:           + id      = (known after apply)
TestTerraformPatcheExample 2022-03-22T16:20:54Z logger.go:66:           + name    = (known after apply)
TestTerraformPatcheExample 2022-03-22T16:20:54Z logger.go:66:           + version = (known after apply)
TestTerraformPatcheExample 2022-03-22T16:20:54Z logger.go:66:         }
TestTerraformPatcheExample 2022-03-22T16:20:54Z logger.go:66:
TestTerraformPatcheExample 2022-03-22T16:20:54Z logger.go:66:       + tag {
TestTerraformPatcheExample 2022-03-22T16:20:54Z logger.go:66:           + key                 = "Name"
TestTerraformPatcheExample 2022-03-22T16:20:54Z logger.go:66:           + propagate_at_launch = true
TestTerraformPatcheExample 2022-03-22T16:20:54Z logger.go:66:           + value               = "boo"
TestTerraformPatcheExample 2022-03-22T16:20:54Z logger.go:66:         }
TestTerraformPatcheExample 2022-03-22T16:20:54Z logger.go:66:       + tag {
TestTerraformPatcheExample 2022-03-22T16:20:54Z logger.go:66:           + key                 = "k8s.io/cluster/ex-patch"
TestTerraformPatcheExample 2022-03-22T16:20:54Z logger.go:66:           + propagate_at_launch = true
TestTerraformPatcheExample 2022-03-22T16:20:54Z logger.go:66:           + value               = "owned"
TestTerraformPatcheExample 2022-03-22T16:20:54Z logger.go:66:         }
TestTerraformPatcheExample 2022-03-22T16:20:54Z logger.go:66:       + tag {
TestTerraformPatcheExample 2022-03-22T16:20:54Z logger.go:66:           + key                 = "kubernetes.io/cluster/ex-patch"
TestTerraformPatcheExample 2022-03-22T16:20:54Z logger.go:66:           + propagate_at_launch = true
TestTerraformPatcheExample 2022-03-22T16:20:54Z logger.go:66:           + value               = "owned"
TestTerraformPatcheExample 2022-03-22T16:20:54Z logger.go:66:         }
TestTerraformPatcheExample 2022-03-22T16:20:54Z logger.go:66:
TestTerraformPatcheExample 2022-03-22T16:20:54Z logger.go:66:       + timeouts {}
TestTerraformPatcheExample 2022-03-22T16:20:54Z logger.go:66:     }
TestTerraformPatcheExample 2022-03-22T16:20:54Z logger.go:66:
TestTerraformPatcheExample 2022-03-22T16:20:54Z logger.go:66:   # module.eks.module.self_managed_node_group["boo"].aws_iam_instance_profile.this[0] will be created
TestTerraformPatcheExample 2022-03-22T16:20:54Z logger.go:66:   + resource "aws_iam_instance_profile" "this" {
TestTerraformPatcheExample 2022-03-22T16:20:54Z logger.go:66:       + arn         = (known after apply)
TestTerraformPatcheExample 2022-03-22T16:20:54Z logger.go:66:       + create_date = (known after apply)
TestTerraformPatcheExample 2022-03-22T16:20:54Z logger.go:66:       + id          = (known after apply)
TestTerraformPatcheExample 2022-03-22T16:20:54Z logger.go:66:       + name        = (known after apply)
TestTerraformPatcheExample 2022-03-22T16:20:54Z logger.go:66:       + name_prefix = "boo-node-group-"
TestTerraformPatcheExample 2022-03-22T16:20:54Z logger.go:66:       + path        = "/"
TestTerraformPatcheExample 2022-03-22T16:20:54Z logger.go:66:       + role        = (known after apply)
TestTerraformPatcheExample 2022-03-22T16:20:54Z logger.go:66:       + tags_all    = {
TestTerraformPatcheExample 2022-03-22T16:20:54Z logger.go:66:           + "Example"    = "ex-patch"
TestTerraformPatcheExample 2022-03-22T16:20:54Z logger.go:66:           + "GithubOrg"  = "aidan-melen"
TestTerraformPatcheExample 2022-03-22T16:20:54Z logger.go:66:           + "GithubRepo" = "terraform-aws-eks-auth"
TestTerraformPatcheExample 2022-03-22T16:20:54Z logger.go:66:         }
TestTerraformPatcheExample 2022-03-22T16:20:54Z logger.go:66:       + unique_id   = (known after apply)
TestTerraformPatcheExample 2022-03-22T16:20:54Z logger.go:66:     }
TestTerraformPatcheExample 2022-03-22T16:20:54Z logger.go:66:
TestTerraformPatcheExample 2022-03-22T16:20:54Z logger.go:66:   # module.eks.module.self_managed_node_group["boo"].aws_iam_role.this[0] will be created
TestTerraformPatcheExample 2022-03-22T16:20:54Z logger.go:66:   + resource "aws_iam_role" "this" {
TestTerraformPatcheExample 2022-03-22T16:20:54Z logger.go:66:       + arn                   = (known after apply)
TestTerraformPatcheExample 2022-03-22T16:20:54Z logger.go:66:       + assume_role_policy    = jsonencode(
TestTerraformPatcheExample 2022-03-22T16:20:54Z logger.go:66:             {
TestTerraformPatcheExample 2022-03-22T16:20:54Z logger.go:66:               + Statement = [
TestTerraformPatcheExample 2022-03-22T16:20:54Z logger.go:66:                   + {
TestTerraformPatcheExample 2022-03-22T16:20:54Z logger.go:66:                       + Action    = "sts:AssumeRole"
TestTerraformPatcheExample 2022-03-22T16:20:54Z logger.go:66:                       + Effect    = "Allow"
TestTerraformPatcheExample 2022-03-22T16:20:54Z logger.go:66:                       + Principal = {
TestTerraformPatcheExample 2022-03-22T16:20:54Z logger.go:66:                           + Service = "ec2.amazonaws.com"
TestTerraformPatcheExample 2022-03-22T16:20:54Z logger.go:66:                         }
TestTerraformPatcheExample 2022-03-22T16:20:54Z logger.go:66:                       + Sid       = "EKSNodeAssumeRole"
TestTerraformPatcheExample 2022-03-22T16:20:54Z logger.go:66:                     },
TestTerraformPatcheExample 2022-03-22T16:20:54Z logger.go:66:                 ]
TestTerraformPatcheExample 2022-03-22T16:20:54Z logger.go:66:               + Version   = "2012-10-17"
TestTerraformPatcheExample 2022-03-22T16:20:54Z logger.go:66:             }
TestTerraformPatcheExample 2022-03-22T16:20:54Z logger.go:66:         )
TestTerraformPatcheExample 2022-03-22T16:20:54Z logger.go:66:       + create_date           = (known after apply)
TestTerraformPatcheExample 2022-03-22T16:20:54Z logger.go:66:       + description           = "Self managed node group IAM role"
TestTerraformPatcheExample 2022-03-22T16:20:54Z logger.go:66:       + force_detach_policies = true
TestTerraformPatcheExample 2022-03-22T16:20:54Z logger.go:66:       + id                    = (known after apply)
TestTerraformPatcheExample 2022-03-22T16:20:54Z logger.go:66:       + managed_policy_arns   = (known after apply)
TestTerraformPatcheExample 2022-03-22T16:20:54Z logger.go:66:       + max_session_duration  = 3600
TestTerraformPatcheExample 2022-03-22T16:20:54Z logger.go:66:       + name                  = (known after apply)
TestTerraformPatcheExample 2022-03-22T16:20:54Z logger.go:66:       + name_prefix           = "boo-node-group-"
TestTerraformPatcheExample 2022-03-22T16:20:54Z logger.go:66:       + path                  = "/"
TestTerraformPatcheExample 2022-03-22T16:20:54Z logger.go:66:       + tags_all              = {
TestTerraformPatcheExample 2022-03-22T16:20:54Z logger.go:66:           + "Example"    = "ex-patch"
TestTerraformPatcheExample 2022-03-22T16:20:54Z logger.go:66:           + "GithubOrg"  = "aidan-melen"
TestTerraformPatcheExample 2022-03-22T16:20:54Z logger.go:66:           + "GithubRepo" = "terraform-aws-eks-auth"
TestTerraformPatcheExample 2022-03-22T16:20:54Z logger.go:66:         }
TestTerraformPatcheExample 2022-03-22T16:20:54Z logger.go:66:       + unique_id             = (known after apply)
TestTerraformPatcheExample 2022-03-22T16:20:54Z logger.go:66:
TestTerraformPatcheExample 2022-03-22T16:20:54Z logger.go:66:       + inline_policy {
TestTerraformPatcheExample 2022-03-22T16:20:54Z logger.go:66:           + name   = (known after apply)
TestTerraformPatcheExample 2022-03-22T16:20:54Z logger.go:66:           + policy = (known after apply)
TestTerraformPatcheExample 2022-03-22T16:20:54Z logger.go:66:         }
TestTerraformPatcheExample 2022-03-22T16:20:54Z logger.go:66:     }
TestTerraformPatcheExample 2022-03-22T16:20:54Z logger.go:66:
TestTerraformPatcheExample 2022-03-22T16:20:54Z logger.go:66:   # module.eks.module.self_managed_node_group["boo"].aws_iam_role_policy_attachment.this["arn:aws:iam::aws:policy/AmazonEC2ContainerRegistryReadOnly"] will be created
TestTerraformPatcheExample 2022-03-22T16:20:54Z logger.go:66:   + resource "aws_iam_role_policy_attachment" "this" {
TestTerraformPatcheExample 2022-03-22T16:20:54Z logger.go:66:       + id         = (known after apply)
TestTerraformPatcheExample 2022-03-22T16:20:54Z logger.go:66:       + policy_arn = "arn:aws:iam::aws:policy/AmazonEC2ContainerRegistryReadOnly"
TestTerraformPatcheExample 2022-03-22T16:20:54Z logger.go:66:       + role       = (known after apply)
TestTerraformPatcheExample 2022-03-22T16:20:54Z logger.go:66:     }
TestTerraformPatcheExample 2022-03-22T16:20:54Z logger.go:66:
TestTerraformPatcheExample 2022-03-22T16:20:54Z logger.go:66:   # module.eks.module.self_managed_node_group["boo"].aws_iam_role_policy_attachment.this["arn:aws:iam::aws:policy/AmazonEKSWorkerNodePolicy"] will be created
TestTerraformPatcheExample 2022-03-22T16:20:54Z logger.go:66:   + resource "aws_iam_role_policy_attachment" "this" {
TestTerraformPatcheExample 2022-03-22T16:20:54Z logger.go:66:       + id         = (known after apply)
TestTerraformPatcheExample 2022-03-22T16:20:54Z logger.go:66:       + policy_arn = "arn:aws:iam::aws:policy/AmazonEKSWorkerNodePolicy"
TestTerraformPatcheExample 2022-03-22T16:20:54Z logger.go:66:       + role       = (known after apply)
TestTerraformPatcheExample 2022-03-22T16:20:54Z logger.go:66:     }
TestTerraformPatcheExample 2022-03-22T16:20:54Z logger.go:66:
TestTerraformPatcheExample 2022-03-22T16:20:54Z logger.go:66:   # module.eks.module.self_managed_node_group["boo"].aws_iam_role_policy_attachment.this["arn:aws:iam::aws:policy/AmazonEKS_CNI_Policy"] will be created
TestTerraformPatcheExample 2022-03-22T16:20:54Z logger.go:66:   + resource "aws_iam_role_policy_attachment" "this" {
TestTerraformPatcheExample 2022-03-22T16:20:54Z logger.go:66:       + id         = (known after apply)
TestTerraformPatcheExample 2022-03-22T16:20:54Z logger.go:66:       + policy_arn = "arn:aws:iam::aws:policy/AmazonEKS_CNI_Policy"
TestTerraformPatcheExample 2022-03-22T16:20:54Z logger.go:66:       + role       = (known after apply)
TestTerraformPatcheExample 2022-03-22T16:20:54Z logger.go:66:     }
TestTerraformPatcheExample 2022-03-22T16:20:54Z logger.go:66:
TestTerraformPatcheExample 2022-03-22T16:20:54Z logger.go:66:   # module.eks.module.self_managed_node_group["boo"].aws_launch_template.this[0] will be created
TestTerraformPatcheExample 2022-03-22T16:20:54Z logger.go:66:   + resource "aws_launch_template" "this" {
TestTerraformPatcheExample 2022-03-22T16:20:54Z logger.go:66:       + arn                    = (known after apply)
TestTerraformPatcheExample 2022-03-22T16:20:54Z logger.go:66:       + default_version        = (known after apply)
TestTerraformPatcheExample 2022-03-22T16:20:54Z logger.go:66:       + description            = "Custom launch template for boo self managed node group"
TestTerraformPatcheExample 2022-03-22T16:20:54Z logger.go:66:       + id                     = (known after apply)
TestTerraformPatcheExample 2022-03-22T16:20:54Z logger.go:66:       + image_id               = "ami-085e8e02353a59de5"
TestTerraformPatcheExample 2022-03-22T16:20:54Z logger.go:66:       + instance_type          = "t3.medium"
TestTerraformPatcheExample 2022-03-22T16:20:54Z logger.go:66:       + latest_version         = (known after apply)
TestTerraformPatcheExample 2022-03-22T16:20:54Z logger.go:66:       + name                   = (known after apply)
TestTerraformPatcheExample 2022-03-22T16:20:54Z logger.go:66:       + name_prefix            = "boo-"
TestTerraformPatcheExample 2022-03-22T16:20:54Z logger.go:66:       + tags_all               = {
TestTerraformPatcheExample 2022-03-22T16:20:54Z logger.go:66:           + "Example"    = "ex-patch"
TestTerraformPatcheExample 2022-03-22T16:20:54Z logger.go:66:           + "GithubOrg"  = "aidan-melen"
TestTerraformPatcheExample 2022-03-22T16:20:54Z logger.go:66:           + "GithubRepo" = "terraform-aws-eks-auth"
TestTerraformPatcheExample 2022-03-22T16:20:54Z logger.go:66:         }
TestTerraformPatcheExample 2022-03-22T16:20:54Z logger.go:66:       + update_default_version = true
TestTerraformPatcheExample 2022-03-22T16:20:54Z logger.go:66:       + user_data              = (known after apply)
TestTerraformPatcheExample 2022-03-22T16:20:54Z logger.go:66:       + vpc_security_group_ids = (known after apply)
TestTerraformPatcheExample 2022-03-22T16:20:54Z logger.go:66:
TestTerraformPatcheExample 2022-03-22T16:20:54Z logger.go:66:       + iam_instance_profile {
TestTerraformPatcheExample 2022-03-22T16:20:54Z logger.go:66:           + arn = (known after apply)
TestTerraformPatcheExample 2022-03-22T16:20:54Z logger.go:66:         }
TestTerraformPatcheExample 2022-03-22T16:20:54Z logger.go:66:
TestTerraformPatcheExample 2022-03-22T16:20:54Z logger.go:66:       + instance_market_options {
TestTerraformPatcheExample 2022-03-22T16:20:54Z logger.go:66:           + market_type = "spot"
TestTerraformPatcheExample 2022-03-22T16:20:54Z logger.go:66:         }
TestTerraformPatcheExample 2022-03-22T16:20:54Z logger.go:66:
TestTerraformPatcheExample 2022-03-22T16:20:54Z logger.go:66:       + metadata_options {
TestTerraformPatcheExample 2022-03-22T16:20:54Z logger.go:66:           + http_endpoint               = "enabled"
TestTerraformPatcheExample 2022-03-22T16:20:54Z logger.go:66:           + http_protocol_ipv6          = "disabled"
TestTerraformPatcheExample 2022-03-22T16:20:54Z logger.go:66:           + http_put_response_hop_limit = 2
TestTerraformPatcheExample 2022-03-22T16:20:54Z logger.go:66:           + http_tokens                 = "required"
TestTerraformPatcheExample 2022-03-22T16:20:54Z logger.go:66:           + instance_metadata_tags      = "disabled"
TestTerraformPatcheExample 2022-03-22T16:20:54Z logger.go:66:         }
TestTerraformPatcheExample 2022-03-22T16:20:54Z logger.go:66:
TestTerraformPatcheExample 2022-03-22T16:20:54Z logger.go:66:       + monitoring {
TestTerraformPatcheExample 2022-03-22T16:20:54Z logger.go:66:           + enabled = true
TestTerraformPatcheExample 2022-03-22T16:20:54Z logger.go:66:         }
TestTerraformPatcheExample 2022-03-22T16:20:54Z logger.go:66:
TestTerraformPatcheExample 2022-03-22T16:20:54Z logger.go:66:       + tag_specifications {
TestTerraformPatcheExample 2022-03-22T16:20:54Z logger.go:66:           + resource_type = "instance"
TestTerraformPatcheExample 2022-03-22T16:20:54Z logger.go:66:           + tags          = {
TestTerraformPatcheExample 2022-03-22T16:20:54Z logger.go:66:               + "Name" = "boo"
TestTerraformPatcheExample 2022-03-22T16:20:54Z logger.go:66:             }
TestTerraformPatcheExample 2022-03-22T16:20:54Z logger.go:66:         }
TestTerraformPatcheExample 2022-03-22T16:20:54Z logger.go:66:       + tag_specifications {
TestTerraformPatcheExample 2022-03-22T16:20:54Z logger.go:66:           + resource_type = "network-interface"
TestTerraformPatcheExample 2022-03-22T16:20:54Z logger.go:66:           + tags          = {
TestTerraformPatcheExample 2022-03-22T16:20:54Z logger.go:66:               + "Name" = "boo"
TestTerraformPatcheExample 2022-03-22T16:20:54Z logger.go:66:             }
TestTerraformPatcheExample 2022-03-22T16:20:54Z logger.go:66:         }
TestTerraformPatcheExample 2022-03-22T16:20:54Z logger.go:66:       + tag_specifications {
TestTerraformPatcheExample 2022-03-22T16:20:54Z logger.go:66:           + resource_type = "volume"
TestTerraformPatcheExample 2022-03-22T16:20:54Z logger.go:66:           + tags          = {
TestTerraformPatcheExample 2022-03-22T16:20:54Z logger.go:66:               + "Name" = "boo"
TestTerraformPatcheExample 2022-03-22T16:20:54Z logger.go:66:             }
TestTerraformPatcheExample 2022-03-22T16:20:54Z logger.go:66:         }
TestTerraformPatcheExample 2022-03-22T16:20:54Z logger.go:66:     }
TestTerraformPatcheExample 2022-03-22T16:20:54Z logger.go:66:
TestTerraformPatcheExample 2022-03-22T16:20:54Z logger.go:66:   # module.eks.module.self_managed_node_group["boo"].aws_security_group.this[0] will be created
TestTerraformPatcheExample 2022-03-22T16:20:54Z logger.go:66:   + resource "aws_security_group" "this" {
TestTerraformPatcheExample 2022-03-22T16:20:54Z logger.go:66:       + arn                    = (known after apply)
TestTerraformPatcheExample 2022-03-22T16:20:54Z logger.go:66:       + description            = "Self managed node group security group"
TestTerraformPatcheExample 2022-03-22T16:20:54Z logger.go:66:       + egress                 = (known after apply)
TestTerraformPatcheExample 2022-03-22T16:20:54Z logger.go:66:       + id                     = (known after apply)
TestTerraformPatcheExample 2022-03-22T16:20:54Z logger.go:66:       + ingress                = (known after apply)
TestTerraformPatcheExample 2022-03-22T16:20:54Z logger.go:66:       + name                   = (known after apply)
TestTerraformPatcheExample 2022-03-22T16:20:54Z logger.go:66:       + name_prefix            = "boo-node-group-"
TestTerraformPatcheExample 2022-03-22T16:20:54Z logger.go:66:       + owner_id               = (known after apply)
TestTerraformPatcheExample 2022-03-22T16:20:54Z logger.go:66:       + revoke_rules_on_delete = false
TestTerraformPatcheExample 2022-03-22T16:20:54Z logger.go:66:       + tags                   = {
TestTerraformPatcheExample 2022-03-22T16:20:54Z logger.go:66:           + "Name" = "boo-node-group"
TestTerraformPatcheExample 2022-03-22T16:20:54Z logger.go:66:         }
TestTerraformPatcheExample 2022-03-22T16:20:54Z logger.go:66:       + tags_all               = {
TestTerraformPatcheExample 2022-03-22T16:20:54Z logger.go:66:           + "Example"    = "ex-patch"
TestTerraformPatcheExample 2022-03-22T16:20:54Z logger.go:66:           + "GithubOrg"  = "aidan-melen"
TestTerraformPatcheExample 2022-03-22T16:20:54Z logger.go:66:           + "GithubRepo" = "terraform-aws-eks-auth"
TestTerraformPatcheExample 2022-03-22T16:20:54Z logger.go:66:           + "Name"       = "boo-node-group"
TestTerraformPatcheExample 2022-03-22T16:20:54Z logger.go:66:         }
TestTerraformPatcheExample 2022-03-22T16:20:54Z logger.go:66:       + vpc_id                 = (known after apply)
TestTerraformPatcheExample 2022-03-22T16:20:54Z logger.go:66:     }
TestTerraformPatcheExample 2022-03-22T16:20:54Z logger.go:66:
TestTerraformPatcheExample 2022-03-22T16:20:54Z logger.go:66: Plan: 64 to add, 0 to change, 0 to destroy.
TestTerraformPatcheExample 2022-03-22T16:20:54Z logger.go:66:
TestTerraformPatcheExample 2022-03-22T16:20:54Z logger.go:66: Changes to Outputs:
TestTerraformPatcheExample 2022-03-22T16:20:54Z logger.go:66:   + fargate_profile_iam_role_arn         = (known after apply)
TestTerraformPatcheExample 2022-03-22T16:20:54Z logger.go:66:   + managed_node_group_iam_role_arn      = (known after apply)
TestTerraformPatcheExample 2022-03-22T16:20:54Z logger.go:66:   + map_accounts                         = [
TestTerraformPatcheExample 2022-03-22T16:20:54Z logger.go:66:       + "777777777777",
TestTerraformPatcheExample 2022-03-22T16:20:54Z logger.go:66:       + "888888888888",
TestTerraformPatcheExample 2022-03-22T16:20:54Z logger.go:66:     ]
TestTerraformPatcheExample 2022-03-22T16:20:54Z logger.go:66:   + map_roles                            = (known after apply)
TestTerraformPatcheExample 2022-03-22T16:20:54Z logger.go:66:   + map_users                            = [
TestTerraformPatcheExample 2022-03-22T16:20:54Z logger.go:66:       + {
TestTerraformPatcheExample 2022-03-22T16:20:54Z logger.go:66:           + groups   = [
TestTerraformPatcheExample 2022-03-22T16:20:54Z logger.go:66:               + "system:masters",
TestTerraformPatcheExample 2022-03-22T16:20:54Z logger.go:66:             ]
TestTerraformPatcheExample 2022-03-22T16:20:54Z logger.go:66:           + userarn  = "arn:aws:iam::66666666666:user/user1"
TestTerraformPatcheExample 2022-03-22T16:20:54Z logger.go:66:           + username = "user1"
TestTerraformPatcheExample 2022-03-22T16:20:54Z logger.go:66:         },
TestTerraformPatcheExample 2022-03-22T16:20:54Z logger.go:66:       + {
TestTerraformPatcheExample 2022-03-22T16:20:54Z logger.go:66:           + groups   = [
TestTerraformPatcheExample 2022-03-22T16:20:54Z logger.go:66:               + "system:masters",
TestTerraformPatcheExample 2022-03-22T16:20:54Z logger.go:66:             ]
TestTerraformPatcheExample 2022-03-22T16:20:54Z logger.go:66:           + userarn  = "arn:aws:iam::66666666666:user/user2"
TestTerraformPatcheExample 2022-03-22T16:20:54Z logger.go:66:           + username = "user2"
TestTerraformPatcheExample 2022-03-22T16:20:54Z logger.go:66:         },
TestTerraformPatcheExample 2022-03-22T16:20:54Z logger.go:66:     ]
TestTerraformPatcheExample 2022-03-22T16:20:54Z logger.go:66:   + self_managed_node_group_iam_role_arn = (known after apply)
TestTerraformPatcheExample 2022-03-22T16:20:56Z logger.go:66: module.eks.module.self_managed_node_group["boo"].aws_iam_role.this[0]: Creating...
TestTerraformPatcheExample 2022-03-22T16:20:56Z logger.go:66: module.eks.module.eks_managed_node_group["foo"].aws_iam_role.this[0]: Creating...
TestTerraformPatcheExample 2022-03-22T16:20:56Z logger.go:66: module.vpc.aws_eip.nat[0]: Creating...
TestTerraformPatcheExample 2022-03-22T16:20:56Z logger.go:66: module.vpc.aws_vpc.this[0]: Creating...
TestTerraformPatcheExample 2022-03-22T16:20:56Z logger.go:66: module.eks.aws_cloudwatch_log_group.this[0]: Creating...
TestTerraformPatcheExample 2022-03-22T16:20:56Z logger.go:66: module.eks.module.fargate_profile["bar"].aws_iam_role.this[0]: Creating...
TestTerraformPatcheExample 2022-03-22T16:20:56Z logger.go:66: module.eks.aws_iam_role.this[0]: Creating...
TestTerraformPatcheExample 2022-03-22T16:20:57Z logger.go:66: module.eks.aws_cloudwatch_log_group.this[0]: Creation complete after 0s [id=/aws/eks/ex-patch/cluster]
TestTerraformPatcheExample 2022-03-22T16:20:57Z logger.go:66: module.vpc.aws_eip.nat[0]: Creation complete after 0s [id=eipalloc-01923de91e573adaf]
TestTerraformPatcheExample 2022-03-22T16:20:57Z logger.go:66: module.eks.module.fargate_profile["bar"].aws_iam_role.this[0]: Creation complete after 1s [id=bar-20220322162056557600000003]
TestTerraformPatcheExample 2022-03-22T16:20:57Z logger.go:66: module.eks.aws_iam_role.this[0]: Creation complete after 1s [id=ex-patch-cluster-20220322162056559500000004]
TestTerraformPatcheExample 2022-03-22T16:20:57Z logger.go:66: module.eks.module.fargate_profile["bar"].aws_iam_role_policy_attachment.this["arn:aws:iam::aws:policy/AmazonEKS_CNI_Policy"]: Creating...
TestTerraformPatcheExample 2022-03-22T16:20:57Z logger.go:66: module.eks.module.eks_managed_node_group["foo"].aws_iam_role.this[0]: Creation complete after 1s [id=foo-eks-node-group-20220322162056536300000002]
TestTerraformPatcheExample 2022-03-22T16:20:57Z logger.go:66: module.eks.aws_iam_role_policy_attachment.this["arn:aws:iam::aws:policy/AmazonEKSClusterPolicy"]: Creating...
TestTerraformPatcheExample 2022-03-22T16:20:57Z logger.go:66: module.eks.module.fargate_profile["bar"].aws_iam_role_policy_attachment.this["arn:aws:iam::aws:policy/AmazonEKSFargatePodExecutionRolePolicy"]: Creating...
TestTerraformPatcheExample 2022-03-22T16:20:57Z logger.go:66: module.eks.aws_iam_role_policy_attachment.this["arn:aws:iam::aws:policy/AmazonEKSVPCResourceController"]: Creating...
TestTerraformPatcheExample 2022-03-22T16:20:57Z logger.go:66: module.eks.module.self_managed_node_group["boo"].aws_iam_role.this[0]: Creation complete after 1s [id=boo-node-group-20220322162056534700000001]
TestTerraformPatcheExample 2022-03-22T16:20:57Z logger.go:66: module.eks.module.eks_managed_node_group["foo"].aws_iam_role_policy_attachment.this["arn:aws:iam::aws:policy/AmazonEKS_CNI_Policy"]: Creating...
TestTerraformPatcheExample 2022-03-22T16:20:57Z logger.go:66: module.eks.module.eks_managed_node_group["foo"].aws_iam_role_policy_attachment.this["arn:aws:iam::aws:policy/AmazonEKSWorkerNodePolicy"]: Creating...
TestTerraformPatcheExample 2022-03-22T16:20:57Z logger.go:66: module.eks.module.eks_managed_node_group["foo"].aws_iam_role_policy_attachment.this["arn:aws:iam::aws:policy/AmazonEC2ContainerRegistryReadOnly"]: Creating...
TestTerraformPatcheExample 2022-03-22T16:20:57Z logger.go:66: module.eks.module.self_managed_node_group["boo"].aws_iam_role_policy_attachment.this["arn:aws:iam::aws:policy/AmazonEKS_CNI_Policy"]: Creating...
TestTerraformPatcheExample 2022-03-22T16:20:57Z logger.go:66: module.eks.module.self_managed_node_group["boo"].aws_iam_role_policy_attachment.this["arn:aws:iam::aws:policy/AmazonEKSWorkerNodePolicy"]: Creating...
TestTerraformPatcheExample 2022-03-22T16:20:58Z logger.go:66: module.eks.module.fargate_profile["bar"].aws_iam_role_policy_attachment.this["arn:aws:iam::aws:policy/AmazonEKSFargatePodExecutionRolePolicy"]: Creation complete after 0s [id=bar-20220322162056557600000003-20220322162058092500000006]
TestTerraformPatcheExample 2022-03-22T16:20:58Z logger.go:66: module.eks.module.fargate_profile["bar"].aws_iam_role_policy_attachment.this["arn:aws:iam::aws:policy/AmazonEKS_CNI_Policy"]: Creation complete after 0s [id=bar-20220322162056557600000003-20220322162058084200000005]
TestTerraformPatcheExample 2022-03-22T16:20:58Z logger.go:66: module.eks.module.self_managed_node_group["boo"].aws_iam_role_policy_attachment.this["arn:aws:iam::aws:policy/AmazonEC2ContainerRegistryReadOnly"]: Creating...
TestTerraformPatcheExample 2022-03-22T16:20:58Z logger.go:66: module.eks.aws_iam_role_policy_attachment.this["arn:aws:iam::aws:policy/AmazonEKSVPCResourceController"]: Creation complete after 0s [id=ex-patch-cluster-20220322162056559500000004-20220322162058102900000007]
TestTerraformPatcheExample 2022-03-22T16:20:58Z logger.go:66: module.eks.module.self_managed_node_group["boo"].aws_iam_instance_profile.this[0]: Creating...
TestTerraformPatcheExample 2022-03-22T16:20:58Z logger.go:66: module.eks.aws_iam_role_policy_attachment.this["arn:aws:iam::aws:policy/AmazonEKSClusterPolicy"]: Creation complete after 0s [id=ex-patch-cluster-20220322162056559500000004-20220322162058131100000008]
TestTerraformPatcheExample 2022-03-22T16:20:58Z logger.go:66: module.eks.module.eks_managed_node_group["foo"].aws_iam_role_policy_attachment.this["arn:aws:iam::aws:policy/AmazonEC2ContainerRegistryReadOnly"]: Creation complete after 0s [id=foo-eks-node-group-20220322162056536300000002-20220322162058218000000009]
TestTerraformPatcheExample 2022-03-22T16:20:58Z logger.go:66: module.eks.module.self_managed_node_group["boo"].aws_iam_role_policy_attachment.this["arn:aws:iam::aws:policy/AmazonEKS_CNI_Policy"]: Creation complete after 0s [id=boo-node-group-20220322162056534700000001-2022032216205826430000000a]
TestTerraformPatcheExample 2022-03-22T16:20:58Z logger.go:66: module.eks.module.eks_managed_node_group["foo"].aws_iam_role_policy_attachment.this["arn:aws:iam::aws:policy/AmazonEKS_CNI_Policy"]: Creation complete after 0s [id=foo-eks-node-group-20220322162056536300000002-2022032216205836090000000c]
TestTerraformPatcheExample 2022-03-22T16:20:58Z logger.go:66: module.eks.module.eks_managed_node_group["foo"].aws_iam_role_policy_attachment.this["arn:aws:iam::aws:policy/AmazonEKSWorkerNodePolicy"]: Creation complete after 0s [id=foo-eks-node-group-20220322162056536300000002-2022032216205836630000000d]
TestTerraformPatcheExample 2022-03-22T16:20:58Z logger.go:66: module.eks.module.self_managed_node_group["boo"].aws_iam_role_policy_attachment.this["arn:aws:iam::aws:policy/AmazonEKSWorkerNodePolicy"]: Creation complete after 1s [id=boo-node-group-20220322162056534700000001-2022032216205841850000000e]
TestTerraformPatcheExample 2022-03-22T16:20:58Z logger.go:66: module.eks.module.self_managed_node_group["boo"].aws_iam_role_policy_attachment.this["arn:aws:iam::aws:policy/AmazonEC2ContainerRegistryReadOnly"]: Creation complete after 1s [id=boo-node-group-20220322162056534700000001-2022032216205849360000000f]
TestTerraformPatcheExample 2022-03-22T16:20:58Z logger.go:66: module.eks.module.self_managed_node_group["boo"].aws_iam_instance_profile.this[0]: Creation complete after 1s [id=boo-node-group-2022032216205835570000000b]
TestTerraformPatcheExample 2022-03-22T16:21:06Z logger.go:66: module.vpc.aws_vpc.this[0]: Still creating... [10s elapsed]
TestTerraformPatcheExample 2022-03-22T16:21:08Z logger.go:66: module.vpc.aws_vpc.this[0]: Creation complete after 11s [id=vpc-0da699baf2c256d6d]
TestTerraformPatcheExample 2022-03-22T16:21:08Z logger.go:66: module.vpc.aws_route_table.private[0]: Creating...
TestTerraformPatcheExample 2022-03-22T16:21:08Z logger.go:66: module.vpc.aws_subnet.public[0]: Creating...
TestTerraformPatcheExample 2022-03-22T16:21:08Z logger.go:66: module.vpc.aws_subnet.public[1]: Creating...
TestTerraformPatcheExample 2022-03-22T16:21:08Z logger.go:66: module.eks.aws_security_group.cluster[0]: Creating...
TestTerraformPatcheExample 2022-03-22T16:21:08Z logger.go:66: module.vpc.aws_subnet.private[2]: Creating...
TestTerraformPatcheExample 2022-03-22T16:21:08Z logger.go:66: module.eks.aws_security_group.node[0]: Creating...
TestTerraformPatcheExample 2022-03-22T16:21:08Z logger.go:66: module.vpc.aws_subnet.public[2]: Creating...
TestTerraformPatcheExample 2022-03-22T16:21:08Z logger.go:66: module.eks.module.self_managed_node_group["boo"].aws_security_group.this[0]: Creating...
TestTerraformPatcheExample 2022-03-22T16:21:08Z logger.go:66: module.vpc.aws_subnet.private[0]: Creating...
TestTerraformPatcheExample 2022-03-22T16:21:08Z logger.go:66: module.vpc.aws_internet_gateway.this[0]: Creating...
TestTerraformPatcheExample 2022-03-22T16:21:08Z logger.go:66: module.vpc.aws_route_table.private[0]: Creation complete after 1s [id=rtb-06ee2824448755eae]
TestTerraformPatcheExample 2022-03-22T16:21:08Z logger.go:66: module.vpc.aws_subnet.private[1]: Creating...
TestTerraformPatcheExample 2022-03-22T16:21:09Z logger.go:66: module.vpc.aws_internet_gateway.this[0]: Creation complete after 1s [id=igw-0e3d5bc0c9fe0a693]
TestTerraformPatcheExample 2022-03-22T16:21:09Z logger.go:66: module.vpc.aws_route_table.public[0]: Creating...
TestTerraformPatcheExample 2022-03-22T16:21:09Z logger.go:66: module.vpc.aws_subnet.private[0]: Creation complete after 1s [id=subnet-0c513130447b69601]
TestTerraformPatcheExample 2022-03-22T16:21:09Z logger.go:66: module.vpc.aws_subnet.private[2]: Creation complete after 1s [id=subnet-0066b663d2d527847]
TestTerraformPatcheExample 2022-03-22T16:21:09Z logger.go:66: module.eks.module.eks_managed_node_group["foo"].aws_security_group.this[0]: Creating...
TestTerraformPatcheExample 2022-03-22T16:21:09Z logger.go:66: module.vpc.aws_route_table.public[0]: Creation complete after 1s [id=rtb-0311c94acc767a005]
TestTerraformPatcheExample 2022-03-22T16:21:09Z logger.go:66: module.vpc.aws_route.public_internet_gateway[0]: Creating...
TestTerraformPatcheExample 2022-03-22T16:21:09Z logger.go:66: module.vpc.aws_subnet.private[1]: Creation complete after 1s [id=subnet-0848a9cba398ee894]
TestTerraformPatcheExample 2022-03-22T16:21:09Z logger.go:66: module.vpc.aws_route_table_association.private[1]: Creating...
TestTerraformPatcheExample 2022-03-22T16:21:09Z logger.go:66: module.vpc.aws_route_table_association.private[2]: Creating...
TestTerraformPatcheExample 2022-03-22T16:21:10Z logger.go:66: module.vpc.aws_route.public_internet_gateway[0]: Creation complete after 0s [id=r-rtb-0311c94acc767a0051080289494]
TestTerraformPatcheExample 2022-03-22T16:21:10Z logger.go:66: module.vpc.aws_route_table_association.private[0]: Creating...
TestTerraformPatcheExample 2022-03-22T16:21:10Z logger.go:66: module.vpc.aws_route_table_association.private[1]: Creation complete after 0s [id=rtbassoc-05ffd13b64851cfff]
TestTerraformPatcheExample 2022-03-22T16:21:10Z logger.go:66: module.vpc.aws_route_table_association.private[2]: Creation complete after 0s [id=rtbassoc-058f12b47606459d7]
TestTerraformPatcheExample 2022-03-22T16:21:10Z logger.go:66: module.eks.aws_security_group.cluster[0]: Creation complete after 2s [id=sg-00ad4d5eb6d4768af]
TestTerraformPatcheExample 2022-03-22T16:21:10Z logger.go:66: module.eks.aws_security_group.node[0]: Creation complete after 2s [id=sg-0596d421855ad5b1c]
TestTerraformPatcheExample 2022-03-22T16:21:10Z logger.go:66: module.eks.aws_security_group_rule.node["egress_self_coredns_udp"]: Creating...
TestTerraformPatcheExample 2022-03-22T16:21:10Z logger.go:66: module.eks.aws_security_group_rule.node["ingress_cluster_kubelet"]: Creating...
TestTerraformPatcheExample 2022-03-22T16:21:10Z logger.go:66: module.eks.aws_security_group_rule.node["egress_cluster_443"]: Creating...
TestTerraformPatcheExample 2022-03-22T16:21:10Z logger.go:66: module.eks.aws_security_group_rule.node["egress_self_coredns_tcp"]: Creating...
TestTerraformPatcheExample 2022-03-22T16:21:10Z logger.go:66: module.vpc.aws_route_table_association.private[0]: Creation complete after 1s [id=rtbassoc-0815c1c071c3fe28b]
TestTerraformPatcheExample 2022-03-22T16:21:10Z logger.go:66: module.eks.aws_security_group_rule.node["egress_ntp_tcp"]: Creating...
TestTerraformPatcheExample 2022-03-22T16:21:11Z logger.go:66: module.eks.aws_security_group_rule.node["ingress_cluster_kubelet"]: Creation complete after 0s [id=sgrule-969662012]
TestTerraformPatcheExample 2022-03-22T16:21:11Z logger.go:66: module.eks.module.self_managed_node_group["boo"].aws_security_group.this[0]: Creation complete after 3s [id=sg-055dbe0b8c5fbba8c]
TestTerraformPatcheExample 2022-03-22T16:21:11Z logger.go:66: module.eks.aws_security_group_rule.node["egress_https"]: Creating...
TestTerraformPatcheExample 2022-03-22T16:21:11Z logger.go:66: module.eks.aws_security_group_rule.node["ingress_self_coredns_tcp"]: Creating...
TestTerraformPatcheExample 2022-03-22T16:21:11Z logger.go:66: module.eks.module.eks_managed_node_group["foo"].aws_security_group.this[0]: Creation complete after 2s [id=sg-0aca34610da0f0bd2]
TestTerraformPatcheExample 2022-03-22T16:21:11Z logger.go:66: module.eks.aws_security_group_rule.node["ingress_cluster_443"]: Creating...
TestTerraformPatcheExample 2022-03-22T16:21:11Z logger.go:66: module.eks.aws_security_group_rule.node["egress_cluster_443"]: Creation complete after 1s [id=sgrule-237039721]
TestTerraformPatcheExample 2022-03-22T16:21:11Z logger.go:66: module.eks.aws_security_group_rule.node["egress_ntp_udp"]: Creating...
TestTerraformPatcheExample 2022-03-22T16:21:12Z logger.go:66: module.eks.aws_security_group_rule.node["egress_self_coredns_udp"]: Creation complete after 1s [id=sgrule-407318872]
TestTerraformPatcheExample 2022-03-22T16:21:12Z logger.go:66: module.eks.aws_security_group_rule.node["ingress_self_coredns_udp"]: Creating...
TestTerraformPatcheExample 2022-03-22T16:21:18Z logger.go:66: module.vpc.aws_subnet.public[0]: Still creating... [10s elapsed]
TestTerraformPatcheExample 2022-03-22T16:21:18Z logger.go:66: module.vpc.aws_subnet.public[2]: Still creating... [10s elapsed]
TestTerraformPatcheExample 2022-03-22T16:21:18Z logger.go:66: module.vpc.aws_subnet.public[1]: Still creating... [10s elapsed]
TestTerraformPatcheExample 2022-03-22T16:21:19Z logger.go:66: module.vpc.aws_subnet.public[0]: Creation complete after 11s [id=subnet-0232abf9ba6975dc8]
TestTerraformPatcheExample 2022-03-22T16:21:19Z logger.go:66: module.eks.aws_security_group_rule.cluster["ingress_nodes_443"]: Creating...
TestTerraformPatcheExample 2022-03-22T16:21:19Z logger.go:66: module.vpc.aws_subnet.public[1]: Creation complete after 12s [id=subnet-0ee9d1aa5f5dd05bb]
TestTerraformPatcheExample 2022-03-22T16:21:19Z logger.go:66: module.vpc.aws_subnet.public[2]: Creation complete after 12s [id=subnet-0e0bfa995a792d836]
TestTerraformPatcheExample 2022-03-22T16:21:19Z logger.go:66: module.eks.aws_security_group_rule.cluster["egress_nodes_kubelet"]: Creating...
TestTerraformPatcheExample 2022-03-22T16:21:19Z logger.go:66: module.eks.aws_security_group_rule.cluster["egress_nodes_443"]: Creating...
TestTerraformPatcheExample 2022-03-22T16:21:19Z logger.go:66: module.eks.aws_security_group_rule.cluster["ingress_nodes_443"]: Creation complete after 1s [id=sgrule-4257290792]
TestTerraformPatcheExample 2022-03-22T16:21:19Z logger.go:66: module.vpc.aws_route_table_association.public[2]: Creating...
TestTerraformPatcheExample 2022-03-22T16:21:20Z logger.go:66: module.vpc.aws_route_table_association.public[2]: Creation complete after 0s [id=rtbassoc-06f6f9f3ff5989450]
TestTerraformPatcheExample 2022-03-22T16:21:20Z logger.go:66: module.vpc.aws_route_table_association.public[0]: Creating...
TestTerraformPatcheExample 2022-03-22T16:21:20Z logger.go:66: module.eks.aws_security_group_rule.cluster["egress_nodes_kubelet"]: Creation complete after 0s [id=sgrule-4206276413]
TestTerraformPatcheExample 2022-03-22T16:21:20Z logger.go:66: module.vpc.aws_route_table_association.public[1]: Creating...
TestTerraformPatcheExample 2022-03-22T16:21:20Z logger.go:66: module.eks.aws_security_group_rule.node["egress_self_coredns_tcp"]: Still creating... [10s elapsed]
TestTerraformPatcheExample 2022-03-22T16:21:20Z logger.go:66: module.eks.aws_security_group_rule.node["egress_ntp_tcp"]: Still creating... [10s elapsed]
TestTerraformPatcheExample 2022-03-22T16:21:20Z logger.go:66: module.vpc.aws_route_table_association.public[0]: Creation complete after 1s [id=rtbassoc-0bec912d4026d79db]
TestTerraformPatcheExample 2022-03-22T16:21:20Z logger.go:66: module.vpc.aws_nat_gateway.this[0]: Creating...
TestTerraformPatcheExample 2022-03-22T16:21:20Z logger.go:66: module.vpc.aws_route_table_association.public[1]: Creation complete after 1s [id=rtbassoc-0c8d082a9a22b73fb]
TestTerraformPatcheExample 2022-03-22T16:21:20Z logger.go:66: module.eks.aws_security_group_rule.cluster["egress_nodes_443"]: Creation complete after 1s [id=sgrule-2793884829]
TestTerraformPatcheExample 2022-03-22T16:21:21Z logger.go:66: module.eks.aws_security_group_rule.node["egress_https"]: Still creating... [10s elapsed]
TestTerraformPatcheExample 2022-03-22T16:21:21Z logger.go:66: module.eks.aws_security_group_rule.node["ingress_self_coredns_tcp"]: Still creating... [10s elapsed]
TestTerraformPatcheExample 2022-03-22T16:21:21Z logger.go:66: module.eks.aws_security_group_rule.node["egress_self_coredns_tcp"]: Creation complete after 10s [id=sgrule-2518725438]
TestTerraformPatcheExample 2022-03-22T16:21:21Z logger.go:66: module.eks.aws_security_group_rule.node["ingress_cluster_443"]: Still creating... [10s elapsed]
TestTerraformPatcheExample 2022-03-22T16:21:21Z logger.go:66: module.eks.aws_security_group_rule.node["egress_ntp_udp"]: Still creating... [10s elapsed]
TestTerraformPatcheExample 2022-03-22T16:21:21Z logger.go:66: module.eks.aws_security_group_rule.node["egress_ntp_tcp"]: Creation complete after 11s [id=sgrule-3519611203]
TestTerraformPatcheExample 2022-03-22T16:21:22Z logger.go:66: module.eks.aws_security_group_rule.node["egress_https"]: Creation complete after 11s [id=sgrule-236403805]
TestTerraformPatcheExample 2022-03-22T16:21:22Z logger.go:66: module.eks.aws_security_group_rule.node["ingress_self_coredns_udp"]: Still creating... [10s elapsed]
TestTerraformPatcheExample 2022-03-22T16:21:22Z logger.go:66: module.eks.aws_security_group_rule.node["ingress_self_coredns_tcp"]: Creation complete after 12s [id=sgrule-2989379461]
TestTerraformPatcheExample 2022-03-22T16:21:23Z logger.go:66: module.eks.aws_security_group_rule.node["ingress_cluster_443"]: Creation complete after 12s [id=sgrule-702582387]
TestTerraformPatcheExample 2022-03-22T16:21:23Z logger.go:66: module.eks.aws_security_group_rule.node["egress_ntp_udp"]: Creation complete after 12s [id=sgrule-2941723726]
TestTerraformPatcheExample 2022-03-22T16:21:24Z logger.go:66: module.eks.aws_security_group_rule.node["ingress_self_coredns_udp"]: Creation complete after 12s [id=sgrule-376564842]
TestTerraformPatcheExample 2022-03-22T16:21:24Z logger.go:66: module.eks.aws_eks_cluster.this[0]: Creating...
TestTerraformPatcheExample 2022-03-22T16:21:30Z logger.go:66: module.vpc.aws_nat_gateway.this[0]: Still creating... [10s elapsed]
TestTerraformPatcheExample 2022-03-22T16:21:34Z logger.go:66: module.eks.aws_eks_cluster.this[0]: Still creating... [10s elapsed]
TestTerraformPatcheExample 2022-03-22T16:21:40Z logger.go:66: module.vpc.aws_nat_gateway.this[0]: Still creating... [20s elapsed]
TestTerraformPatcheExample 2022-03-22T16:21:44Z logger.go:66: module.eks.aws_eks_cluster.this[0]: Still creating... [20s elapsed]
TestTerraformPatcheExample 2022-03-22T16:21:50Z logger.go:66: module.vpc.aws_nat_gateway.this[0]: Still creating... [30s elapsed]
TestTerraformPatcheExample 2022-03-22T16:21:54Z logger.go:66: module.eks.aws_eks_cluster.this[0]: Still creating... [30s elapsed]
TestTerraformPatcheExample 2022-03-22T16:22:00Z logger.go:66: module.vpc.aws_nat_gateway.this[0]: Still creating... [40s elapsed]
TestTerraformPatcheExample 2022-03-22T16:22:04Z logger.go:66: module.eks.aws_eks_cluster.this[0]: Still creating... [40s elapsed]
TestTerraformPatcheExample 2022-03-22T16:22:10Z logger.go:66: module.vpc.aws_nat_gateway.this[0]: Still creating... [50s elapsed]
TestTerraformPatcheExample 2022-03-22T16:22:14Z logger.go:66: module.eks.aws_eks_cluster.this[0]: Still creating... [50s elapsed]
TestTerraformPatcheExample 2022-03-22T16:22:20Z logger.go:66: module.vpc.aws_nat_gateway.this[0]: Still creating... [1m0s elapsed]
TestTerraformPatcheExample 2022-03-22T16:22:24Z logger.go:66: module.eks.aws_eks_cluster.this[0]: Still creating... [1m0s elapsed]
TestTerraformPatcheExample 2022-03-22T16:22:30Z logger.go:66: module.vpc.aws_nat_gateway.this[0]: Still creating... [1m10s elapsed]
TestTerraformPatcheExample 2022-03-22T16:22:34Z logger.go:66: module.eks.aws_eks_cluster.this[0]: Still creating... [1m10s elapsed]
TestTerraformPatcheExample 2022-03-22T16:22:40Z logger.go:66: module.vpc.aws_nat_gateway.this[0]: Still creating... [1m20s elapsed]
TestTerraformPatcheExample 2022-03-22T16:22:44Z logger.go:66: module.eks.aws_eks_cluster.this[0]: Still creating... [1m20s elapsed]
TestTerraformPatcheExample 2022-03-22T16:22:50Z logger.go:66: module.vpc.aws_nat_gateway.this[0]: Still creating... [1m30s elapsed]
TestTerraformPatcheExample 2022-03-22T16:22:54Z logger.go:66: module.eks.aws_eks_cluster.this[0]: Still creating... [1m30s elapsed]
TestTerraformPatcheExample 2022-03-22T16:23:00Z logger.go:66: module.vpc.aws_nat_gateway.this[0]: Still creating... [1m40s elapsed]
TestTerraformPatcheExample 2022-03-22T16:23:04Z logger.go:66: module.eks.aws_eks_cluster.this[0]: Still creating... [1m40s elapsed]
TestTerraformPatcheExample 2022-03-22T16:23:10Z logger.go:66: module.vpc.aws_nat_gateway.this[0]: Still creating... [1m50s elapsed]
TestTerraformPatcheExample 2022-03-22T16:23:14Z logger.go:66: module.eks.aws_eks_cluster.this[0]: Still creating... [1m50s elapsed]
TestTerraformPatcheExample 2022-03-22T16:23:15Z logger.go:66: module.vpc.aws_nat_gateway.this[0]: Creation complete after 1m55s [id=nat-077d9a84e0a622da8]
TestTerraformPatcheExample 2022-03-22T16:23:15Z logger.go:66: module.vpc.aws_route.private_nat_gateway[0]: Creating...
TestTerraformPatcheExample 2022-03-22T16:23:16Z logger.go:66: module.vpc.aws_route.private_nat_gateway[0]: Creation complete after 1s [id=r-rtb-06ee2824448755eae1080289494]
TestTerraformPatcheExample 2022-03-22T16:23:24Z logger.go:66: module.eks.aws_eks_cluster.this[0]: Still creating... [2m0s elapsed]
TestTerraformPatcheExample 2022-03-22T16:23:34Z logger.go:66: module.eks.aws_eks_cluster.this[0]: Still creating... [2m10s elapsed]
TestTerraformPatcheExample 2022-03-22T16:23:44Z logger.go:66: module.eks.aws_eks_cluster.this[0]: Still creating... [2m20s elapsed]
TestTerraformPatcheExample 2022-03-22T16:23:54Z logger.go:66: module.eks.aws_eks_cluster.this[0]: Still creating... [2m30s elapsed]
TestTerraformPatcheExample 2022-03-22T16:24:04Z logger.go:66: module.eks.aws_eks_cluster.this[0]: Still creating... [2m40s elapsed]
TestTerraformPatcheExample 2022-03-22T16:24:14Z logger.go:66: module.eks.aws_eks_cluster.this[0]: Still creating... [2m50s elapsed]
TestTerraformPatcheExample 2022-03-22T16:24:24Z logger.go:66: module.eks.aws_eks_cluster.this[0]: Still creating... [3m0s elapsed]
TestTerraformPatcheExample 2022-03-22T16:24:34Z logger.go:66: module.eks.aws_eks_cluster.this[0]: Still creating... [3m10s elapsed]
TestTerraformPatcheExample 2022-03-22T16:24:44Z logger.go:66: module.eks.aws_eks_cluster.this[0]: Still creating... [3m20s elapsed]
TestTerraformPatcheExample 2022-03-22T16:24:54Z logger.go:66: module.eks.aws_eks_cluster.this[0]: Still creating... [3m30s elapsed]
TestTerraformPatcheExample 2022-03-22T16:25:04Z logger.go:66: module.eks.aws_eks_cluster.this[0]: Still creating... [3m40s elapsed]
TestTerraformPatcheExample 2022-03-22T16:25:14Z logger.go:66: module.eks.aws_eks_cluster.this[0]: Still creating... [3m50s elapsed]
TestTerraformPatcheExample 2022-03-22T16:25:24Z logger.go:66: module.eks.aws_eks_cluster.this[0]: Still creating... [4m0s elapsed]
TestTerraformPatcheExample 2022-03-22T16:25:34Z logger.go:66: module.eks.aws_eks_cluster.this[0]: Still creating... [4m10s elapsed]
TestTerraformPatcheExample 2022-03-22T16:25:44Z logger.go:66: module.eks.aws_eks_cluster.this[0]: Still creating... [4m20s elapsed]
TestTerraformPatcheExample 2022-03-22T16:25:54Z logger.go:66: module.eks.aws_eks_cluster.this[0]: Still creating... [4m30s elapsed]
TestTerraformPatcheExample 2022-03-22T16:26:04Z logger.go:66: module.eks.aws_eks_cluster.this[0]: Still creating... [4m40s elapsed]
TestTerraformPatcheExample 2022-03-22T16:26:14Z logger.go:66: module.eks.aws_eks_cluster.this[0]: Still creating... [4m50s elapsed]
TestTerraformPatcheExample 2022-03-22T16:26:24Z logger.go:66: module.eks.aws_eks_cluster.this[0]: Still creating... [5m0s elapsed]
TestTerraformPatcheExample 2022-03-22T16:26:34Z logger.go:66: module.eks.aws_eks_cluster.this[0]: Still creating... [5m10s elapsed]
TestTerraformPatcheExample 2022-03-22T16:26:44Z logger.go:66: module.eks.aws_eks_cluster.this[0]: Still creating... [5m20s elapsed]
TestTerraformPatcheExample 2022-03-22T16:26:54Z logger.go:66: module.eks.aws_eks_cluster.this[0]: Still creating... [5m30s elapsed]
TestTerraformPatcheExample 2022-03-22T16:27:04Z logger.go:66: module.eks.aws_eks_cluster.this[0]: Still creating... [5m40s elapsed]
TestTerraformPatcheExample 2022-03-22T16:27:14Z logger.go:66: module.eks.aws_eks_cluster.this[0]: Still creating... [5m50s elapsed]
TestTerraformPatcheExample 2022-03-22T16:27:24Z logger.go:66: module.eks.aws_eks_cluster.this[0]: Still creating... [6m0s elapsed]
TestTerraformPatcheExample 2022-03-22T16:27:34Z logger.go:66: module.eks.aws_eks_cluster.this[0]: Still creating... [6m10s elapsed]
TestTerraformPatcheExample 2022-03-22T16:27:44Z logger.go:66: module.eks.aws_eks_cluster.this[0]: Still creating... [6m20s elapsed]
TestTerraformPatcheExample 2022-03-22T16:27:54Z logger.go:66: module.eks.aws_eks_cluster.this[0]: Still creating... [6m30s elapsed]
TestTerraformPatcheExample 2022-03-22T16:28:04Z logger.go:66: module.eks.aws_eks_cluster.this[0]: Still creating... [6m40s elapsed]
TestTerraformPatcheExample 2022-03-22T16:28:14Z logger.go:66: module.eks.aws_eks_cluster.this[0]: Still creating... [6m50s elapsed]
TestTerraformPatcheExample 2022-03-22T16:28:24Z logger.go:66: module.eks.aws_eks_cluster.this[0]: Still creating... [7m0s elapsed]
TestTerraformPatcheExample 2022-03-22T16:28:34Z logger.go:66: module.eks.aws_eks_cluster.this[0]: Still creating... [7m10s elapsed]
TestTerraformPatcheExample 2022-03-22T16:28:44Z logger.go:66: module.eks.aws_eks_cluster.this[0]: Still creating... [7m20s elapsed]
TestTerraformPatcheExample 2022-03-22T16:28:54Z logger.go:66: module.eks.aws_eks_cluster.this[0]: Still creating... [7m30s elapsed]
TestTerraformPatcheExample 2022-03-22T16:29:04Z logger.go:66: module.eks.aws_eks_cluster.this[0]: Still creating... [7m40s elapsed]
TestTerraformPatcheExample 2022-03-22T16:29:14Z logger.go:66: module.eks.aws_eks_cluster.this[0]: Still creating... [7m50s elapsed]
TestTerraformPatcheExample 2022-03-22T16:29:24Z logger.go:66: module.eks.aws_eks_cluster.this[0]: Still creating... [8m0s elapsed]
TestTerraformPatcheExample 2022-03-22T16:29:34Z logger.go:66: module.eks.aws_eks_cluster.this[0]: Still creating... [8m10s elapsed]
TestTerraformPatcheExample 2022-03-22T16:29:43Z logger.go:66: module.eks.aws_eks_cluster.this[0]: Still creating... [8m20s elapsed]
TestTerraformPatcheExample 2022-03-22T16:29:47Z logger.go:66: module.eks.aws_eks_cluster.this[0]: Creation complete after 8m24s [id=ex-patch]
TestTerraformPatcheExample 2022-03-22T16:29:47Z logger.go:66: module.eks.data.tls_certificate.this[0]: Reading...
TestTerraformPatcheExample 2022-03-22T16:29:47Z logger.go:66: data.aws_eks_cluster.cluster: Reading...
TestTerraformPatcheExample 2022-03-22T16:29:47Z logger.go:66: data.aws_eks_cluster_auth.cluster: Reading...
TestTerraformPatcheExample 2022-03-22T16:29:47Z logger.go:66: module.eks.module.fargate_profile["bar"].aws_eks_fargate_profile.this[0]: Creating...
TestTerraformPatcheExample 2022-03-22T16:29:47Z logger.go:66: data.aws_eks_cluster_auth.cluster: Read complete after 0s [id=ex-patch]
TestTerraformPatcheExample 2022-03-22T16:29:47Z logger.go:66: module.eks.module.eks_managed_node_group["foo"].aws_launch_template.this[0]: Creating...
TestTerraformPatcheExample 2022-03-22T16:29:47Z logger.go:66: module.eks.module.self_managed_node_group["boo"].aws_launch_template.this[0]: Creating...
TestTerraformPatcheExample 2022-03-22T16:29:47Z logger.go:66: data.aws_eks_cluster.cluster: Read complete after 0s [id=ex-patch]
TestTerraformPatcheExample 2022-03-22T16:29:47Z logger.go:66: module.eks.data.tls_certificate.this[0]: Read complete after 0s [id=2022-03-22 16:29:47.8239013 +0000 UTC]
TestTerraformPatcheExample 2022-03-22T16:29:48Z logger.go:66: module.eks.module.eks_managed_node_group["foo"].aws_launch_template.this[0]: Creation complete after 0s [id=lt-01e62c8311fee6297]
TestTerraformPatcheExample 2022-03-22T16:29:48Z logger.go:66: module.eks.module.self_managed_node_group["boo"].aws_launch_template.this[0]: Creation complete after 0s [id=lt-0aa468566e2161177]
TestTerraformPatcheExample 2022-03-22T16:29:48Z logger.go:66: module.eks.aws_iam_openid_connect_provider.oidc_provider[0]: Creating...
TestTerraformPatcheExample 2022-03-22T16:29:48Z logger.go:66: module.eks.module.eks_managed_node_group["foo"].aws_eks_node_group.this[0]: Creating...
TestTerraformPatcheExample 2022-03-22T16:29:48Z logger.go:66: module.eks.module.self_managed_node_group["boo"].aws_autoscaling_group.this[0]: Creating...
TestTerraformPatcheExample 2022-03-22T16:29:48Z logger.go:66: module.eks_auth.kubernetes_role_v1.aws_auth: Creating...
TestTerraformPatcheExample 2022-03-22T16:29:48Z logger.go:66: module.eks_auth.kubernetes_service_account_v1.aws_auth: Creating...
TestTerraformPatcheExample 2022-03-22T16:29:49Z logger.go:66: module.eks.aws_iam_openid_connect_provider.oidc_provider[0]: Creation complete after 1s [id=arn:aws:iam::11111111111:oidc-provider/oidc.eks.us-west-2.amazonaws.com/id/09AAB59F006FE65C13F5EE6D29A0807F]
TestTerraformPatcheExample 2022-03-22T16:29:51Z logger.go:66: module.eks_auth.kubernetes_role_v1.aws_auth: Creation complete after 3s [id=kube-system/terraform-eks-auth-aws]
TestTerraformPatcheExample 2022-03-22T16:29:51Z logger.go:66: module.eks_auth.kubernetes_service_account_v1.aws_auth: Creation complete after 3s [id=kube-system/terraform-eks-auth-aws]
TestTerraformPatcheExample 2022-03-22T16:29:51Z logger.go:66: module.eks_auth.kubernetes_role_binding_v1.aws_auth: Creating...
TestTerraformPatcheExample 2022-03-22T16:29:51Z logger.go:66: module.eks_auth.kubernetes_role_binding_v1.aws_auth: Creation complete after 0s [id=kube-system/terraform-eks-auth-aws]
TestTerraformPatcheExample 2022-03-22T16:29:57Z logger.go:66: module.eks.module.fargate_profile["bar"].aws_eks_fargate_profile.this[0]: Still creating... [10s elapsed]
TestTerraformPatcheExample 2022-03-22T16:29:58Z logger.go:66: module.eks.module.eks_managed_node_group["foo"].aws_eks_node_group.this[0]: Still creating... [10s elapsed]
TestTerraformPatcheExample 2022-03-22T16:29:58Z logger.go:66: module.eks.module.self_managed_node_group["boo"].aws_autoscaling_group.this[0]: Still creating... [10s elapsed]
TestTerraformPatcheExample 2022-03-22T16:30:07Z logger.go:66: module.eks.module.fargate_profile["bar"].aws_eks_fargate_profile.this[0]: Still creating... [20s elapsed]
TestTerraformPatcheExample 2022-03-22T16:30:08Z logger.go:66: module.eks.module.eks_managed_node_group["foo"].aws_eks_node_group.this[0]: Still creating... [20s elapsed]
TestTerraformPatcheExample 2022-03-22T16:30:08Z logger.go:66: module.eks.module.self_managed_node_group["boo"].aws_autoscaling_group.this[0]: Still creating... [20s elapsed]
TestTerraformPatcheExample 2022-03-22T16:30:17Z logger.go:66: module.eks.module.self_managed_node_group["boo"].aws_autoscaling_group.this[0]: Creation complete after 28s [id=boo-2022032216294853790000001b]
TestTerraformPatcheExample 2022-03-22T16:30:17Z logger.go:66: module.eks.module.fargate_profile["bar"].aws_eks_fargate_profile.this[0]: Still creating... [30s elapsed]
TestTerraformPatcheExample 2022-03-22T16:30:18Z logger.go:66: module.eks.module.eks_managed_node_group["foo"].aws_eks_node_group.this[0]: Still creating... [29s elapsed]
TestTerraformPatcheExample 2022-03-22T16:30:27Z logger.go:66: module.eks.module.fargate_profile["bar"].aws_eks_fargate_profile.this[0]: Still creating... [40s elapsed]
TestTerraformPatcheExample 2022-03-22T16:30:28Z logger.go:66: module.eks.module.eks_managed_node_group["foo"].aws_eks_node_group.this[0]: Still creating... [39s elapsed]
TestTerraformPatcheExample 2022-03-22T16:30:37Z logger.go:66: module.eks.module.fargate_profile["bar"].aws_eks_fargate_profile.this[0]: Still creating... [50s elapsed]
TestTerraformPatcheExample 2022-03-22T16:30:38Z logger.go:66: module.eks.module.eks_managed_node_group["foo"].aws_eks_node_group.this[0]: Still creating... [49s elapsed]
TestTerraformPatcheExample 2022-03-22T16:30:47Z logger.go:66: module.eks.module.fargate_profile["bar"].aws_eks_fargate_profile.this[0]: Still creating... [59s elapsed]
TestTerraformPatcheExample 2022-03-22T16:30:48Z logger.go:66: module.eks.module.eks_managed_node_group["foo"].aws_eks_node_group.this[0]: Still creating... [59s elapsed]
TestTerraformPatcheExample 2022-03-22T16:30:57Z logger.go:66: module.eks.module.fargate_profile["bar"].aws_eks_fargate_profile.this[0]: Still creating... [1m9s elapsed]
TestTerraformPatcheExample 2022-03-22T16:30:58Z logger.go:66: module.eks.module.eks_managed_node_group["foo"].aws_eks_node_group.this[0]: Still creating... [1m9s elapsed]
TestTerraformPatcheExample 2022-03-22T16:31:07Z logger.go:66: module.eks.module.fargate_profile["bar"].aws_eks_fargate_profile.this[0]: Still creating... [1m19s elapsed]
TestTerraformPatcheExample 2022-03-22T16:31:08Z logger.go:66: module.eks.module.eks_managed_node_group["foo"].aws_eks_node_group.this[0]: Still creating... [1m19s elapsed]
TestTerraformPatcheExample 2022-03-22T16:31:17Z logger.go:66: module.eks.module.fargate_profile["bar"].aws_eks_fargate_profile.this[0]: Still creating... [1m29s elapsed]
TestTerraformPatcheExample 2022-03-22T16:31:18Z logger.go:66: module.eks.module.eks_managed_node_group["foo"].aws_eks_node_group.this[0]: Still creating... [1m29s elapsed]
TestTerraformPatcheExample 2022-03-22T16:31:27Z logger.go:66: module.eks.module.fargate_profile["bar"].aws_eks_fargate_profile.this[0]: Still creating... [1m39s elapsed]
TestTerraformPatcheExample 2022-03-22T16:31:28Z logger.go:66: module.eks.module.eks_managed_node_group["foo"].aws_eks_node_group.this[0]: Still creating... [1m39s elapsed]
TestTerraformPatcheExample 2022-03-22T16:31:37Z logger.go:66: module.eks.module.fargate_profile["bar"].aws_eks_fargate_profile.this[0]: Still creating... [1m49s elapsed]
TestTerraformPatcheExample 2022-03-22T16:31:38Z logger.go:66: module.eks.module.eks_managed_node_group["foo"].aws_eks_node_group.this[0]: Still creating... [1m49s elapsed]
TestTerraformPatcheExample 2022-03-22T16:31:47Z logger.go:66: module.eks.module.fargate_profile["bar"].aws_eks_fargate_profile.this[0]: Still creating... [1m59s elapsed]
TestTerraformPatcheExample 2022-03-22T16:31:48Z logger.go:66: module.eks.module.eks_managed_node_group["foo"].aws_eks_node_group.this[0]: Still creating... [1m59s elapsed]
TestTerraformPatcheExample 2022-03-22T16:31:57Z logger.go:66: module.eks.module.fargate_profile["bar"].aws_eks_fargate_profile.this[0]: Still creating... [2m9s elapsed]
TestTerraformPatcheExample 2022-03-22T16:31:58Z logger.go:66: module.eks.module.eks_managed_node_group["foo"].aws_eks_node_group.this[0]: Still creating... [2m9s elapsed]
TestTerraformPatcheExample 2022-03-22T16:32:07Z logger.go:66: module.eks.module.fargate_profile["bar"].aws_eks_fargate_profile.this[0]: Still creating... [2m19s elapsed]
TestTerraformPatcheExample 2022-03-22T16:32:08Z logger.go:66: module.eks.module.eks_managed_node_group["foo"].aws_eks_node_group.this[0]: Still creating... [2m19s elapsed]
TestTerraformPatcheExample 2022-03-22T16:32:17Z logger.go:66: module.eks.module.fargate_profile["bar"].aws_eks_fargate_profile.this[0]: Still creating... [2m29s elapsed]
TestTerraformPatcheExample 2022-03-22T16:32:18Z logger.go:66: module.eks.module.eks_managed_node_group["foo"].aws_eks_node_group.this[0]: Still creating... [2m29s elapsed]
TestTerraformPatcheExample 2022-03-22T16:32:27Z logger.go:66: module.eks.module.fargate_profile["bar"].aws_eks_fargate_profile.this[0]: Still creating... [2m39s elapsed]
TestTerraformPatcheExample 2022-03-22T16:32:28Z logger.go:66: module.eks.module.eks_managed_node_group["foo"].aws_eks_node_group.this[0]: Still creating... [2m39s elapsed]
TestTerraformPatcheExample 2022-03-22T16:32:35Z logger.go:66: module.eks.module.fargate_profile["bar"].aws_eks_fargate_profile.this[0]: Creation complete after 2m48s [id=ex-patch:bar]
TestTerraformPatcheExample 2022-03-22T16:32:38Z logger.go:66: module.eks.module.eks_managed_node_group["foo"].aws_eks_node_group.this[0]: Still creating... [2m49s elapsed]
TestTerraformPatcheExample 2022-03-22T16:32:48Z logger.go:66: module.eks.module.eks_managed_node_group["foo"].aws_eks_node_group.this[0]: Still creating... [2m59s elapsed]
TestTerraformPatcheExample 2022-03-22T16:32:58Z logger.go:66: module.eks.module.eks_managed_node_group["foo"].aws_eks_node_group.this[0]: Still creating... [3m9s elapsed]
TestTerraformPatcheExample 2022-03-22T16:33:08Z logger.go:66: module.eks.module.eks_managed_node_group["foo"].aws_eks_node_group.this[0]: Still creating... [3m19s elapsed]
TestTerraformPatcheExample 2022-03-22T16:33:18Z logger.go:66: module.eks.module.eks_managed_node_group["foo"].aws_eks_node_group.this[0]: Still creating... [3m29s elapsed]
TestTerraformPatcheExample 2022-03-22T16:33:28Z logger.go:66: module.eks.module.eks_managed_node_group["foo"].aws_eks_node_group.this[0]: Still creating... [3m39s elapsed]
TestTerraformPatcheExample 2022-03-22T16:33:38Z logger.go:66: module.eks.module.eks_managed_node_group["foo"].aws_eks_node_group.this[0]: Still creating... [3m49s elapsed]
TestTerraformPatcheExample 2022-03-22T16:33:41Z logger.go:66: module.eks.module.eks_managed_node_group["foo"].aws_eks_node_group.this[0]: Creation complete after 3m52s [id=ex-patch:foo-20220322162948536000000019]
TestTerraformPatcheExample 2022-03-22T16:33:41Z logger.go:66: module.eks_auth.data.aws_eks_cluster.cluster: Reading...
TestTerraformPatcheExample 2022-03-22T16:33:41Z logger.go:66: module.eks_auth.data.aws_eks_cluster.cluster: Read complete after 0s [id=ex-patch]
TestTerraformPatcheExample 2022-03-22T16:33:41Z logger.go:66: module.eks_auth.kubernetes_job_v1.aws_auth_patch[0]: Creating...
TestTerraformPatcheExample 2022-03-22T16:33:49Z logger.go:66: module.eks_auth.kubernetes_job_v1.aws_auth_patch[0]: Creation complete after 8s [id=kube-system/aws-auth-patch]
TestTerraformPatcheExample 2022-03-22T16:33:49Z logger.go:66:
TestTerraformPatcheExample 2022-03-22T16:33:49Z logger.go:66: Apply complete! Resources: 64 added, 0 changed, 0 destroyed.
TestTerraformPatcheExample 2022-03-22T16:33:49Z logger.go:66:
TestTerraformPatcheExample 2022-03-22T16:33:49Z logger.go:66: Outputs:
TestTerraformPatcheExample 2022-03-22T16:33:49Z logger.go:66:
TestTerraformPatcheExample 2022-03-22T16:33:49Z logger.go:66: fargate_profile_iam_role_arn = "arn:aws:iam::11111111111:role/bar-20220322162056557600000003"
TestTerraformPatcheExample 2022-03-22T16:33:49Z logger.go:66: managed_node_group_iam_role_arn = "arn:aws:iam::11111111111:role/foo-eks-node-group-20220322162056536300000002"
TestTerraformPatcheExample 2022-03-22T16:33:49Z logger.go:66: map_accounts = tolist([
TestTerraformPatcheExample 2022-03-22T16:33:49Z logger.go:66:   "777777777777",
TestTerraformPatcheExample 2022-03-22T16:33:49Z logger.go:66:   "888888888888",
TestTerraformPatcheExample 2022-03-22T16:33:49Z logger.go:66: ])
TestTerraformPatcheExample 2022-03-22T16:33:49Z logger.go:66: map_roles = tolist([
TestTerraformPatcheExample 2022-03-22T16:33:49Z logger.go:66:   {
TestTerraformPatcheExample 2022-03-22T16:33:49Z logger.go:66:     "groups" = tolist([
TestTerraformPatcheExample 2022-03-22T16:33:49Z logger.go:66:       "system:bootstrappers",
TestTerraformPatcheExample 2022-03-22T16:33:49Z logger.go:66:       "system:nodes",
TestTerraformPatcheExample 2022-03-22T16:33:49Z logger.go:66:     ])
TestTerraformPatcheExample 2022-03-22T16:33:49Z logger.go:66:     "rolearn" = "arn:aws:iam::11111111111:role/foo-eks-node-group-20220322162056536300000002"
TestTerraformPatcheExample 2022-03-22T16:33:49Z logger.go:66:     "username" = "system:node:{{EC2PrivateDNSName}}"
TestTerraformPatcheExample 2022-03-22T16:33:49Z logger.go:66:   },
TestTerraformPatcheExample 2022-03-22T16:33:49Z logger.go:66:   {
TestTerraformPatcheExample 2022-03-22T16:33:49Z logger.go:66:     "groups" = tolist([
TestTerraformPatcheExample 2022-03-22T16:33:49Z logger.go:66:       "system:bootstrappers",
TestTerraformPatcheExample 2022-03-22T16:33:49Z logger.go:66:       "system:nodes",
TestTerraformPatcheExample 2022-03-22T16:33:49Z logger.go:66:     ])
TestTerraformPatcheExample 2022-03-22T16:33:49Z logger.go:66:     "rolearn" = "arn:aws:iam::11111111111:role/boo-node-group-20220322162056534700000001"
TestTerraformPatcheExample 2022-03-22T16:33:49Z logger.go:66:     "username" = "system:node:{{EC2PrivateDNSName}}"
TestTerraformPatcheExample 2022-03-22T16:33:49Z logger.go:66:   },
TestTerraformPatcheExample 2022-03-22T16:33:49Z logger.go:66:   {
TestTerraformPatcheExample 2022-03-22T16:33:49Z logger.go:66:     "groups" = tolist([
TestTerraformPatcheExample 2022-03-22T16:33:49Z logger.go:66:       "system:bootstrappers",
TestTerraformPatcheExample 2022-03-22T16:33:49Z logger.go:66:       "system:nodes",
TestTerraformPatcheExample 2022-03-22T16:33:49Z logger.go:66:       "system:node-proxier",
TestTerraformPatcheExample 2022-03-22T16:33:49Z logger.go:66:     ])
TestTerraformPatcheExample 2022-03-22T16:33:49Z logger.go:66:     "rolearn" = "arn:aws:iam::11111111111:role/bar-20220322162056557600000003"
TestTerraformPatcheExample 2022-03-22T16:33:49Z logger.go:66:     "username" = "system:node:{{SessionName}}"
TestTerraformPatcheExample 2022-03-22T16:33:49Z logger.go:66:   },
TestTerraformPatcheExample 2022-03-22T16:33:49Z logger.go:66:   {
TestTerraformPatcheExample 2022-03-22T16:33:49Z logger.go:66:     "groups" = tolist([
TestTerraformPatcheExample 2022-03-22T16:33:49Z logger.go:66:       "system:masters",
TestTerraformPatcheExample 2022-03-22T16:33:49Z logger.go:66:     ])
TestTerraformPatcheExample 2022-03-22T16:33:49Z logger.go:66:     "rolearn" = "arn:aws:iam::66666666666:role/role1"
TestTerraformPatcheExample 2022-03-22T16:33:49Z logger.go:66:     "username" = "role1"
TestTerraformPatcheExample 2022-03-22T16:33:49Z logger.go:66:   },
TestTerraformPatcheExample 2022-03-22T16:33:49Z logger.go:66: ])
TestTerraformPatcheExample 2022-03-22T16:33:49Z logger.go:66: map_users = tolist([
TestTerraformPatcheExample 2022-03-22T16:33:49Z logger.go:66:   {
TestTerraformPatcheExample 2022-03-22T16:33:49Z logger.go:66:     "groups" = tolist([
TestTerraformPatcheExample 2022-03-22T16:33:49Z logger.go:66:       "system:masters",
TestTerraformPatcheExample 2022-03-22T16:33:49Z logger.go:66:     ])
TestTerraformPatcheExample 2022-03-22T16:33:49Z logger.go:66:     "userarn" = "arn:aws:iam::66666666666:user/user1"
TestTerraformPatcheExample 2022-03-22T16:33:49Z logger.go:66:     "username" = "user1"
TestTerraformPatcheExample 2022-03-22T16:33:49Z logger.go:66:   },
TestTerraformPatcheExample 2022-03-22T16:33:49Z logger.go:66:   {
TestTerraformPatcheExample 2022-03-22T16:33:49Z logger.go:66:     "groups" = tolist([
TestTerraformPatcheExample 2022-03-22T16:33:49Z logger.go:66:       "system:masters",
TestTerraformPatcheExample 2022-03-22T16:33:49Z logger.go:66:     ])
TestTerraformPatcheExample 2022-03-22T16:33:49Z logger.go:66:     "userarn" = "arn:aws:iam::66666666666:user/user2"
TestTerraformPatcheExample 2022-03-22T16:33:49Z logger.go:66:     "username" = "user2"
TestTerraformPatcheExample 2022-03-22T16:33:49Z logger.go:66:   },
TestTerraformPatcheExample 2022-03-22T16:33:49Z logger.go:66: ])
TestTerraformPatcheExample 2022-03-22T16:33:49Z logger.go:66: self_managed_node_group_iam_role_arn = "arn:aws:iam::11111111111:role/boo-node-group-20220322162056534700000001"
TestTerraformPatcheExample 2022-03-22T16:33:49Z retry.go:91: terraform [output -no-color -json managed_node_group_iam_role_arn]
TestTerraformPatcheExample 2022-03-22T16:33:49Z logger.go:66: Running command terraform with args [output -no-color -json managed_node_group_iam_role_arn]
TestTerraformPatcheExample 2022-03-22T16:33:53Z logger.go:66: "arn:aws:iam::11111111111:role/foo-eks-node-group-20220322162056536300000002"
TestTerraformPatcheExample 2022-03-22T16:33:53Z retry.go:91: terraform [output -no-color -json self_managed_node_group_iam_role_arn]
TestTerraformPatcheExample 2022-03-22T16:33:53Z logger.go:66: Running command terraform with args [output -no-color -json self_managed_node_group_iam_role_arn]
TestTerraformPatcheExample 2022-03-22T16:33:54Z logger.go:66: "arn:aws:iam::11111111111:role/boo-node-group-20220322162056534700000001"
TestTerraformPatcheExample 2022-03-22T16:33:54Z retry.go:91: terraform [output -no-color -json fargate_profile_iam_role_arn]
TestTerraformPatcheExample 2022-03-22T16:33:54Z logger.go:66: Running command terraform with args [output -no-color -json fargate_profile_iam_role_arn]
TestTerraformPatcheExample 2022-03-22T16:33:56Z logger.go:66: "arn:aws:iam::11111111111:role/bar-20220322162056557600000003"
TestTerraformPatcheExample 2022-03-22T16:33:56Z retry.go:91: terraform [output -no-color -json map_roles]
TestTerraformPatcheExample 2022-03-22T16:33:56Z logger.go:66: Running command terraform with args [output -no-color -json map_roles]
TestTerraformPatcheExample 2022-03-22T16:33:57Z logger.go:66: [{"groups":["system:bootstrappers","system:nodes"],"rolearn":"arn:aws:iam::11111111111:role/foo-eks-node-group-20220322162056536300000002","username":"system:node:{{EC2PrivateDNSName}}"},{"groups":["system:bootstrappers","system:nodes"],"rolearn":"arn:aws:iam::11111111111:role/boo-node-group-20220322162056534700000001","username":"system:node:{{EC2PrivateDNSName}}"},{"groups":["system:bootstrappers","system:nodes","system:node-proxier"],"rolearn":"arn:aws:iam::11111111111:role/bar-20220322162056557600000003","username":"system:node:{{SessionName}}"},{"groups":["system:masters"],"rolearn":"arn:aws:iam::66666666666:role/role1","username":"role1"}]
TestTerraformPatcheExample 2022-03-22T16:33:57Z retry.go:91: terraform [output -no-color -json map_users]
TestTerraformPatcheExample 2022-03-22T16:33:57Z logger.go:66: Running command terraform with args [output -no-color -json map_users]
TestTerraformPatcheExample 2022-03-22T16:33:58Z logger.go:66: [{"groups":["system:masters"],"userarn":"arn:aws:iam::66666666666:user/user1","username":"user1"},{"groups":["system:masters"],"userarn":"arn:aws:iam::66666666666:user/user2","username":"user2"}]
TestTerraformPatcheExample 2022-03-22T16:33:58Z retry.go:91: terraform [output -no-color -json map_accounts]
TestTerraformPatcheExample 2022-03-22T16:33:58Z logger.go:66: Running command terraform with args [output -no-color -json map_accounts]
TestTerraformPatcheExample 2022-03-22T16:34:00Z logger.go:66: ["777777777777","888888888888"]
TestTerraformPatcheExample 2022-03-22T16:34:00Z retry.go:91: terraform [apply -input=false -auto-approve -no-color -lock=false]
TestTerraformPatcheExample 2022-03-22T16:34:00Z logger.go:66: Running command terraform with args [apply -input=false -auto-approve -no-color -lock=false]
TestTerraformPatcheExample 2022-03-22T16:34:06Z logger.go:66: module.eks.aws_cloudwatch_log_group.this[0]: Refreshing state... [id=/aws/eks/ex-patch/cluster]
TestTerraformPatcheExample 2022-03-22T16:34:06Z logger.go:66: module.vpc.aws_eip.nat[0]: Refreshing state... [id=eipalloc-01923de91e573adaf]
TestTerraformPatcheExample 2022-03-22T16:34:06Z logger.go:66: module.vpc.aws_vpc.this[0]: Refreshing state... [id=vpc-0da699baf2c256d6d]
TestTerraformPatcheExample 2022-03-22T16:34:06Z logger.go:66: module.eks.module.fargate_profile["bar"].aws_iam_role.this[0]: Refreshing state... [id=bar-20220322162056557600000003]
TestTerraformPatcheExample 2022-03-22T16:34:06Z logger.go:66: module.eks.module.eks_managed_node_group["foo"].aws_iam_role.this[0]: Refreshing state... [id=foo-eks-node-group-20220322162056536300000002]
TestTerraformPatcheExample 2022-03-22T16:34:06Z logger.go:66: module.eks.aws_iam_role.this[0]: Refreshing state... [id=ex-patch-cluster-20220322162056559500000004]
TestTerraformPatcheExample 2022-03-22T16:34:06Z logger.go:66: module.eks.module.self_managed_node_group["boo"].aws_iam_role.this[0]: Refreshing state... [id=boo-node-group-20220322162056534700000001]
TestTerraformPatcheExample 2022-03-22T16:34:07Z logger.go:66: module.eks.module.eks_managed_node_group["foo"].aws_security_group.this[0]: Refreshing state... [id=sg-0aca34610da0f0bd2]
TestTerraformPatcheExample 2022-03-22T16:34:07Z logger.go:66: module.eks.aws_security_group.node[0]: Refreshing state... [id=sg-0596d421855ad5b1c]
TestTerraformPatcheExample 2022-03-22T16:34:07Z logger.go:66: module.vpc.aws_subnet.private[0]: Refreshing state... [id=subnet-0c513130447b69601]
TestTerraformPatcheExample 2022-03-22T16:34:07Z logger.go:66: module.vpc.aws_subnet.private[2]: Refreshing state... [id=subnet-0066b663d2d527847]
TestTerraformPatcheExample 2022-03-22T16:34:07Z logger.go:66: module.vpc.aws_subnet.private[1]: Refreshing state... [id=subnet-0848a9cba398ee894]
TestTerraformPatcheExample 2022-03-22T16:34:07Z logger.go:66: module.eks.module.self_managed_node_group["boo"].aws_security_group.this[0]: Refreshing state... [id=sg-055dbe0b8c5fbba8c]
TestTerraformPatcheExample 2022-03-22T16:34:07Z logger.go:66: module.eks.aws_security_group.cluster[0]: Refreshing state... [id=sg-00ad4d5eb6d4768af]
TestTerraformPatcheExample 2022-03-22T16:34:07Z logger.go:66: module.vpc.aws_route_table.private[0]: Refreshing state... [id=rtb-06ee2824448755eae]
TestTerraformPatcheExample 2022-03-22T16:34:07Z logger.go:66: module.vpc.aws_internet_gateway.this[0]: Refreshing state... [id=igw-0e3d5bc0c9fe0a693]
TestTerraformPatcheExample 2022-03-22T16:34:07Z logger.go:66: module.vpc.aws_route_table.public[0]: Refreshing state... [id=rtb-0311c94acc767a005]
TestTerraformPatcheExample 2022-03-22T16:34:07Z logger.go:66: module.vpc.aws_subnet.public[2]: Refreshing state... [id=subnet-0e0bfa995a792d836]
TestTerraformPatcheExample 2022-03-22T16:34:07Z logger.go:66: module.vpc.aws_subnet.public[0]: Refreshing state... [id=subnet-0232abf9ba6975dc8]
TestTerraformPatcheExample 2022-03-22T16:34:07Z logger.go:66: module.vpc.aws_subnet.public[1]: Refreshing state... [id=subnet-0ee9d1aa5f5dd05bb]
TestTerraformPatcheExample 2022-03-22T16:34:07Z logger.go:66: module.eks.module.fargate_profile["bar"].aws_iam_role_policy_attachment.this["arn:aws:iam::aws:policy/AmazonEKS_CNI_Policy"]: Refreshing state... [id=bar-20220322162056557600000003-20220322162058084200000005]
TestTerraformPatcheExample 2022-03-22T16:34:07Z logger.go:66: module.eks.aws_iam_role_policy_attachment.this["arn:aws:iam::aws:policy/AmazonEKSVPCResourceController"]: Refreshing state... [id=ex-patch-cluster-20220322162056559500000004-20220322162058102900000007]
TestTerraformPatcheExample 2022-03-22T16:34:07Z logger.go:66: module.eks.module.fargate_profile["bar"].aws_iam_role_policy_attachment.this["arn:aws:iam::aws:policy/AmazonEKSFargatePodExecutionRolePolicy"]: Refreshing state... [id=bar-20220322162056557600000003-20220322162058092500000006]
TestTerraformPatcheExample 2022-03-22T16:34:07Z logger.go:66: module.eks.aws_iam_role_policy_attachment.this["arn:aws:iam::aws:policy/AmazonEKSClusterPolicy"]: Refreshing state... [id=ex-patch-cluster-20220322162056559500000004-20220322162058131100000008]
TestTerraformPatcheExample 2022-03-22T16:34:07Z logger.go:66: module.eks.module.eks_managed_node_group["foo"].aws_iam_role_policy_attachment.this["arn:aws:iam::aws:policy/AmazonEC2ContainerRegistryReadOnly"]: Refreshing state... [id=foo-eks-node-group-20220322162056536300000002-20220322162058218000000009]
TestTerraformPatcheExample 2022-03-22T16:34:07Z logger.go:66: module.eks.module.eks_managed_node_group["foo"].aws_iam_role_policy_attachment.this["arn:aws:iam::aws:policy/AmazonEKSWorkerNodePolicy"]: Refreshing state... [id=foo-eks-node-group-20220322162056536300000002-2022032216205836630000000d]
TestTerraformPatcheExample 2022-03-22T16:34:07Z logger.go:66: module.eks.module.eks_managed_node_group["foo"].aws_iam_role_policy_attachment.this["arn:aws:iam::aws:policy/AmazonEKS_CNI_Policy"]: Refreshing state... [id=foo-eks-node-group-20220322162056536300000002-2022032216205836090000000c]
TestTerraformPatcheExample 2022-03-22T16:34:07Z logger.go:66: module.eks.module.self_managed_node_group["boo"].aws_iam_instance_profile.this[0]: Refreshing state... [id=boo-node-group-2022032216205835570000000b]
TestTerraformPatcheExample 2022-03-22T16:34:07Z logger.go:66: module.eks.module.self_managed_node_group["boo"].aws_iam_role_policy_attachment.this["arn:aws:iam::aws:policy/AmazonEKS_CNI_Policy"]: Refreshing state... [id=boo-node-group-20220322162056534700000001-2022032216205826430000000a]
TestTerraformPatcheExample 2022-03-22T16:34:07Z logger.go:66: module.eks.module.self_managed_node_group["boo"].aws_iam_role_policy_attachment.this["arn:aws:iam::aws:policy/AmazonEC2ContainerRegistryReadOnly"]: Refreshing state... [id=boo-node-group-20220322162056534700000001-2022032216205849360000000f]
TestTerraformPatcheExample 2022-03-22T16:34:07Z logger.go:66: module.eks.module.self_managed_node_group["boo"].aws_iam_role_policy_attachment.this["arn:aws:iam::aws:policy/AmazonEKSWorkerNodePolicy"]: Refreshing state... [id=boo-node-group-20220322162056534700000001-2022032216205841850000000e]
TestTerraformPatcheExample 2022-03-22T16:34:07Z logger.go:66: module.eks.aws_security_group_rule.cluster["ingress_nodes_443"]: Refreshing state... [id=sgrule-4257290792]
TestTerraformPatcheExample 2022-03-22T16:34:07Z logger.go:66: module.eks.aws_security_group_rule.cluster["egress_nodes_443"]: Refreshing state... [id=sgrule-2793884829]
TestTerraformPatcheExample 2022-03-22T16:34:07Z logger.go:66: module.eks.aws_security_group_rule.cluster["egress_nodes_kubelet"]: Refreshing state... [id=sgrule-4206276413]
TestTerraformPatcheExample 2022-03-22T16:34:07Z logger.go:66: module.vpc.aws_route_table_association.private[0]: Refreshing state... [id=rtbassoc-0815c1c071c3fe28b]
TestTerraformPatcheExample 2022-03-22T16:34:07Z logger.go:66: module.vpc.aws_route_table_association.private[2]: Refreshing state... [id=rtbassoc-058f12b47606459d7]
TestTerraformPatcheExample 2022-03-22T16:34:07Z logger.go:66: module.vpc.aws_route_table_association.private[1]: Refreshing state... [id=rtbassoc-05ffd13b64851cfff]
TestTerraformPatcheExample 2022-03-22T16:34:07Z logger.go:66: module.eks.aws_security_group_rule.node["ingress_cluster_443"]: Refreshing state... [id=sgrule-702582387]
TestTerraformPatcheExample 2022-03-22T16:34:07Z logger.go:66: module.eks.aws_security_group_rule.node["egress_ntp_tcp"]: Refreshing state... [id=sgrule-3519611203]
TestTerraformPatcheExample 2022-03-22T16:34:07Z logger.go:66: module.eks.aws_security_group_rule.node["egress_https"]: Refreshing state... [id=sgrule-236403805]
TestTerraformPatcheExample 2022-03-22T16:34:07Z logger.go:66: module.eks.aws_security_group_rule.node["egress_ntp_udp"]: Refreshing state... [id=sgrule-2941723726]
TestTerraformPatcheExample 2022-03-22T16:34:07Z logger.go:66: module.eks.aws_security_group_rule.node["ingress_self_coredns_udp"]: Refreshing state... [id=sgrule-376564842]
TestTerraformPatcheExample 2022-03-22T16:34:07Z logger.go:66: module.eks.aws_security_group_rule.node["egress_self_coredns_tcp"]: Refreshing state... [id=sgrule-2518725438]
TestTerraformPatcheExample 2022-03-22T16:34:07Z logger.go:66: module.eks.aws_security_group_rule.node["ingress_cluster_kubelet"]: Refreshing state... [id=sgrule-969662012]
TestTerraformPatcheExample 2022-03-22T16:34:07Z logger.go:66: module.eks.aws_security_group_rule.node["egress_self_coredns_udp"]: Refreshing state... [id=sgrule-407318872]
TestTerraformPatcheExample 2022-03-22T16:34:07Z logger.go:66: module.eks.aws_security_group_rule.node["egress_cluster_443"]: Refreshing state... [id=sgrule-237039721]
TestTerraformPatcheExample 2022-03-22T16:34:07Z logger.go:66: module.eks.aws_security_group_rule.node["ingress_self_coredns_tcp"]: Refreshing state... [id=sgrule-2989379461]
TestTerraformPatcheExample 2022-03-22T16:34:07Z logger.go:66: module.vpc.aws_route.public_internet_gateway[0]: Refreshing state... [id=r-rtb-0311c94acc767a0051080289494]
TestTerraformPatcheExample 2022-03-22T16:34:07Z logger.go:66: module.vpc.aws_route_table_association.public[1]: Refreshing state... [id=rtbassoc-0c8d082a9a22b73fb]
TestTerraformPatcheExample 2022-03-22T16:34:07Z logger.go:66: module.vpc.aws_nat_gateway.this[0]: Refreshing state... [id=nat-077d9a84e0a622da8]
TestTerraformPatcheExample 2022-03-22T16:34:07Z logger.go:66: module.vpc.aws_route_table_association.public[0]: Refreshing state... [id=rtbassoc-0bec912d4026d79db]
TestTerraformPatcheExample 2022-03-22T16:34:07Z logger.go:66: module.vpc.aws_route_table_association.public[2]: Refreshing state... [id=rtbassoc-06f6f9f3ff5989450]
TestTerraformPatcheExample 2022-03-22T16:34:08Z logger.go:66: module.eks.aws_eks_cluster.this[0]: Refreshing state... [id=ex-patch]
TestTerraformPatcheExample 2022-03-22T16:34:08Z logger.go:66: module.vpc.aws_route.private_nat_gateway[0]: Refreshing state... [id=r-rtb-06ee2824448755eae1080289494]
TestTerraformPatcheExample 2022-03-22T16:34:08Z logger.go:66: module.eks.module.fargate_profile["bar"].aws_eks_fargate_profile.this[0]: Refreshing state... [id=ex-patch:bar]
TestTerraformPatcheExample 2022-03-22T16:34:08Z logger.go:66: module.eks.module.eks_managed_node_group["foo"].aws_launch_template.this[0]: Refreshing state... [id=lt-01e62c8311fee6297]
TestTerraformPatcheExample 2022-03-22T16:34:08Z logger.go:66: module.eks.module.self_managed_node_group["boo"].aws_launch_template.this[0]: Refreshing state... [id=lt-0aa468566e2161177]
TestTerraformPatcheExample 2022-03-22T16:34:08Z logger.go:66: module.eks.aws_iam_openid_connect_provider.oidc_provider[0]: Refreshing state... [id=arn:aws:iam::11111111111:oidc-provider/oidc.eks.us-west-2.amazonaws.com/id/09AAB59F006FE65C13F5EE6D29A0807F]
TestTerraformPatcheExample 2022-03-22T16:34:08Z logger.go:66: module.eks.module.eks_managed_node_group["foo"].aws_eks_node_group.this[0]: Refreshing state... [id=ex-patch:foo-20220322162948536000000019]
TestTerraformPatcheExample 2022-03-22T16:34:08Z logger.go:66: module.eks.module.self_managed_node_group["boo"].aws_autoscaling_group.this[0]: Refreshing state... [id=boo-2022032216294853790000001b]
TestTerraformPatcheExample 2022-03-22T16:34:08Z logger.go:66: module.eks_auth.kubernetes_service_account_v1.aws_auth: Refreshing state... [id=kube-system/terraform-eks-auth-aws]
TestTerraformPatcheExample 2022-03-22T16:34:08Z logger.go:66: module.eks_auth.kubernetes_role_v1.aws_auth: Refreshing state... [id=kube-system/terraform-eks-auth-aws]
TestTerraformPatcheExample 2022-03-22T16:34:09Z logger.go:66: module.eks_auth.kubernetes_role_binding_v1.aws_auth: Refreshing state... [id=kube-system/terraform-eks-auth-aws]
TestTerraformPatcheExample 2022-03-22T16:34:09Z logger.go:66: module.eks_auth.kubernetes_job_v1.aws_auth_patch[0]: Refreshing state... [id=kube-system/aws-auth-patch]
TestTerraformPatcheExample 2022-03-22T16:34:09Z logger.go:66:
TestTerraformPatcheExample 2022-03-22T16:34:09Z logger.go:66: Note: Objects have changed outside of Terraform
TestTerraformPatcheExample 2022-03-22T16:34:09Z logger.go:66:
TestTerraformPatcheExample 2022-03-22T16:34:09Z logger.go:66: Terraform detected the following changes made outside of Terraform since the
TestTerraformPatcheExample 2022-03-22T16:34:09Z logger.go:66: last "terraform apply":
TestTerraformPatcheExample 2022-03-22T16:34:09Z logger.go:66:
TestTerraformPatcheExample 2022-03-22T16:34:09Z logger.go:66:   # module.eks.aws_cloudwatch_log_group.this[0] has changed
TestTerraformPatcheExample 2022-03-22T16:34:09Z logger.go:66:   ~ resource "aws_cloudwatch_log_group" "this" {
TestTerraformPatcheExample 2022-03-22T16:34:09Z logger.go:66:         id                = "/aws/eks/ex-patch/cluster"
TestTerraformPatcheExample 2022-03-22T16:34:09Z logger.go:66:         name              = "/aws/eks/ex-patch/cluster"
TestTerraformPatcheExample 2022-03-22T16:34:09Z logger.go:66:       + tags              = {}
TestTerraformPatcheExample 2022-03-22T16:34:09Z logger.go:66:         # (3 unchanged attributes hidden)
TestTerraformPatcheExample 2022-03-22T16:34:09Z logger.go:66:     }
TestTerraformPatcheExample 2022-03-22T16:34:09Z logger.go:66:
TestTerraformPatcheExample 2022-03-22T16:34:09Z logger.go:66:   # module.eks.aws_eks_cluster.this[0] has changed
TestTerraformPatcheExample 2022-03-22T16:34:09Z logger.go:66:   ~ resource "aws_eks_cluster" "this" {
TestTerraformPatcheExample 2022-03-22T16:34:09Z logger.go:66:         id                        = "ex-patch"
TestTerraformPatcheExample 2022-03-22T16:34:09Z logger.go:66:         name                      = "ex-patch"
TestTerraformPatcheExample 2022-03-22T16:34:09Z logger.go:66:       + tags                      = {}
TestTerraformPatcheExample 2022-03-22T16:34:09Z logger.go:66:         # (11 unchanged attributes hidden)
TestTerraformPatcheExample 2022-03-22T16:34:09Z logger.go:66:
TestTerraformPatcheExample 2022-03-22T16:34:09Z logger.go:66:
TestTerraformPatcheExample 2022-03-22T16:34:09Z logger.go:66:
TestTerraformPatcheExample 2022-03-22T16:34:09Z logger.go:66:         # (3 unchanged blocks hidden)
TestTerraformPatcheExample 2022-03-22T16:34:09Z logger.go:66:     }
TestTerraformPatcheExample 2022-03-22T16:34:09Z logger.go:66:
TestTerraformPatcheExample 2022-03-22T16:34:09Z logger.go:66:   # module.eks.aws_iam_role.this[0] has changed
TestTerraformPatcheExample 2022-03-22T16:34:09Z logger.go:66:   ~ resource "aws_iam_role" "this" {
TestTerraformPatcheExample 2022-03-22T16:34:09Z logger.go:66:         id                    = "ex-patch-cluster-20220322162056559500000004"
TestTerraformPatcheExample 2022-03-22T16:34:09Z logger.go:66:       ~ managed_policy_arns   = [
TestTerraformPatcheExample 2022-03-22T16:34:09Z logger.go:66:           + "arn:aws:iam::aws:policy/AmazonEKSClusterPolicy",
TestTerraformPatcheExample 2022-03-22T16:34:09Z logger.go:66:           + "arn:aws:iam::aws:policy/AmazonEKSVPCResourceController",
TestTerraformPatcheExample 2022-03-22T16:34:09Z logger.go:66:         ]
TestTerraformPatcheExample 2022-03-22T16:34:09Z logger.go:66:         name                  = "ex-patch-cluster-20220322162056559500000004"
TestTerraformPatcheExample 2022-03-22T16:34:09Z logger.go:66:       + tags                  = {}
TestTerraformPatcheExample 2022-03-22T16:34:09Z logger.go:66:         # (9 unchanged attributes hidden)
TestTerraformPatcheExample 2022-03-22T16:34:09Z logger.go:66:
TestTerraformPatcheExample 2022-03-22T16:34:09Z logger.go:66:         # (1 unchanged block hidden)
TestTerraformPatcheExample 2022-03-22T16:34:09Z logger.go:66:     }
TestTerraformPatcheExample 2022-03-22T16:34:09Z logger.go:66:
TestTerraformPatcheExample 2022-03-22T16:34:09Z logger.go:66:   # module.eks.aws_security_group.cluster[0] has changed
TestTerraformPatcheExample 2022-03-22T16:34:09Z logger.go:66:   ~ resource "aws_security_group" "cluster" {
TestTerraformPatcheExample 2022-03-22T16:34:09Z logger.go:66:       ~ egress                 = [
TestTerraformPatcheExample 2022-03-22T16:34:09Z logger.go:66:           + {
TestTerraformPatcheExample 2022-03-22T16:34:09Z logger.go:66:               + cidr_blocks      = []
TestTerraformPatcheExample 2022-03-22T16:34:09Z logger.go:66:               + description      = "Cluster API to node groups"
TestTerraformPatcheExample 2022-03-22T16:34:09Z logger.go:66:               + from_port        = 443
TestTerraformPatcheExample 2022-03-22T16:34:09Z logger.go:66:               + ipv6_cidr_blocks = []
TestTerraformPatcheExample 2022-03-22T16:34:09Z logger.go:66:               + prefix_list_ids  = []
TestTerraformPatcheExample 2022-03-22T16:34:09Z logger.go:66:               + protocol         = "tcp"
TestTerraformPatcheExample 2022-03-22T16:34:09Z logger.go:66:               + security_groups  = [
TestTerraformPatcheExample 2022-03-22T16:34:09Z logger.go:66:                   + "sg-0596d421855ad5b1c",
TestTerraformPatcheExample 2022-03-22T16:34:09Z logger.go:66:                 ]
TestTerraformPatcheExample 2022-03-22T16:34:09Z logger.go:66:               + self             = false
TestTerraformPatcheExample 2022-03-22T16:34:09Z logger.go:66:               + to_port          = 443
TestTerraformPatcheExample 2022-03-22T16:34:09Z logger.go:66:             },
TestTerraformPatcheExample 2022-03-22T16:34:09Z logger.go:66:           + {
TestTerraformPatcheExample 2022-03-22T16:34:09Z logger.go:66:               + cidr_blocks      = []
TestTerraformPatcheExample 2022-03-22T16:34:09Z logger.go:66:               + description      = "Cluster API to node kubelets"
TestTerraformPatcheExample 2022-03-22T16:34:09Z logger.go:66:               + from_port        = 10250
TestTerraformPatcheExample 2022-03-22T16:34:09Z logger.go:66:               + ipv6_cidr_blocks = []
TestTerraformPatcheExample 2022-03-22T16:34:09Z logger.go:66:               + prefix_list_ids  = []
TestTerraformPatcheExample 2022-03-22T16:34:09Z logger.go:66:               + protocol         = "tcp"
TestTerraformPatcheExample 2022-03-22T16:34:09Z logger.go:66:               + security_groups  = [
TestTerraformPatcheExample 2022-03-22T16:34:09Z logger.go:66:                   + "sg-0596d421855ad5b1c",
TestTerraformPatcheExample 2022-03-22T16:34:09Z logger.go:66:                 ]
TestTerraformPatcheExample 2022-03-22T16:34:09Z logger.go:66:               + self             = false
TestTerraformPatcheExample 2022-03-22T16:34:09Z logger.go:66:               + to_port          = 10250
TestTerraformPatcheExample 2022-03-22T16:34:09Z logger.go:66:             },
TestTerraformPatcheExample 2022-03-22T16:34:09Z logger.go:66:         ]
TestTerraformPatcheExample 2022-03-22T16:34:09Z logger.go:66:         id                     = "sg-00ad4d5eb6d4768af"
TestTerraformPatcheExample 2022-03-22T16:34:09Z logger.go:66:       ~ ingress                = [
TestTerraformPatcheExample 2022-03-22T16:34:09Z logger.go:66:           + {
TestTerraformPatcheExample 2022-03-22T16:34:09Z logger.go:66:               + cidr_blocks      = []
TestTerraformPatcheExample 2022-03-22T16:34:09Z logger.go:66:               + description      = "Node groups to cluster API"
TestTerraformPatcheExample 2022-03-22T16:34:09Z logger.go:66:               + from_port        = 443
TestTerraformPatcheExample 2022-03-22T16:34:09Z logger.go:66:               + ipv6_cidr_blocks = []
TestTerraformPatcheExample 2022-03-22T16:34:09Z logger.go:66:               + prefix_list_ids  = []
TestTerraformPatcheExample 2022-03-22T16:34:09Z logger.go:66:               + protocol         = "tcp"
TestTerraformPatcheExample 2022-03-22T16:34:09Z logger.go:66:               + security_groups  = [
TestTerraformPatcheExample 2022-03-22T16:34:09Z logger.go:66:                   + "sg-0596d421855ad5b1c",
TestTerraformPatcheExample 2022-03-22T16:34:09Z logger.go:66:                 ]
TestTerraformPatcheExample 2022-03-22T16:34:09Z logger.go:66:               + self             = false
TestTerraformPatcheExample 2022-03-22T16:34:09Z logger.go:66:               + to_port          = 443
TestTerraformPatcheExample 2022-03-22T16:34:09Z logger.go:66:             },
TestTerraformPatcheExample 2022-03-22T16:34:09Z logger.go:66:         ]
TestTerraformPatcheExample 2022-03-22T16:34:09Z logger.go:66:         name                   = "ex-patch-cluster-20220322162108439000000011"
TestTerraformPatcheExample 2022-03-22T16:34:09Z logger.go:66:         tags                   = {
TestTerraformPatcheExample 2022-03-22T16:34:09Z logger.go:66:             "Name" = "ex-patch-cluster"
TestTerraformPatcheExample 2022-03-22T16:34:09Z logger.go:66:         }
TestTerraformPatcheExample 2022-03-22T16:34:09Z logger.go:66:         # (7 unchanged attributes hidden)
TestTerraformPatcheExample 2022-03-22T16:34:09Z logger.go:66:     }
TestTerraformPatcheExample 2022-03-22T16:34:09Z logger.go:66:
TestTerraformPatcheExample 2022-03-22T16:34:09Z logger.go:66:   # module.eks.aws_security_group.node[0] has changed
TestTerraformPatcheExample 2022-03-22T16:34:09Z logger.go:66:   ~ resource "aws_security_group" "node" {
TestTerraformPatcheExample 2022-03-22T16:34:09Z logger.go:66:       ~ egress                 = [
TestTerraformPatcheExample 2022-03-22T16:34:09Z logger.go:66:           + {
TestTerraformPatcheExample 2022-03-22T16:34:09Z logger.go:66:               + cidr_blocks      = [
TestTerraformPatcheExample 2022-03-22T16:34:09Z logger.go:66:                   + "0.0.0.0/0",
TestTerraformPatcheExample 2022-03-22T16:34:09Z logger.go:66:                 ]
TestTerraformPatcheExample 2022-03-22T16:34:09Z logger.go:66:               + description      = "Egress NTP/TCP to internet"
TestTerraformPatcheExample 2022-03-22T16:34:09Z logger.go:66:               + from_port        = 123
TestTerraformPatcheExample 2022-03-22T16:34:09Z logger.go:66:               + ipv6_cidr_blocks = []
TestTerraformPatcheExample 2022-03-22T16:34:09Z logger.go:66:               + prefix_list_ids  = []
TestTerraformPatcheExample 2022-03-22T16:34:09Z logger.go:66:               + protocol         = "tcp"
TestTerraformPatcheExample 2022-03-22T16:34:09Z logger.go:66:               + security_groups  = []
TestTerraformPatcheExample 2022-03-22T16:34:09Z logger.go:66:               + self             = false
TestTerraformPatcheExample 2022-03-22T16:34:09Z logger.go:66:               + to_port          = 123
TestTerraformPatcheExample 2022-03-22T16:34:09Z logger.go:66:             },
TestTerraformPatcheExample 2022-03-22T16:34:09Z logger.go:66:           + {
TestTerraformPatcheExample 2022-03-22T16:34:09Z logger.go:66:               + cidr_blocks      = [
TestTerraformPatcheExample 2022-03-22T16:34:09Z logger.go:66:                   + "0.0.0.0/0",
TestTerraformPatcheExample 2022-03-22T16:34:09Z logger.go:66:                 ]
TestTerraformPatcheExample 2022-03-22T16:34:09Z logger.go:66:               + description      = "Egress NTP/UDP to internet"
TestTerraformPatcheExample 2022-03-22T16:34:09Z logger.go:66:               + from_port        = 123
TestTerraformPatcheExample 2022-03-22T16:34:09Z logger.go:66:               + ipv6_cidr_blocks = []
TestTerraformPatcheExample 2022-03-22T16:34:09Z logger.go:66:               + prefix_list_ids  = []
TestTerraformPatcheExample 2022-03-22T16:34:09Z logger.go:66:               + protocol         = "udp"
TestTerraformPatcheExample 2022-03-22T16:34:09Z logger.go:66:               + security_groups  = []
TestTerraformPatcheExample 2022-03-22T16:34:09Z logger.go:66:               + self             = false
TestTerraformPatcheExample 2022-03-22T16:34:09Z logger.go:66:               + to_port          = 123
TestTerraformPatcheExample 2022-03-22T16:34:09Z logger.go:66:             },
TestTerraformPatcheExample 2022-03-22T16:34:09Z logger.go:66:           + {
TestTerraformPatcheExample 2022-03-22T16:34:09Z logger.go:66:               + cidr_blocks      = [
TestTerraformPatcheExample 2022-03-22T16:34:09Z logger.go:66:                   + "0.0.0.0/0",
TestTerraformPatcheExample 2022-03-22T16:34:09Z logger.go:66:                 ]
TestTerraformPatcheExample 2022-03-22T16:34:09Z logger.go:66:               + description      = "Egress all HTTPS to internet"
TestTerraformPatcheExample 2022-03-22T16:34:09Z logger.go:66:               + from_port        = 443
TestTerraformPatcheExample 2022-03-22T16:34:09Z logger.go:66:               + ipv6_cidr_blocks = []
TestTerraformPatcheExample 2022-03-22T16:34:09Z logger.go:66:               + prefix_list_ids  = []
TestTerraformPatcheExample 2022-03-22T16:34:09Z logger.go:66:               + protocol         = "tcp"
TestTerraformPatcheExample 2022-03-22T16:34:09Z logger.go:66:               + security_groups  = []
TestTerraformPatcheExample 2022-03-22T16:34:09Z logger.go:66:               + self             = false
TestTerraformPatcheExample 2022-03-22T16:34:09Z logger.go:66:               + to_port          = 443
TestTerraformPatcheExample 2022-03-22T16:34:09Z logger.go:66:             },
TestTerraformPatcheExample 2022-03-22T16:34:09Z logger.go:66:           + {
TestTerraformPatcheExample 2022-03-22T16:34:09Z logger.go:66:               + cidr_blocks      = []
TestTerraformPatcheExample 2022-03-22T16:34:09Z logger.go:66:               + description      = "Node groups to cluster API"
TestTerraformPatcheExample 2022-03-22T16:34:09Z logger.go:66:               + from_port        = 443
TestTerraformPatcheExample 2022-03-22T16:34:09Z logger.go:66:               + ipv6_cidr_blocks = []
TestTerraformPatcheExample 2022-03-22T16:34:09Z logger.go:66:               + prefix_list_ids  = []
TestTerraformPatcheExample 2022-03-22T16:34:09Z logger.go:66:               + protocol         = "tcp"
TestTerraformPatcheExample 2022-03-22T16:34:09Z logger.go:66:               + security_groups  = [
TestTerraformPatcheExample 2022-03-22T16:34:09Z logger.go:66:                   + "sg-00ad4d5eb6d4768af",
TestTerraformPatcheExample 2022-03-22T16:34:09Z logger.go:66:                 ]
TestTerraformPatcheExample 2022-03-22T16:34:09Z logger.go:66:               + self             = false
TestTerraformPatcheExample 2022-03-22T16:34:09Z logger.go:66:               + to_port          = 443
TestTerraformPatcheExample 2022-03-22T16:34:09Z logger.go:66:             },
TestTerraformPatcheExample 2022-03-22T16:34:09Z logger.go:66:           + {
TestTerraformPatcheExample 2022-03-22T16:34:09Z logger.go:66:               + cidr_blocks      = []
TestTerraformPatcheExample 2022-03-22T16:34:09Z logger.go:66:               + description      = "Node to node CoreDNS"
TestTerraformPatcheExample 2022-03-22T16:34:09Z logger.go:66:               + from_port        = 53
TestTerraformPatcheExample 2022-03-22T16:34:09Z logger.go:66:               + ipv6_cidr_blocks = []
TestTerraformPatcheExample 2022-03-22T16:34:09Z logger.go:66:               + prefix_list_ids  = []
TestTerraformPatcheExample 2022-03-22T16:34:09Z logger.go:66:               + protocol         = "tcp"
TestTerraformPatcheExample 2022-03-22T16:34:09Z logger.go:66:               + security_groups  = []
TestTerraformPatcheExample 2022-03-22T16:34:09Z logger.go:66:               + self             = true
TestTerraformPatcheExample 2022-03-22T16:34:09Z logger.go:66:               + to_port          = 53
TestTerraformPatcheExample 2022-03-22T16:34:09Z logger.go:66:             },
TestTerraformPatcheExample 2022-03-22T16:34:09Z logger.go:66:           + {
TestTerraformPatcheExample 2022-03-22T16:34:09Z logger.go:66:               + cidr_blocks      = []
TestTerraformPatcheExample 2022-03-22T16:34:09Z logger.go:66:               + description      = "Node to node CoreDNS"
TestTerraformPatcheExample 2022-03-22T16:34:09Z logger.go:66:               + from_port        = 53
TestTerraformPatcheExample 2022-03-22T16:34:09Z logger.go:66:               + ipv6_cidr_blocks = []
TestTerraformPatcheExample 2022-03-22T16:34:09Z logger.go:66:               + prefix_list_ids  = []
TestTerraformPatcheExample 2022-03-22T16:34:09Z logger.go:66:               + protocol         = "udp"
TestTerraformPatcheExample 2022-03-22T16:34:09Z logger.go:66:               + security_groups  = []
TestTerraformPatcheExample 2022-03-22T16:34:09Z logger.go:66:               + self             = true
TestTerraformPatcheExample 2022-03-22T16:34:09Z logger.go:66:               + to_port          = 53
TestTerraformPatcheExample 2022-03-22T16:34:09Z logger.go:66:             },
TestTerraformPatcheExample 2022-03-22T16:34:09Z logger.go:66:         ]
TestTerraformPatcheExample 2022-03-22T16:34:09Z logger.go:66:         id                     = "sg-0596d421855ad5b1c"
TestTerraformPatcheExample 2022-03-22T16:34:09Z logger.go:66:       ~ ingress                = [
TestTerraformPatcheExample 2022-03-22T16:34:09Z logger.go:66:           + {
TestTerraformPatcheExample 2022-03-22T16:34:09Z logger.go:66:               + cidr_blocks      = []
TestTerraformPatcheExample 2022-03-22T16:34:09Z logger.go:66:               + description      = "Cluster API to node groups"
TestTerraformPatcheExample 2022-03-22T16:34:09Z logger.go:66:               + from_port        = 443
TestTerraformPatcheExample 2022-03-22T16:34:09Z logger.go:66:               + ipv6_cidr_blocks = []
TestTerraformPatcheExample 2022-03-22T16:34:09Z logger.go:66:               + prefix_list_ids  = []
TestTerraformPatcheExample 2022-03-22T16:34:09Z logger.go:66:               + protocol         = "tcp"
TestTerraformPatcheExample 2022-03-22T16:34:09Z logger.go:66:               + security_groups  = [
TestTerraformPatcheExample 2022-03-22T16:34:09Z logger.go:66:                   + "sg-00ad4d5eb6d4768af",
TestTerraformPatcheExample 2022-03-22T16:34:09Z logger.go:66:                 ]
TestTerraformPatcheExample 2022-03-22T16:34:09Z logger.go:66:               + self             = false
TestTerraformPatcheExample 2022-03-22T16:34:09Z logger.go:66:               + to_port          = 443
TestTerraformPatcheExample 2022-03-22T16:34:09Z logger.go:66:             },
TestTerraformPatcheExample 2022-03-22T16:34:09Z logger.go:66:           + {
TestTerraformPatcheExample 2022-03-22T16:34:09Z logger.go:66:               + cidr_blocks      = []
TestTerraformPatcheExample 2022-03-22T16:34:09Z logger.go:66:               + description      = "Cluster API to node kubelets"
TestTerraformPatcheExample 2022-03-22T16:34:09Z logger.go:66:               + from_port        = 10250
TestTerraformPatcheExample 2022-03-22T16:34:09Z logger.go:66:               + ipv6_cidr_blocks = []
TestTerraformPatcheExample 2022-03-22T16:34:09Z logger.go:66:               + prefix_list_ids  = []
TestTerraformPatcheExample 2022-03-22T16:34:09Z logger.go:66:               + protocol         = "tcp"
TestTerraformPatcheExample 2022-03-22T16:34:09Z logger.go:66:               + security_groups  = [
TestTerraformPatcheExample 2022-03-22T16:34:09Z logger.go:66:                   + "sg-00ad4d5eb6d4768af",
TestTerraformPatcheExample 2022-03-22T16:34:09Z logger.go:66:                 ]
TestTerraformPatcheExample 2022-03-22T16:34:09Z logger.go:66:               + self             = false
TestTerraformPatcheExample 2022-03-22T16:34:09Z logger.go:66:               + to_port          = 10250
TestTerraformPatcheExample 2022-03-22T16:34:09Z logger.go:66:             },
TestTerraformPatcheExample 2022-03-22T16:34:09Z logger.go:66:           + {
TestTerraformPatcheExample 2022-03-22T16:34:09Z logger.go:66:               + cidr_blocks      = []
TestTerraformPatcheExample 2022-03-22T16:34:09Z logger.go:66:               + description      = "Node to node CoreDNS"
TestTerraformPatcheExample 2022-03-22T16:34:09Z logger.go:66:               + from_port        = 53
TestTerraformPatcheExample 2022-03-22T16:34:09Z logger.go:66:               + ipv6_cidr_blocks = []
TestTerraformPatcheExample 2022-03-22T16:34:09Z logger.go:66:               + prefix_list_ids  = []
TestTerraformPatcheExample 2022-03-22T16:34:09Z logger.go:66:               + protocol         = "tcp"
TestTerraformPatcheExample 2022-03-22T16:34:09Z logger.go:66:               + security_groups  = []
TestTerraformPatcheExample 2022-03-22T16:34:09Z logger.go:66:               + self             = true
TestTerraformPatcheExample 2022-03-22T16:34:09Z logger.go:66:               + to_port          = 53
TestTerraformPatcheExample 2022-03-22T16:34:09Z logger.go:66:             },
TestTerraformPatcheExample 2022-03-22T16:34:09Z logger.go:66:           + {
TestTerraformPatcheExample 2022-03-22T16:34:09Z logger.go:66:               + cidr_blocks      = []
TestTerraformPatcheExample 2022-03-22T16:34:09Z logger.go:66:               + description      = "Node to node CoreDNS"
TestTerraformPatcheExample 2022-03-22T16:34:09Z logger.go:66:               + from_port        = 53
TestTerraformPatcheExample 2022-03-22T16:34:09Z logger.go:66:               + ipv6_cidr_blocks = []
TestTerraformPatcheExample 2022-03-22T16:34:09Z logger.go:66:               + prefix_list_ids  = []
TestTerraformPatcheExample 2022-03-22T16:34:09Z logger.go:66:               + protocol         = "udp"
TestTerraformPatcheExample 2022-03-22T16:34:09Z logger.go:66:               + security_groups  = []
TestTerraformPatcheExample 2022-03-22T16:34:09Z logger.go:66:               + self             = true
TestTerraformPatcheExample 2022-03-22T16:34:09Z logger.go:66:               + to_port          = 53
TestTerraformPatcheExample 2022-03-22T16:34:09Z logger.go:66:             },
TestTerraformPatcheExample 2022-03-22T16:34:09Z logger.go:66:         ]
TestTerraformPatcheExample 2022-03-22T16:34:09Z logger.go:66:         name                   = "ex-patch-node-20220322162108437700000010"
TestTerraformPatcheExample 2022-03-22T16:34:09Z logger.go:66:         tags                   = {
TestTerraformPatcheExample 2022-03-22T16:34:09Z logger.go:66:             "Name"                           = "ex-patch-node"
TestTerraformPatcheExample 2022-03-22T16:34:09Z logger.go:66:             "kubernetes.io/cluster/ex-patch" = "owned"
TestTerraformPatcheExample 2022-03-22T16:34:09Z logger.go:66:         }
TestTerraformPatcheExample 2022-03-22T16:34:09Z logger.go:66:         # (7 unchanged attributes hidden)
TestTerraformPatcheExample 2022-03-22T16:34:09Z logger.go:66:     }
TestTerraformPatcheExample 2022-03-22T16:34:09Z logger.go:66:
TestTerraformPatcheExample 2022-03-22T16:34:09Z logger.go:66:   # module.eks.aws_security_group_rule.cluster["egress_nodes_443"] has changed
TestTerraformPatcheExample 2022-03-22T16:34:09Z logger.go:66:   ~ resource "aws_security_group_rule" "cluster" {
TestTerraformPatcheExample 2022-03-22T16:34:09Z logger.go:66:       + cidr_blocks              = []
TestTerraformPatcheExample 2022-03-22T16:34:09Z logger.go:66:         id                       = "sgrule-2793884829"
TestTerraformPatcheExample 2022-03-22T16:34:09Z logger.go:66:       + ipv6_cidr_blocks         = []
TestTerraformPatcheExample 2022-03-22T16:34:09Z logger.go:66:         # (9 unchanged attributes hidden)
TestTerraformPatcheExample 2022-03-22T16:34:09Z logger.go:66:     }
TestTerraformPatcheExample 2022-03-22T16:34:09Z logger.go:66:
TestTerraformPatcheExample 2022-03-22T16:34:09Z logger.go:66:   # module.eks.aws_security_group_rule.cluster["egress_nodes_kubelet"] has changed
TestTerraformPatcheExample 2022-03-22T16:34:09Z logger.go:66:   ~ resource "aws_security_group_rule" "cluster" {
TestTerraformPatcheExample 2022-03-22T16:34:09Z logger.go:66:       + cidr_blocks              = []
TestTerraformPatcheExample 2022-03-22T16:34:09Z logger.go:66:         id                       = "sgrule-4206276413"
TestTerraformPatcheExample 2022-03-22T16:34:09Z logger.go:66:       + ipv6_cidr_blocks         = []
TestTerraformPatcheExample 2022-03-22T16:34:09Z logger.go:66:         # (9 unchanged attributes hidden)
TestTerraformPatcheExample 2022-03-22T16:34:09Z logger.go:66:     }
TestTerraformPatcheExample 2022-03-22T16:34:09Z logger.go:66:
TestTerraformPatcheExample 2022-03-22T16:34:09Z logger.go:66:   # module.eks.aws_security_group_rule.cluster["ingress_nodes_443"] has changed
TestTerraformPatcheExample 2022-03-22T16:34:09Z logger.go:66:   ~ resource "aws_security_group_rule" "cluster" {
TestTerraformPatcheExample 2022-03-22T16:34:09Z logger.go:66:       + cidr_blocks              = []
TestTerraformPatcheExample 2022-03-22T16:34:09Z logger.go:66:         id                       = "sgrule-4257290792"
TestTerraformPatcheExample 2022-03-22T16:34:09Z logger.go:66:       + ipv6_cidr_blocks         = []
TestTerraformPatcheExample 2022-03-22T16:34:09Z logger.go:66:         # (9 unchanged attributes hidden)
TestTerraformPatcheExample 2022-03-22T16:34:09Z logger.go:66:     }
TestTerraformPatcheExample 2022-03-22T16:34:09Z logger.go:66:
TestTerraformPatcheExample 2022-03-22T16:34:09Z logger.go:66:   # module.eks.aws_security_group_rule.node["egress_cluster_443"] has changed
TestTerraformPatcheExample 2022-03-22T16:34:09Z logger.go:66:   ~ resource "aws_security_group_rule" "node" {
TestTerraformPatcheExample 2022-03-22T16:34:09Z logger.go:66:       + cidr_blocks              = []
TestTerraformPatcheExample 2022-03-22T16:34:09Z logger.go:66:         id                       = "sgrule-237039721"
TestTerraformPatcheExample 2022-03-22T16:34:09Z logger.go:66:       + ipv6_cidr_blocks         = []
TestTerraformPatcheExample 2022-03-22T16:34:09Z logger.go:66:         # (9 unchanged attributes hidden)
TestTerraformPatcheExample 2022-03-22T16:34:09Z logger.go:66:     }
TestTerraformPatcheExample 2022-03-22T16:34:09Z logger.go:66:
TestTerraformPatcheExample 2022-03-22T16:34:09Z logger.go:66:   # module.eks.aws_security_group_rule.node["egress_https"] has changed
TestTerraformPatcheExample 2022-03-22T16:34:09Z logger.go:66:   ~ resource "aws_security_group_rule" "node" {
TestTerraformPatcheExample 2022-03-22T16:34:09Z logger.go:66:         id                = "sgrule-236403805"
TestTerraformPatcheExample 2022-03-22T16:34:09Z logger.go:66:       + ipv6_cidr_blocks  = []
TestTerraformPatcheExample 2022-03-22T16:34:09Z logger.go:66:         # (9 unchanged attributes hidden)
TestTerraformPatcheExample 2022-03-22T16:34:09Z logger.go:66:     }
TestTerraformPatcheExample 2022-03-22T16:34:09Z logger.go:66:
TestTerraformPatcheExample 2022-03-22T16:34:09Z logger.go:66:   # module.eks.aws_security_group_rule.node["egress_ntp_tcp"] has changed
TestTerraformPatcheExample 2022-03-22T16:34:09Z logger.go:66:   ~ resource "aws_security_group_rule" "node" {
TestTerraformPatcheExample 2022-03-22T16:34:09Z logger.go:66:         id                = "sgrule-3519611203"
TestTerraformPatcheExample 2022-03-22T16:34:09Z logger.go:66:       + ipv6_cidr_blocks  = []
TestTerraformPatcheExample 2022-03-22T16:34:09Z logger.go:66:         # (9 unchanged attributes hidden)
TestTerraformPatcheExample 2022-03-22T16:34:09Z logger.go:66:     }
TestTerraformPatcheExample 2022-03-22T16:34:09Z logger.go:66:
TestTerraformPatcheExample 2022-03-22T16:34:09Z logger.go:66:   # module.eks.aws_security_group_rule.node["egress_ntp_udp"] has changed
TestTerraformPatcheExample 2022-03-22T16:34:09Z logger.go:66:   ~ resource "aws_security_group_rule" "node" {
TestTerraformPatcheExample 2022-03-22T16:34:09Z logger.go:66:         id                = "sgrule-2941723726"
TestTerraformPatcheExample 2022-03-22T16:34:09Z logger.go:66:       + ipv6_cidr_blocks  = []
TestTerraformPatcheExample 2022-03-22T16:34:09Z logger.go:66:         # (9 unchanged attributes hidden)
TestTerraformPatcheExample 2022-03-22T16:34:09Z logger.go:66:     }
TestTerraformPatcheExample 2022-03-22T16:34:09Z logger.go:66:
TestTerraformPatcheExample 2022-03-22T16:34:09Z logger.go:66:   # module.eks.aws_security_group_rule.node["egress_self_coredns_tcp"] has changed
TestTerraformPatcheExample 2022-03-22T16:34:09Z logger.go:66:   ~ resource "aws_security_group_rule" "node" {
TestTerraformPatcheExample 2022-03-22T16:34:09Z logger.go:66:       + cidr_blocks              = []
TestTerraformPatcheExample 2022-03-22T16:34:09Z logger.go:66:         id                       = "sgrule-2518725438"
TestTerraformPatcheExample 2022-03-22T16:34:09Z logger.go:66:       + ipv6_cidr_blocks         = []
TestTerraformPatcheExample 2022-03-22T16:34:09Z logger.go:66:       + source_security_group_id = "sg-0596d421855ad5b1c"
TestTerraformPatcheExample 2022-03-22T16:34:09Z logger.go:66:         # (8 unchanged attributes hidden)
TestTerraformPatcheExample 2022-03-22T16:34:09Z logger.go:66:     }
TestTerraformPatcheExample 2022-03-22T16:34:09Z logger.go:66:
TestTerraformPatcheExample 2022-03-22T16:34:09Z logger.go:66:   # module.eks.aws_security_group_rule.node["egress_self_coredns_udp"] has changed
TestTerraformPatcheExample 2022-03-22T16:34:09Z logger.go:66:   ~ resource "aws_security_group_rule" "node" {
TestTerraformPatcheExample 2022-03-22T16:34:09Z logger.go:66:       + cidr_blocks              = []
TestTerraformPatcheExample 2022-03-22T16:34:09Z logger.go:66:         id                       = "sgrule-407318872"
TestTerraformPatcheExample 2022-03-22T16:34:09Z logger.go:66:       + ipv6_cidr_blocks         = []
TestTerraformPatcheExample 2022-03-22T16:34:09Z logger.go:66:       + source_security_group_id = "sg-0596d421855ad5b1c"
TestTerraformPatcheExample 2022-03-22T16:34:09Z logger.go:66:         # (8 unchanged attributes hidden)
TestTerraformPatcheExample 2022-03-22T16:34:09Z logger.go:66:     }
TestTerraformPatcheExample 2022-03-22T16:34:09Z logger.go:66:
TestTerraformPatcheExample 2022-03-22T16:34:09Z logger.go:66:   # module.eks.aws_security_group_rule.node["ingress_cluster_443"] has changed
TestTerraformPatcheExample 2022-03-22T16:34:09Z logger.go:66:   ~ resource "aws_security_group_rule" "node" {
TestTerraformPatcheExample 2022-03-22T16:34:09Z logger.go:66:       + cidr_blocks              = []
TestTerraformPatcheExample 2022-03-22T16:34:09Z logger.go:66:         id                       = "sgrule-702582387"
TestTerraformPatcheExample 2022-03-22T16:34:09Z logger.go:66:       + ipv6_cidr_blocks         = []
TestTerraformPatcheExample 2022-03-22T16:34:09Z logger.go:66:         # (9 unchanged attributes hidden)
TestTerraformPatcheExample 2022-03-22T16:34:09Z logger.go:66:     }
TestTerraformPatcheExample 2022-03-22T16:34:09Z logger.go:66:
TestTerraformPatcheExample 2022-03-22T16:34:09Z logger.go:66:   # module.eks.aws_security_group_rule.node["ingress_cluster_kubelet"] has changed
TestTerraformPatcheExample 2022-03-22T16:34:09Z logger.go:66:   ~ resource "aws_security_group_rule" "node" {
TestTerraformPatcheExample 2022-03-22T16:34:09Z logger.go:66:       + cidr_blocks              = []
TestTerraformPatcheExample 2022-03-22T16:34:09Z logger.go:66:         id                       = "sgrule-969662012"
TestTerraformPatcheExample 2022-03-22T16:34:09Z logger.go:66:       + ipv6_cidr_blocks         = []
TestTerraformPatcheExample 2022-03-22T16:34:09Z logger.go:66:         # (9 unchanged attributes hidden)
TestTerraformPatcheExample 2022-03-22T16:34:09Z logger.go:66:     }
TestTerraformPatcheExample 2022-03-22T16:34:09Z logger.go:66:
TestTerraformPatcheExample 2022-03-22T16:34:09Z logger.go:66:   # module.eks.aws_security_group_rule.node["ingress_self_coredns_tcp"] has changed
TestTerraformPatcheExample 2022-03-22T16:34:09Z logger.go:66:   ~ resource "aws_security_group_rule" "node" {
TestTerraformPatcheExample 2022-03-22T16:34:09Z logger.go:66:       + cidr_blocks              = []
TestTerraformPatcheExample 2022-03-22T16:34:09Z logger.go:66:         id                       = "sgrule-2989379461"
TestTerraformPatcheExample 2022-03-22T16:34:09Z logger.go:66:       + ipv6_cidr_blocks         = []
TestTerraformPatcheExample 2022-03-22T16:34:09Z logger.go:66:       + source_security_group_id = "sg-0596d421855ad5b1c"
TestTerraformPatcheExample 2022-03-22T16:34:09Z logger.go:66:         # (8 unchanged attributes hidden)
TestTerraformPatcheExample 2022-03-22T16:34:09Z logger.go:66:     }
TestTerraformPatcheExample 2022-03-22T16:34:09Z logger.go:66:
TestTerraformPatcheExample 2022-03-22T16:34:09Z logger.go:66:   # module.eks.aws_security_group_rule.node["ingress_self_coredns_udp"] has changed
TestTerraformPatcheExample 2022-03-22T16:34:09Z logger.go:66:   ~ resource "aws_security_group_rule" "node" {
TestTerraformPatcheExample 2022-03-22T16:34:09Z logger.go:66:       + cidr_blocks              = []
TestTerraformPatcheExample 2022-03-22T16:34:09Z logger.go:66:         id                       = "sgrule-376564842"
TestTerraformPatcheExample 2022-03-22T16:34:09Z logger.go:66:       + ipv6_cidr_blocks         = []
TestTerraformPatcheExample 2022-03-22T16:34:09Z logger.go:66:       + source_security_group_id = "sg-0596d421855ad5b1c"
TestTerraformPatcheExample 2022-03-22T16:34:09Z logger.go:66:         # (8 unchanged attributes hidden)
TestTerraformPatcheExample 2022-03-22T16:34:09Z logger.go:66:     }
TestTerraformPatcheExample 2022-03-22T16:34:09Z logger.go:66:
TestTerraformPatcheExample 2022-03-22T16:34:09Z logger.go:66:   # module.eks_auth.kubernetes_job_v1.aws_auth_patch[0] has changed
TestTerraformPatcheExample 2022-03-22T16:34:09Z logger.go:66:   ~ resource "kubernetes_job_v1" "aws_auth_patch" {
TestTerraformPatcheExample 2022-03-22T16:34:09Z logger.go:66:         id                  = "kube-system/aws-auth-patch"
TestTerraformPatcheExample 2022-03-22T16:34:09Z logger.go:66:         # (1 unchanged attribute hidden)
TestTerraformPatcheExample 2022-03-22T16:34:09Z logger.go:66:
TestTerraformPatcheExample 2022-03-22T16:34:09Z logger.go:66:       ~ metadata {
TestTerraformPatcheExample 2022-03-22T16:34:09Z logger.go:66:           + annotations      = {}
TestTerraformPatcheExample 2022-03-22T16:34:09Z logger.go:66:             name             = "aws-auth-patch"
TestTerraformPatcheExample 2022-03-22T16:34:09Z logger.go:66:           + resource_version = "1384"
TestTerraformPatcheExample 2022-03-22T16:34:09Z logger.go:66:           + uid              = "e589fbc7-784a-4ffc-966e-b87df39124a8"
TestTerraformPatcheExample 2022-03-22T16:34:09Z logger.go:66:             # (3 unchanged attributes hidden)
TestTerraformPatcheExample 2022-03-22T16:34:09Z logger.go:66:         }
TestTerraformPatcheExample 2022-03-22T16:34:09Z logger.go:66:
TestTerraformPatcheExample 2022-03-22T16:34:09Z logger.go:66:       ~ spec {
TestTerraformPatcheExample 2022-03-22T16:34:09Z logger.go:66:             # (5 unchanged attributes hidden)
TestTerraformPatcheExample 2022-03-22T16:34:09Z logger.go:66:
TestTerraformPatcheExample 2022-03-22T16:34:09Z logger.go:66:           + selector {
TestTerraformPatcheExample 2022-03-22T16:34:09Z logger.go:66:             }
TestTerraformPatcheExample 2022-03-22T16:34:09Z logger.go:66:
TestTerraformPatcheExample 2022-03-22T16:34:09Z logger.go:66:           ~ template {
TestTerraformPatcheExample 2022-03-22T16:34:09Z logger.go:66:               ~ metadata {
TestTerraformPatcheExample 2022-03-22T16:34:09Z logger.go:66:                   + annotations = {}
TestTerraformPatcheExample 2022-03-22T16:34:09Z logger.go:66:                   + labels      = {}
TestTerraformPatcheExample 2022-03-22T16:34:09Z logger.go:66:                     # (1 unchanged attribute hidden)
TestTerraformPatcheExample 2022-03-22T16:34:09Z logger.go:66:                 }
TestTerraformPatcheExample 2022-03-22T16:34:09Z logger.go:66:
TestTerraformPatcheExample 2022-03-22T16:34:09Z logger.go:66:               ~ spec {
TestTerraformPatcheExample 2022-03-22T16:34:09Z logger.go:66:                   + node_selector                    = {}
TestTerraformPatcheExample 2022-03-22T16:34:09Z logger.go:66:                     # (11 unchanged attributes hidden)
TestTerraformPatcheExample 2022-03-22T16:34:09Z logger.go:66:
TestTerraformPatcheExample 2022-03-22T16:34:09Z logger.go:66:                   ~ container {
TestTerraformPatcheExample 2022-03-22T16:34:09Z logger.go:66:                       + args                       = []
TestTerraformPatcheExample 2022-03-22T16:34:09Z logger.go:66:                       + image_pull_policy          = "IfNotPresent"
TestTerraformPatcheExample 2022-03-22T16:34:09Z logger.go:66:                         name                       = "aws-auth-patch"
TestTerraformPatcheExample 2022-03-22T16:34:09Z logger.go:66:                       + termination_message_policy = "File"
TestTerraformPatcheExample 2022-03-22T16:34:09Z logger.go:66:                         # (6 unchanged attributes hidden)
TestTerraformPatcheExample 2022-03-22T16:34:09Z logger.go:66:
TestTerraformPatcheExample 2022-03-22T16:34:09Z logger.go:66:                       + resources {}
TestTerraformPatcheExample 2022-03-22T16:34:09Z logger.go:66:                     }
TestTerraformPatcheExample 2022-03-22T16:34:09Z logger.go:66:                 }
TestTerraformPatcheExample 2022-03-22T16:34:09Z logger.go:66:             }
TestTerraformPatcheExample 2022-03-22T16:34:09Z logger.go:66:         }
TestTerraformPatcheExample 2022-03-22T16:34:09Z logger.go:66:
TestTerraformPatcheExample 2022-03-22T16:34:09Z logger.go:66:         # (1 unchanged block hidden)
TestTerraformPatcheExample 2022-03-22T16:34:09Z logger.go:66:     }
TestTerraformPatcheExample 2022-03-22T16:34:09Z logger.go:66:
TestTerraformPatcheExample 2022-03-22T16:34:09Z logger.go:66:   # module.eks_auth.kubernetes_role_binding_v1.aws_auth has changed
TestTerraformPatcheExample 2022-03-22T16:34:09Z logger.go:66:   ~ resource "kubernetes_role_binding_v1" "aws_auth" {
TestTerraformPatcheExample 2022-03-22T16:34:09Z logger.go:66:         id = "kube-system/terraform-eks-auth-aws"
TestTerraformPatcheExample 2022-03-22T16:34:09Z logger.go:66:
TestTerraformPatcheExample 2022-03-22T16:34:09Z logger.go:66:       ~ metadata {
TestTerraformPatcheExample 2022-03-22T16:34:09Z logger.go:66:           + annotations      = {}
TestTerraformPatcheExample 2022-03-22T16:34:09Z logger.go:66:             name             = "terraform-eks-auth-aws"
TestTerraformPatcheExample 2022-03-22T16:34:09Z logger.go:66:             # (5 unchanged attributes hidden)
TestTerraformPatcheExample 2022-03-22T16:34:09Z logger.go:66:         }
TestTerraformPatcheExample 2022-03-22T16:34:09Z logger.go:66:
TestTerraformPatcheExample 2022-03-22T16:34:09Z logger.go:66:
TestTerraformPatcheExample 2022-03-22T16:34:09Z logger.go:66:         # (2 unchanged blocks hidden)
TestTerraformPatcheExample 2022-03-22T16:34:09Z logger.go:66:     }
TestTerraformPatcheExample 2022-03-22T16:34:09Z logger.go:66:
TestTerraformPatcheExample 2022-03-22T16:34:09Z logger.go:66:   # module.eks_auth.kubernetes_role_v1.aws_auth has changed
TestTerraformPatcheExample 2022-03-22T16:34:09Z logger.go:66:   ~ resource "kubernetes_role_v1" "aws_auth" {
TestTerraformPatcheExample 2022-03-22T16:34:09Z logger.go:66:         id = "kube-system/terraform-eks-auth-aws"
TestTerraformPatcheExample 2022-03-22T16:34:09Z logger.go:66:
TestTerraformPatcheExample 2022-03-22T16:34:09Z logger.go:66:       ~ metadata {
TestTerraformPatcheExample 2022-03-22T16:34:09Z logger.go:66:           + annotations      = {}
TestTerraformPatcheExample 2022-03-22T16:34:09Z logger.go:66:             name             = "terraform-eks-auth-aws"
TestTerraformPatcheExample 2022-03-22T16:34:09Z logger.go:66:             # (5 unchanged attributes hidden)
TestTerraformPatcheExample 2022-03-22T16:34:09Z logger.go:66:         }
TestTerraformPatcheExample 2022-03-22T16:34:09Z logger.go:66:
TestTerraformPatcheExample 2022-03-22T16:34:09Z logger.go:66:         # (1 unchanged block hidden)
TestTerraformPatcheExample 2022-03-22T16:34:09Z logger.go:66:     }
TestTerraformPatcheExample 2022-03-22T16:34:09Z logger.go:66:
TestTerraformPatcheExample 2022-03-22T16:34:09Z logger.go:66:   # module.eks_auth.kubernetes_service_account_v1.aws_auth has changed
TestTerraformPatcheExample 2022-03-22T16:34:09Z logger.go:66:   ~ resource "kubernetes_service_account_v1" "aws_auth" {
TestTerraformPatcheExample 2022-03-22T16:34:09Z logger.go:66:         id                              = "kube-system/terraform-eks-auth-aws"
TestTerraformPatcheExample 2022-03-22T16:34:09Z logger.go:66:         # (2 unchanged attributes hidden)
TestTerraformPatcheExample 2022-03-22T16:34:09Z logger.go:66:
TestTerraformPatcheExample 2022-03-22T16:34:09Z logger.go:66:       ~ metadata {
TestTerraformPatcheExample 2022-03-22T16:34:09Z logger.go:66:           + annotations      = {}
TestTerraformPatcheExample 2022-03-22T16:34:09Z logger.go:66:             name             = "terraform-eks-auth-aws"
TestTerraformPatcheExample 2022-03-22T16:34:09Z logger.go:66:             # (5 unchanged attributes hidden)
TestTerraformPatcheExample 2022-03-22T16:34:09Z logger.go:66:         }
TestTerraformPatcheExample 2022-03-22T16:34:09Z logger.go:66:     }
TestTerraformPatcheExample 2022-03-22T16:34:09Z logger.go:66:
TestTerraformPatcheExample 2022-03-22T16:34:09Z logger.go:66:   # module.vpc.aws_eip.nat[0] has changed
TestTerraformPatcheExample 2022-03-22T16:34:09Z logger.go:66:   ~ resource "aws_eip" "nat" {
TestTerraformPatcheExample 2022-03-22T16:34:09Z logger.go:66:       + association_id       = "eipassoc-00fc30c6ff4fdb2b2"
TestTerraformPatcheExample 2022-03-22T16:34:09Z logger.go:66:         id                   = "eipalloc-01923de91e573adaf"
TestTerraformPatcheExample 2022-03-22T16:34:09Z logger.go:66:       + network_interface    = "eni-0e7ab6734e57fff4c"
TestTerraformPatcheExample 2022-03-22T16:34:09Z logger.go:66:       + private_dns          = "ip-10-0-4-73.us-west-2.compute.internal"
TestTerraformPatcheExample 2022-03-22T16:34:09Z logger.go:66:       + private_ip           = "10.0.4.73"
TestTerraformPatcheExample 2022-03-22T16:34:09Z logger.go:66:         tags                 = {
TestTerraformPatcheExample 2022-03-22T16:34:09Z logger.go:66:             "Name" = "ex-patch-us-west-2a"
TestTerraformPatcheExample 2022-03-22T16:34:09Z logger.go:66:         }
TestTerraformPatcheExample 2022-03-22T16:34:09Z logger.go:66:         # (8 unchanged attributes hidden)
TestTerraformPatcheExample 2022-03-22T16:34:09Z logger.go:66:     }
TestTerraformPatcheExample 2022-03-22T16:34:09Z logger.go:66:
TestTerraformPatcheExample 2022-03-22T16:34:09Z logger.go:66:   # module.vpc.aws_route_table.private[0] has changed
TestTerraformPatcheExample 2022-03-22T16:34:09Z logger.go:66:   ~ resource "aws_route_table" "private" {
TestTerraformPatcheExample 2022-03-22T16:34:09Z logger.go:66:         id               = "rtb-06ee2824448755eae"
TestTerraformPatcheExample 2022-03-22T16:34:09Z logger.go:66:       ~ route            = [
TestTerraformPatcheExample 2022-03-22T16:34:09Z logger.go:66:           + {
TestTerraformPatcheExample 2022-03-22T16:34:09Z logger.go:66:               + carrier_gateway_id         = ""
TestTerraformPatcheExample 2022-03-22T16:34:09Z logger.go:66:               + cidr_block                 = "0.0.0.0/0"
TestTerraformPatcheExample 2022-03-22T16:34:09Z logger.go:66:               + destination_prefix_list_id = ""
TestTerraformPatcheExample 2022-03-22T16:34:09Z logger.go:66:               + egress_only_gateway_id     = ""
TestTerraformPatcheExample 2022-03-22T16:34:09Z logger.go:66:               + gateway_id                 = ""
TestTerraformPatcheExample 2022-03-22T16:34:09Z logger.go:66:               + instance_id                = ""
TestTerraformPatcheExample 2022-03-22T16:34:09Z logger.go:66:               + ipv6_cidr_block            = ""
TestTerraformPatcheExample 2022-03-22T16:34:09Z logger.go:66:               + local_gateway_id           = ""
TestTerraformPatcheExample 2022-03-22T16:34:09Z logger.go:66:               + nat_gateway_id             = "nat-077d9a84e0a622da8"
TestTerraformPatcheExample 2022-03-22T16:34:09Z logger.go:66:               + network_interface_id       = ""
TestTerraformPatcheExample 2022-03-22T16:34:09Z logger.go:66:               + transit_gateway_id         = ""
TestTerraformPatcheExample 2022-03-22T16:34:09Z logger.go:66:               + vpc_endpoint_id            = ""
TestTerraformPatcheExample 2022-03-22T16:34:09Z logger.go:66:               + vpc_peering_connection_id  = ""
TestTerraformPatcheExample 2022-03-22T16:34:09Z logger.go:66:             },
TestTerraformPatcheExample 2022-03-22T16:34:09Z logger.go:66:         ]
TestTerraformPatcheExample 2022-03-22T16:34:09Z logger.go:66:         tags             = {
TestTerraformPatcheExample 2022-03-22T16:34:09Z logger.go:66:             "Name" = "ex-patch-private"
TestTerraformPatcheExample 2022-03-22T16:34:09Z logger.go:66:         }
TestTerraformPatcheExample 2022-03-22T16:34:09Z logger.go:66:         # (5 unchanged attributes hidden)
TestTerraformPatcheExample 2022-03-22T16:34:09Z logger.go:66:     }
TestTerraformPatcheExample 2022-03-22T16:34:09Z logger.go:66:
TestTerraformPatcheExample 2022-03-22T16:34:09Z logger.go:66:   # module.vpc.aws_route_table.public[0] has changed
TestTerraformPatcheExample 2022-03-22T16:34:09Z logger.go:66:   ~ resource "aws_route_table" "public" {
TestTerraformPatcheExample 2022-03-22T16:34:09Z logger.go:66:         id               = "rtb-0311c94acc767a005"
TestTerraformPatcheExample 2022-03-22T16:34:09Z logger.go:66:       ~ route            = [
TestTerraformPatcheExample 2022-03-22T16:34:09Z logger.go:66:           + {
TestTerraformPatcheExample 2022-03-22T16:34:09Z logger.go:66:               + carrier_gateway_id         = ""
TestTerraformPatcheExample 2022-03-22T16:34:09Z logger.go:66:               + cidr_block                 = "0.0.0.0/0"
TestTerraformPatcheExample 2022-03-22T16:34:09Z logger.go:66:               + destination_prefix_list_id = ""
TestTerraformPatcheExample 2022-03-22T16:34:09Z logger.go:66:               + egress_only_gateway_id     = ""
TestTerraformPatcheExample 2022-03-22T16:34:09Z logger.go:66:               + gateway_id                 = "igw-0e3d5bc0c9fe0a693"
TestTerraformPatcheExample 2022-03-22T16:34:09Z logger.go:66:               + instance_id                = ""
TestTerraformPatcheExample 2022-03-22T16:34:09Z logger.go:66:               + ipv6_cidr_block            = ""
TestTerraformPatcheExample 2022-03-22T16:34:09Z logger.go:66:               + local_gateway_id           = ""
TestTerraformPatcheExample 2022-03-22T16:34:09Z logger.go:66:               + nat_gateway_id             = ""
TestTerraformPatcheExample 2022-03-22T16:34:09Z logger.go:66:               + network_interface_id       = ""
TestTerraformPatcheExample 2022-03-22T16:34:09Z logger.go:66:               + transit_gateway_id         = ""
TestTerraformPatcheExample 2022-03-22T16:34:09Z logger.go:66:               + vpc_endpoint_id            = ""
TestTerraformPatcheExample 2022-03-22T16:34:09Z logger.go:66:               + vpc_peering_connection_id  = ""
TestTerraformPatcheExample 2022-03-22T16:34:09Z logger.go:66:             },
TestTerraformPatcheExample 2022-03-22T16:34:09Z logger.go:66:         ]
TestTerraformPatcheExample 2022-03-22T16:34:09Z logger.go:66:         tags             = {
TestTerraformPatcheExample 2022-03-22T16:34:09Z logger.go:66:             "Name" = "ex-patch-public"
TestTerraformPatcheExample 2022-03-22T16:34:09Z logger.go:66:         }
TestTerraformPatcheExample 2022-03-22T16:34:09Z logger.go:66:         # (5 unchanged attributes hidden)
TestTerraformPatcheExample 2022-03-22T16:34:09Z logger.go:66:     }
TestTerraformPatcheExample 2022-03-22T16:34:09Z logger.go:66:
TestTerraformPatcheExample 2022-03-22T16:34:09Z logger.go:66:   # module.eks.module.eks_managed_node_group["foo"].aws_eks_node_group.this[0] has changed
TestTerraformPatcheExample 2022-03-22T16:34:09Z logger.go:66:   ~ resource "aws_eks_node_group" "this" {
TestTerraformPatcheExample 2022-03-22T16:34:09Z logger.go:66:         id                     = "ex-patch:foo-20220322162948536000000019"
TestTerraformPatcheExample 2022-03-22T16:34:09Z logger.go:66:       + labels                 = {}
TestTerraformPatcheExample 2022-03-22T16:34:09Z logger.go:66:         tags                   = {
TestTerraformPatcheExample 2022-03-22T16:34:09Z logger.go:66:             "Name" = "foo"
TestTerraformPatcheExample 2022-03-22T16:34:09Z logger.go:66:         }
TestTerraformPatcheExample 2022-03-22T16:34:09Z logger.go:66:         # (15 unchanged attributes hidden)
TestTerraformPatcheExample 2022-03-22T16:34:09Z logger.go:66:
TestTerraformPatcheExample 2022-03-22T16:34:09Z logger.go:66:
TestTerraformPatcheExample 2022-03-22T16:34:09Z logger.go:66:
TestTerraformPatcheExample 2022-03-22T16:34:09Z logger.go:66:
TestTerraformPatcheExample 2022-03-22T16:34:09Z logger.go:66:         # (4 unchanged blocks hidden)
TestTerraformPatcheExample 2022-03-22T16:34:09Z logger.go:66:     }
TestTerraformPatcheExample 2022-03-22T16:34:09Z logger.go:66:
TestTerraformPatcheExample 2022-03-22T16:34:09Z logger.go:66:   # module.eks.module.eks_managed_node_group["foo"].aws_iam_role.this[0] has changed
TestTerraformPatcheExample 2022-03-22T16:34:09Z logger.go:66:   ~ resource "aws_iam_role" "this" {
TestTerraformPatcheExample 2022-03-22T16:34:09Z logger.go:66:         id                    = "foo-eks-node-group-20220322162056536300000002"
TestTerraformPatcheExample 2022-03-22T16:34:09Z logger.go:66:       ~ managed_policy_arns   = [
TestTerraformPatcheExample 2022-03-22T16:34:09Z logger.go:66:           + "arn:aws:iam::aws:policy/AmazonEC2ContainerRegistryReadOnly",
TestTerraformPatcheExample 2022-03-22T16:34:09Z logger.go:66:           + "arn:aws:iam::aws:policy/AmazonEKSWorkerNodePolicy",
TestTerraformPatcheExample 2022-03-22T16:34:09Z logger.go:66:           + "arn:aws:iam::aws:policy/AmazonEKS_CNI_Policy",
TestTerraformPatcheExample 2022-03-22T16:34:09Z logger.go:66:         ]
TestTerraformPatcheExample 2022-03-22T16:34:09Z logger.go:66:         name                  = "foo-eks-node-group-20220322162056536300000002"
TestTerraformPatcheExample 2022-03-22T16:34:09Z logger.go:66:       + tags                  = {}
TestTerraformPatcheExample 2022-03-22T16:34:09Z logger.go:66:         # (10 unchanged attributes hidden)
TestTerraformPatcheExample 2022-03-22T16:34:09Z logger.go:66:
TestTerraformPatcheExample 2022-03-22T16:34:09Z logger.go:66:         # (1 unchanged block hidden)
TestTerraformPatcheExample 2022-03-22T16:34:09Z logger.go:66:     }
TestTerraformPatcheExample 2022-03-22T16:34:09Z logger.go:66:
TestTerraformPatcheExample 2022-03-22T16:34:09Z logger.go:66:   # module.eks.module.eks_managed_node_group["foo"].aws_launch_template.this[0] has changed
TestTerraformPatcheExample 2022-03-22T16:34:09Z logger.go:66:   ~ resource "aws_launch_template" "this" {
TestTerraformPatcheExample 2022-03-22T16:34:09Z logger.go:66:         id                      = "lt-01e62c8311fee6297"
TestTerraformPatcheExample 2022-03-22T16:34:09Z logger.go:66:         name                    = "foo-20220322162947568900000015"
TestTerraformPatcheExample 2022-03-22T16:34:09Z logger.go:66:       + security_group_names    = []
TestTerraformPatcheExample 2022-03-22T16:34:09Z logger.go:66:       + tags                    = {}
TestTerraformPatcheExample 2022-03-22T16:34:09Z logger.go:66:         # (9 unchanged attributes hidden)
TestTerraformPatcheExample 2022-03-22T16:34:09Z logger.go:66:
TestTerraformPatcheExample 2022-03-22T16:34:09Z logger.go:66:
TestTerraformPatcheExample 2022-03-22T16:34:09Z logger.go:66:
TestTerraformPatcheExample 2022-03-22T16:34:09Z logger.go:66:         # (5 unchanged blocks hidden)
TestTerraformPatcheExample 2022-03-22T16:34:09Z logger.go:66:     }
TestTerraformPatcheExample 2022-03-22T16:34:09Z logger.go:66:
TestTerraformPatcheExample 2022-03-22T16:34:09Z logger.go:66:   # module.eks.module.fargate_profile["bar"].aws_eks_fargate_profile.this[0] has changed
TestTerraformPatcheExample 2022-03-22T16:34:09Z logger.go:66:   ~ resource "aws_eks_fargate_profile" "this" {
TestTerraformPatcheExample 2022-03-22T16:34:09Z logger.go:66:         id                     = "ex-patch:bar"
TestTerraformPatcheExample 2022-03-22T16:34:09Z logger.go:66:       + tags                   = {}
TestTerraformPatcheExample 2022-03-22T16:34:09Z logger.go:66:         # (7 unchanged attributes hidden)
TestTerraformPatcheExample 2022-03-22T16:34:09Z logger.go:66:
TestTerraformPatcheExample 2022-03-22T16:34:09Z logger.go:66:       + selector {
TestTerraformPatcheExample 2022-03-22T16:34:09Z logger.go:66:           + labels    = {}
TestTerraformPatcheExample 2022-03-22T16:34:09Z logger.go:66:           + namespace = "bar"
TestTerraformPatcheExample 2022-03-22T16:34:09Z logger.go:66:         }
TestTerraformPatcheExample 2022-03-22T16:34:09Z logger.go:66:       - selector {
TestTerraformPatcheExample 2022-03-22T16:34:09Z logger.go:66:           - namespace = "bar" -> null
TestTerraformPatcheExample 2022-03-22T16:34:09Z logger.go:66:         }
TestTerraformPatcheExample 2022-03-22T16:34:09Z logger.go:66:
TestTerraformPatcheExample 2022-03-22T16:34:09Z logger.go:66:         # (1 unchanged block hidden)
TestTerraformPatcheExample 2022-03-22T16:34:09Z logger.go:66:     }
TestTerraformPatcheExample 2022-03-22T16:34:09Z logger.go:66:
TestTerraformPatcheExample 2022-03-22T16:34:09Z logger.go:66:   # module.eks.module.fargate_profile["bar"].aws_iam_role.this[0] has changed
TestTerraformPatcheExample 2022-03-22T16:34:09Z logger.go:66:   ~ resource "aws_iam_role" "this" {
TestTerraformPatcheExample 2022-03-22T16:34:09Z logger.go:66:         id                    = "bar-20220322162056557600000003"
TestTerraformPatcheExample 2022-03-22T16:34:09Z logger.go:66:       ~ managed_policy_arns   = [
TestTerraformPatcheExample 2022-03-22T16:34:09Z logger.go:66:           + "arn:aws:iam::aws:policy/AmazonEKSFargatePodExecutionRolePolicy",
TestTerraformPatcheExample 2022-03-22T16:34:09Z logger.go:66:           + "arn:aws:iam::aws:policy/AmazonEKS_CNI_Policy",
TestTerraformPatcheExample 2022-03-22T16:34:09Z logger.go:66:         ]
TestTerraformPatcheExample 2022-03-22T16:34:09Z logger.go:66:         name                  = "bar-20220322162056557600000003"
TestTerraformPatcheExample 2022-03-22T16:34:09Z logger.go:66:       + tags                  = {}
TestTerraformPatcheExample 2022-03-22T16:34:09Z logger.go:66:         # (10 unchanged attributes hidden)
TestTerraformPatcheExample 2022-03-22T16:34:09Z logger.go:66:
TestTerraformPatcheExample 2022-03-22T16:34:09Z logger.go:66:         # (1 unchanged block hidden)
TestTerraformPatcheExample 2022-03-22T16:34:09Z logger.go:66:     }
TestTerraformPatcheExample 2022-03-22T16:34:09Z logger.go:66:
TestTerraformPatcheExample 2022-03-22T16:34:09Z logger.go:66:   # module.eks.module.self_managed_node_group["boo"].aws_autoscaling_group.this[0] has changed
TestTerraformPatcheExample 2022-03-22T16:34:09Z logger.go:66:   ~ resource "aws_autoscaling_group" "this" {
TestTerraformPatcheExample 2022-03-22T16:34:09Z logger.go:66:       + enabled_metrics           = []
TestTerraformPatcheExample 2022-03-22T16:34:09Z logger.go:66:         id                        = "boo-2022032216294853790000001b"
TestTerraformPatcheExample 2022-03-22T16:34:09Z logger.go:66:       + load_balancers            = []
TestTerraformPatcheExample 2022-03-22T16:34:09Z logger.go:66:         name                      = "boo-2022032216294853790000001b"
TestTerraformPatcheExample 2022-03-22T16:34:09Z logger.go:66:       + suspended_processes       = []
TestTerraformPatcheExample 2022-03-22T16:34:09Z logger.go:66:       + target_group_arns         = []
TestTerraformPatcheExample 2022-03-22T16:34:09Z logger.go:66:       + termination_policies      = []
TestTerraformPatcheExample 2022-03-22T16:34:09Z logger.go:66:         # (18 unchanged attributes hidden)
TestTerraformPatcheExample 2022-03-22T16:34:09Z logger.go:66:
TestTerraformPatcheExample 2022-03-22T16:34:09Z logger.go:66:
TestTerraformPatcheExample 2022-03-22T16:34:09Z logger.go:66:
TestTerraformPatcheExample 2022-03-22T16:34:09Z logger.go:66:         # (5 unchanged blocks hidden)
TestTerraformPatcheExample 2022-03-22T16:34:09Z logger.go:66:     }
TestTerraformPatcheExample 2022-03-22T16:34:09Z logger.go:66:
TestTerraformPatcheExample 2022-03-22T16:34:09Z logger.go:66:   # module.eks.module.self_managed_node_group["boo"].aws_iam_instance_profile.this[0] has changed
TestTerraformPatcheExample 2022-03-22T16:34:09Z logger.go:66:   ~ resource "aws_iam_instance_profile" "this" {
TestTerraformPatcheExample 2022-03-22T16:34:09Z logger.go:66:         id          = "boo-node-group-2022032216205835570000000b"
TestTerraformPatcheExample 2022-03-22T16:34:09Z logger.go:66:         name        = "boo-node-group-2022032216205835570000000b"
TestTerraformPatcheExample 2022-03-22T16:34:09Z logger.go:66:       + tags        = {}
TestTerraformPatcheExample 2022-03-22T16:34:09Z logger.go:66:         # (7 unchanged attributes hidden)
TestTerraformPatcheExample 2022-03-22T16:34:09Z logger.go:66:     }
TestTerraformPatcheExample 2022-03-22T16:34:09Z logger.go:66:
TestTerraformPatcheExample 2022-03-22T16:34:09Z logger.go:66:   # module.eks.module.self_managed_node_group["boo"].aws_iam_role.this[0] has changed
TestTerraformPatcheExample 2022-03-22T16:34:09Z logger.go:66:   ~ resource "aws_iam_role" "this" {
TestTerraformPatcheExample 2022-03-22T16:34:09Z logger.go:66:         id                    = "boo-node-group-20220322162056534700000001"
TestTerraformPatcheExample 2022-03-22T16:34:09Z logger.go:66:       ~ managed_policy_arns   = [
TestTerraformPatcheExample 2022-03-22T16:34:09Z logger.go:66:           + "arn:aws:iam::aws:policy/AmazonEC2ContainerRegistryReadOnly",
TestTerraformPatcheExample 2022-03-22T16:34:09Z logger.go:66:           + "arn:aws:iam::aws:policy/AmazonEKSWorkerNodePolicy",
TestTerraformPatcheExample 2022-03-22T16:34:09Z logger.go:66:           + "arn:aws:iam::aws:policy/AmazonEKS_CNI_Policy",
TestTerraformPatcheExample 2022-03-22T16:34:09Z logger.go:66:         ]
TestTerraformPatcheExample 2022-03-22T16:34:09Z logger.go:66:         name                  = "boo-node-group-20220322162056534700000001"
TestTerraformPatcheExample 2022-03-22T16:34:09Z logger.go:66:       + tags                  = {}
TestTerraformPatcheExample 2022-03-22T16:34:09Z logger.go:66:         # (10 unchanged attributes hidden)
TestTerraformPatcheExample 2022-03-22T16:34:09Z logger.go:66:
TestTerraformPatcheExample 2022-03-22T16:34:09Z logger.go:66:         # (1 unchanged block hidden)
TestTerraformPatcheExample 2022-03-22T16:34:09Z logger.go:66:     }
TestTerraformPatcheExample 2022-03-22T16:34:09Z logger.go:66:
TestTerraformPatcheExample 2022-03-22T16:34:09Z logger.go:66:   # module.eks.module.self_managed_node_group["boo"].aws_launch_template.this[0] has changed
TestTerraformPatcheExample 2022-03-22T16:34:09Z logger.go:66:   ~ resource "aws_launch_template" "this" {
TestTerraformPatcheExample 2022-03-22T16:34:09Z logger.go:66:         id                      = "lt-0aa468566e2161177"
TestTerraformPatcheExample 2022-03-22T16:34:09Z logger.go:66:         name                    = "boo-20220322162947584500000017"
TestTerraformPatcheExample 2022-03-22T16:34:09Z logger.go:66:       + security_group_names    = []
TestTerraformPatcheExample 2022-03-22T16:34:09Z logger.go:66:       + tags                    = {}
TestTerraformPatcheExample 2022-03-22T16:34:09Z logger.go:66:         # (12 unchanged attributes hidden)
TestTerraformPatcheExample 2022-03-22T16:34:09Z logger.go:66:
TestTerraformPatcheExample 2022-03-22T16:34:09Z logger.go:66:
TestTerraformPatcheExample 2022-03-22T16:34:09Z logger.go:66:
TestTerraformPatcheExample 2022-03-22T16:34:09Z logger.go:66:
TestTerraformPatcheExample 2022-03-22T16:34:09Z logger.go:66:
TestTerraformPatcheExample 2022-03-22T16:34:09Z logger.go:66:         # (7 unchanged blocks hidden)
TestTerraformPatcheExample 2022-03-22T16:34:09Z logger.go:66:     }
TestTerraformPatcheExample 2022-03-22T16:34:09Z logger.go:66:
TestTerraformPatcheExample 2022-03-22T16:34:09Z logger.go:66:
TestTerraformPatcheExample 2022-03-22T16:34:09Z logger.go:66: Unless you have made equivalent changes to your configuration, or ignored the
TestTerraformPatcheExample 2022-03-22T16:34:09Z logger.go:66: relevant attributes using ignore_changes, the following plan may include
TestTerraformPatcheExample 2022-03-22T16:34:09Z logger.go:66: actions to undo or respond to these changes.
TestTerraformPatcheExample 2022-03-22T16:34:09Z logger.go:66:
TestTerraformPatcheExample 2022-03-22T16:34:09Z logger.go:66: ─────────────────────────────────────────────────────────────────────────────
TestTerraformPatcheExample 2022-03-22T16:34:09Z logger.go:66:
TestTerraformPatcheExample 2022-03-22T16:34:09Z logger.go:66: No changes. Your infrastructure matches the configuration.
TestTerraformPatcheExample 2022-03-22T16:34:09Z logger.go:66:
TestTerraformPatcheExample 2022-03-22T16:34:09Z logger.go:66: Your configuration already matches the changes detected above. If you'd like
TestTerraformPatcheExample 2022-03-22T16:34:09Z logger.go:66: to update the Terraform state to match, create and apply a refresh-only plan:
TestTerraformPatcheExample 2022-03-22T16:34:09Z logger.go:66:   terraform apply -refresh-only
TestTerraformPatcheExample 2022-03-22T16:34:11Z logger.go:66:
TestTerraformPatcheExample 2022-03-22T16:34:11Z logger.go:66: Apply complete! Resources: 0 added, 0 changed, 0 destroyed.
TestTerraformPatcheExample 2022-03-22T16:34:11Z logger.go:66:
TestTerraformPatcheExample 2022-03-22T16:34:11Z logger.go:66: Outputs:
TestTerraformPatcheExample 2022-03-22T16:34:11Z logger.go:66:
TestTerraformPatcheExample 2022-03-22T16:34:11Z logger.go:66: fargate_profile_iam_role_arn = "arn:aws:iam::11111111111:role/bar-20220322162056557600000003"
TestTerraformPatcheExample 2022-03-22T16:34:11Z logger.go:66: managed_node_group_iam_role_arn = "arn:aws:iam::11111111111:role/foo-eks-node-group-20220322162056536300000002"
TestTerraformPatcheExample 2022-03-22T16:34:11Z logger.go:66: map_accounts = tolist([
TestTerraformPatcheExample 2022-03-22T16:34:11Z logger.go:66:   "777777777777",
TestTerraformPatcheExample 2022-03-22T16:34:11Z logger.go:66:   "888888888888",
TestTerraformPatcheExample 2022-03-22T16:34:11Z logger.go:66: ])
TestTerraformPatcheExample 2022-03-22T16:34:11Z logger.go:66: map_roles = tolist([
TestTerraformPatcheExample 2022-03-22T16:34:11Z logger.go:66:   {
TestTerraformPatcheExample 2022-03-22T16:34:11Z logger.go:66:     "groups" = tolist([
TestTerraformPatcheExample 2022-03-22T16:34:11Z logger.go:66:       "system:bootstrappers",
TestTerraformPatcheExample 2022-03-22T16:34:11Z logger.go:66:       "system:nodes",
TestTerraformPatcheExample 2022-03-22T16:34:11Z logger.go:66:     ])
TestTerraformPatcheExample 2022-03-22T16:34:11Z logger.go:66:     "rolearn" = "arn:aws:iam::11111111111:role/foo-eks-node-group-20220322162056536300000002"
TestTerraformPatcheExample 2022-03-22T16:34:11Z logger.go:66:     "username" = "system:node:{{EC2PrivateDNSName}}"
TestTerraformPatcheExample 2022-03-22T16:34:11Z logger.go:66:   },
TestTerraformPatcheExample 2022-03-22T16:34:11Z logger.go:66:   {
TestTerraformPatcheExample 2022-03-22T16:34:11Z logger.go:66:     "groups" = tolist([
TestTerraformPatcheExample 2022-03-22T16:34:11Z logger.go:66:       "system:bootstrappers",
TestTerraformPatcheExample 2022-03-22T16:34:11Z logger.go:66:       "system:nodes",
TestTerraformPatcheExample 2022-03-22T16:34:11Z logger.go:66:     ])
TestTerraformPatcheExample 2022-03-22T16:34:11Z logger.go:66:     "rolearn" = "arn:aws:iam::11111111111:role/boo-node-group-20220322162056534700000001"
TestTerraformPatcheExample 2022-03-22T16:34:11Z logger.go:66:     "username" = "system:node:{{EC2PrivateDNSName}}"
TestTerraformPatcheExample 2022-03-22T16:34:11Z logger.go:66:   },
TestTerraformPatcheExample 2022-03-22T16:34:11Z logger.go:66:   {
TestTerraformPatcheExample 2022-03-22T16:34:11Z logger.go:66:     "groups" = tolist([
TestTerraformPatcheExample 2022-03-22T16:34:11Z logger.go:66:       "system:bootstrappers",
TestTerraformPatcheExample 2022-03-22T16:34:11Z logger.go:66:       "system:nodes",
TestTerraformPatcheExample 2022-03-22T16:34:11Z logger.go:66:       "system:node-proxier",
TestTerraformPatcheExample 2022-03-22T16:34:11Z logger.go:66:     ])
TestTerraformPatcheExample 2022-03-22T16:34:11Z logger.go:66:     "rolearn" = "arn:aws:iam::11111111111:role/bar-20220322162056557600000003"
TestTerraformPatcheExample 2022-03-22T16:34:11Z logger.go:66:     "username" = "system:node:{{SessionName}}"
TestTerraformPatcheExample 2022-03-22T16:34:11Z logger.go:66:   },
TestTerraformPatcheExample 2022-03-22T16:34:11Z logger.go:66:   {
TestTerraformPatcheExample 2022-03-22T16:34:11Z logger.go:66:     "groups" = tolist([
TestTerraformPatcheExample 2022-03-22T16:34:11Z logger.go:66:       "system:masters",
TestTerraformPatcheExample 2022-03-22T16:34:11Z logger.go:66:     ])
TestTerraformPatcheExample 2022-03-22T16:34:11Z logger.go:66:     "rolearn" = "arn:aws:iam::66666666666:role/role1"
TestTerraformPatcheExample 2022-03-22T16:34:11Z logger.go:66:     "username" = "role1"
TestTerraformPatcheExample 2022-03-22T16:34:11Z logger.go:66:   },
TestTerraformPatcheExample 2022-03-22T16:34:11Z logger.go:66: ])
TestTerraformPatcheExample 2022-03-22T16:34:11Z logger.go:66: map_users = tolist([
TestTerraformPatcheExample 2022-03-22T16:34:11Z logger.go:66:   {
TestTerraformPatcheExample 2022-03-22T16:34:11Z logger.go:66:     "groups" = tolist([
TestTerraformPatcheExample 2022-03-22T16:34:11Z logger.go:66:       "system:masters",
TestTerraformPatcheExample 2022-03-22T16:34:11Z logger.go:66:     ])
TestTerraformPatcheExample 2022-03-22T16:34:11Z logger.go:66:     "userarn" = "arn:aws:iam::66666666666:user/user1"
TestTerraformPatcheExample 2022-03-22T16:34:11Z logger.go:66:     "username" = "user1"
TestTerraformPatcheExample 2022-03-22T16:34:11Z logger.go:66:   },
TestTerraformPatcheExample 2022-03-22T16:34:11Z logger.go:66:   {
TestTerraformPatcheExample 2022-03-22T16:34:11Z logger.go:66:     "groups" = tolist([
TestTerraformPatcheExample 2022-03-22T16:34:11Z logger.go:66:       "system:masters",
TestTerraformPatcheExample 2022-03-22T16:34:11Z logger.go:66:     ])
TestTerraformPatcheExample 2022-03-22T16:34:11Z logger.go:66:     "userarn" = "arn:aws:iam::66666666666:user/user2"
TestTerraformPatcheExample 2022-03-22T16:34:11Z logger.go:66:     "username" = "user2"
TestTerraformPatcheExample 2022-03-22T16:34:11Z logger.go:66:   },
TestTerraformPatcheExample 2022-03-22T16:34:11Z logger.go:66: ])
TestTerraformPatcheExample 2022-03-22T16:34:11Z logger.go:66: self_managed_node_group_iam_role_arn = "arn:aws:iam::11111111111:role/boo-node-group-20220322162056534700000001"
TestTerraformPatcheExample 2022-03-22T16:34:11Z logger.go:66: Running terraform with args [plan -input=false -detailed-exitcode -no-color -lock=false]
TestTerraformPatcheExample 2022-03-22T16:34:11Z logger.go:66: Running command terraform with args [plan -input=false -detailed-exitcode -no-color -lock=false]
TestTerraformPatcheExample 2022-03-22T16:34:16Z logger.go:66: module.eks.aws_cloudwatch_log_group.this[0]: Refreshing state... [id=/aws/eks/ex-patch/cluster]
TestTerraformPatcheExample 2022-03-22T16:34:16Z logger.go:66: module.vpc.aws_vpc.this[0]: Refreshing state... [id=vpc-0da699baf2c256d6d]
TestTerraformPatcheExample 2022-03-22T16:34:16Z logger.go:66: module.vpc.aws_eip.nat[0]: Refreshing state... [id=eipalloc-01923de91e573adaf]
TestTerraformPatcheExample 2022-03-22T16:34:16Z logger.go:66: module.eks.module.fargate_profile["bar"].aws_iam_role.this[0]: Refreshing state... [id=bar-20220322162056557600000003]
TestTerraformPatcheExample 2022-03-22T16:34:16Z logger.go:66: module.eks.aws_iam_role.this[0]: Refreshing state... [id=ex-patch-cluster-20220322162056559500000004]
TestTerraformPatcheExample 2022-03-22T16:34:16Z logger.go:66: module.eks.module.eks_managed_node_group["foo"].aws_iam_role.this[0]: Refreshing state... [id=foo-eks-node-group-20220322162056536300000002]
TestTerraformPatcheExample 2022-03-22T16:34:17Z logger.go:66: module.eks.module.self_managed_node_group["boo"].aws_iam_role.this[0]: Refreshing state... [id=boo-node-group-20220322162056534700000001]
TestTerraformPatcheExample 2022-03-22T16:34:17Z logger.go:66: module.eks.aws_security_group.cluster[0]: Refreshing state... [id=sg-00ad4d5eb6d4768af]
TestTerraformPatcheExample 2022-03-22T16:34:17Z logger.go:66: module.eks.module.eks_managed_node_group["foo"].aws_security_group.this[0]: Refreshing state... [id=sg-0aca34610da0f0bd2]
TestTerraformPatcheExample 2022-03-22T16:34:17Z logger.go:66: module.vpc.aws_route_table.public[0]: Refreshing state... [id=rtb-0311c94acc767a005]
TestTerraformPatcheExample 2022-03-22T16:34:17Z logger.go:66: module.vpc.aws_route_table.private[0]: Refreshing state... [id=rtb-06ee2824448755eae]
TestTerraformPatcheExample 2022-03-22T16:34:17Z logger.go:66: module.vpc.aws_internet_gateway.this[0]: Refreshing state... [id=igw-0e3d5bc0c9fe0a693]
TestTerraformPatcheExample 2022-03-22T16:34:17Z logger.go:66: module.vpc.aws_subnet.private[1]: Refreshing state... [id=subnet-0848a9cba398ee894]
TestTerraformPatcheExample 2022-03-22T16:34:17Z logger.go:66: module.vpc.aws_subnet.private[2]: Refreshing state... [id=subnet-0066b663d2d527847]
TestTerraformPatcheExample 2022-03-22T16:34:17Z logger.go:66: module.vpc.aws_subnet.private[0]: Refreshing state... [id=subnet-0c513130447b69601]
TestTerraformPatcheExample 2022-03-22T16:34:17Z logger.go:66: module.vpc.aws_subnet.public[2]: Refreshing state... [id=subnet-0e0bfa995a792d836]
TestTerraformPatcheExample 2022-03-22T16:34:17Z logger.go:66: module.vpc.aws_subnet.public[0]: Refreshing state... [id=subnet-0232abf9ba6975dc8]
TestTerraformPatcheExample 2022-03-22T16:34:17Z logger.go:66: module.vpc.aws_subnet.public[1]: Refreshing state... [id=subnet-0ee9d1aa5f5dd05bb]
TestTerraformPatcheExample 2022-03-22T16:34:18Z logger.go:66: module.eks.module.self_managed_node_group["boo"].aws_security_group.this[0]: Refreshing state... [id=sg-055dbe0b8c5fbba8c]
TestTerraformPatcheExample 2022-03-22T16:34:18Z logger.go:66: module.eks.aws_security_group.node[0]: Refreshing state... [id=sg-0596d421855ad5b1c]
TestTerraformPatcheExample 2022-03-22T16:34:18Z logger.go:66: module.eks.aws_iam_role_policy_attachment.this["arn:aws:iam::aws:policy/AmazonEKSClusterPolicy"]: Refreshing state... [id=ex-patch-cluster-20220322162056559500000004-20220322162058131100000008]
TestTerraformPatcheExample 2022-03-22T16:34:18Z logger.go:66: module.eks.module.fargate_profile["bar"].aws_iam_role_policy_attachment.this["arn:aws:iam::aws:policy/AmazonEKSFargatePodExecutionRolePolicy"]: Refreshing state... [id=bar-20220322162056557600000003-20220322162058092500000006]
TestTerraformPatcheExample 2022-03-22T16:34:18Z logger.go:66: module.eks.aws_iam_role_policy_attachment.this["arn:aws:iam::aws:policy/AmazonEKSVPCResourceController"]: Refreshing state... [id=ex-patch-cluster-20220322162056559500000004-20220322162058102900000007]
TestTerraformPatcheExample 2022-03-22T16:34:18Z logger.go:66: module.eks.module.fargate_profile["bar"].aws_iam_role_policy_attachment.this["arn:aws:iam::aws:policy/AmazonEKS_CNI_Policy"]: Refreshing state... [id=bar-20220322162056557600000003-20220322162058084200000005]
TestTerraformPatcheExample 2022-03-22T16:34:18Z logger.go:66: module.eks.module.eks_managed_node_group["foo"].aws_iam_role_policy_attachment.this["arn:aws:iam::aws:policy/AmazonEKS_CNI_Policy"]: Refreshing state... [id=foo-eks-node-group-20220322162056536300000002-2022032216205836090000000c]
TestTerraformPatcheExample 2022-03-22T16:34:18Z logger.go:66: module.eks.module.eks_managed_node_group["foo"].aws_iam_role_policy_attachment.this["arn:aws:iam::aws:policy/AmazonEC2ContainerRegistryReadOnly"]: Refreshing state... [id=foo-eks-node-group-20220322162056536300000002-20220322162058218000000009]
TestTerraformPatcheExample 2022-03-22T16:34:18Z logger.go:66: module.vpc.aws_route.public_internet_gateway[0]: Refreshing state... [id=r-rtb-0311c94acc767a0051080289494]
TestTerraformPatcheExample 2022-03-22T16:34:18Z logger.go:66: module.eks.module.eks_managed_node_group["foo"].aws_iam_role_policy_attachment.this["arn:aws:iam::aws:policy/AmazonEKSWorkerNodePolicy"]: Refreshing state... [id=foo-eks-node-group-20220322162056536300000002-2022032216205836630000000d]
TestTerraformPatcheExample 2022-03-22T16:34:18Z logger.go:66: module.eks.module.self_managed_node_group["boo"].aws_iam_role_policy_attachment.this["arn:aws:iam::aws:policy/AmazonEKS_CNI_Policy"]: Refreshing state... [id=boo-node-group-20220322162056534700000001-2022032216205826430000000a]
TestTerraformPatcheExample 2022-03-22T16:34:18Z logger.go:66: module.eks.module.self_managed_node_group["boo"].aws_iam_role_policy_attachment.this["arn:aws:iam::aws:policy/AmazonEC2ContainerRegistryReadOnly"]: Refreshing state... [id=boo-node-group-20220322162056534700000001-2022032216205849360000000f]
TestTerraformPatcheExample 2022-03-22T16:34:18Z logger.go:66: module.eks.module.self_managed_node_group["boo"].aws_iam_role_policy_attachment.this["arn:aws:iam::aws:policy/AmazonEKSWorkerNodePolicy"]: Refreshing state... [id=boo-node-group-20220322162056534700000001-2022032216205841850000000e]
TestTerraformPatcheExample 2022-03-22T16:34:18Z logger.go:66: module.eks.module.self_managed_node_group["boo"].aws_iam_instance_profile.this[0]: Refreshing state... [id=boo-node-group-2022032216205835570000000b]
TestTerraformPatcheExample 2022-03-22T16:34:18Z logger.go:66: module.vpc.aws_route_table_association.private[1]: Refreshing state... [id=rtbassoc-05ffd13b64851cfff]
TestTerraformPatcheExample 2022-03-22T16:34:18Z logger.go:66: module.vpc.aws_route_table_association.private[2]: Refreshing state... [id=rtbassoc-058f12b47606459d7]
TestTerraformPatcheExample 2022-03-22T16:34:18Z logger.go:66: module.vpc.aws_route_table_association.private[0]: Refreshing state... [id=rtbassoc-0815c1c071c3fe28b]
TestTerraformPatcheExample 2022-03-22T16:34:18Z logger.go:66: module.vpc.aws_route_table_association.public[0]: Refreshing state... [id=rtbassoc-0bec912d4026d79db]
TestTerraformPatcheExample 2022-03-22T16:34:18Z logger.go:66: module.vpc.aws_route_table_association.public[2]: Refreshing state... [id=rtbassoc-06f6f9f3ff5989450]
TestTerraformPatcheExample 2022-03-22T16:34:18Z logger.go:66: module.vpc.aws_route_table_association.public[1]: Refreshing state... [id=rtbassoc-0c8d082a9a22b73fb]
TestTerraformPatcheExample 2022-03-22T16:34:18Z logger.go:66: module.vpc.aws_nat_gateway.this[0]: Refreshing state... [id=nat-077d9a84e0a622da8]
TestTerraformPatcheExample 2022-03-22T16:34:18Z logger.go:66: module.eks.aws_security_group_rule.node["egress_cluster_443"]: Refreshing state... [id=sgrule-237039721]
TestTerraformPatcheExample 2022-03-22T16:34:18Z logger.go:66: module.eks.aws_security_group_rule.node["ingress_cluster_443"]: Refreshing state... [id=sgrule-702582387]
TestTerraformPatcheExample 2022-03-22T16:34:18Z logger.go:66: module.eks.aws_security_group_rule.node["egress_https"]: Refreshing state... [id=sgrule-236403805]
TestTerraformPatcheExample 2022-03-22T16:34:18Z logger.go:66: module.eks.aws_security_group_rule.node["ingress_self_coredns_udp"]: Refreshing state... [id=sgrule-376564842]
TestTerraformPatcheExample 2022-03-22T16:34:18Z logger.go:66: module.eks.aws_security_group_rule.node["ingress_cluster_kubelet"]: Refreshing state... [id=sgrule-969662012]
TestTerraformPatcheExample 2022-03-22T16:34:18Z logger.go:66: module.eks.aws_security_group_rule.node["egress_self_coredns_tcp"]: Refreshing state... [id=sgrule-2518725438]
TestTerraformPatcheExample 2022-03-22T16:34:18Z logger.go:66: module.eks.aws_security_group_rule.node["egress_ntp_udp"]: Refreshing state... [id=sgrule-2941723726]
TestTerraformPatcheExample 2022-03-22T16:34:18Z logger.go:66: module.eks.aws_security_group_rule.node["egress_ntp_tcp"]: Refreshing state... [id=sgrule-3519611203]
TestTerraformPatcheExample 2022-03-22T16:34:18Z logger.go:66: module.eks.aws_security_group_rule.node["egress_self_coredns_udp"]: Refreshing state... [id=sgrule-407318872]
TestTerraformPatcheExample 2022-03-22T16:34:18Z logger.go:66: module.eks.aws_security_group_rule.node["ingress_self_coredns_tcp"]: Refreshing state... [id=sgrule-2989379461]
TestTerraformPatcheExample 2022-03-22T16:34:18Z logger.go:66: module.eks.aws_security_group_rule.cluster["egress_nodes_443"]: Refreshing state... [id=sgrule-2793884829]
TestTerraformPatcheExample 2022-03-22T16:34:18Z logger.go:66: module.eks.aws_security_group_rule.cluster["egress_nodes_kubelet"]: Refreshing state... [id=sgrule-4206276413]
TestTerraformPatcheExample 2022-03-22T16:34:18Z logger.go:66: module.eks.aws_security_group_rule.cluster["ingress_nodes_443"]: Refreshing state... [id=sgrule-4257290792]
TestTerraformPatcheExample 2022-03-22T16:34:18Z logger.go:66: module.vpc.aws_route.private_nat_gateway[0]: Refreshing state... [id=r-rtb-06ee2824448755eae1080289494]
TestTerraformPatcheExample 2022-03-22T16:34:18Z logger.go:66: module.eks.aws_eks_cluster.this[0]: Refreshing state... [id=ex-patch]
TestTerraformPatcheExample 2022-03-22T16:34:19Z logger.go:66: module.eks.module.fargate_profile["bar"].aws_eks_fargate_profile.this[0]: Refreshing state... [id=ex-patch:bar]
TestTerraformPatcheExample 2022-03-22T16:34:19Z logger.go:66: module.eks.module.eks_managed_node_group["foo"].aws_launch_template.this[0]: Refreshing state... [id=lt-01e62c8311fee6297]
TestTerraformPatcheExample 2022-03-22T16:34:19Z logger.go:66: module.eks.module.self_managed_node_group["boo"].aws_launch_template.this[0]: Refreshing state... [id=lt-0aa468566e2161177]
TestTerraformPatcheExample 2022-03-22T16:34:19Z logger.go:66: module.eks.aws_iam_openid_connect_provider.oidc_provider[0]: Refreshing state... [id=arn:aws:iam::11111111111:oidc-provider/oidc.eks.us-west-2.amazonaws.com/id/09AAB59F006FE65C13F5EE6D29A0807F]
TestTerraformPatcheExample 2022-03-22T16:34:19Z logger.go:66: module.eks.module.eks_managed_node_group["foo"].aws_eks_node_group.this[0]: Refreshing state... [id=ex-patch:foo-20220322162948536000000019]
TestTerraformPatcheExample 2022-03-22T16:34:19Z logger.go:66: module.eks.module.self_managed_node_group["boo"].aws_autoscaling_group.this[0]: Refreshing state... [id=boo-2022032216294853790000001b]
TestTerraformPatcheExample 2022-03-22T16:34:19Z logger.go:66: module.eks_auth.kubernetes_service_account_v1.aws_auth: Refreshing state... [id=kube-system/terraform-eks-auth-aws]
TestTerraformPatcheExample 2022-03-22T16:34:19Z logger.go:66: module.eks_auth.kubernetes_role_v1.aws_auth: Refreshing state... [id=kube-system/terraform-eks-auth-aws]
TestTerraformPatcheExample 2022-03-22T16:34:20Z logger.go:66: module.eks_auth.kubernetes_role_binding_v1.aws_auth: Refreshing state... [id=kube-system/terraform-eks-auth-aws]
TestTerraformPatcheExample 2022-03-22T16:34:20Z logger.go:66: module.eks_auth.kubernetes_job_v1.aws_auth_patch[0]: Refreshing state... [id=kube-system/aws-auth-patch]
TestTerraformPatcheExample 2022-03-22T16:34:20Z logger.go:66:
TestTerraformPatcheExample 2022-03-22T16:34:20Z logger.go:66: No changes. Your infrastructure matches the configuration.
TestTerraformPatcheExample 2022-03-22T16:34:20Z logger.go:66:
TestTerraformPatcheExample 2022-03-22T16:34:20Z logger.go:66: Terraform has compared your real infrastructure against your configuration
TestTerraformPatcheExample 2022-03-22T16:34:20Z logger.go:66: and found no differences, so no changes are needed.
TestTerraformPatcheExample 2022-03-22T16:34:20Z retry.go:91: terraform [destroy -auto-approve -input=false -no-color -lock=false]
TestTerraformPatcheExample 2022-03-22T16:34:20Z logger.go:66: Running command terraform with args [destroy -auto-approve -input=false -no-color -lock=false]
TestTerraformPatcheExample 2022-03-22T16:34:25Z logger.go:66: module.vpc.aws_vpc.this[0]: Refreshing state... [id=vpc-0da699baf2c256d6d]
TestTerraformPatcheExample 2022-03-22T16:34:25Z logger.go:66: module.vpc.aws_eip.nat[0]: Refreshing state... [id=eipalloc-01923de91e573adaf]
TestTerraformPatcheExample 2022-03-22T16:34:25Z logger.go:66: module.eks.aws_cloudwatch_log_group.this[0]: Refreshing state... [id=/aws/eks/ex-patch/cluster]
TestTerraformPatcheExample 2022-03-22T16:34:25Z logger.go:66: module.eks.module.fargate_profile["bar"].aws_iam_role.this[0]: Refreshing state... [id=bar-20220322162056557600000003]
TestTerraformPatcheExample 2022-03-22T16:34:25Z logger.go:66: module.eks.module.self_managed_node_group["boo"].aws_iam_role.this[0]: Refreshing state... [id=boo-node-group-20220322162056534700000001]
TestTerraformPatcheExample 2022-03-22T16:34:25Z logger.go:66: module.eks.aws_iam_role.this[0]: Refreshing state... [id=ex-patch-cluster-20220322162056559500000004]
TestTerraformPatcheExample 2022-03-22T16:34:25Z logger.go:66: module.eks.module.eks_managed_node_group["foo"].aws_iam_role.this[0]: Refreshing state... [id=foo-eks-node-group-20220322162056536300000002]
TestTerraformPatcheExample 2022-03-22T16:34:26Z logger.go:66: module.eks.module.eks_managed_node_group["foo"].aws_security_group.this[0]: Refreshing state... [id=sg-0aca34610da0f0bd2]
TestTerraformPatcheExample 2022-03-22T16:34:26Z logger.go:66: module.eks.aws_security_group.cluster[0]: Refreshing state... [id=sg-00ad4d5eb6d4768af]
TestTerraformPatcheExample 2022-03-22T16:34:26Z logger.go:66: module.eks.module.self_managed_node_group["boo"].aws_security_group.this[0]: Refreshing state... [id=sg-055dbe0b8c5fbba8c]
TestTerraformPatcheExample 2022-03-22T16:34:26Z logger.go:66: module.eks.aws_security_group.node[0]: Refreshing state... [id=sg-0596d421855ad5b1c]
TestTerraformPatcheExample 2022-03-22T16:34:26Z logger.go:66: module.vpc.aws_internet_gateway.this[0]: Refreshing state... [id=igw-0e3d5bc0c9fe0a693]
TestTerraformPatcheExample 2022-03-22T16:34:26Z logger.go:66: module.vpc.aws_route_table.public[0]: Refreshing state... [id=rtb-0311c94acc767a005]
TestTerraformPatcheExample 2022-03-22T16:34:26Z logger.go:66: module.vpc.aws_route_table.private[0]: Refreshing state... [id=rtb-06ee2824448755eae]
TestTerraformPatcheExample 2022-03-22T16:34:26Z logger.go:66: module.vpc.aws_subnet.public[1]: Refreshing state... [id=subnet-0ee9d1aa5f5dd05bb]
TestTerraformPatcheExample 2022-03-22T16:34:26Z logger.go:66: module.vpc.aws_subnet.public[0]: Refreshing state... [id=subnet-0232abf9ba6975dc8]
TestTerraformPatcheExample 2022-03-22T16:34:26Z logger.go:66: module.vpc.aws_subnet.public[2]: Refreshing state... [id=subnet-0e0bfa995a792d836]
TestTerraformPatcheExample 2022-03-22T16:34:26Z logger.go:66: module.vpc.aws_subnet.private[2]: Refreshing state... [id=subnet-0066b663d2d527847]
TestTerraformPatcheExample 2022-03-22T16:34:26Z logger.go:66: module.vpc.aws_subnet.private[0]: Refreshing state... [id=subnet-0c513130447b69601]
TestTerraformPatcheExample 2022-03-22T16:34:26Z logger.go:66: module.vpc.aws_subnet.private[1]: Refreshing state... [id=subnet-0848a9cba398ee894]
TestTerraformPatcheExample 2022-03-22T16:34:26Z logger.go:66: module.eks.aws_iam_role_policy_attachment.this["arn:aws:iam::aws:policy/AmazonEKSClusterPolicy"]: Refreshing state... [id=ex-patch-cluster-20220322162056559500000004-20220322162058131100000008]
TestTerraformPatcheExample 2022-03-22T16:34:26Z logger.go:66: module.eks.module.self_managed_node_group["boo"].aws_iam_role_policy_attachment.this["arn:aws:iam::aws:policy/AmazonEKSWorkerNodePolicy"]: Refreshing state... [id=boo-node-group-20220322162056534700000001-2022032216205841850000000e]
TestTerraformPatcheExample 2022-03-22T16:34:26Z logger.go:66: module.eks.module.self_managed_node_group["boo"].aws_iam_instance_profile.this[0]: Refreshing state... [id=boo-node-group-2022032216205835570000000b]
TestTerraformPatcheExample 2022-03-22T16:34:26Z logger.go:66: module.eks.aws_iam_role_policy_attachment.this["arn:aws:iam::aws:policy/AmazonEKSVPCResourceController"]: Refreshing state... [id=ex-patch-cluster-20220322162056559500000004-20220322162058102900000007]
TestTerraformPatcheExample 2022-03-22T16:34:26Z logger.go:66: module.eks.module.self_managed_node_group["boo"].aws_iam_role_policy_attachment.this["arn:aws:iam::aws:policy/AmazonEC2ContainerRegistryReadOnly"]: Refreshing state... [id=boo-node-group-20220322162056534700000001-2022032216205849360000000f]
TestTerraformPatcheExample 2022-03-22T16:34:26Z logger.go:66: module.eks.module.self_managed_node_group["boo"].aws_iam_role_policy_attachment.this["arn:aws:iam::aws:policy/AmazonEKS_CNI_Policy"]: Refreshing state... [id=boo-node-group-20220322162056534700000001-2022032216205826430000000a]
TestTerraformPatcheExample 2022-03-22T16:34:26Z logger.go:66: module.vpc.aws_route.public_internet_gateway[0]: Refreshing state... [id=r-rtb-0311c94acc767a0051080289494]
TestTerraformPatcheExample 2022-03-22T16:34:26Z logger.go:66: module.eks.module.fargate_profile["bar"].aws_iam_role_policy_attachment.this["arn:aws:iam::aws:policy/AmazonEKSFargatePodExecutionRolePolicy"]: Refreshing state... [id=bar-20220322162056557600000003-20220322162058092500000006]
TestTerraformPatcheExample 2022-03-22T16:34:26Z logger.go:66: module.eks.module.fargate_profile["bar"].aws_iam_role_policy_attachment.this["arn:aws:iam::aws:policy/AmazonEKS_CNI_Policy"]: Refreshing state... [id=bar-20220322162056557600000003-20220322162058084200000005]
TestTerraformPatcheExample 2022-03-22T16:34:26Z logger.go:66: module.eks.aws_security_group_rule.node["ingress_cluster_kubelet"]: Refreshing state... [id=sgrule-969662012]
TestTerraformPatcheExample 2022-03-22T16:34:26Z logger.go:66: module.eks.aws_security_group_rule.node["ingress_self_coredns_tcp"]: Refreshing state... [id=sgrule-2989379461]
TestTerraformPatcheExample 2022-03-22T16:34:26Z logger.go:66: module.eks.aws_security_group_rule.node["ingress_cluster_443"]: Refreshing state... [id=sgrule-702582387]
TestTerraformPatcheExample 2022-03-22T16:34:26Z logger.go:66: module.eks.aws_security_group_rule.node["egress_cluster_443"]: Refreshing state... [id=sgrule-237039721]
TestTerraformPatcheExample 2022-03-22T16:34:26Z logger.go:66: module.eks.aws_security_group_rule.node["egress_ntp_udp"]: Refreshing state... [id=sgrule-2941723726]
TestTerraformPatcheExample 2022-03-22T16:34:26Z logger.go:66: module.eks.aws_security_group_rule.node["egress_self_coredns_tcp"]: Refreshing state... [id=sgrule-2518725438]
TestTerraformPatcheExample 2022-03-22T16:34:26Z logger.go:66: module.eks.aws_security_group_rule.node["egress_self_coredns_udp"]: Refreshing state... [id=sgrule-407318872]
TestTerraformPatcheExample 2022-03-22T16:34:26Z logger.go:66: module.eks.aws_security_group_rule.node["egress_https"]: Refreshing state... [id=sgrule-236403805]
TestTerraformPatcheExample 2022-03-22T16:34:26Z logger.go:66: module.eks.aws_security_group_rule.node["ingress_self_coredns_udp"]: Refreshing state... [id=sgrule-376564842]
TestTerraformPatcheExample 2022-03-22T16:34:26Z logger.go:66: module.eks.aws_security_group_rule.node["egress_ntp_tcp"]: Refreshing state... [id=sgrule-3519611203]
TestTerraformPatcheExample 2022-03-22T16:34:27Z logger.go:66: module.eks.module.eks_managed_node_group["foo"].aws_iam_role_policy_attachment.this["arn:aws:iam::aws:policy/AmazonEKSWorkerNodePolicy"]: Refreshing state... [id=foo-eks-node-group-20220322162056536300000002-2022032216205836630000000d]
TestTerraformPatcheExample 2022-03-22T16:34:27Z logger.go:66: module.eks.module.eks_managed_node_group["foo"].aws_iam_role_policy_attachment.this["arn:aws:iam::aws:policy/AmazonEKS_CNI_Policy"]: Refreshing state... [id=foo-eks-node-group-20220322162056536300000002-2022032216205836090000000c]
TestTerraformPatcheExample 2022-03-22T16:34:27Z logger.go:66: module.eks.module.eks_managed_node_group["foo"].aws_iam_role_policy_attachment.this["arn:aws:iam::aws:policy/AmazonEC2ContainerRegistryReadOnly"]: Refreshing state... [id=foo-eks-node-group-20220322162056536300000002-20220322162058218000000009]
TestTerraformPatcheExample 2022-03-22T16:34:27Z logger.go:66: module.eks.aws_security_group_rule.cluster["egress_nodes_443"]: Refreshing state... [id=sgrule-2793884829]
TestTerraformPatcheExample 2022-03-22T16:34:27Z logger.go:66: module.eks.aws_security_group_rule.cluster["egress_nodes_kubelet"]: Refreshing state... [id=sgrule-4206276413]
TestTerraformPatcheExample 2022-03-22T16:34:27Z logger.go:66: module.eks.aws_security_group_rule.cluster["ingress_nodes_443"]: Refreshing state... [id=sgrule-4257290792]
TestTerraformPatcheExample 2022-03-22T16:34:27Z logger.go:66: module.vpc.aws_route_table_association.public[0]: Refreshing state... [id=rtbassoc-0bec912d4026d79db]
TestTerraformPatcheExample 2022-03-22T16:34:27Z logger.go:66: module.vpc.aws_nat_gateway.this[0]: Refreshing state... [id=nat-077d9a84e0a622da8]
TestTerraformPatcheExample 2022-03-22T16:34:27Z logger.go:66: module.vpc.aws_route_table_association.public[1]: Refreshing state... [id=rtbassoc-0c8d082a9a22b73fb]
TestTerraformPatcheExample 2022-03-22T16:34:27Z logger.go:66: module.vpc.aws_route_table_association.public[2]: Refreshing state... [id=rtbassoc-06f6f9f3ff5989450]
TestTerraformPatcheExample 2022-03-22T16:34:27Z logger.go:66: module.vpc.aws_route_table_association.private[0]: Refreshing state... [id=rtbassoc-0815c1c071c3fe28b]
TestTerraformPatcheExample 2022-03-22T16:34:27Z logger.go:66: module.vpc.aws_route_table_association.private[1]: Refreshing state... [id=rtbassoc-05ffd13b64851cfff]
TestTerraformPatcheExample 2022-03-22T16:34:27Z logger.go:66: module.vpc.aws_route_table_association.private[2]: Refreshing state... [id=rtbassoc-058f12b47606459d7]
TestTerraformPatcheExample 2022-03-22T16:34:27Z logger.go:66: module.eks.aws_eks_cluster.this[0]: Refreshing state... [id=ex-patch]
TestTerraformPatcheExample 2022-03-22T16:34:27Z logger.go:66: module.vpc.aws_route.private_nat_gateway[0]: Refreshing state... [id=r-rtb-06ee2824448755eae1080289494]
TestTerraformPatcheExample 2022-03-22T16:34:27Z logger.go:66: module.eks.module.fargate_profile["bar"].aws_eks_fargate_profile.this[0]: Refreshing state... [id=ex-patch:bar]
TestTerraformPatcheExample 2022-03-22T16:34:27Z logger.go:66: module.eks.module.self_managed_node_group["boo"].aws_launch_template.this[0]: Refreshing state... [id=lt-0aa468566e2161177]
TestTerraformPatcheExample 2022-03-22T16:34:27Z logger.go:66: module.eks.module.eks_managed_node_group["foo"].aws_launch_template.this[0]: Refreshing state... [id=lt-01e62c8311fee6297]
TestTerraformPatcheExample 2022-03-22T16:34:27Z logger.go:66: module.eks.aws_iam_openid_connect_provider.oidc_provider[0]: Refreshing state... [id=arn:aws:iam::11111111111:oidc-provider/oidc.eks.us-west-2.amazonaws.com/id/09AAB59F006FE65C13F5EE6D29A0807F]
TestTerraformPatcheExample 2022-03-22T16:34:27Z logger.go:66: module.eks.module.self_managed_node_group["boo"].aws_autoscaling_group.this[0]: Refreshing state... [id=boo-2022032216294853790000001b]
TestTerraformPatcheExample 2022-03-22T16:34:27Z logger.go:66: module.eks.module.eks_managed_node_group["foo"].aws_eks_node_group.this[0]: Refreshing state... [id=ex-patch:foo-20220322162948536000000019]
TestTerraformPatcheExample 2022-03-22T16:34:28Z logger.go:66: module.eks_auth.kubernetes_service_account_v1.aws_auth: Refreshing state... [id=kube-system/terraform-eks-auth-aws]
TestTerraformPatcheExample 2022-03-22T16:34:28Z logger.go:66: module.eks_auth.kubernetes_role_v1.aws_auth: Refreshing state... [id=kube-system/terraform-eks-auth-aws]
TestTerraformPatcheExample 2022-03-22T16:34:28Z logger.go:66: module.eks_auth.kubernetes_role_binding_v1.aws_auth: Refreshing state... [id=kube-system/terraform-eks-auth-aws]
TestTerraformPatcheExample 2022-03-22T16:34:28Z logger.go:66: module.eks_auth.kubernetes_job_v1.aws_auth_patch[0]: Refreshing state... [id=kube-system/aws-auth-patch]
TestTerraformPatcheExample 2022-03-22T16:34:29Z logger.go:66:
TestTerraformPatcheExample 2022-03-22T16:34:29Z logger.go:66: Terraform used the selected providers to generate the following execution
TestTerraformPatcheExample 2022-03-22T16:34:29Z logger.go:66: plan. Resource actions are indicated with the following symbols:
TestTerraformPatcheExample 2022-03-22T16:34:29Z logger.go:66:   - destroy
TestTerraformPatcheExample 2022-03-22T16:34:29Z logger.go:66:
TestTerraformPatcheExample 2022-03-22T16:34:29Z logger.go:66: Terraform will perform the following actions:
TestTerraformPatcheExample 2022-03-22T16:34:29Z logger.go:66:
TestTerraformPatcheExample 2022-03-22T16:34:29Z logger.go:66:   # module.eks.aws_cloudwatch_log_group.this[0] will be destroyed
TestTerraformPatcheExample 2022-03-22T16:34:29Z logger.go:66:   - resource "aws_cloudwatch_log_group" "this" {
TestTerraformPatcheExample 2022-03-22T16:34:29Z logger.go:66:       - arn               = "arn:aws:logs:us-west-2:11111111111:log-group:/aws/eks/ex-patch/cluster" -> null
TestTerraformPatcheExample 2022-03-22T16:34:29Z logger.go:66:       - id                = "/aws/eks/ex-patch/cluster" -> null
TestTerraformPatcheExample 2022-03-22T16:34:29Z logger.go:66:       - name              = "/aws/eks/ex-patch/cluster" -> null
TestTerraformPatcheExample 2022-03-22T16:34:29Z logger.go:66:       - retention_in_days = 90 -> null
TestTerraformPatcheExample 2022-03-22T16:34:29Z logger.go:66:       - tags              = {} -> null
TestTerraformPatcheExample 2022-03-22T16:34:29Z logger.go:66:       - tags_all          = {
TestTerraformPatcheExample 2022-03-22T16:34:29Z logger.go:66:           - "Example"    = "ex-patch"
TestTerraformPatcheExample 2022-03-22T16:34:29Z logger.go:66:           - "GithubOrg"  = "aidan-melen"
TestTerraformPatcheExample 2022-03-22T16:34:29Z logger.go:66:           - "GithubRepo" = "terraform-aws-eks-auth"
TestTerraformPatcheExample 2022-03-22T16:34:29Z logger.go:66:         } -> null
TestTerraformPatcheExample 2022-03-22T16:34:29Z logger.go:66:     }
TestTerraformPatcheExample 2022-03-22T16:34:29Z logger.go:66:
TestTerraformPatcheExample 2022-03-22T16:34:29Z logger.go:66:   # module.eks.aws_eks_cluster.this[0] will be destroyed
TestTerraformPatcheExample 2022-03-22T16:34:29Z logger.go:66:   - resource "aws_eks_cluster" "this" {
TestTerraformPatcheExample 2022-03-22T16:34:29Z logger.go:66:       - arn                       = "arn:aws:eks:us-west-2:11111111111:cluster/ex-patch" -> null
TestTerraformPatcheExample 2022-03-22T16:34:29Z logger.go:66:       - certificate_authority     = [
TestTerraformPatcheExample 2022-03-22T16:34:29Z logger.go:66:           - {
TestTerraformPatcheExample 2022-03-22T16:34:29Z logger.go:66:               - data = "LS0tLS1CRUdJTiBDRVJUSUZJQ0FURS0tLS0tCk1JSUM1ekNDQWMrZ0F3SUJBZ0lCQURBTkJna3Foa2lHOXcwQkFRc0ZBREFWTVJNd0VRWURWUVFERXdwcmRXSmwKY201bGRHVnpNQjRYRFRJeU1ETXlNakUyTWpZME9Gb1hEVE15TURNeE9URTJNalkwT0Zvd0ZURVRNQkVHQTFVRQpBeE1LYTNWaVpYSnVaWFJsY3pDQ0FTSXdEUVlKS29aSWh2Y05BUUVCQlFBRGdnRVBBRENDQVFvQ2dnRUJBTU00CmVoVVliOGJTKytYRkVKVWZwSjQvM3RQL0dwQ3Nya3A0cHNtNnBkTGdBTkM2c3JBblhoYXVCWGI1QWdYT0FtY2gKczFiUEJzNXB5dXhLR1BoTkxDdHNiblBkQWVUYlJqTmppeHRCcWpPc3dBSnlrUlBHdFZ0WFZuRGVWbGhsMjZ1NApDaFFTd0twYkV4SW5VbFZHb2U2UGFqUVNLb256UXFob1hha0tNd2M0allsNGE3TWtQbTFCODR1aWljbVNab2JZClg3ckllN1ZXUnVwSS80Z1doNFl4WXBoTDU2N0l1aDJiWWRzeWdkNVd4Lzd5MDFjWlI0c2lZYkEvdDlQay9rQysKQ3J1alAzbzVuL21GcS8xVTJGUDBDV3BxTnhmK3NOZEl6S1hCd3ZyMXRnZ3l3NFZCOGhKRjFLQXlFbE54bnlaSgpXZlNCRFFkdVFMbHo1RmlPdm1VQ0F3RUFBYU5DTUVBd0RnWURWUjBQQVFIL0JBUURBZ0trTUE4R0ExVWRFd0VCCi93UUZNQU1CQWY4d0hRWURWUjBPQkJZRUZPUzlnbFMyVnJoM3JtZHNxYThnRDFjVSs0bDhNQTBHQ1NxR1NJYjMKRFFFQkN3VUFBNElCQVFBbzBrMzVraWpYOHlpNFR5UFBiaTR1bjNXSENDOHhsK2tVSzYrTS9uZDFhWlNoR01RQworN3ZEN0ZyZ2duMmdwNGFzWWNSdDFLZWw0QmIvWWRrL2VMSjdtY3hrT3BZdWhaK01uc0pjVFRjWERVeXcySkxuCkljTE9FUStqUTk3NmNsSEhTYXRCTjdFbEdkOGRleDIxanNWUjgxY05rbTRsanM2b0VwWHF4KzhLa0h6aWxicnAKSjJrazMxZFEyY1pOZnRBdnVFUWEyY1M4b1FLNlNqUmZxRzNtYTkzbW4zY1dzZi9zWkg1NzE3bnNKMTh0Mms0cwp3UEpDL3J0ZDhPUEVibVpETUZEdnBkZWNwMExMQ2UraHVQc3dHcDNlOWtVT2VyRlp0ZWdIWlQ2Mk5adm1uZHZ6CjRMSW1TSHVIc05GaWxjZXFYZ2ZTQ1E2NXFiWjF2V0Z3OFBQYgotLS0tLUVORCBDRVJUSUZJQ0FURS0tLS0tCg=="
TestTerraformPatcheExample 2022-03-22T16:34:29Z logger.go:66:             },
TestTerraformPatcheExample 2022-03-22T16:34:29Z logger.go:66:         ] -> null
TestTerraformPatcheExample 2022-03-22T16:34:29Z logger.go:66:       - created_at                = "2022-03-22 16:21:30.183 +0000 UTC" -> null
TestTerraformPatcheExample 2022-03-22T16:34:29Z logger.go:66:       - enabled_cluster_log_types = [
TestTerraformPatcheExample 2022-03-22T16:34:29Z logger.go:66:           - "api",
TestTerraformPatcheExample 2022-03-22T16:34:29Z logger.go:66:           - "audit",
TestTerraformPatcheExample 2022-03-22T16:34:29Z logger.go:66:           - "authenticator",
TestTerraformPatcheExample 2022-03-22T16:34:29Z logger.go:66:         ] -> null
TestTerraformPatcheExample 2022-03-22T16:34:29Z logger.go:66:       - endpoint                  = "https://09AAB59F006FE65C13F5EE6D29A0807F.sk1.us-west-2.eks.amazonaws.com" -> null
TestTerraformPatcheExample 2022-03-22T16:34:29Z logger.go:66:       - id                        = "ex-patch" -> null
TestTerraformPatcheExample 2022-03-22T16:34:29Z logger.go:66:       - identity                  = [
TestTerraformPatcheExample 2022-03-22T16:34:29Z logger.go:66:           - {
TestTerraformPatcheExample 2022-03-22T16:34:29Z logger.go:66:               - oidc = [
TestTerraformPatcheExample 2022-03-22T16:34:29Z logger.go:66:                   - {
TestTerraformPatcheExample 2022-03-22T16:34:29Z logger.go:66:                       - issuer = "https://oidc.eks.us-west-2.amazonaws.com/id/09AAB59F006FE65C13F5EE6D29A0807F"
TestTerraformPatcheExample 2022-03-22T16:34:29Z logger.go:66:                     },
TestTerraformPatcheExample 2022-03-22T16:34:29Z logger.go:66:                 ]
TestTerraformPatcheExample 2022-03-22T16:34:29Z logger.go:66:             },
TestTerraformPatcheExample 2022-03-22T16:34:29Z logger.go:66:         ] -> null
TestTerraformPatcheExample 2022-03-22T16:34:29Z logger.go:66:       - name                      = "ex-patch" -> null
TestTerraformPatcheExample 2022-03-22T16:34:29Z logger.go:66:       - platform_version          = "eks.5" -> null
TestTerraformPatcheExample 2022-03-22T16:34:29Z logger.go:66:       - role_arn                  = "arn:aws:iam::11111111111:role/ex-patch-cluster-20220322162056559500000004" -> null
TestTerraformPatcheExample 2022-03-22T16:34:29Z logger.go:66:       - status                    = "ACTIVE" -> null
TestTerraformPatcheExample 2022-03-22T16:34:29Z logger.go:66:       - tags                      = {} -> null
TestTerraformPatcheExample 2022-03-22T16:34:29Z logger.go:66:       - tags_all                  = {
TestTerraformPatcheExample 2022-03-22T16:34:29Z logger.go:66:           - "Example"    = "ex-patch"
TestTerraformPatcheExample 2022-03-22T16:34:29Z logger.go:66:           - "GithubOrg"  = "aidan-melen"
TestTerraformPatcheExample 2022-03-22T16:34:29Z logger.go:66:           - "GithubRepo" = "terraform-aws-eks-auth"
TestTerraformPatcheExample 2022-03-22T16:34:29Z logger.go:66:         } -> null
TestTerraformPatcheExample 2022-03-22T16:34:29Z logger.go:66:       - version                   = "1.21" -> null
TestTerraformPatcheExample 2022-03-22T16:34:29Z logger.go:66:
TestTerraformPatcheExample 2022-03-22T16:34:29Z logger.go:66:       - kubernetes_network_config {
TestTerraformPatcheExample 2022-03-22T16:34:29Z logger.go:66:           - ip_family         = "ipv4" -> null
TestTerraformPatcheExample 2022-03-22T16:34:29Z logger.go:66:           - service_ipv4_cidr = "172.20.0.0/16" -> null
TestTerraformPatcheExample 2022-03-22T16:34:29Z logger.go:66:         }
TestTerraformPatcheExample 2022-03-22T16:34:29Z logger.go:66:
TestTerraformPatcheExample 2022-03-22T16:34:29Z logger.go:66:       - timeouts {}
TestTerraformPatcheExample 2022-03-22T16:34:29Z logger.go:66:
TestTerraformPatcheExample 2022-03-22T16:34:29Z logger.go:66:       - vpc_config {
TestTerraformPatcheExample 2022-03-22T16:34:29Z logger.go:66:           - cluster_security_group_id = "sg-04396757125a8987e" -> null
TestTerraformPatcheExample 2022-03-22T16:34:29Z logger.go:66:           - endpoint_private_access   = false -> null
TestTerraformPatcheExample 2022-03-22T16:34:29Z logger.go:66:           - endpoint_public_access    = true -> null
TestTerraformPatcheExample 2022-03-22T16:34:29Z logger.go:66:           - public_access_cidrs       = [
TestTerraformPatcheExample 2022-03-22T16:34:29Z logger.go:66:               - "0.0.0.0/0",
TestTerraformPatcheExample 2022-03-22T16:34:29Z logger.go:66:             ] -> null
TestTerraformPatcheExample 2022-03-22T16:34:29Z logger.go:66:           - security_group_ids        = [
TestTerraformPatcheExample 2022-03-22T16:34:29Z logger.go:66:               - "sg-00ad4d5eb6d4768af",
TestTerraformPatcheExample 2022-03-22T16:34:29Z logger.go:66:             ] -> null
TestTerraformPatcheExample 2022-03-22T16:34:29Z logger.go:66:           - subnet_ids                = [
TestTerraformPatcheExample 2022-03-22T16:34:29Z logger.go:66:               - "subnet-0066b663d2d527847",
TestTerraformPatcheExample 2022-03-22T16:34:29Z logger.go:66:               - "subnet-0848a9cba398ee894",
TestTerraformPatcheExample 2022-03-22T16:34:29Z logger.go:66:               - "subnet-0c513130447b69601",
TestTerraformPatcheExample 2022-03-22T16:34:29Z logger.go:66:             ] -> null
TestTerraformPatcheExample 2022-03-22T16:34:29Z logger.go:66:           - vpc_id                    = "vpc-0da699baf2c256d6d" -> null
TestTerraformPatcheExample 2022-03-22T16:34:29Z logger.go:66:         }
TestTerraformPatcheExample 2022-03-22T16:34:29Z logger.go:66:     }
TestTerraformPatcheExample 2022-03-22T16:34:29Z logger.go:66:
TestTerraformPatcheExample 2022-03-22T16:34:29Z logger.go:66:   # module.eks.aws_iam_openid_connect_provider.oidc_provider[0] will be destroyed
TestTerraformPatcheExample 2022-03-22T16:34:29Z logger.go:66:   - resource "aws_iam_openid_connect_provider" "oidc_provider" {
TestTerraformPatcheExample 2022-03-22T16:34:29Z logger.go:66:       - arn             = "arn:aws:iam::11111111111:oidc-provider/oidc.eks.us-west-2.amazonaws.com/id/09AAB59F006FE65C13F5EE6D29A0807F" -> null
TestTerraformPatcheExample 2022-03-22T16:34:29Z logger.go:66:       - client_id_list  = [
TestTerraformPatcheExample 2022-03-22T16:34:29Z logger.go:66:           - "sts.amazonaws.com",
TestTerraformPatcheExample 2022-03-22T16:34:29Z logger.go:66:         ] -> null
TestTerraformPatcheExample 2022-03-22T16:34:29Z logger.go:66:       - id              = "arn:aws:iam::11111111111:oidc-provider/oidc.eks.us-west-2.amazonaws.com/id/09AAB59F006FE65C13F5EE6D29A0807F" -> null
TestTerraformPatcheExample 2022-03-22T16:34:29Z logger.go:66:       - tags            = {
TestTerraformPatcheExample 2022-03-22T16:34:29Z logger.go:66:           - "Name" = "ex-patch-eks-irsa"
TestTerraformPatcheExample 2022-03-22T16:34:29Z logger.go:66:         } -> null
TestTerraformPatcheExample 2022-03-22T16:34:29Z logger.go:66:       - tags_all        = {
TestTerraformPatcheExample 2022-03-22T16:34:29Z logger.go:66:           - "Example"    = "ex-patch"
TestTerraformPatcheExample 2022-03-22T16:34:29Z logger.go:66:           - "GithubOrg"  = "aidan-melen"
TestTerraformPatcheExample 2022-03-22T16:34:29Z logger.go:66:           - "GithubRepo" = "terraform-aws-eks-auth"
TestTerraformPatcheExample 2022-03-22T16:34:29Z logger.go:66:           - "Name"       = "ex-patch-eks-irsa"
TestTerraformPatcheExample 2022-03-22T16:34:29Z logger.go:66:         } -> null
TestTerraformPatcheExample 2022-03-22T16:34:29Z logger.go:66:       - thumbprint_list = [
TestTerraformPatcheExample 2022-03-22T16:34:29Z logger.go:66:           - "9e99a48a9960b14926bb7f3b02e22da2b0ab7280",
TestTerraformPatcheExample 2022-03-22T16:34:29Z logger.go:66:         ] -> null
TestTerraformPatcheExample 2022-03-22T16:34:29Z logger.go:66:       - url             = "oidc.eks.us-west-2.amazonaws.com/id/09AAB59F006FE65C13F5EE6D29A0807F" -> null
TestTerraformPatcheExample 2022-03-22T16:34:29Z logger.go:66:     }
TestTerraformPatcheExample 2022-03-22T16:34:29Z logger.go:66:
TestTerraformPatcheExample 2022-03-22T16:34:29Z logger.go:66:   # module.eks.aws_iam_role.this[0] will be destroyed
TestTerraformPatcheExample 2022-03-22T16:34:29Z logger.go:66:   - resource "aws_iam_role" "this" {
TestTerraformPatcheExample 2022-03-22T16:34:29Z logger.go:66:       - arn                   = "arn:aws:iam::11111111111:role/ex-patch-cluster-20220322162056559500000004" -> null
TestTerraformPatcheExample 2022-03-22T16:34:29Z logger.go:66:       - assume_role_policy    = jsonencode(
TestTerraformPatcheExample 2022-03-22T16:34:29Z logger.go:66:             {
TestTerraformPatcheExample 2022-03-22T16:34:29Z logger.go:66:               - Statement = [
TestTerraformPatcheExample 2022-03-22T16:34:29Z logger.go:66:                   - {
TestTerraformPatcheExample 2022-03-22T16:34:29Z logger.go:66:                       - Action    = "sts:AssumeRole"
TestTerraformPatcheExample 2022-03-22T16:34:29Z logger.go:66:                       - Effect    = "Allow"
TestTerraformPatcheExample 2022-03-22T16:34:29Z logger.go:66:                       - Principal = {
TestTerraformPatcheExample 2022-03-22T16:34:29Z logger.go:66:                           - Service = "eks.amazonaws.com"
TestTerraformPatcheExample 2022-03-22T16:34:29Z logger.go:66:                         }
TestTerraformPatcheExample 2022-03-22T16:34:29Z logger.go:66:                       - Sid       = "EKSClusterAssumeRole"
TestTerraformPatcheExample 2022-03-22T16:34:29Z logger.go:66:                     },
TestTerraformPatcheExample 2022-03-22T16:34:29Z logger.go:66:                 ]
TestTerraformPatcheExample 2022-03-22T16:34:29Z logger.go:66:               - Version   = "2012-10-17"
TestTerraformPatcheExample 2022-03-22T16:34:29Z logger.go:66:             }
TestTerraformPatcheExample 2022-03-22T16:34:29Z logger.go:66:         ) -> null
TestTerraformPatcheExample 2022-03-22T16:34:29Z logger.go:66:       - create_date           = "2022-03-22T16:21:01Z" -> null
TestTerraformPatcheExample 2022-03-22T16:34:29Z logger.go:66:       - force_detach_policies = true -> null
TestTerraformPatcheExample 2022-03-22T16:34:29Z logger.go:66:       - id                    = "ex-patch-cluster-20220322162056559500000004" -> null
TestTerraformPatcheExample 2022-03-22T16:34:29Z logger.go:66:       - managed_policy_arns   = [
TestTerraformPatcheExample 2022-03-22T16:34:29Z logger.go:66:           - "arn:aws:iam::aws:policy/AmazonEKSClusterPolicy",
TestTerraformPatcheExample 2022-03-22T16:34:29Z logger.go:66:           - "arn:aws:iam::aws:policy/AmazonEKSVPCResourceController",
TestTerraformPatcheExample 2022-03-22T16:34:29Z logger.go:66:         ] -> null
TestTerraformPatcheExample 2022-03-22T16:34:29Z logger.go:66:       - max_session_duration  = 3600 -> null
TestTerraformPatcheExample 2022-03-22T16:34:29Z logger.go:66:       - name                  = "ex-patch-cluster-20220322162056559500000004" -> null
TestTerraformPatcheExample 2022-03-22T16:34:29Z logger.go:66:       - name_prefix           = "ex-patch-cluster-" -> null
TestTerraformPatcheExample 2022-03-22T16:34:29Z logger.go:66:       - path                  = "/" -> null
TestTerraformPatcheExample 2022-03-22T16:34:29Z logger.go:66:       - tags                  = {} -> null
TestTerraformPatcheExample 2022-03-22T16:34:29Z logger.go:66:       - tags_all              = {
TestTerraformPatcheExample 2022-03-22T16:34:29Z logger.go:66:           - "Example"    = "ex-patch"
TestTerraformPatcheExample 2022-03-22T16:34:29Z logger.go:66:           - "GithubOrg"  = "aidan-melen"
TestTerraformPatcheExample 2022-03-22T16:34:29Z logger.go:66:           - "GithubRepo" = "terraform-aws-eks-auth"
TestTerraformPatcheExample 2022-03-22T16:34:29Z logger.go:66:         } -> null
TestTerraformPatcheExample 2022-03-22T16:34:29Z logger.go:66:       - unique_id             = "AROAUYBJJ5B7T3HG26O3E" -> null
TestTerraformPatcheExample 2022-03-22T16:34:29Z logger.go:66:
TestTerraformPatcheExample 2022-03-22T16:34:29Z logger.go:66:       - inline_policy {}
TestTerraformPatcheExample 2022-03-22T16:34:29Z logger.go:66:     }
TestTerraformPatcheExample 2022-03-22T16:34:29Z logger.go:66:
TestTerraformPatcheExample 2022-03-22T16:34:29Z logger.go:66:   # module.eks.aws_iam_role_policy_attachment.this["arn:aws:iam::aws:policy/AmazonEKSClusterPolicy"] will be destroyed
TestTerraformPatcheExample 2022-03-22T16:34:29Z logger.go:66:   - resource "aws_iam_role_policy_attachment" "this" {
TestTerraformPatcheExample 2022-03-22T16:34:29Z logger.go:66:       - id         = "ex-patch-cluster-20220322162056559500000004-20220322162058131100000008" -> null
TestTerraformPatcheExample 2022-03-22T16:34:29Z logger.go:66:       - policy_arn = "arn:aws:iam::aws:policy/AmazonEKSClusterPolicy" -> null
TestTerraformPatcheExample 2022-03-22T16:34:29Z logger.go:66:       - role       = "ex-patch-cluster-20220322162056559500000004" -> null
TestTerraformPatcheExample 2022-03-22T16:34:29Z logger.go:66:     }
TestTerraformPatcheExample 2022-03-22T16:34:29Z logger.go:66:
TestTerraformPatcheExample 2022-03-22T16:34:29Z logger.go:66:   # module.eks.aws_iam_role_policy_attachment.this["arn:aws:iam::aws:policy/AmazonEKSVPCResourceController"] will be destroyed
TestTerraformPatcheExample 2022-03-22T16:34:29Z logger.go:66:   - resource "aws_iam_role_policy_attachment" "this" {
TestTerraformPatcheExample 2022-03-22T16:34:29Z logger.go:66:       - id         = "ex-patch-cluster-20220322162056559500000004-20220322162058102900000007" -> null
TestTerraformPatcheExample 2022-03-22T16:34:29Z logger.go:66:       - policy_arn = "arn:aws:iam::aws:policy/AmazonEKSVPCResourceController" -> null
TestTerraformPatcheExample 2022-03-22T16:34:29Z logger.go:66:       - role       = "ex-patch-cluster-20220322162056559500000004" -> null
TestTerraformPatcheExample 2022-03-22T16:34:29Z logger.go:66:     }
TestTerraformPatcheExample 2022-03-22T16:34:29Z logger.go:66:
TestTerraformPatcheExample 2022-03-22T16:34:29Z logger.go:66:   # module.eks.aws_security_group.cluster[0] will be destroyed
TestTerraformPatcheExample 2022-03-22T16:34:29Z logger.go:66:   - resource "aws_security_group" "cluster" {
TestTerraformPatcheExample 2022-03-22T16:34:29Z logger.go:66:       - arn                    = "arn:aws:ec2:us-west-2:11111111111:security-group/sg-00ad4d5eb6d4768af" -> null
TestTerraformPatcheExample 2022-03-22T16:34:29Z logger.go:66:       - description            = "EKS cluster security group" -> null
TestTerraformPatcheExample 2022-03-22T16:34:29Z logger.go:66:       - egress                 = [
TestTerraformPatcheExample 2022-03-22T16:34:29Z logger.go:66:           - {
TestTerraformPatcheExample 2022-03-22T16:34:29Z logger.go:66:               - cidr_blocks      = []
TestTerraformPatcheExample 2022-03-22T16:34:29Z logger.go:66:               - description      = "Cluster API to node groups"
TestTerraformPatcheExample 2022-03-22T16:34:29Z logger.go:66:               - from_port        = 443
TestTerraformPatcheExample 2022-03-22T16:34:29Z logger.go:66:               - ipv6_cidr_blocks = []
TestTerraformPatcheExample 2022-03-22T16:34:29Z logger.go:66:               - prefix_list_ids  = []
TestTerraformPatcheExample 2022-03-22T16:34:29Z logger.go:66:               - protocol         = "tcp"
TestTerraformPatcheExample 2022-03-22T16:34:29Z logger.go:66:               - security_groups  = [
TestTerraformPatcheExample 2022-03-22T16:34:29Z logger.go:66:                   - "sg-0596d421855ad5b1c",
TestTerraformPatcheExample 2022-03-22T16:34:29Z logger.go:66:                 ]
TestTerraformPatcheExample 2022-03-22T16:34:29Z logger.go:66:               - self             = false
TestTerraformPatcheExample 2022-03-22T16:34:29Z logger.go:66:               - to_port          = 443
TestTerraformPatcheExample 2022-03-22T16:34:29Z logger.go:66:             },
TestTerraformPatcheExample 2022-03-22T16:34:29Z logger.go:66:           - {
TestTerraformPatcheExample 2022-03-22T16:34:29Z logger.go:66:               - cidr_blocks      = []
TestTerraformPatcheExample 2022-03-22T16:34:29Z logger.go:66:               - description      = "Cluster API to node kubelets"
TestTerraformPatcheExample 2022-03-22T16:34:29Z logger.go:66:               - from_port        = 10250
TestTerraformPatcheExample 2022-03-22T16:34:29Z logger.go:66:               - ipv6_cidr_blocks = []
TestTerraformPatcheExample 2022-03-22T16:34:29Z logger.go:66:               - prefix_list_ids  = []
TestTerraformPatcheExample 2022-03-22T16:34:29Z logger.go:66:               - protocol         = "tcp"
TestTerraformPatcheExample 2022-03-22T16:34:29Z logger.go:66:               - security_groups  = [
TestTerraformPatcheExample 2022-03-22T16:34:29Z logger.go:66:                   - "sg-0596d421855ad5b1c",
TestTerraformPatcheExample 2022-03-22T16:34:29Z logger.go:66:                 ]
TestTerraformPatcheExample 2022-03-22T16:34:29Z logger.go:66:               - self             = false
TestTerraformPatcheExample 2022-03-22T16:34:29Z logger.go:66:               - to_port          = 10250
TestTerraformPatcheExample 2022-03-22T16:34:29Z logger.go:66:             },
TestTerraformPatcheExample 2022-03-22T16:34:29Z logger.go:66:         ] -> null
TestTerraformPatcheExample 2022-03-22T16:34:29Z logger.go:66:       - id                     = "sg-00ad4d5eb6d4768af" -> null
TestTerraformPatcheExample 2022-03-22T16:34:29Z logger.go:66:       - ingress                = [
TestTerraformPatcheExample 2022-03-22T16:34:29Z logger.go:66:           - {
TestTerraformPatcheExample 2022-03-22T16:34:29Z logger.go:66:               - cidr_blocks      = []
TestTerraformPatcheExample 2022-03-22T16:34:29Z logger.go:66:               - description      = "Node groups to cluster API"
TestTerraformPatcheExample 2022-03-22T16:34:29Z logger.go:66:               - from_port        = 443
TestTerraformPatcheExample 2022-03-22T16:34:29Z logger.go:66:               - ipv6_cidr_blocks = []
TestTerraformPatcheExample 2022-03-22T16:34:29Z logger.go:66:               - prefix_list_ids  = []
TestTerraformPatcheExample 2022-03-22T16:34:29Z logger.go:66:               - protocol         = "tcp"
TestTerraformPatcheExample 2022-03-22T16:34:29Z logger.go:66:               - security_groups  = [
TestTerraformPatcheExample 2022-03-22T16:34:29Z logger.go:66:                   - "sg-0596d421855ad5b1c",
TestTerraformPatcheExample 2022-03-22T16:34:29Z logger.go:66:                 ]
TestTerraformPatcheExample 2022-03-22T16:34:29Z logger.go:66:               - self             = false
TestTerraformPatcheExample 2022-03-22T16:34:29Z logger.go:66:               - to_port          = 443
TestTerraformPatcheExample 2022-03-22T16:34:29Z logger.go:66:             },
TestTerraformPatcheExample 2022-03-22T16:34:29Z logger.go:66:         ] -> null
TestTerraformPatcheExample 2022-03-22T16:34:29Z logger.go:66:       - name                   = "ex-patch-cluster-20220322162108439000000011" -> null
TestTerraformPatcheExample 2022-03-22T16:34:29Z logger.go:66:       - name_prefix            = "ex-patch-cluster-" -> null
TestTerraformPatcheExample 2022-03-22T16:34:29Z logger.go:66:       - owner_id               = "11111111111" -> null
TestTerraformPatcheExample 2022-03-22T16:34:29Z logger.go:66:       - revoke_rules_on_delete = false -> null
TestTerraformPatcheExample 2022-03-22T16:34:29Z logger.go:66:       - tags                   = {
TestTerraformPatcheExample 2022-03-22T16:34:29Z logger.go:66:           - "Name" = "ex-patch-cluster"
TestTerraformPatcheExample 2022-03-22T16:34:29Z logger.go:66:         } -> null
TestTerraformPatcheExample 2022-03-22T16:34:29Z logger.go:66:       - tags_all               = {
TestTerraformPatcheExample 2022-03-22T16:34:29Z logger.go:66:           - "Example"    = "ex-patch"
TestTerraformPatcheExample 2022-03-22T16:34:29Z logger.go:66:           - "GithubOrg"  = "aidan-melen"
TestTerraformPatcheExample 2022-03-22T16:34:29Z logger.go:66:           - "GithubRepo" = "terraform-aws-eks-auth"
TestTerraformPatcheExample 2022-03-22T16:34:29Z logger.go:66:           - "Name"       = "ex-patch-cluster"
TestTerraformPatcheExample 2022-03-22T16:34:29Z logger.go:66:         } -> null
TestTerraformPatcheExample 2022-03-22T16:34:29Z logger.go:66:       - vpc_id                 = "vpc-0da699baf2c256d6d" -> null
TestTerraformPatcheExample 2022-03-22T16:34:29Z logger.go:66:     }
TestTerraformPatcheExample 2022-03-22T16:34:29Z logger.go:66:
TestTerraformPatcheExample 2022-03-22T16:34:29Z logger.go:66:   # module.eks.aws_security_group.node[0] will be destroyed
TestTerraformPatcheExample 2022-03-22T16:34:29Z logger.go:66:   - resource "aws_security_group" "node" {
TestTerraformPatcheExample 2022-03-22T16:34:29Z logger.go:66:       - arn                    = "arn:aws:ec2:us-west-2:11111111111:security-group/sg-0596d421855ad5b1c" -> null
TestTerraformPatcheExample 2022-03-22T16:34:29Z logger.go:66:       - description            = "EKS node shared security group" -> null
TestTerraformPatcheExample 2022-03-22T16:34:29Z logger.go:66:       - egress                 = [
TestTerraformPatcheExample 2022-03-22T16:34:29Z logger.go:66:           - {
TestTerraformPatcheExample 2022-03-22T16:34:29Z logger.go:66:               - cidr_blocks      = [
TestTerraformPatcheExample 2022-03-22T16:34:29Z logger.go:66:                   - "0.0.0.0/0",
TestTerraformPatcheExample 2022-03-22T16:34:29Z logger.go:66:                 ]
TestTerraformPatcheExample 2022-03-22T16:34:29Z logger.go:66:               - description      = "Egress NTP/TCP to internet"
TestTerraformPatcheExample 2022-03-22T16:34:29Z logger.go:66:               - from_port        = 123
TestTerraformPatcheExample 2022-03-22T16:34:29Z logger.go:66:               - ipv6_cidr_blocks = []
TestTerraformPatcheExample 2022-03-22T16:34:29Z logger.go:66:               - prefix_list_ids  = []
TestTerraformPatcheExample 2022-03-22T16:34:29Z logger.go:66:               - protocol         = "tcp"
TestTerraformPatcheExample 2022-03-22T16:34:29Z logger.go:66:               - security_groups  = []
TestTerraformPatcheExample 2022-03-22T16:34:29Z logger.go:66:               - self             = false
TestTerraformPatcheExample 2022-03-22T16:34:29Z logger.go:66:               - to_port          = 123
TestTerraformPatcheExample 2022-03-22T16:34:29Z logger.go:66:             },
TestTerraformPatcheExample 2022-03-22T16:34:29Z logger.go:66:           - {
TestTerraformPatcheExample 2022-03-22T16:34:29Z logger.go:66:               - cidr_blocks      = [
TestTerraformPatcheExample 2022-03-22T16:34:29Z logger.go:66:                   - "0.0.0.0/0",
TestTerraformPatcheExample 2022-03-22T16:34:29Z logger.go:66:                 ]
TestTerraformPatcheExample 2022-03-22T16:34:29Z logger.go:66:               - description      = "Egress NTP/UDP to internet"
TestTerraformPatcheExample 2022-03-22T16:34:29Z logger.go:66:               - from_port        = 123
TestTerraformPatcheExample 2022-03-22T16:34:29Z logger.go:66:               - ipv6_cidr_blocks = []
TestTerraformPatcheExample 2022-03-22T16:34:29Z logger.go:66:               - prefix_list_ids  = []
TestTerraformPatcheExample 2022-03-22T16:34:29Z logger.go:66:               - protocol         = "udp"
TestTerraformPatcheExample 2022-03-22T16:34:29Z logger.go:66:               - security_groups  = []
TestTerraformPatcheExample 2022-03-22T16:34:29Z logger.go:66:               - self             = false
TestTerraformPatcheExample 2022-03-22T16:34:29Z logger.go:66:               - to_port          = 123
TestTerraformPatcheExample 2022-03-22T16:34:29Z logger.go:66:             },
TestTerraformPatcheExample 2022-03-22T16:34:29Z logger.go:66:           - {
TestTerraformPatcheExample 2022-03-22T16:34:29Z logger.go:66:               - cidr_blocks      = [
TestTerraformPatcheExample 2022-03-22T16:34:29Z logger.go:66:                   - "0.0.0.0/0",
TestTerraformPatcheExample 2022-03-22T16:34:29Z logger.go:66:                 ]
TestTerraformPatcheExample 2022-03-22T16:34:29Z logger.go:66:               - description      = "Egress all HTTPS to internet"
TestTerraformPatcheExample 2022-03-22T16:34:29Z logger.go:66:               - from_port        = 443
TestTerraformPatcheExample 2022-03-22T16:34:29Z logger.go:66:               - ipv6_cidr_blocks = []
TestTerraformPatcheExample 2022-03-22T16:34:29Z logger.go:66:               - prefix_list_ids  = []
TestTerraformPatcheExample 2022-03-22T16:34:29Z logger.go:66:               - protocol         = "tcp"
TestTerraformPatcheExample 2022-03-22T16:34:29Z logger.go:66:               - security_groups  = []
TestTerraformPatcheExample 2022-03-22T16:34:29Z logger.go:66:               - self             = false
TestTerraformPatcheExample 2022-03-22T16:34:29Z logger.go:66:               - to_port          = 443
TestTerraformPatcheExample 2022-03-22T16:34:29Z logger.go:66:             },
TestTerraformPatcheExample 2022-03-22T16:34:29Z logger.go:66:           - {
TestTerraformPatcheExample 2022-03-22T16:34:29Z logger.go:66:               - cidr_blocks      = []
TestTerraformPatcheExample 2022-03-22T16:34:29Z logger.go:66:               - description      = "Node groups to cluster API"
TestTerraformPatcheExample 2022-03-22T16:34:29Z logger.go:66:               - from_port        = 443
TestTerraformPatcheExample 2022-03-22T16:34:29Z logger.go:66:               - ipv6_cidr_blocks = []
TestTerraformPatcheExample 2022-03-22T16:34:29Z logger.go:66:               - prefix_list_ids  = []
TestTerraformPatcheExample 2022-03-22T16:34:29Z logger.go:66:               - protocol         = "tcp"
TestTerraformPatcheExample 2022-03-22T16:34:29Z logger.go:66:               - security_groups  = [
TestTerraformPatcheExample 2022-03-22T16:34:29Z logger.go:66:                   - "sg-00ad4d5eb6d4768af",
TestTerraformPatcheExample 2022-03-22T16:34:29Z logger.go:66:                 ]
TestTerraformPatcheExample 2022-03-22T16:34:29Z logger.go:66:               - self             = false
TestTerraformPatcheExample 2022-03-22T16:34:29Z logger.go:66:               - to_port          = 443
TestTerraformPatcheExample 2022-03-22T16:34:29Z logger.go:66:             },
TestTerraformPatcheExample 2022-03-22T16:34:29Z logger.go:66:           - {
TestTerraformPatcheExample 2022-03-22T16:34:29Z logger.go:66:               - cidr_blocks      = []
TestTerraformPatcheExample 2022-03-22T16:34:29Z logger.go:66:               - description      = "Node to node CoreDNS"
TestTerraformPatcheExample 2022-03-22T16:34:29Z logger.go:66:               - from_port        = 53
TestTerraformPatcheExample 2022-03-22T16:34:29Z logger.go:66:               - ipv6_cidr_blocks = []
TestTerraformPatcheExample 2022-03-22T16:34:29Z logger.go:66:               - prefix_list_ids  = []
TestTerraformPatcheExample 2022-03-22T16:34:29Z logger.go:66:               - protocol         = "tcp"
TestTerraformPatcheExample 2022-03-22T16:34:29Z logger.go:66:               - security_groups  = []
TestTerraformPatcheExample 2022-03-22T16:34:29Z logger.go:66:               - self             = true
TestTerraformPatcheExample 2022-03-22T16:34:29Z logger.go:66:               - to_port          = 53
TestTerraformPatcheExample 2022-03-22T16:34:29Z logger.go:66:             },
TestTerraformPatcheExample 2022-03-22T16:34:29Z logger.go:66:           - {
TestTerraformPatcheExample 2022-03-22T16:34:29Z logger.go:66:               - cidr_blocks      = []
TestTerraformPatcheExample 2022-03-22T16:34:29Z logger.go:66:               - description      = "Node to node CoreDNS"
TestTerraformPatcheExample 2022-03-22T16:34:29Z logger.go:66:               - from_port        = 53
TestTerraformPatcheExample 2022-03-22T16:34:29Z logger.go:66:               - ipv6_cidr_blocks = []
TestTerraformPatcheExample 2022-03-22T16:34:29Z logger.go:66:               - prefix_list_ids  = []
TestTerraformPatcheExample 2022-03-22T16:34:29Z logger.go:66:               - protocol         = "udp"
TestTerraformPatcheExample 2022-03-22T16:34:29Z logger.go:66:               - security_groups  = []
TestTerraformPatcheExample 2022-03-22T16:34:29Z logger.go:66:               - self             = true
TestTerraformPatcheExample 2022-03-22T16:34:29Z logger.go:66:               - to_port          = 53
TestTerraformPatcheExample 2022-03-22T16:34:29Z logger.go:66:             },
TestTerraformPatcheExample 2022-03-22T16:34:29Z logger.go:66:         ] -> null
TestTerraformPatcheExample 2022-03-22T16:34:29Z logger.go:66:       - id                     = "sg-0596d421855ad5b1c" -> null
TestTerraformPatcheExample 2022-03-22T16:34:29Z logger.go:66:       - ingress                = [
TestTerraformPatcheExample 2022-03-22T16:34:29Z logger.go:66:           - {
TestTerraformPatcheExample 2022-03-22T16:34:29Z logger.go:66:               - cidr_blocks      = []
TestTerraformPatcheExample 2022-03-22T16:34:29Z logger.go:66:               - description      = "Cluster API to node groups"
TestTerraformPatcheExample 2022-03-22T16:34:29Z logger.go:66:               - from_port        = 443
TestTerraformPatcheExample 2022-03-22T16:34:29Z logger.go:66:               - ipv6_cidr_blocks = []
TestTerraformPatcheExample 2022-03-22T16:34:29Z logger.go:66:               - prefix_list_ids  = []
TestTerraformPatcheExample 2022-03-22T16:34:29Z logger.go:66:               - protocol         = "tcp"
TestTerraformPatcheExample 2022-03-22T16:34:29Z logger.go:66:               - security_groups  = [
TestTerraformPatcheExample 2022-03-22T16:34:29Z logger.go:66:                   - "sg-00ad4d5eb6d4768af",
TestTerraformPatcheExample 2022-03-22T16:34:29Z logger.go:66:                 ]
TestTerraformPatcheExample 2022-03-22T16:34:29Z logger.go:66:               - self             = false
TestTerraformPatcheExample 2022-03-22T16:34:29Z logger.go:66:               - to_port          = 443
TestTerraformPatcheExample 2022-03-22T16:34:29Z logger.go:66:             },
TestTerraformPatcheExample 2022-03-22T16:34:29Z logger.go:66:           - {
TestTerraformPatcheExample 2022-03-22T16:34:29Z logger.go:66:               - cidr_blocks      = []
TestTerraformPatcheExample 2022-03-22T16:34:29Z logger.go:66:               - description      = "Cluster API to node kubelets"
TestTerraformPatcheExample 2022-03-22T16:34:29Z logger.go:66:               - from_port        = 10250
TestTerraformPatcheExample 2022-03-22T16:34:29Z logger.go:66:               - ipv6_cidr_blocks = []
TestTerraformPatcheExample 2022-03-22T16:34:29Z logger.go:66:               - prefix_list_ids  = []
TestTerraformPatcheExample 2022-03-22T16:34:29Z logger.go:66:               - protocol         = "tcp"
TestTerraformPatcheExample 2022-03-22T16:34:29Z logger.go:66:               - security_groups  = [
TestTerraformPatcheExample 2022-03-22T16:34:29Z logger.go:66:                   - "sg-00ad4d5eb6d4768af",
TestTerraformPatcheExample 2022-03-22T16:34:29Z logger.go:66:                 ]
TestTerraformPatcheExample 2022-03-22T16:34:29Z logger.go:66:               - self             = false
TestTerraformPatcheExample 2022-03-22T16:34:29Z logger.go:66:               - to_port          = 10250
TestTerraformPatcheExample 2022-03-22T16:34:29Z logger.go:66:             },
TestTerraformPatcheExample 2022-03-22T16:34:29Z logger.go:66:           - {
TestTerraformPatcheExample 2022-03-22T16:34:29Z logger.go:66:               - cidr_blocks      = []
TestTerraformPatcheExample 2022-03-22T16:34:29Z logger.go:66:               - description      = "Node to node CoreDNS"
TestTerraformPatcheExample 2022-03-22T16:34:29Z logger.go:66:               - from_port        = 53
TestTerraformPatcheExample 2022-03-22T16:34:29Z logger.go:66:               - ipv6_cidr_blocks = []
TestTerraformPatcheExample 2022-03-22T16:34:29Z logger.go:66:               - prefix_list_ids  = []
TestTerraformPatcheExample 2022-03-22T16:34:29Z logger.go:66:               - protocol         = "tcp"
TestTerraformPatcheExample 2022-03-22T16:34:29Z logger.go:66:               - security_groups  = []
TestTerraformPatcheExample 2022-03-22T16:34:29Z logger.go:66:               - self             = true
TestTerraformPatcheExample 2022-03-22T16:34:29Z logger.go:66:               - to_port          = 53
TestTerraformPatcheExample 2022-03-22T16:34:29Z logger.go:66:             },
TestTerraformPatcheExample 2022-03-22T16:34:29Z logger.go:66:           - {
TestTerraformPatcheExample 2022-03-22T16:34:29Z logger.go:66:               - cidr_blocks      = []
TestTerraformPatcheExample 2022-03-22T16:34:29Z logger.go:66:               - description      = "Node to node CoreDNS"
TestTerraformPatcheExample 2022-03-22T16:34:29Z logger.go:66:               - from_port        = 53
TestTerraformPatcheExample 2022-03-22T16:34:29Z logger.go:66:               - ipv6_cidr_blocks = []
TestTerraformPatcheExample 2022-03-22T16:34:29Z logger.go:66:               - prefix_list_ids  = []
TestTerraformPatcheExample 2022-03-22T16:34:29Z logger.go:66:               - protocol         = "udp"
TestTerraformPatcheExample 2022-03-22T16:34:29Z logger.go:66:               - security_groups  = []
TestTerraformPatcheExample 2022-03-22T16:34:29Z logger.go:66:               - self             = true
TestTerraformPatcheExample 2022-03-22T16:34:29Z logger.go:66:               - to_port          = 53
TestTerraformPatcheExample 2022-03-22T16:34:29Z logger.go:66:             },
TestTerraformPatcheExample 2022-03-22T16:34:29Z logger.go:66:         ] -> null
TestTerraformPatcheExample 2022-03-22T16:34:29Z logger.go:66:       - name                   = "ex-patch-node-20220322162108437700000010" -> null
TestTerraformPatcheExample 2022-03-22T16:34:29Z logger.go:66:       - name_prefix            = "ex-patch-node-" -> null
TestTerraformPatcheExample 2022-03-22T16:34:29Z logger.go:66:       - owner_id               = "11111111111" -> null
TestTerraformPatcheExample 2022-03-22T16:34:29Z logger.go:66:       - revoke_rules_on_delete = false -> null
TestTerraformPatcheExample 2022-03-22T16:34:29Z logger.go:66:       - tags                   = {
TestTerraformPatcheExample 2022-03-22T16:34:29Z logger.go:66:           - "Name"                           = "ex-patch-node"
TestTerraformPatcheExample 2022-03-22T16:34:29Z logger.go:66:           - "kubernetes.io/cluster/ex-patch" = "owned"
TestTerraformPatcheExample 2022-03-22T16:34:29Z logger.go:66:         } -> null
TestTerraformPatcheExample 2022-03-22T16:34:29Z logger.go:66:       - tags_all               = {
TestTerraformPatcheExample 2022-03-22T16:34:29Z logger.go:66:           - "Example"                        = "ex-patch"
TestTerraformPatcheExample 2022-03-22T16:34:29Z logger.go:66:           - "GithubOrg"                      = "aidan-melen"
TestTerraformPatcheExample 2022-03-22T16:34:29Z logger.go:66:           - "GithubRepo"                     = "terraform-aws-eks-auth"
TestTerraformPatcheExample 2022-03-22T16:34:29Z logger.go:66:           - "Name"                           = "ex-patch-node"
TestTerraformPatcheExample 2022-03-22T16:34:29Z logger.go:66:           - "kubernetes.io/cluster/ex-patch" = "owned"
TestTerraformPatcheExample 2022-03-22T16:34:29Z logger.go:66:         } -> null
TestTerraformPatcheExample 2022-03-22T16:34:29Z logger.go:66:       - vpc_id                 = "vpc-0da699baf2c256d6d" -> null
TestTerraformPatcheExample 2022-03-22T16:34:29Z logger.go:66:     }
TestTerraformPatcheExample 2022-03-22T16:34:29Z logger.go:66:
TestTerraformPatcheExample 2022-03-22T16:34:29Z logger.go:66:   # module.eks.aws_security_group_rule.cluster["egress_nodes_443"] will be destroyed
TestTerraformPatcheExample 2022-03-22T16:34:29Z logger.go:66:   - resource "aws_security_group_rule" "cluster" {
TestTerraformPatcheExample 2022-03-22T16:34:29Z logger.go:66:       - cidr_blocks              = [] -> null
TestTerraformPatcheExample 2022-03-22T16:34:29Z logger.go:66:       - description              = "Cluster API to node groups" -> null
TestTerraformPatcheExample 2022-03-22T16:34:29Z logger.go:66:       - from_port                = 443 -> null
TestTerraformPatcheExample 2022-03-22T16:34:29Z logger.go:66:       - id                       = "sgrule-2793884829" -> null
TestTerraformPatcheExample 2022-03-22T16:34:29Z logger.go:66:       - ipv6_cidr_blocks         = [] -> null
TestTerraformPatcheExample 2022-03-22T16:34:29Z logger.go:66:       - prefix_list_ids          = [] -> null
TestTerraformPatcheExample 2022-03-22T16:34:29Z logger.go:66:       - protocol                 = "tcp" -> null
TestTerraformPatcheExample 2022-03-22T16:34:29Z logger.go:66:       - security_group_id        = "sg-00ad4d5eb6d4768af" -> null
TestTerraformPatcheExample 2022-03-22T16:34:29Z logger.go:66:       - self                     = false -> null
TestTerraformPatcheExample 2022-03-22T16:34:29Z logger.go:66:       - source_security_group_id = "sg-0596d421855ad5b1c" -> null
TestTerraformPatcheExample 2022-03-22T16:34:29Z logger.go:66:       - to_port                  = 443 -> null
TestTerraformPatcheExample 2022-03-22T16:34:29Z logger.go:66:       - type                     = "egress" -> null
TestTerraformPatcheExample 2022-03-22T16:34:29Z logger.go:66:     }
TestTerraformPatcheExample 2022-03-22T16:34:29Z logger.go:66:
TestTerraformPatcheExample 2022-03-22T16:34:29Z logger.go:66:   # module.eks.aws_security_group_rule.cluster["egress_nodes_kubelet"] will be destroyed
TestTerraformPatcheExample 2022-03-22T16:34:29Z logger.go:66:   - resource "aws_security_group_rule" "cluster" {
TestTerraformPatcheExample 2022-03-22T16:34:29Z logger.go:66:       - cidr_blocks              = [] -> null
TestTerraformPatcheExample 2022-03-22T16:34:29Z logger.go:66:       - description              = "Cluster API to node kubelets" -> null
TestTerraformPatcheExample 2022-03-22T16:34:29Z logger.go:66:       - from_port                = 10250 -> null
TestTerraformPatcheExample 2022-03-22T16:34:29Z logger.go:66:       - id                       = "sgrule-4206276413" -> null
TestTerraformPatcheExample 2022-03-22T16:34:29Z logger.go:66:       - ipv6_cidr_blocks         = [] -> null
TestTerraformPatcheExample 2022-03-22T16:34:29Z logger.go:66:       - prefix_list_ids          = [] -> null
TestTerraformPatcheExample 2022-03-22T16:34:29Z logger.go:66:       - protocol                 = "tcp" -> null
TestTerraformPatcheExample 2022-03-22T16:34:29Z logger.go:66:       - security_group_id        = "sg-00ad4d5eb6d4768af" -> null
TestTerraformPatcheExample 2022-03-22T16:34:29Z logger.go:66:       - self                     = false -> null
TestTerraformPatcheExample 2022-03-22T16:34:29Z logger.go:66:       - source_security_group_id = "sg-0596d421855ad5b1c" -> null
TestTerraformPatcheExample 2022-03-22T16:34:29Z logger.go:66:       - to_port                  = 10250 -> null
TestTerraformPatcheExample 2022-03-22T16:34:29Z logger.go:66:       - type                     = "egress" -> null
TestTerraformPatcheExample 2022-03-22T16:34:29Z logger.go:66:     }
TestTerraformPatcheExample 2022-03-22T16:34:29Z logger.go:66:
TestTerraformPatcheExample 2022-03-22T16:34:29Z logger.go:66:   # module.eks.aws_security_group_rule.cluster["ingress_nodes_443"] will be destroyed
TestTerraformPatcheExample 2022-03-22T16:34:29Z logger.go:66:   - resource "aws_security_group_rule" "cluster" {
TestTerraformPatcheExample 2022-03-22T16:34:29Z logger.go:66:       - cidr_blocks              = [] -> null
TestTerraformPatcheExample 2022-03-22T16:34:29Z logger.go:66:       - description              = "Node groups to cluster API" -> null
TestTerraformPatcheExample 2022-03-22T16:34:29Z logger.go:66:       - from_port                = 443 -> null
TestTerraformPatcheExample 2022-03-22T16:34:29Z logger.go:66:       - id                       = "sgrule-4257290792" -> null
TestTerraformPatcheExample 2022-03-22T16:34:29Z logger.go:66:       - ipv6_cidr_blocks         = [] -> null
TestTerraformPatcheExample 2022-03-22T16:34:29Z logger.go:66:       - prefix_list_ids          = [] -> null
TestTerraformPatcheExample 2022-03-22T16:34:29Z logger.go:66:       - protocol                 = "tcp" -> null
TestTerraformPatcheExample 2022-03-22T16:34:29Z logger.go:66:       - security_group_id        = "sg-00ad4d5eb6d4768af" -> null
TestTerraformPatcheExample 2022-03-22T16:34:29Z logger.go:66:       - self                     = false -> null
TestTerraformPatcheExample 2022-03-22T16:34:29Z logger.go:66:       - source_security_group_id = "sg-0596d421855ad5b1c" -> null
TestTerraformPatcheExample 2022-03-22T16:34:29Z logger.go:66:       - to_port                  = 443 -> null
TestTerraformPatcheExample 2022-03-22T16:34:29Z logger.go:66:       - type                     = "ingress" -> null
TestTerraformPatcheExample 2022-03-22T16:34:29Z logger.go:66:     }
TestTerraformPatcheExample 2022-03-22T16:34:29Z logger.go:66:
TestTerraformPatcheExample 2022-03-22T16:34:29Z logger.go:66:   # module.eks.aws_security_group_rule.node["egress_cluster_443"] will be destroyed
TestTerraformPatcheExample 2022-03-22T16:34:29Z logger.go:66:   - resource "aws_security_group_rule" "node" {
TestTerraformPatcheExample 2022-03-22T16:34:29Z logger.go:66:       - cidr_blocks              = [] -> null
TestTerraformPatcheExample 2022-03-22T16:34:29Z logger.go:66:       - description              = "Node groups to cluster API" -> null
TestTerraformPatcheExample 2022-03-22T16:34:29Z logger.go:66:       - from_port                = 443 -> null
TestTerraformPatcheExample 2022-03-22T16:34:29Z logger.go:66:       - id                       = "sgrule-237039721" -> null
TestTerraformPatcheExample 2022-03-22T16:34:29Z logger.go:66:       - ipv6_cidr_blocks         = [] -> null
TestTerraformPatcheExample 2022-03-22T16:34:29Z logger.go:66:       - prefix_list_ids          = [] -> null
TestTerraformPatcheExample 2022-03-22T16:34:29Z logger.go:66:       - protocol                 = "tcp" -> null
TestTerraformPatcheExample 2022-03-22T16:34:29Z logger.go:66:       - security_group_id        = "sg-0596d421855ad5b1c" -> null
TestTerraformPatcheExample 2022-03-22T16:34:29Z logger.go:66:       - self                     = false -> null
TestTerraformPatcheExample 2022-03-22T16:34:29Z logger.go:66:       - source_security_group_id = "sg-00ad4d5eb6d4768af" -> null
TestTerraformPatcheExample 2022-03-22T16:34:29Z logger.go:66:       - to_port                  = 443 -> null
TestTerraformPatcheExample 2022-03-22T16:34:29Z logger.go:66:       - type                     = "egress" -> null
TestTerraformPatcheExample 2022-03-22T16:34:29Z logger.go:66:     }
TestTerraformPatcheExample 2022-03-22T16:34:29Z logger.go:66:
TestTerraformPatcheExample 2022-03-22T16:34:29Z logger.go:66:   # module.eks.aws_security_group_rule.node["egress_https"] will be destroyed
TestTerraformPatcheExample 2022-03-22T16:34:29Z logger.go:66:   - resource "aws_security_group_rule" "node" {
TestTerraformPatcheExample 2022-03-22T16:34:29Z logger.go:66:       - cidr_blocks       = [
TestTerraformPatcheExample 2022-03-22T16:34:29Z logger.go:66:           - "0.0.0.0/0",
TestTerraformPatcheExample 2022-03-22T16:34:29Z logger.go:66:         ] -> null
TestTerraformPatcheExample 2022-03-22T16:34:29Z logger.go:66:       - description       = "Egress all HTTPS to internet" -> null
TestTerraformPatcheExample 2022-03-22T16:34:29Z logger.go:66:       - from_port         = 443 -> null
TestTerraformPatcheExample 2022-03-22T16:34:29Z logger.go:66:       - id                = "sgrule-236403805" -> null
TestTerraformPatcheExample 2022-03-22T16:34:29Z logger.go:66:       - ipv6_cidr_blocks  = [] -> null
TestTerraformPatcheExample 2022-03-22T16:34:29Z logger.go:66:       - prefix_list_ids   = [] -> null
TestTerraformPatcheExample 2022-03-22T16:34:29Z logger.go:66:       - protocol          = "tcp" -> null
TestTerraformPatcheExample 2022-03-22T16:34:29Z logger.go:66:       - security_group_id = "sg-0596d421855ad5b1c" -> null
TestTerraformPatcheExample 2022-03-22T16:34:29Z logger.go:66:       - self              = false -> null
TestTerraformPatcheExample 2022-03-22T16:34:29Z logger.go:66:       - to_port           = 443 -> null
TestTerraformPatcheExample 2022-03-22T16:34:29Z logger.go:66:       - type              = "egress" -> null
TestTerraformPatcheExample 2022-03-22T16:34:29Z logger.go:66:     }
TestTerraformPatcheExample 2022-03-22T16:34:29Z logger.go:66:
TestTerraformPatcheExample 2022-03-22T16:34:29Z logger.go:66:   # module.eks.aws_security_group_rule.node["egress_ntp_tcp"] will be destroyed
TestTerraformPatcheExample 2022-03-22T16:34:29Z logger.go:66:   - resource "aws_security_group_rule" "node" {
TestTerraformPatcheExample 2022-03-22T16:34:29Z logger.go:66:       - cidr_blocks       = [
TestTerraformPatcheExample 2022-03-22T16:34:29Z logger.go:66:           - "0.0.0.0/0",
TestTerraformPatcheExample 2022-03-22T16:34:29Z logger.go:66:         ] -> null
TestTerraformPatcheExample 2022-03-22T16:34:29Z logger.go:66:       - description       = "Egress NTP/TCP to internet" -> null
TestTerraformPatcheExample 2022-03-22T16:34:29Z logger.go:66:       - from_port         = 123 -> null
TestTerraformPatcheExample 2022-03-22T16:34:29Z logger.go:66:       - id                = "sgrule-3519611203" -> null
TestTerraformPatcheExample 2022-03-22T16:34:29Z logger.go:66:       - ipv6_cidr_blocks  = [] -> null
TestTerraformPatcheExample 2022-03-22T16:34:29Z logger.go:66:       - prefix_list_ids   = [] -> null
TestTerraformPatcheExample 2022-03-22T16:34:29Z logger.go:66:       - protocol          = "tcp" -> null
TestTerraformPatcheExample 2022-03-22T16:34:29Z logger.go:66:       - security_group_id = "sg-0596d421855ad5b1c" -> null
TestTerraformPatcheExample 2022-03-22T16:34:29Z logger.go:66:       - self              = false -> null
TestTerraformPatcheExample 2022-03-22T16:34:29Z logger.go:66:       - to_port           = 123 -> null
TestTerraformPatcheExample 2022-03-22T16:34:29Z logger.go:66:       - type              = "egress" -> null
TestTerraformPatcheExample 2022-03-22T16:34:29Z logger.go:66:     }
TestTerraformPatcheExample 2022-03-22T16:34:29Z logger.go:66:
TestTerraformPatcheExample 2022-03-22T16:34:29Z logger.go:66:   # module.eks.aws_security_group_rule.node["egress_ntp_udp"] will be destroyed
TestTerraformPatcheExample 2022-03-22T16:34:29Z logger.go:66:   - resource "aws_security_group_rule" "node" {
TestTerraformPatcheExample 2022-03-22T16:34:29Z logger.go:66:       - cidr_blocks       = [
TestTerraformPatcheExample 2022-03-22T16:34:29Z logger.go:66:           - "0.0.0.0/0",
TestTerraformPatcheExample 2022-03-22T16:34:29Z logger.go:66:         ] -> null
TestTerraformPatcheExample 2022-03-22T16:34:29Z logger.go:66:       - description       = "Egress NTP/UDP to internet" -> null
TestTerraformPatcheExample 2022-03-22T16:34:29Z logger.go:66:       - from_port         = 123 -> null
TestTerraformPatcheExample 2022-03-22T16:34:29Z logger.go:66:       - id                = "sgrule-2941723726" -> null
TestTerraformPatcheExample 2022-03-22T16:34:29Z logger.go:66:       - ipv6_cidr_blocks  = [] -> null
TestTerraformPatcheExample 2022-03-22T16:34:29Z logger.go:66:       - prefix_list_ids   = [] -> null
TestTerraformPatcheExample 2022-03-22T16:34:29Z logger.go:66:       - protocol          = "udp" -> null
TestTerraformPatcheExample 2022-03-22T16:34:29Z logger.go:66:       - security_group_id = "sg-0596d421855ad5b1c" -> null
TestTerraformPatcheExample 2022-03-22T16:34:29Z logger.go:66:       - self              = false -> null
TestTerraformPatcheExample 2022-03-22T16:34:29Z logger.go:66:       - to_port           = 123 -> null
TestTerraformPatcheExample 2022-03-22T16:34:29Z logger.go:66:       - type              = "egress" -> null
TestTerraformPatcheExample 2022-03-22T16:34:29Z logger.go:66:     }
TestTerraformPatcheExample 2022-03-22T16:34:29Z logger.go:66:
TestTerraformPatcheExample 2022-03-22T16:34:29Z logger.go:66:   # module.eks.aws_security_group_rule.node["egress_self_coredns_tcp"] will be destroyed
TestTerraformPatcheExample 2022-03-22T16:34:29Z logger.go:66:   - resource "aws_security_group_rule" "node" {
TestTerraformPatcheExample 2022-03-22T16:34:29Z logger.go:66:       - cidr_blocks              = [] -> null
TestTerraformPatcheExample 2022-03-22T16:34:29Z logger.go:66:       - description              = "Node to node CoreDNS" -> null
TestTerraformPatcheExample 2022-03-22T16:34:29Z logger.go:66:       - from_port                = 53 -> null
TestTerraformPatcheExample 2022-03-22T16:34:29Z logger.go:66:       - id                       = "sgrule-2518725438" -> null
TestTerraformPatcheExample 2022-03-22T16:34:29Z logger.go:66:       - ipv6_cidr_blocks         = [] -> null
TestTerraformPatcheExample 2022-03-22T16:34:29Z logger.go:66:       - prefix_list_ids          = [] -> null
TestTerraformPatcheExample 2022-03-22T16:34:29Z logger.go:66:       - protocol                 = "tcp" -> null
TestTerraformPatcheExample 2022-03-22T16:34:29Z logger.go:66:       - security_group_id        = "sg-0596d421855ad5b1c" -> null
TestTerraformPatcheExample 2022-03-22T16:34:29Z logger.go:66:       - self                     = true -> null
TestTerraformPatcheExample 2022-03-22T16:34:29Z logger.go:66:       - source_security_group_id = "sg-0596d421855ad5b1c" -> null
TestTerraformPatcheExample 2022-03-22T16:34:29Z logger.go:66:       - to_port                  = 53 -> null
TestTerraformPatcheExample 2022-03-22T16:34:29Z logger.go:66:       - type                     = "egress" -> null
TestTerraformPatcheExample 2022-03-22T16:34:29Z logger.go:66:     }
TestTerraformPatcheExample 2022-03-22T16:34:29Z logger.go:66:
TestTerraformPatcheExample 2022-03-22T16:34:29Z logger.go:66:   # module.eks.aws_security_group_rule.node["egress_self_coredns_udp"] will be destroyed
TestTerraformPatcheExample 2022-03-22T16:34:29Z logger.go:66:   - resource "aws_security_group_rule" "node" {
TestTerraformPatcheExample 2022-03-22T16:34:29Z logger.go:66:       - cidr_blocks              = [] -> null
TestTerraformPatcheExample 2022-03-22T16:34:29Z logger.go:66:       - description              = "Node to node CoreDNS" -> null
TestTerraformPatcheExample 2022-03-22T16:34:29Z logger.go:66:       - from_port                = 53 -> null
TestTerraformPatcheExample 2022-03-22T16:34:29Z logger.go:66:       - id                       = "sgrule-407318872" -> null
TestTerraformPatcheExample 2022-03-22T16:34:29Z logger.go:66:       - ipv6_cidr_blocks         = [] -> null
TestTerraformPatcheExample 2022-03-22T16:34:29Z logger.go:66:       - prefix_list_ids          = [] -> null
TestTerraformPatcheExample 2022-03-22T16:34:29Z logger.go:66:       - protocol                 = "udp" -> null
TestTerraformPatcheExample 2022-03-22T16:34:29Z logger.go:66:       - security_group_id        = "sg-0596d421855ad5b1c" -> null
TestTerraformPatcheExample 2022-03-22T16:34:29Z logger.go:66:       - self                     = true -> null
TestTerraformPatcheExample 2022-03-22T16:34:29Z logger.go:66:       - source_security_group_id = "sg-0596d421855ad5b1c" -> null
TestTerraformPatcheExample 2022-03-22T16:34:29Z logger.go:66:       - to_port                  = 53 -> null
TestTerraformPatcheExample 2022-03-22T16:34:29Z logger.go:66:       - type                     = "egress" -> null
TestTerraformPatcheExample 2022-03-22T16:34:29Z logger.go:66:     }
TestTerraformPatcheExample 2022-03-22T16:34:29Z logger.go:66:
TestTerraformPatcheExample 2022-03-22T16:34:29Z logger.go:66:   # module.eks.aws_security_group_rule.node["ingress_cluster_443"] will be destroyed
TestTerraformPatcheExample 2022-03-22T16:34:29Z logger.go:66:   - resource "aws_security_group_rule" "node" {
TestTerraformPatcheExample 2022-03-22T16:34:29Z logger.go:66:       - cidr_blocks              = [] -> null
TestTerraformPatcheExample 2022-03-22T16:34:29Z logger.go:66:       - description              = "Cluster API to node groups" -> null
TestTerraformPatcheExample 2022-03-22T16:34:29Z logger.go:66:       - from_port                = 443 -> null
TestTerraformPatcheExample 2022-03-22T16:34:29Z logger.go:66:       - id                       = "sgrule-702582387" -> null
TestTerraformPatcheExample 2022-03-22T16:34:29Z logger.go:66:       - ipv6_cidr_blocks         = [] -> null
TestTerraformPatcheExample 2022-03-22T16:34:29Z logger.go:66:       - prefix_list_ids          = [] -> null
TestTerraformPatcheExample 2022-03-22T16:34:29Z logger.go:66:       - protocol                 = "tcp" -> null
TestTerraformPatcheExample 2022-03-22T16:34:29Z logger.go:66:       - security_group_id        = "sg-0596d421855ad5b1c" -> null
TestTerraformPatcheExample 2022-03-22T16:34:29Z logger.go:66:       - self                     = false -> null
TestTerraformPatcheExample 2022-03-22T16:34:29Z logger.go:66:       - source_security_group_id = "sg-00ad4d5eb6d4768af" -> null
TestTerraformPatcheExample 2022-03-22T16:34:29Z logger.go:66:       - to_port                  = 443 -> null
TestTerraformPatcheExample 2022-03-22T16:34:29Z logger.go:66:       - type                     = "ingress" -> null
TestTerraformPatcheExample 2022-03-22T16:34:29Z logger.go:66:     }
TestTerraformPatcheExample 2022-03-22T16:34:29Z logger.go:66:
TestTerraformPatcheExample 2022-03-22T16:34:29Z logger.go:66:   # module.eks.aws_security_group_rule.node["ingress_cluster_kubelet"] will be destroyed
TestTerraformPatcheExample 2022-03-22T16:34:29Z logger.go:66:   - resource "aws_security_group_rule" "node" {
TestTerraformPatcheExample 2022-03-22T16:34:29Z logger.go:66:       - cidr_blocks              = [] -> null
TestTerraformPatcheExample 2022-03-22T16:34:29Z logger.go:66:       - description              = "Cluster API to node kubelets" -> null
TestTerraformPatcheExample 2022-03-22T16:34:29Z logger.go:66:       - from_port                = 10250 -> null
TestTerraformPatcheExample 2022-03-22T16:34:29Z logger.go:66:       - id                       = "sgrule-969662012" -> null
TestTerraformPatcheExample 2022-03-22T16:34:29Z logger.go:66:       - ipv6_cidr_blocks         = [] -> null
TestTerraformPatcheExample 2022-03-22T16:34:29Z logger.go:66:       - prefix_list_ids          = [] -> null
TestTerraformPatcheExample 2022-03-22T16:34:29Z logger.go:66:       - protocol                 = "tcp" -> null
TestTerraformPatcheExample 2022-03-22T16:34:29Z logger.go:66:       - security_group_id        = "sg-0596d421855ad5b1c" -> null
TestTerraformPatcheExample 2022-03-22T16:34:29Z logger.go:66:       - self                     = false -> null
TestTerraformPatcheExample 2022-03-22T16:34:29Z logger.go:66:       - source_security_group_id = "sg-00ad4d5eb6d4768af" -> null
TestTerraformPatcheExample 2022-03-22T16:34:29Z logger.go:66:       - to_port                  = 10250 -> null
TestTerraformPatcheExample 2022-03-22T16:34:29Z logger.go:66:       - type                     = "ingress" -> null
TestTerraformPatcheExample 2022-03-22T16:34:29Z logger.go:66:     }
TestTerraformPatcheExample 2022-03-22T16:34:29Z logger.go:66:
TestTerraformPatcheExample 2022-03-22T16:34:29Z logger.go:66:   # module.eks.aws_security_group_rule.node["ingress_self_coredns_tcp"] will be destroyed
TestTerraformPatcheExample 2022-03-22T16:34:29Z logger.go:66:   - resource "aws_security_group_rule" "node" {
TestTerraformPatcheExample 2022-03-22T16:34:29Z logger.go:66:       - cidr_blocks              = [] -> null
TestTerraformPatcheExample 2022-03-22T16:34:29Z logger.go:66:       - description              = "Node to node CoreDNS" -> null
TestTerraformPatcheExample 2022-03-22T16:34:29Z logger.go:66:       - from_port                = 53 -> null
TestTerraformPatcheExample 2022-03-22T16:34:29Z logger.go:66:       - id                       = "sgrule-2989379461" -> null
TestTerraformPatcheExample 2022-03-22T16:34:29Z logger.go:66:       - ipv6_cidr_blocks         = [] -> null
TestTerraformPatcheExample 2022-03-22T16:34:29Z logger.go:66:       - prefix_list_ids          = [] -> null
TestTerraformPatcheExample 2022-03-22T16:34:29Z logger.go:66:       - protocol                 = "tcp" -> null
TestTerraformPatcheExample 2022-03-22T16:34:29Z logger.go:66:       - security_group_id        = "sg-0596d421855ad5b1c" -> null
TestTerraformPatcheExample 2022-03-22T16:34:29Z logger.go:66:       - self                     = true -> null
TestTerraformPatcheExample 2022-03-22T16:34:29Z logger.go:66:       - source_security_group_id = "sg-0596d421855ad5b1c" -> null
TestTerraformPatcheExample 2022-03-22T16:34:29Z logger.go:66:       - to_port                  = 53 -> null
TestTerraformPatcheExample 2022-03-22T16:34:29Z logger.go:66:       - type                     = "ingress" -> null
TestTerraformPatcheExample 2022-03-22T16:34:29Z logger.go:66:     }
TestTerraformPatcheExample 2022-03-22T16:34:29Z logger.go:66:
TestTerraformPatcheExample 2022-03-22T16:34:29Z logger.go:66:   # module.eks.aws_security_group_rule.node["ingress_self_coredns_udp"] will be destroyed
TestTerraformPatcheExample 2022-03-22T16:34:29Z logger.go:66:   - resource "aws_security_group_rule" "node" {
TestTerraformPatcheExample 2022-03-22T16:34:29Z logger.go:66:       - cidr_blocks              = [] -> null
TestTerraformPatcheExample 2022-03-22T16:34:29Z logger.go:66:       - description              = "Node to node CoreDNS" -> null
TestTerraformPatcheExample 2022-03-22T16:34:29Z logger.go:66:       - from_port                = 53 -> null
TestTerraformPatcheExample 2022-03-22T16:34:29Z logger.go:66:       - id                       = "sgrule-376564842" -> null
TestTerraformPatcheExample 2022-03-22T16:34:29Z logger.go:66:       - ipv6_cidr_blocks         = [] -> null
TestTerraformPatcheExample 2022-03-22T16:34:29Z logger.go:66:       - prefix_list_ids          = [] -> null
TestTerraformPatcheExample 2022-03-22T16:34:29Z logger.go:66:       - protocol                 = "udp" -> null
TestTerraformPatcheExample 2022-03-22T16:34:29Z logger.go:66:       - security_group_id        = "sg-0596d421855ad5b1c" -> null
TestTerraformPatcheExample 2022-03-22T16:34:29Z logger.go:66:       - self                     = true -> null
TestTerraformPatcheExample 2022-03-22T16:34:29Z logger.go:66:       - source_security_group_id = "sg-0596d421855ad5b1c" -> null
TestTerraformPatcheExample 2022-03-22T16:34:29Z logger.go:66:       - to_port                  = 53 -> null
TestTerraformPatcheExample 2022-03-22T16:34:29Z logger.go:66:       - type                     = "ingress" -> null
TestTerraformPatcheExample 2022-03-22T16:34:29Z logger.go:66:     }
TestTerraformPatcheExample 2022-03-22T16:34:29Z logger.go:66:
TestTerraformPatcheExample 2022-03-22T16:34:29Z logger.go:66:   # module.eks_auth.kubernetes_job_v1.aws_auth_patch[0] will be destroyed
TestTerraformPatcheExample 2022-03-22T16:34:29Z logger.go:66:   - resource "kubernetes_job_v1" "aws_auth_patch" {
TestTerraformPatcheExample 2022-03-22T16:34:29Z logger.go:66:       - id                  = "kube-system/aws-auth-patch" -> null
TestTerraformPatcheExample 2022-03-22T16:34:29Z logger.go:66:       - wait_for_completion = true -> null
TestTerraformPatcheExample 2022-03-22T16:34:29Z logger.go:66:
TestTerraformPatcheExample 2022-03-22T16:34:29Z logger.go:66:       - metadata {
TestTerraformPatcheExample 2022-03-22T16:34:29Z logger.go:66:           - annotations      = {} -> null
TestTerraformPatcheExample 2022-03-22T16:34:29Z logger.go:66:           - generation       = 0 -> null
TestTerraformPatcheExample 2022-03-22T16:34:29Z logger.go:66:           - labels           = {
TestTerraformPatcheExample 2022-03-22T16:34:29Z logger.go:66:               - "app.kubernetes.io/managed-by" = "Terraform"
TestTerraformPatcheExample 2022-03-22T16:34:29Z logger.go:66:               - "terraform.io/module"          = "terraform-aws-modules.eks-auth.aws"
TestTerraformPatcheExample 2022-03-22T16:34:29Z logger.go:66:             } -> null
TestTerraformPatcheExample 2022-03-22T16:34:29Z logger.go:66:           - name             = "aws-auth-patch" -> null
TestTerraformPatcheExample 2022-03-22T16:34:29Z logger.go:66:           - namespace        = "kube-system" -> null
TestTerraformPatcheExample 2022-03-22T16:34:29Z logger.go:66:           - resource_version = "1384" -> null
TestTerraformPatcheExample 2022-03-22T16:34:29Z logger.go:66:           - uid              = "e589fbc7-784a-4ffc-966e-b87df39124a8" -> null
TestTerraformPatcheExample 2022-03-22T16:34:29Z logger.go:66:         }
TestTerraformPatcheExample 2022-03-22T16:34:29Z logger.go:66:
TestTerraformPatcheExample 2022-03-22T16:34:29Z logger.go:66:       - spec {
TestTerraformPatcheExample 2022-03-22T16:34:29Z logger.go:66:           - active_deadline_seconds = 0 -> null
TestTerraformPatcheExample 2022-03-22T16:34:29Z logger.go:66:           - backoff_limit           = 0 -> null
TestTerraformPatcheExample 2022-03-22T16:34:29Z logger.go:66:           - completions             = 1 -> null
TestTerraformPatcheExample 2022-03-22T16:34:29Z logger.go:66:           - manual_selector         = false -> null
TestTerraformPatcheExample 2022-03-22T16:34:29Z logger.go:66:           - parallelism             = 1 -> null
TestTerraformPatcheExample 2022-03-22T16:34:29Z logger.go:66:
TestTerraformPatcheExample 2022-03-22T16:34:29Z logger.go:66:           - selector {
TestTerraformPatcheExample 2022-03-22T16:34:29Z logger.go:66:             }
TestTerraformPatcheExample 2022-03-22T16:34:29Z logger.go:66:
TestTerraformPatcheExample 2022-03-22T16:34:29Z logger.go:66:           - template {
TestTerraformPatcheExample 2022-03-22T16:34:29Z logger.go:66:               - metadata {
TestTerraformPatcheExample 2022-03-22T16:34:29Z logger.go:66:                   - annotations = {} -> null
TestTerraformPatcheExample 2022-03-22T16:34:29Z logger.go:66:                   - generation  = 0 -> null
TestTerraformPatcheExample 2022-03-22T16:34:29Z logger.go:66:                   - labels      = {} -> null
TestTerraformPatcheExample 2022-03-22T16:34:29Z logger.go:66:                 }
TestTerraformPatcheExample 2022-03-22T16:34:29Z logger.go:66:
TestTerraformPatcheExample 2022-03-22T16:34:29Z logger.go:66:               - spec {
TestTerraformPatcheExample 2022-03-22T16:34:29Z logger.go:66:                   - active_deadline_seconds          = 0 -> null
TestTerraformPatcheExample 2022-03-22T16:34:29Z logger.go:66:                   - automount_service_account_token  = true -> null
TestTerraformPatcheExample 2022-03-22T16:34:29Z logger.go:66:                   - dns_policy                       = "ClusterFirst" -> null
TestTerraformPatcheExample 2022-03-22T16:34:29Z logger.go:66:                   - enable_service_links             = true -> null
TestTerraformPatcheExample 2022-03-22T16:34:29Z logger.go:66:                   - host_ipc                         = false -> null
TestTerraformPatcheExample 2022-03-22T16:34:29Z logger.go:66:                   - host_network                     = false -> null
TestTerraformPatcheExample 2022-03-22T16:34:29Z logger.go:66:                   - host_pid                         = false -> null
TestTerraformPatcheExample 2022-03-22T16:34:29Z logger.go:66:                   - node_selector                    = {} -> null
TestTerraformPatcheExample 2022-03-22T16:34:29Z logger.go:66:                   - restart_policy                   = "Never" -> null
TestTerraformPatcheExample 2022-03-22T16:34:29Z logger.go:66:                   - service_account_name             = "terraform-eks-auth-aws" -> null
TestTerraformPatcheExample 2022-03-22T16:34:29Z logger.go:66:                   - share_process_namespace          = false -> null
TestTerraformPatcheExample 2022-03-22T16:34:29Z logger.go:66:                   - termination_grace_period_seconds = 30 -> null
TestTerraformPatcheExample 2022-03-22T16:34:29Z logger.go:66:
TestTerraformPatcheExample 2022-03-22T16:34:29Z logger.go:66:                   - container {
TestTerraformPatcheExample 2022-03-22T16:34:29Z logger.go:66:                       - args                       = [] -> null
TestTerraformPatcheExample 2022-03-22T16:34:29Z logger.go:66:                       - command                    = [
TestTerraformPatcheExample 2022-03-22T16:34:29Z logger.go:66:                           - "/bin/sh",
TestTerraformPatcheExample 2022-03-22T16:34:29Z logger.go:66:                           - "-c",
TestTerraformPatcheExample 2022-03-22T16:34:29Z logger.go:66:                           - <<-EOT
TestTerraformPatcheExample 2022-03-22T16:34:29Z logger.go:66:                                 kubectl patch configmap/aws-auth --patch "apiVersion: v1
TestTerraformPatcheExample 2022-03-22T16:34:29Z logger.go:66:                                 kind: ConfigMap
TestTerraformPatcheExample 2022-03-22T16:34:29Z logger.go:66:                                 metadata:
TestTerraformPatcheExample 2022-03-22T16:34:29Z logger.go:66:                                   name: aws-auth
TestTerraformPatcheExample 2022-03-22T16:34:29Z logger.go:66:                                   namespace: kube-system
TestTerraformPatcheExample 2022-03-22T16:34:29Z logger.go:66:                                 data:
TestTerraformPatcheExample 2022-03-22T16:34:29Z logger.go:66:                                   mapRoles: |
TestTerraformPatcheExample 2022-03-22T16:34:29Z logger.go:66:                                     - "groups":
TestTerraformPatcheExample 2022-03-22T16:34:29Z logger.go:66:                                       - "system:bootstrappers"
TestTerraformPatcheExample 2022-03-22T16:34:29Z logger.go:66:                                       - "system:nodes"
TestTerraformPatcheExample 2022-03-22T16:34:29Z logger.go:66:                                       "rolearn": "arn:aws:iam::11111111111:role/foo-eks-node-group-20220322162056536300000002"
TestTerraformPatcheExample 2022-03-22T16:34:29Z logger.go:66:                                       "username": "system:node:{{EC2PrivateDNSName}}"
TestTerraformPatcheExample 2022-03-22T16:34:29Z logger.go:66:                                     - "groups":
TestTerraformPatcheExample 2022-03-22T16:34:29Z logger.go:66:                                       - "system:bootstrappers"
TestTerraformPatcheExample 2022-03-22T16:34:29Z logger.go:66:                                       - "system:nodes"
TestTerraformPatcheExample 2022-03-22T16:34:29Z logger.go:66:                                       "rolearn": "arn:aws:iam::11111111111:role/boo-node-group-20220322162056534700000001"
TestTerraformPatcheExample 2022-03-22T16:34:29Z logger.go:66:                                       "username": "system:node:{{EC2PrivateDNSName}}"
TestTerraformPatcheExample 2022-03-22T16:34:29Z logger.go:66:                                     - "groups":
TestTerraformPatcheExample 2022-03-22T16:34:29Z logger.go:66:                                       - "system:bootstrappers"
TestTerraformPatcheExample 2022-03-22T16:34:29Z logger.go:66:                                       - "system:nodes"
TestTerraformPatcheExample 2022-03-22T16:34:29Z logger.go:66:                                       - "system:node-proxier"
TestTerraformPatcheExample 2022-03-22T16:34:29Z logger.go:66:                                       "rolearn": "arn:aws:iam::11111111111:role/bar-20220322162056557600000003"
TestTerraformPatcheExample 2022-03-22T16:34:29Z logger.go:66:                                       "username": "system:node:{{SessionName}}"
TestTerraformPatcheExample 2022-03-22T16:34:29Z logger.go:66:                                     - "groups":
TestTerraformPatcheExample 2022-03-22T16:34:29Z logger.go:66:                                       - "system:masters"
TestTerraformPatcheExample 2022-03-22T16:34:29Z logger.go:66:                                       "rolearn": "arn:aws:iam::66666666666:role/role1"
TestTerraformPatcheExample 2022-03-22T16:34:29Z logger.go:66:                                       "username": "role1"
TestTerraformPatcheExample 2022-03-22T16:34:29Z logger.go:66:
TestTerraformPatcheExample 2022-03-22T16:34:29Z logger.go:66:                                   mapUsers: |
TestTerraformPatcheExample 2022-03-22T16:34:29Z logger.go:66:                                     - "groups":
TestTerraformPatcheExample 2022-03-22T16:34:29Z logger.go:66:                                       - "system:masters"
TestTerraformPatcheExample 2022-03-22T16:34:29Z logger.go:66:                                       "userarn": "arn:aws:iam::66666666666:user/user1"
TestTerraformPatcheExample 2022-03-22T16:34:29Z logger.go:66:                                       "username": "user1"
TestTerraformPatcheExample 2022-03-22T16:34:29Z logger.go:66:                                     - "groups":
TestTerraformPatcheExample 2022-03-22T16:34:29Z logger.go:66:                                       - "system:masters"
TestTerraformPatcheExample 2022-03-22T16:34:29Z logger.go:66:                                       "userarn": "arn:aws:iam::66666666666:user/user2"
TestTerraformPatcheExample 2022-03-22T16:34:29Z logger.go:66:                                       "username": "user2"
TestTerraformPatcheExample 2022-03-22T16:34:29Z logger.go:66:
TestTerraformPatcheExample 2022-03-22T16:34:29Z logger.go:66:                                   mapAccounts: |
TestTerraformPatcheExample 2022-03-22T16:34:29Z logger.go:66:                                     - "777777777777"
TestTerraformPatcheExample 2022-03-22T16:34:29Z logger.go:66:                                     - "888888888888"
TestTerraformPatcheExample 2022-03-22T16:34:29Z logger.go:66:
TestTerraformPatcheExample 2022-03-22T16:34:29Z logger.go:66:                                 " -n kube-system
TestTerraformPatcheExample 2022-03-22T16:34:29Z logger.go:66:                             EOT,
TestTerraformPatcheExample 2022-03-22T16:34:29Z logger.go:66:                         ] -> null
TestTerraformPatcheExample 2022-03-22T16:34:29Z logger.go:66:                       - image                      = "bitnami/kubectl:1.21" -> null
TestTerraformPatcheExample 2022-03-22T16:34:29Z logger.go:66:                       - image_pull_policy          = "IfNotPresent" -> null
TestTerraformPatcheExample 2022-03-22T16:34:29Z logger.go:66:                       - name                       = "aws-auth-patch" -> null
TestTerraformPatcheExample 2022-03-22T16:34:29Z logger.go:66:                       - stdin                      = false -> null
TestTerraformPatcheExample 2022-03-22T16:34:29Z logger.go:66:                       - stdin_once                 = false -> null
TestTerraformPatcheExample 2022-03-22T16:34:29Z logger.go:66:                       - termination_message_path   = "/dev/termination-log" -> null
TestTerraformPatcheExample 2022-03-22T16:34:29Z logger.go:66:                       - termination_message_policy = "File" -> null
TestTerraformPatcheExample 2022-03-22T16:34:29Z logger.go:66:                       - tty                        = false -> null
TestTerraformPatcheExample 2022-03-22T16:34:29Z logger.go:66:
TestTerraformPatcheExample 2022-03-22T16:34:29Z logger.go:66:                       - resources {}
TestTerraformPatcheExample 2022-03-22T16:34:29Z logger.go:66:                     }
TestTerraformPatcheExample 2022-03-22T16:34:29Z logger.go:66:                 }
TestTerraformPatcheExample 2022-03-22T16:34:29Z logger.go:66:             }
TestTerraformPatcheExample 2022-03-22T16:34:29Z logger.go:66:         }
TestTerraformPatcheExample 2022-03-22T16:34:29Z logger.go:66:
TestTerraformPatcheExample 2022-03-22T16:34:29Z logger.go:66:       - timeouts {
TestTerraformPatcheExample 2022-03-22T16:34:29Z logger.go:66:           - create = "10m" -> null
TestTerraformPatcheExample 2022-03-22T16:34:29Z logger.go:66:           - update = "10m" -> null
TestTerraformPatcheExample 2022-03-22T16:34:29Z logger.go:66:         }
TestTerraformPatcheExample 2022-03-22T16:34:29Z logger.go:66:     }
TestTerraformPatcheExample 2022-03-22T16:34:29Z logger.go:66:
TestTerraformPatcheExample 2022-03-22T16:34:29Z logger.go:66:   # module.eks_auth.kubernetes_role_binding_v1.aws_auth will be destroyed
TestTerraformPatcheExample 2022-03-22T16:34:29Z logger.go:66:   - resource "kubernetes_role_binding_v1" "aws_auth" {
TestTerraformPatcheExample 2022-03-22T16:34:29Z logger.go:66:       - id = "kube-system/terraform-eks-auth-aws" -> null
TestTerraformPatcheExample 2022-03-22T16:34:29Z logger.go:66:
TestTerraformPatcheExample 2022-03-22T16:34:29Z logger.go:66:       - metadata {
TestTerraformPatcheExample 2022-03-22T16:34:29Z logger.go:66:           - annotations      = {} -> null
TestTerraformPatcheExample 2022-03-22T16:34:29Z logger.go:66:           - generation       = 0 -> null
TestTerraformPatcheExample 2022-03-22T16:34:29Z logger.go:66:           - labels           = {
TestTerraformPatcheExample 2022-03-22T16:34:29Z logger.go:66:               - "app.kubernetes.io/managed-by" = "Terraform"
TestTerraformPatcheExample 2022-03-22T16:34:29Z logger.go:66:               - "terraform.io/module"          = "terraform-aws-modules.eks-auth.aws"
TestTerraformPatcheExample 2022-03-22T16:34:29Z logger.go:66:             } -> null
TestTerraformPatcheExample 2022-03-22T16:34:29Z logger.go:66:           - name             = "terraform-eks-auth-aws" -> null
TestTerraformPatcheExample 2022-03-22T16:34:29Z logger.go:66:           - namespace        = "kube-system" -> null
TestTerraformPatcheExample 2022-03-22T16:34:29Z logger.go:66:           - resource_version = "708" -> null
TestTerraformPatcheExample 2022-03-22T16:34:29Z logger.go:66:           - uid              = "6ff4e4c4-5a2c-4627-a4e2-5c2fde791b5d" -> null
TestTerraformPatcheExample 2022-03-22T16:34:29Z logger.go:66:         }
TestTerraformPatcheExample 2022-03-22T16:34:29Z logger.go:66:
TestTerraformPatcheExample 2022-03-22T16:34:29Z logger.go:66:       - role_ref {
TestTerraformPatcheExample 2022-03-22T16:34:29Z logger.go:66:           - api_group = "rbac.authorization.k8s.io" -> null
TestTerraformPatcheExample 2022-03-22T16:34:29Z logger.go:66:           - kind      = "Role" -> null
TestTerraformPatcheExample 2022-03-22T16:34:29Z logger.go:66:           - name      = "terraform-eks-auth-aws" -> null
TestTerraformPatcheExample 2022-03-22T16:34:29Z logger.go:66:         }
TestTerraformPatcheExample 2022-03-22T16:34:29Z logger.go:66:
TestTerraformPatcheExample 2022-03-22T16:34:29Z logger.go:66:       - subject {
TestTerraformPatcheExample 2022-03-22T16:34:29Z logger.go:66:           - kind      = "ServiceAccount" -> null
TestTerraformPatcheExample 2022-03-22T16:34:29Z logger.go:66:           - name      = "terraform-eks-auth-aws" -> null
TestTerraformPatcheExample 2022-03-22T16:34:29Z logger.go:66:           - namespace = "kube-system" -> null
TestTerraformPatcheExample 2022-03-22T16:34:29Z logger.go:66:         }
TestTerraformPatcheExample 2022-03-22T16:34:29Z logger.go:66:     }
TestTerraformPatcheExample 2022-03-22T16:34:29Z logger.go:66:
TestTerraformPatcheExample 2022-03-22T16:34:29Z logger.go:66:   # module.eks_auth.kubernetes_role_v1.aws_auth will be destroyed
TestTerraformPatcheExample 2022-03-22T16:34:29Z logger.go:66:   - resource "kubernetes_role_v1" "aws_auth" {
TestTerraformPatcheExample 2022-03-22T16:34:29Z logger.go:66:       - id = "kube-system/terraform-eks-auth-aws" -> null
TestTerraformPatcheExample 2022-03-22T16:34:29Z logger.go:66:
TestTerraformPatcheExample 2022-03-22T16:34:29Z logger.go:66:       - metadata {
TestTerraformPatcheExample 2022-03-22T16:34:29Z logger.go:66:           - annotations      = {} -> null
TestTerraformPatcheExample 2022-03-22T16:34:29Z logger.go:66:           - generation       = 0 -> null
TestTerraformPatcheExample 2022-03-22T16:34:29Z logger.go:66:           - labels           = {
TestTerraformPatcheExample 2022-03-22T16:34:29Z logger.go:66:               - "app.kubernetes.io/managed-by" = "Terraform"
TestTerraformPatcheExample 2022-03-22T16:34:29Z logger.go:66:               - "terraform.io/module"          = "terraform-aws-modules.eks-auth.aws"
TestTerraformPatcheExample 2022-03-22T16:34:29Z logger.go:66:             } -> null
TestTerraformPatcheExample 2022-03-22T16:34:29Z logger.go:66:           - name             = "terraform-eks-auth-aws" -> null
TestTerraformPatcheExample 2022-03-22T16:34:29Z logger.go:66:           - namespace        = "kube-system" -> null
TestTerraformPatcheExample 2022-03-22T16:34:29Z logger.go:66:           - resource_version = "705" -> null
TestTerraformPatcheExample 2022-03-22T16:34:29Z logger.go:66:           - uid              = "8e426bf2-33e2-4c8e-a267-c216ff523714" -> null
TestTerraformPatcheExample 2022-03-22T16:34:29Z logger.go:66:         }
TestTerraformPatcheExample 2022-03-22T16:34:29Z logger.go:66:
TestTerraformPatcheExample 2022-03-22T16:34:29Z logger.go:66:       - rule {
TestTerraformPatcheExample 2022-03-22T16:34:29Z logger.go:66:           - api_groups     = [
TestTerraformPatcheExample 2022-03-22T16:34:29Z logger.go:66:               - "",
TestTerraformPatcheExample 2022-03-22T16:34:29Z logger.go:66:             ] -> null
TestTerraformPatcheExample 2022-03-22T16:34:29Z logger.go:66:           - resource_names = [
TestTerraformPatcheExample 2022-03-22T16:34:29Z logger.go:66:               - "aws-auth",
TestTerraformPatcheExample 2022-03-22T16:34:29Z logger.go:66:             ] -> null
TestTerraformPatcheExample 2022-03-22T16:34:29Z logger.go:66:           - resources      = [
TestTerraformPatcheExample 2022-03-22T16:34:29Z logger.go:66:               - "configmaps",
TestTerraformPatcheExample 2022-03-22T16:34:29Z logger.go:66:             ] -> null
TestTerraformPatcheExample 2022-03-22T16:34:29Z logger.go:66:           - verbs          = [
TestTerraformPatcheExample 2022-03-22T16:34:29Z logger.go:66:               - "delete",
TestTerraformPatcheExample 2022-03-22T16:34:29Z logger.go:66:               - "get",
TestTerraformPatcheExample 2022-03-22T16:34:29Z logger.go:66:               - "patch",
TestTerraformPatcheExample 2022-03-22T16:34:29Z logger.go:66:             ] -> null
TestTerraformPatcheExample 2022-03-22T16:34:29Z logger.go:66:         }
TestTerraformPatcheExample 2022-03-22T16:34:29Z logger.go:66:     }
TestTerraformPatcheExample 2022-03-22T16:34:29Z logger.go:66:
TestTerraformPatcheExample 2022-03-22T16:34:29Z logger.go:66:   # module.eks_auth.kubernetes_service_account_v1.aws_auth will be destroyed
TestTerraformPatcheExample 2022-03-22T16:34:29Z logger.go:66:   - resource "kubernetes_service_account_v1" "aws_auth" {
TestTerraformPatcheExample 2022-03-22T16:34:29Z logger.go:66:       - automount_service_account_token = true -> null
TestTerraformPatcheExample 2022-03-22T16:34:29Z logger.go:66:       - default_secret_name             = "terraform-eks-auth-aws-token-sll26" -> null
TestTerraformPatcheExample 2022-03-22T16:34:29Z logger.go:66:       - id                              = "kube-system/terraform-eks-auth-aws" -> null
TestTerraformPatcheExample 2022-03-22T16:34:29Z logger.go:66:
TestTerraformPatcheExample 2022-03-22T16:34:29Z logger.go:66:       - metadata {
TestTerraformPatcheExample 2022-03-22T16:34:29Z logger.go:66:           - annotations      = {} -> null
TestTerraformPatcheExample 2022-03-22T16:34:29Z logger.go:66:           - generation       = 0 -> null
TestTerraformPatcheExample 2022-03-22T16:34:29Z logger.go:66:           - labels           = {
TestTerraformPatcheExample 2022-03-22T16:34:29Z logger.go:66:               - "app.kubernetes.io/managed-by" = "Terraform"
TestTerraformPatcheExample 2022-03-22T16:34:29Z logger.go:66:               - "terraform.io/module"          = "terraform-aws-modules.eks-auth.aws"
TestTerraformPatcheExample 2022-03-22T16:34:29Z logger.go:66:             } -> null
TestTerraformPatcheExample 2022-03-22T16:34:29Z logger.go:66:           - name             = "terraform-eks-auth-aws" -> null
TestTerraformPatcheExample 2022-03-22T16:34:29Z logger.go:66:           - namespace        = "kube-system" -> null
TestTerraformPatcheExample 2022-03-22T16:34:29Z logger.go:66:           - resource_version = "707" -> null
TestTerraformPatcheExample 2022-03-22T16:34:29Z logger.go:66:           - uid              = "c73a11c0-e9b6-4baa-a63a-35e2aabe70f4" -> null
TestTerraformPatcheExample 2022-03-22T16:34:29Z logger.go:66:         }
TestTerraformPatcheExample 2022-03-22T16:34:29Z logger.go:66:     }
TestTerraformPatcheExample 2022-03-22T16:34:29Z logger.go:66:
TestTerraformPatcheExample 2022-03-22T16:34:29Z logger.go:66:   # module.vpc.aws_eip.nat[0] will be destroyed
TestTerraformPatcheExample 2022-03-22T16:34:29Z logger.go:66:   - resource "aws_eip" "nat" {
TestTerraformPatcheExample 2022-03-22T16:34:29Z logger.go:66:       - allocation_id        = "eipalloc-01923de91e573adaf" -> null
TestTerraformPatcheExample 2022-03-22T16:34:29Z logger.go:66:       - association_id       = "eipassoc-00fc30c6ff4fdb2b2" -> null
TestTerraformPatcheExample 2022-03-22T16:34:29Z logger.go:66:       - domain               = "vpc" -> null
TestTerraformPatcheExample 2022-03-22T16:34:29Z logger.go:66:       - id                   = "eipalloc-01923de91e573adaf" -> null
TestTerraformPatcheExample 2022-03-22T16:34:29Z logger.go:66:       - network_border_group = "us-west-2" -> null
TestTerraformPatcheExample 2022-03-22T16:34:29Z logger.go:66:       - network_interface    = "eni-0e7ab6734e57fff4c" -> null
TestTerraformPatcheExample 2022-03-22T16:34:29Z logger.go:66:       - private_dns          = "ip-10-0-4-73.us-west-2.compute.internal" -> null
TestTerraformPatcheExample 2022-03-22T16:34:29Z logger.go:66:       - private_ip           = "10.0.4.73" -> null
TestTerraformPatcheExample 2022-03-22T16:34:29Z logger.go:66:       - public_dns           = "ec2-34-217-161-55.us-west-2.compute.amazonaws.com" -> null
TestTerraformPatcheExample 2022-03-22T16:34:29Z logger.go:66:       - public_ip            = "34.217.161.55" -> null
TestTerraformPatcheExample 2022-03-22T16:34:29Z logger.go:66:       - public_ipv4_pool     = "amazon" -> null
TestTerraformPatcheExample 2022-03-22T16:34:29Z logger.go:66:       - tags                 = {
TestTerraformPatcheExample 2022-03-22T16:34:29Z logger.go:66:           - "Name" = "ex-patch-us-west-2a"
TestTerraformPatcheExample 2022-03-22T16:34:29Z logger.go:66:         } -> null
TestTerraformPatcheExample 2022-03-22T16:34:29Z logger.go:66:       - tags_all             = {
TestTerraformPatcheExample 2022-03-22T16:34:29Z logger.go:66:           - "Example"    = "ex-patch"
TestTerraformPatcheExample 2022-03-22T16:34:29Z logger.go:66:           - "GithubOrg"  = "aidan-melen"
TestTerraformPatcheExample 2022-03-22T16:34:29Z logger.go:66:           - "GithubRepo" = "terraform-aws-eks-auth"
TestTerraformPatcheExample 2022-03-22T16:34:29Z logger.go:66:           - "Name"       = "ex-patch-us-west-2a"
TestTerraformPatcheExample 2022-03-22T16:34:29Z logger.go:66:         } -> null
TestTerraformPatcheExample 2022-03-22T16:34:29Z logger.go:66:       - vpc                  = true -> null
TestTerraformPatcheExample 2022-03-22T16:34:29Z logger.go:66:     }
TestTerraformPatcheExample 2022-03-22T16:34:29Z logger.go:66:
TestTerraformPatcheExample 2022-03-22T16:34:29Z logger.go:66:   # module.vpc.aws_internet_gateway.this[0] will be destroyed
TestTerraformPatcheExample 2022-03-22T16:34:29Z logger.go:66:   - resource "aws_internet_gateway" "this" {
TestTerraformPatcheExample 2022-03-22T16:34:29Z logger.go:66:       - arn      = "arn:aws:ec2:us-west-2:11111111111:internet-gateway/igw-0e3d5bc0c9fe0a693" -> null
TestTerraformPatcheExample 2022-03-22T16:34:29Z logger.go:66:       - id       = "igw-0e3d5bc0c9fe0a693" -> null
TestTerraformPatcheExample 2022-03-22T16:34:29Z logger.go:66:       - owner_id = "11111111111" -> null
TestTerraformPatcheExample 2022-03-22T16:34:29Z logger.go:66:       - tags     = {
TestTerraformPatcheExample 2022-03-22T16:34:29Z logger.go:66:           - "Name" = "ex-patch"
TestTerraformPatcheExample 2022-03-22T16:34:29Z logger.go:66:         } -> null
TestTerraformPatcheExample 2022-03-22T16:34:29Z logger.go:66:       - tags_all = {
TestTerraformPatcheExample 2022-03-22T16:34:29Z logger.go:66:           - "Example"    = "ex-patch"
TestTerraformPatcheExample 2022-03-22T16:34:29Z logger.go:66:           - "GithubOrg"  = "aidan-melen"
TestTerraformPatcheExample 2022-03-22T16:34:29Z logger.go:66:           - "GithubRepo" = "terraform-aws-eks-auth"
TestTerraformPatcheExample 2022-03-22T16:34:29Z logger.go:66:           - "Name"       = "ex-patch"
TestTerraformPatcheExample 2022-03-22T16:34:29Z logger.go:66:         } -> null
TestTerraformPatcheExample 2022-03-22T16:34:29Z logger.go:66:       - vpc_id   = "vpc-0da699baf2c256d6d" -> null
TestTerraformPatcheExample 2022-03-22T16:34:29Z logger.go:66:     }
TestTerraformPatcheExample 2022-03-22T16:34:29Z logger.go:66:
TestTerraformPatcheExample 2022-03-22T16:34:29Z logger.go:66:   # module.vpc.aws_nat_gateway.this[0] will be destroyed
TestTerraformPatcheExample 2022-03-22T16:34:29Z logger.go:66:   - resource "aws_nat_gateway" "this" {
TestTerraformPatcheExample 2022-03-22T16:34:29Z logger.go:66:       - allocation_id        = "eipalloc-01923de91e573adaf" -> null
TestTerraformPatcheExample 2022-03-22T16:34:29Z logger.go:66:       - connectivity_type    = "public" -> null
TestTerraformPatcheExample 2022-03-22T16:34:29Z logger.go:66:       - id                   = "nat-077d9a84e0a622da8" -> null
TestTerraformPatcheExample 2022-03-22T16:34:29Z logger.go:66:       - network_interface_id = "eni-0e7ab6734e57fff4c" -> null
TestTerraformPatcheExample 2022-03-22T16:34:29Z logger.go:66:       - private_ip           = "10.0.4.73" -> null
TestTerraformPatcheExample 2022-03-22T16:34:29Z logger.go:66:       - public_ip            = "34.217.161.55" -> null
TestTerraformPatcheExample 2022-03-22T16:34:29Z logger.go:66:       - subnet_id            = "subnet-0232abf9ba6975dc8" -> null
TestTerraformPatcheExample 2022-03-22T16:34:29Z logger.go:66:       - tags                 = {
TestTerraformPatcheExample 2022-03-22T16:34:29Z logger.go:66:           - "Name" = "ex-patch-us-west-2a"
TestTerraformPatcheExample 2022-03-22T16:34:29Z logger.go:66:         } -> null
TestTerraformPatcheExample 2022-03-22T16:34:29Z logger.go:66:       - tags_all             = {
TestTerraformPatcheExample 2022-03-22T16:34:29Z logger.go:66:           - "Example"    = "ex-patch"
TestTerraformPatcheExample 2022-03-22T16:34:29Z logger.go:66:           - "GithubOrg"  = "aidan-melen"
TestTerraformPatcheExample 2022-03-22T16:34:29Z logger.go:66:           - "GithubRepo" = "terraform-aws-eks-auth"
TestTerraformPatcheExample 2022-03-22T16:34:29Z logger.go:66:           - "Name"       = "ex-patch-us-west-2a"
TestTerraformPatcheExample 2022-03-22T16:34:29Z logger.go:66:         } -> null
TestTerraformPatcheExample 2022-03-22T16:34:29Z logger.go:66:     }
TestTerraformPatcheExample 2022-03-22T16:34:29Z logger.go:66:
TestTerraformPatcheExample 2022-03-22T16:34:29Z logger.go:66:   # module.vpc.aws_route.private_nat_gateway[0] will be destroyed
TestTerraformPatcheExample 2022-03-22T16:34:29Z logger.go:66:   - resource "aws_route" "private_nat_gateway" {
TestTerraformPatcheExample 2022-03-22T16:34:29Z logger.go:66:       - destination_cidr_block = "0.0.0.0/0" -> null
TestTerraformPatcheExample 2022-03-22T16:34:29Z logger.go:66:       - id                     = "r-rtb-06ee2824448755eae1080289494" -> null
TestTerraformPatcheExample 2022-03-22T16:34:29Z logger.go:66:       - nat_gateway_id         = "nat-077d9a84e0a622da8" -> null
TestTerraformPatcheExample 2022-03-22T16:34:29Z logger.go:66:       - origin                 = "CreateRoute" -> null
TestTerraformPatcheExample 2022-03-22T16:34:29Z logger.go:66:       - route_table_id         = "rtb-06ee2824448755eae" -> null
TestTerraformPatcheExample 2022-03-22T16:34:29Z logger.go:66:       - state                  = "active" -> null
TestTerraformPatcheExample 2022-03-22T16:34:29Z logger.go:66:
TestTerraformPatcheExample 2022-03-22T16:34:29Z logger.go:66:       - timeouts {
TestTerraformPatcheExample 2022-03-22T16:34:29Z logger.go:66:           - create = "5m" -> null
TestTerraformPatcheExample 2022-03-22T16:34:29Z logger.go:66:         }
TestTerraformPatcheExample 2022-03-22T16:34:29Z logger.go:66:     }
TestTerraformPatcheExample 2022-03-22T16:34:29Z logger.go:66:
TestTerraformPatcheExample 2022-03-22T16:34:29Z logger.go:66:   # module.vpc.aws_route.public_internet_gateway[0] will be destroyed
TestTerraformPatcheExample 2022-03-22T16:34:29Z logger.go:66:   - resource "aws_route" "public_internet_gateway" {
TestTerraformPatcheExample 2022-03-22T16:34:29Z logger.go:66:       - destination_cidr_block = "0.0.0.0/0" -> null
TestTerraformPatcheExample 2022-03-22T16:34:29Z logger.go:66:       - gateway_id             = "igw-0e3d5bc0c9fe0a693" -> null
TestTerraformPatcheExample 2022-03-22T16:34:29Z logger.go:66:       - id                     = "r-rtb-0311c94acc767a0051080289494" -> null
TestTerraformPatcheExample 2022-03-22T16:34:29Z logger.go:66:       - origin                 = "CreateRoute" -> null
TestTerraformPatcheExample 2022-03-22T16:34:29Z logger.go:66:       - route_table_id         = "rtb-0311c94acc767a005" -> null
TestTerraformPatcheExample 2022-03-22T16:34:29Z logger.go:66:       - state                  = "active" -> null
TestTerraformPatcheExample 2022-03-22T16:34:29Z logger.go:66:
TestTerraformPatcheExample 2022-03-22T16:34:29Z logger.go:66:       - timeouts {
TestTerraformPatcheExample 2022-03-22T16:34:29Z logger.go:66:           - create = "5m" -> null
TestTerraformPatcheExample 2022-03-22T16:34:29Z logger.go:66:         }
TestTerraformPatcheExample 2022-03-22T16:34:29Z logger.go:66:     }
TestTerraformPatcheExample 2022-03-22T16:34:29Z logger.go:66:
TestTerraformPatcheExample 2022-03-22T16:34:29Z logger.go:66:   # module.vpc.aws_route_table.private[0] will be destroyed
TestTerraformPatcheExample 2022-03-22T16:34:29Z logger.go:66:   - resource "aws_route_table" "private" {
TestTerraformPatcheExample 2022-03-22T16:34:29Z logger.go:66:       - arn              = "arn:aws:ec2:us-west-2:11111111111:route-table/rtb-06ee2824448755eae" -> null
TestTerraformPatcheExample 2022-03-22T16:34:29Z logger.go:66:       - id               = "rtb-06ee2824448755eae" -> null
TestTerraformPatcheExample 2022-03-22T16:34:29Z logger.go:66:       - owner_id         = "11111111111" -> null
TestTerraformPatcheExample 2022-03-22T16:34:29Z logger.go:66:       - propagating_vgws = [] -> null
TestTerraformPatcheExample 2022-03-22T16:34:29Z logger.go:66:       - route            = [
TestTerraformPatcheExample 2022-03-22T16:34:29Z logger.go:66:           - {
TestTerraformPatcheExample 2022-03-22T16:34:29Z logger.go:66:               - carrier_gateway_id         = ""
TestTerraformPatcheExample 2022-03-22T16:34:29Z logger.go:66:               - cidr_block                 = "0.0.0.0/0"
TestTerraformPatcheExample 2022-03-22T16:34:29Z logger.go:66:               - destination_prefix_list_id = ""
TestTerraformPatcheExample 2022-03-22T16:34:29Z logger.go:66:               - egress_only_gateway_id     = ""
TestTerraformPatcheExample 2022-03-22T16:34:29Z logger.go:66:               - gateway_id                 = ""
TestTerraformPatcheExample 2022-03-22T16:34:29Z logger.go:66:               - instance_id                = ""
TestTerraformPatcheExample 2022-03-22T16:34:29Z logger.go:66:               - ipv6_cidr_block            = ""
TestTerraformPatcheExample 2022-03-22T16:34:29Z logger.go:66:               - local_gateway_id           = ""
TestTerraformPatcheExample 2022-03-22T16:34:29Z logger.go:66:               - nat_gateway_id             = "nat-077d9a84e0a622da8"
TestTerraformPatcheExample 2022-03-22T16:34:29Z logger.go:66:               - network_interface_id       = ""
TestTerraformPatcheExample 2022-03-22T16:34:29Z logger.go:66:               - transit_gateway_id         = ""
TestTerraformPatcheExample 2022-03-22T16:34:29Z logger.go:66:               - vpc_endpoint_id            = ""
TestTerraformPatcheExample 2022-03-22T16:34:29Z logger.go:66:               - vpc_peering_connection_id  = ""
TestTerraformPatcheExample 2022-03-22T16:34:29Z logger.go:66:             },
TestTerraformPatcheExample 2022-03-22T16:34:29Z logger.go:66:         ] -> null
TestTerraformPatcheExample 2022-03-22T16:34:29Z logger.go:66:       - tags             = {
TestTerraformPatcheExample 2022-03-22T16:34:29Z logger.go:66:           - "Name" = "ex-patch-private"
TestTerraformPatcheExample 2022-03-22T16:34:29Z logger.go:66:         } -> null
TestTerraformPatcheExample 2022-03-22T16:34:29Z logger.go:66:       - tags_all         = {
TestTerraformPatcheExample 2022-03-22T16:34:29Z logger.go:66:           - "Example"    = "ex-patch"
TestTerraformPatcheExample 2022-03-22T16:34:29Z logger.go:66:           - "GithubOrg"  = "aidan-melen"
TestTerraformPatcheExample 2022-03-22T16:34:29Z logger.go:66:           - "GithubRepo" = "terraform-aws-eks-auth"
TestTerraformPatcheExample 2022-03-22T16:34:29Z logger.go:66:           - "Name"       = "ex-patch-private"
TestTerraformPatcheExample 2022-03-22T16:34:29Z logger.go:66:         } -> null
TestTerraformPatcheExample 2022-03-22T16:34:29Z logger.go:66:       - vpc_id           = "vpc-0da699baf2c256d6d" -> null
TestTerraformPatcheExample 2022-03-22T16:34:29Z logger.go:66:     }
TestTerraformPatcheExample 2022-03-22T16:34:29Z logger.go:66:
TestTerraformPatcheExample 2022-03-22T16:34:29Z logger.go:66:   # module.vpc.aws_route_table.public[0] will be destroyed
TestTerraformPatcheExample 2022-03-22T16:34:29Z logger.go:66:   - resource "aws_route_table" "public" {
TestTerraformPatcheExample 2022-03-22T16:34:29Z logger.go:66:       - arn              = "arn:aws:ec2:us-west-2:11111111111:route-table/rtb-0311c94acc767a005" -> null
TestTerraformPatcheExample 2022-03-22T16:34:29Z logger.go:66:       - id               = "rtb-0311c94acc767a005" -> null
TestTerraformPatcheExample 2022-03-22T16:34:29Z logger.go:66:       - owner_id         = "11111111111" -> null
TestTerraformPatcheExample 2022-03-22T16:34:29Z logger.go:66:       - propagating_vgws = [] -> null
TestTerraformPatcheExample 2022-03-22T16:34:29Z logger.go:66:       - route            = [
TestTerraformPatcheExample 2022-03-22T16:34:29Z logger.go:66:           - {
TestTerraformPatcheExample 2022-03-22T16:34:29Z logger.go:66:               - carrier_gateway_id         = ""
TestTerraformPatcheExample 2022-03-22T16:34:29Z logger.go:66:               - cidr_block                 = "0.0.0.0/0"
TestTerraformPatcheExample 2022-03-22T16:34:29Z logger.go:66:               - destination_prefix_list_id = ""
TestTerraformPatcheExample 2022-03-22T16:34:29Z logger.go:66:               - egress_only_gateway_id     = ""
TestTerraformPatcheExample 2022-03-22T16:34:29Z logger.go:66:               - gateway_id                 = "igw-0e3d5bc0c9fe0a693"
TestTerraformPatcheExample 2022-03-22T16:34:29Z logger.go:66:               - instance_id                = ""
TestTerraformPatcheExample 2022-03-22T16:34:29Z logger.go:66:               - ipv6_cidr_block            = ""
TestTerraformPatcheExample 2022-03-22T16:34:29Z logger.go:66:               - local_gateway_id           = ""
TestTerraformPatcheExample 2022-03-22T16:34:29Z logger.go:66:               - nat_gateway_id             = ""
TestTerraformPatcheExample 2022-03-22T16:34:29Z logger.go:66:               - network_interface_id       = ""
TestTerraformPatcheExample 2022-03-22T16:34:29Z logger.go:66:               - transit_gateway_id         = ""
TestTerraformPatcheExample 2022-03-22T16:34:29Z logger.go:66:               - vpc_endpoint_id            = ""
TestTerraformPatcheExample 2022-03-22T16:34:29Z logger.go:66:               - vpc_peering_connection_id  = ""
TestTerraformPatcheExample 2022-03-22T16:34:29Z logger.go:66:             },
TestTerraformPatcheExample 2022-03-22T16:34:29Z logger.go:66:         ] -> null
TestTerraformPatcheExample 2022-03-22T16:34:29Z logger.go:66:       - tags             = {
TestTerraformPatcheExample 2022-03-22T16:34:29Z logger.go:66:           - "Name" = "ex-patch-public"
TestTerraformPatcheExample 2022-03-22T16:34:29Z logger.go:66:         } -> null
TestTerraformPatcheExample 2022-03-22T16:34:29Z logger.go:66:       - tags_all         = {
TestTerraformPatcheExample 2022-03-22T16:34:29Z logger.go:66:           - "Example"    = "ex-patch"
TestTerraformPatcheExample 2022-03-22T16:34:29Z logger.go:66:           - "GithubOrg"  = "aidan-melen"
TestTerraformPatcheExample 2022-03-22T16:34:29Z logger.go:66:           - "GithubRepo" = "terraform-aws-eks-auth"
TestTerraformPatcheExample 2022-03-22T16:34:29Z logger.go:66:           - "Name"       = "ex-patch-public"
TestTerraformPatcheExample 2022-03-22T16:34:29Z logger.go:66:         } -> null
TestTerraformPatcheExample 2022-03-22T16:34:29Z logger.go:66:       - vpc_id           = "vpc-0da699baf2c256d6d" -> null
TestTerraformPatcheExample 2022-03-22T16:34:29Z logger.go:66:     }
TestTerraformPatcheExample 2022-03-22T16:34:29Z logger.go:66:
TestTerraformPatcheExample 2022-03-22T16:34:29Z logger.go:66:   # module.vpc.aws_route_table_association.private[0] will be destroyed
TestTerraformPatcheExample 2022-03-22T16:34:29Z logger.go:66:   - resource "aws_route_table_association" "private" {
TestTerraformPatcheExample 2022-03-22T16:34:29Z logger.go:66:       - id             = "rtbassoc-0815c1c071c3fe28b" -> null
TestTerraformPatcheExample 2022-03-22T16:34:29Z logger.go:66:       - route_table_id = "rtb-06ee2824448755eae" -> null
TestTerraformPatcheExample 2022-03-22T16:34:29Z logger.go:66:       - subnet_id      = "subnet-0c513130447b69601" -> null
TestTerraformPatcheExample 2022-03-22T16:34:29Z logger.go:66:     }
TestTerraformPatcheExample 2022-03-22T16:34:29Z logger.go:66:
TestTerraformPatcheExample 2022-03-22T16:34:29Z logger.go:66:   # module.vpc.aws_route_table_association.private[1] will be destroyed
TestTerraformPatcheExample 2022-03-22T16:34:29Z logger.go:66:   - resource "aws_route_table_association" "private" {
TestTerraformPatcheExample 2022-03-22T16:34:29Z logger.go:66:       - id             = "rtbassoc-05ffd13b64851cfff" -> null
TestTerraformPatcheExample 2022-03-22T16:34:29Z logger.go:66:       - route_table_id = "rtb-06ee2824448755eae" -> null
TestTerraformPatcheExample 2022-03-22T16:34:29Z logger.go:66:       - subnet_id      = "subnet-0848a9cba398ee894" -> null
TestTerraformPatcheExample 2022-03-22T16:34:29Z logger.go:66:     }
TestTerraformPatcheExample 2022-03-22T16:34:29Z logger.go:66:
TestTerraformPatcheExample 2022-03-22T16:34:29Z logger.go:66:   # module.vpc.aws_route_table_association.private[2] will be destroyed
TestTerraformPatcheExample 2022-03-22T16:34:29Z logger.go:66:   - resource "aws_route_table_association" "private" {
TestTerraformPatcheExample 2022-03-22T16:34:29Z logger.go:66:       - id             = "rtbassoc-058f12b47606459d7" -> null
TestTerraformPatcheExample 2022-03-22T16:34:29Z logger.go:66:       - route_table_id = "rtb-06ee2824448755eae" -> null
TestTerraformPatcheExample 2022-03-22T16:34:29Z logger.go:66:       - subnet_id      = "subnet-0066b663d2d527847" -> null
TestTerraformPatcheExample 2022-03-22T16:34:29Z logger.go:66:     }
TestTerraformPatcheExample 2022-03-22T16:34:29Z logger.go:66:
TestTerraformPatcheExample 2022-03-22T16:34:29Z logger.go:66:   # module.vpc.aws_route_table_association.public[0] will be destroyed
TestTerraformPatcheExample 2022-03-22T16:34:29Z logger.go:66:   - resource "aws_route_table_association" "public" {
TestTerraformPatcheExample 2022-03-22T16:34:29Z logger.go:66:       - id             = "rtbassoc-0bec912d4026d79db" -> null
TestTerraformPatcheExample 2022-03-22T16:34:29Z logger.go:66:       - route_table_id = "rtb-0311c94acc767a005" -> null
TestTerraformPatcheExample 2022-03-22T16:34:29Z logger.go:66:       - subnet_id      = "subnet-0232abf9ba6975dc8" -> null
TestTerraformPatcheExample 2022-03-22T16:34:29Z logger.go:66:     }
TestTerraformPatcheExample 2022-03-22T16:34:29Z logger.go:66:
TestTerraformPatcheExample 2022-03-22T16:34:29Z logger.go:66:   # module.vpc.aws_route_table_association.public[1] will be destroyed
TestTerraformPatcheExample 2022-03-22T16:34:29Z logger.go:66:   - resource "aws_route_table_association" "public" {
TestTerraformPatcheExample 2022-03-22T16:34:29Z logger.go:66:       - id             = "rtbassoc-0c8d082a9a22b73fb" -> null
TestTerraformPatcheExample 2022-03-22T16:34:29Z logger.go:66:       - route_table_id = "rtb-0311c94acc767a005" -> null
TestTerraformPatcheExample 2022-03-22T16:34:29Z logger.go:66:       - subnet_id      = "subnet-0ee9d1aa5f5dd05bb" -> null
TestTerraformPatcheExample 2022-03-22T16:34:29Z logger.go:66:     }
TestTerraformPatcheExample 2022-03-22T16:34:29Z logger.go:66:
TestTerraformPatcheExample 2022-03-22T16:34:29Z logger.go:66:   # module.vpc.aws_route_table_association.public[2] will be destroyed
TestTerraformPatcheExample 2022-03-22T16:34:29Z logger.go:66:   - resource "aws_route_table_association" "public" {
TestTerraformPatcheExample 2022-03-22T16:34:29Z logger.go:66:       - id             = "rtbassoc-06f6f9f3ff5989450" -> null
TestTerraformPatcheExample 2022-03-22T16:34:29Z logger.go:66:       - route_table_id = "rtb-0311c94acc767a005" -> null
TestTerraformPatcheExample 2022-03-22T16:34:29Z logger.go:66:       - subnet_id      = "subnet-0e0bfa995a792d836" -> null
TestTerraformPatcheExample 2022-03-22T16:34:29Z logger.go:66:     }
TestTerraformPatcheExample 2022-03-22T16:34:29Z logger.go:66:
TestTerraformPatcheExample 2022-03-22T16:34:29Z logger.go:66:   # module.vpc.aws_subnet.private[0] will be destroyed
TestTerraformPatcheExample 2022-03-22T16:34:29Z logger.go:66:   - resource "aws_subnet" "private" {
TestTerraformPatcheExample 2022-03-22T16:34:29Z logger.go:66:       - arn                                            = "arn:aws:ec2:us-west-2:11111111111:subnet/subnet-0c513130447b69601" -> null
TestTerraformPatcheExample 2022-03-22T16:34:29Z logger.go:66:       - assign_ipv6_address_on_creation                = false -> null
TestTerraformPatcheExample 2022-03-22T16:34:29Z logger.go:66:       - availability_zone                              = "us-west-2a" -> null
TestTerraformPatcheExample 2022-03-22T16:34:29Z logger.go:66:       - availability_zone_id                           = "usw2-az1" -> null
TestTerraformPatcheExample 2022-03-22T16:34:29Z logger.go:66:       - cidr_block                                     = "10.0.1.0/24" -> null
TestTerraformPatcheExample 2022-03-22T16:34:29Z logger.go:66:       - enable_dns64                                   = false -> null
TestTerraformPatcheExample 2022-03-22T16:34:29Z logger.go:66:       - enable_resource_name_dns_a_record_on_launch    = false -> null
TestTerraformPatcheExample 2022-03-22T16:34:29Z logger.go:66:       - enable_resource_name_dns_aaaa_record_on_launch = false -> null
TestTerraformPatcheExample 2022-03-22T16:34:29Z logger.go:66:       - id                                             = "subnet-0c513130447b69601" -> null
TestTerraformPatcheExample 2022-03-22T16:34:29Z logger.go:66:       - ipv6_native                                    = false -> null
TestTerraformPatcheExample 2022-03-22T16:34:29Z logger.go:66:       - map_customer_owned_ip_on_launch                = false -> null
TestTerraformPatcheExample 2022-03-22T16:34:29Z logger.go:66:       - map_public_ip_on_launch                        = false -> null
TestTerraformPatcheExample 2022-03-22T16:34:29Z logger.go:66:       - owner_id                                       = "11111111111" -> null
TestTerraformPatcheExample 2022-03-22T16:34:29Z logger.go:66:       - private_dns_hostname_type_on_launch            = "ip-name" -> null
TestTerraformPatcheExample 2022-03-22T16:34:29Z logger.go:66:       - tags                                           = {
TestTerraformPatcheExample 2022-03-22T16:34:29Z logger.go:66:           - "Name"                            = "ex-patch-private-us-west-2a"
TestTerraformPatcheExample 2022-03-22T16:34:29Z logger.go:66:           - "kubernetes.io/cluster/ex-patch"  = "shared"
TestTerraformPatcheExample 2022-03-22T16:34:29Z logger.go:66:           - "kubernetes.io/role/internal-elb" = "1"
TestTerraformPatcheExample 2022-03-22T16:34:29Z logger.go:66:         } -> null
TestTerraformPatcheExample 2022-03-22T16:34:29Z logger.go:66:       - tags_all                                       = {
TestTerraformPatcheExample 2022-03-22T16:34:29Z logger.go:66:           - "Example"                         = "ex-patch"
TestTerraformPatcheExample 2022-03-22T16:34:29Z logger.go:66:           - "GithubOrg"                       = "aidan-melen"
TestTerraformPatcheExample 2022-03-22T16:34:29Z logger.go:66:           - "GithubRepo"                      = "terraform-aws-eks-auth"
TestTerraformPatcheExample 2022-03-22T16:34:29Z logger.go:66:           - "Name"                            = "ex-patch-private-us-west-2a"
TestTerraformPatcheExample 2022-03-22T16:34:29Z logger.go:66:           - "kubernetes.io/cluster/ex-patch"  = "shared"
TestTerraformPatcheExample 2022-03-22T16:34:29Z logger.go:66:           - "kubernetes.io/role/internal-elb" = "1"
TestTerraformPatcheExample 2022-03-22T16:34:29Z logger.go:66:         } -> null
TestTerraformPatcheExample 2022-03-22T16:34:29Z logger.go:66:       - vpc_id                                         = "vpc-0da699baf2c256d6d" -> null
TestTerraformPatcheExample 2022-03-22T16:34:29Z logger.go:66:     }
TestTerraformPatcheExample 2022-03-22T16:34:29Z logger.go:66:
TestTerraformPatcheExample 2022-03-22T16:34:29Z logger.go:66:   # module.vpc.aws_subnet.private[1] will be destroyed
TestTerraformPatcheExample 2022-03-22T16:34:29Z logger.go:66:   - resource "aws_subnet" "private" {
TestTerraformPatcheExample 2022-03-22T16:34:29Z logger.go:66:       - arn                                            = "arn:aws:ec2:us-west-2:11111111111:subnet/subnet-0848a9cba398ee894" -> null
TestTerraformPatcheExample 2022-03-22T16:34:29Z logger.go:66:       - assign_ipv6_address_on_creation                = false -> null
TestTerraformPatcheExample 2022-03-22T16:34:29Z logger.go:66:       - availability_zone                              = "us-west-2b" -> null
TestTerraformPatcheExample 2022-03-22T16:34:29Z logger.go:66:       - availability_zone_id                           = "usw2-az2" -> null
TestTerraformPatcheExample 2022-03-22T16:34:29Z logger.go:66:       - cidr_block                                     = "10.0.2.0/24" -> null
TestTerraformPatcheExample 2022-03-22T16:34:29Z logger.go:66:       - enable_dns64                                   = false -> null
TestTerraformPatcheExample 2022-03-22T16:34:29Z logger.go:66:       - enable_resource_name_dns_a_record_on_launch    = false -> null
TestTerraformPatcheExample 2022-03-22T16:34:29Z logger.go:66:       - enable_resource_name_dns_aaaa_record_on_launch = false -> null
TestTerraformPatcheExample 2022-03-22T16:34:29Z logger.go:66:       - id                                             = "subnet-0848a9cba398ee894" -> null
TestTerraformPatcheExample 2022-03-22T16:34:29Z logger.go:66:       - ipv6_native                                    = false -> null
TestTerraformPatcheExample 2022-03-22T16:34:29Z logger.go:66:       - map_customer_owned_ip_on_launch                = false -> null
TestTerraformPatcheExample 2022-03-22T16:34:29Z logger.go:66:       - map_public_ip_on_launch                        = false -> null
TestTerraformPatcheExample 2022-03-22T16:34:29Z logger.go:66:       - owner_id                                       = "11111111111" -> null
TestTerraformPatcheExample 2022-03-22T16:34:29Z logger.go:66:       - private_dns_hostname_type_on_launch            = "ip-name" -> null
TestTerraformPatcheExample 2022-03-22T16:34:29Z logger.go:66:       - tags                                           = {
TestTerraformPatcheExample 2022-03-22T16:34:29Z logger.go:66:           - "Name"                            = "ex-patch-private-us-west-2b"
TestTerraformPatcheExample 2022-03-22T16:34:29Z logger.go:66:           - "kubernetes.io/cluster/ex-patch"  = "shared"
TestTerraformPatcheExample 2022-03-22T16:34:29Z logger.go:66:           - "kubernetes.io/role/internal-elb" = "1"
TestTerraformPatcheExample 2022-03-22T16:34:29Z logger.go:66:         } -> null
TestTerraformPatcheExample 2022-03-22T16:34:29Z logger.go:66:       - tags_all                                       = {
TestTerraformPatcheExample 2022-03-22T16:34:29Z logger.go:66:           - "Example"                         = "ex-patch"
TestTerraformPatcheExample 2022-03-22T16:34:29Z logger.go:66:           - "GithubOrg"                       = "aidan-melen"
TestTerraformPatcheExample 2022-03-22T16:34:29Z logger.go:66:           - "GithubRepo"                      = "terraform-aws-eks-auth"
TestTerraformPatcheExample 2022-03-22T16:34:29Z logger.go:66:           - "Name"                            = "ex-patch-private-us-west-2b"
TestTerraformPatcheExample 2022-03-22T16:34:29Z logger.go:66:           - "kubernetes.io/cluster/ex-patch"  = "shared"
TestTerraformPatcheExample 2022-03-22T16:34:29Z logger.go:66:           - "kubernetes.io/role/internal-elb" = "1"
TestTerraformPatcheExample 2022-03-22T16:34:29Z logger.go:66:         } -> null
TestTerraformPatcheExample 2022-03-22T16:34:29Z logger.go:66:       - vpc_id                                         = "vpc-0da699baf2c256d6d" -> null
TestTerraformPatcheExample 2022-03-22T16:34:29Z logger.go:66:     }
TestTerraformPatcheExample 2022-03-22T16:34:29Z logger.go:66:
TestTerraformPatcheExample 2022-03-22T16:34:29Z logger.go:66:   # module.vpc.aws_subnet.private[2] will be destroyed
TestTerraformPatcheExample 2022-03-22T16:34:29Z logger.go:66:   - resource "aws_subnet" "private" {
TestTerraformPatcheExample 2022-03-22T16:34:29Z logger.go:66:       - arn                                            = "arn:aws:ec2:us-west-2:11111111111:subnet/subnet-0066b663d2d527847" -> null
TestTerraformPatcheExample 2022-03-22T16:34:29Z logger.go:66:       - assign_ipv6_address_on_creation                = false -> null
TestTerraformPatcheExample 2022-03-22T16:34:29Z logger.go:66:       - availability_zone                              = "us-west-2c" -> null
TestTerraformPatcheExample 2022-03-22T16:34:29Z logger.go:66:       - availability_zone_id                           = "usw2-az3" -> null
TestTerraformPatcheExample 2022-03-22T16:34:29Z logger.go:66:       - cidr_block                                     = "10.0.3.0/24" -> null
TestTerraformPatcheExample 2022-03-22T16:34:29Z logger.go:66:       - enable_dns64                                   = false -> null
TestTerraformPatcheExample 2022-03-22T16:34:29Z logger.go:66:       - enable_resource_name_dns_a_record_on_launch    = false -> null
TestTerraformPatcheExample 2022-03-22T16:34:29Z logger.go:66:       - enable_resource_name_dns_aaaa_record_on_launch = false -> null
TestTerraformPatcheExample 2022-03-22T16:34:29Z logger.go:66:       - id                                             = "subnet-0066b663d2d527847" -> null
TestTerraformPatcheExample 2022-03-22T16:34:29Z logger.go:66:       - ipv6_native                                    = false -> null
TestTerraformPatcheExample 2022-03-22T16:34:29Z logger.go:66:       - map_customer_owned_ip_on_launch                = false -> null
TestTerraformPatcheExample 2022-03-22T16:34:29Z logger.go:66:       - map_public_ip_on_launch                        = false -> null
TestTerraformPatcheExample 2022-03-22T16:34:29Z logger.go:66:       - owner_id                                       = "11111111111" -> null
TestTerraformPatcheExample 2022-03-22T16:34:29Z logger.go:66:       - private_dns_hostname_type_on_launch            = "ip-name" -> null
TestTerraformPatcheExample 2022-03-22T16:34:29Z logger.go:66:       - tags                                           = {
TestTerraformPatcheExample 2022-03-22T16:34:29Z logger.go:66:           - "Name"                            = "ex-patch-private-us-west-2c"
TestTerraformPatcheExample 2022-03-22T16:34:29Z logger.go:66:           - "kubernetes.io/cluster/ex-patch"  = "shared"
TestTerraformPatcheExample 2022-03-22T16:34:29Z logger.go:66:           - "kubernetes.io/role/internal-elb" = "1"
TestTerraformPatcheExample 2022-03-22T16:34:29Z logger.go:66:         } -> null
TestTerraformPatcheExample 2022-03-22T16:34:29Z logger.go:66:       - tags_all                                       = {
TestTerraformPatcheExample 2022-03-22T16:34:29Z logger.go:66:           - "Example"                         = "ex-patch"
TestTerraformPatcheExample 2022-03-22T16:34:29Z logger.go:66:           - "GithubOrg"                       = "aidan-melen"
TestTerraformPatcheExample 2022-03-22T16:34:29Z logger.go:66:           - "GithubRepo"                      = "terraform-aws-eks-auth"
TestTerraformPatcheExample 2022-03-22T16:34:29Z logger.go:66:           - "Name"                            = "ex-patch-private-us-west-2c"
TestTerraformPatcheExample 2022-03-22T16:34:29Z logger.go:66:           - "kubernetes.io/cluster/ex-patch"  = "shared"
TestTerraformPatcheExample 2022-03-22T16:34:29Z logger.go:66:           - "kubernetes.io/role/internal-elb" = "1"
TestTerraformPatcheExample 2022-03-22T16:34:29Z logger.go:66:         } -> null
TestTerraformPatcheExample 2022-03-22T16:34:29Z logger.go:66:       - vpc_id                                         = "vpc-0da699baf2c256d6d" -> null
TestTerraformPatcheExample 2022-03-22T16:34:29Z logger.go:66:     }
TestTerraformPatcheExample 2022-03-22T16:34:29Z logger.go:66:
TestTerraformPatcheExample 2022-03-22T16:34:29Z logger.go:66:   # module.vpc.aws_subnet.public[0] will be destroyed
TestTerraformPatcheExample 2022-03-22T16:34:29Z logger.go:66:   - resource "aws_subnet" "public" {
TestTerraformPatcheExample 2022-03-22T16:34:29Z logger.go:66:       - arn                                            = "arn:aws:ec2:us-west-2:11111111111:subnet/subnet-0232abf9ba6975dc8" -> null
TestTerraformPatcheExample 2022-03-22T16:34:29Z logger.go:66:       - assign_ipv6_address_on_creation                = false -> null
TestTerraformPatcheExample 2022-03-22T16:34:29Z logger.go:66:       - availability_zone                              = "us-west-2a" -> null
TestTerraformPatcheExample 2022-03-22T16:34:29Z logger.go:66:       - availability_zone_id                           = "usw2-az1" -> null
TestTerraformPatcheExample 2022-03-22T16:34:29Z logger.go:66:       - cidr_block                                     = "10.0.4.0/24" -> null
TestTerraformPatcheExample 2022-03-22T16:34:29Z logger.go:66:       - enable_dns64                                   = false -> null
TestTerraformPatcheExample 2022-03-22T16:34:29Z logger.go:66:       - enable_resource_name_dns_a_record_on_launch    = false -> null
TestTerraformPatcheExample 2022-03-22T16:34:29Z logger.go:66:       - enable_resource_name_dns_aaaa_record_on_launch = false -> null
TestTerraformPatcheExample 2022-03-22T16:34:29Z logger.go:66:       - id                                             = "subnet-0232abf9ba6975dc8" -> null
TestTerraformPatcheExample 2022-03-22T16:34:29Z logger.go:66:       - ipv6_native                                    = false -> null
TestTerraformPatcheExample 2022-03-22T16:34:29Z logger.go:66:       - map_customer_owned_ip_on_launch                = false -> null
TestTerraformPatcheExample 2022-03-22T16:34:29Z logger.go:66:       - map_public_ip_on_launch                        = true -> null
TestTerraformPatcheExample 2022-03-22T16:34:29Z logger.go:66:       - owner_id                                       = "11111111111" -> null
TestTerraformPatcheExample 2022-03-22T16:34:29Z logger.go:66:       - private_dns_hostname_type_on_launch            = "ip-name" -> null
TestTerraformPatcheExample 2022-03-22T16:34:29Z logger.go:66:       - tags                                           = {
TestTerraformPatcheExample 2022-03-22T16:34:29Z logger.go:66:           - "Name"                           = "ex-patch-public-us-west-2a"
TestTerraformPatcheExample 2022-03-22T16:34:29Z logger.go:66:           - "kubernetes.io/cluster/ex-patch" = "shared"
TestTerraformPatcheExample 2022-03-22T16:34:29Z logger.go:66:           - "kubernetes.io/role/elb"         = "1"
TestTerraformPatcheExample 2022-03-22T16:34:29Z logger.go:66:         } -> null
TestTerraformPatcheExample 2022-03-22T16:34:29Z logger.go:66:       - tags_all                                       = {
TestTerraformPatcheExample 2022-03-22T16:34:29Z logger.go:66:           - "Example"                        = "ex-patch"
TestTerraformPatcheExample 2022-03-22T16:34:29Z logger.go:66:           - "GithubOrg"                      = "aidan-melen"
TestTerraformPatcheExample 2022-03-22T16:34:29Z logger.go:66:           - "GithubRepo"                     = "terraform-aws-eks-auth"
TestTerraformPatcheExample 2022-03-22T16:34:29Z logger.go:66:           - "Name"                           = "ex-patch-public-us-west-2a"
TestTerraformPatcheExample 2022-03-22T16:34:29Z logger.go:66:           - "kubernetes.io/cluster/ex-patch" = "shared"
TestTerraformPatcheExample 2022-03-22T16:34:29Z logger.go:66:           - "kubernetes.io/role/elb"         = "1"
TestTerraformPatcheExample 2022-03-22T16:34:29Z logger.go:66:         } -> null
TestTerraformPatcheExample 2022-03-22T16:34:29Z logger.go:66:       - vpc_id                                         = "vpc-0da699baf2c256d6d" -> null
TestTerraformPatcheExample 2022-03-22T16:34:29Z logger.go:66:     }
TestTerraformPatcheExample 2022-03-22T16:34:29Z logger.go:66:
TestTerraformPatcheExample 2022-03-22T16:34:29Z logger.go:66:   # module.vpc.aws_subnet.public[1] will be destroyed
TestTerraformPatcheExample 2022-03-22T16:34:29Z logger.go:66:   - resource "aws_subnet" "public" {
TestTerraformPatcheExample 2022-03-22T16:34:29Z logger.go:66:       - arn                                            = "arn:aws:ec2:us-west-2:11111111111:subnet/subnet-0ee9d1aa5f5dd05bb" -> null
TestTerraformPatcheExample 2022-03-22T16:34:29Z logger.go:66:       - assign_ipv6_address_on_creation                = false -> null
TestTerraformPatcheExample 2022-03-22T16:34:29Z logger.go:66:       - availability_zone                              = "us-west-2b" -> null
TestTerraformPatcheExample 2022-03-22T16:34:29Z logger.go:66:       - availability_zone_id                           = "usw2-az2" -> null
TestTerraformPatcheExample 2022-03-22T16:34:29Z logger.go:66:       - cidr_block                                     = "10.0.5.0/24" -> null
TestTerraformPatcheExample 2022-03-22T16:34:29Z logger.go:66:       - enable_dns64                                   = false -> null
TestTerraformPatcheExample 2022-03-22T16:34:29Z logger.go:66:       - enable_resource_name_dns_a_record_on_launch    = false -> null
TestTerraformPatcheExample 2022-03-22T16:34:29Z logger.go:66:       - enable_resource_name_dns_aaaa_record_on_launch = false -> null
TestTerraformPatcheExample 2022-03-22T16:34:29Z logger.go:66:       - id                                             = "subnet-0ee9d1aa5f5dd05bb" -> null
TestTerraformPatcheExample 2022-03-22T16:34:29Z logger.go:66:       - ipv6_native                                    = false -> null
TestTerraformPatcheExample 2022-03-22T16:34:29Z logger.go:66:       - map_customer_owned_ip_on_launch                = false -> null
TestTerraformPatcheExample 2022-03-22T16:34:29Z logger.go:66:       - map_public_ip_on_launch                        = true -> null
TestTerraformPatcheExample 2022-03-22T16:34:29Z logger.go:66:       - owner_id                                       = "11111111111" -> null
TestTerraformPatcheExample 2022-03-22T16:34:29Z logger.go:66:       - private_dns_hostname_type_on_launch            = "ip-name" -> null
TestTerraformPatcheExample 2022-03-22T16:34:29Z logger.go:66:       - tags                                           = {
TestTerraformPatcheExample 2022-03-22T16:34:29Z logger.go:66:           - "Name"                           = "ex-patch-public-us-west-2b"
TestTerraformPatcheExample 2022-03-22T16:34:29Z logger.go:66:           - "kubernetes.io/cluster/ex-patch" = "shared"
TestTerraformPatcheExample 2022-03-22T16:34:29Z logger.go:66:           - "kubernetes.io/role/elb"         = "1"
TestTerraformPatcheExample 2022-03-22T16:34:29Z logger.go:66:         } -> null
TestTerraformPatcheExample 2022-03-22T16:34:29Z logger.go:66:       - tags_all                                       = {
TestTerraformPatcheExample 2022-03-22T16:34:29Z logger.go:66:           - "Example"                        = "ex-patch"
TestTerraformPatcheExample 2022-03-22T16:34:29Z logger.go:66:           - "GithubOrg"                      = "aidan-melen"
TestTerraformPatcheExample 2022-03-22T16:34:29Z logger.go:66:           - "GithubRepo"                     = "terraform-aws-eks-auth"
TestTerraformPatcheExample 2022-03-22T16:34:29Z logger.go:66:           - "Name"                           = "ex-patch-public-us-west-2b"
TestTerraformPatcheExample 2022-03-22T16:34:29Z logger.go:66:           - "kubernetes.io/cluster/ex-patch" = "shared"
TestTerraformPatcheExample 2022-03-22T16:34:29Z logger.go:66:           - "kubernetes.io/role/elb"         = "1"
TestTerraformPatcheExample 2022-03-22T16:34:29Z logger.go:66:         } -> null
TestTerraformPatcheExample 2022-03-22T16:34:29Z logger.go:66:       - vpc_id                                         = "vpc-0da699baf2c256d6d" -> null
TestTerraformPatcheExample 2022-03-22T16:34:29Z logger.go:66:     }
TestTerraformPatcheExample 2022-03-22T16:34:29Z logger.go:66:
TestTerraformPatcheExample 2022-03-22T16:34:29Z logger.go:66:   # module.vpc.aws_subnet.public[2] will be destroyed
TestTerraformPatcheExample 2022-03-22T16:34:29Z logger.go:66:   - resource "aws_subnet" "public" {
TestTerraformPatcheExample 2022-03-22T16:34:29Z logger.go:66:       - arn                                            = "arn:aws:ec2:us-west-2:11111111111:subnet/subnet-0e0bfa995a792d836" -> null
TestTerraformPatcheExample 2022-03-22T16:34:29Z logger.go:66:       - assign_ipv6_address_on_creation                = false -> null
TestTerraformPatcheExample 2022-03-22T16:34:29Z logger.go:66:       - availability_zone                              = "us-west-2c" -> null
TestTerraformPatcheExample 2022-03-22T16:34:29Z logger.go:66:       - availability_zone_id                           = "usw2-az3" -> null
TestTerraformPatcheExample 2022-03-22T16:34:29Z logger.go:66:       - cidr_block                                     = "10.0.6.0/24" -> null
TestTerraformPatcheExample 2022-03-22T16:34:29Z logger.go:66:       - enable_dns64                                   = false -> null
TestTerraformPatcheExample 2022-03-22T16:34:29Z logger.go:66:       - enable_resource_name_dns_a_record_on_launch    = false -> null
TestTerraformPatcheExample 2022-03-22T16:34:29Z logger.go:66:       - enable_resource_name_dns_aaaa_record_on_launch = false -> null
TestTerraformPatcheExample 2022-03-22T16:34:29Z logger.go:66:       - id                                             = "subnet-0e0bfa995a792d836" -> null
TestTerraformPatcheExample 2022-03-22T16:34:29Z logger.go:66:       - ipv6_native                                    = false -> null
TestTerraformPatcheExample 2022-03-22T16:34:29Z logger.go:66:       - map_customer_owned_ip_on_launch                = false -> null
TestTerraformPatcheExample 2022-03-22T16:34:29Z logger.go:66:       - map_public_ip_on_launch                        = true -> null
TestTerraformPatcheExample 2022-03-22T16:34:29Z logger.go:66:       - owner_id                                       = "11111111111" -> null
TestTerraformPatcheExample 2022-03-22T16:34:29Z logger.go:66:       - private_dns_hostname_type_on_launch            = "ip-name" -> null
TestTerraformPatcheExample 2022-03-22T16:34:29Z logger.go:66:       - tags                                           = {
TestTerraformPatcheExample 2022-03-22T16:34:29Z logger.go:66:           - "Name"                           = "ex-patch-public-us-west-2c"
TestTerraformPatcheExample 2022-03-22T16:34:29Z logger.go:66:           - "kubernetes.io/cluster/ex-patch" = "shared"
TestTerraformPatcheExample 2022-03-22T16:34:29Z logger.go:66:           - "kubernetes.io/role/elb"         = "1"
TestTerraformPatcheExample 2022-03-22T16:34:29Z logger.go:66:         } -> null
TestTerraformPatcheExample 2022-03-22T16:34:29Z logger.go:66:       - tags_all                                       = {
TestTerraformPatcheExample 2022-03-22T16:34:29Z logger.go:66:           - "Example"                        = "ex-patch"
TestTerraformPatcheExample 2022-03-22T16:34:29Z logger.go:66:           - "GithubOrg"                      = "aidan-melen"
TestTerraformPatcheExample 2022-03-22T16:34:29Z logger.go:66:           - "GithubRepo"                     = "terraform-aws-eks-auth"
TestTerraformPatcheExample 2022-03-22T16:34:29Z logger.go:66:           - "Name"                           = "ex-patch-public-us-west-2c"
TestTerraformPatcheExample 2022-03-22T16:34:29Z logger.go:66:           - "kubernetes.io/cluster/ex-patch" = "shared"
TestTerraformPatcheExample 2022-03-22T16:34:29Z logger.go:66:           - "kubernetes.io/role/elb"         = "1"
TestTerraformPatcheExample 2022-03-22T16:34:29Z logger.go:66:         } -> null
TestTerraformPatcheExample 2022-03-22T16:34:29Z logger.go:66:       - vpc_id                                         = "vpc-0da699baf2c256d6d" -> null
TestTerraformPatcheExample 2022-03-22T16:34:29Z logger.go:66:     }
TestTerraformPatcheExample 2022-03-22T16:34:29Z logger.go:66:
TestTerraformPatcheExample 2022-03-22T16:34:29Z logger.go:66:   # module.vpc.aws_vpc.this[0] will be destroyed
TestTerraformPatcheExample 2022-03-22T16:34:29Z logger.go:66:   - resource "aws_vpc" "this" {
TestTerraformPatcheExample 2022-03-22T16:34:29Z logger.go:66:       - arn                              = "arn:aws:ec2:us-west-2:11111111111:vpc/vpc-0da699baf2c256d6d" -> null
TestTerraformPatcheExample 2022-03-22T16:34:29Z logger.go:66:       - assign_generated_ipv6_cidr_block = false -> null
TestTerraformPatcheExample 2022-03-22T16:34:29Z logger.go:66:       - cidr_block                       = "10.0.0.0/16" -> null
TestTerraformPatcheExample 2022-03-22T16:34:29Z logger.go:66:       - default_network_acl_id           = "acl-04f5fa4d2440d5efb" -> null
TestTerraformPatcheExample 2022-03-22T16:34:29Z logger.go:66:       - default_route_table_id           = "rtb-00dca6d5af8f72950" -> null
TestTerraformPatcheExample 2022-03-22T16:34:29Z logger.go:66:       - default_security_group_id        = "sg-0021ec4efe935bd98" -> null
TestTerraformPatcheExample 2022-03-22T16:34:29Z logger.go:66:       - dhcp_options_id                  = "dopt-b05de4d7" -> null
TestTerraformPatcheExample 2022-03-22T16:34:29Z logger.go:66:       - enable_classiclink               = false -> null
TestTerraformPatcheExample 2022-03-22T16:34:29Z logger.go:66:       - enable_classiclink_dns_support   = false -> null
TestTerraformPatcheExample 2022-03-22T16:34:29Z logger.go:66:       - enable_dns_hostnames             = true -> null
TestTerraformPatcheExample 2022-03-22T16:34:29Z logger.go:66:       - enable_dns_support               = true -> null
TestTerraformPatcheExample 2022-03-22T16:34:29Z logger.go:66:       - id                               = "vpc-0da699baf2c256d6d" -> null
TestTerraformPatcheExample 2022-03-22T16:34:29Z logger.go:66:       - instance_tenancy                 = "default" -> null
TestTerraformPatcheExample 2022-03-22T16:34:29Z logger.go:66:       - ipv6_netmask_length              = 0 -> null
TestTerraformPatcheExample 2022-03-22T16:34:29Z logger.go:66:       - main_route_table_id              = "rtb-00dca6d5af8f72950" -> null
TestTerraformPatcheExample 2022-03-22T16:34:29Z logger.go:66:       - owner_id                         = "11111111111" -> null
TestTerraformPatcheExample 2022-03-22T16:34:29Z logger.go:66:       - tags                             = {
TestTerraformPatcheExample 2022-03-22T16:34:29Z logger.go:66:           - "Name" = "ex-patch"
TestTerraformPatcheExample 2022-03-22T16:34:29Z logger.go:66:         } -> null
TestTerraformPatcheExample 2022-03-22T16:34:29Z logger.go:66:       - tags_all                         = {
TestTerraformPatcheExample 2022-03-22T16:34:29Z logger.go:66:           - "Example"    = "ex-patch"
TestTerraformPatcheExample 2022-03-22T16:34:29Z logger.go:66:           - "GithubOrg"  = "aidan-melen"
TestTerraformPatcheExample 2022-03-22T16:34:29Z logger.go:66:           - "GithubRepo" = "terraform-aws-eks-auth"
TestTerraformPatcheExample 2022-03-22T16:34:29Z logger.go:66:           - "Name"       = "ex-patch"
TestTerraformPatcheExample 2022-03-22T16:34:29Z logger.go:66:         } -> null
TestTerraformPatcheExample 2022-03-22T16:34:29Z logger.go:66:     }
TestTerraformPatcheExample 2022-03-22T16:34:29Z logger.go:66:
TestTerraformPatcheExample 2022-03-22T16:34:29Z logger.go:66:   # module.eks.module.eks_managed_node_group["foo"].aws_eks_node_group.this[0] will be destroyed
TestTerraformPatcheExample 2022-03-22T16:34:29Z logger.go:66:   - resource "aws_eks_node_group" "this" {
TestTerraformPatcheExample 2022-03-22T16:34:29Z logger.go:66:       - ami_type               = "AL2_x86_64" -> null
TestTerraformPatcheExample 2022-03-22T16:34:29Z logger.go:66:       - arn                    = "arn:aws:eks:us-west-2:11111111111:nodegroup/ex-patch/foo-20220322162948536000000019/54bfd93b-4fad-7ff2-e111-aa7f83cb9760" -> null
TestTerraformPatcheExample 2022-03-22T16:34:29Z logger.go:66:       - capacity_type          = "ON_DEMAND" -> null
TestTerraformPatcheExample 2022-03-22T16:34:29Z logger.go:66:       - cluster_name           = "ex-patch" -> null
TestTerraformPatcheExample 2022-03-22T16:34:29Z logger.go:66:       - disk_size              = 0 -> null
TestTerraformPatcheExample 2022-03-22T16:34:29Z logger.go:66:       - id                     = "ex-patch:foo-20220322162948536000000019" -> null
TestTerraformPatcheExample 2022-03-22T16:34:29Z logger.go:66:       - instance_types         = [
TestTerraformPatcheExample 2022-03-22T16:34:29Z logger.go:66:           - "t3.medium",
TestTerraformPatcheExample 2022-03-22T16:34:29Z logger.go:66:         ] -> null
TestTerraformPatcheExample 2022-03-22T16:34:29Z logger.go:66:       - labels                 = {} -> null
TestTerraformPatcheExample 2022-03-22T16:34:29Z logger.go:66:       - node_group_name        = "foo-20220322162948536000000019" -> null
TestTerraformPatcheExample 2022-03-22T16:34:29Z logger.go:66:       - node_group_name_prefix = "foo-" -> null
TestTerraformPatcheExample 2022-03-22T16:34:29Z logger.go:66:       - node_role_arn          = "arn:aws:iam::11111111111:role/foo-eks-node-group-20220322162056536300000002" -> null
TestTerraformPatcheExample 2022-03-22T16:34:29Z logger.go:66:       - release_version        = "1.21.5-20220309" -> null
TestTerraformPatcheExample 2022-03-22T16:34:29Z logger.go:66:       - resources              = [
TestTerraformPatcheExample 2022-03-22T16:34:29Z logger.go:66:           - {
TestTerraformPatcheExample 2022-03-22T16:34:29Z logger.go:66:               - autoscaling_groups              = [
TestTerraformPatcheExample 2022-03-22T16:34:29Z logger.go:66:                   - {
TestTerraformPatcheExample 2022-03-22T16:34:29Z logger.go:66:                       - name = "eks-foo-20220322162948536000000019-54bfd93b-4fad-7ff2-e111-aa7f83cb9760"
TestTerraformPatcheExample 2022-03-22T16:34:29Z logger.go:66:                     },
TestTerraformPatcheExample 2022-03-22T16:34:29Z logger.go:66:                 ]
TestTerraformPatcheExample 2022-03-22T16:34:29Z logger.go:66:               - remote_access_security_group_id = ""
TestTerraformPatcheExample 2022-03-22T16:34:29Z logger.go:66:             },
TestTerraformPatcheExample 2022-03-22T16:34:29Z logger.go:66:         ] -> null
TestTerraformPatcheExample 2022-03-22T16:34:29Z logger.go:66:       - status                 = "ACTIVE" -> null
TestTerraformPatcheExample 2022-03-22T16:34:29Z logger.go:66:       - subnet_ids             = [
TestTerraformPatcheExample 2022-03-22T16:34:29Z logger.go:66:           - "subnet-0066b663d2d527847",
TestTerraformPatcheExample 2022-03-22T16:34:29Z logger.go:66:           - "subnet-0848a9cba398ee894",
TestTerraformPatcheExample 2022-03-22T16:34:29Z logger.go:66:           - "subnet-0c513130447b69601",
TestTerraformPatcheExample 2022-03-22T16:34:29Z logger.go:66:         ] -> null
TestTerraformPatcheExample 2022-03-22T16:34:29Z logger.go:66:       - tags                   = {
TestTerraformPatcheExample 2022-03-22T16:34:29Z logger.go:66:           - "Name" = "foo"
TestTerraformPatcheExample 2022-03-22T16:34:29Z logger.go:66:         } -> null
TestTerraformPatcheExample 2022-03-22T16:34:29Z logger.go:66:       - tags_all               = {
TestTerraformPatcheExample 2022-03-22T16:34:29Z logger.go:66:           - "Example"    = "ex-patch"
TestTerraformPatcheExample 2022-03-22T16:34:29Z logger.go:66:           - "GithubOrg"  = "aidan-melen"
TestTerraformPatcheExample 2022-03-22T16:34:29Z logger.go:66:           - "GithubRepo" = "terraform-aws-eks-auth"
TestTerraformPatcheExample 2022-03-22T16:34:29Z logger.go:66:           - "Name"       = "foo"
TestTerraformPatcheExample 2022-03-22T16:34:29Z logger.go:66:         } -> null
TestTerraformPatcheExample 2022-03-22T16:34:29Z logger.go:66:       - version                = "1.21" -> null
TestTerraformPatcheExample 2022-03-22T16:34:29Z logger.go:66:
TestTerraformPatcheExample 2022-03-22T16:34:29Z logger.go:66:       - launch_template {
TestTerraformPatcheExample 2022-03-22T16:34:29Z logger.go:66:           - id      = "lt-01e62c8311fee6297" -> null
TestTerraformPatcheExample 2022-03-22T16:34:29Z logger.go:66:           - name    = "foo-20220322162947568900000015" -> null
TestTerraformPatcheExample 2022-03-22T16:34:29Z logger.go:66:           - version = "1" -> null
TestTerraformPatcheExample 2022-03-22T16:34:29Z logger.go:66:         }
TestTerraformPatcheExample 2022-03-22T16:34:29Z logger.go:66:
TestTerraformPatcheExample 2022-03-22T16:34:29Z logger.go:66:       - scaling_config {
TestTerraformPatcheExample 2022-03-22T16:34:29Z logger.go:66:           - desired_size = 1 -> null
TestTerraformPatcheExample 2022-03-22T16:34:29Z logger.go:66:           - max_size     = 3 -> null
TestTerraformPatcheExample 2022-03-22T16:34:29Z logger.go:66:           - min_size     = 1 -> null
TestTerraformPatcheExample 2022-03-22T16:34:29Z logger.go:66:         }
TestTerraformPatcheExample 2022-03-22T16:34:29Z logger.go:66:
TestTerraformPatcheExample 2022-03-22T16:34:29Z logger.go:66:       - timeouts {}
TestTerraformPatcheExample 2022-03-22T16:34:29Z logger.go:66:
TestTerraformPatcheExample 2022-03-22T16:34:29Z logger.go:66:       - update_config {
TestTerraformPatcheExample 2022-03-22T16:34:29Z logger.go:66:           - max_unavailable            = 1 -> null
TestTerraformPatcheExample 2022-03-22T16:34:29Z logger.go:66:           - max_unavailable_percentage = 0 -> null
TestTerraformPatcheExample 2022-03-22T16:34:29Z logger.go:66:         }
TestTerraformPatcheExample 2022-03-22T16:34:29Z logger.go:66:     }
TestTerraformPatcheExample 2022-03-22T16:34:29Z logger.go:66:
TestTerraformPatcheExample 2022-03-22T16:34:29Z logger.go:66:   # module.eks.module.eks_managed_node_group["foo"].aws_iam_role.this[0] will be destroyed
TestTerraformPatcheExample 2022-03-22T16:34:29Z logger.go:66:   - resource "aws_iam_role" "this" {
TestTerraformPatcheExample 2022-03-22T16:34:29Z logger.go:66:       - arn                   = "arn:aws:iam::11111111111:role/foo-eks-node-group-20220322162056536300000002" -> null
TestTerraformPatcheExample 2022-03-22T16:34:29Z logger.go:66:       - assume_role_policy    = jsonencode(
TestTerraformPatcheExample 2022-03-22T16:34:29Z logger.go:66:             {
TestTerraformPatcheExample 2022-03-22T16:34:29Z logger.go:66:               - Statement = [
TestTerraformPatcheExample 2022-03-22T16:34:29Z logger.go:66:                   - {
TestTerraformPatcheExample 2022-03-22T16:34:29Z logger.go:66:                       - Action    = "sts:AssumeRole"
TestTerraformPatcheExample 2022-03-22T16:34:29Z logger.go:66:                       - Effect    = "Allow"
TestTerraformPatcheExample 2022-03-22T16:34:29Z logger.go:66:                       - Principal = {
TestTerraformPatcheExample 2022-03-22T16:34:29Z logger.go:66:                           - Service = "ec2.amazonaws.com"
TestTerraformPatcheExample 2022-03-22T16:34:29Z logger.go:66:                         }
TestTerraformPatcheExample 2022-03-22T16:34:29Z logger.go:66:                       - Sid       = "EKSNodeAssumeRole"
TestTerraformPatcheExample 2022-03-22T16:34:29Z logger.go:66:                     },
TestTerraformPatcheExample 2022-03-22T16:34:29Z logger.go:66:                 ]
TestTerraformPatcheExample 2022-03-22T16:34:29Z logger.go:66:               - Version   = "2012-10-17"
TestTerraformPatcheExample 2022-03-22T16:34:29Z logger.go:66:             }
TestTerraformPatcheExample 2022-03-22T16:34:29Z logger.go:66:         ) -> null
TestTerraformPatcheExample 2022-03-22T16:34:29Z logger.go:66:       - create_date           = "2022-03-22T16:21:01Z" -> null
TestTerraformPatcheExample 2022-03-22T16:34:29Z logger.go:66:       - description           = "EKS managed node group IAM role" -> null
TestTerraformPatcheExample 2022-03-22T16:34:29Z logger.go:66:       - force_detach_policies = true -> null
TestTerraformPatcheExample 2022-03-22T16:34:29Z logger.go:66:       - id                    = "foo-eks-node-group-20220322162056536300000002" -> null
TestTerraformPatcheExample 2022-03-22T16:34:29Z logger.go:66:       - managed_policy_arns   = [
TestTerraformPatcheExample 2022-03-22T16:34:29Z logger.go:66:           - "arn:aws:iam::aws:policy/AmazonEC2ContainerRegistryReadOnly",
TestTerraformPatcheExample 2022-03-22T16:34:29Z logger.go:66:           - "arn:aws:iam::aws:policy/AmazonEKSWorkerNodePolicy",
TestTerraformPatcheExample 2022-03-22T16:34:29Z logger.go:66:           - "arn:aws:iam::aws:policy/AmazonEKS_CNI_Policy",
TestTerraformPatcheExample 2022-03-22T16:34:29Z logger.go:66:         ] -> null
TestTerraformPatcheExample 2022-03-22T16:34:29Z logger.go:66:       - max_session_duration  = 3600 -> null
TestTerraformPatcheExample 2022-03-22T16:34:29Z logger.go:66:       - name                  = "foo-eks-node-group-20220322162056536300000002" -> null
TestTerraformPatcheExample 2022-03-22T16:34:29Z logger.go:66:       - name_prefix           = "foo-eks-node-group-" -> null
TestTerraformPatcheExample 2022-03-22T16:34:29Z logger.go:66:       - path                  = "/" -> null
TestTerraformPatcheExample 2022-03-22T16:34:29Z logger.go:66:       - tags                  = {} -> null
TestTerraformPatcheExample 2022-03-22T16:34:29Z logger.go:66:       - tags_all              = {
TestTerraformPatcheExample 2022-03-22T16:34:29Z logger.go:66:           - "Example"    = "ex-patch"
TestTerraformPatcheExample 2022-03-22T16:34:29Z logger.go:66:           - "GithubOrg"  = "aidan-melen"
TestTerraformPatcheExample 2022-03-22T16:34:29Z logger.go:66:           - "GithubRepo" = "terraform-aws-eks-auth"
TestTerraformPatcheExample 2022-03-22T16:34:29Z logger.go:66:         } -> null
TestTerraformPatcheExample 2022-03-22T16:34:29Z logger.go:66:       - unique_id             = "AROAUYBJJ5B7354QMQYSJ" -> null
TestTerraformPatcheExample 2022-03-22T16:34:29Z logger.go:66:
TestTerraformPatcheExample 2022-03-22T16:34:29Z logger.go:66:       - inline_policy {}
TestTerraformPatcheExample 2022-03-22T16:34:29Z logger.go:66:     }
TestTerraformPatcheExample 2022-03-22T16:34:29Z logger.go:66:
TestTerraformPatcheExample 2022-03-22T16:34:29Z logger.go:66:   # module.eks.module.eks_managed_node_group["foo"].aws_iam_role_policy_attachment.this["arn:aws:iam::aws:policy/AmazonEC2ContainerRegistryReadOnly"] will be destroyed
TestTerraformPatcheExample 2022-03-22T16:34:29Z logger.go:66:   - resource "aws_iam_role_policy_attachment" "this" {
TestTerraformPatcheExample 2022-03-22T16:34:29Z logger.go:66:       - id         = "foo-eks-node-group-20220322162056536300000002-20220322162058218000000009" -> null
TestTerraformPatcheExample 2022-03-22T16:34:29Z logger.go:66:       - policy_arn = "arn:aws:iam::aws:policy/AmazonEC2ContainerRegistryReadOnly" -> null
TestTerraformPatcheExample 2022-03-22T16:34:29Z logger.go:66:       - role       = "foo-eks-node-group-20220322162056536300000002" -> null
TestTerraformPatcheExample 2022-03-22T16:34:29Z logger.go:66:     }
TestTerraformPatcheExample 2022-03-22T16:34:29Z logger.go:66:
TestTerraformPatcheExample 2022-03-22T16:34:29Z logger.go:66:   # module.eks.module.eks_managed_node_group["foo"].aws_iam_role_policy_attachment.this["arn:aws:iam::aws:policy/AmazonEKSWorkerNodePolicy"] will be destroyed
TestTerraformPatcheExample 2022-03-22T16:34:29Z logger.go:66:   - resource "aws_iam_role_policy_attachment" "this" {
TestTerraformPatcheExample 2022-03-22T16:34:29Z logger.go:66:       - id         = "foo-eks-node-group-20220322162056536300000002-2022032216205836630000000d" -> null
TestTerraformPatcheExample 2022-03-22T16:34:29Z logger.go:66:       - policy_arn = "arn:aws:iam::aws:policy/AmazonEKSWorkerNodePolicy" -> null
TestTerraformPatcheExample 2022-03-22T16:34:29Z logger.go:66:       - role       = "foo-eks-node-group-20220322162056536300000002" -> null
TestTerraformPatcheExample 2022-03-22T16:34:29Z logger.go:66:     }
TestTerraformPatcheExample 2022-03-22T16:34:29Z logger.go:66:
TestTerraformPatcheExample 2022-03-22T16:34:29Z logger.go:66:   # module.eks.module.eks_managed_node_group["foo"].aws_iam_role_policy_attachment.this["arn:aws:iam::aws:policy/AmazonEKS_CNI_Policy"] will be destroyed
TestTerraformPatcheExample 2022-03-22T16:34:29Z logger.go:66:   - resource "aws_iam_role_policy_attachment" "this" {
TestTerraformPatcheExample 2022-03-22T16:34:29Z logger.go:66:       - id         = "foo-eks-node-group-20220322162056536300000002-2022032216205836090000000c" -> null
TestTerraformPatcheExample 2022-03-22T16:34:29Z logger.go:66:       - policy_arn = "arn:aws:iam::aws:policy/AmazonEKS_CNI_Policy" -> null
TestTerraformPatcheExample 2022-03-22T16:34:29Z logger.go:66:       - role       = "foo-eks-node-group-20220322162056536300000002" -> null
TestTerraformPatcheExample 2022-03-22T16:34:29Z logger.go:66:     }
TestTerraformPatcheExample 2022-03-22T16:34:29Z logger.go:66:
TestTerraformPatcheExample 2022-03-22T16:34:29Z logger.go:66:   # module.eks.module.eks_managed_node_group["foo"].aws_launch_template.this[0] will be destroyed
TestTerraformPatcheExample 2022-03-22T16:34:29Z logger.go:66:   - resource "aws_launch_template" "this" {
TestTerraformPatcheExample 2022-03-22T16:34:29Z logger.go:66:       - arn                     = "arn:aws:ec2:us-west-2:11111111111:launch-template/lt-01e62c8311fee6297" -> null
TestTerraformPatcheExample 2022-03-22T16:34:29Z logger.go:66:       - default_version         = 1 -> null
TestTerraformPatcheExample 2022-03-22T16:34:29Z logger.go:66:       - description             = "Custom launch template for foo EKS managed node group" -> null
TestTerraformPatcheExample 2022-03-22T16:34:29Z logger.go:66:       - disable_api_termination = false -> null
TestTerraformPatcheExample 2022-03-22T16:34:29Z logger.go:66:       - id                      = "lt-01e62c8311fee6297" -> null
TestTerraformPatcheExample 2022-03-22T16:34:29Z logger.go:66:       - latest_version          = 1 -> null
TestTerraformPatcheExample 2022-03-22T16:34:29Z logger.go:66:       - name                    = "foo-20220322162947568900000015" -> null
TestTerraformPatcheExample 2022-03-22T16:34:29Z logger.go:66:       - name_prefix             = "foo-" -> null
TestTerraformPatcheExample 2022-03-22T16:34:29Z logger.go:66:       - security_group_names    = [] -> null
TestTerraformPatcheExample 2022-03-22T16:34:29Z logger.go:66:       - tags                    = {} -> null
TestTerraformPatcheExample 2022-03-22T16:34:29Z logger.go:66:       - tags_all                = {
TestTerraformPatcheExample 2022-03-22T16:34:29Z logger.go:66:           - "Example"    = "ex-patch"
TestTerraformPatcheExample 2022-03-22T16:34:29Z logger.go:66:           - "GithubOrg"  = "aidan-melen"
TestTerraformPatcheExample 2022-03-22T16:34:29Z logger.go:66:           - "GithubRepo" = "terraform-aws-eks-auth"
TestTerraformPatcheExample 2022-03-22T16:34:29Z logger.go:66:         } -> null
TestTerraformPatcheExample 2022-03-22T16:34:29Z logger.go:66:       - update_default_version  = true -> null
TestTerraformPatcheExample 2022-03-22T16:34:29Z logger.go:66:       - vpc_security_group_ids  = [
TestTerraformPatcheExample 2022-03-22T16:34:29Z logger.go:66:           - "sg-0596d421855ad5b1c",
TestTerraformPatcheExample 2022-03-22T16:34:29Z logger.go:66:           - "sg-0aca34610da0f0bd2",
TestTerraformPatcheExample 2022-03-22T16:34:29Z logger.go:66:         ] -> null
TestTerraformPatcheExample 2022-03-22T16:34:29Z logger.go:66:
TestTerraformPatcheExample 2022-03-22T16:34:29Z logger.go:66:       - metadata_options {
TestTerraformPatcheExample 2022-03-22T16:34:29Z logger.go:66:           - http_endpoint               = "enabled" -> null
TestTerraformPatcheExample 2022-03-22T16:34:29Z logger.go:66:           - http_protocol_ipv6          = "disabled" -> null
TestTerraformPatcheExample 2022-03-22T16:34:29Z logger.go:66:           - http_put_response_hop_limit = 2 -> null
TestTerraformPatcheExample 2022-03-22T16:34:29Z logger.go:66:           - http_tokens                 = "required" -> null
TestTerraformPatcheExample 2022-03-22T16:34:29Z logger.go:66:           - instance_metadata_tags      = "disabled" -> null
TestTerraformPatcheExample 2022-03-22T16:34:29Z logger.go:66:         }
TestTerraformPatcheExample 2022-03-22T16:34:29Z logger.go:66:
TestTerraformPatcheExample 2022-03-22T16:34:29Z logger.go:66:       - monitoring {
TestTerraformPatcheExample 2022-03-22T16:34:29Z logger.go:66:           - enabled = true -> null
TestTerraformPatcheExample 2022-03-22T16:34:29Z logger.go:66:         }
TestTerraformPatcheExample 2022-03-22T16:34:29Z logger.go:66:
TestTerraformPatcheExample 2022-03-22T16:34:29Z logger.go:66:       - tag_specifications {
TestTerraformPatcheExample 2022-03-22T16:34:29Z logger.go:66:           - resource_type = "instance" -> null
TestTerraformPatcheExample 2022-03-22T16:34:29Z logger.go:66:           - tags          = {
TestTerraformPatcheExample 2022-03-22T16:34:29Z logger.go:66:               - "Name" = "foo"
TestTerraformPatcheExample 2022-03-22T16:34:29Z logger.go:66:             } -> null
TestTerraformPatcheExample 2022-03-22T16:34:29Z logger.go:66:         }
TestTerraformPatcheExample 2022-03-22T16:34:29Z logger.go:66:       - tag_specifications {
TestTerraformPatcheExample 2022-03-22T16:34:29Z logger.go:66:           - resource_type = "network-interface" -> null
TestTerraformPatcheExample 2022-03-22T16:34:29Z logger.go:66:           - tags          = {
TestTerraformPatcheExample 2022-03-22T16:34:29Z logger.go:66:               - "Name" = "foo"
TestTerraformPatcheExample 2022-03-22T16:34:29Z logger.go:66:             } -> null
TestTerraformPatcheExample 2022-03-22T16:34:29Z logger.go:66:         }
TestTerraformPatcheExample 2022-03-22T16:34:29Z logger.go:66:       - tag_specifications {
TestTerraformPatcheExample 2022-03-22T16:34:29Z logger.go:66:           - resource_type = "volume" -> null
TestTerraformPatcheExample 2022-03-22T16:34:29Z logger.go:66:           - tags          = {
TestTerraformPatcheExample 2022-03-22T16:34:29Z logger.go:66:               - "Name" = "foo"
TestTerraformPatcheExample 2022-03-22T16:34:29Z logger.go:66:             } -> null
TestTerraformPatcheExample 2022-03-22T16:34:29Z logger.go:66:         }
TestTerraformPatcheExample 2022-03-22T16:34:29Z logger.go:66:     }
TestTerraformPatcheExample 2022-03-22T16:34:29Z logger.go:66:
TestTerraformPatcheExample 2022-03-22T16:34:29Z logger.go:66:   # module.eks.module.eks_managed_node_group["foo"].aws_security_group.this[0] will be destroyed
TestTerraformPatcheExample 2022-03-22T16:34:29Z logger.go:66:   - resource "aws_security_group" "this" {
TestTerraformPatcheExample 2022-03-22T16:34:29Z logger.go:66:       - arn                    = "arn:aws:ec2:us-west-2:11111111111:security-group/sg-0aca34610da0f0bd2" -> null
TestTerraformPatcheExample 2022-03-22T16:34:29Z logger.go:66:       - description            = "EKS managed node group security group" -> null
TestTerraformPatcheExample 2022-03-22T16:34:29Z logger.go:66:       - egress                 = [] -> null
TestTerraformPatcheExample 2022-03-22T16:34:29Z logger.go:66:       - id                     = "sg-0aca34610da0f0bd2" -> null
TestTerraformPatcheExample 2022-03-22T16:34:29Z logger.go:66:       - ingress                = [] -> null
TestTerraformPatcheExample 2022-03-22T16:34:29Z logger.go:66:       - name                   = "foo-eks-node-group-20220322162109294000000013" -> null
TestTerraformPatcheExample 2022-03-22T16:34:29Z logger.go:66:       - name_prefix            = "foo-eks-node-group-" -> null
TestTerraformPatcheExample 2022-03-22T16:34:29Z logger.go:66:       - owner_id               = "11111111111" -> null
TestTerraformPatcheExample 2022-03-22T16:34:29Z logger.go:66:       - revoke_rules_on_delete = false -> null
TestTerraformPatcheExample 2022-03-22T16:34:29Z logger.go:66:       - tags                   = {
TestTerraformPatcheExample 2022-03-22T16:34:29Z logger.go:66:           - "Name" = "foo-eks-node-group"
TestTerraformPatcheExample 2022-03-22T16:34:29Z logger.go:66:         } -> null
TestTerraformPatcheExample 2022-03-22T16:34:29Z logger.go:66:       - tags_all               = {
TestTerraformPatcheExample 2022-03-22T16:34:29Z logger.go:66:           - "Example"    = "ex-patch"
TestTerraformPatcheExample 2022-03-22T16:34:29Z logger.go:66:           - "GithubOrg"  = "aidan-melen"
TestTerraformPatcheExample 2022-03-22T16:34:29Z logger.go:66:           - "GithubRepo" = "terraform-aws-eks-auth"
TestTerraformPatcheExample 2022-03-22T16:34:29Z logger.go:66:           - "Name"       = "foo-eks-node-group"
TestTerraformPatcheExample 2022-03-22T16:34:29Z logger.go:66:         } -> null
TestTerraformPatcheExample 2022-03-22T16:34:29Z logger.go:66:       - vpc_id                 = "vpc-0da699baf2c256d6d" -> null
TestTerraformPatcheExample 2022-03-22T16:34:29Z logger.go:66:     }
TestTerraformPatcheExample 2022-03-22T16:34:29Z logger.go:66:
TestTerraformPatcheExample 2022-03-22T16:34:29Z logger.go:66:   # module.eks.module.fargate_profile["bar"].aws_eks_fargate_profile.this[0] will be destroyed
TestTerraformPatcheExample 2022-03-22T16:34:29Z logger.go:66:   - resource "aws_eks_fargate_profile" "this" {
TestTerraformPatcheExample 2022-03-22T16:34:29Z logger.go:66:       - arn                    = "arn:aws:eks:us-west-2:11111111111:fargateprofile/ex-patch/bar/bebfd93b-4dbc-a81c-f398-ded2ec541433" -> null
TestTerraformPatcheExample 2022-03-22T16:34:29Z logger.go:66:       - cluster_name           = "ex-patch" -> null
TestTerraformPatcheExample 2022-03-22T16:34:29Z logger.go:66:       - fargate_profile_name   = "bar" -> null
TestTerraformPatcheExample 2022-03-22T16:34:29Z logger.go:66:       - id                     = "ex-patch:bar" -> null
TestTerraformPatcheExample 2022-03-22T16:34:29Z logger.go:66:       - pod_execution_role_arn = "arn:aws:iam::11111111111:role/bar-20220322162056557600000003" -> null
TestTerraformPatcheExample 2022-03-22T16:34:29Z logger.go:66:       - status                 = "ACTIVE" -> null
TestTerraformPatcheExample 2022-03-22T16:34:29Z logger.go:66:       - subnet_ids             = [
TestTerraformPatcheExample 2022-03-22T16:34:29Z logger.go:66:           - "subnet-0066b663d2d527847",
TestTerraformPatcheExample 2022-03-22T16:34:29Z logger.go:66:           - "subnet-0848a9cba398ee894",
TestTerraformPatcheExample 2022-03-22T16:34:29Z logger.go:66:           - "subnet-0c513130447b69601",
TestTerraformPatcheExample 2022-03-22T16:34:29Z logger.go:66:         ] -> null
TestTerraformPatcheExample 2022-03-22T16:34:29Z logger.go:66:       - tags                   = {} -> null
TestTerraformPatcheExample 2022-03-22T16:34:29Z logger.go:66:       - tags_all               = {
TestTerraformPatcheExample 2022-03-22T16:34:29Z logger.go:66:           - "Example"    = "ex-patch"
TestTerraformPatcheExample 2022-03-22T16:34:29Z logger.go:66:           - "GithubOrg"  = "aidan-melen"
TestTerraformPatcheExample 2022-03-22T16:34:29Z logger.go:66:           - "GithubRepo" = "terraform-aws-eks-auth"
TestTerraformPatcheExample 2022-03-22T16:34:29Z logger.go:66:         } -> null
TestTerraformPatcheExample 2022-03-22T16:34:29Z logger.go:66:
TestTerraformPatcheExample 2022-03-22T16:34:29Z logger.go:66:       - selector {
TestTerraformPatcheExample 2022-03-22T16:34:29Z logger.go:66:           - labels    = {} -> null
TestTerraformPatcheExample 2022-03-22T16:34:29Z logger.go:66:           - namespace = "bar" -> null
TestTerraformPatcheExample 2022-03-22T16:34:29Z logger.go:66:         }
TestTerraformPatcheExample 2022-03-22T16:34:29Z logger.go:66:
TestTerraformPatcheExample 2022-03-22T16:34:29Z logger.go:66:       - timeouts {}
TestTerraformPatcheExample 2022-03-22T16:34:29Z logger.go:66:     }
TestTerraformPatcheExample 2022-03-22T16:34:29Z logger.go:66:
TestTerraformPatcheExample 2022-03-22T16:34:29Z logger.go:66:   # module.eks.module.fargate_profile["bar"].aws_iam_role.this[0] will be destroyed
TestTerraformPatcheExample 2022-03-22T16:34:29Z logger.go:66:   - resource "aws_iam_role" "this" {
TestTerraformPatcheExample 2022-03-22T16:34:29Z logger.go:66:       - arn                   = "arn:aws:iam::11111111111:role/bar-20220322162056557600000003" -> null
TestTerraformPatcheExample 2022-03-22T16:34:29Z logger.go:66:       - assume_role_policy    = jsonencode(
TestTerraformPatcheExample 2022-03-22T16:34:29Z logger.go:66:             {
TestTerraformPatcheExample 2022-03-22T16:34:29Z logger.go:66:               - Statement = [
TestTerraformPatcheExample 2022-03-22T16:34:29Z logger.go:66:                   - {
TestTerraformPatcheExample 2022-03-22T16:34:29Z logger.go:66:                       - Action    = "sts:AssumeRole"
TestTerraformPatcheExample 2022-03-22T16:34:29Z logger.go:66:                       - Effect    = "Allow"
TestTerraformPatcheExample 2022-03-22T16:34:29Z logger.go:66:                       - Principal = {
TestTerraformPatcheExample 2022-03-22T16:34:29Z logger.go:66:                           - Service = "eks-fargate-pods.amazonaws.com"
TestTerraformPatcheExample 2022-03-22T16:34:29Z logger.go:66:                         }
TestTerraformPatcheExample 2022-03-22T16:34:29Z logger.go:66:                       - Sid       = ""
TestTerraformPatcheExample 2022-03-22T16:34:29Z logger.go:66:                     },
TestTerraformPatcheExample 2022-03-22T16:34:29Z logger.go:66:                 ]
TestTerraformPatcheExample 2022-03-22T16:34:29Z logger.go:66:               - Version   = "2012-10-17"
TestTerraformPatcheExample 2022-03-22T16:34:29Z logger.go:66:             }
TestTerraformPatcheExample 2022-03-22T16:34:29Z logger.go:66:         ) -> null
TestTerraformPatcheExample 2022-03-22T16:34:29Z logger.go:66:       - create_date           = "2022-03-22T16:21:01Z" -> null
TestTerraformPatcheExample 2022-03-22T16:34:29Z logger.go:66:       - description           = "Fargate profile IAM role" -> null
TestTerraformPatcheExample 2022-03-22T16:34:29Z logger.go:66:       - force_detach_policies = true -> null
TestTerraformPatcheExample 2022-03-22T16:34:29Z logger.go:66:       - id                    = "bar-20220322162056557600000003" -> null
TestTerraformPatcheExample 2022-03-22T16:34:29Z logger.go:66:       - managed_policy_arns   = [
TestTerraformPatcheExample 2022-03-22T16:34:29Z logger.go:66:           - "arn:aws:iam::aws:policy/AmazonEKSFargatePodExecutionRolePolicy",
TestTerraformPatcheExample 2022-03-22T16:34:29Z logger.go:66:           - "arn:aws:iam::aws:policy/AmazonEKS_CNI_Policy",
TestTerraformPatcheExample 2022-03-22T16:34:29Z logger.go:66:         ] -> null
TestTerraformPatcheExample 2022-03-22T16:34:29Z logger.go:66:       - max_session_duration  = 3600 -> null
TestTerraformPatcheExample 2022-03-22T16:34:29Z logger.go:66:       - name                  = "bar-20220322162056557600000003" -> null
TestTerraformPatcheExample 2022-03-22T16:34:29Z logger.go:66:       - name_prefix           = "bar-" -> null
TestTerraformPatcheExample 2022-03-22T16:34:29Z logger.go:66:       - path                  = "/" -> null
TestTerraformPatcheExample 2022-03-22T16:34:29Z logger.go:66:       - tags                  = {} -> null
TestTerraformPatcheExample 2022-03-22T16:34:29Z logger.go:66:       - tags_all              = {
TestTerraformPatcheExample 2022-03-22T16:34:29Z logger.go:66:           - "Example"    = "ex-patch"
TestTerraformPatcheExample 2022-03-22T16:34:29Z logger.go:66:           - "GithubOrg"  = "aidan-melen"
TestTerraformPatcheExample 2022-03-22T16:34:29Z logger.go:66:           - "GithubRepo" = "terraform-aws-eks-auth"
TestTerraformPatcheExample 2022-03-22T16:34:29Z logger.go:66:         } -> null
TestTerraformPatcheExample 2022-03-22T16:34:29Z logger.go:66:       - unique_id             = "AROAUYBJJ5B7YAXB2QS4V" -> null
TestTerraformPatcheExample 2022-03-22T16:34:29Z logger.go:66:
TestTerraformPatcheExample 2022-03-22T16:34:29Z logger.go:66:       - inline_policy {}
TestTerraformPatcheExample 2022-03-22T16:34:29Z logger.go:66:     }
TestTerraformPatcheExample 2022-03-22T16:34:29Z logger.go:66:
TestTerraformPatcheExample 2022-03-22T16:34:29Z logger.go:66:   # module.eks.module.fargate_profile["bar"].aws_iam_role_policy_attachment.this["arn:aws:iam::aws:policy/AmazonEKSFargatePodExecutionRolePolicy"] will be destroyed
TestTerraformPatcheExample 2022-03-22T16:34:29Z logger.go:66:   - resource "aws_iam_role_policy_attachment" "this" {
TestTerraformPatcheExample 2022-03-22T16:34:29Z logger.go:66:       - id         = "bar-20220322162056557600000003-20220322162058092500000006" -> null
TestTerraformPatcheExample 2022-03-22T16:34:29Z logger.go:66:       - policy_arn = "arn:aws:iam::aws:policy/AmazonEKSFargatePodExecutionRolePolicy" -> null
TestTerraformPatcheExample 2022-03-22T16:34:29Z logger.go:66:       - role       = "bar-20220322162056557600000003" -> null
TestTerraformPatcheExample 2022-03-22T16:34:29Z logger.go:66:     }
TestTerraformPatcheExample 2022-03-22T16:34:29Z logger.go:66:
TestTerraformPatcheExample 2022-03-22T16:34:29Z logger.go:66:   # module.eks.module.fargate_profile["bar"].aws_iam_role_policy_attachment.this["arn:aws:iam::aws:policy/AmazonEKS_CNI_Policy"] will be destroyed
TestTerraformPatcheExample 2022-03-22T16:34:29Z logger.go:66:   - resource "aws_iam_role_policy_attachment" "this" {
TestTerraformPatcheExample 2022-03-22T16:34:29Z logger.go:66:       - id         = "bar-20220322162056557600000003-20220322162058084200000005" -> null
TestTerraformPatcheExample 2022-03-22T16:34:29Z logger.go:66:       - policy_arn = "arn:aws:iam::aws:policy/AmazonEKS_CNI_Policy" -> null
TestTerraformPatcheExample 2022-03-22T16:34:29Z logger.go:66:       - role       = "bar-20220322162056557600000003" -> null
TestTerraformPatcheExample 2022-03-22T16:34:29Z logger.go:66:     }
TestTerraformPatcheExample 2022-03-22T16:34:29Z logger.go:66:
TestTerraformPatcheExample 2022-03-22T16:34:29Z logger.go:66:   # module.eks.module.self_managed_node_group["boo"].aws_autoscaling_group.this[0] will be destroyed
TestTerraformPatcheExample 2022-03-22T16:34:29Z logger.go:66:   - resource "aws_autoscaling_group" "this" {
TestTerraformPatcheExample 2022-03-22T16:34:29Z logger.go:66:       - arn                       = "arn:aws:autoscaling:us-west-2:11111111111:autoScalingGroup:3968b777-260f-4bf0-b001-4d66044cfac9:autoScalingGroupName/boo-2022032216294853790000001b" -> null
TestTerraformPatcheExample 2022-03-22T16:34:29Z logger.go:66:       - availability_zones        = [
TestTerraformPatcheExample 2022-03-22T16:34:29Z logger.go:66:           - "us-west-2a",
TestTerraformPatcheExample 2022-03-22T16:34:29Z logger.go:66:           - "us-west-2b",
TestTerraformPatcheExample 2022-03-22T16:34:29Z logger.go:66:           - "us-west-2c",
TestTerraformPatcheExample 2022-03-22T16:34:29Z logger.go:66:         ] -> null
TestTerraformPatcheExample 2022-03-22T16:34:29Z logger.go:66:       - capacity_rebalance        = false -> null
TestTerraformPatcheExample 2022-03-22T16:34:29Z logger.go:66:       - default_cooldown          = 300 -> null
TestTerraformPatcheExample 2022-03-22T16:34:29Z logger.go:66:       - desired_capacity          = 1 -> null
TestTerraformPatcheExample 2022-03-22T16:34:29Z logger.go:66:       - enabled_metrics           = [] -> null
TestTerraformPatcheExample 2022-03-22T16:34:29Z logger.go:66:       - force_delete              = false -> null
TestTerraformPatcheExample 2022-03-22T16:34:29Z logger.go:66:       - force_delete_warm_pool    = false -> null
TestTerraformPatcheExample 2022-03-22T16:34:29Z logger.go:66:       - health_check_grace_period = 300 -> null
TestTerraformPatcheExample 2022-03-22T16:34:29Z logger.go:66:       - health_check_type         = "EC2" -> null
TestTerraformPatcheExample 2022-03-22T16:34:29Z logger.go:66:       - id                        = "boo-2022032216294853790000001b" -> null
TestTerraformPatcheExample 2022-03-22T16:34:29Z logger.go:66:       - load_balancers            = [] -> null
TestTerraformPatcheExample 2022-03-22T16:34:29Z logger.go:66:       - max_instance_lifetime     = 0 -> null
TestTerraformPatcheExample 2022-03-22T16:34:29Z logger.go:66:       - max_size                  = 3 -> null
TestTerraformPatcheExample 2022-03-22T16:34:29Z logger.go:66:       - metrics_granularity       = "1Minute" -> null
TestTerraformPatcheExample 2022-03-22T16:34:29Z logger.go:66:       - min_size                  = 0 -> null
TestTerraformPatcheExample 2022-03-22T16:34:29Z logger.go:66:       - name                      = "boo-2022032216294853790000001b" -> null
TestTerraformPatcheExample 2022-03-22T16:34:29Z logger.go:66:       - name_prefix               = "boo-" -> null
TestTerraformPatcheExample 2022-03-22T16:34:29Z logger.go:66:       - protect_from_scale_in     = false -> null
TestTerraformPatcheExample 2022-03-22T16:34:29Z logger.go:66:       - service_linked_role_arn   = "arn:aws:iam::11111111111:role/aws-service-role/autoscaling.amazonaws.com/AWSServiceRoleForAutoScaling" -> null
TestTerraformPatcheExample 2022-03-22T16:34:29Z logger.go:66:       - suspended_processes       = [] -> null
TestTerraformPatcheExample 2022-03-22T16:34:29Z logger.go:66:       - target_group_arns         = [] -> null
TestTerraformPatcheExample 2022-03-22T16:34:29Z logger.go:66:       - termination_policies      = [] -> null
TestTerraformPatcheExample 2022-03-22T16:34:29Z logger.go:66:       - vpc_zone_identifier       = [
TestTerraformPatcheExample 2022-03-22T16:34:29Z logger.go:66:           - "subnet-0066b663d2d527847",
TestTerraformPatcheExample 2022-03-22T16:34:29Z logger.go:66:           - "subnet-0848a9cba398ee894",
TestTerraformPatcheExample 2022-03-22T16:34:29Z logger.go:66:           - "subnet-0c513130447b69601",
TestTerraformPatcheExample 2022-03-22T16:34:29Z logger.go:66:         ] -> null
TestTerraformPatcheExample 2022-03-22T16:34:29Z logger.go:66:       - wait_for_capacity_timeout = "10m" -> null
TestTerraformPatcheExample 2022-03-22T16:34:29Z logger.go:66:
TestTerraformPatcheExample 2022-03-22T16:34:29Z logger.go:66:       - launch_template {
TestTerraformPatcheExample 2022-03-22T16:34:29Z logger.go:66:           - id      = "lt-0aa468566e2161177" -> null
TestTerraformPatcheExample 2022-03-22T16:34:29Z logger.go:66:           - name    = "boo-20220322162947584500000017" -> null
TestTerraformPatcheExample 2022-03-22T16:34:29Z logger.go:66:           - version = "1" -> null
TestTerraformPatcheExample 2022-03-22T16:34:29Z logger.go:66:         }
TestTerraformPatcheExample 2022-03-22T16:34:29Z logger.go:66:
TestTerraformPatcheExample 2022-03-22T16:34:29Z logger.go:66:       - tag {
TestTerraformPatcheExample 2022-03-22T16:34:29Z logger.go:66:           - key                 = "Name" -> null
TestTerraformPatcheExample 2022-03-22T16:34:29Z logger.go:66:           - propagate_at_launch = true -> null
TestTerraformPatcheExample 2022-03-22T16:34:29Z logger.go:66:           - value               = "boo" -> null
TestTerraformPatcheExample 2022-03-22T16:34:29Z logger.go:66:         }
TestTerraformPatcheExample 2022-03-22T16:34:29Z logger.go:66:       - tag {
TestTerraformPatcheExample 2022-03-22T16:34:29Z logger.go:66:           - key                 = "k8s.io/cluster/ex-patch" -> null
TestTerraformPatcheExample 2022-03-22T16:34:29Z logger.go:66:           - propagate_at_launch = true -> null
TestTerraformPatcheExample 2022-03-22T16:34:29Z logger.go:66:           - value               = "owned" -> null
TestTerraformPatcheExample 2022-03-22T16:34:29Z logger.go:66:         }
TestTerraformPatcheExample 2022-03-22T16:34:29Z logger.go:66:       - tag {
TestTerraformPatcheExample 2022-03-22T16:34:29Z logger.go:66:           - key                 = "kubernetes.io/cluster/ex-patch" -> null
TestTerraformPatcheExample 2022-03-22T16:34:29Z logger.go:66:           - propagate_at_launch = true -> null
TestTerraformPatcheExample 2022-03-22T16:34:29Z logger.go:66:           - value               = "owned" -> null
TestTerraformPatcheExample 2022-03-22T16:34:29Z logger.go:66:         }
TestTerraformPatcheExample 2022-03-22T16:34:29Z logger.go:66:
TestTerraformPatcheExample 2022-03-22T16:34:29Z logger.go:66:       - timeouts {}
TestTerraformPatcheExample 2022-03-22T16:34:29Z logger.go:66:     }
TestTerraformPatcheExample 2022-03-22T16:34:29Z logger.go:66:
TestTerraformPatcheExample 2022-03-22T16:34:29Z logger.go:66:   # module.eks.module.self_managed_node_group["boo"].aws_iam_instance_profile.this[0] will be destroyed
TestTerraformPatcheExample 2022-03-22T16:34:29Z logger.go:66:   - resource "aws_iam_instance_profile" "this" {
TestTerraformPatcheExample 2022-03-22T16:34:29Z logger.go:66:       - arn         = "arn:aws:iam::11111111111:instance-profile/boo-node-group-2022032216205835570000000b" -> null
TestTerraformPatcheExample 2022-03-22T16:34:29Z logger.go:66:       - create_date = "2022-03-22T16:21:02Z" -> null
TestTerraformPatcheExample 2022-03-22T16:34:29Z logger.go:66:       - id          = "boo-node-group-2022032216205835570000000b" -> null
TestTerraformPatcheExample 2022-03-22T16:34:29Z logger.go:66:       - name        = "boo-node-group-2022032216205835570000000b" -> null
TestTerraformPatcheExample 2022-03-22T16:34:29Z logger.go:66:       - name_prefix = "boo-node-group-" -> null
TestTerraformPatcheExample 2022-03-22T16:34:29Z logger.go:66:       - path        = "/" -> null
TestTerraformPatcheExample 2022-03-22T16:34:29Z logger.go:66:       - role        = "boo-node-group-20220322162056534700000001" -> null
TestTerraformPatcheExample 2022-03-22T16:34:29Z logger.go:66:       - tags        = {} -> null
TestTerraformPatcheExample 2022-03-22T16:34:29Z logger.go:66:       - tags_all    = {
TestTerraformPatcheExample 2022-03-22T16:34:29Z logger.go:66:           - "Example"    = "ex-patch"
TestTerraformPatcheExample 2022-03-22T16:34:29Z logger.go:66:           - "GithubOrg"  = "aidan-melen"
TestTerraformPatcheExample 2022-03-22T16:34:29Z logger.go:66:           - "GithubRepo" = "terraform-aws-eks-auth"
TestTerraformPatcheExample 2022-03-22T16:34:29Z logger.go:66:         } -> null
TestTerraformPatcheExample 2022-03-22T16:34:29Z logger.go:66:       - unique_id   = "AIPAUYBJJ5B72PRAXO563" -> null
TestTerraformPatcheExample 2022-03-22T16:34:29Z logger.go:66:     }
TestTerraformPatcheExample 2022-03-22T16:34:29Z logger.go:66:
TestTerraformPatcheExample 2022-03-22T16:34:29Z logger.go:66:   # module.eks.module.self_managed_node_group["boo"].aws_iam_role.this[0] will be destroyed
TestTerraformPatcheExample 2022-03-22T16:34:29Z logger.go:66:   - resource "aws_iam_role" "this" {
TestTerraformPatcheExample 2022-03-22T16:34:29Z logger.go:66:       - arn                   = "arn:aws:iam::11111111111:role/boo-node-group-20220322162056534700000001" -> null
TestTerraformPatcheExample 2022-03-22T16:34:29Z logger.go:66:       - assume_role_policy    = jsonencode(
TestTerraformPatcheExample 2022-03-22T16:34:29Z logger.go:66:             {
TestTerraformPatcheExample 2022-03-22T16:34:29Z logger.go:66:               - Statement = [
TestTerraformPatcheExample 2022-03-22T16:34:29Z logger.go:66:                   - {
TestTerraformPatcheExample 2022-03-22T16:34:29Z logger.go:66:                       - Action    = "sts:AssumeRole"
TestTerraformPatcheExample 2022-03-22T16:34:29Z logger.go:66:                       - Effect    = "Allow"
TestTerraformPatcheExample 2022-03-22T16:34:29Z logger.go:66:                       - Principal = {
TestTerraformPatcheExample 2022-03-22T16:34:29Z logger.go:66:                           - Service = "ec2.amazonaws.com"
TestTerraformPatcheExample 2022-03-22T16:34:29Z logger.go:66:                         }
TestTerraformPatcheExample 2022-03-22T16:34:29Z logger.go:66:                       - Sid       = "EKSNodeAssumeRole"
TestTerraformPatcheExample 2022-03-22T16:34:29Z logger.go:66:                     },
TestTerraformPatcheExample 2022-03-22T16:34:29Z logger.go:66:                 ]
TestTerraformPatcheExample 2022-03-22T16:34:29Z logger.go:66:               - Version   = "2012-10-17"
TestTerraformPatcheExample 2022-03-22T16:34:29Z logger.go:66:             }
TestTerraformPatcheExample 2022-03-22T16:34:29Z logger.go:66:         ) -> null
TestTerraformPatcheExample 2022-03-22T16:34:29Z logger.go:66:       - create_date           = "2022-03-22T16:21:01Z" -> null
TestTerraformPatcheExample 2022-03-22T16:34:29Z logger.go:66:       - description           = "Self managed node group IAM role" -> null
TestTerraformPatcheExample 2022-03-22T16:34:29Z logger.go:66:       - force_detach_policies = true -> null
TestTerraformPatcheExample 2022-03-22T16:34:29Z logger.go:66:       - id                    = "boo-node-group-20220322162056534700000001" -> null
TestTerraformPatcheExample 2022-03-22T16:34:29Z logger.go:66:       - managed_policy_arns   = [
TestTerraformPatcheExample 2022-03-22T16:34:29Z logger.go:66:           - "arn:aws:iam::aws:policy/AmazonEC2ContainerRegistryReadOnly",
TestTerraformPatcheExample 2022-03-22T16:34:29Z logger.go:66:           - "arn:aws:iam::aws:policy/AmazonEKSWorkerNodePolicy",
TestTerraformPatcheExample 2022-03-22T16:34:29Z logger.go:66:           - "arn:aws:iam::aws:policy/AmazonEKS_CNI_Policy",
TestTerraformPatcheExample 2022-03-22T16:34:29Z logger.go:66:         ] -> null
TestTerraformPatcheExample 2022-03-22T16:34:29Z logger.go:66:       - max_session_duration  = 3600 -> null
TestTerraformPatcheExample 2022-03-22T16:34:29Z logger.go:66:       - name                  = "boo-node-group-20220322162056534700000001" -> null
TestTerraformPatcheExample 2022-03-22T16:34:29Z logger.go:66:       - name_prefix           = "boo-node-group-" -> null
TestTerraformPatcheExample 2022-03-22T16:34:29Z logger.go:66:       - path                  = "/" -> null
TestTerraformPatcheExample 2022-03-22T16:34:29Z logger.go:66:       - tags                  = {} -> null
TestTerraformPatcheExample 2022-03-22T16:34:29Z logger.go:66:       - tags_all              = {
TestTerraformPatcheExample 2022-03-22T16:34:29Z logger.go:66:           - "Example"    = "ex-patch"
TestTerraformPatcheExample 2022-03-22T16:34:29Z logger.go:66:           - "GithubOrg"  = "aidan-melen"
TestTerraformPatcheExample 2022-03-22T16:34:29Z logger.go:66:           - "GithubRepo" = "terraform-aws-eks-auth"
TestTerraformPatcheExample 2022-03-22T16:34:29Z logger.go:66:         } -> null
TestTerraformPatcheExample 2022-03-22T16:34:29Z logger.go:66:       - unique_id             = "AROAUYBJJ5B7W67BEY7EL" -> null
TestTerraformPatcheExample 2022-03-22T16:34:29Z logger.go:66:
TestTerraformPatcheExample 2022-03-22T16:34:29Z logger.go:66:       - inline_policy {}
TestTerraformPatcheExample 2022-03-22T16:34:29Z logger.go:66:     }
TestTerraformPatcheExample 2022-03-22T16:34:29Z logger.go:66:
TestTerraformPatcheExample 2022-03-22T16:34:29Z logger.go:66:   # module.eks.module.self_managed_node_group["boo"].aws_iam_role_policy_attachment.this["arn:aws:iam::aws:policy/AmazonEC2ContainerRegistryReadOnly"] will be destroyed
TestTerraformPatcheExample 2022-03-22T16:34:29Z logger.go:66:   - resource "aws_iam_role_policy_attachment" "this" {
TestTerraformPatcheExample 2022-03-22T16:34:29Z logger.go:66:       - id         = "boo-node-group-20220322162056534700000001-2022032216205849360000000f" -> null
TestTerraformPatcheExample 2022-03-22T16:34:29Z logger.go:66:       - policy_arn = "arn:aws:iam::aws:policy/AmazonEC2ContainerRegistryReadOnly" -> null
TestTerraformPatcheExample 2022-03-22T16:34:29Z logger.go:66:       - role       = "boo-node-group-20220322162056534700000001" -> null
TestTerraformPatcheExample 2022-03-22T16:34:29Z logger.go:66:     }
TestTerraformPatcheExample 2022-03-22T16:34:29Z logger.go:66:
TestTerraformPatcheExample 2022-03-22T16:34:29Z logger.go:66:   # module.eks.module.self_managed_node_group["boo"].aws_iam_role_policy_attachment.this["arn:aws:iam::aws:policy/AmazonEKSWorkerNodePolicy"] will be destroyed
TestTerraformPatcheExample 2022-03-22T16:34:29Z logger.go:66:   - resource "aws_iam_role_policy_attachment" "this" {
TestTerraformPatcheExample 2022-03-22T16:34:29Z logger.go:66:       - id         = "boo-node-group-20220322162056534700000001-2022032216205841850000000e" -> null
TestTerraformPatcheExample 2022-03-22T16:34:29Z logger.go:66:       - policy_arn = "arn:aws:iam::aws:policy/AmazonEKSWorkerNodePolicy" -> null
TestTerraformPatcheExample 2022-03-22T16:34:29Z logger.go:66:       - role       = "boo-node-group-20220322162056534700000001" -> null
TestTerraformPatcheExample 2022-03-22T16:34:29Z logger.go:66:     }
TestTerraformPatcheExample 2022-03-22T16:34:29Z logger.go:66:
TestTerraformPatcheExample 2022-03-22T16:34:29Z logger.go:66:   # module.eks.module.self_managed_node_group["boo"].aws_iam_role_policy_attachment.this["arn:aws:iam::aws:policy/AmazonEKS_CNI_Policy"] will be destroyed
TestTerraformPatcheExample 2022-03-22T16:34:29Z logger.go:66:   - resource "aws_iam_role_policy_attachment" "this" {
TestTerraformPatcheExample 2022-03-22T16:34:29Z logger.go:66:       - id         = "boo-node-group-20220322162056534700000001-2022032216205826430000000a" -> null
TestTerraformPatcheExample 2022-03-22T16:34:29Z logger.go:66:       - policy_arn = "arn:aws:iam::aws:policy/AmazonEKS_CNI_Policy" -> null
TestTerraformPatcheExample 2022-03-22T16:34:29Z logger.go:66:       - role       = "boo-node-group-20220322162056534700000001" -> null
TestTerraformPatcheExample 2022-03-22T16:34:29Z logger.go:66:     }
TestTerraformPatcheExample 2022-03-22T16:34:29Z logger.go:66:
TestTerraformPatcheExample 2022-03-22T16:34:29Z logger.go:66:   # module.eks.module.self_managed_node_group["boo"].aws_launch_template.this[0] will be destroyed
TestTerraformPatcheExample 2022-03-22T16:34:29Z logger.go:66:   - resource "aws_launch_template" "this" {
TestTerraformPatcheExample 2022-03-22T16:34:29Z logger.go:66:       - arn                     = "arn:aws:ec2:us-west-2:11111111111:launch-template/lt-0aa468566e2161177" -> null
TestTerraformPatcheExample 2022-03-22T16:34:29Z logger.go:66:       - default_version         = 1 -> null
TestTerraformPatcheExample 2022-03-22T16:34:29Z logger.go:66:       - description             = "Custom launch template for boo self managed node group" -> null
TestTerraformPatcheExample 2022-03-22T16:34:29Z logger.go:66:       - disable_api_termination = false -> null
TestTerraformPatcheExample 2022-03-22T16:34:29Z logger.go:66:       - id                      = "lt-0aa468566e2161177" -> null
TestTerraformPatcheExample 2022-03-22T16:34:29Z logger.go:66:       - image_id                = "ami-085e8e02353a59de5" -> null
TestTerraformPatcheExample 2022-03-22T16:34:29Z logger.go:66:       - instance_type           = "t3.medium" -> null
TestTerraformPatcheExample 2022-03-22T16:34:29Z logger.go:66:       - latest_version          = 1 -> null
TestTerraformPatcheExample 2022-03-22T16:34:29Z logger.go:66:       - name                    = "boo-20220322162947584500000017" -> null
TestTerraformPatcheExample 2022-03-22T16:34:29Z logger.go:66:       - name_prefix             = "boo-" -> null
TestTerraformPatcheExample 2022-03-22T16:34:29Z logger.go:66:       - security_group_names    = [] -> null
TestTerraformPatcheExample 2022-03-22T16:34:29Z logger.go:66:       - tags                    = {} -> null
TestTerraformPatcheExample 2022-03-22T16:34:29Z logger.go:66:       - tags_all                = {
TestTerraformPatcheExample 2022-03-22T16:34:29Z logger.go:66:           - "Example"    = "ex-patch"
TestTerraformPatcheExample 2022-03-22T16:34:29Z logger.go:66:           - "GithubOrg"  = "aidan-melen"
TestTerraformPatcheExample 2022-03-22T16:34:29Z logger.go:66:           - "GithubRepo" = "terraform-aws-eks-auth"
TestTerraformPatcheExample 2022-03-22T16:34:29Z logger.go:66:         } -> null
TestTerraformPatcheExample 2022-03-22T16:34:29Z logger.go:66:       - update_default_version  = true -> null
TestTerraformPatcheExample 2022-03-22T16:34:29Z logger.go:66:       - user_data               = "IyEvYmluL2Jhc2gKc2V0IC1lCkI2NF9DTFVTVEVSX0NBPUxTMHRMUzFDUlVkSlRpQkRSVkpVU1VaSlEwRlVSUzB0TFMwdENrMUpTVU0xZWtORFFXTXJaMEYzU1VKQlowbENRVVJCVGtKbmEzRm9hMmxIT1hjd1FrRlJjMFpCUkVGV1RWSk5kMFZSV1VSV1VWRkVSWGR3Y21SWFNtd0tZMjAxYkdSSFZucE5RalJZUkZSSmVVMUVUWGxOYWtVeVRXcFpNRTlHYjFoRVZFMTVUVVJOZUU5VVJUSk5hbGt3VDBadmQwWlVSVlJOUWtWSFFURlZSUXBCZUUxTFlUTldhVnBZU25WYVdGSnNZM3BEUTBGVFNYZEVVVmxLUzI5YVNXaDJZMDVCVVVWQ1FsRkJSR2RuUlZCQlJFTkRRVkZ2UTJkblJVSkJUVTAwQ21Wb1ZWbGlPR0pUS3l0WVJrVktWV1p3U2pRdk0zUlFMMGR3UTNOeWEzQTBjSE50Tm5Ca1RHZEJUa00yYzNKQmJsaG9ZWFZDV0dJMVFXZFlUMEZ0WTJnS2N6RmlVRUp6TlhCNWRYaExSMUJvVGt4RGRITmlibEJrUVdWVVlsSnFUbXBwZUhSQ2NXcFBjM2RCU25sclVsQkhkRlowV0ZadVJHVldiR2hzTWpaMU5BcERhRkZUZDB0d1lrVjRTVzVWYkZaSGIyVTJVR0ZxVVZOTGIyNTZVWEZvYjFoaGEwdE5kMk0wYWxsc05HRTNUV3RRYlRGQ09EUjFhV2xqYlZOYWIySlpDbGczY2tsbE4xWlhVblZ3U1M4MFoxZG9ORmw0V1hCb1REVTJOMGwxYURKaVdXUnplV2RrTlZkNEx6ZDVNREZqV2xJMGMybFpZa0V2ZERsUWF5OXJReXNLUTNKMWFsQXpielZ1TDIxR2NTOHhWVEpHVURCRFYzQnhUbmhtSzNOT1pFbDZTMWhDZDNaeU1YUm5aM2wzTkZaQ09HaEtSakZMUVhsRmJFNTRibmxhU2dwWFpsTkNSRkZrZFZGTWJIbzFSbWxQZG0xVlEwRjNSVUZCWVU1RFRVVkJkMFJuV1VSV1VqQlFRVkZJTDBKQlVVUkJaMHRyVFVFNFIwRXhWV1JGZDBWQ0NpOTNVVVpOUVUxQ1FXWTRkMGhSV1VSV1VqQlBRa0paUlVaUFV6bG5iRk15Vm5Kb00zSnRaSE54WVRoblJERmpWU3MwYkRoTlFUQkhRMU54UjFOSllqTUtSRkZGUWtOM1ZVRkJORWxDUVZGQmJ6QnJNelZyYVdwWU9IbHBORlI1VUZCaWFUUjFiak5YU0VORE9IaHNLMnRWU3pZclRTOXVaREZoV2xOb1IwMVJRd29yTjNaRU4wWnlaMmR1TW1kd05HRnpXV05TZERGTFpXdzBRbUl2V1dSckwyVk1TamR0WTNoclQzQlpkV2hhSzAxdWMwcGpWRlJqV0VSVmVYY3lTa3h1Q2tsalRFOUZVU3RxVVRrM05tTnNTRWhUWVhSQ1RqZEZiRWRrT0dSbGVESXhhbk5XVWpneFkwNXJiVFJzYW5NMmIwVndXSEY0S3poTGEwaDZhV3hpY25BS1NqSnJhek14WkZFeVkxcE9ablJCZG5WRlVXRXlZMU00YjFGTE5sTnFVbVp4UnpOdFlUa3piVzR6WTFkelppOXpXa2cxTnpFM2JuTktNVGgwTW1zMGN3cDNVRXBETDNKMFpEaFBVRVZpYlZwRVRVWkVkbkJrWldOd01FeE1RMlVyYUhWUWMzZEhjRE5sT1d0VlQyVnlSbHAwWldkSVdsUTJNazVhZG0xdVpIWjZDalJNU1cxVFNIVkljMDVHYVd4alpYRllaMlpUUTFFMk5YRmlXakYyVjBaM09GQlFZZ290TFMwdExVVk9SQ0JEUlZKVVNVWkpRMEZVUlMwdExTMHRDZz09CkFQSV9TRVJWRVJfVVJMPWh0dHBzOi8vMDlBQUI1OUYwMDZGRTY1QzEzRjVFRTZEMjlBMDgwN0Yuc2sxLnVzLXdlc3QtMi5la3MuYW1hem9uYXdzLmNvbQovZXRjL2Vrcy9ib290c3RyYXAuc2ggZXgtcGF0Y2ggIC0tYjY0LWNsdXN0ZXItY2EgJEI2NF9DTFVTVEVSX0NBIC0tYXBpc2VydmVyLWVuZHBvaW50ICRBUElfU0VSVkVSX1VSTAo=" -> null
TestTerraformPatcheExample 2022-03-22T16:34:29Z logger.go:66:       - vpc_security_group_ids  = [
TestTerraformPatcheExample 2022-03-22T16:34:29Z logger.go:66:           - "sg-055dbe0b8c5fbba8c",
TestTerraformPatcheExample 2022-03-22T16:34:29Z logger.go:66:           - "sg-0596d421855ad5b1c",
TestTerraformPatcheExample 2022-03-22T16:34:29Z logger.go:66:         ] -> null
TestTerraformPatcheExample 2022-03-22T16:34:29Z logger.go:66:
TestTerraformPatcheExample 2022-03-22T16:34:29Z logger.go:66:       - iam_instance_profile {
TestTerraformPatcheExample 2022-03-22T16:34:29Z logger.go:66:           - arn = "arn:aws:iam::11111111111:instance-profile/boo-node-group-2022032216205835570000000b" -> null
TestTerraformPatcheExample 2022-03-22T16:34:29Z logger.go:66:         }
TestTerraformPatcheExample 2022-03-22T16:34:29Z logger.go:66:
TestTerraformPatcheExample 2022-03-22T16:34:29Z logger.go:66:       - instance_market_options {
TestTerraformPatcheExample 2022-03-22T16:34:29Z logger.go:66:           - market_type = "spot" -> null
TestTerraformPatcheExample 2022-03-22T16:34:29Z logger.go:66:         }
TestTerraformPatcheExample 2022-03-22T16:34:29Z logger.go:66:
TestTerraformPatcheExample 2022-03-22T16:34:29Z logger.go:66:       - metadata_options {
TestTerraformPatcheExample 2022-03-22T16:34:29Z logger.go:66:           - http_endpoint               = "enabled" -> null
TestTerraformPatcheExample 2022-03-22T16:34:29Z logger.go:66:           - http_protocol_ipv6          = "disabled" -> null
TestTerraformPatcheExample 2022-03-22T16:34:29Z logger.go:66:           - http_put_response_hop_limit = 2 -> null
TestTerraformPatcheExample 2022-03-22T16:34:29Z logger.go:66:           - http_tokens                 = "required" -> null
TestTerraformPatcheExample 2022-03-22T16:34:29Z logger.go:66:           - instance_metadata_tags      = "disabled" -> null
TestTerraformPatcheExample 2022-03-22T16:34:29Z logger.go:66:         }
TestTerraformPatcheExample 2022-03-22T16:34:29Z logger.go:66:
TestTerraformPatcheExample 2022-03-22T16:34:29Z logger.go:66:       - monitoring {
TestTerraformPatcheExample 2022-03-22T16:34:29Z logger.go:66:           - enabled = true -> null
TestTerraformPatcheExample 2022-03-22T16:34:29Z logger.go:66:         }
TestTerraformPatcheExample 2022-03-22T16:34:29Z logger.go:66:
TestTerraformPatcheExample 2022-03-22T16:34:29Z logger.go:66:       - tag_specifications {
TestTerraformPatcheExample 2022-03-22T16:34:29Z logger.go:66:           - resource_type = "instance" -> null
TestTerraformPatcheExample 2022-03-22T16:34:29Z logger.go:66:           - tags          = {
TestTerraformPatcheExample 2022-03-22T16:34:29Z logger.go:66:               - "Name" = "boo"
TestTerraformPatcheExample 2022-03-22T16:34:29Z logger.go:66:             } -> null
TestTerraformPatcheExample 2022-03-22T16:34:29Z logger.go:66:         }
TestTerraformPatcheExample 2022-03-22T16:34:29Z logger.go:66:       - tag_specifications {
TestTerraformPatcheExample 2022-03-22T16:34:29Z logger.go:66:           - resource_type = "network-interface" -> null
TestTerraformPatcheExample 2022-03-22T16:34:29Z logger.go:66:           - tags          = {
TestTerraformPatcheExample 2022-03-22T16:34:29Z logger.go:66:               - "Name" = "boo"
TestTerraformPatcheExample 2022-03-22T16:34:29Z logger.go:66:             } -> null
TestTerraformPatcheExample 2022-03-22T16:34:29Z logger.go:66:         }
TestTerraformPatcheExample 2022-03-22T16:34:29Z logger.go:66:       - tag_specifications {
TestTerraformPatcheExample 2022-03-22T16:34:29Z logger.go:66:           - resource_type = "volume" -> null
TestTerraformPatcheExample 2022-03-22T16:34:29Z logger.go:66:           - tags          = {
TestTerraformPatcheExample 2022-03-22T16:34:29Z logger.go:66:               - "Name" = "boo"
TestTerraformPatcheExample 2022-03-22T16:34:29Z logger.go:66:             } -> null
TestTerraformPatcheExample 2022-03-22T16:34:29Z logger.go:66:         }
TestTerraformPatcheExample 2022-03-22T16:34:29Z logger.go:66:     }
TestTerraformPatcheExample 2022-03-22T16:34:29Z logger.go:66:
TestTerraformPatcheExample 2022-03-22T16:34:29Z logger.go:66:   # module.eks.module.self_managed_node_group["boo"].aws_security_group.this[0] will be destroyed
TestTerraformPatcheExample 2022-03-22T16:34:29Z logger.go:66:   - resource "aws_security_group" "this" {
TestTerraformPatcheExample 2022-03-22T16:34:29Z logger.go:66:       - arn                    = "arn:aws:ec2:us-west-2:11111111111:security-group/sg-055dbe0b8c5fbba8c" -> null
TestTerraformPatcheExample 2022-03-22T16:34:29Z logger.go:66:       - description            = "Self managed node group security group" -> null
TestTerraformPatcheExample 2022-03-22T16:34:29Z logger.go:66:       - egress                 = [] -> null
TestTerraformPatcheExample 2022-03-22T16:34:29Z logger.go:66:       - id                     = "sg-055dbe0b8c5fbba8c" -> null
TestTerraformPatcheExample 2022-03-22T16:34:29Z logger.go:66:       - ingress                = [] -> null
TestTerraformPatcheExample 2022-03-22T16:34:29Z logger.go:66:       - name                   = "boo-node-group-20220322162108450800000012" -> null
TestTerraformPatcheExample 2022-03-22T16:34:29Z logger.go:66:       - name_prefix            = "boo-node-group-" -> null
TestTerraformPatcheExample 2022-03-22T16:34:29Z logger.go:66:       - owner_id               = "11111111111" -> null
TestTerraformPatcheExample 2022-03-22T16:34:29Z logger.go:66:       - revoke_rules_on_delete = false -> null
TestTerraformPatcheExample 2022-03-22T16:34:29Z logger.go:66:       - tags                   = {
TestTerraformPatcheExample 2022-03-22T16:34:29Z logger.go:66:           - "Name" = "boo-node-group"
TestTerraformPatcheExample 2022-03-22T16:34:29Z logger.go:66:         } -> null
TestTerraformPatcheExample 2022-03-22T16:34:29Z logger.go:66:       - tags_all               = {
TestTerraformPatcheExample 2022-03-22T16:34:29Z logger.go:66:           - "Example"    = "ex-patch"
TestTerraformPatcheExample 2022-03-22T16:34:29Z logger.go:66:           - "GithubOrg"  = "aidan-melen"
TestTerraformPatcheExample 2022-03-22T16:34:29Z logger.go:66:           - "GithubRepo" = "terraform-aws-eks-auth"
TestTerraformPatcheExample 2022-03-22T16:34:29Z logger.go:66:           - "Name"       = "boo-node-group"
TestTerraformPatcheExample 2022-03-22T16:34:29Z logger.go:66:         } -> null
TestTerraformPatcheExample 2022-03-22T16:34:29Z logger.go:66:       - vpc_id                 = "vpc-0da699baf2c256d6d" -> null
TestTerraformPatcheExample 2022-03-22T16:34:29Z logger.go:66:     }
TestTerraformPatcheExample 2022-03-22T16:34:29Z logger.go:66:
TestTerraformPatcheExample 2022-03-22T16:34:29Z logger.go:66: Plan: 0 to add, 0 to change, 64 to destroy.
TestTerraformPatcheExample 2022-03-22T16:34:29Z logger.go:66:
TestTerraformPatcheExample 2022-03-22T16:34:29Z logger.go:66: Changes to Outputs:
TestTerraformPatcheExample 2022-03-22T16:34:29Z logger.go:66:   - fargate_profile_iam_role_arn         = "arn:aws:iam::11111111111:role/bar-20220322162056557600000003" -> null
TestTerraformPatcheExample 2022-03-22T16:34:29Z logger.go:66:   - managed_node_group_iam_role_arn      = "arn:aws:iam::11111111111:role/foo-eks-node-group-20220322162056536300000002" -> null
TestTerraformPatcheExample 2022-03-22T16:34:29Z logger.go:66:   - map_accounts                         = [
TestTerraformPatcheExample 2022-03-22T16:34:29Z logger.go:66:       - "777777777777",
TestTerraformPatcheExample 2022-03-22T16:34:29Z logger.go:66:       - "888888888888",
TestTerraformPatcheExample 2022-03-22T16:34:29Z logger.go:66:     ] -> null
TestTerraformPatcheExample 2022-03-22T16:34:29Z logger.go:66:   - map_roles                            = [
TestTerraformPatcheExample 2022-03-22T16:34:29Z logger.go:66:       - {
TestTerraformPatcheExample 2022-03-22T16:34:29Z logger.go:66:           - groups   = [
TestTerraformPatcheExample 2022-03-22T16:34:29Z logger.go:66:               - "system:bootstrappers",
TestTerraformPatcheExample 2022-03-22T16:34:29Z logger.go:66:               - "system:nodes",
TestTerraformPatcheExample 2022-03-22T16:34:29Z logger.go:66:             ]
TestTerraformPatcheExample 2022-03-22T16:34:29Z logger.go:66:           - rolearn  = "arn:aws:iam::11111111111:role/foo-eks-node-group-20220322162056536300000002"
TestTerraformPatcheExample 2022-03-22T16:34:29Z logger.go:66:           - username = "system:node:{{EC2PrivateDNSName}}"
TestTerraformPatcheExample 2022-03-22T16:34:29Z logger.go:66:         },
TestTerraformPatcheExample 2022-03-22T16:34:29Z logger.go:66:       - {
TestTerraformPatcheExample 2022-03-22T16:34:29Z logger.go:66:           - groups   = [
TestTerraformPatcheExample 2022-03-22T16:34:29Z logger.go:66:               - "system:bootstrappers",
TestTerraformPatcheExample 2022-03-22T16:34:29Z logger.go:66:               - "system:nodes",
TestTerraformPatcheExample 2022-03-22T16:34:29Z logger.go:66:             ]
TestTerraformPatcheExample 2022-03-22T16:34:29Z logger.go:66:           - rolearn  = "arn:aws:iam::11111111111:role/boo-node-group-20220322162056534700000001"
TestTerraformPatcheExample 2022-03-22T16:34:29Z logger.go:66:           - username = "system:node:{{EC2PrivateDNSName}}"
TestTerraformPatcheExample 2022-03-22T16:34:29Z logger.go:66:         },
TestTerraformPatcheExample 2022-03-22T16:34:29Z logger.go:66:       - {
TestTerraformPatcheExample 2022-03-22T16:34:29Z logger.go:66:           - groups   = [
TestTerraformPatcheExample 2022-03-22T16:34:29Z logger.go:66:               - "system:bootstrappers",
TestTerraformPatcheExample 2022-03-22T16:34:29Z logger.go:66:               - "system:nodes",
TestTerraformPatcheExample 2022-03-22T16:34:29Z logger.go:66:               - "system:node-proxier",
TestTerraformPatcheExample 2022-03-22T16:34:29Z logger.go:66:             ]
TestTerraformPatcheExample 2022-03-22T16:34:29Z logger.go:66:           - rolearn  = "arn:aws:iam::11111111111:role/bar-20220322162056557600000003"
TestTerraformPatcheExample 2022-03-22T16:34:29Z logger.go:66:           - username = "system:node:{{SessionName}}"
TestTerraformPatcheExample 2022-03-22T16:34:29Z logger.go:66:         },
TestTerraformPatcheExample 2022-03-22T16:34:29Z logger.go:66:       - {
TestTerraformPatcheExample 2022-03-22T16:34:29Z logger.go:66:           - groups   = [
TestTerraformPatcheExample 2022-03-22T16:34:29Z logger.go:66:               - "system:masters",
TestTerraformPatcheExample 2022-03-22T16:34:29Z logger.go:66:             ]
TestTerraformPatcheExample 2022-03-22T16:34:29Z logger.go:66:           - rolearn  = "arn:aws:iam::66666666666:role/role1"
TestTerraformPatcheExample 2022-03-22T16:34:29Z logger.go:66:           - username = "role1"
TestTerraformPatcheExample 2022-03-22T16:34:29Z logger.go:66:         },
TestTerraformPatcheExample 2022-03-22T16:34:29Z logger.go:66:     ] -> null
TestTerraformPatcheExample 2022-03-22T16:34:29Z logger.go:66:   - map_users                            = [
TestTerraformPatcheExample 2022-03-22T16:34:29Z logger.go:66:       - {
TestTerraformPatcheExample 2022-03-22T16:34:29Z logger.go:66:           - groups   = [
TestTerraformPatcheExample 2022-03-22T16:34:29Z logger.go:66:               - "system:masters",
TestTerraformPatcheExample 2022-03-22T16:34:29Z logger.go:66:             ]
TestTerraformPatcheExample 2022-03-22T16:34:29Z logger.go:66:           - userarn  = "arn:aws:iam::66666666666:user/user1"
TestTerraformPatcheExample 2022-03-22T16:34:29Z logger.go:66:           - username = "user1"
TestTerraformPatcheExample 2022-03-22T16:34:29Z logger.go:66:         },
TestTerraformPatcheExample 2022-03-22T16:34:29Z logger.go:66:       - {
TestTerraformPatcheExample 2022-03-22T16:34:29Z logger.go:66:           - groups   = [
TestTerraformPatcheExample 2022-03-22T16:34:29Z logger.go:66:               - "system:masters",
TestTerraformPatcheExample 2022-03-22T16:34:29Z logger.go:66:             ]
TestTerraformPatcheExample 2022-03-22T16:34:29Z logger.go:66:           - userarn  = "arn:aws:iam::66666666666:user/user2"
TestTerraformPatcheExample 2022-03-22T16:34:29Z logger.go:66:           - username = "user2"
TestTerraformPatcheExample 2022-03-22T16:34:29Z logger.go:66:         },
TestTerraformPatcheExample 2022-03-22T16:34:29Z logger.go:66:     ] -> null
TestTerraformPatcheExample 2022-03-22T16:34:29Z logger.go:66:   - self_managed_node_group_iam_role_arn = "arn:aws:iam::11111111111:role/boo-node-group-20220322162056534700000001" -> null
TestTerraformPatcheExample 2022-03-22T16:34:31Z logger.go:66: module.vpc.aws_route_table_association.private[1]: Destroying... [id=rtbassoc-05ffd13b64851cfff]
TestTerraformPatcheExample 2022-03-22T16:34:31Z logger.go:66: module.vpc.aws_route.private_nat_gateway[0]: Destroying... [id=r-rtb-06ee2824448755eae1080289494]
TestTerraformPatcheExample 2022-03-22T16:34:31Z logger.go:66: module.vpc.aws_route_table_association.private[2]: Destroying... [id=rtbassoc-058f12b47606459d7]
TestTerraformPatcheExample 2022-03-22T16:34:31Z logger.go:66: module.vpc.aws_route.public_internet_gateway[0]: Destroying... [id=r-rtb-0311c94acc767a0051080289494]
TestTerraformPatcheExample 2022-03-22T16:34:31Z logger.go:66: module.vpc.aws_route_table_association.public[0]: Destroying... [id=rtbassoc-0bec912d4026d79db]
TestTerraformPatcheExample 2022-03-22T16:34:31Z logger.go:66: module.vpc.aws_route_table_association.private[0]: Destroying... [id=rtbassoc-0815c1c071c3fe28b]
TestTerraformPatcheExample 2022-03-22T16:34:31Z logger.go:66: module.vpc.aws_route_table_association.public[1]: Destroying... [id=rtbassoc-0c8d082a9a22b73fb]
TestTerraformPatcheExample 2022-03-22T16:34:31Z logger.go:66: module.vpc.aws_route_table_association.public[2]: Destroying... [id=rtbassoc-06f6f9f3ff5989450]
TestTerraformPatcheExample 2022-03-22T16:34:31Z logger.go:66: module.eks_auth.kubernetes_role_binding_v1.aws_auth: Destroying... [id=kube-system/terraform-eks-auth-aws]
TestTerraformPatcheExample 2022-03-22T16:34:31Z logger.go:66: module.eks_auth.kubernetes_job_v1.aws_auth_patch[0]: Destroying... [id=kube-system/aws-auth-patch]
TestTerraformPatcheExample 2022-03-22T16:34:31Z logger.go:66: module.vpc.aws_route_table_association.private[1]: Destruction complete after 1s
TestTerraformPatcheExample 2022-03-22T16:34:31Z logger.go:66: module.eks_auth.kubernetes_role_binding_v1.aws_auth: Destruction complete after 0s
TestTerraformPatcheExample 2022-03-22T16:34:31Z logger.go:66: module.eks_auth.kubernetes_role_v1.aws_auth: Destroying... [id=kube-system/terraform-eks-auth-aws]
TestTerraformPatcheExample 2022-03-22T16:34:31Z logger.go:66: module.vpc.aws_route_table_association.private[2]: Destruction complete after 1s
TestTerraformPatcheExample 2022-03-22T16:34:31Z logger.go:66: module.eks_auth.kubernetes_role_v1.aws_auth: Destruction complete after 0s
TestTerraformPatcheExample 2022-03-22T16:34:31Z logger.go:66: module.vpc.aws_route_table_association.public[2]: Destruction complete after 1s
TestTerraformPatcheExample 2022-03-22T16:34:31Z logger.go:66: module.vpc.aws_route_table_association.private[0]: Destruction complete after 1s
TestTerraformPatcheExample 2022-03-22T16:34:31Z logger.go:66: module.vpc.aws_route_table_association.public[0]: Destruction complete after 1s
TestTerraformPatcheExample 2022-03-22T16:34:31Z logger.go:66: module.vpc.aws_route_table_association.public[1]: Destruction complete after 1s
TestTerraformPatcheExample 2022-03-22T16:34:32Z logger.go:66: module.vpc.aws_route.private_nat_gateway[0]: Destruction complete after 1s
TestTerraformPatcheExample 2022-03-22T16:34:32Z logger.go:66: module.vpc.aws_route.public_internet_gateway[0]: Destruction complete after 1s
TestTerraformPatcheExample 2022-03-22T16:34:32Z logger.go:66: module.vpc.aws_nat_gateway.this[0]: Destroying... [id=nat-077d9a84e0a622da8]
TestTerraformPatcheExample 2022-03-22T16:34:32Z logger.go:66: module.vpc.aws_route_table.private[0]: Destroying... [id=rtb-06ee2824448755eae]
TestTerraformPatcheExample 2022-03-22T16:34:32Z logger.go:66: module.vpc.aws_route_table.public[0]: Destroying... [id=rtb-0311c94acc767a005]
TestTerraformPatcheExample 2022-03-22T16:34:32Z logger.go:66: module.vpc.aws_route_table.private[0]: Destruction complete after 0s
TestTerraformPatcheExample 2022-03-22T16:34:32Z logger.go:66: module.vpc.aws_route_table.public[0]: Destruction complete after 0s
TestTerraformPatcheExample 2022-03-22T16:34:32Z logger.go:66: module.eks_auth.kubernetes_job_v1.aws_auth_patch[0]: Destruction complete after 0s
TestTerraformPatcheExample 2022-03-22T16:34:32Z logger.go:66: module.eks.module.fargate_profile["bar"].aws_iam_role_policy_attachment.this["arn:aws:iam::aws:policy/AmazonEKSFargatePodExecutionRolePolicy"]: Destroying... [id=bar-20220322162056557600000003-20220322162058092500000006]
TestTerraformPatcheExample 2022-03-22T16:34:32Z logger.go:66: module.eks.module.self_managed_node_group["boo"].aws_autoscaling_group.this[0]: Destroying... [id=boo-2022032216294853790000001b]
TestTerraformPatcheExample 2022-03-22T16:34:32Z logger.go:66: module.eks_auth.kubernetes_service_account_v1.aws_auth: Destroying... [id=kube-system/terraform-eks-auth-aws]
TestTerraformPatcheExample 2022-03-22T16:34:32Z logger.go:66: module.eks.aws_iam_openid_connect_provider.oidc_provider[0]: Destroying... [id=arn:aws:iam::11111111111:oidc-provider/oidc.eks.us-west-2.amazonaws.com/id/09AAB59F006FE65C13F5EE6D29A0807F]
TestTerraformPatcheExample 2022-03-22T16:34:32Z logger.go:66: module.eks.module.fargate_profile["bar"].aws_eks_fargate_profile.this[0]: Destroying... [id=ex-patch:bar]
TestTerraformPatcheExample 2022-03-22T16:34:32Z logger.go:66: module.eks.module.fargate_profile["bar"].aws_iam_role_policy_attachment.this["arn:aws:iam::aws:policy/AmazonEKS_CNI_Policy"]: Destroying... [id=bar-20220322162056557600000003-20220322162058084200000005]
TestTerraformPatcheExample 2022-03-22T16:34:32Z logger.go:66: module.eks.module.eks_managed_node_group["foo"].aws_eks_node_group.this[0]: Destroying... [id=ex-patch:foo-20220322162948536000000019]
TestTerraformPatcheExample 2022-03-22T16:34:32Z logger.go:66: module.eks_auth.kubernetes_service_account_v1.aws_auth: Destruction complete after 1s
TestTerraformPatcheExample 2022-03-22T16:34:32Z logger.go:66: module.eks.module.fargate_profile["bar"].aws_iam_role_policy_attachment.this["arn:aws:iam::aws:policy/AmazonEKSFargatePodExecutionRolePolicy"]: Destruction complete after 1s
TestTerraformPatcheExample 2022-03-22T16:34:32Z logger.go:66: module.eks.module.fargate_profile["bar"].aws_iam_role_policy_attachment.this["arn:aws:iam::aws:policy/AmazonEKS_CNI_Policy"]: Destruction complete after 1s
TestTerraformPatcheExample 2022-03-22T16:34:32Z logger.go:66: module.eks.aws_iam_openid_connect_provider.oidc_provider[0]: Destruction complete after 1s
TestTerraformPatcheExample 2022-03-22T16:34:42Z logger.go:66: module.vpc.aws_nat_gateway.this[0]: Still destroying... [id=nat-077d9a84e0a622da8, 10s elapsed]
TestTerraformPatcheExample 2022-03-22T16:34:42Z logger.go:66: module.eks.module.self_managed_node_group["boo"].aws_autoscaling_group.this[0]: Still destroying... [id=boo-2022032216294853790000001b, 10s elapsed]
TestTerraformPatcheExample 2022-03-22T16:34:42Z logger.go:66: module.eks.module.fargate_profile["bar"].aws_eks_fargate_profile.this[0]: Still destroying... [id=ex-patch:bar, 10s elapsed]
TestTerraformPatcheExample 2022-03-22T16:34:42Z logger.go:66: module.eks.module.eks_managed_node_group["foo"].aws_eks_node_group.this[0]: Still destroying... [id=ex-patch:foo-20220322162948536000000019, 10s elapsed]
TestTerraformPatcheExample 2022-03-22T16:34:52Z logger.go:66: module.vpc.aws_nat_gateway.this[0]: Still destroying... [id=nat-077d9a84e0a622da8, 20s elapsed]
TestTerraformPatcheExample 2022-03-22T16:34:52Z logger.go:66: module.eks.module.self_managed_node_group["boo"].aws_autoscaling_group.this[0]: Still destroying... [id=boo-2022032216294853790000001b, 20s elapsed]
TestTerraformPatcheExample 2022-03-22T16:34:52Z logger.go:66: module.eks.module.fargate_profile["bar"].aws_eks_fargate_profile.this[0]: Still destroying... [id=ex-patch:bar, 20s elapsed]
TestTerraformPatcheExample 2022-03-22T16:34:52Z logger.go:66: module.eks.module.eks_managed_node_group["foo"].aws_eks_node_group.this[0]: Still destroying... [id=ex-patch:foo-20220322162948536000000019, 20s elapsed]
TestTerraformPatcheExample 2022-03-22T16:35:02Z logger.go:66: module.vpc.aws_nat_gateway.this[0]: Still destroying... [id=nat-077d9a84e0a622da8, 30s elapsed]
TestTerraformPatcheExample 2022-03-22T16:35:02Z logger.go:66: module.eks.module.self_managed_node_group["boo"].aws_autoscaling_group.this[0]: Still destroying... [id=boo-2022032216294853790000001b, 30s elapsed]
TestTerraformPatcheExample 2022-03-22T16:35:02Z logger.go:66: module.eks.module.fargate_profile["bar"].aws_eks_fargate_profile.this[0]: Still destroying... [id=ex-patch:bar, 30s elapsed]
TestTerraformPatcheExample 2022-03-22T16:35:02Z logger.go:66: module.eks.module.eks_managed_node_group["foo"].aws_eks_node_group.this[0]: Still destroying... [id=ex-patch:foo-20220322162948536000000019, 30s elapsed]
TestTerraformPatcheExample 2022-03-22T16:35:11Z logger.go:66: module.vpc.aws_nat_gateway.this[0]: Still destroying... [id=nat-077d9a84e0a622da8, 40s elapsed]
TestTerraformPatcheExample 2022-03-22T16:35:12Z logger.go:66: module.eks.module.self_managed_node_group["boo"].aws_autoscaling_group.this[0]: Still destroying... [id=boo-2022032216294853790000001b, 40s elapsed]
TestTerraformPatcheExample 2022-03-22T16:35:12Z logger.go:66: module.eks.module.fargate_profile["bar"].aws_eks_fargate_profile.this[0]: Still destroying... [id=ex-patch:bar, 40s elapsed]
TestTerraformPatcheExample 2022-03-22T16:35:12Z logger.go:66: module.eks.module.eks_managed_node_group["foo"].aws_eks_node_group.this[0]: Still destroying... [id=ex-patch:foo-20220322162948536000000019, 40s elapsed]
TestTerraformPatcheExample 2022-03-22T16:35:12Z logger.go:66: module.vpc.aws_nat_gateway.this[0]: Destruction complete after 41s
TestTerraformPatcheExample 2022-03-22T16:35:12Z logger.go:66: module.vpc.aws_eip.nat[0]: Destroying... [id=eipalloc-01923de91e573adaf]
TestTerraformPatcheExample 2022-03-22T16:35:12Z logger.go:66: module.vpc.aws_internet_gateway.this[0]: Destroying... [id=igw-0e3d5bc0c9fe0a693]
TestTerraformPatcheExample 2022-03-22T16:35:12Z logger.go:66: module.vpc.aws_subnet.public[2]: Destroying... [id=subnet-0e0bfa995a792d836]
TestTerraformPatcheExample 2022-03-22T16:35:12Z logger.go:66: module.vpc.aws_subnet.public[0]: Destroying... [id=subnet-0232abf9ba6975dc8]
TestTerraformPatcheExample 2022-03-22T16:35:12Z logger.go:66: module.vpc.aws_subnet.public[1]: Destroying... [id=subnet-0ee9d1aa5f5dd05bb]
TestTerraformPatcheExample 2022-03-22T16:35:13Z logger.go:66: module.vpc.aws_internet_gateway.this[0]: Destruction complete after 0s
TestTerraformPatcheExample 2022-03-22T16:35:13Z logger.go:66: module.vpc.aws_subnet.public[1]: Destruction complete after 0s
TestTerraformPatcheExample 2022-03-22T16:35:13Z logger.go:66: module.vpc.aws_subnet.public[2]: Destruction complete after 0s
TestTerraformPatcheExample 2022-03-22T16:35:13Z logger.go:66: module.vpc.aws_subnet.public[0]: Destruction complete after 0s
TestTerraformPatcheExample 2022-03-22T16:35:13Z logger.go:66: module.vpc.aws_eip.nat[0]: Destruction complete after 1s
TestTerraformPatcheExample 2022-03-22T16:35:22Z logger.go:66: module.eks.module.self_managed_node_group["boo"].aws_autoscaling_group.this[0]: Still destroying... [id=boo-2022032216294853790000001b, 50s elapsed]
TestTerraformPatcheExample 2022-03-22T16:35:22Z logger.go:66: module.eks.module.fargate_profile["bar"].aws_eks_fargate_profile.this[0]: Still destroying... [id=ex-patch:bar, 50s elapsed]
TestTerraformPatcheExample 2022-03-22T16:35:22Z logger.go:66: module.eks.module.eks_managed_node_group["foo"].aws_eks_node_group.this[0]: Still destroying... [id=ex-patch:foo-20220322162948536000000019, 50s elapsed]
TestTerraformPatcheExample 2022-03-22T16:35:28Z logger.go:66: module.eks.module.self_managed_node_group["boo"].aws_autoscaling_group.this[0]: Destruction complete after 57s
TestTerraformPatcheExample 2022-03-22T16:35:28Z logger.go:66: module.eks.module.self_managed_node_group["boo"].aws_launch_template.this[0]: Destroying... [id=lt-0aa468566e2161177]
TestTerraformPatcheExample 2022-03-22T16:35:28Z logger.go:66: module.eks.module.self_managed_node_group["boo"].aws_launch_template.this[0]: Destruction complete after 0s
TestTerraformPatcheExample 2022-03-22T16:35:28Z logger.go:66: module.eks.module.self_managed_node_group["boo"].aws_iam_role_policy_attachment.this["arn:aws:iam::aws:policy/AmazonEC2ContainerRegistryReadOnly"]: Destroying... [id=boo-node-group-20220322162056534700000001-2022032216205849360000000f]
TestTerraformPatcheExample 2022-03-22T16:35:28Z logger.go:66: module.eks.module.self_managed_node_group["boo"].aws_iam_role_policy_attachment.this["arn:aws:iam::aws:policy/AmazonEKSWorkerNodePolicy"]: Destroying... [id=boo-node-group-20220322162056534700000001-2022032216205841850000000e]
TestTerraformPatcheExample 2022-03-22T16:35:28Z logger.go:66: module.eks.module.self_managed_node_group["boo"].aws_iam_instance_profile.this[0]: Destroying... [id=boo-node-group-2022032216205835570000000b]
TestTerraformPatcheExample 2022-03-22T16:35:28Z logger.go:66: module.eks.module.self_managed_node_group["boo"].aws_iam_role_policy_attachment.this["arn:aws:iam::aws:policy/AmazonEKS_CNI_Policy"]: Destroying... [id=boo-node-group-20220322162056534700000001-2022032216205826430000000a]
TestTerraformPatcheExample 2022-03-22T16:35:28Z logger.go:66: module.eks.module.self_managed_node_group["boo"].aws_security_group.this[0]: Destroying... [id=sg-055dbe0b8c5fbba8c]
TestTerraformPatcheExample 2022-03-22T16:35:29Z logger.go:66: module.eks.module.self_managed_node_group["boo"].aws_iam_role_policy_attachment.this["arn:aws:iam::aws:policy/AmazonEC2ContainerRegistryReadOnly"]: Destruction complete after 0s
TestTerraformPatcheExample 2022-03-22T16:35:29Z logger.go:66: module.eks.module.self_managed_node_group["boo"].aws_iam_role_policy_attachment.this["arn:aws:iam::aws:policy/AmazonEKSWorkerNodePolicy"]: Destruction complete after 0s
TestTerraformPatcheExample 2022-03-22T16:35:29Z logger.go:66: module.eks.module.self_managed_node_group["boo"].aws_iam_role_policy_attachment.this["arn:aws:iam::aws:policy/AmazonEKS_CNI_Policy"]: Destruction complete after 0s
TestTerraformPatcheExample 2022-03-22T16:35:29Z logger.go:66: module.eks.module.self_managed_node_group["boo"].aws_iam_instance_profile.this[0]: Destruction complete after 0s
TestTerraformPatcheExample 2022-03-22T16:35:29Z logger.go:66: module.eks.module.self_managed_node_group["boo"].aws_iam_role.this[0]: Destroying... [id=boo-node-group-20220322162056534700000001]
TestTerraformPatcheExample 2022-03-22T16:35:29Z logger.go:66: module.eks.module.self_managed_node_group["boo"].aws_security_group.this[0]: Destruction complete after 0s
TestTerraformPatcheExample 2022-03-22T16:35:29Z logger.go:66: module.eks.module.self_managed_node_group["boo"].aws_iam_role.this[0]: Destruction complete after 1s
TestTerraformPatcheExample 2022-03-22T16:35:32Z logger.go:66: module.eks.module.fargate_profile["bar"].aws_eks_fargate_profile.this[0]: Still destroying... [id=ex-patch:bar, 1m0s elapsed]
TestTerraformPatcheExample 2022-03-22T16:35:32Z logger.go:66: module.eks.module.eks_managed_node_group["foo"].aws_eks_node_group.this[0]: Still destroying... [id=ex-patch:foo-20220322162948536000000019, 1m0s elapsed]
TestTerraformPatcheExample 2022-03-22T16:35:42Z logger.go:66: module.eks.module.fargate_profile["bar"].aws_eks_fargate_profile.this[0]: Still destroying... [id=ex-patch:bar, 1m10s elapsed]
TestTerraformPatcheExample 2022-03-22T16:35:42Z logger.go:66: module.eks.module.eks_managed_node_group["foo"].aws_eks_node_group.this[0]: Still destroying... [id=ex-patch:foo-20220322162948536000000019, 1m10s elapsed]
TestTerraformPatcheExample 2022-03-22T16:35:52Z logger.go:66: module.eks.module.fargate_profile["bar"].aws_eks_fargate_profile.this[0]: Still destroying... [id=ex-patch:bar, 1m20s elapsed]
TestTerraformPatcheExample 2022-03-22T16:35:52Z logger.go:66: module.eks.module.eks_managed_node_group["foo"].aws_eks_node_group.this[0]: Still destroying... [id=ex-patch:foo-20220322162948536000000019, 1m20s elapsed]
TestTerraformPatcheExample 2022-03-22T16:36:02Z logger.go:66: module.eks.module.fargate_profile["bar"].aws_eks_fargate_profile.this[0]: Still destroying... [id=ex-patch:bar, 1m30s elapsed]
TestTerraformPatcheExample 2022-03-22T16:36:02Z logger.go:66: module.eks.module.eks_managed_node_group["foo"].aws_eks_node_group.this[0]: Still destroying... [id=ex-patch:foo-20220322162948536000000019, 1m30s elapsed]
TestTerraformPatcheExample 2022-03-22T16:36:12Z logger.go:66: module.eks.module.eks_managed_node_group["foo"].aws_eks_node_group.this[0]: Still destroying... [id=ex-patch:foo-20220322162948536000000019, 1m40s elapsed]
TestTerraformPatcheExample 2022-03-22T16:36:12Z logger.go:66: module.eks.module.fargate_profile["bar"].aws_eks_fargate_profile.this[0]: Still destroying... [id=ex-patch:bar, 1m40s elapsed]
TestTerraformPatcheExample 2022-03-22T16:36:22Z logger.go:66: module.eks.module.eks_managed_node_group["foo"].aws_eks_node_group.this[0]: Still destroying... [id=ex-patch:foo-20220322162948536000000019, 1m50s elapsed]
TestTerraformPatcheExample 2022-03-22T16:36:22Z logger.go:66: module.eks.module.fargate_profile["bar"].aws_eks_fargate_profile.this[0]: Still destroying... [id=ex-patch:bar, 1m50s elapsed]
TestTerraformPatcheExample 2022-03-22T16:36:32Z logger.go:66: module.eks.module.eks_managed_node_group["foo"].aws_eks_node_group.this[0]: Still destroying... [id=ex-patch:foo-20220322162948536000000019, 2m0s elapsed]
TestTerraformPatcheExample 2022-03-22T16:36:32Z logger.go:66: module.eks.module.fargate_profile["bar"].aws_eks_fargate_profile.this[0]: Still destroying... [id=ex-patch:bar, 2m0s elapsed]
TestTerraformPatcheExample 2022-03-22T16:36:42Z logger.go:66: module.eks.module.eks_managed_node_group["foo"].aws_eks_node_group.this[0]: Still destroying... [id=ex-patch:foo-20220322162948536000000019, 2m10s elapsed]
TestTerraformPatcheExample 2022-03-22T16:36:42Z logger.go:66: module.eks.module.fargate_profile["bar"].aws_eks_fargate_profile.this[0]: Still destroying... [id=ex-patch:bar, 2m10s elapsed]
TestTerraformPatcheExample 2022-03-22T16:36:52Z logger.go:66: module.eks.module.eks_managed_node_group["foo"].aws_eks_node_group.this[0]: Still destroying... [id=ex-patch:foo-20220322162948536000000019, 2m20s elapsed]
TestTerraformPatcheExample 2022-03-22T16:36:52Z logger.go:66: module.eks.module.fargate_profile["bar"].aws_eks_fargate_profile.this[0]: Still destroying... [id=ex-patch:bar, 2m20s elapsed]
TestTerraformPatcheExample 2022-03-22T16:37:02Z logger.go:66: module.eks.module.eks_managed_node_group["foo"].aws_eks_node_group.this[0]: Still destroying... [id=ex-patch:foo-20220322162948536000000019, 2m30s elapsed]
TestTerraformPatcheExample 2022-03-22T16:37:02Z logger.go:66: module.eks.module.fargate_profile["bar"].aws_eks_fargate_profile.this[0]: Still destroying... [id=ex-patch:bar, 2m30s elapsed]
TestTerraformPatcheExample 2022-03-22T16:37:12Z logger.go:66: module.eks.module.eks_managed_node_group["foo"].aws_eks_node_group.this[0]: Still destroying... [id=ex-patch:foo-20220322162948536000000019, 2m40s elapsed]
TestTerraformPatcheExample 2022-03-22T16:37:12Z logger.go:66: module.eks.module.fargate_profile["bar"].aws_eks_fargate_profile.this[0]: Still destroying... [id=ex-patch:bar, 2m40s elapsed]
TestTerraformPatcheExample 2022-03-22T16:37:22Z logger.go:66: module.eks.module.eks_managed_node_group["foo"].aws_eks_node_group.this[0]: Still destroying... [id=ex-patch:foo-20220322162948536000000019, 2m50s elapsed]
TestTerraformPatcheExample 2022-03-22T16:37:22Z logger.go:66: module.eks.module.fargate_profile["bar"].aws_eks_fargate_profile.this[0]: Still destroying... [id=ex-patch:bar, 2m50s elapsed]
TestTerraformPatcheExample 2022-03-22T16:37:28Z logger.go:66: module.eks.module.fargate_profile["bar"].aws_eks_fargate_profile.this[0]: Destruction complete after 2m57s
TestTerraformPatcheExample 2022-03-22T16:37:28Z logger.go:66: module.eks.module.fargate_profile["bar"].aws_iam_role.this[0]: Destroying... [id=bar-20220322162056557600000003]
TestTerraformPatcheExample 2022-03-22T16:37:29Z logger.go:66: module.eks.module.fargate_profile["bar"].aws_iam_role.this[0]: Destruction complete after 1s
TestTerraformPatcheExample 2022-03-22T16:37:32Z logger.go:66: module.eks.module.eks_managed_node_group["foo"].aws_eks_node_group.this[0]: Still destroying... [id=ex-patch:foo-20220322162948536000000019, 3m0s elapsed]
TestTerraformPatcheExample 2022-03-22T16:37:42Z logger.go:66: module.eks.module.eks_managed_node_group["foo"].aws_eks_node_group.this[0]: Still destroying... [id=ex-patch:foo-20220322162948536000000019, 3m10s elapsed]
TestTerraformPatcheExample 2022-03-22T16:37:52Z logger.go:66: module.eks.module.eks_managed_node_group["foo"].aws_eks_node_group.this[0]: Still destroying... [id=ex-patch:foo-20220322162948536000000019, 3m20s elapsed]
TestTerraformPatcheExample 2022-03-22T16:38:02Z logger.go:66: module.eks.module.eks_managed_node_group["foo"].aws_eks_node_group.this[0]: Still destroying... [id=ex-patch:foo-20220322162948536000000019, 3m30s elapsed]
TestTerraformPatcheExample 2022-03-22T16:38:12Z logger.go:66: module.eks.module.eks_managed_node_group["foo"].aws_eks_node_group.this[0]: Still destroying... [id=ex-patch:foo-20220322162948536000000019, 3m40s elapsed]
TestTerraformPatcheExample 2022-03-22T16:38:22Z logger.go:66: module.eks.module.eks_managed_node_group["foo"].aws_eks_node_group.this[0]: Still destroying... [id=ex-patch:foo-20220322162948536000000019, 3m50s elapsed]
TestTerraformPatcheExample 2022-03-22T16:38:32Z logger.go:66: module.eks.module.eks_managed_node_group["foo"].aws_eks_node_group.this[0]: Still destroying... [id=ex-patch:foo-20220322162948536000000019, 4m0s elapsed]
TestTerraformPatcheExample 2022-03-22T16:38:42Z logger.go:66: module.eks.module.eks_managed_node_group["foo"].aws_eks_node_group.this[0]: Still destroying... [id=ex-patch:foo-20220322162948536000000019, 4m10s elapsed]
TestTerraformPatcheExample 2022-03-22T16:38:52Z logger.go:66: module.eks.module.eks_managed_node_group["foo"].aws_eks_node_group.this[0]: Still destroying... [id=ex-patch:foo-20220322162948536000000019, 4m20s elapsed]
TestTerraformPatcheExample 2022-03-22T16:39:02Z logger.go:66: module.eks.module.eks_managed_node_group["foo"].aws_eks_node_group.this[0]: Still destroying... [id=ex-patch:foo-20220322162948536000000019, 4m30s elapsed]
TestTerraformPatcheExample 2022-03-22T16:39:12Z logger.go:66: module.eks.module.eks_managed_node_group["foo"].aws_eks_node_group.this[0]: Still destroying... [id=ex-patch:foo-20220322162948536000000019, 4m40s elapsed]
TestTerraformPatcheExample 2022-03-22T16:39:22Z logger.go:66: module.eks.module.eks_managed_node_group["foo"].aws_eks_node_group.this[0]: Still destroying... [id=ex-patch:foo-20220322162948536000000019, 4m50s elapsed]
TestTerraformPatcheExample 2022-03-22T16:39:32Z logger.go:66: module.eks.module.eks_managed_node_group["foo"].aws_eks_node_group.this[0]: Still destroying... [id=ex-patch:foo-20220322162948536000000019, 5m0s elapsed]
TestTerraformPatcheExample 2022-03-22T16:39:42Z logger.go:66: module.eks.module.eks_managed_node_group["foo"].aws_eks_node_group.this[0]: Still destroying... [id=ex-patch:foo-20220322162948536000000019, 5m10s elapsed]
TestTerraformPatcheExample 2022-03-22T16:39:52Z logger.go:66: module.eks.module.eks_managed_node_group["foo"].aws_eks_node_group.this[0]: Still destroying... [id=ex-patch:foo-20220322162948536000000019, 5m20s elapsed]
TestTerraformPatcheExample 2022-03-22T16:40:02Z logger.go:66: module.eks.module.eks_managed_node_group["foo"].aws_eks_node_group.this[0]: Still destroying... [id=ex-patch:foo-20220322162948536000000019, 5m30s elapsed]
TestTerraformPatcheExample 2022-03-22T16:40:12Z logger.go:66: module.eks.module.eks_managed_node_group["foo"].aws_eks_node_group.this[0]: Still destroying... [id=ex-patch:foo-20220322162948536000000019, 5m40s elapsed]
TestTerraformPatcheExample 2022-03-22T16:40:22Z logger.go:66: module.eks.module.eks_managed_node_group["foo"].aws_eks_node_group.this[0]: Still destroying... [id=ex-patch:foo-20220322162948536000000019, 5m50s elapsed]
TestTerraformPatcheExample 2022-03-22T16:40:32Z logger.go:66: module.eks.module.eks_managed_node_group["foo"].aws_eks_node_group.this[0]: Still destroying... [id=ex-patch:foo-20220322162948536000000019, 6m0s elapsed]
TestTerraformPatcheExample 2022-03-22T16:40:42Z logger.go:66: module.eks.module.eks_managed_node_group["foo"].aws_eks_node_group.this[0]: Still destroying... [id=ex-patch:foo-20220322162948536000000019, 6m10s elapsed]
TestTerraformPatcheExample 2022-03-22T16:40:52Z logger.go:66: module.eks.module.eks_managed_node_group["foo"].aws_eks_node_group.this[0]: Still destroying... [id=ex-patch:foo-20220322162948536000000019, 6m20s elapsed]
TestTerraformPatcheExample 2022-03-22T16:41:02Z logger.go:66: module.eks.module.eks_managed_node_group["foo"].aws_eks_node_group.this[0]: Still destroying... [id=ex-patch:foo-20220322162948536000000019, 6m30s elapsed]
TestTerraformPatcheExample 2022-03-22T16:41:05Z logger.go:66: module.eks.module.eks_managed_node_group["foo"].aws_eks_node_group.this[0]: Destruction complete after 6m34s
TestTerraformPatcheExample 2022-03-22T16:41:05Z logger.go:66: module.eks.module.eks_managed_node_group["foo"].aws_launch_template.this[0]: Destroying... [id=lt-01e62c8311fee6297]
TestTerraformPatcheExample 2022-03-22T16:41:05Z logger.go:66: module.eks.module.eks_managed_node_group["foo"].aws_launch_template.this[0]: Destruction complete after 0s
TestTerraformPatcheExample 2022-03-22T16:41:05Z logger.go:66: module.eks.module.eks_managed_node_group["foo"].aws_iam_role_policy_attachment.this["arn:aws:iam::aws:policy/AmazonEC2ContainerRegistryReadOnly"]: Destroying... [id=foo-eks-node-group-20220322162056536300000002-20220322162058218000000009]
TestTerraformPatcheExample 2022-03-22T16:41:05Z logger.go:66: module.eks.module.eks_managed_node_group["foo"].aws_security_group.this[0]: Destroying... [id=sg-0aca34610da0f0bd2]
TestTerraformPatcheExample 2022-03-22T16:41:05Z logger.go:66: module.eks.module.eks_managed_node_group["foo"].aws_iam_role_policy_attachment.this["arn:aws:iam::aws:policy/AmazonEKS_CNI_Policy"]: Destroying... [id=foo-eks-node-group-20220322162056536300000002-2022032216205836090000000c]
TestTerraformPatcheExample 2022-03-22T16:41:05Z logger.go:66: module.eks.aws_eks_cluster.this[0]: Destroying... [id=ex-patch]
TestTerraformPatcheExample 2022-03-22T16:41:05Z logger.go:66: module.eks.module.eks_managed_node_group["foo"].aws_iam_role_policy_attachment.this["arn:aws:iam::aws:policy/AmazonEKSWorkerNodePolicy"]: Destroying... [id=foo-eks-node-group-20220322162056536300000002-2022032216205836630000000d]
TestTerraformPatcheExample 2022-03-22T16:41:06Z logger.go:66: module.eks.module.eks_managed_node_group["foo"].aws_iam_role_policy_attachment.this["arn:aws:iam::aws:policy/AmazonEC2ContainerRegistryReadOnly"]: Destruction complete after 1s
TestTerraformPatcheExample 2022-03-22T16:41:06Z logger.go:66: module.eks.module.eks_managed_node_group["foo"].aws_iam_role_policy_attachment.this["arn:aws:iam::aws:policy/AmazonEKSWorkerNodePolicy"]: Destruction complete after 1s
TestTerraformPatcheExample 2022-03-22T16:41:06Z logger.go:66: module.eks.module.eks_managed_node_group["foo"].aws_iam_role_policy_attachment.this["arn:aws:iam::aws:policy/AmazonEKS_CNI_Policy"]: Destruction complete after 1s
TestTerraformPatcheExample 2022-03-22T16:41:06Z logger.go:66: module.eks.module.eks_managed_node_group["foo"].aws_security_group.this[0]: Destruction complete after 1s
TestTerraformPatcheExample 2022-03-22T16:41:06Z logger.go:66: module.eks.module.eks_managed_node_group["foo"].aws_iam_role.this[0]: Destroying... [id=foo-eks-node-group-20220322162056536300000002]
TestTerraformPatcheExample 2022-03-22T16:41:06Z logger.go:66: module.eks.module.eks_managed_node_group["foo"].aws_iam_role.this[0]: Destruction complete after 0s
TestTerraformPatcheExample 2022-03-22T16:41:15Z logger.go:66: module.eks.aws_eks_cluster.this[0]: Still destroying... [id=ex-patch, 10s elapsed]
TestTerraformPatcheExample 2022-03-22T16:41:25Z logger.go:66: module.eks.aws_eks_cluster.this[0]: Still destroying... [id=ex-patch, 20s elapsed]
TestTerraformPatcheExample 2022-03-22T16:41:35Z logger.go:66: module.eks.aws_eks_cluster.this[0]: Still destroying... [id=ex-patch, 30s elapsed]
TestTerraformPatcheExample 2022-03-22T16:41:45Z logger.go:66: module.eks.aws_eks_cluster.this[0]: Still destroying... [id=ex-patch, 40s elapsed]
TestTerraformPatcheExample 2022-03-22T16:41:55Z logger.go:66: module.eks.aws_eks_cluster.this[0]: Still destroying... [id=ex-patch, 50s elapsed]
TestTerraformPatcheExample 2022-03-22T16:42:05Z logger.go:66: module.eks.aws_eks_cluster.this[0]: Still destroying... [id=ex-patch, 1m0s elapsed]
TestTerraformPatcheExample 2022-03-22T16:42:15Z logger.go:66: module.eks.aws_eks_cluster.this[0]: Still destroying... [id=ex-patch, 1m10s elapsed]
TestTerraformPatcheExample 2022-03-22T16:42:25Z logger.go:66: module.eks.aws_eks_cluster.this[0]: Still destroying... [id=ex-patch, 1m20s elapsed]
TestTerraformPatcheExample 2022-03-22T16:42:35Z logger.go:66: module.eks.aws_eks_cluster.this[0]: Still destroying... [id=ex-patch, 1m30s elapsed]
TestTerraformPatcheExample 2022-03-22T16:42:45Z logger.go:66: module.eks.aws_eks_cluster.this[0]: Still destroying... [id=ex-patch, 1m40s elapsed]
TestTerraformPatcheExample 2022-03-22T16:42:55Z logger.go:66: module.eks.aws_eks_cluster.this[0]: Still destroying... [id=ex-patch, 1m50s elapsed]
TestTerraformPatcheExample 2022-03-22T16:43:05Z logger.go:66: module.eks.aws_eks_cluster.this[0]: Still destroying... [id=ex-patch, 2m0s elapsed]
TestTerraformPatcheExample 2022-03-22T16:43:11Z logger.go:66: module.eks.aws_eks_cluster.this[0]: Destruction complete after 2m6s
TestTerraformPatcheExample 2022-03-22T16:43:11Z logger.go:66: module.eks.aws_iam_role_policy_attachment.this["arn:aws:iam::aws:policy/AmazonEKSVPCResourceController"]: Destroying... [id=ex-patch-cluster-20220322162056559500000004-20220322162058102900000007]
TestTerraformPatcheExample 2022-03-22T16:43:11Z logger.go:66: module.eks.aws_security_group_rule.node["ingress_self_coredns_udp"]: Destroying... [id=sgrule-376564842]
TestTerraformPatcheExample 2022-03-22T16:43:11Z logger.go:66: module.eks.aws_cloudwatch_log_group.this[0]: Destroying... [id=/aws/eks/ex-patch/cluster]
TestTerraformPatcheExample 2022-03-22T16:43:11Z logger.go:66: module.eks.aws_security_group_rule.node["egress_self_coredns_udp"]: Destroying... [id=sgrule-407318872]
TestTerraformPatcheExample 2022-03-22T16:43:11Z logger.go:66: module.vpc.aws_subnet.private[1]: Destroying... [id=subnet-0848a9cba398ee894]
TestTerraformPatcheExample 2022-03-22T16:43:11Z logger.go:66: module.vpc.aws_subnet.private[2]: Destroying... [id=subnet-0066b663d2d527847]
TestTerraformPatcheExample 2022-03-22T16:43:11Z logger.go:66: module.eks.aws_security_group_rule.node["egress_https"]: Destroying... [id=sgrule-236403805]
TestTerraformPatcheExample 2022-03-22T16:43:11Z logger.go:66: module.eks.aws_security_group_rule.node["egress_cluster_443"]: Destroying... [id=sgrule-237039721]
TestTerraformPatcheExample 2022-03-22T16:43:11Z logger.go:66: module.eks.aws_security_group_rule.cluster["egress_nodes_443"]: Destroying... [id=sgrule-2793884829]
TestTerraformPatcheExample 2022-03-22T16:43:11Z logger.go:66: module.eks.aws_security_group_rule.cluster["ingress_nodes_443"]: Destroying... [id=sgrule-4257290792]
TestTerraformPatcheExample 2022-03-22T16:43:12Z logger.go:66: module.eks.aws_cloudwatch_log_group.this[0]: Destruction complete after 0s
TestTerraformPatcheExample 2022-03-22T16:43:12Z logger.go:66: module.eks.aws_security_group_rule.cluster["egress_nodes_kubelet"]: Destroying... [id=sgrule-4206276413]
TestTerraformPatcheExample 2022-03-22T16:43:12Z logger.go:66: module.eks.aws_iam_role_policy_attachment.this["arn:aws:iam::aws:policy/AmazonEKSVPCResourceController"]: Destruction complete after 1s
TestTerraformPatcheExample 2022-03-22T16:43:12Z logger.go:66: module.eks.aws_security_group_rule.node["ingress_cluster_443"]: Destroying... [id=sgrule-702582387]
TestTerraformPatcheExample 2022-03-22T16:43:12Z logger.go:66: module.vpc.aws_subnet.private[2]: Destruction complete after 1s
TestTerraformPatcheExample 2022-03-22T16:43:12Z logger.go:66: module.eks.aws_security_group_rule.cluster["ingress_nodes_443"]: Destruction complete after 1s
TestTerraformPatcheExample 2022-03-22T16:43:12Z logger.go:66: module.eks.aws_security_group_rule.node["ingress_cluster_kubelet"]: Destroying... [id=sgrule-969662012]
TestTerraformPatcheExample 2022-03-22T16:43:12Z logger.go:66: module.eks.aws_security_group_rule.node["egress_ntp_tcp"]: Destroying... [id=sgrule-3519611203]
TestTerraformPatcheExample 2022-03-22T16:43:12Z logger.go:66: module.eks.aws_security_group_rule.node["ingress_self_coredns_udp"]: Destruction complete after 1s
TestTerraformPatcheExample 2022-03-22T16:43:12Z logger.go:66: module.eks.aws_security_group_rule.node["ingress_self_coredns_tcp"]: Destroying... [id=sgrule-2989379461]
TestTerraformPatcheExample 2022-03-22T16:43:12Z logger.go:66: module.vpc.aws_subnet.private[1]: Destruction complete after 1s
TestTerraformPatcheExample 2022-03-22T16:43:12Z logger.go:66: module.eks.aws_iam_role_policy_attachment.this["arn:aws:iam::aws:policy/AmazonEKSClusterPolicy"]: Destroying... [id=ex-patch-cluster-20220322162056559500000004-20220322162058131100000008]
TestTerraformPatcheExample 2022-03-22T16:43:12Z logger.go:66: module.eks.aws_iam_role_policy_attachment.this["arn:aws:iam::aws:policy/AmazonEKSClusterPolicy"]: Destruction complete after 0s
TestTerraformPatcheExample 2022-03-22T16:43:12Z logger.go:66: module.eks.aws_security_group_rule.node["egress_ntp_udp"]: Destroying... [id=sgrule-2941723726]
TestTerraformPatcheExample 2022-03-22T16:43:13Z logger.go:66: module.eks.aws_security_group_rule.cluster["egress_nodes_443"]: Destruction complete after 1s
TestTerraformPatcheExample 2022-03-22T16:43:13Z logger.go:66: module.vpc.aws_subnet.private[0]: Destroying... [id=subnet-0c513130447b69601]
TestTerraformPatcheExample 2022-03-22T16:43:13Z logger.go:66: module.eks.aws_security_group_rule.node["egress_cluster_443"]: Destruction complete after 1s
TestTerraformPatcheExample 2022-03-22T16:43:13Z logger.go:66: module.eks.aws_security_group_rule.node["egress_self_coredns_tcp"]: Destroying... [id=sgrule-2518725438]
TestTerraformPatcheExample 2022-03-22T16:43:13Z logger.go:66: module.eks.aws_security_group_rule.node["egress_self_coredns_udp"]: Destruction complete after 2s
TestTerraformPatcheExample 2022-03-22T16:43:13Z logger.go:66: module.vpc.aws_subnet.private[0]: Destruction complete after 1s
TestTerraformPatcheExample 2022-03-22T16:43:13Z logger.go:66: module.eks.aws_iam_role.this[0]: Destroying... [id=ex-patch-cluster-20220322162056559500000004]
TestTerraformPatcheExample 2022-03-22T16:43:13Z logger.go:66: module.eks.aws_security_group_rule.cluster["egress_nodes_kubelet"]: Destruction complete after 1s
TestTerraformPatcheExample 2022-03-22T16:43:14Z logger.go:66: module.eks.aws_iam_role.this[0]: Destruction complete after 0s
TestTerraformPatcheExample 2022-03-22T16:43:14Z logger.go:66: module.eks.aws_security_group_rule.node["egress_https"]: Destruction complete after 2s
TestTerraformPatcheExample 2022-03-22T16:43:14Z logger.go:66: module.eks.aws_security_group_rule.node["ingress_cluster_443"]: Destruction complete after 2s
TestTerraformPatcheExample 2022-03-22T16:43:15Z logger.go:66: module.eks.aws_security_group_rule.node["ingress_cluster_kubelet"]: Destruction complete after 2s
TestTerraformPatcheExample 2022-03-22T16:43:15Z logger.go:66: module.eks.aws_security_group_rule.node["egress_ntp_tcp"]: Destruction complete after 3s
TestTerraformPatcheExample 2022-03-22T16:43:16Z logger.go:66: module.eks.aws_security_group_rule.node["ingress_self_coredns_tcp"]: Destruction complete after 3s
TestTerraformPatcheExample 2022-03-22T16:43:16Z logger.go:66: module.eks.aws_security_group_rule.node["egress_ntp_udp"]: Destruction complete after 4s
TestTerraformPatcheExample 2022-03-22T16:43:17Z logger.go:66: module.eks.aws_security_group_rule.node["egress_self_coredns_tcp"]: Destruction complete after 4s
TestTerraformPatcheExample 2022-03-22T16:43:17Z logger.go:66: module.eks.aws_security_group.cluster[0]: Destroying... [id=sg-00ad4d5eb6d4768af]
TestTerraformPatcheExample 2022-03-22T16:43:17Z logger.go:66: module.eks.aws_security_group.node[0]: Destroying... [id=sg-0596d421855ad5b1c]
TestTerraformPatcheExample 2022-03-22T16:43:17Z logger.go:66: module.eks.aws_security_group.cluster[0]: Destruction complete after 1s
TestTerraformPatcheExample 2022-03-22T16:43:17Z logger.go:66: module.eks.aws_security_group.node[0]: Destruction complete after 1s
TestTerraformPatcheExample 2022-03-22T16:43:17Z logger.go:66: module.vpc.aws_vpc.this[0]: Destroying... [id=vpc-0da699baf2c256d6d]
TestTerraformPatcheExample 2022-03-22T16:43:17Z logger.go:66: module.vpc.aws_vpc.this[0]: Destruction complete after 0s
TestTerraformPatcheExample 2022-03-22T16:43:17Z logger.go:66:
TestTerraformPatcheExample 2022-03-22T16:43:17Z logger.go:66: Destroy complete! Resources: 64 destroyed.
--- PASS: TestTerraformPatcheExample (1355.97s)
PASS
ok  	command-line-arguments	1355.988s
